{
  "version": 4,
  "terraform_version": "1.9.8",
  "serial": 930,
  "lineage": "a5a45b62-a0ad-4029-e5d1-20aff40fb070",
  "outputs": {},
  "resources": [
    {
      "mode": "managed",
      "type": "datadog_dashboard_json",
      "name": "this",
      "provider": "provider[\"registry.terraform.io/datadog/datadog\"]",
      "instances": [
        {
          "index_key": "alert-quality",
          "schema_version": 0,
          "attributes": {
            "dashboard": "{\"description\":\"The board that keeps the platform honest. If these numbers get worse, the framework is failing regardless of how much coverage it reports. Reviewed monthly by the observability-platform team with domain owners.\",\"is_read_only\":false,\"layout_type\":\"ordered\",\"notify_list\":null,\"reflow_type\":\"auto\",\"template_variables\":[{\"default\":\"*\",\"name\":\"team\",\"prefix\":\"team\"}],\"title\":\"Alert Quality Scorecard\",\"widgets\":[{\"definition\":{\"background_color\":\"yellow\",\"content\":\"**How to read this board.** Coverage is easy to grow and easy to fake. These five numbers are the ones that decide whether on-call is sustainable:\\n\\n1. **Pages per week per team** — the burnout metric. Target \\u003c 5.\\n2. **Actionability** — share of pages that led to a change. Target \\u003e 70%.\\n3. **Auto-resolved without action** — alerts that recovered on their own. Target \\u003c 20%; higher means thresholds are wrong.\\n4. **Flapping monitors** — anything transitioning more than 4x/hour is muted and ticketed.\\n5. **Predictive share** — proportion of the estate using anomaly/forecast/outlier detection rather than fixed thresholds.\",\"font_size\":\"14\",\"show_tick\":false,\"text_align\":\"left\",\"type\":\"note\"}},{\"definition\":{\"requests\":[{\"q\":\"top(sum:datadog.monitor.alert_count{pages:true,managed_by:terraform} by {team}.as_count(), 10, 'sum', 'desc')\",\"style\":{\"palette\":\"warm\"}}],\"title\":\"Pages per team (7d) — the burnout metric\",\"type\":\"toplist\"}},{\"definition\":{\"requests\":[{\"display_type\":\"bars\",\"q\":\"sum:datadog.monitor.alert_count{priority:p1,managed_by:terraform}.as_count()\"},{\"display_type\":\"bars\",\"q\":\"sum:datadog.monitor.alert_count{priority:p2,managed_by:terraform}.as_count()\"},{\"display_type\":\"bars\",\"q\":\"sum:datadog.monitor.alert_count{priority:p3,managed_by:terraform}.as_count()\"}],\"title\":\"Alert volume by priority (30d)\",\"type\":\"timeseries\"}},{\"definition\":{\"requests\":[{\"q\":\"top(sum:datadog.monitor.alert_count{managed_by:terraform} by {monitor_id}.as_count(), 20, 'sum', 'desc')\",\"style\":{\"palette\":\"orange\"}}],\"title\":\"Noisiest monitors (30d) — candidates for retuning or deletion\",\"type\":\"toplist\"}},{\"definition\":{\"requests\":[{\"q\":\"sum:datadog.monitor.alert_count{managed_by:terraform} by {detection}.as_count()\"}],\"title\":\"Detection mix — predictive vs fixed threshold\",\"type\":\"sunburst\"}},{\"definition\":{\"precision\":0,\"requests\":[{\"conditional_formats\":[{\"comparator\":\"\\u003e\",\"palette\":\"white_on_red\",\"value\":0},{\"comparator\":\"\\u003c=\",\"palette\":\"white_on_green\",\"value\":0}],\"q\":\"max:acme.observability.unmanaged_monitor_count{*}\"}],\"title\":\"Unmanaged (click-ops) monitors — must be zero\",\"type\":\"query_value\"}},{\"definition\":{\"precision\":0,\"requests\":[{\"conditional_formats\":[{\"comparator\":\"\\u003e\",\"palette\":\"white_on_red\",\"value\":1500},{\"comparator\":\"\\u003e\",\"palette\":\"white_on_yellow\",\"value\":1200},{\"comparator\":\"\\u003c=\",\"palette\":\"white_on_green\",\"value\":1200}],\"q\":\"max:acme.observability.managed_monitor_count{*}\"}],\"title\":\"Managed monitor count against budget\",\"type\":\"query_value\"}}]}",
            "dashboard_lists": null,
            "dashboard_lists_removed": [],
            "id": "78p-dm3-jbk",
            "url": "/dashboard/78p-dm3-jbk/alert-quality-scorecard"
          },
          "sensitive_attributes": [],
          "private": "bnVsbA=="
        },
        {
          "index_key": "domain-api",
          "schema_version": 0,
          "attributes": {
            "dashboard": "{\"description\":\"Generated drill-down for the api domain (owner: application-development). Per-service detail lives in the Datadog Service Catalog, APM and Infrastructure views by design — see ADR-010.\",\"is_read_only\":false,\"layout_type\":\"ordered\",\"notify_list\":null,\"reflow_type\":\"auto\",\"template_variables\":[{\"available_values\":[\"prod\",\"stage\",\"qa\"],\"default\":\"prod\",\"name\":\"env\",\"prefix\":\"env\"},{\"available_values\":[\"critical\",\"standard\",\"baseline\"],\"default\":\"*\",\"name\":\"band\",\"prefix\":\"alert_band\"},{\"default\":\"*\",\"name\":\"team\",\"prefix\":\"team\"}],\"title\":\"Domain — API\",\"widgets\":[{\"definition\":{\"background_color\":\"blue\",\"content\":\"**API** — owned by application-development. Alerts on this board are grouped by priority: P1/P2 page, P3 creates work, P4 is context.\",\"font_size\":\"14\",\"show_tick\":false,\"text_align\":\"left\",\"type\":\"note\"}},{\"definition\":{\"color_preference\":\"text\",\"count\":50,\"display_format\":\"countsAndList\",\"hide_zero_counts\":true,\"query\":\"tag:(domain:api AND managed_by:terraform AND env:$env.value)\",\"sort\":\"status,asc\",\"start\":0,\"summary_type\":\"monitors\",\"title\":\"Open alerts by priority\",\"type\":\"manage_status\"}},{\"definition\":{\"requests\":[{\"query\":{\"limit\":25,\"query_string\":\"domain:api\",\"sort\":[{\"column\":\"status.sli\",\"order\":\"asc\"}]},\"request_type\":\"slo_list\"}],\"title\":\"Error budget status — API\",\"type\":\"slo_list\"}},{\"definition\":{\"requests\":[{\"q\":\"top(sum:datadog.monitor.alert_count{domain:api,env:$env.value} by {archetype}.as_count(), 15, 'sum', 'desc')\",\"style\":{\"palette\":\"dog_classic\"}}],\"title\":\"Alert volume by archetype (7d)\",\"type\":\"toplist\"}},{\"definition\":{\"requests\":[{\"display_type\":\"bars\",\"q\":\"sum:datadog.monitor.alert_count{domain:api,pages:true}.as_count()\",\"style\":{\"palette\":\"warm\"}},{\"display_type\":\"bars\",\"q\":\"sum:datadog.monitor.alert_count{domain:api,pages:false}.as_count()\",\"style\":{\"palette\":\"cool\"}}],\"title\":\"Paging vs non-paging alerts (7d)\",\"type\":\"timeseries\"}}]}",
            "dashboard_lists": null,
            "dashboard_lists_removed": [],
            "id": "zdr-7cn-vaz",
            "url": "/dashboard/zdr-7cn-vaz/domain--api"
          },
          "sensitive_attributes": [],
          "private": "bnVsbA=="
        },
        {
          "index_key": "domain-application",
          "schema_version": 0,
          "attributes": {
            "dashboard": "{\"description\":\"Generated drill-down for the application domain (owner: sre). Per-service detail lives in the Datadog Service Catalog, APM and Infrastructure views by design — see ADR-010.\",\"is_read_only\":false,\"layout_type\":\"ordered\",\"notify_list\":null,\"reflow_type\":\"auto\",\"template_variables\":[{\"available_values\":[\"prod\",\"stage\",\"qa\"],\"default\":\"prod\",\"name\":\"env\",\"prefix\":\"env\"},{\"available_values\":[\"critical\",\"standard\",\"baseline\"],\"default\":\"*\",\"name\":\"band\",\"prefix\":\"alert_band\"},{\"default\":\"*\",\"name\":\"team\",\"prefix\":\"team\"}],\"title\":\"Domain — Application\",\"widgets\":[{\"definition\":{\"background_color\":\"blue\",\"content\":\"**Application** — owned by sre. Alerts on this board are grouped by priority: P1/P2 page, P3 creates work, P4 is context.\",\"font_size\":\"14\",\"show_tick\":false,\"text_align\":\"left\",\"type\":\"note\"}},{\"definition\":{\"color_preference\":\"text\",\"count\":50,\"display_format\":\"countsAndList\",\"hide_zero_counts\":true,\"query\":\"tag:(domain:application AND managed_by:terraform AND env:$env.value)\",\"sort\":\"status,asc\",\"start\":0,\"summary_type\":\"monitors\",\"title\":\"Open alerts by priority\",\"type\":\"manage_status\"}},{\"definition\":{\"requests\":[{\"query\":{\"limit\":25,\"query_string\":\"domain:application\",\"sort\":[{\"column\":\"status.sli\",\"order\":\"asc\"}]},\"request_type\":\"slo_list\"}],\"title\":\"Error budget status — Application\",\"type\":\"slo_list\"}},{\"definition\":{\"requests\":[{\"q\":\"top(sum:datadog.monitor.alert_count{domain:application,env:$env.value} by {archetype}.as_count(), 15, 'sum', 'desc')\",\"style\":{\"palette\":\"dog_classic\"}}],\"title\":\"Alert volume by archetype (7d)\",\"type\":\"toplist\"}},{\"definition\":{\"requests\":[{\"display_type\":\"bars\",\"q\":\"sum:datadog.monitor.alert_count{domain:application,pages:true}.as_count()\",\"style\":{\"palette\":\"warm\"}},{\"display_type\":\"bars\",\"q\":\"sum:datadog.monitor.alert_count{domain:application,pages:false}.as_count()\",\"style\":{\"palette\":\"cool\"}}],\"title\":\"Paging vs non-paging alerts (7d)\",\"type\":\"timeseries\"}}]}",
            "dashboard_lists": null,
            "dashboard_lists_removed": [],
            "id": "pjn-wry-uai",
            "url": "/dashboard/pjn-wry-uai/domain--application"
          },
          "sensitive_attributes": [],
          "private": "bnVsbA=="
        },
        {
          "index_key": "domain-cloud",
          "schema_version": 0,
          "attributes": {
            "dashboard": "{\"description\":\"Generated drill-down for the cloud domain (owner: cloud-engineering). Per-service detail lives in the Datadog Service Catalog, APM and Infrastructure views by design — see ADR-010.\",\"is_read_only\":false,\"layout_type\":\"ordered\",\"notify_list\":null,\"reflow_type\":\"auto\",\"template_variables\":[{\"available_values\":[\"prod\",\"stage\",\"qa\"],\"default\":\"prod\",\"name\":\"env\",\"prefix\":\"env\"},{\"available_values\":[\"critical\",\"standard\",\"baseline\"],\"default\":\"*\",\"name\":\"band\",\"prefix\":\"alert_band\"},{\"default\":\"*\",\"name\":\"team\",\"prefix\":\"team\"}],\"title\":\"Domain — Azure / Cloud Platform\",\"widgets\":[{\"definition\":{\"background_color\":\"blue\",\"content\":\"**Azure / Cloud Platform** — owned by cloud-engineering. Alerts on this board are grouped by priority: P1/P2 page, P3 creates work, P4 is context.\",\"font_size\":\"14\",\"show_tick\":false,\"text_align\":\"left\",\"type\":\"note\"}},{\"definition\":{\"color_preference\":\"text\",\"count\":50,\"display_format\":\"countsAndList\",\"hide_zero_counts\":true,\"query\":\"tag:(domain:cloud AND managed_by:terraform AND env:$env.value)\",\"sort\":\"status,asc\",\"start\":0,\"summary_type\":\"monitors\",\"title\":\"Open alerts by priority\",\"type\":\"manage_status\"}},{\"definition\":{\"requests\":[{\"query\":{\"limit\":25,\"query_string\":\"domain:cloud\",\"sort\":[{\"column\":\"status.sli\",\"order\":\"asc\"}]},\"request_type\":\"slo_list\"}],\"title\":\"Error budget status — Azure / Cloud Platform\",\"type\":\"slo_list\"}},{\"definition\":{\"requests\":[{\"q\":\"top(sum:datadog.monitor.alert_count{domain:cloud,env:$env.value} by {archetype}.as_count(), 15, 'sum', 'desc')\",\"style\":{\"palette\":\"dog_classic\"}}],\"title\":\"Alert volume by archetype (7d)\",\"type\":\"toplist\"}},{\"definition\":{\"requests\":[{\"display_type\":\"bars\",\"q\":\"sum:datadog.monitor.alert_count{domain:cloud,pages:true}.as_count()\",\"style\":{\"palette\":\"warm\"}},{\"display_type\":\"bars\",\"q\":\"sum:datadog.monitor.alert_count{domain:cloud,pages:false}.as_count()\",\"style\":{\"palette\":\"cool\"}}],\"title\":\"Paging vs non-paging alerts (7d)\",\"type\":\"timeseries\"}}]}",
            "dashboard_lists": null,
            "dashboard_lists_removed": [],
            "id": "izh-7bm-4z3",
            "url": "/dashboard/izh-7bm-4z3/domain--azure--cloud-platform"
          },
          "sensitive_attributes": [],
          "private": "bnVsbA=="
        },
        {
          "index_key": "domain-data",
          "schema_version": 0,
          "attributes": {
            "dashboard": "{\"description\":\"Generated drill-down for the data domain (owner: data-engineering). Per-service detail lives in the Datadog Service Catalog, APM and Infrastructure views by design — see ADR-010.\",\"is_read_only\":false,\"layout_type\":\"ordered\",\"notify_list\":null,\"reflow_type\":\"auto\",\"template_variables\":[{\"available_values\":[\"prod\",\"stage\",\"qa\"],\"default\":\"prod\",\"name\":\"env\",\"prefix\":\"env\"},{\"available_values\":[\"critical\",\"standard\",\"baseline\"],\"default\":\"*\",\"name\":\"band\",\"prefix\":\"alert_band\"},{\"default\":\"*\",\"name\":\"team\",\"prefix\":\"team\"}],\"title\":\"Domain — Data Platform\",\"widgets\":[{\"definition\":{\"background_color\":\"blue\",\"content\":\"**Data Platform** — owned by data-engineering. Alerts on this board are grouped by priority: P1/P2 page, P3 creates work, P4 is context.\",\"font_size\":\"14\",\"show_tick\":false,\"text_align\":\"left\",\"type\":\"note\"}},{\"definition\":{\"color_preference\":\"text\",\"count\":50,\"display_format\":\"countsAndList\",\"hide_zero_counts\":true,\"query\":\"tag:(domain:data AND managed_by:terraform AND env:$env.value)\",\"sort\":\"status,asc\",\"start\":0,\"summary_type\":\"monitors\",\"title\":\"Open alerts by priority\",\"type\":\"manage_status\"}},{\"definition\":{\"requests\":[{\"query\":{\"limit\":25,\"query_string\":\"domain:data\",\"sort\":[{\"column\":\"status.sli\",\"order\":\"asc\"}]},\"request_type\":\"slo_list\"}],\"title\":\"Error budget status — Data Platform\",\"type\":\"slo_list\"}},{\"definition\":{\"requests\":[{\"q\":\"top(sum:datadog.monitor.alert_count{domain:data,env:$env.value} by {archetype}.as_count(), 15, 'sum', 'desc')\",\"style\":{\"palette\":\"dog_classic\"}}],\"title\":\"Alert volume by archetype (7d)\",\"type\":\"toplist\"}},{\"definition\":{\"requests\":[{\"display_type\":\"bars\",\"q\":\"sum:datadog.monitor.alert_count{domain:data,pages:true}.as_count()\",\"style\":{\"palette\":\"warm\"}},{\"display_type\":\"bars\",\"q\":\"sum:datadog.monitor.alert_count{domain:data,pages:false}.as_count()\",\"style\":{\"palette\":\"cool\"}}],\"title\":\"Paging vs non-paging alerts (7d)\",\"type\":\"timeseries\"}}]}",
            "dashboard_lists": null,
            "dashboard_lists_removed": [],
            "id": "mt8-2ts-rue",
            "url": "/dashboard/mt8-2ts-rue/domain--data-platform"
          },
          "sensitive_attributes": [],
          "private": "bnVsbA=="
        },
        {
          "index_key": "domain-database",
          "schema_version": 0,
          "attributes": {
            "dashboard": "{\"description\":\"Generated drill-down for the database domain (owner: data-engineering). Per-service detail lives in the Datadog Service Catalog, APM and Infrastructure views by design — see ADR-010.\",\"is_read_only\":false,\"layout_type\":\"ordered\",\"notify_list\":null,\"reflow_type\":\"auto\",\"template_variables\":[{\"available_values\":[\"prod\",\"stage\",\"qa\"],\"default\":\"prod\",\"name\":\"env\",\"prefix\":\"env\"},{\"available_values\":[\"critical\",\"standard\",\"baseline\"],\"default\":\"*\",\"name\":\"band\",\"prefix\":\"alert_band\"},{\"default\":\"*\",\"name\":\"team\",\"prefix\":\"team\"}],\"title\":\"Domain — Databases\",\"widgets\":[{\"definition\":{\"background_color\":\"blue\",\"content\":\"**Databases** — owned by data-engineering. Alerts on this board are grouped by priority: P1/P2 page, P3 creates work, P4 is context.\",\"font_size\":\"14\",\"show_tick\":false,\"text_align\":\"left\",\"type\":\"note\"}},{\"definition\":{\"color_preference\":\"text\",\"count\":50,\"display_format\":\"countsAndList\",\"hide_zero_counts\":true,\"query\":\"tag:(domain:database AND managed_by:terraform AND env:$env.value)\",\"sort\":\"status,asc\",\"start\":0,\"summary_type\":\"monitors\",\"title\":\"Open alerts by priority\",\"type\":\"manage_status\"}},{\"definition\":{\"requests\":[{\"query\":{\"limit\":25,\"query_string\":\"domain:database\",\"sort\":[{\"column\":\"status.sli\",\"order\":\"asc\"}]},\"request_type\":\"slo_list\"}],\"title\":\"Error budget status — Databases\",\"type\":\"slo_list\"}},{\"definition\":{\"requests\":[{\"q\":\"top(sum:datadog.monitor.alert_count{domain:database,env:$env.value} by {archetype}.as_count(), 15, 'sum', 'desc')\",\"style\":{\"palette\":\"dog_classic\"}}],\"title\":\"Alert volume by archetype (7d)\",\"type\":\"toplist\"}},{\"definition\":{\"requests\":[{\"display_type\":\"bars\",\"q\":\"sum:datadog.monitor.alert_count{domain:database,pages:true}.as_count()\",\"style\":{\"palette\":\"warm\"}},{\"display_type\":\"bars\",\"q\":\"sum:datadog.monitor.alert_count{domain:database,pages:false}.as_count()\",\"style\":{\"palette\":\"cool\"}}],\"title\":\"Paging vs non-paging alerts (7d)\",\"type\":\"timeseries\"}}]}",
            "dashboard_lists": null,
            "dashboard_lists_removed": [],
            "id": "dmg-54j-949",
            "url": "/dashboard/dmg-54j-949/domain--databases"
          },
          "sensitive_attributes": [],
          "private": "bnVsbA=="
        },
        {
          "index_key": "domain-infrastructure",
          "schema_version": 0,
          "attributes": {
            "dashboard": "{\"description\":\"Generated drill-down for the infrastructure domain (owner: infrastructure-engineering). Per-service detail lives in the Datadog Service Catalog, APM and Infrastructure views by design — see ADR-010.\",\"is_read_only\":false,\"layout_type\":\"ordered\",\"notify_list\":null,\"reflow_type\":\"auto\",\"template_variables\":[{\"available_values\":[\"prod\",\"stage\",\"qa\"],\"default\":\"prod\",\"name\":\"env\",\"prefix\":\"env\"},{\"available_values\":[\"critical\",\"standard\",\"baseline\"],\"default\":\"*\",\"name\":\"band\",\"prefix\":\"alert_band\"},{\"default\":\"*\",\"name\":\"team\",\"prefix\":\"team\"}],\"title\":\"Domain — Infrastructure (host / VM / storage)\",\"widgets\":[{\"definition\":{\"background_color\":\"blue\",\"content\":\"**Infrastructure (host / VM / storage)** — owned by infrastructure-engineering. Alerts on this board are grouped by priority: P1/P2 page, P3 creates work, P4 is context.\",\"font_size\":\"14\",\"show_tick\":false,\"text_align\":\"left\",\"type\":\"note\"}},{\"definition\":{\"color_preference\":\"text\",\"count\":50,\"display_format\":\"countsAndList\",\"hide_zero_counts\":true,\"query\":\"tag:(domain:infrastructure AND managed_by:terraform AND env:$env.value)\",\"sort\":\"status,asc\",\"start\":0,\"summary_type\":\"monitors\",\"title\":\"Open alerts by priority\",\"type\":\"manage_status\"}},{\"definition\":{\"requests\":[{\"query\":{\"limit\":25,\"query_string\":\"domain:infrastructure\",\"sort\":[{\"column\":\"status.sli\",\"order\":\"asc\"}]},\"request_type\":\"slo_list\"}],\"title\":\"Error budget status — Infrastructure (host / VM / storage)\",\"type\":\"slo_list\"}},{\"definition\":{\"requests\":[{\"q\":\"top(sum:datadog.monitor.alert_count{domain:infrastructure,env:$env.value} by {archetype}.as_count(), 15, 'sum', 'desc')\",\"style\":{\"palette\":\"dog_classic\"}}],\"title\":\"Alert volume by archetype (7d)\",\"type\":\"toplist\"}},{\"definition\":{\"requests\":[{\"display_type\":\"bars\",\"q\":\"sum:datadog.monitor.alert_count{domain:infrastructure,pages:true}.as_count()\",\"style\":{\"palette\":\"warm\"}},{\"display_type\":\"bars\",\"q\":\"sum:datadog.monitor.alert_count{domain:infrastructure,pages:false}.as_count()\",\"style\":{\"palette\":\"cool\"}}],\"title\":\"Paging vs non-paging alerts (7d)\",\"type\":\"timeseries\"}}]}",
            "dashboard_lists": null,
            "dashboard_lists_removed": [],
            "id": "ibe-m22-33q",
            "url": "/dashboard/ibe-m22-33q/domain--infrastructure-host--vm--storage"
          },
          "sensitive_attributes": [],
          "private": "bnVsbA=="
        },
        {
          "index_key": "domain-integration",
          "schema_version": 0,
          "attributes": {
            "dashboard": "{\"description\":\"Generated drill-down for the integration domain (owner: application-development). Per-service detail lives in the Datadog Service Catalog, APM and Infrastructure views by design — see ADR-010.\",\"is_read_only\":false,\"layout_type\":\"ordered\",\"notify_list\":null,\"reflow_type\":\"auto\",\"template_variables\":[{\"available_values\":[\"prod\",\"stage\",\"qa\"],\"default\":\"prod\",\"name\":\"env\",\"prefix\":\"env\"},{\"available_values\":[\"critical\",\"standard\",\"baseline\"],\"default\":\"*\",\"name\":\"band\",\"prefix\":\"alert_band\"},{\"default\":\"*\",\"name\":\"team\",\"prefix\":\"team\"}],\"title\":\"Domain — Integration Platforms \\u0026 Batch\",\"widgets\":[{\"definition\":{\"background_color\":\"blue\",\"content\":\"**Integration Platforms \\u0026 Batch** — owned by application-development. Alerts on this board are grouped by priority: P1/P2 page, P3 creates work, P4 is context.\",\"font_size\":\"14\",\"show_tick\":false,\"text_align\":\"left\",\"type\":\"note\"}},{\"definition\":{\"color_preference\":\"text\",\"count\":50,\"display_format\":\"countsAndList\",\"hide_zero_counts\":true,\"query\":\"tag:(domain:integration AND managed_by:terraform AND env:$env.value)\",\"sort\":\"status,asc\",\"start\":0,\"summary_type\":\"monitors\",\"title\":\"Open alerts by priority\",\"type\":\"manage_status\"}},{\"definition\":{\"requests\":[{\"query\":{\"limit\":25,\"query_string\":\"domain:integration\",\"sort\":[{\"column\":\"status.sli\",\"order\":\"asc\"}]},\"request_type\":\"slo_list\"}],\"title\":\"Error budget status — Integration Platforms \\u0026 Batch\",\"type\":\"slo_list\"}},{\"definition\":{\"requests\":[{\"q\":\"top(sum:datadog.monitor.alert_count{domain:integration,env:$env.value} by {archetype}.as_count(), 15, 'sum', 'desc')\",\"style\":{\"palette\":\"dog_classic\"}}],\"title\":\"Alert volume by archetype (7d)\",\"type\":\"toplist\"}},{\"definition\":{\"requests\":[{\"display_type\":\"bars\",\"q\":\"sum:datadog.monitor.alert_count{domain:integration,pages:true}.as_count()\",\"style\":{\"palette\":\"warm\"}},{\"display_type\":\"bars\",\"q\":\"sum:datadog.monitor.alert_count{domain:integration,pages:false}.as_count()\",\"style\":{\"palette\":\"cool\"}}],\"title\":\"Paging vs non-paging alerts (7d)\",\"type\":\"timeseries\"}}]}",
            "dashboard_lists": null,
            "dashboard_lists_removed": [],
            "id": "upj-uat-7bb",
            "url": "/dashboard/upj-uat-7bb/domain--integration-platforms--batch"
          },
          "sensitive_attributes": [],
          "private": "bnVsbA=="
        },
        {
          "index_key": "domain-kubernetes",
          "schema_version": 0,
          "attributes": {
            "dashboard": "{\"description\":\"Generated drill-down for the kubernetes domain (owner: cloud-engineering). Per-service detail lives in the Datadog Service Catalog, APM and Infrastructure views by design — see ADR-010.\",\"is_read_only\":false,\"layout_type\":\"ordered\",\"notify_list\":null,\"reflow_type\":\"auto\",\"template_variables\":[{\"available_values\":[\"prod\",\"stage\",\"qa\"],\"default\":\"prod\",\"name\":\"env\",\"prefix\":\"env\"},{\"available_values\":[\"critical\",\"standard\",\"baseline\"],\"default\":\"*\",\"name\":\"band\",\"prefix\":\"alert_band\"},{\"default\":\"*\",\"name\":\"team\",\"prefix\":\"team\"}],\"title\":\"Domain — Kubernetes / Container Platform\",\"widgets\":[{\"definition\":{\"background_color\":\"blue\",\"content\":\"**Kubernetes / Container Platform** — owned by cloud-engineering. Alerts on this board are grouped by priority: P1/P2 page, P3 creates work, P4 is context.\",\"font_size\":\"14\",\"show_tick\":false,\"text_align\":\"left\",\"type\":\"note\"}},{\"definition\":{\"color_preference\":\"text\",\"count\":50,\"display_format\":\"countsAndList\",\"hide_zero_counts\":true,\"query\":\"tag:(domain:kubernetes AND managed_by:terraform AND env:$env.value)\",\"sort\":\"status,asc\",\"start\":0,\"summary_type\":\"monitors\",\"title\":\"Open alerts by priority\",\"type\":\"manage_status\"}},{\"definition\":{\"requests\":[{\"query\":{\"limit\":25,\"query_string\":\"domain:kubernetes\",\"sort\":[{\"column\":\"status.sli\",\"order\":\"asc\"}]},\"request_type\":\"slo_list\"}],\"title\":\"Error budget status — Kubernetes / Container Platform\",\"type\":\"slo_list\"}},{\"definition\":{\"requests\":[{\"q\":\"top(sum:datadog.monitor.alert_count{domain:kubernetes,env:$env.value} by {archetype}.as_count(), 15, 'sum', 'desc')\",\"style\":{\"palette\":\"dog_classic\"}}],\"title\":\"Alert volume by archetype (7d)\",\"type\":\"toplist\"}},{\"definition\":{\"requests\":[{\"display_type\":\"bars\",\"q\":\"sum:datadog.monitor.alert_count{domain:kubernetes,pages:true}.as_count()\",\"style\":{\"palette\":\"warm\"}},{\"display_type\":\"bars\",\"q\":\"sum:datadog.monitor.alert_count{domain:kubernetes,pages:false}.as_count()\",\"style\":{\"palette\":\"cool\"}}],\"title\":\"Paging vs non-paging alerts (7d)\",\"type\":\"timeseries\"}}]}",
            "dashboard_lists": null,
            "dashboard_lists_removed": [],
            "id": "h49-659-xf3",
            "url": "/dashboard/h49-659-xf3/domain--kubernetes--container-platform"
          },
          "sensitive_attributes": [],
          "private": "bnVsbA=="
        },
        {
          "index_key": "domain-messaging",
          "schema_version": 0,
          "attributes": {
            "dashboard": "{\"description\":\"Generated drill-down for the messaging domain (owner: cloud-engineering). Per-service detail lives in the Datadog Service Catalog, APM and Infrastructure views by design — see ADR-010.\",\"is_read_only\":false,\"layout_type\":\"ordered\",\"notify_list\":null,\"reflow_type\":\"auto\",\"template_variables\":[{\"available_values\":[\"prod\",\"stage\",\"qa\"],\"default\":\"prod\",\"name\":\"env\",\"prefix\":\"env\"},{\"available_values\":[\"critical\",\"standard\",\"baseline\"],\"default\":\"*\",\"name\":\"band\",\"prefix\":\"alert_band\"},{\"default\":\"*\",\"name\":\"team\",\"prefix\":\"team\"}],\"title\":\"Domain — Messaging / Streaming\",\"widgets\":[{\"definition\":{\"background_color\":\"blue\",\"content\":\"**Messaging / Streaming** — owned by cloud-engineering. Alerts on this board are grouped by priority: P1/P2 page, P3 creates work, P4 is context.\",\"font_size\":\"14\",\"show_tick\":false,\"text_align\":\"left\",\"type\":\"note\"}},{\"definition\":{\"color_preference\":\"text\",\"count\":50,\"display_format\":\"countsAndList\",\"hide_zero_counts\":true,\"query\":\"tag:(domain:messaging AND managed_by:terraform AND env:$env.value)\",\"sort\":\"status,asc\",\"start\":0,\"summary_type\":\"monitors\",\"title\":\"Open alerts by priority\",\"type\":\"manage_status\"}},{\"definition\":{\"requests\":[{\"query\":{\"limit\":25,\"query_string\":\"domain:messaging\",\"sort\":[{\"column\":\"status.sli\",\"order\":\"asc\"}]},\"request_type\":\"slo_list\"}],\"title\":\"Error budget status — Messaging / Streaming\",\"type\":\"slo_list\"}},{\"definition\":{\"requests\":[{\"q\":\"top(sum:datadog.monitor.alert_count{domain:messaging,env:$env.value} by {archetype}.as_count(), 15, 'sum', 'desc')\",\"style\":{\"palette\":\"dog_classic\"}}],\"title\":\"Alert volume by archetype (7d)\",\"type\":\"toplist\"}},{\"definition\":{\"requests\":[{\"display_type\":\"bars\",\"q\":\"sum:datadog.monitor.alert_count{domain:messaging,pages:true}.as_count()\",\"style\":{\"palette\":\"warm\"}},{\"display_type\":\"bars\",\"q\":\"sum:datadog.monitor.alert_count{domain:messaging,pages:false}.as_count()\",\"style\":{\"palette\":\"cool\"}}],\"title\":\"Paging vs non-paging alerts (7d)\",\"type\":\"timeseries\"}}]}",
            "dashboard_lists": null,
            "dashboard_lists_removed": [],
            "id": "khq-rvc-xta",
            "url": "/dashboard/khq-rvc-xta/domain--messaging--streaming"
          },
          "sensitive_attributes": [],
          "private": "bnVsbA=="
        },
        {
          "index_key": "domain-network",
          "schema_version": 0,
          "attributes": {
            "dashboard": "{\"description\":\"Generated drill-down for the network domain (owner: infrastructure-engineering). Per-service detail lives in the Datadog Service Catalog, APM and Infrastructure views by design — see ADR-010.\",\"is_read_only\":false,\"layout_type\":\"ordered\",\"notify_list\":null,\"reflow_type\":\"auto\",\"template_variables\":[{\"available_values\":[\"prod\",\"stage\",\"qa\"],\"default\":\"prod\",\"name\":\"env\",\"prefix\":\"env\"},{\"available_values\":[\"critical\",\"standard\",\"baseline\"],\"default\":\"*\",\"name\":\"band\",\"prefix\":\"alert_band\"},{\"default\":\"*\",\"name\":\"team\",\"prefix\":\"team\"}],\"title\":\"Domain — Networking\",\"widgets\":[{\"definition\":{\"background_color\":\"blue\",\"content\":\"**Networking** — owned by infrastructure-engineering. Alerts on this board are grouped by priority: P1/P2 page, P3 creates work, P4 is context.\",\"font_size\":\"14\",\"show_tick\":false,\"text_align\":\"left\",\"type\":\"note\"}},{\"definition\":{\"color_preference\":\"text\",\"count\":50,\"display_format\":\"countsAndList\",\"hide_zero_counts\":true,\"query\":\"tag:(domain:network AND managed_by:terraform AND env:$env.value)\",\"sort\":\"status,asc\",\"start\":0,\"summary_type\":\"monitors\",\"title\":\"Open alerts by priority\",\"type\":\"manage_status\"}},{\"definition\":{\"requests\":[{\"query\":{\"limit\":25,\"query_string\":\"domain:network\",\"sort\":[{\"column\":\"status.sli\",\"order\":\"asc\"}]},\"request_type\":\"slo_list\"}],\"title\":\"Error budget status — Networking\",\"type\":\"slo_list\"}},{\"definition\":{\"requests\":[{\"q\":\"top(sum:datadog.monitor.alert_count{domain:network,env:$env.value} by {archetype}.as_count(), 15, 'sum', 'desc')\",\"style\":{\"palette\":\"dog_classic\"}}],\"title\":\"Alert volume by archetype (7d)\",\"type\":\"toplist\"}},{\"definition\":{\"requests\":[{\"display_type\":\"bars\",\"q\":\"sum:datadog.monitor.alert_count{domain:network,pages:true}.as_count()\",\"style\":{\"palette\":\"warm\"}},{\"display_type\":\"bars\",\"q\":\"sum:datadog.monitor.alert_count{domain:network,pages:false}.as_count()\",\"style\":{\"palette\":\"cool\"}}],\"title\":\"Paging vs non-paging alerts (7d)\",\"type\":\"timeseries\"}}]}",
            "dashboard_lists": null,
            "dashboard_lists_removed": [],
            "id": "njv-vfh-u6y",
            "url": "/dashboard/njv-vfh-u6y/domain--networking"
          },
          "sensitive_attributes": [],
          "private": "bnVsbA=="
        },
        {
          "index_key": "domain-platform",
          "schema_version": 0,
          "attributes": {
            "dashboard": "{\"description\":\"Generated drill-down for the platform domain (owner: observability-platform). Per-service detail lives in the Datadog Service Catalog, APM and Infrastructure views by design — see ADR-010.\",\"is_read_only\":false,\"layout_type\":\"ordered\",\"notify_list\":null,\"reflow_type\":\"auto\",\"template_variables\":[{\"available_values\":[\"prod\",\"stage\",\"qa\"],\"default\":\"prod\",\"name\":\"env\",\"prefix\":\"env\"},{\"available_values\":[\"critical\",\"standard\",\"baseline\"],\"default\":\"*\",\"name\":\"band\",\"prefix\":\"alert_band\"},{\"default\":\"*\",\"name\":\"team\",\"prefix\":\"team\"}],\"title\":\"Domain — Shared Platform Services\",\"widgets\":[{\"definition\":{\"background_color\":\"blue\",\"content\":\"**Shared Platform Services** — owned by observability-platform. Alerts on this board are grouped by priority: P1/P2 page, P3 creates work, P4 is context.\",\"font_size\":\"14\",\"show_tick\":false,\"text_align\":\"left\",\"type\":\"note\"}},{\"definition\":{\"color_preference\":\"text\",\"count\":50,\"display_format\":\"countsAndList\",\"hide_zero_counts\":true,\"query\":\"tag:(domain:platform AND managed_by:terraform AND env:$env.value)\",\"sort\":\"status,asc\",\"start\":0,\"summary_type\":\"monitors\",\"title\":\"Open alerts by priority\",\"type\":\"manage_status\"}},{\"definition\":{\"requests\":[{\"query\":{\"limit\":25,\"query_string\":\"domain:platform\",\"sort\":[{\"column\":\"status.sli\",\"order\":\"asc\"}]},\"request_type\":\"slo_list\"}],\"title\":\"Error budget status — Shared Platform Services\",\"type\":\"slo_list\"}},{\"definition\":{\"requests\":[{\"q\":\"top(sum:datadog.monitor.alert_count{domain:platform,env:$env.value} by {archetype}.as_count(), 15, 'sum', 'desc')\",\"style\":{\"palette\":\"dog_classic\"}}],\"title\":\"Alert volume by archetype (7d)\",\"type\":\"toplist\"}},{\"definition\":{\"requests\":[{\"display_type\":\"bars\",\"q\":\"sum:datadog.monitor.alert_count{domain:platform,pages:true}.as_count()\",\"style\":{\"palette\":\"warm\"}},{\"display_type\":\"bars\",\"q\":\"sum:datadog.monitor.alert_count{domain:platform,pages:false}.as_count()\",\"style\":{\"palette\":\"cool\"}}],\"title\":\"Paging vs non-paging alerts (7d)\",\"type\":\"timeseries\"}}]}",
            "dashboard_lists": null,
            "dashboard_lists_removed": [],
            "id": "knh-is4-8v9",
            "url": "/dashboard/knh-is4-8v9/domain--shared-platform-services"
          },
          "sensitive_attributes": [],
          "private": "bnVsbA=="
        },
        {
          "index_key": "domain-saas",
          "schema_version": 0,
          "attributes": {
            "dashboard": "{\"description\":\"Generated drill-down for the saas domain (owner: sre). Per-service detail lives in the Datadog Service Catalog, APM and Infrastructure views by design — see ADR-010.\",\"is_read_only\":false,\"layout_type\":\"ordered\",\"notify_list\":null,\"reflow_type\":\"auto\",\"template_variables\":[{\"available_values\":[\"prod\",\"stage\",\"qa\"],\"default\":\"prod\",\"name\":\"env\",\"prefix\":\"env\"},{\"available_values\":[\"critical\",\"standard\",\"baseline\"],\"default\":\"*\",\"name\":\"band\",\"prefix\":\"alert_band\"},{\"default\":\"*\",\"name\":\"team\",\"prefix\":\"team\"}],\"title\":\"Domain — SaaS Dependencies \\u0026 External Endpoints\",\"widgets\":[{\"definition\":{\"background_color\":\"blue\",\"content\":\"**SaaS Dependencies \\u0026 External Endpoints** — owned by sre. Alerts on this board are grouped by priority: P1/P2 page, P3 creates work, P4 is context.\",\"font_size\":\"14\",\"show_tick\":false,\"text_align\":\"left\",\"type\":\"note\"}},{\"definition\":{\"color_preference\":\"text\",\"count\":50,\"display_format\":\"countsAndList\",\"hide_zero_counts\":true,\"query\":\"tag:(domain:saas AND managed_by:terraform AND env:$env.value)\",\"sort\":\"status,asc\",\"start\":0,\"summary_type\":\"monitors\",\"title\":\"Open alerts by priority\",\"type\":\"manage_status\"}},{\"definition\":{\"requests\":[{\"query\":{\"limit\":25,\"query_string\":\"domain:saas\",\"sort\":[{\"column\":\"status.sli\",\"order\":\"asc\"}]},\"request_type\":\"slo_list\"}],\"title\":\"Error budget status — SaaS Dependencies \\u0026 External Endpoints\",\"type\":\"slo_list\"}},{\"definition\":{\"requests\":[{\"q\":\"top(sum:datadog.monitor.alert_count{domain:saas,env:$env.value} by {archetype}.as_count(), 15, 'sum', 'desc')\",\"style\":{\"palette\":\"dog_classic\"}}],\"title\":\"Alert volume by archetype (7d)\",\"type\":\"toplist\"}},{\"definition\":{\"requests\":[{\"display_type\":\"bars\",\"q\":\"sum:datadog.monitor.alert_count{domain:saas,pages:true}.as_count()\",\"style\":{\"palette\":\"warm\"}},{\"display_type\":\"bars\",\"q\":\"sum:datadog.monitor.alert_count{domain:saas,pages:false}.as_count()\",\"style\":{\"palette\":\"cool\"}}],\"title\":\"Paging vs non-paging alerts (7d)\",\"type\":\"timeseries\"}}]}",
            "dashboard_lists": null,
            "dashboard_lists_removed": [],
            "id": "eyi-4w4-ffj",
            "url": "/dashboard/eyi-4w4-ffj/domain--saas-dependencies--external-endpoints"
          },
          "sensitive_attributes": [],
          "private": "bnVsbA=="
        },
        {
          "index_key": "domain-security",
          "schema_version": 0,
          "attributes": {
            "dashboard": "{\"description\":\"Generated drill-down for the security domain (owner: security). Per-service detail lives in the Datadog Service Catalog, APM and Infrastructure views by design — see ADR-010.\",\"is_read_only\":false,\"layout_type\":\"ordered\",\"notify_list\":null,\"reflow_type\":\"auto\",\"template_variables\":[{\"available_values\":[\"prod\",\"stage\",\"qa\"],\"default\":\"prod\",\"name\":\"env\",\"prefix\":\"env\"},{\"available_values\":[\"critical\",\"standard\",\"baseline\"],\"default\":\"*\",\"name\":\"band\",\"prefix\":\"alert_band\"},{\"default\":\"*\",\"name\":\"team\",\"prefix\":\"team\"}],\"title\":\"Domain — Security Operational Signals\",\"widgets\":[{\"definition\":{\"background_color\":\"blue\",\"content\":\"**Security Operational Signals** — owned by security. Alerts on this board are grouped by priority: P1/P2 page, P3 creates work, P4 is context.\",\"font_size\":\"14\",\"show_tick\":false,\"text_align\":\"left\",\"type\":\"note\"}},{\"definition\":{\"color_preference\":\"text\",\"count\":50,\"display_format\":\"countsAndList\",\"hide_zero_counts\":true,\"query\":\"tag:(domain:security AND managed_by:terraform AND env:$env.value)\",\"sort\":\"status,asc\",\"start\":0,\"summary_type\":\"monitors\",\"title\":\"Open alerts by priority\",\"type\":\"manage_status\"}},{\"definition\":{\"requests\":[{\"query\":{\"limit\":25,\"query_string\":\"domain:security\",\"sort\":[{\"column\":\"status.sli\",\"order\":\"asc\"}]},\"request_type\":\"slo_list\"}],\"title\":\"Error budget status — Security Operational Signals\",\"type\":\"slo_list\"}},{\"definition\":{\"requests\":[{\"q\":\"top(sum:datadog.monitor.alert_count{domain:security,env:$env.value} by {archetype}.as_count(), 15, 'sum', 'desc')\",\"style\":{\"palette\":\"dog_classic\"}}],\"title\":\"Alert volume by archetype (7d)\",\"type\":\"toplist\"}},{\"definition\":{\"requests\":[{\"display_type\":\"bars\",\"q\":\"sum:datadog.monitor.alert_count{domain:security,pages:true}.as_count()\",\"style\":{\"palette\":\"warm\"}},{\"display_type\":\"bars\",\"q\":\"sum:datadog.monitor.alert_count{domain:security,pages:false}.as_count()\",\"style\":{\"palette\":\"cool\"}}],\"title\":\"Paging vs non-paging alerts (7d)\",\"type\":\"timeseries\"}}]}",
            "dashboard_lists": null,
            "dashboard_lists_removed": [],
            "id": "gx7-7w9-97k",
            "url": "/dashboard/gx7-7w9-97k/domain--security-operational-signals"
          },
          "sensitive_attributes": [],
          "private": "bnVsbA=="
        },
        {
          "index_key": "domain-vmware",
          "schema_version": 0,
          "attributes": {
            "dashboard": "{\"description\":\"Generated drill-down for the vmware domain (owner: infrastructure-engineering). Per-service detail lives in the Datadog Service Catalog, APM and Infrastructure views by design — see ADR-010.\",\"is_read_only\":false,\"layout_type\":\"ordered\",\"notify_list\":null,\"reflow_type\":\"auto\",\"template_variables\":[{\"available_values\":[\"prod\",\"stage\",\"qa\"],\"default\":\"prod\",\"name\":\"env\",\"prefix\":\"env\"},{\"available_values\":[\"critical\",\"standard\",\"baseline\"],\"default\":\"*\",\"name\":\"band\",\"prefix\":\"alert_band\"},{\"default\":\"*\",\"name\":\"team\",\"prefix\":\"team\"}],\"title\":\"Domain — VMware / On-Premises Virtualization\",\"widgets\":[{\"definition\":{\"background_color\":\"blue\",\"content\":\"**VMware / On-Premises Virtualization** — owned by infrastructure-engineering. Alerts on this board are grouped by priority: P1/P2 page, P3 creates work, P4 is context.\",\"font_size\":\"14\",\"show_tick\":false,\"text_align\":\"left\",\"type\":\"note\"}},{\"definition\":{\"color_preference\":\"text\",\"count\":50,\"display_format\":\"countsAndList\",\"hide_zero_counts\":true,\"query\":\"tag:(domain:vmware AND managed_by:terraform AND env:$env.value)\",\"sort\":\"status,asc\",\"start\":0,\"summary_type\":\"monitors\",\"title\":\"Open alerts by priority\",\"type\":\"manage_status\"}},{\"definition\":{\"requests\":[{\"query\":{\"limit\":25,\"query_string\":\"domain:vmware\",\"sort\":[{\"column\":\"status.sli\",\"order\":\"asc\"}]},\"request_type\":\"slo_list\"}],\"title\":\"Error budget status — VMware / On-Premises Virtualization\",\"type\":\"slo_list\"}},{\"definition\":{\"requests\":[{\"q\":\"top(sum:datadog.monitor.alert_count{domain:vmware,env:$env.value} by {archetype}.as_count(), 15, 'sum', 'desc')\",\"style\":{\"palette\":\"dog_classic\"}}],\"title\":\"Alert volume by archetype (7d)\",\"type\":\"toplist\"}},{\"definition\":{\"requests\":[{\"display_type\":\"bars\",\"q\":\"sum:datadog.monitor.alert_count{domain:vmware,pages:true}.as_count()\",\"style\":{\"palette\":\"warm\"}},{\"display_type\":\"bars\",\"q\":\"sum:datadog.monitor.alert_count{domain:vmware,pages:false}.as_count()\",\"style\":{\"palette\":\"cool\"}}],\"title\":\"Paging vs non-paging alerts (7d)\",\"type\":\"timeseries\"}}]}",
            "dashboard_lists": null,
            "dashboard_lists_removed": [],
            "id": "7mp-jth-zg5",
            "url": "/dashboard/7mp-jth-zg5/domain--vmware--on-premises-virtualization"
          },
          "sensitive_attributes": [],
          "private": "bnVsbA=="
        },
        {
          "index_key": "enterprise-overview",
          "schema_version": 0,
          "attributes": {
            "dashboard": "{\"description\":\"Managed by Terraform (stacks/foundation). SLO health, error-budget risk, active incidents, coverage and ownership gaps.\",\"is_read_only\":false,\"layout_type\":\"ordered\",\"notify_list\":null,\"reflow_type\":\"auto\",\"tags\":[\"team:observability-platform\"],\"template_variables\":null,\"title\":\"Enterprise Overview — SLO Health \\u0026 Platform Risk\",\"widgets\":[{\"definition\":{\"requests\":[{\"query\":{\"limit\":100,\"query_string\":\"tags:(managed_by:terraform)\",\"sort\":[{\"column\":\"status.sli\",\"order\":\"asc\"}]},\"request_type\":\"slo_list\"}],\"title\":\"SLO health (all platform SLOs)\",\"type\":\"slo_list\"}},{\"definition\":{\"color_preference\":\"background\",\"count\":50,\"display_format\":\"countsAndList\",\"hide_zero_counts\":true,\"query\":\"tag:(managed_by:terraform AND pages:true)\",\"sort\":\"priority,asc\",\"start\":0,\"summary_type\":\"monitors\",\"title\":\"Error-budget risk — monitors in alert by severity\",\"type\":\"manage_status\"}},{\"definition\":{\"custom_links\":[],\"precision\":0,\"requests\":[{\"queries\":[{\"aggregator\":\"last\",\"data_source\":\"metrics\",\"name\":\"gaps\",\"query\":\"sum:acme.observability.coverage.gaps{report:latest}\"}],\"response_format\":\"scalar\"}],\"title\":\"Coverage \\u0026 governance gaps (from coverage report)\",\"type\":\"query_value\"}},{\"definition\":{\"precision\":0,\"requests\":[{\"queries\":[{\"aggregator\":\"last\",\"data_source\":\"metrics\",\"name\":\"unowned\",\"query\":\"sum:acme.observability.coverage.unowned{report:latest}\"}],\"response_format\":\"scalar\"}],\"title\":\"Unowned resources (must be zero)\",\"type\":\"query_value\"}},{\"definition\":{\"background_color\":\"gray\",\"content\":\"## How to read this dashboard\\n\\n**Coverage metrics** are published by tools/coverage_report.py (scheduled in CI). Gaps \\u003e 0 page the observability-platform team via the platform-governance archetype. Per-service drill-down: use the native Service Catalog — no custom per-service dashboards exist by design.\",\"font_size\":\"14\",\"show_tick\":false,\"text_align\":\"left\",\"type\":\"note\"}}]}",
            "dashboard_lists": null,
            "dashboard_lists_removed": [],
            "id": "34k-sgg-qhg",
            "url": "/dashboard/34k-sgg-qhg/enterprise-overview--slo-health--platform-risk"
          },
          "sensitive_attributes": [],
          "private": "bnVsbA=="
        },
        {
          "index_key": "oncall",
          "schema_version": 0,
          "attributes": {
            "dashboard": "{\"description\":\"Managed by Terraform (stacks/foundation). Everything a responder needs during a page: active alerts, correlated events, recent changes, workflow runs.\",\"is_read_only\":false,\"layout_type\":\"ordered\",\"notify_list\":null,\"reflow_type\":\"auto\",\"tags\":[\"team:observability-platform\"],\"template_variables\":[{\"default\":\"*\",\"name\":\"team\",\"prefix\":\"team\"}],\"title\":\"On-Call — Active Pages \\u0026 Correlation\",\"widgets\":[{\"definition\":{\"color_preference\":\"background\",\"count\":50,\"display_format\":\"countsAndList\",\"hide_zero_counts\":true,\"query\":\"status:(alert OR warn) tag:(pages:true) tag:($team.value)\",\"sort\":\"priority,asc\",\"start\":0,\"summary_type\":\"combined\",\"title\":\"Active pages (paging monitors only)\",\"type\":\"manage_status\"}},{\"definition\":{\"event_size\":\"l\",\"query\":\"source:alert tags:managed_by:terraform tags:$team.value\",\"title\":\"Correlated event stream (dedup by correlation_key)\",\"type\":\"event_stream\"}},{\"definition\":{\"event_size\":\"s\",\"query\":\"tags:(deployment OR audit) tags:$team.value\",\"title\":\"Recent deployments \\u0026 config changes (last 4h)\",\"type\":\"event_stream\"}},{\"definition\":{\"background_color\":\"yellow\",\"content\":\"## Responder crib sheet\\n\\n1. Ack the page (5/10 min SLA by severity).\\n2. Open the **runbook** linked in the alert — diagnostics workflow output is attached to the event.\\n3. Check *Recent changes* above: most pages resolve to a deployment.\\n4. Escalation: ack timeout auto-escalates via the team escalation policy; manual escalation handles are in the runbook.\\n5. Sev1: incident is auto-created — join the incident channel.\",\"font_size\":\"14\",\"show_tick\":false,\"text_align\":\"left\",\"type\":\"note\"}}]}",
            "dashboard_lists": null,
            "dashboard_lists_removed": [],
            "id": "7sz-pv9-fcn",
            "url": "/dashboard/7sz-pv9-fcn/on-call--active-pages--correlation"
          },
          "sensitive_attributes": [],
          "private": "bnVsbA=="
        },
        {
          "index_key": "operations-overview",
          "schema_version": 0,
          "attributes": {
            "dashboard": "{\"description\":\"Managed by Terraform (stacks/foundation). One row per domain; drill into the domain dashboards for detail.\",\"is_read_only\":false,\"layout_type\":\"ordered\",\"notify_list\":null,\"reflow_type\":\"auto\",\"tags\":[\"team:observability-platform\"],\"template_variables\":[{\"available_values\":[\"prod\",\"staging\"],\"default\":\"prod\",\"name\":\"env\",\"prefix\":\"env\"}],\"title\":\"Operations Overview — Infrastructure, Cloud, Data, Security, SRE\",\"widgets\":[{\"definition\":{\"color_preference\":\"background\",\"count\":50,\"display_format\":\"countsAndList\",\"hide_zero_counts\":true,\"query\":\"tag:(managed_by:terraform) tag:($env.value)\",\"sort\":\"status,asc\",\"start\":0,\"summary_type\":\"groups\",\"title\":\"Alerting monitors by domain\",\"type\":\"manage_status\"}},{\"definition\":{\"requests\":[{\"display_type\":\"line\",\"queries\":[{\"data_source\":\"metrics\",\"name\":\"q1\",\"query\":\"sum:datadog.host.count{*}\"}],\"response_format\":\"timeseries\"}],\"title\":\"Infrastructure — host fleet\",\"type\":\"timeseries\"}},{\"definition\":{\"requests\":[{\"display_type\":\"line\",\"queries\":[{\"data_source\":\"metrics\",\"name\":\"q1\",\"query\":\"sum:kubernetes_state.deployment.replicas_available{$env} by {kube_cluster_name}\"}],\"response_format\":\"timeseries\"}],\"title\":\"Cloud — K8s workload availability\",\"type\":\"timeseries\"}},{\"definition\":{\"requests\":[{\"display_type\":\"line\",\"queries\":[{\"data_source\":\"metrics\",\"name\":\"q1\",\"query\":\"max:acme.data.pipeline.freshness_minutes{$env} by {pipeline}\"}],\"response_format\":\"timeseries\"}],\"title\":\"Data — pipeline freshness (minutes)\",\"type\":\"timeseries\"}},{\"definition\":{\"requests\":[{\"display_type\":\"bars\",\"queries\":[{\"data_source\":\"metrics\",\"name\":\"q1\",\"query\":\"sum:acme.security.log_sources_reporting{$env} by {log_source}\"}],\"response_format\":\"timeseries\"}],\"title\":\"Security — log sources reporting\",\"type\":\"timeseries\"}},{\"definition\":{\"requests\":[{\"display_type\":\"line\",\"queries\":[{\"data_source\":\"metrics\",\"name\":\"q1\",\"query\":\"sum:trace.http.request.errors{$env} by {service}.as_rate()\"}],\"response_format\":\"timeseries\"}],\"title\":\"SRE — service error rate\",\"type\":\"timeseries\"}}]}",
            "dashboard_lists": null,
            "dashboard_lists_removed": [],
            "id": "4ys-xwy-bwx",
            "url": "/dashboard/4ys-xwy-bwx/operations-overview--infrastructure-cloud-data-security-sre"
          },
          "sensitive_attributes": [],
          "private": "bnVsbA=="
        }
      ]
    },
    {
      "module": "module.downtimes",
      "mode": "managed",
      "type": "datadog_downtime_schedule",
      "name": "this",
      "provider": "provider[\"registry.terraform.io/datadog/datadog\"]",
      "instances": [
        {
          "index_key": "data-platform-weekly",
          "schema_version": 0,
          "attributes": {
            "display_timezone": "America/New_York",
            "id": "f73ece4c-51e1-4140-872d-eb05b5dc7d78",
            "message": "Weekly data-platform maintenance window — pipeline and warehouse alerts suppressed by policy.\n\n(managed_by:terraform downtime_id:data-platform-weekly)",
            "monitor_identifier": {
              "monitor_id": null,
              "monitor_tags": [
                "domain:data",
                "managed_by:terraform"
              ]
            },
            "mute_first_recovery_notification": false,
            "notify_end_states": [
              "alert",
              "warn"
            ],
            "notify_end_types": [
              "canceled",
              "expired"
            ],
            "one_time_schedule": null,
            "recurring_schedule": {
              "recurrence": [
                {
                  "duration": "4h",
                  "rrule": "FREQ=WEEKLY;INTERVAL=1;BYDAY=SU",
                  "start": "2026-09-06T02:00:00"
                }
              ],
              "timezone": "America/New_York"
            },
            "scope": "env:prod AND team:data-engineering"
          },
          "sensitive_attributes": []
        },
        {
          "index_key": "nonprod-nightly-quiet",
          "schema_version": 0,
          "attributes": {
            "display_timezone": "America/New_York",
            "id": "115dcdf6-aa28-4154-8b39-27ea8691b472",
            "message": "QA is business-hours only by environment policy; overnight signals are recorded, not notified.\n\n(managed_by:terraform downtime_id:nonprod-nightly-quiet)",
            "monitor_identifier": {
              "monitor_id": null,
              "monitor_tags": [
                "env:qa",
                "managed_by:terraform"
              ]
            },
            "mute_first_recovery_notification": false,
            "notify_end_states": [
              "alert",
              "warn"
            ],
            "notify_end_types": [
              "canceled",
              "expired"
            ],
            "one_time_schedule": null,
            "recurring_schedule": {
              "recurrence": [
                {
                  "duration": "13h",
                  "rrule": "FREQ=DAILY;INTERVAL=1",
                  "start": "2026-09-01T19:00:00"
                }
              ],
              "timezone": "America/New_York"
            },
            "scope": "env:qa"
          },
          "sensitive_attributes": []
        }
      ]
    },
    {
      "module": "module.notification_rules",
      "mode": "managed",
      "type": "datadog_monitor_notification_rule",
      "name": "this",
      "provider": "provider[\"registry.terraform.io/datadog/datadog\"]",
      "instances": [
        {
          "index_key": "nonprod_dev.P4.false.application-development",
          "schema_version": 0,
          "attributes": {
            "conditional_recipients": null,
            "filter": {
              "scope": null,
              "tags": [
                "managed_by:terraform",
                "notification_profile:nonprod_dev",
                "pages:false",
                "priority:p4",
                "team:application-development"
              ]
            },
            "id": "ddd647f8-6a51-4d79-9784-41d07cf3cc07",
            "name": "route-nonprod_dev-P4-nopage-application-development",
            "recipients": [
              "teams-teams-appdev-alerts-nonprod"
            ]
          },
          "sensitive_attributes": []
        },
        {
          "index_key": "nonprod_dev.P4.false.cloud-engineering",
          "schema_version": 0,
          "attributes": {
            "conditional_recipients": null,
            "filter": {
              "scope": null,
              "tags": [
                "managed_by:terraform",
                "notification_profile:nonprod_dev",
                "pages:false",
                "priority:p4",
                "team:cloud-engineering"
              ]
            },
            "id": "b2b4ec88-aa18-4860-8daa-78d7344ce536",
            "name": "route-nonprod_dev-P4-nopage-cloud-engineering",
            "recipients": [
              "teams-teams-cloud-alerts-nonprod"
            ]
          },
          "sensitive_attributes": []
        },
        {
          "index_key": "nonprod_dev.P4.false.data-engineering",
          "schema_version": 0,
          "attributes": {
            "conditional_recipients": null,
            "filter": {
              "scope": null,
              "tags": [
                "managed_by:terraform",
                "notification_profile:nonprod_dev",
                "pages:false",
                "priority:p4",
                "team:data-engineering"
              ]
            },
            "id": "d475366a-8e21-4a91-971c-7b4fcb974c0b",
            "name": "route-nonprod_dev-P4-nopage-data-engineering",
            "recipients": [
              "teams-teams-data-alerts-nonprod"
            ]
          },
          "sensitive_attributes": []
        },
        {
          "index_key": "nonprod_dev.P4.false.infrastructure-engineering",
          "schema_version": 0,
          "attributes": {
            "conditional_recipients": null,
            "filter": {
              "scope": null,
              "tags": [
                "managed_by:terraform",
                "notification_profile:nonprod_dev",
                "pages:false",
                "priority:p4",
                "team:infrastructure-engineering"
              ]
            },
            "id": "ac0fb3ea-ef9f-464a-8109-30758ffa3dd2",
            "name": "route-nonprod_dev-P4-nopage-infrastructure-engineering",
            "recipients": [
              "teams-teams-infra-alerts-nonprod"
            ]
          },
          "sensitive_attributes": []
        },
        {
          "index_key": "nonprod_dev.P4.false.observability-platform",
          "schema_version": 0,
          "attributes": {
            "conditional_recipients": null,
            "filter": {
              "scope": null,
              "tags": [
                "managed_by:terraform",
                "notification_profile:nonprod_dev",
                "pages:false",
                "priority:p4",
                "team:observability-platform"
              ]
            },
            "id": "5173cee5-bed7-486c-a2da-e1e815204b5f",
            "name": "route-nonprod_dev-P4-nopage-observability-platform",
            "recipients": [
              "teams-teams-o11y-alerts-nonprod"
            ]
          },
          "sensitive_attributes": []
        },
        {
          "index_key": "nonprod_dev.P4.false.security",
          "schema_version": 0,
          "attributes": {
            "conditional_recipients": null,
            "filter": {
              "scope": null,
              "tags": [
                "managed_by:terraform",
                "notification_profile:nonprod_dev",
                "pages:false",
                "priority:p4",
                "team:security"
              ]
            },
            "id": "6752eec9-a2cb-431c-bfff-fa8fc02d896d",
            "name": "route-nonprod_dev-P4-nopage-security",
            "recipients": [
              "teams-teams-security-alerts-nonprod"
            ]
          },
          "sensitive_attributes": []
        },
        {
          "index_key": "nonprod_dev.P4.false.sre",
          "schema_version": 0,
          "attributes": {
            "conditional_recipients": null,
            "filter": {
              "scope": null,
              "tags": [
                "managed_by:terraform",
                "notification_profile:nonprod_dev",
                "pages:false",
                "priority:p4",
                "team:sre"
              ]
            },
            "id": "0f8228c7-d871-468c-9e59-5c55456284ed",
            "name": "route-nonprod_dev-P4-nopage-sre",
            "recipients": [
              "teams-teams-sre-alerts-nonprod"
            ]
          },
          "sensitive_attributes": []
        },
        {
          "index_key": "nonprod_standard.P3.false.application-development",
          "schema_version": 0,
          "attributes": {
            "conditional_recipients": null,
            "filter": {
              "scope": null,
              "tags": [
                "managed_by:terraform",
                "notification_profile:nonprod_standard",
                "pages:false",
                "priority:p3",
                "team:application-development"
              ]
            },
            "id": "de6d4201-d351-47df-a931-08d5ec5d3ca5",
            "name": "route-nonprod_standard-P3-nopage-application-development",
            "recipients": [
              "servicenow-acme-task",
              "teams-teams-appdev-alerts-nonprod"
            ]
          },
          "sensitive_attributes": []
        },
        {
          "index_key": "nonprod_standard.P3.false.cloud-engineering",
          "schema_version": 0,
          "attributes": {
            "conditional_recipients": null,
            "filter": {
              "scope": null,
              "tags": [
                "managed_by:terraform",
                "notification_profile:nonprod_standard",
                "pages:false",
                "priority:p3",
                "team:cloud-engineering"
              ]
            },
            "id": "f685900a-9e88-47e2-828a-4687de5009c4",
            "name": "route-nonprod_standard-P3-nopage-cloud-engineering",
            "recipients": [
              "servicenow-acme-task",
              "teams-teams-cloud-alerts-nonprod"
            ]
          },
          "sensitive_attributes": []
        },
        {
          "index_key": "nonprod_standard.P3.false.data-engineering",
          "schema_version": 0,
          "attributes": {
            "conditional_recipients": null,
            "filter": {
              "scope": null,
              "tags": [
                "managed_by:terraform",
                "notification_profile:nonprod_standard",
                "pages:false",
                "priority:p3",
                "team:data-engineering"
              ]
            },
            "id": "1b91b6f8-1179-4326-96b4-31a840b0b27b",
            "name": "route-nonprod_standard-P3-nopage-data-engineering",
            "recipients": [
              "servicenow-acme-task",
              "teams-teams-data-alerts-nonprod"
            ]
          },
          "sensitive_attributes": []
        },
        {
          "index_key": "nonprod_standard.P3.false.infrastructure-engineering",
          "schema_version": 0,
          "attributes": {
            "conditional_recipients": null,
            "filter": {
              "scope": null,
              "tags": [
                "managed_by:terraform",
                "notification_profile:nonprod_standard",
                "pages:false",
                "priority:p3",
                "team:infrastructure-engineering"
              ]
            },
            "id": "6a3fb7ca-34fd-4206-8ee7-ba567d065348",
            "name": "route-nonprod_standard-P3-nopage-infrastructure-engineering",
            "recipients": [
              "servicenow-acme-task",
              "teams-teams-infra-alerts-nonprod"
            ]
          },
          "sensitive_attributes": []
        },
        {
          "index_key": "nonprod_standard.P3.false.observability-platform",
          "schema_version": 0,
          "attributes": {
            "conditional_recipients": null,
            "filter": {
              "scope": null,
              "tags": [
                "managed_by:terraform",
                "notification_profile:nonprod_standard",
                "pages:false",
                "priority:p3",
                "team:observability-platform"
              ]
            },
            "id": "db03b48a-8d08-4a71-b296-6f2be55448bf",
            "name": "route-nonprod_standard-P3-nopage-observability-platform",
            "recipients": [
              "servicenow-acme-task",
              "teams-teams-o11y-alerts-nonprod"
            ]
          },
          "sensitive_attributes": []
        },
        {
          "index_key": "nonprod_standard.P3.false.security",
          "schema_version": 0,
          "attributes": {
            "conditional_recipients": null,
            "filter": {
              "scope": null,
              "tags": [
                "managed_by:terraform",
                "notification_profile:nonprod_standard",
                "pages:false",
                "priority:p3",
                "team:security"
              ]
            },
            "id": "21f5ddab-8efd-4956-90bd-98a08d8e0c44",
            "name": "route-nonprod_standard-P3-nopage-security",
            "recipients": [
              "servicenow-acme-task",
              "teams-teams-security-alerts-nonprod"
            ]
          },
          "sensitive_attributes": []
        },
        {
          "index_key": "nonprod_standard.P3.false.sre",
          "schema_version": 0,
          "attributes": {
            "conditional_recipients": null,
            "filter": {
              "scope": null,
              "tags": [
                "managed_by:terraform",
                "notification_profile:nonprod_standard",
                "pages:false",
                "priority:p3",
                "team:sre"
              ]
            },
            "id": "86f64645-7698-4f36-a7f7-8a49523315b3",
            "name": "route-nonprod_standard-P3-nopage-sre",
            "recipients": [
              "servicenow-acme-task",
              "teams-teams-sre-alerts-nonprod"
            ]
          },
          "sensitive_attributes": []
        },
        {
          "index_key": "nonprod_standard.P4.false.application-development",
          "schema_version": 0,
          "attributes": {
            "conditional_recipients": null,
            "filter": {
              "scope": null,
              "tags": [
                "managed_by:terraform",
                "notification_profile:nonprod_standard",
                "pages:false",
                "priority:p4",
                "team:application-development"
              ]
            },
            "id": "27a569e6-a30c-4717-9769-ea4d3d48c08f",
            "name": "route-nonprod_standard-P4-nopage-application-development",
            "recipients": [
              "teams-teams-appdev-signals-nonprod"
            ]
          },
          "sensitive_attributes": []
        },
        {
          "index_key": "nonprod_standard.P4.false.cloud-engineering",
          "schema_version": 0,
          "attributes": {
            "conditional_recipients": null,
            "filter": {
              "scope": null,
              "tags": [
                "managed_by:terraform",
                "notification_profile:nonprod_standard",
                "pages:false",
                "priority:p4",
                "team:cloud-engineering"
              ]
            },
            "id": "7015fbe6-9073-4888-8b8c-cee0186b36aa",
            "name": "route-nonprod_standard-P4-nopage-cloud-engineering",
            "recipients": [
              "teams-teams-cloud-signals-nonprod"
            ]
          },
          "sensitive_attributes": []
        },
        {
          "index_key": "nonprod_standard.P4.false.data-engineering",
          "schema_version": 0,
          "attributes": {
            "conditional_recipients": null,
            "filter": {
              "scope": null,
              "tags": [
                "managed_by:terraform",
                "notification_profile:nonprod_standard",
                "pages:false",
                "priority:p4",
                "team:data-engineering"
              ]
            },
            "id": "1db9c74f-0f21-49c5-b5d9-d48cda18785b",
            "name": "route-nonprod_standard-P4-nopage-data-engineering",
            "recipients": [
              "teams-teams-data-signals-nonprod"
            ]
          },
          "sensitive_attributes": []
        },
        {
          "index_key": "nonprod_standard.P4.false.infrastructure-engineering",
          "schema_version": 0,
          "attributes": {
            "conditional_recipients": null,
            "filter": {
              "scope": null,
              "tags": [
                "managed_by:terraform",
                "notification_profile:nonprod_standard",
                "pages:false",
                "priority:p4",
                "team:infrastructure-engineering"
              ]
            },
            "id": "d09a957e-bed8-4ed1-a123-c7c934751ecb",
            "name": "route-nonprod_standard-P4-nopage-infrastructure-engineering",
            "recipients": [
              "teams-teams-infra-signals-nonprod"
            ]
          },
          "sensitive_attributes": []
        },
        {
          "index_key": "nonprod_standard.P4.false.observability-platform",
          "schema_version": 0,
          "attributes": {
            "conditional_recipients": null,
            "filter": {
              "scope": null,
              "tags": [
                "managed_by:terraform",
                "notification_profile:nonprod_standard",
                "pages:false",
                "priority:p4",
                "team:observability-platform"
              ]
            },
            "id": "34dbcb8d-c6ed-4d5f-a5bc-cd1c373438b2",
            "name": "route-nonprod_standard-P4-nopage-observability-platform",
            "recipients": [
              "teams-teams-o11y-signals-nonprod"
            ]
          },
          "sensitive_attributes": []
        },
        {
          "index_key": "nonprod_standard.P4.false.security",
          "schema_version": 0,
          "attributes": {
            "conditional_recipients": null,
            "filter": {
              "scope": null,
              "tags": [
                "managed_by:terraform",
                "notification_profile:nonprod_standard",
                "pages:false",
                "priority:p4",
                "team:security"
              ]
            },
            "id": "5bbc574f-6348-4fd7-8349-f5ed49760c74",
            "name": "route-nonprod_standard-P4-nopage-security",
            "recipients": [
              "teams-teams-security-signals-nonprod"
            ]
          },
          "sensitive_attributes": []
        },
        {
          "index_key": "nonprod_standard.P4.false.sre",
          "schema_version": 0,
          "attributes": {
            "conditional_recipients": null,
            "filter": {
              "scope": null,
              "tags": [
                "managed_by:terraform",
                "notification_profile:nonprod_standard",
                "pages:false",
                "priority:p4",
                "team:sre"
              ]
            },
            "id": "dfbad6a3-30ad-4a65-b7ec-ef56bada364a",
            "name": "route-nonprod_standard-P4-nopage-sre",
            "recipients": [
              "teams-teams-sre-signals-nonprod"
            ]
          },
          "sensitive_attributes": []
        },
        {
          "index_key": "production_baseline.P3.false.application-development",
          "schema_version": 0,
          "attributes": {
            "conditional_recipients": null,
            "filter": {
              "scope": null,
              "tags": [
                "managed_by:terraform",
                "notification_profile:production_baseline",
                "pages:false",
                "priority:p3",
                "team:application-development"
              ]
            },
            "id": "630795e4-1fa0-45a5-b879-c75f6a326074",
            "name": "route-production_baseline-P3-nopage-application-development",
            "recipients": [
              "servicenow-acme-task",
              "teams-teams-appdev-signals"
            ]
          },
          "sensitive_attributes": []
        },
        {
          "index_key": "production_baseline.P3.false.cloud-engineering",
          "schema_version": 0,
          "attributes": {
            "conditional_recipients": null,
            "filter": {
              "scope": null,
              "tags": [
                "managed_by:terraform",
                "notification_profile:production_baseline",
                "pages:false",
                "priority:p3",
                "team:cloud-engineering"
              ]
            },
            "id": "1a225827-33f9-4103-a429-b57750a2bea6",
            "name": "route-production_baseline-P3-nopage-cloud-engineering",
            "recipients": [
              "servicenow-acme-task",
              "teams-teams-cloud-signals"
            ]
          },
          "sensitive_attributes": []
        },
        {
          "index_key": "production_baseline.P3.false.data-engineering",
          "schema_version": 0,
          "attributes": {
            "conditional_recipients": null,
            "filter": {
              "scope": null,
              "tags": [
                "managed_by:terraform",
                "notification_profile:production_baseline",
                "pages:false",
                "priority:p3",
                "team:data-engineering"
              ]
            },
            "id": "38bf8fa7-b174-4538-81c6-ff8e322d17b9",
            "name": "route-production_baseline-P3-nopage-data-engineering",
            "recipients": [
              "servicenow-acme-task",
              "teams-teams-data-signals"
            ]
          },
          "sensitive_attributes": []
        },
        {
          "index_key": "production_baseline.P3.false.infrastructure-engineering",
          "schema_version": 0,
          "attributes": {
            "conditional_recipients": null,
            "filter": {
              "scope": null,
              "tags": [
                "managed_by:terraform",
                "notification_profile:production_baseline",
                "pages:false",
                "priority:p3",
                "team:infrastructure-engineering"
              ]
            },
            "id": "a46f66f5-bfea-431a-aabb-0dee56a5c58a",
            "name": "route-production_baseline-P3-nopage-infrastructure-engineering",
            "recipients": [
              "servicenow-acme-task",
              "teams-teams-infra-signals"
            ]
          },
          "sensitive_attributes": []
        },
        {
          "index_key": "production_baseline.P3.false.observability-platform",
          "schema_version": 0,
          "attributes": {
            "conditional_recipients": null,
            "filter": {
              "scope": null,
              "tags": [
                "managed_by:terraform",
                "notification_profile:production_baseline",
                "pages:false",
                "priority:p3",
                "team:observability-platform"
              ]
            },
            "id": "5b9f8b63-c005-44f9-9f96-9d79cff169db",
            "name": "route-production_baseline-P3-nopage-observability-platform",
            "recipients": [
              "servicenow-acme-task",
              "teams-teams-o11y-signals"
            ]
          },
          "sensitive_attributes": []
        },
        {
          "index_key": "production_baseline.P3.false.security",
          "schema_version": 0,
          "attributes": {
            "conditional_recipients": null,
            "filter": {
              "scope": null,
              "tags": [
                "managed_by:terraform",
                "notification_profile:production_baseline",
                "pages:false",
                "priority:p3",
                "team:security"
              ]
            },
            "id": "80643ec7-5f03-4005-84b3-4171fcc616e8",
            "name": "route-production_baseline-P3-nopage-security",
            "recipients": [
              "servicenow-acme-task",
              "teams-teams-security-signals"
            ]
          },
          "sensitive_attributes": []
        },
        {
          "index_key": "production_baseline.P3.false.sre",
          "schema_version": 0,
          "attributes": {
            "conditional_recipients": null,
            "filter": {
              "scope": null,
              "tags": [
                "managed_by:terraform",
                "notification_profile:production_baseline",
                "pages:false",
                "priority:p3",
                "team:sre"
              ]
            },
            "id": "6829083a-0d64-4e10-87c6-778e32da3743",
            "name": "route-production_baseline-P3-nopage-sre",
            "recipients": [
              "servicenow-acme-task",
              "teams-teams-sre-signals"
            ]
          },
          "sensitive_attributes": []
        },
        {
          "index_key": "production_baseline.P4.false.application-development",
          "schema_version": 0,
          "attributes": {
            "conditional_recipients": null,
            "filter": {
              "scope": null,
              "tags": [
                "managed_by:terraform",
                "notification_profile:production_baseline",
                "pages:false",
                "priority:p4",
                "team:application-development"
              ]
            },
            "id": "996e4e70-7ef5-477f-a62e-bbda43edfae1",
            "name": "route-production_baseline-P4-nopage-application-development",
            "recipients": [
              "teams-teams-appdev-signals"
            ]
          },
          "sensitive_attributes": []
        },
        {
          "index_key": "production_baseline.P4.false.cloud-engineering",
          "schema_version": 0,
          "attributes": {
            "conditional_recipients": null,
            "filter": {
              "scope": null,
              "tags": [
                "managed_by:terraform",
                "notification_profile:production_baseline",
                "pages:false",
                "priority:p4",
                "team:cloud-engineering"
              ]
            },
            "id": "ef1e666f-6534-4e38-86ac-95aaca5a051c",
            "name": "route-production_baseline-P4-nopage-cloud-engineering",
            "recipients": [
              "teams-teams-cloud-signals"
            ]
          },
          "sensitive_attributes": []
        },
        {
          "index_key": "production_baseline.P4.false.data-engineering",
          "schema_version": 0,
          "attributes": {
            "conditional_recipients": null,
            "filter": {
              "scope": null,
              "tags": [
                "managed_by:terraform",
                "notification_profile:production_baseline",
                "pages:false",
                "priority:p4",
                "team:data-engineering"
              ]
            },
            "id": "855328e6-4692-472a-b8ba-4c9e451a392e",
            "name": "route-production_baseline-P4-nopage-data-engineering",
            "recipients": [
              "teams-teams-data-signals"
            ]
          },
          "sensitive_attributes": []
        },
        {
          "index_key": "production_baseline.P4.false.infrastructure-engineering",
          "schema_version": 0,
          "attributes": {
            "conditional_recipients": null,
            "filter": {
              "scope": null,
              "tags": [
                "managed_by:terraform",
                "notification_profile:production_baseline",
                "pages:false",
                "priority:p4",
                "team:infrastructure-engineering"
              ]
            },
            "id": "dd39d296-c5a9-4426-a3a9-1271780ddc76",
            "name": "route-production_baseline-P4-nopage-infrastructure-engineering",
            "recipients": [
              "teams-teams-infra-signals"
            ]
          },
          "sensitive_attributes": []
        },
        {
          "index_key": "production_baseline.P4.false.observability-platform",
          "schema_version": 0,
          "attributes": {
            "conditional_recipients": null,
            "filter": {
              "scope": null,
              "tags": [
                "managed_by:terraform",
                "notification_profile:production_baseline",
                "pages:false",
                "priority:p4",
                "team:observability-platform"
              ]
            },
            "id": "e9e4038f-1138-482c-a1dc-452d7460ff7a",
            "name": "route-production_baseline-P4-nopage-observability-platform",
            "recipients": [
              "teams-teams-o11y-signals"
            ]
          },
          "sensitive_attributes": []
        },
        {
          "index_key": "production_baseline.P4.false.security",
          "schema_version": 0,
          "attributes": {
            "conditional_recipients": null,
            "filter": {
              "scope": null,
              "tags": [
                "managed_by:terraform",
                "notification_profile:production_baseline",
                "pages:false",
                "priority:p4",
                "team:security"
              ]
            },
            "id": "79400769-23db-4921-9e20-e9f3fb227d74",
            "name": "route-production_baseline-P4-nopage-security",
            "recipients": [
              "teams-teams-security-signals"
            ]
          },
          "sensitive_attributes": []
        },
        {
          "index_key": "production_baseline.P4.false.sre",
          "schema_version": 0,
          "attributes": {
            "conditional_recipients": null,
            "filter": {
              "scope": null,
              "tags": [
                "managed_by:terraform",
                "notification_profile:production_baseline",
                "pages:false",
                "priority:p4",
                "team:sre"
              ]
            },
            "id": "1315dbb0-7dc3-4ca2-b967-2d12bf11f5ba",
            "name": "route-production_baseline-P4-nopage-sre",
            "recipients": [
              "teams-teams-sre-signals"
            ]
          },
          "sensitive_attributes": []
        },
        {
          "index_key": "production_critical.P1.false.application-development",
          "schema_version": 0,
          "attributes": {
            "conditional_recipients": null,
            "filter": {
              "scope": null,
              "tags": [
                "managed_by:terraform",
                "notification_profile:production_critical",
                "pages:false",
                "priority:p1",
                "team:application-development"
              ]
            },
            "id": "8bcb6e2c-4597-4143-84f9-564791f7190b",
            "name": "route-production_critical-P1-nopage-application-development",
            "recipients": [
              "servicenow-acme-incident-p1",
              "teams-exec-bridge",
              "teams-major-incident",
              "teams-teams-appdev-alerts"
            ]
          },
          "sensitive_attributes": []
        },
        {
          "index_key": "production_critical.P1.false.cloud-engineering",
          "schema_version": 0,
          "attributes": {
            "conditional_recipients": null,
            "filter": {
              "scope": null,
              "tags": [
                "managed_by:terraform",
                "notification_profile:production_critical",
                "pages:false",
                "priority:p1",
                "team:cloud-engineering"
              ]
            },
            "id": "e30de188-dd98-4f13-ab41-08be46baf497",
            "name": "route-production_critical-P1-nopage-cloud-engineering",
            "recipients": [
              "servicenow-acme-incident-p1",
              "teams-exec-bridge",
              "teams-major-incident",
              "teams-teams-cloud-alerts"
            ]
          },
          "sensitive_attributes": []
        },
        {
          "index_key": "production_critical.P1.false.data-engineering",
          "schema_version": 0,
          "attributes": {
            "conditional_recipients": null,
            "filter": {
              "scope": null,
              "tags": [
                "managed_by:terraform",
                "notification_profile:production_critical",
                "pages:false",
                "priority:p1",
                "team:data-engineering"
              ]
            },
            "id": "8ce6c274-ba3b-4cc9-9c50-f2806fe55f67",
            "name": "route-production_critical-P1-nopage-data-engineering",
            "recipients": [
              "servicenow-acme-incident-p1",
              "teams-exec-bridge",
              "teams-major-incident",
              "teams-teams-data-alerts"
            ]
          },
          "sensitive_attributes": []
        },
        {
          "index_key": "production_critical.P1.false.infrastructure-engineering",
          "schema_version": 0,
          "attributes": {
            "conditional_recipients": null,
            "filter": {
              "scope": null,
              "tags": [
                "managed_by:terraform",
                "notification_profile:production_critical",
                "pages:false",
                "priority:p1",
                "team:infrastructure-engineering"
              ]
            },
            "id": "182bba78-2819-4ea6-a707-964b2379ec0d",
            "name": "route-production_critical-P1-nopage-infrastructure-engineering",
            "recipients": [
              "servicenow-acme-incident-p1",
              "teams-exec-bridge",
              "teams-major-incident",
              "teams-teams-infra-alerts"
            ]
          },
          "sensitive_attributes": []
        },
        {
          "index_key": "production_critical.P1.false.observability-platform",
          "schema_version": 0,
          "attributes": {
            "conditional_recipients": null,
            "filter": {
              "scope": null,
              "tags": [
                "managed_by:terraform",
                "notification_profile:production_critical",
                "pages:false",
                "priority:p1",
                "team:observability-platform"
              ]
            },
            "id": "1cfba319-9f91-45f4-8671-72637302da61",
            "name": "route-production_critical-P1-nopage-observability-platform",
            "recipients": [
              "servicenow-acme-incident-p1",
              "teams-exec-bridge",
              "teams-major-incident",
              "teams-teams-o11y-alerts"
            ]
          },
          "sensitive_attributes": []
        },
        {
          "index_key": "production_critical.P1.false.security",
          "schema_version": 0,
          "attributes": {
            "conditional_recipients": null,
            "filter": {
              "scope": null,
              "tags": [
                "managed_by:terraform",
                "notification_profile:production_critical",
                "pages:false",
                "priority:p1",
                "team:security"
              ]
            },
            "id": "82cfdc3e-1dff-426c-87e4-d77b188a3906",
            "name": "route-production_critical-P1-nopage-security",
            "recipients": [
              "servicenow-acme-incident-p1",
              "teams-exec-bridge",
              "teams-major-incident",
              "teams-teams-security-alerts"
            ]
          },
          "sensitive_attributes": []
        },
        {
          "index_key": "production_critical.P1.false.sre",
          "schema_version": 0,
          "attributes": {
            "conditional_recipients": null,
            "filter": {
              "scope": null,
              "tags": [
                "managed_by:terraform",
                "notification_profile:production_critical",
                "pages:false",
                "priority:p1",
                "team:sre"
              ]
            },
            "id": "e7677eb0-10c1-4569-aa3d-8c404d337dc4",
            "name": "route-production_critical-P1-nopage-sre",
            "recipients": [
              "servicenow-acme-incident-p1",
              "teams-exec-bridge",
              "teams-major-incident",
              "teams-teams-sre-alerts"
            ]
          },
          "sensitive_attributes": []
        },
        {
          "index_key": "production_critical.P1.true.application-development",
          "schema_version": 0,
          "attributes": {
            "conditional_recipients": null,
            "filter": {
              "scope": null,
              "tags": [
                "managed_by:terraform",
                "notification_profile:production_critical",
                "pages:true",
                "priority:p1",
                "team:application-development"
              ]
            },
            "id": "0b5d993e-8670-46f8-bc6a-47e72e9a8809",
            "name": "route-production_critical-P1-page-application-development",
            "recipients": [
              "oncall-application-development",
              "servicenow-acme-incident-p1",
              "teams-exec-bridge",
              "teams-major-incident",
              "teams-teams-appdev-alerts"
            ]
          },
          "sensitive_attributes": []
        },
        {
          "index_key": "production_critical.P1.true.cloud-engineering",
          "schema_version": 0,
          "attributes": {
            "conditional_recipients": null,
            "filter": {
              "scope": null,
              "tags": [
                "managed_by:terraform",
                "notification_profile:production_critical",
                "pages:true",
                "priority:p1",
                "team:cloud-engineering"
              ]
            },
            "id": "287cfbc9-39a2-48c0-97ca-edf47cd5d07c",
            "name": "route-production_critical-P1-page-cloud-engineering",
            "recipients": [
              "oncall-cloud-engineering",
              "servicenow-acme-incident-p1",
              "teams-exec-bridge",
              "teams-major-incident",
              "teams-teams-cloud-alerts"
            ]
          },
          "sensitive_attributes": []
        },
        {
          "index_key": "production_critical.P1.true.data-engineering",
          "schema_version": 0,
          "attributes": {
            "conditional_recipients": null,
            "filter": {
              "scope": null,
              "tags": [
                "managed_by:terraform",
                "notification_profile:production_critical",
                "pages:true",
                "priority:p1",
                "team:data-engineering"
              ]
            },
            "id": "d6eb7ecc-3e14-4f3a-b412-dc0f658d3079",
            "name": "route-production_critical-P1-page-data-engineering",
            "recipients": [
              "oncall-data-engineering",
              "servicenow-acme-incident-p1",
              "teams-exec-bridge",
              "teams-major-incident",
              "teams-teams-data-alerts"
            ]
          },
          "sensitive_attributes": []
        },
        {
          "index_key": "production_critical.P1.true.infrastructure-engineering",
          "schema_version": 0,
          "attributes": {
            "conditional_recipients": null,
            "filter": {
              "scope": null,
              "tags": [
                "managed_by:terraform",
                "notification_profile:production_critical",
                "pages:true",
                "priority:p1",
                "team:infrastructure-engineering"
              ]
            },
            "id": "e09369c6-29fe-4161-a400-0a9a0643bb76",
            "name": "route-production_critical-P1-page-infrastructure-engineering",
            "recipients": [
              "oncall-infrastructure-engineering",
              "servicenow-acme-incident-p1",
              "teams-exec-bridge",
              "teams-major-incident",
              "teams-teams-infra-alerts"
            ]
          },
          "sensitive_attributes": []
        },
        {
          "index_key": "production_critical.P1.true.observability-platform",
          "schema_version": 0,
          "attributes": {
            "conditional_recipients": null,
            "filter": {
              "scope": null,
              "tags": [
                "managed_by:terraform",
                "notification_profile:production_critical",
                "pages:true",
                "priority:p1",
                "team:observability-platform"
              ]
            },
            "id": "91f3ab67-afc0-41f7-9215-12b6fb08fc31",
            "name": "route-production_critical-P1-page-observability-platform",
            "recipients": [
              "oncall-observability-platform",
              "servicenow-acme-incident-p1",
              "teams-exec-bridge",
              "teams-major-incident",
              "teams-teams-o11y-alerts"
            ]
          },
          "sensitive_attributes": []
        },
        {
          "index_key": "production_critical.P1.true.security",
          "schema_version": 0,
          "attributes": {
            "conditional_recipients": null,
            "filter": {
              "scope": null,
              "tags": [
                "managed_by:terraform",
                "notification_profile:production_critical",
                "pages:true",
                "priority:p1",
                "team:security"
              ]
            },
            "id": "68a1e3ae-e818-4cc7-8386-1e2b479a8d1a",
            "name": "route-production_critical-P1-page-security",
            "recipients": [
              "oncall-security",
              "servicenow-acme-incident-p1",
              "teams-exec-bridge",
              "teams-major-incident",
              "teams-teams-security-alerts"
            ]
          },
          "sensitive_attributes": []
        },
        {
          "index_key": "production_critical.P1.true.sre",
          "schema_version": 0,
          "attributes": {
            "conditional_recipients": null,
            "filter": {
              "scope": null,
              "tags": [
                "managed_by:terraform",
                "notification_profile:production_critical",
                "pages:true",
                "priority:p1",
                "team:sre"
              ]
            },
            "id": "0e29a930-ac6a-4cd6-b327-c63424ef788d",
            "name": "route-production_critical-P1-page-sre",
            "recipients": [
              "oncall-sre",
              "servicenow-acme-incident-p1",
              "teams-exec-bridge",
              "teams-major-incident",
              "teams-teams-sre-alerts"
            ]
          },
          "sensitive_attributes": []
        },
        {
          "index_key": "production_critical.P2.false.application-development",
          "schema_version": 0,
          "attributes": {
            "conditional_recipients": null,
            "filter": {
              "scope": null,
              "tags": [
                "managed_by:terraform",
                "notification_profile:production_critical",
                "pages:false",
                "priority:p2",
                "team:application-development"
              ]
            },
            "id": "316dad54-9f11-40be-ab78-38cd80842dbf",
            "name": "route-production_critical-P2-nopage-application-development",
            "recipients": [
              "servicenow-acme-incident-p2",
              "teams-teams-appdev-alerts"
            ]
          },
          "sensitive_attributes": []
        },
        {
          "index_key": "production_critical.P2.false.cloud-engineering",
          "schema_version": 0,
          "attributes": {
            "conditional_recipients": null,
            "filter": {
              "scope": null,
              "tags": [
                "managed_by:terraform",
                "notification_profile:production_critical",
                "pages:false",
                "priority:p2",
                "team:cloud-engineering"
              ]
            },
            "id": "8e73365c-6803-4777-b900-3efcbecff0b2",
            "name": "route-production_critical-P2-nopage-cloud-engineering",
            "recipients": [
              "servicenow-acme-incident-p2",
              "teams-teams-cloud-alerts"
            ]
          },
          "sensitive_attributes": []
        },
        {
          "index_key": "production_critical.P2.false.data-engineering",
          "schema_version": 0,
          "attributes": {
            "conditional_recipients": null,
            "filter": {
              "scope": null,
              "tags": [
                "managed_by:terraform",
                "notification_profile:production_critical",
                "pages:false",
                "priority:p2",
                "team:data-engineering"
              ]
            },
            "id": "ac8fae02-e39e-47ca-acb3-156c699bc8d3",
            "name": "route-production_critical-P2-nopage-data-engineering",
            "recipients": [
              "servicenow-acme-incident-p2",
              "teams-teams-data-alerts"
            ]
          },
          "sensitive_attributes": []
        },
        {
          "index_key": "production_critical.P2.false.infrastructure-engineering",
          "schema_version": 0,
          "attributes": {
            "conditional_recipients": null,
            "filter": {
              "scope": null,
              "tags": [
                "managed_by:terraform",
                "notification_profile:production_critical",
                "pages:false",
                "priority:p2",
                "team:infrastructure-engineering"
              ]
            },
            "id": "4cc9340a-def0-4eb6-afae-050c58dba767",
            "name": "route-production_critical-P2-nopage-infrastructure-engineering",
            "recipients": [
              "servicenow-acme-incident-p2",
              "teams-teams-infra-alerts"
            ]
          },
          "sensitive_attributes": []
        },
        {
          "index_key": "production_critical.P2.false.observability-platform",
          "schema_version": 0,
          "attributes": {
            "conditional_recipients": null,
            "filter": {
              "scope": null,
              "tags": [
                "managed_by:terraform",
                "notification_profile:production_critical",
                "pages:false",
                "priority:p2",
                "team:observability-platform"
              ]
            },
            "id": "2ded9821-2186-46d1-9d53-b4795c76167a",
            "name": "route-production_critical-P2-nopage-observability-platform",
            "recipients": [
              "servicenow-acme-incident-p2",
              "teams-teams-o11y-alerts"
            ]
          },
          "sensitive_attributes": []
        },
        {
          "index_key": "production_critical.P2.false.security",
          "schema_version": 0,
          "attributes": {
            "conditional_recipients": null,
            "filter": {
              "scope": null,
              "tags": [
                "managed_by:terraform",
                "notification_profile:production_critical",
                "pages:false",
                "priority:p2",
                "team:security"
              ]
            },
            "id": "8d89fb15-b799-4e67-9dbe-f84b5cf9cb8f",
            "name": "route-production_critical-P2-nopage-security",
            "recipients": [
              "servicenow-acme-incident-p2",
              "teams-teams-security-alerts"
            ]
          },
          "sensitive_attributes": []
        },
        {
          "index_key": "production_critical.P2.false.sre",
          "schema_version": 0,
          "attributes": {
            "conditional_recipients": null,
            "filter": {
              "scope": null,
              "tags": [
                "managed_by:terraform",
                "notification_profile:production_critical",
                "pages:false",
                "priority:p2",
                "team:sre"
              ]
            },
            "id": "e6e26ff6-fcfd-4cc6-b341-80a4ec428d55",
            "name": "route-production_critical-P2-nopage-sre",
            "recipients": [
              "servicenow-acme-incident-p2",
              "teams-teams-sre-alerts"
            ]
          },
          "sensitive_attributes": []
        },
        {
          "index_key": "production_critical.P2.true.application-development",
          "schema_version": 0,
          "attributes": {
            "conditional_recipients": null,
            "filter": {
              "scope": null,
              "tags": [
                "managed_by:terraform",
                "notification_profile:production_critical",
                "pages:true",
                "priority:p2",
                "team:application-development"
              ]
            },
            "id": "9b37b60a-2c0e-43ed-a377-db104ee9a60f",
            "name": "route-production_critical-P2-page-application-development",
            "recipients": [
              "oncall-application-development",
              "servicenow-acme-incident-p2",
              "teams-teams-appdev-alerts"
            ]
          },
          "sensitive_attributes": []
        },
        {
          "index_key": "production_critical.P2.true.cloud-engineering",
          "schema_version": 0,
          "attributes": {
            "conditional_recipients": null,
            "filter": {
              "scope": null,
              "tags": [
                "managed_by:terraform",
                "notification_profile:production_critical",
                "pages:true",
                "priority:p2",
                "team:cloud-engineering"
              ]
            },
            "id": "a393ce81-3a25-45d2-b732-6a4f84e054de",
            "name": "route-production_critical-P2-page-cloud-engineering",
            "recipients": [
              "oncall-cloud-engineering",
              "servicenow-acme-incident-p2",
              "teams-teams-cloud-alerts"
            ]
          },
          "sensitive_attributes": []
        },
        {
          "index_key": "production_critical.P2.true.data-engineering",
          "schema_version": 0,
          "attributes": {
            "conditional_recipients": null,
            "filter": {
              "scope": null,
              "tags": [
                "managed_by:terraform",
                "notification_profile:production_critical",
                "pages:true",
                "priority:p2",
                "team:data-engineering"
              ]
            },
            "id": "99107b59-34ea-4ab6-9da1-a8fc8ed016c2",
            "name": "route-production_critical-P2-page-data-engineering",
            "recipients": [
              "oncall-data-engineering",
              "servicenow-acme-incident-p2",
              "teams-teams-data-alerts"
            ]
          },
          "sensitive_attributes": []
        },
        {
          "index_key": "production_critical.P2.true.infrastructure-engineering",
          "schema_version": 0,
          "attributes": {
            "conditional_recipients": null,
            "filter": {
              "scope": null,
              "tags": [
                "managed_by:terraform",
                "notification_profile:production_critical",
                "pages:true",
                "priority:p2",
                "team:infrastructure-engineering"
              ]
            },
            "id": "f9b1798a-d3f6-4a48-a2a3-e7a7493f3cee",
            "name": "route-production_critical-P2-page-infrastructure-engineering",
            "recipients": [
              "oncall-infrastructure-engineering",
              "servicenow-acme-incident-p2",
              "teams-teams-infra-alerts"
            ]
          },
          "sensitive_attributes": []
        },
        {
          "index_key": "production_critical.P2.true.observability-platform",
          "schema_version": 0,
          "attributes": {
            "conditional_recipients": null,
            "filter": {
              "scope": null,
              "tags": [
                "managed_by:terraform",
                "notification_profile:production_critical",
                "pages:true",
                "priority:p2",
                "team:observability-platform"
              ]
            },
            "id": "a5a601b6-cd04-4cf0-aea9-0ce65f634aa5",
            "name": "route-production_critical-P2-page-observability-platform",
            "recipients": [
              "oncall-observability-platform",
              "servicenow-acme-incident-p2",
              "teams-teams-o11y-alerts"
            ]
          },
          "sensitive_attributes": []
        },
        {
          "index_key": "production_critical.P2.true.security",
          "schema_version": 0,
          "attributes": {
            "conditional_recipients": null,
            "filter": {
              "scope": null,
              "tags": [
                "managed_by:terraform",
                "notification_profile:production_critical",
                "pages:true",
                "priority:p2",
                "team:security"
              ]
            },
            "id": "aea9e76f-952a-4ba7-9acf-fdd014a3e4c6",
            "name": "route-production_critical-P2-page-security",
            "recipients": [
              "oncall-security",
              "servicenow-acme-incident-p2",
              "teams-teams-security-alerts"
            ]
          },
          "sensitive_attributes": []
        },
        {
          "index_key": "production_critical.P2.true.sre",
          "schema_version": 0,
          "attributes": {
            "conditional_recipients": null,
            "filter": {
              "scope": null,
              "tags": [
                "managed_by:terraform",
                "notification_profile:production_critical",
                "pages:true",
                "priority:p2",
                "team:sre"
              ]
            },
            "id": "6c11f228-133d-4df3-92f3-c31fb4866929",
            "name": "route-production_critical-P2-page-sre",
            "recipients": [
              "oncall-sre",
              "servicenow-acme-incident-p2",
              "teams-teams-sre-alerts"
            ]
          },
          "sensitive_attributes": []
        },
        {
          "index_key": "production_critical.P3.false.application-development",
          "schema_version": 0,
          "attributes": {
            "conditional_recipients": null,
            "filter": {
              "scope": null,
              "tags": [
                "managed_by:terraform",
                "notification_profile:production_critical",
                "pages:false",
                "priority:p3",
                "team:application-development"
              ]
            },
            "id": "cd7cdcd3-2217-4ed2-96e6-4ed638dc50be",
            "name": "route-production_critical-P3-nopage-application-development",
            "recipients": [
              "servicenow-acme-task",
              "teams-teams-appdev-alerts"
            ]
          },
          "sensitive_attributes": []
        },
        {
          "index_key": "production_critical.P3.false.cloud-engineering",
          "schema_version": 0,
          "attributes": {
            "conditional_recipients": null,
            "filter": {
              "scope": null,
              "tags": [
                "managed_by:terraform",
                "notification_profile:production_critical",
                "pages:false",
                "priority:p3",
                "team:cloud-engineering"
              ]
            },
            "id": "93fa870e-7a61-423f-993e-3469c1882877",
            "name": "route-production_critical-P3-nopage-cloud-engineering",
            "recipients": [
              "servicenow-acme-task",
              "teams-teams-cloud-alerts"
            ]
          },
          "sensitive_attributes": []
        },
        {
          "index_key": "production_critical.P3.false.data-engineering",
          "schema_version": 0,
          "attributes": {
            "conditional_recipients": null,
            "filter": {
              "scope": null,
              "tags": [
                "managed_by:terraform",
                "notification_profile:production_critical",
                "pages:false",
                "priority:p3",
                "team:data-engineering"
              ]
            },
            "id": "4d5fbd5e-2f4e-495d-8792-1ce1ca62e32f",
            "name": "route-production_critical-P3-nopage-data-engineering",
            "recipients": [
              "servicenow-acme-task",
              "teams-teams-data-alerts"
            ]
          },
          "sensitive_attributes": []
        },
        {
          "index_key": "production_critical.P3.false.infrastructure-engineering",
          "schema_version": 0,
          "attributes": {
            "conditional_recipients": null,
            "filter": {
              "scope": null,
              "tags": [
                "managed_by:terraform",
                "notification_profile:production_critical",
                "pages:false",
                "priority:p3",
                "team:infrastructure-engineering"
              ]
            },
            "id": "6b4495ef-0515-4977-8acf-8a5ae3a03ac7",
            "name": "route-production_critical-P3-nopage-infrastructure-engineering",
            "recipients": [
              "servicenow-acme-task",
              "teams-teams-infra-alerts"
            ]
          },
          "sensitive_attributes": []
        },
        {
          "index_key": "production_critical.P3.false.observability-platform",
          "schema_version": 0,
          "attributes": {
            "conditional_recipients": null,
            "filter": {
              "scope": null,
              "tags": [
                "managed_by:terraform",
                "notification_profile:production_critical",
                "pages:false",
                "priority:p3",
                "team:observability-platform"
              ]
            },
            "id": "64fd1ca9-84ef-4eea-ab08-092153265ef2",
            "name": "route-production_critical-P3-nopage-observability-platform",
            "recipients": [
              "servicenow-acme-task",
              "teams-teams-o11y-alerts"
            ]
          },
          "sensitive_attributes": []
        },
        {
          "index_key": "production_critical.P3.false.security",
          "schema_version": 0,
          "attributes": {
            "conditional_recipients": null,
            "filter": {
              "scope": null,
              "tags": [
                "managed_by:terraform",
                "notification_profile:production_critical",
                "pages:false",
                "priority:p3",
                "team:security"
              ]
            },
            "id": "2c61fe60-9fbf-4392-8e43-a2a022fc4e6a",
            "name": "route-production_critical-P3-nopage-security",
            "recipients": [
              "servicenow-acme-task",
              "teams-teams-security-alerts"
            ]
          },
          "sensitive_attributes": []
        },
        {
          "index_key": "production_critical.P3.false.sre",
          "schema_version": 0,
          "attributes": {
            "conditional_recipients": null,
            "filter": {
              "scope": null,
              "tags": [
                "managed_by:terraform",
                "notification_profile:production_critical",
                "pages:false",
                "priority:p3",
                "team:sre"
              ]
            },
            "id": "f7485a07-3a24-4382-af3b-203cfc7ef96a",
            "name": "route-production_critical-P3-nopage-sre",
            "recipients": [
              "servicenow-acme-task",
              "teams-teams-sre-alerts"
            ]
          },
          "sensitive_attributes": []
        },
        {
          "index_key": "production_critical.P4.false.application-development",
          "schema_version": 0,
          "attributes": {
            "conditional_recipients": null,
            "filter": {
              "scope": null,
              "tags": [
                "managed_by:terraform",
                "notification_profile:production_critical",
                "pages:false",
                "priority:p4",
                "team:application-development"
              ]
            },
            "id": "2b383b16-6f22-4baf-9e91-92e2d20e59ef",
            "name": "route-production_critical-P4-nopage-application-development",
            "recipients": [
              "teams-teams-appdev-signals"
            ]
          },
          "sensitive_attributes": []
        },
        {
          "index_key": "production_critical.P4.false.cloud-engineering",
          "schema_version": 0,
          "attributes": {
            "conditional_recipients": null,
            "filter": {
              "scope": null,
              "tags": [
                "managed_by:terraform",
                "notification_profile:production_critical",
                "pages:false",
                "priority:p4",
                "team:cloud-engineering"
              ]
            },
            "id": "18a71a06-732d-497c-ad59-4c37e8fd2354",
            "name": "route-production_critical-P4-nopage-cloud-engineering",
            "recipients": [
              "teams-teams-cloud-signals"
            ]
          },
          "sensitive_attributes": []
        },
        {
          "index_key": "production_critical.P4.false.data-engineering",
          "schema_version": 0,
          "attributes": {
            "conditional_recipients": null,
            "filter": {
              "scope": null,
              "tags": [
                "managed_by:terraform",
                "notification_profile:production_critical",
                "pages:false",
                "priority:p4",
                "team:data-engineering"
              ]
            },
            "id": "3a5a9205-8426-4f06-9df0-f4669dadbf2f",
            "name": "route-production_critical-P4-nopage-data-engineering",
            "recipients": [
              "teams-teams-data-signals"
            ]
          },
          "sensitive_attributes": []
        },
        {
          "index_key": "production_critical.P4.false.infrastructure-engineering",
          "schema_version": 0,
          "attributes": {
            "conditional_recipients": null,
            "filter": {
              "scope": null,
              "tags": [
                "managed_by:terraform",
                "notification_profile:production_critical",
                "pages:false",
                "priority:p4",
                "team:infrastructure-engineering"
              ]
            },
            "id": "fc6b9f5f-4f60-4b4f-9e94-b5d2de966191",
            "name": "route-production_critical-P4-nopage-infrastructure-engineering",
            "recipients": [
              "teams-teams-infra-signals"
            ]
          },
          "sensitive_attributes": []
        },
        {
          "index_key": "production_critical.P4.false.observability-platform",
          "schema_version": 0,
          "attributes": {
            "conditional_recipients": null,
            "filter": {
              "scope": null,
              "tags": [
                "managed_by:terraform",
                "notification_profile:production_critical",
                "pages:false",
                "priority:p4",
                "team:observability-platform"
              ]
            },
            "id": "d3fc87b3-1168-4358-b352-c7ed6b9aecaf",
            "name": "route-production_critical-P4-nopage-observability-platform",
            "recipients": [
              "teams-teams-o11y-signals"
            ]
          },
          "sensitive_attributes": []
        },
        {
          "index_key": "production_critical.P4.false.security",
          "schema_version": 0,
          "attributes": {
            "conditional_recipients": null,
            "filter": {
              "scope": null,
              "tags": [
                "managed_by:terraform",
                "notification_profile:production_critical",
                "pages:false",
                "priority:p4",
                "team:security"
              ]
            },
            "id": "7476d5a0-27fd-49e3-b805-5c7f1ec3d32e",
            "name": "route-production_critical-P4-nopage-security",
            "recipients": [
              "teams-teams-security-signals"
            ]
          },
          "sensitive_attributes": []
        },
        {
          "index_key": "production_critical.P4.false.sre",
          "schema_version": 0,
          "attributes": {
            "conditional_recipients": null,
            "filter": {
              "scope": null,
              "tags": [
                "managed_by:terraform",
                "notification_profile:production_critical",
                "pages:false",
                "priority:p4",
                "team:sre"
              ]
            },
            "id": "989a6e8d-88d2-4599-8c13-c4df45d39b64",
            "name": "route-production_critical-P4-nopage-sre",
            "recipients": [
              "teams-teams-sre-signals"
            ]
          },
          "sensitive_attributes": []
        },
        {
          "index_key": "production_standard.P1.false.application-development",
          "schema_version": 0,
          "attributes": {
            "conditional_recipients": null,
            "filter": {
              "scope": null,
              "tags": [
                "managed_by:terraform",
                "notification_profile:production_standard",
                "pages:false",
                "priority:p1",
                "team:application-development"
              ]
            },
            "id": "b643f6a3-bd7f-4d9a-b7f5-e6626fe58583",
            "name": "route-production_standard-P1-nopage-application-development",
            "recipients": [
              "servicenow-acme-incident-p2",
              "teams-teams-appdev-alerts"
            ]
          },
          "sensitive_attributes": []
        },
        {
          "index_key": "production_standard.P1.false.cloud-engineering",
          "schema_version": 0,
          "attributes": {
            "conditional_recipients": null,
            "filter": {
              "scope": null,
              "tags": [
                "managed_by:terraform",
                "notification_profile:production_standard",
                "pages:false",
                "priority:p1",
                "team:cloud-engineering"
              ]
            },
            "id": "03e5b0ee-0396-4251-b330-3610406dfcd9",
            "name": "route-production_standard-P1-nopage-cloud-engineering",
            "recipients": [
              "servicenow-acme-incident-p2",
              "teams-teams-cloud-alerts"
            ]
          },
          "sensitive_attributes": []
        },
        {
          "index_key": "production_standard.P1.false.data-engineering",
          "schema_version": 0,
          "attributes": {
            "conditional_recipients": null,
            "filter": {
              "scope": null,
              "tags": [
                "managed_by:terraform",
                "notification_profile:production_standard",
                "pages:false",
                "priority:p1",
                "team:data-engineering"
              ]
            },
            "id": "379cdfdf-33f6-47b3-a84e-4b61bbf72502",
            "name": "route-production_standard-P1-nopage-data-engineering",
            "recipients": [
              "servicenow-acme-incident-p2",
              "teams-teams-data-alerts"
            ]
          },
          "sensitive_attributes": []
        },
        {
          "index_key": "production_standard.P1.false.infrastructure-engineering",
          "schema_version": 0,
          "attributes": {
            "conditional_recipients": null,
            "filter": {
              "scope": null,
              "tags": [
                "managed_by:terraform",
                "notification_profile:production_standard",
                "pages:false",
                "priority:p1",
                "team:infrastructure-engineering"
              ]
            },
            "id": "ca1784ba-1934-433c-841d-eed9f113b1fd",
            "name": "route-production_standard-P1-nopage-infrastructure-engineering",
            "recipients": [
              "servicenow-acme-incident-p2",
              "teams-teams-infra-alerts"
            ]
          },
          "sensitive_attributes": []
        },
        {
          "index_key": "production_standard.P1.false.observability-platform",
          "schema_version": 0,
          "attributes": {
            "conditional_recipients": null,
            "filter": {
              "scope": null,
              "tags": [
                "managed_by:terraform",
                "notification_profile:production_standard",
                "pages:false",
                "priority:p1",
                "team:observability-platform"
              ]
            },
            "id": "a51890d5-d640-468d-8364-608f4c05c5db",
            "name": "route-production_standard-P1-nopage-observability-platform",
            "recipients": [
              "servicenow-acme-incident-p2",
              "teams-teams-o11y-alerts"
            ]
          },
          "sensitive_attributes": []
        },
        {
          "index_key": "production_standard.P1.false.security",
          "schema_version": 0,
          "attributes": {
            "conditional_recipients": null,
            "filter": {
              "scope": null,
              "tags": [
                "managed_by:terraform",
                "notification_profile:production_standard",
                "pages:false",
                "priority:p1",
                "team:security"
              ]
            },
            "id": "8ad1b6fe-67c7-43cb-be14-33efbbd82018",
            "name": "route-production_standard-P1-nopage-security",
            "recipients": [
              "servicenow-acme-incident-p2",
              "teams-teams-security-alerts"
            ]
          },
          "sensitive_attributes": []
        },
        {
          "index_key": "production_standard.P1.false.sre",
          "schema_version": 0,
          "attributes": {
            "conditional_recipients": null,
            "filter": {
              "scope": null,
              "tags": [
                "managed_by:terraform",
                "notification_profile:production_standard",
                "pages:false",
                "priority:p1",
                "team:sre"
              ]
            },
            "id": "e5eab94f-c3d1-4fd7-a890-996251b1bc11",
            "name": "route-production_standard-P1-nopage-sre",
            "recipients": [
              "servicenow-acme-incident-p2",
              "teams-teams-sre-alerts"
            ]
          },
          "sensitive_attributes": []
        },
        {
          "index_key": "production_standard.P2.false.application-development",
          "schema_version": 0,
          "attributes": {
            "conditional_recipients": null,
            "filter": {
              "scope": null,
              "tags": [
                "managed_by:terraform",
                "notification_profile:production_standard",
                "pages:false",
                "priority:p2",
                "team:application-development"
              ]
            },
            "id": "21c7cee9-8e6b-4f55-b023-5b02dc5ae790",
            "name": "route-production_standard-P2-nopage-application-development",
            "recipients": [
              "servicenow-acme-incident-p2",
              "teams-teams-appdev-alerts"
            ]
          },
          "sensitive_attributes": []
        },
        {
          "index_key": "production_standard.P2.false.cloud-engineering",
          "schema_version": 0,
          "attributes": {
            "conditional_recipients": null,
            "filter": {
              "scope": null,
              "tags": [
                "managed_by:terraform",
                "notification_profile:production_standard",
                "pages:false",
                "priority:p2",
                "team:cloud-engineering"
              ]
            },
            "id": "eb3dbe31-66d4-410b-a927-0b91bd3b7614",
            "name": "route-production_standard-P2-nopage-cloud-engineering",
            "recipients": [
              "servicenow-acme-incident-p2",
              "teams-teams-cloud-alerts"
            ]
          },
          "sensitive_attributes": []
        },
        {
          "index_key": "production_standard.P2.false.data-engineering",
          "schema_version": 0,
          "attributes": {
            "conditional_recipients": null,
            "filter": {
              "scope": null,
              "tags": [
                "managed_by:terraform",
                "notification_profile:production_standard",
                "pages:false",
                "priority:p2",
                "team:data-engineering"
              ]
            },
            "id": "74ba07e3-f6aa-4edd-b1a2-1daf0d36507f",
            "name": "route-production_standard-P2-nopage-data-engineering",
            "recipients": [
              "servicenow-acme-incident-p2",
              "teams-teams-data-alerts"
            ]
          },
          "sensitive_attributes": []
        },
        {
          "index_key": "production_standard.P2.false.infrastructure-engineering",
          "schema_version": 0,
          "attributes": {
            "conditional_recipients": null,
            "filter": {
              "scope": null,
              "tags": [
                "managed_by:terraform",
                "notification_profile:production_standard",
                "pages:false",
                "priority:p2",
                "team:infrastructure-engineering"
              ]
            },
            "id": "9d51a0f5-6b2e-4786-8d1c-c874d5e7bfee",
            "name": "route-production_standard-P2-nopage-infrastructure-engineering",
            "recipients": [
              "servicenow-acme-incident-p2",
              "teams-teams-infra-alerts"
            ]
          },
          "sensitive_attributes": []
        },
        {
          "index_key": "production_standard.P2.false.observability-platform",
          "schema_version": 0,
          "attributes": {
            "conditional_recipients": null,
            "filter": {
              "scope": null,
              "tags": [
                "managed_by:terraform",
                "notification_profile:production_standard",
                "pages:false",
                "priority:p2",
                "team:observability-platform"
              ]
            },
            "id": "7974e393-e0f0-4176-aa10-c4eb0dfdbac5",
            "name": "route-production_standard-P2-nopage-observability-platform",
            "recipients": [
              "servicenow-acme-incident-p2",
              "teams-teams-o11y-alerts"
            ]
          },
          "sensitive_attributes": []
        },
        {
          "index_key": "production_standard.P2.false.security",
          "schema_version": 0,
          "attributes": {
            "conditional_recipients": null,
            "filter": {
              "scope": null,
              "tags": [
                "managed_by:terraform",
                "notification_profile:production_standard",
                "pages:false",
                "priority:p2",
                "team:security"
              ]
            },
            "id": "e4de3f47-4191-48ab-8a77-29f89808423e",
            "name": "route-production_standard-P2-nopage-security",
            "recipients": [
              "servicenow-acme-incident-p2",
              "teams-teams-security-alerts"
            ]
          },
          "sensitive_attributes": []
        },
        {
          "index_key": "production_standard.P2.false.sre",
          "schema_version": 0,
          "attributes": {
            "conditional_recipients": null,
            "filter": {
              "scope": null,
              "tags": [
                "managed_by:terraform",
                "notification_profile:production_standard",
                "pages:false",
                "priority:p2",
                "team:sre"
              ]
            },
            "id": "2f2eedd1-6c79-481e-9b44-ac2297ddcca5",
            "name": "route-production_standard-P2-nopage-sre",
            "recipients": [
              "servicenow-acme-incident-p2",
              "teams-teams-sre-alerts"
            ]
          },
          "sensitive_attributes": []
        },
        {
          "index_key": "production_standard.P3.false.application-development",
          "schema_version": 0,
          "attributes": {
            "conditional_recipients": null,
            "filter": {
              "scope": null,
              "tags": [
                "managed_by:terraform",
                "notification_profile:production_standard",
                "pages:false",
                "priority:p3",
                "team:application-development"
              ]
            },
            "id": "72ba42f6-95ff-4b64-960e-ee226289b17e",
            "name": "route-production_standard-P3-nopage-application-development",
            "recipients": [
              "servicenow-acme-task",
              "teams-teams-appdev-alerts"
            ]
          },
          "sensitive_attributes": []
        },
        {
          "index_key": "production_standard.P3.false.cloud-engineering",
          "schema_version": 0,
          "attributes": {
            "conditional_recipients": null,
            "filter": {
              "scope": null,
              "tags": [
                "managed_by:terraform",
                "notification_profile:production_standard",
                "pages:false",
                "priority:p3",
                "team:cloud-engineering"
              ]
            },
            "id": "b083b024-74fa-4c8b-a05b-1481f25bf5b2",
            "name": "route-production_standard-P3-nopage-cloud-engineering",
            "recipients": [
              "servicenow-acme-task",
              "teams-teams-cloud-alerts"
            ]
          },
          "sensitive_attributes": []
        },
        {
          "index_key": "production_standard.P3.false.data-engineering",
          "schema_version": 0,
          "attributes": {
            "conditional_recipients": null,
            "filter": {
              "scope": null,
              "tags": [
                "managed_by:terraform",
                "notification_profile:production_standard",
                "pages:false",
                "priority:p3",
                "team:data-engineering"
              ]
            },
            "id": "ec32f3b0-46b4-47ae-9d8e-9fe09468851b",
            "name": "route-production_standard-P3-nopage-data-engineering",
            "recipients": [
              "servicenow-acme-task",
              "teams-teams-data-alerts"
            ]
          },
          "sensitive_attributes": []
        },
        {
          "index_key": "production_standard.P3.false.infrastructure-engineering",
          "schema_version": 0,
          "attributes": {
            "conditional_recipients": null,
            "filter": {
              "scope": null,
              "tags": [
                "managed_by:terraform",
                "notification_profile:production_standard",
                "pages:false",
                "priority:p3",
                "team:infrastructure-engineering"
              ]
            },
            "id": "138bc3ab-3a6f-43c3-8e78-0336978f45dd",
            "name": "route-production_standard-P3-nopage-infrastructure-engineering",
            "recipients": [
              "servicenow-acme-task",
              "teams-teams-infra-alerts"
            ]
          },
          "sensitive_attributes": []
        },
        {
          "index_key": "production_standard.P3.false.observability-platform",
          "schema_version": 0,
          "attributes": {
            "conditional_recipients": null,
            "filter": {
              "scope": null,
              "tags": [
                "managed_by:terraform",
                "notification_profile:production_standard",
                "pages:false",
                "priority:p3",
                "team:observability-platform"
              ]
            },
            "id": "1869b098-d37c-493a-84a1-40b7e88fd66c",
            "name": "route-production_standard-P3-nopage-observability-platform",
            "recipients": [
              "servicenow-acme-task",
              "teams-teams-o11y-alerts"
            ]
          },
          "sensitive_attributes": []
        },
        {
          "index_key": "production_standard.P3.false.security",
          "schema_version": 0,
          "attributes": {
            "conditional_recipients": null,
            "filter": {
              "scope": null,
              "tags": [
                "managed_by:terraform",
                "notification_profile:production_standard",
                "pages:false",
                "priority:p3",
                "team:security"
              ]
            },
            "id": "60682e4a-eea6-48b0-a082-c76a724af213",
            "name": "route-production_standard-P3-nopage-security",
            "recipients": [
              "servicenow-acme-task",
              "teams-teams-security-alerts"
            ]
          },
          "sensitive_attributes": []
        },
        {
          "index_key": "production_standard.P3.false.sre",
          "schema_version": 0,
          "attributes": {
            "conditional_recipients": null,
            "filter": {
              "scope": null,
              "tags": [
                "managed_by:terraform",
                "notification_profile:production_standard",
                "pages:false",
                "priority:p3",
                "team:sre"
              ]
            },
            "id": "17e811ef-ded9-4719-8ef7-e316d881022f",
            "name": "route-production_standard-P3-nopage-sre",
            "recipients": [
              "servicenow-acme-task",
              "teams-teams-sre-alerts"
            ]
          },
          "sensitive_attributes": []
        },
        {
          "index_key": "production_standard.P4.false.application-development",
          "schema_version": 0,
          "attributes": {
            "conditional_recipients": null,
            "filter": {
              "scope": null,
              "tags": [
                "managed_by:terraform",
                "notification_profile:production_standard",
                "pages:false",
                "priority:p4",
                "team:application-development"
              ]
            },
            "id": "4b8bae60-7ed9-4aab-850f-8d1e0effb038",
            "name": "route-production_standard-P4-nopage-application-development",
            "recipients": [
              "teams-teams-appdev-signals"
            ]
          },
          "sensitive_attributes": []
        },
        {
          "index_key": "production_standard.P4.false.cloud-engineering",
          "schema_version": 0,
          "attributes": {
            "conditional_recipients": null,
            "filter": {
              "scope": null,
              "tags": [
                "managed_by:terraform",
                "notification_profile:production_standard",
                "pages:false",
                "priority:p4",
                "team:cloud-engineering"
              ]
            },
            "id": "f91e4456-24c7-4ddf-afde-d914395cd863",
            "name": "route-production_standard-P4-nopage-cloud-engineering",
            "recipients": [
              "teams-teams-cloud-signals"
            ]
          },
          "sensitive_attributes": []
        },
        {
          "index_key": "production_standard.P4.false.data-engineering",
          "schema_version": 0,
          "attributes": {
            "conditional_recipients": null,
            "filter": {
              "scope": null,
              "tags": [
                "managed_by:terraform",
                "notification_profile:production_standard",
                "pages:false",
                "priority:p4",
                "team:data-engineering"
              ]
            },
            "id": "e5528425-c82e-4b78-bf2d-56fe66921f0a",
            "name": "route-production_standard-P4-nopage-data-engineering",
            "recipients": [
              "teams-teams-data-signals"
            ]
          },
          "sensitive_attributes": []
        },
        {
          "index_key": "production_standard.P4.false.infrastructure-engineering",
          "schema_version": 0,
          "attributes": {
            "conditional_recipients": null,
            "filter": {
              "scope": null,
              "tags": [
                "managed_by:terraform",
                "notification_profile:production_standard",
                "pages:false",
                "priority:p4",
                "team:infrastructure-engineering"
              ]
            },
            "id": "29ab1a89-1e16-4af5-b8d6-2784a5933399",
            "name": "route-production_standard-P4-nopage-infrastructure-engineering",
            "recipients": [
              "teams-teams-infra-signals"
            ]
          },
          "sensitive_attributes": []
        },
        {
          "index_key": "production_standard.P4.false.observability-platform",
          "schema_version": 0,
          "attributes": {
            "conditional_recipients": null,
            "filter": {
              "scope": null,
              "tags": [
                "managed_by:terraform",
                "notification_profile:production_standard",
                "pages:false",
                "priority:p4",
                "team:observability-platform"
              ]
            },
            "id": "f9fd86ba-61e3-410d-90d7-d007e3f93f89",
            "name": "route-production_standard-P4-nopage-observability-platform",
            "recipients": [
              "teams-teams-o11y-signals"
            ]
          },
          "sensitive_attributes": []
        },
        {
          "index_key": "production_standard.P4.false.security",
          "schema_version": 0,
          "attributes": {
            "conditional_recipients": null,
            "filter": {
              "scope": null,
              "tags": [
                "managed_by:terraform",
                "notification_profile:production_standard",
                "pages:false",
                "priority:p4",
                "team:security"
              ]
            },
            "id": "3149084e-57f1-4132-a177-5f8f5bb2d4db",
            "name": "route-production_standard-P4-nopage-security",
            "recipients": [
              "teams-teams-security-signals"
            ]
          },
          "sensitive_attributes": []
        },
        {
          "index_key": "production_standard.P4.false.sre",
          "schema_version": 0,
          "attributes": {
            "conditional_recipients": null,
            "filter": {
              "scope": null,
              "tags": [
                "managed_by:terraform",
                "notification_profile:production_standard",
                "pages:false",
                "priority:p4",
                "team:sre"
              ]
            },
            "id": "df36be7b-76cc-4094-bf6e-4a5cfd0c9a23",
            "name": "route-production_standard-P4-nopage-sre",
            "recipients": [
              "teams-teams-sre-signals"
            ]
          },
          "sensitive_attributes": []
        },
        {
          "index_key": "security_operational.P1.false.security",
          "schema_version": 0,
          "attributes": {
            "conditional_recipients": null,
            "filter": {
              "scope": null,
              "tags": [
                "managed_by:terraform",
                "notification_profile:security_operational",
                "pages:false",
                "priority:p1",
                "team:security"
              ]
            },
            "id": "cf3e9f03-1fb7-47d0-8bab-180f9c0096fc",
            "name": "route-security_operational-P1-nopage-security",
            "recipients": [
              "servicenow-acme-incident-p1",
              "teams-major-incident",
              "teams-teams-security-alerts"
            ]
          },
          "sensitive_attributes": []
        },
        {
          "index_key": "security_operational.P1.true.security",
          "schema_version": 0,
          "attributes": {
            "conditional_recipients": null,
            "filter": {
              "scope": null,
              "tags": [
                "managed_by:terraform",
                "notification_profile:security_operational",
                "pages:true",
                "priority:p1",
                "team:security"
              ]
            },
            "id": "633641ad-35ad-48a7-930d-2c105d09ca96",
            "name": "route-security_operational-P1-page-security",
            "recipients": [
              "oncall-security",
              "servicenow-acme-incident-p1",
              "teams-major-incident",
              "teams-teams-security-alerts"
            ]
          },
          "sensitive_attributes": []
        },
        {
          "index_key": "security_operational.P2.false.security",
          "schema_version": 0,
          "attributes": {
            "conditional_recipients": null,
            "filter": {
              "scope": null,
              "tags": [
                "managed_by:terraform",
                "notification_profile:security_operational",
                "pages:false",
                "priority:p2",
                "team:security"
              ]
            },
            "id": "a555d91b-cd73-4df9-99d0-9c86d01308bd",
            "name": "route-security_operational-P2-nopage-security",
            "recipients": [
              "servicenow-acme-incident-p2",
              "teams-teams-security-alerts"
            ]
          },
          "sensitive_attributes": []
        },
        {
          "index_key": "security_operational.P2.true.security",
          "schema_version": 0,
          "attributes": {
            "conditional_recipients": null,
            "filter": {
              "scope": null,
              "tags": [
                "managed_by:terraform",
                "notification_profile:security_operational",
                "pages:true",
                "priority:p2",
                "team:security"
              ]
            },
            "id": "d52e7229-9eb3-47da-976d-881318eecd63",
            "name": "route-security_operational-P2-page-security",
            "recipients": [
              "oncall-security",
              "servicenow-acme-incident-p2",
              "teams-teams-security-alerts"
            ]
          },
          "sensitive_attributes": []
        },
        {
          "index_key": "security_operational.P3.false.security",
          "schema_version": 0,
          "attributes": {
            "conditional_recipients": null,
            "filter": {
              "scope": null,
              "tags": [
                "managed_by:terraform",
                "notification_profile:security_operational",
                "pages:false",
                "priority:p3",
                "team:security"
              ]
            },
            "id": "b31144ce-c266-4716-b078-2d68074e2f32",
            "name": "route-security_operational-P3-nopage-security",
            "recipients": [
              "servicenow-acme-task",
              "teams-teams-security-alerts"
            ]
          },
          "sensitive_attributes": []
        },
        {
          "index_key": "security_operational.P4.false.security",
          "schema_version": 0,
          "attributes": {
            "conditional_recipients": null,
            "filter": {
              "scope": null,
              "tags": [
                "managed_by:terraform",
                "notification_profile:security_operational",
                "pages:false",
                "priority:p4",
                "team:security"
              ]
            },
            "id": "72001f57-8226-4bdb-8640-32c76137fad6",
            "name": "route-security_operational-P4-nopage-security",
            "recipients": [
              "teams-teams-security-signals"
            ]
          },
          "sensitive_attributes": []
        }
      ]
    },
    {
      "module": "module.rbac[0]",
      "mode": "data",
      "type": "datadog_permissions",
      "name": "all",
      "provider": "provider[\"registry.terraform.io/datadog/datadog\"]",
      "instances": [
        {
          "schema_version": 0,
          "attributes": {
            "id": "datadog-permissions",
            "include_restricted": false,
            "permissions": {
              "actions_interface_run": "05a700c8-568d-11f0-a121-da7ad0900002",
              "admin": "984a2bd4-d3b4-11e8-a1ff-a7f660d43029",
              "agent_builder_external_mcp_resolve": "3fdb1340-5094-11f1-afa1-da7ad0900002",
              "agent_builder_external_mcp_write": "3fd370f4-5094-11f1-afa0-da7ad0900002",
              "agent_builder_read": "8e2764d8-f246-11f0-a91e-da7ad0900002",
              "agent_builder_run": "8e281e5a-f246-11f0-a920-da7ad0900002",
              "agent_builder_write": "8e281d1a-f246-11f0-a91f-da7ad0900002",
              "agent_flare_collection": "6c5c79b2-21a4-11ee-99ee-da7ad0900002",
              "agent_upgrade_write": "ce892b8a-00ce-11ef-8fca-da7ad0900002",
              "ai_guard_evaluate": "3a7d4b62-5cfb-11f0-b5fb-da7ad0900002",
              "ai_guard_view": "7879eade-350d-11f1-972d-da7ad0900002",
              "ai_guard_write": "787a1c98-350d-11f1-972e-da7ad0900002",
              "api_keys_delete": "7850e390-20da-11ee-bed6-da7ad0900002",
              "api_keys_read": "372896c4-f923-11ea-adbc-4fecd107156d",
              "api_keys_write": "3e4d4d28-f923-11ea-adbc-e3565938c12e",
              "apm_apdex_manage_write": "53950c54-2dce-11eb-84c0-a79ae108f6f8",
              "apm_api_catalog_read": "bdda0cea-c1f0-11ee-b427-da7ad0900002",
              "apm_api_catalog_write": "bdda759a-c1f0-11ee-b428-da7ad0900002",
              "apm_generate_metrics": "26c79920-1703-11ec-85d2-da7ad0900002",
              "apm_pipelines_read": "8e4d6b6e-5750-11ec-a9f4-da7ad0900002",
              "apm_pipelines_write": "020a563c-56a4-11ec-a982-da7ad0900002",
              "apm_primary_operation_write": "61765026-2dce-11eb-84c0-833e230d1b8f",
              "apm_recommendations_notification_rules_read": "a1f40ec6-2171-11f1-80f0-da7ad0900002",
              "apm_recommendations_notification_rules_write": "a1f42a5a-2171-11f1-80f1-da7ad0900002",
              "apm_remote_configuration_read": "77d55a44-7a5a-11ed-8abe-da7ad0900002",
              "apm_remote_configuration_write": "77d5f45e-7a5a-11ed-8abf-da7ad0900002",
              "apm_retention_filter_read": "43fa188e-2dce-11eb-84c0-835ad1fd6287",
              "apm_retention_filter_write": "465cfe66-2dce-11eb-84c0-6baa888239fa",
              "apm_service_catalog_read": "ee68fba8-173a-11ed-b00b-da7ad0900002",
              "apm_service_catalog_write": "ee68fba9-173a-11ed-b00b-da7ad0900002",
              "apm_service_ingest_read": "4916eebe-2dce-11eb-84c0-271cb2c672e8",
              "apm_service_ingest_write": "4e3f02b4-2dce-11eb-84c0-2fca946a6efc",
              "apm_service_renaming_write": "cccaeb6e-a54e-11f0-aeb1-da7ad0900002",
              "apm_tag_management_write": "5cbe5f9c-2dce-11eb-84c0-872d3e9f1076",
              "apm_workload_selection_read": "d0bdfc22-b8e8-11f0-808d-da7ad0900002",
              "apm_workload_selection_write": "d0bea0a0-b8e8-11f0-808e-da7ad0900002",
              "apps_datastore_manage": "bf4407e6-60ad-11ef-83c3-da7ad0900002",
              "apps_datastore_read": "bf446b0a-60ad-11ef-83c4-da7ad0900002",
              "apps_datastore_write": "bf446e2a-60ad-11ef-83c5-da7ad0900002",
              "apps_form_manage": "3472ea30-7c6b-11f0-a2d5-da7ad0900002",
              "apps_form_read": "34724c9c-7c6b-11f0-a2d4-da7ad0900002",
              "apps_run": "99474cc2-5a12-11ed-b547-da7ad0900002",
              "apps_write": "9948271e-5a12-11ed-b548-da7ad0900002",
              "appsec_activation_read": "4ee5731c-55d9-11ed-b10b-da7ad0900002",
              "appsec_activation_write": "4ee60688-55d9-11ed-b10c-da7ad0900002",
              "appsec_event_rule_read": "97971c1c-e895-11eb-b13c-da7ad0900002",
              "appsec_event_rule_write": "97971c1d-e895-11eb-b13c-da7ad0900002",
              "appsec_protect_read": "4ee674f6-55d9-11ed-b10d-da7ad0900002",
              "appsec_protect_write": "4ee7e46c-55d9-11ed-b10e-da7ad0900002",
              "appsec_vm_write": "b1ad77e6-0949-11ee-b2c3-da7ad0900002",
              "assistant_access": "3ccb51b0-8f47-11f0-81a8-da7ad0900002",
              "audience_management_read": "bccba216-cd37-11ef-b636-da7ad0900002",
              "audience_management_write": "bccc2ee8-cd37-11ef-b637-da7ad0900002",
              "audit_logs_read": "2fbdac76-f923-11ea-adbc-07f3823e2b43",
              "audit_logs_write": "04bc1cf2-340a-11eb-873a-43b973c760dd",
              "aws_configuration_edit": "e2310daa-08a9-11ef-8653-da7ad0900002",
              "aws_configuration_read": "f5f4e8fc-0197-11ef-be21-da7ad0900002",
              "aws_configurations_manage": "7b1f5086-c59e-11ec-aa32-da7ad0900002",
              "azure_configuration_edit": "e23194fa-08a9-11ef-8654-da7ad0900002",
              "azure_configuration_read": "f5f4e9a6-0197-11ef-be22-da7ad0900002",
              "azure_configurations_manage": "7b1f5088-c59e-11ec-aa32-da7ad0900002",
              "billing_edit": "46a301e0-ec5c-11ea-aa9f-6ba6cc675d8c",
              "billing_read": "46a301df-ec5c-11ea-aa9f-970a9ae645e5",
              "bits_dev_write": "ed0d4e16-0134-11f1-8520-da7ad0900002",
              "bits_investigations_read": "9727b526-2530-11f0-aa8f-da7ad0900002",
              "bits_investigations_write": "e285c44a-8381-11f0-93b6-da7ad0900002",
              "bits_security_analyst_config_write": "e2bcf0ac-d9fb-11f0-830e-da7ad0900002",
              "bits_security_analyst_write": "e2bce80a-d9fb-11f0-830d-da7ad0900002",
              "cases_read": "8247acc4-7a4c-11ed-958f-da7ad0900002",
              "cases_shared_settings_write": "80f0e58e-4bb4-11f0-af97-da7ad0900002",
              "cases_write": "824851a6-7a4c-11ed-9590-da7ad0900002",
              "ccm_budget_write": "d6e5883a-426e-11f1-a9cd-da7ad0900002",
              "ccm_forecast_write": "d6e65364-426e-11f1-a9ce-da7ad0900002",
              "ci_ingestion_control_write": "35dd33ea-ca2e-11ed-bca0-da7ad0900002",
              "ci_provider_settings_write": "6c59ae72-7aff-11ed-a5cc-da7ad0900002",
              "ci_visibility_pipelines_write": "61f9891a-0070-11ee-9c3f-da7ad0900002",
              "ci_visibility_settings_write": "6c5b7428-7aff-11ed-a5ce-da7ad0900002",
              "ci_visibility_write": "6c5c1090-7aff-11ed-a5cf-da7ad0900002",
              "client_tokens_read": "4e61a95e-de98-11ed-aa23-da7ad0900002",
              "client_tokens_write": "4e61ea18-de98-11ed-aa24-da7ad0900002",
              "cloud_cost_management_read": "a773e3d8-fff2-11ed-965c-da7ad0900002",
              "cloud_cost_management_write": "a77452c8-fff2-11ed-965d-da7ad0900002",
              "cloudcraft_read": "722ecc08-036d-11f0-8484-da7ad0900002",
              "code_analysis_read": "ce67705a-5419-11ef-8c73-da7ad0900002",
              "code_coverage_read": "e540c5c8-3a65-11f0-8690-da7ad0900002",
              "connection_groups_read": "bdc2acbe-7c1f-11ef-b362-da7ad0900002",
              "connection_groups_write": "503d01ea-751b-11ef-85ac-da7ad0900002",
              "connections_read": "f6e917a6-8502-11ec-bf20-da7ad0900002",
              "connections_resolve": "36e2a22e-248a-11ed-b405-da7ad0900002",
              "connections_write": "f6e917a7-8502-11ec-bf20-da7ad0900002",
              "containers_generate_image_metrics": "27b95c32-ccf1-11ee-ae65-da7ad0900002",
              "continuous_profiler_pgo_read": "f5f475d4-0197-11ef-be1f-da7ad0900002",
              "continuous_profiler_read": "c13a2368-7d61-11ed-b5b7-da7ad0900002",
              "coterm_read": "a2869476-f611-11ef-850d-da7ad0900002",
              "coterm_write": "a2862964-f611-11ef-850c-da7ad0900002",
              "dashboards_embed_share": "5bc15422-b732-11ef-b2f1-da7ad0900002",
              "dashboards_invite_share": "5bc0cdea-b732-11ef-b2f0-da7ad0900002",
              "dashboards_public_share": "d90f6832-d3d8-11e9-a77a-bf8a2607f864",
              "dashboards_write": "d90f6831-d3d8-11e9-a77a-4fd230ddbc6a",
              "data_observability_catalog_write": "0137b832-2957-11f1-a9f8-da7ad0900002",
              "data_scanner_read": "bf0dcf7c-90af-11eb-9b82-da7ad0900002",
              "data_scanner_unmask": "0b32e638-7a0f-11f0-bc08-da7ad0900002",
              "data_scanner_write": "bf0dcf7d-90af-11eb-9b82-da7ad0900002",
              "data_streams_kafka_produce_message": "9c47f25a-1396-11f1-9f65-da7ad0900002",
              "data_streams_monitoring_capture_messages": "fb232b90-fb79-11ef-82a0-da7ad0900002",
              "dbm_parameterized_queries_read": "942678c0-a867-11f0-9fda-da7ad0900002",
              "dbm_read": "92b11e72-9012-11f0-9b95-da7ad0900002",
              "ddsql_editor_read": "bc3f9ed4-8a3d-11ef-b5a4-da7ad0900002",
              "debugger_capture_variables": "7c7836fc-6f6e-11ee-8cdd-da7ad0900002",
              "debugger_read": "edfd5e75-801f-11eb-96d8-da7ad0900002",
              "debugger_write": "edfd5e74-801f-11eb-96d8-da7ad0900002",
              "debugger_write_pre_prod": "93678f08-8447-11f0-92ea-da7ad0900002",
              "disaster_recovery_status_read": "a8c986a6-989a-11ef-873e-da7ad0900002",
              "disaster_recovery_status_write": "a8ca1fda-989a-11ef-873f-da7ad0900002",
              "dora_metrics_read": "c6d32708-df47-11ef-abf3-da7ad0900002",
              "dora_metrics_write": "fef64526-7dfc-11f0-a6c0-da7ad0900002",
              "dora_settings_write": "ca06b2b4-f5cd-11ee-9e77-da7ad0900002",
              "embeddable_graphs_share": "5bc15562-b732-11ef-b2f2-da7ad0900002",
              "error_tracking_exclusion_filters_write": "10091e90-984b-11ee-9b68-da7ad0900002",
              "error_tracking_read": "c6d3a3e0-df47-11ef-abf4-da7ad0900002",
              "error_tracking_settings_write": "10098bc8-984b-11ee-9b69-da7ad0900002",
              "error_tracking_write": "36bf3d0a-ccc0-11ed-9453-da7ad0900002",
              "event_config_write": "8352cf04-f6ac-11ed-9ec7-da7ad0900002",
              "event_correlation_config_read": "a4316eb8-f438-11ed-8af2-da7ad0900002",
              "event_correlation_config_write": "a431bf12-f438-11ed-8af3-da7ad0900002",
              "events_write_pipelines": "c8a95a3a-1e4c-11f1-b087-da7ad0900002",
              "events_write_processors": "c8a9f4ea-1e4c-11f1-b088-da7ad0900002",
              "execution_groups_read": "d835fb20-31ed-11f1-81dd-da7ad0900002",
              "execution_groups_write": "1737b666-2ecd-11f1-8ab6-da7ad0900002",
              "external_provider_status_notifications_read": "e2bc0cfa-d9fb-11f0-830b-da7ad0900002",
              "external_provider_status_notifications_write": "e2bcbfba-d9fb-11f0-830c-da7ad0900002",
              "facets_write": "1b8f54cc-2ca4-11ee-9e72-da7ad0900002",
              "feature_flag_approvals_override": "90c09ec0-dc44-11f0-b367-da7ad0900002",
              "feature_flag_config_read": "6fbec2f0-8e7f-11f0-be58-da7ad0900002",
              "feature_flag_config_write": "6fbe365a-8e7f-11f0-be57-da7ad0900002",
              "feature_flag_environment_config_read": "6fbeef64-8e7f-11f0-be5a-da7ad0900002",
              "feature_flag_environment_config_write": "6fbeee92-8e7f-11f0-be59-da7ad0900002",
              "fleet_policies_write": "2757c192-389a-11ef-b37c-da7ad0900002",
              "flex_logs_config_write": "cb5a53dc-13aa-11ef-9749-da7ad0900002",
              "gcp_configuration_edit": "e2319608-08a9-11ef-8655-da7ad0900002",
              "gcp_configuration_read": "f5f4ec44-0197-11ef-be23-da7ad0900002",
              "gcp_configurations_manage": "7b1f5087-c59e-11ec-aa32-da7ad0900002",
              "generate_ccm_report_schedules": "b7d5c544-5dc8-11f0-94bb-da7ad0900002",
              "generate_dashboard_reports": "6c87d3da-e5c5-11ec-b1d6-da7ad0900002",
              "generate_log_reports": "cdfb1760-118e-11f0-bc0c-da7ad0900002",
              "governance_console_read": "8c2cd864-716f-11f0-9eb9-da7ad0900002",
              "governance_console_write": "559980f6-ca55-11f0-8040-da7ad0900002",
              "guardrails_read": "7abf702c-5ebe-11f1-8df5-da7ad0900002",
              "guardrails_write": "7ac0825a-5ebe-11f1-8df6-da7ad0900002",
              "host_tags_write": "a51b375a-ff73-11ed-8c18-da7ad0900002",
              "incident_documents_write": "49e0e2fc-6115-11f1-82e9-da7ad0900002",
              "incident_notification_settings_read": "4dc3eec6-b468-11ed-8539-da7ad0900002",
              "incident_notification_settings_write": "4dc4094c-b468-11ed-853a-da7ad0900002",
              "incident_postmortems_write": "a63dd8aa-6063-11f1-a4ac-da7ad0900002",
              "incident_settings_read": "12efc20f-d36c-11eb-a9b8-da7ad0900002",
              "incident_settings_write": "12efc210-d36c-11eb-a9b8-da7ad0900002",
              "incident_write": "12efc211-d36c-11eb-a9b8-da7ad0900002",
              "incidents_private_global_access": "7a89ec40-8b69-11ec-812d-da7ad0900002",
              "infrastructure_resource_policies_read": "650d4174-ea6e-11f0-bbcc-da7ad0900002",
              "infrastructure_resource_policies_write": "650e0028-ea6e-11f0-bbcd-da7ad0900002",
              "integrations_api": "fcac2ad8-2843-11eb-8315-0fe47949d625",
              "integrations_read": "1b572396-ba15-11ee-9e19-da7ad0900002",
              "intelligent_test_runner_activation_write": "6c5d0892-7aff-11ed-a5d0-da7ad0900002",
              "intelligent_test_runner_settings_write": "6c5de654-7aff-11ed-a5d1-da7ad0900002",
              "live_debugger_read": "7b27d508-4d71-11f1-834c-da7ad0900002",
              "live_debugger_redaction_write": "e39ed286-68f0-11f1-9547-da7ad0900002",
              "live_debugger_write": "7b28c800-4d71-11f1-834d-da7ad0900002",
              "llm_observability_read": "8c3a9cde-0973-11ef-a2be-da7ad0900002",
              "llm_observability_write": "ad8b4c4a-5990-11ef-b34b-da7ad0900002",
              "logs_delete_data": "e35c06b0-966b-11ec-83c9-da7ad0900002",
              "logs_generate_metrics": "979df720-aed7-11e9-99c6-a7eb8373165a",
              "logs_live_tail": "6f66600e-dd12-11e8-9e55-7f30fbb45e73",
              "logs_modify_indexes": "62cc036c-dd12-11e8-9e54-db9995643092",
              "logs_read_archives": "b382b982-8535-11ea-93de-2bf1bdf20798",
              "logs_read_config": "8da487f0-d2af-11ef-91c8-da7ad0900002",
              "logs_read_data": "1af86ce4-7823-11ea-93dc-d7cad1b1c6cb",
              "logs_read_index_data": "5e605652-dd12-11e8-9e53-375565b8970e",
              "logs_read_workspaces": "6595b70a-b7fe-11ef-977d-da7ad0900002",
              "logs_write_archive_search": "32746ad6-433c-11f1-878d-da7ad0900002",
              "logs_write_archives": "87b00304-dd12-11e8-9e59-cbeb5f71f72f",
              "logs_write_exclusion_filters": "7d7c98ac-dd12-11e8-9e56-93700598622d",
              "logs_write_facets": "6ba32d22-0e1a-11eb-ba44-bf9a5aafaa39",
              "logs_write_forwarding_rules": "5b2c3e28-1761-11ed-b018-da7ad0900002",
              "logs_write_historical_view": "07c3c146-f7f8-11ea-acf6-0bd62b9ae60e",
              "logs_write_pipelines": "811ac4ca-dd12-11e8-9e57-676a7f0beef9",
              "logs_write_processors": "84aa3ae4-dd12-11e8-9e58-a373a514ccd0",
              "logs_write_workspaces": "6596753c-b7fe-11ef-977e-da7ad0900002",
              "manage_ccm_report_schedules": "b7d660bc-5dc8-11f0-94bc-da7ad0900002",
              "manage_integrations": "7b1f5089-c59e-11ec-aa32-da7ad0900002",
              "manage_log_reports": "cdfb9f64-118e-11f0-bc0d-da7ad0900002",
              "mcp_read": "42f0ed12-c57e-11f0-aeed-da7ad0900002",
              "mcp_write": "42f0457e-c57e-11f0-aeec-da7ad0900002",
              "metric_tags_write": "46a301e4-ec5c-11ea-aa9f-87282b3a50cc",
              "metrics_metadata_write": "cc8cd958-11eb-11ee-ade2-da7ad0900002",
              "monitor_config_policy_write": "4784b11c-f311-11ec-a5f5-da7ad0900002",
              "monitors_downtime": "4d87d5f8-d8b1-11e9-a77a-eb9c8350d04f",
              "monitors_write": "48ef71ea-d8b1-11e9-a77a-93f408470ad0",
              "ndm_device_config_read": "5d91ca96-9a46-11f0-9f77-da7ad0900002",
              "ndm_device_config_write": "a63cb614-6063-11f1-a4ab-da7ad0900002",
              "ndm_device_profiles_edit": "1d99b426-0ff9-11f0-9d19-da7ad0900002",
              "ndm_device_profiles_view": "1d993a28-0ff9-11f0-9d18-da7ad0900002",
              "ndm_device_tags_write": "9c6bdd74-2160-11f0-a4bd-da7ad0900002",
              "ndm_devices_read": "9c6b2fd2-2160-11f0-a4bc-da7ad0900002",
              "ndm_geomap_locations_write": "92b1b044-9012-11f0-9b96-da7ad0900002",
              "ndm_netflow_port_mappings_write": "263eff86-6925-11ee-acc0-da7ad0900002",
              "network_connections_read": "961ab99e-e813-11ef-8131-da7ad0900002",
              "network_health_insights_read": "3cb44eda-8db6-11f0-a663-da7ad0900002",
              "notebooks_write": "b6bf9ac7-9a59-11ec-8480-da7ad0900002",
              "observability_pipelines_capture_read": "5377e20c-6563-11ef-bd11-da7ad0900002",
              "observability_pipelines_capture_write": "53784710-6563-11ef-bd12-da7ad0900002",
              "observability_pipelines_delete": "6c5ce898-21a4-11ee-99ef-da7ad0900002",
              "observability_pipelines_deploy": "6c5ce992-21a4-11ee-99f0-da7ad0900002",
              "observability_pipelines_read": "945b3bb4-5884-11ec-aa6d-da7ad0900002",
              "observability_pipelines_write": "945b3bb5-5884-11ec-aa6d-da7ad0900002",
              "oci_configuration_edit": "e231ca6a-08a9-11ef-8656-da7ad0900002",
              "oci_configuration_read": "f5f4f068-0197-11ef-be24-da7ad0900002",
              "oci_configurations_manage": "f5f4d31c-0197-11ef-be20-da7ad0900002",
              "on_call_admin": "b5c5b3e0-30fa-11f0-8a0d-da7ad0900002",
              "on_call_page": "1c24b292-da90-11ef-910c-da7ad0900002",
              "on_call_read": "1c23f168-da90-11ef-910a-da7ad0900002",
              "on_call_respond": "66c075bc-e296-11ef-bba7-da7ad0900002",
              "on_call_write": "1c248fc4-da90-11ef-910b-da7ad0900002",
              "on_prem_runner_read": "50c173fc-e54d-11ee-bb23-da7ad0900002",
              "on_prem_runner_use": "50c1dd10-e54d-11ee-bb24-da7ad0900002",
              "on_prem_runner_write": "50c1e0b2-e54d-11ee-bb25-da7ad0900002",
              "orchestration_autoscaling_manage": "37236de4-34eb-11f0-9f9b-da7ad0900002",
              "orchestration_custom_resource_definitions_write": "27583ae6-389a-11ef-b37d-da7ad0900002",
              "orchestration_workload_scaling_read": "9c6bfe80-2160-11f0-a4be-da7ad0900002",
              "orchestration_workload_scaling_write": "ce67efb2-5419-11ef-8c74-da7ad0900002",
              "org_app_keys_read": "46a301db-ec5c-11ea-aa9f-2fe72193d60e",
              "org_app_keys_write": "46a301dc-ec5c-11ea-aa9f-13b33f8f46ea",
              "org_connections_read": "8079f2e6-2724-11ee-84eb-da7ad0900002",
              "org_connections_write": "807a82d8-2724-11ee-84ec-da7ad0900002",
              "org_group_read": "a1f33708-2171-11f1-80ee-da7ad0900002",
              "org_group_write": "a1f3f260-2171-11f1-80ef-da7ad0900002",
              "org_management": "7df222b6-a45c-11eb-a0af-da7ad0900002",
              "process_tags_read": "961a20c4-e813-11ef-812f-da7ad0900002",
              "process_tags_write": "961a9c48-e813-11ef-8130-da7ad0900002",
              "processes_generate_metrics": "785177a6-20da-11ee-bed7-da7ad0900002",
              "product_analytics_apps_write": "8f92d602-5086-11f0-b4dd-da7ad0900002",
              "product_analytics_certified_metrics_write": "5bfe5adc-0b6b-11f1-8883-da7ad0900002",
              "product_analytics_experiments_read": "5bfe448e-0b6b-11f1-887f-da7ad0900002",
              "product_analytics_experiments_write": "5bfe4560-0b6b-11f1-8880-da7ad0900002",
              "product_analytics_metrics_read": "5bfe4d1c-0b6b-11f1-8881-da7ad0900002",
              "product_analytics_metrics_write": "5bfe544c-0b6b-11f1-8882-da7ad0900002",
              "product_analytics_saved_widgets_read": "12d2d5f6-af7a-11f0-8e1f-da7ad0900002",
              "product_analytics_saved_widgets_write": "12d2defc-af7a-11f0-8e20-da7ad0900002",
              "product_analytics_settings_read": "5bfe1c0c-0b6b-11f1-887d-da7ad0900002",
              "product_analytics_settings_write": "5bfe27d8-0b6b-11f1-887e-da7ad0900002",
              "product_analytics_warehouse_model_write": "5bfe5b86-0b6b-11f1-8884-da7ad0900002",
              "product_dashboards_write": "0137c052-2957-11f1-a9fb-da7ad0900002",
              "quality_gate_rules_read": "1377d9e4-0ec7-11ee-aebc-da7ad0900002",
              "quality_gate_rules_write": "1377ff28-0ec7-11ee-aebd-da7ad0900002",
              "quality_gates_evaluations_read": "479d4934-79e2-11ef-98d5-da7ad0900002",
              "reference_tables_read": "3cf14194-2298-11ef-9d71-da7ad0900002",
              "reference_tables_write": "b1adb5da-0949-11ee-b2c4-da7ad0900002",
              "repo_info_read": "531cb514-4e13-11f0-917d-da7ad0900002",
              "repo_settings_write": "531cb848-4e13-11f0-917e-da7ad0900002",
              "rum_apps_write": "8106300a-54f7-11eb-8cbc-7781a434a67b",
              "rum_delete_data": "b1adb6e8-0949-11ee-b2c5-da7ad0900002",
              "rum_extend_retention": "a82d01ce-e228-11ee-870e-da7ad0900002",
              "rum_generate_metrics": "2108215e-b9b4-11ec-958e-da7ad0900002",
              "rum_playlist_write": "0efeff18-1cec-11ee-992d-da7ad0900002",
              "rum_retention_filters_read": "a91ee0ba-8184-11ef-ac5a-da7ad0900002",
              "rum_retention_filters_write": "a91f5112-8184-11ef-ac5b-da7ad0900002",
              "rum_session_replay_read": "7605ef25-f376-11eb-b90b-da7ad0900002",
              "rum_settings_write": "ebae5be2-9d16-11ef-9394-da7ad0900002",
              "saved_views_write": "f416b1ac-db3f-11ed-8027-da7ad0900002",
              "security_comments_read": "8baca0ba-a90e-11ef-b4c4-da7ad0900002",
              "security_comments_write": "8babfb74-a90e-11ef-b4c3-da7ad0900002",
              "security_monitoring_cws_agent_rules_actions": "824e509c-7c5c-11ef-ba38-da7ad0900002",
              "security_monitoring_cws_agent_rules_read": "f4473c60-4792-11ec-a27b-da7ad0900002",
              "security_monitoring_cws_agent_rules_write": "f4473c61-4792-11ec-a27b-da7ad0900002",
              "security_monitoring_datasets_read": "3cb4e7e6-8db6-11f0-a664-da7ad0900002",
              "security_monitoring_datasets_write": "3cb4eba6-8db6-11f0-a665-da7ad0900002",
              "security_monitoring_filters_read": "98b984f4-b16d-11eb-a2c6-da7ad0900002",
              "security_monitoring_filters_write": "98b984f5-b16d-11eb-a2c6-da7ad0900002",
              "security_monitoring_findings_read": "ca6bfb3a-b44f-11ed-adb2-da7ad0900002",
              "security_monitoring_findings_write": "3a48350c-f9bc-11ed-b81c-da7ad0900002",
              "security_monitoring_notification_profiles_read": "c95412b8-16c7-11ec-85c0-da7ad0900002",
              "security_monitoring_notification_profiles_write": "c95412b9-16c7-11ec-85c0-da7ad0900002",
              "security_monitoring_rules_read": "7314eb20-aa58-11ea-95e2-6fb6e4a451d5",
              "security_monitoring_rules_write": "7b516476-aa58-11ea-95e2-93718cd56369",
              "security_monitoring_signals_read": "80de1ec0-aa58-11ea-95e2-aff381626d5d",
              "security_monitoring_signals_write": "58b412cc-ff6d-11eb-bc9c-da7ad0900002",
              "security_monitoring_suppressions_read": "de0e73c2-3d23-11ee-aa7d-da7ad0900002",
              "security_monitoring_suppressions_write": "de0eb666-3d23-11ee-aa7e-da7ad0900002",
              "security_pipelines_read": "5dffba8a-66f6-11ef-8976-da7ad0900002",
              "security_pipelines_write": "5e0024fc-66f6-11ef-8977-da7ad0900002",
              "serverless_aws_instrumentation_read": "8b6adbea-e8c8-11ef-9955-da7ad0900002",
              "serverless_aws_instrumentation_write": "8b6b780c-e8c8-11ef-9956-da7ad0900002",
              "service_account_write": "a42e94b2-1476-11eb-bd08-efda28c04248",
              "sheets_read": "3c4eb438-2693-11f0-8a2e-da7ad0900002",
              "sheets_write": "3c4f1a0e-2693-11f0-8a2f-da7ad0900002",
              "slos_corrections": "f8e941ce-e746-11ec-b22d-da7ad0900002",
              "slos_write": "f8e941d0-e746-11ec-b22d-da7ad0900002",
              "standard": "984d2f00-d3b4-11e8-a200-bb47109e9987",
              "static_analysis_settings_write": "5356dfd2-3dee-11ee-b07b-da7ad0900002",
              "status_pages_incident_write": "bd4afe92-29e6-11f0-b6ef-da7ad0900002",
              "status_pages_internal_page_publish": "64322e28-2307-11f1-8471-da7ad0900002",
              "status_pages_public_page_publish": "64319544-2307-11f1-8470-da7ad0900002",
              "status_pages_settings_read": "bd4af1cc-29e6-11f0-b6ed-da7ad0900002",
              "status_pages_settings_write": "bd4afd16-29e6-11f0-b6ee-da7ad0900002",
              "synthetics_default_settings_read": "5c6b88e2-f923-11ea-adbc-abf57d079420",
              "synthetics_default_settings_write": "642eebe6-f923-11ea-adbc-eb617674ea04",
              "synthetics_global_variable_read": "4628ca54-f923-11ea-adbc-4b2b7f88c5e9",
              "synthetics_global_variable_write": "4ada6e36-f923-11ea-adbc-0788e5c5e3cf",
              "synthetics_private_location_read": "46a301dd-ec5c-11ea-aa9f-97edfb345bc9",
              "synthetics_private_location_write": "46a301de-ec5c-11ea-aa9f-a73252c24806",
              "synthetics_read": "5025ee24-f923-11ea-adbc-576ea241df8d",
              "synthetics_write": "55f4b5ec-f923-11ea-adbc-1bfa2334a755",
              "teams_manage": "1d76ecfa-9771-11ed-9c2f-da7ad0900002",
              "telemetry_rules_activate": "921eb5e2-4b14-11f1-aa80-da7ad0900002",
              "telemetry_rules_create": "921d996e-4b14-11f1-aa7f-da7ad0900002",
              "telemetry_rules_read": "92195d54-4b14-11f1-aa7e-da7ad0900002",
              "terraform_state_file_configurations_read": "abc2814e-95e3-11f1-9d76-da7ad0900002",
              "terraform_state_file_configurations_write": "e208d490-538d-11f0-8f0b-da7ad0900002",
              "test_optimization_read": "ebaf0448-9d16-11ef-9397-da7ad0900002",
              "test_optimization_settings_write": "09e34b76-a6b4-11ef-8ab9-da7ad0900002",
              "test_optimization_write": "ebaf05ba-9d16-11ef-9398-da7ad0900002",
              "usage_edit": "46a301e2-ec5c-11ea-aa9f-1f511b7305fd",
              "usage_notifications_read": "1afff448-d5e9-11ec-ae37-da7ad0900002",
              "usage_notifications_write": "1afff449-d5e9-11ec-ae37-da7ad0900002",
              "usage_read": "46a301e1-ec5c-11ea-aa9f-afa39f6f3e36",
              "user_access_invite": "9ac1d8cc-e707-11ea-aa2d-73d37e989a9d",
              "user_access_manage": "9de604d8-e707-11ea-aa2d-93f1a783b3a3",
              "user_app_keys": "46a301da-ec5c-11ea-aa9f-73bedeab67ee",
              "watchdog_alerts_write": "f416f55e-db3f-11ed-8028-da7ad0900002",
              "watchdog_insights_read": "6be119a6-1cd8-11ed-b185-da7ad0900002",
              "workflows_read": "f6e917a8-8502-11ec-bf20-da7ad0900002",
              "workflows_run": "f6e917a9-8502-11ec-bf20-da7ad0900002",
              "workflows_write": "f6e917aa-8502-11ec-bf20-da7ad0900002",
              "workload_identity_federation_read": "159f321a-5f84-11f1-8294-da7ad0900002",
              "workload_identity_federation_write": "159e34e6-5f84-11f1-8293-da7ad0900002"
            }
          },
          "sensitive_attributes": []
        }
      ]
    },
    {
      "module": "module.rbac[0]",
      "mode": "managed",
      "type": "datadog_role",
      "name": "this",
      "provider": "provider[\"registry.terraform.io/datadog/datadog\"]",
      "instances": [
        {
          "index_key": "incident-responder",
          "schema_version": 0,
          "attributes": {
            "default_permissions_opt_out": null,
            "id": "2ee5df82-9b7d-11f1-9f4a-da7ad0900002",
            "name": "Incident Responder",
            "permission": [
              {
                "id": "12efc210-d36c-11eb-a9b8-da7ad0900002",
                "name": "incident_settings_write"
              },
              {
                "id": "12efc211-d36c-11eb-a9b8-da7ad0900002",
                "name": "incident_write"
              },
              {
                "id": "4d87d5f8-d8b1-11e9-a77a-eb9c8350d04f",
                "name": "monitors_downtime"
              },
              {
                "id": "58b412cc-ff6d-11eb-bc9c-da7ad0900002",
                "name": "security_monitoring_signals_write"
              },
              {
                "id": "b6bf9ac7-9a59-11ec-8480-da7ad0900002",
                "name": "notebooks_write"
              },
              {
                "id": "f6e917a9-8502-11ec-bf20-da7ad0900002",
                "name": "workflows_run"
              }
            ],
            "user_count": 0,
            "validate": null
          },
          "sensitive_attributes": [],
          "private": "bnVsbA==",
          "dependencies": [
            "module.rbac.data.datadog_permissions.all"
          ]
        },
        {
          "index_key": "observability-engineer",
          "schema_version": 0,
          "attributes": {
            "default_permissions_opt_out": null,
            "id": "44d7fa46-9a9c-11f1-8db6-da7ad0900002",
            "name": "Observability Engineer",
            "permission": [
              {
                "id": "4784b11c-f311-11ec-a5f5-da7ad0900002",
                "name": "monitor_config_policy_write"
              },
              {
                "id": "48ef71ea-d8b1-11e9-a77a-93f408470ad0",
                "name": "monitors_write"
              },
              {
                "id": "4d87d5f8-d8b1-11e9-a77a-eb9c8350d04f",
                "name": "monitors_downtime"
              },
              {
                "id": "b6bf9ac7-9a59-11ec-8480-da7ad0900002",
                "name": "notebooks_write"
              },
              {
                "id": "d90f6831-d3d8-11e9-a77a-4fd230ddbc6a",
                "name": "dashboards_write"
              },
              {
                "id": "f6e917aa-8502-11ec-bf20-da7ad0900002",
                "name": "workflows_write"
              },
              {
                "id": "f8e941ce-e746-11ec-b22d-da7ad0900002",
                "name": "slos_corrections"
              },
              {
                "id": "f8e941d0-e746-11ec-b22d-da7ad0900002",
                "name": "slos_write"
              }
            ],
            "user_count": 1,
            "validate": null
          },
          "sensitive_attributes": [],
          "private": "bnVsbA==",
          "dependencies": [
            "module.rbac.data.datadog_permissions.all"
          ]
        },
        {
          "index_key": "platform-admin",
          "schema_version": 0,
          "attributes": {
            "default_permissions_opt_out": null,
            "id": "2ee5f01c-9b7d-11f1-b122-da7ad0900002",
            "name": "Platform Admin",
            "permission": [
              {
                "id": "12efc210-d36c-11eb-a9b8-da7ad0900002",
                "name": "incident_settings_write"
              },
              {
                "id": "3e4d4d28-f923-11ea-adbc-e3565938c12e",
                "name": "api_keys_write"
              },
              {
                "id": "4784b11c-f311-11ec-a5f5-da7ad0900002",
                "name": "monitor_config_policy_write"
              },
              {
                "id": "48ef71ea-d8b1-11e9-a77a-93f408470ad0",
                "name": "monitors_write"
              },
              {
                "id": "4d87d5f8-d8b1-11e9-a77a-eb9c8350d04f",
                "name": "monitors_downtime"
              },
              {
                "id": "7b516476-aa58-11ea-95e2-93718cd56369",
                "name": "security_monitoring_rules_write"
              },
              {
                "id": "7df222b6-a45c-11eb-a0af-da7ad0900002",
                "name": "org_management"
              },
              {
                "id": "9de604d8-e707-11ea-aa2d-93f1a783b3a3",
                "name": "user_access_manage"
              },
              {
                "id": "b6bf9ac7-9a59-11ec-8480-da7ad0900002",
                "name": "notebooks_write"
              },
              {
                "id": "d90f6831-d3d8-11e9-a77a-4fd230ddbc6a",
                "name": "dashboards_write"
              },
              {
                "id": "f6e917aa-8502-11ec-bf20-da7ad0900002",
                "name": "workflows_write"
              },
              {
                "id": "f8e941d0-e746-11ec-b22d-da7ad0900002",
                "name": "slos_write"
              }
            ],
            "user_count": 0,
            "validate": null
          },
          "sensitive_attributes": [],
          "private": "bnVsbA==",
          "dependencies": [
            "module.rbac.data.datadog_permissions.all"
          ]
        },
        {
          "index_key": "viewer-auditor",
          "schema_version": 0,
          "attributes": {
            "default_permissions_opt_out": null,
            "id": "2ec8a462-9b7d-11f1-8773-da7ad0900002",
            "name": "Viewer / Auditor",
            "permission": [],
            "user_count": 1,
            "validate": null
          },
          "sensitive_attributes": [],
          "private": "bnVsbA==",
          "dependencies": [
            "module.rbac.data.datadog_permissions.all"
          ]
        }
      ]
    },
    {
      "module": "module.rbac[0]",
      "mode": "managed",
      "type": "datadog_service_account",
      "name": "this",
      "provider": "provider[\"registry.terraform.io/datadog/datadog\"]",
      "instances": [
        {
          "index_key": "svc-observability-coverage",
          "schema_version": 0,
          "attributes": {
            "disabled": false,
            "email": "svc-observability-coverage@acme.example",
            "id": "c0941cf4-9a99-11f1-9b11-96c61ade3077",
            "name": "Coverage reporting (read-only)",
            "roles": [
              "2ec8a462-9b7d-11f1-8773-da7ad0900002"
            ]
          },
          "sensitive_attributes": [],
          "dependencies": [
            "module.rbac.data.datadog_permissions.all",
            "module.rbac.datadog_role.this"
          ]
        },
        {
          "index_key": "svc-observability-terraform",
          "schema_version": 0,
          "attributes": {
            "disabled": false,
            "email": "svc-observability-terraform@acme.example",
            "id": "c09cd7ad-9a99-11f1-844f-b2719988d4b6",
            "name": "Observability Terraform (CI deploys only)",
            "roles": [
              "44d7fa46-9a9c-11f1-8db6-da7ad0900002"
            ]
          },
          "sensitive_attributes": [],
          "dependencies": [
            "module.rbac.data.datadog_permissions.all",
            "module.rbac.datadog_role.this"
          ]
        }
      ]
    },
    {
      "module": "module.service_catalog",
      "mode": "managed",
      "type": "datadog_service_definition_yaml",
      "name": "this",
      "provider": "provider[\"registry.terraform.io/datadog/datadog\"]",
      "instances": [
        {
          "index_key": "identity-api",
          "schema_version": 0,
          "attributes": {
            "id": "identity-api",
            "service_definition": "contacts:\n    - contact: security@acme.example\n      name: security email\n      type: email\ndd-service: identity-api\ndescription: Enterprise authentication and token issuance.\nlifecycle: production\nlinks:\n    - name: Repository\n      type: repo\n      url: https://github.com/acme/identity-api\n    - name: 'Runbook: API 4xx Client Error Anomaly'\n      type: runbook\n      url: https://app.datadoghq.com/notebook/15298341\n    - name: 'Runbook: API 5xx Error Rate Anomaly'\n      type: runbook\n      url: https://app.datadoghq.com/notebook/15298343\n    - name: 'Runbook: API Availability'\n      type: runbook\n      url: https://app.datadoghq.com/notebook/15298344\n    - name: 'Runbook: API Downstream Dependency Latency'\n      type: runbook\n      url: https://app.datadoghq.com/notebook/15298346\n    - name: 'Runbook: API Rate Limit Saturation'\n      type: runbook\n      url: https://app.datadoghq.com/notebook/15298353\n    - name: 'Runbook: API Traffic Drop Anomaly'\n      type: runbook\n      url: https://app.datadoghq.com/notebook/15298354\n    - name: 'Runbook: API p99 Latency Degradation'\n      type: runbook\n      url: https://app.datadoghq.com/notebook/15298349\n    - name: 'Runbook: Application Crash / Fatal Error Anomaly'\n      type: runbook\n      url: https://app.datadoghq.com/notebook/15298356\n    - name: 'Runbook: Application Memory Exhaustion Forecast'\n      type: runbook\n      url: https://app.datadoghq.com/notebook/15298358\n    - name: 'Runbook: Application Runtime Saturation'\n      type: runbook\n      url: https://app.datadoghq.com/notebook/15298359\n    - name: 'Runbook: Application Stopped Reporting Telemetry'\n      type: runbook\n      url: https://app.datadoghq.com/notebook/15298361\n    - name: 'Runbook: Deployment Regression'\n      type: runbook\n      url: https://app.datadoghq.com/notebook/15208649\n    - name: 'Runbook: Outbound Dependency Failure'\n      type: runbook\n      url: https://app.datadoghq.com/notebook/15298615\n    - name: 'Runbook: Outbound Dependency Latency Degradation'\n      type: runbook\n      url: https://app.datadoghq.com/notebook/15298616\n    - name: 'Runbook: Post-Deployment Error Spike'\n      type: runbook\n      url: https://app.datadoghq.com/notebook/15298617\nschema-version: v2.2\ntags:\n    - criticality:tier0\n    - domain:api\n    - env:prod\n    - managed_by:terraform\n    - monitoring_profile:critical\nteam: security\ntier: tier0\n"
          },
          "sensitive_attributes": [],
          "private": "bnVsbA=="
        },
        {
          "index_key": "order-events-consumer",
          "schema_version": 0,
          "attributes": {
            "id": "order-events-consumer",
            "service_definition": "contacts:\n    - contact: appdev@acme.example\n      name: application-development email\n      type: email\ndd-service: order-events-consumer\ndescription: Consumes order lifecycle events and updates downstream systems.\nlifecycle: production\nlinks:\n    - name: Repository\n      type: repo\n      url: https://github.com/acme/order-events-consumer\n    - name: 'Runbook: Application Crash / Fatal Error Anomaly'\n      type: runbook\n      url: https://app.datadoghq.com/notebook/15298356\n    - name: 'Runbook: Application Memory Exhaustion Forecast'\n      type: runbook\n      url: https://app.datadoghq.com/notebook/15298358\n    - name: 'Runbook: Application Runtime Saturation'\n      type: runbook\n      url: https://app.datadoghq.com/notebook/15298359\n    - name: 'Runbook: Application Stopped Reporting Telemetry'\n      type: runbook\n      url: https://app.datadoghq.com/notebook/15298361\n    - name: 'Runbook: Consumer Lag Exhaustion Forecast'\n      type: runbook\n      url: https://app.datadoghq.com/notebook/15298599\n    - name: 'Runbook: Consumer Retry Storm'\n      type: runbook\n      url: https://app.datadoghq.com/notebook/15298600\n    - name: 'Runbook: Dead Letter Queue Growth'\n      type: runbook\n      url: https://app.datadoghq.com/notebook/15298598\n    - name: 'Runbook: Message Publish Failures'\n      type: runbook\n      url: https://app.datadoghq.com/notebook/15298658\n    - name: 'Runbook: Messaging Client Disconnect Storm'\n      type: runbook\n      url: https://app.datadoghq.com/notebook/15298657\n    - name: 'Runbook: No Active Consumer On Queue'\n      type: runbook\n      url: https://app.datadoghq.com/notebook/15298597\n    - name: 'Runbook: Worker Error Rate Anomaly'\n      type: runbook\n      url: https://app.datadoghq.com/notebook/15298710\n    - name: 'Runbook: Worker Processing Latency Degradation'\n      type: runbook\n      url: https://app.datadoghq.com/notebook/15298711\n    - name: 'Runbook: Worker Stopped Processing'\n      type: runbook\n      url: https://app.datadoghq.com/notebook/15298712\n    - name: 'Runbook: Worker Throughput Anomaly'\n      type: runbook\n      url: https://app.datadoghq.com/notebook/15298713\nschema-version: v2.2\ntags:\n    - criticality:tier1\n    - domain:messaging\n    - env:prod\n    - managed_by:terraform\n    - monitoring_profile:critical\nteam: application-development\ntier: tier1\n"
          },
          "sensitive_attributes": [],
          "private": "bnVsbA=="
        },
        {
          "index_key": "reporting-portal",
          "schema_version": 0,
          "attributes": {
            "id": "reporting-portal",
            "service_definition": "contacts:\n    - contact: appdev@acme.example\n      name: application-development email\n      type: email\ndd-service: reporting-portal\ndescription: Internal reporting and analytics portal.\nlifecycle: production\nlinks:\n    - name: Repository\n      type: repo\n      url: https://github.com/acme/reporting-portal\n    - name: 'Runbook: Application Crash / Fatal Error Anomaly'\n      type: runbook\n      url: https://app.datadoghq.com/notebook/15298356\n    - name: 'Runbook: Application Memory Exhaustion Forecast'\n      type: runbook\n      url: https://app.datadoghq.com/notebook/15298358\n    - name: 'Runbook: Application Runtime Saturation'\n      type: runbook\n      url: https://app.datadoghq.com/notebook/15298359\n    - name: 'Runbook: Application Stopped Reporting Telemetry'\n      type: runbook\n      url: https://app.datadoghq.com/notebook/15298361\n    - name: 'Runbook: Browser Error Rate Anomaly'\n      type: runbook\n      url: https://app.datadoghq.com/notebook/15298706\n    - name: 'Runbook: Deployment Regression'\n      type: runbook\n      url: https://app.datadoghq.com/notebook/15208649\n    - name: 'Runbook: External Endpoint Latency Degradation'\n      type: runbook\n      url: https://app.datadoghq.com/notebook/15298694\n    - name: 'Runbook: External Endpoint Unavailable'\n      type: runbook\n      url: https://app.datadoghq.com/notebook/15298693\n    - name: 'Runbook: Outbound Dependency Failure'\n      type: runbook\n      url: https://app.datadoghq.com/notebook/15298615\n    - name: 'Runbook: Outbound Dependency Latency Degradation'\n      type: runbook\n      url: https://app.datadoghq.com/notebook/15298616\n    - name: 'Runbook: Post-Deployment Error Spike'\n      type: runbook\n      url: https://app.datadoghq.com/notebook/15298617\n    - name: 'Runbook: Web Application Unavailable'\n      type: runbook\n      url: https://app.datadoghq.com/notebook/15298709\n    - name: 'Runbook: Web Origin 5xx Anomaly'\n      type: runbook\n      url: https://app.datadoghq.com/notebook/15298707\n    - name: 'Runbook: Web Page Load Degradation'\n      type: runbook\n      url: https://app.datadoghq.com/notebook/15298708\nschema-version: v2.2\ntags:\n    - criticality:tier2\n    - domain:application\n    - env:prod\n    - managed_by:terraform\n    - monitoring_profile:standard\nteam: application-development\ntier: tier2\n"
          },
          "sensitive_attributes": [],
          "private": "bnVsbA=="
        }
      ]
    },
    {
      "module": "module.teams",
      "mode": "managed",
      "type": "datadog_on_call_escalation_policy",
      "name": "this",
      "provider": "provider[\"registry.terraform.io/datadog/datadog\"]",
      "instances": [
        {
          "index_key": "application-development",
          "schema_version": 0,
          "attributes": {
            "id": "108fd349-b051-4346-a6c8-83e6e8c298dd",
            "name": "Application Development — escalation",
            "resolve_page_on_policy_end": false,
            "retries": 2,
            "step": [
              {
                "assignment": "default",
                "escalate_after_seconds": 600,
                "id": "1768a872-360f-43f5-b184-aa1c73753397",
                "target": [
                  {
                    "position": null,
                    "schedule": "01166c5f-70f2-413d-a4a1-24afb6029346",
                    "team": null,
                    "user": null
                  }
                ]
              },
              {
                "assignment": "default",
                "escalate_after_seconds": 600,
                "id": "e4bd8d77-80b9-4f10-ae5c-7002d7871d7e",
                "target": [
                  {
                    "position": null,
                    "schedule": "b411f9ac-53ad-4dfd-901a-1d128ccc3140",
                    "team": null,
                    "user": null
                  }
                ]
              },
              {
                "assignment": "round-robin",
                "escalate_after_seconds": 600,
                "id": "29dd85b8-bed8-4e1a-95f9-0820b211b5a3",
                "target": [
                  {
                    "position": null,
                    "schedule": null,
                    "team": "cc5eab72-440f-4a50-aed0-529c78e212c6",
                    "user": null
                  }
                ]
              },
              {
                "assignment": "default",
                "escalate_after_seconds": 600,
                "id": "1d83c355-9531-4a21-8d7c-5e85abb04be0",
                "target": [
                  {
                    "position": null,
                    "schedule": null,
                    "team": "cc5eab72-440f-4a50-aed0-529c78e212c6",
                    "user": null
                  }
                ]
              }
            ],
            "teams": [
              "cc5eab72-440f-4a50-aed0-529c78e212c6"
            ]
          },
          "sensitive_attributes": [],
          "dependencies": [
            "module.teams.datadog_on_call_schedule.primary",
            "module.teams.datadog_on_call_schedule.secondary",
            "module.teams.datadog_team.this"
          ]
        },
        {
          "index_key": "cloud-engineering",
          "schema_version": 0,
          "attributes": {
            "id": "e7dd75fa-3dab-4a8c-b348-c6e16a02a665",
            "name": "Cloud Engineering — escalation",
            "resolve_page_on_policy_end": false,
            "retries": 2,
            "step": [
              {
                "assignment": "default",
                "escalate_after_seconds": 600,
                "id": "36040d88-28d6-42d9-bdeb-848683ef7245",
                "target": [
                  {
                    "position": null,
                    "schedule": "825ea674-a8ec-413f-a139-da057235ca19",
                    "team": null,
                    "user": null
                  }
                ]
              },
              {
                "assignment": "default",
                "escalate_after_seconds": 600,
                "id": "894eb504-8c94-40aa-bd03-648285656b4f",
                "target": [
                  {
                    "position": null,
                    "schedule": "b2adb574-7b24-4537-8b3d-74c94d3b793e",
                    "team": null,
                    "user": null
                  }
                ]
              },
              {
                "assignment": "round-robin",
                "escalate_after_seconds": 600,
                "id": "7cb89e20-d436-4643-b1c9-c6de3dc4618d",
                "target": [
                  {
                    "position": null,
                    "schedule": null,
                    "team": "6938056c-36f5-4476-8b23-b3f77e5b9b42",
                    "user": null
                  }
                ]
              },
              {
                "assignment": "default",
                "escalate_after_seconds": 600,
                "id": "cf7246ad-ceef-4267-b146-d1907c6f7089",
                "target": [
                  {
                    "position": null,
                    "schedule": null,
                    "team": "6938056c-36f5-4476-8b23-b3f77e5b9b42",
                    "user": null
                  }
                ]
              }
            ],
            "teams": [
              "6938056c-36f5-4476-8b23-b3f77e5b9b42"
            ]
          },
          "sensitive_attributes": [],
          "dependencies": [
            "module.teams.datadog_on_call_schedule.primary",
            "module.teams.datadog_on_call_schedule.secondary",
            "module.teams.datadog_team.this"
          ]
        },
        {
          "index_key": "data-engineering",
          "schema_version": 0,
          "attributes": {
            "id": "d5e04b8b-c2b8-4271-8a67-491e0f1632a9",
            "name": "Data Engineering — escalation",
            "resolve_page_on_policy_end": false,
            "retries": 2,
            "step": [
              {
                "assignment": "default",
                "escalate_after_seconds": 600,
                "id": "d9d8d4a4-b6b7-4956-84df-e85273db13d2",
                "target": [
                  {
                    "position": null,
                    "schedule": "29c98983-0b46-401e-8869-aba491fcb821",
                    "team": null,
                    "user": null
                  }
                ]
              },
              {
                "assignment": "default",
                "escalate_after_seconds": 600,
                "id": "b53ad263-4e7b-473d-a00d-91335799dbfa",
                "target": [
                  {
                    "position": null,
                    "schedule": "c05b94e2-09da-4eb7-adff-39ee151dc6db",
                    "team": null,
                    "user": null
                  }
                ]
              },
              {
                "assignment": "round-robin",
                "escalate_after_seconds": 600,
                "id": "7a827e9a-6662-4eeb-b098-f873b317fb1a",
                "target": [
                  {
                    "position": null,
                    "schedule": null,
                    "team": "885f3ffa-83c0-417e-9439-446b56ebbbf6",
                    "user": null
                  }
                ]
              },
              {
                "assignment": "default",
                "escalate_after_seconds": 600,
                "id": "e4dafdcf-67d5-458d-b1a6-2c2f75fb4c4f",
                "target": [
                  {
                    "position": null,
                    "schedule": null,
                    "team": "885f3ffa-83c0-417e-9439-446b56ebbbf6",
                    "user": null
                  }
                ]
              }
            ],
            "teams": [
              "885f3ffa-83c0-417e-9439-446b56ebbbf6"
            ]
          },
          "sensitive_attributes": [],
          "dependencies": [
            "module.teams.datadog_on_call_schedule.primary",
            "module.teams.datadog_on_call_schedule.secondary",
            "module.teams.datadog_team.this"
          ]
        },
        {
          "index_key": "infrastructure-engineering",
          "schema_version": 0,
          "attributes": {
            "id": "a17e02e4-f31a-4071-9dfc-809f0bccbeb5",
            "name": "Infrastructure Engineering — escalation",
            "resolve_page_on_policy_end": false,
            "retries": 2,
            "step": [
              {
                "assignment": "default",
                "escalate_after_seconds": 600,
                "id": "a5560642-8c1a-4094-92a7-beef0ff15c81",
                "target": [
                  {
                    "position": null,
                    "schedule": "eafdd78f-c0e0-4018-9073-380c977af801",
                    "team": null,
                    "user": null
                  }
                ]
              },
              {
                "assignment": "default",
                "escalate_after_seconds": 600,
                "id": "8b80392a-6903-44f9-83e1-18722ffc0362",
                "target": [
                  {
                    "position": null,
                    "schedule": "f800853b-6255-43d9-9892-73c38483d6d3",
                    "team": null,
                    "user": null
                  }
                ]
              },
              {
                "assignment": "round-robin",
                "escalate_after_seconds": 600,
                "id": "5440fff5-d092-478d-a123-875e9bd9d01f",
                "target": [
                  {
                    "position": null,
                    "schedule": null,
                    "team": "fa332db9-16d9-42e1-af2f-6a0f47f0f489",
                    "user": null
                  }
                ]
              },
              {
                "assignment": "default",
                "escalate_after_seconds": 600,
                "id": "7152222e-3422-4a90-9b64-4870697851a4",
                "target": [
                  {
                    "position": null,
                    "schedule": null,
                    "team": "fa332db9-16d9-42e1-af2f-6a0f47f0f489",
                    "user": null
                  }
                ]
              }
            ],
            "teams": [
              "fa332db9-16d9-42e1-af2f-6a0f47f0f489"
            ]
          },
          "sensitive_attributes": [],
          "dependencies": [
            "module.teams.datadog_on_call_schedule.primary",
            "module.teams.datadog_on_call_schedule.secondary",
            "module.teams.datadog_team.this"
          ]
        },
        {
          "index_key": "observability-platform",
          "schema_version": 0,
          "attributes": {
            "id": "449d36c3-f244-4153-aae3-785f39a351b7",
            "name": "Observability Platform (owns this repository) — escalation",
            "resolve_page_on_policy_end": false,
            "retries": 2,
            "step": [
              {
                "assignment": "default",
                "escalate_after_seconds": 600,
                "id": "d8218076-f959-4b06-ba39-07e10aa296d4",
                "target": [
                  {
                    "position": null,
                    "schedule": "7eb4f7a7-1601-4a71-93f1-492ebbb49e8f",
                    "team": null,
                    "user": null
                  }
                ]
              },
              {
                "assignment": "default",
                "escalate_after_seconds": 600,
                "id": "be1de17e-f52e-45b1-b152-f6d0cb67dfc9",
                "target": [
                  {
                    "position": null,
                    "schedule": "2eb876d8-f1d2-49fd-a670-c5192b2b4541",
                    "team": null,
                    "user": null
                  }
                ]
              },
              {
                "assignment": "round-robin",
                "escalate_after_seconds": 600,
                "id": "7c53f05c-ef75-4045-a3f6-7626ac976c7a",
                "target": [
                  {
                    "position": null,
                    "schedule": null,
                    "team": "35ba3c27-740f-4cb4-a22d-7bafc2e2aa6b",
                    "user": null
                  }
                ]
              },
              {
                "assignment": "default",
                "escalate_after_seconds": 600,
                "id": "a88729cc-148b-4fb6-8335-5541c7c21e73",
                "target": [
                  {
                    "position": null,
                    "schedule": null,
                    "team": "35ba3c27-740f-4cb4-a22d-7bafc2e2aa6b",
                    "user": null
                  }
                ]
              }
            ],
            "teams": [
              "35ba3c27-740f-4cb4-a22d-7bafc2e2aa6b"
            ]
          },
          "sensitive_attributes": [],
          "dependencies": [
            "module.teams.datadog_on_call_schedule.primary",
            "module.teams.datadog_on_call_schedule.secondary",
            "module.teams.datadog_team.this"
          ]
        },
        {
          "index_key": "security",
          "schema_version": 0,
          "attributes": {
            "id": "41d0fc6b-ca7f-42b2-9dae-654ab0400b6e",
            "name": "Security Engineering — escalation",
            "resolve_page_on_policy_end": false,
            "retries": 2,
            "step": [
              {
                "assignment": "default",
                "escalate_after_seconds": 600,
                "id": "214660d4-f293-4a88-945f-346ea2e07e58",
                "target": [
                  {
                    "position": null,
                    "schedule": "d5c2caf3-3d55-4c9d-a726-eabef98d269a",
                    "team": null,
                    "user": null
                  }
                ]
              },
              {
                "assignment": "default",
                "escalate_after_seconds": 600,
                "id": "33479272-4ce6-427b-b8eb-a117a8f2a9d0",
                "target": [
                  {
                    "position": null,
                    "schedule": "462aa798-7dc7-45ea-90c4-06bb640ebdd0",
                    "team": null,
                    "user": null
                  }
                ]
              },
              {
                "assignment": "round-robin",
                "escalate_after_seconds": 600,
                "id": "d0e3fefb-cc11-4448-ad61-732363840b0d",
                "target": [
                  {
                    "position": null,
                    "schedule": null,
                    "team": "8bff36fb-9135-4cf9-8d54-379b0c290b79",
                    "user": null
                  }
                ]
              },
              {
                "assignment": "default",
                "escalate_after_seconds": 600,
                "id": "eebf20ed-5b30-4f69-a6c8-59b523cbd1df",
                "target": [
                  {
                    "position": null,
                    "schedule": null,
                    "team": "8bff36fb-9135-4cf9-8d54-379b0c290b79",
                    "user": null
                  }
                ]
              }
            ],
            "teams": [
              "8bff36fb-9135-4cf9-8d54-379b0c290b79"
            ]
          },
          "sensitive_attributes": [],
          "dependencies": [
            "module.teams.datadog_on_call_schedule.primary",
            "module.teams.datadog_on_call_schedule.secondary",
            "module.teams.datadog_team.this"
          ]
        },
        {
          "index_key": "sre",
          "schema_version": 0,
          "attributes": {
            "id": "4fd7c5a0-ad1c-4152-8bf8-f4d0b25aba6a",
            "name": "Site Reliability Engineering — escalation",
            "resolve_page_on_policy_end": false,
            "retries": 2,
            "step": [
              {
                "assignment": "default",
                "escalate_after_seconds": 600,
                "id": "6a138b9a-4fc5-4547-9a36-15504fc3a0ed",
                "target": [
                  {
                    "position": null,
                    "schedule": "d6ec26f8-0166-403e-88fe-cc948137e253",
                    "team": null,
                    "user": null
                  }
                ]
              },
              {
                "assignment": "default",
                "escalate_after_seconds": 600,
                "id": "2c3ff191-22bd-43e0-bc7c-a7c5379def51",
                "target": [
                  {
                    "position": null,
                    "schedule": "6bf2ada6-669d-4a49-8726-1aeb5d6a01be",
                    "team": null,
                    "user": null
                  }
                ]
              },
              {
                "assignment": "round-robin",
                "escalate_after_seconds": 600,
                "id": "178b1510-0a6b-4a64-b23e-d59217fd490c",
                "target": [
                  {
                    "position": null,
                    "schedule": null,
                    "team": "52119881-2d5c-4652-b9af-456e96803fbf",
                    "user": null
                  }
                ]
              },
              {
                "assignment": "default",
                "escalate_after_seconds": 600,
                "id": "5a5566b3-b635-4d1f-b9ae-6c467ec82515",
                "target": [
                  {
                    "position": null,
                    "schedule": null,
                    "team": "52119881-2d5c-4652-b9af-456e96803fbf",
                    "user": null
                  }
                ]
              }
            ],
            "teams": [
              "52119881-2d5c-4652-b9af-456e96803fbf"
            ]
          },
          "sensitive_attributes": [],
          "dependencies": [
            "module.teams.datadog_on_call_schedule.primary",
            "module.teams.datadog_on_call_schedule.secondary",
            "module.teams.datadog_team.this"
          ]
        }
      ]
    },
    {
      "module": "module.teams",
      "mode": "managed",
      "type": "datadog_on_call_schedule",
      "name": "primary",
      "provider": "provider[\"registry.terraform.io/datadog/datadog\"]",
      "instances": [
        {
          "index_key": "application-development",
          "schema_version": 0,
          "attributes": {
            "id": "01166c5f-70f2-413d-a4a1-24afb6029346",
            "layer": [
              {
                "effective_date": "2026-09-01T09:00:00-05:00",
                "end_date": null,
                "id": "8ca33f45-b127-410f-9a69-ba25390c8181",
                "interval": {
                  "days": 7,
                  "seconds": 0
                },
                "name": "primary-rotation",
                "restriction": [],
                "rotation_start": "2026-09-01T09:00:00-05:00",
                "time_zone": null,
                "users": [
                  null
                ]
              }
            ],
            "name": "Application Development — primary",
            "teams": [
              "cc5eab72-440f-4a50-aed0-529c78e212c6"
            ],
            "time_zone": "America/New_York"
          },
          "sensitive_attributes": [],
          "dependencies": [
            "module.teams.datadog_team.this"
          ]
        },
        {
          "index_key": "cloud-engineering",
          "schema_version": 0,
          "attributes": {
            "id": "825ea674-a8ec-413f-a139-da057235ca19",
            "layer": [
              {
                "effective_date": "2026-09-01T09:00:00-05:00",
                "end_date": null,
                "id": "b8b3a656-c744-4953-b77a-27de83ea1f30",
                "interval": {
                  "days": 7,
                  "seconds": 0
                },
                "name": "primary-rotation",
                "restriction": [],
                "rotation_start": "2026-09-01T09:00:00-05:00",
                "time_zone": null,
                "users": [
                  null
                ]
              }
            ],
            "name": "Cloud Engineering — primary",
            "teams": [
              "6938056c-36f5-4476-8b23-b3f77e5b9b42"
            ],
            "time_zone": "America/New_York"
          },
          "sensitive_attributes": [],
          "dependencies": [
            "module.teams.datadog_team.this"
          ]
        },
        {
          "index_key": "data-engineering",
          "schema_version": 0,
          "attributes": {
            "id": "29c98983-0b46-401e-8869-aba491fcb821",
            "layer": [
              {
                "effective_date": "2026-09-01T09:00:00-05:00",
                "end_date": null,
                "id": "5363e1a7-2ddb-4c93-96c8-797586c2544e",
                "interval": {
                  "days": 7,
                  "seconds": 0
                },
                "name": "primary-rotation",
                "restriction": [],
                "rotation_start": "2026-09-01T09:00:00-05:00",
                "time_zone": null,
                "users": [
                  null
                ]
              }
            ],
            "name": "Data Engineering — primary",
            "teams": [
              "885f3ffa-83c0-417e-9439-446b56ebbbf6"
            ],
            "time_zone": "America/New_York"
          },
          "sensitive_attributes": [],
          "dependencies": [
            "module.teams.datadog_team.this"
          ]
        },
        {
          "index_key": "infrastructure-engineering",
          "schema_version": 0,
          "attributes": {
            "id": "eafdd78f-c0e0-4018-9073-380c977af801",
            "layer": [
              {
                "effective_date": "2026-09-01T09:00:00-05:00",
                "end_date": null,
                "id": "8bc5ce5a-f346-4111-a563-a1e38df5491b",
                "interval": {
                  "days": 7,
                  "seconds": 0
                },
                "name": "primary-rotation",
                "restriction": [],
                "rotation_start": "2026-09-01T09:00:00-05:00",
                "time_zone": null,
                "users": [
                  null
                ]
              }
            ],
            "name": "Infrastructure Engineering — primary",
            "teams": [
              "fa332db9-16d9-42e1-af2f-6a0f47f0f489"
            ],
            "time_zone": "America/New_York"
          },
          "sensitive_attributes": [],
          "dependencies": [
            "module.teams.datadog_team.this"
          ]
        },
        {
          "index_key": "observability-platform",
          "schema_version": 0,
          "attributes": {
            "id": "7eb4f7a7-1601-4a71-93f1-492ebbb49e8f",
            "layer": [
              {
                "effective_date": "2026-09-01T09:00:00-05:00",
                "end_date": null,
                "id": "849a3fc0-7f13-4538-b7db-b69cb9b5e300",
                "interval": {
                  "days": 7,
                  "seconds": 0
                },
                "name": "primary-rotation",
                "restriction": [],
                "rotation_start": "2026-09-01T09:00:00-05:00",
                "time_zone": null,
                "users": [
                  null
                ]
              }
            ],
            "name": "Observability Platform (owns this repository) — primary",
            "teams": [
              "35ba3c27-740f-4cb4-a22d-7bafc2e2aa6b"
            ],
            "time_zone": "America/New_York"
          },
          "sensitive_attributes": [],
          "dependencies": [
            "module.teams.datadog_team.this"
          ]
        },
        {
          "index_key": "security",
          "schema_version": 0,
          "attributes": {
            "id": "d5c2caf3-3d55-4c9d-a726-eabef98d269a",
            "layer": [
              {
                "effective_date": "2026-09-01T09:00:00-05:00",
                "end_date": null,
                "id": "d38c5050-4f48-40fe-bb3d-bee1ebf900f1",
                "interval": {
                  "days": 7,
                  "seconds": 0
                },
                "name": "primary-rotation",
                "restriction": [],
                "rotation_start": "2026-09-01T09:00:00-05:00",
                "time_zone": null,
                "users": [
                  null
                ]
              }
            ],
            "name": "Security Engineering — primary",
            "teams": [
              "8bff36fb-9135-4cf9-8d54-379b0c290b79"
            ],
            "time_zone": "America/New_York"
          },
          "sensitive_attributes": [],
          "dependencies": [
            "module.teams.datadog_team.this"
          ]
        },
        {
          "index_key": "sre",
          "schema_version": 0,
          "attributes": {
            "id": "d6ec26f8-0166-403e-88fe-cc948137e253",
            "layer": [
              {
                "effective_date": "2026-09-01T09:00:00-05:00",
                "end_date": null,
                "id": "eac93875-e3db-4b3f-a217-896dc87f5c90",
                "interval": {
                  "days": 7,
                  "seconds": 0
                },
                "name": "primary-rotation",
                "restriction": [],
                "rotation_start": "2026-09-01T09:00:00-05:00",
                "time_zone": null,
                "users": [
                  null
                ]
              }
            ],
            "name": "Site Reliability Engineering — primary",
            "teams": [
              "52119881-2d5c-4652-b9af-456e96803fbf"
            ],
            "time_zone": "America/New_York"
          },
          "sensitive_attributes": [],
          "dependencies": [
            "module.teams.datadog_team.this"
          ]
        }
      ]
    },
    {
      "module": "module.teams",
      "mode": "managed",
      "type": "datadog_on_call_schedule",
      "name": "secondary",
      "provider": "provider[\"registry.terraform.io/datadog/datadog\"]",
      "instances": [
        {
          "index_key": "application-development",
          "schema_version": 0,
          "attributes": {
            "id": "b411f9ac-53ad-4dfd-901a-1d128ccc3140",
            "layer": [
              {
                "effective_date": "2026-09-01T09:00:00-05:00",
                "end_date": null,
                "id": "71777de8-289e-4b37-b4bc-95f363320943",
                "interval": {
                  "days": 7,
                  "seconds": 0
                },
                "name": "secondary-rotation",
                "restriction": [],
                "rotation_start": "2026-09-01T09:00:00-05:00",
                "time_zone": null,
                "users": [
                  null
                ]
              }
            ],
            "name": "Application Development — secondary",
            "teams": [
              "cc5eab72-440f-4a50-aed0-529c78e212c6"
            ],
            "time_zone": "America/New_York"
          },
          "sensitive_attributes": [],
          "dependencies": [
            "module.teams.datadog_team.this"
          ]
        },
        {
          "index_key": "cloud-engineering",
          "schema_version": 0,
          "attributes": {
            "id": "b2adb574-7b24-4537-8b3d-74c94d3b793e",
            "layer": [
              {
                "effective_date": "2026-09-01T09:00:00-05:00",
                "end_date": null,
                "id": "1230dcc5-080d-4ea6-b171-b8e2a82d3b1e",
                "interval": {
                  "days": 7,
                  "seconds": 0
                },
                "name": "secondary-rotation",
                "restriction": [],
                "rotation_start": "2026-09-01T09:00:00-05:00",
                "time_zone": null,
                "users": [
                  null
                ]
              }
            ],
            "name": "Cloud Engineering — secondary",
            "teams": [
              "6938056c-36f5-4476-8b23-b3f77e5b9b42"
            ],
            "time_zone": "America/New_York"
          },
          "sensitive_attributes": [],
          "dependencies": [
            "module.teams.datadog_team.this"
          ]
        },
        {
          "index_key": "data-engineering",
          "schema_version": 0,
          "attributes": {
            "id": "c05b94e2-09da-4eb7-adff-39ee151dc6db",
            "layer": [
              {
                "effective_date": "2026-09-01T09:00:00-05:00",
                "end_date": null,
                "id": "0b9d8929-5710-4428-b9bf-046ff4f3a976",
                "interval": {
                  "days": 7,
                  "seconds": 0
                },
                "name": "secondary-rotation",
                "restriction": [],
                "rotation_start": "2026-09-01T09:00:00-05:00",
                "time_zone": null,
                "users": [
                  null
                ]
              }
            ],
            "name": "Data Engineering — secondary",
            "teams": [
              "885f3ffa-83c0-417e-9439-446b56ebbbf6"
            ],
            "time_zone": "America/New_York"
          },
          "sensitive_attributes": [],
          "dependencies": [
            "module.teams.datadog_team.this"
          ]
        },
        {
          "index_key": "infrastructure-engineering",
          "schema_version": 0,
          "attributes": {
            "id": "f800853b-6255-43d9-9892-73c38483d6d3",
            "layer": [
              {
                "effective_date": "2026-09-01T09:00:00-05:00",
                "end_date": null,
                "id": "5d4eab26-0f9f-4d7e-ad1a-e86717041d75",
                "interval": {
                  "days": 7,
                  "seconds": 0
                },
                "name": "secondary-rotation",
                "restriction": [],
                "rotation_start": "2026-09-01T09:00:00-05:00",
                "time_zone": null,
                "users": [
                  null
                ]
              }
            ],
            "name": "Infrastructure Engineering — secondary",
            "teams": [
              "fa332db9-16d9-42e1-af2f-6a0f47f0f489"
            ],
            "time_zone": "America/New_York"
          },
          "sensitive_attributes": [],
          "dependencies": [
            "module.teams.datadog_team.this"
          ]
        },
        {
          "index_key": "observability-platform",
          "schema_version": 0,
          "attributes": {
            "id": "2eb876d8-f1d2-49fd-a670-c5192b2b4541",
            "layer": [
              {
                "effective_date": "2026-09-01T09:00:00-05:00",
                "end_date": null,
                "id": "0c46ec32-a62d-4eab-b316-7132b20dbe55",
                "interval": {
                  "days": 7,
                  "seconds": 0
                },
                "name": "secondary-rotation",
                "restriction": [],
                "rotation_start": "2026-09-01T09:00:00-05:00",
                "time_zone": null,
                "users": [
                  null
                ]
              }
            ],
            "name": "Observability Platform (owns this repository) — secondary",
            "teams": [
              "35ba3c27-740f-4cb4-a22d-7bafc2e2aa6b"
            ],
            "time_zone": "America/New_York"
          },
          "sensitive_attributes": [],
          "dependencies": [
            "module.teams.datadog_team.this"
          ]
        },
        {
          "index_key": "security",
          "schema_version": 0,
          "attributes": {
            "id": "462aa798-7dc7-45ea-90c4-06bb640ebdd0",
            "layer": [
              {
                "effective_date": "2026-09-01T09:00:00-05:00",
                "end_date": null,
                "id": "c017e139-ab6b-4d32-9c29-960704d68153",
                "interval": {
                  "days": 7,
                  "seconds": 0
                },
                "name": "secondary-rotation",
                "restriction": [],
                "rotation_start": "2026-09-01T09:00:00-05:00",
                "time_zone": null,
                "users": [
                  null
                ]
              }
            ],
            "name": "Security Engineering — secondary",
            "teams": [
              "8bff36fb-9135-4cf9-8d54-379b0c290b79"
            ],
            "time_zone": "America/New_York"
          },
          "sensitive_attributes": [],
          "dependencies": [
            "module.teams.datadog_team.this"
          ]
        },
        {
          "index_key": "sre",
          "schema_version": 0,
          "attributes": {
            "id": "6bf2ada6-669d-4a49-8726-1aeb5d6a01be",
            "layer": [
              {
                "effective_date": "2026-09-01T09:00:00-05:00",
                "end_date": null,
                "id": "9666962a-8024-4e26-92f8-15b032db0585",
                "interval": {
                  "days": 7,
                  "seconds": 0
                },
                "name": "secondary-rotation",
                "restriction": [],
                "rotation_start": "2026-09-01T09:00:00-05:00",
                "time_zone": null,
                "users": [
                  null
                ]
              }
            ],
            "name": "Site Reliability Engineering — secondary",
            "teams": [
              "52119881-2d5c-4652-b9af-456e96803fbf"
            ],
            "time_zone": "America/New_York"
          },
          "sensitive_attributes": [],
          "dependencies": [
            "module.teams.datadog_team.this"
          ]
        }
      ]
    },
    {
      "module": "module.teams",
      "mode": "managed",
      "type": "datadog_on_call_team_routing_rules",
      "name": "this",
      "provider": "provider[\"registry.terraform.io/datadog/datadog\"]",
      "instances": [
        {
          "index_key": "application-development",
          "schema_version": 0,
          "attributes": {
            "id": "cc5eab72-440f-4a50-aed0-529c78e212c6",
            "rule": [
              {
                "action": [],
                "escalation_policy": "108fd349-b051-4346-a6c8-83e6e8c298dd",
                "id": "e91c6d54-8b02-41bf-ba78-1d95fad20b2f",
                "query": "tags.priority:p1 tags.team:application-development",
                "time_restrictions": null,
                "urgency": "high"
              },
              {
                "action": [],
                "escalation_policy": "108fd349-b051-4346-a6c8-83e6e8c298dd",
                "id": "193ca374-8d4f-4403-b0a4-90c8f4447837",
                "query": "tags.priority:p2 tags.pages:true tags.team:application-development",
                "time_restrictions": null,
                "urgency": "high"
              },
              {
                "action": [],
                "escalation_policy": "108fd349-b051-4346-a6c8-83e6e8c298dd",
                "id": "ac4e5a89-8f9d-45bb-a85f-77677773c66e",
                "query": "",
                "time_restrictions": null,
                "urgency": "low"
              }
            ]
          },
          "sensitive_attributes": [],
          "dependencies": [
            "module.teams.datadog_on_call_escalation_policy.this",
            "module.teams.datadog_on_call_schedule.primary",
            "module.teams.datadog_on_call_schedule.secondary",
            "module.teams.datadog_team.this"
          ]
        },
        {
          "index_key": "cloud-engineering",
          "schema_version": 0,
          "attributes": {
            "id": "6938056c-36f5-4476-8b23-b3f77e5b9b42",
            "rule": [
              {
                "action": [],
                "escalation_policy": "e7dd75fa-3dab-4a8c-b348-c6e16a02a665",
                "id": "9d3aab84-756b-44f5-9515-2f92cecdf924",
                "query": "tags.priority:p1 tags.team:cloud-engineering",
                "time_restrictions": null,
                "urgency": "high"
              },
              {
                "action": [],
                "escalation_policy": "e7dd75fa-3dab-4a8c-b348-c6e16a02a665",
                "id": "f56149fc-d021-479b-aedc-b1fa9e7c6a17",
                "query": "tags.priority:p2 tags.pages:true tags.team:cloud-engineering",
                "time_restrictions": null,
                "urgency": "high"
              },
              {
                "action": [],
                "escalation_policy": "e7dd75fa-3dab-4a8c-b348-c6e16a02a665",
                "id": "529a37a6-c753-4ea6-a049-93b4ed790838",
                "query": "",
                "time_restrictions": null,
                "urgency": "low"
              }
            ]
          },
          "sensitive_attributes": [],
          "dependencies": [
            "module.teams.datadog_on_call_escalation_policy.this",
            "module.teams.datadog_on_call_schedule.primary",
            "module.teams.datadog_on_call_schedule.secondary",
            "module.teams.datadog_team.this"
          ]
        },
        {
          "index_key": "data-engineering",
          "schema_version": 0,
          "attributes": {
            "id": "885f3ffa-83c0-417e-9439-446b56ebbbf6",
            "rule": [
              {
                "action": [],
                "escalation_policy": "d5e04b8b-c2b8-4271-8a67-491e0f1632a9",
                "id": "7da0317a-f4a4-4345-b507-05694d8f456a",
                "query": "tags.priority:p1 tags.team:data-engineering",
                "time_restrictions": null,
                "urgency": "high"
              },
              {
                "action": [],
                "escalation_policy": "d5e04b8b-c2b8-4271-8a67-491e0f1632a9",
                "id": "94f1ceef-d5e9-4cdd-a1b2-eed4a2e55aa5",
                "query": "tags.priority:p2 tags.pages:true tags.team:data-engineering",
                "time_restrictions": null,
                "urgency": "high"
              },
              {
                "action": [],
                "escalation_policy": "d5e04b8b-c2b8-4271-8a67-491e0f1632a9",
                "id": "3e2f462c-846e-47bf-b8d9-cfaa1e420fb3",
                "query": "",
                "time_restrictions": null,
                "urgency": "low"
              }
            ]
          },
          "sensitive_attributes": [],
          "dependencies": [
            "module.teams.datadog_on_call_escalation_policy.this",
            "module.teams.datadog_on_call_schedule.primary",
            "module.teams.datadog_on_call_schedule.secondary",
            "module.teams.datadog_team.this"
          ]
        },
        {
          "index_key": "infrastructure-engineering",
          "schema_version": 0,
          "attributes": {
            "id": "fa332db9-16d9-42e1-af2f-6a0f47f0f489",
            "rule": [
              {
                "action": [],
                "escalation_policy": "a17e02e4-f31a-4071-9dfc-809f0bccbeb5",
                "id": "7c0abd28-d3b1-48a1-a86f-3cfffd020cff",
                "query": "tags.priority:p1 tags.team:infrastructure-engineering",
                "time_restrictions": null,
                "urgency": "high"
              },
              {
                "action": [],
                "escalation_policy": "a17e02e4-f31a-4071-9dfc-809f0bccbeb5",
                "id": "b32f2954-207d-4886-922e-7ac98429b784",
                "query": "tags.priority:p2 tags.pages:true tags.team:infrastructure-engineering",
                "time_restrictions": null,
                "urgency": "high"
              },
              {
                "action": [],
                "escalation_policy": "a17e02e4-f31a-4071-9dfc-809f0bccbeb5",
                "id": "adc30500-8c9d-4701-a52d-7e981a19632b",
                "query": "",
                "time_restrictions": null,
                "urgency": "low"
              }
            ]
          },
          "sensitive_attributes": [],
          "dependencies": [
            "module.teams.datadog_on_call_escalation_policy.this",
            "module.teams.datadog_on_call_schedule.primary",
            "module.teams.datadog_on_call_schedule.secondary",
            "module.teams.datadog_team.this"
          ]
        },
        {
          "index_key": "observability-platform",
          "schema_version": 0,
          "attributes": {
            "id": "35ba3c27-740f-4cb4-a22d-7bafc2e2aa6b",
            "rule": [
              {
                "action": [],
                "escalation_policy": "449d36c3-f244-4153-aae3-785f39a351b7",
                "id": "1be2b33f-cd59-47ef-b652-53472bcdc4bb",
                "query": "tags.priority:p1 tags.team:observability-platform",
                "time_restrictions": null,
                "urgency": "high"
              },
              {
                "action": [],
                "escalation_policy": "449d36c3-f244-4153-aae3-785f39a351b7",
                "id": "7e6bb8c1-17db-4345-985d-d6f89902a3d3",
                "query": "tags.priority:p2 tags.pages:true tags.team:observability-platform",
                "time_restrictions": null,
                "urgency": "high"
              },
              {
                "action": [],
                "escalation_policy": "449d36c3-f244-4153-aae3-785f39a351b7",
                "id": "ca122c7b-c5f9-4ca2-b6e1-5f1a7a76d471",
                "query": "",
                "time_restrictions": null,
                "urgency": "low"
              }
            ]
          },
          "sensitive_attributes": [],
          "dependencies": [
            "module.teams.datadog_on_call_escalation_policy.this",
            "module.teams.datadog_on_call_schedule.primary",
            "module.teams.datadog_on_call_schedule.secondary",
            "module.teams.datadog_team.this"
          ]
        },
        {
          "index_key": "security",
          "schema_version": 0,
          "attributes": {
            "id": "8bff36fb-9135-4cf9-8d54-379b0c290b79",
            "rule": [
              {
                "action": [],
                "escalation_policy": "41d0fc6b-ca7f-42b2-9dae-654ab0400b6e",
                "id": "185551fd-a0e5-43ab-ab03-b0400b9fd9bf",
                "query": "tags.priority:p1 tags.team:security",
                "time_restrictions": null,
                "urgency": "high"
              },
              {
                "action": [],
                "escalation_policy": "41d0fc6b-ca7f-42b2-9dae-654ab0400b6e",
                "id": "ff4be4f1-f313-43d5-935d-fd17a6066d78",
                "query": "tags.priority:p2 tags.pages:true tags.team:security",
                "time_restrictions": null,
                "urgency": "high"
              },
              {
                "action": [],
                "escalation_policy": "41d0fc6b-ca7f-42b2-9dae-654ab0400b6e",
                "id": "ec15fc25-0f85-4086-b6dd-0f9bf44bbd77",
                "query": "",
                "time_restrictions": null,
                "urgency": "low"
              }
            ]
          },
          "sensitive_attributes": [],
          "dependencies": [
            "module.teams.datadog_on_call_escalation_policy.this",
            "module.teams.datadog_on_call_schedule.primary",
            "module.teams.datadog_on_call_schedule.secondary",
            "module.teams.datadog_team.this"
          ]
        },
        {
          "index_key": "sre",
          "schema_version": 0,
          "attributes": {
            "id": "52119881-2d5c-4652-b9af-456e96803fbf",
            "rule": [
              {
                "action": [],
                "escalation_policy": "4fd7c5a0-ad1c-4152-8bf8-f4d0b25aba6a",
                "id": "65b1428f-e2a2-4f1e-b6d2-34f90222daf4",
                "query": "tags.priority:p1 tags.team:sre",
                "time_restrictions": null,
                "urgency": "high"
              },
              {
                "action": [],
                "escalation_policy": "4fd7c5a0-ad1c-4152-8bf8-f4d0b25aba6a",
                "id": "f0510f97-e8e2-4838-b061-040cc5eb8252",
                "query": "tags.priority:p2 tags.pages:true tags.team:sre",
                "time_restrictions": null,
                "urgency": "high"
              },
              {
                "action": [],
                "escalation_policy": "4fd7c5a0-ad1c-4152-8bf8-f4d0b25aba6a",
                "id": "c7b3be4c-4fff-4012-9b0a-0e98dc217fd2",
                "query": "",
                "time_restrictions": null,
                "urgency": "low"
              }
            ]
          },
          "sensitive_attributes": [],
          "dependencies": [
            "module.teams.datadog_on_call_escalation_policy.this",
            "module.teams.datadog_on_call_schedule.primary",
            "module.teams.datadog_on_call_schedule.secondary",
            "module.teams.datadog_team.this"
          ]
        }
      ]
    },
    {
      "module": "module.teams",
      "mode": "managed",
      "type": "datadog_team",
      "name": "this",
      "provider": "provider[\"registry.terraform.io/datadog/datadog\"]",
      "instances": [
        {
          "index_key": "application-development",
          "schema_version": 0,
          "attributes": {
            "description": "Owns api, integration. Escalates to sre. (managed_by:terraform)",
            "handle": "application-development",
            "id": "cc5eab72-440f-4a50-aed0-529c78e212c6",
            "link_count": 0,
            "name": "Application Development",
            "summary": "Owns api, integration. Escalates to sre. (managed_by:terraform)",
            "user_count": 0
          },
          "sensitive_attributes": []
        },
        {
          "index_key": "cloud-engineering",
          "schema_version": 0,
          "attributes": {
            "description": "Owns cloud, kubernetes, messaging. Escalates to sre. (managed_by:terraform)",
            "handle": "cloud-engineering",
            "id": "6938056c-36f5-4476-8b23-b3f77e5b9b42",
            "link_count": 0,
            "name": "Cloud Engineering",
            "summary": "Owns cloud, kubernetes, messaging. Escalates to sre. (managed_by:terraform)",
            "user_count": 0
          },
          "sensitive_attributes": []
        },
        {
          "index_key": "data-engineering",
          "schema_version": 0,
          "attributes": {
            "description": "Owns database, data. Escalates to sre. (managed_by:terraform)",
            "handle": "data-engineering",
            "id": "885f3ffa-83c0-417e-9439-446b56ebbbf6",
            "link_count": 0,
            "name": "Data Engineering",
            "summary": "Owns database, data. Escalates to sre. (managed_by:terraform)",
            "user_count": 0
          },
          "sensitive_attributes": []
        },
        {
          "index_key": "infrastructure-engineering",
          "schema_version": 0,
          "attributes": {
            "description": "Owns infrastructure, vmware, network. Escalates to sre. (managed_by:terraform)",
            "handle": "infrastructure-engineering",
            "id": "fa332db9-16d9-42e1-af2f-6a0f47f0f489",
            "link_count": 0,
            "name": "Infrastructure Engineering",
            "summary": "Owns infrastructure, vmware, network. Escalates to sre. (managed_by:terraform)",
            "user_count": 0
          },
          "sensitive_attributes": []
        },
        {
          "index_key": "observability-platform",
          "schema_version": 0,
          "attributes": {
            "description": "Owns platform. Escalates to sre. (managed_by:terraform)",
            "handle": "observability-platform",
            "id": "35ba3c27-740f-4cb4-a22d-7bafc2e2aa6b",
            "link_count": 0,
            "name": "Observability Platform (owns this repository)",
            "summary": "Owns platform. Escalates to sre. (managed_by:terraform)",
            "user_count": 0
          },
          "sensitive_attributes": []
        },
        {
          "index_key": "security",
          "schema_version": 0,
          "attributes": {
            "description": "Owns security. Escalates to security-leadership. (managed_by:terraform)",
            "handle": "security",
            "id": "8bff36fb-9135-4cf9-8d54-379b0c290b79",
            "link_count": 0,
            "name": "Security Engineering",
            "summary": "Owns security. Escalates to security-leadership. (managed_by:terraform)",
            "user_count": 0
          },
          "sensitive_attributes": []
        },
        {
          "index_key": "sre",
          "schema_version": 0,
          "attributes": {
            "description": "Owns application, saas, platform. Escalates to platform-leadership. (managed_by:terraform)",
            "handle": "sre",
            "id": "52119881-2d5c-4652-b9af-456e96803fbf",
            "link_count": 0,
            "name": "Site Reliability Engineering",
            "summary": "Owns application, saas, platform. Escalates to platform-leadership. (managed_by:terraform)",
            "user_count": 0
          },
          "sensitive_attributes": []
        }
      ]
    },
    {
      "module": "module.workflows",
      "mode": "managed",
      "type": "datadog_workflow_automation",
      "name": "this",
      "provider": "provider[\"registry.terraform.io/datadog/datadog\"]",
      "instances": [
        {
          "index_key": "diag-api-health",
          "schema_version": 0,
          "attributes": {
            "description": "diagnostic_only automation attached to monitors via automation_ref:diag-api-health. Actions: fetch_monitor, top_failing_endpoints, upstream_status, rate_limit_state.",
            "id": "6cc3e4bf-d5e4-4405-b086-2b227f2a19dc",
            "name": "enrich-api-health",
            "published": true,
            "spec_json": "{\"steps\":[{\"actionId\":\"com.datadoghq.dd.monitor.getMonitor\",\"name\":\"fetch_monitor\",\"outboundEdges\":[],\"parameters\":[{\"name\":\"monitorId\",\"value\":\"{{ Trigger.monitorId }}\"}]}],\"triggers\":[{\"monitorTrigger\":{\"rateLimit\":{\"count\":100,\"interval\":\"3600s\"}},\"startStepNames\":[\"fetch_monitor\"]}]}",
            "tags": [
              "approval:none",
              "automation_class:diagnostic_only",
              "automation_ref:diag-api-health",
              "managed_by:terraform",
              "rate_cap_per_hour:0",
              "read_only:true",
              "reversible:true",
              "team:application-development"
            ],
            "webhook_secret": null
          },
          "sensitive_attributes": [
            [
              {
                "type": "get_attr",
                "value": "webhook_secret"
              }
            ]
          ]
        },
        {
          "index_key": "diag-app-health",
          "schema_version": 0,
          "attributes": {
            "description": "diagnostic_only automation attached to monitors via automation_ref:diag-app-health. Actions: fetch_monitor, query_recent_errors, fetch_deploy_history, fetch_dependency_map.",
            "id": "f6ace332-0cfd-4a5b-8eb5-37b2c930fdf0",
            "name": "enrich-application-health",
            "published": true,
            "spec_json": "{\"steps\":[{\"actionId\":\"com.datadoghq.dd.monitor.getMonitor\",\"name\":\"fetch_monitor\",\"outboundEdges\":[],\"parameters\":[{\"name\":\"monitorId\",\"value\":\"{{ Trigger.monitorId }}\"}]}],\"triggers\":[{\"monitorTrigger\":{\"rateLimit\":{\"count\":100,\"interval\":\"3600s\"}},\"startStepNames\":[\"fetch_monitor\"]}]}",
            "tags": [
              "approval:none",
              "automation_class:diagnostic_only",
              "automation_ref:diag-app-health",
              "managed_by:terraform",
              "rate_cap_per_hour:0",
              "read_only:true",
              "reversible:true",
              "team:sre"
            ],
            "webhook_secret": null
          },
          "sensitive_attributes": [
            [
              {
                "type": "get_attr",
                "value": "webhook_secret"
              }
            ]
          ]
        }
      ]
    }
  ],
  "check_results": [
    {
      "object_kind": "var",
      "config_addr": "var.workflow_budget",
      "status": "pass",
      "objects": [
        {
          "object_addr": "var.workflow_budget",
          "status": "pass"
        }
      ]
    },
    {
      "object_kind": "var",
      "config_addr": "module.workflows.var.workflows",
      "status": "pass",
      "objects": [
        {
          "object_addr": "module.workflows.var.workflows",
          "status": "pass"
        }
      ]
    },
    {
      "object_kind": "var",
      "config_addr": "module.notification_rules.var.routes",
      "status": "unknown",
      "objects": [
        {
          "object_addr": "module.notification_rules.var.routes",
          "status": "unknown"
        }
      ]
    },
    {
      "object_kind": "var",
      "config_addr": "module.teams.var.step1_after_minutes",
      "status": "unknown",
      "objects": [
        {
          "object_addr": "module.teams.var.step1_after_minutes",
          "status": "unknown"
        }
      ]
    },
    {
      "object_kind": "var",
      "config_addr": "module.teams.var.step2_after_minutes",
      "status": "unknown",
      "objects": [
        {
          "object_addr": "module.teams.var.step2_after_minutes",
          "status": "unknown"
        }
      ]
    },
    {
      "object_kind": "var",
      "config_addr": "module.teams.var.step3_after_minutes",
      "status": "unknown",
      "objects": [
        {
          "object_addr": "module.teams.var.step3_after_minutes",
          "status": "unknown"
        }
      ]
    },
    {
      "object_kind": "var",
      "config_addr": "module.teams.var.step4_after_minutes",
      "status": "unknown",
      "objects": [
        {
          "object_addr": "module.teams.var.step4_after_minutes",
          "status": "unknown"
        }
      ]
    },
    {
      "object_kind": "check",
      "config_addr": "check.workflow_priority_is_complete",
      "status": "pass",
      "objects": [
        {
          "object_addr": "check.workflow_priority_is_complete",
          "status": "pass"
        }
      ]
    }
  ]
}
