{
  "version": 4,
  "terraform_version": "1.9.8",
  "serial": 337,
  "lineage": "a5a45b62-a0ad-4029-e5d1-20aff40fb070",
  "outputs": {},
  "resources": [
    {
      "module": "module.dashboards",
      "mode": "managed",
      "type": "datadog_dashboard_json",
      "name": "this",
      "provider": "provider[\"registry.terraform.io/datadog/datadog\"]",
      "instances": [
        {
          "index_key": "alert-quality",
          "schema_version": 0,
          "attributes": {
            "dashboard": "{\"description\":\"The board that keeps the platform honest. If these numbers get worse, the framework is failing regardless of how much coverage it reports. Reviewed monthly by the observability-platform team with domain owners.\",\"is_read_only\":false,\"layout_type\":\"ordered\",\"notify_list\":null,\"reflow_type\":\"auto\",\"template_variables\":[{\"default\":\"*\",\"name\":\"team\",\"prefix\":\"team\"}],\"title\":\"Alert Quality Scorecard\",\"widgets\":[{\"definition\":{\"background_color\":\"yellow\",\"content\":\"**How to read this board.** Coverage is easy to grow and easy to fake. These five numbers are the ones that decide whether on-call is sustainable:\\n\\n1. **Pages per week per team** — the burnout metric. Target \\u003c 5.\\n2. **Actionability** — share of pages that led to a change. Target \\u003e 70%.\\n3. **Auto-resolved without action** — alerts that recovered on their own. Target \\u003c 20%; higher means thresholds are wrong.\\n4. **Flapping monitors** — anything transitioning more than 4x/hour is muted and ticketed.\\n5. **Predictive share** — proportion of the estate using anomaly/forecast/outlier detection rather than fixed thresholds.\",\"font_size\":\"14\",\"show_tick\":false,\"text_align\":\"left\",\"type\":\"note\"}},{\"definition\":{\"requests\":[{\"q\":\"top(sum:datadog.monitor.alert_count{pages:true,managed_by:terraform} by {team}.as_count(), 10, 'sum', 'desc')\",\"style\":{\"palette\":\"warm\"}}],\"title\":\"Pages per team (7d) — the burnout metric\",\"type\":\"toplist\"}},{\"definition\":{\"requests\":[{\"display_type\":\"bars\",\"q\":\"sum:datadog.monitor.alert_count{priority:p1,managed_by:terraform}.as_count()\"},{\"display_type\":\"bars\",\"q\":\"sum:datadog.monitor.alert_count{priority:p2,managed_by:terraform}.as_count()\"},{\"display_type\":\"bars\",\"q\":\"sum:datadog.monitor.alert_count{priority:p3,managed_by:terraform}.as_count()\"}],\"title\":\"Alert volume by priority (30d)\",\"type\":\"timeseries\"}},{\"definition\":{\"requests\":[{\"q\":\"top(sum:datadog.monitor.alert_count{managed_by:terraform} by {monitor_id}.as_count(), 20, 'sum', 'desc')\",\"style\":{\"palette\":\"orange\"}}],\"title\":\"Noisiest monitors (30d) — candidates for retuning or deletion\",\"type\":\"toplist\"}},{\"definition\":{\"requests\":[{\"q\":\"sum:datadog.monitor.alert_count{managed_by:terraform} by {detection}.as_count()\"}],\"title\":\"Detection mix — predictive vs fixed threshold\",\"type\":\"sunburst\"}},{\"definition\":{\"precision\":0,\"requests\":[{\"conditional_formats\":[{\"comparator\":\"\\u003e\",\"palette\":\"white_on_red\",\"value\":0},{\"comparator\":\"\\u003c=\",\"palette\":\"white_on_green\",\"value\":0}],\"q\":\"max:acme.observability.unmanaged_monitor_count{*}\"}],\"title\":\"Unmanaged (click-ops) monitors — must be zero\",\"type\":\"query_value\"}},{\"definition\":{\"precision\":0,\"requests\":[{\"conditional_formats\":[{\"comparator\":\"\\u003e\",\"palette\":\"white_on_red\",\"value\":1500},{\"comparator\":\"\\u003e\",\"palette\":\"white_on_yellow\",\"value\":1200},{\"comparator\":\"\\u003c=\",\"palette\":\"white_on_green\",\"value\":1200}],\"q\":\"max:acme.observability.managed_monitor_count{*}\"}],\"title\":\"Managed monitor count against budget\",\"type\":\"query_value\"}}]}",
            "dashboard_lists": null,
            "dashboard_lists_removed": [],
            "id": "78p-dm3-jbk",
            "url": "/dashboard/78p-dm3-jbk/alert-quality-scorecard"
          },
          "sensitive_attributes": [],
          "private": "bnVsbA=="
        }
      ]
    },
    {
      "module": "module.rbac[0]",
      "mode": "data",
      "type": "datadog_permissions",
      "name": "all",
      "provider": "provider[\"registry.terraform.io/datadog/datadog\"]",
      "instances": [
        {
          "schema_version": 0,
          "attributes": {
            "id": "datadog-permissions",
            "include_restricted": false,
            "permissions": {
              "actions_interface_run": "05a700c8-568d-11f0-a121-da7ad0900002",
              "admin": "984a2bd4-d3b4-11e8-a1ff-a7f660d43029",
              "agent_builder_external_mcp_resolve": "3fdb1340-5094-11f1-afa1-da7ad0900002",
              "agent_builder_external_mcp_write": "3fd370f4-5094-11f1-afa0-da7ad0900002",
              "agent_builder_read": "8e2764d8-f246-11f0-a91e-da7ad0900002",
              "agent_builder_run": "8e281e5a-f246-11f0-a920-da7ad0900002",
              "agent_builder_write": "8e281d1a-f246-11f0-a91f-da7ad0900002",
              "agent_flare_collection": "6c5c79b2-21a4-11ee-99ee-da7ad0900002",
              "agent_upgrade_write": "ce892b8a-00ce-11ef-8fca-da7ad0900002",
              "ai_guard_evaluate": "3a7d4b62-5cfb-11f0-b5fb-da7ad0900002",
              "ai_guard_view": "7879eade-350d-11f1-972d-da7ad0900002",
              "ai_guard_write": "787a1c98-350d-11f1-972e-da7ad0900002",
              "api_keys_delete": "7850e390-20da-11ee-bed6-da7ad0900002",
              "api_keys_read": "372896c4-f923-11ea-adbc-4fecd107156d",
              "api_keys_write": "3e4d4d28-f923-11ea-adbc-e3565938c12e",
              "apm_apdex_manage_write": "53950c54-2dce-11eb-84c0-a79ae108f6f8",
              "apm_api_catalog_read": "bdda0cea-c1f0-11ee-b427-da7ad0900002",
              "apm_api_catalog_write": "bdda759a-c1f0-11ee-b428-da7ad0900002",
              "apm_generate_metrics": "26c79920-1703-11ec-85d2-da7ad0900002",
              "apm_pipelines_read": "8e4d6b6e-5750-11ec-a9f4-da7ad0900002",
              "apm_pipelines_write": "020a563c-56a4-11ec-a982-da7ad0900002",
              "apm_primary_operation_write": "61765026-2dce-11eb-84c0-833e230d1b8f",
              "apm_recommendations_notification_rules_read": "a1f40ec6-2171-11f1-80f0-da7ad0900002",
              "apm_recommendations_notification_rules_write": "a1f42a5a-2171-11f1-80f1-da7ad0900002",
              "apm_remote_configuration_read": "77d55a44-7a5a-11ed-8abe-da7ad0900002",
              "apm_remote_configuration_write": "77d5f45e-7a5a-11ed-8abf-da7ad0900002",
              "apm_retention_filter_read": "43fa188e-2dce-11eb-84c0-835ad1fd6287",
              "apm_retention_filter_write": "465cfe66-2dce-11eb-84c0-6baa888239fa",
              "apm_service_catalog_read": "ee68fba8-173a-11ed-b00b-da7ad0900002",
              "apm_service_catalog_write": "ee68fba9-173a-11ed-b00b-da7ad0900002",
              "apm_service_ingest_read": "4916eebe-2dce-11eb-84c0-271cb2c672e8",
              "apm_service_ingest_write": "4e3f02b4-2dce-11eb-84c0-2fca946a6efc",
              "apm_service_renaming_write": "cccaeb6e-a54e-11f0-aeb1-da7ad0900002",
              "apm_tag_management_write": "5cbe5f9c-2dce-11eb-84c0-872d3e9f1076",
              "apm_workload_selection_read": "d0bdfc22-b8e8-11f0-808d-da7ad0900002",
              "apm_workload_selection_write": "d0bea0a0-b8e8-11f0-808e-da7ad0900002",
              "apps_datastore_manage": "bf4407e6-60ad-11ef-83c3-da7ad0900002",
              "apps_datastore_read": "bf446b0a-60ad-11ef-83c4-da7ad0900002",
              "apps_datastore_write": "bf446e2a-60ad-11ef-83c5-da7ad0900002",
              "apps_form_manage": "3472ea30-7c6b-11f0-a2d5-da7ad0900002",
              "apps_form_read": "34724c9c-7c6b-11f0-a2d4-da7ad0900002",
              "apps_run": "99474cc2-5a12-11ed-b547-da7ad0900002",
              "apps_write": "9948271e-5a12-11ed-b548-da7ad0900002",
              "appsec_activation_read": "4ee5731c-55d9-11ed-b10b-da7ad0900002",
              "appsec_activation_write": "4ee60688-55d9-11ed-b10c-da7ad0900002",
              "appsec_event_rule_read": "97971c1c-e895-11eb-b13c-da7ad0900002",
              "appsec_event_rule_write": "97971c1d-e895-11eb-b13c-da7ad0900002",
              "appsec_protect_read": "4ee674f6-55d9-11ed-b10d-da7ad0900002",
              "appsec_protect_write": "4ee7e46c-55d9-11ed-b10e-da7ad0900002",
              "appsec_vm_write": "b1ad77e6-0949-11ee-b2c3-da7ad0900002",
              "assistant_access": "3ccb51b0-8f47-11f0-81a8-da7ad0900002",
              "audience_management_read": "bccba216-cd37-11ef-b636-da7ad0900002",
              "audience_management_write": "bccc2ee8-cd37-11ef-b637-da7ad0900002",
              "audit_logs_read": "2fbdac76-f923-11ea-adbc-07f3823e2b43",
              "audit_logs_write": "04bc1cf2-340a-11eb-873a-43b973c760dd",
              "aws_configuration_edit": "e2310daa-08a9-11ef-8653-da7ad0900002",
              "aws_configuration_read": "f5f4e8fc-0197-11ef-be21-da7ad0900002",
              "aws_configurations_manage": "7b1f5086-c59e-11ec-aa32-da7ad0900002",
              "azure_configuration_edit": "e23194fa-08a9-11ef-8654-da7ad0900002",
              "azure_configuration_read": "f5f4e9a6-0197-11ef-be22-da7ad0900002",
              "azure_configurations_manage": "7b1f5088-c59e-11ec-aa32-da7ad0900002",
              "billing_edit": "46a301e0-ec5c-11ea-aa9f-6ba6cc675d8c",
              "billing_read": "46a301df-ec5c-11ea-aa9f-970a9ae645e5",
              "bits_dev_write": "ed0d4e16-0134-11f1-8520-da7ad0900002",
              "bits_investigations_read": "9727b526-2530-11f0-aa8f-da7ad0900002",
              "bits_investigations_write": "e285c44a-8381-11f0-93b6-da7ad0900002",
              "bits_security_analyst_config_write": "e2bcf0ac-d9fb-11f0-830e-da7ad0900002",
              "bits_security_analyst_write": "e2bce80a-d9fb-11f0-830d-da7ad0900002",
              "cases_read": "8247acc4-7a4c-11ed-958f-da7ad0900002",
              "cases_shared_settings_write": "80f0e58e-4bb4-11f0-af97-da7ad0900002",
              "cases_write": "824851a6-7a4c-11ed-9590-da7ad0900002",
              "ccm_budget_write": "d6e5883a-426e-11f1-a9cd-da7ad0900002",
              "ccm_forecast_write": "d6e65364-426e-11f1-a9ce-da7ad0900002",
              "ci_ingestion_control_write": "35dd33ea-ca2e-11ed-bca0-da7ad0900002",
              "ci_provider_settings_write": "6c59ae72-7aff-11ed-a5cc-da7ad0900002",
              "ci_visibility_pipelines_write": "61f9891a-0070-11ee-9c3f-da7ad0900002",
              "ci_visibility_settings_write": "6c5b7428-7aff-11ed-a5ce-da7ad0900002",
              "ci_visibility_write": "6c5c1090-7aff-11ed-a5cf-da7ad0900002",
              "client_tokens_read": "4e61a95e-de98-11ed-aa23-da7ad0900002",
              "client_tokens_write": "4e61ea18-de98-11ed-aa24-da7ad0900002",
              "cloud_cost_management_read": "a773e3d8-fff2-11ed-965c-da7ad0900002",
              "cloud_cost_management_write": "a77452c8-fff2-11ed-965d-da7ad0900002",
              "cloudcraft_read": "722ecc08-036d-11f0-8484-da7ad0900002",
              "code_analysis_read": "ce67705a-5419-11ef-8c73-da7ad0900002",
              "code_coverage_read": "e540c5c8-3a65-11f0-8690-da7ad0900002",
              "connection_groups_read": "bdc2acbe-7c1f-11ef-b362-da7ad0900002",
              "connection_groups_write": "503d01ea-751b-11ef-85ac-da7ad0900002",
              "connections_read": "f6e917a6-8502-11ec-bf20-da7ad0900002",
              "connections_resolve": "36e2a22e-248a-11ed-b405-da7ad0900002",
              "connections_write": "f6e917a7-8502-11ec-bf20-da7ad0900002",
              "containers_generate_image_metrics": "27b95c32-ccf1-11ee-ae65-da7ad0900002",
              "continuous_profiler_pgo_read": "f5f475d4-0197-11ef-be1f-da7ad0900002",
              "continuous_profiler_read": "c13a2368-7d61-11ed-b5b7-da7ad0900002",
              "coterm_read": "a2869476-f611-11ef-850d-da7ad0900002",
              "coterm_write": "a2862964-f611-11ef-850c-da7ad0900002",
              "dashboards_embed_share": "5bc15422-b732-11ef-b2f1-da7ad0900002",
              "dashboards_invite_share": "5bc0cdea-b732-11ef-b2f0-da7ad0900002",
              "dashboards_public_share": "d90f6832-d3d8-11e9-a77a-bf8a2607f864",
              "dashboards_write": "d90f6831-d3d8-11e9-a77a-4fd230ddbc6a",
              "data_observability_catalog_write": "0137b832-2957-11f1-a9f8-da7ad0900002",
              "data_scanner_read": "bf0dcf7c-90af-11eb-9b82-da7ad0900002",
              "data_scanner_unmask": "0b32e638-7a0f-11f0-bc08-da7ad0900002",
              "data_scanner_write": "bf0dcf7d-90af-11eb-9b82-da7ad0900002",
              "data_streams_kafka_produce_message": "9c47f25a-1396-11f1-9f65-da7ad0900002",
              "data_streams_monitoring_capture_messages": "fb232b90-fb79-11ef-82a0-da7ad0900002",
              "dbm_parameterized_queries_read": "942678c0-a867-11f0-9fda-da7ad0900002",
              "dbm_read": "92b11e72-9012-11f0-9b95-da7ad0900002",
              "ddsql_editor_read": "bc3f9ed4-8a3d-11ef-b5a4-da7ad0900002",
              "debugger_capture_variables": "7c7836fc-6f6e-11ee-8cdd-da7ad0900002",
              "debugger_read": "edfd5e75-801f-11eb-96d8-da7ad0900002",
              "debugger_write": "edfd5e74-801f-11eb-96d8-da7ad0900002",
              "debugger_write_pre_prod": "93678f08-8447-11f0-92ea-da7ad0900002",
              "disaster_recovery_status_read": "a8c986a6-989a-11ef-873e-da7ad0900002",
              "disaster_recovery_status_write": "a8ca1fda-989a-11ef-873f-da7ad0900002",
              "dora_metrics_read": "c6d32708-df47-11ef-abf3-da7ad0900002",
              "dora_metrics_write": "fef64526-7dfc-11f0-a6c0-da7ad0900002",
              "dora_settings_write": "ca06b2b4-f5cd-11ee-9e77-da7ad0900002",
              "embeddable_graphs_share": "5bc15562-b732-11ef-b2f2-da7ad0900002",
              "error_tracking_exclusion_filters_write": "10091e90-984b-11ee-9b68-da7ad0900002",
              "error_tracking_read": "c6d3a3e0-df47-11ef-abf4-da7ad0900002",
              "error_tracking_settings_write": "10098bc8-984b-11ee-9b69-da7ad0900002",
              "error_tracking_write": "36bf3d0a-ccc0-11ed-9453-da7ad0900002",
              "event_config_write": "8352cf04-f6ac-11ed-9ec7-da7ad0900002",
              "event_correlation_config_read": "a4316eb8-f438-11ed-8af2-da7ad0900002",
              "event_correlation_config_write": "a431bf12-f438-11ed-8af3-da7ad0900002",
              "events_write_pipelines": "c8a95a3a-1e4c-11f1-b087-da7ad0900002",
              "events_write_processors": "c8a9f4ea-1e4c-11f1-b088-da7ad0900002",
              "execution_groups_read": "d835fb20-31ed-11f1-81dd-da7ad0900002",
              "execution_groups_write": "1737b666-2ecd-11f1-8ab6-da7ad0900002",
              "external_provider_status_notifications_read": "e2bc0cfa-d9fb-11f0-830b-da7ad0900002",
              "external_provider_status_notifications_write": "e2bcbfba-d9fb-11f0-830c-da7ad0900002",
              "facets_write": "1b8f54cc-2ca4-11ee-9e72-da7ad0900002",
              "feature_flag_approvals_override": "90c09ec0-dc44-11f0-b367-da7ad0900002",
              "feature_flag_config_read": "6fbec2f0-8e7f-11f0-be58-da7ad0900002",
              "feature_flag_config_write": "6fbe365a-8e7f-11f0-be57-da7ad0900002",
              "feature_flag_environment_config_read": "6fbeef64-8e7f-11f0-be5a-da7ad0900002",
              "feature_flag_environment_config_write": "6fbeee92-8e7f-11f0-be59-da7ad0900002",
              "fleet_policies_write": "2757c192-389a-11ef-b37c-da7ad0900002",
              "flex_logs_config_write": "cb5a53dc-13aa-11ef-9749-da7ad0900002",
              "gcp_configuration_edit": "e2319608-08a9-11ef-8655-da7ad0900002",
              "gcp_configuration_read": "f5f4ec44-0197-11ef-be23-da7ad0900002",
              "gcp_configurations_manage": "7b1f5087-c59e-11ec-aa32-da7ad0900002",
              "generate_ccm_report_schedules": "b7d5c544-5dc8-11f0-94bb-da7ad0900002",
              "generate_dashboard_reports": "6c87d3da-e5c5-11ec-b1d6-da7ad0900002",
              "generate_log_reports": "cdfb1760-118e-11f0-bc0c-da7ad0900002",
              "governance_console_read": "8c2cd864-716f-11f0-9eb9-da7ad0900002",
              "governance_console_write": "559980f6-ca55-11f0-8040-da7ad0900002",
              "guardrails_read": "7abf702c-5ebe-11f1-8df5-da7ad0900002",
              "guardrails_write": "7ac0825a-5ebe-11f1-8df6-da7ad0900002",
              "host_tags_write": "a51b375a-ff73-11ed-8c18-da7ad0900002",
              "incident_documents_write": "49e0e2fc-6115-11f1-82e9-da7ad0900002",
              "incident_notification_settings_read": "4dc3eec6-b468-11ed-8539-da7ad0900002",
              "incident_notification_settings_write": "4dc4094c-b468-11ed-853a-da7ad0900002",
              "incident_postmortems_write": "a63dd8aa-6063-11f1-a4ac-da7ad0900002",
              "incident_settings_read": "12efc20f-d36c-11eb-a9b8-da7ad0900002",
              "incident_settings_write": "12efc210-d36c-11eb-a9b8-da7ad0900002",
              "incident_write": "12efc211-d36c-11eb-a9b8-da7ad0900002",
              "incidents_private_global_access": "7a89ec40-8b69-11ec-812d-da7ad0900002",
              "infrastructure_resource_policies_read": "650d4174-ea6e-11f0-bbcc-da7ad0900002",
              "infrastructure_resource_policies_write": "650e0028-ea6e-11f0-bbcd-da7ad0900002",
              "integrations_api": "fcac2ad8-2843-11eb-8315-0fe47949d625",
              "integrations_read": "1b572396-ba15-11ee-9e19-da7ad0900002",
              "intelligent_test_runner_activation_write": "6c5d0892-7aff-11ed-a5d0-da7ad0900002",
              "intelligent_test_runner_settings_write": "6c5de654-7aff-11ed-a5d1-da7ad0900002",
              "live_debugger_read": "7b27d508-4d71-11f1-834c-da7ad0900002",
              "live_debugger_redaction_write": "e39ed286-68f0-11f1-9547-da7ad0900002",
              "live_debugger_write": "7b28c800-4d71-11f1-834d-da7ad0900002",
              "llm_observability_read": "8c3a9cde-0973-11ef-a2be-da7ad0900002",
              "llm_observability_write": "ad8b4c4a-5990-11ef-b34b-da7ad0900002",
              "logs_delete_data": "e35c06b0-966b-11ec-83c9-da7ad0900002",
              "logs_generate_metrics": "979df720-aed7-11e9-99c6-a7eb8373165a",
              "logs_live_tail": "6f66600e-dd12-11e8-9e55-7f30fbb45e73",
              "logs_modify_indexes": "62cc036c-dd12-11e8-9e54-db9995643092",
              "logs_read_archives": "b382b982-8535-11ea-93de-2bf1bdf20798",
              "logs_read_config": "8da487f0-d2af-11ef-91c8-da7ad0900002",
              "logs_read_data": "1af86ce4-7823-11ea-93dc-d7cad1b1c6cb",
              "logs_read_index_data": "5e605652-dd12-11e8-9e53-375565b8970e",
              "logs_read_workspaces": "6595b70a-b7fe-11ef-977d-da7ad0900002",
              "logs_write_archive_search": "32746ad6-433c-11f1-878d-da7ad0900002",
              "logs_write_archives": "87b00304-dd12-11e8-9e59-cbeb5f71f72f",
              "logs_write_exclusion_filters": "7d7c98ac-dd12-11e8-9e56-93700598622d",
              "logs_write_facets": "6ba32d22-0e1a-11eb-ba44-bf9a5aafaa39",
              "logs_write_forwarding_rules": "5b2c3e28-1761-11ed-b018-da7ad0900002",
              "logs_write_historical_view": "07c3c146-f7f8-11ea-acf6-0bd62b9ae60e",
              "logs_write_pipelines": "811ac4ca-dd12-11e8-9e57-676a7f0beef9",
              "logs_write_processors": "84aa3ae4-dd12-11e8-9e58-a373a514ccd0",
              "logs_write_workspaces": "6596753c-b7fe-11ef-977e-da7ad0900002",
              "manage_ccm_report_schedules": "b7d660bc-5dc8-11f0-94bc-da7ad0900002",
              "manage_integrations": "7b1f5089-c59e-11ec-aa32-da7ad0900002",
              "manage_log_reports": "cdfb9f64-118e-11f0-bc0d-da7ad0900002",
              "mcp_read": "42f0ed12-c57e-11f0-aeed-da7ad0900002",
              "mcp_write": "42f0457e-c57e-11f0-aeec-da7ad0900002",
              "metric_tags_write": "46a301e4-ec5c-11ea-aa9f-87282b3a50cc",
              "metrics_metadata_write": "cc8cd958-11eb-11ee-ade2-da7ad0900002",
              "monitor_config_policy_write": "4784b11c-f311-11ec-a5f5-da7ad0900002",
              "monitors_downtime": "4d87d5f8-d8b1-11e9-a77a-eb9c8350d04f",
              "monitors_write": "48ef71ea-d8b1-11e9-a77a-93f408470ad0",
              "ndm_device_config_read": "5d91ca96-9a46-11f0-9f77-da7ad0900002",
              "ndm_device_config_write": "a63cb614-6063-11f1-a4ab-da7ad0900002",
              "ndm_device_profiles_edit": "1d99b426-0ff9-11f0-9d19-da7ad0900002",
              "ndm_device_profiles_view": "1d993a28-0ff9-11f0-9d18-da7ad0900002",
              "ndm_device_tags_write": "9c6bdd74-2160-11f0-a4bd-da7ad0900002",
              "ndm_devices_read": "9c6b2fd2-2160-11f0-a4bc-da7ad0900002",
              "ndm_geomap_locations_write": "92b1b044-9012-11f0-9b96-da7ad0900002",
              "ndm_netflow_port_mappings_write": "263eff86-6925-11ee-acc0-da7ad0900002",
              "network_connections_read": "961ab99e-e813-11ef-8131-da7ad0900002",
              "network_health_insights_read": "3cb44eda-8db6-11f0-a663-da7ad0900002",
              "notebooks_write": "b6bf9ac7-9a59-11ec-8480-da7ad0900002",
              "observability_pipelines_capture_read": "5377e20c-6563-11ef-bd11-da7ad0900002",
              "observability_pipelines_capture_write": "53784710-6563-11ef-bd12-da7ad0900002",
              "observability_pipelines_delete": "6c5ce898-21a4-11ee-99ef-da7ad0900002",
              "observability_pipelines_deploy": "6c5ce992-21a4-11ee-99f0-da7ad0900002",
              "observability_pipelines_read": "945b3bb4-5884-11ec-aa6d-da7ad0900002",
              "observability_pipelines_write": "945b3bb5-5884-11ec-aa6d-da7ad0900002",
              "oci_configuration_edit": "e231ca6a-08a9-11ef-8656-da7ad0900002",
              "oci_configuration_read": "f5f4f068-0197-11ef-be24-da7ad0900002",
              "oci_configurations_manage": "f5f4d31c-0197-11ef-be20-da7ad0900002",
              "on_call_admin": "b5c5b3e0-30fa-11f0-8a0d-da7ad0900002",
              "on_call_page": "1c24b292-da90-11ef-910c-da7ad0900002",
              "on_call_read": "1c23f168-da90-11ef-910a-da7ad0900002",
              "on_call_respond": "66c075bc-e296-11ef-bba7-da7ad0900002",
              "on_call_write": "1c248fc4-da90-11ef-910b-da7ad0900002",
              "on_prem_runner_read": "50c173fc-e54d-11ee-bb23-da7ad0900002",
              "on_prem_runner_use": "50c1dd10-e54d-11ee-bb24-da7ad0900002",
              "on_prem_runner_write": "50c1e0b2-e54d-11ee-bb25-da7ad0900002",
              "orchestration_autoscaling_manage": "37236de4-34eb-11f0-9f9b-da7ad0900002",
              "orchestration_custom_resource_definitions_write": "27583ae6-389a-11ef-b37d-da7ad0900002",
              "orchestration_workload_scaling_read": "9c6bfe80-2160-11f0-a4be-da7ad0900002",
              "orchestration_workload_scaling_write": "ce67efb2-5419-11ef-8c74-da7ad0900002",
              "org_app_keys_read": "46a301db-ec5c-11ea-aa9f-2fe72193d60e",
              "org_app_keys_write": "46a301dc-ec5c-11ea-aa9f-13b33f8f46ea",
              "org_connections_read": "8079f2e6-2724-11ee-84eb-da7ad0900002",
              "org_connections_write": "807a82d8-2724-11ee-84ec-da7ad0900002",
              "org_group_read": "a1f33708-2171-11f1-80ee-da7ad0900002",
              "org_group_write": "a1f3f260-2171-11f1-80ef-da7ad0900002",
              "org_management": "7df222b6-a45c-11eb-a0af-da7ad0900002",
              "process_tags_read": "961a20c4-e813-11ef-812f-da7ad0900002",
              "process_tags_write": "961a9c48-e813-11ef-8130-da7ad0900002",
              "processes_generate_metrics": "785177a6-20da-11ee-bed7-da7ad0900002",
              "product_analytics_apps_write": "8f92d602-5086-11f0-b4dd-da7ad0900002",
              "product_analytics_certified_metrics_write": "5bfe5adc-0b6b-11f1-8883-da7ad0900002",
              "product_analytics_experiments_read": "5bfe448e-0b6b-11f1-887f-da7ad0900002",
              "product_analytics_experiments_write": "5bfe4560-0b6b-11f1-8880-da7ad0900002",
              "product_analytics_metrics_read": "5bfe4d1c-0b6b-11f1-8881-da7ad0900002",
              "product_analytics_metrics_write": "5bfe544c-0b6b-11f1-8882-da7ad0900002",
              "product_analytics_saved_widgets_read": "12d2d5f6-af7a-11f0-8e1f-da7ad0900002",
              "product_analytics_saved_widgets_write": "12d2defc-af7a-11f0-8e20-da7ad0900002",
              "product_analytics_settings_read": "5bfe1c0c-0b6b-11f1-887d-da7ad0900002",
              "product_analytics_settings_write": "5bfe27d8-0b6b-11f1-887e-da7ad0900002",
              "product_analytics_warehouse_model_write": "5bfe5b86-0b6b-11f1-8884-da7ad0900002",
              "product_dashboards_write": "0137c052-2957-11f1-a9fb-da7ad0900002",
              "quality_gate_rules_read": "1377d9e4-0ec7-11ee-aebc-da7ad0900002",
              "quality_gate_rules_write": "1377ff28-0ec7-11ee-aebd-da7ad0900002",
              "quality_gates_evaluations_read": "479d4934-79e2-11ef-98d5-da7ad0900002",
              "reference_tables_read": "3cf14194-2298-11ef-9d71-da7ad0900002",
              "reference_tables_write": "b1adb5da-0949-11ee-b2c4-da7ad0900002",
              "repo_info_read": "531cb514-4e13-11f0-917d-da7ad0900002",
              "repo_settings_write": "531cb848-4e13-11f0-917e-da7ad0900002",
              "rum_apps_write": "8106300a-54f7-11eb-8cbc-7781a434a67b",
              "rum_delete_data": "b1adb6e8-0949-11ee-b2c5-da7ad0900002",
              "rum_extend_retention": "a82d01ce-e228-11ee-870e-da7ad0900002",
              "rum_generate_metrics": "2108215e-b9b4-11ec-958e-da7ad0900002",
              "rum_playlist_write": "0efeff18-1cec-11ee-992d-da7ad0900002",
              "rum_retention_filters_read": "a91ee0ba-8184-11ef-ac5a-da7ad0900002",
              "rum_retention_filters_write": "a91f5112-8184-11ef-ac5b-da7ad0900002",
              "rum_session_replay_read": "7605ef25-f376-11eb-b90b-da7ad0900002",
              "rum_settings_write": "ebae5be2-9d16-11ef-9394-da7ad0900002",
              "saved_views_write": "f416b1ac-db3f-11ed-8027-da7ad0900002",
              "security_comments_read": "8baca0ba-a90e-11ef-b4c4-da7ad0900002",
              "security_comments_write": "8babfb74-a90e-11ef-b4c3-da7ad0900002",
              "security_monitoring_cws_agent_rules_actions": "824e509c-7c5c-11ef-ba38-da7ad0900002",
              "security_monitoring_cws_agent_rules_read": "f4473c60-4792-11ec-a27b-da7ad0900002",
              "security_monitoring_cws_agent_rules_write": "f4473c61-4792-11ec-a27b-da7ad0900002",
              "security_monitoring_datasets_read": "3cb4e7e6-8db6-11f0-a664-da7ad0900002",
              "security_monitoring_datasets_write": "3cb4eba6-8db6-11f0-a665-da7ad0900002",
              "security_monitoring_filters_read": "98b984f4-b16d-11eb-a2c6-da7ad0900002",
              "security_monitoring_filters_write": "98b984f5-b16d-11eb-a2c6-da7ad0900002",
              "security_monitoring_findings_read": "ca6bfb3a-b44f-11ed-adb2-da7ad0900002",
              "security_monitoring_findings_write": "3a48350c-f9bc-11ed-b81c-da7ad0900002",
              "security_monitoring_notification_profiles_read": "c95412b8-16c7-11ec-85c0-da7ad0900002",
              "security_monitoring_notification_profiles_write": "c95412b9-16c7-11ec-85c0-da7ad0900002",
              "security_monitoring_rules_read": "7314eb20-aa58-11ea-95e2-6fb6e4a451d5",
              "security_monitoring_rules_write": "7b516476-aa58-11ea-95e2-93718cd56369",
              "security_monitoring_signals_read": "80de1ec0-aa58-11ea-95e2-aff381626d5d",
              "security_monitoring_signals_write": "58b412cc-ff6d-11eb-bc9c-da7ad0900002",
              "security_monitoring_suppressions_read": "de0e73c2-3d23-11ee-aa7d-da7ad0900002",
              "security_monitoring_suppressions_write": "de0eb666-3d23-11ee-aa7e-da7ad0900002",
              "security_pipelines_read": "5dffba8a-66f6-11ef-8976-da7ad0900002",
              "security_pipelines_write": "5e0024fc-66f6-11ef-8977-da7ad0900002",
              "serverless_aws_instrumentation_read": "8b6adbea-e8c8-11ef-9955-da7ad0900002",
              "serverless_aws_instrumentation_write": "8b6b780c-e8c8-11ef-9956-da7ad0900002",
              "service_account_write": "a42e94b2-1476-11eb-bd08-efda28c04248",
              "sheets_read": "3c4eb438-2693-11f0-8a2e-da7ad0900002",
              "sheets_write": "3c4f1a0e-2693-11f0-8a2f-da7ad0900002",
              "slos_corrections": "f8e941ce-e746-11ec-b22d-da7ad0900002",
              "slos_write": "f8e941d0-e746-11ec-b22d-da7ad0900002",
              "standard": "984d2f00-d3b4-11e8-a200-bb47109e9987",
              "static_analysis_settings_write": "5356dfd2-3dee-11ee-b07b-da7ad0900002",
              "status_pages_incident_write": "bd4afe92-29e6-11f0-b6ef-da7ad0900002",
              "status_pages_internal_page_publish": "64322e28-2307-11f1-8471-da7ad0900002",
              "status_pages_public_page_publish": "64319544-2307-11f1-8470-da7ad0900002",
              "status_pages_settings_read": "bd4af1cc-29e6-11f0-b6ed-da7ad0900002",
              "status_pages_settings_write": "bd4afd16-29e6-11f0-b6ee-da7ad0900002",
              "synthetics_default_settings_read": "5c6b88e2-f923-11ea-adbc-abf57d079420",
              "synthetics_default_settings_write": "642eebe6-f923-11ea-adbc-eb617674ea04",
              "synthetics_global_variable_read": "4628ca54-f923-11ea-adbc-4b2b7f88c5e9",
              "synthetics_global_variable_write": "4ada6e36-f923-11ea-adbc-0788e5c5e3cf",
              "synthetics_private_location_read": "46a301dd-ec5c-11ea-aa9f-97edfb345bc9",
              "synthetics_private_location_write": "46a301de-ec5c-11ea-aa9f-a73252c24806",
              "synthetics_read": "5025ee24-f923-11ea-adbc-576ea241df8d",
              "synthetics_write": "55f4b5ec-f923-11ea-adbc-1bfa2334a755",
              "teams_manage": "1d76ecfa-9771-11ed-9c2f-da7ad0900002",
              "telemetry_rules_activate": "921eb5e2-4b14-11f1-aa80-da7ad0900002",
              "telemetry_rules_create": "921d996e-4b14-11f1-aa7f-da7ad0900002",
              "telemetry_rules_read": "92195d54-4b14-11f1-aa7e-da7ad0900002",
              "terraform_state_file_configurations_write": "e208d490-538d-11f0-8f0b-da7ad0900002",
              "test_optimization_read": "ebaf0448-9d16-11ef-9397-da7ad0900002",
              "test_optimization_settings_write": "09e34b76-a6b4-11ef-8ab9-da7ad0900002",
              "test_optimization_write": "ebaf05ba-9d16-11ef-9398-da7ad0900002",
              "usage_edit": "46a301e2-ec5c-11ea-aa9f-1f511b7305fd",
              "usage_notifications_read": "1afff448-d5e9-11ec-ae37-da7ad0900002",
              "usage_notifications_write": "1afff449-d5e9-11ec-ae37-da7ad0900002",
              "usage_read": "46a301e1-ec5c-11ea-aa9f-afa39f6f3e36",
              "user_access_invite": "9ac1d8cc-e707-11ea-aa2d-73d37e989a9d",
              "user_access_manage": "9de604d8-e707-11ea-aa2d-93f1a783b3a3",
              "user_app_keys": "46a301da-ec5c-11ea-aa9f-73bedeab67ee",
              "watchdog_alerts_write": "f416f55e-db3f-11ed-8028-da7ad0900002",
              "watchdog_insights_read": "6be119a6-1cd8-11ed-b185-da7ad0900002",
              "workflows_read": "f6e917a8-8502-11ec-bf20-da7ad0900002",
              "workflows_run": "f6e917a9-8502-11ec-bf20-da7ad0900002",
              "workflows_write": "f6e917aa-8502-11ec-bf20-da7ad0900002",
              "workload_identity_federation_read": "159f321a-5f84-11f1-8294-da7ad0900002",
              "workload_identity_federation_write": "159e34e6-5f84-11f1-8293-da7ad0900002"
            }
          },
          "sensitive_attributes": []
        }
      ]
    },
    {
      "module": "module.rbac[0]",
      "mode": "managed",
      "type": "datadog_role",
      "name": "this",
      "provider": "provider[\"registry.terraform.io/datadog/datadog\"]",
      "instances": [
        {
          "index_key": "datadog-platform-admin",
          "schema_version": 0,
          "attributes": {
            "default_permissions_opt_out": null,
            "id": "44da5ce6-9a9c-11f1-8db6-da7ad0900002",
            "name": "Datadog Platform Admin",
            "permission": [
              {
                "id": "3e4d4d28-f923-11ea-adbc-e3565938c12e",
                "name": "api_keys_write"
              },
              {
                "id": "4784b11c-f311-11ec-a5f5-da7ad0900002",
                "name": "monitor_config_policy_write"
              },
              {
                "id": "48ef71ea-d8b1-11e9-a77a-93f408470ad0",
                "name": "monitors_write"
              },
              {
                "id": "4d87d5f8-d8b1-11e9-a77a-eb9c8350d04f",
                "name": "monitors_downtime"
              },
              {
                "id": "7df222b6-a45c-11eb-a0af-da7ad0900002",
                "name": "org_management"
              },
              {
                "id": "9de604d8-e707-11ea-aa2d-93f1a783b3a3",
                "name": "user_access_manage"
              },
              {
                "id": "b6bf9ac7-9a59-11ec-8480-da7ad0900002",
                "name": "notebooks_write"
              },
              {
                "id": "d90f6831-d3d8-11e9-a77a-4fd230ddbc6a",
                "name": "dashboards_write"
              },
              {
                "id": "f6e917aa-8502-11ec-bf20-da7ad0900002",
                "name": "workflows_write"
              },
              {
                "id": "f8e941d0-e746-11ec-b22d-da7ad0900002",
                "name": "slos_write"
              }
            ],
            "user_count": 0,
            "validate": null
          },
          "sensitive_attributes": [],
          "private": "bnVsbA==",
          "dependencies": [
            "module.rbac.data.datadog_permissions.all"
          ]
        },
        {
          "index_key": "engineering-user",
          "schema_version": 0,
          "attributes": {
            "default_permissions_opt_out": null,
            "id": "44d60eca-9a9c-11f1-aac8-da7ad0900002",
            "name": "Engineering User",
            "permission": [
              {
                "id": "12efc211-d36c-11eb-a9b8-da7ad0900002",
                "name": "incident_write"
              },
              {
                "id": "4d87d5f8-d8b1-11e9-a77a-eb9c8350d04f",
                "name": "monitors_downtime"
              },
              {
                "id": "b6bf9ac7-9a59-11ec-8480-da7ad0900002",
                "name": "notebooks_write"
              },
              {
                "id": "f6e917a9-8502-11ec-bf20-da7ad0900002",
                "name": "workflows_run"
              }
            ],
            "user_count": 0,
            "validate": null
          },
          "sensitive_attributes": [],
          "private": "bnVsbA==",
          "dependencies": [
            "module.rbac.data.datadog_permissions.all"
          ]
        },
        {
          "index_key": "observability-engineer",
          "schema_version": 0,
          "attributes": {
            "default_permissions_opt_out": null,
            "id": "44d7fa46-9a9c-11f1-8db6-da7ad0900002",
            "name": "Observability Engineer",
            "permission": [
              {
                "id": "12efc210-d36c-11eb-a9b8-da7ad0900002",
                "name": "incident_settings_write"
              },
              {
                "id": "48ef71ea-d8b1-11e9-a77a-93f408470ad0",
                "name": "monitors_write"
              },
              {
                "id": "4d87d5f8-d8b1-11e9-a77a-eb9c8350d04f",
                "name": "monitors_downtime"
              },
              {
                "id": "b6bf9ac7-9a59-11ec-8480-da7ad0900002",
                "name": "notebooks_write"
              },
              {
                "id": "d90f6831-d3d8-11e9-a77a-4fd230ddbc6a",
                "name": "dashboards_write"
              },
              {
                "id": "f6e917aa-8502-11ec-bf20-da7ad0900002",
                "name": "workflows_write"
              },
              {
                "id": "f8e941ce-e746-11ec-b22d-da7ad0900002",
                "name": "slos_corrections"
              },
              {
                "id": "f8e941d0-e746-11ec-b22d-da7ad0900002",
                "name": "slos_write"
              }
            ],
            "user_count": 0,
            "validate": null
          },
          "sensitive_attributes": [],
          "private": "bnVsbA==",
          "dependencies": [
            "module.rbac.data.datadog_permissions.all"
          ]
        },
        {
          "index_key": "observability-read-only",
          "schema_version": 0,
          "attributes": {
            "default_permissions_opt_out": null,
            "id": "44c7cbee-9a9c-11f1-85ad-da7ad0900002",
            "name": "Observability Read Only",
            "permission": [],
            "user_count": 0,
            "validate": null
          },
          "sensitive_attributes": [],
          "private": "bnVsbA==",
          "dependencies": [
            "module.rbac.data.datadog_permissions.all"
          ]
        },
        {
          "index_key": "security-engineer",
          "schema_version": 0,
          "attributes": {
            "default_permissions_opt_out": null,
            "id": "44d6f772-9a9c-11f1-9baf-da7ad0900002",
            "name": "Security Engineer (scoped)",
            "permission": [
              {
                "id": "12efc211-d36c-11eb-a9b8-da7ad0900002",
                "name": "incident_write"
              },
              {
                "id": "58b412cc-ff6d-11eb-bc9c-da7ad0900002",
                "name": "security_monitoring_signals_write"
              },
              {
                "id": "7b516476-aa58-11ea-95e2-93718cd56369",
                "name": "security_monitoring_rules_write"
              },
              {
                "id": "f6e917a9-8502-11ec-bf20-da7ad0900002",
                "name": "workflows_run"
              }
            ],
            "user_count": 0,
            "validate": null
          },
          "sensitive_attributes": [],
          "private": "bnVsbA==",
          "dependencies": [
            "module.rbac.data.datadog_permissions.all"
          ]
        }
      ]
    },
    {
      "module": "module.rbac[0]",
      "mode": "managed",
      "type": "datadog_service_account",
      "name": "this",
      "provider": "provider[\"registry.terraform.io/datadog/datadog\"]",
      "instances": [
        {
          "index_key": "svc-observability-coverage",
          "schema_version": 0,
          "attributes": {
            "disabled": false,
            "email": "svc-observability-coverage@acme.example",
            "id": "c0941cf4-9a99-11f1-9b11-96c61ade3077",
            "name": "Coverage reporting (read-only)",
            "roles": [
              "44c7cbee-9a9c-11f1-85ad-da7ad0900002"
            ]
          },
          "sensitive_attributes": [],
          "dependencies": [
            "module.rbac.data.datadog_permissions.all",
            "module.rbac.datadog_role.this"
          ]
        },
        {
          "index_key": "svc-observability-terraform",
          "schema_version": 0,
          "attributes": {
            "disabled": false,
            "email": "svc-observability-terraform@acme.example",
            "id": "c09cd7ad-9a99-11f1-844f-b2719988d4b6",
            "name": "Observability Terraform (CI deploys only)",
            "roles": [
              "44d7fa46-9a9c-11f1-8db6-da7ad0900002"
            ]
          },
          "sensitive_attributes": [],
          "dependencies": [
            "module.rbac.data.datadog_permissions.all",
            "module.rbac.datadog_role.this"
          ]
        }
      ]
    },
    {
      "module": "module.service_catalog",
      "mode": "managed",
      "type": "datadog_service_definition_yaml",
      "name": "this",
      "provider": "provider[\"registry.terraform.io/datadog/datadog\"]",
      "instances": [
        {
          "index_key": "checkout-api",
          "schema_version": 0,
          "attributes": {
            "id": "checkout-api",
            "service_definition": "contacts:\n    - contact: payments@acme.example\n      name: payments email\n      type: email\ndd-service: checkout-api\ndescription: Customer checkout and payment orchestration API.\nlifecycle: production\nlinks:\n    - name: Architecture\n      type: doc\n      url: https://wiki.acme.example/checkout\n    - name: Repository\n      type: repo\n      url: https://github.com/acme/checkout-api\nschema-version: v2.2\ntags:\n    - criticality:tier0\n    - domain:api\n    - env:prod\n    - managed_by:terraform\n    - monitoring_profile:critical\nteam: payments\ntier: tier0\n"
          },
          "sensitive_attributes": [],
          "private": "bnVsbA=="
        },
        {
          "index_key": "identity-api",
          "schema_version": 0,
          "attributes": {
            "id": "identity-api",
            "service_definition": "contacts:\n    - contact: security@acme.example\n      name: security email\n      type: email\ndd-service: identity-api\ndescription: Enterprise authentication and token issuance.\nlifecycle: production\nlinks:\n    - name: Repository\n      type: repo\n      url: https://github.com/acme/identity-api\nschema-version: v2.2\ntags:\n    - criticality:tier0\n    - domain:api\n    - env:prod\n    - managed_by:terraform\n    - monitoring_profile:critical\nteam: security\ntier: tier0\n"
          },
          "sensitive_attributes": [],
          "private": "bnVsbA=="
        },
        {
          "index_key": "nightly-settlement",
          "schema_version": 0,
          "attributes": {
            "id": "nightly-settlement",
            "service_definition": "contacts:\n    - contact: payments@acme.example\n      name: payments email\n      type: email\ndd-service: nightly-settlement\ndescription: Nightly settlement and reconciliation run; feeds finance.\nlifecycle: production\nlinks:\n    - name: Repository\n      type: repo\n      url: https://github.com/acme/nightly-settlement\nschema-version: v2.2\ntags:\n    - criticality:tier1\n    - domain:integration\n    - env:prod\n    - managed_by:terraform\n    - monitoring_profile:critical\nteam: payments\ntier: tier1\n"
          },
          "sensitive_attributes": [],
          "private": "bnVsbA=="
        },
        {
          "index_key": "order-events-consumer",
          "schema_version": 0,
          "attributes": {
            "id": "order-events-consumer",
            "service_definition": "contacts:\n    - contact: appdev@acme.example\n      name: application-development email\n      type: email\ndd-service: order-events-consumer\ndescription: Consumes order lifecycle events and updates downstream systems.\nlifecycle: production\nlinks:\n    - name: Repository\n      type: repo\n      url: https://github.com/acme/order-events-consumer\nschema-version: v2.2\ntags:\n    - criticality:tier1\n    - domain:messaging\n    - env:prod\n    - managed_by:terraform\n    - monitoring_profile:critical\nteam: application-development\ntier: tier1\n"
          },
          "sensitive_attributes": [],
          "private": "bnVsbA=="
        },
        {
          "index_key": "reporting-portal",
          "schema_version": 0,
          "attributes": {
            "id": "reporting-portal",
            "service_definition": "contacts:\n    - contact: appdev@acme.example\n      name: application-development email\n      type: email\ndd-service: reporting-portal\ndescription: Internal reporting and analytics portal.\nlifecycle: production\nlinks:\n    - name: Repository\n      type: repo\n      url: https://github.com/acme/reporting-portal\nschema-version: v2.2\ntags:\n    - criticality:tier2\n    - domain:application\n    - env:prod\n    - managed_by:terraform\n    - monitoring_profile:standard\nteam: application-development\ntier: tier2\n"
          },
          "sensitive_attributes": [],
          "private": "bnVsbA=="
        }
      ]
    },
    {
      "module": "module.teams",
      "mode": "managed",
      "type": "datadog_team",
      "name": "this",
      "provider": "provider[\"registry.terraform.io/datadog/datadog\"]",
      "instances": [
        {
          "index_key": "application-development",
          "schema_version": 0,
          "attributes": {
            "description": "Owns api, integration. Escalates to sre. (managed_by:terraform)",
            "handle": "application-development",
            "id": "cc5eab72-440f-4a50-aed0-529c78e212c6",
            "link_count": 0,
            "name": "Application Development",
            "summary": "Owns api, integration. Escalates to sre. (managed_by:terraform)",
            "user_count": 0
          },
          "sensitive_attributes": []
        },
        {
          "index_key": "cloud-engineering",
          "schema_version": 0,
          "attributes": {
            "description": "Owns cloud, kubernetes, messaging. Escalates to sre. (managed_by:terraform)",
            "handle": "cloud-engineering",
            "id": "6938056c-36f5-4476-8b23-b3f77e5b9b42",
            "link_count": 0,
            "name": "Cloud Engineering",
            "summary": "Owns cloud, kubernetes, messaging. Escalates to sre. (managed_by:terraform)",
            "user_count": 0
          },
          "sensitive_attributes": []
        },
        {
          "index_key": "data-engineering",
          "schema_version": 0,
          "attributes": {
            "description": "Owns database, data. Escalates to sre. (managed_by:terraform)",
            "handle": "data-engineering",
            "id": "885f3ffa-83c0-417e-9439-446b56ebbbf6",
            "link_count": 0,
            "name": "Data Engineering",
            "summary": "Owns database, data. Escalates to sre. (managed_by:terraform)",
            "user_count": 0
          },
          "sensitive_attributes": []
        },
        {
          "index_key": "infrastructure-engineering",
          "schema_version": 0,
          "attributes": {
            "description": "Owns infrastructure, vmware, network. Escalates to sre. (managed_by:terraform)",
            "handle": "infrastructure-engineering",
            "id": "fa332db9-16d9-42e1-af2f-6a0f47f0f489",
            "link_count": 0,
            "name": "Infrastructure Engineering",
            "summary": "Owns infrastructure, vmware, network. Escalates to sre. (managed_by:terraform)",
            "user_count": 0
          },
          "sensitive_attributes": []
        },
        {
          "index_key": "observability-platform",
          "schema_version": 0,
          "attributes": {
            "description": "Owns platform. Escalates to sre. (managed_by:terraform)",
            "handle": "observability-platform",
            "id": "35ba3c27-740f-4cb4-a22d-7bafc2e2aa6b",
            "link_count": 0,
            "name": "Observability Platform (owns this repository)",
            "summary": "Owns platform. Escalates to sre. (managed_by:terraform)",
            "user_count": 0
          },
          "sensitive_attributes": []
        },
        {
          "index_key": "payments",
          "schema_version": 0,
          "attributes": {
            "description": "Owns no domains directly. Escalates to sre. (managed_by:terraform)",
            "handle": "payments",
            "id": "0ed6c5e1-2eae-43ea-a93b-31e7d31aca26",
            "link_count": 0,
            "name": "Payments Engineering",
            "summary": "Owns no domains directly. Escalates to sre. (managed_by:terraform)",
            "user_count": 0
          },
          "sensitive_attributes": []
        },
        {
          "index_key": "security",
          "schema_version": 0,
          "attributes": {
            "description": "Owns security. Escalates to security-leadership. (managed_by:terraform)",
            "handle": "security",
            "id": "8bff36fb-9135-4cf9-8d54-379b0c290b79",
            "link_count": 0,
            "name": "Security Engineering",
            "summary": "Owns security. Escalates to security-leadership. (managed_by:terraform)",
            "user_count": 0
          },
          "sensitive_attributes": []
        },
        {
          "index_key": "sre",
          "schema_version": 0,
          "attributes": {
            "description": "Owns application, saas, platform. Escalates to platform-leadership. (managed_by:terraform)",
            "handle": "sre",
            "id": "52119881-2d5c-4652-b9af-456e96803fbf",
            "link_count": 0,
            "name": "Site Reliability Engineering",
            "summary": "Owns application, saas, platform. Escalates to platform-leadership. (managed_by:terraform)",
            "user_count": 0
          },
          "sensitive_attributes": []
        }
      ]
    },
    {
      "module": "module.workflows",
      "mode": "managed",
      "type": "datadog_workflow_automation",
      "name": "this",
      "provider": "provider[\"registry.terraform.io/datadog/datadog\"]",
      "instances": [
        {
          "index_key": "diag-api-health",
          "schema_version": 0,
          "attributes": {
            "description": "diagnostic_only automation attached to monitors via automation_ref:diag-api-health. Actions: fetch_monitor, top_failing_endpoints, upstream_status, rate_limit_state.",
            "id": "6cc3e4bf-d5e4-4405-b086-2b227f2a19dc",
            "name": "enrich-api-health",
            "published": true,
            "spec_json": "{\"steps\":[{\"actionId\":\"com.datadoghq.dd.monitor.getMonitor\",\"name\":\"fetch_monitor\",\"outboundEdges\":[],\"parameters\":[{\"name\":\"monitorId\",\"value\":\"{{ Trigger.monitorId }}\"}]}],\"triggers\":[{\"monitorTrigger\":{\"rateLimit\":{\"count\":100,\"interval\":\"3600s\"}},\"startStepNames\":[\"fetch_monitor\"]}]}",
            "tags": [
              "approval:none",
              "automation_class:diagnostic_only",
              "automation_ref:diag-api-health",
              "managed_by:terraform",
              "rate_cap_per_hour:0",
              "read_only:true",
              "reversible:true",
              "team:application-development"
            ],
            "webhook_secret": null
          },
          "sensitive_attributes": [
            [
              {
                "type": "get_attr",
                "value": "webhook_secret"
              }
            ]
          ]
        },
        {
          "index_key": "diag-app-health",
          "schema_version": 0,
          "attributes": {
            "description": "diagnostic_only automation attached to monitors via automation_ref:diag-app-health. Actions: fetch_monitor, query_recent_errors, fetch_deploy_history, fetch_dependency_map.",
            "id": "f6ace332-0cfd-4a5b-8eb5-37b2c930fdf0",
            "name": "enrich-application-health",
            "published": true,
            "spec_json": "{\"steps\":[{\"actionId\":\"com.datadoghq.dd.monitor.getMonitor\",\"name\":\"fetch_monitor\",\"outboundEdges\":[],\"parameters\":[{\"name\":\"monitorId\",\"value\":\"{{ Trigger.monitorId }}\"}]}],\"triggers\":[{\"monitorTrigger\":{\"rateLimit\":{\"count\":100,\"interval\":\"3600s\"}},\"startStepNames\":[\"fetch_monitor\"]}]}",
            "tags": [
              "approval:none",
              "automation_class:diagnostic_only",
              "automation_ref:diag-app-health",
              "managed_by:terraform",
              "rate_cap_per_hour:0",
              "read_only:true",
              "reversible:true",
              "team:sre"
            ],
            "webhook_secret": null
          },
          "sensitive_attributes": [
            [
              {
                "type": "get_attr",
                "value": "webhook_secret"
              }
            ]
          ]
        }
      ]
    }
  ],
  "check_results": [
    {
      "object_kind": "check",
      "config_addr": "check.workflow_priority_is_complete",
      "status": "pass",
      "objects": [
        {
          "object_addr": "check.workflow_priority_is_complete",
          "status": "pass"
        }
      ]
    },
    {
      "object_kind": "var",
      "config_addr": "var.workflow_budget",
      "status": "pass",
      "objects": [
        {
          "object_addr": "var.workflow_budget",
          "status": "pass"
        }
      ]
    },
    {
      "object_kind": "var",
      "config_addr": "module.notification_rules.var.routes",
      "status": "pass",
      "objects": [
        {
          "object_addr": "module.notification_rules.var.routes",
          "status": "pass"
        }
      ]
    },
    {
      "object_kind": "var",
      "config_addr": "module.workflows.var.workflows",
      "status": "pass",
      "objects": [
        {
          "object_addr": "module.workflows.var.workflows",
          "status": "pass"
        }
      ]
    }
  ]
}
