{
  "version": 4,
  "terraform_version": "1.9.8",
  "serial": 43,
  "lineage": "97977ad7-56a5-c790-ede9-accf79890460",
  "outputs": {},
  "resources": [
    {
      "module": "module.coverage_monitors",
      "mode": "managed",
      "type": "datadog_monitor",
      "name": "this",
      "provider": "provider[\"registry.terraform.io/datadog/datadog\"]",
      "instances": [
        {
          "index_key": "qa.baseline.api.api-availability",
          "schema_version": 0,
          "attributes": {
            "assets": [],
            "draft_status": "published",
            "enable_logs_sample": null,
            "enable_samples": null,
            "escalation_message": "",
            "evaluation_delay": 300,
            "force_delete": null,
            "group_retention_duration": "",
            "groupby_simple_monitor": null,
            "id": "314372274",
            "include_tags": true,
            "locked": false,
            "message": "{{#is_alert}}\n## P3 · API Availability\n**WHAT:** API Availability: availability signal detected by threshold analysis.\n**WHERE:** {{value}} · env `qa` · region `global`\n**SERVICE:** `api-services` (api / service, tier3)\n**BUSINESS IMPACT:** Customers are affected now, or a mission-critical capability is unavailable.\n**WHY IT TRIGGERED:** More than half of requests failing is an availability boundary, not a behavioral deviation. Sub-outage degradation is caught by the anomaly and burn-rate archetypes; this one exists to fire fast and unambiguously.\n\n**OWNER:** application-development · support best-effort · this does not page\n**DO THIS NEXT:** Open the runbook, confirm scope from the group tags, and follow the validation steps. The attached workflow output already contains the standard diagnostics.\n**RUNBOOK:** https://github.com/droderiquesit/enterprise-observability/blob/main/platform/runbooks/api-availability.md\n**AUTOMATED DIAGNOSTICS:** workflow `diag-api-health` has run; its output is attached to this event.\n**RELATED EVENTS:** correlated on `api-services.qa.api-services` — deployments, infrastructure changes and platform events from the last 30 minutes are attached as context.\n**SLO / ERROR BUDGET:** `slo-api-availability` · no error-budget impact (non-production)\n{{/is_alert}}\n{{#is_warning}}\n## API Availability — warning\nApproaching the alert condition on {{value}}. Investigate before it becomes P3. Runbook: https://github.com/droderiquesit/enterprise-observability/blob/main/platform/runbooks/api-availability.md\n{{/is_warning}}\n{{#is_no_data}}\n## API Availability — NO DATA\nTelemetry stopped arriving for {{value}}. Treat this as a telemetry-health incident: an unmonitored resource is worse than an alerting one. Runbook: https://github.com/droderiquesit/enterprise-observability/blob/main/platform/runbooks/api-availability.md\n{{/is_no_data}}\n{{#is_recovery}}\n## Recovered · API Availability\n{{value}} returned to normal. Error-budget impact recorded against `slo-api-availability`. No action required; the correlation group closes when every child recovers.\n{{/is_recovery}}\n{{#is_warning_recovery}}\nWarning cleared for {{value}}.\n{{/is_warning_recovery}}",
            "monitor_threshold_windows": [],
            "monitor_thresholds": [
              {
                "critical": "0.5",
                "critical_recovery": "",
                "ok": "",
                "unknown": "",
                "warning": "0.2",
                "warning_recovery": ""
              }
            ],
            "name": "[P3][qa][api] API Availability (baseline)",
            "new_group_delay": 300,
            "new_host_delay": 300,
            "no_data_timeframe": 0,
            "notification_preset_name": "",
            "notify_audit": false,
            "notify_by": [],
            "notify_no_data": false,
            "on_missing_data": "",
            "priority": "3",
            "query": "sum(last_10m):sum:trace.http.request.hits{env:qa,alert_band:baseline,service_archetype:api,http.status_class:5xx} by {service}.as_count() / sum:trace.http.request.hits{env:qa,alert_band:baseline,service_archetype:api} by {service}.as_count() \u003e 0.5",
            "renotify_interval": 60,
            "renotify_occurrences": 3,
            "renotify_statuses": [
              "alert"
            ],
            "require_full_window": false,
            "restricted_roles": null,
            "scheduling_options": [],
            "tags": [
              "alert_band:baseline",
              "archetype:api-availability",
              "automation_ref:diag-api-health",
              "correlation_key:api-services.qa.api-services",
              "dedup_key:api-services.qa.api-availability.baseline",
              "detection:threshold",
              "domain:api",
              "env:qa",
              "failure_domain:api-services",
              "impact_class:customer_impact",
              "managed_by:terraform",
              "managed_source:platform",
              "monitor_id:qa.baseline.api.api-availability",
              "monitoring_profile:baseline",
              "notification_profile:nonprod_standard",
              "owner:application-development",
              "pages:false",
              "priority:p3",
              "release_gate:true",
              "resource_type:service",
              "runbook:api-availability",
              "service:api-services",
              "signal:availability",
              "slo_id:slo-api-availability",
              "support_model:best-effort",
              "team:application-development",
              "tier:tier3"
            ],
            "timeout_h": 0,
            "type": "query alert",
            "validate": null,
            "variables": []
          },
          "sensitive_attributes": [],
          "private": "bnVsbA=="
        },
        {
          "index_key": "qa.baseline.application.app-telemetry-loss",
          "schema_version": 0,
          "attributes": {
            "assets": [],
            "draft_status": "published",
            "enable_logs_sample": null,
            "enable_samples": null,
            "escalation_message": "",
            "evaluation_delay": 300,
            "force_delete": null,
            "group_retention_duration": "",
            "groupby_simple_monitor": null,
            "id": "314372286",
            "include_tags": true,
            "locked": false,
            "message": "{{#is_alert}}\n## P4 · Application Stopped Reporting Telemetry\n**WHAT:** Application Stopped Reporting Telemetry: telemetry_health signal detected by threshold analysis.\n**WHERE:** {{value}} · env `qa` · region `global`\n**SERVICE:** `application-platform` (application / service, tier3)\n**BUSINESS IMPACT:** Observability or configuration hygiene is degraded. No direct customer impact, but our ability to see or govern the estate is reduced.\n**WHY IT TRIGGERED:** Absence of telemetry is a binary condition. This is the monitor that guarantees \"no alerts\" never silently means \"no data\".\n\n**OWNER:** sre · support best-effort · this does not page\n**DO THIS NEXT:** Open the runbook, confirm scope from the group tags, and follow the validation steps. The attached workflow output already contains the standard diagnostics.\n**RUNBOOK:** https://github.com/droderiquesit/enterprise-observability/blob/main/platform/runbooks/app-telemetry-loss.md\n**AUTOMATED DIAGNOSTICS:** workflow `diag-app-health` has run; its output is attached to this event.\n**RELATED EVENTS:** correlated on `application-platform.qa.application-platform` — deployments, infrastructure changes and platform events from the last 30 minutes are attached as context.\n**SLO / ERROR BUDGET:** `slo-app-availability` · no error-budget impact (non-production)\n{{/is_alert}}\n{{#is_warning}}\n## Application Stopped Reporting Telemetry — warning\nApproaching the alert condition on {{value}}. Investigate before it becomes P4. Runbook: https://github.com/droderiquesit/enterprise-observability/blob/main/platform/runbooks/app-telemetry-loss.md\n{{/is_warning}}\n{{#is_no_data}}\n## Application Stopped Reporting Telemetry — NO DATA\nTelemetry stopped arriving for {{value}}. Treat this as a telemetry-health incident: an unmonitored resource is worse than an alerting one. Runbook: https://github.com/droderiquesit/enterprise-observability/blob/main/platform/runbooks/app-telemetry-loss.md\n{{/is_no_data}}\n{{#is_recovery}}\n## Recovered · Application Stopped Reporting Telemetry\n{{value}} returned to normal. Error-budget impact recorded against `slo-app-availability`. No action required; the correlation group closes when every child recovers.\n{{/is_recovery}}\n{{#is_warning_recovery}}\nWarning cleared for {{value}}.\n{{/is_warning_recovery}}",
            "monitor_threshold_windows": [],
            "monitor_thresholds": [
              {
                "critical": "1",
                "critical_recovery": "",
                "ok": "",
                "unknown": "",
                "warning": "",
                "warning_recovery": ""
              }
            ],
            "name": "[P4][qa][application] Application Stopped Reporting Telemetry (baseline)",
            "new_group_delay": 300,
            "new_host_delay": 300,
            "no_data_timeframe": 60,
            "notification_preset_name": "",
            "notify_audit": false,
            "notify_by": [],
            "notify_no_data": true,
            "on_missing_data": "",
            "priority": "4",
            "query": "sum(last_1h):sum:trace.span.hits{env:qa,alert_band:baseline} by {service}.as_count() \u003c 1",
            "renotify_interval": 60,
            "renotify_occurrences": 3,
            "renotify_statuses": [
              "alert"
            ],
            "require_full_window": false,
            "restricted_roles": null,
            "scheduling_options": [],
            "tags": [
              "alert_band:baseline",
              "archetype:app-telemetry-loss",
              "automation_ref:diag-app-health",
              "correlation_key:application-platform.qa.application-platform",
              "dedup_key:application-platform.qa.app-telemetry-loss.baseline",
              "detection:threshold",
              "domain:application",
              "env:qa",
              "failure_domain:application-platform",
              "impact_class:hygiene",
              "managed_by:terraform",
              "managed_source:platform",
              "monitor_id:qa.baseline.application.app-telemetry-loss",
              "monitoring_profile:baseline",
              "notification_profile:nonprod_standard",
              "owner:sre",
              "pages:false",
              "priority:p4",
              "resource_type:service",
              "runbook:app-telemetry-loss",
              "service:application-platform",
              "signal:telemetry_health",
              "slo_id:slo-app-availability",
              "support_model:best-effort",
              "team:sre",
              "tier:tier3"
            ],
            "timeout_h": 0,
            "type": "query alert",
            "validate": null,
            "variables": []
          },
          "sensitive_attributes": [],
          "private": "bnVsbA=="
        },
        {
          "index_key": "qa.baseline.application.web-synthetic-availability",
          "schema_version": 0,
          "attributes": {
            "assets": [],
            "draft_status": "published",
            "enable_logs_sample": null,
            "enable_samples": null,
            "escalation_message": "",
            "evaluation_delay": 300,
            "force_delete": null,
            "group_retention_duration": "",
            "groupby_simple_monitor": null,
            "id": "314372293",
            "include_tags": true,
            "locked": false,
            "message": "{{#is_alert}}\n## P3 · Web Application Unavailable\n**WHAT:** Web Application Unavailable: availability signal detected by threshold analysis.\n**WHERE:** {{value}} · env `qa` · region `global`\n**SERVICE:** `web-frontends` (application / synthetic_check, tier3)\n**BUSINESS IMPACT:** Customers are affected now, or a mission-critical capability is unavailable.\n**WHY IT TRIGGERED:** Three consecutive synthetic failures across locations is a discrete availability boundary, not a statistical judgement.\n\n**OWNER:** sre · support best-effort · this does not page\n**DO THIS NEXT:** Open the runbook, confirm scope from the group tags, and follow the validation steps. The attached workflow output already contains the standard diagnostics.\n**RUNBOOK:** https://github.com/droderiquesit/enterprise-observability/blob/main/platform/runbooks/web-synthetic-availability.md\n**AUTOMATED DIAGNOSTICS:** workflow `diag-app-health` has run; its output is attached to this event.\n**RELATED EVENTS:** correlated on `web-frontends.qa.web-frontends` — deployments, infrastructure changes and platform events from the last 30 minutes are attached as context.\n**SLO / ERROR BUDGET:** `slo-web-availability` · no error-budget impact (non-production)\n{{/is_alert}}\n{{#is_warning}}\n## Web Application Unavailable — warning\nApproaching the alert condition on {{value}}. Investigate before it becomes P3. Runbook: https://github.com/droderiquesit/enterprise-observability/blob/main/platform/runbooks/web-synthetic-availability.md\n{{/is_warning}}\n{{#is_no_data}}\n## Web Application Unavailable — NO DATA\nTelemetry stopped arriving for {{value}}. Treat this as a telemetry-health incident: an unmonitored resource is worse than an alerting one. Runbook: https://github.com/droderiquesit/enterprise-observability/blob/main/platform/runbooks/web-synthetic-availability.md\n{{/is_no_data}}\n{{#is_recovery}}\n## Recovered · Web Application Unavailable\n{{value}} returned to normal. Error-budget impact recorded against `slo-web-availability`. No action required; the correlation group closes when every child recovers.\n{{/is_recovery}}\n{{#is_warning_recovery}}\nWarning cleared for {{value}}.\n{{/is_warning_recovery}}",
            "monitor_threshold_windows": [],
            "monitor_thresholds": [
              {
                "critical": "3",
                "critical_recovery": "",
                "ok": "",
                "unknown": "",
                "warning": "1",
                "warning_recovery": ""
              }
            ],
            "name": "[P3][qa][application] Web Application Unavailable (baseline)",
            "new_group_delay": 300,
            "new_host_delay": 300,
            "no_data_timeframe": 0,
            "notification_preset_name": "",
            "notify_audit": false,
            "notify_by": [],
            "notify_no_data": false,
            "on_missing_data": "",
            "priority": "3",
            "query": "sum(last_30m):sum:synthetics.test_runs{env:qa,alert_band:baseline,service_archetype:web,status:failed} by {service,check_id}.as_count() \u003e= 3",
            "renotify_interval": 60,
            "renotify_occurrences": 3,
            "renotify_statuses": [
              "alert"
            ],
            "require_full_window": false,
            "restricted_roles": null,
            "scheduling_options": [],
            "tags": [
              "alert_band:baseline",
              "archetype:web-synthetic-availability",
              "automation_ref:diag-app-health",
              "correlation_key:web-frontends.qa.web-frontends",
              "dedup_key:web-frontends.qa.web-synthetic-availability.baseline",
              "detection:threshold",
              "domain:application",
              "env:qa",
              "failure_domain:web-frontends",
              "impact_class:customer_impact",
              "managed_by:terraform",
              "managed_source:platform",
              "monitor_id:qa.baseline.application.web-synthetic-availability",
              "monitoring_profile:baseline",
              "notification_profile:nonprod_standard",
              "owner:sre",
              "pages:false",
              "priority:p3",
              "release_gate:true",
              "resource_type:synthetic_check",
              "runbook:web-synthetic-availability",
              "service:web-frontends",
              "signal:availability",
              "slo_id:slo-web-availability",
              "support_model:best-effort",
              "team:sre",
              "tier:tier3"
            ],
            "timeout_h": 0,
            "type": "query alert",
            "validate": null,
            "variables": []
          },
          "sensitive_attributes": [],
          "private": "bnVsbA=="
        },
        {
          "index_key": "qa.baseline.application.worker-stalled",
          "schema_version": 0,
          "attributes": {
            "assets": [],
            "draft_status": "published",
            "enable_logs_sample": null,
            "enable_samples": null,
            "escalation_message": "",
            "evaluation_delay": 300,
            "force_delete": null,
            "group_retention_duration": "",
            "groupby_simple_monitor": null,
            "id": "314372289",
            "include_tags": true,
            "locked": false,
            "message": "{{#is_alert}}\n## P3 · Worker Stopped Processing\n**WHAT:** Worker Stopped Processing: availability signal detected by threshold analysis.\n**WHERE:** {{value}} · env `qa` · region `global`\n**SERVICE:** `worker-platform` (application / service, tier3)\n**BUSINESS IMPACT:** Customers are affected now, or a mission-critical capability is unavailable.\n**WHY IT TRIGGERED:** Zero work processed in 30 minutes is an absolute liveness boundary for a continuously-fed worker; there is no statistical interpretation of zero.\n\n**OWNER:** sre · support best-effort · this does not page\n**DO THIS NEXT:** Open the runbook, confirm scope from the group tags, and follow the validation steps. The attached workflow output already contains the standard diagnostics.\n**RUNBOOK:** https://github.com/droderiquesit/enterprise-observability/blob/main/platform/runbooks/worker-stalled.md\n**AUTOMATED DIAGNOSTICS:** workflow `diag-app-health` has run; its output is attached to this event.\n**RELATED EVENTS:** correlated on `worker-platform.qa.worker-platform` — deployments, infrastructure changes and platform events from the last 30 minutes are attached as context.\n**SLO / ERROR BUDGET:** `slo-worker-throughput` · no error-budget impact (non-production)\n{{/is_alert}}\n{{#is_warning}}\n## Worker Stopped Processing — warning\nApproaching the alert condition on {{value}}. Investigate before it becomes P3. Runbook: https://github.com/droderiquesit/enterprise-observability/blob/main/platform/runbooks/worker-stalled.md\n{{/is_warning}}\n{{#is_no_data}}\n## Worker Stopped Processing — NO DATA\nTelemetry stopped arriving for {{value}}. Treat this as a telemetry-health incident: an unmonitored resource is worse than an alerting one. Runbook: https://github.com/droderiquesit/enterprise-observability/blob/main/platform/runbooks/worker-stalled.md\n{{/is_no_data}}\n{{#is_recovery}}\n## Recovered · Worker Stopped Processing\n{{value}} returned to normal. Error-budget impact recorded against `slo-worker-throughput`. No action required; the correlation group closes when every child recovers.\n{{/is_recovery}}\n{{#is_warning_recovery}}\nWarning cleared for {{value}}.\n{{/is_warning_recovery}}",
            "monitor_threshold_windows": [],
            "monitor_thresholds": [
              {
                "critical": "1",
                "critical_recovery": "",
                "ok": "",
                "unknown": "",
                "warning": "",
                "warning_recovery": ""
              }
            ],
            "name": "[P3][qa][application] Worker Stopped Processing (baseline)",
            "new_group_delay": 300,
            "new_host_delay": 300,
            "no_data_timeframe": 45,
            "notification_preset_name": "",
            "notify_audit": false,
            "notify_by": [],
            "notify_no_data": true,
            "on_missing_data": "",
            "priority": "3",
            "query": "sum(last_1h):sum:trace.async.operation.hits{env:qa,alert_band:baseline,service_archetype:worker} by {service}.as_count() \u003c 1",
            "renotify_interval": 60,
            "renotify_occurrences": 3,
            "renotify_statuses": [
              "alert"
            ],
            "require_full_window": false,
            "restricted_roles": null,
            "scheduling_options": [],
            "tags": [
              "alert_band:baseline",
              "archetype:worker-stalled",
              "automation_ref:diag-app-health",
              "correlation_key:worker-platform.qa.worker-platform",
              "dedup_key:worker-platform.qa.worker-stalled.baseline",
              "detection:threshold",
              "domain:application",
              "env:qa",
              "failure_domain:worker-platform",
              "impact_class:customer_impact",
              "managed_by:terraform",
              "managed_source:platform",
              "monitor_id:qa.baseline.application.worker-stalled",
              "monitoring_profile:baseline",
              "notification_profile:nonprod_standard",
              "owner:sre",
              "pages:false",
              "priority:p3",
              "resource_type:service",
              "runbook:worker-stalled",
              "service:worker-platform",
              "signal:availability",
              "slo_id:slo-worker-throughput",
              "support_model:best-effort",
              "team:sre",
              "tier:tier3"
            ],
            "timeout_h": 0,
            "type": "query alert",
            "validate": null,
            "variables": []
          },
          "sensitive_attributes": [],
          "private": "bnVsbA=="
        },
        {
          "index_key": "qa.baseline.cloud.azure-appservice-unavailable",
          "schema_version": 0,
          "attributes": {
            "assets": [],
            "draft_status": "published",
            "enable_logs_sample": null,
            "enable_samples": null,
            "escalation_message": "",
            "evaluation_delay": 300,
            "force_delete": null,
            "group_retention_duration": "",
            "groupby_simple_monitor": null,
            "id": "314372273",
            "include_tags": true,
            "locked": false,
            "message": "{{#is_alert}}\n## P3 · Azure App Service Unavailable\n**WHAT:** Azure App Service Unavailable: availability signal detected by threshold analysis.\n**WHERE:** {{value}} · env `qa` · region `global`\n**SERVICE:** `azure-landing-zone` (cloud / azure_app_service, tier3)\n**BUSINESS IMPACT:** Customers are affected now, or a mission-critical capability is unavailable.\n**WHY IT TRIGGERED:** Health-check status is binary.\n**OWNER:** cloud-engineering · support best-effort · this does not page\n**DO THIS NEXT:** Open the runbook, confirm scope from the group tags, and follow the validation steps. The attached workflow output already contains the standard diagnostics.\n**RUNBOOK:** https://github.com/droderiquesit/enterprise-observability/blob/main/platform/runbooks/azure-appservice-unavailable.md\n**AUTOMATED DIAGNOSTICS:** workflow `diag-azure-resource` has run; its output is attached to this event.\n**RELATED EVENTS:** correlated on `azure-paas.qa.azure-landing-zone` — deployments, infrastructure changes and platform events from the last 30 minutes are attached as context.\n**SLO / ERROR BUDGET:** `slo-cloud-platform-availability` · no error-budget impact (non-production)\n{{/is_alert}}\n{{#is_warning}}\n## Azure App Service Unavailable — warning\nApproaching the alert condition on {{value}}. Investigate before it becomes P3. Runbook: https://github.com/droderiquesit/enterprise-observability/blob/main/platform/runbooks/azure-appservice-unavailable.md\n{{/is_warning}}\n{{#is_no_data}}\n## Azure App Service Unavailable — NO DATA\nTelemetry stopped arriving for {{value}}. Treat this as a telemetry-health incident: an unmonitored resource is worse than an alerting one. Runbook: https://github.com/droderiquesit/enterprise-observability/blob/main/platform/runbooks/azure-appservice-unavailable.md\n{{/is_no_data}}\n{{#is_recovery}}\n## Recovered · Azure App Service Unavailable\n{{value}} returned to normal. Error-budget impact recorded against `slo-cloud-platform-availability`. No action required; the correlation group closes when every child recovers.\n{{/is_recovery}}\n{{#is_warning_recovery}}\nWarning cleared for {{value}}.\n{{/is_warning_recovery}}",
            "monitor_threshold_windows": [],
            "monitor_thresholds": [
              {
                "critical": "1",
                "critical_recovery": "",
                "ok": "",
                "unknown": "",
                "warning": "",
                "warning_recovery": ""
              }
            ],
            "name": "[P3][qa][cloud] Azure App Service Unavailable (baseline)",
            "new_group_delay": 300,
            "new_host_delay": 300,
            "no_data_timeframe": 0,
            "notification_preset_name": "",
            "notify_audit": false,
            "notify_by": [
              "subscription_name"
            ],
            "notify_no_data": false,
            "on_missing_data": "",
            "priority": "3",
            "query": "min(last_30m):avg:azure.app_services.health_check_status{env:qa,alert_band:baseline,resource_type:azure_app_service} by {subscription_name,resource_group,name} \u003c 1",
            "renotify_interval": 60,
            "renotify_occurrences": 3,
            "renotify_statuses": [
              "alert"
            ],
            "require_full_window": false,
            "restricted_roles": null,
            "scheduling_options": [],
            "tags": [
              "alert_band:baseline",
              "archetype:azure-appservice-unavailable",
              "automation_ref:diag-azure-resource",
              "correlation_key:azure-paas.qa.azure-landing-zone",
              "dedup_key:azure-landing-zone.qa.azure-appservice-unavailable.baseline",
              "detection:threshold",
              "domain:cloud",
              "env:qa",
              "failure_domain:azure-paas",
              "impact_class:customer_impact",
              "managed_by:terraform",
              "managed_source:platform",
              "monitor_id:qa.baseline.cloud.azure-appservice-unavailable",
              "monitoring_profile:baseline",
              "notification_profile:nonprod_standard",
              "owner:cloud-engineering",
              "pages:false",
              "priority:p3",
              "resource_type:azure_app_service",
              "runbook:azure-appservice-unavailable",
              "service:azure-landing-zone",
              "signal:availability",
              "slo_id:slo-cloud-platform-availability",
              "support_model:best-effort",
              "team:cloud-engineering",
              "tier:tier3"
            ],
            "timeout_h": 0,
            "type": "query alert",
            "validate": null,
            "variables": []
          },
          "sensitive_attributes": [],
          "private": "bnVsbA=="
        },
        {
          "index_key": "qa.baseline.cloud.azure-integration-telemetry-gap",
          "schema_version": 0,
          "attributes": {
            "assets": [],
            "draft_status": "published",
            "enable_logs_sample": null,
            "enable_samples": null,
            "escalation_message": "",
            "evaluation_delay": 300,
            "force_delete": null,
            "group_retention_duration": "",
            "groupby_simple_monitor": null,
            "id": "314372283",
            "include_tags": true,
            "locked": false,
            "message": "{{#is_alert}}\n## P4 · Azure Integration Stopped Delivering Metrics\n**WHAT:** Azure Integration Stopped Delivering Metrics: telemetry_health signal detected by threshold analysis.\n**WHERE:** {{value}} · env `qa` · region `global`\n**SERVICE:** `platform-services` (cloud / azure_subscription, tier3)\n**BUSINESS IMPACT:** Observability or configuration hygiene is degraded. No direct customer impact, but our ability to see or govern the estate is reduced.\n**WHY IT TRIGGERED:** A silent Azure integration makes every cloud monitor silently green. This is the tripwire that prevents false confidence.\n\n**OWNER:** cloud-engineering · support best-effort · this does not page\n**DO THIS NEXT:** Open the runbook, confirm scope from the group tags, and follow the validation steps. The attached workflow output already contains the standard diagnostics.\n**RUNBOOK:** https://github.com/droderiquesit/enterprise-observability/blob/main/platform/runbooks/azure-integration-telemetry-gap.md\n**AUTOMATED DIAGNOSTICS:** workflow `diag-azure-resource` has run; its output is attached to this event.\n**RELATED EVENTS:** correlated on `azure-landing-zone.qa.platform-services` — deployments, infrastructure changes and platform events from the last 30 minutes are attached as context.\n**SLO / ERROR BUDGET:** `slo-platform-services` · no error-budget impact (non-production)\n{{/is_alert}}\n{{#is_warning}}\n## Azure Integration Stopped Delivering Metrics — warning\nApproaching the alert condition on {{value}}. Investigate before it becomes P4. Runbook: https://github.com/droderiquesit/enterprise-observability/blob/main/platform/runbooks/azure-integration-telemetry-gap.md\n{{/is_warning}}\n{{#is_no_data}}\n## Azure Integration Stopped Delivering Metrics — NO DATA\nTelemetry stopped arriving for {{value}}. Treat this as a telemetry-health incident: an unmonitored resource is worse than an alerting one. Runbook: https://github.com/droderiquesit/enterprise-observability/blob/main/platform/runbooks/azure-integration-telemetry-gap.md\n{{/is_no_data}}\n{{#is_recovery}}\n## Recovered · Azure Integration Stopped Delivering Metrics\n{{value}} returned to normal. Error-budget impact recorded against `slo-platform-services`. No action required; the correlation group closes when every child recovers.\n{{/is_recovery}}\n{{#is_warning_recovery}}\nWarning cleared for {{value}}.\n{{/is_warning_recovery}}",
            "monitor_threshold_windows": [],
            "monitor_thresholds": [
              {
                "critical": "1",
                "critical_recovery": "",
                "ok": "",
                "unknown": "",
                "warning": "",
                "warning_recovery": ""
              }
            ],
            "name": "[P4][qa][cloud] Azure Integration Stopped Delivering Metrics (baseline)",
            "new_group_delay": 300,
            "new_host_delay": 300,
            "no_data_timeframe": 90,
            "notification_preset_name": "",
            "notify_audit": false,
            "notify_by": [],
            "notify_no_data": true,
            "on_missing_data": "",
            "priority": "4",
            "query": "sum(last_2h):sum:azure.usage.current_value{env:qa,alert_band:baseline,resource_type:azure_subscription} by {subscription_name}.as_count() \u003c 1",
            "renotify_interval": 60,
            "renotify_occurrences": 3,
            "renotify_statuses": [
              "alert"
            ],
            "require_full_window": false,
            "restricted_roles": null,
            "scheduling_options": [],
            "tags": [
              "alert_band:baseline",
              "archetype:azure-integration-telemetry-gap",
              "automation_ref:diag-azure-resource",
              "correlation_key:azure-landing-zone.qa.platform-services",
              "dedup_key:platform-services.qa.azure-integration-telemetry-gap.baseline",
              "detection:threshold",
              "domain:cloud",
              "env:qa",
              "failure_domain:azure-landing-zone",
              "impact_class:hygiene",
              "managed_by:terraform",
              "managed_source:platform",
              "monitor_id:qa.baseline.cloud.azure-integration-telemetry-gap",
              "monitoring_profile:baseline",
              "notification_profile:nonprod_standard",
              "owner:cloud-engineering",
              "pages:false",
              "priority:p4",
              "resource_type:azure_subscription",
              "runbook:azure-integration-telemetry-gap",
              "service:platform-services",
              "signal:telemetry_health",
              "slo_id:slo-platform-services",
              "support_model:best-effort",
              "team:cloud-engineering",
              "tier:tier3"
            ],
            "timeout_h": 0,
            "type": "query alert",
            "validate": null,
            "variables": []
          },
          "sensitive_attributes": [],
          "private": "bnVsbA=="
        },
        {
          "index_key": "qa.baseline.data.data-telemetry-loss",
          "schema_version": 0,
          "attributes": {
            "assets": [],
            "draft_status": "published",
            "enable_logs_sample": null,
            "enable_samples": null,
            "escalation_message": "",
            "evaluation_delay": 300,
            "force_delete": null,
            "group_retention_duration": "",
            "groupby_simple_monitor": null,
            "id": "314372290",
            "include_tags": true,
            "locked": false,
            "message": "{{#is_alert}}\n## P4 · Data Platform Stopped Reporting\n**WHAT:** Data Platform Stopped Reporting: telemetry_health signal detected by threshold analysis.\n**WHERE:** {{value}} · env `qa` · region `global`\n**SERVICE:** `data-platform` (data / pipeline, tier3)\n**BUSINESS IMPACT:** Observability or configuration hygiene is degraded. No direct customer impact, but our ability to see or govern the estate is reduced.\n**WHY IT TRIGGERED:** Absence of any pipeline run telemetry is binary.\n**OWNER:** data-engineering · support best-effort · this does not page\n**DO THIS NEXT:** Open the runbook, confirm scope from the group tags, and follow the validation steps. The attached workflow output already contains the standard diagnostics.\n**RUNBOOK:** https://github.com/droderiquesit/enterprise-observability/blob/main/platform/runbooks/data-telemetry-loss.md\n**AUTOMATED DIAGNOSTICS:** workflow `diag-data-pipeline` has run; its output is attached to this event.\n**RELATED EVENTS:** correlated on `data-pipelines.qa.data-platform` — deployments, infrastructure changes and platform events from the last 30 minutes are attached as context.\n**SLO / ERROR BUDGET:** `slo-data-freshness` · no error-budget impact (non-production)\n{{/is_alert}}\n{{#is_warning}}\n## Data Platform Stopped Reporting — warning\nApproaching the alert condition on {{value}}. Investigate before it becomes P4. Runbook: https://github.com/droderiquesit/enterprise-observability/blob/main/platform/runbooks/data-telemetry-loss.md\n{{/is_warning}}\n{{#is_no_data}}\n## Data Platform Stopped Reporting — NO DATA\nTelemetry stopped arriving for {{value}}. Treat this as a telemetry-health incident: an unmonitored resource is worse than an alerting one. Runbook: https://github.com/droderiquesit/enterprise-observability/blob/main/platform/runbooks/data-telemetry-loss.md\n{{/is_no_data}}\n{{#is_recovery}}\n## Recovered · Data Platform Stopped Reporting\n{{value}} returned to normal. Error-budget impact recorded against `slo-data-freshness`. No action required; the correlation group closes when every child recovers.\n{{/is_recovery}}\n{{#is_warning_recovery}}\nWarning cleared for {{value}}.\n{{/is_warning_recovery}}",
            "monitor_threshold_windows": [],
            "monitor_thresholds": [
              {
                "critical": "1",
                "critical_recovery": "",
                "ok": "",
                "unknown": "",
                "warning": "",
                "warning_recovery": ""
              }
            ],
            "name": "[P4][qa][data] Data Platform Stopped Reporting (baseline)",
            "new_group_delay": 0,
            "new_host_delay": 300,
            "no_data_timeframe": 180,
            "notification_preset_name": "",
            "notify_audit": false,
            "notify_by": [],
            "notify_no_data": true,
            "on_missing_data": "",
            "priority": "4",
            "query": "sum(last_4h):sum:acme.data.pipeline.runs{env:qa,alert_band:baseline}.as_count() \u003c 1",
            "renotify_interval": 60,
            "renotify_occurrences": 3,
            "renotify_statuses": [
              "alert"
            ],
            "require_full_window": false,
            "restricted_roles": null,
            "scheduling_options": [],
            "tags": [
              "alert_band:baseline",
              "archetype:data-telemetry-loss",
              "automation_ref:diag-data-pipeline",
              "correlation_key:data-pipelines.qa.data-platform",
              "dedup_key:data-platform.qa.data-telemetry-loss.baseline",
              "detection:threshold",
              "domain:data",
              "env:qa",
              "failure_domain:data-pipelines",
              "impact_class:hygiene",
              "managed_by:terraform",
              "managed_source:platform",
              "monitor_id:qa.baseline.data.data-telemetry-loss",
              "monitoring_profile:baseline",
              "notification_profile:nonprod_standard",
              "owner:data-engineering",
              "pages:false",
              "priority:p4",
              "resource_type:pipeline",
              "runbook:data-telemetry-loss",
              "service:data-platform",
              "signal:telemetry_health",
              "slo_id:slo-data-freshness",
              "support_model:best-effort",
              "team:data-engineering",
              "tier:tier3"
            ],
            "timeout_h": 0,
            "type": "query alert",
            "validate": null,
            "variables": []
          },
          "sensitive_attributes": [],
          "private": "bnVsbA=="
        },
        {
          "index_key": "qa.baseline.data.pipeline-job-failure",
          "schema_version": 0,
          "attributes": {
            "assets": [],
            "draft_status": "published",
            "enable_logs_sample": null,
            "enable_samples": null,
            "escalation_message": "",
            "evaluation_delay": 300,
            "force_delete": null,
            "group_retention_duration": "",
            "groupby_simple_monitor": null,
            "id": "314372285",
            "include_tags": true,
            "locked": false,
            "message": "{{#is_alert}}\n## P4 · Data Pipeline Job Failure\n**WHAT:** Data Pipeline Job Failure: job_failure signal detected by threshold analysis.\n**WHERE:** {{value}} · env `qa` · region `global`\n**SERVICE:** `data-platform` (data / pipeline, tier3)\n**BUSINESS IMPACT:** The service still functions but measurably worse; a subset of traffic or users is failing.\n**WHY IT TRIGGERED:** A failed run is a discrete outcome.\n**OWNER:** data-engineering · support best-effort · this does not page\n**DO THIS NEXT:** Open the runbook, confirm scope from the group tags, and follow the validation steps. The attached workflow output already contains the standard diagnostics.\n**RUNBOOK:** https://github.com/droderiquesit/enterprise-observability/blob/main/platform/runbooks/pipeline-job-failure.md\n**AUTOMATED DIAGNOSTICS:** workflow `remediate-rerun-job` has run; its output is attached to this event.\n**RELATED EVENTS:** correlated on `data-pipelines.qa.data-platform` — deployments, infrastructure changes and platform events from the last 30 minutes are attached as context.\n**SLO / ERROR BUDGET:** `slo-data-freshness` · no error-budget impact (non-production)\n{{/is_alert}}\n{{#is_warning}}\n## Data Pipeline Job Failure — warning\nApproaching the alert condition on {{value}}. Investigate before it becomes P4. Runbook: https://github.com/droderiquesit/enterprise-observability/blob/main/platform/runbooks/pipeline-job-failure.md\n{{/is_warning}}\n{{#is_no_data}}\n## Data Pipeline Job Failure — NO DATA\nTelemetry stopped arriving for {{value}}. Treat this as a telemetry-health incident: an unmonitored resource is worse than an alerting one. Runbook: https://github.com/droderiquesit/enterprise-observability/blob/main/platform/runbooks/pipeline-job-failure.md\n{{/is_no_data}}\n{{#is_recovery}}\n## Recovered · Data Pipeline Job Failure\n{{value}} returned to normal. Error-budget impact recorded against `slo-data-freshness`. No action required; the correlation group closes when every child recovers.\n{{/is_recovery}}\n{{#is_warning_recovery}}\nWarning cleared for {{value}}.\n{{/is_warning_recovery}}",
            "monitor_threshold_windows": [],
            "monitor_thresholds": [
              {
                "critical": "1",
                "critical_recovery": "",
                "ok": "",
                "unknown": "",
                "warning": "",
                "warning_recovery": ""
              }
            ],
            "name": "[P4][qa][data] Data Pipeline Job Failure (baseline)",
            "new_group_delay": 300,
            "new_host_delay": 300,
            "no_data_timeframe": 0,
            "notification_preset_name": "",
            "notify_audit": false,
            "notify_by": [],
            "notify_no_data": false,
            "on_missing_data": "",
            "priority": "4",
            "query": "sum(last_2h):sum:acme.data.pipeline.runs{env:qa,alert_band:baseline,status:failed} by {data_product,pipeline}.as_count() \u003e= 1",
            "renotify_interval": 60,
            "renotify_occurrences": 3,
            "renotify_statuses": [
              "alert"
            ],
            "require_full_window": false,
            "restricted_roles": null,
            "scheduling_options": [],
            "tags": [
              "alert_band:baseline",
              "archetype:pipeline-job-failure",
              "automation_ref:remediate-rerun-job",
              "correlation_key:data-pipelines.qa.data-platform",
              "dedup_key:data-platform.qa.pipeline-job-failure.baseline",
              "detection:threshold",
              "domain:data",
              "env:qa",
              "failure_domain:data-pipelines",
              "impact_class:degradation",
              "managed_by:terraform",
              "managed_source:platform",
              "monitor_id:qa.baseline.data.pipeline-job-failure",
              "monitoring_profile:baseline",
              "notification_profile:nonprod_standard",
              "owner:data-engineering",
              "pages:false",
              "priority:p4",
              "resource_type:pipeline",
              "runbook:pipeline-job-failure",
              "service:data-platform",
              "signal:job_failure",
              "slo_id:slo-data-freshness",
              "support_model:best-effort",
              "team:data-engineering",
              "tier:tier3"
            ],
            "timeout_h": 0,
            "type": "query alert",
            "validate": null,
            "variables": []
          },
          "sensitive_attributes": [],
          "private": "bnVsbA=="
        },
        {
          "index_key": "qa.baseline.database.db-availability",
          "schema_version": 0,
          "attributes": {
            "assets": [],
            "draft_status": "published",
            "enable_logs_sample": null,
            "enable_samples": null,
            "escalation_message": "",
            "evaluation_delay": 0,
            "force_delete": null,
            "group_retention_duration": "",
            "groupby_simple_monitor": null,
            "id": "314372284",
            "include_tags": true,
            "locked": false,
            "message": "{{#is_alert}}\n## P3 · Database Instance Unavailable\n**WHAT:** Database Instance Unavailable: availability signal detected by service_check analysis.\n**WHERE:** {{value}} · env `qa` · region `global`\n**SERVICE:** `database-platform` (database / db_instance, tier3)\n**BUSINESS IMPACT:** Customers are affected now, or a mission-critical capability is unavailable.\n**WHY IT TRIGGERED:** A check reported a non-OK status for consecutive evaluations.\n**OWNER:** data-engineering · support best-effort · this does not page\n**DO THIS NEXT:** Open the runbook, confirm scope from the group tags, and follow the validation steps. The attached workflow output already contains the standard diagnostics.\n**RUNBOOK:** https://github.com/droderiquesit/enterprise-observability/blob/main/platform/runbooks/db-availability.md\n**AUTOMATED DIAGNOSTICS:** workflow `diag-database` has run; its output is attached to this event.\n**RELATED EVENTS:** correlated on `databases.qa.database-platform` — deployments, infrastructure changes and platform events from the last 30 minutes are attached as context.\n**SLO / ERROR BUDGET:** `slo-database-availability` · no error-budget impact (non-production)\n{{/is_alert}}\n{{#is_warning}}\n## Database Instance Unavailable — warning\nApproaching the alert condition on {{value}}. Investigate before it becomes P3. Runbook: https://github.com/droderiquesit/enterprise-observability/blob/main/platform/runbooks/db-availability.md\n{{/is_warning}}\n{{#is_no_data}}\n## Database Instance Unavailable — NO DATA\nTelemetry stopped arriving for {{value}}. Treat this as a telemetry-health incident: an unmonitored resource is worse than an alerting one. Runbook: https://github.com/droderiquesit/enterprise-observability/blob/main/platform/runbooks/db-availability.md\n{{/is_no_data}}\n{{#is_recovery}}\n## Recovered · Database Instance Unavailable\n{{value}} returned to normal. Error-budget impact recorded against `slo-database-availability`. No action required; the correlation group closes when every child recovers.\n{{/is_recovery}}\n{{#is_warning_recovery}}\nWarning cleared for {{value}}.\n{{/is_warning_recovery}}",
            "monitor_threshold_windows": [],
            "monitor_thresholds": [
              {
                "critical": "2",
                "critical_recovery": "",
                "ok": "",
                "unknown": "",
                "warning": "1",
                "warning_recovery": ""
              }
            ],
            "name": "[P3][qa][database] Database Instance Unavailable (baseline)",
            "new_group_delay": 300,
            "new_host_delay": 300,
            "no_data_timeframe": 0,
            "notification_preset_name": "",
            "notify_audit": false,
            "notify_by": [],
            "notify_no_data": false,
            "on_missing_data": "",
            "priority": "3",
            "query": "\"datadog.dbm.instance.up\".over(\"env:qa,alert_band:baseline\").by(\"db_instance\").last(3).count_by_status()",
            "renotify_interval": 60,
            "renotify_occurrences": 3,
            "renotify_statuses": [
              "alert"
            ],
            "require_full_window": false,
            "restricted_roles": null,
            "scheduling_options": [],
            "tags": [
              "alert_band:baseline",
              "archetype:db-availability",
              "automation_ref:diag-database",
              "correlation_key:databases.qa.database-platform",
              "dedup_key:database-platform.qa.db-availability.baseline",
              "detection:service_check",
              "domain:database",
              "env:qa",
              "failure_domain:databases",
              "impact_class:customer_impact",
              "managed_by:terraform",
              "managed_source:platform",
              "monitor_id:qa.baseline.database.db-availability",
              "monitoring_profile:baseline",
              "notification_profile:nonprod_standard",
              "owner:data-engineering",
              "pages:false",
              "priority:p3",
              "resource_type:db_instance",
              "runbook:db-availability",
              "service:database-platform",
              "signal:availability",
              "slo_id:slo-database-availability",
              "support_model:best-effort",
              "team:data-engineering",
              "tier:tier3"
            ],
            "timeout_h": 0,
            "type": "service check",
            "validate": null,
            "variables": []
          },
          "sensitive_attributes": [],
          "private": "bnVsbA=="
        },
        {
          "index_key": "qa.baseline.database.db-telemetry-loss",
          "schema_version": 0,
          "attributes": {
            "assets": [],
            "draft_status": "published",
            "enable_logs_sample": null,
            "enable_samples": null,
            "escalation_message": "",
            "evaluation_delay": 300,
            "force_delete": null,
            "group_retention_duration": "",
            "groupby_simple_monitor": null,
            "id": "314372267",
            "include_tags": true,
            "locked": false,
            "message": "{{#is_alert}}\n## P4 · Database Stopped Reporting Telemetry\n**WHAT:** Database Stopped Reporting Telemetry: telemetry_health signal detected by threshold analysis.\n**WHERE:** {{value}} · env `qa` · region `global`\n**SERVICE:** `database-platform` (database / db_instance, tier3)\n**BUSINESS IMPACT:** Observability or configuration hygiene is degraded. No direct customer impact, but our ability to see or govern the estate is reduced.\n**WHY IT TRIGGERED:** Absence of telemetry is binary.\n**OWNER:** data-engineering · support best-effort · this does not page\n**DO THIS NEXT:** Open the runbook, confirm scope from the group tags, and follow the validation steps. The attached workflow output already contains the standard diagnostics.\n**RUNBOOK:** https://github.com/droderiquesit/enterprise-observability/blob/main/platform/runbooks/db-telemetry-loss.md\n**AUTOMATED DIAGNOSTICS:** workflow `diag-database` has run; its output is attached to this event.\n**RELATED EVENTS:** correlated on `databases.qa.database-platform` — deployments, infrastructure changes and platform events from the last 30 minutes are attached as context.\n**SLO / ERROR BUDGET:** `slo-database-availability` · no error-budget impact (non-production)\n{{/is_alert}}\n{{#is_warning}}\n## Database Stopped Reporting Telemetry — warning\nApproaching the alert condition on {{value}}. Investigate before it becomes P4. Runbook: https://github.com/droderiquesit/enterprise-observability/blob/main/platform/runbooks/db-telemetry-loss.md\n{{/is_warning}}\n{{#is_no_data}}\n## Database Stopped Reporting Telemetry — NO DATA\nTelemetry stopped arriving for {{value}}. Treat this as a telemetry-health incident: an unmonitored resource is worse than an alerting one. Runbook: https://github.com/droderiquesit/enterprise-observability/blob/main/platform/runbooks/db-telemetry-loss.md\n{{/is_no_data}}\n{{#is_recovery}}\n## Recovered · Database Stopped Reporting Telemetry\n{{value}} returned to normal. Error-budget impact recorded against `slo-database-availability`. No action required; the correlation group closes when every child recovers.\n{{/is_recovery}}\n{{#is_warning_recovery}}\nWarning cleared for {{value}}.\n{{/is_warning_recovery}}",
            "monitor_threshold_windows": [],
            "monitor_thresholds": [
              {
                "critical": "1",
                "critical_recovery": "",
                "ok": "",
                "unknown": "",
                "warning": "",
                "warning_recovery": ""
              }
            ],
            "name": "[P4][qa][database] Database Stopped Reporting Telemetry (baseline)",
            "new_group_delay": 300,
            "new_host_delay": 300,
            "no_data_timeframe": 45,
            "notification_preset_name": "",
            "notify_audit": false,
            "notify_by": [],
            "notify_no_data": true,
            "on_missing_data": "",
            "priority": "4",
            "query": "sum(last_1h):sum:postgresql.connections{env:qa,alert_band:baseline} by {db_instance}.as_count() \u003c 1",
            "renotify_interval": 60,
            "renotify_occurrences": 3,
            "renotify_statuses": [
              "alert"
            ],
            "require_full_window": false,
            "restricted_roles": null,
            "scheduling_options": [],
            "tags": [
              "alert_band:baseline",
              "archetype:db-telemetry-loss",
              "automation_ref:diag-database",
              "correlation_key:databases.qa.database-platform",
              "dedup_key:database-platform.qa.db-telemetry-loss.baseline",
              "detection:threshold",
              "domain:database",
              "env:qa",
              "failure_domain:databases",
              "impact_class:hygiene",
              "managed_by:terraform",
              "managed_source:platform",
              "monitor_id:qa.baseline.database.db-telemetry-loss",
              "monitoring_profile:baseline",
              "notification_profile:nonprod_standard",
              "owner:data-engineering",
              "pages:false",
              "priority:p4",
              "resource_type:db_instance",
              "runbook:db-telemetry-loss",
              "service:database-platform",
              "signal:telemetry_health",
              "slo_id:slo-database-availability",
              "support_model:best-effort",
              "team:data-engineering",
              "tier:tier3"
            ],
            "timeout_h": 0,
            "type": "query alert",
            "validate": null,
            "variables": []
          },
          "sensitive_attributes": [],
          "private": "bnVsbA=="
        },
        {
          "index_key": "qa.baseline.infrastructure.host-agent-unhealthy",
          "schema_version": 0,
          "attributes": {
            "assets": [],
            "draft_status": "published",
            "enable_logs_sample": null,
            "enable_samples": null,
            "escalation_message": "",
            "evaluation_delay": 300,
            "force_delete": null,
            "group_retention_duration": "",
            "groupby_simple_monitor": null,
            "id": "314372263",
            "include_tags": true,
            "locked": false,
            "message": "{{#is_alert}}\n## P4 · Datadog Agent Unhealthy\n**WHAT:** Datadog Agent Unhealthy: telemetry_health signal detected by threshold analysis.\n**WHERE:** {{value}} · env `qa` · region `global`\n**SERVICE:** `platform-services` (infrastructure / host, tier3)\n**BUSINESS IMPACT:** Observability or configuration hygiene is degraded. No direct customer impact, but our ability to see or govern the estate is reduced.\n**WHY IT TRIGGERED:** Agent presence is binary and is the precondition for every other host signal — this is the monitor that protects the monitoring.\n\n**OWNER:** infrastructure-engineering · support best-effort · this does not page\n**DO THIS NEXT:** Open the runbook, confirm scope from the group tags, and follow the validation steps. The attached workflow output already contains the standard diagnostics.\n**RUNBOOK:** https://github.com/droderiquesit/enterprise-observability/blob/main/platform/runbooks/host-agent-unhealthy.md\n**AUTOMATED DIAGNOSTICS:** workflow `diag-host` has run; its output is attached to this event.\n**RELATED EVENTS:** correlated on `compute.qa.platform-services` — deployments, infrastructure changes and platform events from the last 30 minutes are attached as context.\n**SLO / ERROR BUDGET:** `slo-platform-services` · no error-budget impact (non-production)\n{{/is_alert}}\n{{#is_warning}}\n## Datadog Agent Unhealthy — warning\nApproaching the alert condition on {{value}}. Investigate before it becomes P4. Runbook: https://github.com/droderiquesit/enterprise-observability/blob/main/platform/runbooks/host-agent-unhealthy.md\n{{/is_warning}}\n{{#is_no_data}}\n## Datadog Agent Unhealthy — NO DATA\nTelemetry stopped arriving for {{value}}. Treat this as a telemetry-health incident: an unmonitored resource is worse than an alerting one. Runbook: https://github.com/droderiquesit/enterprise-observability/blob/main/platform/runbooks/host-agent-unhealthy.md\n{{/is_no_data}}\n{{#is_recovery}}\n## Recovered · Datadog Agent Unhealthy\n{{value}} returned to normal. Error-budget impact recorded against `slo-platform-services`. No action required; the correlation group closes when every child recovers.\n{{/is_recovery}}\n{{#is_warning_recovery}}\nWarning cleared for {{value}}.\n{{/is_warning_recovery}}",
            "monitor_threshold_windows": [],
            "monitor_thresholds": [
              {
                "critical": "1",
                "critical_recovery": "",
                "ok": "",
                "unknown": "",
                "warning": "",
                "warning_recovery": ""
              }
            ],
            "name": "[P4][qa][infrastructure] Datadog Agent Unhealthy (baseline)",
            "new_group_delay": 300,
            "new_host_delay": 300,
            "no_data_timeframe": 0,
            "notification_preset_name": "",
            "notify_audit": false,
            "notify_by": [
              "cluster"
            ],
            "notify_no_data": false,
            "on_missing_data": "",
            "priority": "4",
            "query": "avg(last_1h):avg:datadog.agent.running{env:qa,alert_band:baseline} by {cluster,host} \u003c 1",
            "renotify_interval": 60,
            "renotify_occurrences": 3,
            "renotify_statuses": [
              "alert"
            ],
            "require_full_window": false,
            "restricted_roles": null,
            "scheduling_options": [],
            "tags": [
              "alert_band:baseline",
              "archetype:host-agent-unhealthy",
              "automation_ref:diag-host",
              "correlation_key:compute.qa.platform-services",
              "dedup_key:platform-services.qa.host-agent-unhealthy.baseline",
              "detection:threshold",
              "domain:infrastructure",
              "env:qa",
              "failure_domain:compute",
              "impact_class:hygiene",
              "managed_by:terraform",
              "managed_source:platform",
              "monitor_id:qa.baseline.infrastructure.host-agent-unhealthy",
              "monitoring_profile:baseline",
              "notification_profile:nonprod_standard",
              "owner:infrastructure-engineering",
              "pages:false",
              "priority:p4",
              "resource_type:host",
              "runbook:host-agent-unhealthy",
              "service:platform-services",
              "signal:telemetry_health",
              "slo_id:slo-platform-services",
              "support_model:best-effort",
              "team:infrastructure-engineering",
              "tier:tier3"
            ],
            "timeout_h": 0,
            "type": "query alert",
            "validate": null,
            "variables": []
          },
          "sensitive_attributes": [],
          "private": "bnVsbA=="
        },
        {
          "index_key": "qa.baseline.infrastructure.host-unavailable",
          "schema_version": 0,
          "attributes": {
            "assets": [],
            "draft_status": "published",
            "enable_logs_sample": null,
            "enable_samples": null,
            "escalation_message": "",
            "evaluation_delay": 0,
            "force_delete": null,
            "group_retention_duration": "",
            "groupby_simple_monitor": null,
            "id": "314372262",
            "include_tags": true,
            "locked": false,
            "message": "{{#is_alert}}\n## P3 · Host Unavailable\n**WHAT:** Host Unavailable: availability signal detected by service_check analysis.\n**WHERE:** {{value}} · env `qa` · region `global`\n**SERVICE:** `compute-platform` (infrastructure / host, tier3)\n**BUSINESS IMPACT:** Customers are affected now, or a mission-critical capability is unavailable.\n**WHY IT TRIGGERED:** A check reported a non-OK status for consecutive evaluations.\n**OWNER:** infrastructure-engineering · support best-effort · this does not page\n**DO THIS NEXT:** Open the runbook, confirm scope from the group tags, and follow the validation steps. The attached workflow output already contains the standard diagnostics.\n**RUNBOOK:** https://github.com/droderiquesit/enterprise-observability/blob/main/platform/runbooks/host-unavailable.md\n**AUTOMATED DIAGNOSTICS:** workflow `diag-host` has run; its output is attached to this event.\n**RELATED EVENTS:** correlated on `compute.qa.compute-platform` — deployments, infrastructure changes and platform events from the last 30 minutes are attached as context.\n**SLO / ERROR BUDGET:** `slo-infra-compute-availability` · no error-budget impact (non-production)\n{{/is_alert}}\n{{#is_warning}}\n## Host Unavailable — warning\nApproaching the alert condition on {{value}}. Investigate before it becomes P3. Runbook: https://github.com/droderiquesit/enterprise-observability/blob/main/platform/runbooks/host-unavailable.md\n{{/is_warning}}\n{{#is_no_data}}\n## Host Unavailable — NO DATA\nTelemetry stopped arriving for {{value}}. Treat this as a telemetry-health incident: an unmonitored resource is worse than an alerting one. Runbook: https://github.com/droderiquesit/enterprise-observability/blob/main/platform/runbooks/host-unavailable.md\n{{/is_no_data}}\n{{#is_recovery}}\n## Recovered · Host Unavailable\n{{value}} returned to normal. Error-budget impact recorded against `slo-infra-compute-availability`. No action required; the correlation group closes when every child recovers.\n{{/is_recovery}}\n{{#is_warning_recovery}}\nWarning cleared for {{value}}.\n{{/is_warning_recovery}}",
            "monitor_threshold_windows": [],
            "monitor_thresholds": [
              {
                "critical": "3",
                "critical_recovery": "",
                "ok": "1",
                "unknown": "",
                "warning": "2",
                "warning_recovery": ""
              }
            ],
            "name": "[P3][qa][infrastructure] Host Unavailable (baseline)",
            "new_group_delay": 300,
            "new_host_delay": 300,
            "no_data_timeframe": 30,
            "notification_preset_name": "",
            "notify_audit": false,
            "notify_by": [
              "cluster"
            ],
            "notify_no_data": true,
            "on_missing_data": "",
            "priority": "3",
            "query": "\"datadog.agent.up\".over(\"env:qa,alert_band:baseline\").by(\"cluster\",\"host\").last(4).count_by_status()",
            "renotify_interval": 60,
            "renotify_occurrences": 3,
            "renotify_statuses": [
              "alert"
            ],
            "require_full_window": false,
            "restricted_roles": null,
            "scheduling_options": [],
            "tags": [
              "alert_band:baseline",
              "archetype:host-unavailable",
              "automation_ref:diag-host",
              "correlation_key:compute.qa.compute-platform",
              "dedup_key:compute-platform.qa.host-unavailable.baseline",
              "detection:service_check",
              "domain:infrastructure",
              "env:qa",
              "failure_domain:compute",
              "impact_class:customer_impact",
              "managed_by:terraform",
              "managed_source:platform",
              "monitor_id:qa.baseline.infrastructure.host-unavailable",
              "monitoring_profile:baseline",
              "notification_profile:nonprod_standard",
              "owner:infrastructure-engineering",
              "pages:false",
              "priority:p3",
              "resource_type:host",
              "runbook:host-unavailable",
              "service:compute-platform",
              "signal:availability",
              "slo_id:slo-infra-compute-availability",
              "support_model:best-effort",
              "team:infrastructure-engineering",
              "tier:tier3"
            ],
            "timeout_h": 0,
            "type": "service check",
            "validate": null,
            "variables": []
          },
          "sensitive_attributes": [],
          "private": "bnVsbA=="
        },
        {
          "index_key": "qa.baseline.integration.batch-job-failure",
          "schema_version": 0,
          "attributes": {
            "assets": [],
            "draft_status": "published",
            "enable_logs_sample": null,
            "enable_samples": null,
            "escalation_message": "",
            "evaluation_delay": 300,
            "force_delete": null,
            "group_retention_duration": "",
            "groupby_simple_monitor": null,
            "id": "314372264",
            "include_tags": true,
            "locked": false,
            "message": "{{#is_alert}}\n## P4 · Batch Job Failed\n**WHAT:** Batch Job Failed: job_failure signal detected by threshold analysis.\n**WHERE:** {{value}} · env `qa` · region `global`\n**SERVICE:** `batch-platform` (integration / batch_job, tier3)\n**BUSINESS IMPACT:** The service still functions but measurably worse; a subset of traffic or users is failing.\n**WHY IT TRIGGERED:** A failed run is a discrete outcome.\n**OWNER:** application-development · support best-effort · this does not page\n**DO THIS NEXT:** Open the runbook, confirm scope from the group tags, and follow the validation steps. The attached workflow output already contains the standard diagnostics.\n**RUNBOOK:** https://github.com/droderiquesit/enterprise-observability/blob/main/platform/runbooks/batch-job-failure.md\n**AUTOMATED DIAGNOSTICS:** workflow `remediate-rerun-job` has run; its output is attached to this event.\n**RELATED EVENTS:** correlated on `batch-platform.qa.batch-platform` — deployments, infrastructure changes and platform events from the last 30 minutes are attached as context.\n**SLO / ERROR BUDGET:** `slo-batch-completion` · no error-budget impact (non-production)\n{{/is_alert}}\n{{#is_warning}}\n## Batch Job Failed — warning\nApproaching the alert condition on {{value}}. Investigate before it becomes P4. Runbook: https://github.com/droderiquesit/enterprise-observability/blob/main/platform/runbooks/batch-job-failure.md\n{{/is_warning}}\n{{#is_no_data}}\n## Batch Job Failed — NO DATA\nTelemetry stopped arriving for {{value}}. Treat this as a telemetry-health incident: an unmonitored resource is worse than an alerting one. Runbook: https://github.com/droderiquesit/enterprise-observability/blob/main/platform/runbooks/batch-job-failure.md\n{{/is_no_data}}\n{{#is_recovery}}\n## Recovered · Batch Job Failed\n{{value}} returned to normal. Error-budget impact recorded against `slo-batch-completion`. No action required; the correlation group closes when every child recovers.\n{{/is_recovery}}\n{{#is_warning_recovery}}\nWarning cleared for {{value}}.\n{{/is_warning_recovery}}",
            "monitor_threshold_windows": [],
            "monitor_thresholds": [
              {
                "critical": "1",
                "critical_recovery": "",
                "ok": "",
                "unknown": "",
                "warning": "",
                "warning_recovery": ""
              }
            ],
            "name": "[P4][qa][integration] Batch Job Failed (baseline)",
            "new_group_delay": 300,
            "new_host_delay": 300,
            "no_data_timeframe": 0,
            "notification_preset_name": "",
            "notify_audit": false,
            "notify_by": [],
            "notify_no_data": false,
            "on_missing_data": "",
            "priority": "4",
            "query": "sum(last_4h):sum:acme.batch.runs{env:qa,alert_band:baseline,status:failed} by {service,job_name}.as_count() \u003e= 1",
            "renotify_interval": 60,
            "renotify_occurrences": 3,
            "renotify_statuses": [
              "alert"
            ],
            "require_full_window": false,
            "restricted_roles": null,
            "scheduling_options": [],
            "tags": [
              "alert_band:baseline",
              "archetype:batch-job-failure",
              "automation_ref:remediate-rerun-job",
              "correlation_key:batch-platform.qa.batch-platform",
              "dedup_key:batch-platform.qa.batch-job-failure.baseline",
              "detection:threshold",
              "domain:integration",
              "env:qa",
              "failure_domain:batch-platform",
              "impact_class:degradation",
              "managed_by:terraform",
              "managed_source:platform",
              "monitor_id:qa.baseline.integration.batch-job-failure",
              "monitoring_profile:baseline",
              "notification_profile:nonprod_standard",
              "owner:application-development",
              "pages:false",
              "priority:p4",
              "resource_type:batch_job",
              "runbook:batch-job-failure",
              "service:batch-platform",
              "signal:job_failure",
              "slo_id:slo-batch-completion",
              "support_model:best-effort",
              "team:application-development",
              "tier:tier3"
            ],
            "timeout_h": 0,
            "type": "query alert",
            "validate": null,
            "variables": []
          },
          "sensitive_attributes": [],
          "private": "bnVsbA=="
        },
        {
          "index_key": "qa.baseline.integration.schedule-missed-run",
          "schema_version": 0,
          "attributes": {
            "assets": [],
            "draft_status": "published",
            "enable_logs_sample": null,
            "enable_samples": null,
            "escalation_message": "",
            "evaluation_delay": 300,
            "force_delete": null,
            "group_retention_duration": "",
            "groupby_simple_monitor": null,
            "id": "314372294",
            "include_tags": true,
            "locked": false,
            "message": "{{#is_alert}}\n## P3 · Scheduled Job Did Not Run\n**WHAT:** Scheduled Job Did Not Run: schedule_miss signal detected by threshold analysis.\n**WHERE:** {{value}} · env `qa` · region `global`\n**SERVICE:** `integration-platform` (integration / scheduled_job, tier3)\n**BUSINESS IMPACT:** Customers are affected now, or a mission-critical capability is unavailable.\n**WHY IT TRIGGERED:** The single most under-monitored failure in every enterprise: the job that simply never fired. Nothing errors, nothing alerts, nothing runs.\n\n**OWNER:** application-development · support best-effort · this does not page\n**DO THIS NEXT:** Open the runbook, confirm scope from the group tags, and follow the validation steps. The attached workflow output already contains the standard diagnostics.\n**RUNBOOK:** https://github.com/droderiquesit/enterprise-observability/blob/main/platform/runbooks/schedule-missed-run.md\n**AUTOMATED DIAGNOSTICS:** workflow `remediate-rerun-job` has run; its output is attached to this event.\n**RELATED EVENTS:** correlated on `scheduler.qa.integration-platform` — deployments, infrastructure changes and platform events from the last 30 minutes are attached as context.\n**SLO / ERROR BUDGET:** `slo-integration-delivery` · no error-budget impact (non-production)\n{{/is_alert}}\n{{#is_warning}}\n## Scheduled Job Did Not Run — warning\nApproaching the alert condition on {{value}}. Investigate before it becomes P3. Runbook: https://github.com/droderiquesit/enterprise-observability/blob/main/platform/runbooks/schedule-missed-run.md\n{{/is_warning}}\n{{#is_no_data}}\n## Scheduled Job Did Not Run — NO DATA\nTelemetry stopped arriving for {{value}}. Treat this as a telemetry-health incident: an unmonitored resource is worse than an alerting one. Runbook: https://github.com/droderiquesit/enterprise-observability/blob/main/platform/runbooks/schedule-missed-run.md\n{{/is_no_data}}\n{{#is_recovery}}\n## Recovered · Scheduled Job Did Not Run\n{{value}} returned to normal. Error-budget impact recorded against `slo-integration-delivery`. No action required; the correlation group closes when every child recovers.\n{{/is_recovery}}\n{{#is_warning_recovery}}\nWarning cleared for {{value}}.\n{{/is_warning_recovery}}",
            "monitor_threshold_windows": [],
            "monitor_thresholds": [
              {
                "critical": "1",
                "critical_recovery": "",
                "ok": "",
                "unknown": "",
                "warning": "",
                "warning_recovery": ""
              }
            ],
            "name": "[P3][qa][integration] Scheduled Job Did Not Run (baseline)",
            "new_group_delay": 300,
            "new_host_delay": 300,
            "no_data_timeframe": 120,
            "notification_preset_name": "",
            "notify_audit": false,
            "notify_by": [],
            "notify_no_data": true,
            "on_missing_data": "",
            "priority": "3",
            "query": "sum(last_4h):sum:acme.scheduler.runs_started{env:qa,alert_band:baseline} by {service,job_name}.as_count() \u003c 1",
            "renotify_interval": 60,
            "renotify_occurrences": 3,
            "renotify_statuses": [
              "alert"
            ],
            "require_full_window": false,
            "restricted_roles": null,
            "scheduling_options": [],
            "tags": [
              "alert_band:baseline",
              "archetype:schedule-missed-run",
              "automation_ref:remediate-rerun-job",
              "correlation_key:scheduler.qa.integration-platform",
              "dedup_key:integration-platform.qa.schedule-missed-run.baseline",
              "detection:threshold",
              "domain:integration",
              "env:qa",
              "failure_domain:scheduler",
              "impact_class:customer_impact",
              "managed_by:terraform",
              "managed_source:platform",
              "monitor_id:qa.baseline.integration.schedule-missed-run",
              "monitoring_profile:baseline",
              "notification_profile:nonprod_standard",
              "owner:application-development",
              "pages:false",
              "priority:p3",
              "resource_type:scheduled_job",
              "runbook:schedule-missed-run",
              "service:integration-platform",
              "signal:schedule_miss",
              "slo_id:slo-integration-delivery",
              "support_model:best-effort",
              "team:application-development",
              "tier:tier3"
            ],
            "timeout_h": 0,
            "type": "query alert",
            "validate": null,
            "variables": []
          },
          "sensitive_attributes": [],
          "private": "bnVsbA=="
        },
        {
          "index_key": "qa.baseline.kubernetes.k8s-deployment-unavailable",
          "schema_version": 0,
          "attributes": {
            "assets": [],
            "draft_status": "published",
            "enable_logs_sample": null,
            "enable_samples": null,
            "escalation_message": "",
            "evaluation_delay": 300,
            "force_delete": null,
            "group_retention_duration": "",
            "groupby_simple_monitor": null,
            "id": "314372272",
            "include_tags": true,
            "locked": false,
            "message": "{{#is_alert}}\n## P3 · Kubernetes Deployment Has No Available Replicas\n**WHAT:** Kubernetes Deployment Has No Available Replicas: availability signal detected by threshold analysis.\n**WHERE:** {{value}} · env `qa` · region `global`\n**SERVICE:** `kubernetes-platform` (kubernetes / kube_deployment, tier3)\n**BUSINESS IMPACT:** Customers are affected now, or a mission-critical capability is unavailable.\n**WHY IT TRIGGERED:** Zero available replicas is the definition of unavailable. The replica count is a declared contract, not an observed baseline.\n\n**OWNER:** cloud-engineering · support best-effort · this does not page\n**DO THIS NEXT:** Open the runbook, confirm scope from the group tags, and follow the validation steps. The attached workflow output already contains the standard diagnostics.\n**RUNBOOK:** https://github.com/droderiquesit/enterprise-observability/blob/main/platform/runbooks/k8s-deployment-unavailable.md\n**AUTOMATED DIAGNOSTICS:** workflow `diag-k8s-workload` has run; its output is attached to this event.\n**RELATED EVENTS:** correlated on `kubernetes-workloads.qa.kubernetes-platform` — deployments, infrastructure changes and platform events from the last 30 minutes are attached as context.\n**SLO / ERROR BUDGET:** `slo-k8s-workload-availability` · no error-budget impact (non-production)\n{{/is_alert}}\n{{#is_warning}}\n## Kubernetes Deployment Has No Available Replicas — warning\nApproaching the alert condition on {{value}}. Investigate before it becomes P3. Runbook: https://github.com/droderiquesit/enterprise-observability/blob/main/platform/runbooks/k8s-deployment-unavailable.md\n{{/is_warning}}\n{{#is_no_data}}\n## Kubernetes Deployment Has No Available Replicas — NO DATA\nTelemetry stopped arriving for {{value}}. Treat this as a telemetry-health incident: an unmonitored resource is worse than an alerting one. Runbook: https://github.com/droderiquesit/enterprise-observability/blob/main/platform/runbooks/k8s-deployment-unavailable.md\n{{/is_no_data}}\n{{#is_recovery}}\n## Recovered · Kubernetes Deployment Has No Available Replicas\n{{value}} returned to normal. Error-budget impact recorded against `slo-k8s-workload-availability`. No action required; the correlation group closes when every child recovers.\n{{/is_recovery}}\n{{#is_warning_recovery}}\nWarning cleared for {{value}}.\n{{/is_warning_recovery}}",
            "monitor_threshold_windows": [],
            "monitor_thresholds": [
              {
                "critical": "1",
                "critical_recovery": "",
                "ok": "",
                "unknown": "",
                "warning": "2",
                "warning_recovery": ""
              }
            ],
            "name": "[P3][qa][kubernetes] Kubernetes Deployment Has No Available Replicas (baseline)",
            "new_group_delay": 300,
            "new_host_delay": 300,
            "no_data_timeframe": 0,
            "notification_preset_name": "",
            "notify_audit": false,
            "notify_by": [
              "kube_cluster_name"
            ],
            "notify_no_data": false,
            "on_missing_data": "",
            "priority": "3",
            "query": "min(last_30m):sum:kubernetes_state.deployment.replicas_available{env:qa,alert_band:baseline} by {kube_cluster_name,kube_namespace,kube_deployment} \u003c 1",
            "renotify_interval": 60,
            "renotify_occurrences": 3,
            "renotify_statuses": [
              "alert"
            ],
            "require_full_window": false,
            "restricted_roles": null,
            "scheduling_options": [],
            "tags": [
              "alert_band:baseline",
              "archetype:k8s-deployment-unavailable",
              "automation_ref:diag-k8s-workload",
              "correlation_key:kubernetes-workloads.qa.kubernetes-platform",
              "dedup_key:kubernetes-platform.qa.k8s-deployment-unavailable.baseline",
              "detection:threshold",
              "domain:kubernetes",
              "env:qa",
              "failure_domain:kubernetes-workloads",
              "impact_class:customer_impact",
              "managed_by:terraform",
              "managed_source:platform",
              "monitor_id:qa.baseline.kubernetes.k8s-deployment-unavailable",
              "monitoring_profile:baseline",
              "notification_profile:nonprod_standard",
              "owner:cloud-engineering",
              "pages:false",
              "priority:p3",
              "resource_type:kube_deployment",
              "runbook:k8s-deployment-unavailable",
              "service:kubernetes-platform",
              "signal:availability",
              "slo_id:slo-k8s-workload-availability",
              "support_model:best-effort",
              "team:cloud-engineering",
              "tier:tier3"
            ],
            "timeout_h": 0,
            "type": "query alert",
            "validate": null,
            "variables": []
          },
          "sensitive_attributes": [],
          "private": "bnVsbA=="
        },
        {
          "index_key": "qa.baseline.kubernetes.k8s-pod-crashloop",
          "schema_version": 0,
          "attributes": {
            "assets": [],
            "draft_status": "published",
            "enable_logs_sample": null,
            "enable_samples": null,
            "escalation_message": "",
            "evaluation_delay": 300,
            "force_delete": null,
            "group_retention_duration": "",
            "groupby_simple_monitor": null,
            "id": "314372292",
            "include_tags": true,
            "locked": false,
            "message": "{{#is_alert}}\n## P4 · Pods in CrashLoopBackOff\n**WHAT:** Pods in CrashLoopBackOff: availability signal detected by threshold analysis.\n**WHERE:** {{value}} · env `qa` · region `global`\n**SERVICE:** `kubernetes-platform` (kubernetes / kube_pod, tier3)\n**BUSINESS IMPACT:** The service still functions but measurably worse; a subset of traffic or users is failing.\n**WHY IT TRIGGERED:** CrashLoopBackOff is a discrete Kubernetes state, not a metric level.\n\n**OWNER:** cloud-engineering · support best-effort · this does not page\n**DO THIS NEXT:** Open the runbook, confirm scope from the group tags, and follow the validation steps. The attached workflow output already contains the standard diagnostics.\n**RUNBOOK:** https://github.com/droderiquesit/enterprise-observability/blob/main/platform/runbooks/k8s-pod-crashloop.md\n**AUTOMATED DIAGNOSTICS:** workflow `diag-k8s-workload` has run; its output is attached to this event.\n**RELATED EVENTS:** correlated on `kubernetes-workloads.qa.kubernetes-platform` — deployments, infrastructure changes and platform events from the last 30 minutes are attached as context.\n**SLO / ERROR BUDGET:** `slo-k8s-workload-availability` · no error-budget impact (non-production)\n{{/is_alert}}\n{{#is_warning}}\n## Pods in CrashLoopBackOff — warning\nApproaching the alert condition on {{value}}. Investigate before it becomes P4. Runbook: https://github.com/droderiquesit/enterprise-observability/blob/main/platform/runbooks/k8s-pod-crashloop.md\n{{/is_warning}}\n{{#is_no_data}}\n## Pods in CrashLoopBackOff — NO DATA\nTelemetry stopped arriving for {{value}}. Treat this as a telemetry-health incident: an unmonitored resource is worse than an alerting one. Runbook: https://github.com/droderiquesit/enterprise-observability/blob/main/platform/runbooks/k8s-pod-crashloop.md\n{{/is_no_data}}\n{{#is_recovery}}\n## Recovered · Pods in CrashLoopBackOff\n{{value}} returned to normal. Error-budget impact recorded against `slo-k8s-workload-availability`. No action required; the correlation group closes when every child recovers.\n{{/is_recovery}}\n{{#is_warning_recovery}}\nWarning cleared for {{value}}.\n{{/is_warning_recovery}}",
            "monitor_threshold_windows": [],
            "monitor_thresholds": [
              {
                "critical": "1",
                "critical_recovery": "",
                "ok": "",
                "unknown": "",
                "warning": "",
                "warning_recovery": ""
              }
            ],
            "name": "[P4][qa][kubernetes] Pods in CrashLoopBackOff (baseline)",
            "new_group_delay": 300,
            "new_host_delay": 300,
            "no_data_timeframe": 0,
            "notification_preset_name": "",
            "notify_audit": false,
            "notify_by": [
              "kube_cluster_name"
            ],
            "notify_no_data": false,
            "on_missing_data": "",
            "priority": "4",
            "query": "max(last_30m):sum:kubernetes_state.container.status_report.count.waiting{env:qa,alert_band:baseline,reason:crashloopbackoff} by {kube_cluster_name,kube_namespace,kube_deployment} \u003e= 1",
            "renotify_interval": 60,
            "renotify_occurrences": 3,
            "renotify_statuses": [
              "alert"
            ],
            "require_full_window": false,
            "restricted_roles": null,
            "scheduling_options": [],
            "tags": [
              "alert_band:baseline",
              "archetype:k8s-pod-crashloop",
              "automation_ref:diag-k8s-workload",
              "correlation_key:kubernetes-workloads.qa.kubernetes-platform",
              "dedup_key:kubernetes-platform.qa.k8s-pod-crashloop.baseline",
              "detection:threshold",
              "domain:kubernetes",
              "env:qa",
              "failure_domain:kubernetes-workloads",
              "impact_class:degradation",
              "managed_by:terraform",
              "managed_source:platform",
              "monitor_id:qa.baseline.kubernetes.k8s-pod-crashloop",
              "monitoring_profile:baseline",
              "notification_profile:nonprod_standard",
              "owner:cloud-engineering",
              "pages:false",
              "priority:p4",
              "release_gate:true",
              "resource_type:kube_pod",
              "runbook:k8s-pod-crashloop",
              "service:kubernetes-platform",
              "signal:availability",
              "slo_id:slo-k8s-workload-availability",
              "support_model:best-effort",
              "team:cloud-engineering",
              "tier:tier3"
            ],
            "timeout_h": 0,
            "type": "query alert",
            "validate": null,
            "variables": []
          },
          "sensitive_attributes": [],
          "private": "bnVsbA=="
        },
        {
          "index_key": "qa.baseline.kubernetes.k8s-telemetry-loss",
          "schema_version": 0,
          "attributes": {
            "assets": [],
            "draft_status": "published",
            "enable_logs_sample": null,
            "enable_samples": null,
            "escalation_message": "",
            "evaluation_delay": 300,
            "force_delete": null,
            "group_retention_duration": "",
            "groupby_simple_monitor": null,
            "id": "314372265",
            "include_tags": true,
            "locked": false,
            "message": "{{#is_alert}}\n## P4 · Kubernetes Cluster Stopped Reporting\n**WHAT:** Kubernetes Cluster Stopped Reporting: telemetry_health signal detected by threshold analysis.\n**WHERE:** {{value}} · env `qa` · region `global`\n**SERVICE:** `kubernetes-platform` (kubernetes / kube_cluster, tier3)\n**BUSINESS IMPACT:** Observability or configuration hygiene is degraded. No direct customer impact, but our ability to see or govern the estate is reduced.\n**WHY IT TRIGGERED:** Absence of cluster telemetry is binary.\n**OWNER:** cloud-engineering · support best-effort · this does not page\n**DO THIS NEXT:** Open the runbook, confirm scope from the group tags, and follow the validation steps. The attached workflow output already contains the standard diagnostics.\n**RUNBOOK:** https://github.com/droderiquesit/enterprise-observability/blob/main/platform/runbooks/k8s-telemetry-loss.md\n**AUTOMATED DIAGNOSTICS:** workflow `diag-k8s-workload` has run; its output is attached to this event.\n**RELATED EVENTS:** correlated on `kubernetes-control-plane.qa.kubernetes-platform` — deployments, infrastructure changes and platform events from the last 30 minutes are attached as context.\n**SLO / ERROR BUDGET:** `slo-k8s-workload-availability` · no error-budget impact (non-production)\n{{/is_alert}}\n{{#is_warning}}\n## Kubernetes Cluster Stopped Reporting — warning\nApproaching the alert condition on {{value}}. Investigate before it becomes P4. Runbook: https://github.com/droderiquesit/enterprise-observability/blob/main/platform/runbooks/k8s-telemetry-loss.md\n{{/is_warning}}\n{{#is_no_data}}\n## Kubernetes Cluster Stopped Reporting — NO DATA\nTelemetry stopped arriving for {{value}}. Treat this as a telemetry-health incident: an unmonitored resource is worse than an alerting one. Runbook: https://github.com/droderiquesit/enterprise-observability/blob/main/platform/runbooks/k8s-telemetry-loss.md\n{{/is_no_data}}\n{{#is_recovery}}\n## Recovered · Kubernetes Cluster Stopped Reporting\n{{value}} returned to normal. Error-budget impact recorded against `slo-k8s-workload-availability`. No action required; the correlation group closes when every child recovers.\n{{/is_recovery}}\n{{#is_warning_recovery}}\nWarning cleared for {{value}}.\n{{/is_warning_recovery}}",
            "monitor_threshold_windows": [],
            "monitor_thresholds": [
              {
                "critical": "1",
                "critical_recovery": "",
                "ok": "",
                "unknown": "",
                "warning": "",
                "warning_recovery": ""
              }
            ],
            "name": "[P4][qa][kubernetes] Kubernetes Cluster Stopped Reporting (baseline)",
            "new_group_delay": 300,
            "new_host_delay": 300,
            "no_data_timeframe": 45,
            "notification_preset_name": "",
            "notify_audit": false,
            "notify_by": [],
            "notify_no_data": true,
            "on_missing_data": "",
            "priority": "4",
            "query": "sum(last_1h):sum:kubernetes.pods.running{env:qa,alert_band:baseline} by {kube_cluster_name}.as_count() \u003c 1",
            "renotify_interval": 60,
            "renotify_occurrences": 3,
            "renotify_statuses": [
              "alert"
            ],
            "require_full_window": false,
            "restricted_roles": null,
            "scheduling_options": [],
            "tags": [
              "alert_band:baseline",
              "archetype:k8s-telemetry-loss",
              "automation_ref:diag-k8s-workload",
              "correlation_key:kubernetes-control-plane.qa.kubernetes-platform",
              "dedup_key:kubernetes-platform.qa.k8s-telemetry-loss.baseline",
              "detection:threshold",
              "domain:kubernetes",
              "env:qa",
              "failure_domain:kubernetes-control-plane",
              "impact_class:hygiene",
              "managed_by:terraform",
              "managed_source:platform",
              "monitor_id:qa.baseline.kubernetes.k8s-telemetry-loss",
              "monitoring_profile:baseline",
              "notification_profile:nonprod_standard",
              "owner:cloud-engineering",
              "pages:false",
              "priority:p4",
              "resource_type:kube_cluster",
              "runbook:k8s-telemetry-loss",
              "service:kubernetes-platform",
              "signal:telemetry_health",
              "slo_id:slo-k8s-workload-availability",
              "support_model:best-effort",
              "team:cloud-engineering",
              "tier:tier3"
            ],
            "timeout_h": 0,
            "type": "query alert",
            "validate": null,
            "variables": []
          },
          "sensitive_attributes": [],
          "private": "bnVsbA=="
        },
        {
          "index_key": "qa.baseline.messaging.consumer-absent",
          "schema_version": 0,
          "attributes": {
            "assets": [],
            "draft_status": "published",
            "enable_logs_sample": null,
            "enable_samples": null,
            "escalation_message": "",
            "evaluation_delay": 300,
            "force_delete": null,
            "group_retention_duration": "",
            "groupby_simple_monitor": null,
            "id": "314372266",
            "include_tags": true,
            "locked": false,
            "message": "{{#is_alert}}\n## P3 · No Active Consumer On Queue\n**WHAT:** No Active Consumer On Queue: availability signal detected by threshold analysis.\n**WHERE:** {{value}} · env `qa` · region `global`\n**SERVICE:** `messaging-platform` (messaging / queue, tier3)\n**BUSINESS IMPACT:** Customers are affected now, or a mission-critical capability is unavailable.\n**WHY IT TRIGGERED:** Zero consumers on a live queue is binary and silent — the queue looks healthy while the business stops.\n\n**OWNER:** cloud-engineering · support best-effort · this does not page\n**DO THIS NEXT:** Open the runbook, confirm scope from the group tags, and follow the validation steps. The attached workflow output already contains the standard diagnostics.\n**RUNBOOK:** https://github.com/droderiquesit/enterprise-observability/blob/main/platform/runbooks/consumer-absent.md\n**AUTOMATED DIAGNOSTICS:** workflow `diag-messaging` has run; its output is attached to this event.\n**RELATED EVENTS:** correlated on `messaging-platform.qa.messaging-platform` — deployments, infrastructure changes and platform events from the last 30 minutes are attached as context.\n**SLO / ERROR BUDGET:** `slo-messaging-delivery` · no error-budget impact (non-production)\n{{/is_alert}}\n{{#is_warning}}\n## No Active Consumer On Queue — warning\nApproaching the alert condition on {{value}}. Investigate before it becomes P3. Runbook: https://github.com/droderiquesit/enterprise-observability/blob/main/platform/runbooks/consumer-absent.md\n{{/is_warning}}\n{{#is_no_data}}\n## No Active Consumer On Queue — NO DATA\nTelemetry stopped arriving for {{value}}. Treat this as a telemetry-health incident: an unmonitored resource is worse than an alerting one. Runbook: https://github.com/droderiquesit/enterprise-observability/blob/main/platform/runbooks/consumer-absent.md\n{{/is_no_data}}\n{{#is_recovery}}\n## Recovered · No Active Consumer On Queue\n{{value}} returned to normal. Error-budget impact recorded against `slo-messaging-delivery`. No action required; the correlation group closes when every child recovers.\n{{/is_recovery}}\n{{#is_warning_recovery}}\nWarning cleared for {{value}}.\n{{/is_warning_recovery}}",
            "monitor_threshold_windows": [],
            "monitor_thresholds": [
              {
                "critical": "1",
                "critical_recovery": "",
                "ok": "",
                "unknown": "",
                "warning": "",
                "warning_recovery": ""
              }
            ],
            "name": "[P3][qa][messaging] No Active Consumer On Queue (baseline)",
            "new_group_delay": 300,
            "new_host_delay": 300,
            "no_data_timeframe": 0,
            "notification_preset_name": "",
            "notify_audit": false,
            "notify_by": [
              "namespace"
            ],
            "notify_no_data": false,
            "on_missing_data": "",
            "priority": "3",
            "query": "min(last_30m):avg:acme.messaging.active_consumers{env:qa,alert_band:baseline} by {namespace,entity} \u003c 1",
            "renotify_interval": 60,
            "renotify_occurrences": 3,
            "renotify_statuses": [
              "alert"
            ],
            "require_full_window": false,
            "restricted_roles": null,
            "scheduling_options": [],
            "tags": [
              "alert_band:baseline",
              "archetype:consumer-absent",
              "automation_ref:diag-messaging",
              "correlation_key:messaging-platform.qa.messaging-platform",
              "dedup_key:messaging-platform.qa.consumer-absent.baseline",
              "detection:threshold",
              "domain:messaging",
              "env:qa",
              "failure_domain:messaging-platform",
              "impact_class:customer_impact",
              "managed_by:terraform",
              "managed_source:platform",
              "monitor_id:qa.baseline.messaging.consumer-absent",
              "monitoring_profile:baseline",
              "notification_profile:nonprod_standard",
              "owner:cloud-engineering",
              "pages:false",
              "priority:p3",
              "resource_type:queue",
              "runbook:consumer-absent",
              "service:messaging-platform",
              "signal:availability",
              "slo_id:slo-messaging-delivery",
              "support_model:best-effort",
              "team:cloud-engineering",
              "tier:tier3"
            ],
            "timeout_h": 0,
            "type": "query alert",
            "validate": null,
            "variables": []
          },
          "sensitive_attributes": [],
          "private": "bnVsbA=="
        },
        {
          "index_key": "qa.baseline.saas.synthetic-endpoint-down",
          "schema_version": 0,
          "attributes": {
            "assets": [],
            "draft_status": "published",
            "enable_logs_sample": null,
            "enable_samples": null,
            "escalation_message": "",
            "evaluation_delay": 300,
            "force_delete": null,
            "group_retention_duration": "",
            "groupby_simple_monitor": null,
            "id": "314372291",
            "include_tags": true,
            "locked": false,
            "message": "{{#is_alert}}\n## P3 · External Endpoint Unavailable\n**WHAT:** External Endpoint Unavailable: availability signal detected by threshold analysis.\n**WHERE:** {{value}} · env `qa` · region `global`\n**SERVICE:** `external-dependencies` (saas / synthetic_check, tier3)\n**BUSINESS IMPACT:** Customers are affected now, or a mission-critical capability is unavailable.\n**WHY IT TRIGGERED:** Three failures across locations distinguishes a real outage from one unhappy probe location.\n\n**OWNER:** sre · support best-effort · this does not page\n**DO THIS NEXT:** Open the runbook, confirm scope from the group tags, and follow the validation steps. The attached workflow output already contains the standard diagnostics.\n**RUNBOOK:** https://github.com/droderiquesit/enterprise-observability/blob/main/platform/runbooks/synthetic-endpoint-down.md\n**AUTOMATED DIAGNOSTICS:** workflow `diag-external-endpoint` has run; its output is attached to this event.\n**RELATED EVENTS:** correlated on `external-endpoint.qa.external-dependencies` — deployments, infrastructure changes and platform events from the last 30 minutes are attached as context.\n**SLO / ERROR BUDGET:** `slo-external-dependency` · no error-budget impact (non-production)\n{{/is_alert}}\n{{#is_warning}}\n## External Endpoint Unavailable — warning\nApproaching the alert condition on {{value}}. Investigate before it becomes P3. Runbook: https://github.com/droderiquesit/enterprise-observability/blob/main/platform/runbooks/synthetic-endpoint-down.md\n{{/is_warning}}\n{{#is_no_data}}\n## External Endpoint Unavailable — NO DATA\nTelemetry stopped arriving for {{value}}. Treat this as a telemetry-health incident: an unmonitored resource is worse than an alerting one. Runbook: https://github.com/droderiquesit/enterprise-observability/blob/main/platform/runbooks/synthetic-endpoint-down.md\n{{/is_no_data}}\n{{#is_recovery}}\n## Recovered · External Endpoint Unavailable\n{{value}} returned to normal. Error-budget impact recorded against `slo-external-dependency`. No action required; the correlation group closes when every child recovers.\n{{/is_recovery}}\n{{#is_warning_recovery}}\nWarning cleared for {{value}}.\n{{/is_warning_recovery}}",
            "monitor_threshold_windows": [],
            "monitor_thresholds": [
              {
                "critical": "3",
                "critical_recovery": "",
                "ok": "",
                "unknown": "",
                "warning": "1",
                "warning_recovery": ""
              }
            ],
            "name": "[P3][qa][saas] External Endpoint Unavailable (baseline)",
            "new_group_delay": 300,
            "new_host_delay": 300,
            "no_data_timeframe": 0,
            "notification_preset_name": "",
            "notify_audit": false,
            "notify_by": [
              "check_id"
            ],
            "notify_no_data": false,
            "on_missing_data": "",
            "priority": "3",
            "query": "sum(last_30m):sum:synthetics.test_runs{env:qa,alert_band:baseline,status:failed} by {check_id,location}.as_count() \u003e= 3",
            "renotify_interval": 60,
            "renotify_occurrences": 3,
            "renotify_statuses": [
              "alert"
            ],
            "require_full_window": false,
            "restricted_roles": null,
            "scheduling_options": [],
            "tags": [
              "alert_band:baseline",
              "archetype:synthetic-endpoint-down",
              "automation_ref:diag-external-endpoint",
              "correlation_key:external-endpoint.qa.external-dependencies",
              "dedup_key:external-dependencies.qa.synthetic-endpoint-down.baseline",
              "detection:threshold",
              "domain:saas",
              "env:qa",
              "failure_domain:external-endpoint",
              "impact_class:customer_impact",
              "managed_by:terraform",
              "managed_source:platform",
              "monitor_id:qa.baseline.saas.synthetic-endpoint-down",
              "monitoring_profile:baseline",
              "notification_profile:nonprod_standard",
              "owner:sre",
              "pages:false",
              "priority:p3",
              "resource_type:synthetic_check",
              "runbook:synthetic-endpoint-down",
              "service:external-dependencies",
              "signal:availability",
              "slo_id:slo-external-dependency",
              "support_model:best-effort",
              "team:sre",
              "tier:tier3"
            ],
            "timeout_h": 0,
            "type": "query alert",
            "validate": null,
            "variables": []
          },
          "sensitive_attributes": [],
          "private": "bnVsbA=="
        }
      ]
    }
  ],
  "check_results": [
    {
      "object_kind": "var",
      "config_addr": "module.coverage_monitors.var.instances",
      "status": "pass",
      "objects": [
        {
          "object_addr": "module.coverage_monitors.var.instances",
          "status": "pass"
        }
      ]
    },
    {
      "object_kind": "resource",
      "config_addr": "module.coverage_monitors.datadog_monitor.this",
      "status": "pass",
      "objects": [
        {
          "object_addr": "module.coverage_monitors.datadog_monitor.this[\"qa.baseline.integration.schedule-missed-run\"]",
          "status": "pass"
        },
        {
          "object_addr": "module.coverage_monitors.datadog_monitor.this[\"qa.baseline.cloud.azure-integration-telemetry-gap\"]",
          "status": "pass"
        },
        {
          "object_addr": "module.coverage_monitors.datadog_monitor.this[\"qa.baseline.data.data-telemetry-loss\"]",
          "status": "pass"
        },
        {
          "object_addr": "module.coverage_monitors.datadog_monitor.this[\"qa.baseline.infrastructure.host-agent-unhealthy\"]",
          "status": "pass"
        },
        {
          "object_addr": "module.coverage_monitors.datadog_monitor.this[\"qa.baseline.application.web-synthetic-availability\"]",
          "status": "pass"
        },
        {
          "object_addr": "module.coverage_monitors.datadog_monitor.this[\"qa.baseline.kubernetes.k8s-deployment-unavailable\"]",
          "status": "pass"
        },
        {
          "object_addr": "module.coverage_monitors.datadog_monitor.this[\"qa.baseline.integration.batch-job-failure\"]",
          "status": "pass"
        },
        {
          "object_addr": "module.coverage_monitors.datadog_monitor.this[\"qa.baseline.saas.synthetic-endpoint-down\"]",
          "status": "pass"
        },
        {
          "object_addr": "module.coverage_monitors.datadog_monitor.this[\"qa.baseline.infrastructure.host-unavailable\"]",
          "status": "pass"
        },
        {
          "object_addr": "module.coverage_monitors.datadog_monitor.this[\"qa.baseline.database.db-telemetry-loss\"]",
          "status": "pass"
        },
        {
          "object_addr": "module.coverage_monitors.datadog_monitor.this[\"qa.baseline.kubernetes.k8s-telemetry-loss\"]",
          "status": "pass"
        },
        {
          "object_addr": "module.coverage_monitors.datadog_monitor.this[\"qa.baseline.kubernetes.k8s-pod-crashloop\"]",
          "status": "pass"
        },
        {
          "object_addr": "module.coverage_monitors.datadog_monitor.this[\"qa.baseline.data.pipeline-job-failure\"]",
          "status": "pass"
        },
        {
          "object_addr": "module.coverage_monitors.datadog_monitor.this[\"qa.baseline.database.db-availability\"]",
          "status": "pass"
        },
        {
          "object_addr": "module.coverage_monitors.datadog_monitor.this[\"qa.baseline.cloud.azure-appservice-unavailable\"]",
          "status": "pass"
        },
        {
          "object_addr": "module.coverage_monitors.datadog_monitor.this[\"qa.baseline.api.api-availability\"]",
          "status": "pass"
        },
        {
          "object_addr": "module.coverage_monitors.datadog_monitor.this[\"qa.baseline.application.worker-stalled\"]",
          "status": "pass"
        },
        {
          "object_addr": "module.coverage_monitors.datadog_monitor.this[\"qa.baseline.application.app-telemetry-loss\"]",
          "status": "pass"
        },
        {
          "object_addr": "module.coverage_monitors.datadog_monitor.this[\"qa.baseline.messaging.consumer-absent\"]",
          "status": "pass"
        }
      ]
    },
    {
      "object_kind": "check",
      "config_addr": "check.p1_budget",
      "status": "pass",
      "objects": [
        {
          "object_addr": "check.p1_budget",
          "status": "pass"
        }
      ]
    },
    {
      "object_kind": "check",
      "config_addr": "check.paging_budget",
      "status": "pass",
      "objects": [
        {
          "object_addr": "check.paging_budget",
          "status": "pass"
        }
      ]
    },
    {
      "object_kind": "resource",
      "config_addr": "module.burn_monitors.datadog_monitor.this",
      "status": "pass",
      "objects": null
    },
    {
      "object_kind": "var",
      "config_addr": "module.burn_monitors.var.instances",
      "status": "unknown",
      "objects": [
        {
          "object_addr": "module.burn_monitors.var.instances",
          "status": "unknown"
        }
      ]
    },
    {
      "object_kind": "var",
      "config_addr": "module.composites.var.composites",
      "status": "unknown",
      "objects": [
        {
          "object_addr": "module.composites.var.composites",
          "status": "unknown"
        }
      ]
    },
    {
      "object_kind": "check",
      "config_addr": "check.monitor_budget",
      "status": "pass",
      "objects": [
        {
          "object_addr": "check.monitor_budget",
          "status": "pass"
        }
      ]
    },
    {
      "object_kind": "var",
      "config_addr": "module.slos.var.slos",
      "status": "pass",
      "objects": [
        {
          "object_addr": "module.slos.var.slos",
          "status": "pass"
        }
      ]
    },
    {
      "object_kind": "resource",
      "config_addr": "module.composites.datadog_monitor.this",
      "status": "pass",
      "objects": null
    },
    {
      "object_kind": "check",
      "config_addr": "check.composite_members_resolved",
      "status": "pass",
      "objects": [
        {
          "object_addr": "check.composite_members_resolved",
          "status": "pass"
        }
      ]
    },
    {
      "object_kind": "var",
      "config_addr": "var.environments",
      "status": "pass",
      "objects": [
        {
          "object_addr": "var.environments",
          "status": "pass"
        }
      ]
    }
  ]
}
