{
  "version": 4,
  "terraform_version": "1.9.8",
  "serial": 478,
  "lineage": "2ede4cae-de3f-d7ab-3bc2-c8928f7bdcd3",
  "outputs": {},
  "resources": [
    {
      "module": "module.composites",
      "mode": "managed",
      "type": "datadog_monitor",
      "name": "this",
      "provider": "provider[\"registry.terraform.io/datadog/datadog\"]",
      "instances": [
        {
          "index_key": "composite.stage.critical.deploy-induced-degradation",
          "schema_version": 0,
          "attributes": {
            "assets": [
              {
                "category": "runbook",
                "name": "Deployment Regression",
                "resource_key": "15208649",
                "resource_type": "notebook",
                "url": "https://app.datadoghq.com/notebook/15208649"
              }
            ],
            "draft_status": "published",
            "enable_logs_sample": null,
            "enable_samples": null,
            "escalation_message": "",
            "evaluation_delay": 0,
            "force_delete": null,
            "group_retention_duration": "",
            "groupby_simple_monitor": null,
            "id": "314372622",
            "include_tags": true,
            "locked": false,
            "message": "{{#is_alert}}\n## P3 · Deployment-Induced Customer Impact — CONFIRMED\n**WHAT:** The single highest-precision page in the framework: an error-rate regression AND a latency regression in the same service within the post-deploy window. Almost never a false positive, and the remediation is known before a human reads the alert (roll back).\n**WHY THIS IS DIFFERENT:** every member condition below is true at the same time, which is what separates a real incident from an isolated symptom:\n  - Deployment Regression\n  - API p99 Latency Degradation\n**WHERE:** {{value}} · env `stage`\n**SERVICE / SCOPE:** `application-platform` (application)\n**BUSINESS IMPACT:** Confirmed impact: every member condition is true simultaneously, which is the evidence threshold this platform requires before paging on a symptom.\n**OWNER:** application-development (observers: sre) · does not page\n**DO THIS NEXT:** Treat as a confirmed incident. The member alerts are the evidence trail; the runbook's remediation section applies directly.\n**RUNBOOK:** attached to this monitor as `Deployment Regression` — open it from the monitor's Runbook asset.\n**AUTOMATED DIAGNOSTICS:** workflow `auto-enrich-change`.\n**SLO / ERROR BUDGET:** `slo-app-availability`\n{{/is_alert}}\n{{#is_recovery}}\n## Recovered · Deployment-Induced Customer Impact\nAt least one member condition cleared, so the confirmed-impact state no longer holds. Individual member monitors may still be alerting — check before closing the incident.\n{{/is_recovery}}",
            "monitor_threshold_windows": [],
            "monitor_thresholds": [],
            "name": "[P3][stage][application] Deployment-Induced Customer Impact (composite)",
            "new_group_delay": 0,
            "new_host_delay": 300,
            "no_data_timeframe": 0,
            "notification_preset_name": "",
            "notify_audit": false,
            "notify_by": [],
            "notify_no_data": false,
            "on_missing_data": "",
            "priority": "3",
            "query": "314372492 \u0026\u0026 314372493",
            "renotify_interval": 30,
            "renotify_occurrences": 3,
            "renotify_statuses": [
              "alert"
            ],
            "require_full_window": false,
            "restricted_roles": null,
            "scheduling_options": [],
            "tags": [
              "alert_band:critical",
              "archetype:composite",
              "automation_ref:auto-enrich-change",
              "correlation_key:application-platform.stage.application-platform",
              "dedup_key:application-platform.stage.composite.composite.stage.critical.deploy-induced-degradation",
              "detection:composite",
              "domain:application",
              "env:stage",
              "failure_domain:application-platform",
              "impact_class:customer_impact",
              "managed_by:terraform",
              "managed_source:composite",
              "monitor_id:composite.stage.critical.deploy-induced-degradation",
              "monitoring_profile:critical",
              "notification_profile:nonprod_standard",
              "owner:application-development",
              "pages:false",
              "priority:p3",
              "release_gate:true",
              "resource_type:composite",
              "runbook:deployment-regression",
              "runbook_notebook:15208649",
              "service:application-platform",
              "signal:confirmed_impact",
              "slo_id:slo-app-availability",
              "support_model:24x7",
              "team:application-development",
              "tier:tier0"
            ],
            "timeout_h": 18,
            "type": "composite",
            "validate": null,
            "variables": []
          },
          "sensitive_attributes": [],
          "private": "bnVsbA==",
          "dependencies": [
            "module.coverage_monitors.datadog_monitor.this"
          ]
        }
      ]
    },
    {
      "module": "module.coverage_monitors",
      "mode": "managed",
      "type": "datadog_monitor",
      "name": "this",
      "provider": "provider[\"registry.terraform.io/datadog/datadog\"]",
      "instances": [
        {
          "index_key": "stage.critical.api.api-5xx-anomaly",
          "schema_version": 0,
          "attributes": {
            "assets": [
              {
                "category": "runbook",
                "name": "API 5xx Error Rate Anomaly",
                "resource_key": "15298343",
                "resource_type": "notebook",
                "url": "https://app.datadoghq.com/notebook/15298343"
              }
            ],
            "draft_status": "published",
            "enable_logs_sample": null,
            "enable_samples": null,
            "escalation_message": "",
            "evaluation_delay": 300,
            "force_delete": null,
            "group_retention_duration": "",
            "groupby_simple_monitor": null,
            "id": "314372376",
            "include_tags": true,
            "locked": false,
            "message": "{{#is_alert}}\n## P3 · API 5xx Error Rate Anomaly\n**WHAT:** API 5xx Error Rate Anomaly: error_rate signal detected by anomaly analysis.\n**WHERE:** {{value}} · env `stage` · region `global`\n**SERVICE:** `api-services` (api / service, tier0)\n**BUSINESS IMPACT:** Customers are affected now, or a mission-critical capability is unavailable.\n**WHY IT TRIGGERED:** The signal deviated from its own learned baseline by more than the configured number of deviations — not because it crossed a fixed number.\n**OWNER:** application-development · support 24x7 · this does not page\n**RUNBOOK:** attached to this monitor as `API 5xx Error Rate Anomaly` — open it from the monitor's Runbook asset.\n**AUTOMATED DIAGNOSTICS:** workflow `diag-api-health` has run; its output is attached to this event.\n**RELATED EVENTS:** correlated on `api-services.stage.api-services` — deployments, infrastructure changes and platform events from the last 30 minutes are attached as context.\n**SLO / ERROR BUDGET:** `slo-api-availability` · no error-budget impact (non-production)\n{{/is_alert}}\n{{#is_warning}}\n## API 5xx Error Rate Anomaly — warning\nApproaching the alert condition on {{value}}. Investigate before it becomes P3.\n{{/is_warning}}\n{{#is_no_data}}\n## API 5xx Error Rate Anomaly — NO DATA\nTelemetry stopped arriving for {{value}}. Treat this as a telemetry-health incident: an unmonitored resource is worse than an alerting one.\n{{/is_no_data}}\n{{#is_recovery}}\n## Recovered · API 5xx Error Rate Anomaly\n{{value}} returned to normal. Error-budget impact recorded against `slo-api-availability`. No action required; the correlation group closes when every child recovers.\n{{/is_recovery}}\n{{#is_warning_recovery}}\nWarning cleared for {{value}}.\n{{/is_warning_recovery}}",
            "monitor_threshold_windows": [],
            "monitor_thresholds": [
              {
                "critical": "1",
                "critical_recovery": "",
                "ok": "",
                "unknown": "",
                "warning": "",
                "warning_recovery": ""
              }
            ],
            "name": "[P3][stage][api] API 5xx Error Rate Anomaly (critical)",
            "new_group_delay": 300,
            "new_host_delay": 300,
            "no_data_timeframe": 0,
            "notification_preset_name": "",
            "notify_audit": false,
            "notify_by": [],
            "notify_no_data": false,
            "on_missing_data": "",
            "priority": "3",
            "query": "avg(last_30m):anomalies(sum:trace.http.request.errors{env:stage,alert_band:critical,service_archetype:api,http.status_class:5xx} by {service}.as_rate(), 'agile', 3) \u003e= 1",
            "renotify_interval": 30,
            "renotify_occurrences": 3,
            "renotify_statuses": [
              "alert"
            ],
            "require_full_window": false,
            "restricted_roles": null,
            "scheduling_options": [],
            "tags": [
              "alert_band:critical",
              "archetype:api-5xx-anomaly",
              "automation_ref:diag-api-health",
              "correlation_key:api-services.stage.api-services",
              "dedup_key:api-services.stage.api-5xx-anomaly.critical",
              "detection:anomaly",
              "domain:api",
              "env:stage",
              "failure_domain:api-services",
              "impact_class:customer_impact",
              "managed_by:terraform",
              "managed_source:platform",
              "monitor_id:stage.critical.api.api-5xx-anomaly",
              "monitoring_profile:critical",
              "notification_profile:nonprod_standard",
              "owner:application-development",
              "pages:false",
              "priority:p3",
              "resource_type:service",
              "runbook:api-5xx-anomaly",
              "runbook_notebook:15298343",
              "service:api-services",
              "signal:error_rate",
              "slo_id:slo-api-availability",
              "support_model:24x7",
              "team:application-development",
              "tier:tier0"
            ],
            "timeout_h": 18,
            "type": "query alert",
            "validate": null,
            "variables": []
          },
          "sensitive_attributes": [],
          "private": "bnVsbA=="
        },
        {
          "index_key": "stage.critical.api.api-availability",
          "schema_version": 0,
          "attributes": {
            "assets": [
              {
                "category": "runbook",
                "name": "API Availability",
                "resource_key": "15298344",
                "resource_type": "notebook",
                "url": "https://app.datadoghq.com/notebook/15298344"
              }
            ],
            "draft_status": "published",
            "enable_logs_sample": null,
            "enable_samples": null,
            "escalation_message": "",
            "evaluation_delay": 300,
            "force_delete": null,
            "group_retention_duration": "",
            "groupby_simple_monitor": null,
            "id": "314372418",
            "include_tags": true,
            "locked": false,
            "message": "{{#is_alert}}\n## P3 · API Availability\n**WHAT:** API Availability: availability signal detected by threshold analysis.\n**WHERE:** {{value}} · env `stage` · region `global`\n**SERVICE:** `api-services` (api / service, tier0)\n**BUSINESS IMPACT:** Customers are affected now, or a mission-critical capability is unavailable.\n**WHY IT TRIGGERED:** More than half of requests failing is an availability boundary, not a behavioral deviation. Sub-outage degradation is caught by the anomaly and burn-rate archetypes; this one exists to fire fast and unambiguously.\n\n**OWNER:** application-development · support 24x7 · this does not page\n**RUNBOOK:** attached to this monitor as `API Availability` — open it from the monitor's Runbook asset.\n**AUTOMATED DIAGNOSTICS:** workflow `diag-api-health` has run; its output is attached to this event.\n**RELATED EVENTS:** correlated on `api-services.stage.api-services` — deployments, infrastructure changes and platform events from the last 30 minutes are attached as context.\n**SLO / ERROR BUDGET:** `slo-api-availability` · no error-budget impact (non-production)\n{{/is_alert}}\n{{#is_warning}}\n## API Availability — warning\nApproaching the alert condition on {{value}}. Investigate before it becomes P3.\n{{/is_warning}}\n{{#is_no_data}}\n## API Availability — NO DATA\nTelemetry stopped arriving for {{value}}. Treat this as a telemetry-health incident: an unmonitored resource is worse than an alerting one.\n{{/is_no_data}}\n{{#is_recovery}}\n## Recovered · API Availability\n{{value}} returned to normal. Error-budget impact recorded against `slo-api-availability`. No action required; the correlation group closes when every child recovers.\n{{/is_recovery}}\n{{#is_warning_recovery}}\nWarning cleared for {{value}}.\n{{/is_warning_recovery}}",
            "monitor_threshold_windows": [],
            "monitor_thresholds": [
              {
                "critical": "0.5",
                "critical_recovery": "",
                "ok": "",
                "unknown": "",
                "warning": "0.2",
                "warning_recovery": ""
              }
            ],
            "name": "[P3][stage][api] API Availability (critical)",
            "new_group_delay": 300,
            "new_host_delay": 300,
            "no_data_timeframe": 0,
            "notification_preset_name": "",
            "notify_audit": false,
            "notify_by": [],
            "notify_no_data": false,
            "on_missing_data": "",
            "priority": "3",
            "query": "sum(last_10m):sum:trace.http.request.hits{env:stage,alert_band:critical,service_archetype:api,http.status_class:5xx} by {service}.as_count() / sum:trace.http.request.hits{env:stage,alert_band:critical,service_archetype:api} by {service}.as_count() \u003e 0.5",
            "renotify_interval": 30,
            "renotify_occurrences": 3,
            "renotify_statuses": [
              "alert"
            ],
            "require_full_window": false,
            "restricted_roles": null,
            "scheduling_options": [],
            "tags": [
              "alert_band:critical",
              "archetype:api-availability",
              "automation_ref:diag-api-health",
              "correlation_key:api-services.stage.api-services",
              "dedup_key:api-services.stage.api-availability.critical",
              "detection:threshold",
              "domain:api",
              "env:stage",
              "failure_domain:api-services",
              "impact_class:customer_impact",
              "managed_by:terraform",
              "managed_source:platform",
              "monitor_id:stage.critical.api.api-availability",
              "monitoring_profile:critical",
              "notification_profile:nonprod_standard",
              "owner:application-development",
              "pages:false",
              "priority:p3",
              "release_gate:true",
              "resource_type:service",
              "runbook:api-availability",
              "runbook_notebook:15298344",
              "service:api-services",
              "signal:availability",
              "slo_id:slo-api-availability",
              "support_model:24x7",
              "team:application-development",
              "tier:tier0"
            ],
            "timeout_h": 18,
            "type": "query alert",
            "validate": null,
            "variables": []
          },
          "sensitive_attributes": [],
          "private": "bnVsbA=="
        },
        {
          "index_key": "stage.critical.api.api-gateway-backend-unhealthy",
          "schema_version": 0,
          "attributes": {
            "assets": [
              {
                "category": "runbook",
                "name": "API Gateway Backend Pool Unhealthy",
                "resource_key": "15298348",
                "resource_type": "notebook",
                "url": "https://app.datadoghq.com/notebook/15298348"
              }
            ],
            "draft_status": "published",
            "enable_logs_sample": null,
            "enable_samples": null,
            "escalation_message": "",
            "evaluation_delay": 300,
            "force_delete": null,
            "group_retention_duration": "",
            "groupby_simple_monitor": null,
            "id": "314372498",
            "include_tags": true,
            "locked": false,
            "message": "{{#is_alert}}\n## P3 · API Gateway Backend Pool Unhealthy\n**WHAT:** API Gateway Backend Pool Unhealthy: availability signal detected by threshold analysis.\n**WHERE:** {{value}} · env `stage` · region `global`\n**SERVICE:** `api-services` (api / api_gateway, tier0)\n**BUSINESS IMPACT:** Customers are affected now, or a mission-critical capability is unavailable.\n**WHY IT TRIGGERED:** Losing half of a backend pool is a redundancy boundary defined by the load-balancer contract, not a statistical property of traffic.\n\n**OWNER:** application-development · support 24x7 · this does not page\n**RUNBOOK:** attached to this monitor as `API Gateway Backend Pool Unhealthy` — open it from the monitor's Runbook asset.\n**AUTOMATED DIAGNOSTICS:** workflow `diag-api-health` has run; its output is attached to this event.\n**RELATED EVENTS:** correlated on `api-gateway.stage.api-services` — deployments, infrastructure changes and platform events from the last 30 minutes are attached as context.\n**SLO / ERROR BUDGET:** `slo-api-availability` · no error-budget impact (non-production)\n{{/is_alert}}\n{{#is_warning}}\n## API Gateway Backend Pool Unhealthy — warning\nApproaching the alert condition on {{value}}. Investigate before it becomes P3.\n{{/is_warning}}\n{{#is_no_data}}\n## API Gateway Backend Pool Unhealthy — NO DATA\nTelemetry stopped arriving for {{value}}. Treat this as a telemetry-health incident: an unmonitored resource is worse than an alerting one.\n{{/is_no_data}}\n{{#is_recovery}}\n## Recovered · API Gateway Backend Pool Unhealthy\n{{value}} returned to normal. Error-budget impact recorded against `slo-api-availability`. No action required; the correlation group closes when every child recovers.\n{{/is_recovery}}\n{{#is_warning_recovery}}\nWarning cleared for {{value}}.\n{{/is_warning_recovery}}",
            "monitor_threshold_windows": [],
            "monitor_thresholds": [
              {
                "critical": "0.5",
                "critical_recovery": "",
                "ok": "",
                "unknown": "",
                "warning": "0.75",
                "warning_recovery": ""
              }
            ],
            "name": "[P3][stage][api] API Gateway Backend Pool Unhealthy (critical)",
            "new_group_delay": 300,
            "new_host_delay": 300,
            "no_data_timeframe": 0,
            "notification_preset_name": "",
            "notify_audit": false,
            "notify_by": [],
            "notify_no_data": false,
            "on_missing_data": "",
            "priority": "3",
            "query": "min(last_10m):avg:api.gateway.healthy_backend_ratio{env:stage,alert_band:critical,resource_type:api_gateway} by {gateway,backend_pool} \u003c 0.5",
            "renotify_interval": 30,
            "renotify_occurrences": 3,
            "renotify_statuses": [
              "alert"
            ],
            "require_full_window": false,
            "restricted_roles": null,
            "scheduling_options": [],
            "tags": [
              "alert_band:critical",
              "archetype:api-gateway-backend-unhealthy",
              "automation_ref:diag-api-health",
              "correlation_key:api-gateway.stage.api-services",
              "dedup_key:api-services.stage.api-gateway-backend-unhealthy.critical",
              "detection:threshold",
              "domain:api",
              "env:stage",
              "failure_domain:api-gateway",
              "impact_class:customer_impact",
              "managed_by:terraform",
              "managed_source:platform",
              "monitor_id:stage.critical.api.api-gateway-backend-unhealthy",
              "monitoring_profile:critical",
              "notification_profile:nonprod_standard",
              "owner:application-development",
              "pages:false",
              "priority:p3",
              "resource_type:api_gateway",
              "runbook:api-gateway-backend-unhealthy",
              "runbook_notebook:15298348",
              "service:api-services",
              "signal:availability",
              "slo_id:slo-api-availability",
              "support_model:24x7",
              "team:application-development",
              "tier:tier0"
            ],
            "timeout_h": 18,
            "type": "query alert",
            "validate": null,
            "variables": []
          },
          "sensitive_attributes": [],
          "private": "bnVsbA=="
        },
        {
          "index_key": "stage.critical.api.api-latency-p99",
          "schema_version": 0,
          "attributes": {
            "assets": [
              {
                "category": "runbook",
                "name": "API p99 Latency Degradation",
                "resource_key": "15298349",
                "resource_type": "notebook",
                "url": "https://app.datadoghq.com/notebook/15298349"
              }
            ],
            "draft_status": "published",
            "enable_logs_sample": null,
            "enable_samples": null,
            "escalation_message": "",
            "evaluation_delay": 300,
            "force_delete": null,
            "group_retention_duration": "",
            "groupby_simple_monitor": null,
            "id": "314372493",
            "include_tags": true,
            "locked": false,
            "message": "{{#is_alert}}\n## P3 · API p99 Latency Degradation\n**WHAT:** API p99 Latency Degradation: latency signal detected by rate_of_change analysis.\n**WHERE:** {{value}} · env `stage` · region `global`\n**SERVICE:** `api-services` (api / service, tier0)\n**BUSINESS IMPACT:** The service still functions but measurably worse; a subset of traffic or users is failing.\n**WHY IT TRIGGERED:** The signal changed faster than the configured percentage relative to its own recent history. Speed of degradation, not absolute level.\n**OWNER:** application-development · support 24x7 · this does not page\n**RUNBOOK:** attached to this monitor as `API p99 Latency Degradation` — open it from the monitor's Runbook asset.\n**AUTOMATED DIAGNOSTICS:** workflow `diag-api-health` has run; its output is attached to this event.\n**RELATED EVENTS:** correlated on `api-services.stage.api-services` — deployments, infrastructure changes and platform events from the last 30 minutes are attached as context.\n**SLO / ERROR BUDGET:** `slo-api-latency` · no error-budget impact (non-production)\n{{/is_alert}}\n{{#is_warning}}\n## API p99 Latency Degradation — warning\nApproaching the alert condition on {{value}}. Investigate before it becomes P3.\n{{/is_warning}}\n{{#is_no_data}}\n## API p99 Latency Degradation — NO DATA\nTelemetry stopped arriving for {{value}}. Treat this as a telemetry-health incident: an unmonitored resource is worse than an alerting one.\n{{/is_no_data}}\n{{#is_recovery}}\n## Recovered · API p99 Latency Degradation\n{{value}} returned to normal. Error-budget impact recorded against `slo-api-latency`. No action required; the correlation group closes when every child recovers.\n{{/is_recovery}}\n{{#is_warning_recovery}}\nWarning cleared for {{value}}.\n{{/is_warning_recovery}}",
            "monitor_threshold_windows": [],
            "monitor_thresholds": [
              {
                "critical": "100",
                "critical_recovery": "",
                "ok": "",
                "unknown": "",
                "warning": "50",
                "warning_recovery": ""
              }
            ],
            "name": "[P3][stage][api] API p99 Latency Degradation (critical)",
            "new_group_delay": 300,
            "new_host_delay": 300,
            "no_data_timeframe": 0,
            "notification_preset_name": "",
            "notify_audit": false,
            "notify_by": [],
            "notify_no_data": false,
            "on_missing_data": "",
            "priority": "3",
            "query": "pct_change(avg(last_30m),last_1h):p99:trace.http.request.duration{env:stage,alert_band:critical,service_archetype:api} by {service} \u003e 100",
            "renotify_interval": 30,
            "renotify_occurrences": 3,
            "renotify_statuses": [
              "alert"
            ],
            "require_full_window": false,
            "restricted_roles": null,
            "scheduling_options": [],
            "tags": [
              "alert_band:critical",
              "archetype:api-latency-p99",
              "automation_ref:diag-api-health",
              "correlation_key:api-services.stage.api-services",
              "dedup_key:api-services.stage.api-latency-p99.critical",
              "detection:rate_of_change",
              "domain:api",
              "env:stage",
              "failure_domain:api-services",
              "impact_class:degradation",
              "managed_by:terraform",
              "managed_source:platform",
              "monitor_id:stage.critical.api.api-latency-p99",
              "monitoring_profile:critical",
              "notification_profile:nonprod_standard",
              "owner:application-development",
              "pages:false",
              "priority:p3",
              "release_gate:true",
              "resource_type:service",
              "runbook:api-latency-p99",
              "runbook_notebook:15298349",
              "service:api-services",
              "signal:latency",
              "slo_id:slo-api-latency",
              "support_model:24x7",
              "team:application-development",
              "tier:tier0"
            ],
            "timeout_h": 18,
            "type": "query alert",
            "validate": null,
            "variables": []
          },
          "sensitive_attributes": [],
          "private": "bnVsbA=="
        },
        {
          "index_key": "stage.critical.application.app-connection-acquisition-latency",
          "schema_version": 0,
          "attributes": {
            "assets": [
              {
                "category": "runbook",
                "name": "Application Connection Acquisition Latency",
                "resource_key": "15318349",
                "resource_type": "notebook",
                "url": "https://app.datadoghq.com/notebook/15318349"
              }
            ],
            "draft_status": "published",
            "enable_logs_sample": null,
            "enable_samples": null,
            "escalation_message": "",
            "evaluation_delay": 300,
            "force_delete": null,
            "group_retention_duration": "",
            "groupby_simple_monitor": null,
            "id": "314985775",
            "include_tags": true,
            "locked": false,
            "message": "{{#is_alert}}\n## P3 · Application Connection Acquisition Latency\n**WHAT:** Acquisition wait is the honest symptom of exhaustion: it rises before the pool is technically full, because threads are already queueing for the connections that exist.\n\n**WHERE:** {{value}} · env `stage` · region `global`\n**SERVICE:** `application-platform` (application / service, tier0)\n**BUSINESS IMPACT:** The service still functions but measurably worse; a subset of traffic or users is failing.\n**WHY IT TRIGGERED:** The signal deviated from its own learned baseline by more than the configured number of deviations — not because it crossed a fixed number.\n**OWNER:** sre · support 24x7 · this does not page\n**RUNBOOK:** attached to this monitor as `Application Connection Acquisition Latency` — open it from the monitor's Runbook asset.\n**AUTOMATED DIAGNOSTICS:** workflow `diag-app-health` has run; its output is attached to this event.\n**RELATED EVENTS:** correlated on `application.stage.application-platform` — deployments, infrastructure changes and platform events from the last 30 minutes are attached as context.\n**SLO / ERROR BUDGET:** `slo-app-latency` · no error-budget impact (non-production)\n{{/is_alert}}\n{{#is_warning}}\n## Application Connection Acquisition Latency — warning\nApproaching the alert condition on {{value}}. Investigate before it becomes P3.\n{{/is_warning}}\n{{#is_no_data}}\n## Application Connection Acquisition Latency — NO DATA\nTelemetry stopped arriving for {{value}}. Treat this as a telemetry-health incident: an unmonitored resource is worse than an alerting one.\n{{/is_no_data}}\n{{#is_recovery}}\n## Recovered · Application Connection Acquisition Latency\n{{value}} returned to normal. Error-budget impact recorded against `slo-app-latency`. No action required; the correlation group closes when every child recovers.\n{{/is_recovery}}\n{{#is_warning_recovery}}\nWarning cleared for {{value}}.\n{{/is_warning_recovery}}",
            "monitor_threshold_windows": [],
            "monitor_thresholds": [
              {
                "critical": "1",
                "critical_recovery": "",
                "ok": "",
                "unknown": "",
                "warning": "",
                "warning_recovery": ""
              }
            ],
            "name": "[P3][stage][application] Application Connection Acquisition Latency (critical)",
            "new_group_delay": 300,
            "new_host_delay": 300,
            "no_data_timeframe": 0,
            "notification_preset_name": "",
            "notify_audit": false,
            "notify_by": [],
            "notify_no_data": false,
            "on_missing_data": "",
            "priority": "3",
            "query": "avg(last_30m):anomalies(avg:acme.app.db_pool.acquire_wait_ms{env:stage,alert_band:critical} by {service,pool}, 'agile', 3, direction='above') \u003e= 1",
            "renotify_interval": 30,
            "renotify_occurrences": 3,
            "renotify_statuses": [
              "alert"
            ],
            "require_full_window": false,
            "restricted_roles": null,
            "scheduling_options": [],
            "tags": [
              "alert_band:critical",
              "archetype:app-connection-acquisition-latency",
              "automation_ref:diag-app-health",
              "correlation_key:application.stage.application-platform",
              "dedup_key:application-platform.stage.app-connection-acquisition-latency.critical",
              "detection:anomaly",
              "domain:application",
              "env:stage",
              "failure_domain:application",
              "impact_class:degradation",
              "managed_by:terraform",
              "managed_source:platform",
              "monitor_id:stage.critical.application.app-connection-acquisition-latency",
              "monitoring_profile:critical",
              "notification_profile:nonprod_standard",
              "owner:sre",
              "pages:false",
              "priority:p3",
              "resource_type:service",
              "runbook:app-connection-acquisition-latency",
              "runbook_notebook:15318349",
              "service:application-platform",
              "signal:latency",
              "slo_id:slo-app-latency",
              "support_model:24x7",
              "team:sre",
              "tier:tier0"
            ],
            "timeout_h": 18,
            "type": "query alert",
            "validate": null,
            "variables": []
          },
          "sensitive_attributes": [],
          "private": "bnVsbA=="
        },
        {
          "index_key": "stage.critical.application.app-connection-pool-saturation",
          "schema_version": 0,
          "attributes": {
            "assets": [
              {
                "category": "runbook",
                "name": "Application Connection Pool Saturation",
                "resource_key": "15318350",
                "resource_type": "notebook",
                "url": "https://app.datadoghq.com/notebook/15318350"
              }
            ],
            "draft_status": "published",
            "enable_logs_sample": null,
            "enable_samples": null,
            "escalation_message": "",
            "evaluation_delay": 300,
            "force_delete": null,
            "group_retention_duration": "",
            "groupby_simple_monitor": null,
            "id": "314985805",
            "include_tags": true,
            "locked": false,
            "message": "{{#is_alert}}\n## P3 · Application Connection Pool Saturation\n**WHAT:** Application Connection Pool Saturation: saturation signal detected by threshold analysis.\n**WHERE:** {{value}} · env `stage` · region `global`\n**SERVICE:** `application-platform` (application / service, tier0)\n**BUSINESS IMPACT:** The service still functions but measurably worse; a subset of traffic or users is failing.\n**WHY IT TRIGGERED:** A pool at 90% of maximum has almost no headroom for a traffic spike or a slow query, and the next request queues. The ratio is used rather than an absolute count because pool sizes differ per service by design.\n\n**OWNER:** sre · support 24x7 · this does not page\n**RUNBOOK:** attached to this monitor as `Application Connection Pool Saturation` — open it from the monitor's Runbook asset.\n**AUTOMATED DIAGNOSTICS:** workflow `diag-app-health` has run; its output is attached to this event.\n**RELATED EVENTS:** correlated on `application.stage.application-platform` — deployments, infrastructure changes and platform events from the last 30 minutes are attached as context.\n**SLO / ERROR BUDGET:** `slo-app-availability` · no error-budget impact (non-production)\n{{/is_alert}}\n{{#is_warning}}\n## Application Connection Pool Saturation — warning\nApproaching the alert condition on {{value}}. Investigate before it becomes P3.\n{{/is_warning}}\n{{#is_no_data}}\n## Application Connection Pool Saturation — NO DATA\nTelemetry stopped arriving for {{value}}. Treat this as a telemetry-health incident: an unmonitored resource is worse than an alerting one.\n{{/is_no_data}}\n{{#is_recovery}}\n## Recovered · Application Connection Pool Saturation\n{{value}} returned to normal. Error-budget impact recorded against `slo-app-availability`. No action required; the correlation group closes when every child recovers.\n{{/is_recovery}}\n{{#is_warning_recovery}}\nWarning cleared for {{value}}.\n{{/is_warning_recovery}}",
            "monitor_threshold_windows": [],
            "monitor_thresholds": [
              {
                "critical": "90",
                "critical_recovery": "",
                "ok": "",
                "unknown": "",
                "warning": "75",
                "warning_recovery": ""
              }
            ],
            "name": "[P3][stage][application] Application Connection Pool Saturation (critical)",
            "new_group_delay": 300,
            "new_host_delay": 300,
            "no_data_timeframe": 0,
            "notification_preset_name": "",
            "notify_audit": false,
            "notify_by": [],
            "notify_no_data": false,
            "on_missing_data": "",
            "priority": "3",
            "query": "avg(last_15m):avg:acme.app.db_pool.active{env:stage,alert_band:critical} by {service,pool} / avg:acme.app.db_pool.max{env:stage,alert_band:critical} by {service,pool} * 100 \u003e 90",
            "renotify_interval": 30,
            "renotify_occurrences": 3,
            "renotify_statuses": [
              "alert"
            ],
            "require_full_window": false,
            "restricted_roles": null,
            "scheduling_options": [],
            "tags": [
              "alert_band:critical",
              "archetype:app-connection-pool-saturation",
              "automation_ref:diag-app-health",
              "correlation_key:application.stage.application-platform",
              "dedup_key:application-platform.stage.app-connection-pool-saturation.critical",
              "detection:threshold",
              "domain:application",
              "env:stage",
              "failure_domain:application",
              "impact_class:degradation",
              "managed_by:terraform",
              "managed_source:platform",
              "monitor_id:stage.critical.application.app-connection-pool-saturation",
              "monitoring_profile:critical",
              "notification_profile:nonprod_standard",
              "owner:sre",
              "pages:false",
              "priority:p3",
              "resource_type:service",
              "runbook:app-connection-pool-saturation",
              "runbook_notebook:15318350",
              "service:application-platform",
              "signal:saturation",
              "slo_id:slo-app-availability",
              "support_model:24x7",
              "team:sre",
              "tier:tier0"
            ],
            "timeout_h": 18,
            "type": "query alert",
            "validate": null,
            "variables": []
          },
          "sensitive_attributes": [],
          "private": "bnVsbA=="
        },
        {
          "index_key": "stage.critical.application.app-dotnet-gc-pause-degradation",
          "schema_version": 0,
          "attributes": {
            "assets": [
              {
                "category": "runbook",
                "name": ".NET Garbage Collection Pause Degradation",
                "resource_key": "15318351",
                "resource_type": "notebook",
                "url": "https://app.datadoghq.com/notebook/15318351"
              }
            ],
            "draft_status": "published",
            "enable_logs_sample": null,
            "enable_samples": null,
            "escalation_message": "",
            "evaluation_delay": 300,
            "force_delete": null,
            "group_retention_duration": "",
            "groupby_simple_monitor": null,
            "id": "314985756",
            "include_tags": true,
            "locked": false,
            "message": "{{#is_alert}}\n## P3 · .NET Garbage Collection Pause Degradation\n**WHAT:** The .NET counterpart to app-jvm-gc-pause-degradation. Kept as a separate archetype rather than a shared one because the metric, the collector generations and the remediation are all different — a shared monitor would have to be vague enough to be useless to both.\n\n**WHERE:** {{value}} · env `stage` · region `global`\n**SERVICE:** `application-platform` (application / service, tier0)\n**BUSINESS IMPACT:** The service still functions but measurably worse; a subset of traffic or users is failing.\n**WHY IT TRIGGERED:** The signal changed faster than the configured percentage relative to its own recent history. Speed of degradation, not absolute level.\n**OWNER:** sre · support 24x7 · this does not page\n**RUNBOOK:** attached to this monitor as `.NET Garbage Collection Pause Degradation` — open it from the monitor's Runbook asset.\n**AUTOMATED DIAGNOSTICS:** workflow `diag-app-health` has run; its output is attached to this event.\n**RELATED EVENTS:** correlated on `application.stage.application-platform` — deployments, infrastructure changes and platform events from the last 30 minutes are attached as context.\n**SLO / ERROR BUDGET:** `slo-app-latency` · no error-budget impact (non-production)\n{{/is_alert}}\n{{#is_warning}}\n## .NET Garbage Collection Pause Degradation — warning\nApproaching the alert condition on {{value}}. Investigate before it becomes P3.\n{{/is_warning}}\n{{#is_no_data}}\n## .NET Garbage Collection Pause Degradation — NO DATA\nTelemetry stopped arriving for {{value}}. Treat this as a telemetry-health incident: an unmonitored resource is worse than an alerting one.\n{{/is_no_data}}\n{{#is_recovery}}\n## Recovered · .NET Garbage Collection Pause Degradation\n{{value}} returned to normal. Error-budget impact recorded against `slo-app-latency`. No action required; the correlation group closes when every child recovers.\n{{/is_recovery}}\n{{#is_warning_recovery}}\nWarning cleared for {{value}}.\n{{/is_warning_recovery}}",
            "monitor_threshold_windows": [],
            "monitor_thresholds": [
              {
                "critical": "100",
                "critical_recovery": "",
                "ok": "",
                "unknown": "",
                "warning": "50",
                "warning_recovery": ""
              }
            ],
            "name": "[P3][stage][application] .NET Garbage Collection Pause Degradation (critical)",
            "new_group_delay": 300,
            "new_host_delay": 300,
            "no_data_timeframe": 0,
            "notification_preset_name": "",
            "notify_audit": false,
            "notify_by": [],
            "notify_no_data": false,
            "on_missing_data": "",
            "priority": "3",
            "query": "pct_change(avg(last_30m),last_4h):avg:runtime.dotnet.gc.pause_time{env:stage,alert_band:critical} by {service} \u003e 100",
            "renotify_interval": 30,
            "renotify_occurrences": 3,
            "renotify_statuses": [
              "alert"
            ],
            "require_full_window": false,
            "restricted_roles": null,
            "scheduling_options": [],
            "tags": [
              "alert_band:critical",
              "archetype:app-dotnet-gc-pause-degradation",
              "automation_ref:diag-app-health",
              "correlation_key:application.stage.application-platform",
              "dedup_key:application-platform.stage.app-dotnet-gc-pause-degradation.critical",
              "detection:rate_of_change",
              "domain:application",
              "env:stage",
              "failure_domain:application",
              "impact_class:degradation",
              "managed_by:terraform",
              "managed_source:platform",
              "monitor_id:stage.critical.application.app-dotnet-gc-pause-degradation",
              "monitoring_profile:critical",
              "notification_profile:nonprod_standard",
              "owner:sre",
              "pages:false",
              "priority:p3",
              "resource_type:service",
              "runbook:app-dotnet-gc-pause-degradation",
              "runbook_notebook:15318351",
              "service:application-platform",
              "signal:latency",
              "slo_id:slo-app-latency",
              "support_model:24x7",
              "team:sre",
              "tier:tier0"
            ],
            "timeout_h": 18,
            "type": "query alert",
            "validate": null,
            "variables": []
          },
          "sensitive_attributes": [],
          "private": "bnVsbA=="
        },
        {
          "index_key": "stage.critical.application.app-jvm-gc-pause-degradation",
          "schema_version": 0,
          "attributes": {
            "assets": [
              {
                "category": "runbook",
                "name": "JVM Garbage Collection Pause Degradation",
                "resource_key": "15318353",
                "resource_type": "notebook",
                "url": "https://app.datadoghq.com/notebook/15318353"
              }
            ],
            "draft_status": "published",
            "enable_logs_sample": null,
            "enable_samples": null,
            "escalation_message": "",
            "evaluation_delay": 300,
            "force_delete": null,
            "group_retention_duration": "",
            "groupby_simple_monitor": null,
            "id": "314985796",
            "include_tags": true,
            "locked": false,
            "message": "{{#is_alert}}\n## P3 · JVM Garbage Collection Pause Degradation\n**WHAT:** Major (old-generation) collection time only. Minor collections are constant and cheap; it is the major collections that stop the world long enough for callers to time out.\n\n**WHERE:** {{value}} · env `stage` · region `global`\n**SERVICE:** `application-platform` (application / service, tier0)\n**BUSINESS IMPACT:** The service still functions but measurably worse; a subset of traffic or users is failing.\n**WHY IT TRIGGERED:** The signal changed faster than the configured percentage relative to its own recent history. Speed of degradation, not absolute level.\n**OWNER:** sre · support 24x7 · this does not page\n**RUNBOOK:** attached to this monitor as `JVM Garbage Collection Pause Degradation` — open it from the monitor's Runbook asset.\n**AUTOMATED DIAGNOSTICS:** workflow `diag-app-health` has run; its output is attached to this event.\n**RELATED EVENTS:** correlated on `application.stage.application-platform` — deployments, infrastructure changes and platform events from the last 30 minutes are attached as context.\n**SLO / ERROR BUDGET:** `slo-app-latency` · no error-budget impact (non-production)\n{{/is_alert}}\n{{#is_warning}}\n## JVM Garbage Collection Pause Degradation — warning\nApproaching the alert condition on {{value}}. Investigate before it becomes P3.\n{{/is_warning}}\n{{#is_no_data}}\n## JVM Garbage Collection Pause Degradation — NO DATA\nTelemetry stopped arriving for {{value}}. Treat this as a telemetry-health incident: an unmonitored resource is worse than an alerting one.\n{{/is_no_data}}\n{{#is_recovery}}\n## Recovered · JVM Garbage Collection Pause Degradation\n{{value}} returned to normal. Error-budget impact recorded against `slo-app-latency`. No action required; the correlation group closes when every child recovers.\n{{/is_recovery}}\n{{#is_warning_recovery}}\nWarning cleared for {{value}}.\n{{/is_warning_recovery}}",
            "monitor_threshold_windows": [],
            "monitor_thresholds": [
              {
                "critical": "100",
                "critical_recovery": "",
                "ok": "",
                "unknown": "",
                "warning": "50",
                "warning_recovery": ""
              }
            ],
            "name": "[P3][stage][application] JVM Garbage Collection Pause Degradation (critical)",
            "new_group_delay": 300,
            "new_host_delay": 300,
            "no_data_timeframe": 0,
            "notification_preset_name": "",
            "notify_audit": false,
            "notify_by": [],
            "notify_no_data": false,
            "on_missing_data": "",
            "priority": "3",
            "query": "pct_change(avg(last_30m),last_4h):sum:jvm.gc.major_collection_time{env:stage,alert_band:critical} by {service}.as_rate() \u003e 100",
            "renotify_interval": 30,
            "renotify_occurrences": 3,
            "renotify_statuses": [
              "alert"
            ],
            "require_full_window": false,
            "restricted_roles": null,
            "scheduling_options": [],
            "tags": [
              "alert_band:critical",
              "archetype:app-jvm-gc-pause-degradation",
              "automation_ref:diag-app-health",
              "correlation_key:application.stage.application-platform",
              "dedup_key:application-platform.stage.app-jvm-gc-pause-degradation.critical",
              "detection:rate_of_change",
              "domain:application",
              "env:stage",
              "failure_domain:application",
              "impact_class:degradation",
              "managed_by:terraform",
              "managed_source:platform",
              "monitor_id:stage.critical.application.app-jvm-gc-pause-degradation",
              "monitoring_profile:critical",
              "notification_profile:nonprod_standard",
              "owner:sre",
              "pages:false",
              "priority:p3",
              "resource_type:service",
              "runbook:app-jvm-gc-pause-degradation",
              "runbook_notebook:15318353",
              "service:application-platform",
              "signal:latency",
              "slo_id:slo-app-latency",
              "support_model:24x7",
              "team:sre",
              "tier:tier0"
            ],
            "timeout_h": 18,
            "type": "query alert",
            "validate": null,
            "variables": []
          },
          "sensitive_attributes": [],
          "private": "bnVsbA=="
        },
        {
          "index_key": "stage.critical.application.app-telemetry-loss",
          "schema_version": 0,
          "attributes": {
            "assets": [
              {
                "category": "runbook",
                "name": "Application Stopped Reporting Telemetry",
                "resource_key": "15298361",
                "resource_type": "notebook",
                "url": "https://app.datadoghq.com/notebook/15298361"
              }
            ],
            "draft_status": "published",
            "enable_logs_sample": null,
            "enable_samples": null,
            "escalation_message": "",
            "evaluation_delay": 300,
            "force_delete": null,
            "group_retention_duration": "",
            "groupby_simple_monitor": null,
            "id": "314372489",
            "include_tags": true,
            "locked": false,
            "message": "{{#is_alert}}\n## P4 · Application Stopped Reporting Telemetry\n**WHAT:** Application Stopped Reporting Telemetry: telemetry_health signal detected by threshold analysis.\n**WHERE:** {{value}} · env `stage` · region `global`\n**SERVICE:** `application-platform` (application / service, tier0)\n**BUSINESS IMPACT:** Observability or configuration hygiene is degraded. No direct customer impact, but our ability to see or govern the estate is reduced.\n**WHY IT TRIGGERED:** Absence of telemetry is a binary condition. This is the monitor that guarantees \"no alerts\" never silently means \"no data\".\n\n**OWNER:** sre · support 24x7 · this does not page\n**RUNBOOK:** attached to this monitor as `Application Stopped Reporting Telemetry` — open it from the monitor's Runbook asset.\n**AUTOMATED DIAGNOSTICS:** workflow `diag-app-health` has run; its output is attached to this event.\n**RELATED EVENTS:** correlated on `application-platform.stage.application-platform` — deployments, infrastructure changes and platform events from the last 30 minutes are attached as context.\n**SLO / ERROR BUDGET:** `slo-app-availability` · no error-budget impact (non-production)\n{{/is_alert}}\n{{#is_warning}}\n## Application Stopped Reporting Telemetry — warning\nApproaching the alert condition on {{value}}. Investigate before it becomes P4.\n{{/is_warning}}\n{{#is_no_data}}\n## Application Stopped Reporting Telemetry — NO DATA\nTelemetry stopped arriving for {{value}}. Treat this as a telemetry-health incident: an unmonitored resource is worse than an alerting one.\n{{/is_no_data}}\n{{#is_recovery}}\n## Recovered · Application Stopped Reporting Telemetry\n{{value}} returned to normal. Error-budget impact recorded against `slo-app-availability`. No action required; the correlation group closes when every child recovers.\n{{/is_recovery}}\n{{#is_warning_recovery}}\nWarning cleared for {{value}}.\n{{/is_warning_recovery}}",
            "monitor_threshold_windows": [],
            "monitor_thresholds": [
              {
                "critical": "1",
                "critical_recovery": "",
                "ok": "",
                "unknown": "",
                "warning": "",
                "warning_recovery": ""
              }
            ],
            "name": "[P4][stage][application] Application Stopped Reporting Telemetry (critical)",
            "new_group_delay": 300,
            "new_host_delay": 300,
            "no_data_timeframe": 60,
            "notification_preset_name": "",
            "notify_audit": false,
            "notify_by": [],
            "notify_no_data": true,
            "on_missing_data": "",
            "priority": "4",
            "query": "sum(last_1h):sum:trace.span.hits{env:stage,alert_band:critical} by {service}.as_count() \u003c 1",
            "renotify_interval": 30,
            "renotify_occurrences": 3,
            "renotify_statuses": [
              "alert"
            ],
            "require_full_window": false,
            "restricted_roles": null,
            "scheduling_options": [],
            "tags": [
              "alert_band:critical",
              "archetype:app-telemetry-loss",
              "automation_ref:diag-app-health",
              "correlation_key:application-platform.stage.application-platform",
              "dedup_key:application-platform.stage.app-telemetry-loss.critical",
              "detection:threshold",
              "domain:application",
              "env:stage",
              "failure_domain:application-platform",
              "impact_class:hygiene",
              "managed_by:terraform",
              "managed_source:platform",
              "monitor_id:stage.critical.application.app-telemetry-loss",
              "monitoring_profile:critical",
              "notification_profile:nonprod_standard",
              "owner:sre",
              "pages:false",
              "priority:p4",
              "resource_type:service",
              "runbook:app-telemetry-loss",
              "runbook_notebook:15298361",
              "service:application-platform",
              "signal:telemetry_health",
              "slo_id:slo-app-availability",
              "support_model:24x7",
              "team:sre",
              "tier:tier0"
            ],
            "timeout_h": 24,
            "type": "query alert",
            "validate": null,
            "variables": []
          },
          "sensitive_attributes": [],
          "private": "bnVsbA=="
        },
        {
          "index_key": "stage.critical.application.dependency-error-anomaly",
          "schema_version": 0,
          "attributes": {
            "assets": [
              {
                "category": "runbook",
                "name": "Outbound Dependency Failure",
                "resource_key": "15298615",
                "resource_type": "notebook",
                "url": "https://app.datadoghq.com/notebook/15298615"
              }
            ],
            "draft_status": "published",
            "enable_logs_sample": null,
            "enable_samples": null,
            "escalation_message": "",
            "evaluation_delay": 300,
            "force_delete": null,
            "group_retention_duration": "",
            "groupby_simple_monitor": null,
            "id": "314372484",
            "include_tags": true,
            "locked": false,
            "message": "{{#is_alert}}\n## P3 · Outbound Dependency Failure\n**WHAT:** Outbound Dependency Failure: error_rate signal detected by anomaly analysis.\n**WHERE:** {{value}} · env `stage` · region `global`\n**SERVICE:** `application-platform` (application / service, tier0)\n**BUSINESS IMPACT:** The service still functions but measurably worse; a subset of traffic or users is failing.\n**WHY IT TRIGGERED:** The signal deviated from its own learned baseline by more than the configured number of deviations — not because it crossed a fixed number.\n**OWNER:** sre · support 24x7 · this does not page\n**RUNBOOK:** attached to this monitor as `Outbound Dependency Failure` — open it from the monitor's Runbook asset.\n**AUTOMATED DIAGNOSTICS:** workflow `diag-dependency` has run; its output is attached to this event.\n**RELATED EVENTS:** correlated on `application-platform.stage.application-platform` — deployments, infrastructure changes and platform events from the last 30 minutes are attached as context.\n**SLO / ERROR BUDGET:** `slo-app-availability` · no error-budget impact (non-production)\n{{/is_alert}}\n{{#is_warning}}\n## Outbound Dependency Failure — warning\nApproaching the alert condition on {{value}}. Investigate before it becomes P3.\n{{/is_warning}}\n{{#is_no_data}}\n## Outbound Dependency Failure — NO DATA\nTelemetry stopped arriving for {{value}}. Treat this as a telemetry-health incident: an unmonitored resource is worse than an alerting one.\n{{/is_no_data}}\n{{#is_recovery}}\n## Recovered · Outbound Dependency Failure\n{{value}} returned to normal. Error-budget impact recorded against `slo-app-availability`. No action required; the correlation group closes when every child recovers.\n{{/is_recovery}}\n{{#is_warning_recovery}}\nWarning cleared for {{value}}.\n{{/is_warning_recovery}}",
            "monitor_threshold_windows": [],
            "monitor_thresholds": [
              {
                "critical": "1",
                "critical_recovery": "",
                "ok": "",
                "unknown": "",
                "warning": "",
                "warning_recovery": ""
              }
            ],
            "name": "[P3][stage][application] Outbound Dependency Failure (critical)",
            "new_group_delay": 300,
            "new_host_delay": 300,
            "no_data_timeframe": 0,
            "notification_preset_name": "",
            "notify_audit": false,
            "notify_by": [],
            "notify_no_data": false,
            "on_missing_data": "",
            "priority": "3",
            "query": "avg(last_30m):anomalies(sum:trace.http.client.request.errors{env:stage,alert_band:critical} by {service,peer.service}.as_rate(), 'agile', 3) \u003e= 1",
            "renotify_interval": 30,
            "renotify_occurrences": 3,
            "renotify_statuses": [
              "alert"
            ],
            "require_full_window": false,
            "restricted_roles": null,
            "scheduling_options": [],
            "tags": [
              "alert_band:critical",
              "archetype:dependency-error-anomaly",
              "automation_ref:diag-dependency",
              "correlation_key:application-platform.stage.application-platform",
              "dedup_key:application-platform.stage.dependency-error-anomaly.critical",
              "detection:anomaly",
              "domain:application",
              "env:stage",
              "failure_domain:application-platform",
              "impact_class:degradation",
              "managed_by:terraform",
              "managed_source:platform",
              "monitor_id:stage.critical.application.dependency-error-anomaly",
              "monitoring_profile:critical",
              "notification_profile:nonprod_standard",
              "owner:sre",
              "pages:false",
              "priority:p3",
              "resource_type:service",
              "runbook:dependency-error-anomaly",
              "runbook_notebook:15298615",
              "service:application-platform",
              "signal:error_rate",
              "slo_id:slo-app-availability",
              "support_model:24x7",
              "team:sre",
              "tier:tier0"
            ],
            "timeout_h": 18,
            "type": "query alert",
            "validate": null,
            "variables": []
          },
          "sensitive_attributes": [],
          "private": "bnVsbA=="
        },
        {
          "index_key": "stage.critical.application.deployment-regression",
          "schema_version": 0,
          "attributes": {
            "assets": [
              {
                "category": "runbook",
                "name": "Deployment Regression",
                "resource_key": "15208649",
                "resource_type": "notebook",
                "url": "https://app.datadoghq.com/notebook/15208649"
              }
            ],
            "draft_status": "published",
            "enable_logs_sample": null,
            "enable_samples": null,
            "escalation_message": "",
            "evaluation_delay": 300,
            "force_delete": null,
            "group_retention_duration": "",
            "groupby_simple_monitor": null,
            "id": "314372492",
            "include_tags": true,
            "locked": false,
            "message": "{{#is_alert}}\n## P3 · Deployment Regression\n**WHAT:** Deployment Regression: error_rate signal detected by rate_of_change analysis.\n**WHERE:** {{value}} · env `stage` · region `global`\n**SERVICE:** `application-platform` (application / service, tier0)\n**BUSINESS IMPACT:** The service still functions but measurably worse; a subset of traffic or users is failing.\n**WHY IT TRIGGERED:** The signal changed faster than the configured percentage relative to its own recent history. Speed of degradation, not absolute level.\n**OWNER:** sre · support 24x7 · this does not page\n**RUNBOOK:** attached to this monitor as `Deployment Regression` — open it from the monitor's Runbook asset.\n**AUTOMATED DIAGNOSTICS:** workflow `auto-enrich-change` has run; its output is attached to this event.\n**RELATED EVENTS:** correlated on `application-platform.stage.application-platform` — deployments, infrastructure changes and platform events from the last 30 minutes are attached as context.\n**SLO / ERROR BUDGET:** `slo-app-availability` · no error-budget impact (non-production)\n{{/is_alert}}\n{{#is_warning}}\n## Deployment Regression — warning\nApproaching the alert condition on {{value}}. Investigate before it becomes P3.\n{{/is_warning}}\n{{#is_no_data}}\n## Deployment Regression — NO DATA\nTelemetry stopped arriving for {{value}}. Treat this as a telemetry-health incident: an unmonitored resource is worse than an alerting one.\n{{/is_no_data}}\n{{#is_recovery}}\n## Recovered · Deployment Regression\n{{value}} returned to normal. Error-budget impact recorded against `slo-app-availability`. No action required; the correlation group closes when every child recovers.\n{{/is_recovery}}\n{{#is_warning_recovery}}\nWarning cleared for {{value}}.\n{{/is_warning_recovery}}",
            "monitor_threshold_windows": [],
            "monitor_thresholds": [
              {
                "critical": "300",
                "critical_recovery": "",
                "ok": "",
                "unknown": "",
                "warning": "150",
                "warning_recovery": ""
              }
            ],
            "name": "[P3][stage][application] Deployment Regression (critical)",
            "new_group_delay": 300,
            "new_host_delay": 300,
            "no_data_timeframe": 0,
            "notification_preset_name": "",
            "notify_audit": false,
            "notify_by": [],
            "notify_no_data": false,
            "on_missing_data": "",
            "priority": "3",
            "query": "pct_change(avg(last_15m),last_30m):sum:trace.span.errors{env:stage,alert_band:critical} by {service}.as_rate() \u003e 300",
            "renotify_interval": 30,
            "renotify_occurrences": 3,
            "renotify_statuses": [
              "alert"
            ],
            "require_full_window": false,
            "restricted_roles": null,
            "scheduling_options": [],
            "tags": [
              "alert_band:critical",
              "archetype:deployment-regression",
              "automation_ref:auto-enrich-change",
              "correlation_key:application-platform.stage.application-platform",
              "dedup_key:application-platform.stage.deployment-regression.critical",
              "detection:rate_of_change",
              "domain:application",
              "env:stage",
              "failure_domain:application-platform",
              "impact_class:degradation",
              "managed_by:terraform",
              "managed_source:platform",
              "monitor_id:stage.critical.application.deployment-regression",
              "monitoring_profile:critical",
              "notification_profile:nonprod_standard",
              "owner:sre",
              "pages:false",
              "priority:p3",
              "release_gate:true",
              "resource_type:service",
              "runbook:deployment-regression",
              "runbook_notebook:15208649",
              "service:application-platform",
              "signal:error_rate",
              "slo_id:slo-app-availability",
              "support_model:24x7",
              "team:sre",
              "tier:tier0"
            ],
            "timeout_h": 18,
            "type": "query alert",
            "validate": null,
            "variables": []
          },
          "sensitive_attributes": [],
          "private": "bnVsbA=="
        },
        {
          "index_key": "stage.critical.application.deployment-version-tag-missing",
          "schema_version": 0,
          "attributes": {
            "assets": [
              {
                "category": "runbook",
                "name": "Service Emitting Traces Without a Version Tag",
                "resource_key": "15318384",
                "resource_type": "notebook",
                "url": "https://app.datadoghq.com/notebook/15318384"
              }
            ],
            "draft_status": "published",
            "enable_logs_sample": null,
            "enable_samples": null,
            "escalation_message": "",
            "evaluation_delay": 300,
            "force_delete": null,
            "group_retention_duration": "",
            "groupby_simple_monitor": null,
            "id": "314985799",
            "include_tags": true,
            "locked": false,
            "message": "{{#is_alert}}\n## P4 · Service Emitting Traces Without a Version Tag\n**WHAT:** Service Emitting Traces Without a Version Tag: drift signal detected by threshold analysis.\n**WHERE:** {{value}} · env `stage` · region `global`\n**SERVICE:** `platform-services` (application / service, tier0)\n**BUSINESS IMPACT:** Observability or configuration hygiene is degraded. No direct customer impact, but our ability to see or govern the estate is reduced.\n**WHY IT TRIGGERED:** Any traced request without a version tag is a request that cannot be attributed to a deployment. Zero is the target because the tag comes from DD_VERSION in the deployment pipeline — either the pipeline sets it for every service or the deployment-correlation story is fiction.\n\n**OWNER:** sre · support 24x7 · this does not page\n**RUNBOOK:** attached to this monitor as `Service Emitting Traces Without a Version Tag` — open it from the monitor's Runbook asset.\n**AUTOMATED DIAGNOSTICS:** workflow `auto-drift-ticket` has run; its output is attached to this event.\n**RELATED EVENTS:** correlated on `application.stage.platform-services` — deployments, infrastructure changes and platform events from the last 30 minutes are attached as context.\n**SLO / ERROR BUDGET:** `slo-platform-services` · no error-budget impact (non-production)\n{{/is_alert}}\n{{#is_warning}}\n## Service Emitting Traces Without a Version Tag — warning\nApproaching the alert condition on {{value}}. Investigate before it becomes P4.\n{{/is_warning}}\n{{#is_no_data}}\n## Service Emitting Traces Without a Version Tag — NO DATA\nTelemetry stopped arriving for {{value}}. Treat this as a telemetry-health incident: an unmonitored resource is worse than an alerting one.\n{{/is_no_data}}\n{{#is_recovery}}\n## Recovered · Service Emitting Traces Without a Version Tag\n{{value}} returned to normal. Error-budget impact recorded against `slo-platform-services`. No action required; the correlation group closes when every child recovers.\n{{/is_recovery}}\n{{#is_warning_recovery}}\nWarning cleared for {{value}}.\n{{/is_warning_recovery}}",
            "monitor_threshold_windows": [],
            "monitor_thresholds": [
              {
                "critical": "0",
                "critical_recovery": "",
                "ok": "",
                "unknown": "",
                "warning": "",
                "warning_recovery": ""
              }
            ],
            "name": "[P4][stage][application] Service Emitting Traces Without a Version Tag (critical)",
            "new_group_delay": 300,
            "new_host_delay": 300,
            "no_data_timeframe": 0,
            "notification_preset_name": "",
            "notify_audit": false,
            "notify_by": [],
            "notify_no_data": false,
            "on_missing_data": "",
            "priority": "4",
            "query": "sum(last_2h):sum:trace.span.hits{env:stage,alert_band:critical,!version:*} by {service}.as_count() \u003e 0",
            "renotify_interval": 30,
            "renotify_occurrences": 3,
            "renotify_statuses": [
              "alert"
            ],
            "require_full_window": false,
            "restricted_roles": null,
            "scheduling_options": [],
            "tags": [
              "alert_band:critical",
              "archetype:deployment-version-tag-missing",
              "automation_ref:auto-drift-ticket",
              "correlation_key:application.stage.platform-services",
              "dedup_key:platform-services.stage.deployment-version-tag-missing.critical",
              "detection:threshold",
              "domain:application",
              "env:stage",
              "failure_domain:application",
              "impact_class:hygiene",
              "managed_by:terraform",
              "managed_source:platform",
              "monitor_id:stage.critical.application.deployment-version-tag-missing",
              "monitoring_profile:critical",
              "notification_profile:nonprod_standard",
              "owner:sre",
              "pages:false",
              "priority:p4",
              "resource_type:service",
              "runbook:deployment-version-tag-missing",
              "runbook_notebook:15318384",
              "service:platform-services",
              "signal:drift",
              "slo_id:slo-platform-services",
              "support_model:24x7",
              "team:sre",
              "tier:tier0"
            ],
            "timeout_h": 24,
            "type": "query alert",
            "validate": null,
            "variables": []
          },
          "sensitive_attributes": [],
          "private": "bnVsbA=="
        },
        {
          "index_key": "stage.critical.application.web-origin-5xx-anomaly",
          "schema_version": 0,
          "attributes": {
            "assets": [
              {
                "category": "runbook",
                "name": "Web Origin 5xx Anomaly",
                "resource_key": "15298707",
                "resource_type": "notebook",
                "url": "https://app.datadoghq.com/notebook/15298707"
              }
            ],
            "draft_status": "published",
            "enable_logs_sample": null,
            "enable_samples": null,
            "escalation_message": "",
            "evaluation_delay": 300,
            "force_delete": null,
            "group_retention_duration": "",
            "groupby_simple_monitor": null,
            "id": "314372495",
            "include_tags": true,
            "locked": false,
            "message": "{{#is_alert}}\n## P3 · Web Origin 5xx Anomaly\n**WHAT:** Web Origin 5xx Anomaly: error_rate signal detected by anomaly analysis.\n**WHERE:** {{value}} · env `stage` · region `global`\n**SERVICE:** `web-frontends` (application / service, tier0)\n**BUSINESS IMPACT:** Customers are affected now, or a mission-critical capability is unavailable.\n**WHY IT TRIGGERED:** The signal deviated from its own learned baseline by more than the configured number of deviations — not because it crossed a fixed number.\n**OWNER:** sre · support 24x7 · this does not page\n**RUNBOOK:** attached to this monitor as `Web Origin 5xx Anomaly` — open it from the monitor's Runbook asset.\n**AUTOMATED DIAGNOSTICS:** workflow `diag-app-health` has run; its output is attached to this event.\n**RELATED EVENTS:** correlated on `web-frontends.stage.web-frontends` — deployments, infrastructure changes and platform events from the last 30 minutes are attached as context.\n**SLO / ERROR BUDGET:** `slo-web-availability` · no error-budget impact (non-production)\n{{/is_alert}}\n{{#is_warning}}\n## Web Origin 5xx Anomaly — warning\nApproaching the alert condition on {{value}}. Investigate before it becomes P3.\n{{/is_warning}}\n{{#is_no_data}}\n## Web Origin 5xx Anomaly — NO DATA\nTelemetry stopped arriving for {{value}}. Treat this as a telemetry-health incident: an unmonitored resource is worse than an alerting one.\n{{/is_no_data}}\n{{#is_recovery}}\n## Recovered · Web Origin 5xx Anomaly\n{{value}} returned to normal. Error-budget impact recorded against `slo-web-availability`. No action required; the correlation group closes when every child recovers.\n{{/is_recovery}}\n{{#is_warning_recovery}}\nWarning cleared for {{value}}.\n{{/is_warning_recovery}}",
            "monitor_threshold_windows": [],
            "monitor_thresholds": [
              {
                "critical": "1",
                "critical_recovery": "",
                "ok": "",
                "unknown": "",
                "warning": "",
                "warning_recovery": ""
              }
            ],
            "name": "[P3][stage][application] Web Origin 5xx Anomaly (critical)",
            "new_group_delay": 300,
            "new_host_delay": 300,
            "no_data_timeframe": 0,
            "notification_preset_name": "",
            "notify_audit": false,
            "notify_by": [],
            "notify_no_data": false,
            "on_missing_data": "",
            "priority": "3",
            "query": "avg(last_15m):anomalies(sum:trace.http.request.errors{env:stage,alert_band:critical,service_archetype:web,http.status_class:5xx} by {service}.as_rate(), 'agile', 3) \u003e= 1",
            "renotify_interval": 30,
            "renotify_occurrences": 3,
            "renotify_statuses": [
              "alert"
            ],
            "require_full_window": false,
            "restricted_roles": null,
            "scheduling_options": [],
            "tags": [
              "alert_band:critical",
              "archetype:web-origin-5xx-anomaly",
              "automation_ref:diag-app-health",
              "correlation_key:web-frontends.stage.web-frontends",
              "dedup_key:web-frontends.stage.web-origin-5xx-anomaly.critical",
              "detection:anomaly",
              "domain:application",
              "env:stage",
              "failure_domain:web-frontends",
              "impact_class:customer_impact",
              "managed_by:terraform",
              "managed_source:platform",
              "monitor_id:stage.critical.application.web-origin-5xx-anomaly",
              "monitoring_profile:critical",
              "notification_profile:nonprod_standard",
              "owner:sre",
              "pages:false",
              "priority:p3",
              "resource_type:service",
              "runbook:web-origin-5xx-anomaly",
              "runbook_notebook:15298707",
              "service:web-frontends",
              "signal:error_rate",
              "slo_id:slo-web-availability",
              "support_model:24x7",
              "team:sre",
              "tier:tier0"
            ],
            "timeout_h": 18,
            "type": "query alert",
            "validate": null,
            "variables": []
          },
          "sensitive_attributes": [],
          "private": "bnVsbA=="
        },
        {
          "index_key": "stage.critical.application.web-page-load-degradation",
          "schema_version": 0,
          "attributes": {
            "assets": [
              {
                "category": "runbook",
                "name": "Web Page Load Degradation",
                "resource_key": "15298708",
                "resource_type": "notebook",
                "url": "https://app.datadoghq.com/notebook/15298708"
              }
            ],
            "draft_status": "published",
            "enable_logs_sample": null,
            "enable_samples": null,
            "escalation_message": "",
            "evaluation_delay": 300,
            "force_delete": null,
            "group_retention_duration": "",
            "groupby_simple_monitor": null,
            "id": "314372389",
            "include_tags": true,
            "locked": false,
            "message": "{{#is_alert}}\n## P3 · Web Page Load Degradation\n**WHAT:** Web Page Load Degradation: latency signal detected by rate_of_change analysis.\n**WHERE:** {{value}} · env `stage` · region `global`\n**SERVICE:** `web-frontends` (application / service, tier0)\n**BUSINESS IMPACT:** The service still functions but measurably worse; a subset of traffic or users is failing.\n**WHY IT TRIGGERED:** The signal changed faster than the configured percentage relative to its own recent history. Speed of degradation, not absolute level.\n**OWNER:** sre · support 24x7 · this does not page\n**RUNBOOK:** attached to this monitor as `Web Page Load Degradation` — open it from the monitor's Runbook asset.\n**AUTOMATED DIAGNOSTICS:** workflow `diag-app-health` has run; its output is attached to this event.\n**RELATED EVENTS:** correlated on `web-frontends.stage.web-frontends` — deployments, infrastructure changes and platform events from the last 30 minutes are attached as context.\n**SLO / ERROR BUDGET:** `slo-web-availability` · no error-budget impact (non-production)\n{{/is_alert}}\n{{#is_warning}}\n## Web Page Load Degradation — warning\nApproaching the alert condition on {{value}}. Investigate before it becomes P3.\n{{/is_warning}}\n{{#is_no_data}}\n## Web Page Load Degradation — NO DATA\nTelemetry stopped arriving for {{value}}. Treat this as a telemetry-health incident: an unmonitored resource is worse than an alerting one.\n{{/is_no_data}}\n{{#is_recovery}}\n## Recovered · Web Page Load Degradation\n{{value}} returned to normal. Error-budget impact recorded against `slo-web-availability`. No action required; the correlation group closes when every child recovers.\n{{/is_recovery}}\n{{#is_warning_recovery}}\nWarning cleared for {{value}}.\n{{/is_warning_recovery}}",
            "monitor_threshold_windows": [],
            "monitor_thresholds": [
              {
                "critical": "40",
                "critical_recovery": "",
                "ok": "",
                "unknown": "",
                "warning": "25",
                "warning_recovery": ""
              }
            ],
            "name": "[P3][stage][application] Web Page Load Degradation (critical)",
            "new_group_delay": 300,
            "new_host_delay": 300,
            "no_data_timeframe": 0,
            "notification_preset_name": "",
            "notify_audit": false,
            "notify_by": [],
            "notify_no_data": false,
            "on_missing_data": "",
            "priority": "3",
            "query": "pct_change(avg(last_30m),last_1h):avg:synthetics.browser.page_load{env:stage,alert_band:critical,service_archetype:web} by {service} \u003e 40",
            "renotify_interval": 30,
            "renotify_occurrences": 3,
            "renotify_statuses": [
              "alert"
            ],
            "require_full_window": false,
            "restricted_roles": null,
            "scheduling_options": [],
            "tags": [
              "alert_band:critical",
              "archetype:web-page-load-degradation",
              "automation_ref:diag-app-health",
              "correlation_key:web-frontends.stage.web-frontends",
              "dedup_key:web-frontends.stage.web-page-load-degradation.critical",
              "detection:rate_of_change",
              "domain:application",
              "env:stage",
              "failure_domain:web-frontends",
              "impact_class:degradation",
              "managed_by:terraform",
              "managed_source:platform",
              "monitor_id:stage.critical.application.web-page-load-degradation",
              "monitoring_profile:critical",
              "notification_profile:nonprod_standard",
              "owner:sre",
              "pages:false",
              "priority:p3",
              "resource_type:service",
              "runbook:web-page-load-degradation",
              "runbook_notebook:15298708",
              "service:web-frontends",
              "signal:latency",
              "slo_id:slo-web-availability",
              "support_model:24x7",
              "team:sre",
              "tier:tier0"
            ],
            "timeout_h": 18,
            "type": "query alert",
            "validate": null,
            "variables": []
          },
          "sensitive_attributes": [],
          "private": "bnVsbA=="
        },
        {
          "index_key": "stage.critical.application.web-synthetic-availability",
          "schema_version": 0,
          "attributes": {
            "assets": [
              {
                "category": "runbook",
                "name": "Web Application Unavailable",
                "resource_key": "15298709",
                "resource_type": "notebook",
                "url": "https://app.datadoghq.com/notebook/15298709"
              }
            ],
            "draft_status": "published",
            "enable_logs_sample": null,
            "enable_samples": null,
            "escalation_message": "",
            "evaluation_delay": 300,
            "force_delete": null,
            "group_retention_duration": "",
            "groupby_simple_monitor": null,
            "id": "314372510",
            "include_tags": true,
            "locked": false,
            "message": "{{#is_alert}}\n## P3 · Web Application Unavailable\n**WHAT:** Web Application Unavailable: availability signal detected by threshold analysis.\n**WHERE:** {{value}} · env `stage` · region `global`\n**SERVICE:** `web-frontends` (application / synthetic_check, tier0)\n**BUSINESS IMPACT:** Customers are affected now, or a mission-critical capability is unavailable.\n**WHY IT TRIGGERED:** Three consecutive synthetic failures across locations is a discrete availability boundary, not a statistical judgement.\n\n**OWNER:** sre · support 24x7 · this does not page\n**RUNBOOK:** attached to this monitor as `Web Application Unavailable` — open it from the monitor's Runbook asset.\n**AUTOMATED DIAGNOSTICS:** workflow `diag-app-health` has run; its output is attached to this event.\n**RELATED EVENTS:** correlated on `web-frontends.stage.web-frontends` — deployments, infrastructure changes and platform events from the last 30 minutes are attached as context.\n**SLO / ERROR BUDGET:** `slo-web-availability` · no error-budget impact (non-production)\n{{/is_alert}}\n{{#is_warning}}\n## Web Application Unavailable — warning\nApproaching the alert condition on {{value}}. Investigate before it becomes P3.\n{{/is_warning}}\n{{#is_no_data}}\n## Web Application Unavailable — NO DATA\nTelemetry stopped arriving for {{value}}. Treat this as a telemetry-health incident: an unmonitored resource is worse than an alerting one.\n{{/is_no_data}}\n{{#is_recovery}}\n## Recovered · Web Application Unavailable\n{{value}} returned to normal. Error-budget impact recorded against `slo-web-availability`. No action required; the correlation group closes when every child recovers.\n{{/is_recovery}}\n{{#is_warning_recovery}}\nWarning cleared for {{value}}.\n{{/is_warning_recovery}}",
            "monitor_threshold_windows": [],
            "monitor_thresholds": [
              {
                "critical": "3",
                "critical_recovery": "",
                "ok": "",
                "unknown": "",
                "warning": "1",
                "warning_recovery": ""
              }
            ],
            "name": "[P3][stage][application] Web Application Unavailable (critical)",
            "new_group_delay": 300,
            "new_host_delay": 300,
            "no_data_timeframe": 0,
            "notification_preset_name": "",
            "notify_audit": false,
            "notify_by": [],
            "notify_no_data": false,
            "on_missing_data": "",
            "priority": "3",
            "query": "sum(last_15m):sum:synthetics.test_runs{env:stage,alert_band:critical,service_archetype:web,status:failed} by {service,check_id}.as_count() \u003e= 3",
            "renotify_interval": 30,
            "renotify_occurrences": 3,
            "renotify_statuses": [
              "alert"
            ],
            "require_full_window": false,
            "restricted_roles": null,
            "scheduling_options": [],
            "tags": [
              "alert_band:critical",
              "archetype:web-synthetic-availability",
              "automation_ref:diag-app-health",
              "correlation_key:web-frontends.stage.web-frontends",
              "dedup_key:web-frontends.stage.web-synthetic-availability.critical",
              "detection:threshold",
              "domain:application",
              "env:stage",
              "failure_domain:web-frontends",
              "impact_class:customer_impact",
              "managed_by:terraform",
              "managed_source:platform",
              "monitor_id:stage.critical.application.web-synthetic-availability",
              "monitoring_profile:critical",
              "notification_profile:nonprod_standard",
              "owner:sre",
              "pages:false",
              "priority:p3",
              "release_gate:true",
              "resource_type:synthetic_check",
              "runbook:web-synthetic-availability",
              "runbook_notebook:15298709",
              "service:web-frontends",
              "signal:availability",
              "slo_id:slo-web-availability",
              "support_model:24x7",
              "team:sre",
              "tier:tier0"
            ],
            "timeout_h": 18,
            "type": "query alert",
            "validate": null,
            "variables": []
          },
          "sensitive_attributes": [],
          "private": "bnVsbA=="
        },
        {
          "index_key": "stage.critical.application.web-vitals-inp-degradation",
          "schema_version": 0,
          "attributes": {
            "assets": [
              {
                "category": "runbook",
                "name": "Core Web Vitals — Interaction to Next Paint Degraded",
                "resource_key": "15318474",
                "resource_type": "notebook",
                "url": "https://app.datadoghq.com/notebook/15318474"
              }
            ],
            "draft_status": "published",
            "enable_logs_sample": null,
            "enable_samples": null,
            "escalation_message": "",
            "evaluation_delay": 300,
            "force_delete": null,
            "group_retention_duration": "",
            "groupby_simple_monitor": null,
            "id": "314985789",
            "include_tags": true,
            "locked": false,
            "message": "{{#is_alert}}\n## P3 · Core Web Vitals — Interaction to Next Paint Degraded\n**WHAT:** Core Web Vitals — Interaction to Next Paint Degraded: latency signal detected by threshold analysis.\n**WHERE:** {{value}} · env `stage` · region `global`\n**SERVICE:** `web-frontends` (application / service, tier0)\n**BUSINESS IMPACT:** The service still functions but measurably worse; a subset of traffic or users is failing.\n**WHY IT TRIGGERED:** 200ms at p75 is the published \"good\" boundary for Interaction to Next Paint — the point beyond which a click stops feeling instant. INP replaced First Input Delay because it measures every interaction in the session, not just the first.\n\n**OWNER:** sre · support 24x7 · this does not page\n**RUNBOOK:** attached to this monitor as `Core Web Vitals — Interaction to Next Paint Degraded` — open it from the monitor's Runbook asset.\n**AUTOMATED DIAGNOSTICS:** workflow `diag-app-health` has run; its output is attached to this event.\n**RELATED EVENTS:** correlated on `frontend.stage.web-frontends` — deployments, infrastructure changes and platform events from the last 30 minutes are attached as context.\n**SLO / ERROR BUDGET:** `slo-web-availability` · no error-budget impact (non-production)\n{{/is_alert}}\n{{#is_warning}}\n## Core Web Vitals — Interaction to Next Paint Degraded — warning\nApproaching the alert condition on {{value}}. Investigate before it becomes P3.\n{{/is_warning}}\n{{#is_no_data}}\n## Core Web Vitals — Interaction to Next Paint Degraded — NO DATA\nTelemetry stopped arriving for {{value}}. Treat this as a telemetry-health incident: an unmonitored resource is worse than an alerting one.\n{{/is_no_data}}\n{{#is_recovery}}\n## Recovered · Core Web Vitals — Interaction to Next Paint Degraded\n{{value}} returned to normal. Error-budget impact recorded against `slo-web-availability`. No action required; the correlation group closes when every child recovers.\n{{/is_recovery}}\n{{#is_warning_recovery}}\nWarning cleared for {{value}}.\n{{/is_warning_recovery}}",
            "monitor_threshold_windows": [],
            "monitor_thresholds": [
              {
                "critical": "200",
                "critical_recovery": "",
                "ok": "",
                "unknown": "",
                "warning": "100",
                "warning_recovery": ""
              }
            ],
            "name": "[P3][stage][application] Core Web Vitals — Interaction to Next Paint Degraded (critical)",
            "new_group_delay": 300,
            "new_host_delay": 300,
            "no_data_timeframe": 0,
            "notification_preset_name": "",
            "notify_audit": false,
            "notify_by": [],
            "notify_no_data": false,
            "on_missing_data": "",
            "priority": "3",
            "query": "avg(last_2h):p75:rum.view.interaction_to_next_paint{env:stage,alert_band:critical} by {service} \u003e 200",
            "renotify_interval": 30,
            "renotify_occurrences": 3,
            "renotify_statuses": [
              "alert"
            ],
            "require_full_window": false,
            "restricted_roles": null,
            "scheduling_options": [],
            "tags": [
              "alert_band:critical",
              "archetype:web-vitals-inp-degradation",
              "automation_ref:diag-app-health",
              "correlation_key:frontend.stage.web-frontends",
              "dedup_key:web-frontends.stage.web-vitals-inp-degradation.critical",
              "detection:threshold",
              "domain:application",
              "env:stage",
              "failure_domain:frontend",
              "impact_class:degradation",
              "managed_by:terraform",
              "managed_source:platform",
              "monitor_id:stage.critical.application.web-vitals-inp-degradation",
              "monitoring_profile:critical",
              "notification_profile:nonprod_standard",
              "owner:sre",
              "pages:false",
              "priority:p3",
              "resource_type:service",
              "runbook:web-vitals-inp-degradation",
              "runbook_notebook:15318474",
              "service:web-frontends",
              "signal:latency",
              "slo_id:slo-web-availability",
              "support_model:24x7",
              "team:sre",
              "tier:tier0"
            ],
            "timeout_h": 18,
            "type": "query alert",
            "validate": null,
            "variables": []
          },
          "sensitive_attributes": [],
          "private": "bnVsbA=="
        },
        {
          "index_key": "stage.critical.application.web-vitals-lcp-degradation",
          "schema_version": 0,
          "attributes": {
            "assets": [
              {
                "category": "runbook",
                "name": "Core Web Vitals — Largest Contentful Paint Degraded",
                "resource_key": "15318475",
                "resource_type": "notebook",
                "url": "https://app.datadoghq.com/notebook/15318475"
              }
            ],
            "draft_status": "published",
            "enable_logs_sample": null,
            "enable_samples": null,
            "escalation_message": "",
            "evaluation_delay": 300,
            "force_delete": null,
            "group_retention_duration": "",
            "groupby_simple_monitor": null,
            "id": "314985750",
            "include_tags": true,
            "locked": false,
            "message": "{{#is_alert}}\n## P3 · Core Web Vitals — Largest Contentful Paint Degraded\n**WHAT:** Core Web Vitals — Largest Contentful Paint Degraded: latency signal detected by threshold analysis.\n**WHERE:** {{value}} · env `stage` · region `global`\n**SERVICE:** `web-frontends` (application / service, tier0)\n**BUSINESS IMPACT:** The service still functions but measurably worse; a subset of traffic or users is failing.\n**WHY IT TRIGGERED:** 2500ms at p75 is the published boundary between \"good\" and \"needs improvement\" for Largest Contentful Paint. It is an external standard that search ranking and user-perceived speed are both measured against, which is exactly the kind of number a fixed threshold should carry.\n\n**OWNER:** sre · support 24x7 · this does not page\n**RUNBOOK:** attached to this monitor as `Core Web Vitals — Largest Contentful Paint Degraded` — open it from the monitor's Runbook asset.\n**AUTOMATED DIAGNOSTICS:** workflow `diag-app-health` has run; its output is attached to this event.\n**RELATED EVENTS:** correlated on `frontend.stage.web-frontends` — deployments, infrastructure changes and platform events from the last 30 minutes are attached as context.\n**SLO / ERROR BUDGET:** `slo-web-availability` · no error-budget impact (non-production)\n{{/is_alert}}\n{{#is_warning}}\n## Core Web Vitals — Largest Contentful Paint Degraded — warning\nApproaching the alert condition on {{value}}. Investigate before it becomes P3.\n{{/is_warning}}\n{{#is_no_data}}\n## Core Web Vitals — Largest Contentful Paint Degraded — NO DATA\nTelemetry stopped arriving for {{value}}. Treat this as a telemetry-health incident: an unmonitored resource is worse than an alerting one.\n{{/is_no_data}}\n{{#is_recovery}}\n## Recovered · Core Web Vitals — Largest Contentful Paint Degraded\n{{value}} returned to normal. Error-budget impact recorded against `slo-web-availability`. No action required; the correlation group closes when every child recovers.\n{{/is_recovery}}\n{{#is_warning_recovery}}\nWarning cleared for {{value}}.\n{{/is_warning_recovery}}",
            "monitor_threshold_windows": [],
            "monitor_thresholds": [
              {
                "critical": "2500",
                "critical_recovery": "",
                "ok": "",
                "unknown": "",
                "warning": "2000",
                "warning_recovery": ""
              }
            ],
            "name": "[P3][stage][application] Core Web Vitals — Largest Contentful Paint Degraded (critical)",
            "new_group_delay": 300,
            "new_host_delay": 300,
            "no_data_timeframe": 0,
            "notification_preset_name": "",
            "notify_audit": false,
            "notify_by": [],
            "notify_no_data": false,
            "on_missing_data": "",
            "priority": "3",
            "query": "avg(last_2h):p75:rum.view.largest_contentful_paint{env:stage,alert_band:critical} by {service} \u003e 2500",
            "renotify_interval": 30,
            "renotify_occurrences": 3,
            "renotify_statuses": [
              "alert"
            ],
            "require_full_window": false,
            "restricted_roles": null,
            "scheduling_options": [],
            "tags": [
              "alert_band:critical",
              "archetype:web-vitals-lcp-degradation",
              "automation_ref:diag-app-health",
              "correlation_key:frontend.stage.web-frontends",
              "dedup_key:web-frontends.stage.web-vitals-lcp-degradation.critical",
              "detection:threshold",
              "domain:application",
              "env:stage",
              "failure_domain:frontend",
              "impact_class:degradation",
              "managed_by:terraform",
              "managed_source:platform",
              "monitor_id:stage.critical.application.web-vitals-lcp-degradation",
              "monitoring_profile:critical",
              "notification_profile:nonprod_standard",
              "owner:sre",
              "pages:false",
              "priority:p3",
              "resource_type:service",
              "runbook:web-vitals-lcp-degradation",
              "runbook_notebook:15318475",
              "service:web-frontends",
              "signal:latency",
              "slo_id:slo-web-availability",
              "support_model:24x7",
              "team:sre",
              "tier:tier0"
            ],
            "timeout_h": 18,
            "type": "query alert",
            "validate": null,
            "variables": []
          },
          "sensitive_attributes": [],
          "private": "bnVsbA=="
        },
        {
          "index_key": "stage.critical.application.worker-error-anomaly",
          "schema_version": 0,
          "attributes": {
            "assets": [
              {
                "category": "runbook",
                "name": "Worker Error Rate Anomaly",
                "resource_key": "15298710",
                "resource_type": "notebook",
                "url": "https://app.datadoghq.com/notebook/15298710"
              }
            ],
            "draft_status": "published",
            "enable_logs_sample": null,
            "enable_samples": null,
            "escalation_message": "",
            "evaluation_delay": 300,
            "force_delete": null,
            "group_retention_duration": "",
            "groupby_simple_monitor": null,
            "id": "314372544",
            "include_tags": true,
            "locked": false,
            "message": "{{#is_alert}}\n## P3 · Worker Error Rate Anomaly\n**WHAT:** Worker Error Rate Anomaly: error_rate signal detected by anomaly analysis.\n**WHERE:** {{value}} · env `stage` · region `global`\n**SERVICE:** `worker-platform` (application / service, tier0)\n**BUSINESS IMPACT:** The service still functions but measurably worse; a subset of traffic or users is failing.\n**WHY IT TRIGGERED:** The signal deviated from its own learned baseline by more than the configured number of deviations — not because it crossed a fixed number.\n**OWNER:** sre · support 24x7 · this does not page\n**RUNBOOK:** attached to this monitor as `Worker Error Rate Anomaly` — open it from the monitor's Runbook asset.\n**AUTOMATED DIAGNOSTICS:** workflow `diag-app-health` has run; its output is attached to this event.\n**RELATED EVENTS:** correlated on `worker-platform.stage.worker-platform` — deployments, infrastructure changes and platform events from the last 30 minutes are attached as context.\n**SLO / ERROR BUDGET:** `slo-worker-throughput` · no error-budget impact (non-production)\n{{/is_alert}}\n{{#is_warning}}\n## Worker Error Rate Anomaly — warning\nApproaching the alert condition on {{value}}. Investigate before it becomes P3.\n{{/is_warning}}\n{{#is_no_data}}\n## Worker Error Rate Anomaly — NO DATA\nTelemetry stopped arriving for {{value}}. Treat this as a telemetry-health incident: an unmonitored resource is worse than an alerting one.\n{{/is_no_data}}\n{{#is_recovery}}\n## Recovered · Worker Error Rate Anomaly\n{{value}} returned to normal. Error-budget impact recorded against `slo-worker-throughput`. No action required; the correlation group closes when every child recovers.\n{{/is_recovery}}\n{{#is_warning_recovery}}\nWarning cleared for {{value}}.\n{{/is_warning_recovery}}",
            "monitor_threshold_windows": [],
            "monitor_thresholds": [
              {
                "critical": "1",
                "critical_recovery": "",
                "ok": "",
                "unknown": "",
                "warning": "",
                "warning_recovery": ""
              }
            ],
            "name": "[P3][stage][application] Worker Error Rate Anomaly (critical)",
            "new_group_delay": 300,
            "new_host_delay": 300,
            "no_data_timeframe": 0,
            "notification_preset_name": "",
            "notify_audit": false,
            "notify_by": [],
            "notify_no_data": false,
            "on_missing_data": "",
            "priority": "3",
            "query": "avg(last_30m):anomalies(sum:trace.async.operation.errors{env:stage,alert_band:critical,service_archetype:worker} by {service}.as_rate(), 'agile', 3) \u003e= 1",
            "renotify_interval": 30,
            "renotify_occurrences": 3,
            "renotify_statuses": [
              "alert"
            ],
            "require_full_window": false,
            "restricted_roles": null,
            "scheduling_options": [],
            "tags": [
              "alert_band:critical",
              "archetype:worker-error-anomaly",
              "automation_ref:diag-app-health",
              "correlation_key:worker-platform.stage.worker-platform",
              "dedup_key:worker-platform.stage.worker-error-anomaly.critical",
              "detection:anomaly",
              "domain:application",
              "env:stage",
              "failure_domain:worker-platform",
              "impact_class:degradation",
              "managed_by:terraform",
              "managed_source:platform",
              "monitor_id:stage.critical.application.worker-error-anomaly",
              "monitoring_profile:critical",
              "notification_profile:nonprod_standard",
              "owner:sre",
              "pages:false",
              "priority:p3",
              "resource_type:service",
              "runbook:worker-error-anomaly",
              "runbook_notebook:15298710",
              "service:worker-platform",
              "signal:error_rate",
              "slo_id:slo-worker-throughput",
              "support_model:24x7",
              "team:sre",
              "tier:tier0"
            ],
            "timeout_h": 18,
            "type": "query alert",
            "validate": null,
            "variables": []
          },
          "sensitive_attributes": [],
          "private": "bnVsbA=="
        },
        {
          "index_key": "stage.critical.application.worker-processing-latency",
          "schema_version": 0,
          "attributes": {
            "assets": [
              {
                "category": "runbook",
                "name": "Worker Processing Latency Degradation",
                "resource_key": "15298711",
                "resource_type": "notebook",
                "url": "https://app.datadoghq.com/notebook/15298711"
              }
            ],
            "draft_status": "published",
            "enable_logs_sample": null,
            "enable_samples": null,
            "escalation_message": "",
            "evaluation_delay": 300,
            "force_delete": null,
            "group_retention_duration": "",
            "groupby_simple_monitor": null,
            "id": "314372512",
            "include_tags": true,
            "locked": false,
            "message": "{{#is_alert}}\n## P3 · Worker Processing Latency Degradation\n**WHAT:** Worker Processing Latency Degradation: latency signal detected by rate_of_change analysis.\n**WHERE:** {{value}} · env `stage` · region `global`\n**SERVICE:** `worker-platform` (application / service, tier0)\n**BUSINESS IMPACT:** The service still functions but measurably worse; a subset of traffic or users is failing.\n**WHY IT TRIGGERED:** The signal changed faster than the configured percentage relative to its own recent history. Speed of degradation, not absolute level.\n**OWNER:** sre · support 24x7 · this does not page\n**RUNBOOK:** attached to this monitor as `Worker Processing Latency Degradation` — open it from the monitor's Runbook asset.\n**AUTOMATED DIAGNOSTICS:** workflow `diag-app-health` has run; its output is attached to this event.\n**RELATED EVENTS:** correlated on `worker-platform.stage.worker-platform` — deployments, infrastructure changes and platform events from the last 30 minutes are attached as context.\n**SLO / ERROR BUDGET:** `slo-worker-throughput` · no error-budget impact (non-production)\n{{/is_alert}}\n{{#is_warning}}\n## Worker Processing Latency Degradation — warning\nApproaching the alert condition on {{value}}. Investigate before it becomes P3.\n{{/is_warning}}\n{{#is_no_data}}\n## Worker Processing Latency Degradation — NO DATA\nTelemetry stopped arriving for {{value}}. Treat this as a telemetry-health incident: an unmonitored resource is worse than an alerting one.\n{{/is_no_data}}\n{{#is_recovery}}\n## Recovered · Worker Processing Latency Degradation\n{{value}} returned to normal. Error-budget impact recorded against `slo-worker-throughput`. No action required; the correlation group closes when every child recovers.\n{{/is_recovery}}\n{{#is_warning_recovery}}\nWarning cleared for {{value}}.\n{{/is_warning_recovery}}",
            "monitor_threshold_windows": [],
            "monitor_thresholds": [
              {
                "critical": "75",
                "critical_recovery": "",
                "ok": "",
                "unknown": "",
                "warning": "40",
                "warning_recovery": ""
              }
            ],
            "name": "[P3][stage][application] Worker Processing Latency Degradation (critical)",
            "new_group_delay": 300,
            "new_host_delay": 300,
            "no_data_timeframe": 0,
            "notification_preset_name": "",
            "notify_audit": false,
            "notify_by": [],
            "notify_no_data": false,
            "on_missing_data": "",
            "priority": "3",
            "query": "pct_change(avg(last_30m),last_1h):avg:trace.async.operation.duration{env:stage,alert_band:critical,service_archetype:worker} by {service} \u003e 75",
            "renotify_interval": 30,
            "renotify_occurrences": 3,
            "renotify_statuses": [
              "alert"
            ],
            "require_full_window": false,
            "restricted_roles": null,
            "scheduling_options": [],
            "tags": [
              "alert_band:critical",
              "archetype:worker-processing-latency",
              "automation_ref:diag-app-health",
              "correlation_key:worker-platform.stage.worker-platform",
              "dedup_key:worker-platform.stage.worker-processing-latency.critical",
              "detection:rate_of_change",
              "domain:application",
              "env:stage",
              "failure_domain:worker-platform",
              "impact_class:degradation",
              "managed_by:terraform",
              "managed_source:platform",
              "monitor_id:stage.critical.application.worker-processing-latency",
              "monitoring_profile:critical",
              "notification_profile:nonprod_standard",
              "owner:sre",
              "pages:false",
              "priority:p3",
              "resource_type:service",
              "runbook:worker-processing-latency",
              "runbook_notebook:15298711",
              "service:worker-platform",
              "signal:latency",
              "slo_id:slo-worker-throughput",
              "support_model:24x7",
              "team:sre",
              "tier:tier0"
            ],
            "timeout_h": 18,
            "type": "query alert",
            "validate": null,
            "variables": []
          },
          "sensitive_attributes": [],
          "private": "bnVsbA=="
        },
        {
          "index_key": "stage.critical.application.worker-stalled",
          "schema_version": 0,
          "attributes": {
            "assets": [
              {
                "category": "runbook",
                "name": "Worker Stopped Processing",
                "resource_key": "15298712",
                "resource_type": "notebook",
                "url": "https://app.datadoghq.com/notebook/15298712"
              }
            ],
            "draft_status": "published",
            "enable_logs_sample": null,
            "enable_samples": null,
            "escalation_message": "",
            "evaluation_delay": 300,
            "force_delete": null,
            "group_retention_duration": "",
            "groupby_simple_monitor": null,
            "id": "314372521",
            "include_tags": true,
            "locked": false,
            "message": "{{#is_alert}}\n## P3 · Worker Stopped Processing\n**WHAT:** Worker Stopped Processing: availability signal detected by threshold analysis.\n**WHERE:** {{value}} · env `stage` · region `global`\n**SERVICE:** `worker-platform` (application / service, tier0)\n**BUSINESS IMPACT:** Customers are affected now, or a mission-critical capability is unavailable.\n**WHY IT TRIGGERED:** Zero work processed in 30 minutes is an absolute liveness boundary for a continuously-fed worker; there is no statistical interpretation of zero.\n\n**OWNER:** sre · support 24x7 · this does not page\n**RUNBOOK:** attached to this monitor as `Worker Stopped Processing` — open it from the monitor's Runbook asset.\n**AUTOMATED DIAGNOSTICS:** workflow `diag-app-health` has run; its output is attached to this event.\n**RELATED EVENTS:** correlated on `worker-platform.stage.worker-platform` — deployments, infrastructure changes and platform events from the last 30 minutes are attached as context.\n**SLO / ERROR BUDGET:** `slo-worker-throughput` · no error-budget impact (non-production)\n{{/is_alert}}\n{{#is_warning}}\n## Worker Stopped Processing — warning\nApproaching the alert condition on {{value}}. Investigate before it becomes P3.\n{{/is_warning}}\n{{#is_no_data}}\n## Worker Stopped Processing — NO DATA\nTelemetry stopped arriving for {{value}}. Treat this as a telemetry-health incident: an unmonitored resource is worse than an alerting one.\n{{/is_no_data}}\n{{#is_recovery}}\n## Recovered · Worker Stopped Processing\n{{value}} returned to normal. Error-budget impact recorded against `slo-worker-throughput`. No action required; the correlation group closes when every child recovers.\n{{/is_recovery}}\n{{#is_warning_recovery}}\nWarning cleared for {{value}}.\n{{/is_warning_recovery}}",
            "monitor_threshold_windows": [],
            "monitor_thresholds": [
              {
                "critical": "1",
                "critical_recovery": "",
                "ok": "",
                "unknown": "",
                "warning": "",
                "warning_recovery": ""
              }
            ],
            "name": "[P3][stage][application] Worker Stopped Processing (critical)",
            "new_group_delay": 300,
            "new_host_delay": 300,
            "no_data_timeframe": 45,
            "notification_preset_name": "",
            "notify_audit": false,
            "notify_by": [],
            "notify_no_data": true,
            "on_missing_data": "",
            "priority": "3",
            "query": "sum(last_1h):sum:trace.async.operation.hits{env:stage,alert_band:critical,service_archetype:worker} by {service}.as_count() \u003c 1",
            "renotify_interval": 30,
            "renotify_occurrences": 3,
            "renotify_statuses": [
              "alert"
            ],
            "require_full_window": false,
            "restricted_roles": null,
            "scheduling_options": [],
            "tags": [
              "alert_band:critical",
              "archetype:worker-stalled",
              "automation_ref:diag-app-health",
              "correlation_key:worker-platform.stage.worker-platform",
              "dedup_key:worker-platform.stage.worker-stalled.critical",
              "detection:threshold",
              "domain:application",
              "env:stage",
              "failure_domain:worker-platform",
              "impact_class:customer_impact",
              "managed_by:terraform",
              "managed_source:platform",
              "monitor_id:stage.critical.application.worker-stalled",
              "monitoring_profile:critical",
              "notification_profile:nonprod_standard",
              "owner:sre",
              "pages:false",
              "priority:p3",
              "resource_type:service",
              "runbook:worker-stalled",
              "runbook_notebook:15298712",
              "service:worker-platform",
              "signal:availability",
              "slo_id:slo-worker-throughput",
              "support_model:24x7",
              "team:sre",
              "tier:tier0"
            ],
            "timeout_h": 18,
            "type": "query alert",
            "validate": null,
            "variables": []
          },
          "sensitive_attributes": [],
          "private": "bnVsbA=="
        },
        {
          "index_key": "stage.critical.application.worker-throughput-anomaly",
          "schema_version": 0,
          "attributes": {
            "assets": [
              {
                "category": "runbook",
                "name": "Worker Throughput Anomaly",
                "resource_key": "15298713",
                "resource_type": "notebook",
                "url": "https://app.datadoghq.com/notebook/15298713"
              }
            ],
            "draft_status": "published",
            "enable_logs_sample": null,
            "enable_samples": null,
            "escalation_message": "",
            "evaluation_delay": 300,
            "force_delete": null,
            "group_retention_duration": "",
            "groupby_simple_monitor": null,
            "id": "314372392",
            "include_tags": true,
            "locked": false,
            "message": "{{#is_alert}}\n## P3 · Worker Throughput Anomaly\n**WHAT:** Worker Throughput Anomaly: throughput signal detected by anomaly analysis.\n**WHERE:** {{value}} · env `stage` · region `global`\n**SERVICE:** `worker-platform` (application / service, tier0)\n**BUSINESS IMPACT:** The service still functions but measurably worse; a subset of traffic or users is failing.\n**WHY IT TRIGGERED:** The signal deviated from its own learned baseline by more than the configured number of deviations — not because it crossed a fixed number.\n**OWNER:** sre · support 24x7 · this does not page\n**RUNBOOK:** attached to this monitor as `Worker Throughput Anomaly` — open it from the monitor's Runbook asset.\n**AUTOMATED DIAGNOSTICS:** workflow `diag-app-health` has run; its output is attached to this event.\n**RELATED EVENTS:** correlated on `worker-platform.stage.worker-platform` — deployments, infrastructure changes and platform events from the last 30 minutes are attached as context.\n**SLO / ERROR BUDGET:** `slo-worker-throughput` · no error-budget impact (non-production)\n{{/is_alert}}\n{{#is_warning}}\n## Worker Throughput Anomaly — warning\nApproaching the alert condition on {{value}}. Investigate before it becomes P3.\n{{/is_warning}}\n{{#is_no_data}}\n## Worker Throughput Anomaly — NO DATA\nTelemetry stopped arriving for {{value}}. Treat this as a telemetry-health incident: an unmonitored resource is worse than an alerting one.\n{{/is_no_data}}\n{{#is_recovery}}\n## Recovered · Worker Throughput Anomaly\n{{value}} returned to normal. Error-budget impact recorded against `slo-worker-throughput`. No action required; the correlation group closes when every child recovers.\n{{/is_recovery}}\n{{#is_warning_recovery}}\nWarning cleared for {{value}}.\n{{/is_warning_recovery}}",
            "monitor_threshold_windows": [],
            "monitor_thresholds": [
              {
                "critical": "1",
                "critical_recovery": "",
                "ok": "",
                "unknown": "",
                "warning": "",
                "warning_recovery": ""
              }
            ],
            "name": "[P3][stage][application] Worker Throughput Anomaly (critical)",
            "new_group_delay": 300,
            "new_host_delay": 300,
            "no_data_timeframe": 0,
            "notification_preset_name": "",
            "notify_audit": false,
            "notify_by": [],
            "notify_no_data": false,
            "on_missing_data": "",
            "priority": "3",
            "query": "avg(last_1h):anomalies(sum:trace.async.operation.hits{env:stage,alert_band:critical,service_archetype:worker} by {service}.as_rate(), 'agile', 3, direction='below') \u003e= 1",
            "renotify_interval": 30,
            "renotify_occurrences": 3,
            "renotify_statuses": [
              "alert"
            ],
            "require_full_window": false,
            "restricted_roles": null,
            "scheduling_options": [],
            "tags": [
              "alert_band:critical",
              "archetype:worker-throughput-anomaly",
              "automation_ref:diag-app-health",
              "correlation_key:worker-platform.stage.worker-platform",
              "dedup_key:worker-platform.stage.worker-throughput-anomaly.critical",
              "detection:anomaly",
              "domain:application",
              "env:stage",
              "failure_domain:worker-platform",
              "impact_class:degradation",
              "managed_by:terraform",
              "managed_source:platform",
              "monitor_id:stage.critical.application.worker-throughput-anomaly",
              "monitoring_profile:critical",
              "notification_profile:nonprod_standard",
              "owner:sre",
              "pages:false",
              "priority:p3",
              "resource_type:service",
              "runbook:worker-throughput-anomaly",
              "runbook_notebook:15298713",
              "service:worker-platform",
              "signal:throughput",
              "slo_id:slo-worker-throughput",
              "support_model:24x7",
              "team:sre",
              "tier:tier0"
            ],
            "timeout_h": 18,
            "type": "query alert",
            "validate": null,
            "variables": []
          },
          "sensitive_attributes": [],
          "private": "bnVsbA=="
        },
        {
          "index_key": "stage.critical.cloud.acr-pull-failure-anomaly",
          "schema_version": 0,
          "attributes": {
            "assets": [
              {
                "category": "runbook",
                "name": "Container Registry Pull Failure Anomaly",
                "resource_key": "15318337",
                "resource_type": "notebook",
                "url": "https://app.datadoghq.com/notebook/15318337"
              }
            ],
            "draft_status": "published",
            "enable_logs_sample": null,
            "enable_samples": null,
            "escalation_message": "",
            "evaluation_delay": 300,
            "force_delete": null,
            "group_retention_duration": "",
            "groupby_simple_monitor": null,
            "id": "314985774",
            "include_tags": true,
            "locked": false,
            "message": "{{#is_alert}}\n## P3 · Container Registry Pull Failure Anomaly\n**WHAT:** Total minus successful is the failed-pull rate — the registry publishes no failure counter directly. Failed pulls are almost always authentication (an expired pull secret or managed identity) or a throttled registry, and both stop every deployment at once.\n\n**WHERE:** {{value}} · env `stage` · region `global`\n**SERVICE:** `azure-landing-zone` (cloud / azure_container_registry, tier0)\n**BUSINESS IMPACT:** The service still functions but measurably worse; a subset of traffic or users is failing.\n**WHY IT TRIGGERED:** The signal deviated from its own learned baseline by more than the configured number of deviations — not because it crossed a fixed number.\n**OWNER:** cloud-engineering · support 24x7 · this does not page\n**RUNBOOK:** attached to this monitor as `Container Registry Pull Failure Anomaly` — open it from the monitor's Runbook asset.\n**AUTOMATED DIAGNOSTICS:** workflow `diag-azure-resource` has run; its output is attached to this event.\n**RELATED EVENTS:** correlated on `registry.stage.azure-landing-zone` — deployments, infrastructure changes and platform events from the last 30 minutes are attached as context.\n**SLO / ERROR BUDGET:** `slo-cloud-platform-availability` · no error-budget impact (non-production)\n{{/is_alert}}\n{{#is_warning}}\n## Container Registry Pull Failure Anomaly — warning\nApproaching the alert condition on {{value}}. Investigate before it becomes P3.\n{{/is_warning}}\n{{#is_no_data}}\n## Container Registry Pull Failure Anomaly — NO DATA\nTelemetry stopped arriving for {{value}}. Treat this as a telemetry-health incident: an unmonitored resource is worse than an alerting one.\n{{/is_no_data}}\n{{#is_recovery}}\n## Recovered · Container Registry Pull Failure Anomaly\n{{value}} returned to normal. Error-budget impact recorded against `slo-cloud-platform-availability`. No action required; the correlation group closes when every child recovers.\n{{/is_recovery}}\n{{#is_warning_recovery}}\nWarning cleared for {{value}}.\n{{/is_warning_recovery}}",
            "monitor_threshold_windows": [],
            "monitor_thresholds": [
              {
                "critical": "1",
                "critical_recovery": "",
                "ok": "",
                "unknown": "",
                "warning": "",
                "warning_recovery": ""
              }
            ],
            "name": "[P3][stage][cloud] Container Registry Pull Failure Anomaly (critical)",
            "new_group_delay": 300,
            "new_host_delay": 300,
            "no_data_timeframe": 0,
            "notification_preset_name": "",
            "notify_audit": false,
            "notify_by": [
              "subscription_name"
            ],
            "notify_no_data": false,
            "on_missing_data": "",
            "priority": "3",
            "query": "avg(last_1h):anomalies(sum:azure.containerregistry_registries.total_pull_count{env:stage,alert_band:critical,resource_type:azure_container_registry} by {subscription_name,name}.as_rate() - sum:azure.containerregistry_registries.successful_pull_count{env:stage,alert_band:critical,resource_type:azure_container_registry} by {subscription_name,name}.as_rate(), 'agile', 3, direction='above') \u003e= 1",
            "renotify_interval": 30,
            "renotify_occurrences": 3,
            "renotify_statuses": [
              "alert"
            ],
            "require_full_window": false,
            "restricted_roles": null,
            "scheduling_options": [],
            "tags": [
              "alert_band:critical",
              "archetype:acr-pull-failure-anomaly",
              "automation_ref:diag-azure-resource",
              "correlation_key:registry.stage.azure-landing-zone",
              "dedup_key:azure-landing-zone.stage.acr-pull-failure-anomaly.critical",
              "detection:anomaly",
              "domain:cloud",
              "env:stage",
              "failure_domain:registry",
              "impact_class:degradation",
              "managed_by:terraform",
              "managed_source:platform",
              "monitor_id:stage.critical.cloud.acr-pull-failure-anomaly",
              "monitoring_profile:critical",
              "notification_profile:nonprod_standard",
              "owner:cloud-engineering",
              "pages:false",
              "priority:p3",
              "resource_type:azure_container_registry",
              "runbook:acr-pull-failure-anomaly",
              "runbook_notebook:15318337",
              "service:azure-landing-zone",
              "signal:error_rate",
              "slo_id:slo-cloud-platform-availability",
              "support_model:24x7",
              "team:cloud-engineering",
              "tier:tier0"
            ],
            "timeout_h": 18,
            "type": "query alert",
            "validate": null,
            "variables": []
          },
          "sensitive_attributes": [],
          "private": "bnVsbA=="
        },
        {
          "index_key": "stage.critical.cloud.acr-push-failure-anomaly",
          "schema_version": 0,
          "attributes": {
            "assets": [
              {
                "category": "runbook",
                "name": "Container Registry Push Failure Anomaly",
                "resource_key": "15318338",
                "resource_type": "notebook",
                "url": "https://app.datadoghq.com/notebook/15318338"
              }
            ],
            "draft_status": "published",
            "enable_logs_sample": null,
            "enable_samples": null,
            "escalation_message": "",
            "evaluation_delay": 300,
            "force_delete": null,
            "group_retention_duration": "",
            "groupby_simple_monitor": null,
            "id": "314985810",
            "include_tags": true,
            "locked": false,
            "message": "{{#is_alert}}\n## P3 · Container Registry Push Failure Anomaly\n**WHAT:** Push failures break the delivery pipeline rather than production, which is why this is risk rather than degradation — but it breaks it for everyone at once.\n\n**WHERE:** {{value}} · env `stage` · region `global`\n**SERVICE:** `azure-landing-zone` (cloud / azure_container_registry, tier0)\n**BUSINESS IMPACT:** Nothing is broken yet. A boundary will be crossed if nobody acts within the lead time this monitor provides.\n**WHY IT TRIGGERED:** The signal deviated from its own learned baseline by more than the configured number of deviations — not because it crossed a fixed number.\n**OWNER:** cloud-engineering · support 24x7 · this does not page\n**RUNBOOK:** attached to this monitor as `Container Registry Push Failure Anomaly` — open it from the monitor's Runbook asset.\n**AUTOMATED DIAGNOSTICS:** workflow `diag-azure-resource` has run; its output is attached to this event.\n**RELATED EVENTS:** correlated on `registry.stage.azure-landing-zone` — deployments, infrastructure changes and platform events from the last 30 minutes are attached as context.\n**SLO / ERROR BUDGET:** `slo-cloud-platform-availability` · no error-budget impact (non-production)\n{{/is_alert}}\n{{#is_warning}}\n## Container Registry Push Failure Anomaly — warning\nApproaching the alert condition on {{value}}. Investigate before it becomes P3.\n{{/is_warning}}\n{{#is_no_data}}\n## Container Registry Push Failure Anomaly — NO DATA\nTelemetry stopped arriving for {{value}}. Treat this as a telemetry-health incident: an unmonitored resource is worse than an alerting one.\n{{/is_no_data}}\n{{#is_recovery}}\n## Recovered · Container Registry Push Failure Anomaly\n{{value}} returned to normal. Error-budget impact recorded against `slo-cloud-platform-availability`. No action required; the correlation group closes when every child recovers.\n{{/is_recovery}}\n{{#is_warning_recovery}}\nWarning cleared for {{value}}.\n{{/is_warning_recovery}}",
            "monitor_threshold_windows": [],
            "monitor_thresholds": [
              {
                "critical": "1",
                "critical_recovery": "",
                "ok": "",
                "unknown": "",
                "warning": "",
                "warning_recovery": ""
              }
            ],
            "name": "[P3][stage][cloud] Container Registry Push Failure Anomaly (critical)",
            "new_group_delay": 300,
            "new_host_delay": 300,
            "no_data_timeframe": 0,
            "notification_preset_name": "",
            "notify_audit": false,
            "notify_by": [
              "subscription_name"
            ],
            "notify_no_data": false,
            "on_missing_data": "",
            "priority": "3",
            "query": "avg(last_1h):anomalies(sum:azure.containerregistry_registries.total_push_count{env:stage,alert_band:critical,resource_type:azure_container_registry} by {subscription_name,name}.as_rate() - sum:azure.containerregistry_registries.successful_push_count{env:stage,alert_band:critical,resource_type:azure_container_registry} by {subscription_name,name}.as_rate(), 'agile', 3, direction='above') \u003e= 1",
            "renotify_interval": 30,
            "renotify_occurrences": 3,
            "renotify_statuses": [
              "alert"
            ],
            "require_full_window": false,
            "restricted_roles": null,
            "scheduling_options": [],
            "tags": [
              "alert_band:critical",
              "archetype:acr-push-failure-anomaly",
              "automation_ref:diag-azure-resource",
              "correlation_key:registry.stage.azure-landing-zone",
              "dedup_key:azure-landing-zone.stage.acr-push-failure-anomaly.critical",
              "detection:anomaly",
              "domain:cloud",
              "env:stage",
              "failure_domain:registry",
              "impact_class:risk",
              "managed_by:terraform",
              "managed_source:platform",
              "monitor_id:stage.critical.cloud.acr-push-failure-anomaly",
              "monitoring_profile:critical",
              "notification_profile:nonprod_standard",
              "owner:cloud-engineering",
              "pages:false",
              "priority:p3",
              "resource_type:azure_container_registry",
              "runbook:acr-push-failure-anomaly",
              "runbook_notebook:15318338",
              "service:azure-landing-zone",
              "signal:error_rate",
              "slo_id:slo-cloud-platform-availability",
              "support_model:24x7",
              "team:cloud-engineering",
              "tier:tier0"
            ],
            "timeout_h": 18,
            "type": "query alert",
            "validate": null,
            "variables": []
          },
          "sensitive_attributes": [],
          "private": "bnVsbA=="
        },
        {
          "index_key": "stage.critical.cloud.apim-backend-latency-degradation",
          "schema_version": 0,
          "attributes": {
            "assets": [
              {
                "category": "runbook",
                "name": "API Management Backend Latency Degradation",
                "resource_key": "15318343",
                "resource_type": "notebook",
                "url": "https://app.datadoghq.com/notebook/15318343"
              }
            ],
            "draft_status": "published",
            "enable_logs_sample": null,
            "enable_samples": null,
            "escalation_message": "",
            "evaluation_delay": 300,
            "force_delete": null,
            "group_retention_duration": "",
            "groupby_simple_monitor": null,
            "id": "314985802",
            "include_tags": true,
            "locked": false,
            "message": "{{#is_alert}}\n## P3 · API Management Backend Latency Degradation\n**WHAT:** Deliberately paired with apim-gateway-latency-degradation. Gateway slow and backend flat is a policy or capacity problem inside APIM; both slow together is the backend, and the investigation moves to the service.\n\n**WHERE:** {{value}} · env `stage` · region `global`\n**SERVICE:** `api-services` (cloud / azure_apim, tier0)\n**BUSINESS IMPACT:** The service still functions but measurably worse; a subset of traffic or users is failing.\n**WHY IT TRIGGERED:** The signal changed faster than the configured percentage relative to its own recent history. Speed of degradation, not absolute level.\n**OWNER:** cloud-engineering · support 24x7 · this does not page\n**RUNBOOK:** attached to this monitor as `API Management Backend Latency Degradation` — open it from the monitor's Runbook asset.\n**AUTOMATED DIAGNOSTICS:** workflow `diag-dependency` has run; its output is attached to this event.\n**RELATED EVENTS:** correlated on `edge.stage.api-services` — deployments, infrastructure changes and platform events from the last 30 minutes are attached as context.\n**SLO / ERROR BUDGET:** `slo-api-latency` · no error-budget impact (non-production)\n{{/is_alert}}\n{{#is_warning}}\n## API Management Backend Latency Degradation — warning\nApproaching the alert condition on {{value}}. Investigate before it becomes P3.\n{{/is_warning}}\n{{#is_no_data}}\n## API Management Backend Latency Degradation — NO DATA\nTelemetry stopped arriving for {{value}}. Treat this as a telemetry-health incident: an unmonitored resource is worse than an alerting one.\n{{/is_no_data}}\n{{#is_recovery}}\n## Recovered · API Management Backend Latency Degradation\n{{value}} returned to normal. Error-budget impact recorded against `slo-api-latency`. No action required; the correlation group closes when every child recovers.\n{{/is_recovery}}\n{{#is_warning_recovery}}\nWarning cleared for {{value}}.\n{{/is_warning_recovery}}",
            "monitor_threshold_windows": [],
            "monitor_thresholds": [
              {
                "critical": "50",
                "critical_recovery": "",
                "ok": "",
                "unknown": "",
                "warning": "25",
                "warning_recovery": ""
              }
            ],
            "name": "[P3][stage][cloud] API Management Backend Latency Degradation (critical)",
            "new_group_delay": 300,
            "new_host_delay": 300,
            "no_data_timeframe": 0,
            "notification_preset_name": "",
            "notify_audit": false,
            "notify_by": [
              "subscription_name"
            ],
            "notify_no_data": false,
            "on_missing_data": "",
            "priority": "3",
            "query": "pct_change(avg(last_30m),last_4h):avg:azure.apimanagement_service.duration_of_backend_requests{env:stage,alert_band:critical,resource_type:azure_apim} by {subscription_name,name} \u003e 50",
            "renotify_interval": 30,
            "renotify_occurrences": 3,
            "renotify_statuses": [
              "alert"
            ],
            "require_full_window": false,
            "restricted_roles": null,
            "scheduling_options": [],
            "tags": [
              "alert_band:critical",
              "archetype:apim-backend-latency-degradation",
              "automation_ref:diag-dependency",
              "correlation_key:edge.stage.api-services",
              "dedup_key:api-services.stage.apim-backend-latency-degradation.critical",
              "detection:rate_of_change",
              "domain:cloud",
              "env:stage",
              "failure_domain:edge",
              "impact_class:degradation",
              "managed_by:terraform",
              "managed_source:platform",
              "monitor_id:stage.critical.cloud.apim-backend-latency-degradation",
              "monitoring_profile:critical",
              "notification_profile:nonprod_standard",
              "owner:cloud-engineering",
              "pages:false",
              "priority:p3",
              "resource_type:azure_apim",
              "runbook:apim-backend-latency-degradation",
              "runbook_notebook:15318343",
              "service:api-services",
              "signal:latency",
              "slo_id:slo-api-latency",
              "support_model:24x7",
              "team:cloud-engineering",
              "tier:tier0"
            ],
            "timeout_h": 18,
            "type": "query alert",
            "validate": null,
            "variables": []
          },
          "sensitive_attributes": [],
          "private": "bnVsbA=="
        },
        {
          "index_key": "stage.critical.cloud.apim-failed-request-anomaly",
          "schema_version": 0,
          "attributes": {
            "assets": [
              {
                "category": "runbook",
                "name": "API Management Failed Request Anomaly",
                "resource_key": "15318346",
                "resource_type": "notebook",
                "url": "https://app.datadoghq.com/notebook/15318346"
              }
            ],
            "draft_status": "published",
            "enable_logs_sample": null,
            "enable_samples": null,
            "escalation_message": "",
            "evaluation_delay": 300,
            "force_delete": null,
            "group_retention_duration": "",
            "groupby_simple_monitor": null,
            "id": "314985757",
            "include_tags": true,
            "locked": false,
            "message": "{{#is_alert}}\n## P3 · API Management Failed Request Anomaly\n**WHAT:** Failed requests are gateway-attributed 5xx. Client 4xx arrive as `other_requests` and are deliberately not alerted on here — a caller sending bad requests is not an outage of the gateway.\n\n**WHERE:** {{value}} · env `stage` · region `global`\n**SERVICE:** `api-services` (cloud / azure_apim, tier0)\n**BUSINESS IMPACT:** The service still functions but measurably worse; a subset of traffic or users is failing.\n**WHY IT TRIGGERED:** The signal deviated from its own learned baseline by more than the configured number of deviations — not because it crossed a fixed number.\n**OWNER:** cloud-engineering · support 24x7 · this does not page\n**RUNBOOK:** attached to this monitor as `API Management Failed Request Anomaly` — open it from the monitor's Runbook asset.\n**AUTOMATED DIAGNOSTICS:** workflow `diag-azure-resource` has run; its output is attached to this event.\n**RELATED EVENTS:** correlated on `edge.stage.api-services` — deployments, infrastructure changes and platform events from the last 30 minutes are attached as context.\n**SLO / ERROR BUDGET:** `slo-api-availability` · no error-budget impact (non-production)\n{{/is_alert}}\n{{#is_warning}}\n## API Management Failed Request Anomaly — warning\nApproaching the alert condition on {{value}}. Investigate before it becomes P3.\n{{/is_warning}}\n{{#is_no_data}}\n## API Management Failed Request Anomaly — NO DATA\nTelemetry stopped arriving for {{value}}. Treat this as a telemetry-health incident: an unmonitored resource is worse than an alerting one.\n{{/is_no_data}}\n{{#is_recovery}}\n## Recovered · API Management Failed Request Anomaly\n{{value}} returned to normal. Error-budget impact recorded against `slo-api-availability`. No action required; the correlation group closes when every child recovers.\n{{/is_recovery}}\n{{#is_warning_recovery}}\nWarning cleared for {{value}}.\n{{/is_warning_recovery}}",
            "monitor_threshold_windows": [],
            "monitor_thresholds": [
              {
                "critical": "1",
                "critical_recovery": "",
                "ok": "",
                "unknown": "",
                "warning": "",
                "warning_recovery": ""
              }
            ],
            "name": "[P3][stage][cloud] API Management Failed Request Anomaly (critical)",
            "new_group_delay": 300,
            "new_host_delay": 300,
            "no_data_timeframe": 0,
            "notification_preset_name": "",
            "notify_audit": false,
            "notify_by": [
              "subscription_name"
            ],
            "notify_no_data": false,
            "on_missing_data": "",
            "priority": "3",
            "query": "avg(last_30m):anomalies(sum:azure.apimanagement_service.failed_requests{env:stage,alert_band:critical,resource_type:azure_apim} by {subscription_name,name}.as_rate(), 'agile', 3, direction='above') \u003e= 1",
            "renotify_interval": 30,
            "renotify_occurrences": 3,
            "renotify_statuses": [
              "alert"
            ],
            "require_full_window": false,
            "restricted_roles": null,
            "scheduling_options": [],
            "tags": [
              "alert_band:critical",
              "archetype:apim-failed-request-anomaly",
              "automation_ref:diag-azure-resource",
              "correlation_key:edge.stage.api-services",
              "dedup_key:api-services.stage.apim-failed-request-anomaly.critical",
              "detection:anomaly",
              "domain:cloud",
              "env:stage",
              "failure_domain:edge",
              "impact_class:degradation",
              "managed_by:terraform",
              "managed_source:platform",
              "monitor_id:stage.critical.cloud.apim-failed-request-anomaly",
              "monitoring_profile:critical",
              "notification_profile:nonprod_standard",
              "owner:cloud-engineering",
              "pages:false",
              "priority:p3",
              "resource_type:azure_apim",
              "runbook:apim-failed-request-anomaly",
              "runbook_notebook:15318346",
              "service:api-services",
              "signal:error_rate",
              "slo_id:slo-api-availability",
              "support_model:24x7",
              "team:cloud-engineering",
              "tier:tier0"
            ],
            "timeout_h": 18,
            "type": "query alert",
            "validate": null,
            "variables": []
          },
          "sensitive_attributes": [],
          "private": "bnVsbA=="
        },
        {
          "index_key": "stage.critical.cloud.apim-gateway-latency-degradation",
          "schema_version": 0,
          "attributes": {
            "assets": [
              {
                "category": "runbook",
                "name": "API Management Gateway Latency Degradation",
                "resource_key": "15318347",
                "resource_type": "notebook",
                "url": "https://app.datadoghq.com/notebook/15318347"
              }
            ],
            "draft_status": "published",
            "enable_logs_sample": null,
            "enable_samples": null,
            "escalation_message": "",
            "evaluation_delay": 300,
            "force_delete": null,
            "group_retention_duration": "",
            "groupby_simple_monitor": null,
            "id": "314985791",
            "include_tags": true,
            "locked": false,
            "message": "{{#is_alert}}\n## P3 · API Management Gateway Latency Degradation\n**WHAT:** API Management Gateway Latency Degradation: latency signal detected by rate_of_change analysis.\n**WHERE:** {{value}} · env `stage` · region `global`\n**SERVICE:** `api-services` (cloud / azure_apim, tier0)\n**BUSINESS IMPACT:** The service still functions but measurably worse; a subset of traffic or users is failing.\n**WHY IT TRIGGERED:** The signal changed faster than the configured percentage relative to its own recent history. Speed of degradation, not absolute level.\n**OWNER:** cloud-engineering · support 24x7 · this does not page\n**RUNBOOK:** attached to this monitor as `API Management Gateway Latency Degradation` — open it from the monitor's Runbook asset.\n**AUTOMATED DIAGNOSTICS:** workflow `diag-azure-resource` has run; its output is attached to this event.\n**RELATED EVENTS:** correlated on `edge.stage.api-services` — deployments, infrastructure changes and platform events from the last 30 minutes are attached as context.\n**SLO / ERROR BUDGET:** `slo-api-latency` · no error-budget impact (non-production)\n{{/is_alert}}\n{{#is_warning}}\n## API Management Gateway Latency Degradation — warning\nApproaching the alert condition on {{value}}. Investigate before it becomes P3.\n{{/is_warning}}\n{{#is_no_data}}\n## API Management Gateway Latency Degradation — NO DATA\nTelemetry stopped arriving for {{value}}. Treat this as a telemetry-health incident: an unmonitored resource is worse than an alerting one.\n{{/is_no_data}}\n{{#is_recovery}}\n## Recovered · API Management Gateway Latency Degradation\n{{value}} returned to normal. Error-budget impact recorded against `slo-api-latency`. No action required; the correlation group closes when every child recovers.\n{{/is_recovery}}\n{{#is_warning_recovery}}\nWarning cleared for {{value}}.\n{{/is_warning_recovery}}",
            "monitor_threshold_windows": [],
            "monitor_thresholds": [
              {
                "critical": "50",
                "critical_recovery": "",
                "ok": "",
                "unknown": "",
                "warning": "25",
                "warning_recovery": ""
              }
            ],
            "name": "[P3][stage][cloud] API Management Gateway Latency Degradation (critical)",
            "new_group_delay": 300,
            "new_host_delay": 300,
            "no_data_timeframe": 0,
            "notification_preset_name": "",
            "notify_audit": false,
            "notify_by": [
              "subscription_name"
            ],
            "notify_no_data": false,
            "on_missing_data": "",
            "priority": "3",
            "query": "pct_change(avg(last_30m),last_4h):avg:azure.apimanagement_service.overall_duration_of_gateway_requests{env:stage,alert_band:critical,resource_type:azure_apim} by {subscription_name,name} \u003e 50",
            "renotify_interval": 30,
            "renotify_occurrences": 3,
            "renotify_statuses": [
              "alert"
            ],
            "require_full_window": false,
            "restricted_roles": null,
            "scheduling_options": [],
            "tags": [
              "alert_band:critical",
              "archetype:apim-gateway-latency-degradation",
              "automation_ref:diag-azure-resource",
              "correlation_key:edge.stage.api-services",
              "dedup_key:api-services.stage.apim-gateway-latency-degradation.critical",
              "detection:rate_of_change",
              "domain:cloud",
              "env:stage",
              "failure_domain:edge",
              "impact_class:degradation",
              "managed_by:terraform",
              "managed_source:platform",
              "monitor_id:stage.critical.cloud.apim-gateway-latency-degradation",
              "monitoring_profile:critical",
              "notification_profile:nonprod_standard",
              "owner:cloud-engineering",
              "pages:false",
              "priority:p3",
              "resource_type:azure_apim",
              "runbook:apim-gateway-latency-degradation",
              "runbook_notebook:15318347",
              "service:api-services",
              "signal:latency",
              "slo_id:slo-api-latency",
              "support_model:24x7",
              "team:cloud-engineering",
              "tier:tier0"
            ],
            "timeout_h": 18,
            "type": "query alert",
            "validate": null,
            "variables": []
          },
          "sensitive_attributes": [],
          "private": "bnVsbA=="
        },
        {
          "index_key": "stage.critical.cloud.azure-appgateway-backend-unhealthy",
          "schema_version": 0,
          "attributes": {
            "assets": [
              {
                "category": "runbook",
                "name": "Application Gateway Backend Unhealthy",
                "resource_key": "15298368",
                "resource_type": "notebook",
                "url": "https://app.datadoghq.com/notebook/15298368"
              }
            ],
            "draft_status": "published",
            "enable_logs_sample": null,
            "enable_samples": null,
            "escalation_message": "",
            "evaluation_delay": 300,
            "force_delete": null,
            "group_retention_duration": "",
            "groupby_simple_monitor": null,
            "id": "314372437",
            "include_tags": true,
            "locked": false,
            "message": "{{#is_alert}}\n## P3 · Application Gateway Backend Unhealthy\n**WHAT:** Application Gateway Backend Unhealthy: availability signal detected by threshold analysis.\n**WHERE:** {{value}} · env `stage` · region `global`\n**SERVICE:** `azure-landing-zone` (cloud / azure_application_gateway, tier0)\n**BUSINESS IMPACT:** Customers are affected now, or a mission-critical capability is unavailable.\n**WHY IT TRIGGERED:** Zero healthy hosts behind a listener is binary.\n**OWNER:** cloud-engineering · support 24x7 · this does not page\n**RUNBOOK:** attached to this monitor as `Application Gateway Backend Unhealthy` — open it from the monitor's Runbook asset.\n**AUTOMATED DIAGNOSTICS:** workflow `diag-azure-resource` has run; its output is attached to this event.\n**RELATED EVENTS:** correlated on `azure-landing-zone.stage.azure-landing-zone` — deployments, infrastructure changes and platform events from the last 30 minutes are attached as context.\n**SLO / ERROR BUDGET:** `slo-cloud-platform-availability` · no error-budget impact (non-production)\n{{/is_alert}}\n{{#is_warning}}\n## Application Gateway Backend Unhealthy — warning\nApproaching the alert condition on {{value}}. Investigate before it becomes P3.\n{{/is_warning}}\n{{#is_no_data}}\n## Application Gateway Backend Unhealthy — NO DATA\nTelemetry stopped arriving for {{value}}. Treat this as a telemetry-health incident: an unmonitored resource is worse than an alerting one.\n{{/is_no_data}}\n{{#is_recovery}}\n## Recovered · Application Gateway Backend Unhealthy\n{{value}} returned to normal. Error-budget impact recorded against `slo-cloud-platform-availability`. No action required; the correlation group closes when every child recovers.\n{{/is_recovery}}\n{{#is_warning_recovery}}\nWarning cleared for {{value}}.\n{{/is_warning_recovery}}",
            "monitor_threshold_windows": [],
            "monitor_thresholds": [
              {
                "critical": "1",
                "critical_recovery": "",
                "ok": "",
                "unknown": "",
                "warning": "2",
                "warning_recovery": ""
              }
            ],
            "name": "[P3][stage][cloud] Application Gateway Backend Unhealthy (critical)",
            "new_group_delay": 300,
            "new_host_delay": 300,
            "no_data_timeframe": 0,
            "notification_preset_name": "",
            "notify_audit": false,
            "notify_by": [
              "subscription_name"
            ],
            "notify_no_data": false,
            "on_missing_data": "",
            "priority": "3",
            "query": "min(last_15m):avg:azure.network_applicationgateways.healthy_host_count{env:stage,alert_band:critical,resource_type:azure_application_gateway} by {subscription_name,name,backend_pool} \u003c 1",
            "renotify_interval": 30,
            "renotify_occurrences": 3,
            "renotify_statuses": [
              "alert"
            ],
            "require_full_window": false,
            "restricted_roles": null,
            "scheduling_options": [],
            "tags": [
              "alert_band:critical",
              "archetype:azure-appgateway-backend-unhealthy",
              "automation_ref:diag-azure-resource",
              "correlation_key:azure-landing-zone.stage.azure-landing-zone",
              "dedup_key:azure-landing-zone.stage.azure-appgateway-backend-unhealthy.critical",
              "detection:threshold",
              "domain:cloud",
              "env:stage",
              "failure_domain:azure-landing-zone",
              "impact_class:customer_impact",
              "managed_by:terraform",
              "managed_source:platform",
              "monitor_id:stage.critical.cloud.azure-appgateway-backend-unhealthy",
              "monitoring_profile:critical",
              "notification_profile:nonprod_standard",
              "owner:cloud-engineering",
              "pages:false",
              "priority:p3",
              "resource_type:azure_application_gateway",
              "runbook:azure-appgateway-backend-unhealthy",
              "runbook_notebook:15298368",
              "service:azure-landing-zone",
              "signal:availability",
              "slo_id:slo-cloud-platform-availability",
              "support_model:24x7",
              "team:cloud-engineering",
              "tier:tier0"
            ],
            "timeout_h": 18,
            "type": "query alert",
            "validate": null,
            "variables": []
          },
          "sensitive_attributes": [],
          "private": "bnVsbA=="
        },
        {
          "index_key": "stage.critical.cloud.azure-appservice-http5xx-anomaly",
          "schema_version": 0,
          "attributes": {
            "assets": [
              {
                "category": "runbook",
                "name": "Azure App Service 5xx Anomaly",
                "resource_key": "15298369",
                "resource_type": "notebook",
                "url": "https://app.datadoghq.com/notebook/15298369"
              }
            ],
            "draft_status": "published",
            "enable_logs_sample": null,
            "enable_samples": null,
            "escalation_message": "",
            "evaluation_delay": 300,
            "force_delete": null,
            "group_retention_duration": "",
            "groupby_simple_monitor": null,
            "id": "314372504",
            "include_tags": true,
            "locked": false,
            "message": "{{#is_alert}}\n## P3 · Azure App Service 5xx Anomaly\n**WHAT:** Azure App Service 5xx Anomaly: error_rate signal detected by anomaly analysis.\n**WHERE:** {{value}} · env `stage` · region `global`\n**SERVICE:** `azure-landing-zone` (cloud / azure_app_service, tier0)\n**BUSINESS IMPACT:** Customers are affected now, or a mission-critical capability is unavailable.\n**WHY IT TRIGGERED:** The signal deviated from its own learned baseline by more than the configured number of deviations — not because it crossed a fixed number.\n**OWNER:** cloud-engineering · support 24x7 · this does not page\n**RUNBOOK:** attached to this monitor as `Azure App Service 5xx Anomaly` — open it from the monitor's Runbook asset.\n**AUTOMATED DIAGNOSTICS:** workflow `remediate-recycle-app-pool` has run; its output is attached to this event.\n**RELATED EVENTS:** correlated on `azure-paas.stage.azure-landing-zone` — deployments, infrastructure changes and platform events from the last 30 minutes are attached as context.\n**SLO / ERROR BUDGET:** `slo-cloud-platform-availability` · no error-budget impact (non-production)\n{{/is_alert}}\n{{#is_warning}}\n## Azure App Service 5xx Anomaly — warning\nApproaching the alert condition on {{value}}. Investigate before it becomes P3.\n{{/is_warning}}\n{{#is_no_data}}\n## Azure App Service 5xx Anomaly — NO DATA\nTelemetry stopped arriving for {{value}}. Treat this as a telemetry-health incident: an unmonitored resource is worse than an alerting one.\n{{/is_no_data}}\n{{#is_recovery}}\n## Recovered · Azure App Service 5xx Anomaly\n{{value}} returned to normal. Error-budget impact recorded against `slo-cloud-platform-availability`. No action required; the correlation group closes when every child recovers.\n{{/is_recovery}}\n{{#is_warning_recovery}}\nWarning cleared for {{value}}.\n{{/is_warning_recovery}}",
            "monitor_threshold_windows": [],
            "monitor_thresholds": [
              {
                "critical": "1",
                "critical_recovery": "",
                "ok": "",
                "unknown": "",
                "warning": "",
                "warning_recovery": ""
              }
            ],
            "name": "[P3][stage][cloud] Azure App Service 5xx Anomaly (critical)",
            "new_group_delay": 300,
            "new_host_delay": 300,
            "no_data_timeframe": 0,
            "notification_preset_name": "",
            "notify_audit": false,
            "notify_by": [
              "subscription_name"
            ],
            "notify_no_data": false,
            "on_missing_data": "",
            "priority": "3",
            "query": "avg(last_30m):anomalies(sum:azure.app_services.http5xx{env:stage,alert_band:critical,resource_type:azure_app_service} by {subscription_name,resource_group,name}.as_rate(), 'agile', 3) \u003e= 1",
            "renotify_interval": 30,
            "renotify_occurrences": 3,
            "renotify_statuses": [
              "alert"
            ],
            "require_full_window": false,
            "restricted_roles": null,
            "scheduling_options": [],
            "tags": [
              "alert_band:critical",
              "archetype:azure-appservice-http5xx-anomaly",
              "automation_ref:remediate-recycle-app-pool",
              "correlation_key:azure-paas.stage.azure-landing-zone",
              "dedup_key:azure-landing-zone.stage.azure-appservice-http5xx-anomaly.critical",
              "detection:anomaly",
              "domain:cloud",
              "env:stage",
              "failure_domain:azure-paas",
              "impact_class:customer_impact",
              "managed_by:terraform",
              "managed_source:platform",
              "monitor_id:stage.critical.cloud.azure-appservice-http5xx-anomaly",
              "monitoring_profile:critical",
              "notification_profile:nonprod_standard",
              "owner:cloud-engineering",
              "pages:false",
              "priority:p3",
              "resource_type:azure_app_service",
              "runbook:azure-appservice-http5xx-anomaly",
              "runbook_notebook:15298369",
              "service:azure-landing-zone",
              "signal:error_rate",
              "slo_id:slo-cloud-platform-availability",
              "support_model:24x7",
              "team:cloud-engineering",
              "tier:tier0"
            ],
            "timeout_h": 18,
            "type": "query alert",
            "validate": null,
            "variables": []
          },
          "sensitive_attributes": [],
          "private": "bnVsbA=="
        },
        {
          "index_key": "stage.critical.cloud.azure-appservice-unavailable",
          "schema_version": 0,
          "attributes": {
            "assets": [
              {
                "category": "runbook",
                "name": "Azure App Service Unavailable",
                "resource_key": "15298373",
                "resource_type": "notebook",
                "url": "https://app.datadoghq.com/notebook/15298373"
              }
            ],
            "draft_status": "published",
            "enable_logs_sample": null,
            "enable_samples": null,
            "escalation_message": "",
            "evaluation_delay": 300,
            "force_delete": null,
            "group_retention_duration": "",
            "groupby_simple_monitor": null,
            "id": "314372546",
            "include_tags": true,
            "locked": false,
            "message": "{{#is_alert}}\n## P3 · Azure App Service Unavailable\n**WHAT:** Azure App Service Unavailable: availability signal detected by threshold analysis.\n**WHERE:** {{value}} · env `stage` · region `global`\n**SERVICE:** `azure-landing-zone` (cloud / azure_app_service, tier0)\n**BUSINESS IMPACT:** Customers are affected now, or a mission-critical capability is unavailable.\n**WHY IT TRIGGERED:** Health-check status is binary.\n**OWNER:** cloud-engineering · support 24x7 · this does not page\n**RUNBOOK:** attached to this monitor as `Azure App Service Unavailable` — open it from the monitor's Runbook asset.\n**AUTOMATED DIAGNOSTICS:** workflow `diag-azure-resource` has run; its output is attached to this event.\n**RELATED EVENTS:** correlated on `azure-paas.stage.azure-landing-zone` — deployments, infrastructure changes and platform events from the last 30 minutes are attached as context.\n**SLO / ERROR BUDGET:** `slo-cloud-platform-availability` · no error-budget impact (non-production)\n{{/is_alert}}\n{{#is_warning}}\n## Azure App Service Unavailable — warning\nApproaching the alert condition on {{value}}. Investigate before it becomes P3.\n{{/is_warning}}\n{{#is_no_data}}\n## Azure App Service Unavailable — NO DATA\nTelemetry stopped arriving for {{value}}. Treat this as a telemetry-health incident: an unmonitored resource is worse than an alerting one.\n{{/is_no_data}}\n{{#is_recovery}}\n## Recovered · Azure App Service Unavailable\n{{value}} returned to normal. Error-budget impact recorded against `slo-cloud-platform-availability`. No action required; the correlation group closes when every child recovers.\n{{/is_recovery}}\n{{#is_warning_recovery}}\nWarning cleared for {{value}}.\n{{/is_warning_recovery}}",
            "monitor_threshold_windows": [],
            "monitor_thresholds": [
              {
                "critical": "1",
                "critical_recovery": "",
                "ok": "",
                "unknown": "",
                "warning": "",
                "warning_recovery": ""
              }
            ],
            "name": "[P3][stage][cloud] Azure App Service Unavailable (critical)",
            "new_group_delay": 300,
            "new_host_delay": 300,
            "no_data_timeframe": 0,
            "notification_preset_name": "",
            "notify_audit": false,
            "notify_by": [
              "subscription_name"
            ],
            "notify_no_data": false,
            "on_missing_data": "",
            "priority": "3",
            "query": "min(last_15m):avg:azure.app_services.health_check_status{env:stage,alert_band:critical,resource_type:azure_app_service} by {subscription_name,resource_group,name} \u003c 1",
            "renotify_interval": 30,
            "renotify_occurrences": 3,
            "renotify_statuses": [
              "alert"
            ],
            "require_full_window": false,
            "restricted_roles": null,
            "scheduling_options": [],
            "tags": [
              "alert_band:critical",
              "archetype:azure-appservice-unavailable",
              "automation_ref:diag-azure-resource",
              "correlation_key:azure-paas.stage.azure-landing-zone",
              "dedup_key:azure-landing-zone.stage.azure-appservice-unavailable.critical",
              "detection:threshold",
              "domain:cloud",
              "env:stage",
              "failure_domain:azure-paas",
              "impact_class:customer_impact",
              "managed_by:terraform",
              "managed_source:platform",
              "monitor_id:stage.critical.cloud.azure-appservice-unavailable",
              "monitoring_profile:critical",
              "notification_profile:nonprod_standard",
              "owner:cloud-engineering",
              "pages:false",
              "priority:p3",
              "resource_type:azure_app_service",
              "runbook:azure-appservice-unavailable",
              "runbook_notebook:15298373",
              "service:azure-landing-zone",
              "signal:availability",
              "slo_id:slo-cloud-platform-availability",
              "support_model:24x7",
              "team:cloud-engineering",
              "tier:tier0"
            ],
            "timeout_h": 18,
            "type": "query alert",
            "validate": null,
            "variables": []
          },
          "sensitive_attributes": [],
          "private": "bnVsbA=="
        },
        {
          "index_key": "stage.critical.cloud.azure-budget-utilization",
          "schema_version": 0,
          "attributes": {
            "assets": [
              {
                "category": "runbook",
                "name": "Azure Budget Utilization",
                "resource_key": "15318357",
                "resource_type": "notebook",
                "url": "https://app.datadoghq.com/notebook/15318357"
              }
            ],
            "draft_status": "published",
            "enable_logs_sample": null,
            "enable_samples": null,
            "escalation_message": "",
            "evaluation_delay": 300,
            "force_delete": null,
            "group_retention_duration": "",
            "groupby_simple_monitor": null,
            "id": "314985770",
            "include_tags": true,
            "locked": false,
            "message": "{{#is_alert}}\n## P4 · Azure Budget Utilization\n**WHAT:** Azure Budget Utilization: cost signal detected by threshold analysis.\n**WHERE:** {{value}} · env `stage` · region `global`\n**SERVICE:** `platform-services` (cloud / azure_subscription, tier0)\n**BUSINESS IMPACT:** Observability or configuration hygiene is degraded. No direct customer impact, but our ability to see or govern the estate is reduced.\n**WHY IT TRIGGERED:** 50% and 75% of a monthly budget are calendar checkpoints, not statistical ones — they only mean something against the day of the month, which the runbook covers. Informational by design: this is the layer that gives finance and engineering a shared number before anything is wrong.\n\n**OWNER:** cloud-engineering · support 24x7 · this does not page\n**RUNBOOK:** attached to this monitor as `Azure Budget Utilization` — open it from the monitor's Runbook asset.\n**AUTOMATED DIAGNOSTICS:** workflow `auto-finops-review` has run; its output is attached to this event.\n**RELATED EVENTS:** correlated on `finops.stage.platform-services` — deployments, infrastructure changes and platform events from the last 30 minutes are attached as context.\n**SLO / ERROR BUDGET:** `slo-platform-services` · no error-budget impact (non-production)\n{{/is_alert}}\n{{#is_warning}}\n## Azure Budget Utilization — warning\nApproaching the alert condition on {{value}}. Investigate before it becomes P4.\n{{/is_warning}}\n{{#is_no_data}}\n## Azure Budget Utilization — NO DATA\nTelemetry stopped arriving for {{value}}. Treat this as a telemetry-health incident: an unmonitored resource is worse than an alerting one.\n{{/is_no_data}}\n{{#is_recovery}}\n## Recovered · Azure Budget Utilization\n{{value}} returned to normal. Error-budget impact recorded against `slo-platform-services`. No action required; the correlation group closes when every child recovers.\n{{/is_recovery}}\n{{#is_warning_recovery}}\nWarning cleared for {{value}}.\n{{/is_warning_recovery}}",
            "monitor_threshold_windows": [],
            "monitor_thresholds": [
              {
                "critical": "75",
                "critical_recovery": "",
                "ok": "",
                "unknown": "",
                "warning": "50",
                "warning_recovery": ""
              }
            ],
            "name": "[P4][stage][cloud] Azure Budget Utilization (critical)",
            "new_group_delay": 300,
            "new_host_delay": 300,
            "no_data_timeframe": 0,
            "notification_preset_name": "",
            "notify_audit": false,
            "notify_by": [
              "subscription_name"
            ],
            "notify_no_data": false,
            "on_missing_data": "",
            "priority": "4",
            "query": "max(last_2h):max:acme.finops.budget_utilization_pct{env:stage,alert_band:critical,resource_type:azure_subscription} by {subscription_name,cost_center} \u003e 75",
            "renotify_interval": 30,
            "renotify_occurrences": 3,
            "renotify_statuses": [
              "alert"
            ],
            "require_full_window": false,
            "restricted_roles": null,
            "scheduling_options": [],
            "tags": [
              "alert_band:critical",
              "archetype:azure-budget-utilization",
              "automation_ref:auto-finops-review",
              "correlation_key:finops.stage.platform-services",
              "dedup_key:platform-services.stage.azure-budget-utilization.critical",
              "detection:threshold",
              "domain:cloud",
              "env:stage",
              "failure_domain:finops",
              "impact_class:hygiene",
              "managed_by:terraform",
              "managed_source:platform",
              "monitor_id:stage.critical.cloud.azure-budget-utilization",
              "monitoring_profile:critical",
              "notification_profile:nonprod_standard",
              "owner:cloud-engineering",
              "pages:false",
              "priority:p4",
              "resource_type:azure_subscription",
              "runbook:azure-budget-utilization",
              "runbook_notebook:15318357",
              "service:platform-services",
              "signal:cost",
              "slo_id:slo-platform-services",
              "support_model:24x7",
              "team:cloud-engineering",
              "tier:tier0"
            ],
            "timeout_h": 24,
            "type": "query alert",
            "validate": null,
            "variables": []
          },
          "sensitive_attributes": [],
          "private": "bnVsbA=="
        },
        {
          "index_key": "stage.critical.cloud.azure-cost-burn-rate",
          "schema_version": 0,
          "attributes": {
            "assets": [
              {
                "category": "runbook",
                "name": "Azure Budget Burn Rate Excessive",
                "resource_key": "15318358",
                "resource_type": "notebook",
                "url": "https://app.datadoghq.com/notebook/15318358"
              }
            ],
            "draft_status": "published",
            "enable_logs_sample": null,
            "enable_samples": null,
            "escalation_message": "",
            "evaluation_delay": 300,
            "force_delete": null,
            "group_retention_duration": "",
            "groupby_simple_monitor": null,
            "id": "314985785",
            "include_tags": true,
            "locked": false,
            "message": "{{#is_alert}}\n## P3 · Azure Budget Burn Rate Excessive\n**WHAT:** Azure Budget Burn Rate Excessive: cost signal detected by threshold analysis.\n**WHERE:** {{value}} · env `stage` · region `global`\n**SERVICE:** `platform-services` (cloud / azure_subscription, tier0)\n**BUSINESS IMPACT:** Nothing is broken yet. A boundary will be crossed if nobody acts within the lead time this monitor provides.\n**WHY IT TRIGGERED:** Burn rate is spend pace divided by the pace that would exactly consume the budget by month-end, so 1.0 is \"on plan\" by construction. 1.5 means the month ends 50% over if nothing changes — the same multi-window logic the SLO burn-rate alerts use, applied to money.\n\n**OWNER:** cloud-engineering · support 24x7 · this does not page\n**RUNBOOK:** attached to this monitor as `Azure Budget Burn Rate Excessive` — open it from the monitor's Runbook asset.\n**AUTOMATED DIAGNOSTICS:** workflow `auto-finops-review` has run; its output is attached to this event.\n**RELATED EVENTS:** correlated on `finops.stage.platform-services` — deployments, infrastructure changes and platform events from the last 30 minutes are attached as context.\n**SLO / ERROR BUDGET:** `slo-platform-services` · no error-budget impact (non-production)\n{{/is_alert}}\n{{#is_warning}}\n## Azure Budget Burn Rate Excessive — warning\nApproaching the alert condition on {{value}}. Investigate before it becomes P3.\n{{/is_warning}}\n{{#is_no_data}}\n## Azure Budget Burn Rate Excessive — NO DATA\nTelemetry stopped arriving for {{value}}. Treat this as a telemetry-health incident: an unmonitored resource is worse than an alerting one.\n{{/is_no_data}}\n{{#is_recovery}}\n## Recovered · Azure Budget Burn Rate Excessive\n{{value}} returned to normal. Error-budget impact recorded against `slo-platform-services`. No action required; the correlation group closes when every child recovers.\n{{/is_recovery}}\n{{#is_warning_recovery}}\nWarning cleared for {{value}}.\n{{/is_warning_recovery}}",
            "monitor_threshold_windows": [],
            "monitor_thresholds": [
              {
                "critical": "1.5",
                "critical_recovery": "",
                "ok": "",
                "unknown": "",
                "warning": "1.2",
                "warning_recovery": ""
              }
            ],
            "name": "[P3][stage][cloud] Azure Budget Burn Rate Excessive (critical)",
            "new_group_delay": 300,
            "new_host_delay": 300,
            "no_data_timeframe": 0,
            "notification_preset_name": "",
            "notify_audit": false,
            "notify_by": [
              "subscription_name"
            ],
            "notify_no_data": false,
            "on_missing_data": "",
            "priority": "3",
            "query": "avg(last_6h):avg:acme.finops.budget_burn_rate{env:stage,alert_band:critical,resource_type:azure_subscription} by {subscription_name,cost_center} \u003e 1.5",
            "renotify_interval": 30,
            "renotify_occurrences": 3,
            "renotify_statuses": [
              "alert"
            ],
            "require_full_window": false,
            "restricted_roles": null,
            "scheduling_options": [],
            "tags": [
              "alert_band:critical",
              "archetype:azure-cost-burn-rate",
              "automation_ref:auto-finops-review",
              "correlation_key:finops.stage.platform-services",
              "dedup_key:platform-services.stage.azure-cost-burn-rate.critical",
              "detection:threshold",
              "domain:cloud",
              "env:stage",
              "failure_domain:finops",
              "impact_class:risk",
              "managed_by:terraform",
              "managed_source:platform",
              "monitor_id:stage.critical.cloud.azure-cost-burn-rate",
              "monitoring_profile:critical",
              "notification_profile:nonprod_standard",
              "owner:cloud-engineering",
              "pages:false",
              "priority:p3",
              "resource_type:azure_subscription",
              "runbook:azure-cost-burn-rate",
              "runbook_notebook:15318358",
              "service:platform-services",
              "signal:cost",
              "slo_id:slo-platform-services",
              "support_model:24x7",
              "team:cloud-engineering",
              "tier:tier0"
            ],
            "timeout_h": 18,
            "type": "query alert",
            "validate": null,
            "variables": []
          },
          "sensitive_attributes": [],
          "private": "bnVsbA=="
        },
        {
          "index_key": "stage.critical.cloud.azure-cost-forecast-overrun",
          "schema_version": 0,
          "attributes": {
            "assets": [
              {
                "category": "runbook",
                "name": "Azure Budget Forecast Overrun",
                "resource_key": "15318360",
                "resource_type": "notebook",
                "url": "https://app.datadoghq.com/notebook/15318360"
              }
            ],
            "draft_status": "published",
            "enable_logs_sample": null,
            "enable_samples": null,
            "escalation_message": "",
            "evaluation_delay": 300,
            "force_delete": null,
            "group_retention_duration": "",
            "groupby_simple_monitor": null,
            "id": "314985782",
            "include_tags": true,
            "locked": false,
            "message": "{{#is_alert}}\n## P3 · Azure Budget Forecast Overrun\n**WHAT:** The layer that makes cost monitoring actionable instead of retrospective: it fires while there is still a month left to change something, rather than confirming an overrun that already happened.\n\n**WHERE:** {{value}} · env `stage` · region `global`\n**SERVICE:** `platform-services` (cloud / azure_subscription, tier0)\n**BUSINESS IMPACT:** Nothing is broken yet. A boundary will be crossed if nobody acts within the lead time this monitor provides.\n**WHY IT TRIGGERED:** Extrapolating the recent trend, this resource is projected to cross its limit inside the forecast horizon. It has not crossed it yet — that is the point.\n**OWNER:** cloud-engineering · support 24x7 · this does not page\n**RUNBOOK:** attached to this monitor as `Azure Budget Forecast Overrun` — open it from the monitor's Runbook asset.\n**AUTOMATED DIAGNOSTICS:** workflow `auto-finops-review` has run; its output is attached to this event.\n**RELATED EVENTS:** correlated on `finops.stage.platform-services` — deployments, infrastructure changes and platform events from the last 30 minutes are attached as context.\n**SLO / ERROR BUDGET:** `slo-platform-services` · no error-budget impact (non-production)\n{{/is_alert}}\n{{#is_warning}}\n## Azure Budget Forecast Overrun — warning\nApproaching the alert condition on {{value}}. Investigate before it becomes P3.\n{{/is_warning}}\n{{#is_no_data}}\n## Azure Budget Forecast Overrun — NO DATA\nTelemetry stopped arriving for {{value}}. Treat this as a telemetry-health incident: an unmonitored resource is worse than an alerting one.\n{{/is_no_data}}\n{{#is_recovery}}\n## Recovered · Azure Budget Forecast Overrun\n{{value}} returned to normal. Error-budget impact recorded against `slo-platform-services`. No action required; the correlation group closes when every child recovers.\n{{/is_recovery}}\n{{#is_warning_recovery}}\nWarning cleared for {{value}}.\n{{/is_warning_recovery}}",
            "monitor_threshold_windows": [],
            "monitor_thresholds": [
              {
                "critical": "100",
                "critical_recovery": "",
                "ok": "",
                "unknown": "",
                "warning": "90",
                "warning_recovery": ""
              }
            ],
            "name": "[P3][stage][cloud] Azure Budget Forecast Overrun (critical)",
            "new_group_delay": 300,
            "new_host_delay": 300,
            "no_data_timeframe": 0,
            "notification_preset_name": "",
            "notify_audit": false,
            "notify_by": [
              "subscription_name"
            ],
            "notify_no_data": false,
            "on_missing_data": "",
            "priority": "3",
            "query": "max(next_1w):forecast(avg:acme.finops.budget_utilization_pct{env:stage,alert_band:critical,resource_type:azure_subscription} by {subscription_name,cost_center}, 'linear', 1, interval='1h', history='1w') \u003e 100",
            "renotify_interval": 30,
            "renotify_occurrences": 3,
            "renotify_statuses": [
              "alert"
            ],
            "require_full_window": false,
            "restricted_roles": null,
            "scheduling_options": [],
            "tags": [
              "alert_band:critical",
              "archetype:azure-cost-forecast-overrun",
              "automation_ref:auto-finops-review",
              "correlation_key:finops.stage.platform-services",
              "dedup_key:platform-services.stage.azure-cost-forecast-overrun.critical",
              "detection:forecast",
              "domain:cloud",
              "env:stage",
              "failure_domain:finops",
              "impact_class:risk",
              "managed_by:terraform",
              "managed_source:platform",
              "monitor_id:stage.critical.cloud.azure-cost-forecast-overrun",
              "monitoring_profile:critical",
              "notification_profile:nonprod_standard",
              "owner:cloud-engineering",
              "pages:false",
              "priority:p3",
              "resource_type:azure_subscription",
              "runbook:azure-cost-forecast-overrun",
              "runbook_notebook:15318360",
              "service:platform-services",
              "signal:cost",
              "slo_id:slo-platform-services",
              "support_model:24x7",
              "team:cloud-engineering",
              "tier:tier0"
            ],
            "timeout_h": 18,
            "type": "query alert",
            "validate": null,
            "variables": []
          },
          "sensitive_attributes": [],
          "private": "bnVsbA=="
        },
        {
          "index_key": "stage.critical.cloud.azure-function-failure-anomaly",
          "schema_version": 0,
          "attributes": {
            "assets": [
              {
                "category": "runbook",
                "name": "Azure Function Failure Anomaly",
                "resource_key": "15298380",
                "resource_type": "notebook",
                "url": "https://app.datadoghq.com/notebook/15298380"
              }
            ],
            "draft_status": "published",
            "enable_logs_sample": null,
            "enable_samples": null,
            "escalation_message": "",
            "evaluation_delay": 300,
            "force_delete": null,
            "group_retention_duration": "",
            "groupby_simple_monitor": null,
            "id": "314372508",
            "include_tags": true,
            "locked": false,
            "message": "{{#is_alert}}\n## P3 · Azure Function Failure Anomaly\n**WHAT:** Azure Function Failure Anomaly: error_rate signal detected by anomaly analysis.\n**WHERE:** {{value}} · env `stage` · region `global`\n**SERVICE:** `azure-landing-zone` (cloud / azure_function, tier0)\n**BUSINESS IMPACT:** The service still functions but measurably worse; a subset of traffic or users is failing.\n**WHY IT TRIGGERED:** The signal deviated from its own learned baseline by more than the configured number of deviations — not because it crossed a fixed number.\n**OWNER:** cloud-engineering · support 24x7 · this does not page\n**RUNBOOK:** attached to this monitor as `Azure Function Failure Anomaly` — open it from the monitor's Runbook asset.\n**AUTOMATED DIAGNOSTICS:** workflow `diag-azure-resource` has run; its output is attached to this event.\n**RELATED EVENTS:** correlated on `azure-paas.stage.azure-landing-zone` — deployments, infrastructure changes and platform events from the last 30 minutes are attached as context.\n**SLO / ERROR BUDGET:** `slo-cloud-platform-availability` · no error-budget impact (non-production)\n{{/is_alert}}\n{{#is_warning}}\n## Azure Function Failure Anomaly — warning\nApproaching the alert condition on {{value}}. Investigate before it becomes P3.\n{{/is_warning}}\n{{#is_no_data}}\n## Azure Function Failure Anomaly — NO DATA\nTelemetry stopped arriving for {{value}}. Treat this as a telemetry-health incident: an unmonitored resource is worse than an alerting one.\n{{/is_no_data}}\n{{#is_recovery}}\n## Recovered · Azure Function Failure Anomaly\n{{value}} returned to normal. Error-budget impact recorded against `slo-cloud-platform-availability`. No action required; the correlation group closes when every child recovers.\n{{/is_recovery}}\n{{#is_warning_recovery}}\nWarning cleared for {{value}}.\n{{/is_warning_recovery}}",
            "monitor_threshold_windows": [],
            "monitor_thresholds": [
              {
                "critical": "1",
                "critical_recovery": "",
                "ok": "",
                "unknown": "",
                "warning": "",
                "warning_recovery": ""
              }
            ],
            "name": "[P3][stage][cloud] Azure Function Failure Anomaly (critical)",
            "new_group_delay": 300,
            "new_host_delay": 300,
            "no_data_timeframe": 0,
            "notification_preset_name": "",
            "notify_audit": false,
            "notify_by": [
              "subscription_name"
            ],
            "notify_no_data": false,
            "on_missing_data": "",
            "priority": "3",
            "query": "avg(last_30m):anomalies(sum:azure.functions.function_execution_failures{env:stage,alert_band:critical,resource_type:azure_function} by {subscription_name,resource_group,name}.as_rate(), 'agile', 3) \u003e= 1",
            "renotify_interval": 30,
            "renotify_occurrences": 3,
            "renotify_statuses": [
              "alert"
            ],
            "require_full_window": false,
            "restricted_roles": null,
            "scheduling_options": [],
            "tags": [
              "alert_band:critical",
              "archetype:azure-function-failure-anomaly",
              "automation_ref:diag-azure-resource",
              "correlation_key:azure-paas.stage.azure-landing-zone",
              "dedup_key:azure-landing-zone.stage.azure-function-failure-anomaly.critical",
              "detection:anomaly",
              "domain:cloud",
              "env:stage",
              "failure_domain:azure-paas",
              "impact_class:degradation",
              "managed_by:terraform",
              "managed_source:platform",
              "monitor_id:stage.critical.cloud.azure-function-failure-anomaly",
              "monitoring_profile:critical",
              "notification_profile:nonprod_standard",
              "owner:cloud-engineering",
              "pages:false",
              "priority:p3",
              "resource_type:azure_function",
              "runbook:azure-function-failure-anomaly",
              "runbook_notebook:15298380",
              "service:azure-landing-zone",
              "signal:error_rate",
              "slo_id:slo-cloud-platform-availability",
              "support_model:24x7",
              "team:cloud-engineering",
              "tier:tier0"
            ],
            "timeout_h": 18,
            "type": "query alert",
            "validate": null,
            "variables": []
          },
          "sensitive_attributes": [],
          "private": "bnVsbA=="
        },
        {
          "index_key": "stage.critical.cloud.azure-integration-telemetry-gap",
          "schema_version": 0,
          "attributes": {
            "assets": [
              {
                "category": "runbook",
                "name": "Azure Integration Stopped Delivering Metrics",
                "resource_key": "15298381",
                "resource_type": "notebook",
                "url": "https://app.datadoghq.com/notebook/15298381"
              }
            ],
            "draft_status": "published",
            "enable_logs_sample": null,
            "enable_samples": null,
            "escalation_message": "",
            "evaluation_delay": 300,
            "force_delete": null,
            "group_retention_duration": "",
            "groupby_simple_monitor": null,
            "id": "314372483",
            "include_tags": true,
            "locked": false,
            "message": "{{#is_alert}}\n## P4 · Azure Integration Stopped Delivering Metrics\n**WHAT:** Azure Integration Stopped Delivering Metrics: telemetry_health signal detected by threshold analysis.\n**WHERE:** {{value}} · env `stage` · region `global`\n**SERVICE:** `platform-services` (cloud / azure_subscription, tier0)\n**BUSINESS IMPACT:** Observability or configuration hygiene is degraded. No direct customer impact, but our ability to see or govern the estate is reduced.\n**WHY IT TRIGGERED:** A silent Azure integration makes every cloud monitor silently green. This is the tripwire that prevents false confidence.\n\n**OWNER:** cloud-engineering · support 24x7 · this does not page\n**RUNBOOK:** attached to this monitor as `Azure Integration Stopped Delivering Metrics` — open it from the monitor's Runbook asset.\n**AUTOMATED DIAGNOSTICS:** workflow `diag-azure-resource` has run; its output is attached to this event.\n**RELATED EVENTS:** correlated on `azure-landing-zone.stage.platform-services` — deployments, infrastructure changes and platform events from the last 30 minutes are attached as context.\n**SLO / ERROR BUDGET:** `slo-platform-services` · no error-budget impact (non-production)\n{{/is_alert}}\n{{#is_warning}}\n## Azure Integration Stopped Delivering Metrics — warning\nApproaching the alert condition on {{value}}. Investigate before it becomes P4.\n{{/is_warning}}\n{{#is_no_data}}\n## Azure Integration Stopped Delivering Metrics — NO DATA\nTelemetry stopped arriving for {{value}}. Treat this as a telemetry-health incident: an unmonitored resource is worse than an alerting one.\n{{/is_no_data}}\n{{#is_recovery}}\n## Recovered · Azure Integration Stopped Delivering Metrics\n{{value}} returned to normal. Error-budget impact recorded against `slo-platform-services`. No action required; the correlation group closes when every child recovers.\n{{/is_recovery}}\n{{#is_warning_recovery}}\nWarning cleared for {{value}}.\n{{/is_warning_recovery}}",
            "monitor_threshold_windows": [],
            "monitor_thresholds": [
              {
                "critical": "1",
                "critical_recovery": "",
                "ok": "",
                "unknown": "",
                "warning": "",
                "warning_recovery": ""
              }
            ],
            "name": "[P4][stage][cloud] Azure Integration Stopped Delivering Metrics (critical)",
            "new_group_delay": 300,
            "new_host_delay": 300,
            "no_data_timeframe": 90,
            "notification_preset_name": "",
            "notify_audit": false,
            "notify_by": [],
            "notify_no_data": true,
            "on_missing_data": "",
            "priority": "4",
            "query": "sum(last_2h):sum:azure.usage.current_value{env:stage,alert_band:critical,resource_type:azure_subscription} by {subscription_name}.as_count() \u003c 1",
            "renotify_interval": 30,
            "renotify_occurrences": 3,
            "renotify_statuses": [
              "alert"
            ],
            "require_full_window": false,
            "restricted_roles": null,
            "scheduling_options": [],
            "tags": [
              "alert_band:critical",
              "archetype:azure-integration-telemetry-gap",
              "automation_ref:diag-azure-resource",
              "correlation_key:azure-landing-zone.stage.platform-services",
              "dedup_key:platform-services.stage.azure-integration-telemetry-gap.critical",
              "detection:threshold",
              "domain:cloud",
              "env:stage",
              "failure_domain:azure-landing-zone",
              "impact_class:hygiene",
              "managed_by:terraform",
              "managed_source:platform",
              "monitor_id:stage.critical.cloud.azure-integration-telemetry-gap",
              "monitoring_profile:critical",
              "notification_profile:nonprod_standard",
              "owner:cloud-engineering",
              "pages:false",
              "priority:p4",
              "resource_type:azure_subscription",
              "runbook:azure-integration-telemetry-gap",
              "runbook_notebook:15298381",
              "service:platform-services",
              "signal:telemetry_health",
              "slo_id:slo-platform-services",
              "support_model:24x7",
              "team:cloud-engineering",
              "tier:tier0"
            ],
            "timeout_h": 24,
            "type": "query alert",
            "validate": null,
            "variables": []
          },
          "sensitive_attributes": [],
          "private": "bnVsbA=="
        },
        {
          "index_key": "stage.critical.cloud.azure-loadbalancer-probe-failure",
          "schema_version": 0,
          "attributes": {
            "assets": [
              {
                "category": "runbook",
                "name": "Azure Load Balancer Health Probe Failing",
                "resource_key": "15298387",
                "resource_type": "notebook",
                "url": "https://app.datadoghq.com/notebook/15298387"
              }
            ],
            "draft_status": "published",
            "enable_logs_sample": null,
            "enable_samples": null,
            "escalation_message": "",
            "evaluation_delay": 300,
            "force_delete": null,
            "group_retention_duration": "",
            "groupby_simple_monitor": null,
            "id": "314372534",
            "include_tags": true,
            "locked": false,
            "message": "{{#is_alert}}\n## P3 · Azure Load Balancer Health Probe Failing\n**WHAT:** Azure Load Balancer Health Probe Failing: availability signal detected by threshold analysis.\n**WHERE:** {{value}} · env `stage` · region `global`\n**SERVICE:** `azure-landing-zone` (cloud / azure_load_balancer, tier0)\n**BUSINESS IMPACT:** Customers are affected now, or a mission-critical capability is unavailable.\n**WHY IT TRIGGERED:** Half the backend pool failing health probes is a redundancy boundary.\n\n**OWNER:** cloud-engineering · support 24x7 · this does not page\n**RUNBOOK:** attached to this monitor as `Azure Load Balancer Health Probe Failing` — open it from the monitor's Runbook asset.\n**AUTOMATED DIAGNOSTICS:** workflow `diag-azure-resource` has run; its output is attached to this event.\n**RELATED EVENTS:** correlated on `azure-landing-zone.stage.azure-landing-zone` — deployments, infrastructure changes and platform events from the last 30 minutes are attached as context.\n**SLO / ERROR BUDGET:** `slo-cloud-platform-availability` · no error-budget impact (non-production)\n{{/is_alert}}\n{{#is_warning}}\n## Azure Load Balancer Health Probe Failing — warning\nApproaching the alert condition on {{value}}. Investigate before it becomes P3.\n{{/is_warning}}\n{{#is_no_data}}\n## Azure Load Balancer Health Probe Failing — NO DATA\nTelemetry stopped arriving for {{value}}. Treat this as a telemetry-health incident: an unmonitored resource is worse than an alerting one.\n{{/is_no_data}}\n{{#is_recovery}}\n## Recovered · Azure Load Balancer Health Probe Failing\n{{value}} returned to normal. Error-budget impact recorded against `slo-cloud-platform-availability`. No action required; the correlation group closes when every child recovers.\n{{/is_recovery}}\n{{#is_warning_recovery}}\nWarning cleared for {{value}}.\n{{/is_warning_recovery}}",
            "monitor_threshold_windows": [],
            "monitor_thresholds": [
              {
                "critical": "50",
                "critical_recovery": "",
                "ok": "",
                "unknown": "",
                "warning": "80",
                "warning_recovery": ""
              }
            ],
            "name": "[P3][stage][cloud] Azure Load Balancer Health Probe Failing (critical)",
            "new_group_delay": 300,
            "new_host_delay": 300,
            "no_data_timeframe": 0,
            "notification_preset_name": "",
            "notify_audit": false,
            "notify_by": [
              "subscription_name"
            ],
            "notify_no_data": false,
            "on_missing_data": "",
            "priority": "3",
            "query": "min(last_15m):avg:azure.network_loadbalancers.dip_availability{env:stage,alert_band:critical,resource_type:azure_load_balancer} by {subscription_name,resource_group,name} \u003c 50",
            "renotify_interval": 30,
            "renotify_occurrences": 3,
            "renotify_statuses": [
              "alert"
            ],
            "require_full_window": false,
            "restricted_roles": null,
            "scheduling_options": [],
            "tags": [
              "alert_band:critical",
              "archetype:azure-loadbalancer-probe-failure",
              "automation_ref:diag-azure-resource",
              "correlation_key:azure-landing-zone.stage.azure-landing-zone",
              "dedup_key:azure-landing-zone.stage.azure-loadbalancer-probe-failure.critical",
              "detection:threshold",
              "domain:cloud",
              "env:stage",
              "failure_domain:azure-landing-zone",
              "impact_class:customer_impact",
              "managed_by:terraform",
              "managed_source:platform",
              "monitor_id:stage.critical.cloud.azure-loadbalancer-probe-failure",
              "monitoring_profile:critical",
              "notification_profile:nonprod_standard",
              "owner:cloud-engineering",
              "pages:false",
              "priority:p3",
              "resource_type:azure_load_balancer",
              "runbook:azure-loadbalancer-probe-failure",
              "runbook_notebook:15298387",
              "service:azure-landing-zone",
              "signal:availability",
              "slo_id:slo-cloud-platform-availability",
              "support_model:24x7",
              "team:cloud-engineering",
              "tier:tier0"
            ],
            "timeout_h": 18,
            "type": "query alert",
            "validate": null,
            "variables": []
          },
          "sensitive_attributes": [],
          "private": "bnVsbA=="
        },
        {
          "index_key": "stage.critical.cloud.azure-storage-availability",
          "schema_version": 0,
          "attributes": {
            "assets": [
              {
                "category": "runbook",
                "name": "Azure Storage Account Availability",
                "resource_key": "15298390",
                "resource_type": "notebook",
                "url": "https://app.datadoghq.com/notebook/15298390"
              }
            ],
            "draft_status": "published",
            "enable_logs_sample": null,
            "enable_samples": null,
            "escalation_message": "",
            "evaluation_delay": 300,
            "force_delete": null,
            "group_retention_duration": "",
            "groupby_simple_monitor": null,
            "id": "314372530",
            "include_tags": true,
            "locked": false,
            "message": "{{#is_alert}}\n## P3 · Azure Storage Account Availability\n**WHAT:** Azure Storage Account Availability: availability signal detected by threshold analysis.\n**WHERE:** {{value}} · env `stage` · region `global`\n**SERVICE:** `azure-landing-zone` (cloud / azure_storage, tier0)\n**BUSINESS IMPACT:** Customers are affected now, or a mission-critical capability is unavailable.\n**WHY IT TRIGGERED:** 99% availability is the Azure Storage SLA floor — a contractual number.\n\n**OWNER:** cloud-engineering · support 24x7 · this does not page\n**RUNBOOK:** attached to this monitor as `Azure Storage Account Availability` — open it from the monitor's Runbook asset.\n**AUTOMATED DIAGNOSTICS:** workflow `diag-azure-resource` has run; its output is attached to this event.\n**RELATED EVENTS:** correlated on `azure-paas.stage.azure-landing-zone` — deployments, infrastructure changes and platform events from the last 30 minutes are attached as context.\n**SLO / ERROR BUDGET:** `slo-cloud-platform-availability` · no error-budget impact (non-production)\n{{/is_alert}}\n{{#is_warning}}\n## Azure Storage Account Availability — warning\nApproaching the alert condition on {{value}}. Investigate before it becomes P3.\n{{/is_warning}}\n{{#is_no_data}}\n## Azure Storage Account Availability — NO DATA\nTelemetry stopped arriving for {{value}}. Treat this as a telemetry-health incident: an unmonitored resource is worse than an alerting one.\n{{/is_no_data}}\n{{#is_recovery}}\n## Recovered · Azure Storage Account Availability\n{{value}} returned to normal. Error-budget impact recorded against `slo-cloud-platform-availability`. No action required; the correlation group closes when every child recovers.\n{{/is_recovery}}\n{{#is_warning_recovery}}\nWarning cleared for {{value}}.\n{{/is_warning_recovery}}",
            "monitor_threshold_windows": [],
            "monitor_thresholds": [
              {
                "critical": "99",
                "critical_recovery": "",
                "ok": "",
                "unknown": "",
                "warning": "99.9",
                "warning_recovery": ""
              }
            ],
            "name": "[P3][stage][cloud] Azure Storage Account Availability (critical)",
            "new_group_delay": 300,
            "new_host_delay": 300,
            "no_data_timeframe": 0,
            "notification_preset_name": "",
            "notify_audit": false,
            "notify_by": [
              "subscription_name"
            ],
            "notify_no_data": false,
            "on_missing_data": "",
            "priority": "3",
            "query": "min(last_15m):avg:azure.storage_storageaccounts.availability{env:stage,alert_band:critical,resource_type:azure_storage} by {subscription_name,resource_group,name} \u003c 99",
            "renotify_interval": 30,
            "renotify_occurrences": 3,
            "renotify_statuses": [
              "alert"
            ],
            "require_full_window": false,
            "restricted_roles": null,
            "scheduling_options": [],
            "tags": [
              "alert_band:critical",
              "archetype:azure-storage-availability",
              "automation_ref:diag-azure-resource",
              "correlation_key:azure-paas.stage.azure-landing-zone",
              "dedup_key:azure-landing-zone.stage.azure-storage-availability.critical",
              "detection:threshold",
              "domain:cloud",
              "env:stage",
              "failure_domain:azure-paas",
              "impact_class:customer_impact",
              "managed_by:terraform",
              "managed_source:platform",
              "monitor_id:stage.critical.cloud.azure-storage-availability",
              "monitoring_profile:critical",
              "notification_profile:nonprod_standard",
              "owner:cloud-engineering",
              "pages:false",
              "priority:p3",
              "resource_type:azure_storage",
              "runbook:azure-storage-availability",
              "runbook_notebook:15298390",
              "service:azure-landing-zone",
              "signal:availability",
              "slo_id:slo-cloud-platform-availability",
              "support_model:24x7",
              "team:cloud-engineering",
              "tier:tier0"
            ],
            "timeout_h": 18,
            "type": "query alert",
            "validate": null,
            "variables": []
          },
          "sensitive_attributes": [],
          "private": "bnVsbA=="
        },
        {
          "index_key": "stage.critical.cloud.azure-vm-unavailable",
          "schema_version": 0,
          "attributes": {
            "assets": [
              {
                "category": "runbook",
                "name": "Azure VM Unavailable",
                "resource_key": "15298585",
                "resource_type": "notebook",
                "url": "https://app.datadoghq.com/notebook/15298585"
              }
            ],
            "draft_status": "published",
            "enable_logs_sample": null,
            "enable_samples": null,
            "escalation_message": "",
            "evaluation_delay": 300,
            "force_delete": null,
            "group_retention_duration": "",
            "groupby_simple_monitor": null,
            "id": "314372550",
            "include_tags": true,
            "locked": false,
            "message": "{{#is_alert}}\n## P3 · Azure VM Unavailable\n**WHAT:** Azure VM Unavailable: availability signal detected by threshold analysis.\n**WHERE:** {{value}} · env `stage` · region `global`\n**SERVICE:** `azure-landing-zone` (cloud / azure_vm, tier0)\n**BUSINESS IMPACT:** The service still functions but measurably worse; a subset of traffic or users is failing.\n**WHY IT TRIGGERED:** Power/provisioning state is discrete.\n**OWNER:** cloud-engineering · support 24x7 · this does not page\n**RUNBOOK:** attached to this monitor as `Azure VM Unavailable` — open it from the monitor's Runbook asset.\n**AUTOMATED DIAGNOSTICS:** workflow `diag-azure-resource` has run; its output is attached to this event.\n**RELATED EVENTS:** correlated on `azure-landing-zone.stage.azure-landing-zone` — deployments, infrastructure changes and platform events from the last 30 minutes are attached as context.\n**SLO / ERROR BUDGET:** `slo-cloud-platform-availability` · no error-budget impact (non-production)\n{{/is_alert}}\n{{#is_warning}}\n## Azure VM Unavailable — warning\nApproaching the alert condition on {{value}}. Investigate before it becomes P3.\n{{/is_warning}}\n{{#is_no_data}}\n## Azure VM Unavailable — NO DATA\nTelemetry stopped arriving for {{value}}. Treat this as a telemetry-health incident: an unmonitored resource is worse than an alerting one.\n{{/is_no_data}}\n{{#is_recovery}}\n## Recovered · Azure VM Unavailable\n{{value}} returned to normal. Error-budget impact recorded against `slo-cloud-platform-availability`. No action required; the correlation group closes when every child recovers.\n{{/is_recovery}}\n{{#is_warning_recovery}}\nWarning cleared for {{value}}.\n{{/is_warning_recovery}}",
            "monitor_threshold_windows": [],
            "monitor_thresholds": [
              {
                "critical": "1",
                "critical_recovery": "",
                "ok": "",
                "unknown": "",
                "warning": "",
                "warning_recovery": ""
              }
            ],
            "name": "[P3][stage][cloud] Azure VM Unavailable (critical)",
            "new_group_delay": 300,
            "new_host_delay": 300,
            "no_data_timeframe": 0,
            "notification_preset_name": "",
            "notify_audit": false,
            "notify_by": [
              "subscription_name"
            ],
            "notify_no_data": false,
            "on_missing_data": "",
            "priority": "3",
            "query": "min(last_15m):avg:azure.vm.status{env:stage,alert_band:critical,resource_type:azure_vm} by {subscription_name,resource_group,name} \u003c 1",
            "renotify_interval": 30,
            "renotify_occurrences": 3,
            "renotify_statuses": [
              "alert"
            ],
            "require_full_window": false,
            "restricted_roles": null,
            "scheduling_options": [],
            "tags": [
              "alert_band:critical",
              "archetype:azure-vm-unavailable",
              "automation_ref:diag-azure-resource",
              "correlation_key:azure-landing-zone.stage.azure-landing-zone",
              "dedup_key:azure-landing-zone.stage.azure-vm-unavailable.critical",
              "detection:threshold",
              "domain:cloud",
              "env:stage",
              "failure_domain:azure-landing-zone",
              "impact_class:degradation",
              "managed_by:terraform",
              "managed_source:platform",
              "monitor_id:stage.critical.cloud.azure-vm-unavailable",
              "monitoring_profile:critical",
              "notification_profile:nonprod_standard",
              "owner:cloud-engineering",
              "pages:false",
              "priority:p3",
              "resource_type:azure_vm",
              "runbook:azure-vm-unavailable",
              "runbook_notebook:15298585",
              "service:azure-landing-zone",
              "signal:availability",
              "slo_id:slo-cloud-platform-availability",
              "support_model:24x7",
              "team:cloud-engineering",
              "tier:tier0"
            ],
            "timeout_h": 18,
            "type": "query alert",
            "validate": null,
            "variables": []
          },
          "sensitive_attributes": [],
          "private": "bnVsbA=="
        },
        {
          "index_key": "stage.critical.cloud.frontdoor-backend-latency-anomaly",
          "schema_version": 0,
          "attributes": {
            "assets": [
              {
                "category": "runbook",
                "name": "Front Door Origin Latency Anomaly",
                "resource_key": "15318401",
                "resource_type": "notebook",
                "url": "https://app.datadoghq.com/notebook/15318401"
              }
            ],
            "draft_status": "published",
            "enable_logs_sample": null,
            "enable_samples": null,
            "escalation_message": "",
            "evaluation_delay": 300,
            "force_delete": null,
            "group_retention_duration": "",
            "groupby_simple_monitor": null,
            "id": "314985758",
            "include_tags": true,
            "locked": false,
            "message": "{{#is_alert}}\n## P3 · Front Door Origin Latency Anomaly\n**WHAT:** Front Door Origin Latency Anomaly: latency signal detected by anomaly analysis.\n**WHERE:** {{value}} · env `stage` · region `global`\n**SERVICE:** `api-services` (cloud / azure_front_door, tier0)\n**BUSINESS IMPACT:** The service still functions but measurably worse; a subset of traffic or users is failing.\n**WHY IT TRIGGERED:** The signal deviated from its own learned baseline by more than the configured number of deviations — not because it crossed a fixed number.\n**OWNER:** cloud-engineering · support 24x7 · this does not page\n**RUNBOOK:** attached to this monitor as `Front Door Origin Latency Anomaly` — open it from the monitor's Runbook asset.\n**AUTOMATED DIAGNOSTICS:** workflow `diag-azure-resource` has run; its output is attached to this event.\n**RELATED EVENTS:** correlated on `edge.stage.api-services` — deployments, infrastructure changes and platform events from the last 30 minutes are attached as context.\n**SLO / ERROR BUDGET:** `slo-api-latency` · no error-budget impact (non-production)\n{{/is_alert}}\n{{#is_warning}}\n## Front Door Origin Latency Anomaly — warning\nApproaching the alert condition on {{value}}. Investigate before it becomes P3.\n{{/is_warning}}\n{{#is_no_data}}\n## Front Door Origin Latency Anomaly — NO DATA\nTelemetry stopped arriving for {{value}}. Treat this as a telemetry-health incident: an unmonitored resource is worse than an alerting one.\n{{/is_no_data}}\n{{#is_recovery}}\n## Recovered · Front Door Origin Latency Anomaly\n{{value}} returned to normal. Error-budget impact recorded against `slo-api-latency`. No action required; the correlation group closes when every child recovers.\n{{/is_recovery}}\n{{#is_warning_recovery}}\nWarning cleared for {{value}}.\n{{/is_warning_recovery}}",
            "monitor_threshold_windows": [],
            "monitor_thresholds": [
              {
                "critical": "1",
                "critical_recovery": "",
                "ok": "",
                "unknown": "",
                "warning": "",
                "warning_recovery": ""
              }
            ],
            "name": "[P3][stage][cloud] Front Door Origin Latency Anomaly (critical)",
            "new_group_delay": 300,
            "new_host_delay": 300,
            "no_data_timeframe": 0,
            "notification_preset_name": "",
            "notify_audit": false,
            "notify_by": [
              "subscription_name"
            ],
            "notify_no_data": false,
            "on_missing_data": "",
            "priority": "3",
            "query": "avg(last_30m):anomalies(avg:azure.network_frontdoors.backend_request_latency{env:stage,alert_band:critical,resource_type:azure_front_door} by {subscription_name,name}, 'agile', 3, direction='above') \u003e= 1",
            "renotify_interval": 30,
            "renotify_occurrences": 3,
            "renotify_statuses": [
              "alert"
            ],
            "require_full_window": false,
            "restricted_roles": null,
            "scheduling_options": [],
            "tags": [
              "alert_band:critical",
              "archetype:frontdoor-backend-latency-anomaly",
              "automation_ref:diag-azure-resource",
              "correlation_key:edge.stage.api-services",
              "dedup_key:api-services.stage.frontdoor-backend-latency-anomaly.critical",
              "detection:anomaly",
              "domain:cloud",
              "env:stage",
              "failure_domain:edge",
              "impact_class:degradation",
              "managed_by:terraform",
              "managed_source:platform",
              "monitor_id:stage.critical.cloud.frontdoor-backend-latency-anomaly",
              "monitoring_profile:critical",
              "notification_profile:nonprod_standard",
              "owner:cloud-engineering",
              "pages:false",
              "priority:p3",
              "resource_type:azure_front_door",
              "runbook:frontdoor-backend-latency-anomaly",
              "runbook_notebook:15318401",
              "service:api-services",
              "signal:latency",
              "slo_id:slo-api-latency",
              "support_model:24x7",
              "team:cloud-engineering",
              "tier:tier0"
            ],
            "timeout_h": 18,
            "type": "query alert",
            "validate": null,
            "variables": []
          },
          "sensitive_attributes": [],
          "private": "bnVsbA=="
        },
        {
          "index_key": "stage.critical.cloud.frontdoor-total-latency-degradation",
          "schema_version": 0,
          "attributes": {
            "assets": [
              {
                "category": "runbook",
                "name": "Front Door Request Latency Degradation",
                "resource_key": "15318403",
                "resource_type": "notebook",
                "url": "https://app.datadoghq.com/notebook/15318403"
              }
            ],
            "draft_status": "published",
            "enable_logs_sample": null,
            "enable_samples": null,
            "escalation_message": "",
            "evaluation_delay": 300,
            "force_delete": null,
            "group_retention_duration": "",
            "groupby_simple_monitor": null,
            "id": "314985754",
            "include_tags": true,
            "locked": false,
            "message": "{{#is_alert}}\n## P3 · Front Door Request Latency Degradation\n**WHAT:** Total latency is measured edge-to-client, so it includes everything the customer experiences. Compare against backend_request_latency to split \"our origin is slow\" from \"the edge or the network is slow\".\n\n**WHERE:** {{value}} · env `stage` · region `global`\n**SERVICE:** `api-services` (cloud / azure_front_door, tier0)\n**BUSINESS IMPACT:** The service still functions but measurably worse; a subset of traffic or users is failing.\n**WHY IT TRIGGERED:** The signal changed faster than the configured percentage relative to its own recent history. Speed of degradation, not absolute level.\n**OWNER:** cloud-engineering · support 24x7 · this does not page\n**RUNBOOK:** attached to this monitor as `Front Door Request Latency Degradation` — open it from the monitor's Runbook asset.\n**AUTOMATED DIAGNOSTICS:** workflow `diag-azure-resource` has run; its output is attached to this event.\n**RELATED EVENTS:** correlated on `edge.stage.api-services` — deployments, infrastructure changes and platform events from the last 30 minutes are attached as context.\n**SLO / ERROR BUDGET:** `slo-api-latency` · no error-budget impact (non-production)\n{{/is_alert}}\n{{#is_warning}}\n## Front Door Request Latency Degradation — warning\nApproaching the alert condition on {{value}}. Investigate before it becomes P3.\n{{/is_warning}}\n{{#is_no_data}}\n## Front Door Request Latency Degradation — NO DATA\nTelemetry stopped arriving for {{value}}. Treat this as a telemetry-health incident: an unmonitored resource is worse than an alerting one.\n{{/is_no_data}}\n{{#is_recovery}}\n## Recovered · Front Door Request Latency Degradation\n{{value}} returned to normal. Error-budget impact recorded against `slo-api-latency`. No action required; the correlation group closes when every child recovers.\n{{/is_recovery}}\n{{#is_warning_recovery}}\nWarning cleared for {{value}}.\n{{/is_warning_recovery}}",
            "monitor_threshold_windows": [],
            "monitor_thresholds": [
              {
                "critical": "50",
                "critical_recovery": "",
                "ok": "",
                "unknown": "",
                "warning": "25",
                "warning_recovery": ""
              }
            ],
            "name": "[P3][stage][cloud] Front Door Request Latency Degradation (critical)",
            "new_group_delay": 300,
            "new_host_delay": 300,
            "no_data_timeframe": 0,
            "notification_preset_name": "",
            "notify_audit": false,
            "notify_by": [
              "subscription_name"
            ],
            "notify_no_data": false,
            "on_missing_data": "",
            "priority": "3",
            "query": "pct_change(avg(last_30m),last_4h):avg:azure.network_frontdoors.total_latency{env:stage,alert_band:critical,resource_type:azure_front_door} by {subscription_name,name} \u003e 50",
            "renotify_interval": 30,
            "renotify_occurrences": 3,
            "renotify_statuses": [
              "alert"
            ],
            "require_full_window": false,
            "restricted_roles": null,
            "scheduling_options": [],
            "tags": [
              "alert_band:critical",
              "archetype:frontdoor-total-latency-degradation",
              "automation_ref:diag-azure-resource",
              "correlation_key:edge.stage.api-services",
              "dedup_key:api-services.stage.frontdoor-total-latency-degradation.critical",
              "detection:rate_of_change",
              "domain:cloud",
              "env:stage",
              "failure_domain:edge",
              "impact_class:degradation",
              "managed_by:terraform",
              "managed_source:platform",
              "monitor_id:stage.critical.cloud.frontdoor-total-latency-degradation",
              "monitoring_profile:critical",
              "notification_profile:nonprod_standard",
              "owner:cloud-engineering",
              "pages:false",
              "priority:p3",
              "resource_type:azure_front_door",
              "runbook:frontdoor-total-latency-degradation",
              "runbook_notebook:15318403",
              "service:api-services",
              "signal:latency",
              "slo_id:slo-api-latency",
              "support_model:24x7",
              "team:cloud-engineering",
              "tier:tier0"
            ],
            "timeout_h": 18,
            "type": "query alert",
            "validate": null,
            "variables": []
          },
          "sensitive_attributes": [],
          "private": "bnVsbA=="
        },
        {
          "index_key": "stage.critical.cloud.redis-error-anomaly",
          "schema_version": 0,
          "attributes": {
            "assets": [
              {
                "category": "runbook",
                "name": "Redis Error Anomaly",
                "resource_key": "15318425",
                "resource_type": "notebook",
                "url": "https://app.datadoghq.com/notebook/15318425"
              }
            ],
            "draft_status": "published",
            "enable_logs_sample": null,
            "enable_samples": null,
            "escalation_message": "",
            "evaluation_delay": 300,
            "force_delete": null,
            "group_retention_duration": "",
            "groupby_simple_monitor": null,
            "id": "314985772",
            "include_tags": true,
            "locked": false,
            "message": "{{#is_alert}}\n## P3 · Redis Error Anomaly\n**WHAT:** Includes failover and unresponsive-node errors, which is the closest Azure gets to telling you a shard moved.\n\n**WHERE:** {{value}} · env `stage` · region `global`\n**SERVICE:** `azure-landing-zone` (cloud / azure_redis, tier0)\n**BUSINESS IMPACT:** The service still functions but measurably worse; a subset of traffic or users is failing.\n**WHY IT TRIGGERED:** The signal deviated from its own learned baseline by more than the configured number of deviations — not because it crossed a fixed number.\n**OWNER:** cloud-engineering · support 24x7 · this does not page\n**RUNBOOK:** attached to this monitor as `Redis Error Anomaly` — open it from the monitor's Runbook asset.\n**AUTOMATED DIAGNOSTICS:** workflow `diag-azure-resource` has run; its output is attached to this event.\n**RELATED EVENTS:** correlated on `caching.stage.azure-landing-zone` — deployments, infrastructure changes and platform events from the last 30 minutes are attached as context.\n**SLO / ERROR BUDGET:** `slo-cloud-platform-availability` · no error-budget impact (non-production)\n{{/is_alert}}\n{{#is_warning}}\n## Redis Error Anomaly — warning\nApproaching the alert condition on {{value}}. Investigate before it becomes P3.\n{{/is_warning}}\n{{#is_no_data}}\n## Redis Error Anomaly — NO DATA\nTelemetry stopped arriving for {{value}}. Treat this as a telemetry-health incident: an unmonitored resource is worse than an alerting one.\n{{/is_no_data}}\n{{#is_recovery}}\n## Recovered · Redis Error Anomaly\n{{value}} returned to normal. Error-budget impact recorded against `slo-cloud-platform-availability`. No action required; the correlation group closes when every child recovers.\n{{/is_recovery}}\n{{#is_warning_recovery}}\nWarning cleared for {{value}}.\n{{/is_warning_recovery}}",
            "monitor_threshold_windows": [],
            "monitor_thresholds": [
              {
                "critical": "1",
                "critical_recovery": "",
                "ok": "",
                "unknown": "",
                "warning": "",
                "warning_recovery": ""
              }
            ],
            "name": "[P3][stage][cloud] Redis Error Anomaly (critical)",
            "new_group_delay": 300,
            "new_host_delay": 300,
            "no_data_timeframe": 0,
            "notification_preset_name": "",
            "notify_audit": false,
            "notify_by": [
              "subscription_name"
            ],
            "notify_no_data": false,
            "on_missing_data": "",
            "priority": "3",
            "query": "avg(last_30m):anomalies(sum:azure.cache_redis.errors{env:stage,alert_band:critical,resource_type:azure_redis} by {subscription_name,name}.as_rate(), 'agile', 3, direction='above') \u003e= 1",
            "renotify_interval": 30,
            "renotify_occurrences": 3,
            "renotify_statuses": [
              "alert"
            ],
            "require_full_window": false,
            "restricted_roles": null,
            "scheduling_options": [],
            "tags": [
              "alert_band:critical",
              "archetype:redis-error-anomaly",
              "automation_ref:diag-azure-resource",
              "correlation_key:caching.stage.azure-landing-zone",
              "dedup_key:azure-landing-zone.stage.redis-error-anomaly.critical",
              "detection:anomaly",
              "domain:cloud",
              "env:stage",
              "failure_domain:caching",
              "impact_class:degradation",
              "managed_by:terraform",
              "managed_source:platform",
              "monitor_id:stage.critical.cloud.redis-error-anomaly",
              "monitoring_profile:critical",
              "notification_profile:nonprod_standard",
              "owner:cloud-engineering",
              "pages:false",
              "priority:p3",
              "resource_type:azure_redis",
              "runbook:redis-error-anomaly",
              "runbook_notebook:15318425",
              "service:azure-landing-zone",
              "signal:error_rate",
              "slo_id:slo-cloud-platform-availability",
              "support_model:24x7",
              "team:cloud-engineering",
              "tier:tier0"
            ],
            "timeout_h": 18,
            "type": "query alert",
            "validate": null,
            "variables": []
          },
          "sensitive_attributes": [],
          "private": "bnVsbA=="
        },
        {
          "index_key": "stage.critical.cloud.redis-eviction-anomaly",
          "schema_version": 0,
          "attributes": {
            "assets": [
              {
                "category": "runbook",
                "name": "Redis Key Eviction Anomaly",
                "resource_key": "15318426",
                "resource_type": "notebook",
                "url": "https://app.datadoghq.com/notebook/15318426"
              }
            ],
            "draft_status": "published",
            "enable_logs_sample": null,
            "enable_samples": null,
            "escalation_message": "",
            "evaluation_delay": 300,
            "force_delete": null,
            "group_retention_duration": "",
            "groupby_simple_monitor": null,
            "id": "314985773",
            "include_tags": true,
            "locked": false,
            "message": "{{#is_alert}}\n## P3 · Redis Key Eviction Anomaly\n**WHAT:** Evictions mean the cache is discarding data the application still wants. Every eviction becomes a database read, so this is the earliest warning that cache pressure is about to become database pressure.\n\n**WHERE:** {{value}} · env `stage` · region `global`\n**SERVICE:** `azure-landing-zone` (cloud / azure_redis, tier0)\n**BUSINESS IMPACT:** The service still functions but measurably worse; a subset of traffic or users is failing.\n**WHY IT TRIGGERED:** The signal deviated from its own learned baseline by more than the configured number of deviations — not because it crossed a fixed number.\n**OWNER:** cloud-engineering · support 24x7 · this does not page\n**RUNBOOK:** attached to this monitor as `Redis Key Eviction Anomaly` — open it from the monitor's Runbook asset.\n**AUTOMATED DIAGNOSTICS:** workflow `diag-azure-resource` has run; its output is attached to this event.\n**RELATED EVENTS:** correlated on `caching.stage.azure-landing-zone` — deployments, infrastructure changes and platform events from the last 30 minutes are attached as context.\n**SLO / ERROR BUDGET:** `slo-cloud-platform-availability` · no error-budget impact (non-production)\n{{/is_alert}}\n{{#is_warning}}\n## Redis Key Eviction Anomaly — warning\nApproaching the alert condition on {{value}}. Investigate before it becomes P3.\n{{/is_warning}}\n{{#is_no_data}}\n## Redis Key Eviction Anomaly — NO DATA\nTelemetry stopped arriving for {{value}}. Treat this as a telemetry-health incident: an unmonitored resource is worse than an alerting one.\n{{/is_no_data}}\n{{#is_recovery}}\n## Recovered · Redis Key Eviction Anomaly\n{{value}} returned to normal. Error-budget impact recorded against `slo-cloud-platform-availability`. No action required; the correlation group closes when every child recovers.\n{{/is_recovery}}\n{{#is_warning_recovery}}\nWarning cleared for {{value}}.\n{{/is_warning_recovery}}",
            "monitor_threshold_windows": [],
            "monitor_thresholds": [
              {
                "critical": "1",
                "critical_recovery": "",
                "ok": "",
                "unknown": "",
                "warning": "",
                "warning_recovery": ""
              }
            ],
            "name": "[P3][stage][cloud] Redis Key Eviction Anomaly (critical)",
            "new_group_delay": 300,
            "new_host_delay": 300,
            "no_data_timeframe": 0,
            "notification_preset_name": "",
            "notify_audit": false,
            "notify_by": [
              "subscription_name"
            ],
            "notify_no_data": false,
            "on_missing_data": "",
            "priority": "3",
            "query": "avg(last_30m):anomalies(sum:azure.cache_redis.evictedkeys{env:stage,alert_band:critical,resource_type:azure_redis} by {subscription_name,name}.as_rate(), 'agile', 3, direction='above') \u003e= 1",
            "renotify_interval": 30,
            "renotify_occurrences": 3,
            "renotify_statuses": [
              "alert"
            ],
            "require_full_window": false,
            "restricted_roles": null,
            "scheduling_options": [],
            "tags": [
              "alert_band:critical",
              "archetype:redis-eviction-anomaly",
              "automation_ref:diag-azure-resource",
              "correlation_key:caching.stage.azure-landing-zone",
              "dedup_key:azure-landing-zone.stage.redis-eviction-anomaly.critical",
              "detection:anomaly",
              "domain:cloud",
              "env:stage",
              "failure_domain:caching",
              "impact_class:degradation",
              "managed_by:terraform",
              "managed_source:platform",
              "monitor_id:stage.critical.cloud.redis-eviction-anomaly",
              "monitoring_profile:critical",
              "notification_profile:nonprod_standard",
              "owner:cloud-engineering",
              "pages:false",
              "priority:p3",
              "resource_type:azure_redis",
              "runbook:redis-eviction-anomaly",
              "runbook_notebook:15318426",
              "service:azure-landing-zone",
              "signal:saturation",
              "slo_id:slo-cloud-platform-availability",
              "support_model:24x7",
              "team:cloud-engineering",
              "tier:tier0"
            ],
            "timeout_h": 18,
            "type": "query alert",
            "validate": null,
            "variables": []
          },
          "sensitive_attributes": [],
          "private": "bnVsbA=="
        },
        {
          "index_key": "stage.critical.cloud.redis-latency-anomaly",
          "schema_version": 0,
          "attributes": {
            "assets": [
              {
                "category": "runbook",
                "name": "Redis Latency Anomaly",
                "resource_key": "15318428",
                "resource_type": "notebook",
                "url": "https://app.datadoghq.com/notebook/15318428"
              }
            ],
            "draft_status": "published",
            "enable_logs_sample": null,
            "enable_samples": null,
            "escalation_message": "",
            "evaluation_delay": 300,
            "force_delete": null,
            "group_retention_duration": "",
            "groupby_simple_monitor": null,
            "id": "314985797",
            "include_tags": true,
            "locked": false,
            "message": "{{#is_alert}}\n## P3 · Redis Latency Anomaly\n**WHAT:** Redis Latency Anomaly: latency signal detected by anomaly analysis.\n**WHERE:** {{value}} · env `stage` · region `global`\n**SERVICE:** `azure-landing-zone` (cloud / azure_redis, tier0)\n**BUSINESS IMPACT:** The service still functions but measurably worse; a subset of traffic or users is failing.\n**WHY IT TRIGGERED:** The signal deviated from its own learned baseline by more than the configured number of deviations — not because it crossed a fixed number.\n**OWNER:** cloud-engineering · support 24x7 · this does not page\n**RUNBOOK:** attached to this monitor as `Redis Latency Anomaly` — open it from the monitor's Runbook asset.\n**AUTOMATED DIAGNOSTICS:** workflow `diag-azure-resource` has run; its output is attached to this event.\n**RELATED EVENTS:** correlated on `caching.stage.azure-landing-zone` — deployments, infrastructure changes and platform events from the last 30 minutes are attached as context.\n**SLO / ERROR BUDGET:** `slo-cloud-platform-availability` · no error-budget impact (non-production)\n{{/is_alert}}\n{{#is_warning}}\n## Redis Latency Anomaly — warning\nApproaching the alert condition on {{value}}. Investigate before it becomes P3.\n{{/is_warning}}\n{{#is_no_data}}\n## Redis Latency Anomaly — NO DATA\nTelemetry stopped arriving for {{value}}. Treat this as a telemetry-health incident: an unmonitored resource is worse than an alerting one.\n{{/is_no_data}}\n{{#is_recovery}}\n## Recovered · Redis Latency Anomaly\n{{value}} returned to normal. Error-budget impact recorded against `slo-cloud-platform-availability`. No action required; the correlation group closes when every child recovers.\n{{/is_recovery}}\n{{#is_warning_recovery}}\nWarning cleared for {{value}}.\n{{/is_warning_recovery}}",
            "monitor_threshold_windows": [],
            "monitor_thresholds": [
              {
                "critical": "1",
                "critical_recovery": "",
                "ok": "",
                "unknown": "",
                "warning": "",
                "warning_recovery": ""
              }
            ],
            "name": "[P3][stage][cloud] Redis Latency Anomaly (critical)",
            "new_group_delay": 300,
            "new_host_delay": 300,
            "no_data_timeframe": 0,
            "notification_preset_name": "",
            "notify_audit": false,
            "notify_by": [
              "subscription_name"
            ],
            "notify_no_data": false,
            "on_missing_data": "",
            "priority": "3",
            "query": "avg(last_30m):anomalies(avg:azure.cache_redis.cache_latency{env:stage,alert_band:critical,resource_type:azure_redis} by {subscription_name,name}, 'agile', 3, direction='above') \u003e= 1",
            "renotify_interval": 30,
            "renotify_occurrences": 3,
            "renotify_statuses": [
              "alert"
            ],
            "require_full_window": false,
            "restricted_roles": null,
            "scheduling_options": [],
            "tags": [
              "alert_band:critical",
              "archetype:redis-latency-anomaly",
              "automation_ref:diag-azure-resource",
              "correlation_key:caching.stage.azure-landing-zone",
              "dedup_key:azure-landing-zone.stage.redis-latency-anomaly.critical",
              "detection:anomaly",
              "domain:cloud",
              "env:stage",
              "failure_domain:caching",
              "impact_class:degradation",
              "managed_by:terraform",
              "managed_source:platform",
              "monitor_id:stage.critical.cloud.redis-latency-anomaly",
              "monitoring_profile:critical",
              "notification_profile:nonprod_standard",
              "owner:cloud-engineering",
              "pages:false",
              "priority:p3",
              "resource_type:azure_redis",
              "runbook:redis-latency-anomaly",
              "runbook_notebook:15318428",
              "service:azure-landing-zone",
              "signal:latency",
              "slo_id:slo-cloud-platform-availability",
              "support_model:24x7",
              "team:cloud-engineering",
              "tier:tier0"
            ],
            "timeout_h": 18,
            "type": "query alert",
            "validate": null,
            "variables": []
          },
          "sensitive_attributes": [],
          "private": "bnVsbA=="
        },
        {
          "index_key": "stage.critical.cloud.redis-memory-pressure-forecast",
          "schema_version": 0,
          "attributes": {
            "assets": [
              {
                "category": "runbook",
                "name": "Redis Memory Pressure Forecast",
                "resource_key": "15318429",
                "resource_type": "notebook",
                "url": "https://app.datadoghq.com/notebook/15318429"
              }
            ],
            "draft_status": "published",
            "enable_logs_sample": null,
            "enable_samples": null,
            "escalation_message": "",
            "evaluation_delay": 300,
            "force_delete": null,
            "group_retention_duration": "",
            "groupby_simple_monitor": null,
            "id": "314985795",
            "include_tags": true,
            "locked": false,
            "message": "{{#is_alert}}\n## P3 · Redis Memory Pressure Forecast\n**WHAT:** Crossing the memory limit does not fail the cache — it starts EVICTING, which is worse because it is silent. Forecasting the limit is what makes eviction a planned resize instead of a mystery latency incident.\n\n**WHERE:** {{value}} · env `stage` · region `global`\n**SERVICE:** `azure-landing-zone` (cloud / azure_redis, tier0)\n**BUSINESS IMPACT:** Nothing is broken yet. A boundary will be crossed if nobody acts within the lead time this monitor provides.\n**WHY IT TRIGGERED:** Extrapolating the recent trend, this resource is projected to cross its limit inside the forecast horizon. It has not crossed it yet — that is the point.\n**OWNER:** cloud-engineering · support 24x7 · this does not page\n**RUNBOOK:** attached to this monitor as `Redis Memory Pressure Forecast` — open it from the monitor's Runbook asset.\n**AUTOMATED DIAGNOSTICS:** workflow `auto-capacity-ticket` has run; its output is attached to this event.\n**RELATED EVENTS:** correlated on `caching.stage.azure-landing-zone` — deployments, infrastructure changes and platform events from the last 30 minutes are attached as context.\n**SLO / ERROR BUDGET:** `slo-cloud-platform-availability` · no error-budget impact (non-production)\n{{/is_alert}}\n{{#is_warning}}\n## Redis Memory Pressure Forecast — warning\nApproaching the alert condition on {{value}}. Investigate before it becomes P3.\n{{/is_warning}}\n{{#is_no_data}}\n## Redis Memory Pressure Forecast — NO DATA\nTelemetry stopped arriving for {{value}}. Treat this as a telemetry-health incident: an unmonitored resource is worse than an alerting one.\n{{/is_no_data}}\n{{#is_recovery}}\n## Recovered · Redis Memory Pressure Forecast\n{{value}} returned to normal. Error-budget impact recorded against `slo-cloud-platform-availability`. No action required; the correlation group closes when every child recovers.\n{{/is_recovery}}\n{{#is_warning_recovery}}\nWarning cleared for {{value}}.\n{{/is_warning_recovery}}",
            "monitor_threshold_windows": [],
            "monitor_thresholds": [
              {
                "critical": "85",
                "critical_recovery": "",
                "ok": "",
                "unknown": "",
                "warning": "75",
                "warning_recovery": ""
              }
            ],
            "name": "[P3][stage][cloud] Redis Memory Pressure Forecast (critical)",
            "new_group_delay": 300,
            "new_host_delay": 300,
            "no_data_timeframe": 0,
            "notification_preset_name": "",
            "notify_audit": false,
            "notify_by": [
              "subscription_name"
            ],
            "notify_no_data": false,
            "on_missing_data": "",
            "priority": "3",
            "query": "max(next_12h):forecast(avg:azure.cache_redis.usedmemorypercentage{env:stage,alert_band:critical,resource_type:azure_redis} by {subscription_name,name}, 'linear', 1, interval='30m', history='1d') \u003e 85",
            "renotify_interval": 30,
            "renotify_occurrences": 3,
            "renotify_statuses": [
              "alert"
            ],
            "require_full_window": false,
            "restricted_roles": null,
            "scheduling_options": [],
            "tags": [
              "alert_band:critical",
              "archetype:redis-memory-pressure-forecast",
              "automation_ref:auto-capacity-ticket",
              "correlation_key:caching.stage.azure-landing-zone",
              "dedup_key:azure-landing-zone.stage.redis-memory-pressure-forecast.critical",
              "detection:forecast",
              "domain:cloud",
              "env:stage",
              "failure_domain:caching",
              "impact_class:risk",
              "managed_by:terraform",
              "managed_source:platform",
              "monitor_id:stage.critical.cloud.redis-memory-pressure-forecast",
              "monitoring_profile:critical",
              "notification_profile:nonprod_standard",
              "owner:cloud-engineering",
              "pages:false",
              "priority:p3",
              "resource_type:azure_redis",
              "runbook:redis-memory-pressure-forecast",
              "runbook_notebook:15318429",
              "service:azure-landing-zone",
              "signal:capacity",
              "slo_id:slo-cloud-platform-availability",
              "support_model:24x7",
              "team:cloud-engineering",
              "tier:tier0"
            ],
            "timeout_h": 18,
            "type": "query alert",
            "validate": null,
            "variables": []
          },
          "sensitive_attributes": [],
          "private": "bnVsbA=="
        },
        {
          "index_key": "stage.critical.cloud.redis-server-load-saturation",
          "schema_version": 0,
          "attributes": {
            "assets": [
              {
                "category": "runbook",
                "name": "Redis Server Load Saturation",
                "resource_key": "15318430",
                "resource_type": "notebook",
                "url": "https://app.datadoghq.com/notebook/15318430"
              }
            ],
            "draft_status": "published",
            "enable_logs_sample": null,
            "enable_samples": null,
            "escalation_message": "",
            "evaluation_delay": 300,
            "force_delete": null,
            "group_retention_duration": "",
            "groupby_simple_monitor": null,
            "id": "314985800",
            "include_tags": true,
            "locked": false,
            "message": "{{#is_alert}}\n## P3 · Redis Server Load Saturation\n**WHAT:** Server load is the share of time the Redis event loop is busy. Because Redis is single-threaded per shard, this saturates long before CPU does and it is the metric that actually predicts latency.\n\n**WHERE:** {{value}} · env `stage` · region `global`\n**SERVICE:** `azure-landing-zone` (cloud / azure_redis, tier0)\n**BUSINESS IMPACT:** The service still functions but measurably worse; a subset of traffic or users is failing.\n**WHY IT TRIGGERED:** The signal deviated from its own learned baseline by more than the configured number of deviations — not because it crossed a fixed number.\n**OWNER:** cloud-engineering · support 24x7 · this does not page\n**RUNBOOK:** attached to this monitor as `Redis Server Load Saturation` — open it from the monitor's Runbook asset.\n**AUTOMATED DIAGNOSTICS:** workflow `diag-azure-resource` has run; its output is attached to this event.\n**RELATED EVENTS:** correlated on `caching.stage.azure-landing-zone` — deployments, infrastructure changes and platform events from the last 30 minutes are attached as context.\n**SLO / ERROR BUDGET:** `slo-cloud-platform-availability` · no error-budget impact (non-production)\n{{/is_alert}}\n{{#is_warning}}\n## Redis Server Load Saturation — warning\nApproaching the alert condition on {{value}}. Investigate before it becomes P3.\n{{/is_warning}}\n{{#is_no_data}}\n## Redis Server Load Saturation — NO DATA\nTelemetry stopped arriving for {{value}}. Treat this as a telemetry-health incident: an unmonitored resource is worse than an alerting one.\n{{/is_no_data}}\n{{#is_recovery}}\n## Recovered · Redis Server Load Saturation\n{{value}} returned to normal. Error-budget impact recorded against `slo-cloud-platform-availability`. No action required; the correlation group closes when every child recovers.\n{{/is_recovery}}\n{{#is_warning_recovery}}\nWarning cleared for {{value}}.\n{{/is_warning_recovery}}",
            "monitor_threshold_windows": [],
            "monitor_thresholds": [
              {
                "critical": "1",
                "critical_recovery": "",
                "ok": "",
                "unknown": "",
                "warning": "",
                "warning_recovery": ""
              }
            ],
            "name": "[P3][stage][cloud] Redis Server Load Saturation (critical)",
            "new_group_delay": 300,
            "new_host_delay": 300,
            "no_data_timeframe": 0,
            "notification_preset_name": "",
            "notify_audit": false,
            "notify_by": [
              "subscription_name"
            ],
            "notify_no_data": false,
            "on_missing_data": "",
            "priority": "3",
            "query": "avg(last_30m):anomalies(avg:azure.cache_redis.server_load{env:stage,alert_band:critical,resource_type:azure_redis} by {subscription_name,name}, 'agile', 3, direction='above') \u003e= 1",
            "renotify_interval": 30,
            "renotify_occurrences": 3,
            "renotify_statuses": [
              "alert"
            ],
            "require_full_window": false,
            "restricted_roles": null,
            "scheduling_options": [],
            "tags": [
              "alert_band:critical",
              "archetype:redis-server-load-saturation",
              "automation_ref:diag-azure-resource",
              "correlation_key:caching.stage.azure-landing-zone",
              "dedup_key:azure-landing-zone.stage.redis-server-load-saturation.critical",
              "detection:anomaly",
              "domain:cloud",
              "env:stage",
              "failure_domain:caching",
              "impact_class:degradation",
              "managed_by:terraform",
              "managed_source:platform",
              "monitor_id:stage.critical.cloud.redis-server-load-saturation",
              "monitoring_profile:critical",
              "notification_profile:nonprod_standard",
              "owner:cloud-engineering",
              "pages:false",
              "priority:p3",
              "resource_type:azure_redis",
              "runbook:redis-server-load-saturation",
              "runbook_notebook:15318430",
              "service:azure-landing-zone",
              "signal:saturation",
              "slo_id:slo-cloud-platform-availability",
              "support_model:24x7",
              "team:cloud-engineering",
              "tier:tier0"
            ],
            "timeout_h": 18,
            "type": "query alert",
            "validate": null,
            "variables": []
          },
          "sensitive_attributes": [],
          "private": "bnVsbA=="
        },
        {
          "index_key": "stage.critical.data.data-quality-check-failure",
          "schema_version": 0,
          "attributes": {
            "assets": [
              {
                "category": "runbook",
                "name": "Data Quality Check Failed",
                "resource_key": "15298602",
                "resource_type": "notebook",
                "url": "https://app.datadoghq.com/notebook/15298602"
              }
            ],
            "draft_status": "published",
            "enable_logs_sample": null,
            "enable_samples": null,
            "escalation_message": "",
            "evaluation_delay": 300,
            "force_delete": null,
            "group_retention_duration": "",
            "groupby_simple_monitor": null,
            "id": "314372390",
            "include_tags": true,
            "locked": false,
            "message": "{{#is_alert}}\n## P3 · Data Quality Check Failed\n**WHAT:** Data Quality Check Failed: correctness signal detected by threshold analysis.\n**WHERE:** {{value}} · env `stage` · region `global`\n**SERVICE:** `data-platform` (data / data_product, tier0)\n**BUSINESS IMPACT:** The service still functions but measurably worse; a subset of traffic or users is failing.\n**WHY IT TRIGGERED:** A failed assertion is discrete.\n**OWNER:** data-engineering · support 24x7 · this does not page\n**RUNBOOK:** attached to this monitor as `Data Quality Check Failed` — open it from the monitor's Runbook asset.\n**AUTOMATED DIAGNOSTICS:** workflow `diag-data-pipeline` has run; its output is attached to this event.\n**RELATED EVENTS:** correlated on `data-quality.stage.data-platform` — deployments, infrastructure changes and platform events from the last 30 minutes are attached as context.\n**SLO / ERROR BUDGET:** `slo-data-freshness` · no error-budget impact (non-production)\n{{/is_alert}}\n{{#is_warning}}\n## Data Quality Check Failed — warning\nApproaching the alert condition on {{value}}. Investigate before it becomes P3.\n{{/is_warning}}\n{{#is_no_data}}\n## Data Quality Check Failed — NO DATA\nTelemetry stopped arriving for {{value}}. Treat this as a telemetry-health incident: an unmonitored resource is worse than an alerting one.\n{{/is_no_data}}\n{{#is_recovery}}\n## Recovered · Data Quality Check Failed\n{{value}} returned to normal. Error-budget impact recorded against `slo-data-freshness`. No action required; the correlation group closes when every child recovers.\n{{/is_recovery}}\n{{#is_warning_recovery}}\nWarning cleared for {{value}}.\n{{/is_warning_recovery}}",
            "monitor_threshold_windows": [],
            "monitor_thresholds": [
              {
                "critical": "1",
                "critical_recovery": "",
                "ok": "",
                "unknown": "",
                "warning": "",
                "warning_recovery": ""
              }
            ],
            "name": "[P3][stage][data] Data Quality Check Failed (critical)",
            "new_group_delay": 300,
            "new_host_delay": 300,
            "no_data_timeframe": 0,
            "notification_preset_name": "",
            "notify_audit": false,
            "notify_by": [],
            "notify_no_data": false,
            "on_missing_data": "",
            "priority": "3",
            "query": "sum(last_4h):sum:acme.data.quality_checks{env:stage,alert_band:critical,result:failed} by {data_product,check_name}.as_count() \u003e= 1",
            "renotify_interval": 30,
            "renotify_occurrences": 3,
            "renotify_statuses": [
              "alert"
            ],
            "require_full_window": false,
            "restricted_roles": null,
            "scheduling_options": [],
            "tags": [
              "alert_band:critical",
              "archetype:data-quality-check-failure",
              "automation_ref:diag-data-pipeline",
              "correlation_key:data-quality.stage.data-platform",
              "dedup_key:data-platform.stage.data-quality-check-failure.critical",
              "detection:threshold",
              "domain:data",
              "env:stage",
              "failure_domain:data-quality",
              "impact_class:degradation",
              "managed_by:terraform",
              "managed_source:platform",
              "monitor_id:stage.critical.data.data-quality-check-failure",
              "monitoring_profile:critical",
              "notification_profile:nonprod_standard",
              "owner:data-engineering",
              "pages:false",
              "priority:p3",
              "resource_type:data_product",
              "runbook:data-quality-check-failure",
              "runbook_notebook:15298602",
              "service:data-platform",
              "signal:correctness",
              "slo_id:slo-data-freshness",
              "support_model:24x7",
              "team:data-engineering",
              "tier:tier0"
            ],
            "timeout_h": 18,
            "type": "query alert",
            "validate": null,
            "variables": []
          },
          "sensitive_attributes": [],
          "private": "bnVsbA=="
        },
        {
          "index_key": "stage.critical.data.data-schema-drift",
          "schema_version": 0,
          "attributes": {
            "assets": [
              {
                "category": "runbook",
                "name": "Schema Drift Detected",
                "resource_key": "15298603",
                "resource_type": "notebook",
                "url": "https://app.datadoghq.com/notebook/15298603"
              }
            ],
            "draft_status": "published",
            "enable_logs_sample": null,
            "enable_samples": null,
            "escalation_message": "",
            "evaluation_delay": 300,
            "force_delete": null,
            "group_retention_duration": "",
            "groupby_simple_monitor": null,
            "id": "314372439",
            "include_tags": true,
            "locked": false,
            "message": "{{#is_alert}}\n## P3 · Schema Drift Detected\n**WHAT:** Schema Drift Detected: correctness signal detected by event analysis.\n**WHERE:** {{value}} · env `stage` · region `global`\n**SERVICE:** `data-platform` (data / data_product, tier0)\n**BUSINESS IMPACT:** Nothing is broken yet. A boundary will be crossed if nobody acts within the lead time this monitor provides.\n**WHY IT TRIGGERED:** A discrete platform event matched this monitor's search.\n**OWNER:** data-engineering · support 24x7 · this does not page\n**RUNBOOK:** attached to this monitor as `Schema Drift Detected` — open it from the monitor's Runbook asset.\n**AUTOMATED DIAGNOSTICS:** workflow `diag-data-pipeline` has run; its output is attached to this event.\n**RELATED EVENTS:** correlated on `data-quality.stage.data-platform` — deployments, infrastructure changes and platform events from the last 30 minutes are attached as context.\n**SLO / ERROR BUDGET:** `slo-data-freshness` · no error-budget impact (non-production)\n{{/is_alert}}\n{{#is_warning}}\n## Schema Drift Detected — warning\nApproaching the alert condition on {{value}}. Investigate before it becomes P3.\n{{/is_warning}}\n{{#is_no_data}}\n## Schema Drift Detected — NO DATA\nTelemetry stopped arriving for {{value}}. Treat this as a telemetry-health incident: an unmonitored resource is worse than an alerting one.\n{{/is_no_data}}\n{{#is_recovery}}\n## Recovered · Schema Drift Detected\n{{value}} returned to normal. Error-budget impact recorded against `slo-data-freshness`. No action required; the correlation group closes when every child recovers.\n{{/is_recovery}}\n{{#is_warning_recovery}}\nWarning cleared for {{value}}.\n{{/is_warning_recovery}}",
            "monitor_threshold_windows": [],
            "monitor_thresholds": [
              {
                "critical": "1",
                "critical_recovery": "",
                "ok": "",
                "unknown": "",
                "warning": "",
                "warning_recovery": ""
              }
            ],
            "name": "[P3][stage][data] Schema Drift Detected (critical)",
            "new_group_delay": 300,
            "new_host_delay": 300,
            "no_data_timeframe": 0,
            "notification_preset_name": "",
            "notify_audit": false,
            "notify_by": [],
            "notify_no_data": false,
            "on_missing_data": "",
            "priority": "3",
            "query": "events(\"source:acme-data env:stage alert_band:critical tags:\\\"event:schema_drift\\\"\").rollup(\"count\").by(\"data_product\").last(\"1h\") \u003e= 1",
            "renotify_interval": 30,
            "renotify_occurrences": 3,
            "renotify_statuses": [
              "alert"
            ],
            "require_full_window": false,
            "restricted_roles": null,
            "scheduling_options": [],
            "tags": [
              "alert_band:critical",
              "archetype:data-schema-drift",
              "automation_ref:diag-data-pipeline",
              "correlation_key:data-quality.stage.data-platform",
              "dedup_key:data-platform.stage.data-schema-drift.critical",
              "detection:event",
              "domain:data",
              "env:stage",
              "failure_domain:data-quality",
              "impact_class:risk",
              "managed_by:terraform",
              "managed_source:platform",
              "monitor_id:stage.critical.data.data-schema-drift",
              "monitoring_profile:critical",
              "notification_profile:nonprod_standard",
              "owner:data-engineering",
              "pages:false",
              "priority:p3",
              "resource_type:data_product",
              "runbook:data-schema-drift",
              "runbook_notebook:15298603",
              "service:data-platform",
              "signal:correctness",
              "slo_id:slo-data-freshness",
              "support_model:24x7",
              "team:data-engineering",
              "tier:tier0"
            ],
            "timeout_h": 2,
            "type": "event-v2 alert",
            "validate": null,
            "variables": []
          },
          "sensitive_attributes": [],
          "private": "bnVsbA=="
        },
        {
          "index_key": "stage.critical.data.data-telemetry-loss",
          "schema_version": 0,
          "attributes": {
            "assets": [
              {
                "category": "runbook",
                "name": "Data Platform Stopped Reporting",
                "resource_key": "15298604",
                "resource_type": "notebook",
                "url": "https://app.datadoghq.com/notebook/15298604"
              }
            ],
            "draft_status": "published",
            "enable_logs_sample": null,
            "enable_samples": null,
            "escalation_message": "",
            "evaluation_delay": 300,
            "force_delete": null,
            "group_retention_duration": "",
            "groupby_simple_monitor": null,
            "id": "314372473",
            "include_tags": true,
            "locked": false,
            "message": "{{#is_alert}}\n## P4 · Data Platform Stopped Reporting\n**WHAT:** Data Platform Stopped Reporting: telemetry_health signal detected by threshold analysis.\n**WHERE:** {{value}} · env `stage` · region `global`\n**SERVICE:** `data-platform` (data / pipeline, tier0)\n**BUSINESS IMPACT:** Observability or configuration hygiene is degraded. No direct customer impact, but our ability to see or govern the estate is reduced.\n**WHY IT TRIGGERED:** Absence of any pipeline run telemetry is binary.\n**OWNER:** data-engineering · support 24x7 · this does not page\n**RUNBOOK:** attached to this monitor as `Data Platform Stopped Reporting` — open it from the monitor's Runbook asset.\n**AUTOMATED DIAGNOSTICS:** workflow `diag-data-pipeline` has run; its output is attached to this event.\n**RELATED EVENTS:** correlated on `data-pipelines.stage.data-platform` — deployments, infrastructure changes and platform events from the last 30 minutes are attached as context.\n**SLO / ERROR BUDGET:** `slo-data-freshness` · no error-budget impact (non-production)\n{{/is_alert}}\n{{#is_warning}}\n## Data Platform Stopped Reporting — warning\nApproaching the alert condition on {{value}}. Investigate before it becomes P4.\n{{/is_warning}}\n{{#is_no_data}}\n## Data Platform Stopped Reporting — NO DATA\nTelemetry stopped arriving for {{value}}. Treat this as a telemetry-health incident: an unmonitored resource is worse than an alerting one.\n{{/is_no_data}}\n{{#is_recovery}}\n## Recovered · Data Platform Stopped Reporting\n{{value}} returned to normal. Error-budget impact recorded against `slo-data-freshness`. No action required; the correlation group closes when every child recovers.\n{{/is_recovery}}\n{{#is_warning_recovery}}\nWarning cleared for {{value}}.\n{{/is_warning_recovery}}",
            "monitor_threshold_windows": [],
            "monitor_thresholds": [
              {
                "critical": "1",
                "critical_recovery": "",
                "ok": "",
                "unknown": "",
                "warning": "",
                "warning_recovery": ""
              }
            ],
            "name": "[P4][stage][data] Data Platform Stopped Reporting (critical)",
            "new_group_delay": 0,
            "new_host_delay": 300,
            "no_data_timeframe": 180,
            "notification_preset_name": "",
            "notify_audit": false,
            "notify_by": [],
            "notify_no_data": true,
            "on_missing_data": "",
            "priority": "4",
            "query": "sum(last_4h):sum:acme.data.pipeline.runs{env:stage,alert_band:critical}.as_count() \u003c 1",
            "renotify_interval": 30,
            "renotify_occurrences": 3,
            "renotify_statuses": [
              "alert"
            ],
            "require_full_window": false,
            "restricted_roles": null,
            "scheduling_options": [],
            "tags": [
              "alert_band:critical",
              "archetype:data-telemetry-loss",
              "automation_ref:diag-data-pipeline",
              "correlation_key:data-pipelines.stage.data-platform",
              "dedup_key:data-platform.stage.data-telemetry-loss.critical",
              "detection:threshold",
              "domain:data",
              "env:stage",
              "failure_domain:data-pipelines",
              "impact_class:hygiene",
              "managed_by:terraform",
              "managed_source:platform",
              "monitor_id:stage.critical.data.data-telemetry-loss",
              "monitoring_profile:critical",
              "notification_profile:nonprod_standard",
              "owner:data-engineering",
              "pages:false",
              "priority:p4",
              "resource_type:pipeline",
              "runbook:data-telemetry-loss",
              "runbook_notebook:15298604",
              "service:data-platform",
              "signal:telemetry_health",
              "slo_id:slo-data-freshness",
              "support_model:24x7",
              "team:data-engineering",
              "tier:tier0"
            ],
            "timeout_h": 24,
            "type": "query alert",
            "validate": null,
            "variables": []
          },
          "sensitive_attributes": [],
          "private": "bnVsbA=="
        },
        {
          "index_key": "stage.critical.data.pipeline-job-failure",
          "schema_version": 0,
          "attributes": {
            "assets": [
              {
                "category": "runbook",
                "name": "Data Pipeline Job Failure",
                "resource_key": "15298668",
                "resource_type": "notebook",
                "url": "https://app.datadoghq.com/notebook/15298668"
              }
            ],
            "draft_status": "published",
            "enable_logs_sample": null,
            "enable_samples": null,
            "escalation_message": "",
            "evaluation_delay": 300,
            "force_delete": null,
            "group_retention_duration": "",
            "groupby_simple_monitor": null,
            "id": "314372542",
            "include_tags": true,
            "locked": false,
            "message": "{{#is_alert}}\n## P3 · Data Pipeline Job Failure\n**WHAT:** Data Pipeline Job Failure: job_failure signal detected by threshold analysis.\n**WHERE:** {{value}} · env `stage` · region `global`\n**SERVICE:** `data-platform` (data / pipeline, tier0)\n**BUSINESS IMPACT:** The service still functions but measurably worse; a subset of traffic or users is failing.\n**WHY IT TRIGGERED:** A failed run is a discrete outcome.\n**OWNER:** data-engineering · support 24x7 · this does not page\n**RUNBOOK:** attached to this monitor as `Data Pipeline Job Failure` — open it from the monitor's Runbook asset.\n**AUTOMATED DIAGNOSTICS:** workflow `remediate-rerun-job` has run; its output is attached to this event.\n**RELATED EVENTS:** correlated on `data-pipelines.stage.data-platform` — deployments, infrastructure changes and platform events from the last 30 minutes are attached as context.\n**SLO / ERROR BUDGET:** `slo-data-freshness` · no error-budget impact (non-production)\n{{/is_alert}}\n{{#is_warning}}\n## Data Pipeline Job Failure — warning\nApproaching the alert condition on {{value}}. Investigate before it becomes P3.\n{{/is_warning}}\n{{#is_no_data}}\n## Data Pipeline Job Failure — NO DATA\nTelemetry stopped arriving for {{value}}. Treat this as a telemetry-health incident: an unmonitored resource is worse than an alerting one.\n{{/is_no_data}}\n{{#is_recovery}}\n## Recovered · Data Pipeline Job Failure\n{{value}} returned to normal. Error-budget impact recorded against `slo-data-freshness`. No action required; the correlation group closes when every child recovers.\n{{/is_recovery}}\n{{#is_warning_recovery}}\nWarning cleared for {{value}}.\n{{/is_warning_recovery}}",
            "monitor_threshold_windows": [],
            "monitor_thresholds": [
              {
                "critical": "1",
                "critical_recovery": "",
                "ok": "",
                "unknown": "",
                "warning": "",
                "warning_recovery": ""
              }
            ],
            "name": "[P3][stage][data] Data Pipeline Job Failure (critical)",
            "new_group_delay": 300,
            "new_host_delay": 300,
            "no_data_timeframe": 0,
            "notification_preset_name": "",
            "notify_audit": false,
            "notify_by": [],
            "notify_no_data": false,
            "on_missing_data": "",
            "priority": "3",
            "query": "sum(last_2h):sum:acme.data.pipeline.runs{env:stage,alert_band:critical,status:failed} by {data_product,pipeline}.as_count() \u003e= 1",
            "renotify_interval": 30,
            "renotify_occurrences": 3,
            "renotify_statuses": [
              "alert"
            ],
            "require_full_window": false,
            "restricted_roles": null,
            "scheduling_options": [],
            "tags": [
              "alert_band:critical",
              "archetype:pipeline-job-failure",
              "automation_ref:remediate-rerun-job",
              "correlation_key:data-pipelines.stage.data-platform",
              "dedup_key:data-platform.stage.pipeline-job-failure.critical",
              "detection:threshold",
              "domain:data",
              "env:stage",
              "failure_domain:data-pipelines",
              "impact_class:degradation",
              "managed_by:terraform",
              "managed_source:platform",
              "monitor_id:stage.critical.data.pipeline-job-failure",
              "monitoring_profile:critical",
              "notification_profile:nonprod_standard",
              "owner:data-engineering",
              "pages:false",
              "priority:p3",
              "resource_type:pipeline",
              "runbook:pipeline-job-failure",
              "runbook_notebook:15298668",
              "service:data-platform",
              "signal:job_failure",
              "slo_id:slo-data-freshness",
              "support_model:24x7",
              "team:data-engineering",
              "tier:tier0"
            ],
            "timeout_h": 4,
            "type": "query alert",
            "validate": null,
            "variables": []
          },
          "sensitive_attributes": [],
          "private": "bnVsbA=="
        },
        {
          "index_key": "stage.critical.data.pipeline-output-stale",
          "schema_version": 0,
          "attributes": {
            "assets": [
              {
                "category": "runbook",
                "name": "Data Product Freshness Breach",
                "resource_key": "15298669",
                "resource_type": "notebook",
                "url": "https://app.datadoghq.com/notebook/15298669"
              }
            ],
            "draft_status": "published",
            "enable_logs_sample": null,
            "enable_samples": null,
            "escalation_message": "",
            "evaluation_delay": 300,
            "force_delete": null,
            "group_retention_duration": "",
            "groupby_simple_monitor": null,
            "id": "314372441",
            "include_tags": true,
            "locked": false,
            "message": "{{#is_alert}}\n## P3 · Data Product Freshness Breach\n**WHAT:** Data Product Freshness Breach: freshness signal detected by threshold analysis.\n**WHERE:** {{value}} · env `stage` · region `global`\n**SERVICE:** `data-platform` (data / data_product, tier0)\n**BUSINESS IMPACT:** Customers are affected now, or a mission-critical capability is unavailable.\n**WHY IT TRIGGERED:** Freshness SLAs are contractual with the consuming business unit. The threshold IS the agreement (2h for operational marts).\n\n**OWNER:** data-engineering · support 24x7 · this does not page\n**RUNBOOK:** attached to this monitor as `Data Product Freshness Breach` — open it from the monitor's Runbook asset.\n**AUTOMATED DIAGNOSTICS:** workflow `diag-data-pipeline` has run; its output is attached to this event.\n**RELATED EVENTS:** correlated on `data-pipelines.stage.data-platform` — deployments, infrastructure changes and platform events from the last 30 minutes are attached as context.\n**SLO / ERROR BUDGET:** `slo-data-freshness` · no error-budget impact (non-production)\n{{/is_alert}}\n{{#is_warning}}\n## Data Product Freshness Breach — warning\nApproaching the alert condition on {{value}}. Investigate before it becomes P3.\n{{/is_warning}}\n{{#is_no_data}}\n## Data Product Freshness Breach — NO DATA\nTelemetry stopped arriving for {{value}}. Treat this as a telemetry-health incident: an unmonitored resource is worse than an alerting one.\n{{/is_no_data}}\n{{#is_recovery}}\n## Recovered · Data Product Freshness Breach\n{{value}} returned to normal. Error-budget impact recorded against `slo-data-freshness`. No action required; the correlation group closes when every child recovers.\n{{/is_recovery}}\n{{#is_warning_recovery}}\nWarning cleared for {{value}}.\n{{/is_warning_recovery}}",
            "monitor_threshold_windows": [],
            "monitor_thresholds": [
              {
                "critical": "120",
                "critical_recovery": "",
                "ok": "",
                "unknown": "",
                "warning": "60",
                "warning_recovery": ""
              }
            ],
            "name": "[P3][stage][data] Data Product Freshness Breach (critical)",
            "new_group_delay": 300,
            "new_host_delay": 300,
            "no_data_timeframe": 0,
            "notification_preset_name": "",
            "notify_audit": false,
            "notify_by": [],
            "notify_no_data": false,
            "on_missing_data": "",
            "priority": "3",
            "query": "max(last_1h):max:acme.data.minutes_since_update{env:stage,alert_band:critical} by {data_product,pipeline} \u003e 120",
            "renotify_interval": 30,
            "renotify_occurrences": 3,
            "renotify_statuses": [
              "alert"
            ],
            "require_full_window": false,
            "restricted_roles": null,
            "scheduling_options": [],
            "tags": [
              "alert_band:critical",
              "archetype:pipeline-output-stale",
              "automation_ref:diag-data-pipeline",
              "correlation_key:data-pipelines.stage.data-platform",
              "dedup_key:data-platform.stage.pipeline-output-stale.critical",
              "detection:threshold",
              "domain:data",
              "env:stage",
              "failure_domain:data-pipelines",
              "impact_class:customer_impact",
              "managed_by:terraform",
              "managed_source:platform",
              "monitor_id:stage.critical.data.pipeline-output-stale",
              "monitoring_profile:critical",
              "notification_profile:nonprod_standard",
              "owner:data-engineering",
              "pages:false",
              "priority:p3",
              "resource_type:data_product",
              "runbook:pipeline-output-stale",
              "runbook_notebook:15298669",
              "service:data-platform",
              "signal:freshness",
              "slo_id:slo-data-freshness",
              "support_model:24x7",
              "team:data-engineering",
              "tier:tier0"
            ],
            "timeout_h": 18,
            "type": "query alert",
            "validate": null,
            "variables": []
          },
          "sensitive_attributes": [],
          "private": "bnVsbA=="
        },
        {
          "index_key": "stage.critical.database.azuresql-connection-failures",
          "schema_version": 0,
          "attributes": {
            "assets": [
              {
                "category": "runbook",
                "name": "Azure SQL Connection Failures",
                "resource_key": "15298586",
                "resource_type": "notebook",
                "url": "https://app.datadoghq.com/notebook/15298586"
              }
            ],
            "draft_status": "published",
            "enable_logs_sample": null,
            "enable_samples": null,
            "escalation_message": "",
            "evaluation_delay": 300,
            "force_delete": null,
            "group_retention_duration": "",
            "groupby_simple_monitor": null,
            "id": "314372454",
            "include_tags": true,
            "locked": false,
            "message": "{{#is_alert}}\n## P3 · Azure SQL Failed Connection Anomaly\n**WHAT:** Azure SQL Failed Connection Anomaly: error_rate signal detected by anomaly analysis.\n**WHERE:** {{value}} · env `stage` · region `global`\n**SERVICE:** `database-platform` (database / azure_sql, tier0)\n**BUSINESS IMPACT:** The service still functions but measurably worse; a subset of traffic or users is failing.\n**WHY IT TRIGGERED:** The signal deviated from its own learned baseline by more than the configured number of deviations — not because it crossed a fixed number.\n**OWNER:** data-engineering · support 24x7 · this does not page\n**RUNBOOK:** attached to this monitor as `Azure SQL Connection Failures` — open it from the monitor's Runbook asset.\n**AUTOMATED DIAGNOSTICS:** workflow `diag-database` has run; its output is attached to this event.\n**RELATED EVENTS:** correlated on `databases.stage.database-platform` — deployments, infrastructure changes and platform events from the last 30 minutes are attached as context.\n**SLO / ERROR BUDGET:** `slo-database-availability` · no error-budget impact (non-production)\n{{/is_alert}}\n{{#is_warning}}\n## Azure SQL Failed Connection Anomaly — warning\nApproaching the alert condition on {{value}}. Investigate before it becomes P3.\n{{/is_warning}}\n{{#is_no_data}}\n## Azure SQL Failed Connection Anomaly — NO DATA\nTelemetry stopped arriving for {{value}}. Treat this as a telemetry-health incident: an unmonitored resource is worse than an alerting one.\n{{/is_no_data}}\n{{#is_recovery}}\n## Recovered · Azure SQL Failed Connection Anomaly\n{{value}} returned to normal. Error-budget impact recorded against `slo-database-availability`. No action required; the correlation group closes when every child recovers.\n{{/is_recovery}}\n{{#is_warning_recovery}}\nWarning cleared for {{value}}.\n{{/is_warning_recovery}}",
            "monitor_threshold_windows": [],
            "monitor_thresholds": [
              {
                "critical": "1",
                "critical_recovery": "",
                "ok": "",
                "unknown": "",
                "warning": "",
                "warning_recovery": ""
              }
            ],
            "name": "[P3][stage][database] Azure SQL Failed Connection Anomaly (critical)",
            "new_group_delay": 300,
            "new_host_delay": 300,
            "no_data_timeframe": 0,
            "notification_preset_name": "",
            "notify_audit": false,
            "notify_by": [
              "subscription_name"
            ],
            "notify_no_data": false,
            "on_missing_data": "",
            "priority": "3",
            "query": "avg(last_30m):anomalies(sum:azure.sql_servers_databases.connection_failed{env:stage,alert_band:critical,resource_type:azure_sql} by {subscription_name,name}.as_rate(), 'agile', 3, direction='above') \u003e= 1",
            "renotify_interval": 30,
            "renotify_occurrences": 3,
            "renotify_statuses": [
              "alert"
            ],
            "require_full_window": false,
            "restricted_roles": null,
            "scheduling_options": [],
            "tags": [
              "alert_band:critical",
              "archetype:azuresql-connection-failures",
              "automation_ref:diag-database",
              "correlation_key:databases.stage.database-platform",
              "dedup_key:database-platform.stage.azuresql-connection-failures.critical",
              "detection:anomaly",
              "domain:database",
              "env:stage",
              "failure_domain:databases",
              "impact_class:degradation",
              "managed_by:terraform",
              "managed_source:platform",
              "monitor_id:stage.critical.database.azuresql-connection-failures",
              "monitoring_profile:critical",
              "notification_profile:nonprod_standard",
              "owner:data-engineering",
              "pages:false",
              "priority:p3",
              "resource_type:azure_sql",
              "runbook:azuresql-connection-failures",
              "runbook_notebook:15298586",
              "service:database-platform",
              "signal:error_rate",
              "slo_id:slo-database-availability",
              "support_model:24x7",
              "team:data-engineering",
              "tier:tier0"
            ],
            "timeout_h": 18,
            "type": "query alert",
            "validate": null,
            "variables": []
          },
          "sensitive_attributes": [],
          "private": "bnVsbA=="
        },
        {
          "index_key": "stage.critical.database.azuresql-cpu-pressure",
          "schema_version": 0,
          "attributes": {
            "assets": [
              {
                "category": "runbook",
                "name": "Azure SQL CPU Pressure",
                "resource_key": "15318362",
                "resource_type": "notebook",
                "url": "https://app.datadoghq.com/notebook/15318362"
              }
            ],
            "draft_status": "published",
            "enable_logs_sample": null,
            "enable_samples": null,
            "escalation_message": "",
            "evaluation_delay": 300,
            "force_delete": null,
            "group_retention_duration": "",
            "groupby_simple_monitor": null,
            "id": "314985801",
            "include_tags": true,
            "locked": false,
            "message": "{{#is_alert}}\n## P3 · Azure SQL CPU Pressure\n**WHAT:** Azure SQL CPU Pressure: saturation signal detected by anomaly analysis.\n**WHERE:** {{value}} · env `stage` · region `global`\n**SERVICE:** `database-platform` (database / azure_sql, tier0)\n**BUSINESS IMPACT:** The service still functions but measurably worse; a subset of traffic or users is failing.\n**WHY IT TRIGGERED:** The signal deviated from its own learned baseline by more than the configured number of deviations — not because it crossed a fixed number.\n**OWNER:** data-engineering · support 24x7 · this does not page\n**RUNBOOK:** attached to this monitor as `Azure SQL CPU Pressure` — open it from the monitor's Runbook asset.\n**AUTOMATED DIAGNOSTICS:** workflow `diag-database` has run; its output is attached to this event.\n**RELATED EVENTS:** correlated on `databases.stage.database-platform` — deployments, infrastructure changes and platform events from the last 30 minutes are attached as context.\n**SLO / ERROR BUDGET:** `slo-database-latency` · no error-budget impact (non-production)\n{{/is_alert}}\n{{#is_warning}}\n## Azure SQL CPU Pressure — warning\nApproaching the alert condition on {{value}}. Investigate before it becomes P3.\n{{/is_warning}}\n{{#is_no_data}}\n## Azure SQL CPU Pressure — NO DATA\nTelemetry stopped arriving for {{value}}. Treat this as a telemetry-health incident: an unmonitored resource is worse than an alerting one.\n{{/is_no_data}}\n{{#is_recovery}}\n## Recovered · Azure SQL CPU Pressure\n{{value}} returned to normal. Error-budget impact recorded against `slo-database-latency`. No action required; the correlation group closes when every child recovers.\n{{/is_recovery}}\n{{#is_warning_recovery}}\nWarning cleared for {{value}}.\n{{/is_warning_recovery}}",
            "monitor_threshold_windows": [],
            "monitor_thresholds": [
              {
                "critical": "1",
                "critical_recovery": "",
                "ok": "",
                "unknown": "",
                "warning": "",
                "warning_recovery": ""
              }
            ],
            "name": "[P3][stage][database] Azure SQL CPU Pressure (critical)",
            "new_group_delay": 300,
            "new_host_delay": 300,
            "no_data_timeframe": 0,
            "notification_preset_name": "",
            "notify_audit": false,
            "notify_by": [
              "subscription_name"
            ],
            "notify_no_data": false,
            "on_missing_data": "",
            "priority": "3",
            "query": "avg(last_30m):anomalies(avg:azure.sql_servers_databases.cpu_percent{env:stage,alert_band:critical,resource_type:azure_sql} by {subscription_name,name}, 'agile', 3, direction='above') \u003e= 1",
            "renotify_interval": 30,
            "renotify_occurrences": 3,
            "renotify_statuses": [
              "alert"
            ],
            "require_full_window": false,
            "restricted_roles": null,
            "scheduling_options": [],
            "tags": [
              "alert_band:critical",
              "archetype:azuresql-cpu-pressure",
              "automation_ref:diag-database",
              "correlation_key:databases.stage.database-platform",
              "dedup_key:database-platform.stage.azuresql-cpu-pressure.critical",
              "detection:anomaly",
              "domain:database",
              "env:stage",
              "failure_domain:databases",
              "impact_class:degradation",
              "managed_by:terraform",
              "managed_source:platform",
              "monitor_id:stage.critical.database.azuresql-cpu-pressure",
              "monitoring_profile:critical",
              "notification_profile:nonprod_standard",
              "owner:data-engineering",
              "pages:false",
              "priority:p3",
              "resource_type:azure_sql",
              "runbook:azuresql-cpu-pressure",
              "runbook_notebook:15318362",
              "service:database-platform",
              "signal:saturation",
              "slo_id:slo-database-latency",
              "support_model:24x7",
              "team:data-engineering",
              "tier:tier0"
            ],
            "timeout_h": 18,
            "type": "query alert",
            "validate": null,
            "variables": []
          },
          "sensitive_attributes": [],
          "private": "bnVsbA=="
        },
        {
          "index_key": "stage.critical.database.azuresql-deadlock-anomaly",
          "schema_version": 0,
          "attributes": {
            "assets": [
              {
                "category": "runbook",
                "name": "Azure SQL Deadlock Anomaly",
                "resource_key": "15318363",
                "resource_type": "notebook",
                "url": "https://app.datadoghq.com/notebook/15318363"
              }
            ],
            "draft_status": "published",
            "enable_logs_sample": null,
            "enable_samples": null,
            "escalation_message": "",
            "evaluation_delay": 300,
            "force_delete": null,
            "group_retention_duration": "",
            "groupby_simple_monitor": null,
            "id": "314985751",
            "include_tags": true,
            "locked": false,
            "message": "{{#is_alert}}\n## P3 · Azure SQL Deadlock Anomaly\n**WHAT:** Azure SQL Deadlock Anomaly: error_rate signal detected by anomaly analysis.\n**WHERE:** {{value}} · env `stage` · region `global`\n**SERVICE:** `database-platform` (database / azure_sql, tier0)\n**BUSINESS IMPACT:** The service still functions but measurably worse; a subset of traffic or users is failing.\n**WHY IT TRIGGERED:** The signal deviated from its own learned baseline by more than the configured number of deviations — not because it crossed a fixed number.\n**OWNER:** data-engineering · support 24x7 · this does not page\n**RUNBOOK:** attached to this monitor as `Azure SQL Deadlock Anomaly` — open it from the monitor's Runbook asset.\n**AUTOMATED DIAGNOSTICS:** workflow `diag-database` has run; its output is attached to this event.\n**RELATED EVENTS:** correlated on `databases.stage.database-platform` — deployments, infrastructure changes and platform events from the last 30 minutes are attached as context.\n**SLO / ERROR BUDGET:** `slo-database-latency` · no error-budget impact (non-production)\n{{/is_alert}}\n{{#is_warning}}\n## Azure SQL Deadlock Anomaly — warning\nApproaching the alert condition on {{value}}. Investigate before it becomes P3.\n{{/is_warning}}\n{{#is_no_data}}\n## Azure SQL Deadlock Anomaly — NO DATA\nTelemetry stopped arriving for {{value}}. Treat this as a telemetry-health incident: an unmonitored resource is worse than an alerting one.\n{{/is_no_data}}\n{{#is_recovery}}\n## Recovered · Azure SQL Deadlock Anomaly\n{{value}} returned to normal. Error-budget impact recorded against `slo-database-latency`. No action required; the correlation group closes when every child recovers.\n{{/is_recovery}}\n{{#is_warning_recovery}}\nWarning cleared for {{value}}.\n{{/is_warning_recovery}}",
            "monitor_threshold_windows": [],
            "monitor_thresholds": [
              {
                "critical": "1",
                "critical_recovery": "",
                "ok": "",
                "unknown": "",
                "warning": "",
                "warning_recovery": ""
              }
            ],
            "name": "[P3][stage][database] Azure SQL Deadlock Anomaly (critical)",
            "new_group_delay": 300,
            "new_host_delay": 300,
            "no_data_timeframe": 0,
            "notification_preset_name": "",
            "notify_audit": false,
            "notify_by": [
              "subscription_name"
            ],
            "notify_no_data": false,
            "on_missing_data": "",
            "priority": "3",
            "query": "avg(last_1h):anomalies(sum:azure.sql_servers_databases.deadlock{env:stage,alert_band:critical,resource_type:azure_sql} by {subscription_name,name}.as_rate(), 'agile', 3, direction='above') \u003e= 1",
            "renotify_interval": 30,
            "renotify_occurrences": 3,
            "renotify_statuses": [
              "alert"
            ],
            "require_full_window": false,
            "restricted_roles": null,
            "scheduling_options": [],
            "tags": [
              "alert_band:critical",
              "archetype:azuresql-deadlock-anomaly",
              "automation_ref:diag-database",
              "correlation_key:databases.stage.database-platform",
              "dedup_key:database-platform.stage.azuresql-deadlock-anomaly.critical",
              "detection:anomaly",
              "domain:database",
              "env:stage",
              "failure_domain:databases",
              "impact_class:degradation",
              "managed_by:terraform",
              "managed_source:platform",
              "monitor_id:stage.critical.database.azuresql-deadlock-anomaly",
              "monitoring_profile:critical",
              "notification_profile:nonprod_standard",
              "owner:data-engineering",
              "pages:false",
              "priority:p3",
              "resource_type:azure_sql",
              "runbook:azuresql-deadlock-anomaly",
              "runbook_notebook:15318363",
              "service:database-platform",
              "signal:error_rate",
              "slo_id:slo-database-latency",
              "support_model:24x7",
              "team:data-engineering",
              "tier:tier0"
            ],
            "timeout_h": 18,
            "type": "query alert",
            "validate": null,
            "variables": []
          },
          "sensitive_attributes": [],
          "private": "bnVsbA=="
        },
        {
          "index_key": "stage.critical.database.azuresql-log-write-saturation",
          "schema_version": 0,
          "attributes": {
            "assets": [
              {
                "category": "runbook",
                "name": "Azure SQL Transaction Log Write Saturation",
                "resource_key": "15318366",
                "resource_type": "notebook",
                "url": "https://app.datadoghq.com/notebook/15318366"
              }
            ],
            "draft_status": "published",
            "enable_logs_sample": null,
            "enable_samples": null,
            "escalation_message": "",
            "evaluation_delay": 300,
            "force_delete": null,
            "group_retention_duration": "",
            "groupby_simple_monitor": null,
            "id": "314985790",
            "include_tags": true,
            "locked": false,
            "message": "{{#is_alert}}\n## P3 · Azure SQL Transaction Log Write Saturation\n**WHAT:** Azure SQL Transaction Log Write Saturation: saturation signal detected by threshold analysis.\n**WHERE:** {{value}} · env `stage` · region `global`\n**SERVICE:** `database-platform` (database / azure_sql, tier0)\n**BUSINESS IMPACT:** The service still functions but measurably worse; a subset of traffic or users is failing.\n**WHY IT TRIGGERED:** Azure throttles log writes at 100% of the service objective's log rate. At 90% the database is already being paced, and every write transaction is waiting on log governance rather than on storage.\n\n**OWNER:** data-engineering · support 24x7 · this does not page\n**RUNBOOK:** attached to this monitor as `Azure SQL Transaction Log Write Saturation` — open it from the monitor's Runbook asset.\n**AUTOMATED DIAGNOSTICS:** workflow `diag-database` has run; its output is attached to this event.\n**RELATED EVENTS:** correlated on `databases.stage.database-platform` — deployments, infrastructure changes and platform events from the last 30 minutes are attached as context.\n**SLO / ERROR BUDGET:** `slo-database-latency` · no error-budget impact (non-production)\n{{/is_alert}}\n{{#is_warning}}\n## Azure SQL Transaction Log Write Saturation — warning\nApproaching the alert condition on {{value}}. Investigate before it becomes P3.\n{{/is_warning}}\n{{#is_no_data}}\n## Azure SQL Transaction Log Write Saturation — NO DATA\nTelemetry stopped arriving for {{value}}. Treat this as a telemetry-health incident: an unmonitored resource is worse than an alerting one.\n{{/is_no_data}}\n{{#is_recovery}}\n## Recovered · Azure SQL Transaction Log Write Saturation\n{{value}} returned to normal. Error-budget impact recorded against `slo-database-latency`. No action required; the correlation group closes when every child recovers.\n{{/is_recovery}}\n{{#is_warning_recovery}}\nWarning cleared for {{value}}.\n{{/is_warning_recovery}}",
            "monitor_threshold_windows": [],
            "monitor_thresholds": [
              {
                "critical": "90",
                "critical_recovery": "",
                "ok": "",
                "unknown": "",
                "warning": "75",
                "warning_recovery": ""
              }
            ],
            "name": "[P3][stage][database] Azure SQL Transaction Log Write Saturation (critical)",
            "new_group_delay": 300,
            "new_host_delay": 300,
            "no_data_timeframe": 0,
            "notification_preset_name": "",
            "notify_audit": false,
            "notify_by": [
              "subscription_name"
            ],
            "notify_no_data": false,
            "on_missing_data": "",
            "priority": "3",
            "query": "avg(last_30m):avg:azure.sql_servers_databases.log_write_percent{env:stage,alert_band:critical,resource_type:azure_sql} by {subscription_name,name} \u003e 90",
            "renotify_interval": 30,
            "renotify_occurrences": 3,
            "renotify_statuses": [
              "alert"
            ],
            "require_full_window": false,
            "restricted_roles": null,
            "scheduling_options": [],
            "tags": [
              "alert_band:critical",
              "archetype:azuresql-log-write-saturation",
              "automation_ref:diag-database",
              "correlation_key:databases.stage.database-platform",
              "dedup_key:database-platform.stage.azuresql-log-write-saturation.critical",
              "detection:threshold",
              "domain:database",
              "env:stage",
              "failure_domain:databases",
              "impact_class:degradation",
              "managed_by:terraform",
              "managed_source:platform",
              "monitor_id:stage.critical.database.azuresql-log-write-saturation",
              "monitoring_profile:critical",
              "notification_profile:nonprod_standard",
              "owner:data-engineering",
              "pages:false",
              "priority:p3",
              "resource_type:azure_sql",
              "runbook:azuresql-log-write-saturation",
              "runbook_notebook:15318366",
              "service:database-platform",
              "signal:saturation",
              "slo_id:slo-database-latency",
              "support_model:24x7",
              "team:data-engineering",
              "tier:tier0"
            ],
            "timeout_h": 18,
            "type": "query alert",
            "validate": null,
            "variables": []
          },
          "sensitive_attributes": [],
          "private": "bnVsbA=="
        },
        {
          "index_key": "stage.critical.database.azuresql-session-saturation",
          "schema_version": 0,
          "attributes": {
            "assets": [
              {
                "category": "runbook",
                "name": "Azure SQL Session and Worker Exhaustion",
                "resource_key": "15318367",
                "resource_type": "notebook",
                "url": "https://app.datadoghq.com/notebook/15318367"
              }
            ],
            "draft_status": "published",
            "enable_logs_sample": null,
            "enable_samples": null,
            "escalation_message": "",
            "evaluation_delay": 300,
            "force_delete": null,
            "group_retention_duration": "",
            "groupby_simple_monitor": null,
            "id": "314985763",
            "include_tags": true,
            "locked": false,
            "message": "{{#is_alert}}\n## P3 · Azure SQL Session and Worker Exhaustion\n**WHAT:** Azure SQL Session and Worker Exhaustion: saturation signal detected by forecast analysis.\n**WHERE:** {{value}} · env `stage` · region `global`\n**SERVICE:** `database-platform` (database / azure_sql, tier0)\n**BUSINESS IMPACT:** Nothing is broken yet. A boundary will be crossed if nobody acts within the lead time this monitor provides.\n**WHY IT TRIGGERED:** Extrapolating the recent trend, this resource is projected to cross its limit inside the forecast horizon. It has not crossed it yet — that is the point.\n**OWNER:** data-engineering · support 24x7 · this does not page\n**RUNBOOK:** attached to this monitor as `Azure SQL Session and Worker Exhaustion` — open it from the monitor's Runbook asset.\n**AUTOMATED DIAGNOSTICS:** workflow `auto-capacity-ticket` has run; its output is attached to this event.\n**RELATED EVENTS:** correlated on `databases.stage.database-platform` — deployments, infrastructure changes and platform events from the last 30 minutes are attached as context.\n**SLO / ERROR BUDGET:** `slo-database-availability` · no error-budget impact (non-production)\n{{/is_alert}}\n{{#is_warning}}\n## Azure SQL Session and Worker Exhaustion — warning\nApproaching the alert condition on {{value}}. Investigate before it becomes P3.\n{{/is_warning}}\n{{#is_no_data}}\n## Azure SQL Session and Worker Exhaustion — NO DATA\nTelemetry stopped arriving for {{value}}. Treat this as a telemetry-health incident: an unmonitored resource is worse than an alerting one.\n{{/is_no_data}}\n{{#is_recovery}}\n## Recovered · Azure SQL Session and Worker Exhaustion\n{{value}} returned to normal. Error-budget impact recorded against `slo-database-availability`. No action required; the correlation group closes when every child recovers.\n{{/is_recovery}}\n{{#is_warning_recovery}}\nWarning cleared for {{value}}.\n{{/is_warning_recovery}}",
            "monitor_threshold_windows": [],
            "monitor_thresholds": [
              {
                "critical": "90",
                "critical_recovery": "",
                "ok": "",
                "unknown": "",
                "warning": "80",
                "warning_recovery": ""
              }
            ],
            "name": "[P3][stage][database] Azure SQL Session and Worker Exhaustion (critical)",
            "new_group_delay": 300,
            "new_host_delay": 300,
            "no_data_timeframe": 0,
            "notification_preset_name": "",
            "notify_audit": false,
            "notify_by": [
              "subscription_name"
            ],
            "notify_no_data": false,
            "on_missing_data": "",
            "priority": "3",
            "query": "max(next_12h):forecast(max:azure.sql_servers_databases.sessions_percent{env:stage,alert_band:critical,resource_type:azure_sql} by {subscription_name,name}, 'linear', 1, interval='15m', history='1d') \u003e 90",
            "renotify_interval": 30,
            "renotify_occurrences": 3,
            "renotify_statuses": [
              "alert"
            ],
            "require_full_window": false,
            "restricted_roles": null,
            "scheduling_options": [],
            "tags": [
              "alert_band:critical",
              "archetype:azuresql-session-saturation",
              "automation_ref:auto-capacity-ticket",
              "correlation_key:databases.stage.database-platform",
              "dedup_key:database-platform.stage.azuresql-session-saturation.critical",
              "detection:forecast",
              "domain:database",
              "env:stage",
              "failure_domain:databases",
              "impact_class:risk",
              "managed_by:terraform",
              "managed_source:platform",
              "monitor_id:stage.critical.database.azuresql-session-saturation",
              "monitoring_profile:critical",
              "notification_profile:nonprod_standard",
              "owner:data-engineering",
              "pages:false",
              "priority:p3",
              "resource_type:azure_sql",
              "runbook:azuresql-session-saturation",
              "runbook_notebook:15318367",
              "service:database-platform",
              "signal:saturation",
              "slo_id:slo-database-availability",
              "support_model:24x7",
              "team:data-engineering",
              "tier:tier0"
            ],
            "timeout_h": 18,
            "type": "query alert",
            "validate": null,
            "variables": []
          },
          "sensitive_attributes": [],
          "private": "bnVsbA=="
        },
        {
          "index_key": "stage.critical.database.azuresql-storage-exhaustion-forecast",
          "schema_version": 0,
          "attributes": {
            "assets": [
              {
                "category": "runbook",
                "name": "Azure SQL Storage Exhaustion Forecast",
                "resource_key": "15318368",
                "resource_type": "notebook",
                "url": "https://app.datadoghq.com/notebook/15318368"
              }
            ],
            "draft_status": "published",
            "enable_logs_sample": null,
            "enable_samples": null,
            "escalation_message": "",
            "evaluation_delay": 300,
            "force_delete": null,
            "group_retention_duration": "",
            "groupby_simple_monitor": null,
            "id": "314985747",
            "include_tags": true,
            "locked": false,
            "message": "{{#is_alert}}\n## P3 · Azure SQL Storage Exhaustion Forecast\n**WHAT:** Azure SQL Storage Exhaustion Forecast: capacity signal detected by forecast analysis.\n**WHERE:** {{value}} · env `stage` · region `global`\n**SERVICE:** `database-platform` (database / azure_sql, tier0)\n**BUSINESS IMPACT:** Nothing is broken yet. A boundary will be crossed if nobody acts within the lead time this monitor provides.\n**WHY IT TRIGGERED:** Extrapolating the recent trend, this resource is projected to cross its limit inside the forecast horizon. It has not crossed it yet — that is the point.\n**OWNER:** data-engineering · support 24x7 · this does not page\n**RUNBOOK:** attached to this monitor as `Azure SQL Storage Exhaustion Forecast` — open it from the monitor's Runbook asset.\n**AUTOMATED DIAGNOSTICS:** workflow `auto-capacity-ticket` has run; its output is attached to this event.\n**RELATED EVENTS:** correlated on `databases.stage.database-platform` — deployments, infrastructure changes and platform events from the last 30 minutes are attached as context.\n**SLO / ERROR BUDGET:** `slo-database-availability` · no error-budget impact (non-production)\n{{/is_alert}}\n{{#is_warning}}\n## Azure SQL Storage Exhaustion Forecast — warning\nApproaching the alert condition on {{value}}. Investigate before it becomes P3.\n{{/is_warning}}\n{{#is_no_data}}\n## Azure SQL Storage Exhaustion Forecast — NO DATA\nTelemetry stopped arriving for {{value}}. Treat this as a telemetry-health incident: an unmonitored resource is worse than an alerting one.\n{{/is_no_data}}\n{{#is_recovery}}\n## Recovered · Azure SQL Storage Exhaustion Forecast\n{{value}} returned to normal. Error-budget impact recorded against `slo-database-availability`. No action required; the correlation group closes when every child recovers.\n{{/is_recovery}}\n{{#is_warning_recovery}}\nWarning cleared for {{value}}.\n{{/is_warning_recovery}}",
            "monitor_threshold_windows": [],
            "monitor_thresholds": [
              {
                "critical": "90",
                "critical_recovery": "",
                "ok": "",
                "unknown": "",
                "warning": "80",
                "warning_recovery": ""
              }
            ],
            "name": "[P3][stage][database] Azure SQL Storage Exhaustion Forecast (critical)",
            "new_group_delay": 300,
            "new_host_delay": 300,
            "no_data_timeframe": 0,
            "notification_preset_name": "",
            "notify_audit": false,
            "notify_by": [
              "subscription_name"
            ],
            "notify_no_data": false,
            "on_missing_data": "",
            "priority": "3",
            "query": "max(next_1w):forecast(avg:azure.sql_servers_databases.storage_percent{env:stage,alert_band:critical,resource_type:azure_sql} by {subscription_name,name}, 'linear', 1, interval='1h', history='1w') \u003e 90",
            "renotify_interval": 30,
            "renotify_occurrences": 3,
            "renotify_statuses": [
              "alert"
            ],
            "require_full_window": false,
            "restricted_roles": null,
            "scheduling_options": [],
            "tags": [
              "alert_band:critical",
              "archetype:azuresql-storage-exhaustion-forecast",
              "automation_ref:auto-capacity-ticket",
              "correlation_key:databases.stage.database-platform",
              "dedup_key:database-platform.stage.azuresql-storage-exhaustion-forecast.critical",
              "detection:forecast",
              "domain:database",
              "env:stage",
              "failure_domain:databases",
              "impact_class:risk",
              "managed_by:terraform",
              "managed_source:platform",
              "monitor_id:stage.critical.database.azuresql-storage-exhaustion-forecast",
              "monitoring_profile:critical",
              "notification_profile:nonprod_standard",
              "owner:data-engineering",
              "pages:false",
              "priority:p3",
              "resource_type:azure_sql",
              "runbook:azuresql-storage-exhaustion-forecast",
              "runbook_notebook:15318368",
              "service:database-platform",
              "signal:capacity",
              "slo_id:slo-database-availability",
              "support_model:24x7",
              "team:data-engineering",
              "tier:tier0"
            ],
            "timeout_h": 18,
            "type": "query alert",
            "validate": null,
            "variables": []
          },
          "sensitive_attributes": [],
          "private": "bnVsbA=="
        },
        {
          "index_key": "stage.critical.database.cosmos-normalized-ru-saturation",
          "schema_version": 0,
          "attributes": {
            "assets": [
              {
                "category": "runbook",
                "name": "Cosmos DB Normalized RU Saturation (Hot Partition)",
                "resource_key": "15318375",
                "resource_type": "notebook",
                "url": "https://app.datadoghq.com/notebook/15318375"
              }
            ],
            "draft_status": "published",
            "enable_logs_sample": null,
            "enable_samples": null,
            "escalation_message": "",
            "evaluation_delay": 300,
            "force_delete": null,
            "group_retention_duration": "",
            "groupby_simple_monitor": null,
            "id": "314985776",
            "include_tags": true,
            "locked": false,
            "message": "{{#is_alert}}\n## P3 · Cosmos DB Normalized RU Saturation (Hot Partition)\n**WHAT:** Cosmos DB Normalized RU Saturation (Hot Partition): saturation signal detected by threshold analysis.\n**WHERE:** {{value}} · env `stage` · region `global`\n**SERVICE:** `database-platform` (database / azure_cosmos_db, tier0)\n**BUSINESS IMPACT:** The service still functions but measurably worse; a subset of traffic or users is failing.\n**WHY IT TRIGGERED:** Normalized RU consumption is reported as the MAXIMUM across physical partitions, which is what makes it the hot-partition detector: 90% on one partition throttles that partition's keys while the account still looks half-idle in aggregate.\n\n**OWNER:** data-engineering · support 24x7 · this does not page\n**RUNBOOK:** attached to this monitor as `Cosmos DB Normalized RU Saturation (Hot Partition)` — open it from the monitor's Runbook asset.\n**AUTOMATED DIAGNOSTICS:** workflow `diag-database` has run; its output is attached to this event.\n**RELATED EVENTS:** correlated on `databases.stage.database-platform` — deployments, infrastructure changes and platform events from the last 30 minutes are attached as context.\n**SLO / ERROR BUDGET:** `slo-database-availability` · no error-budget impact (non-production)\n{{/is_alert}}\n{{#is_warning}}\n## Cosmos DB Normalized RU Saturation (Hot Partition) — warning\nApproaching the alert condition on {{value}}. Investigate before it becomes P3.\n{{/is_warning}}\n{{#is_no_data}}\n## Cosmos DB Normalized RU Saturation (Hot Partition) — NO DATA\nTelemetry stopped arriving for {{value}}. Treat this as a telemetry-health incident: an unmonitored resource is worse than an alerting one.\n{{/is_no_data}}\n{{#is_recovery}}\n## Recovered · Cosmos DB Normalized RU Saturation (Hot Partition)\n{{value}} returned to normal. Error-budget impact recorded against `slo-database-availability`. No action required; the correlation group closes when every child recovers.\n{{/is_recovery}}\n{{#is_warning_recovery}}\nWarning cleared for {{value}}.\n{{/is_warning_recovery}}",
            "monitor_threshold_windows": [],
            "monitor_thresholds": [
              {
                "critical": "90",
                "critical_recovery": "",
                "ok": "",
                "unknown": "",
                "warning": "80",
                "warning_recovery": ""
              }
            ],
            "name": "[P3][stage][database] Cosmos DB Normalized RU Saturation (Hot Partition) (critical)",
            "new_group_delay": 300,
            "new_host_delay": 300,
            "no_data_timeframe": 0,
            "notification_preset_name": "",
            "notify_audit": false,
            "notify_by": [
              "subscription_name"
            ],
            "notify_no_data": false,
            "on_missing_data": "",
            "priority": "3",
            "query": "avg(last_30m):max:azure.cosmosdb.normalized_ru_consumption{env:stage,alert_band:critical,resource_type:azure_cosmos_db} by {subscription_name,name} \u003e 90",
            "renotify_interval": 30,
            "renotify_occurrences": 3,
            "renotify_statuses": [
              "alert"
            ],
            "require_full_window": false,
            "restricted_roles": null,
            "scheduling_options": [],
            "tags": [
              "alert_band:critical",
              "archetype:cosmos-normalized-ru-saturation",
              "automation_ref:diag-database",
              "correlation_key:databases.stage.database-platform",
              "dedup_key:database-platform.stage.cosmos-normalized-ru-saturation.critical",
              "detection:threshold",
              "domain:database",
              "env:stage",
              "failure_domain:databases",
              "impact_class:degradation",
              "managed_by:terraform",
              "managed_source:platform",
              "monitor_id:stage.critical.database.cosmos-normalized-ru-saturation",
              "monitoring_profile:critical",
              "notification_profile:nonprod_standard",
              "owner:data-engineering",
              "pages:false",
              "priority:p3",
              "resource_type:azure_cosmos_db",
              "runbook:cosmos-normalized-ru-saturation",
              "runbook_notebook:15318375",
              "service:database-platform",
              "signal:saturation",
              "slo_id:slo-database-availability",
              "support_model:24x7",
              "team:data-engineering",
              "tier:tier0"
            ],
            "timeout_h": 18,
            "type": "query alert",
            "validate": null,
            "variables": []
          },
          "sensitive_attributes": [],
          "private": "bnVsbA=="
        },
        {
          "index_key": "stage.critical.database.cosmos-ru-throttling",
          "schema_version": 0,
          "attributes": {
            "assets": [
              {
                "category": "runbook",
                "name": "Cosmos DB Request Unit Throttling",
                "resource_key": "15298601",
                "resource_type": "notebook",
                "url": "https://app.datadoghq.com/notebook/15298601"
              }
            ],
            "draft_status": "published",
            "enable_logs_sample": null,
            "enable_samples": null,
            "escalation_message": "",
            "evaluation_delay": 300,
            "force_delete": null,
            "group_retention_duration": "",
            "groupby_simple_monitor": null,
            "id": "314372425",
            "include_tags": true,
            "locked": false,
            "message": "{{#is_alert}}\n## P3 · Cosmos DB Request Throttling (429)\n**WHAT:** Cosmos DB Request Throttling (429): saturation signal detected by threshold analysis.\n**WHERE:** {{value}} · env `stage` · region `global`\n**SERVICE:** `database-platform` (database / azure_cosmos_db, tier0)\n**BUSINESS IMPACT:** The service still functions but measurably worse; a subset of traffic or users is failing.\n**WHY IT TRIGGERED:** A 429 is Cosmos refusing work the application asked for. The SDK retries it, so a low rate is survivable — but it is never correct, and the count is the only honest place to start the conversation about provisioning.\n\n**OWNER:** data-engineering · support 24x7 · this does not page\n**RUNBOOK:** attached to this monitor as `Cosmos DB Request Unit Throttling` — open it from the monitor's Runbook asset.\n**AUTOMATED DIAGNOSTICS:** workflow `diag-database` has run; its output is attached to this event.\n**RELATED EVENTS:** correlated on `databases.stage.database-platform` — deployments, infrastructure changes and platform events from the last 30 minutes are attached as context.\n**SLO / ERROR BUDGET:** `slo-database-availability` · no error-budget impact (non-production)\n{{/is_alert}}\n{{#is_warning}}\n## Cosmos DB Request Throttling (429) — warning\nApproaching the alert condition on {{value}}. Investigate before it becomes P3.\n{{/is_warning}}\n{{#is_no_data}}\n## Cosmos DB Request Throttling (429) — NO DATA\nTelemetry stopped arriving for {{value}}. Treat this as a telemetry-health incident: an unmonitored resource is worse than an alerting one.\n{{/is_no_data}}\n{{#is_recovery}}\n## Recovered · Cosmos DB Request Throttling (429)\n{{value}} returned to normal. Error-budget impact recorded against `slo-database-availability`. No action required; the correlation group closes when every child recovers.\n{{/is_recovery}}\n{{#is_warning_recovery}}\nWarning cleared for {{value}}.\n{{/is_warning_recovery}}",
            "monitor_threshold_windows": [],
            "monitor_thresholds": [
              {
                "critical": "0",
                "critical_recovery": "",
                "ok": "",
                "unknown": "",
                "warning": "",
                "warning_recovery": ""
              }
            ],
            "name": "[P3][stage][database] Cosmos DB Request Throttling (429) (critical)",
            "new_group_delay": 300,
            "new_host_delay": 300,
            "no_data_timeframe": 0,
            "notification_preset_name": "",
            "notify_audit": false,
            "notify_by": [
              "subscription_name"
            ],
            "notify_no_data": false,
            "on_missing_data": "",
            "priority": "3",
            "query": "sum(last_30m):sum:azure.cosmosdb.total_requests{env:stage,alert_band:critical,resource_type:azure_cosmos_db,status_code:429} by {subscription_name,name}.as_count() \u003e 0",
            "renotify_interval": 30,
            "renotify_occurrences": 3,
            "renotify_statuses": [
              "alert"
            ],
            "require_full_window": false,
            "restricted_roles": null,
            "scheduling_options": [],
            "tags": [
              "alert_band:critical",
              "archetype:cosmos-ru-throttling",
              "automation_ref:diag-database",
              "correlation_key:databases.stage.database-platform",
              "dedup_key:database-platform.stage.cosmos-ru-throttling.critical",
              "detection:threshold",
              "domain:database",
              "env:stage",
              "failure_domain:databases",
              "impact_class:degradation",
              "managed_by:terraform",
              "managed_source:platform",
              "monitor_id:stage.critical.database.cosmos-ru-throttling",
              "monitoring_profile:critical",
              "notification_profile:nonprod_standard",
              "owner:data-engineering",
              "pages:false",
              "priority:p3",
              "resource_type:azure_cosmos_db",
              "runbook:cosmos-ru-throttling",
              "runbook_notebook:15298601",
              "service:database-platform",
              "signal:saturation",
              "slo_id:slo-database-availability",
              "support_model:24x7",
              "team:data-engineering",
              "tier:tier0"
            ],
            "timeout_h": 18,
            "type": "query alert",
            "validate": null,
            "variables": []
          },
          "sensitive_attributes": [],
          "private": "bnVsbA=="
        },
        {
          "index_key": "stage.critical.database.cosmos-server-side-latency-anomaly",
          "schema_version": 0,
          "attributes": {
            "assets": [
              {
                "category": "runbook",
                "name": "Cosmos DB Server-Side Latency Anomaly",
                "resource_key": "15318379",
                "resource_type": "notebook",
                "url": "https://app.datadoghq.com/notebook/15318379"
              }
            ],
            "draft_status": "published",
            "enable_logs_sample": null,
            "enable_samples": null,
            "escalation_message": "",
            "evaluation_delay": 300,
            "force_delete": null,
            "group_retention_duration": "",
            "groupby_simple_monitor": null,
            "id": "314985798",
            "include_tags": true,
            "locked": false,
            "message": "{{#is_alert}}\n## P3 · Cosmos DB Server-Side Latency Anomaly\n**WHAT:** Server-side latency excludes network and SDK time, so a deviation here is genuinely the service — which is what makes it worth separating from the application's own client-observed latency.\n\n**WHERE:** {{value}} · env `stage` · region `global`\n**SERVICE:** `database-platform` (database / azure_cosmos_db, tier0)\n**BUSINESS IMPACT:** The service still functions but measurably worse; a subset of traffic or users is failing.\n**WHY IT TRIGGERED:** The signal deviated from its own learned baseline by more than the configured number of deviations — not because it crossed a fixed number.\n**OWNER:** data-engineering · support 24x7 · this does not page\n**RUNBOOK:** attached to this monitor as `Cosmos DB Server-Side Latency Anomaly` — open it from the monitor's Runbook asset.\n**AUTOMATED DIAGNOSTICS:** workflow `diag-database` has run; its output is attached to this event.\n**RELATED EVENTS:** correlated on `databases.stage.database-platform` — deployments, infrastructure changes and platform events from the last 30 minutes are attached as context.\n**SLO / ERROR BUDGET:** `slo-database-latency` · no error-budget impact (non-production)\n{{/is_alert}}\n{{#is_warning}}\n## Cosmos DB Server-Side Latency Anomaly — warning\nApproaching the alert condition on {{value}}. Investigate before it becomes P3.\n{{/is_warning}}\n{{#is_no_data}}\n## Cosmos DB Server-Side Latency Anomaly — NO DATA\nTelemetry stopped arriving for {{value}}. Treat this as a telemetry-health incident: an unmonitored resource is worse than an alerting one.\n{{/is_no_data}}\n{{#is_recovery}}\n## Recovered · Cosmos DB Server-Side Latency Anomaly\n{{value}} returned to normal. Error-budget impact recorded against `slo-database-latency`. No action required; the correlation group closes when every child recovers.\n{{/is_recovery}}\n{{#is_warning_recovery}}\nWarning cleared for {{value}}.\n{{/is_warning_recovery}}",
            "monitor_threshold_windows": [],
            "monitor_thresholds": [
              {
                "critical": "1",
                "critical_recovery": "",
                "ok": "",
                "unknown": "",
                "warning": "",
                "warning_recovery": ""
              }
            ],
            "name": "[P3][stage][database] Cosmos DB Server-Side Latency Anomaly (critical)",
            "new_group_delay": 300,
            "new_host_delay": 300,
            "no_data_timeframe": 0,
            "notification_preset_name": "",
            "notify_audit": false,
            "notify_by": [
              "subscription_name"
            ],
            "notify_no_data": false,
            "on_missing_data": "",
            "priority": "3",
            "query": "avg(last_30m):anomalies(avg:azure.cosmosdb.server_side_latency{env:stage,alert_band:critical,resource_type:azure_cosmos_db} by {subscription_name,name}, 'agile', 3, direction='above') \u003e= 1",
            "renotify_interval": 30,
            "renotify_occurrences": 3,
            "renotify_statuses": [
              "alert"
            ],
            "require_full_window": false,
            "restricted_roles": null,
            "scheduling_options": [],
            "tags": [
              "alert_band:critical",
              "archetype:cosmos-server-side-latency-anomaly",
              "automation_ref:diag-database",
              "correlation_key:databases.stage.database-platform",
              "dedup_key:database-platform.stage.cosmos-server-side-latency-anomaly.critical",
              "detection:anomaly",
              "domain:database",
              "env:stage",
              "failure_domain:databases",
              "impact_class:degradation",
              "managed_by:terraform",
              "managed_source:platform",
              "monitor_id:stage.critical.database.cosmos-server-side-latency-anomaly",
              "monitoring_profile:critical",
              "notification_profile:nonprod_standard",
              "owner:data-engineering",
              "pages:false",
              "priority:p3",
              "resource_type:azure_cosmos_db",
              "runbook:cosmos-server-side-latency-anomaly",
              "runbook_notebook:15318379",
              "service:database-platform",
              "signal:latency",
              "slo_id:slo-database-latency",
              "support_model:24x7",
              "team:data-engineering",
              "tier:tier0"
            ],
            "timeout_h": 18,
            "type": "query alert",
            "validate": null,
            "variables": []
          },
          "sensitive_attributes": [],
          "private": "bnVsbA=="
        },
        {
          "index_key": "stage.critical.database.db-availability",
          "schema_version": 0,
          "attributes": {
            "assets": [
              {
                "category": "runbook",
                "name": "Database Instance Unavailable",
                "resource_key": "15298605",
                "resource_type": "notebook",
                "url": "https://app.datadoghq.com/notebook/15298605"
              }
            ],
            "draft_status": "published",
            "enable_logs_sample": null,
            "enable_samples": null,
            "escalation_message": "",
            "evaluation_delay": 0,
            "force_delete": null,
            "group_retention_duration": "",
            "groupby_simple_monitor": null,
            "id": "314372372",
            "include_tags": true,
            "locked": false,
            "message": "{{#is_alert}}\n## P3 · Database Instance Unavailable\n**WHAT:** Database Instance Unavailable: availability signal detected by service_check analysis.\n**WHERE:** {{value}} · env `stage` · region `global`\n**SERVICE:** `database-platform` (database / db_instance, tier0)\n**BUSINESS IMPACT:** Customers are affected now, or a mission-critical capability is unavailable.\n**WHY IT TRIGGERED:** A check reported a non-OK status for consecutive evaluations.\n**OWNER:** data-engineering · support 24x7 · this does not page\n**RUNBOOK:** attached to this monitor as `Database Instance Unavailable` — open it from the monitor's Runbook asset.\n**AUTOMATED DIAGNOSTICS:** workflow `diag-database` has run; its output is attached to this event.\n**RELATED EVENTS:** correlated on `databases.stage.database-platform` — deployments, infrastructure changes and platform events from the last 30 minutes are attached as context.\n**SLO / ERROR BUDGET:** `slo-database-availability` · no error-budget impact (non-production)\n{{/is_alert}}\n{{#is_warning}}\n## Database Instance Unavailable — warning\nApproaching the alert condition on {{value}}. Investigate before it becomes P3.\n{{/is_warning}}\n{{#is_no_data}}\n## Database Instance Unavailable — NO DATA\nTelemetry stopped arriving for {{value}}. Treat this as a telemetry-health incident: an unmonitored resource is worse than an alerting one.\n{{/is_no_data}}\n{{#is_recovery}}\n## Recovered · Database Instance Unavailable\n{{value}} returned to normal. Error-budget impact recorded against `slo-database-availability`. No action required; the correlation group closes when every child recovers.\n{{/is_recovery}}\n{{#is_warning_recovery}}\nWarning cleared for {{value}}.\n{{/is_warning_recovery}}",
            "monitor_threshold_windows": [],
            "monitor_thresholds": [
              {
                "critical": "2",
                "critical_recovery": "",
                "ok": "",
                "unknown": "",
                "warning": "1",
                "warning_recovery": ""
              }
            ],
            "name": "[P3][stage][database] Database Instance Unavailable (critical)",
            "new_group_delay": 300,
            "new_host_delay": 300,
            "no_data_timeframe": 0,
            "notification_preset_name": "",
            "notify_audit": false,
            "notify_by": [],
            "notify_no_data": false,
            "on_missing_data": "",
            "priority": "3",
            "query": "\"datadog.dbm.instance.up\".over(\"env:stage,alert_band:critical\").by(\"db_instance\").last(3).count_by_status()",
            "renotify_interval": 30,
            "renotify_occurrences": 3,
            "renotify_statuses": [
              "alert"
            ],
            "require_full_window": false,
            "restricted_roles": null,
            "scheduling_options": [],
            "tags": [
              "alert_band:critical",
              "archetype:db-availability",
              "automation_ref:diag-database",
              "correlation_key:databases.stage.database-platform",
              "dedup_key:database-platform.stage.db-availability.critical",
              "detection:service_check",
              "domain:database",
              "env:stage",
              "failure_domain:databases",
              "impact_class:customer_impact",
              "managed_by:terraform",
              "managed_source:platform",
              "monitor_id:stage.critical.database.db-availability",
              "monitoring_profile:critical",
              "notification_profile:nonprod_standard",
              "owner:data-engineering",
              "pages:false",
              "priority:p3",
              "resource_type:db_instance",
              "runbook:db-availability",
              "runbook_notebook:15298605",
              "service:database-platform",
              "signal:availability",
              "slo_id:slo-database-availability",
              "support_model:24x7",
              "team:data-engineering",
              "tier:tier0"
            ],
            "timeout_h": 12,
            "type": "service check",
            "validate": null,
            "variables": []
          },
          "sensitive_attributes": [],
          "private": "bnVsbA=="
        },
        {
          "index_key": "stage.critical.database.db-telemetry-loss",
          "schema_version": 0,
          "attributes": {
            "assets": [
              {
                "category": "runbook",
                "name": "Database Stopped Reporting Telemetry",
                "resource_key": "15298614",
                "resource_type": "notebook",
                "url": "https://app.datadoghq.com/notebook/15298614"
              }
            ],
            "draft_status": "published",
            "enable_logs_sample": null,
            "enable_samples": null,
            "escalation_message": "",
            "evaluation_delay": 300,
            "force_delete": null,
            "group_retention_duration": "",
            "groupby_simple_monitor": null,
            "id": "314372480",
            "include_tags": true,
            "locked": false,
            "message": "{{#is_alert}}\n## P4 · Database Stopped Reporting Telemetry\n**WHAT:** Database Stopped Reporting Telemetry: telemetry_health signal detected by threshold analysis.\n**WHERE:** {{value}} · env `stage` · region `global`\n**SERVICE:** `database-platform` (database / db_instance, tier0)\n**BUSINESS IMPACT:** Observability or configuration hygiene is degraded. No direct customer impact, but our ability to see or govern the estate is reduced.\n**WHY IT TRIGGERED:** Absence of telemetry is binary.\n**OWNER:** data-engineering · support 24x7 · this does not page\n**RUNBOOK:** attached to this monitor as `Database Stopped Reporting Telemetry` — open it from the monitor's Runbook asset.\n**AUTOMATED DIAGNOSTICS:** workflow `diag-database` has run; its output is attached to this event.\n**RELATED EVENTS:** correlated on `databases.stage.database-platform` — deployments, infrastructure changes and platform events from the last 30 minutes are attached as context.\n**SLO / ERROR BUDGET:** `slo-database-availability` · no error-budget impact (non-production)\n{{/is_alert}}\n{{#is_warning}}\n## Database Stopped Reporting Telemetry — warning\nApproaching the alert condition on {{value}}. Investigate before it becomes P4.\n{{/is_warning}}\n{{#is_no_data}}\n## Database Stopped Reporting Telemetry — NO DATA\nTelemetry stopped arriving for {{value}}. Treat this as a telemetry-health incident: an unmonitored resource is worse than an alerting one.\n{{/is_no_data}}\n{{#is_recovery}}\n## Recovered · Database Stopped Reporting Telemetry\n{{value}} returned to normal. Error-budget impact recorded against `slo-database-availability`. No action required; the correlation group closes when every child recovers.\n{{/is_recovery}}\n{{#is_warning_recovery}}\nWarning cleared for {{value}}.\n{{/is_warning_recovery}}",
            "monitor_threshold_windows": [],
            "monitor_thresholds": [
              {
                "critical": "1",
                "critical_recovery": "",
                "ok": "",
                "unknown": "",
                "warning": "",
                "warning_recovery": ""
              }
            ],
            "name": "[P4][stage][database] Database Stopped Reporting Telemetry (critical)",
            "new_group_delay": 300,
            "new_host_delay": 300,
            "no_data_timeframe": 45,
            "notification_preset_name": "",
            "notify_audit": false,
            "notify_by": [],
            "notify_no_data": true,
            "on_missing_data": "",
            "priority": "4",
            "query": "sum(last_1h):sum:sqlserver.stats.connections{env:stage,alert_band:critical} by {db_instance}.as_count() \u003c 1",
            "renotify_interval": 30,
            "renotify_occurrences": 3,
            "renotify_statuses": [
              "alert"
            ],
            "require_full_window": false,
            "restricted_roles": null,
            "scheduling_options": [],
            "tags": [
              "alert_band:critical",
              "archetype:db-telemetry-loss",
              "automation_ref:diag-database",
              "correlation_key:databases.stage.database-platform",
              "dedup_key:database-platform.stage.db-telemetry-loss.critical",
              "detection:threshold",
              "domain:database",
              "env:stage",
              "failure_domain:databases",
              "impact_class:hygiene",
              "managed_by:terraform",
              "managed_source:platform",
              "monitor_id:stage.critical.database.db-telemetry-loss",
              "monitoring_profile:critical",
              "notification_profile:nonprod_standard",
              "owner:data-engineering",
              "pages:false",
              "priority:p4",
              "resource_type:db_instance",
              "runbook:db-telemetry-loss",
              "runbook_notebook:15298614",
              "service:database-platform",
              "signal:telemetry_health",
              "slo_id:slo-database-availability",
              "support_model:24x7",
              "team:data-engineering",
              "tier:tier0"
            ],
            "timeout_h": 24,
            "type": "query alert",
            "validate": null,
            "variables": []
          },
          "sensitive_attributes": [],
          "private": "bnVsbA=="
        },
        {
          "index_key": "stage.critical.database.snowflake-query-latency-anomaly",
          "schema_version": 0,
          "attributes": {
            "assets": [
              {
                "category": "runbook",
                "name": "Snowflake Query Execution Time Anomaly",
                "resource_key": "15318441",
                "resource_type": "notebook",
                "url": "https://app.datadoghq.com/notebook/15318441"
              }
            ],
            "draft_status": "published",
            "enable_logs_sample": null,
            "enable_samples": null,
            "escalation_message": "",
            "evaluation_delay": 300,
            "force_delete": null,
            "group_retention_duration": "",
            "groupby_simple_monitor": null,
            "id": "314985787",
            "include_tags": true,
            "locked": false,
            "message": "{{#is_alert}}\n## P3 · Snowflake Query Execution Time Anomaly\n**WHAT:** Per warehouse, against its own baseline. An absolute number is meaningless across warehouses whose workloads range from sub-second dashboards to multi-hour transformations.\n\n**WHERE:** {{value}} · env `stage` · region `global`\n**SERVICE:** `database-platform` (database / snowflake_warehouse, tier0)\n**BUSINESS IMPACT:** The service still functions but measurably worse; a subset of traffic or users is failing.\n**WHY IT TRIGGERED:** The signal deviated from its own learned baseline by more than the configured number of deviations — not because it crossed a fixed number.\n**OWNER:** data-engineering · support 24x7 · this does not page\n**RUNBOOK:** attached to this monitor as `Snowflake Query Execution Time Anomaly` — open it from the monitor's Runbook asset.\n**AUTOMATED DIAGNOSTICS:** workflow `diag-database` has run; its output is attached to this event.\n**RELATED EVENTS:** correlated on `analytics.stage.database-platform` — deployments, infrastructure changes and platform events from the last 30 minutes are attached as context.\n**SLO / ERROR BUDGET:** `slo-database-latency` · no error-budget impact (non-production)\n{{/is_alert}}\n{{#is_warning}}\n## Snowflake Query Execution Time Anomaly — warning\nApproaching the alert condition on {{value}}. Investigate before it becomes P3.\n{{/is_warning}}\n{{#is_no_data}}\n## Snowflake Query Execution Time Anomaly — NO DATA\nTelemetry stopped arriving for {{value}}. Treat this as a telemetry-health incident: an unmonitored resource is worse than an alerting one.\n{{/is_no_data}}\n{{#is_recovery}}\n## Recovered · Snowflake Query Execution Time Anomaly\n{{value}} returned to normal. Error-budget impact recorded against `slo-database-latency`. No action required; the correlation group closes when every child recovers.\n{{/is_recovery}}\n{{#is_warning_recovery}}\nWarning cleared for {{value}}.\n{{/is_warning_recovery}}",
            "monitor_threshold_windows": [],
            "monitor_thresholds": [
              {
                "critical": "1",
                "critical_recovery": "",
                "ok": "",
                "unknown": "",
                "warning": "",
                "warning_recovery": ""
              }
            ],
            "name": "[P3][stage][database] Snowflake Query Execution Time Anomaly (critical)",
            "new_group_delay": 300,
            "new_host_delay": 300,
            "no_data_timeframe": 0,
            "notification_preset_name": "",
            "notify_audit": false,
            "notify_by": [],
            "notify_no_data": false,
            "on_missing_data": "",
            "priority": "3",
            "query": "avg(last_4h):anomalies(avg:snowflake.query.execution_time{env:stage,alert_band:critical} by {warehouse}, 'agile', 3, direction='above') \u003e= 1",
            "renotify_interval": 30,
            "renotify_occurrences": 3,
            "renotify_statuses": [
              "alert"
            ],
            "require_full_window": false,
            "restricted_roles": null,
            "scheduling_options": [],
            "tags": [
              "alert_band:critical",
              "archetype:snowflake-query-latency-anomaly",
              "automation_ref:diag-database",
              "correlation_key:analytics.stage.database-platform",
              "dedup_key:database-platform.stage.snowflake-query-latency-anomaly.critical",
              "detection:anomaly",
              "domain:database",
              "env:stage",
              "failure_domain:analytics",
              "impact_class:degradation",
              "managed_by:terraform",
              "managed_source:platform",
              "monitor_id:stage.critical.database.snowflake-query-latency-anomaly",
              "monitoring_profile:critical",
              "notification_profile:nonprod_standard",
              "owner:data-engineering",
              "pages:false",
              "priority:p3",
              "resource_type:snowflake_warehouse",
              "runbook:snowflake-query-latency-anomaly",
              "runbook_notebook:15318441",
              "service:database-platform",
              "signal:latency",
              "slo_id:slo-database-latency",
              "support_model:24x7",
              "team:data-engineering",
              "tier:tier0"
            ],
            "timeout_h": 18,
            "type": "query alert",
            "validate": null,
            "variables": []
          },
          "sensitive_attributes": [],
          "private": "bnVsbA=="
        },
        {
          "index_key": "stage.critical.database.snowflake-task-failure",
          "schema_version": 0,
          "attributes": {
            "assets": [
              {
                "category": "runbook",
                "name": "Snowflake Task Failure",
                "resource_key": "15318443",
                "resource_type": "notebook",
                "url": "https://app.datadoghq.com/notebook/15318443"
              }
            ],
            "draft_status": "published",
            "enable_logs_sample": null,
            "enable_samples": null,
            "escalation_message": "",
            "evaluation_delay": 300,
            "force_delete": null,
            "group_retention_duration": "",
            "groupby_simple_monitor": null,
            "id": "314985748",
            "include_tags": true,
            "locked": false,
            "message": "{{#is_alert}}\n## P3 · Snowflake Task Failure\n**WHAT:** Snowflake Task Failure: job_failure signal detected by threshold analysis.\n**WHERE:** {{value}} · env `stage` · region `global`\n**SERVICE:** `data-platform` (database / snowflake_account, tier0)\n**BUSINESS IMPACT:** The service still functions but measurably worse; a subset of traffic or users is failing.\n**WHY IT TRIGGERED:** A scheduled task either succeeded or it did not. Downstream tables are stale from the first failure, so there is no tolerance band to tune.\n\n**OWNER:** data-engineering · support 24x7 · this does not page\n**RUNBOOK:** attached to this monitor as `Snowflake Task Failure` — open it from the monitor's Runbook asset.\n**AUTOMATED DIAGNOSTICS:** workflow `remediate-rerun-job` has run; its output is attached to this event.\n**RELATED EVENTS:** correlated on `analytics.stage.data-platform` — deployments, infrastructure changes and platform events from the last 30 minutes are attached as context.\n**SLO / ERROR BUDGET:** `slo-data-freshness` · no error-budget impact (non-production)\n{{/is_alert}}\n{{#is_warning}}\n## Snowflake Task Failure — warning\nApproaching the alert condition on {{value}}. Investigate before it becomes P3.\n{{/is_warning}}\n{{#is_no_data}}\n## Snowflake Task Failure — NO DATA\nTelemetry stopped arriving for {{value}}. Treat this as a telemetry-health incident: an unmonitored resource is worse than an alerting one.\n{{/is_no_data}}\n{{#is_recovery}}\n## Recovered · Snowflake Task Failure\n{{value}} returned to normal. Error-budget impact recorded against `slo-data-freshness`. No action required; the correlation group closes when every child recovers.\n{{/is_recovery}}\n{{#is_warning_recovery}}\nWarning cleared for {{value}}.\n{{/is_warning_recovery}}",
            "monitor_threshold_windows": [],
            "monitor_thresholds": [
              {
                "critical": "0",
                "critical_recovery": "",
                "ok": "",
                "unknown": "",
                "warning": "",
                "warning_recovery": ""
              }
            ],
            "name": "[P3][stage][database] Snowflake Task Failure (critical)",
            "new_group_delay": 300,
            "new_host_delay": 300,
            "no_data_timeframe": 0,
            "notification_preset_name": "",
            "notify_audit": false,
            "notify_by": [],
            "notify_no_data": false,
            "on_missing_data": "",
            "priority": "3",
            "query": "sum(last_2h):sum:acme.snowflake.task_failures{env:stage,alert_band:critical} by {task_name}.as_count() \u003e 0",
            "renotify_interval": 30,
            "renotify_occurrences": 3,
            "renotify_statuses": [
              "alert"
            ],
            "require_full_window": false,
            "restricted_roles": null,
            "scheduling_options": [],
            "tags": [
              "alert_band:critical",
              "archetype:snowflake-task-failure",
              "automation_ref:remediate-rerun-job",
              "correlation_key:analytics.stage.data-platform",
              "dedup_key:data-platform.stage.snowflake-task-failure.critical",
              "detection:threshold",
              "domain:database",
              "env:stage",
              "failure_domain:analytics",
              "impact_class:degradation",
              "managed_by:terraform",
              "managed_source:platform",
              "monitor_id:stage.critical.database.snowflake-task-failure",
              "monitoring_profile:critical",
              "notification_profile:nonprod_standard",
              "owner:data-engineering",
              "pages:false",
              "priority:p3",
              "resource_type:snowflake_account",
              "runbook:snowflake-task-failure",
              "runbook_notebook:15318443",
              "service:data-platform",
              "signal:job_failure",
              "slo_id:slo-data-freshness",
              "support_model:24x7",
              "team:data-engineering",
              "tier:tier0"
            ],
            "timeout_h": 4,
            "type": "query alert",
            "validate": null,
            "variables": []
          },
          "sensitive_attributes": [],
          "private": "bnVsbA=="
        },
        {
          "index_key": "stage.critical.database.sqlserver-ag-sync-unhealthy",
          "schema_version": 0,
          "attributes": {
            "assets": [
              {
                "category": "runbook",
                "name": "SQL Server Availability Group Synchronization Unhealthy",
                "resource_key": "15318447",
                "resource_type": "notebook",
                "url": "https://app.datadoghq.com/notebook/15318447"
              }
            ],
            "draft_status": "published",
            "enable_logs_sample": null,
            "enable_samples": null,
            "escalation_message": "",
            "evaluation_delay": 300,
            "force_delete": null,
            "group_retention_duration": "",
            "groupby_simple_monitor": null,
            "id": "314985768",
            "include_tags": true,
            "locked": false,
            "message": "{{#is_alert}}\n## P3 · SQL Server Availability Group Synchronization Unhealthy\n**WHAT:** SQL Server Availability Group Synchronization Unhealthy: replication_lag signal detected by threshold analysis.\n**WHERE:** {{value}} · env `stage` · region `global`\n**SERVICE:** `database-platform` (database / availability_group, tier0)\n**BUSINESS IMPACT:** The service still functions but measurably worse; a subset of traffic or users is failing.\n**WHY IT TRIGGERED:** SQL Server reports synchronization health as healthy (1) or not (0). Anything below 1 means at least one replica is not in its configured synchronization state, which is the state that makes failover safe.\n\n**OWNER:** data-engineering · support 24x7 · this does not page\n**RUNBOOK:** attached to this monitor as `SQL Server Availability Group Synchronization Unhealthy` — open it from the monitor's Runbook asset.\n**AUTOMATED DIAGNOSTICS:** workflow `diag-database` has run; its output is attached to this event.\n**RELATED EVENTS:** correlated on `databases.stage.database-platform` — deployments, infrastructure changes and platform events from the last 30 minutes are attached as context.\n**SLO / ERROR BUDGET:** `slo-database-availability` · no error-budget impact (non-production)\n{{/is_alert}}\n{{#is_warning}}\n## SQL Server Availability Group Synchronization Unhealthy — warning\nApproaching the alert condition on {{value}}. Investigate before it becomes P3.\n{{/is_warning}}\n{{#is_no_data}}\n## SQL Server Availability Group Synchronization Unhealthy — NO DATA\nTelemetry stopped arriving for {{value}}. Treat this as a telemetry-health incident: an unmonitored resource is worse than an alerting one.\n{{/is_no_data}}\n{{#is_recovery}}\n## Recovered · SQL Server Availability Group Synchronization Unhealthy\n{{value}} returned to normal. Error-budget impact recorded against `slo-database-availability`. No action required; the correlation group closes when every child recovers.\n{{/is_recovery}}\n{{#is_warning_recovery}}\nWarning cleared for {{value}}.\n{{/is_warning_recovery}}",
            "monitor_threshold_windows": [],
            "monitor_thresholds": [
              {
                "critical": "1",
                "critical_recovery": "",
                "ok": "",
                "unknown": "",
                "warning": "",
                "warning_recovery": ""
              }
            ],
            "name": "[P3][stage][database] SQL Server Availability Group Synchronization Unhealthy (critical)",
            "new_group_delay": 300,
            "new_host_delay": 300,
            "no_data_timeframe": 0,
            "notification_preset_name": "",
            "notify_audit": false,
            "notify_by": [],
            "notify_no_data": false,
            "on_missing_data": "",
            "priority": "3",
            "query": "min(last_30m):min:sqlserver.ao.ag_sync_health{env:stage,alert_band:critical} by {availability_group} \u003c 1",
            "renotify_interval": 30,
            "renotify_occurrences": 3,
            "renotify_statuses": [
              "alert"
            ],
            "require_full_window": false,
            "restricted_roles": null,
            "scheduling_options": [],
            "tags": [
              "alert_band:critical",
              "archetype:sqlserver-ag-sync-unhealthy",
              "automation_ref:diag-database",
              "correlation_key:databases.stage.database-platform",
              "dedup_key:database-platform.stage.sqlserver-ag-sync-unhealthy.critical",
              "detection:threshold",
              "domain:database",
              "env:stage",
              "failure_domain:databases",
              "impact_class:degradation",
              "managed_by:terraform",
              "managed_source:platform",
              "monitor_id:stage.critical.database.sqlserver-ag-sync-unhealthy",
              "monitoring_profile:critical",
              "notification_profile:nonprod_standard",
              "owner:data-engineering",
              "pages:false",
              "priority:p3",
              "resource_type:availability_group",
              "runbook:sqlserver-ag-sync-unhealthy",
              "runbook_notebook:15318447",
              "service:database-platform",
              "signal:replication_lag",
              "slo_id:slo-database-availability",
              "support_model:24x7",
              "team:data-engineering",
              "tier:tier0"
            ],
            "timeout_h": 18,
            "type": "query alert",
            "validate": null,
            "variables": []
          },
          "sensitive_attributes": [],
          "private": "bnVsbA=="
        },
        {
          "index_key": "stage.critical.database.sqlserver-blocking-sessions",
          "schema_version": 0,
          "attributes": {
            "assets": [
              {
                "category": "runbook",
                "name": "SQL Server Blocking Session Chain",
                "resource_key": "15318448",
                "resource_type": "notebook",
                "url": "https://app.datadoghq.com/notebook/15318448"
              }
            ],
            "draft_status": "published",
            "enable_logs_sample": null,
            "enable_samples": null,
            "escalation_message": "",
            "evaluation_delay": 300,
            "force_delete": null,
            "group_retention_duration": "",
            "groupby_simple_monitor": null,
            "id": "314985766",
            "include_tags": true,
            "locked": false,
            "message": "{{#is_alert}}\n## P3 · SQL Server Blocking Session Chain\n**WHAT:** Blocked process count against its own baseline. A static threshold is wrong here because a healthy OLTP instance blocks constantly and briefly; what matters is a chain that stops draining.\n\n**WHERE:** {{value}} · env `stage` · region `global`\n**SERVICE:** `database-platform` (database / sqlserver_instance, tier0)\n**BUSINESS IMPACT:** The service still functions but measurably worse; a subset of traffic or users is failing.\n**WHY IT TRIGGERED:** The signal deviated from its own learned baseline by more than the configured number of deviations — not because it crossed a fixed number.\n**OWNER:** data-engineering · support 24x7 · this does not page\n**RUNBOOK:** attached to this monitor as `SQL Server Blocking Session Chain` — open it from the monitor's Runbook asset.\n**AUTOMATED DIAGNOSTICS:** workflow `diag-database` has run; its output is attached to this event.\n**RELATED EVENTS:** correlated on `databases.stage.database-platform` — deployments, infrastructure changes and platform events from the last 30 minutes are attached as context.\n**SLO / ERROR BUDGET:** `slo-database-latency` · no error-budget impact (non-production)\n{{/is_alert}}\n{{#is_warning}}\n## SQL Server Blocking Session Chain — warning\nApproaching the alert condition on {{value}}. Investigate before it becomes P3.\n{{/is_warning}}\n{{#is_no_data}}\n## SQL Server Blocking Session Chain — NO DATA\nTelemetry stopped arriving for {{value}}. Treat this as a telemetry-health incident: an unmonitored resource is worse than an alerting one.\n{{/is_no_data}}\n{{#is_recovery}}\n## Recovered · SQL Server Blocking Session Chain\n{{value}} returned to normal. Error-budget impact recorded against `slo-database-latency`. No action required; the correlation group closes when every child recovers.\n{{/is_recovery}}\n{{#is_warning_recovery}}\nWarning cleared for {{value}}.\n{{/is_warning_recovery}}",
            "monitor_threshold_windows": [],
            "monitor_thresholds": [
              {
                "critical": "1",
                "critical_recovery": "",
                "ok": "",
                "unknown": "",
                "warning": "",
                "warning_recovery": ""
              }
            ],
            "name": "[P3][stage][database] SQL Server Blocking Session Chain (critical)",
            "new_group_delay": 300,
            "new_host_delay": 300,
            "no_data_timeframe": 0,
            "notification_preset_name": "",
            "notify_audit": false,
            "notify_by": [],
            "notify_no_data": false,
            "on_missing_data": "",
            "priority": "3",
            "query": "avg(last_30m):anomalies(avg:sqlserver.stats.procs_blocked{env:stage,alert_band:critical} by {host}, 'agile', 3, direction='above') \u003e= 1",
            "renotify_interval": 30,
            "renotify_occurrences": 3,
            "renotify_statuses": [
              "alert"
            ],
            "require_full_window": false,
            "restricted_roles": null,
            "scheduling_options": [],
            "tags": [
              "alert_band:critical",
              "archetype:sqlserver-blocking-sessions",
              "automation_ref:diag-database",
              "correlation_key:databases.stage.database-platform",
              "dedup_key:database-platform.stage.sqlserver-blocking-sessions.critical",
              "detection:anomaly",
              "domain:database",
              "env:stage",
              "failure_domain:databases",
              "impact_class:degradation",
              "managed_by:terraform",
              "managed_source:platform",
              "monitor_id:stage.critical.database.sqlserver-blocking-sessions",
              "monitoring_profile:critical",
              "notification_profile:nonprod_standard",
              "owner:data-engineering",
              "pages:false",
              "priority:p3",
              "resource_type:sqlserver_instance",
              "runbook:sqlserver-blocking-sessions",
              "runbook_notebook:15318448",
              "service:database-platform",
              "signal:saturation",
              "slo_id:slo-database-latency",
              "support_model:24x7",
              "team:data-engineering",
              "tier:tier0"
            ],
            "timeout_h": 18,
            "type": "query alert",
            "validate": null,
            "variables": []
          },
          "sensitive_attributes": [],
          "private": "bnVsbA=="
        },
        {
          "index_key": "stage.critical.database.sqlserver-connection-saturation",
          "schema_version": 0,
          "attributes": {
            "assets": [
              {
                "category": "runbook",
                "name": "SQL Server Connection Exhaustion Forecast",
                "resource_key": "15318449",
                "resource_type": "notebook",
                "url": "https://app.datadoghq.com/notebook/15318449"
              }
            ],
            "draft_status": "published",
            "enable_logs_sample": null,
            "enable_samples": null,
            "escalation_message": "",
            "evaluation_delay": 300,
            "force_delete": null,
            "group_retention_duration": "",
            "groupby_simple_monitor": null,
            "id": "314985761",
            "include_tags": true,
            "locked": false,
            "message": "{{#is_alert}}\n## P3 · SQL Server Connection Exhaustion Forecast\n**WHAT:** The threshold is deliberately expressed as \"the forecast has a value at all\" and refined per instance in the runbook — max worker threads is a function of instance edition and CPU count, so a single org-wide number would be wrong everywhere.\n\n**WHERE:** {{value}} · env `stage` · region `global`\n**SERVICE:** `database-platform` (database / sqlserver_instance, tier0)\n**BUSINESS IMPACT:** Nothing is broken yet. A boundary will be crossed if nobody acts within the lead time this monitor provides.\n**WHY IT TRIGGERED:** Extrapolating the recent trend, this resource is projected to cross its limit inside the forecast horizon. It has not crossed it yet — that is the point.\n**OWNER:** data-engineering · support 24x7 · this does not page\n**RUNBOOK:** attached to this monitor as `SQL Server Connection Exhaustion Forecast` — open it from the monitor's Runbook asset.\n**AUTOMATED DIAGNOSTICS:** workflow `auto-capacity-ticket` has run; its output is attached to this event.\n**RELATED EVENTS:** correlated on `databases.stage.database-platform` — deployments, infrastructure changes and platform events from the last 30 minutes are attached as context.\n**SLO / ERROR BUDGET:** `slo-database-availability` · no error-budget impact (non-production)\n{{/is_alert}}\n{{#is_warning}}\n## SQL Server Connection Exhaustion Forecast — warning\nApproaching the alert condition on {{value}}. Investigate before it becomes P3.\n{{/is_warning}}\n{{#is_no_data}}\n## SQL Server Connection Exhaustion Forecast — NO DATA\nTelemetry stopped arriving for {{value}}. Treat this as a telemetry-health incident: an unmonitored resource is worse than an alerting one.\n{{/is_no_data}}\n{{#is_recovery}}\n## Recovered · SQL Server Connection Exhaustion Forecast\n{{value}} returned to normal. Error-budget impact recorded against `slo-database-availability`. No action required; the correlation group closes when every child recovers.\n{{/is_recovery}}\n{{#is_warning_recovery}}\nWarning cleared for {{value}}.\n{{/is_warning_recovery}}",
            "monitor_threshold_windows": [],
            "monitor_thresholds": [
              {
                "critical": "0",
                "critical_recovery": "",
                "ok": "",
                "unknown": "",
                "warning": "",
                "warning_recovery": ""
              }
            ],
            "name": "[P3][stage][database] SQL Server Connection Exhaustion Forecast (critical)",
            "new_group_delay": 300,
            "new_host_delay": 300,
            "no_data_timeframe": 0,
            "notification_preset_name": "",
            "notify_audit": false,
            "notify_by": [],
            "notify_no_data": false,
            "on_missing_data": "",
            "priority": "3",
            "query": "max(next_12h):forecast(avg:sqlserver.stats.connections{env:stage,alert_band:critical} by {host}, 'linear', 1, interval='15m', history='1d') \u003e 0",
            "renotify_interval": 30,
            "renotify_occurrences": 3,
            "renotify_statuses": [
              "alert"
            ],
            "require_full_window": false,
            "restricted_roles": null,
            "scheduling_options": [],
            "tags": [
              "alert_band:critical",
              "archetype:sqlserver-connection-saturation",
              "automation_ref:auto-capacity-ticket",
              "correlation_key:databases.stage.database-platform",
              "dedup_key:database-platform.stage.sqlserver-connection-saturation.critical",
              "detection:forecast",
              "domain:database",
              "env:stage",
              "failure_domain:databases",
              "impact_class:risk",
              "managed_by:terraform",
              "managed_source:platform",
              "monitor_id:stage.critical.database.sqlserver-connection-saturation",
              "monitoring_profile:critical",
              "notification_profile:nonprod_standard",
              "owner:data-engineering",
              "pages:false",
              "priority:p3",
              "resource_type:sqlserver_instance",
              "runbook:sqlserver-connection-saturation",
              "runbook_notebook:15318449",
              "service:database-platform",
              "signal:saturation",
              "slo_id:slo-database-availability",
              "support_model:24x7",
              "team:data-engineering",
              "tier:tier0"
            ],
            "timeout_h": 18,
            "type": "query alert",
            "validate": null,
            "variables": []
          },
          "sensitive_attributes": [],
          "private": "bnVsbA=="
        },
        {
          "index_key": "stage.critical.database.sqlserver-data-file-growth-forecast",
          "schema_version": 0,
          "attributes": {
            "assets": [
              {
                "category": "runbook",
                "name": "SQL Server Data File Exhaustion Forecast",
                "resource_key": "15318451",
                "resource_type": "notebook",
                "url": "https://app.datadoghq.com/notebook/15318451"
              }
            ],
            "draft_status": "published",
            "enable_logs_sample": null,
            "enable_samples": null,
            "escalation_message": "",
            "evaluation_delay": 300,
            "force_delete": null,
            "group_retention_duration": "",
            "groupby_simple_monitor": null,
            "id": "314985806",
            "include_tags": true,
            "locked": false,
            "message": "{{#is_alert}}\n## P3 · SQL Server Data File Exhaustion Forecast\n**WHAT:** SQL Server Data File Exhaustion Forecast: capacity signal detected by forecast analysis.\n**WHERE:** {{value}} · env `stage` · region `global`\n**SERVICE:** `database-platform` (database / sqlserver_instance, tier0)\n**BUSINESS IMPACT:** Nothing is broken yet. A boundary will be crossed if nobody acts within the lead time this monitor provides.\n**WHY IT TRIGGERED:** Extrapolating the recent trend, this resource is projected to cross its limit inside the forecast horizon. It has not crossed it yet — that is the point.\n**OWNER:** data-engineering · support 24x7 · this does not page\n**RUNBOOK:** attached to this monitor as `SQL Server Data File Exhaustion Forecast` — open it from the monitor's Runbook asset.\n**AUTOMATED DIAGNOSTICS:** workflow `auto-capacity-ticket` has run; its output is attached to this event.\n**RELATED EVENTS:** correlated on `databases.stage.database-platform` — deployments, infrastructure changes and platform events from the last 30 minutes are attached as context.\n**SLO / ERROR BUDGET:** `slo-database-availability` · no error-budget impact (non-production)\n{{/is_alert}}\n{{#is_warning}}\n## SQL Server Data File Exhaustion Forecast — warning\nApproaching the alert condition on {{value}}. Investigate before it becomes P3.\n{{/is_warning}}\n{{#is_no_data}}\n## SQL Server Data File Exhaustion Forecast — NO DATA\nTelemetry stopped arriving for {{value}}. Treat this as a telemetry-health incident: an unmonitored resource is worse than an alerting one.\n{{/is_no_data}}\n{{#is_recovery}}\n## Recovered · SQL Server Data File Exhaustion Forecast\n{{value}} returned to normal. Error-budget impact recorded against `slo-database-availability`. No action required; the correlation group closes when every child recovers.\n{{/is_recovery}}\n{{#is_warning_recovery}}\nWarning cleared for {{value}}.\n{{/is_warning_recovery}}",
            "monitor_threshold_windows": [],
            "monitor_thresholds": [
              {
                "critical": "90",
                "critical_recovery": "",
                "ok": "",
                "unknown": "",
                "warning": "80",
                "warning_recovery": ""
              }
            ],
            "name": "[P3][stage][database] SQL Server Data File Exhaustion Forecast (critical)",
            "new_group_delay": 300,
            "new_host_delay": 300,
            "no_data_timeframe": 0,
            "notification_preset_name": "",
            "notify_audit": false,
            "notify_by": [],
            "notify_no_data": false,
            "on_missing_data": "",
            "priority": "3",
            "query": "max(next_1w):forecast(avg:sqlserver.database.files.space_used{env:stage,alert_band:critical} by {host,db} / avg:sqlserver.database.files.size{env:stage,alert_band:critical} by {host,db} * 100, 'linear', 1, interval='1h', history='1w') \u003e 90",
            "renotify_interval": 30,
            "renotify_occurrences": 3,
            "renotify_statuses": [
              "alert"
            ],
            "require_full_window": false,
            "restricted_roles": null,
            "scheduling_options": [],
            "tags": [
              "alert_band:critical",
              "archetype:sqlserver-data-file-growth-forecast",
              "automation_ref:auto-capacity-ticket",
              "correlation_key:databases.stage.database-platform",
              "dedup_key:database-platform.stage.sqlserver-data-file-growth-forecast.critical",
              "detection:forecast",
              "domain:database",
              "env:stage",
              "failure_domain:databases",
              "impact_class:risk",
              "managed_by:terraform",
              "managed_source:platform",
              "monitor_id:stage.critical.database.sqlserver-data-file-growth-forecast",
              "monitoring_profile:critical",
              "notification_profile:nonprod_standard",
              "owner:data-engineering",
              "pages:false",
              "priority:p3",
              "resource_type:sqlserver_instance",
              "runbook:sqlserver-data-file-growth-forecast",
              "runbook_notebook:15318451",
              "service:database-platform",
              "signal:capacity",
              "slo_id:slo-database-availability",
              "support_model:24x7",
              "team:data-engineering",
              "tier:tier0"
            ],
            "timeout_h": 18,
            "type": "query alert",
            "validate": null,
            "variables": []
          },
          "sensitive_attributes": [],
          "private": "bnVsbA=="
        },
        {
          "index_key": "stage.critical.database.sqlserver-deadlock-anomaly",
          "schema_version": 0,
          "attributes": {
            "assets": [
              {
                "category": "runbook",
                "name": "SQL Server Deadlock Anomaly",
                "resource_key": "15318455",
                "resource_type": "notebook",
                "url": "https://app.datadoghq.com/notebook/15318455"
              }
            ],
            "draft_status": "published",
            "enable_logs_sample": null,
            "enable_samples": null,
            "escalation_message": "",
            "evaluation_delay": 300,
            "force_delete": null,
            "group_retention_duration": "",
            "groupby_simple_monitor": null,
            "id": "314985752",
            "include_tags": true,
            "locked": false,
            "message": "{{#is_alert}}\n## P3 · SQL Server Deadlock Anomaly\n**WHAT:** Deliberately separate from sqlserver-blocking-sessions. The engine resolves a deadlock by killing a victim transaction — the application sees an error, not a hang — so the remediation is a code/index change, not a session kill.\n\n**WHERE:** {{value}} · env `stage` · region `global`\n**SERVICE:** `database-platform` (database / sqlserver_instance, tier0)\n**BUSINESS IMPACT:** The service still functions but measurably worse; a subset of traffic or users is failing.\n**WHY IT TRIGGERED:** The signal deviated from its own learned baseline by more than the configured number of deviations — not because it crossed a fixed number.\n**OWNER:** data-engineering · support 24x7 · this does not page\n**RUNBOOK:** attached to this monitor as `SQL Server Deadlock Anomaly` — open it from the monitor's Runbook asset.\n**AUTOMATED DIAGNOSTICS:** workflow `diag-database` has run; its output is attached to this event.\n**RELATED EVENTS:** correlated on `databases.stage.database-platform` — deployments, infrastructure changes and platform events from the last 30 minutes are attached as context.\n**SLO / ERROR BUDGET:** `slo-database-latency` · no error-budget impact (non-production)\n{{/is_alert}}\n{{#is_warning}}\n## SQL Server Deadlock Anomaly — warning\nApproaching the alert condition on {{value}}. Investigate before it becomes P3.\n{{/is_warning}}\n{{#is_no_data}}\n## SQL Server Deadlock Anomaly — NO DATA\nTelemetry stopped arriving for {{value}}. Treat this as a telemetry-health incident: an unmonitored resource is worse than an alerting one.\n{{/is_no_data}}\n{{#is_recovery}}\n## Recovered · SQL Server Deadlock Anomaly\n{{value}} returned to normal. Error-budget impact recorded against `slo-database-latency`. No action required; the correlation group closes when every child recovers.\n{{/is_recovery}}\n{{#is_warning_recovery}}\nWarning cleared for {{value}}.\n{{/is_warning_recovery}}",
            "monitor_threshold_windows": [],
            "monitor_thresholds": [
              {
                "critical": "1",
                "critical_recovery": "",
                "ok": "",
                "unknown": "",
                "warning": "",
                "warning_recovery": ""
              }
            ],
            "name": "[P3][stage][database] SQL Server Deadlock Anomaly (critical)",
            "new_group_delay": 300,
            "new_host_delay": 300,
            "no_data_timeframe": 0,
            "notification_preset_name": "",
            "notify_audit": false,
            "notify_by": [],
            "notify_no_data": false,
            "on_missing_data": "",
            "priority": "3",
            "query": "avg(last_1h):anomalies(sum:sqlserver.locks.deadlocks{env:stage,alert_band:critical} by {host}.as_rate(), 'agile', 3, direction='above') \u003e= 1",
            "renotify_interval": 30,
            "renotify_occurrences": 3,
            "renotify_statuses": [
              "alert"
            ],
            "require_full_window": false,
            "restricted_roles": null,
            "scheduling_options": [],
            "tags": [
              "alert_band:critical",
              "archetype:sqlserver-deadlock-anomaly",
              "automation_ref:diag-database",
              "correlation_key:databases.stage.database-platform",
              "dedup_key:database-platform.stage.sqlserver-deadlock-anomaly.critical",
              "detection:anomaly",
              "domain:database",
              "env:stage",
              "failure_domain:databases",
              "impact_class:degradation",
              "managed_by:terraform",
              "managed_source:platform",
              "monitor_id:stage.critical.database.sqlserver-deadlock-anomaly",
              "monitoring_profile:critical",
              "notification_profile:nonprod_standard",
              "owner:data-engineering",
              "pages:false",
              "priority:p3",
              "resource_type:sqlserver_instance",
              "runbook:sqlserver-deadlock-anomaly",
              "runbook_notebook:15318455",
              "service:database-platform",
              "signal:error_rate",
              "slo_id:slo-database-latency",
              "support_model:24x7",
              "team:data-engineering",
              "tier:tier0"
            ],
            "timeout_h": 18,
            "type": "query alert",
            "validate": null,
            "variables": []
          },
          "sensitive_attributes": [],
          "private": "bnVsbA=="
        },
        {
          "index_key": "stage.critical.database.sqlserver-instance-unreachable",
          "schema_version": 0,
          "attributes": {
            "assets": [
              {
                "category": "runbook",
                "name": "SQL Server Instance Unreachable",
                "resource_key": "15318456",
                "resource_type": "notebook",
                "url": "https://app.datadoghq.com/notebook/15318456"
              }
            ],
            "draft_status": "published",
            "enable_logs_sample": null,
            "enable_samples": null,
            "escalation_message": "",
            "evaluation_delay": 0,
            "force_delete": null,
            "group_retention_duration": "",
            "groupby_simple_monitor": null,
            "id": "314985749",
            "include_tags": true,
            "locked": false,
            "message": "{{#is_alert}}\n## P3 · SQL Server Instance Unreachable\n**WHAT:** SQL Server Instance Unreachable: availability signal detected by service_check analysis.\n**WHERE:** {{value}} · env `stage` · region `global`\n**SERVICE:** `database-platform` (database / sqlserver_instance, tier0)\n**BUSINESS IMPACT:** Customers are affected now, or a mission-critical capability is unavailable.\n**WHY IT TRIGGERED:** A check reported a non-OK status for consecutive evaluations.\n**OWNER:** data-engineering · support 24x7 · this does not page\n**RUNBOOK:** attached to this monitor as `SQL Server Instance Unreachable` — open it from the monitor's Runbook asset.\n**AUTOMATED DIAGNOSTICS:** workflow `diag-database` has run; its output is attached to this event.\n**RELATED EVENTS:** correlated on `databases.stage.database-platform` — deployments, infrastructure changes and platform events from the last 30 minutes are attached as context.\n**SLO / ERROR BUDGET:** `slo-database-availability` · no error-budget impact (non-production)\n{{/is_alert}}\n{{#is_warning}}\n## SQL Server Instance Unreachable — warning\nApproaching the alert condition on {{value}}. Investigate before it becomes P3.\n{{/is_warning}}\n{{#is_no_data}}\n## SQL Server Instance Unreachable — NO DATA\nTelemetry stopped arriving for {{value}}. Treat this as a telemetry-health incident: an unmonitored resource is worse than an alerting one.\n{{/is_no_data}}\n{{#is_recovery}}\n## Recovered · SQL Server Instance Unreachable\n{{value}} returned to normal. Error-budget impact recorded against `slo-database-availability`. No action required; the correlation group closes when every child recovers.\n{{/is_recovery}}\n{{#is_warning_recovery}}\nWarning cleared for {{value}}.\n{{/is_warning_recovery}}",
            "monitor_threshold_windows": [],
            "monitor_thresholds": [
              {
                "critical": "2",
                "critical_recovery": "",
                "ok": "",
                "unknown": "",
                "warning": "1",
                "warning_recovery": ""
              }
            ],
            "name": "[P3][stage][database] SQL Server Instance Unreachable (critical)",
            "new_group_delay": 300,
            "new_host_delay": 300,
            "no_data_timeframe": 0,
            "notification_preset_name": "",
            "notify_audit": false,
            "notify_by": [],
            "notify_no_data": false,
            "on_missing_data": "",
            "priority": "3",
            "query": "\"sqlserver.can_connect\".over(\"env:stage,alert_band:critical\").by(\"host\").last(3).count_by_status()",
            "renotify_interval": 30,
            "renotify_occurrences": 3,
            "renotify_statuses": [
              "alert"
            ],
            "require_full_window": false,
            "restricted_roles": null,
            "scheduling_options": [],
            "tags": [
              "alert_band:critical",
              "archetype:sqlserver-instance-unreachable",
              "automation_ref:diag-database",
              "correlation_key:databases.stage.database-platform",
              "dedup_key:database-platform.stage.sqlserver-instance-unreachable.critical",
              "detection:service_check",
              "domain:database",
              "env:stage",
              "failure_domain:databases",
              "impact_class:customer_impact",
              "managed_by:terraform",
              "managed_source:platform",
              "monitor_id:stage.critical.database.sqlserver-instance-unreachable",
              "monitoring_profile:critical",
              "notification_profile:nonprod_standard",
              "owner:data-engineering",
              "pages:false",
              "priority:p3",
              "resource_type:sqlserver_instance",
              "runbook:sqlserver-instance-unreachable",
              "runbook_notebook:15318456",
              "service:database-platform",
              "signal:availability",
              "slo_id:slo-database-availability",
              "support_model:24x7",
              "team:data-engineering",
              "tier:tier0"
            ],
            "timeout_h": 12,
            "type": "service check",
            "validate": null,
            "variables": []
          },
          "sensitive_attributes": [],
          "private": "bnVsbA=="
        },
        {
          "index_key": "stage.critical.database.sqlserver-lock-wait-degradation",
          "schema_version": 0,
          "attributes": {
            "assets": [
              {
                "category": "runbook",
                "name": "SQL Server Lock Wait Time Degradation",
                "resource_key": "15318457",
                "resource_type": "notebook",
                "url": "https://app.datadoghq.com/notebook/15318457"
              }
            ],
            "draft_status": "published",
            "enable_logs_sample": null,
            "enable_samples": null,
            "escalation_message": "",
            "evaluation_delay": 300,
            "force_delete": null,
            "group_retention_duration": "",
            "groupby_simple_monitor": null,
            "id": "314985777",
            "include_tags": true,
            "locked": false,
            "message": "{{#is_alert}}\n## P3 · SQL Server Lock Wait Time Degradation\n**WHAT:** SQL Server Lock Wait Time Degradation: latency signal detected by rate_of_change analysis.\n**WHERE:** {{value}} · env `stage` · region `global`\n**SERVICE:** `database-platform` (database / sqlserver_instance, tier0)\n**BUSINESS IMPACT:** The service still functions but measurably worse; a subset of traffic or users is failing.\n**WHY IT TRIGGERED:** The signal changed faster than the configured percentage relative to its own recent history. Speed of degradation, not absolute level.\n**OWNER:** data-engineering · support 24x7 · this does not page\n**RUNBOOK:** attached to this monitor as `SQL Server Lock Wait Time Degradation` — open it from the monitor's Runbook asset.\n**AUTOMATED DIAGNOSTICS:** workflow `diag-database` has run; its output is attached to this event.\n**RELATED EVENTS:** correlated on `databases.stage.database-platform` — deployments, infrastructure changes and platform events from the last 30 minutes are attached as context.\n**SLO / ERROR BUDGET:** `slo-database-latency` · no error-budget impact (non-production)\n{{/is_alert}}\n{{#is_warning}}\n## SQL Server Lock Wait Time Degradation — warning\nApproaching the alert condition on {{value}}. Investigate before it becomes P3.\n{{/is_warning}}\n{{#is_no_data}}\n## SQL Server Lock Wait Time Degradation — NO DATA\nTelemetry stopped arriving for {{value}}. Treat this as a telemetry-health incident: an unmonitored resource is worse than an alerting one.\n{{/is_no_data}}\n{{#is_recovery}}\n## Recovered · SQL Server Lock Wait Time Degradation\n{{value}} returned to normal. Error-budget impact recorded against `slo-database-latency`. No action required; the correlation group closes when every child recovers.\n{{/is_recovery}}\n{{#is_warning_recovery}}\nWarning cleared for {{value}}.\n{{/is_warning_recovery}}",
            "monitor_threshold_windows": [],
            "monitor_thresholds": [
              {
                "critical": "200",
                "critical_recovery": "",
                "ok": "",
                "unknown": "",
                "warning": "100",
                "warning_recovery": ""
              }
            ],
            "name": "[P3][stage][database] SQL Server Lock Wait Time Degradation (critical)",
            "new_group_delay": 300,
            "new_host_delay": 300,
            "no_data_timeframe": 0,
            "notification_preset_name": "",
            "notify_audit": false,
            "notify_by": [],
            "notify_no_data": false,
            "on_missing_data": "",
            "priority": "3",
            "query": "pct_change(avg(last_30m),last_1h):avg:sqlserver.stats.lock_waits{env:stage,alert_band:critical} by {host} \u003e 200",
            "renotify_interval": 30,
            "renotify_occurrences": 3,
            "renotify_statuses": [
              "alert"
            ],
            "require_full_window": false,
            "restricted_roles": null,
            "scheduling_options": [],
            "tags": [
              "alert_band:critical",
              "archetype:sqlserver-lock-wait-degradation",
              "automation_ref:diag-database",
              "correlation_key:databases.stage.database-platform",
              "dedup_key:database-platform.stage.sqlserver-lock-wait-degradation.critical",
              "detection:rate_of_change",
              "domain:database",
              "env:stage",
              "failure_domain:databases",
              "impact_class:degradation",
              "managed_by:terraform",
              "managed_source:platform",
              "monitor_id:stage.critical.database.sqlserver-lock-wait-degradation",
              "monitoring_profile:critical",
              "notification_profile:nonprod_standard",
              "owner:data-engineering",
              "pages:false",
              "priority:p3",
              "resource_type:sqlserver_instance",
              "runbook:sqlserver-lock-wait-degradation",
              "runbook_notebook:15318457",
              "service:database-platform",
              "signal:latency",
              "slo_id:slo-database-latency",
              "support_model:24x7",
              "team:data-engineering",
              "tier:tier0"
            ],
            "timeout_h": 18,
            "type": "query alert",
            "validate": null,
            "variables": []
          },
          "sensitive_attributes": [],
          "private": "bnVsbA=="
        },
        {
          "index_key": "stage.critical.database.sqlserver-log-flush-wait-degradation",
          "schema_version": 0,
          "attributes": {
            "assets": [
              {
                "category": "runbook",
                "name": "SQL Server Transaction Log Flush Wait Degradation",
                "resource_key": "15318458",
                "resource_type": "notebook",
                "url": "https://app.datadoghq.com/notebook/15318458"
              }
            ],
            "draft_status": "published",
            "enable_logs_sample": null,
            "enable_samples": null,
            "escalation_message": "",
            "evaluation_delay": 300,
            "force_delete": null,
            "group_retention_duration": "",
            "groupby_simple_monitor": null,
            "id": "314985792",
            "include_tags": true,
            "locked": false,
            "message": "{{#is_alert}}\n## P3 · SQL Server Transaction Log Flush Wait Degradation\n**WHAT:** Every committing transaction waits on the log flush, so this is the earliest instance-wide symptom of log-storage trouble.\n\n**WHERE:** {{value}} · env `stage` · region `global`\n**SERVICE:** `database-platform` (database / sqlserver_instance, tier0)\n**BUSINESS IMPACT:** The service still functions but measurably worse; a subset of traffic or users is failing.\n**WHY IT TRIGGERED:** The signal changed faster than the configured percentage relative to its own recent history. Speed of degradation, not absolute level.\n**OWNER:** data-engineering · support 24x7 · this does not page\n**RUNBOOK:** attached to this monitor as `SQL Server Transaction Log Flush Wait Degradation` — open it from the monitor's Runbook asset.\n**AUTOMATED DIAGNOSTICS:** workflow `diag-database` has run; its output is attached to this event.\n**RELATED EVENTS:** correlated on `databases.stage.database-platform` — deployments, infrastructure changes and platform events from the last 30 minutes are attached as context.\n**SLO / ERROR BUDGET:** `slo-database-latency` · no error-budget impact (non-production)\n{{/is_alert}}\n{{#is_warning}}\n## SQL Server Transaction Log Flush Wait Degradation — warning\nApproaching the alert condition on {{value}}. Investigate before it becomes P3.\n{{/is_warning}}\n{{#is_no_data}}\n## SQL Server Transaction Log Flush Wait Degradation — NO DATA\nTelemetry stopped arriving for {{value}}. Treat this as a telemetry-health incident: an unmonitored resource is worse than an alerting one.\n{{/is_no_data}}\n{{#is_recovery}}\n## Recovered · SQL Server Transaction Log Flush Wait Degradation\n{{value}} returned to normal. Error-budget impact recorded against `slo-database-latency`. No action required; the correlation group closes when every child recovers.\n{{/is_recovery}}\n{{#is_warning_recovery}}\nWarning cleared for {{value}}.\n{{/is_warning_recovery}}",
            "monitor_threshold_windows": [],
            "monitor_thresholds": [
              {
                "critical": "150",
                "critical_recovery": "",
                "ok": "",
                "unknown": "",
                "warning": "75",
                "warning_recovery": ""
              }
            ],
            "name": "[P3][stage][database] SQL Server Transaction Log Flush Wait Degradation (critical)",
            "new_group_delay": 300,
            "new_host_delay": 300,
            "no_data_timeframe": 0,
            "notification_preset_name": "",
            "notify_audit": false,
            "notify_by": [],
            "notify_no_data": false,
            "on_missing_data": "",
            "priority": "3",
            "query": "pct_change(avg(last_30m),last_1h):avg:sqlserver.database.log_flush_wait{env:stage,alert_band:critical} by {host,db} \u003e 150",
            "renotify_interval": 30,
            "renotify_occurrences": 3,
            "renotify_statuses": [
              "alert"
            ],
            "require_full_window": false,
            "restricted_roles": null,
            "scheduling_options": [],
            "tags": [
              "alert_band:critical",
              "archetype:sqlserver-log-flush-wait-degradation",
              "automation_ref:diag-database",
              "correlation_key:databases.stage.database-platform",
              "dedup_key:database-platform.stage.sqlserver-log-flush-wait-degradation.critical",
              "detection:rate_of_change",
              "domain:database",
              "env:stage",
              "failure_domain:databases",
              "impact_class:degradation",
              "managed_by:terraform",
              "managed_source:platform",
              "monitor_id:stage.critical.database.sqlserver-log-flush-wait-degradation",
              "monitoring_profile:critical",
              "notification_profile:nonprod_standard",
              "owner:data-engineering",
              "pages:false",
              "priority:p3",
              "resource_type:sqlserver_instance",
              "runbook:sqlserver-log-flush-wait-degradation",
              "runbook_notebook:15318458",
              "service:database-platform",
              "signal:latency",
              "slo_id:slo-database-latency",
              "support_model:24x7",
              "team:data-engineering",
              "tier:tier0"
            ],
            "timeout_h": 18,
            "type": "query alert",
            "validate": null,
            "variables": []
          },
          "sensitive_attributes": [],
          "private": "bnVsbA=="
        },
        {
          "index_key": "stage.critical.database.sqlserver-long-running-transaction",
          "schema_version": 0,
          "attributes": {
            "assets": [
              {
                "category": "runbook",
                "name": "SQL Server Long-Running Transaction",
                "resource_key": "15318459",
                "resource_type": "notebook",
                "url": "https://app.datadoghq.com/notebook/15318459"
              }
            ],
            "draft_status": "published",
            "enable_logs_sample": null,
            "enable_samples": null,
            "escalation_message": "",
            "evaluation_delay": 300,
            "force_delete": null,
            "group_retention_duration": "",
            "groupby_simple_monitor": null,
            "id": "314985755",
            "include_tags": true,
            "locked": false,
            "message": "{{#is_alert}}\n## P3 · SQL Server Long-Running Transaction\n**WHAT:** SQL Server Long-Running Transaction: latency signal detected by threshold analysis.\n**WHERE:** {{value}} · env `stage` · region `global`\n**SERVICE:** `database-platform` (database / sqlserver_instance, tier0)\n**BUSINESS IMPACT:** The service still functions but measurably worse; a subset of traffic or users is failing.\n**WHY IT TRIGGERED:** 30 minutes is the operational boundary, not a statistical one: an open transaction holds locks and pins the transaction log from truncation for its whole life, so log growth and blocking both start from here.\n\n**OWNER:** data-engineering · support 24x7 · this does not page\n**RUNBOOK:** attached to this monitor as `SQL Server Long-Running Transaction` — open it from the monitor's Runbook asset.\n**AUTOMATED DIAGNOSTICS:** workflow `diag-database` has run; its output is attached to this event.\n**RELATED EVENTS:** correlated on `databases.stage.database-platform` — deployments, infrastructure changes and platform events from the last 30 minutes are attached as context.\n**SLO / ERROR BUDGET:** `slo-database-latency` · no error-budget impact (non-production)\n{{/is_alert}}\n{{#is_warning}}\n## SQL Server Long-Running Transaction — warning\nApproaching the alert condition on {{value}}. Investigate before it becomes P3.\n{{/is_warning}}\n{{#is_no_data}}\n## SQL Server Long-Running Transaction — NO DATA\nTelemetry stopped arriving for {{value}}. Treat this as a telemetry-health incident: an unmonitored resource is worse than an alerting one.\n{{/is_no_data}}\n{{#is_recovery}}\n## Recovered · SQL Server Long-Running Transaction\n{{value}} returned to normal. Error-budget impact recorded against `slo-database-latency`. No action required; the correlation group closes when every child recovers.\n{{/is_recovery}}\n{{#is_warning_recovery}}\nWarning cleared for {{value}}.\n{{/is_warning_recovery}}",
            "monitor_threshold_windows": [],
            "monitor_thresholds": [
              {
                "critical": "1800",
                "critical_recovery": "",
                "ok": "",
                "unknown": "",
                "warning": "600",
                "warning_recovery": ""
              }
            ],
            "name": "[P3][stage][database] SQL Server Long-Running Transaction (critical)",
            "new_group_delay": 300,
            "new_host_delay": 300,
            "no_data_timeframe": 0,
            "notification_preset_name": "",
            "notify_audit": false,
            "notify_by": [],
            "notify_no_data": false,
            "on_missing_data": "",
            "priority": "3",
            "query": "max(last_30m):max:sqlserver.transactions.longest_transaction_running_time{env:stage,alert_band:critical} by {host} \u003e 1800",
            "renotify_interval": 30,
            "renotify_occurrences": 3,
            "renotify_statuses": [
              "alert"
            ],
            "require_full_window": false,
            "restricted_roles": null,
            "scheduling_options": [],
            "tags": [
              "alert_band:critical",
              "archetype:sqlserver-long-running-transaction",
              "automation_ref:diag-database",
              "correlation_key:databases.stage.database-platform",
              "dedup_key:database-platform.stage.sqlserver-long-running-transaction.critical",
              "detection:threshold",
              "domain:database",
              "env:stage",
              "failure_domain:databases",
              "impact_class:degradation",
              "managed_by:terraform",
              "managed_source:platform",
              "monitor_id:stage.critical.database.sqlserver-long-running-transaction",
              "monitoring_profile:critical",
              "notification_profile:nonprod_standard",
              "owner:data-engineering",
              "pages:false",
              "priority:p3",
              "resource_type:sqlserver_instance",
              "runbook:sqlserver-long-running-transaction",
              "runbook_notebook:15318459",
              "service:database-platform",
              "signal:latency",
              "slo_id:slo-database-latency",
              "support_model:24x7",
              "team:data-engineering",
              "tier:tier0"
            ],
            "timeout_h": 18,
            "type": "query alert",
            "validate": null,
            "variables": []
          },
          "sensitive_attributes": [],
          "private": "bnVsbA=="
        },
        {
          "index_key": "stage.critical.database.sqlserver-memory-pressure",
          "schema_version": 0,
          "attributes": {
            "assets": [
              {
                "category": "runbook",
                "name": "SQL Server Buffer Pool Memory Pressure",
                "resource_key": "15318460",
                "resource_type": "notebook",
                "url": "https://app.datadoghq.com/notebook/15318460"
              }
            ],
            "draft_status": "published",
            "enable_logs_sample": null,
            "enable_samples": null,
            "escalation_message": "",
            "evaluation_delay": 300,
            "force_delete": null,
            "group_retention_duration": "",
            "groupby_simple_monitor": null,
            "id": "314985771",
            "include_tags": true,
            "locked": false,
            "message": "{{#is_alert}}\n## P3 · SQL Server Buffer Pool Memory Pressure\n**WHAT:** Page life expectancy collapsing means the buffer pool is being churned — pages are evicted before they are reused, so reads go to disk. Measured as a fall against its own recent baseline because the healthy absolute value depends entirely on how much memory the instance has.\n\n**WHERE:** {{value}} · env `stage` · region `global`\n**SERVICE:** `database-platform` (database / sqlserver_instance, tier0)\n**BUSINESS IMPACT:** The service still functions but measurably worse; a subset of traffic or users is failing.\n**WHY IT TRIGGERED:** The signal changed faster than the configured percentage relative to its own recent history. Speed of degradation, not absolute level.\n**OWNER:** data-engineering · support 24x7 · this does not page\n**RUNBOOK:** attached to this monitor as `SQL Server Buffer Pool Memory Pressure` — open it from the monitor's Runbook asset.\n**AUTOMATED DIAGNOSTICS:** workflow `diag-database` has run; its output is attached to this event.\n**RELATED EVENTS:** correlated on `databases.stage.database-platform` — deployments, infrastructure changes and platform events from the last 30 minutes are attached as context.\n**SLO / ERROR BUDGET:** `slo-database-latency` · no error-budget impact (non-production)\n{{/is_alert}}\n{{#is_warning}}\n## SQL Server Buffer Pool Memory Pressure — warning\nApproaching the alert condition on {{value}}. Investigate before it becomes P3.\n{{/is_warning}}\n{{#is_no_data}}\n## SQL Server Buffer Pool Memory Pressure — NO DATA\nTelemetry stopped arriving for {{value}}. Treat this as a telemetry-health incident: an unmonitored resource is worse than an alerting one.\n{{/is_no_data}}\n{{#is_recovery}}\n## Recovered · SQL Server Buffer Pool Memory Pressure\n{{value}} returned to normal. Error-budget impact recorded against `slo-database-latency`. No action required; the correlation group closes when every child recovers.\n{{/is_recovery}}\n{{#is_warning_recovery}}\nWarning cleared for {{value}}.\n{{/is_warning_recovery}}",
            "monitor_threshold_windows": [],
            "monitor_thresholds": [
              {
                "critical": "-50",
                "critical_recovery": "",
                "ok": "",
                "unknown": "",
                "warning": "-30",
                "warning_recovery": ""
              }
            ],
            "name": "[P3][stage][database] SQL Server Buffer Pool Memory Pressure (critical)",
            "new_group_delay": 300,
            "new_host_delay": 300,
            "no_data_timeframe": 0,
            "notification_preset_name": "",
            "notify_audit": false,
            "notify_by": [],
            "notify_no_data": false,
            "on_missing_data": "",
            "priority": "3",
            "query": "pct_change(avg(last_30m),last_4h):avg:sqlserver.buffer.page_life_expectancy{env:stage,alert_band:critical} by {host} \u003c -50",
            "renotify_interval": 30,
            "renotify_occurrences": 3,
            "renotify_statuses": [
              "alert"
            ],
            "require_full_window": false,
            "restricted_roles": null,
            "scheduling_options": [],
            "tags": [
              "alert_band:critical",
              "archetype:sqlserver-memory-pressure",
              "automation_ref:diag-database",
              "correlation_key:databases.stage.database-platform",
              "dedup_key:database-platform.stage.sqlserver-memory-pressure.critical",
              "detection:rate_of_change",
              "domain:database",
              "env:stage",
              "failure_domain:databases",
              "impact_class:degradation",
              "managed_by:terraform",
              "managed_source:platform",
              "monitor_id:stage.critical.database.sqlserver-memory-pressure",
              "monitoring_profile:critical",
              "notification_profile:nonprod_standard",
              "owner:data-engineering",
              "pages:false",
              "priority:p3",
              "resource_type:sqlserver_instance",
              "runbook:sqlserver-memory-pressure",
              "runbook_notebook:15318460",
              "service:database-platform",
              "signal:saturation",
              "slo_id:slo-database-latency",
              "support_model:24x7",
              "team:data-engineering",
              "tier:tier0"
            ],
            "timeout_h": 18,
            "type": "query alert",
            "validate": null,
            "variables": []
          },
          "sensitive_attributes": [],
          "private": "bnVsbA=="
        },
        {
          "index_key": "stage.critical.database.sqlserver-replica-lag",
          "schema_version": 0,
          "attributes": {
            "assets": [
              {
                "category": "runbook",
                "name": "SQL Server Secondary Replica Lag",
                "resource_key": "15318461",
                "resource_type": "notebook",
                "url": "https://app.datadoghq.com/notebook/15318461"
              }
            ],
            "draft_status": "published",
            "enable_logs_sample": null,
            "enable_samples": null,
            "escalation_message": "",
            "evaluation_delay": 300,
            "force_delete": null,
            "group_retention_duration": "",
            "groupby_simple_monitor": null,
            "id": "314985783",
            "include_tags": true,
            "locked": false,
            "message": "{{#is_alert}}\n## P3 · SQL Server Secondary Replica Lag\n**WHAT:** SQL Server Secondary Replica Lag: replication_lag signal detected by threshold analysis.\n**WHERE:** {{value}} · env `stage` · region `global`\n**SERVICE:** `database-platform` (database / availability_group, tier0)\n**BUSINESS IMPACT:** The service still functions but measurably worse; a subset of traffic or users is failing.\n**WHY IT TRIGGERED:** 60 seconds is the recovery point this platform is willing to lose on an unplanned failover. It is an RPO decision, which is exactly the kind of number a fixed threshold should carry.\n\n**OWNER:** data-engineering · support 24x7 · this does not page\n**RUNBOOK:** attached to this monitor as `SQL Server Secondary Replica Lag` — open it from the monitor's Runbook asset.\n**AUTOMATED DIAGNOSTICS:** workflow `diag-database` has run; its output is attached to this event.\n**RELATED EVENTS:** correlated on `databases.stage.database-platform` — deployments, infrastructure changes and platform events from the last 30 minutes are attached as context.\n**SLO / ERROR BUDGET:** `slo-database-availability` · no error-budget impact (non-production)\n{{/is_alert}}\n{{#is_warning}}\n## SQL Server Secondary Replica Lag — warning\nApproaching the alert condition on {{value}}. Investigate before it becomes P3.\n{{/is_warning}}\n{{#is_no_data}}\n## SQL Server Secondary Replica Lag — NO DATA\nTelemetry stopped arriving for {{value}}. Treat this as a telemetry-health incident: an unmonitored resource is worse than an alerting one.\n{{/is_no_data}}\n{{#is_recovery}}\n## Recovered · SQL Server Secondary Replica Lag\n{{value}} returned to normal. Error-budget impact recorded against `slo-database-availability`. No action required; the correlation group closes when every child recovers.\n{{/is_recovery}}\n{{#is_warning_recovery}}\nWarning cleared for {{value}}.\n{{/is_warning_recovery}}",
            "monitor_threshold_windows": [],
            "monitor_thresholds": [
              {
                "critical": "60",
                "critical_recovery": "",
                "ok": "",
                "unknown": "",
                "warning": "30",
                "warning_recovery": ""
              }
            ],
            "name": "[P3][stage][database] SQL Server Secondary Replica Lag (critical)",
            "new_group_delay": 300,
            "new_host_delay": 300,
            "no_data_timeframe": 0,
            "notification_preset_name": "",
            "notify_audit": false,
            "notify_by": [],
            "notify_no_data": false,
            "on_missing_data": "",
            "priority": "3",
            "query": "avg(last_30m):max:sqlserver.ao.secondary_lag_seconds{env:stage,alert_band:critical} by {availability_group,replica_server_name} \u003e 60",
            "renotify_interval": 30,
            "renotify_occurrences": 3,
            "renotify_statuses": [
              "alert"
            ],
            "require_full_window": false,
            "restricted_roles": null,
            "scheduling_options": [],
            "tags": [
              "alert_band:critical",
              "archetype:sqlserver-replica-lag",
              "automation_ref:diag-database",
              "correlation_key:databases.stage.database-platform",
              "dedup_key:database-platform.stage.sqlserver-replica-lag.critical",
              "detection:threshold",
              "domain:database",
              "env:stage",
              "failure_domain:databases",
              "impact_class:degradation",
              "managed_by:terraform",
              "managed_source:platform",
              "monitor_id:stage.critical.database.sqlserver-replica-lag",
              "monitoring_profile:critical",
              "notification_profile:nonprod_standard",
              "owner:data-engineering",
              "pages:false",
              "priority:p3",
              "resource_type:availability_group",
              "runbook:sqlserver-replica-lag",
              "runbook_notebook:15318461",
              "service:database-platform",
              "signal:replication_lag",
              "slo_id:slo-database-availability",
              "support_model:24x7",
              "team:data-engineering",
              "tier:tier0"
            ],
            "timeout_h": 18,
            "type": "query alert",
            "validate": null,
            "variables": []
          },
          "sensitive_attributes": [],
          "private": "bnVsbA=="
        },
        {
          "index_key": "stage.critical.database.sqlserver-tempdb-space-exhaustion",
          "schema_version": 0,
          "attributes": {
            "assets": [
              {
                "category": "runbook",
                "name": "SQL Server TempDB Space Exhaustion Forecast",
                "resource_key": "15318465",
                "resource_type": "notebook",
                "url": "https://app.datadoghq.com/notebook/15318465"
              }
            ],
            "draft_status": "published",
            "enable_logs_sample": null,
            "enable_samples": null,
            "escalation_message": "",
            "evaluation_delay": 300,
            "force_delete": null,
            "group_retention_duration": "",
            "groupby_simple_monitor": null,
            "id": "314985769",
            "include_tags": true,
            "locked": false,
            "message": "{{#is_alert}}\n## P3 · SQL Server TempDB Space Exhaustion Forecast\n**WHAT:** TempDB filling stops every session that needs a sort, a hash join, a spool or a snapshot version — it is an instance-wide outage, which is why this forecasts rather than waits.\n\n**WHERE:** {{value}} · env `stage` · region `global`\n**SERVICE:** `database-platform` (database / sqlserver_instance, tier0)\n**BUSINESS IMPACT:** Nothing is broken yet. A boundary will be crossed if nobody acts within the lead time this monitor provides.\n**WHY IT TRIGGERED:** Extrapolating the recent trend, this resource is projected to cross its limit inside the forecast horizon. It has not crossed it yet — that is the point.\n**OWNER:** data-engineering · support 24x7 · this does not page\n**RUNBOOK:** attached to this monitor as `SQL Server TempDB Space Exhaustion Forecast` — open it from the monitor's Runbook asset.\n**AUTOMATED DIAGNOSTICS:** workflow `auto-capacity-ticket` has run; its output is attached to this event.\n**RELATED EVENTS:** correlated on `databases.stage.database-platform` — deployments, infrastructure changes and platform events from the last 30 minutes are attached as context.\n**SLO / ERROR BUDGET:** `slo-database-availability` · no error-budget impact (non-production)\n{{/is_alert}}\n{{#is_warning}}\n## SQL Server TempDB Space Exhaustion Forecast — warning\nApproaching the alert condition on {{value}}. Investigate before it becomes P3.\n{{/is_warning}}\n{{#is_no_data}}\n## SQL Server TempDB Space Exhaustion Forecast — NO DATA\nTelemetry stopped arriving for {{value}}. Treat this as a telemetry-health incident: an unmonitored resource is worse than an alerting one.\n{{/is_no_data}}\n{{#is_recovery}}\n## Recovered · SQL Server TempDB Space Exhaustion Forecast\n{{value}} returned to normal. Error-budget impact recorded against `slo-database-availability`. No action required; the correlation group closes when every child recovers.\n{{/is_recovery}}\n{{#is_warning_recovery}}\nWarning cleared for {{value}}.\n{{/is_warning_recovery}}",
            "monitor_threshold_windows": [],
            "monitor_thresholds": [
              {
                "critical": "1",
                "critical_recovery": "",
                "ok": "",
                "unknown": "",
                "warning": "",
                "warning_recovery": ""
              }
            ],
            "name": "[P3][stage][database] SQL Server TempDB Space Exhaustion Forecast (critical)",
            "new_group_delay": 300,
            "new_host_delay": 300,
            "no_data_timeframe": 0,
            "notification_preset_name": "",
            "notify_audit": false,
            "notify_by": [],
            "notify_no_data": false,
            "on_missing_data": "",
            "priority": "3",
            "query": "min(next_12h):forecast(avg:sqlserver.tempdb.file_space_usage.free_space{env:stage,alert_band:critical} by {host}, 'linear', 1, interval='30m', history='1d') \u003c 1",
            "renotify_interval": 30,
            "renotify_occurrences": 3,
            "renotify_statuses": [
              "alert"
            ],
            "require_full_window": false,
            "restricted_roles": null,
            "scheduling_options": [],
            "tags": [
              "alert_band:critical",
              "archetype:sqlserver-tempdb-space-exhaustion",
              "automation_ref:auto-capacity-ticket",
              "correlation_key:databases.stage.database-platform",
              "dedup_key:database-platform.stage.sqlserver-tempdb-space-exhaustion.critical",
              "detection:forecast",
              "domain:database",
              "env:stage",
              "failure_domain:databases",
              "impact_class:risk",
              "managed_by:terraform",
              "managed_source:platform",
              "monitor_id:stage.critical.database.sqlserver-tempdb-space-exhaustion",
              "monitoring_profile:critical",
              "notification_profile:nonprod_standard",
              "owner:data-engineering",
              "pages:false",
              "priority:p3",
              "resource_type:sqlserver_instance",
              "runbook:sqlserver-tempdb-space-exhaustion",
              "runbook_notebook:15318465",
              "service:database-platform",
              "signal:capacity",
              "slo_id:slo-database-availability",
              "support_model:24x7",
              "team:data-engineering",
              "tier:tier0"
            ],
            "timeout_h": 18,
            "type": "query alert",
            "validate": null,
            "variables": []
          },
          "sensitive_attributes": [],
          "private": "bnVsbA=="
        },
        {
          "index_key": "stage.critical.infrastructure.host-agent-unhealthy",
          "schema_version": 0,
          "attributes": {
            "assets": [
              {
                "category": "runbook",
                "name": "Datadog Agent Unhealthy",
                "resource_key": "15298620",
                "resource_type": "notebook",
                "url": "https://app.datadoghq.com/notebook/15298620"
              }
            ],
            "draft_status": "published",
            "enable_logs_sample": null,
            "enable_samples": null,
            "escalation_message": "",
            "evaluation_delay": 300,
            "force_delete": null,
            "group_retention_duration": "",
            "groupby_simple_monitor": null,
            "id": "314372429",
            "include_tags": true,
            "locked": false,
            "message": "{{#is_alert}}\n## P4 · Datadog Agent Unhealthy\n**WHAT:** Datadog Agent Unhealthy: telemetry_health signal detected by threshold analysis.\n**WHERE:** {{value}} · env `stage` · region `global`\n**SERVICE:** `platform-services` (infrastructure / host, tier0)\n**BUSINESS IMPACT:** Observability or configuration hygiene is degraded. No direct customer impact, but our ability to see or govern the estate is reduced.\n**WHY IT TRIGGERED:** Agent presence is binary and is the precondition for every other host signal — this is the monitor that protects the monitoring.\n\n**OWNER:** infrastructure-engineering · support 24x7 · this does not page\n**RUNBOOK:** attached to this monitor as `Datadog Agent Unhealthy` — open it from the monitor's Runbook asset.\n**AUTOMATED DIAGNOSTICS:** workflow `diag-host` has run; its output is attached to this event.\n**RELATED EVENTS:** correlated on `compute.stage.platform-services` — deployments, infrastructure changes and platform events from the last 30 minutes are attached as context.\n**SLO / ERROR BUDGET:** `slo-platform-services` · no error-budget impact (non-production)\n{{/is_alert}}\n{{#is_warning}}\n## Datadog Agent Unhealthy — warning\nApproaching the alert condition on {{value}}. Investigate before it becomes P4.\n{{/is_warning}}\n{{#is_no_data}}\n## Datadog Agent Unhealthy — NO DATA\nTelemetry stopped arriving for {{value}}. Treat this as a telemetry-health incident: an unmonitored resource is worse than an alerting one.\n{{/is_no_data}}\n{{#is_recovery}}\n## Recovered · Datadog Agent Unhealthy\n{{value}} returned to normal. Error-budget impact recorded against `slo-platform-services`. No action required; the correlation group closes when every child recovers.\n{{/is_recovery}}\n{{#is_warning_recovery}}\nWarning cleared for {{value}}.\n{{/is_warning_recovery}}",
            "monitor_threshold_windows": [],
            "monitor_thresholds": [
              {
                "critical": "1",
                "critical_recovery": "",
                "ok": "",
                "unknown": "",
                "warning": "",
                "warning_recovery": ""
              }
            ],
            "name": "[P4][stage][infrastructure] Datadog Agent Unhealthy (critical)",
            "new_group_delay": 300,
            "new_host_delay": 300,
            "no_data_timeframe": 0,
            "notification_preset_name": "",
            "notify_audit": false,
            "notify_by": [
              "cluster"
            ],
            "notify_no_data": false,
            "on_missing_data": "",
            "priority": "4",
            "query": "avg(last_1h):avg:datadog.agent.running{env:stage,alert_band:critical} by {cluster,host} \u003c 1",
            "renotify_interval": 30,
            "renotify_occurrences": 3,
            "renotify_statuses": [
              "alert"
            ],
            "require_full_window": false,
            "restricted_roles": null,
            "scheduling_options": [],
            "tags": [
              "alert_band:critical",
              "archetype:host-agent-unhealthy",
              "automation_ref:diag-host",
              "correlation_key:compute.stage.platform-services",
              "dedup_key:platform-services.stage.host-agent-unhealthy.critical",
              "detection:threshold",
              "domain:infrastructure",
              "env:stage",
              "failure_domain:compute",
              "impact_class:hygiene",
              "managed_by:terraform",
              "managed_source:platform",
              "monitor_id:stage.critical.infrastructure.host-agent-unhealthy",
              "monitoring_profile:critical",
              "notification_profile:nonprod_standard",
              "owner:infrastructure-engineering",
              "pages:false",
              "priority:p4",
              "resource_type:host",
              "runbook:host-agent-unhealthy",
              "runbook_notebook:15298620",
              "service:platform-services",
              "signal:telemetry_health",
              "slo_id:slo-platform-services",
              "support_model:24x7",
              "team:infrastructure-engineering",
              "tier:tier0"
            ],
            "timeout_h": 24,
            "type": "query alert",
            "validate": null,
            "variables": []
          },
          "sensitive_attributes": [],
          "private": "bnVsbA=="
        },
        {
          "index_key": "stage.critical.infrastructure.host-disk-exhaustion-forecast",
          "schema_version": 0,
          "attributes": {
            "assets": [
              {
                "category": "runbook",
                "name": "Disk Exhaustion Forecast",
                "resource_key": "15298623",
                "resource_type": "notebook",
                "url": "https://app.datadoghq.com/notebook/15298623"
              }
            ],
            "draft_status": "published",
            "enable_logs_sample": null,
            "enable_samples": null,
            "escalation_message": "",
            "evaluation_delay": 300,
            "force_delete": null,
            "group_retention_duration": "",
            "groupby_simple_monitor": null,
            "id": "314372379",
            "include_tags": true,
            "locked": false,
            "message": "{{#is_alert}}\n## P3 · Disk Exhaustion Forecast\n**WHAT:** Replaces \"disk \u003e 90%\". A volume steady at 92% for two years is not an incident; a volume at 60% growing 8%/day is. Three days of lead time is the shortest window in which a human can reliably act.\n\n**WHERE:** {{value}} · env `stage` · region `global`\n**SERVICE:** `compute-platform` (infrastructure / host, tier0)\n**BUSINESS IMPACT:** Nothing is broken yet. A boundary will be crossed if nobody acts within the lead time this monitor provides.\n**WHY IT TRIGGERED:** Extrapolating the recent trend, this resource is projected to cross its limit inside the forecast horizon. It has not crossed it yet — that is the point.\n**OWNER:** infrastructure-engineering · support 24x7 · this does not page\n**RUNBOOK:** attached to this monitor as `Disk Exhaustion Forecast` — open it from the monitor's Runbook asset.\n**AUTOMATED DIAGNOSTICS:** workflow `auto-capacity-ticket` has run; its output is attached to this event.\n**RELATED EVENTS:** correlated on `storage.stage.compute-platform` — deployments, infrastructure changes and platform events from the last 30 minutes are attached as context.\n**SLO / ERROR BUDGET:** `slo-infra-compute-availability` · no error-budget impact (non-production)\n{{/is_alert}}\n{{#is_warning}}\n## Disk Exhaustion Forecast — warning\nApproaching the alert condition on {{value}}. Investigate before it becomes P3.\n{{/is_warning}}\n{{#is_no_data}}\n## Disk Exhaustion Forecast — NO DATA\nTelemetry stopped arriving for {{value}}. Treat this as a telemetry-health incident: an unmonitored resource is worse than an alerting one.\n{{/is_no_data}}\n{{#is_recovery}}\n## Recovered · Disk Exhaustion Forecast\n{{value}} returned to normal. Error-budget impact recorded against `slo-infra-compute-availability`. No action required; the correlation group closes when every child recovers.\n{{/is_recovery}}\n{{#is_warning_recovery}}\nWarning cleared for {{value}}.\n{{/is_warning_recovery}}",
            "monitor_threshold_windows": [],
            "monitor_thresholds": [
              {
                "critical": "0.95",
                "critical_recovery": "",
                "ok": "",
                "unknown": "",
                "warning": "0.9",
                "warning_recovery": ""
              }
            ],
            "name": "[P3][stage][infrastructure] Disk Exhaustion Forecast (critical)",
            "new_group_delay": 300,
            "new_host_delay": 300,
            "no_data_timeframe": 0,
            "notification_preset_name": "",
            "notify_audit": false,
            "notify_by": [
              "cluster"
            ],
            "notify_no_data": false,
            "on_missing_data": "",
            "priority": "3",
            "query": "max(next_3d):forecast(avg:system.disk.in_use{env:stage,alert_band:critical} by {cluster,host,device}, 'linear', 1, interval='60m', history='1w', model='default') \u003e 0.95",
            "renotify_interval": 30,
            "renotify_occurrences": 3,
            "renotify_statuses": [
              "alert"
            ],
            "require_full_window": false,
            "restricted_roles": null,
            "scheduling_options": [],
            "tags": [
              "alert_band:critical",
              "archetype:host-disk-exhaustion-forecast",
              "automation_ref:auto-capacity-ticket",
              "correlation_key:storage.stage.compute-platform",
              "dedup_key:compute-platform.stage.host-disk-exhaustion-forecast.critical",
              "detection:forecast",
              "domain:infrastructure",
              "env:stage",
              "failure_domain:storage",
              "impact_class:risk",
              "managed_by:terraform",
              "managed_source:platform",
              "monitor_id:stage.critical.infrastructure.host-disk-exhaustion-forecast",
              "monitoring_profile:critical",
              "notification_profile:nonprod_standard",
              "owner:infrastructure-engineering",
              "pages:false",
              "priority:p3",
              "resource_type:host",
              "runbook:host-disk-exhaustion-forecast",
              "runbook_notebook:15298623",
              "service:compute-platform",
              "signal:capacity",
              "slo_id:slo-infra-compute-availability",
              "support_model:24x7",
              "team:infrastructure-engineering",
              "tier:tier0"
            ],
            "timeout_h": 18,
            "type": "query alert",
            "validate": null,
            "variables": []
          },
          "sensitive_attributes": [],
          "private": "bnVsbA=="
        },
        {
          "index_key": "stage.critical.infrastructure.host-process-down",
          "schema_version": 0,
          "attributes": {
            "assets": [
              {
                "category": "runbook",
                "name": "Required Process Not Running",
                "resource_key": "15298627",
                "resource_type": "notebook",
                "url": "https://app.datadoghq.com/notebook/15298627"
              }
            ],
            "draft_status": "published",
            "enable_logs_sample": null,
            "enable_samples": null,
            "escalation_message": "",
            "evaluation_delay": 0,
            "force_delete": null,
            "group_retention_duration": "",
            "groupby_simple_monitor": null,
            "id": "314372419",
            "include_tags": true,
            "locked": false,
            "message": "{{#is_alert}}\n## P3 · Required Process Not Running\n**WHAT:** Required Process Not Running: availability signal detected by service_check analysis.\n**WHERE:** {{value}} · env `stage` · region `global`\n**SERVICE:** `compute-platform` (infrastructure / host, tier0)\n**BUSINESS IMPACT:** The service still functions but measurably worse; a subset of traffic or users is failing.\n**WHY IT TRIGGERED:** A check reported a non-OK status for consecutive evaluations.\n**OWNER:** infrastructure-engineering · support 24x7 · this does not page\n**RUNBOOK:** attached to this monitor as `Required Process Not Running` — open it from the monitor's Runbook asset.\n**AUTOMATED DIAGNOSTICS:** workflow `diag-host` has run; its output is attached to this event.\n**RELATED EVENTS:** correlated on `compute.stage.compute-platform` — deployments, infrastructure changes and platform events from the last 30 minutes are attached as context.\n**SLO / ERROR BUDGET:** `slo-infra-compute-availability` · no error-budget impact (non-production)\n{{/is_alert}}\n{{#is_warning}}\n## Required Process Not Running — warning\nApproaching the alert condition on {{value}}. Investigate before it becomes P3.\n{{/is_warning}}\n{{#is_no_data}}\n## Required Process Not Running — NO DATA\nTelemetry stopped arriving for {{value}}. Treat this as a telemetry-health incident: an unmonitored resource is worse than an alerting one.\n{{/is_no_data}}\n{{#is_recovery}}\n## Recovered · Required Process Not Running\n{{value}} returned to normal. Error-budget impact recorded against `slo-infra-compute-availability`. No action required; the correlation group closes when every child recovers.\n{{/is_recovery}}\n{{#is_warning_recovery}}\nWarning cleared for {{value}}.\n{{/is_warning_recovery}}",
            "monitor_threshold_windows": [],
            "monitor_thresholds": [
              {
                "critical": "2",
                "critical_recovery": "",
                "ok": "",
                "unknown": "",
                "warning": "1",
                "warning_recovery": ""
              }
            ],
            "name": "[P3][stage][infrastructure] Required Process Not Running (critical)",
            "new_group_delay": 300,
            "new_host_delay": 300,
            "no_data_timeframe": 0,
            "notification_preset_name": "",
            "notify_audit": false,
            "notify_by": [
              "cluster"
            ],
            "notify_no_data": false,
            "on_missing_data": "",
            "priority": "3",
            "query": "\"process.up\".over(\"env:stage,alert_band:critical\").by(\"cluster\",\"host\",\"process_name\").last(3).count_by_status()",
            "renotify_interval": 30,
            "renotify_occurrences": 3,
            "renotify_statuses": [
              "alert"
            ],
            "require_full_window": false,
            "restricted_roles": null,
            "scheduling_options": [],
            "tags": [
              "alert_band:critical",
              "archetype:host-process-down",
              "automation_ref:diag-host",
              "correlation_key:compute.stage.compute-platform",
              "dedup_key:compute-platform.stage.host-process-down.critical",
              "detection:service_check",
              "domain:infrastructure",
              "env:stage",
              "failure_domain:compute",
              "impact_class:degradation",
              "managed_by:terraform",
              "managed_source:platform",
              "monitor_id:stage.critical.infrastructure.host-process-down",
              "monitoring_profile:critical",
              "notification_profile:nonprod_standard",
              "owner:infrastructure-engineering",
              "pages:false",
              "priority:p3",
              "resource_type:host",
              "runbook:host-process-down",
              "runbook_notebook:15298627",
              "service:compute-platform",
              "signal:availability",
              "slo_id:slo-infra-compute-availability",
              "support_model:24x7",
              "team:infrastructure-engineering",
              "tier:tier0"
            ],
            "timeout_h": 12,
            "type": "service check",
            "validate": null,
            "variables": []
          },
          "sensitive_attributes": [],
          "private": "bnVsbA=="
        },
        {
          "index_key": "stage.critical.infrastructure.host-swap-pressure",
          "schema_version": 0,
          "attributes": {
            "assets": [
              {
                "category": "runbook",
                "name": "Host Swap Pressure",
                "resource_key": "15318409",
                "resource_type": "notebook",
                "url": "https://app.datadoghq.com/notebook/15318409"
              }
            ],
            "draft_status": "published",
            "enable_logs_sample": null,
            "enable_samples": null,
            "escalation_message": "",
            "evaluation_delay": 300,
            "force_delete": null,
            "group_retention_duration": "",
            "groupby_simple_monitor": null,
            "id": "314985759",
            "include_tags": true,
            "locked": false,
            "message": "{{#is_alert}}\n## P3 · Host Swap Pressure\n**WHAT:** Measured as free swap FALLING against its own recent baseline, never as \"swap in use \u003e 0\". A host that has always used 10% of its swap is fine; a host that just started consuming swap is one that has run out of real memory, and its latency is about to become somebody's incident.\n\n**WHERE:** {{value}} · env `stage` · region `global`\n**SERVICE:** `compute-platform` (infrastructure / host, tier0)\n**BUSINESS IMPACT:** Nothing is broken yet. A boundary will be crossed if nobody acts within the lead time this monitor provides.\n**WHY IT TRIGGERED:** The signal changed faster than the configured percentage relative to its own recent history. Speed of degradation, not absolute level.\n**OWNER:** infrastructure-engineering · support 24x7 · this does not page\n**RUNBOOK:** attached to this monitor as `Host Swap Pressure` — open it from the monitor's Runbook asset.\n**AUTOMATED DIAGNOSTICS:** workflow `diag-host` has run; its output is attached to this event.\n**RELATED EVENTS:** correlated on `compute.stage.compute-platform` — deployments, infrastructure changes and platform events from the last 30 minutes are attached as context.\n**SLO / ERROR BUDGET:** `slo-infra-compute-availability` · no error-budget impact (non-production)\n{{/is_alert}}\n{{#is_warning}}\n## Host Swap Pressure — warning\nApproaching the alert condition on {{value}}. Investigate before it becomes P3.\n{{/is_warning}}\n{{#is_no_data}}\n## Host Swap Pressure — NO DATA\nTelemetry stopped arriving for {{value}}. Treat this as a telemetry-health incident: an unmonitored resource is worse than an alerting one.\n{{/is_no_data}}\n{{#is_recovery}}\n## Recovered · Host Swap Pressure\n{{value}} returned to normal. Error-budget impact recorded against `slo-infra-compute-availability`. No action required; the correlation group closes when every child recovers.\n{{/is_recovery}}\n{{#is_warning_recovery}}\nWarning cleared for {{value}}.\n{{/is_warning_recovery}}",
            "monitor_threshold_windows": [],
            "monitor_thresholds": [
              {
                "critical": "-25",
                "critical_recovery": "",
                "ok": "",
                "unknown": "",
                "warning": "-15",
                "warning_recovery": ""
              }
            ],
            "name": "[P3][stage][infrastructure] Host Swap Pressure (critical)",
            "new_group_delay": 300,
            "new_host_delay": 300,
            "no_data_timeframe": 0,
            "notification_preset_name": "",
            "notify_audit": false,
            "notify_by": [
              "cluster"
            ],
            "notify_no_data": false,
            "on_missing_data": "",
            "priority": "3",
            "query": "pct_change(avg(last_30m),last_4h):avg:system.swap.pct_free{env:stage,alert_band:critical} by {cluster,host} \u003c -25",
            "renotify_interval": 30,
            "renotify_occurrences": 3,
            "renotify_statuses": [
              "alert"
            ],
            "require_full_window": false,
            "restricted_roles": null,
            "scheduling_options": [],
            "tags": [
              "alert_band:critical",
              "archetype:host-swap-pressure",
              "automation_ref:diag-host",
              "correlation_key:compute.stage.compute-platform",
              "dedup_key:compute-platform.stage.host-swap-pressure.critical",
              "detection:rate_of_change",
              "domain:infrastructure",
              "env:stage",
              "failure_domain:compute",
              "impact_class:risk",
              "managed_by:terraform",
              "managed_source:platform",
              "monitor_id:stage.critical.infrastructure.host-swap-pressure",
              "monitoring_profile:critical",
              "notification_profile:nonprod_standard",
              "owner:infrastructure-engineering",
              "pages:false",
              "priority:p3",
              "resource_type:host",
              "runbook:host-swap-pressure",
              "runbook_notebook:15318409",
              "service:compute-platform",
              "signal:saturation",
              "slo_id:slo-infra-compute-availability",
              "support_model:24x7",
              "team:infrastructure-engineering",
              "tier:tier0"
            ],
            "timeout_h": 18,
            "type": "query alert",
            "validate": null,
            "variables": []
          },
          "sensitive_attributes": [],
          "private": "bnVsbA=="
        },
        {
          "index_key": "stage.critical.infrastructure.host-unavailable",
          "schema_version": 0,
          "attributes": {
            "assets": [
              {
                "category": "runbook",
                "name": "Host Unavailable",
                "resource_key": "15214633",
                "resource_type": "notebook",
                "url": "https://app.datadoghq.com/notebook/15214633"
              }
            ],
            "draft_status": "published",
            "enable_logs_sample": null,
            "enable_samples": null,
            "escalation_message": "",
            "evaluation_delay": 0,
            "force_delete": null,
            "group_retention_duration": "",
            "groupby_simple_monitor": null,
            "id": "314372374",
            "include_tags": true,
            "locked": false,
            "message": "{{#is_alert}}\n## P3 · Host Unavailable\n**WHAT:** Host Unavailable: availability signal detected by service_check analysis.\n**WHERE:** {{value}} · env `stage` · region `global`\n**SERVICE:** `compute-platform` (infrastructure / host, tier0)\n**BUSINESS IMPACT:** Customers are affected now, or a mission-critical capability is unavailable.\n**WHY IT TRIGGERED:** A check reported a non-OK status for consecutive evaluations.\n**OWNER:** infrastructure-engineering · support 24x7 · this does not page\n**RUNBOOK:** attached to this monitor as `Host Unavailable` — open it from the monitor's Runbook asset.\n**AUTOMATED DIAGNOSTICS:** workflow `diag-host` has run; its output is attached to this event.\n**RELATED EVENTS:** correlated on `compute.stage.compute-platform` — deployments, infrastructure changes and platform events from the last 30 minutes are attached as context.\n**SLO / ERROR BUDGET:** `slo-infra-compute-availability` · no error-budget impact (non-production)\n{{/is_alert}}\n{{#is_warning}}\n## Host Unavailable — warning\nApproaching the alert condition on {{value}}. Investigate before it becomes P3.\n{{/is_warning}}\n{{#is_no_data}}\n## Host Unavailable — NO DATA\nTelemetry stopped arriving for {{value}}. Treat this as a telemetry-health incident: an unmonitored resource is worse than an alerting one.\n{{/is_no_data}}\n{{#is_recovery}}\n## Recovered · Host Unavailable\n{{value}} returned to normal. Error-budget impact recorded against `slo-infra-compute-availability`. No action required; the correlation group closes when every child recovers.\n{{/is_recovery}}\n{{#is_warning_recovery}}\nWarning cleared for {{value}}.\n{{/is_warning_recovery}}",
            "monitor_threshold_windows": [],
            "monitor_thresholds": [
              {
                "critical": "3",
                "critical_recovery": "",
                "ok": "1",
                "unknown": "",
                "warning": "2",
                "warning_recovery": ""
              }
            ],
            "name": "[P3][stage][infrastructure] Host Unavailable (critical)",
            "new_group_delay": 300,
            "new_host_delay": 300,
            "no_data_timeframe": 30,
            "notification_preset_name": "",
            "notify_audit": false,
            "notify_by": [
              "cluster"
            ],
            "notify_no_data": true,
            "on_missing_data": "",
            "priority": "3",
            "query": "\"datadog.agent.up\".over(\"env:stage,alert_band:critical\").by(\"cluster\",\"host\").last(4).count_by_status()",
            "renotify_interval": 30,
            "renotify_occurrences": 3,
            "renotify_statuses": [
              "alert"
            ],
            "require_full_window": false,
            "restricted_roles": null,
            "scheduling_options": [],
            "tags": [
              "alert_band:critical",
              "archetype:host-unavailable",
              "automation_ref:diag-host",
              "correlation_key:compute.stage.compute-platform",
              "dedup_key:compute-platform.stage.host-unavailable.critical",
              "detection:service_check",
              "domain:infrastructure",
              "env:stage",
              "failure_domain:compute",
              "impact_class:customer_impact",
              "managed_by:terraform",
              "managed_source:platform",
              "monitor_id:stage.critical.infrastructure.host-unavailable",
              "monitoring_profile:critical",
              "notification_profile:nonprod_standard",
              "owner:infrastructure-engineering",
              "pages:false",
              "priority:p3",
              "resource_type:host",
              "runbook:host-unavailable",
              "runbook_notebook:15214633",
              "service:compute-platform",
              "signal:availability",
              "slo_id:slo-infra-compute-availability",
              "support_model:24x7",
              "team:infrastructure-engineering",
              "tier:tier0"
            ],
            "timeout_h": 12,
            "type": "service check",
            "validate": null,
            "variables": []
          },
          "sensitive_attributes": [],
          "private": "bnVsbA=="
        },
        {
          "index_key": "stage.critical.infrastructure.os-critical-patch-missing",
          "schema_version": 0,
          "attributes": {
            "assets": [
              {
                "category": "runbook",
                "name": "Critical OS Patches Missing",
                "resource_key": "15318413",
                "resource_type": "notebook",
                "url": "https://app.datadoghq.com/notebook/15318413"
              }
            ],
            "draft_status": "published",
            "enable_logs_sample": null,
            "enable_samples": null,
            "escalation_message": "",
            "evaluation_delay": 300,
            "force_delete": null,
            "group_retention_duration": "",
            "groupby_simple_monitor": null,
            "id": "314985784",
            "include_tags": true,
            "locked": false,
            "message": "{{#is_alert}}\n## P4 · Critical OS Patches Missing\n**WHAT:** Critical OS Patches Missing: drift signal detected by threshold analysis.\n**WHERE:** {{value}} · env `stage` · region `global`\n**SERVICE:** `security-telemetry` (infrastructure / host, tier0)\n**BUSINESS IMPACT:** Observability or configuration hygiene is degraded. No direct customer impact, but our ability to see or govern the estate is reduced.\n**WHY IT TRIGGERED:** A missing critical patch is a known exploitable defect with a published fix. There is no tolerance band to tune — the only question is how long it has been missing, which the runbook covers against the patch SLA.\n\n**OWNER:** infrastructure-engineering · support 24x7 · this does not page\n**RUNBOOK:** attached to this monitor as `Critical OS Patches Missing` — open it from the monitor's Runbook asset.\n**AUTOMATED DIAGNOSTICS:** workflow `auto-compliance-ticket` has run; its output is attached to this event.\n**RELATED EVENTS:** correlated on `compute.stage.security-telemetry` — deployments, infrastructure changes and platform events from the last 30 minutes are attached as context.\n**SLO / ERROR BUDGET:** `slo-security-telemetry` · no error-budget impact (non-production)\n{{/is_alert}}\n{{#is_warning}}\n## Critical OS Patches Missing — warning\nApproaching the alert condition on {{value}}. Investigate before it becomes P4.\n{{/is_warning}}\n{{#is_no_data}}\n## Critical OS Patches Missing — NO DATA\nTelemetry stopped arriving for {{value}}. Treat this as a telemetry-health incident: an unmonitored resource is worse than an alerting one.\n{{/is_no_data}}\n{{#is_recovery}}\n## Recovered · Critical OS Patches Missing\n{{value}} returned to normal. Error-budget impact recorded against `slo-security-telemetry`. No action required; the correlation group closes when every child recovers.\n{{/is_recovery}}\n{{#is_warning_recovery}}\nWarning cleared for {{value}}.\n{{/is_warning_recovery}}",
            "monitor_threshold_windows": [],
            "monitor_thresholds": [
              {
                "critical": "0",
                "critical_recovery": "",
                "ok": "",
                "unknown": "",
                "warning": "",
                "warning_recovery": ""
              }
            ],
            "name": "[P4][stage][infrastructure] Critical OS Patches Missing (critical)",
            "new_group_delay": 300,
            "new_host_delay": 300,
            "no_data_timeframe": 0,
            "notification_preset_name": "",
            "notify_audit": false,
            "notify_by": [
              "cluster"
            ],
            "notify_no_data": false,
            "on_missing_data": "",
            "priority": "4",
            "query": "max(last_1d):max:acme.compliance.missing_critical_patches{env:stage,alert_band:critical} by {cluster,host} \u003e 0",
            "renotify_interval": 30,
            "renotify_occurrences": 3,
            "renotify_statuses": [
              "alert"
            ],
            "require_full_window": false,
            "restricted_roles": null,
            "scheduling_options": [],
            "tags": [
              "alert_band:critical",
              "archetype:os-critical-patch-missing",
              "automation_ref:auto-compliance-ticket",
              "compliance_scope:sox",
              "correlation_key:compute.stage.security-telemetry",
              "dedup_key:security-telemetry.stage.os-critical-patch-missing.critical",
              "detection:threshold",
              "domain:infrastructure",
              "env:stage",
              "failure_domain:compute",
              "impact_class:hygiene",
              "managed_by:terraform",
              "managed_source:platform",
              "monitor_id:stage.critical.infrastructure.os-critical-patch-missing",
              "monitoring_profile:regulated",
              "notification_profile:nonprod_standard",
              "owner:infrastructure-engineering",
              "pages:false",
              "priority:p4",
              "resource_type:host",
              "runbook:os-critical-patch-missing",
              "runbook_notebook:15318413",
              "service:security-telemetry",
              "signal:drift",
              "slo_id:slo-security-telemetry",
              "support_model:24x7",
              "team:infrastructure-engineering",
              "tier:tier0"
            ],
            "timeout_h": 24,
            "type": "query alert",
            "validate": null,
            "variables": []
          },
          "sensitive_attributes": [],
          "private": "bnVsbA=="
        },
        {
          "index_key": "stage.critical.infrastructure.os-end-of-life",
          "schema_version": 0,
          "attributes": {
            "assets": [
              {
                "category": "runbook",
                "name": "Operating System Past End of Life",
                "resource_key": "15318414",
                "resource_type": "notebook",
                "url": "https://app.datadoghq.com/notebook/15318414"
              }
            ],
            "draft_status": "published",
            "enable_logs_sample": null,
            "enable_samples": null,
            "escalation_message": "",
            "evaluation_delay": 300,
            "force_delete": null,
            "group_retention_duration": "",
            "groupby_simple_monitor": null,
            "id": "314985760",
            "include_tags": true,
            "locked": false,
            "message": "{{#is_alert}}\n## P4 · Operating System Past End of Life\n**WHAT:** Operating System Past End of Life: drift signal detected by threshold analysis.\n**WHERE:** {{value}} · env `stage` · region `global`\n**SERVICE:** `security-telemetry` (infrastructure / host, tier0)\n**BUSINESS IMPACT:** Observability or configuration hygiene is degraded. No direct customer impact, but our ability to see or govern the estate is reduced.\n**WHY IT TRIGGERED:** 90 days is the shortest lead time in which an OS upgrade can realistically be planned, tested and rolled through an estate. After end of life there are no security patches at all, so the drift monitors above go quiet precisely when the risk is highest — which is why this one exists separately.\n\n**OWNER:** infrastructure-engineering · support 24x7 · this does not page\n**RUNBOOK:** attached to this monitor as `Operating System Past End of Life` — open it from the monitor's Runbook asset.\n**AUTOMATED DIAGNOSTICS:** workflow `auto-compliance-ticket` has run; its output is attached to this event.\n**RELATED EVENTS:** correlated on `compute.stage.security-telemetry` — deployments, infrastructure changes and platform events from the last 30 minutes are attached as context.\n**SLO / ERROR BUDGET:** `slo-security-telemetry` · no error-budget impact (non-production)\n{{/is_alert}}\n{{#is_warning}}\n## Operating System Past End of Life — warning\nApproaching the alert condition on {{value}}. Investigate before it becomes P4.\n{{/is_warning}}\n{{#is_no_data}}\n## Operating System Past End of Life — NO DATA\nTelemetry stopped arriving for {{value}}. Treat this as a telemetry-health incident: an unmonitored resource is worse than an alerting one.\n{{/is_no_data}}\n{{#is_recovery}}\n## Recovered · Operating System Past End of Life\n{{value}} returned to normal. Error-budget impact recorded against `slo-security-telemetry`. No action required; the correlation group closes when every child recovers.\n{{/is_recovery}}\n{{#is_warning_recovery}}\nWarning cleared for {{value}}.\n{{/is_warning_recovery}}",
            "monitor_threshold_windows": [],
            "monitor_thresholds": [
              {
                "critical": "90",
                "critical_recovery": "",
                "ok": "",
                "unknown": "",
                "warning": "180",
                "warning_recovery": ""
              }
            ],
            "name": "[P4][stage][infrastructure] Operating System Past End of Life (critical)",
            "new_group_delay": 300,
            "new_host_delay": 300,
            "no_data_timeframe": 0,
            "notification_preset_name": "",
            "notify_audit": false,
            "notify_by": [
              "cluster"
            ],
            "notify_no_data": false,
            "on_missing_data": "",
            "priority": "4",
            "query": "min(last_1d):min:acme.compliance.os_support_days_remaining{env:stage,alert_band:critical} by {cluster,host} \u003c 90",
            "renotify_interval": 30,
            "renotify_occurrences": 3,
            "renotify_statuses": [
              "alert"
            ],
            "require_full_window": false,
            "restricted_roles": null,
            "scheduling_options": [],
            "tags": [
              "alert_band:critical",
              "archetype:os-end-of-life",
              "automation_ref:auto-compliance-ticket",
              "compliance_scope:sox",
              "correlation_key:compute.stage.security-telemetry",
              "dedup_key:security-telemetry.stage.os-end-of-life.critical",
              "detection:threshold",
              "domain:infrastructure",
              "env:stage",
              "failure_domain:compute",
              "impact_class:hygiene",
              "managed_by:terraform",
              "managed_source:platform",
              "monitor_id:stage.critical.infrastructure.os-end-of-life",
              "monitoring_profile:regulated",
              "notification_profile:nonprod_standard",
              "owner:infrastructure-engineering",
              "pages:false",
              "priority:p4",
              "resource_type:host",
              "runbook:os-end-of-life",
              "runbook_notebook:15318414",
              "service:security-telemetry",
              "signal:drift",
              "slo_id:slo-security-telemetry",
              "support_model:24x7",
              "team:infrastructure-engineering",
              "tier:tier0"
            ],
            "timeout_h": 24,
            "type": "query alert",
            "validate": null,
            "variables": []
          },
          "sensitive_attributes": [],
          "private": "bnVsbA=="
        },
        {
          "index_key": "stage.critical.integration.batch-job-failure",
          "schema_version": 0,
          "attributes": {
            "assets": [
              {
                "category": "runbook",
                "name": "Batch Job Failed",
                "resource_key": "15298591",
                "resource_type": "notebook",
                "url": "https://app.datadoghq.com/notebook/15298591"
              }
            ],
            "draft_status": "published",
            "enable_logs_sample": null,
            "enable_samples": null,
            "escalation_message": "",
            "evaluation_delay": 300,
            "force_delete": null,
            "group_retention_duration": "",
            "groupby_simple_monitor": null,
            "id": "314372532",
            "include_tags": true,
            "locked": false,
            "message": "{{#is_alert}}\n## P3 · Batch Job Failed\n**WHAT:** Batch Job Failed: job_failure signal detected by threshold analysis.\n**WHERE:** {{value}} · env `stage` · region `global`\n**SERVICE:** `batch-platform` (integration / batch_job, tier0)\n**BUSINESS IMPACT:** The service still functions but measurably worse; a subset of traffic or users is failing.\n**WHY IT TRIGGERED:** A failed run is a discrete outcome.\n**OWNER:** application-development · support 24x7 · this does not page\n**RUNBOOK:** attached to this monitor as `Batch Job Failed` — open it from the monitor's Runbook asset.\n**AUTOMATED DIAGNOSTICS:** workflow `remediate-rerun-job` has run; its output is attached to this event.\n**RELATED EVENTS:** correlated on `batch-platform.stage.batch-platform` — deployments, infrastructure changes and platform events from the last 30 minutes are attached as context.\n**SLO / ERROR BUDGET:** `slo-batch-completion` · no error-budget impact (non-production)\n{{/is_alert}}\n{{#is_warning}}\n## Batch Job Failed — warning\nApproaching the alert condition on {{value}}. Investigate before it becomes P3.\n{{/is_warning}}\n{{#is_no_data}}\n## Batch Job Failed — NO DATA\nTelemetry stopped arriving for {{value}}. Treat this as a telemetry-health incident: an unmonitored resource is worse than an alerting one.\n{{/is_no_data}}\n{{#is_recovery}}\n## Recovered · Batch Job Failed\n{{value}} returned to normal. Error-budget impact recorded against `slo-batch-completion`. No action required; the correlation group closes when every child recovers.\n{{/is_recovery}}\n{{#is_warning_recovery}}\nWarning cleared for {{value}}.\n{{/is_warning_recovery}}",
            "monitor_threshold_windows": [],
            "monitor_thresholds": [
              {
                "critical": "1",
                "critical_recovery": "",
                "ok": "",
                "unknown": "",
                "warning": "",
                "warning_recovery": ""
              }
            ],
            "name": "[P3][stage][integration] Batch Job Failed (critical)",
            "new_group_delay": 300,
            "new_host_delay": 300,
            "no_data_timeframe": 0,
            "notification_preset_name": "",
            "notify_audit": false,
            "notify_by": [],
            "notify_no_data": false,
            "on_missing_data": "",
            "priority": "3",
            "query": "sum(last_4h):sum:acme.batch.runs{env:stage,alert_band:critical,status:failed} by {service,job_name}.as_count() \u003e= 1",
            "renotify_interval": 30,
            "renotify_occurrences": 3,
            "renotify_statuses": [
              "alert"
            ],
            "require_full_window": false,
            "restricted_roles": null,
            "scheduling_options": [],
            "tags": [
              "alert_band:critical",
              "archetype:batch-job-failure",
              "automation_ref:remediate-rerun-job",
              "correlation_key:batch-platform.stage.batch-platform",
              "dedup_key:batch-platform.stage.batch-job-failure.critical",
              "detection:threshold",
              "domain:integration",
              "env:stage",
              "failure_domain:batch-platform",
              "impact_class:degradation",
              "managed_by:terraform",
              "managed_source:platform",
              "monitor_id:stage.critical.integration.batch-job-failure",
              "monitoring_profile:critical",
              "notification_profile:nonprod_standard",
              "owner:application-development",
              "pages:false",
              "priority:p3",
              "resource_type:batch_job",
              "runbook:batch-job-failure",
              "runbook_notebook:15298591",
              "service:batch-platform",
              "signal:job_failure",
              "slo_id:slo-batch-completion",
              "support_model:24x7",
              "team:application-development",
              "tier:tier0"
            ],
            "timeout_h": 4,
            "type": "query alert",
            "validate": null,
            "variables": []
          },
          "sensitive_attributes": [],
          "private": "bnVsbA=="
        },
        {
          "index_key": "stage.critical.integration.integration-flow-failure",
          "schema_version": 0,
          "attributes": {
            "assets": [
              {
                "category": "runbook",
                "name": "Integration Flow Failure Rate",
                "resource_key": "15298630",
                "resource_type": "notebook",
                "url": "https://app.datadoghq.com/notebook/15298630"
              }
            ],
            "draft_status": "published",
            "enable_logs_sample": null,
            "enable_samples": null,
            "escalation_message": "",
            "evaluation_delay": 300,
            "force_delete": null,
            "group_retention_duration": "",
            "groupby_simple_monitor": null,
            "id": "314372526",
            "include_tags": true,
            "locked": false,
            "message": "{{#is_alert}}\n## P3 · Integration Flow Failure Rate\n**WHAT:** Integration Flow Failure Rate: error_rate signal detected by anomaly analysis.\n**WHERE:** {{value}} · env `stage` · region `global`\n**SERVICE:** `integration-platform` (integration / integration_flow, tier0)\n**BUSINESS IMPACT:** The service still functions but measurably worse; a subset of traffic or users is failing.\n**WHY IT TRIGGERED:** The signal deviated from its own learned baseline by more than the configured number of deviations — not because it crossed a fixed number.\n**OWNER:** application-development · support 24x7 · this does not page\n**RUNBOOK:** attached to this monitor as `Integration Flow Failure Rate` — open it from the monitor's Runbook asset.\n**AUTOMATED DIAGNOSTICS:** workflow `diag-dependency` has run; its output is attached to this event.\n**RELATED EVENTS:** correlated on `integration-platform.stage.integration-platform` — deployments, infrastructure changes and platform events from the last 30 minutes are attached as context.\n**SLO / ERROR BUDGET:** `slo-integration-delivery` · no error-budget impact (non-production)\n{{/is_alert}}\n{{#is_warning}}\n## Integration Flow Failure Rate — warning\nApproaching the alert condition on {{value}}. Investigate before it becomes P3.\n{{/is_warning}}\n{{#is_no_data}}\n## Integration Flow Failure Rate — NO DATA\nTelemetry stopped arriving for {{value}}. Treat this as a telemetry-health incident: an unmonitored resource is worse than an alerting one.\n{{/is_no_data}}\n{{#is_recovery}}\n## Recovered · Integration Flow Failure Rate\n{{value}} returned to normal. Error-budget impact recorded against `slo-integration-delivery`. No action required; the correlation group closes when every child recovers.\n{{/is_recovery}}\n{{#is_warning_recovery}}\nWarning cleared for {{value}}.\n{{/is_warning_recovery}}",
            "monitor_threshold_windows": [],
            "monitor_thresholds": [
              {
                "critical": "1",
                "critical_recovery": "",
                "ok": "",
                "unknown": "",
                "warning": "",
                "warning_recovery": ""
              }
            ],
            "name": "[P3][stage][integration] Integration Flow Failure Rate (critical)",
            "new_group_delay": 300,
            "new_host_delay": 300,
            "no_data_timeframe": 0,
            "notification_preset_name": "",
            "notify_audit": false,
            "notify_by": [],
            "notify_no_data": false,
            "on_missing_data": "",
            "priority": "3",
            "query": "avg(last_1h):anomalies(sum:acme.integration.flow_errors{env:stage,alert_band:critical} by {service,flow_name}.as_rate(), 'agile', 3) \u003e= 1",
            "renotify_interval": 30,
            "renotify_occurrences": 3,
            "renotify_statuses": [
              "alert"
            ],
            "require_full_window": false,
            "restricted_roles": null,
            "scheduling_options": [],
            "tags": [
              "alert_band:critical",
              "archetype:integration-flow-failure",
              "automation_ref:diag-dependency",
              "correlation_key:integration-platform.stage.integration-platform",
              "dedup_key:integration-platform.stage.integration-flow-failure.critical",
              "detection:anomaly",
              "domain:integration",
              "env:stage",
              "failure_domain:integration-platform",
              "impact_class:degradation",
              "managed_by:terraform",
              "managed_source:platform",
              "monitor_id:stage.critical.integration.integration-flow-failure",
              "monitoring_profile:critical",
              "notification_profile:nonprod_standard",
              "owner:application-development",
              "pages:false",
              "priority:p3",
              "resource_type:integration_flow",
              "runbook:integration-flow-failure",
              "runbook_notebook:15298630",
              "service:integration-platform",
              "signal:error_rate",
              "slo_id:slo-integration-delivery",
              "support_model:24x7",
              "team:application-development",
              "tier:tier0"
            ],
            "timeout_h": 18,
            "type": "query alert",
            "validate": null,
            "variables": []
          },
          "sensitive_attributes": [],
          "private": "bnVsbA=="
        },
        {
          "index_key": "stage.critical.integration.schedule-job-failure",
          "schema_version": 0,
          "attributes": {
            "assets": [
              {
                "category": "runbook",
                "name": "Scheduled Job Failed",
                "resource_key": "15298680",
                "resource_type": "notebook",
                "url": "https://app.datadoghq.com/notebook/15298680"
              }
            ],
            "draft_status": "published",
            "enable_logs_sample": null,
            "enable_samples": null,
            "escalation_message": "",
            "evaluation_delay": 300,
            "force_delete": null,
            "group_retention_duration": "",
            "groupby_simple_monitor": null,
            "id": "314372531",
            "include_tags": true,
            "locked": false,
            "message": "{{#is_alert}}\n## P3 · Scheduled Job Failed\n**WHAT:** Scheduled Job Failed: job_failure signal detected by threshold analysis.\n**WHERE:** {{value}} · env `stage` · region `global`\n**SERVICE:** `integration-platform` (integration / scheduled_job, tier0)\n**BUSINESS IMPACT:** The service still functions but measurably worse; a subset of traffic or users is failing.\n**WHY IT TRIGGERED:** A failed run is discrete.\n**OWNER:** application-development · support 24x7 · this does not page\n**RUNBOOK:** attached to this monitor as `Scheduled Job Failed` — open it from the monitor's Runbook asset.\n**AUTOMATED DIAGNOSTICS:** workflow `remediate-rerun-job` has run; its output is attached to this event.\n**RELATED EVENTS:** correlated on `scheduler.stage.integration-platform` — deployments, infrastructure changes and platform events from the last 30 minutes are attached as context.\n**SLO / ERROR BUDGET:** `slo-integration-delivery` · no error-budget impact (non-production)\n{{/is_alert}}\n{{#is_warning}}\n## Scheduled Job Failed — warning\nApproaching the alert condition on {{value}}. Investigate before it becomes P3.\n{{/is_warning}}\n{{#is_no_data}}\n## Scheduled Job Failed — NO DATA\nTelemetry stopped arriving for {{value}}. Treat this as a telemetry-health incident: an unmonitored resource is worse than an alerting one.\n{{/is_no_data}}\n{{#is_recovery}}\n## Recovered · Scheduled Job Failed\n{{value}} returned to normal. Error-budget impact recorded against `slo-integration-delivery`. No action required; the correlation group closes when every child recovers.\n{{/is_recovery}}\n{{#is_warning_recovery}}\nWarning cleared for {{value}}.\n{{/is_warning_recovery}}",
            "monitor_threshold_windows": [],
            "monitor_thresholds": [
              {
                "critical": "1",
                "critical_recovery": "",
                "ok": "",
                "unknown": "",
                "warning": "",
                "warning_recovery": ""
              }
            ],
            "name": "[P3][stage][integration] Scheduled Job Failed (critical)",
            "new_group_delay": 300,
            "new_host_delay": 300,
            "no_data_timeframe": 0,
            "notification_preset_name": "",
            "notify_audit": false,
            "notify_by": [],
            "notify_no_data": false,
            "on_missing_data": "",
            "priority": "3",
            "query": "sum(last_4h):sum:acme.scheduler.runs{env:stage,alert_band:critical,status:failed} by {service,job_name}.as_count() \u003e= 1",
            "renotify_interval": 30,
            "renotify_occurrences": 3,
            "renotify_statuses": [
              "alert"
            ],
            "require_full_window": false,
            "restricted_roles": null,
            "scheduling_options": [],
            "tags": [
              "alert_band:critical",
              "archetype:schedule-job-failure",
              "automation_ref:remediate-rerun-job",
              "correlation_key:scheduler.stage.integration-platform",
              "dedup_key:integration-platform.stage.schedule-job-failure.critical",
              "detection:threshold",
              "domain:integration",
              "env:stage",
              "failure_domain:scheduler",
              "impact_class:degradation",
              "managed_by:terraform",
              "managed_source:platform",
              "monitor_id:stage.critical.integration.schedule-job-failure",
              "monitoring_profile:critical",
              "notification_profile:nonprod_standard",
              "owner:application-development",
              "pages:false",
              "priority:p3",
              "resource_type:scheduled_job",
              "runbook:schedule-job-failure",
              "runbook_notebook:15298680",
              "service:integration-platform",
              "signal:job_failure",
              "slo_id:slo-integration-delivery",
              "support_model:24x7",
              "team:application-development",
              "tier:tier0"
            ],
            "timeout_h": 4,
            "type": "query alert",
            "validate": null,
            "variables": []
          },
          "sensitive_attributes": [],
          "private": "bnVsbA=="
        },
        {
          "index_key": "stage.critical.integration.schedule-missed-run",
          "schema_version": 0,
          "attributes": {
            "assets": [
              {
                "category": "runbook",
                "name": "Scheduled Job Did Not Run",
                "resource_key": "15298681",
                "resource_type": "notebook",
                "url": "https://app.datadoghq.com/notebook/15298681"
              }
            ],
            "draft_status": "published",
            "enable_logs_sample": null,
            "enable_samples": null,
            "escalation_message": "",
            "evaluation_delay": 300,
            "force_delete": null,
            "group_retention_duration": "",
            "groupby_simple_monitor": null,
            "id": "314372520",
            "include_tags": true,
            "locked": false,
            "message": "{{#is_alert}}\n## P3 · Scheduled Job Did Not Run\n**WHAT:** Scheduled Job Did Not Run: schedule_miss signal detected by threshold analysis.\n**WHERE:** {{value}} · env `stage` · region `global`\n**SERVICE:** `integration-platform` (integration / scheduled_job, tier0)\n**BUSINESS IMPACT:** Customers are affected now, or a mission-critical capability is unavailable.\n**WHY IT TRIGGERED:** The single most under-monitored failure in every enterprise: the job that simply never fired. Nothing errors, nothing alerts, nothing runs.\n\n**OWNER:** application-development · support 24x7 · this does not page\n**RUNBOOK:** attached to this monitor as `Scheduled Job Did Not Run` — open it from the monitor's Runbook asset.\n**AUTOMATED DIAGNOSTICS:** workflow `remediate-rerun-job` has run; its output is attached to this event.\n**RELATED EVENTS:** correlated on `scheduler.stage.integration-platform` — deployments, infrastructure changes and platform events from the last 30 minutes are attached as context.\n**SLO / ERROR BUDGET:** `slo-integration-delivery` · no error-budget impact (non-production)\n{{/is_alert}}\n{{#is_warning}}\n## Scheduled Job Did Not Run — warning\nApproaching the alert condition on {{value}}. Investigate before it becomes P3.\n{{/is_warning}}\n{{#is_no_data}}\n## Scheduled Job Did Not Run — NO DATA\nTelemetry stopped arriving for {{value}}. Treat this as a telemetry-health incident: an unmonitored resource is worse than an alerting one.\n{{/is_no_data}}\n{{#is_recovery}}\n## Recovered · Scheduled Job Did Not Run\n{{value}} returned to normal. Error-budget impact recorded against `slo-integration-delivery`. No action required; the correlation group closes when every child recovers.\n{{/is_recovery}}\n{{#is_warning_recovery}}\nWarning cleared for {{value}}.\n{{/is_warning_recovery}}",
            "monitor_threshold_windows": [],
            "monitor_thresholds": [
              {
                "critical": "1",
                "critical_recovery": "",
                "ok": "",
                "unknown": "",
                "warning": "",
                "warning_recovery": ""
              }
            ],
            "name": "[P3][stage][integration] Scheduled Job Did Not Run (critical)",
            "new_group_delay": 300,
            "new_host_delay": 300,
            "no_data_timeframe": 120,
            "notification_preset_name": "",
            "notify_audit": false,
            "notify_by": [],
            "notify_no_data": true,
            "on_missing_data": "",
            "priority": "3",
            "query": "sum(last_4h):sum:acme.scheduler.runs_started{env:stage,alert_band:critical} by {service,job_name}.as_count() \u003c 1",
            "renotify_interval": 30,
            "renotify_occurrences": 3,
            "renotify_statuses": [
              "alert"
            ],
            "require_full_window": false,
            "restricted_roles": null,
            "scheduling_options": [],
            "tags": [
              "alert_band:critical",
              "archetype:schedule-missed-run",
              "automation_ref:remediate-rerun-job",
              "correlation_key:scheduler.stage.integration-platform",
              "dedup_key:integration-platform.stage.schedule-missed-run.critical",
              "detection:threshold",
              "domain:integration",
              "env:stage",
              "failure_domain:scheduler",
              "impact_class:customer_impact",
              "managed_by:terraform",
              "managed_source:platform",
              "monitor_id:stage.critical.integration.schedule-missed-run",
              "monitoring_profile:critical",
              "notification_profile:nonprod_standard",
              "owner:application-development",
              "pages:false",
              "priority:p3",
              "resource_type:scheduled_job",
              "runbook:schedule-missed-run",
              "runbook_notebook:15298681",
              "service:integration-platform",
              "signal:schedule_miss",
              "slo_id:slo-integration-delivery",
              "support_model:24x7",
              "team:application-development",
              "tier:tier0"
            ],
            "timeout_h": 4,
            "type": "query alert",
            "validate": null,
            "variables": []
          },
          "sensitive_attributes": [],
          "private": "bnVsbA=="
        },
        {
          "index_key": "stage.critical.kubernetes.k8s-cronjob-failure",
          "schema_version": 0,
          "attributes": {
            "assets": [
              {
                "category": "runbook",
                "name": "Kubernetes CronJob Failing",
                "resource_key": "15298635",
                "resource_type": "notebook",
                "url": "https://app.datadoghq.com/notebook/15298635"
              }
            ],
            "draft_status": "published",
            "enable_logs_sample": null,
            "enable_samples": null,
            "escalation_message": "",
            "evaluation_delay": 300,
            "force_delete": null,
            "group_retention_duration": "",
            "groupby_simple_monitor": null,
            "id": "314372482",
            "include_tags": true,
            "locked": false,
            "message": "{{#is_alert}}\n## P3 · Kubernetes CronJob Failing\n**WHAT:** Kubernetes CronJob Failing: job_failure signal detected by threshold analysis.\n**WHERE:** {{value}} · env `stage` · region `global`\n**SERVICE:** `kubernetes-platform` (kubernetes / kube_cronjob, tier0)\n**BUSINESS IMPACT:** The service still functions but measurably worse; a subset of traffic or users is failing.\n**WHY IT TRIGGERED:** A failed job is a discrete outcome.\n**OWNER:** cloud-engineering · support 24x7 · this does not page\n**RUNBOOK:** attached to this monitor as `Kubernetes CronJob Failing` — open it from the monitor's Runbook asset.\n**AUTOMATED DIAGNOSTICS:** workflow `remediate-rerun-job` has run; its output is attached to this event.\n**RELATED EVENTS:** correlated on `kubernetes-workloads.stage.kubernetes-platform` — deployments, infrastructure changes and platform events from the last 30 minutes are attached as context.\n**SLO / ERROR BUDGET:** `slo-k8s-workload-availability` · no error-budget impact (non-production)\n{{/is_alert}}\n{{#is_warning}}\n## Kubernetes CronJob Failing — warning\nApproaching the alert condition on {{value}}. Investigate before it becomes P3.\n{{/is_warning}}\n{{#is_no_data}}\n## Kubernetes CronJob Failing — NO DATA\nTelemetry stopped arriving for {{value}}. Treat this as a telemetry-health incident: an unmonitored resource is worse than an alerting one.\n{{/is_no_data}}\n{{#is_recovery}}\n## Recovered · Kubernetes CronJob Failing\n{{value}} returned to normal. Error-budget impact recorded against `slo-k8s-workload-availability`. No action required; the correlation group closes when every child recovers.\n{{/is_recovery}}\n{{#is_warning_recovery}}\nWarning cleared for {{value}}.\n{{/is_warning_recovery}}",
            "monitor_threshold_windows": [],
            "monitor_thresholds": [
              {
                "critical": "1",
                "critical_recovery": "",
                "ok": "",
                "unknown": "",
                "warning": "",
                "warning_recovery": ""
              }
            ],
            "name": "[P3][stage][kubernetes] Kubernetes CronJob Failing (critical)",
            "new_group_delay": 300,
            "new_host_delay": 300,
            "no_data_timeframe": 0,
            "notification_preset_name": "",
            "notify_audit": false,
            "notify_by": [
              "kube_cluster_name"
            ],
            "notify_no_data": false,
            "on_missing_data": "",
            "priority": "3",
            "query": "sum(last_2h):sum:kubernetes_state.job.failed{env:stage,alert_band:critical} by {kube_cluster_name,kube_namespace,kube_cronjob}.as_count() \u003e= 1",
            "renotify_interval": 30,
            "renotify_occurrences": 3,
            "renotify_statuses": [
              "alert"
            ],
            "require_full_window": false,
            "restricted_roles": null,
            "scheduling_options": [],
            "tags": [
              "alert_band:critical",
              "archetype:k8s-cronjob-failure",
              "automation_ref:remediate-rerun-job",
              "correlation_key:kubernetes-workloads.stage.kubernetes-platform",
              "dedup_key:kubernetes-platform.stage.k8s-cronjob-failure.critical",
              "detection:threshold",
              "domain:kubernetes",
              "env:stage",
              "failure_domain:kubernetes-workloads",
              "impact_class:degradation",
              "managed_by:terraform",
              "managed_source:platform",
              "monitor_id:stage.critical.kubernetes.k8s-cronjob-failure",
              "monitoring_profile:critical",
              "notification_profile:nonprod_standard",
              "owner:cloud-engineering",
              "pages:false",
              "priority:p3",
              "resource_type:kube_cronjob",
              "runbook:k8s-cronjob-failure",
              "runbook_notebook:15298635",
              "service:kubernetes-platform",
              "signal:job_failure",
              "slo_id:slo-k8s-workload-availability",
              "support_model:24x7",
              "team:cloud-engineering",
              "tier:tier0"
            ],
            "timeout_h": 4,
            "type": "query alert",
            "validate": null,
            "variables": []
          },
          "sensitive_attributes": [],
          "private": "bnVsbA=="
        },
        {
          "index_key": "stage.critical.kubernetes.k8s-deployment-unavailable",
          "schema_version": 0,
          "attributes": {
            "assets": [
              {
                "category": "runbook",
                "name": "Kubernetes Deployment Has No Available Replicas",
                "resource_key": "15298638",
                "resource_type": "notebook",
                "url": "https://app.datadoghq.com/notebook/15298638"
              }
            ],
            "draft_status": "published",
            "enable_logs_sample": null,
            "enable_samples": null,
            "escalation_message": "",
            "evaluation_delay": 300,
            "force_delete": null,
            "group_retention_duration": "",
            "groupby_simple_monitor": null,
            "id": "314372427",
            "include_tags": true,
            "locked": false,
            "message": "{{#is_alert}}\n## P3 · Kubernetes Deployment Has No Available Replicas\n**WHAT:** Kubernetes Deployment Has No Available Replicas: availability signal detected by threshold analysis.\n**WHERE:** {{value}} · env `stage` · region `global`\n**SERVICE:** `kubernetes-platform` (kubernetes / kube_deployment, tier0)\n**BUSINESS IMPACT:** Customers are affected now, or a mission-critical capability is unavailable.\n**WHY IT TRIGGERED:** Zero available replicas is the definition of unavailable. The replica count is a declared contract, not an observed baseline.\n\n**OWNER:** cloud-engineering · support 24x7 · this does not page\n**RUNBOOK:** attached to this monitor as `Kubernetes Deployment Has No Available Replicas` — open it from the monitor's Runbook asset.\n**AUTOMATED DIAGNOSTICS:** workflow `diag-k8s-workload` has run; its output is attached to this event.\n**RELATED EVENTS:** correlated on `kubernetes-workloads.stage.kubernetes-platform` — deployments, infrastructure changes and platform events from the last 30 minutes are attached as context.\n**SLO / ERROR BUDGET:** `slo-k8s-workload-availability` · no error-budget impact (non-production)\n{{/is_alert}}\n{{#is_warning}}\n## Kubernetes Deployment Has No Available Replicas — warning\nApproaching the alert condition on {{value}}. Investigate before it becomes P3.\n{{/is_warning}}\n{{#is_no_data}}\n## Kubernetes Deployment Has No Available Replicas — NO DATA\nTelemetry stopped arriving for {{value}}. Treat this as a telemetry-health incident: an unmonitored resource is worse than an alerting one.\n{{/is_no_data}}\n{{#is_recovery}}\n## Recovered · Kubernetes Deployment Has No Available Replicas\n{{value}} returned to normal. Error-budget impact recorded against `slo-k8s-workload-availability`. No action required; the correlation group closes when every child recovers.\n{{/is_recovery}}\n{{#is_warning_recovery}}\nWarning cleared for {{value}}.\n{{/is_warning_recovery}}",
            "monitor_threshold_windows": [],
            "monitor_thresholds": [
              {
                "critical": "1",
                "critical_recovery": "",
                "ok": "",
                "unknown": "",
                "warning": "2",
                "warning_recovery": ""
              }
            ],
            "name": "[P3][stage][kubernetes] Kubernetes Deployment Has No Available Replicas (critical)",
            "new_group_delay": 300,
            "new_host_delay": 300,
            "no_data_timeframe": 0,
            "notification_preset_name": "",
            "notify_audit": false,
            "notify_by": [
              "kube_cluster_name"
            ],
            "notify_no_data": false,
            "on_missing_data": "",
            "priority": "3",
            "query": "min(last_15m):sum:kubernetes_state.deployment.replicas_available{env:stage,alert_band:critical} by {kube_cluster_name,kube_namespace,kube_deployment} \u003c 1",
            "renotify_interval": 30,
            "renotify_occurrences": 3,
            "renotify_statuses": [
              "alert"
            ],
            "require_full_window": false,
            "restricted_roles": null,
            "scheduling_options": [],
            "tags": [
              "alert_band:critical",
              "archetype:k8s-deployment-unavailable",
              "automation_ref:diag-k8s-workload",
              "correlation_key:kubernetes-workloads.stage.kubernetes-platform",
              "dedup_key:kubernetes-platform.stage.k8s-deployment-unavailable.critical",
              "detection:threshold",
              "domain:kubernetes",
              "env:stage",
              "failure_domain:kubernetes-workloads",
              "impact_class:customer_impact",
              "managed_by:terraform",
              "managed_source:platform",
              "monitor_id:stage.critical.kubernetes.k8s-deployment-unavailable",
              "monitoring_profile:critical",
              "notification_profile:nonprod_standard",
              "owner:cloud-engineering",
              "pages:false",
              "priority:p3",
              "resource_type:kube_deployment",
              "runbook:k8s-deployment-unavailable",
              "runbook_notebook:15298638",
              "service:kubernetes-platform",
              "signal:availability",
              "slo_id:slo-k8s-workload-availability",
              "support_model:24x7",
              "team:cloud-engineering",
              "tier:tier0"
            ],
            "timeout_h": 18,
            "type": "query alert",
            "validate": null,
            "variables": []
          },
          "sensitive_attributes": [],
          "private": "bnVsbA=="
        },
        {
          "index_key": "stage.critical.kubernetes.k8s-node-not-ready",
          "schema_version": 0,
          "attributes": {
            "assets": [
              {
                "category": "runbook",
                "name": "Kubernetes Node Not Ready",
                "resource_key": "15298641",
                "resource_type": "notebook",
                "url": "https://app.datadoghq.com/notebook/15298641"
              }
            ],
            "draft_status": "published",
            "enable_logs_sample": null,
            "enable_samples": null,
            "escalation_message": "",
            "evaluation_delay": 300,
            "force_delete": null,
            "group_retention_duration": "",
            "groupby_simple_monitor": null,
            "id": "314372391",
            "include_tags": true,
            "locked": false,
            "message": "{{#is_alert}}\n## P3 · Kubernetes Node Not Ready\n**WHAT:** Kubernetes Node Not Ready: availability signal detected by threshold analysis.\n**WHERE:** {{value}} · env `stage` · region `global`\n**SERVICE:** `kubernetes-platform` (kubernetes / kube_node, tier0)\n**BUSINESS IMPACT:** The service still functions but measurably worse; a subset of traffic or users is failing.\n**WHY IT TRIGGERED:** NotReady is a discrete node condition.\n**OWNER:** cloud-engineering · support 24x7 · this does not page\n**RUNBOOK:** attached to this monitor as `Kubernetes Node Not Ready` — open it from the monitor's Runbook asset.\n**AUTOMATED DIAGNOSTICS:** workflow `diag-k8s-workload` has run; its output is attached to this event.\n**RELATED EVENTS:** correlated on `kubernetes-nodes.stage.kubernetes-platform` — deployments, infrastructure changes and platform events from the last 30 minutes are attached as context.\n**SLO / ERROR BUDGET:** `slo-k8s-workload-availability` · no error-budget impact (non-production)\n{{/is_alert}}\n{{#is_warning}}\n## Kubernetes Node Not Ready — warning\nApproaching the alert condition on {{value}}. Investigate before it becomes P3.\n{{/is_warning}}\n{{#is_no_data}}\n## Kubernetes Node Not Ready — NO DATA\nTelemetry stopped arriving for {{value}}. Treat this as a telemetry-health incident: an unmonitored resource is worse than an alerting one.\n{{/is_no_data}}\n{{#is_recovery}}\n## Recovered · Kubernetes Node Not Ready\n{{value}} returned to normal. Error-budget impact recorded against `slo-k8s-workload-availability`. No action required; the correlation group closes when every child recovers.\n{{/is_recovery}}\n{{#is_warning_recovery}}\nWarning cleared for {{value}}.\n{{/is_warning_recovery}}",
            "monitor_threshold_windows": [],
            "monitor_thresholds": [
              {
                "critical": "1",
                "critical_recovery": "",
                "ok": "",
                "unknown": "",
                "warning": "",
                "warning_recovery": ""
              }
            ],
            "name": "[P3][stage][kubernetes] Kubernetes Node Not Ready (critical)",
            "new_group_delay": 300,
            "new_host_delay": 300,
            "no_data_timeframe": 0,
            "notification_preset_name": "",
            "notify_audit": false,
            "notify_by": [
              "kube_cluster_name"
            ],
            "notify_no_data": false,
            "on_missing_data": "",
            "priority": "3",
            "query": "max(last_15m):sum:kubernetes_state.node.status{env:stage,alert_band:critical,status:false,condition:ready} by {kube_cluster_name,node} \u003e= 1",
            "renotify_interval": 30,
            "renotify_occurrences": 3,
            "renotify_statuses": [
              "alert"
            ],
            "require_full_window": false,
            "restricted_roles": null,
            "scheduling_options": [],
            "tags": [
              "alert_band:critical",
              "archetype:k8s-node-not-ready",
              "automation_ref:diag-k8s-workload",
              "correlation_key:kubernetes-nodes.stage.kubernetes-platform",
              "dedup_key:kubernetes-platform.stage.k8s-node-not-ready.critical",
              "detection:threshold",
              "domain:kubernetes",
              "env:stage",
              "failure_domain:kubernetes-nodes",
              "impact_class:degradation",
              "managed_by:terraform",
              "managed_source:platform",
              "monitor_id:stage.critical.kubernetes.k8s-node-not-ready",
              "monitoring_profile:critical",
              "notification_profile:nonprod_standard",
              "owner:cloud-engineering",
              "pages:false",
              "priority:p3",
              "resource_type:kube_node",
              "runbook:k8s-node-not-ready",
              "runbook_notebook:15298641",
              "service:kubernetes-platform",
              "signal:availability",
              "slo_id:slo-k8s-workload-availability",
              "support_model:24x7",
              "team:cloud-engineering",
              "tier:tier0"
            ],
            "timeout_h": 18,
            "type": "query alert",
            "validate": null,
            "variables": []
          },
          "sensitive_attributes": [],
          "private": "bnVsbA=="
        },
        {
          "index_key": "stage.critical.kubernetes.k8s-oomkill",
          "schema_version": 0,
          "attributes": {
            "assets": [
              {
                "category": "runbook",
                "name": "Container OOMKilled",
                "resource_key": "15298643",
                "resource_type": "notebook",
                "url": "https://app.datadoghq.com/notebook/15298643"
              }
            ],
            "draft_status": "published",
            "enable_logs_sample": null,
            "enable_samples": null,
            "escalation_message": "",
            "evaluation_delay": 300,
            "force_delete": null,
            "group_retention_duration": "",
            "groupby_simple_monitor": null,
            "id": "314372438",
            "include_tags": true,
            "locked": false,
            "message": "{{#is_alert}}\n## P3 · Container OOMKilled\n**WHAT:** Container OOMKilled: saturation signal detected by threshold analysis.\n**WHERE:** {{value}} · env `stage` · region `global`\n**SERVICE:** `kubernetes-platform` (kubernetes / kube_pod, tier0)\n**BUSINESS IMPACT:** The service still functions but measurably worse; a subset of traffic or users is failing.\n**WHY IT TRIGGERED:** An OOMKill is a discrete kernel event; one occurrence is meaningful.\n\n**OWNER:** cloud-engineering · support 24x7 · this does not page\n**RUNBOOK:** attached to this monitor as `Container OOMKilled` — open it from the monitor's Runbook asset.\n**AUTOMATED DIAGNOSTICS:** workflow `diag-k8s-workload` has run; its output is attached to this event.\n**RELATED EVENTS:** correlated on `kubernetes-workloads.stage.kubernetes-platform` — deployments, infrastructure changes and platform events from the last 30 minutes are attached as context.\n**SLO / ERROR BUDGET:** `slo-k8s-workload-availability` · no error-budget impact (non-production)\n{{/is_alert}}\n{{#is_warning}}\n## Container OOMKilled — warning\nApproaching the alert condition on {{value}}. Investigate before it becomes P3.\n{{/is_warning}}\n{{#is_no_data}}\n## Container OOMKilled — NO DATA\nTelemetry stopped arriving for {{value}}. Treat this as a telemetry-health incident: an unmonitored resource is worse than an alerting one.\n{{/is_no_data}}\n{{#is_recovery}}\n## Recovered · Container OOMKilled\n{{value}} returned to normal. Error-budget impact recorded against `slo-k8s-workload-availability`. No action required; the correlation group closes when every child recovers.\n{{/is_recovery}}\n{{#is_warning_recovery}}\nWarning cleared for {{value}}.\n{{/is_warning_recovery}}",
            "monitor_threshold_windows": [],
            "monitor_thresholds": [
              {
                "critical": "1",
                "critical_recovery": "",
                "ok": "",
                "unknown": "",
                "warning": "",
                "warning_recovery": ""
              }
            ],
            "name": "[P3][stage][kubernetes] Container OOMKilled (critical)",
            "new_group_delay": 300,
            "new_host_delay": 300,
            "no_data_timeframe": 0,
            "notification_preset_name": "",
            "notify_audit": false,
            "notify_by": [
              "kube_cluster_name"
            ],
            "notify_no_data": false,
            "on_missing_data": "",
            "priority": "3",
            "query": "sum(last_30m):sum:kubernetes_state.container.status_report.count.terminated{env:stage,alert_band:critical,reason:oomkilled} by {kube_cluster_name,kube_namespace,kube_deployment}.as_count() \u003e= 1",
            "renotify_interval": 30,
            "renotify_occurrences": 3,
            "renotify_statuses": [
              "alert"
            ],
            "require_full_window": false,
            "restricted_roles": null,
            "scheduling_options": [],
            "tags": [
              "alert_band:critical",
              "archetype:k8s-oomkill",
              "automation_ref:diag-k8s-workload",
              "correlation_key:kubernetes-workloads.stage.kubernetes-platform",
              "dedup_key:kubernetes-platform.stage.k8s-oomkill.critical",
              "detection:threshold",
              "domain:kubernetes",
              "env:stage",
              "failure_domain:kubernetes-workloads",
              "impact_class:degradation",
              "managed_by:terraform",
              "managed_source:platform",
              "monitor_id:stage.critical.kubernetes.k8s-oomkill",
              "monitoring_profile:critical",
              "notification_profile:nonprod_standard",
              "owner:cloud-engineering",
              "pages:false",
              "priority:p3",
              "resource_type:kube_pod",
              "runbook:k8s-oomkill",
              "runbook_notebook:15298643",
              "service:kubernetes-platform",
              "signal:saturation",
              "slo_id:slo-k8s-workload-availability",
              "support_model:24x7",
              "team:cloud-engineering",
              "tier:tier0"
            ],
            "timeout_h": 18,
            "type": "query alert",
            "validate": null,
            "variables": []
          },
          "sensitive_attributes": [],
          "private": "bnVsbA=="
        },
        {
          "index_key": "stage.critical.kubernetes.k8s-pod-crashloop",
          "schema_version": 0,
          "attributes": {
            "assets": [
              {
                "category": "runbook",
                "name": "Pods in CrashLoopBackOff",
                "resource_key": "15298644",
                "resource_type": "notebook",
                "url": "https://app.datadoghq.com/notebook/15298644"
              }
            ],
            "draft_status": "published",
            "enable_logs_sample": null,
            "enable_samples": null,
            "escalation_message": "",
            "evaluation_delay": 300,
            "force_delete": null,
            "group_retention_duration": "",
            "groupby_simple_monitor": null,
            "id": "314372442",
            "include_tags": true,
            "locked": false,
            "message": "{{#is_alert}}\n## P3 · Pods in CrashLoopBackOff\n**WHAT:** Pods in CrashLoopBackOff: availability signal detected by threshold analysis.\n**WHERE:** {{value}} · env `stage` · region `global`\n**SERVICE:** `kubernetes-platform` (kubernetes / kube_pod, tier0)\n**BUSINESS IMPACT:** The service still functions but measurably worse; a subset of traffic or users is failing.\n**WHY IT TRIGGERED:** CrashLoopBackOff is a discrete Kubernetes state, not a metric level.\n\n**OWNER:** cloud-engineering · support 24x7 · this does not page\n**RUNBOOK:** attached to this monitor as `Pods in CrashLoopBackOff` — open it from the monitor's Runbook asset.\n**AUTOMATED DIAGNOSTICS:** workflow `diag-k8s-workload` has run; its output is attached to this event.\n**RELATED EVENTS:** correlated on `kubernetes-workloads.stage.kubernetes-platform` — deployments, infrastructure changes and platform events from the last 30 minutes are attached as context.\n**SLO / ERROR BUDGET:** `slo-k8s-workload-availability` · no error-budget impact (non-production)\n{{/is_alert}}\n{{#is_warning}}\n## Pods in CrashLoopBackOff — warning\nApproaching the alert condition on {{value}}. Investigate before it becomes P3.\n{{/is_warning}}\n{{#is_no_data}}\n## Pods in CrashLoopBackOff — NO DATA\nTelemetry stopped arriving for {{value}}. Treat this as a telemetry-health incident: an unmonitored resource is worse than an alerting one.\n{{/is_no_data}}\n{{#is_recovery}}\n## Recovered · Pods in CrashLoopBackOff\n{{value}} returned to normal. Error-budget impact recorded against `slo-k8s-workload-availability`. No action required; the correlation group closes when every child recovers.\n{{/is_recovery}}\n{{#is_warning_recovery}}\nWarning cleared for {{value}}.\n{{/is_warning_recovery}}",
            "monitor_threshold_windows": [],
            "monitor_thresholds": [
              {
                "critical": "1",
                "critical_recovery": "",
                "ok": "",
                "unknown": "",
                "warning": "",
                "warning_recovery": ""
              }
            ],
            "name": "[P3][stage][kubernetes] Pods in CrashLoopBackOff (critical)",
            "new_group_delay": 300,
            "new_host_delay": 300,
            "no_data_timeframe": 0,
            "notification_preset_name": "",
            "notify_audit": false,
            "notify_by": [
              "kube_cluster_name"
            ],
            "notify_no_data": false,
            "on_missing_data": "",
            "priority": "3",
            "query": "max(last_15m):sum:kubernetes_state.container.status_report.count.waiting{env:stage,alert_band:critical,reason:crashloopbackoff} by {kube_cluster_name,kube_namespace,kube_deployment} \u003e= 1",
            "renotify_interval": 30,
            "renotify_occurrences": 3,
            "renotify_statuses": [
              "alert"
            ],
            "require_full_window": false,
            "restricted_roles": null,
            "scheduling_options": [],
            "tags": [
              "alert_band:critical",
              "archetype:k8s-pod-crashloop",
              "automation_ref:diag-k8s-workload",
              "correlation_key:kubernetes-workloads.stage.kubernetes-platform",
              "dedup_key:kubernetes-platform.stage.k8s-pod-crashloop.critical",
              "detection:threshold",
              "domain:kubernetes",
              "env:stage",
              "failure_domain:kubernetes-workloads",
              "impact_class:degradation",
              "managed_by:terraform",
              "managed_source:platform",
              "monitor_id:stage.critical.kubernetes.k8s-pod-crashloop",
              "monitoring_profile:critical",
              "notification_profile:nonprod_standard",
              "owner:cloud-engineering",
              "pages:false",
              "priority:p3",
              "release_gate:true",
              "resource_type:kube_pod",
              "runbook:k8s-pod-crashloop",
              "runbook_notebook:15298644",
              "service:kubernetes-platform",
              "signal:availability",
              "slo_id:slo-k8s-workload-availability",
              "support_model:24x7",
              "team:cloud-engineering",
              "tier:tier0"
            ],
            "timeout_h": 18,
            "type": "query alert",
            "validate": null,
            "variables": []
          },
          "sensitive_attributes": [],
          "private": "bnVsbA=="
        },
        {
          "index_key": "stage.critical.kubernetes.k8s-pods-pending",
          "schema_version": 0,
          "attributes": {
            "assets": [
              {
                "category": "runbook",
                "name": "Pods Cannot Be Scheduled",
                "resource_key": "15298645",
                "resource_type": "notebook",
                "url": "https://app.datadoghq.com/notebook/15298645"
              }
            ],
            "draft_status": "published",
            "enable_logs_sample": null,
            "enable_samples": null,
            "escalation_message": "",
            "evaluation_delay": 300,
            "force_delete": null,
            "group_retention_duration": "",
            "groupby_simple_monitor": null,
            "id": "314372456",
            "include_tags": true,
            "locked": false,
            "message": "{{#is_alert}}\n## P3 · Pods Cannot Be Scheduled\n**WHAT:** Pods Cannot Be Scheduled: availability signal detected by threshold analysis.\n**WHERE:** {{value}} · env `stage` · region `global`\n**SERVICE:** `kubernetes-platform` (kubernetes / kube_pod, tier0)\n**BUSINESS IMPACT:** The service still functions but measurably worse; a subset of traffic or users is failing.\n**WHY IT TRIGGERED:** Sustained Pending is a scheduler verdict (insufficient resources, taints, quota) — a state, not a level.\n\n**OWNER:** cloud-engineering · support 24x7 · this does not page\n**RUNBOOK:** attached to this monitor as `Pods Cannot Be Scheduled` — open it from the monitor's Runbook asset.\n**AUTOMATED DIAGNOSTICS:** workflow `diag-k8s-workload` has run; its output is attached to this event.\n**RELATED EVENTS:** correlated on `kubernetes-nodes.stage.kubernetes-platform` — deployments, infrastructure changes and platform events from the last 30 minutes are attached as context.\n**SLO / ERROR BUDGET:** `slo-k8s-workload-availability` · no error-budget impact (non-production)\n{{/is_alert}}\n{{#is_warning}}\n## Pods Cannot Be Scheduled — warning\nApproaching the alert condition on {{value}}. Investigate before it becomes P3.\n{{/is_warning}}\n{{#is_no_data}}\n## Pods Cannot Be Scheduled — NO DATA\nTelemetry stopped arriving for {{value}}. Treat this as a telemetry-health incident: an unmonitored resource is worse than an alerting one.\n{{/is_no_data}}\n{{#is_recovery}}\n## Recovered · Pods Cannot Be Scheduled\n{{value}} returned to normal. Error-budget impact recorded against `slo-k8s-workload-availability`. No action required; the correlation group closes when every child recovers.\n{{/is_recovery}}\n{{#is_warning_recovery}}\nWarning cleared for {{value}}.\n{{/is_warning_recovery}}",
            "monitor_threshold_windows": [],
            "monitor_thresholds": [
              {
                "critical": "3",
                "critical_recovery": "",
                "ok": "",
                "unknown": "",
                "warning": "1",
                "warning_recovery": ""
              }
            ],
            "name": "[P3][stage][kubernetes] Pods Cannot Be Scheduled (critical)",
            "new_group_delay": 300,
            "new_host_delay": 300,
            "no_data_timeframe": 0,
            "notification_preset_name": "",
            "notify_audit": false,
            "notify_by": [
              "kube_cluster_name"
            ],
            "notify_no_data": false,
            "on_missing_data": "",
            "priority": "3",
            "query": "min(last_30m):sum:kubernetes_state.pod.status_phase{env:stage,alert_band:critical,phase:pending} by {kube_cluster_name,kube_namespace} \u003e= 3",
            "renotify_interval": 30,
            "renotify_occurrences": 3,
            "renotify_statuses": [
              "alert"
            ],
            "require_full_window": false,
            "restricted_roles": null,
            "scheduling_options": [],
            "tags": [
              "alert_band:critical",
              "archetype:k8s-pods-pending",
              "automation_ref:diag-k8s-workload",
              "correlation_key:kubernetes-nodes.stage.kubernetes-platform",
              "dedup_key:kubernetes-platform.stage.k8s-pods-pending.critical",
              "detection:threshold",
              "domain:kubernetes",
              "env:stage",
              "failure_domain:kubernetes-nodes",
              "impact_class:degradation",
              "managed_by:terraform",
              "managed_source:platform",
              "monitor_id:stage.critical.kubernetes.k8s-pods-pending",
              "monitoring_profile:critical",
              "notification_profile:nonprod_standard",
              "owner:cloud-engineering",
              "pages:false",
              "priority:p3",
              "resource_type:kube_pod",
              "runbook:k8s-pods-pending",
              "runbook_notebook:15298645",
              "service:kubernetes-platform",
              "signal:availability",
              "slo_id:slo-k8s-workload-availability",
              "support_model:24x7",
              "team:cloud-engineering",
              "tier:tier0"
            ],
            "timeout_h": 18,
            "type": "query alert",
            "validate": null,
            "variables": []
          },
          "sensitive_attributes": [],
          "private": "bnVsbA=="
        },
        {
          "index_key": "stage.critical.kubernetes.k8s-telemetry-loss",
          "schema_version": 0,
          "attributes": {
            "assets": [
              {
                "category": "runbook",
                "name": "Kubernetes Cluster Stopped Reporting",
                "resource_key": "15298655",
                "resource_type": "notebook",
                "url": "https://app.datadoghq.com/notebook/15298655"
              }
            ],
            "draft_status": "published",
            "enable_logs_sample": null,
            "enable_samples": null,
            "escalation_message": "",
            "evaluation_delay": 300,
            "force_delete": null,
            "group_retention_duration": "",
            "groupby_simple_monitor": null,
            "id": "314372448",
            "include_tags": true,
            "locked": false,
            "message": "{{#is_alert}}\n## P4 · Kubernetes Cluster Stopped Reporting\n**WHAT:** Kubernetes Cluster Stopped Reporting: telemetry_health signal detected by threshold analysis.\n**WHERE:** {{value}} · env `stage` · region `global`\n**SERVICE:** `kubernetes-platform` (kubernetes / kube_cluster, tier0)\n**BUSINESS IMPACT:** Observability or configuration hygiene is degraded. No direct customer impact, but our ability to see or govern the estate is reduced.\n**WHY IT TRIGGERED:** Absence of cluster telemetry is binary.\n**OWNER:** cloud-engineering · support 24x7 · this does not page\n**RUNBOOK:** attached to this monitor as `Kubernetes Cluster Stopped Reporting` — open it from the monitor's Runbook asset.\n**AUTOMATED DIAGNOSTICS:** workflow `diag-k8s-workload` has run; its output is attached to this event.\n**RELATED EVENTS:** correlated on `kubernetes-control-plane.stage.kubernetes-platform` — deployments, infrastructure changes and platform events from the last 30 minutes are attached as context.\n**SLO / ERROR BUDGET:** `slo-k8s-workload-availability` · no error-budget impact (non-production)\n{{/is_alert}}\n{{#is_warning}}\n## Kubernetes Cluster Stopped Reporting — warning\nApproaching the alert condition on {{value}}. Investigate before it becomes P4.\n{{/is_warning}}\n{{#is_no_data}}\n## Kubernetes Cluster Stopped Reporting — NO DATA\nTelemetry stopped arriving for {{value}}. Treat this as a telemetry-health incident: an unmonitored resource is worse than an alerting one.\n{{/is_no_data}}\n{{#is_recovery}}\n## Recovered · Kubernetes Cluster Stopped Reporting\n{{value}} returned to normal. Error-budget impact recorded against `slo-k8s-workload-availability`. No action required; the correlation group closes when every child recovers.\n{{/is_recovery}}\n{{#is_warning_recovery}}\nWarning cleared for {{value}}.\n{{/is_warning_recovery}}",
            "monitor_threshold_windows": [],
            "monitor_thresholds": [
              {
                "critical": "1",
                "critical_recovery": "",
                "ok": "",
                "unknown": "",
                "warning": "",
                "warning_recovery": ""
              }
            ],
            "name": "[P4][stage][kubernetes] Kubernetes Cluster Stopped Reporting (critical)",
            "new_group_delay": 300,
            "new_host_delay": 300,
            "no_data_timeframe": 45,
            "notification_preset_name": "",
            "notify_audit": false,
            "notify_by": [],
            "notify_no_data": true,
            "on_missing_data": "",
            "priority": "4",
            "query": "sum(last_1h):sum:kubernetes.pods.running{env:stage,alert_band:critical} by {kube_cluster_name}.as_count() \u003c 1",
            "renotify_interval": 30,
            "renotify_occurrences": 3,
            "renotify_statuses": [
              "alert"
            ],
            "require_full_window": false,
            "restricted_roles": null,
            "scheduling_options": [],
            "tags": [
              "alert_band:critical",
              "archetype:k8s-telemetry-loss",
              "automation_ref:diag-k8s-workload",
              "correlation_key:kubernetes-control-plane.stage.kubernetes-platform",
              "dedup_key:kubernetes-platform.stage.k8s-telemetry-loss.critical",
              "detection:threshold",
              "domain:kubernetes",
              "env:stage",
              "failure_domain:kubernetes-control-plane",
              "impact_class:hygiene",
              "managed_by:terraform",
              "managed_source:platform",
              "monitor_id:stage.critical.kubernetes.k8s-telemetry-loss",
              "monitoring_profile:critical",
              "notification_profile:nonprod_standard",
              "owner:cloud-engineering",
              "pages:false",
              "priority:p4",
              "resource_type:kube_cluster",
              "runbook:k8s-telemetry-loss",
              "runbook_notebook:15298655",
              "service:kubernetes-platform",
              "signal:telemetry_health",
              "slo_id:slo-k8s-workload-availability",
              "support_model:24x7",
              "team:cloud-engineering",
              "tier:tier0"
            ],
            "timeout_h": 24,
            "type": "query alert",
            "validate": null,
            "variables": []
          },
          "sensitive_attributes": [],
          "private": "bnVsbA=="
        },
        {
          "index_key": "stage.critical.messaging.consumer-absent",
          "schema_version": 0,
          "attributes": {
            "assets": [
              {
                "category": "runbook",
                "name": "No Active Consumer On Queue",
                "resource_key": "15298597",
                "resource_type": "notebook",
                "url": "https://app.datadoghq.com/notebook/15298597"
              }
            ],
            "draft_status": "published",
            "enable_logs_sample": null,
            "enable_samples": null,
            "escalation_message": "",
            "evaluation_delay": 300,
            "force_delete": null,
            "group_retention_duration": "",
            "groupby_simple_monitor": null,
            "id": "314372457",
            "include_tags": true,
            "locked": false,
            "message": "{{#is_alert}}\n## P3 · No Active Consumer On Queue\n**WHAT:** No Active Consumer On Queue: availability signal detected by threshold analysis.\n**WHERE:** {{value}} · env `stage` · region `global`\n**SERVICE:** `messaging-platform` (messaging / queue, tier0)\n**BUSINESS IMPACT:** Customers are affected now, or a mission-critical capability is unavailable.\n**WHY IT TRIGGERED:** Zero consumers on a live queue is binary and silent — the queue looks healthy while the business stops.\n\n**OWNER:** cloud-engineering · support 24x7 · this does not page\n**RUNBOOK:** attached to this monitor as `No Active Consumer On Queue` — open it from the monitor's Runbook asset.\n**AUTOMATED DIAGNOSTICS:** workflow `diag-messaging` has run; its output is attached to this event.\n**RELATED EVENTS:** correlated on `messaging-platform.stage.messaging-platform` — deployments, infrastructure changes and platform events from the last 30 minutes are attached as context.\n**SLO / ERROR BUDGET:** `slo-messaging-delivery` · no error-budget impact (non-production)\n{{/is_alert}}\n{{#is_warning}}\n## No Active Consumer On Queue — warning\nApproaching the alert condition on {{value}}. Investigate before it becomes P3.\n{{/is_warning}}\n{{#is_no_data}}\n## No Active Consumer On Queue — NO DATA\nTelemetry stopped arriving for {{value}}. Treat this as a telemetry-health incident: an unmonitored resource is worse than an alerting one.\n{{/is_no_data}}\n{{#is_recovery}}\n## Recovered · No Active Consumer On Queue\n{{value}} returned to normal. Error-budget impact recorded against `slo-messaging-delivery`. No action required; the correlation group closes when every child recovers.\n{{/is_recovery}}\n{{#is_warning_recovery}}\nWarning cleared for {{value}}.\n{{/is_warning_recovery}}",
            "monitor_threshold_windows": [],
            "monitor_thresholds": [
              {
                "critical": "1",
                "critical_recovery": "",
                "ok": "",
                "unknown": "",
                "warning": "",
                "warning_recovery": ""
              }
            ],
            "name": "[P3][stage][messaging] No Active Consumer On Queue (critical)",
            "new_group_delay": 300,
            "new_host_delay": 300,
            "no_data_timeframe": 0,
            "notification_preset_name": "",
            "notify_audit": false,
            "notify_by": [
              "namespace"
            ],
            "notify_no_data": false,
            "on_missing_data": "",
            "priority": "3",
            "query": "min(last_30m):avg:acme.messaging.active_consumers{env:stage,alert_band:critical} by {namespace,entity} \u003c 1",
            "renotify_interval": 30,
            "renotify_occurrences": 3,
            "renotify_statuses": [
              "alert"
            ],
            "require_full_window": false,
            "restricted_roles": null,
            "scheduling_options": [],
            "tags": [
              "alert_band:critical",
              "archetype:consumer-absent",
              "automation_ref:diag-messaging",
              "correlation_key:messaging-platform.stage.messaging-platform",
              "dedup_key:messaging-platform.stage.consumer-absent.critical",
              "detection:threshold",
              "domain:messaging",
              "env:stage",
              "failure_domain:messaging-platform",
              "impact_class:customer_impact",
              "managed_by:terraform",
              "managed_source:platform",
              "monitor_id:stage.critical.messaging.consumer-absent",
              "monitoring_profile:critical",
              "notification_profile:nonprod_standard",
              "owner:cloud-engineering",
              "pages:false",
              "priority:p3",
              "resource_type:queue",
              "runbook:consumer-absent",
              "runbook_notebook:15298597",
              "service:messaging-platform",
              "signal:availability",
              "slo_id:slo-messaging-delivery",
              "support_model:24x7",
              "team:cloud-engineering",
              "tier:tier0"
            ],
            "timeout_h": 18,
            "type": "query alert",
            "validate": null,
            "variables": []
          },
          "sensitive_attributes": [],
          "private": "bnVsbA=="
        },
        {
          "index_key": "stage.critical.messaging.consumer-dlq-growth",
          "schema_version": 0,
          "attributes": {
            "assets": [
              {
                "category": "runbook",
                "name": "Dead Letter Queue Growth",
                "resource_key": "15298598",
                "resource_type": "notebook",
                "url": "https://app.datadoghq.com/notebook/15298598"
              }
            ],
            "draft_status": "published",
            "enable_logs_sample": null,
            "enable_samples": null,
            "escalation_message": "",
            "evaluation_delay": 300,
            "force_delete": null,
            "group_retention_duration": "",
            "groupby_simple_monitor": null,
            "id": "314372505",
            "include_tags": true,
            "locked": false,
            "message": "{{#is_alert}}\n## P3 · Dead Letter Queue Growth\n**WHAT:** Dead Letter Queue Growth: dlq_depth signal detected by threshold analysis.\n**WHERE:** {{value}} · env `stage` · region `global`\n**SERVICE:** `messaging-platform` (messaging / queue, tier0)\n**BUSINESS IMPACT:** The service still functions but measurably worse; a subset of traffic or users is failing.\n**WHY IT TRIGGERED:** Dead-lettered messages are business events that were permanently lost; the threshold reflects the manual replay capacity of one engineer.\n\n**OWNER:** cloud-engineering · support 24x7 · this does not page\n**RUNBOOK:** attached to this monitor as `Dead Letter Queue Growth` — open it from the monitor's Runbook asset.\n**AUTOMATED DIAGNOSTICS:** workflow `remediate-clear-dlq` has run; its output is attached to this event.\n**RELATED EVENTS:** correlated on `messaging-platform.stage.messaging-platform` — deployments, infrastructure changes and platform events from the last 30 minutes are attached as context.\n**SLO / ERROR BUDGET:** `slo-messaging-delivery` · no error-budget impact (non-production)\n{{/is_alert}}\n{{#is_warning}}\n## Dead Letter Queue Growth — warning\nApproaching the alert condition on {{value}}. Investigate before it becomes P3.\n{{/is_warning}}\n{{#is_no_data}}\n## Dead Letter Queue Growth — NO DATA\nTelemetry stopped arriving for {{value}}. Treat this as a telemetry-health incident: an unmonitored resource is worse than an alerting one.\n{{/is_no_data}}\n{{#is_recovery}}\n## Recovered · Dead Letter Queue Growth\n{{value}} returned to normal. Error-budget impact recorded against `slo-messaging-delivery`. No action required; the correlation group closes when every child recovers.\n{{/is_recovery}}\n{{#is_warning_recovery}}\nWarning cleared for {{value}}.\n{{/is_warning_recovery}}",
            "monitor_threshold_windows": [],
            "monitor_thresholds": [
              {
                "critical": "100",
                "critical_recovery": "",
                "ok": "",
                "unknown": "",
                "warning": "10",
                "warning_recovery": ""
              }
            ],
            "name": "[P3][stage][messaging] Dead Letter Queue Growth (critical)",
            "new_group_delay": 300,
            "new_host_delay": 300,
            "no_data_timeframe": 0,
            "notification_preset_name": "",
            "notify_audit": false,
            "notify_by": [
              "namespace"
            ],
            "notify_no_data": false,
            "on_missing_data": "",
            "priority": "3",
            "query": "avg(last_1h):avg:azure.servicebus_namespaces.count_of_dead_lettered_messages_in_a_queue_topic{env:stage,alert_band:critical} by {namespace,entity} \u003e 100",
            "renotify_interval": 30,
            "renotify_occurrences": 3,
            "renotify_statuses": [
              "alert"
            ],
            "require_full_window": false,
            "restricted_roles": null,
            "scheduling_options": [],
            "tags": [
              "alert_band:critical",
              "archetype:consumer-dlq-growth",
              "automation_ref:remediate-clear-dlq",
              "correlation_key:messaging-platform.stage.messaging-platform",
              "dedup_key:messaging-platform.stage.consumer-dlq-growth.critical",
              "detection:threshold",
              "domain:messaging",
              "env:stage",
              "failure_domain:messaging-platform",
              "impact_class:degradation",
              "managed_by:terraform",
              "managed_source:platform",
              "monitor_id:stage.critical.messaging.consumer-dlq-growth",
              "monitoring_profile:critical",
              "notification_profile:nonprod_standard",
              "owner:cloud-engineering",
              "pages:false",
              "priority:p3",
              "resource_type:queue",
              "runbook:consumer-dlq-growth",
              "runbook_notebook:15298598",
              "service:messaging-platform",
              "signal:dlq_depth",
              "slo_id:slo-messaging-delivery",
              "support_model:24x7",
              "team:cloud-engineering",
              "tier:tier0"
            ],
            "timeout_h": 18,
            "type": "query alert",
            "validate": null,
            "variables": []
          },
          "sensitive_attributes": [],
          "private": "bnVsbA=="
        },
        {
          "index_key": "stage.critical.messaging.eventhub-server-errors",
          "schema_version": 0,
          "attributes": {
            "assets": [
              {
                "category": "runbook",
                "name": "Event Hubs Server Error Anomaly",
                "resource_key": "15318390",
                "resource_type": "notebook",
                "url": "https://app.datadoghq.com/notebook/15318390"
              }
            ],
            "draft_status": "published",
            "enable_logs_sample": null,
            "enable_samples": null,
            "escalation_message": "",
            "evaluation_delay": 300,
            "force_delete": null,
            "group_retention_duration": "",
            "groupby_simple_monitor": null,
            "id": "314985803",
            "include_tags": true,
            "locked": false,
            "message": "{{#is_alert}}\n## P3 · Event Hubs Server Error Anomaly\n**WHAT:** Event Hubs Server Error Anomaly: error_rate signal detected by anomaly analysis.\n**WHERE:** {{value}} · env `stage` · region `global`\n**SERVICE:** `messaging-platform` (messaging / stream, tier0)\n**BUSINESS IMPACT:** The service still functions but measurably worse; a subset of traffic or users is failing.\n**WHY IT TRIGGERED:** The signal deviated from its own learned baseline by more than the configured number of deviations — not because it crossed a fixed number.\n**OWNER:** cloud-engineering · support 24x7 · this does not page\n**RUNBOOK:** attached to this monitor as `Event Hubs Server Error Anomaly` — open it from the monitor's Runbook asset.\n**AUTOMATED DIAGNOSTICS:** workflow `diag-messaging` has run; its output is attached to this event.\n**RELATED EVENTS:** correlated on `messaging.stage.messaging-platform` — deployments, infrastructure changes and platform events from the last 30 minutes are attached as context.\n**SLO / ERROR BUDGET:** `slo-messaging-delivery` · no error-budget impact (non-production)\n{{/is_alert}}\n{{#is_warning}}\n## Event Hubs Server Error Anomaly — warning\nApproaching the alert condition on {{value}}. Investigate before it becomes P3.\n{{/is_warning}}\n{{#is_no_data}}\n## Event Hubs Server Error Anomaly — NO DATA\nTelemetry stopped arriving for {{value}}. Treat this as a telemetry-health incident: an unmonitored resource is worse than an alerting one.\n{{/is_no_data}}\n{{#is_recovery}}\n## Recovered · Event Hubs Server Error Anomaly\n{{value}} returned to normal. Error-budget impact recorded against `slo-messaging-delivery`. No action required; the correlation group closes when every child recovers.\n{{/is_recovery}}\n{{#is_warning_recovery}}\nWarning cleared for {{value}}.\n{{/is_warning_recovery}}",
            "monitor_threshold_windows": [],
            "monitor_thresholds": [
              {
                "critical": "1",
                "critical_recovery": "",
                "ok": "",
                "unknown": "",
                "warning": "",
                "warning_recovery": ""
              }
            ],
            "name": "[P3][stage][messaging] Event Hubs Server Error Anomaly (critical)",
            "new_group_delay": 300,
            "new_host_delay": 300,
            "no_data_timeframe": 0,
            "notification_preset_name": "",
            "notify_audit": false,
            "notify_by": [],
            "notify_no_data": false,
            "on_missing_data": "",
            "priority": "3",
            "query": "avg(last_30m):anomalies(sum:azure.eventhub_namespaces.internal_server_errors{env:stage,alert_band:critical} by {namespace}.as_rate(), 'agile', 3, direction='above') \u003e= 1",
            "renotify_interval": 30,
            "renotify_occurrences": 3,
            "renotify_statuses": [
              "alert"
            ],
            "require_full_window": false,
            "restricted_roles": null,
            "scheduling_options": [],
            "tags": [
              "alert_band:critical",
              "archetype:eventhub-server-errors",
              "automation_ref:diag-messaging",
              "correlation_key:messaging.stage.messaging-platform",
              "dedup_key:messaging-platform.stage.eventhub-server-errors.critical",
              "detection:anomaly",
              "domain:messaging",
              "env:stage",
              "failure_domain:messaging",
              "impact_class:degradation",
              "managed_by:terraform",
              "managed_source:platform",
              "monitor_id:stage.critical.messaging.eventhub-server-errors",
              "monitoring_profile:critical",
              "notification_profile:nonprod_standard",
              "owner:cloud-engineering",
              "pages:false",
              "priority:p3",
              "resource_type:stream",
              "runbook:eventhub-server-errors",
              "runbook_notebook:15318390",
              "service:messaging-platform",
              "signal:error_rate",
              "slo_id:slo-messaging-delivery",
              "support_model:24x7",
              "team:cloud-engineering",
              "tier:tier0"
            ],
            "timeout_h": 18,
            "type": "query alert",
            "validate": null,
            "variables": []
          },
          "sensitive_attributes": [],
          "private": "bnVsbA=="
        },
        {
          "index_key": "stage.critical.messaging.eventhub-throughput-exhaustion",
          "schema_version": 0,
          "attributes": {
            "assets": [
              {
                "category": "runbook",
                "name": "Event Hubs Throughput Unit Exhaustion",
                "resource_key": "15318391",
                "resource_type": "notebook",
                "url": "https://app.datadoghq.com/notebook/15318391"
              }
            ],
            "draft_status": "published",
            "enable_logs_sample": null,
            "enable_samples": null,
            "escalation_message": "",
            "evaluation_delay": 300,
            "force_delete": null,
            "group_retention_duration": "",
            "groupby_simple_monitor": null,
            "id": "314985794",
            "include_tags": true,
            "locked": false,
            "message": "{{#is_alert}}\n## P3 · Event Hubs Throughput Unit Exhaustion\n**WHAT:** Event Hubs Throughput Unit Exhaustion: saturation signal detected by threshold analysis.\n**WHERE:** {{value}} · env `stage` · region `global`\n**SERVICE:** `messaging-platform` (messaging / stream, tier0)\n**BUSINESS IMPACT:** The service still functions but measurably worse; a subset of traffic or users is failing.\n**WHY IT TRIGGERED:** A quota-exceeded error is Event Hubs rejecting a publish because the namespace is out of throughput units. The producer either retries (adding latency) or drops the event. Zero is the only correct number.\n\n**OWNER:** cloud-engineering · support 24x7 · this does not page\n**RUNBOOK:** attached to this monitor as `Event Hubs Throughput Unit Exhaustion` — open it from the monitor's Runbook asset.\n**AUTOMATED DIAGNOSTICS:** workflow `diag-messaging` has run; its output is attached to this event.\n**RELATED EVENTS:** correlated on `messaging.stage.messaging-platform` — deployments, infrastructure changes and platform events from the last 30 minutes are attached as context.\n**SLO / ERROR BUDGET:** `slo-messaging-delivery` · no error-budget impact (non-production)\n{{/is_alert}}\n{{#is_warning}}\n## Event Hubs Throughput Unit Exhaustion — warning\nApproaching the alert condition on {{value}}. Investigate before it becomes P3.\n{{/is_warning}}\n{{#is_no_data}}\n## Event Hubs Throughput Unit Exhaustion — NO DATA\nTelemetry stopped arriving for {{value}}. Treat this as a telemetry-health incident: an unmonitored resource is worse than an alerting one.\n{{/is_no_data}}\n{{#is_recovery}}\n## Recovered · Event Hubs Throughput Unit Exhaustion\n{{value}} returned to normal. Error-budget impact recorded against `slo-messaging-delivery`. No action required; the correlation group closes when every child recovers.\n{{/is_recovery}}\n{{#is_warning_recovery}}\nWarning cleared for {{value}}.\n{{/is_warning_recovery}}",
            "monitor_threshold_windows": [],
            "monitor_thresholds": [
              {
                "critical": "0",
                "critical_recovery": "",
                "ok": "",
                "unknown": "",
                "warning": "",
                "warning_recovery": ""
              }
            ],
            "name": "[P3][stage][messaging] Event Hubs Throughput Unit Exhaustion (critical)",
            "new_group_delay": 300,
            "new_host_delay": 300,
            "no_data_timeframe": 0,
            "notification_preset_name": "",
            "notify_audit": false,
            "notify_by": [],
            "notify_no_data": false,
            "on_missing_data": "",
            "priority": "3",
            "query": "sum(last_30m):sum:azure.eventhub_namespaces.quota_exceeded_errors{env:stage,alert_band:critical} by {namespace}.as_count() \u003e 0",
            "renotify_interval": 30,
            "renotify_occurrences": 3,
            "renotify_statuses": [
              "alert"
            ],
            "require_full_window": false,
            "restricted_roles": null,
            "scheduling_options": [],
            "tags": [
              "alert_band:critical",
              "archetype:eventhub-throughput-exhaustion",
              "automation_ref:diag-messaging",
              "correlation_key:messaging.stage.messaging-platform",
              "dedup_key:messaging-platform.stage.eventhub-throughput-exhaustion.critical",
              "detection:threshold",
              "domain:messaging",
              "env:stage",
              "failure_domain:messaging",
              "impact_class:degradation",
              "managed_by:terraform",
              "managed_source:platform",
              "monitor_id:stage.critical.messaging.eventhub-throughput-exhaustion",
              "monitoring_profile:critical",
              "notification_profile:nonprod_standard",
              "owner:cloud-engineering",
              "pages:false",
              "priority:p3",
              "resource_type:stream",
              "runbook:eventhub-throughput-exhaustion",
              "runbook_notebook:15318391",
              "service:messaging-platform",
              "signal:saturation",
              "slo_id:slo-messaging-delivery",
              "support_model:24x7",
              "team:cloud-engineering",
              "tier:tier0"
            ],
            "timeout_h": 18,
            "type": "query alert",
            "validate": null,
            "variables": []
          },
          "sensitive_attributes": [],
          "private": "bnVsbA=="
        },
        {
          "index_key": "stage.critical.messaging.messaging-publish-failure",
          "schema_version": 0,
          "attributes": {
            "assets": [
              {
                "category": "runbook",
                "name": "Message Publish Failures",
                "resource_key": "15298658",
                "resource_type": "notebook",
                "url": "https://app.datadoghq.com/notebook/15298658"
              }
            ],
            "draft_status": "published",
            "enable_logs_sample": null,
            "enable_samples": null,
            "escalation_message": "",
            "evaluation_delay": 300,
            "force_delete": null,
            "group_retention_duration": "",
            "groupby_simple_monitor": null,
            "id": "314372491",
            "include_tags": true,
            "locked": false,
            "message": "{{#is_alert}}\n## P3 · Message Publish Failures\n**WHAT:** Message Publish Failures: error_rate signal detected by anomaly analysis.\n**WHERE:** {{value}} · env `stage` · region `global`\n**SERVICE:** `messaging-platform` (messaging / service, tier0)\n**BUSINESS IMPACT:** Customers are affected now, or a mission-critical capability is unavailable.\n**WHY IT TRIGGERED:** The signal deviated from its own learned baseline by more than the configured number of deviations — not because it crossed a fixed number.\n**OWNER:** cloud-engineering · support 24x7 · this does not page\n**RUNBOOK:** attached to this monitor as `Message Publish Failures` — open it from the monitor's Runbook asset.\n**AUTOMATED DIAGNOSTICS:** workflow `diag-messaging` has run; its output is attached to this event.\n**RELATED EVENTS:** correlated on `messaging-platform.stage.messaging-platform` — deployments, infrastructure changes and platform events from the last 30 minutes are attached as context.\n**SLO / ERROR BUDGET:** `slo-messaging-delivery` · no error-budget impact (non-production)\n{{/is_alert}}\n{{#is_warning}}\n## Message Publish Failures — warning\nApproaching the alert condition on {{value}}. Investigate before it becomes P3.\n{{/is_warning}}\n{{#is_no_data}}\n## Message Publish Failures — NO DATA\nTelemetry stopped arriving for {{value}}. Treat this as a telemetry-health incident: an unmonitored resource is worse than an alerting one.\n{{/is_no_data}}\n{{#is_recovery}}\n## Recovered · Message Publish Failures\n{{value}} returned to normal. Error-budget impact recorded against `slo-messaging-delivery`. No action required; the correlation group closes when every child recovers.\n{{/is_recovery}}\n{{#is_warning_recovery}}\nWarning cleared for {{value}}.\n{{/is_warning_recovery}}",
            "monitor_threshold_windows": [],
            "monitor_thresholds": [
              {
                "critical": "1",
                "critical_recovery": "",
                "ok": "",
                "unknown": "",
                "warning": "",
                "warning_recovery": ""
              }
            ],
            "name": "[P3][stage][messaging] Message Publish Failures (critical)",
            "new_group_delay": 300,
            "new_host_delay": 300,
            "no_data_timeframe": 0,
            "notification_preset_name": "",
            "notify_audit": false,
            "notify_by": [
              "namespace"
            ],
            "notify_no_data": false,
            "on_missing_data": "",
            "priority": "3",
            "query": "avg(last_30m):anomalies(sum:acme.messaging.publish_errors{env:stage,alert_band:critical} by {service,namespace}.as_rate(), 'agile', 3) \u003e= 1",
            "renotify_interval": 30,
            "renotify_occurrences": 3,
            "renotify_statuses": [
              "alert"
            ],
            "require_full_window": false,
            "restricted_roles": null,
            "scheduling_options": [],
            "tags": [
              "alert_band:critical",
              "archetype:messaging-publish-failure",
              "automation_ref:diag-messaging",
              "correlation_key:messaging-platform.stage.messaging-platform",
              "dedup_key:messaging-platform.stage.messaging-publish-failure.critical",
              "detection:anomaly",
              "domain:messaging",
              "env:stage",
              "failure_domain:messaging-platform",
              "impact_class:customer_impact",
              "managed_by:terraform",
              "managed_source:platform",
              "monitor_id:stage.critical.messaging.messaging-publish-failure",
              "monitoring_profile:critical",
              "notification_profile:nonprod_standard",
              "owner:cloud-engineering",
              "pages:false",
              "priority:p3",
              "resource_type:service",
              "runbook:messaging-publish-failure",
              "runbook_notebook:15298658",
              "service:messaging-platform",
              "signal:error_rate",
              "slo_id:slo-messaging-delivery",
              "support_model:24x7",
              "team:cloud-engineering",
              "tier:tier0"
            ],
            "timeout_h": 18,
            "type": "query alert",
            "validate": null,
            "variables": []
          },
          "sensitive_attributes": [],
          "private": "bnVsbA=="
        },
        {
          "index_key": "stage.critical.messaging.servicebus-message-age",
          "schema_version": 0,
          "attributes": {
            "assets": [
              {
                "category": "runbook",
                "name": "Service Bus Oldest Message Age",
                "resource_key": "15318431",
                "resource_type": "notebook",
                "url": "https://app.datadoghq.com/notebook/15318431"
              }
            ],
            "draft_status": "published",
            "enable_logs_sample": null,
            "enable_samples": null,
            "escalation_message": "",
            "evaluation_delay": 300,
            "force_delete": null,
            "group_retention_duration": "",
            "groupby_simple_monitor": null,
            "id": "314985765",
            "include_tags": true,
            "locked": false,
            "message": "{{#is_alert}}\n## P3 · Service Bus Oldest Message Age\n**WHAT:** Service Bus Oldest Message Age: freshness signal detected by threshold analysis.\n**WHERE:** {{value}} · env `stage` · region `global`\n**SERVICE:** `messaging-platform` (messaging / queue, tier0)\n**BUSINESS IMPACT:** The service still functions but measurably worse; a subset of traffic or users is failing.\n**WHY IT TRIGGERED:** 15 minutes is the delivery commitment in slo-messaging-delivery. Age is the only backlog measure that means the same thing on a queue that handles ten messages a day and one that handles ten thousand a minute.\n\n**OWNER:** cloud-engineering · support 24x7 · this does not page\n**RUNBOOK:** attached to this monitor as `Service Bus Oldest Message Age` — open it from the monitor's Runbook asset.\n**AUTOMATED DIAGNOSTICS:** workflow `diag-messaging` has run; its output is attached to this event.\n**RELATED EVENTS:** correlated on `messaging.stage.messaging-platform` — deployments, infrastructure changes and platform events from the last 30 minutes are attached as context.\n**SLO / ERROR BUDGET:** `slo-messaging-delivery` · no error-budget impact (non-production)\n{{/is_alert}}\n{{#is_warning}}\n## Service Bus Oldest Message Age — warning\nApproaching the alert condition on {{value}}. Investigate before it becomes P3.\n{{/is_warning}}\n{{#is_no_data}}\n## Service Bus Oldest Message Age — NO DATA\nTelemetry stopped arriving for {{value}}. Treat this as a telemetry-health incident: an unmonitored resource is worse than an alerting one.\n{{/is_no_data}}\n{{#is_recovery}}\n## Recovered · Service Bus Oldest Message Age\n{{value}} returned to normal. Error-budget impact recorded against `slo-messaging-delivery`. No action required; the correlation group closes when every child recovers.\n{{/is_recovery}}\n{{#is_warning_recovery}}\nWarning cleared for {{value}}.\n{{/is_warning_recovery}}",
            "monitor_threshold_windows": [],
            "monitor_thresholds": [
              {
                "critical": "900",
                "critical_recovery": "",
                "ok": "",
                "unknown": "",
                "warning": "300",
                "warning_recovery": ""
              }
            ],
            "name": "[P3][stage][messaging] Service Bus Oldest Message Age (critical)",
            "new_group_delay": 300,
            "new_host_delay": 300,
            "no_data_timeframe": 0,
            "notification_preset_name": "",
            "notify_audit": false,
            "notify_by": [
              "namespace"
            ],
            "notify_no_data": false,
            "on_missing_data": "",
            "priority": "3",
            "query": "max(last_30m):max:acme.messaging.oldest_message_age_seconds{env:stage,alert_band:critical} by {namespace,entity} \u003e 900",
            "renotify_interval": 30,
            "renotify_occurrences": 3,
            "renotify_statuses": [
              "alert"
            ],
            "require_full_window": false,
            "restricted_roles": null,
            "scheduling_options": [],
            "tags": [
              "alert_band:critical",
              "archetype:servicebus-message-age",
              "automation_ref:diag-messaging",
              "correlation_key:messaging.stage.messaging-platform",
              "dedup_key:messaging-platform.stage.servicebus-message-age.critical",
              "detection:threshold",
              "domain:messaging",
              "env:stage",
              "failure_domain:messaging",
              "impact_class:degradation",
              "managed_by:terraform",
              "managed_source:platform",
              "monitor_id:stage.critical.messaging.servicebus-message-age",
              "monitoring_profile:critical",
              "notification_profile:nonprod_standard",
              "owner:cloud-engineering",
              "pages:false",
              "priority:p3",
              "resource_type:queue",
              "runbook:servicebus-message-age",
              "runbook_notebook:15318431",
              "service:messaging-platform",
              "signal:freshness",
              "slo_id:slo-messaging-delivery",
              "support_model:24x7",
              "team:cloud-engineering",
              "tier:tier0"
            ],
            "timeout_h": 18,
            "type": "query alert",
            "validate": null,
            "variables": []
          },
          "sensitive_attributes": [],
          "private": "bnVsbA=="
        },
        {
          "index_key": "stage.critical.messaging.servicebus-server-errors",
          "schema_version": 0,
          "attributes": {
            "assets": [
              {
                "category": "runbook",
                "name": "Service Bus Server Error Anomaly",
                "resource_key": "15318434",
                "resource_type": "notebook",
                "url": "https://app.datadoghq.com/notebook/15318434"
              }
            ],
            "draft_status": "published",
            "enable_logs_sample": null,
            "enable_samples": null,
            "escalation_message": "",
            "evaluation_delay": 300,
            "force_delete": null,
            "group_retention_duration": "",
            "groupby_simple_monitor": null,
            "id": "314985778",
            "include_tags": true,
            "locked": false,
            "message": "{{#is_alert}}\n## P3 · Service Bus Server Error Anomaly\n**WHAT:** Server errors are the broker's fault, not the client's — distinct from user_errors, which are malformed requests and belong to the publisher.\n\n**WHERE:** {{value}} · env `stage` · region `global`\n**SERVICE:** `messaging-platform` (messaging / messaging_namespace, tier0)\n**BUSINESS IMPACT:** The service still functions but measurably worse; a subset of traffic or users is failing.\n**WHY IT TRIGGERED:** The signal deviated from its own learned baseline by more than the configured number of deviations — not because it crossed a fixed number.\n**OWNER:** cloud-engineering · support 24x7 · this does not page\n**RUNBOOK:** attached to this monitor as `Service Bus Server Error Anomaly` — open it from the monitor's Runbook asset.\n**AUTOMATED DIAGNOSTICS:** workflow `diag-messaging` has run; its output is attached to this event.\n**RELATED EVENTS:** correlated on `messaging.stage.messaging-platform` — deployments, infrastructure changes and platform events from the last 30 minutes are attached as context.\n**SLO / ERROR BUDGET:** `slo-messaging-delivery` · no error-budget impact (non-production)\n{{/is_alert}}\n{{#is_warning}}\n## Service Bus Server Error Anomaly — warning\nApproaching the alert condition on {{value}}. Investigate before it becomes P3.\n{{/is_warning}}\n{{#is_no_data}}\n## Service Bus Server Error Anomaly — NO DATA\nTelemetry stopped arriving for {{value}}. Treat this as a telemetry-health incident: an unmonitored resource is worse than an alerting one.\n{{/is_no_data}}\n{{#is_recovery}}\n## Recovered · Service Bus Server Error Anomaly\n{{value}} returned to normal. Error-budget impact recorded against `slo-messaging-delivery`. No action required; the correlation group closes when every child recovers.\n{{/is_recovery}}\n{{#is_warning_recovery}}\nWarning cleared for {{value}}.\n{{/is_warning_recovery}}",
            "monitor_threshold_windows": [],
            "monitor_thresholds": [
              {
                "critical": "1",
                "critical_recovery": "",
                "ok": "",
                "unknown": "",
                "warning": "",
                "warning_recovery": ""
              }
            ],
            "name": "[P3][stage][messaging] Service Bus Server Error Anomaly (critical)",
            "new_group_delay": 300,
            "new_host_delay": 300,
            "no_data_timeframe": 0,
            "notification_preset_name": "",
            "notify_audit": false,
            "notify_by": [],
            "notify_no_data": false,
            "on_missing_data": "",
            "priority": "3",
            "query": "avg(last_30m):anomalies(sum:azure.servicebus_namespaces.server_errors{env:stage,alert_band:critical} by {namespace}.as_rate(), 'agile', 3, direction='above') \u003e= 1",
            "renotify_interval": 30,
            "renotify_occurrences": 3,
            "renotify_statuses": [
              "alert"
            ],
            "require_full_window": false,
            "restricted_roles": null,
            "scheduling_options": [],
            "tags": [
              "alert_band:critical",
              "archetype:servicebus-server-errors",
              "automation_ref:diag-messaging",
              "correlation_key:messaging.stage.messaging-platform",
              "dedup_key:messaging-platform.stage.servicebus-server-errors.critical",
              "detection:anomaly",
              "domain:messaging",
              "env:stage",
              "failure_domain:messaging",
              "impact_class:degradation",
              "managed_by:terraform",
              "managed_source:platform",
              "monitor_id:stage.critical.messaging.servicebus-server-errors",
              "monitoring_profile:critical",
              "notification_profile:nonprod_standard",
              "owner:cloud-engineering",
              "pages:false",
              "priority:p3",
              "resource_type:messaging_namespace",
              "runbook:servicebus-server-errors",
              "runbook_notebook:15318434",
              "service:messaging-platform",
              "signal:error_rate",
              "slo_id:slo-messaging-delivery",
              "support_model:24x7",
              "team:cloud-engineering",
              "tier:tier0"
            ],
            "timeout_h": 18,
            "type": "query alert",
            "validate": null,
            "variables": []
          },
          "sensitive_attributes": [],
          "private": "bnVsbA=="
        },
        {
          "index_key": "stage.critical.network.loadbalancer-pool-degraded",
          "schema_version": 0,
          "attributes": {
            "assets": [
              {
                "category": "runbook",
                "name": "Load Balancer Pool Redundancy Degraded",
                "resource_key": "15298656",
                "resource_type": "notebook",
                "url": "https://app.datadoghq.com/notebook/15298656"
              }
            ],
            "draft_status": "published",
            "enable_logs_sample": null,
            "enable_samples": null,
            "escalation_message": "",
            "evaluation_delay": 300,
            "force_delete": null,
            "group_retention_duration": "",
            "groupby_simple_monitor": null,
            "id": "314372506",
            "include_tags": true,
            "locked": false,
            "message": "{{#is_alert}}\n## P3 · Load Balancer Pool Redundancy Degraded\n**WHAT:** Load Balancer Pool Redundancy Degraded: availability signal detected by threshold analysis.\n**WHERE:** {{value}} · env `stage` · region `global`\n**SERVICE:** `network-platform` (network / load_balancer, tier0)\n**BUSINESS IMPACT:** The service still functions but measurably worse; a subset of traffic or users is failing.\n**WHY IT TRIGGERED:** Redundancy ratios are a design contract.\n**OWNER:** infrastructure-engineering · support 24x7 · this does not page\n**RUNBOOK:** attached to this monitor as `Load Balancer Pool Redundancy Degraded` — open it from the monitor's Runbook asset.\n**AUTOMATED DIAGNOSTICS:** workflow `diag-network` has run; its output is attached to this event.\n**RELATED EVENTS:** correlated on `network-edge.stage.network-platform` — deployments, infrastructure changes and platform events from the last 30 minutes are attached as context.\n**SLO / ERROR BUDGET:** `slo-network-availability` · no error-budget impact (non-production)\n{{/is_alert}}\n{{#is_warning}}\n## Load Balancer Pool Redundancy Degraded — warning\nApproaching the alert condition on {{value}}. Investigate before it becomes P3.\n{{/is_warning}}\n{{#is_no_data}}\n## Load Balancer Pool Redundancy Degraded — NO DATA\nTelemetry stopped arriving for {{value}}. Treat this as a telemetry-health incident: an unmonitored resource is worse than an alerting one.\n{{/is_no_data}}\n{{#is_recovery}}\n## Recovered · Load Balancer Pool Redundancy Degraded\n{{value}} returned to normal. Error-budget impact recorded against `slo-network-availability`. No action required; the correlation group closes when every child recovers.\n{{/is_recovery}}\n{{#is_warning_recovery}}\nWarning cleared for {{value}}.\n{{/is_warning_recovery}}",
            "monitor_threshold_windows": [],
            "monitor_thresholds": [
              {
                "critical": "0.6",
                "critical_recovery": "",
                "ok": "",
                "unknown": "",
                "warning": "0.8",
                "warning_recovery": ""
              }
            ],
            "name": "[P3][stage][network] Load Balancer Pool Redundancy Degraded (critical)",
            "new_group_delay": 300,
            "new_host_delay": 300,
            "no_data_timeframe": 0,
            "notification_preset_name": "",
            "notify_audit": false,
            "notify_by": [
              "load_balancer"
            ],
            "notify_no_data": false,
            "on_missing_data": "",
            "priority": "3",
            "query": "min(last_15m):avg:acme.lb.healthy_members{env:stage,alert_band:critical} by {load_balancer,pool} / avg:acme.lb.total_members{env:stage,alert_band:critical} by {load_balancer,pool} \u003c 0.6",
            "renotify_interval": 30,
            "renotify_occurrences": 3,
            "renotify_statuses": [
              "alert"
            ],
            "require_full_window": false,
            "restricted_roles": null,
            "scheduling_options": [],
            "tags": [
              "alert_band:critical",
              "archetype:loadbalancer-pool-degraded",
              "automation_ref:diag-network",
              "correlation_key:network-edge.stage.network-platform",
              "dedup_key:network-platform.stage.loadbalancer-pool-degraded.critical",
              "detection:threshold",
              "domain:network",
              "env:stage",
              "failure_domain:network-edge",
              "impact_class:degradation",
              "managed_by:terraform",
              "managed_source:platform",
              "monitor_id:stage.critical.network.loadbalancer-pool-degraded",
              "monitoring_profile:critical",
              "notification_profile:nonprod_standard",
              "owner:infrastructure-engineering",
              "pages:false",
              "priority:p3",
              "resource_type:load_balancer",
              "runbook:loadbalancer-pool-degraded",
              "runbook_notebook:15298656",
              "service:network-platform",
              "signal:availability",
              "slo_id:slo-network-availability",
              "support_model:24x7",
              "team:infrastructure-engineering",
              "tier:tier0"
            ],
            "timeout_h": 18,
            "type": "query alert",
            "validate": null,
            "variables": []
          },
          "sensitive_attributes": [],
          "private": "bnVsbA=="
        },
        {
          "index_key": "stage.critical.network.vpn-bgp-peer-down",
          "schema_version": 0,
          "attributes": {
            "assets": [
              {
                "category": "runbook",
                "name": "VPN Gateway BGP Peer Down",
                "resource_key": "15318469",
                "resource_type": "notebook",
                "url": "https://app.datadoghq.com/notebook/15318469"
              }
            ],
            "draft_status": "published",
            "enable_logs_sample": null,
            "enable_samples": null,
            "escalation_message": "",
            "evaluation_delay": 300,
            "force_delete": null,
            "group_retention_duration": "",
            "groupby_simple_monitor": null,
            "id": "314985804",
            "include_tags": true,
            "locked": false,
            "message": "{{#is_alert}}\n## P3 · VPN Gateway BGP Peer Down\n**WHAT:** VPN Gateway BGP Peer Down: availability signal detected by threshold analysis.\n**WHERE:** {{value}} · env `stage` · region `global`\n**SERVICE:** `network-platform` (network / network_tunnel, tier0)\n**BUSINESS IMPACT:** The service still functions but measurably worse; a subset of traffic or users is failing.\n**WHY IT TRIGGERED:** BGP peer status is connected (1) or not. Classified as degradation rather than customer impact because in this estate the VPN is the backup path for ExpressRoute — losing it removes resilience, not service.\n\n**OWNER:** infrastructure-engineering · support 24x7 · this does not page\n**RUNBOOK:** attached to this monitor as `VPN Gateway BGP Peer Down` — open it from the monitor's Runbook asset.\n**AUTOMATED DIAGNOSTICS:** workflow `diag-network` has run; its output is attached to this event.\n**RELATED EVENTS:** correlated on `connectivity.stage.network-platform` — deployments, infrastructure changes and platform events from the last 30 minutes are attached as context.\n**SLO / ERROR BUDGET:** `slo-network-availability` · no error-budget impact (non-production)\n{{/is_alert}}\n{{#is_warning}}\n## VPN Gateway BGP Peer Down — warning\nApproaching the alert condition on {{value}}. Investigate before it becomes P3.\n{{/is_warning}}\n{{#is_no_data}}\n## VPN Gateway BGP Peer Down — NO DATA\nTelemetry stopped arriving for {{value}}. Treat this as a telemetry-health incident: an unmonitored resource is worse than an alerting one.\n{{/is_no_data}}\n{{#is_recovery}}\n## Recovered · VPN Gateway BGP Peer Down\n{{value}} returned to normal. Error-budget impact recorded against `slo-network-availability`. No action required; the correlation group closes when every child recovers.\n{{/is_recovery}}\n{{#is_warning_recovery}}\nWarning cleared for {{value}}.\n{{/is_warning_recovery}}",
            "monitor_threshold_windows": [],
            "monitor_thresholds": [
              {
                "critical": "1",
                "critical_recovery": "",
                "ok": "",
                "unknown": "",
                "warning": "",
                "warning_recovery": ""
              }
            ],
            "name": "[P3][stage][network] VPN Gateway BGP Peer Down (critical)",
            "new_group_delay": 300,
            "new_host_delay": 300,
            "no_data_timeframe": 0,
            "notification_preset_name": "",
            "notify_audit": false,
            "notify_by": [
              "name"
            ],
            "notify_no_data": false,
            "on_missing_data": "",
            "priority": "3",
            "query": "min(last_15m):min:azure.network_virtualnetworkgateways.bgp_peer_status{env:stage,alert_band:critical,resource_type:azure_vpn_gateway} by {name,bgp_peer_address} \u003c 1",
            "renotify_interval": 30,
            "renotify_occurrences": 3,
            "renotify_statuses": [
              "alert"
            ],
            "require_full_window": false,
            "restricted_roles": null,
            "scheduling_options": [],
            "tags": [
              "alert_band:critical",
              "archetype:vpn-bgp-peer-down",
              "automation_ref:diag-network",
              "correlation_key:connectivity.stage.network-platform",
              "dedup_key:network-platform.stage.vpn-bgp-peer-down.critical",
              "detection:threshold",
              "domain:network",
              "env:stage",
              "failure_domain:connectivity",
              "impact_class:degradation",
              "managed_by:terraform",
              "managed_source:platform",
              "monitor_id:stage.critical.network.vpn-bgp-peer-down",
              "monitoring_profile:critical",
              "notification_profile:nonprod_standard",
              "owner:infrastructure-engineering",
              "pages:false",
              "priority:p3",
              "resource_type:network_tunnel",
              "runbook:vpn-bgp-peer-down",
              "runbook_notebook:15318469",
              "service:network-platform",
              "signal:availability",
              "slo_id:slo-network-availability",
              "support_model:24x7",
              "team:infrastructure-engineering",
              "tier:tier0"
            ],
            "timeout_h": 18,
            "type": "query alert",
            "validate": null,
            "variables": []
          },
          "sensitive_attributes": [],
          "private": "bnVsbA=="
        },
        {
          "index_key": "stage.critical.platform.platform-service-unavailable",
          "schema_version": 0,
          "attributes": {
            "assets": [
              {
                "category": "runbook",
                "name": "Shared Platform Service Unavailable",
                "resource_key": "15298671",
                "resource_type": "notebook",
                "url": "https://app.datadoghq.com/notebook/15298671"
              }
            ],
            "draft_status": "published",
            "enable_logs_sample": null,
            "enable_samples": null,
            "escalation_message": "",
            "evaluation_delay": 300,
            "force_delete": null,
            "group_retention_duration": "",
            "groupby_simple_monitor": null,
            "id": "314372490",
            "include_tags": true,
            "locked": false,
            "message": "{{#is_alert}}\n## P3 · Shared Platform Service Unavailable\n**WHAT:** Shared Platform Service Unavailable: availability signal detected by threshold analysis.\n**WHERE:** {{value}} · env `stage` · region `global`\n**SERVICE:** `platform-services` (platform / service, tier0)\n**BUSINESS IMPACT:** Customers are affected now, or a mission-critical capability is unavailable.\n**WHY IT TRIGGERED:** A shared platform service failing for most callers is an availability boundary that multiplies across every consuming team.\n\n**OWNER:** observability-platform · support 24x7 · this does not page\n**RUNBOOK:** attached to this monitor as `Shared Platform Service Unavailable` — open it from the monitor's Runbook asset.\n**AUTOMATED DIAGNOSTICS:** workflow `diag-app-health` has run; its output is attached to this event.\n**RELATED EVENTS:** correlated on `observability-platform.stage.platform-services` — deployments, infrastructure changes and platform events from the last 30 minutes are attached as context.\n**SLO / ERROR BUDGET:** `slo-platform-services` · no error-budget impact (non-production)\n{{/is_alert}}\n{{#is_warning}}\n## Shared Platform Service Unavailable — warning\nApproaching the alert condition on {{value}}. Investigate before it becomes P3.\n{{/is_warning}}\n{{#is_no_data}}\n## Shared Platform Service Unavailable — NO DATA\nTelemetry stopped arriving for {{value}}. Treat this as a telemetry-health incident: an unmonitored resource is worse than an alerting one.\n{{/is_no_data}}\n{{#is_recovery}}\n## Recovered · Shared Platform Service Unavailable\n{{value}} returned to normal. Error-budget impact recorded against `slo-platform-services`. No action required; the correlation group closes when every child recovers.\n{{/is_recovery}}\n{{#is_warning_recovery}}\nWarning cleared for {{value}}.\n{{/is_warning_recovery}}",
            "monitor_threshold_windows": [],
            "monitor_thresholds": [
              {
                "critical": "0.5",
                "critical_recovery": "",
                "ok": "",
                "unknown": "",
                "warning": "0.2",
                "warning_recovery": ""
              }
            ],
            "name": "[P3][stage][platform] Shared Platform Service Unavailable (critical)",
            "new_group_delay": 300,
            "new_host_delay": 300,
            "no_data_timeframe": 0,
            "notification_preset_name": "",
            "notify_audit": false,
            "notify_by": [],
            "notify_no_data": false,
            "on_missing_data": "",
            "priority": "3",
            "query": "sum(last_10m):sum:trace.http.request.hits{env:stage,alert_band:critical,service_archetype:platform_service,http.status_class:5xx} by {service}.as_count() / sum:trace.http.request.hits{env:stage,alert_band:critical,service_archetype:platform_service} by {service}.as_count() \u003e 0.5",
            "renotify_interval": 30,
            "renotify_occurrences": 3,
            "renotify_statuses": [
              "alert"
            ],
            "require_full_window": false,
            "restricted_roles": null,
            "scheduling_options": [],
            "tags": [
              "alert_band:critical",
              "archetype:platform-service-unavailable",
              "automation_ref:diag-app-health",
              "correlation_key:observability-platform.stage.platform-services",
              "dedup_key:platform-services.stage.platform-service-unavailable.critical",
              "detection:threshold",
              "domain:platform",
              "env:stage",
              "failure_domain:observability-platform",
              "impact_class:customer_impact",
              "managed_by:terraform",
              "managed_source:platform",
              "monitor_id:stage.critical.platform.platform-service-unavailable",
              "monitoring_profile:critical",
              "notification_profile:nonprod_standard",
              "owner:observability-platform",
              "pages:false",
              "priority:p3",
              "resource_type:service",
              "runbook:platform-service-unavailable",
              "runbook_notebook:15298671",
              "service:platform-services",
              "signal:availability",
              "slo_id:slo-platform-services",
              "support_model:24x7",
              "team:observability-platform",
              "tier:tier0"
            ],
            "timeout_h": 18,
            "type": "query alert",
            "validate": null,
            "variables": []
          },
          "sensitive_attributes": [],
          "private": "bnVsbA=="
        },
        {
          "index_key": "stage.critical.saas.saas-error-anomaly",
          "schema_version": 0,
          "attributes": {
            "assets": [
              {
                "category": "runbook",
                "name": "SaaS Dependency Error Anomaly",
                "resource_key": "15298677",
                "resource_type": "notebook",
                "url": "https://app.datadoghq.com/notebook/15298677"
              }
            ],
            "draft_status": "published",
            "enable_logs_sample": null,
            "enable_samples": null,
            "escalation_message": "",
            "evaluation_delay": 300,
            "force_delete": null,
            "group_retention_duration": "",
            "groupby_simple_monitor": null,
            "id": "314372617",
            "include_tags": true,
            "locked": false,
            "message": "{{#is_alert}}\n## P3 · SaaS Dependency Error Anomaly\n**WHAT:** SaaS Dependency Error Anomaly: error_rate signal detected by anomaly analysis.\n**WHERE:** {{value}} · env `stage` · region `global`\n**SERVICE:** `external-dependencies` (saas / saas_vendor, tier0)\n**BUSINESS IMPACT:** The service still functions but measurably worse; a subset of traffic or users is failing.\n**WHY IT TRIGGERED:** The signal deviated from its own learned baseline by more than the configured number of deviations — not because it crossed a fixed number.\n**OWNER:** sre · support 24x7 · this does not page\n**RUNBOOK:** attached to this monitor as `SaaS Dependency Error Anomaly` — open it from the monitor's Runbook asset.\n**AUTOMATED DIAGNOSTICS:** workflow `diag-dependency` has run; its output is attached to this event.\n**RELATED EVENTS:** correlated on `saas-dependency.stage.external-dependencies` — deployments, infrastructure changes and platform events from the last 30 minutes are attached as context.\n**SLO / ERROR BUDGET:** `slo-external-dependency` · no error-budget impact (non-production)\n{{/is_alert}}\n{{#is_warning}}\n## SaaS Dependency Error Anomaly — warning\nApproaching the alert condition on {{value}}. Investigate before it becomes P3.\n{{/is_warning}}\n{{#is_no_data}}\n## SaaS Dependency Error Anomaly — NO DATA\nTelemetry stopped arriving for {{value}}. Treat this as a telemetry-health incident: an unmonitored resource is worse than an alerting one.\n{{/is_no_data}}\n{{#is_recovery}}\n## Recovered · SaaS Dependency Error Anomaly\n{{value}} returned to normal. Error-budget impact recorded against `slo-external-dependency`. No action required; the correlation group closes when every child recovers.\n{{/is_recovery}}\n{{#is_warning_recovery}}\nWarning cleared for {{value}}.\n{{/is_warning_recovery}}",
            "monitor_threshold_windows": [],
            "monitor_thresholds": [
              {
                "critical": "1",
                "critical_recovery": "",
                "ok": "",
                "unknown": "",
                "warning": "",
                "warning_recovery": ""
              }
            ],
            "name": "[P3][stage][saas] SaaS Dependency Error Anomaly (critical)",
            "new_group_delay": 300,
            "new_host_delay": 300,
            "no_data_timeframe": 0,
            "notification_preset_name": "",
            "notify_audit": false,
            "notify_by": [],
            "notify_no_data": false,
            "on_missing_data": "",
            "priority": "3",
            "query": "avg(last_30m):anomalies(sum:trace.http.client.request.errors{env:stage,alert_band:critical,peer.dependency_kind:external} by {service,peer.service}.as_rate(), 'agile', 3) \u003e= 1",
            "renotify_interval": 30,
            "renotify_occurrences": 3,
            "renotify_statuses": [
              "alert"
            ],
            "require_full_window": false,
            "restricted_roles": null,
            "scheduling_options": [],
            "tags": [
              "alert_band:critical",
              "archetype:saas-error-anomaly",
              "automation_ref:diag-dependency",
              "correlation_key:saas-dependency.stage.external-dependencies",
              "dedup_key:external-dependencies.stage.saas-error-anomaly.critical",
              "detection:anomaly",
              "domain:saas",
              "env:stage",
              "failure_domain:saas-dependency",
              "impact_class:degradation",
              "managed_by:terraform",
              "managed_source:platform",
              "monitor_id:stage.critical.saas.saas-error-anomaly",
              "monitoring_profile:critical",
              "notification_profile:nonprod_standard",
              "owner:sre",
              "pages:false",
              "priority:p3",
              "resource_type:saas_vendor",
              "runbook:saas-error-anomaly",
              "runbook_notebook:15298677",
              "service:external-dependencies",
              "signal:error_rate",
              "slo_id:slo-external-dependency",
              "support_model:24x7",
              "team:sre",
              "tier:tier0"
            ],
            "timeout_h": 18,
            "type": "query alert",
            "validate": null,
            "variables": []
          },
          "sensitive_attributes": [],
          "private": "bnVsbA=="
        },
        {
          "index_key": "stage.critical.saas.synthetic-certificate-expiry",
          "schema_version": 0,
          "attributes": {
            "assets": [
              {
                "category": "runbook",
                "name": "Endpoint TLS Certificate Approaching Expiry",
                "resource_key": "15298692",
                "resource_type": "notebook",
                "url": "https://app.datadoghq.com/notebook/15298692"
              }
            ],
            "draft_status": "published",
            "enable_logs_sample": null,
            "enable_samples": null,
            "escalation_message": "",
            "evaluation_delay": 300,
            "force_delete": null,
            "group_retention_duration": "",
            "groupby_simple_monitor": null,
            "id": "314372479",
            "include_tags": true,
            "locked": false,
            "message": "{{#is_alert}}\n## P3 · Endpoint TLS Certificate Approaching Expiry\n**WHAT:** Endpoint TLS Certificate Approaching Expiry: certificate_expiry signal detected by threshold analysis.\n**WHERE:** {{value}} · env `stage` · region `global`\n**SERVICE:** `external-dependencies` (saas / synthetic_check, tier0)\n**BUSINESS IMPACT:** Nothing is broken yet. A boundary will be crossed if nobody acts within the lead time this monitor provides.\n**WHY IT TRIGGERED:** 21 days matches the PKI renewal lead time.\n**OWNER:** sre · support 24x7 · this does not page\n**RUNBOOK:** attached to this monitor as `Endpoint TLS Certificate Approaching Expiry` — open it from the monitor's Runbook asset.\n**AUTOMATED DIAGNOSTICS:** workflow `auto-cert-renewal-ticket` has run; its output is attached to this event.\n**RELATED EVENTS:** correlated on `external-endpoint.stage.external-dependencies` — deployments, infrastructure changes and platform events from the last 30 minutes are attached as context.\n**SLO / ERROR BUDGET:** `slo-external-dependency` · no error-budget impact (non-production)\n{{/is_alert}}\n{{#is_warning}}\n## Endpoint TLS Certificate Approaching Expiry — warning\nApproaching the alert condition on {{value}}. Investigate before it becomes P3.\n{{/is_warning}}\n{{#is_no_data}}\n## Endpoint TLS Certificate Approaching Expiry — NO DATA\nTelemetry stopped arriving for {{value}}. Treat this as a telemetry-health incident: an unmonitored resource is worse than an alerting one.\n{{/is_no_data}}\n{{#is_recovery}}\n## Recovered · Endpoint TLS Certificate Approaching Expiry\n{{value}} returned to normal. Error-budget impact recorded against `slo-external-dependency`. No action required; the correlation group closes when every child recovers.\n{{/is_recovery}}\n{{#is_warning_recovery}}\nWarning cleared for {{value}}.\n{{/is_warning_recovery}}",
            "monitor_threshold_windows": [],
            "monitor_thresholds": [
              {
                "critical": "21",
                "critical_recovery": "",
                "ok": "",
                "unknown": "",
                "warning": "45",
                "warning_recovery": ""
              }
            ],
            "name": "[P3][stage][saas] Endpoint TLS Certificate Approaching Expiry (critical)",
            "new_group_delay": 300,
            "new_host_delay": 300,
            "no_data_timeframe": 0,
            "notification_preset_name": "",
            "notify_audit": false,
            "notify_by": [],
            "notify_no_data": false,
            "on_missing_data": "",
            "priority": "3",
            "query": "min(last_6h):min:synthetics.ssl.days_left{env:stage,alert_band:critical} by {check_id} \u003c 21",
            "renotify_interval": 30,
            "renotify_occurrences": 3,
            "renotify_statuses": [
              "alert"
            ],
            "require_full_window": false,
            "restricted_roles": null,
            "scheduling_options": [],
            "tags": [
              "alert_band:critical",
              "archetype:synthetic-certificate-expiry",
              "automation_ref:auto-cert-renewal-ticket",
              "compliance_scope:sox",
              "correlation_key:external-endpoint.stage.external-dependencies",
              "dedup_key:external-dependencies.stage.synthetic-certificate-expiry.critical",
              "detection:threshold",
              "domain:saas",
              "env:stage",
              "failure_domain:external-endpoint",
              "impact_class:risk",
              "managed_by:terraform",
              "managed_source:platform",
              "monitor_id:stage.critical.saas.synthetic-certificate-expiry",
              "monitoring_profile:regulated",
              "notification_profile:nonprod_standard",
              "owner:sre",
              "pages:false",
              "priority:p3",
              "resource_type:synthetic_check",
              "runbook:synthetic-certificate-expiry",
              "runbook_notebook:15298692",
              "service:external-dependencies",
              "signal:certificate_expiry",
              "slo_id:slo-external-dependency",
              "support_model:24x7",
              "team:sre",
              "tier:tier0"
            ],
            "timeout_h": 18,
            "type": "query alert",
            "validate": null,
            "variables": []
          },
          "sensitive_attributes": [],
          "private": "bnVsbA=="
        },
        {
          "index_key": "stage.critical.saas.synthetic-endpoint-down",
          "schema_version": 0,
          "attributes": {
            "assets": [
              {
                "category": "runbook",
                "name": "External Endpoint Unavailable",
                "resource_key": "15298693",
                "resource_type": "notebook",
                "url": "https://app.datadoghq.com/notebook/15298693"
              }
            ],
            "draft_status": "published",
            "enable_logs_sample": null,
            "enable_samples": null,
            "escalation_message": "",
            "evaluation_delay": 300,
            "force_delete": null,
            "group_retention_duration": "",
            "groupby_simple_monitor": null,
            "id": "314372560",
            "include_tags": true,
            "locked": false,
            "message": "{{#is_alert}}\n## P3 · External Endpoint Unavailable\n**WHAT:** External Endpoint Unavailable: availability signal detected by threshold analysis.\n**WHERE:** {{value}} · env `stage` · region `global`\n**SERVICE:** `external-dependencies` (saas / synthetic_check, tier0)\n**BUSINESS IMPACT:** Customers are affected now, or a mission-critical capability is unavailable.\n**WHY IT TRIGGERED:** Three failures across locations distinguishes a real outage from one unhappy probe location.\n\n**OWNER:** sre · support 24x7 · this does not page\n**RUNBOOK:** attached to this monitor as `External Endpoint Unavailable` — open it from the monitor's Runbook asset.\n**AUTOMATED DIAGNOSTICS:** workflow `diag-external-endpoint` has run; its output is attached to this event.\n**RELATED EVENTS:** correlated on `external-endpoint.stage.external-dependencies` — deployments, infrastructure changes and platform events from the last 30 minutes are attached as context.\n**SLO / ERROR BUDGET:** `slo-external-dependency` · no error-budget impact (non-production)\n{{/is_alert}}\n{{#is_warning}}\n## External Endpoint Unavailable — warning\nApproaching the alert condition on {{value}}. Investigate before it becomes P3.\n{{/is_warning}}\n{{#is_no_data}}\n## External Endpoint Unavailable — NO DATA\nTelemetry stopped arriving for {{value}}. Treat this as a telemetry-health incident: an unmonitored resource is worse than an alerting one.\n{{/is_no_data}}\n{{#is_recovery}}\n## Recovered · External Endpoint Unavailable\n{{value}} returned to normal. Error-budget impact recorded against `slo-external-dependency`. No action required; the correlation group closes when every child recovers.\n{{/is_recovery}}\n{{#is_warning_recovery}}\nWarning cleared for {{value}}.\n{{/is_warning_recovery}}",
            "monitor_threshold_windows": [],
            "monitor_thresholds": [
              {
                "critical": "3",
                "critical_recovery": "",
                "ok": "",
                "unknown": "",
                "warning": "1",
                "warning_recovery": ""
              }
            ],
            "name": "[P3][stage][saas] External Endpoint Unavailable (critical)",
            "new_group_delay": 300,
            "new_host_delay": 300,
            "no_data_timeframe": 0,
            "notification_preset_name": "",
            "notify_audit": false,
            "notify_by": [
              "check_id"
            ],
            "notify_no_data": false,
            "on_missing_data": "",
            "priority": "3",
            "query": "sum(last_15m):sum:synthetics.test_runs{env:stage,alert_band:critical,status:failed} by {check_id,location}.as_count() \u003e= 3",
            "renotify_interval": 30,
            "renotify_occurrences": 3,
            "renotify_statuses": [
              "alert"
            ],
            "require_full_window": false,
            "restricted_roles": null,
            "scheduling_options": [],
            "tags": [
              "alert_band:critical",
              "archetype:synthetic-endpoint-down",
              "automation_ref:diag-external-endpoint",
              "correlation_key:external-endpoint.stage.external-dependencies",
              "dedup_key:external-dependencies.stage.synthetic-endpoint-down.critical",
              "detection:threshold",
              "domain:saas",
              "env:stage",
              "failure_domain:external-endpoint",
              "impact_class:customer_impact",
              "managed_by:terraform",
              "managed_source:platform",
              "monitor_id:stage.critical.saas.synthetic-endpoint-down",
              "monitoring_profile:critical",
              "notification_profile:nonprod_standard",
              "owner:sre",
              "pages:false",
              "priority:p3",
              "resource_type:synthetic_check",
              "runbook:synthetic-endpoint-down",
              "runbook_notebook:15298693",
              "service:external-dependencies",
              "signal:availability",
              "slo_id:slo-external-dependency",
              "support_model:24x7",
              "team:sre",
              "tier:tier0"
            ],
            "timeout_h": 18,
            "type": "query alert",
            "validate": null,
            "variables": []
          },
          "sensitive_attributes": [],
          "private": "bnVsbA=="
        },
        {
          "index_key": "stage.critical.security.certificate-expiry",
          "schema_version": 0,
          "attributes": {
            "assets": [
              {
                "category": "runbook",
                "name": "Certificate Approaching Expiry",
                "resource_key": "15298594",
                "resource_type": "notebook",
                "url": "https://app.datadoghq.com/notebook/15298594"
              }
            ],
            "draft_status": "published",
            "enable_logs_sample": null,
            "enable_samples": null,
            "escalation_message": "",
            "evaluation_delay": 300,
            "force_delete": null,
            "group_retention_duration": "",
            "groupby_simple_monitor": null,
            "id": "314372525",
            "include_tags": true,
            "locked": false,
            "message": "{{#is_alert}}\n## P3 · Certificate Approaching Expiry\n**WHAT:** Certificate Approaching Expiry: certificate_expiry signal detected by threshold analysis.\n**WHERE:** {{value}} · env `stage` · region `global`\n**SERVICE:** `security-telemetry` (security / certificate, tier0)\n**BUSINESS IMPACT:** Nothing is broken yet. A boundary will be crossed if nobody acts within the lead time this monitor provides.\n**WHY IT TRIGGERED:** 21 days is the renewal lead time the PKI process requires (CSR, approval, deployment window). The number encodes the process, not the metric.\n\n**OWNER:** security · support 24x7 · this does not page\n**RUNBOOK:** attached to this monitor as `Certificate Approaching Expiry` — open it from the monitor's Runbook asset.\n**AUTOMATED DIAGNOSTICS:** workflow `auto-cert-renewal-ticket` has run; its output is attached to this event.\n**RELATED EVENTS:** correlated on `security-controls.stage.security-telemetry` — deployments, infrastructure changes and platform events from the last 30 minutes are attached as context.\n**SLO / ERROR BUDGET:** `slo-security-telemetry` · no error-budget impact (non-production)\n{{/is_alert}}\n{{#is_warning}}\n## Certificate Approaching Expiry — warning\nApproaching the alert condition on {{value}}. Investigate before it becomes P3.\n{{/is_warning}}\n{{#is_no_data}}\n## Certificate Approaching Expiry — NO DATA\nTelemetry stopped arriving for {{value}}. Treat this as a telemetry-health incident: an unmonitored resource is worse than an alerting one.\n{{/is_no_data}}\n{{#is_recovery}}\n## Recovered · Certificate Approaching Expiry\n{{value}} returned to normal. Error-budget impact recorded against `slo-security-telemetry`. No action required; the correlation group closes when every child recovers.\n{{/is_recovery}}\n{{#is_warning_recovery}}\nWarning cleared for {{value}}.\n{{/is_warning_recovery}}",
            "monitor_threshold_windows": [],
            "monitor_thresholds": [
              {
                "critical": "21",
                "critical_recovery": "",
                "ok": "",
                "unknown": "",
                "warning": "45",
                "warning_recovery": ""
              }
            ],
            "name": "[P3][stage][security] Certificate Approaching Expiry (critical)",
            "new_group_delay": 300,
            "new_host_delay": 300,
            "no_data_timeframe": 0,
            "notification_preset_name": "",
            "notify_audit": false,
            "notify_by": [],
            "notify_no_data": false,
            "on_missing_data": "",
            "priority": "3",
            "query": "min(last_6h):min:acme.pki.days_until_expiry{env:stage,alert_band:critical} by {certificate_cn,issuer} \u003c 21",
            "renotify_interval": 30,
            "renotify_occurrences": 3,
            "renotify_statuses": [
              "alert"
            ],
            "require_full_window": false,
            "restricted_roles": null,
            "scheduling_options": [],
            "tags": [
              "alert_band:critical",
              "archetype:certificate-expiry",
              "automation_ref:auto-cert-renewal-ticket",
              "compliance_scope:sox",
              "correlation_key:security-controls.stage.security-telemetry",
              "dedup_key:security-telemetry.stage.certificate-expiry.critical",
              "detection:threshold",
              "domain:security",
              "env:stage",
              "failure_domain:security-controls",
              "impact_class:risk",
              "managed_by:terraform",
              "managed_source:platform",
              "monitor_id:stage.critical.security.certificate-expiry",
              "monitoring_profile:regulated",
              "notification_profile:security_operational",
              "owner:security",
              "pages:false",
              "priority:p3",
              "resource_type:certificate",
              "runbook:certificate-expiry",
              "runbook_notebook:15298594",
              "service:security-telemetry",
              "signal:certificate_expiry",
              "slo_id:slo-security-telemetry",
              "support_model:24x7",
              "team:security",
              "tier:tier0"
            ],
            "timeout_h": 18,
            "type": "query alert",
            "validate": null,
            "variables": []
          },
          "sensitive_attributes": [],
          "private": "bnVsbA=="
        },
        {
          "index_key": "stage.critical.security.security-log-source-missing",
          "schema_version": 0,
          "attributes": {
            "assets": [
              {
                "category": "runbook",
                "name": "Security Log Source Stopped Delivering",
                "resource_key": "15298687",
                "resource_type": "notebook",
                "url": "https://app.datadoghq.com/notebook/15298687"
              }
            ],
            "draft_status": "published",
            "enable_logs_sample": null,
            "enable_samples": null,
            "escalation_message": "",
            "evaluation_delay": 300,
            "force_delete": null,
            "group_retention_duration": "",
            "groupby_simple_monitor": null,
            "id": "314372377",
            "include_tags": true,
            "locked": false,
            "message": "{{#is_alert}}\n## P3 · Security Log Source Stopped Delivering\n**WHAT:** Security Log Source Stopped Delivering: telemetry_health signal detected by threshold analysis.\n**WHERE:** {{value}} · env `stage` · region `global`\n**SERVICE:** `security-telemetry` (security / log_source, tier0)\n**BUSINESS IMPACT:** The service still functions but measurably worse; a subset of traffic or users is failing.\n**WHY IT TRIGGERED:** Absence of log delivery is binary. A silent security log source is a compliance failure and a blind spot: the control has effectively been removed even though no customer sees it.\n\n**OWNER:** security · support 24x7 · this does not page\n**RUNBOOK:** attached to this monitor as `Security Log Source Stopped Delivering` — open it from the monitor's Runbook asset.\n**AUTOMATED DIAGNOSTICS:** workflow `diag-security-control` has run; its output is attached to this event.\n**RELATED EVENTS:** correlated on `security-telemetry.stage.security-telemetry` — deployments, infrastructure changes and platform events from the last 30 minutes are attached as context.\n**SLO / ERROR BUDGET:** `slo-security-telemetry` · no error-budget impact (non-production)\n{{/is_alert}}\n{{#is_warning}}\n## Security Log Source Stopped Delivering — warning\nApproaching the alert condition on {{value}}. Investigate before it becomes P3.\n{{/is_warning}}\n{{#is_no_data}}\n## Security Log Source Stopped Delivering — NO DATA\nTelemetry stopped arriving for {{value}}. Treat this as a telemetry-health incident: an unmonitored resource is worse than an alerting one.\n{{/is_no_data}}\n{{#is_recovery}}\n## Recovered · Security Log Source Stopped Delivering\n{{value}} returned to normal. Error-budget impact recorded against `slo-security-telemetry`. No action required; the correlation group closes when every child recovers.\n{{/is_recovery}}\n{{#is_warning_recovery}}\nWarning cleared for {{value}}.\n{{/is_warning_recovery}}",
            "monitor_threshold_windows": [],
            "monitor_thresholds": [
              {
                "critical": "1",
                "critical_recovery": "",
                "ok": "",
                "unknown": "",
                "warning": "",
                "warning_recovery": ""
              }
            ],
            "name": "[P3][stage][security] Security Log Source Stopped Delivering (critical)",
            "new_group_delay": 300,
            "new_host_delay": 300,
            "no_data_timeframe": 90,
            "notification_preset_name": "",
            "notify_audit": false,
            "notify_by": [],
            "notify_no_data": true,
            "on_missing_data": "",
            "priority": "3",
            "query": "sum(last_2h):sum:datadog.estimated_usage.logs.ingested_events{env:stage,alert_band:critical,security_relevant:true} by {log_source}.as_count() \u003c 1",
            "renotify_interval": 30,
            "renotify_occurrences": 3,
            "renotify_statuses": [
              "alert"
            ],
            "require_full_window": false,
            "restricted_roles": null,
            "scheduling_options": [],
            "tags": [
              "alert_band:critical",
              "archetype:security-log-source-missing",
              "automation_ref:diag-security-control",
              "compliance_scope:sox",
              "correlation_key:security-telemetry.stage.security-telemetry",
              "dedup_key:security-telemetry.stage.security-log-source-missing.critical",
              "detection:threshold",
              "domain:security",
              "env:stage",
              "failure_domain:security-telemetry",
              "impact_class:degradation",
              "managed_by:terraform",
              "managed_source:platform",
              "monitor_id:stage.critical.security.security-log-source-missing",
              "monitoring_profile:regulated",
              "notification_profile:security_operational",
              "owner:security",
              "pages:false",
              "priority:p3",
              "resource_type:log_source",
              "runbook:security-log-source-missing",
              "runbook_notebook:15298687",
              "service:security-telemetry",
              "signal:telemetry_health",
              "slo_id:slo-security-telemetry",
              "support_model:24x7",
              "team:security",
              "tier:tier0"
            ],
            "timeout_h": 18,
            "type": "query alert",
            "validate": null,
            "variables": []
          },
          "sensitive_attributes": [],
          "private": "bnVsbA=="
        },
        {
          "index_key": "stage.critical.vmware.vmware-host-disconnected",
          "schema_version": 0,
          "attributes": {
            "assets": [
              {
                "category": "runbook",
                "name": "ESXi Host Disconnected From vCenter",
                "resource_key": "15298700",
                "resource_type": "notebook",
                "url": "https://app.datadoghq.com/notebook/15298700"
              }
            ],
            "draft_status": "published",
            "enable_logs_sample": null,
            "enable_samples": null,
            "escalation_message": "",
            "evaluation_delay": 300,
            "force_delete": null,
            "group_retention_duration": "",
            "groupby_simple_monitor": null,
            "id": "314372569",
            "include_tags": true,
            "locked": false,
            "message": "{{#is_alert}}\n## P3 · ESXi Host Disconnected From vCenter\n**WHAT:** ESXi Host Disconnected From vCenter: availability signal detected by threshold analysis.\n**WHERE:** {{value}} · env `stage` · region `global`\n**SERVICE:** `virtualization-platform` (vmware / esxi_host, tier0)\n**BUSINESS IMPACT:** Customers are affected now, or a mission-critical capability is unavailable.\n**WHY IT TRIGGERED:** Connection state is discrete.\n**OWNER:** infrastructure-engineering · support 24x7 · this does not page\n**RUNBOOK:** attached to this monitor as `ESXi Host Disconnected From vCenter` — open it from the monitor's Runbook asset.\n**AUTOMATED DIAGNOSTICS:** workflow `diag-vmware` has run; its output is attached to this event.\n**RELATED EVENTS:** correlated on `virtualization.stage.virtualization-platform` — deployments, infrastructure changes and platform events from the last 30 minutes are attached as context.\n**SLO / ERROR BUDGET:** `slo-vmware-cluster-availability` · no error-budget impact (non-production)\n{{/is_alert}}\n{{#is_warning}}\n## ESXi Host Disconnected From vCenter — warning\nApproaching the alert condition on {{value}}. Investigate before it becomes P3.\n{{/is_warning}}\n{{#is_no_data}}\n## ESXi Host Disconnected From vCenter — NO DATA\nTelemetry stopped arriving for {{value}}. Treat this as a telemetry-health incident: an unmonitored resource is worse than an alerting one.\n{{/is_no_data}}\n{{#is_recovery}}\n## Recovered · ESXi Host Disconnected From vCenter\n{{value}} returned to normal. Error-budget impact recorded against `slo-vmware-cluster-availability`. No action required; the correlation group closes when every child recovers.\n{{/is_recovery}}\n{{#is_warning_recovery}}\nWarning cleared for {{value}}.\n{{/is_warning_recovery}}",
            "monitor_threshold_windows": [],
            "monitor_thresholds": [
              {
                "critical": "1",
                "critical_recovery": "",
                "ok": "",
                "unknown": "",
                "warning": "",
                "warning_recovery": ""
              }
            ],
            "name": "[P3][stage][vmware] ESXi Host Disconnected From vCenter (critical)",
            "new_group_delay": 300,
            "new_host_delay": 300,
            "no_data_timeframe": 0,
            "notification_preset_name": "",
            "notify_audit": false,
            "notify_by": [
              "vsphere_cluster"
            ],
            "notify_no_data": false,
            "on_missing_data": "",
            "priority": "3",
            "query": "max(last_15m):sum:vsphere.host.status{env:stage,alert_band:critical,status:disconnected} by {vsphere_cluster,vsphere_host} \u003e= 1",
            "renotify_interval": 30,
            "renotify_occurrences": 3,
            "renotify_statuses": [
              "alert"
            ],
            "require_full_window": false,
            "restricted_roles": null,
            "scheduling_options": [],
            "tags": [
              "alert_band:critical",
              "archetype:vmware-host-disconnected",
              "automation_ref:diag-vmware",
              "correlation_key:virtualization.stage.virtualization-platform",
              "dedup_key:virtualization-platform.stage.vmware-host-disconnected.critical",
              "detection:threshold",
              "domain:vmware",
              "env:stage",
              "failure_domain:virtualization",
              "impact_class:customer_impact",
              "managed_by:terraform",
              "managed_source:platform",
              "monitor_id:stage.critical.vmware.vmware-host-disconnected",
              "monitoring_profile:critical",
              "notification_profile:nonprod_standard",
              "owner:infrastructure-engineering",
              "pages:false",
              "priority:p3",
              "resource_type:esxi_host",
              "runbook:vmware-host-disconnected",
              "runbook_notebook:15298700",
              "service:virtualization-platform",
              "signal:availability",
              "slo_id:slo-vmware-cluster-availability",
              "support_model:24x7",
              "team:infrastructure-engineering",
              "tier:tier0"
            ],
            "timeout_h": 18,
            "type": "query alert",
            "validate": null,
            "variables": []
          },
          "sensitive_attributes": [],
          "private": "bnVsbA=="
        },
        {
          "index_key": "stage.standard.api.api-5xx-anomaly",
          "schema_version": 0,
          "attributes": {
            "assets": [
              {
                "category": "runbook",
                "name": "API 5xx Error Rate Anomaly",
                "resource_key": "15298343",
                "resource_type": "notebook",
                "url": "https://app.datadoghq.com/notebook/15298343"
              }
            ],
            "draft_status": "published",
            "enable_logs_sample": null,
            "enable_samples": null,
            "escalation_message": "",
            "evaluation_delay": 300,
            "force_delete": null,
            "group_retention_duration": "",
            "groupby_simple_monitor": null,
            "id": "314372443",
            "include_tags": true,
            "locked": false,
            "message": "{{#is_alert}}\n## P3 · API 5xx Error Rate Anomaly\n**WHAT:** API 5xx Error Rate Anomaly: error_rate signal detected by anomaly analysis.\n**WHERE:** {{value}} · env `stage` · region `global`\n**SERVICE:** `api-services` (api / service, tier2)\n**BUSINESS IMPACT:** Customers are affected now, or a mission-critical capability is unavailable.\n**WHY IT TRIGGERED:** The signal deviated from its own learned baseline by more than the configured number of deviations — not because it crossed a fixed number.\n**OWNER:** application-development · support business-hours · this does not page\n**RUNBOOK:** attached to this monitor as `API 5xx Error Rate Anomaly` — open it from the monitor's Runbook asset.\n**AUTOMATED DIAGNOSTICS:** workflow `diag-api-health` has run; its output is attached to this event.\n**RELATED EVENTS:** correlated on `api-services.stage.api-services` — deployments, infrastructure changes and platform events from the last 30 minutes are attached as context.\n**SLO / ERROR BUDGET:** `slo-api-availability` · no error-budget impact (non-production)\n{{/is_alert}}\n{{#is_warning}}\n## API 5xx Error Rate Anomaly — warning\nApproaching the alert condition on {{value}}. Investigate before it becomes P3.\n{{/is_warning}}\n{{#is_no_data}}\n## API 5xx Error Rate Anomaly — NO DATA\nTelemetry stopped arriving for {{value}}. Treat this as a telemetry-health incident: an unmonitored resource is worse than an alerting one.\n{{/is_no_data}}\n{{#is_recovery}}\n## Recovered · API 5xx Error Rate Anomaly\n{{value}} returned to normal. Error-budget impact recorded against `slo-api-availability`. No action required; the correlation group closes when every child recovers.\n{{/is_recovery}}\n{{#is_warning_recovery}}\nWarning cleared for {{value}}.\n{{/is_warning_recovery}}",
            "monitor_threshold_windows": [],
            "monitor_thresholds": [
              {
                "critical": "1",
                "critical_recovery": "",
                "ok": "",
                "unknown": "",
                "warning": "",
                "warning_recovery": ""
              }
            ],
            "name": "[P3][stage][api] API 5xx Error Rate Anomaly (standard)",
            "new_group_delay": 300,
            "new_host_delay": 300,
            "no_data_timeframe": 0,
            "notification_preset_name": "",
            "notify_audit": false,
            "notify_by": [],
            "notify_no_data": false,
            "on_missing_data": "",
            "priority": "3",
            "query": "avg(last_30m):anomalies(sum:trace.http.request.errors{env:stage,alert_band:standard,service_archetype:api,http.status_class:5xx} by {service}.as_rate(), 'agile', 3) \u003e= 1",
            "renotify_interval": 120,
            "renotify_occurrences": 3,
            "renotify_statuses": [
              "alert"
            ],
            "require_full_window": false,
            "restricted_roles": null,
            "scheduling_options": [],
            "tags": [
              "alert_band:standard",
              "archetype:api-5xx-anomaly",
              "automation_ref:diag-api-health",
              "correlation_key:api-services.stage.api-services",
              "dedup_key:api-services.stage.api-5xx-anomaly.standard",
              "detection:anomaly",
              "domain:api",
              "env:stage",
              "failure_domain:api-services",
              "impact_class:customer_impact",
              "managed_by:terraform",
              "managed_source:platform",
              "monitor_id:stage.standard.api.api-5xx-anomaly",
              "monitoring_profile:standard",
              "notification_profile:nonprod_standard",
              "owner:application-development",
              "pages:false",
              "priority:p3",
              "resource_type:service",
              "runbook:api-5xx-anomaly",
              "runbook_notebook:15298343",
              "service:api-services",
              "signal:error_rate",
              "slo_id:slo-api-availability",
              "support_model:business-hours",
              "team:application-development",
              "tier:tier2"
            ],
            "timeout_h": 18,
            "type": "query alert",
            "validate": null,
            "variables": []
          },
          "sensitive_attributes": [],
          "private": "bnVsbA=="
        },
        {
          "index_key": "stage.standard.api.api-availability",
          "schema_version": 0,
          "attributes": {
            "assets": [
              {
                "category": "runbook",
                "name": "API Availability",
                "resource_key": "15298344",
                "resource_type": "notebook",
                "url": "https://app.datadoghq.com/notebook/15298344"
              }
            ],
            "draft_status": "published",
            "enable_logs_sample": null,
            "enable_samples": null,
            "escalation_message": "",
            "evaluation_delay": 300,
            "force_delete": null,
            "group_retention_duration": "",
            "groupby_simple_monitor": null,
            "id": "314372533",
            "include_tags": true,
            "locked": false,
            "message": "{{#is_alert}}\n## P3 · API Availability\n**WHAT:** API Availability: availability signal detected by threshold analysis.\n**WHERE:** {{value}} · env `stage` · region `global`\n**SERVICE:** `api-services` (api / service, tier2)\n**BUSINESS IMPACT:** Customers are affected now, or a mission-critical capability is unavailable.\n**WHY IT TRIGGERED:** More than half of requests failing is an availability boundary, not a behavioral deviation. Sub-outage degradation is caught by the anomaly and burn-rate archetypes; this one exists to fire fast and unambiguously.\n\n**OWNER:** application-development · support business-hours · this does not page\n**RUNBOOK:** attached to this monitor as `API Availability` — open it from the monitor's Runbook asset.\n**AUTOMATED DIAGNOSTICS:** workflow `diag-api-health` has run; its output is attached to this event.\n**RELATED EVENTS:** correlated on `api-services.stage.api-services` — deployments, infrastructure changes and platform events from the last 30 minutes are attached as context.\n**SLO / ERROR BUDGET:** `slo-api-availability` · no error-budget impact (non-production)\n{{/is_alert}}\n{{#is_warning}}\n## API Availability — warning\nApproaching the alert condition on {{value}}. Investigate before it becomes P3.\n{{/is_warning}}\n{{#is_no_data}}\n## API Availability — NO DATA\nTelemetry stopped arriving for {{value}}. Treat this as a telemetry-health incident: an unmonitored resource is worse than an alerting one.\n{{/is_no_data}}\n{{#is_recovery}}\n## Recovered · API Availability\n{{value}} returned to normal. Error-budget impact recorded against `slo-api-availability`. No action required; the correlation group closes when every child recovers.\n{{/is_recovery}}\n{{#is_warning_recovery}}\nWarning cleared for {{value}}.\n{{/is_warning_recovery}}",
            "monitor_threshold_windows": [],
            "monitor_thresholds": [
              {
                "critical": "0.5",
                "critical_recovery": "",
                "ok": "",
                "unknown": "",
                "warning": "0.2",
                "warning_recovery": ""
              }
            ],
            "name": "[P3][stage][api] API Availability (standard)",
            "new_group_delay": 300,
            "new_host_delay": 300,
            "no_data_timeframe": 0,
            "notification_preset_name": "",
            "notify_audit": false,
            "notify_by": [],
            "notify_no_data": false,
            "on_missing_data": "",
            "priority": "3",
            "query": "sum(last_10m):sum:trace.http.request.hits{env:stage,alert_band:standard,service_archetype:api,http.status_class:5xx} by {service}.as_count() / sum:trace.http.request.hits{env:stage,alert_band:standard,service_archetype:api} by {service}.as_count() \u003e 0.5",
            "renotify_interval": 120,
            "renotify_occurrences": 3,
            "renotify_statuses": [
              "alert"
            ],
            "require_full_window": false,
            "restricted_roles": null,
            "scheduling_options": [],
            "tags": [
              "alert_band:standard",
              "archetype:api-availability",
              "automation_ref:diag-api-health",
              "correlation_key:api-services.stage.api-services",
              "dedup_key:api-services.stage.api-availability.standard",
              "detection:threshold",
              "domain:api",
              "env:stage",
              "failure_domain:api-services",
              "impact_class:customer_impact",
              "managed_by:terraform",
              "managed_source:platform",
              "monitor_id:stage.standard.api.api-availability",
              "monitoring_profile:standard",
              "notification_profile:nonprod_standard",
              "owner:application-development",
              "pages:false",
              "priority:p3",
              "release_gate:true",
              "resource_type:service",
              "runbook:api-availability",
              "runbook_notebook:15298344",
              "service:api-services",
              "signal:availability",
              "slo_id:slo-api-availability",
              "support_model:business-hours",
              "team:application-development",
              "tier:tier2"
            ],
            "timeout_h": 18,
            "type": "query alert",
            "validate": null,
            "variables": []
          },
          "sensitive_attributes": [],
          "private": "bnVsbA=="
        },
        {
          "index_key": "stage.standard.api.api-gateway-backend-unhealthy",
          "schema_version": 0,
          "attributes": {
            "assets": [
              {
                "category": "runbook",
                "name": "API Gateway Backend Pool Unhealthy",
                "resource_key": "15298348",
                "resource_type": "notebook",
                "url": "https://app.datadoghq.com/notebook/15298348"
              }
            ],
            "draft_status": "published",
            "enable_logs_sample": null,
            "enable_samples": null,
            "escalation_message": "",
            "evaluation_delay": 300,
            "force_delete": null,
            "group_retention_duration": "",
            "groupby_simple_monitor": null,
            "id": "314372393",
            "include_tags": true,
            "locked": false,
            "message": "{{#is_alert}}\n## P3 · API Gateway Backend Pool Unhealthy\n**WHAT:** API Gateway Backend Pool Unhealthy: availability signal detected by threshold analysis.\n**WHERE:** {{value}} · env `stage` · region `global`\n**SERVICE:** `api-services` (api / api_gateway, tier2)\n**BUSINESS IMPACT:** Customers are affected now, or a mission-critical capability is unavailable.\n**WHY IT TRIGGERED:** Losing half of a backend pool is a redundancy boundary defined by the load-balancer contract, not a statistical property of traffic.\n\n**OWNER:** application-development · support business-hours · this does not page\n**RUNBOOK:** attached to this monitor as `API Gateway Backend Pool Unhealthy` — open it from the monitor's Runbook asset.\n**AUTOMATED DIAGNOSTICS:** workflow `diag-api-health` has run; its output is attached to this event.\n**RELATED EVENTS:** correlated on `api-gateway.stage.api-services` — deployments, infrastructure changes and platform events from the last 30 minutes are attached as context.\n**SLO / ERROR BUDGET:** `slo-api-availability` · no error-budget impact (non-production)\n{{/is_alert}}\n{{#is_warning}}\n## API Gateway Backend Pool Unhealthy — warning\nApproaching the alert condition on {{value}}. Investigate before it becomes P3.\n{{/is_warning}}\n{{#is_no_data}}\n## API Gateway Backend Pool Unhealthy — NO DATA\nTelemetry stopped arriving for {{value}}. Treat this as a telemetry-health incident: an unmonitored resource is worse than an alerting one.\n{{/is_no_data}}\n{{#is_recovery}}\n## Recovered · API Gateway Backend Pool Unhealthy\n{{value}} returned to normal. Error-budget impact recorded against `slo-api-availability`. No action required; the correlation group closes when every child recovers.\n{{/is_recovery}}\n{{#is_warning_recovery}}\nWarning cleared for {{value}}.\n{{/is_warning_recovery}}",
            "monitor_threshold_windows": [],
            "monitor_thresholds": [
              {
                "critical": "0.5",
                "critical_recovery": "",
                "ok": "",
                "unknown": "",
                "warning": "0.75",
                "warning_recovery": ""
              }
            ],
            "name": "[P3][stage][api] API Gateway Backend Pool Unhealthy (standard)",
            "new_group_delay": 300,
            "new_host_delay": 300,
            "no_data_timeframe": 0,
            "notification_preset_name": "",
            "notify_audit": false,
            "notify_by": [],
            "notify_no_data": false,
            "on_missing_data": "",
            "priority": "3",
            "query": "min(last_10m):avg:api.gateway.healthy_backend_ratio{env:stage,alert_band:standard,resource_type:api_gateway} by {gateway,backend_pool} \u003c 0.5",
            "renotify_interval": 120,
            "renotify_occurrences": 3,
            "renotify_statuses": [
              "alert"
            ],
            "require_full_window": false,
            "restricted_roles": null,
            "scheduling_options": [],
            "tags": [
              "alert_band:standard",
              "archetype:api-gateway-backend-unhealthy",
              "automation_ref:diag-api-health",
              "correlation_key:api-gateway.stage.api-services",
              "dedup_key:api-services.stage.api-gateway-backend-unhealthy.standard",
              "detection:threshold",
              "domain:api",
              "env:stage",
              "failure_domain:api-gateway",
              "impact_class:customer_impact",
              "managed_by:terraform",
              "managed_source:platform",
              "monitor_id:stage.standard.api.api-gateway-backend-unhealthy",
              "monitoring_profile:standard",
              "notification_profile:nonprod_standard",
              "owner:application-development",
              "pages:false",
              "priority:p3",
              "resource_type:api_gateway",
              "runbook:api-gateway-backend-unhealthy",
              "runbook_notebook:15298348",
              "service:api-services",
              "signal:availability",
              "slo_id:slo-api-availability",
              "support_model:business-hours",
              "team:application-development",
              "tier:tier2"
            ],
            "timeout_h": 18,
            "type": "query alert",
            "validate": null,
            "variables": []
          },
          "sensitive_attributes": [],
          "private": "bnVsbA=="
        },
        {
          "index_key": "stage.standard.api.api-latency-p99",
          "schema_version": 0,
          "attributes": {
            "assets": [
              {
                "category": "runbook",
                "name": "API p99 Latency Degradation",
                "resource_key": "15298349",
                "resource_type": "notebook",
                "url": "https://app.datadoghq.com/notebook/15298349"
              }
            ],
            "draft_status": "published",
            "enable_logs_sample": null,
            "enable_samples": null,
            "escalation_message": "",
            "evaluation_delay": 300,
            "force_delete": null,
            "group_retention_duration": "",
            "groupby_simple_monitor": null,
            "id": "314372545",
            "include_tags": true,
            "locked": false,
            "message": "{{#is_alert}}\n## P3 · API p99 Latency Degradation\n**WHAT:** API p99 Latency Degradation: latency signal detected by rate_of_change analysis.\n**WHERE:** {{value}} · env `stage` · region `global`\n**SERVICE:** `api-services` (api / service, tier2)\n**BUSINESS IMPACT:** The service still functions but measurably worse; a subset of traffic or users is failing.\n**WHY IT TRIGGERED:** The signal changed faster than the configured percentage relative to its own recent history. Speed of degradation, not absolute level.\n**OWNER:** application-development · support business-hours · this does not page\n**RUNBOOK:** attached to this monitor as `API p99 Latency Degradation` — open it from the monitor's Runbook asset.\n**AUTOMATED DIAGNOSTICS:** workflow `diag-api-health` has run; its output is attached to this event.\n**RELATED EVENTS:** correlated on `api-services.stage.api-services` — deployments, infrastructure changes and platform events from the last 30 minutes are attached as context.\n**SLO / ERROR BUDGET:** `slo-api-latency` · no error-budget impact (non-production)\n{{/is_alert}}\n{{#is_warning}}\n## API p99 Latency Degradation — warning\nApproaching the alert condition on {{value}}. Investigate before it becomes P3.\n{{/is_warning}}\n{{#is_no_data}}\n## API p99 Latency Degradation — NO DATA\nTelemetry stopped arriving for {{value}}. Treat this as a telemetry-health incident: an unmonitored resource is worse than an alerting one.\n{{/is_no_data}}\n{{#is_recovery}}\n## Recovered · API p99 Latency Degradation\n{{value}} returned to normal. Error-budget impact recorded against `slo-api-latency`. No action required; the correlation group closes when every child recovers.\n{{/is_recovery}}\n{{#is_warning_recovery}}\nWarning cleared for {{value}}.\n{{/is_warning_recovery}}",
            "monitor_threshold_windows": [],
            "monitor_thresholds": [
              {
                "critical": "100",
                "critical_recovery": "",
                "ok": "",
                "unknown": "",
                "warning": "50",
                "warning_recovery": ""
              }
            ],
            "name": "[P3][stage][api] API p99 Latency Degradation (standard)",
            "new_group_delay": 300,
            "new_host_delay": 300,
            "no_data_timeframe": 0,
            "notification_preset_name": "",
            "notify_audit": false,
            "notify_by": [],
            "notify_no_data": false,
            "on_missing_data": "",
            "priority": "3",
            "query": "pct_change(avg(last_30m),last_1h):p99:trace.http.request.duration{env:stage,alert_band:standard,service_archetype:api} by {service} \u003e 100",
            "renotify_interval": 120,
            "renotify_occurrences": 3,
            "renotify_statuses": [
              "alert"
            ],
            "require_full_window": false,
            "restricted_roles": null,
            "scheduling_options": [],
            "tags": [
              "alert_band:standard",
              "archetype:api-latency-p99",
              "automation_ref:diag-api-health",
              "correlation_key:api-services.stage.api-services",
              "dedup_key:api-services.stage.api-latency-p99.standard",
              "detection:rate_of_change",
              "domain:api",
              "env:stage",
              "failure_domain:api-services",
              "impact_class:degradation",
              "managed_by:terraform",
              "managed_source:platform",
              "monitor_id:stage.standard.api.api-latency-p99",
              "monitoring_profile:standard",
              "notification_profile:nonprod_standard",
              "owner:application-development",
              "pages:false",
              "priority:p3",
              "release_gate:true",
              "resource_type:service",
              "runbook:api-latency-p99",
              "runbook_notebook:15298349",
              "service:api-services",
              "signal:latency",
              "slo_id:slo-api-latency",
              "support_model:business-hours",
              "team:application-development",
              "tier:tier2"
            ],
            "timeout_h": 18,
            "type": "query alert",
            "validate": null,
            "variables": []
          },
          "sensitive_attributes": [],
          "private": "bnVsbA=="
        },
        {
          "index_key": "stage.standard.application.app-connection-pool-saturation",
          "schema_version": 0,
          "attributes": {
            "assets": [
              {
                "category": "runbook",
                "name": "Application Connection Pool Saturation",
                "resource_key": "15318350",
                "resource_type": "notebook",
                "url": "https://app.datadoghq.com/notebook/15318350"
              }
            ],
            "draft_status": "published",
            "enable_logs_sample": null,
            "enable_samples": null,
            "escalation_message": "",
            "evaluation_delay": 300,
            "force_delete": null,
            "group_retention_duration": "",
            "groupby_simple_monitor": null,
            "id": "314985793",
            "include_tags": true,
            "locked": false,
            "message": "{{#is_alert}}\n## P3 · Application Connection Pool Saturation\n**WHAT:** Application Connection Pool Saturation: saturation signal detected by threshold analysis.\n**WHERE:** {{value}} · env `stage` · region `global`\n**SERVICE:** `application-platform` (application / service, tier2)\n**BUSINESS IMPACT:** The service still functions but measurably worse; a subset of traffic or users is failing.\n**WHY IT TRIGGERED:** A pool at 90% of maximum has almost no headroom for a traffic spike or a slow query, and the next request queues. The ratio is used rather than an absolute count because pool sizes differ per service by design.\n\n**OWNER:** sre · support business-hours · this does not page\n**RUNBOOK:** attached to this monitor as `Application Connection Pool Saturation` — open it from the monitor's Runbook asset.\n**AUTOMATED DIAGNOSTICS:** workflow `diag-app-health` has run; its output is attached to this event.\n**RELATED EVENTS:** correlated on `application.stage.application-platform` — deployments, infrastructure changes and platform events from the last 30 minutes are attached as context.\n**SLO / ERROR BUDGET:** `slo-app-availability` · no error-budget impact (non-production)\n{{/is_alert}}\n{{#is_warning}}\n## Application Connection Pool Saturation — warning\nApproaching the alert condition on {{value}}. Investigate before it becomes P3.\n{{/is_warning}}\n{{#is_no_data}}\n## Application Connection Pool Saturation — NO DATA\nTelemetry stopped arriving for {{value}}. Treat this as a telemetry-health incident: an unmonitored resource is worse than an alerting one.\n{{/is_no_data}}\n{{#is_recovery}}\n## Recovered · Application Connection Pool Saturation\n{{value}} returned to normal. Error-budget impact recorded against `slo-app-availability`. No action required; the correlation group closes when every child recovers.\n{{/is_recovery}}\n{{#is_warning_recovery}}\nWarning cleared for {{value}}.\n{{/is_warning_recovery}}",
            "monitor_threshold_windows": [],
            "monitor_thresholds": [
              {
                "critical": "90",
                "critical_recovery": "",
                "ok": "",
                "unknown": "",
                "warning": "75",
                "warning_recovery": ""
              }
            ],
            "name": "[P3][stage][application] Application Connection Pool Saturation (standard)",
            "new_group_delay": 300,
            "new_host_delay": 300,
            "no_data_timeframe": 0,
            "notification_preset_name": "",
            "notify_audit": false,
            "notify_by": [],
            "notify_no_data": false,
            "on_missing_data": "",
            "priority": "3",
            "query": "avg(last_15m):avg:acme.app.db_pool.active{env:stage,alert_band:standard} by {service,pool} / avg:acme.app.db_pool.max{env:stage,alert_band:standard} by {service,pool} * 100 \u003e 90",
            "renotify_interval": 120,
            "renotify_occurrences": 3,
            "renotify_statuses": [
              "alert"
            ],
            "require_full_window": false,
            "restricted_roles": null,
            "scheduling_options": [],
            "tags": [
              "alert_band:standard",
              "archetype:app-connection-pool-saturation",
              "automation_ref:diag-app-health",
              "correlation_key:application.stage.application-platform",
              "dedup_key:application-platform.stage.app-connection-pool-saturation.standard",
              "detection:threshold",
              "domain:application",
              "env:stage",
              "failure_domain:application",
              "impact_class:degradation",
              "managed_by:terraform",
              "managed_source:platform",
              "monitor_id:stage.standard.application.app-connection-pool-saturation",
              "monitoring_profile:standard",
              "notification_profile:nonprod_standard",
              "owner:sre",
              "pages:false",
              "priority:p3",
              "resource_type:service",
              "runbook:app-connection-pool-saturation",
              "runbook_notebook:15318350",
              "service:application-platform",
              "signal:saturation",
              "slo_id:slo-app-availability",
              "support_model:business-hours",
              "team:sre",
              "tier:tier2"
            ],
            "timeout_h": 18,
            "type": "query alert",
            "validate": null,
            "variables": []
          },
          "sensitive_attributes": [],
          "private": "bnVsbA=="
        },
        {
          "index_key": "stage.standard.application.app-telemetry-loss",
          "schema_version": 0,
          "attributes": {
            "assets": [
              {
                "category": "runbook",
                "name": "Application Stopped Reporting Telemetry",
                "resource_key": "15298361",
                "resource_type": "notebook",
                "url": "https://app.datadoghq.com/notebook/15298361"
              }
            ],
            "draft_status": "published",
            "enable_logs_sample": null,
            "enable_samples": null,
            "escalation_message": "",
            "evaluation_delay": 300,
            "force_delete": null,
            "group_retention_duration": "",
            "groupby_simple_monitor": null,
            "id": "314372485",
            "include_tags": true,
            "locked": false,
            "message": "{{#is_alert}}\n## P4 · Application Stopped Reporting Telemetry\n**WHAT:** Application Stopped Reporting Telemetry: telemetry_health signal detected by threshold analysis.\n**WHERE:** {{value}} · env `stage` · region `global`\n**SERVICE:** `application-platform` (application / service, tier2)\n**BUSINESS IMPACT:** Observability or configuration hygiene is degraded. No direct customer impact, but our ability to see or govern the estate is reduced.\n**WHY IT TRIGGERED:** Absence of telemetry is a binary condition. This is the monitor that guarantees \"no alerts\" never silently means \"no data\".\n\n**OWNER:** sre · support business-hours · this does not page\n**RUNBOOK:** attached to this monitor as `Application Stopped Reporting Telemetry` — open it from the monitor's Runbook asset.\n**AUTOMATED DIAGNOSTICS:** workflow `diag-app-health` has run; its output is attached to this event.\n**RELATED EVENTS:** correlated on `application-platform.stage.application-platform` — deployments, infrastructure changes and platform events from the last 30 minutes are attached as context.\n**SLO / ERROR BUDGET:** `slo-app-availability` · no error-budget impact (non-production)\n{{/is_alert}}\n{{#is_warning}}\n## Application Stopped Reporting Telemetry — warning\nApproaching the alert condition on {{value}}. Investigate before it becomes P4.\n{{/is_warning}}\n{{#is_no_data}}\n## Application Stopped Reporting Telemetry — NO DATA\nTelemetry stopped arriving for {{value}}. Treat this as a telemetry-health incident: an unmonitored resource is worse than an alerting one.\n{{/is_no_data}}\n{{#is_recovery}}\n## Recovered · Application Stopped Reporting Telemetry\n{{value}} returned to normal. Error-budget impact recorded against `slo-app-availability`. No action required; the correlation group closes when every child recovers.\n{{/is_recovery}}\n{{#is_warning_recovery}}\nWarning cleared for {{value}}.\n{{/is_warning_recovery}}",
            "monitor_threshold_windows": [],
            "monitor_thresholds": [
              {
                "critical": "1",
                "critical_recovery": "",
                "ok": "",
                "unknown": "",
                "warning": "",
                "warning_recovery": ""
              }
            ],
            "name": "[P4][stage][application] Application Stopped Reporting Telemetry (standard)",
            "new_group_delay": 300,
            "new_host_delay": 300,
            "no_data_timeframe": 60,
            "notification_preset_name": "",
            "notify_audit": false,
            "notify_by": [],
            "notify_no_data": true,
            "on_missing_data": "",
            "priority": "4",
            "query": "sum(last_1h):sum:trace.span.hits{env:stage,alert_band:standard} by {service}.as_count() \u003c 1",
            "renotify_interval": 120,
            "renotify_occurrences": 3,
            "renotify_statuses": [
              "alert"
            ],
            "require_full_window": false,
            "restricted_roles": null,
            "scheduling_options": [],
            "tags": [
              "alert_band:standard",
              "archetype:app-telemetry-loss",
              "automation_ref:diag-app-health",
              "correlation_key:application-platform.stage.application-platform",
              "dedup_key:application-platform.stage.app-telemetry-loss.standard",
              "detection:threshold",
              "domain:application",
              "env:stage",
              "failure_domain:application-platform",
              "impact_class:hygiene",
              "managed_by:terraform",
              "managed_source:platform",
              "monitor_id:stage.standard.application.app-telemetry-loss",
              "monitoring_profile:standard",
              "notification_profile:nonprod_standard",
              "owner:sre",
              "pages:false",
              "priority:p4",
              "resource_type:service",
              "runbook:app-telemetry-loss",
              "runbook_notebook:15298361",
              "service:application-platform",
              "signal:telemetry_health",
              "slo_id:slo-app-availability",
              "support_model:business-hours",
              "team:sre",
              "tier:tier2"
            ],
            "timeout_h": 24,
            "type": "query alert",
            "validate": null,
            "variables": []
          },
          "sensitive_attributes": [],
          "private": "bnVsbA=="
        },
        {
          "index_key": "stage.standard.application.dependency-error-anomaly",
          "schema_version": 0,
          "attributes": {
            "assets": [
              {
                "category": "runbook",
                "name": "Outbound Dependency Failure",
                "resource_key": "15298615",
                "resource_type": "notebook",
                "url": "https://app.datadoghq.com/notebook/15298615"
              }
            ],
            "draft_status": "published",
            "enable_logs_sample": null,
            "enable_samples": null,
            "escalation_message": "",
            "evaluation_delay": 300,
            "force_delete": null,
            "group_retention_duration": "",
            "groupby_simple_monitor": null,
            "id": "314372477",
            "include_tags": true,
            "locked": false,
            "message": "{{#is_alert}}\n## P3 · Outbound Dependency Failure\n**WHAT:** Outbound Dependency Failure: error_rate signal detected by anomaly analysis.\n**WHERE:** {{value}} · env `stage` · region `global`\n**SERVICE:** `application-platform` (application / service, tier2)\n**BUSINESS IMPACT:** The service still functions but measurably worse; a subset of traffic or users is failing.\n**WHY IT TRIGGERED:** The signal deviated from its own learned baseline by more than the configured number of deviations — not because it crossed a fixed number.\n**OWNER:** sre · support business-hours · this does not page\n**RUNBOOK:** attached to this monitor as `Outbound Dependency Failure` — open it from the monitor's Runbook asset.\n**AUTOMATED DIAGNOSTICS:** workflow `diag-dependency` has run; its output is attached to this event.\n**RELATED EVENTS:** correlated on `application-platform.stage.application-platform` — deployments, infrastructure changes and platform events from the last 30 minutes are attached as context.\n**SLO / ERROR BUDGET:** `slo-app-availability` · no error-budget impact (non-production)\n{{/is_alert}}\n{{#is_warning}}\n## Outbound Dependency Failure — warning\nApproaching the alert condition on {{value}}. Investigate before it becomes P3.\n{{/is_warning}}\n{{#is_no_data}}\n## Outbound Dependency Failure — NO DATA\nTelemetry stopped arriving for {{value}}. Treat this as a telemetry-health incident: an unmonitored resource is worse than an alerting one.\n{{/is_no_data}}\n{{#is_recovery}}\n## Recovered · Outbound Dependency Failure\n{{value}} returned to normal. Error-budget impact recorded against `slo-app-availability`. No action required; the correlation group closes when every child recovers.\n{{/is_recovery}}\n{{#is_warning_recovery}}\nWarning cleared for {{value}}.\n{{/is_warning_recovery}}",
            "monitor_threshold_windows": [],
            "monitor_thresholds": [
              {
                "critical": "1",
                "critical_recovery": "",
                "ok": "",
                "unknown": "",
                "warning": "",
                "warning_recovery": ""
              }
            ],
            "name": "[P3][stage][application] Outbound Dependency Failure (standard)",
            "new_group_delay": 300,
            "new_host_delay": 300,
            "no_data_timeframe": 0,
            "notification_preset_name": "",
            "notify_audit": false,
            "notify_by": [],
            "notify_no_data": false,
            "on_missing_data": "",
            "priority": "3",
            "query": "avg(last_30m):anomalies(sum:trace.http.client.request.errors{env:stage,alert_band:standard} by {service,peer.service}.as_rate(), 'agile', 3) \u003e= 1",
            "renotify_interval": 120,
            "renotify_occurrences": 3,
            "renotify_statuses": [
              "alert"
            ],
            "require_full_window": false,
            "restricted_roles": null,
            "scheduling_options": [],
            "tags": [
              "alert_band:standard",
              "archetype:dependency-error-anomaly",
              "automation_ref:diag-dependency",
              "correlation_key:application-platform.stage.application-platform",
              "dedup_key:application-platform.stage.dependency-error-anomaly.standard",
              "detection:anomaly",
              "domain:application",
              "env:stage",
              "failure_domain:application-platform",
              "impact_class:degradation",
              "managed_by:terraform",
              "managed_source:platform",
              "monitor_id:stage.standard.application.dependency-error-anomaly",
              "monitoring_profile:standard",
              "notification_profile:nonprod_standard",
              "owner:sre",
              "pages:false",
              "priority:p3",
              "resource_type:service",
              "runbook:dependency-error-anomaly",
              "runbook_notebook:15298615",
              "service:application-platform",
              "signal:error_rate",
              "slo_id:slo-app-availability",
              "support_model:business-hours",
              "team:sre",
              "tier:tier2"
            ],
            "timeout_h": 18,
            "type": "query alert",
            "validate": null,
            "variables": []
          },
          "sensitive_attributes": [],
          "private": "bnVsbA=="
        },
        {
          "index_key": "stage.standard.application.deployment-regression",
          "schema_version": 0,
          "attributes": {
            "assets": [
              {
                "category": "runbook",
                "name": "Deployment Regression",
                "resource_key": "15208649",
                "resource_type": "notebook",
                "url": "https://app.datadoghq.com/notebook/15208649"
              }
            ],
            "draft_status": "published",
            "enable_logs_sample": null,
            "enable_samples": null,
            "escalation_message": "",
            "evaluation_delay": 300,
            "force_delete": null,
            "group_retention_duration": "",
            "groupby_simple_monitor": null,
            "id": "314372397",
            "include_tags": true,
            "locked": false,
            "message": "{{#is_alert}}\n## P3 · Deployment Regression\n**WHAT:** Deployment Regression: error_rate signal detected by rate_of_change analysis.\n**WHERE:** {{value}} · env `stage` · region `global`\n**SERVICE:** `application-platform` (application / service, tier2)\n**BUSINESS IMPACT:** The service still functions but measurably worse; a subset of traffic or users is failing.\n**WHY IT TRIGGERED:** The signal changed faster than the configured percentage relative to its own recent history. Speed of degradation, not absolute level.\n**OWNER:** sre · support business-hours · this does not page\n**RUNBOOK:** attached to this monitor as `Deployment Regression` — open it from the monitor's Runbook asset.\n**AUTOMATED DIAGNOSTICS:** workflow `auto-enrich-change` has run; its output is attached to this event.\n**RELATED EVENTS:** correlated on `application-platform.stage.application-platform` — deployments, infrastructure changes and platform events from the last 30 minutes are attached as context.\n**SLO / ERROR BUDGET:** `slo-app-availability` · no error-budget impact (non-production)\n{{/is_alert}}\n{{#is_warning}}\n## Deployment Regression — warning\nApproaching the alert condition on {{value}}. Investigate before it becomes P3.\n{{/is_warning}}\n{{#is_no_data}}\n## Deployment Regression — NO DATA\nTelemetry stopped arriving for {{value}}. Treat this as a telemetry-health incident: an unmonitored resource is worse than an alerting one.\n{{/is_no_data}}\n{{#is_recovery}}\n## Recovered · Deployment Regression\n{{value}} returned to normal. Error-budget impact recorded against `slo-app-availability`. No action required; the correlation group closes when every child recovers.\n{{/is_recovery}}\n{{#is_warning_recovery}}\nWarning cleared for {{value}}.\n{{/is_warning_recovery}}",
            "monitor_threshold_windows": [],
            "monitor_thresholds": [
              {
                "critical": "300",
                "critical_recovery": "",
                "ok": "",
                "unknown": "",
                "warning": "150",
                "warning_recovery": ""
              }
            ],
            "name": "[P3][stage][application] Deployment Regression (standard)",
            "new_group_delay": 300,
            "new_host_delay": 300,
            "no_data_timeframe": 0,
            "notification_preset_name": "",
            "notify_audit": false,
            "notify_by": [],
            "notify_no_data": false,
            "on_missing_data": "",
            "priority": "3",
            "query": "pct_change(avg(last_15m),last_30m):sum:trace.span.errors{env:stage,alert_band:standard} by {service}.as_rate() \u003e 300",
            "renotify_interval": 120,
            "renotify_occurrences": 3,
            "renotify_statuses": [
              "alert"
            ],
            "require_full_window": false,
            "restricted_roles": null,
            "scheduling_options": [],
            "tags": [
              "alert_band:standard",
              "archetype:deployment-regression",
              "automation_ref:auto-enrich-change",
              "correlation_key:application-platform.stage.application-platform",
              "dedup_key:application-platform.stage.deployment-regression.standard",
              "detection:rate_of_change",
              "domain:application",
              "env:stage",
              "failure_domain:application-platform",
              "impact_class:degradation",
              "managed_by:terraform",
              "managed_source:platform",
              "monitor_id:stage.standard.application.deployment-regression",
              "monitoring_profile:standard",
              "notification_profile:nonprod_standard",
              "owner:sre",
              "pages:false",
              "priority:p3",
              "release_gate:true",
              "resource_type:service",
              "runbook:deployment-regression",
              "runbook_notebook:15208649",
              "service:application-platform",
              "signal:error_rate",
              "slo_id:slo-app-availability",
              "support_model:business-hours",
              "team:sre",
              "tier:tier2"
            ],
            "timeout_h": 18,
            "type": "query alert",
            "validate": null,
            "variables": []
          },
          "sensitive_attributes": [],
          "private": "bnVsbA=="
        },
        {
          "index_key": "stage.standard.application.web-origin-5xx-anomaly",
          "schema_version": 0,
          "attributes": {
            "assets": [
              {
                "category": "runbook",
                "name": "Web Origin 5xx Anomaly",
                "resource_key": "15298707",
                "resource_type": "notebook",
                "url": "https://app.datadoghq.com/notebook/15298707"
              }
            ],
            "draft_status": "published",
            "enable_logs_sample": null,
            "enable_samples": null,
            "escalation_message": "",
            "evaluation_delay": 300,
            "force_delete": null,
            "group_retention_duration": "",
            "groupby_simple_monitor": null,
            "id": "314372474",
            "include_tags": true,
            "locked": false,
            "message": "{{#is_alert}}\n## P3 · Web Origin 5xx Anomaly\n**WHAT:** Web Origin 5xx Anomaly: error_rate signal detected by anomaly analysis.\n**WHERE:** {{value}} · env `stage` · region `global`\n**SERVICE:** `web-frontends` (application / service, tier2)\n**BUSINESS IMPACT:** Customers are affected now, or a mission-critical capability is unavailable.\n**WHY IT TRIGGERED:** The signal deviated from its own learned baseline by more than the configured number of deviations — not because it crossed a fixed number.\n**OWNER:** sre · support business-hours · this does not page\n**RUNBOOK:** attached to this monitor as `Web Origin 5xx Anomaly` — open it from the monitor's Runbook asset.\n**AUTOMATED DIAGNOSTICS:** workflow `diag-app-health` has run; its output is attached to this event.\n**RELATED EVENTS:** correlated on `web-frontends.stage.web-frontends` — deployments, infrastructure changes and platform events from the last 30 minutes are attached as context.\n**SLO / ERROR BUDGET:** `slo-web-availability` · no error-budget impact (non-production)\n{{/is_alert}}\n{{#is_warning}}\n## Web Origin 5xx Anomaly — warning\nApproaching the alert condition on {{value}}. Investigate before it becomes P3.\n{{/is_warning}}\n{{#is_no_data}}\n## Web Origin 5xx Anomaly — NO DATA\nTelemetry stopped arriving for {{value}}. Treat this as a telemetry-health incident: an unmonitored resource is worse than an alerting one.\n{{/is_no_data}}\n{{#is_recovery}}\n## Recovered · Web Origin 5xx Anomaly\n{{value}} returned to normal. Error-budget impact recorded against `slo-web-availability`. No action required; the correlation group closes when every child recovers.\n{{/is_recovery}}\n{{#is_warning_recovery}}\nWarning cleared for {{value}}.\n{{/is_warning_recovery}}",
            "monitor_threshold_windows": [],
            "monitor_thresholds": [
              {
                "critical": "1",
                "critical_recovery": "",
                "ok": "",
                "unknown": "",
                "warning": "",
                "warning_recovery": ""
              }
            ],
            "name": "[P3][stage][application] Web Origin 5xx Anomaly (standard)",
            "new_group_delay": 300,
            "new_host_delay": 300,
            "no_data_timeframe": 0,
            "notification_preset_name": "",
            "notify_audit": false,
            "notify_by": [],
            "notify_no_data": false,
            "on_missing_data": "",
            "priority": "3",
            "query": "avg(last_15m):anomalies(sum:trace.http.request.errors{env:stage,alert_band:standard,service_archetype:web,http.status_class:5xx} by {service}.as_rate(), 'agile', 3) \u003e= 1",
            "renotify_interval": 120,
            "renotify_occurrences": 3,
            "renotify_statuses": [
              "alert"
            ],
            "require_full_window": false,
            "restricted_roles": null,
            "scheduling_options": [],
            "tags": [
              "alert_band:standard",
              "archetype:web-origin-5xx-anomaly",
              "automation_ref:diag-app-health",
              "correlation_key:web-frontends.stage.web-frontends",
              "dedup_key:web-frontends.stage.web-origin-5xx-anomaly.standard",
              "detection:anomaly",
              "domain:application",
              "env:stage",
              "failure_domain:web-frontends",
              "impact_class:customer_impact",
              "managed_by:terraform",
              "managed_source:platform",
              "monitor_id:stage.standard.application.web-origin-5xx-anomaly",
              "monitoring_profile:standard",
              "notification_profile:nonprod_standard",
              "owner:sre",
              "pages:false",
              "priority:p3",
              "resource_type:service",
              "runbook:web-origin-5xx-anomaly",
              "runbook_notebook:15298707",
              "service:web-frontends",
              "signal:error_rate",
              "slo_id:slo-web-availability",
              "support_model:business-hours",
              "team:sre",
              "tier:tier2"
            ],
            "timeout_h": 18,
            "type": "query alert",
            "validate": null,
            "variables": []
          },
          "sensitive_attributes": [],
          "private": "bnVsbA=="
        },
        {
          "index_key": "stage.standard.application.web-page-load-degradation",
          "schema_version": 0,
          "attributes": {
            "assets": [
              {
                "category": "runbook",
                "name": "Web Page Load Degradation",
                "resource_key": "15298708",
                "resource_type": "notebook",
                "url": "https://app.datadoghq.com/notebook/15298708"
              }
            ],
            "draft_status": "published",
            "enable_logs_sample": null,
            "enable_samples": null,
            "escalation_message": "",
            "evaluation_delay": 300,
            "force_delete": null,
            "group_retention_duration": "",
            "groupby_simple_monitor": null,
            "id": "314372455",
            "include_tags": true,
            "locked": false,
            "message": "{{#is_alert}}\n## P3 · Web Page Load Degradation\n**WHAT:** Web Page Load Degradation: latency signal detected by rate_of_change analysis.\n**WHERE:** {{value}} · env `stage` · region `global`\n**SERVICE:** `web-frontends` (application / service, tier2)\n**BUSINESS IMPACT:** The service still functions but measurably worse; a subset of traffic or users is failing.\n**WHY IT TRIGGERED:** The signal changed faster than the configured percentage relative to its own recent history. Speed of degradation, not absolute level.\n**OWNER:** sre · support business-hours · this does not page\n**RUNBOOK:** attached to this monitor as `Web Page Load Degradation` — open it from the monitor's Runbook asset.\n**AUTOMATED DIAGNOSTICS:** workflow `diag-app-health` has run; its output is attached to this event.\n**RELATED EVENTS:** correlated on `web-frontends.stage.web-frontends` — deployments, infrastructure changes and platform events from the last 30 minutes are attached as context.\n**SLO / ERROR BUDGET:** `slo-web-availability` · no error-budget impact (non-production)\n{{/is_alert}}\n{{#is_warning}}\n## Web Page Load Degradation — warning\nApproaching the alert condition on {{value}}. Investigate before it becomes P3.\n{{/is_warning}}\n{{#is_no_data}}\n## Web Page Load Degradation — NO DATA\nTelemetry stopped arriving for {{value}}. Treat this as a telemetry-health incident: an unmonitored resource is worse than an alerting one.\n{{/is_no_data}}\n{{#is_recovery}}\n## Recovered · Web Page Load Degradation\n{{value}} returned to normal. Error-budget impact recorded against `slo-web-availability`. No action required; the correlation group closes when every child recovers.\n{{/is_recovery}}\n{{#is_warning_recovery}}\nWarning cleared for {{value}}.\n{{/is_warning_recovery}}",
            "monitor_threshold_windows": [],
            "monitor_thresholds": [
              {
                "critical": "40",
                "critical_recovery": "",
                "ok": "",
                "unknown": "",
                "warning": "25",
                "warning_recovery": ""
              }
            ],
            "name": "[P3][stage][application] Web Page Load Degradation (standard)",
            "new_group_delay": 300,
            "new_host_delay": 300,
            "no_data_timeframe": 0,
            "notification_preset_name": "",
            "notify_audit": false,
            "notify_by": [],
            "notify_no_data": false,
            "on_missing_data": "",
            "priority": "3",
            "query": "pct_change(avg(last_30m),last_1h):avg:synthetics.browser.page_load{env:stage,alert_band:standard,service_archetype:web} by {service} \u003e 40",
            "renotify_interval": 120,
            "renotify_occurrences": 3,
            "renotify_statuses": [
              "alert"
            ],
            "require_full_window": false,
            "restricted_roles": null,
            "scheduling_options": [],
            "tags": [
              "alert_band:standard",
              "archetype:web-page-load-degradation",
              "automation_ref:diag-app-health",
              "correlation_key:web-frontends.stage.web-frontends",
              "dedup_key:web-frontends.stage.web-page-load-degradation.standard",
              "detection:rate_of_change",
              "domain:application",
              "env:stage",
              "failure_domain:web-frontends",
              "impact_class:degradation",
              "managed_by:terraform",
              "managed_source:platform",
              "monitor_id:stage.standard.application.web-page-load-degradation",
              "monitoring_profile:standard",
              "notification_profile:nonprod_standard",
              "owner:sre",
              "pages:false",
              "priority:p3",
              "resource_type:service",
              "runbook:web-page-load-degradation",
              "runbook_notebook:15298708",
              "service:web-frontends",
              "signal:latency",
              "slo_id:slo-web-availability",
              "support_model:business-hours",
              "team:sre",
              "tier:tier2"
            ],
            "timeout_h": 18,
            "type": "query alert",
            "validate": null,
            "variables": []
          },
          "sensitive_attributes": [],
          "private": "bnVsbA=="
        },
        {
          "index_key": "stage.standard.application.web-synthetic-availability",
          "schema_version": 0,
          "attributes": {
            "assets": [
              {
                "category": "runbook",
                "name": "Web Application Unavailable",
                "resource_key": "15298709",
                "resource_type": "notebook",
                "url": "https://app.datadoghq.com/notebook/15298709"
              }
            ],
            "draft_status": "published",
            "enable_logs_sample": null,
            "enable_samples": null,
            "escalation_message": "",
            "evaluation_delay": 300,
            "force_delete": null,
            "group_retention_duration": "",
            "groupby_simple_monitor": null,
            "id": "314372414",
            "include_tags": true,
            "locked": false,
            "message": "{{#is_alert}}\n## P3 · Web Application Unavailable\n**WHAT:** Web Application Unavailable: availability signal detected by threshold analysis.\n**WHERE:** {{value}} · env `stage` · region `global`\n**SERVICE:** `web-frontends` (application / synthetic_check, tier2)\n**BUSINESS IMPACT:** Customers are affected now, or a mission-critical capability is unavailable.\n**WHY IT TRIGGERED:** Three consecutive synthetic failures across locations is a discrete availability boundary, not a statistical judgement.\n\n**OWNER:** sre · support business-hours · this does not page\n**RUNBOOK:** attached to this monitor as `Web Application Unavailable` — open it from the monitor's Runbook asset.\n**AUTOMATED DIAGNOSTICS:** workflow `diag-app-health` has run; its output is attached to this event.\n**RELATED EVENTS:** correlated on `web-frontends.stage.web-frontends` — deployments, infrastructure changes and platform events from the last 30 minutes are attached as context.\n**SLO / ERROR BUDGET:** `slo-web-availability` · no error-budget impact (non-production)\n{{/is_alert}}\n{{#is_warning}}\n## Web Application Unavailable — warning\nApproaching the alert condition on {{value}}. Investigate before it becomes P3.\n{{/is_warning}}\n{{#is_no_data}}\n## Web Application Unavailable — NO DATA\nTelemetry stopped arriving for {{value}}. Treat this as a telemetry-health incident: an unmonitored resource is worse than an alerting one.\n{{/is_no_data}}\n{{#is_recovery}}\n## Recovered · Web Application Unavailable\n{{value}} returned to normal. Error-budget impact recorded against `slo-web-availability`. No action required; the correlation group closes when every child recovers.\n{{/is_recovery}}\n{{#is_warning_recovery}}\nWarning cleared for {{value}}.\n{{/is_warning_recovery}}",
            "monitor_threshold_windows": [],
            "monitor_thresholds": [
              {
                "critical": "3",
                "critical_recovery": "",
                "ok": "",
                "unknown": "",
                "warning": "1",
                "warning_recovery": ""
              }
            ],
            "name": "[P3][stage][application] Web Application Unavailable (standard)",
            "new_group_delay": 300,
            "new_host_delay": 300,
            "no_data_timeframe": 0,
            "notification_preset_name": "",
            "notify_audit": false,
            "notify_by": [],
            "notify_no_data": false,
            "on_missing_data": "",
            "priority": "3",
            "query": "sum(last_15m):sum:synthetics.test_runs{env:stage,alert_band:standard,service_archetype:web,status:failed} by {service,check_id}.as_count() \u003e= 3",
            "renotify_interval": 120,
            "renotify_occurrences": 3,
            "renotify_statuses": [
              "alert"
            ],
            "require_full_window": false,
            "restricted_roles": null,
            "scheduling_options": [],
            "tags": [
              "alert_band:standard",
              "archetype:web-synthetic-availability",
              "automation_ref:diag-app-health",
              "correlation_key:web-frontends.stage.web-frontends",
              "dedup_key:web-frontends.stage.web-synthetic-availability.standard",
              "detection:threshold",
              "domain:application",
              "env:stage",
              "failure_domain:web-frontends",
              "impact_class:customer_impact",
              "managed_by:terraform",
              "managed_source:platform",
              "monitor_id:stage.standard.application.web-synthetic-availability",
              "monitoring_profile:standard",
              "notification_profile:nonprod_standard",
              "owner:sre",
              "pages:false",
              "priority:p3",
              "release_gate:true",
              "resource_type:synthetic_check",
              "runbook:web-synthetic-availability",
              "runbook_notebook:15298709",
              "service:web-frontends",
              "signal:availability",
              "slo_id:slo-web-availability",
              "support_model:business-hours",
              "team:sre",
              "tier:tier2"
            ],
            "timeout_h": 18,
            "type": "query alert",
            "validate": null,
            "variables": []
          },
          "sensitive_attributes": [],
          "private": "bnVsbA=="
        },
        {
          "index_key": "stage.standard.application.worker-error-anomaly",
          "schema_version": 0,
          "attributes": {
            "assets": [
              {
                "category": "runbook",
                "name": "Worker Error Rate Anomaly",
                "resource_key": "15298710",
                "resource_type": "notebook",
                "url": "https://app.datadoghq.com/notebook/15298710"
              }
            ],
            "draft_status": "published",
            "enable_logs_sample": null,
            "enable_samples": null,
            "escalation_message": "",
            "evaluation_delay": 300,
            "force_delete": null,
            "group_retention_duration": "",
            "groupby_simple_monitor": null,
            "id": "314372394",
            "include_tags": true,
            "locked": false,
            "message": "{{#is_alert}}\n## P3 · Worker Error Rate Anomaly\n**WHAT:** Worker Error Rate Anomaly: error_rate signal detected by anomaly analysis.\n**WHERE:** {{value}} · env `stage` · region `global`\n**SERVICE:** `worker-platform` (application / service, tier2)\n**BUSINESS IMPACT:** The service still functions but measurably worse; a subset of traffic or users is failing.\n**WHY IT TRIGGERED:** The signal deviated from its own learned baseline by more than the configured number of deviations — not because it crossed a fixed number.\n**OWNER:** sre · support business-hours · this does not page\n**RUNBOOK:** attached to this monitor as `Worker Error Rate Anomaly` — open it from the monitor's Runbook asset.\n**AUTOMATED DIAGNOSTICS:** workflow `diag-app-health` has run; its output is attached to this event.\n**RELATED EVENTS:** correlated on `worker-platform.stage.worker-platform` — deployments, infrastructure changes and platform events from the last 30 minutes are attached as context.\n**SLO / ERROR BUDGET:** `slo-worker-throughput` · no error-budget impact (non-production)\n{{/is_alert}}\n{{#is_warning}}\n## Worker Error Rate Anomaly — warning\nApproaching the alert condition on {{value}}. Investigate before it becomes P3.\n{{/is_warning}}\n{{#is_no_data}}\n## Worker Error Rate Anomaly — NO DATA\nTelemetry stopped arriving for {{value}}. Treat this as a telemetry-health incident: an unmonitored resource is worse than an alerting one.\n{{/is_no_data}}\n{{#is_recovery}}\n## Recovered · Worker Error Rate Anomaly\n{{value}} returned to normal. Error-budget impact recorded against `slo-worker-throughput`. No action required; the correlation group closes when every child recovers.\n{{/is_recovery}}\n{{#is_warning_recovery}}\nWarning cleared for {{value}}.\n{{/is_warning_recovery}}",
            "monitor_threshold_windows": [],
            "monitor_thresholds": [
              {
                "critical": "1",
                "critical_recovery": "",
                "ok": "",
                "unknown": "",
                "warning": "",
                "warning_recovery": ""
              }
            ],
            "name": "[P3][stage][application] Worker Error Rate Anomaly (standard)",
            "new_group_delay": 300,
            "new_host_delay": 300,
            "no_data_timeframe": 0,
            "notification_preset_name": "",
            "notify_audit": false,
            "notify_by": [],
            "notify_no_data": false,
            "on_missing_data": "",
            "priority": "3",
            "query": "avg(last_30m):anomalies(sum:trace.async.operation.errors{env:stage,alert_band:standard,service_archetype:worker} by {service}.as_rate(), 'agile', 3) \u003e= 1",
            "renotify_interval": 120,
            "renotify_occurrences": 3,
            "renotify_statuses": [
              "alert"
            ],
            "require_full_window": false,
            "restricted_roles": null,
            "scheduling_options": [],
            "tags": [
              "alert_band:standard",
              "archetype:worker-error-anomaly",
              "automation_ref:diag-app-health",
              "correlation_key:worker-platform.stage.worker-platform",
              "dedup_key:worker-platform.stage.worker-error-anomaly.standard",
              "detection:anomaly",
              "domain:application",
              "env:stage",
              "failure_domain:worker-platform",
              "impact_class:degradation",
              "managed_by:terraform",
              "managed_source:platform",
              "monitor_id:stage.standard.application.worker-error-anomaly",
              "monitoring_profile:standard",
              "notification_profile:nonprod_standard",
              "owner:sre",
              "pages:false",
              "priority:p3",
              "resource_type:service",
              "runbook:worker-error-anomaly",
              "runbook_notebook:15298710",
              "service:worker-platform",
              "signal:error_rate",
              "slo_id:slo-worker-throughput",
              "support_model:business-hours",
              "team:sre",
              "tier:tier2"
            ],
            "timeout_h": 18,
            "type": "query alert",
            "validate": null,
            "variables": []
          },
          "sensitive_attributes": [],
          "private": "bnVsbA=="
        },
        {
          "index_key": "stage.standard.application.worker-processing-latency",
          "schema_version": 0,
          "attributes": {
            "assets": [
              {
                "category": "runbook",
                "name": "Worker Processing Latency Degradation",
                "resource_key": "15298711",
                "resource_type": "notebook",
                "url": "https://app.datadoghq.com/notebook/15298711"
              }
            ],
            "draft_status": "published",
            "enable_logs_sample": null,
            "enable_samples": null,
            "escalation_message": "",
            "evaluation_delay": 300,
            "force_delete": null,
            "group_retention_duration": "",
            "groupby_simple_monitor": null,
            "id": "314372436",
            "include_tags": true,
            "locked": false,
            "message": "{{#is_alert}}\n## P3 · Worker Processing Latency Degradation\n**WHAT:** Worker Processing Latency Degradation: latency signal detected by rate_of_change analysis.\n**WHERE:** {{value}} · env `stage` · region `global`\n**SERVICE:** `worker-platform` (application / service, tier2)\n**BUSINESS IMPACT:** The service still functions but measurably worse; a subset of traffic or users is failing.\n**WHY IT TRIGGERED:** The signal changed faster than the configured percentage relative to its own recent history. Speed of degradation, not absolute level.\n**OWNER:** sre · support business-hours · this does not page\n**RUNBOOK:** attached to this monitor as `Worker Processing Latency Degradation` — open it from the monitor's Runbook asset.\n**AUTOMATED DIAGNOSTICS:** workflow `diag-app-health` has run; its output is attached to this event.\n**RELATED EVENTS:** correlated on `worker-platform.stage.worker-platform` — deployments, infrastructure changes and platform events from the last 30 minutes are attached as context.\n**SLO / ERROR BUDGET:** `slo-worker-throughput` · no error-budget impact (non-production)\n{{/is_alert}}\n{{#is_warning}}\n## Worker Processing Latency Degradation — warning\nApproaching the alert condition on {{value}}. Investigate before it becomes P3.\n{{/is_warning}}\n{{#is_no_data}}\n## Worker Processing Latency Degradation — NO DATA\nTelemetry stopped arriving for {{value}}. Treat this as a telemetry-health incident: an unmonitored resource is worse than an alerting one.\n{{/is_no_data}}\n{{#is_recovery}}\n## Recovered · Worker Processing Latency Degradation\n{{value}} returned to normal. Error-budget impact recorded against `slo-worker-throughput`. No action required; the correlation group closes when every child recovers.\n{{/is_recovery}}\n{{#is_warning_recovery}}\nWarning cleared for {{value}}.\n{{/is_warning_recovery}}",
            "monitor_threshold_windows": [],
            "monitor_thresholds": [
              {
                "critical": "75",
                "critical_recovery": "",
                "ok": "",
                "unknown": "",
                "warning": "40",
                "warning_recovery": ""
              }
            ],
            "name": "[P3][stage][application] Worker Processing Latency Degradation (standard)",
            "new_group_delay": 300,
            "new_host_delay": 300,
            "no_data_timeframe": 0,
            "notification_preset_name": "",
            "notify_audit": false,
            "notify_by": [],
            "notify_no_data": false,
            "on_missing_data": "",
            "priority": "3",
            "query": "pct_change(avg(last_30m),last_1h):avg:trace.async.operation.duration{env:stage,alert_band:standard,service_archetype:worker} by {service} \u003e 75",
            "renotify_interval": 120,
            "renotify_occurrences": 3,
            "renotify_statuses": [
              "alert"
            ],
            "require_full_window": false,
            "restricted_roles": null,
            "scheduling_options": [],
            "tags": [
              "alert_band:standard",
              "archetype:worker-processing-latency",
              "automation_ref:diag-app-health",
              "correlation_key:worker-platform.stage.worker-platform",
              "dedup_key:worker-platform.stage.worker-processing-latency.standard",
              "detection:rate_of_change",
              "domain:application",
              "env:stage",
              "failure_domain:worker-platform",
              "impact_class:degradation",
              "managed_by:terraform",
              "managed_source:platform",
              "monitor_id:stage.standard.application.worker-processing-latency",
              "monitoring_profile:standard",
              "notification_profile:nonprod_standard",
              "owner:sre",
              "pages:false",
              "priority:p3",
              "resource_type:service",
              "runbook:worker-processing-latency",
              "runbook_notebook:15298711",
              "service:worker-platform",
              "signal:latency",
              "slo_id:slo-worker-throughput",
              "support_model:business-hours",
              "team:sre",
              "tier:tier2"
            ],
            "timeout_h": 18,
            "type": "query alert",
            "validate": null,
            "variables": []
          },
          "sensitive_attributes": [],
          "private": "bnVsbA=="
        },
        {
          "index_key": "stage.standard.application.worker-stalled",
          "schema_version": 0,
          "attributes": {
            "assets": [
              {
                "category": "runbook",
                "name": "Worker Stopped Processing",
                "resource_key": "15298712",
                "resource_type": "notebook",
                "url": "https://app.datadoghq.com/notebook/15298712"
              }
            ],
            "draft_status": "published",
            "enable_logs_sample": null,
            "enable_samples": null,
            "escalation_message": "",
            "evaluation_delay": 300,
            "force_delete": null,
            "group_retention_duration": "",
            "groupby_simple_monitor": null,
            "id": "314372465",
            "include_tags": true,
            "locked": false,
            "message": "{{#is_alert}}\n## P3 · Worker Stopped Processing\n**WHAT:** Worker Stopped Processing: availability signal detected by threshold analysis.\n**WHERE:** {{value}} · env `stage` · region `global`\n**SERVICE:** `worker-platform` (application / service, tier2)\n**BUSINESS IMPACT:** Customers are affected now, or a mission-critical capability is unavailable.\n**WHY IT TRIGGERED:** Zero work processed in 30 minutes is an absolute liveness boundary for a continuously-fed worker; there is no statistical interpretation of zero.\n\n**OWNER:** sre · support business-hours · this does not page\n**RUNBOOK:** attached to this monitor as `Worker Stopped Processing` — open it from the monitor's Runbook asset.\n**AUTOMATED DIAGNOSTICS:** workflow `diag-app-health` has run; its output is attached to this event.\n**RELATED EVENTS:** correlated on `worker-platform.stage.worker-platform` — deployments, infrastructure changes and platform events from the last 30 minutes are attached as context.\n**SLO / ERROR BUDGET:** `slo-worker-throughput` · no error-budget impact (non-production)\n{{/is_alert}}\n{{#is_warning}}\n## Worker Stopped Processing — warning\nApproaching the alert condition on {{value}}. Investigate before it becomes P3.\n{{/is_warning}}\n{{#is_no_data}}\n## Worker Stopped Processing — NO DATA\nTelemetry stopped arriving for {{value}}. Treat this as a telemetry-health incident: an unmonitored resource is worse than an alerting one.\n{{/is_no_data}}\n{{#is_recovery}}\n## Recovered · Worker Stopped Processing\n{{value}} returned to normal. Error-budget impact recorded against `slo-worker-throughput`. No action required; the correlation group closes when every child recovers.\n{{/is_recovery}}\n{{#is_warning_recovery}}\nWarning cleared for {{value}}.\n{{/is_warning_recovery}}",
            "monitor_threshold_windows": [],
            "monitor_thresholds": [
              {
                "critical": "1",
                "critical_recovery": "",
                "ok": "",
                "unknown": "",
                "warning": "",
                "warning_recovery": ""
              }
            ],
            "name": "[P3][stage][application] Worker Stopped Processing (standard)",
            "new_group_delay": 300,
            "new_host_delay": 300,
            "no_data_timeframe": 45,
            "notification_preset_name": "",
            "notify_audit": false,
            "notify_by": [],
            "notify_no_data": true,
            "on_missing_data": "",
            "priority": "3",
            "query": "sum(last_1h):sum:trace.async.operation.hits{env:stage,alert_band:standard,service_archetype:worker} by {service}.as_count() \u003c 1",
            "renotify_interval": 120,
            "renotify_occurrences": 3,
            "renotify_statuses": [
              "alert"
            ],
            "require_full_window": false,
            "restricted_roles": null,
            "scheduling_options": [],
            "tags": [
              "alert_band:standard",
              "archetype:worker-stalled",
              "automation_ref:diag-app-health",
              "correlation_key:worker-platform.stage.worker-platform",
              "dedup_key:worker-platform.stage.worker-stalled.standard",
              "detection:threshold",
              "domain:application",
              "env:stage",
              "failure_domain:worker-platform",
              "impact_class:customer_impact",
              "managed_by:terraform",
              "managed_source:platform",
              "monitor_id:stage.standard.application.worker-stalled",
              "monitoring_profile:standard",
              "notification_profile:nonprod_standard",
              "owner:sre",
              "pages:false",
              "priority:p3",
              "resource_type:service",
              "runbook:worker-stalled",
              "runbook_notebook:15298712",
              "service:worker-platform",
              "signal:availability",
              "slo_id:slo-worker-throughput",
              "support_model:business-hours",
              "team:sre",
              "tier:tier2"
            ],
            "timeout_h": 18,
            "type": "query alert",
            "validate": null,
            "variables": []
          },
          "sensitive_attributes": [],
          "private": "bnVsbA=="
        },
        {
          "index_key": "stage.standard.application.worker-throughput-anomaly",
          "schema_version": 0,
          "attributes": {
            "assets": [
              {
                "category": "runbook",
                "name": "Worker Throughput Anomaly",
                "resource_key": "15298713",
                "resource_type": "notebook",
                "url": "https://app.datadoghq.com/notebook/15298713"
              }
            ],
            "draft_status": "published",
            "enable_logs_sample": null,
            "enable_samples": null,
            "escalation_message": "",
            "evaluation_delay": 300,
            "force_delete": null,
            "group_retention_duration": "",
            "groupby_simple_monitor": null,
            "id": "314372523",
            "include_tags": true,
            "locked": false,
            "message": "{{#is_alert}}\n## P3 · Worker Throughput Anomaly\n**WHAT:** Worker Throughput Anomaly: throughput signal detected by anomaly analysis.\n**WHERE:** {{value}} · env `stage` · region `global`\n**SERVICE:** `worker-platform` (application / service, tier2)\n**BUSINESS IMPACT:** The service still functions but measurably worse; a subset of traffic or users is failing.\n**WHY IT TRIGGERED:** The signal deviated from its own learned baseline by more than the configured number of deviations — not because it crossed a fixed number.\n**OWNER:** sre · support business-hours · this does not page\n**RUNBOOK:** attached to this monitor as `Worker Throughput Anomaly` — open it from the monitor's Runbook asset.\n**AUTOMATED DIAGNOSTICS:** workflow `diag-app-health` has run; its output is attached to this event.\n**RELATED EVENTS:** correlated on `worker-platform.stage.worker-platform` — deployments, infrastructure changes and platform events from the last 30 minutes are attached as context.\n**SLO / ERROR BUDGET:** `slo-worker-throughput` · no error-budget impact (non-production)\n{{/is_alert}}\n{{#is_warning}}\n## Worker Throughput Anomaly — warning\nApproaching the alert condition on {{value}}. Investigate before it becomes P3.\n{{/is_warning}}\n{{#is_no_data}}\n## Worker Throughput Anomaly — NO DATA\nTelemetry stopped arriving for {{value}}. Treat this as a telemetry-health incident: an unmonitored resource is worse than an alerting one.\n{{/is_no_data}}\n{{#is_recovery}}\n## Recovered · Worker Throughput Anomaly\n{{value}} returned to normal. Error-budget impact recorded against `slo-worker-throughput`. No action required; the correlation group closes when every child recovers.\n{{/is_recovery}}\n{{#is_warning_recovery}}\nWarning cleared for {{value}}.\n{{/is_warning_recovery}}",
            "monitor_threshold_windows": [],
            "monitor_thresholds": [
              {
                "critical": "1",
                "critical_recovery": "",
                "ok": "",
                "unknown": "",
                "warning": "",
                "warning_recovery": ""
              }
            ],
            "name": "[P3][stage][application] Worker Throughput Anomaly (standard)",
            "new_group_delay": 300,
            "new_host_delay": 300,
            "no_data_timeframe": 0,
            "notification_preset_name": "",
            "notify_audit": false,
            "notify_by": [],
            "notify_no_data": false,
            "on_missing_data": "",
            "priority": "3",
            "query": "avg(last_1h):anomalies(sum:trace.async.operation.hits{env:stage,alert_band:standard,service_archetype:worker} by {service}.as_rate(), 'agile', 3, direction='below') \u003e= 1",
            "renotify_interval": 120,
            "renotify_occurrences": 3,
            "renotify_statuses": [
              "alert"
            ],
            "require_full_window": false,
            "restricted_roles": null,
            "scheduling_options": [],
            "tags": [
              "alert_band:standard",
              "archetype:worker-throughput-anomaly",
              "automation_ref:diag-app-health",
              "correlation_key:worker-platform.stage.worker-platform",
              "dedup_key:worker-platform.stage.worker-throughput-anomaly.standard",
              "detection:anomaly",
              "domain:application",
              "env:stage",
              "failure_domain:worker-platform",
              "impact_class:degradation",
              "managed_by:terraform",
              "managed_source:platform",
              "monitor_id:stage.standard.application.worker-throughput-anomaly",
              "monitoring_profile:standard",
              "notification_profile:nonprod_standard",
              "owner:sre",
              "pages:false",
              "priority:p3",
              "resource_type:service",
              "runbook:worker-throughput-anomaly",
              "runbook_notebook:15298713",
              "service:worker-platform",
              "signal:throughput",
              "slo_id:slo-worker-throughput",
              "support_model:business-hours",
              "team:sre",
              "tier:tier2"
            ],
            "timeout_h": 18,
            "type": "query alert",
            "validate": null,
            "variables": []
          },
          "sensitive_attributes": [],
          "private": "bnVsbA=="
        },
        {
          "index_key": "stage.standard.cloud.apim-failed-request-anomaly",
          "schema_version": 0,
          "attributes": {
            "assets": [
              {
                "category": "runbook",
                "name": "API Management Failed Request Anomaly",
                "resource_key": "15318346",
                "resource_type": "notebook",
                "url": "https://app.datadoghq.com/notebook/15318346"
              }
            ],
            "draft_status": "published",
            "enable_logs_sample": null,
            "enable_samples": null,
            "escalation_message": "",
            "evaluation_delay": 300,
            "force_delete": null,
            "group_retention_duration": "",
            "groupby_simple_monitor": null,
            "id": "314985788",
            "include_tags": true,
            "locked": false,
            "message": "{{#is_alert}}\n## P3 · API Management Failed Request Anomaly\n**WHAT:** Failed requests are gateway-attributed 5xx. Client 4xx arrive as `other_requests` and are deliberately not alerted on here — a caller sending bad requests is not an outage of the gateway.\n\n**WHERE:** {{value}} · env `stage` · region `global`\n**SERVICE:** `api-services` (cloud / azure_apim, tier2)\n**BUSINESS IMPACT:** The service still functions but measurably worse; a subset of traffic or users is failing.\n**WHY IT TRIGGERED:** The signal deviated from its own learned baseline by more than the configured number of deviations — not because it crossed a fixed number.\n**OWNER:** cloud-engineering · support business-hours · this does not page\n**RUNBOOK:** attached to this monitor as `API Management Failed Request Anomaly` — open it from the monitor's Runbook asset.\n**AUTOMATED DIAGNOSTICS:** workflow `diag-azure-resource` has run; its output is attached to this event.\n**RELATED EVENTS:** correlated on `edge.stage.api-services` — deployments, infrastructure changes and platform events from the last 30 minutes are attached as context.\n**SLO / ERROR BUDGET:** `slo-api-availability` · no error-budget impact (non-production)\n{{/is_alert}}\n{{#is_warning}}\n## API Management Failed Request Anomaly — warning\nApproaching the alert condition on {{value}}. Investigate before it becomes P3.\n{{/is_warning}}\n{{#is_no_data}}\n## API Management Failed Request Anomaly — NO DATA\nTelemetry stopped arriving for {{value}}. Treat this as a telemetry-health incident: an unmonitored resource is worse than an alerting one.\n{{/is_no_data}}\n{{#is_recovery}}\n## Recovered · API Management Failed Request Anomaly\n{{value}} returned to normal. Error-budget impact recorded against `slo-api-availability`. No action required; the correlation group closes when every child recovers.\n{{/is_recovery}}\n{{#is_warning_recovery}}\nWarning cleared for {{value}}.\n{{/is_warning_recovery}}",
            "monitor_threshold_windows": [],
            "monitor_thresholds": [
              {
                "critical": "1",
                "critical_recovery": "",
                "ok": "",
                "unknown": "",
                "warning": "",
                "warning_recovery": ""
              }
            ],
            "name": "[P3][stage][cloud] API Management Failed Request Anomaly (standard)",
            "new_group_delay": 300,
            "new_host_delay": 300,
            "no_data_timeframe": 0,
            "notification_preset_name": "",
            "notify_audit": false,
            "notify_by": [
              "subscription_name"
            ],
            "notify_no_data": false,
            "on_missing_data": "",
            "priority": "3",
            "query": "avg(last_30m):anomalies(sum:azure.apimanagement_service.failed_requests{env:stage,alert_band:standard,resource_type:azure_apim} by {subscription_name,name}.as_rate(), 'agile', 3, direction='above') \u003e= 1",
            "renotify_interval": 120,
            "renotify_occurrences": 3,
            "renotify_statuses": [
              "alert"
            ],
            "require_full_window": false,
            "restricted_roles": null,
            "scheduling_options": [],
            "tags": [
              "alert_band:standard",
              "archetype:apim-failed-request-anomaly",
              "automation_ref:diag-azure-resource",
              "correlation_key:edge.stage.api-services",
              "dedup_key:api-services.stage.apim-failed-request-anomaly.standard",
              "detection:anomaly",
              "domain:cloud",
              "env:stage",
              "failure_domain:edge",
              "impact_class:degradation",
              "managed_by:terraform",
              "managed_source:platform",
              "monitor_id:stage.standard.cloud.apim-failed-request-anomaly",
              "monitoring_profile:standard",
              "notification_profile:nonprod_standard",
              "owner:cloud-engineering",
              "pages:false",
              "priority:p3",
              "resource_type:azure_apim",
              "runbook:apim-failed-request-anomaly",
              "runbook_notebook:15318346",
              "service:api-services",
              "signal:error_rate",
              "slo_id:slo-api-availability",
              "support_model:business-hours",
              "team:cloud-engineering",
              "tier:tier2"
            ],
            "timeout_h": 18,
            "type": "query alert",
            "validate": null,
            "variables": []
          },
          "sensitive_attributes": [],
          "private": "bnVsbA=="
        },
        {
          "index_key": "stage.standard.cloud.azure-appgateway-backend-unhealthy",
          "schema_version": 0,
          "attributes": {
            "assets": [
              {
                "category": "runbook",
                "name": "Application Gateway Backend Unhealthy",
                "resource_key": "15298368",
                "resource_type": "notebook",
                "url": "https://app.datadoghq.com/notebook/15298368"
              }
            ],
            "draft_status": "published",
            "enable_logs_sample": null,
            "enable_samples": null,
            "escalation_message": "",
            "evaluation_delay": 300,
            "force_delete": null,
            "group_retention_duration": "",
            "groupby_simple_monitor": null,
            "id": "314372503",
            "include_tags": true,
            "locked": false,
            "message": "{{#is_alert}}\n## P3 · Application Gateway Backend Unhealthy\n**WHAT:** Application Gateway Backend Unhealthy: availability signal detected by threshold analysis.\n**WHERE:** {{value}} · env `stage` · region `global`\n**SERVICE:** `azure-landing-zone` (cloud / azure_application_gateway, tier2)\n**BUSINESS IMPACT:** Customers are affected now, or a mission-critical capability is unavailable.\n**WHY IT TRIGGERED:** Zero healthy hosts behind a listener is binary.\n**OWNER:** cloud-engineering · support business-hours · this does not page\n**RUNBOOK:** attached to this monitor as `Application Gateway Backend Unhealthy` — open it from the monitor's Runbook asset.\n**AUTOMATED DIAGNOSTICS:** workflow `diag-azure-resource` has run; its output is attached to this event.\n**RELATED EVENTS:** correlated on `azure-landing-zone.stage.azure-landing-zone` — deployments, infrastructure changes and platform events from the last 30 minutes are attached as context.\n**SLO / ERROR BUDGET:** `slo-cloud-platform-availability` · no error-budget impact (non-production)\n{{/is_alert}}\n{{#is_warning}}\n## Application Gateway Backend Unhealthy — warning\nApproaching the alert condition on {{value}}. Investigate before it becomes P3.\n{{/is_warning}}\n{{#is_no_data}}\n## Application Gateway Backend Unhealthy — NO DATA\nTelemetry stopped arriving for {{value}}. Treat this as a telemetry-health incident: an unmonitored resource is worse than an alerting one.\n{{/is_no_data}}\n{{#is_recovery}}\n## Recovered · Application Gateway Backend Unhealthy\n{{value}} returned to normal. Error-budget impact recorded against `slo-cloud-platform-availability`. No action required; the correlation group closes when every child recovers.\n{{/is_recovery}}\n{{#is_warning_recovery}}\nWarning cleared for {{value}}.\n{{/is_warning_recovery}}",
            "monitor_threshold_windows": [],
            "monitor_thresholds": [
              {
                "critical": "1",
                "critical_recovery": "",
                "ok": "",
                "unknown": "",
                "warning": "2",
                "warning_recovery": ""
              }
            ],
            "name": "[P3][stage][cloud] Application Gateway Backend Unhealthy (standard)",
            "new_group_delay": 300,
            "new_host_delay": 300,
            "no_data_timeframe": 0,
            "notification_preset_name": "",
            "notify_audit": false,
            "notify_by": [
              "subscription_name"
            ],
            "notify_no_data": false,
            "on_missing_data": "",
            "priority": "3",
            "query": "min(last_15m):avg:azure.network_applicationgateways.healthy_host_count{env:stage,alert_band:standard,resource_type:azure_application_gateway} by {subscription_name,name,backend_pool} \u003c 1",
            "renotify_interval": 120,
            "renotify_occurrences": 3,
            "renotify_statuses": [
              "alert"
            ],
            "require_full_window": false,
            "restricted_roles": null,
            "scheduling_options": [],
            "tags": [
              "alert_band:standard",
              "archetype:azure-appgateway-backend-unhealthy",
              "automation_ref:diag-azure-resource",
              "correlation_key:azure-landing-zone.stage.azure-landing-zone",
              "dedup_key:azure-landing-zone.stage.azure-appgateway-backend-unhealthy.standard",
              "detection:threshold",
              "domain:cloud",
              "env:stage",
              "failure_domain:azure-landing-zone",
              "impact_class:customer_impact",
              "managed_by:terraform",
              "managed_source:platform",
              "monitor_id:stage.standard.cloud.azure-appgateway-backend-unhealthy",
              "monitoring_profile:standard",
              "notification_profile:nonprod_standard",
              "owner:cloud-engineering",
              "pages:false",
              "priority:p3",
              "resource_type:azure_application_gateway",
              "runbook:azure-appgateway-backend-unhealthy",
              "runbook_notebook:15298368",
              "service:azure-landing-zone",
              "signal:availability",
              "slo_id:slo-cloud-platform-availability",
              "support_model:business-hours",
              "team:cloud-engineering",
              "tier:tier2"
            ],
            "timeout_h": 18,
            "type": "query alert",
            "validate": null,
            "variables": []
          },
          "sensitive_attributes": [],
          "private": "bnVsbA=="
        },
        {
          "index_key": "stage.standard.cloud.azure-appservice-http5xx-anomaly",
          "schema_version": 0,
          "attributes": {
            "assets": [
              {
                "category": "runbook",
                "name": "Azure App Service 5xx Anomaly",
                "resource_key": "15298369",
                "resource_type": "notebook",
                "url": "https://app.datadoghq.com/notebook/15298369"
              }
            ],
            "draft_status": "published",
            "enable_logs_sample": null,
            "enable_samples": null,
            "escalation_message": "",
            "evaluation_delay": 300,
            "force_delete": null,
            "group_retention_duration": "",
            "groupby_simple_monitor": null,
            "id": "314372524",
            "include_tags": true,
            "locked": false,
            "message": "{{#is_alert}}\n## P3 · Azure App Service 5xx Anomaly\n**WHAT:** Azure App Service 5xx Anomaly: error_rate signal detected by anomaly analysis.\n**WHERE:** {{value}} · env `stage` · region `global`\n**SERVICE:** `azure-landing-zone` (cloud / azure_app_service, tier2)\n**BUSINESS IMPACT:** Customers are affected now, or a mission-critical capability is unavailable.\n**WHY IT TRIGGERED:** The signal deviated from its own learned baseline by more than the configured number of deviations — not because it crossed a fixed number.\n**OWNER:** cloud-engineering · support business-hours · this does not page\n**RUNBOOK:** attached to this monitor as `Azure App Service 5xx Anomaly` — open it from the monitor's Runbook asset.\n**AUTOMATED DIAGNOSTICS:** workflow `remediate-recycle-app-pool` has run; its output is attached to this event.\n**RELATED EVENTS:** correlated on `azure-paas.stage.azure-landing-zone` — deployments, infrastructure changes and platform events from the last 30 minutes are attached as context.\n**SLO / ERROR BUDGET:** `slo-cloud-platform-availability` · no error-budget impact (non-production)\n{{/is_alert}}\n{{#is_warning}}\n## Azure App Service 5xx Anomaly — warning\nApproaching the alert condition on {{value}}. Investigate before it becomes P3.\n{{/is_warning}}\n{{#is_no_data}}\n## Azure App Service 5xx Anomaly — NO DATA\nTelemetry stopped arriving for {{value}}. Treat this as a telemetry-health incident: an unmonitored resource is worse than an alerting one.\n{{/is_no_data}}\n{{#is_recovery}}\n## Recovered · Azure App Service 5xx Anomaly\n{{value}} returned to normal. Error-budget impact recorded against `slo-cloud-platform-availability`. No action required; the correlation group closes when every child recovers.\n{{/is_recovery}}\n{{#is_warning_recovery}}\nWarning cleared for {{value}}.\n{{/is_warning_recovery}}",
            "monitor_threshold_windows": [],
            "monitor_thresholds": [
              {
                "critical": "1",
                "critical_recovery": "",
                "ok": "",
                "unknown": "",
                "warning": "",
                "warning_recovery": ""
              }
            ],
            "name": "[P3][stage][cloud] Azure App Service 5xx Anomaly (standard)",
            "new_group_delay": 300,
            "new_host_delay": 300,
            "no_data_timeframe": 0,
            "notification_preset_name": "",
            "notify_audit": false,
            "notify_by": [
              "subscription_name"
            ],
            "notify_no_data": false,
            "on_missing_data": "",
            "priority": "3",
            "query": "avg(last_30m):anomalies(sum:azure.app_services.http5xx{env:stage,alert_band:standard,resource_type:azure_app_service} by {subscription_name,resource_group,name}.as_rate(), 'agile', 3) \u003e= 1",
            "renotify_interval": 120,
            "renotify_occurrences": 3,
            "renotify_statuses": [
              "alert"
            ],
            "require_full_window": false,
            "restricted_roles": null,
            "scheduling_options": [],
            "tags": [
              "alert_band:standard",
              "archetype:azure-appservice-http5xx-anomaly",
              "automation_ref:remediate-recycle-app-pool",
              "correlation_key:azure-paas.stage.azure-landing-zone",
              "dedup_key:azure-landing-zone.stage.azure-appservice-http5xx-anomaly.standard",
              "detection:anomaly",
              "domain:cloud",
              "env:stage",
              "failure_domain:azure-paas",
              "impact_class:customer_impact",
              "managed_by:terraform",
              "managed_source:platform",
              "monitor_id:stage.standard.cloud.azure-appservice-http5xx-anomaly",
              "monitoring_profile:standard",
              "notification_profile:nonprod_standard",
              "owner:cloud-engineering",
              "pages:false",
              "priority:p3",
              "resource_type:azure_app_service",
              "runbook:azure-appservice-http5xx-anomaly",
              "runbook_notebook:15298369",
              "service:azure-landing-zone",
              "signal:error_rate",
              "slo_id:slo-cloud-platform-availability",
              "support_model:business-hours",
              "team:cloud-engineering",
              "tier:tier2"
            ],
            "timeout_h": 18,
            "type": "query alert",
            "validate": null,
            "variables": []
          },
          "sensitive_attributes": [],
          "private": "bnVsbA=="
        },
        {
          "index_key": "stage.standard.cloud.azure-appservice-unavailable",
          "schema_version": 0,
          "attributes": {
            "assets": [
              {
                "category": "runbook",
                "name": "Azure App Service Unavailable",
                "resource_key": "15298373",
                "resource_type": "notebook",
                "url": "https://app.datadoghq.com/notebook/15298373"
              }
            ],
            "draft_status": "published",
            "enable_logs_sample": null,
            "enable_samples": null,
            "escalation_message": "",
            "evaluation_delay": 300,
            "force_delete": null,
            "group_retention_duration": "",
            "groupby_simple_monitor": null,
            "id": "314372378",
            "include_tags": true,
            "locked": false,
            "message": "{{#is_alert}}\n## P3 · Azure App Service Unavailable\n**WHAT:** Azure App Service Unavailable: availability signal detected by threshold analysis.\n**WHERE:** {{value}} · env `stage` · region `global`\n**SERVICE:** `azure-landing-zone` (cloud / azure_app_service, tier2)\n**BUSINESS IMPACT:** Customers are affected now, or a mission-critical capability is unavailable.\n**WHY IT TRIGGERED:** Health-check status is binary.\n**OWNER:** cloud-engineering · support business-hours · this does not page\n**RUNBOOK:** attached to this monitor as `Azure App Service Unavailable` — open it from the monitor's Runbook asset.\n**AUTOMATED DIAGNOSTICS:** workflow `diag-azure-resource` has run; its output is attached to this event.\n**RELATED EVENTS:** correlated on `azure-paas.stage.azure-landing-zone` — deployments, infrastructure changes and platform events from the last 30 minutes are attached as context.\n**SLO / ERROR BUDGET:** `slo-cloud-platform-availability` · no error-budget impact (non-production)\n{{/is_alert}}\n{{#is_warning}}\n## Azure App Service Unavailable — warning\nApproaching the alert condition on {{value}}. Investigate before it becomes P3.\n{{/is_warning}}\n{{#is_no_data}}\n## Azure App Service Unavailable — NO DATA\nTelemetry stopped arriving for {{value}}. Treat this as a telemetry-health incident: an unmonitored resource is worse than an alerting one.\n{{/is_no_data}}\n{{#is_recovery}}\n## Recovered · Azure App Service Unavailable\n{{value}} returned to normal. Error-budget impact recorded against `slo-cloud-platform-availability`. No action required; the correlation group closes when every child recovers.\n{{/is_recovery}}\n{{#is_warning_recovery}}\nWarning cleared for {{value}}.\n{{/is_warning_recovery}}",
            "monitor_threshold_windows": [],
            "monitor_thresholds": [
              {
                "critical": "1",
                "critical_recovery": "",
                "ok": "",
                "unknown": "",
                "warning": "",
                "warning_recovery": ""
              }
            ],
            "name": "[P3][stage][cloud] Azure App Service Unavailable (standard)",
            "new_group_delay": 300,
            "new_host_delay": 300,
            "no_data_timeframe": 0,
            "notification_preset_name": "",
            "notify_audit": false,
            "notify_by": [
              "subscription_name"
            ],
            "notify_no_data": false,
            "on_missing_data": "",
            "priority": "3",
            "query": "min(last_15m):avg:azure.app_services.health_check_status{env:stage,alert_band:standard,resource_type:azure_app_service} by {subscription_name,resource_group,name} \u003c 1",
            "renotify_interval": 120,
            "renotify_occurrences": 3,
            "renotify_statuses": [
              "alert"
            ],
            "require_full_window": false,
            "restricted_roles": null,
            "scheduling_options": [],
            "tags": [
              "alert_band:standard",
              "archetype:azure-appservice-unavailable",
              "automation_ref:diag-azure-resource",
              "correlation_key:azure-paas.stage.azure-landing-zone",
              "dedup_key:azure-landing-zone.stage.azure-appservice-unavailable.standard",
              "detection:threshold",
              "domain:cloud",
              "env:stage",
              "failure_domain:azure-paas",
              "impact_class:customer_impact",
              "managed_by:terraform",
              "managed_source:platform",
              "monitor_id:stage.standard.cloud.azure-appservice-unavailable",
              "monitoring_profile:standard",
              "notification_profile:nonprod_standard",
              "owner:cloud-engineering",
              "pages:false",
              "priority:p3",
              "resource_type:azure_app_service",
              "runbook:azure-appservice-unavailable",
              "runbook_notebook:15298373",
              "service:azure-landing-zone",
              "signal:availability",
              "slo_id:slo-cloud-platform-availability",
              "support_model:business-hours",
              "team:cloud-engineering",
              "tier:tier2"
            ],
            "timeout_h": 18,
            "type": "query alert",
            "validate": null,
            "variables": []
          },
          "sensitive_attributes": [],
          "private": "bnVsbA=="
        },
        {
          "index_key": "stage.standard.cloud.azure-budget-utilization",
          "schema_version": 0,
          "attributes": {
            "assets": [
              {
                "category": "runbook",
                "name": "Azure Budget Utilization",
                "resource_key": "15318357",
                "resource_type": "notebook",
                "url": "https://app.datadoghq.com/notebook/15318357"
              }
            ],
            "draft_status": "published",
            "enable_logs_sample": null,
            "enable_samples": null,
            "escalation_message": "",
            "evaluation_delay": 300,
            "force_delete": null,
            "group_retention_duration": "",
            "groupby_simple_monitor": null,
            "id": "314985786",
            "include_tags": true,
            "locked": false,
            "message": "{{#is_alert}}\n## P4 · Azure Budget Utilization\n**WHAT:** Azure Budget Utilization: cost signal detected by threshold analysis.\n**WHERE:** {{value}} · env `stage` · region `global`\n**SERVICE:** `platform-services` (cloud / azure_subscription, tier2)\n**BUSINESS IMPACT:** Observability or configuration hygiene is degraded. No direct customer impact, but our ability to see or govern the estate is reduced.\n**WHY IT TRIGGERED:** 50% and 75% of a monthly budget are calendar checkpoints, not statistical ones — they only mean something against the day of the month, which the runbook covers. Informational by design: this is the layer that gives finance and engineering a shared number before anything is wrong.\n\n**OWNER:** cloud-engineering · support business-hours · this does not page\n**RUNBOOK:** attached to this monitor as `Azure Budget Utilization` — open it from the monitor's Runbook asset.\n**AUTOMATED DIAGNOSTICS:** workflow `auto-finops-review` has run; its output is attached to this event.\n**RELATED EVENTS:** correlated on `finops.stage.platform-services` — deployments, infrastructure changes and platform events from the last 30 minutes are attached as context.\n**SLO / ERROR BUDGET:** `slo-platform-services` · no error-budget impact (non-production)\n{{/is_alert}}\n{{#is_warning}}\n## Azure Budget Utilization — warning\nApproaching the alert condition on {{value}}. Investigate before it becomes P4.\n{{/is_warning}}\n{{#is_no_data}}\n## Azure Budget Utilization — NO DATA\nTelemetry stopped arriving for {{value}}. Treat this as a telemetry-health incident: an unmonitored resource is worse than an alerting one.\n{{/is_no_data}}\n{{#is_recovery}}\n## Recovered · Azure Budget Utilization\n{{value}} returned to normal. Error-budget impact recorded against `slo-platform-services`. No action required; the correlation group closes when every child recovers.\n{{/is_recovery}}\n{{#is_warning_recovery}}\nWarning cleared for {{value}}.\n{{/is_warning_recovery}}",
            "monitor_threshold_windows": [],
            "monitor_thresholds": [
              {
                "critical": "75",
                "critical_recovery": "",
                "ok": "",
                "unknown": "",
                "warning": "50",
                "warning_recovery": ""
              }
            ],
            "name": "[P4][stage][cloud] Azure Budget Utilization (standard)",
            "new_group_delay": 300,
            "new_host_delay": 300,
            "no_data_timeframe": 0,
            "notification_preset_name": "",
            "notify_audit": false,
            "notify_by": [
              "subscription_name"
            ],
            "notify_no_data": false,
            "on_missing_data": "",
            "priority": "4",
            "query": "max(last_2h):max:acme.finops.budget_utilization_pct{env:stage,alert_band:standard,resource_type:azure_subscription} by {subscription_name,cost_center} \u003e 75",
            "renotify_interval": 120,
            "renotify_occurrences": 3,
            "renotify_statuses": [
              "alert"
            ],
            "require_full_window": false,
            "restricted_roles": null,
            "scheduling_options": [],
            "tags": [
              "alert_band:standard",
              "archetype:azure-budget-utilization",
              "automation_ref:auto-finops-review",
              "correlation_key:finops.stage.platform-services",
              "dedup_key:platform-services.stage.azure-budget-utilization.standard",
              "detection:threshold",
              "domain:cloud",
              "env:stage",
              "failure_domain:finops",
              "impact_class:hygiene",
              "managed_by:terraform",
              "managed_source:platform",
              "monitor_id:stage.standard.cloud.azure-budget-utilization",
              "monitoring_profile:standard",
              "notification_profile:nonprod_standard",
              "owner:cloud-engineering",
              "pages:false",
              "priority:p4",
              "resource_type:azure_subscription",
              "runbook:azure-budget-utilization",
              "runbook_notebook:15318357",
              "service:platform-services",
              "signal:cost",
              "slo_id:slo-platform-services",
              "support_model:business-hours",
              "team:cloud-engineering",
              "tier:tier2"
            ],
            "timeout_h": 24,
            "type": "query alert",
            "validate": null,
            "variables": []
          },
          "sensitive_attributes": [],
          "private": "bnVsbA=="
        },
        {
          "index_key": "stage.standard.cloud.azure-function-failure-anomaly",
          "schema_version": 0,
          "attributes": {
            "assets": [
              {
                "category": "runbook",
                "name": "Azure Function Failure Anomaly",
                "resource_key": "15298380",
                "resource_type": "notebook",
                "url": "https://app.datadoghq.com/notebook/15298380"
              }
            ],
            "draft_status": "published",
            "enable_logs_sample": null,
            "enable_samples": null,
            "escalation_message": "",
            "evaluation_delay": 300,
            "force_delete": null,
            "group_retention_duration": "",
            "groupby_simple_monitor": null,
            "id": "314372440",
            "include_tags": true,
            "locked": false,
            "message": "{{#is_alert}}\n## P3 · Azure Function Failure Anomaly\n**WHAT:** Azure Function Failure Anomaly: error_rate signal detected by anomaly analysis.\n**WHERE:** {{value}} · env `stage` · region `global`\n**SERVICE:** `azure-landing-zone` (cloud / azure_function, tier2)\n**BUSINESS IMPACT:** The service still functions but measurably worse; a subset of traffic or users is failing.\n**WHY IT TRIGGERED:** The signal deviated from its own learned baseline by more than the configured number of deviations — not because it crossed a fixed number.\n**OWNER:** cloud-engineering · support business-hours · this does not page\n**RUNBOOK:** attached to this monitor as `Azure Function Failure Anomaly` — open it from the monitor's Runbook asset.\n**AUTOMATED DIAGNOSTICS:** workflow `diag-azure-resource` has run; its output is attached to this event.\n**RELATED EVENTS:** correlated on `azure-paas.stage.azure-landing-zone` — deployments, infrastructure changes and platform events from the last 30 minutes are attached as context.\n**SLO / ERROR BUDGET:** `slo-cloud-platform-availability` · no error-budget impact (non-production)\n{{/is_alert}}\n{{#is_warning}}\n## Azure Function Failure Anomaly — warning\nApproaching the alert condition on {{value}}. Investigate before it becomes P3.\n{{/is_warning}}\n{{#is_no_data}}\n## Azure Function Failure Anomaly — NO DATA\nTelemetry stopped arriving for {{value}}. Treat this as a telemetry-health incident: an unmonitored resource is worse than an alerting one.\n{{/is_no_data}}\n{{#is_recovery}}\n## Recovered · Azure Function Failure Anomaly\n{{value}} returned to normal. Error-budget impact recorded against `slo-cloud-platform-availability`. No action required; the correlation group closes when every child recovers.\n{{/is_recovery}}\n{{#is_warning_recovery}}\nWarning cleared for {{value}}.\n{{/is_warning_recovery}}",
            "monitor_threshold_windows": [],
            "monitor_thresholds": [
              {
                "critical": "1",
                "critical_recovery": "",
                "ok": "",
                "unknown": "",
                "warning": "",
                "warning_recovery": ""
              }
            ],
            "name": "[P3][stage][cloud] Azure Function Failure Anomaly (standard)",
            "new_group_delay": 300,
            "new_host_delay": 300,
            "no_data_timeframe": 0,
            "notification_preset_name": "",
            "notify_audit": false,
            "notify_by": [
              "subscription_name"
            ],
            "notify_no_data": false,
            "on_missing_data": "",
            "priority": "3",
            "query": "avg(last_30m):anomalies(sum:azure.functions.function_execution_failures{env:stage,alert_band:standard,resource_type:azure_function} by {subscription_name,resource_group,name}.as_rate(), 'agile', 3) \u003e= 1",
            "renotify_interval": 120,
            "renotify_occurrences": 3,
            "renotify_statuses": [
              "alert"
            ],
            "require_full_window": false,
            "restricted_roles": null,
            "scheduling_options": [],
            "tags": [
              "alert_band:standard",
              "archetype:azure-function-failure-anomaly",
              "automation_ref:diag-azure-resource",
              "correlation_key:azure-paas.stage.azure-landing-zone",
              "dedup_key:azure-landing-zone.stage.azure-function-failure-anomaly.standard",
              "detection:anomaly",
              "domain:cloud",
              "env:stage",
              "failure_domain:azure-paas",
              "impact_class:degradation",
              "managed_by:terraform",
              "managed_source:platform",
              "monitor_id:stage.standard.cloud.azure-function-failure-anomaly",
              "monitoring_profile:standard",
              "notification_profile:nonprod_standard",
              "owner:cloud-engineering",
              "pages:false",
              "priority:p3",
              "resource_type:azure_function",
              "runbook:azure-function-failure-anomaly",
              "runbook_notebook:15298380",
              "service:azure-landing-zone",
              "signal:error_rate",
              "slo_id:slo-cloud-platform-availability",
              "support_model:business-hours",
              "team:cloud-engineering",
              "tier:tier2"
            ],
            "timeout_h": 18,
            "type": "query alert",
            "validate": null,
            "variables": []
          },
          "sensitive_attributes": [],
          "private": "bnVsbA=="
        },
        {
          "index_key": "stage.standard.cloud.azure-integration-telemetry-gap",
          "schema_version": 0,
          "attributes": {
            "assets": [
              {
                "category": "runbook",
                "name": "Azure Integration Stopped Delivering Metrics",
                "resource_key": "15298381",
                "resource_type": "notebook",
                "url": "https://app.datadoghq.com/notebook/15298381"
              }
            ],
            "draft_status": "published",
            "enable_logs_sample": null,
            "enable_samples": null,
            "escalation_message": "",
            "evaluation_delay": 300,
            "force_delete": null,
            "group_retention_duration": "",
            "groupby_simple_monitor": null,
            "id": "314372509",
            "include_tags": true,
            "locked": false,
            "message": "{{#is_alert}}\n## P4 · Azure Integration Stopped Delivering Metrics\n**WHAT:** Azure Integration Stopped Delivering Metrics: telemetry_health signal detected by threshold analysis.\n**WHERE:** {{value}} · env `stage` · region `global`\n**SERVICE:** `platform-services` (cloud / azure_subscription, tier2)\n**BUSINESS IMPACT:** Observability or configuration hygiene is degraded. No direct customer impact, but our ability to see or govern the estate is reduced.\n**WHY IT TRIGGERED:** A silent Azure integration makes every cloud monitor silently green. This is the tripwire that prevents false confidence.\n\n**OWNER:** cloud-engineering · support business-hours · this does not page\n**RUNBOOK:** attached to this monitor as `Azure Integration Stopped Delivering Metrics` — open it from the monitor's Runbook asset.\n**AUTOMATED DIAGNOSTICS:** workflow `diag-azure-resource` has run; its output is attached to this event.\n**RELATED EVENTS:** correlated on `azure-landing-zone.stage.platform-services` — deployments, infrastructure changes and platform events from the last 30 minutes are attached as context.\n**SLO / ERROR BUDGET:** `slo-platform-services` · no error-budget impact (non-production)\n{{/is_alert}}\n{{#is_warning}}\n## Azure Integration Stopped Delivering Metrics — warning\nApproaching the alert condition on {{value}}. Investigate before it becomes P4.\n{{/is_warning}}\n{{#is_no_data}}\n## Azure Integration Stopped Delivering Metrics — NO DATA\nTelemetry stopped arriving for {{value}}. Treat this as a telemetry-health incident: an unmonitored resource is worse than an alerting one.\n{{/is_no_data}}\n{{#is_recovery}}\n## Recovered · Azure Integration Stopped Delivering Metrics\n{{value}} returned to normal. Error-budget impact recorded against `slo-platform-services`. No action required; the correlation group closes when every child recovers.\n{{/is_recovery}}\n{{#is_warning_recovery}}\nWarning cleared for {{value}}.\n{{/is_warning_recovery}}",
            "monitor_threshold_windows": [],
            "monitor_thresholds": [
              {
                "critical": "1",
                "critical_recovery": "",
                "ok": "",
                "unknown": "",
                "warning": "",
                "warning_recovery": ""
              }
            ],
            "name": "[P4][stage][cloud] Azure Integration Stopped Delivering Metrics (standard)",
            "new_group_delay": 300,
            "new_host_delay": 300,
            "no_data_timeframe": 90,
            "notification_preset_name": "",
            "notify_audit": false,
            "notify_by": [],
            "notify_no_data": true,
            "on_missing_data": "",
            "priority": "4",
            "query": "sum(last_2h):sum:azure.usage.current_value{env:stage,alert_band:standard,resource_type:azure_subscription} by {subscription_name}.as_count() \u003c 1",
            "renotify_interval": 120,
            "renotify_occurrences": 3,
            "renotify_statuses": [
              "alert"
            ],
            "require_full_window": false,
            "restricted_roles": null,
            "scheduling_options": [],
            "tags": [
              "alert_band:standard",
              "archetype:azure-integration-telemetry-gap",
              "automation_ref:diag-azure-resource",
              "correlation_key:azure-landing-zone.stage.platform-services",
              "dedup_key:platform-services.stage.azure-integration-telemetry-gap.standard",
              "detection:threshold",
              "domain:cloud",
              "env:stage",
              "failure_domain:azure-landing-zone",
              "impact_class:hygiene",
              "managed_by:terraform",
              "managed_source:platform",
              "monitor_id:stage.standard.cloud.azure-integration-telemetry-gap",
              "monitoring_profile:standard",
              "notification_profile:nonprod_standard",
              "owner:cloud-engineering",
              "pages:false",
              "priority:p4",
              "resource_type:azure_subscription",
              "runbook:azure-integration-telemetry-gap",
              "runbook_notebook:15298381",
              "service:platform-services",
              "signal:telemetry_health",
              "slo_id:slo-platform-services",
              "support_model:business-hours",
              "team:cloud-engineering",
              "tier:tier2"
            ],
            "timeout_h": 24,
            "type": "query alert",
            "validate": null,
            "variables": []
          },
          "sensitive_attributes": [],
          "private": "bnVsbA=="
        },
        {
          "index_key": "stage.standard.cloud.azure-loadbalancer-probe-failure",
          "schema_version": 0,
          "attributes": {
            "assets": [
              {
                "category": "runbook",
                "name": "Azure Load Balancer Health Probe Failing",
                "resource_key": "15298387",
                "resource_type": "notebook",
                "url": "https://app.datadoghq.com/notebook/15298387"
              }
            ],
            "draft_status": "published",
            "enable_logs_sample": null,
            "enable_samples": null,
            "escalation_message": "",
            "evaluation_delay": 300,
            "force_delete": null,
            "group_retention_duration": "",
            "groupby_simple_monitor": null,
            "id": "314372528",
            "include_tags": true,
            "locked": false,
            "message": "{{#is_alert}}\n## P3 · Azure Load Balancer Health Probe Failing\n**WHAT:** Azure Load Balancer Health Probe Failing: availability signal detected by threshold analysis.\n**WHERE:** {{value}} · env `stage` · region `global`\n**SERVICE:** `azure-landing-zone` (cloud / azure_load_balancer, tier2)\n**BUSINESS IMPACT:** Customers are affected now, or a mission-critical capability is unavailable.\n**WHY IT TRIGGERED:** Half the backend pool failing health probes is a redundancy boundary.\n\n**OWNER:** cloud-engineering · support business-hours · this does not page\n**RUNBOOK:** attached to this monitor as `Azure Load Balancer Health Probe Failing` — open it from the monitor's Runbook asset.\n**AUTOMATED DIAGNOSTICS:** workflow `diag-azure-resource` has run; its output is attached to this event.\n**RELATED EVENTS:** correlated on `azure-landing-zone.stage.azure-landing-zone` — deployments, infrastructure changes and platform events from the last 30 minutes are attached as context.\n**SLO / ERROR BUDGET:** `slo-cloud-platform-availability` · no error-budget impact (non-production)\n{{/is_alert}}\n{{#is_warning}}\n## Azure Load Balancer Health Probe Failing — warning\nApproaching the alert condition on {{value}}. Investigate before it becomes P3.\n{{/is_warning}}\n{{#is_no_data}}\n## Azure Load Balancer Health Probe Failing — NO DATA\nTelemetry stopped arriving for {{value}}. Treat this as a telemetry-health incident: an unmonitored resource is worse than an alerting one.\n{{/is_no_data}}\n{{#is_recovery}}\n## Recovered · Azure Load Balancer Health Probe Failing\n{{value}} returned to normal. Error-budget impact recorded against `slo-cloud-platform-availability`. No action required; the correlation group closes when every child recovers.\n{{/is_recovery}}\n{{#is_warning_recovery}}\nWarning cleared for {{value}}.\n{{/is_warning_recovery}}",
            "monitor_threshold_windows": [],
            "monitor_thresholds": [
              {
                "critical": "50",
                "critical_recovery": "",
                "ok": "",
                "unknown": "",
                "warning": "80",
                "warning_recovery": ""
              }
            ],
            "name": "[P3][stage][cloud] Azure Load Balancer Health Probe Failing (standard)",
            "new_group_delay": 300,
            "new_host_delay": 300,
            "no_data_timeframe": 0,
            "notification_preset_name": "",
            "notify_audit": false,
            "notify_by": [
              "subscription_name"
            ],
            "notify_no_data": false,
            "on_missing_data": "",
            "priority": "3",
            "query": "min(last_15m):avg:azure.network_loadbalancers.dip_availability{env:stage,alert_band:standard,resource_type:azure_load_balancer} by {subscription_name,resource_group,name} \u003c 50",
            "renotify_interval": 120,
            "renotify_occurrences": 3,
            "renotify_statuses": [
              "alert"
            ],
            "require_full_window": false,
            "restricted_roles": null,
            "scheduling_options": [],
            "tags": [
              "alert_band:standard",
              "archetype:azure-loadbalancer-probe-failure",
              "automation_ref:diag-azure-resource",
              "correlation_key:azure-landing-zone.stage.azure-landing-zone",
              "dedup_key:azure-landing-zone.stage.azure-loadbalancer-probe-failure.standard",
              "detection:threshold",
              "domain:cloud",
              "env:stage",
              "failure_domain:azure-landing-zone",
              "impact_class:customer_impact",
              "managed_by:terraform",
              "managed_source:platform",
              "monitor_id:stage.standard.cloud.azure-loadbalancer-probe-failure",
              "monitoring_profile:standard",
              "notification_profile:nonprod_standard",
              "owner:cloud-engineering",
              "pages:false",
              "priority:p3",
              "resource_type:azure_load_balancer",
              "runbook:azure-loadbalancer-probe-failure",
              "runbook_notebook:15298387",
              "service:azure-landing-zone",
              "signal:availability",
              "slo_id:slo-cloud-platform-availability",
              "support_model:business-hours",
              "team:cloud-engineering",
              "tier:tier2"
            ],
            "timeout_h": 18,
            "type": "query alert",
            "validate": null,
            "variables": []
          },
          "sensitive_attributes": [],
          "private": "bnVsbA=="
        },
        {
          "index_key": "stage.standard.cloud.azure-storage-availability",
          "schema_version": 0,
          "attributes": {
            "assets": [
              {
                "category": "runbook",
                "name": "Azure Storage Account Availability",
                "resource_key": "15298390",
                "resource_type": "notebook",
                "url": "https://app.datadoghq.com/notebook/15298390"
              }
            ],
            "draft_status": "published",
            "enable_logs_sample": null,
            "enable_samples": null,
            "escalation_message": "",
            "evaluation_delay": 300,
            "force_delete": null,
            "group_retention_duration": "",
            "groupby_simple_monitor": null,
            "id": "314372529",
            "include_tags": true,
            "locked": false,
            "message": "{{#is_alert}}\n## P3 · Azure Storage Account Availability\n**WHAT:** Azure Storage Account Availability: availability signal detected by threshold analysis.\n**WHERE:** {{value}} · env `stage` · region `global`\n**SERVICE:** `azure-landing-zone` (cloud / azure_storage, tier2)\n**BUSINESS IMPACT:** Customers are affected now, or a mission-critical capability is unavailable.\n**WHY IT TRIGGERED:** 99% availability is the Azure Storage SLA floor — a contractual number.\n\n**OWNER:** cloud-engineering · support business-hours · this does not page\n**RUNBOOK:** attached to this monitor as `Azure Storage Account Availability` — open it from the monitor's Runbook asset.\n**AUTOMATED DIAGNOSTICS:** workflow `diag-azure-resource` has run; its output is attached to this event.\n**RELATED EVENTS:** correlated on `azure-paas.stage.azure-landing-zone` — deployments, infrastructure changes and platform events from the last 30 minutes are attached as context.\n**SLO / ERROR BUDGET:** `slo-cloud-platform-availability` · no error-budget impact (non-production)\n{{/is_alert}}\n{{#is_warning}}\n## Azure Storage Account Availability — warning\nApproaching the alert condition on {{value}}. Investigate before it becomes P3.\n{{/is_warning}}\n{{#is_no_data}}\n## Azure Storage Account Availability — NO DATA\nTelemetry stopped arriving for {{value}}. Treat this as a telemetry-health incident: an unmonitored resource is worse than an alerting one.\n{{/is_no_data}}\n{{#is_recovery}}\n## Recovered · Azure Storage Account Availability\n{{value}} returned to normal. Error-budget impact recorded against `slo-cloud-platform-availability`. No action required; the correlation group closes when every child recovers.\n{{/is_recovery}}\n{{#is_warning_recovery}}\nWarning cleared for {{value}}.\n{{/is_warning_recovery}}",
            "monitor_threshold_windows": [],
            "monitor_thresholds": [
              {
                "critical": "99",
                "critical_recovery": "",
                "ok": "",
                "unknown": "",
                "warning": "99.9",
                "warning_recovery": ""
              }
            ],
            "name": "[P3][stage][cloud] Azure Storage Account Availability (standard)",
            "new_group_delay": 300,
            "new_host_delay": 300,
            "no_data_timeframe": 0,
            "notification_preset_name": "",
            "notify_audit": false,
            "notify_by": [
              "subscription_name"
            ],
            "notify_no_data": false,
            "on_missing_data": "",
            "priority": "3",
            "query": "min(last_15m):avg:azure.storage_storageaccounts.availability{env:stage,alert_band:standard,resource_type:azure_storage} by {subscription_name,resource_group,name} \u003c 99",
            "renotify_interval": 120,
            "renotify_occurrences": 3,
            "renotify_statuses": [
              "alert"
            ],
            "require_full_window": false,
            "restricted_roles": null,
            "scheduling_options": [],
            "tags": [
              "alert_band:standard",
              "archetype:azure-storage-availability",
              "automation_ref:diag-azure-resource",
              "correlation_key:azure-paas.stage.azure-landing-zone",
              "dedup_key:azure-landing-zone.stage.azure-storage-availability.standard",
              "detection:threshold",
              "domain:cloud",
              "env:stage",
              "failure_domain:azure-paas",
              "impact_class:customer_impact",
              "managed_by:terraform",
              "managed_source:platform",
              "monitor_id:stage.standard.cloud.azure-storage-availability",
              "monitoring_profile:standard",
              "notification_profile:nonprod_standard",
              "owner:cloud-engineering",
              "pages:false",
              "priority:p3",
              "resource_type:azure_storage",
              "runbook:azure-storage-availability",
              "runbook_notebook:15298390",
              "service:azure-landing-zone",
              "signal:availability",
              "slo_id:slo-cloud-platform-availability",
              "support_model:business-hours",
              "team:cloud-engineering",
              "tier:tier2"
            ],
            "timeout_h": 18,
            "type": "query alert",
            "validate": null,
            "variables": []
          },
          "sensitive_attributes": [],
          "private": "bnVsbA=="
        },
        {
          "index_key": "stage.standard.cloud.azure-vm-unavailable",
          "schema_version": 0,
          "attributes": {
            "assets": [
              {
                "category": "runbook",
                "name": "Azure VM Unavailable",
                "resource_key": "15298585",
                "resource_type": "notebook",
                "url": "https://app.datadoghq.com/notebook/15298585"
              }
            ],
            "draft_status": "published",
            "enable_logs_sample": null,
            "enable_samples": null,
            "escalation_message": "",
            "evaluation_delay": 300,
            "force_delete": null,
            "group_retention_duration": "",
            "groupby_simple_monitor": null,
            "id": "314372497",
            "include_tags": true,
            "locked": false,
            "message": "{{#is_alert}}\n## P3 · Azure VM Unavailable\n**WHAT:** Azure VM Unavailable: availability signal detected by threshold analysis.\n**WHERE:** {{value}} · env `stage` · region `global`\n**SERVICE:** `azure-landing-zone` (cloud / azure_vm, tier2)\n**BUSINESS IMPACT:** The service still functions but measurably worse; a subset of traffic or users is failing.\n**WHY IT TRIGGERED:** Power/provisioning state is discrete.\n**OWNER:** cloud-engineering · support business-hours · this does not page\n**RUNBOOK:** attached to this monitor as `Azure VM Unavailable` — open it from the monitor's Runbook asset.\n**AUTOMATED DIAGNOSTICS:** workflow `diag-azure-resource` has run; its output is attached to this event.\n**RELATED EVENTS:** correlated on `azure-landing-zone.stage.azure-landing-zone` — deployments, infrastructure changes and platform events from the last 30 minutes are attached as context.\n**SLO / ERROR BUDGET:** `slo-cloud-platform-availability` · no error-budget impact (non-production)\n{{/is_alert}}\n{{#is_warning}}\n## Azure VM Unavailable — warning\nApproaching the alert condition on {{value}}. Investigate before it becomes P3.\n{{/is_warning}}\n{{#is_no_data}}\n## Azure VM Unavailable — NO DATA\nTelemetry stopped arriving for {{value}}. Treat this as a telemetry-health incident: an unmonitored resource is worse than an alerting one.\n{{/is_no_data}}\n{{#is_recovery}}\n## Recovered · Azure VM Unavailable\n{{value}} returned to normal. Error-budget impact recorded against `slo-cloud-platform-availability`. No action required; the correlation group closes when every child recovers.\n{{/is_recovery}}\n{{#is_warning_recovery}}\nWarning cleared for {{value}}.\n{{/is_warning_recovery}}",
            "monitor_threshold_windows": [],
            "monitor_thresholds": [
              {
                "critical": "1",
                "critical_recovery": "",
                "ok": "",
                "unknown": "",
                "warning": "",
                "warning_recovery": ""
              }
            ],
            "name": "[P3][stage][cloud] Azure VM Unavailable (standard)",
            "new_group_delay": 300,
            "new_host_delay": 300,
            "no_data_timeframe": 0,
            "notification_preset_name": "",
            "notify_audit": false,
            "notify_by": [
              "subscription_name"
            ],
            "notify_no_data": false,
            "on_missing_data": "",
            "priority": "3",
            "query": "min(last_15m):avg:azure.vm.status{env:stage,alert_band:standard,resource_type:azure_vm} by {subscription_name,resource_group,name} \u003c 1",
            "renotify_interval": 120,
            "renotify_occurrences": 3,
            "renotify_statuses": [
              "alert"
            ],
            "require_full_window": false,
            "restricted_roles": null,
            "scheduling_options": [],
            "tags": [
              "alert_band:standard",
              "archetype:azure-vm-unavailable",
              "automation_ref:diag-azure-resource",
              "correlation_key:azure-landing-zone.stage.azure-landing-zone",
              "dedup_key:azure-landing-zone.stage.azure-vm-unavailable.standard",
              "detection:threshold",
              "domain:cloud",
              "env:stage",
              "failure_domain:azure-landing-zone",
              "impact_class:degradation",
              "managed_by:terraform",
              "managed_source:platform",
              "monitor_id:stage.standard.cloud.azure-vm-unavailable",
              "monitoring_profile:standard",
              "notification_profile:nonprod_standard",
              "owner:cloud-engineering",
              "pages:false",
              "priority:p3",
              "resource_type:azure_vm",
              "runbook:azure-vm-unavailable",
              "runbook_notebook:15298585",
              "service:azure-landing-zone",
              "signal:availability",
              "slo_id:slo-cloud-platform-availability",
              "support_model:business-hours",
              "team:cloud-engineering",
              "tier:tier2"
            ],
            "timeout_h": 18,
            "type": "query alert",
            "validate": null,
            "variables": []
          },
          "sensitive_attributes": [],
          "private": "bnVsbA=="
        },
        {
          "index_key": "stage.standard.cloud.redis-server-load-saturation",
          "schema_version": 0,
          "attributes": {
            "assets": [
              {
                "category": "runbook",
                "name": "Redis Server Load Saturation",
                "resource_key": "15318430",
                "resource_type": "notebook",
                "url": "https://app.datadoghq.com/notebook/15318430"
              }
            ],
            "draft_status": "published",
            "enable_logs_sample": null,
            "enable_samples": null,
            "escalation_message": "",
            "evaluation_delay": 300,
            "force_delete": null,
            "group_retention_duration": "",
            "groupby_simple_monitor": null,
            "id": "314985779",
            "include_tags": true,
            "locked": false,
            "message": "{{#is_alert}}\n## P3 · Redis Server Load Saturation\n**WHAT:** Server load is the share of time the Redis event loop is busy. Because Redis is single-threaded per shard, this saturates long before CPU does and it is the metric that actually predicts latency.\n\n**WHERE:** {{value}} · env `stage` · region `global`\n**SERVICE:** `azure-landing-zone` (cloud / azure_redis, tier2)\n**BUSINESS IMPACT:** The service still functions but measurably worse; a subset of traffic or users is failing.\n**WHY IT TRIGGERED:** The signal deviated from its own learned baseline by more than the configured number of deviations — not because it crossed a fixed number.\n**OWNER:** cloud-engineering · support business-hours · this does not page\n**RUNBOOK:** attached to this monitor as `Redis Server Load Saturation` — open it from the monitor's Runbook asset.\n**AUTOMATED DIAGNOSTICS:** workflow `diag-azure-resource` has run; its output is attached to this event.\n**RELATED EVENTS:** correlated on `caching.stage.azure-landing-zone` — deployments, infrastructure changes and platform events from the last 30 minutes are attached as context.\n**SLO / ERROR BUDGET:** `slo-cloud-platform-availability` · no error-budget impact (non-production)\n{{/is_alert}}\n{{#is_warning}}\n## Redis Server Load Saturation — warning\nApproaching the alert condition on {{value}}. Investigate before it becomes P3.\n{{/is_warning}}\n{{#is_no_data}}\n## Redis Server Load Saturation — NO DATA\nTelemetry stopped arriving for {{value}}. Treat this as a telemetry-health incident: an unmonitored resource is worse than an alerting one.\n{{/is_no_data}}\n{{#is_recovery}}\n## Recovered · Redis Server Load Saturation\n{{value}} returned to normal. Error-budget impact recorded against `slo-cloud-platform-availability`. No action required; the correlation group closes when every child recovers.\n{{/is_recovery}}\n{{#is_warning_recovery}}\nWarning cleared for {{value}}.\n{{/is_warning_recovery}}",
            "monitor_threshold_windows": [],
            "monitor_thresholds": [
              {
                "critical": "1",
                "critical_recovery": "",
                "ok": "",
                "unknown": "",
                "warning": "",
                "warning_recovery": ""
              }
            ],
            "name": "[P3][stage][cloud] Redis Server Load Saturation (standard)",
            "new_group_delay": 300,
            "new_host_delay": 300,
            "no_data_timeframe": 0,
            "notification_preset_name": "",
            "notify_audit": false,
            "notify_by": [
              "subscription_name"
            ],
            "notify_no_data": false,
            "on_missing_data": "",
            "priority": "3",
            "query": "avg(last_30m):anomalies(avg:azure.cache_redis.server_load{env:stage,alert_band:standard,resource_type:azure_redis} by {subscription_name,name}, 'agile', 3, direction='above') \u003e= 1",
            "renotify_interval": 120,
            "renotify_occurrences": 3,
            "renotify_statuses": [
              "alert"
            ],
            "require_full_window": false,
            "restricted_roles": null,
            "scheduling_options": [],
            "tags": [
              "alert_band:standard",
              "archetype:redis-server-load-saturation",
              "automation_ref:diag-azure-resource",
              "correlation_key:caching.stage.azure-landing-zone",
              "dedup_key:azure-landing-zone.stage.redis-server-load-saturation.standard",
              "detection:anomaly",
              "domain:cloud",
              "env:stage",
              "failure_domain:caching",
              "impact_class:degradation",
              "managed_by:terraform",
              "managed_source:platform",
              "monitor_id:stage.standard.cloud.redis-server-load-saturation",
              "monitoring_profile:standard",
              "notification_profile:nonprod_standard",
              "owner:cloud-engineering",
              "pages:false",
              "priority:p3",
              "resource_type:azure_redis",
              "runbook:redis-server-load-saturation",
              "runbook_notebook:15318430",
              "service:azure-landing-zone",
              "signal:saturation",
              "slo_id:slo-cloud-platform-availability",
              "support_model:business-hours",
              "team:cloud-engineering",
              "tier:tier2"
            ],
            "timeout_h": 18,
            "type": "query alert",
            "validate": null,
            "variables": []
          },
          "sensitive_attributes": [],
          "private": "bnVsbA=="
        },
        {
          "index_key": "stage.standard.data.data-quality-check-failure",
          "schema_version": 0,
          "attributes": {
            "assets": [
              {
                "category": "runbook",
                "name": "Data Quality Check Failed",
                "resource_key": "15298602",
                "resource_type": "notebook",
                "url": "https://app.datadoghq.com/notebook/15298602"
              }
            ],
            "draft_status": "published",
            "enable_logs_sample": null,
            "enable_samples": null,
            "escalation_message": "",
            "evaluation_delay": 300,
            "force_delete": null,
            "group_retention_duration": "",
            "groupby_simple_monitor": null,
            "id": "314372522",
            "include_tags": true,
            "locked": false,
            "message": "{{#is_alert}}\n## P3 · Data Quality Check Failed\n**WHAT:** Data Quality Check Failed: correctness signal detected by threshold analysis.\n**WHERE:** {{value}} · env `stage` · region `global`\n**SERVICE:** `data-platform` (data / data_product, tier2)\n**BUSINESS IMPACT:** The service still functions but measurably worse; a subset of traffic or users is failing.\n**WHY IT TRIGGERED:** A failed assertion is discrete.\n**OWNER:** data-engineering · support business-hours · this does not page\n**RUNBOOK:** attached to this monitor as `Data Quality Check Failed` — open it from the monitor's Runbook asset.\n**AUTOMATED DIAGNOSTICS:** workflow `diag-data-pipeline` has run; its output is attached to this event.\n**RELATED EVENTS:** correlated on `data-quality.stage.data-platform` — deployments, infrastructure changes and platform events from the last 30 minutes are attached as context.\n**SLO / ERROR BUDGET:** `slo-data-freshness` · no error-budget impact (non-production)\n{{/is_alert}}\n{{#is_warning}}\n## Data Quality Check Failed — warning\nApproaching the alert condition on {{value}}. Investigate before it becomes P3.\n{{/is_warning}}\n{{#is_no_data}}\n## Data Quality Check Failed — NO DATA\nTelemetry stopped arriving for {{value}}. Treat this as a telemetry-health incident: an unmonitored resource is worse than an alerting one.\n{{/is_no_data}}\n{{#is_recovery}}\n## Recovered · Data Quality Check Failed\n{{value}} returned to normal. Error-budget impact recorded against `slo-data-freshness`. No action required; the correlation group closes when every child recovers.\n{{/is_recovery}}\n{{#is_warning_recovery}}\nWarning cleared for {{value}}.\n{{/is_warning_recovery}}",
            "monitor_threshold_windows": [],
            "monitor_thresholds": [
              {
                "critical": "1",
                "critical_recovery": "",
                "ok": "",
                "unknown": "",
                "warning": "",
                "warning_recovery": ""
              }
            ],
            "name": "[P3][stage][data] Data Quality Check Failed (standard)",
            "new_group_delay": 300,
            "new_host_delay": 300,
            "no_data_timeframe": 0,
            "notification_preset_name": "",
            "notify_audit": false,
            "notify_by": [],
            "notify_no_data": false,
            "on_missing_data": "",
            "priority": "3",
            "query": "sum(last_4h):sum:acme.data.quality_checks{env:stage,alert_band:standard,result:failed} by {data_product,check_name}.as_count() \u003e= 1",
            "renotify_interval": 120,
            "renotify_occurrences": 3,
            "renotify_statuses": [
              "alert"
            ],
            "require_full_window": false,
            "restricted_roles": null,
            "scheduling_options": [],
            "tags": [
              "alert_band:standard",
              "archetype:data-quality-check-failure",
              "automation_ref:diag-data-pipeline",
              "correlation_key:data-quality.stage.data-platform",
              "dedup_key:data-platform.stage.data-quality-check-failure.standard",
              "detection:threshold",
              "domain:data",
              "env:stage",
              "failure_domain:data-quality",
              "impact_class:degradation",
              "managed_by:terraform",
              "managed_source:platform",
              "monitor_id:stage.standard.data.data-quality-check-failure",
              "monitoring_profile:standard",
              "notification_profile:nonprod_standard",
              "owner:data-engineering",
              "pages:false",
              "priority:p3",
              "resource_type:data_product",
              "runbook:data-quality-check-failure",
              "runbook_notebook:15298602",
              "service:data-platform",
              "signal:correctness",
              "slo_id:slo-data-freshness",
              "support_model:business-hours",
              "team:data-engineering",
              "tier:tier2"
            ],
            "timeout_h": 18,
            "type": "query alert",
            "validate": null,
            "variables": []
          },
          "sensitive_attributes": [],
          "private": "bnVsbA=="
        },
        {
          "index_key": "stage.standard.data.data-schema-drift",
          "schema_version": 0,
          "attributes": {
            "assets": [
              {
                "category": "runbook",
                "name": "Schema Drift Detected",
                "resource_key": "15298603",
                "resource_type": "notebook",
                "url": "https://app.datadoghq.com/notebook/15298603"
              }
            ],
            "draft_status": "published",
            "enable_logs_sample": null,
            "enable_samples": null,
            "escalation_message": "",
            "evaluation_delay": 300,
            "force_delete": null,
            "group_retention_duration": "",
            "groupby_simple_monitor": null,
            "id": "314372541",
            "include_tags": true,
            "locked": false,
            "message": "{{#is_alert}}\n## P3 · Schema Drift Detected\n**WHAT:** Schema Drift Detected: correctness signal detected by event analysis.\n**WHERE:** {{value}} · env `stage` · region `global`\n**SERVICE:** `data-platform` (data / data_product, tier2)\n**BUSINESS IMPACT:** Nothing is broken yet. A boundary will be crossed if nobody acts within the lead time this monitor provides.\n**WHY IT TRIGGERED:** A discrete platform event matched this monitor's search.\n**OWNER:** data-engineering · support business-hours · this does not page\n**RUNBOOK:** attached to this monitor as `Schema Drift Detected` — open it from the monitor's Runbook asset.\n**AUTOMATED DIAGNOSTICS:** workflow `diag-data-pipeline` has run; its output is attached to this event.\n**RELATED EVENTS:** correlated on `data-quality.stage.data-platform` — deployments, infrastructure changes and platform events from the last 30 minutes are attached as context.\n**SLO / ERROR BUDGET:** `slo-data-freshness` · no error-budget impact (non-production)\n{{/is_alert}}\n{{#is_warning}}\n## Schema Drift Detected — warning\nApproaching the alert condition on {{value}}. Investigate before it becomes P3.\n{{/is_warning}}\n{{#is_no_data}}\n## Schema Drift Detected — NO DATA\nTelemetry stopped arriving for {{value}}. Treat this as a telemetry-health incident: an unmonitored resource is worse than an alerting one.\n{{/is_no_data}}\n{{#is_recovery}}\n## Recovered · Schema Drift Detected\n{{value}} returned to normal. Error-budget impact recorded against `slo-data-freshness`. No action required; the correlation group closes when every child recovers.\n{{/is_recovery}}\n{{#is_warning_recovery}}\nWarning cleared for {{value}}.\n{{/is_warning_recovery}}",
            "monitor_threshold_windows": [],
            "monitor_thresholds": [
              {
                "critical": "1",
                "critical_recovery": "",
                "ok": "",
                "unknown": "",
                "warning": "",
                "warning_recovery": ""
              }
            ],
            "name": "[P3][stage][data] Schema Drift Detected (standard)",
            "new_group_delay": 300,
            "new_host_delay": 300,
            "no_data_timeframe": 0,
            "notification_preset_name": "",
            "notify_audit": false,
            "notify_by": [],
            "notify_no_data": false,
            "on_missing_data": "",
            "priority": "3",
            "query": "events(\"source:acme-data env:stage alert_band:standard tags:\\\"event:schema_drift\\\"\").rollup(\"count\").by(\"data_product\").last(\"1h\") \u003e= 1",
            "renotify_interval": 120,
            "renotify_occurrences": 3,
            "renotify_statuses": [
              "alert"
            ],
            "require_full_window": false,
            "restricted_roles": null,
            "scheduling_options": [],
            "tags": [
              "alert_band:standard",
              "archetype:data-schema-drift",
              "automation_ref:diag-data-pipeline",
              "correlation_key:data-quality.stage.data-platform",
              "dedup_key:data-platform.stage.data-schema-drift.standard",
              "detection:event",
              "domain:data",
              "env:stage",
              "failure_domain:data-quality",
              "impact_class:risk",
              "managed_by:terraform",
              "managed_source:platform",
              "monitor_id:stage.standard.data.data-schema-drift",
              "monitoring_profile:standard",
              "notification_profile:nonprod_standard",
              "owner:data-engineering",
              "pages:false",
              "priority:p3",
              "resource_type:data_product",
              "runbook:data-schema-drift",
              "runbook_notebook:15298603",
              "service:data-platform",
              "signal:correctness",
              "slo_id:slo-data-freshness",
              "support_model:business-hours",
              "team:data-engineering",
              "tier:tier2"
            ],
            "timeout_h": 2,
            "type": "event-v2 alert",
            "validate": null,
            "variables": []
          },
          "sensitive_attributes": [],
          "private": "bnVsbA=="
        },
        {
          "index_key": "stage.standard.data.data-telemetry-loss",
          "schema_version": 0,
          "attributes": {
            "assets": [
              {
                "category": "runbook",
                "name": "Data Platform Stopped Reporting",
                "resource_key": "15298604",
                "resource_type": "notebook",
                "url": "https://app.datadoghq.com/notebook/15298604"
              }
            ],
            "draft_status": "published",
            "enable_logs_sample": null,
            "enable_samples": null,
            "escalation_message": "",
            "evaluation_delay": 300,
            "force_delete": null,
            "group_retention_duration": "",
            "groupby_simple_monitor": null,
            "id": "314372386",
            "include_tags": true,
            "locked": false,
            "message": "{{#is_alert}}\n## P4 · Data Platform Stopped Reporting\n**WHAT:** Data Platform Stopped Reporting: telemetry_health signal detected by threshold analysis.\n**WHERE:** {{value}} · env `stage` · region `global`\n**SERVICE:** `data-platform` (data / pipeline, tier2)\n**BUSINESS IMPACT:** Observability or configuration hygiene is degraded. No direct customer impact, but our ability to see or govern the estate is reduced.\n**WHY IT TRIGGERED:** Absence of any pipeline run telemetry is binary.\n**OWNER:** data-engineering · support business-hours · this does not page\n**RUNBOOK:** attached to this monitor as `Data Platform Stopped Reporting` — open it from the monitor's Runbook asset.\n**AUTOMATED DIAGNOSTICS:** workflow `diag-data-pipeline` has run; its output is attached to this event.\n**RELATED EVENTS:** correlated on `data-pipelines.stage.data-platform` — deployments, infrastructure changes and platform events from the last 30 minutes are attached as context.\n**SLO / ERROR BUDGET:** `slo-data-freshness` · no error-budget impact (non-production)\n{{/is_alert}}\n{{#is_warning}}\n## Data Platform Stopped Reporting — warning\nApproaching the alert condition on {{value}}. Investigate before it becomes P4.\n{{/is_warning}}\n{{#is_no_data}}\n## Data Platform Stopped Reporting — NO DATA\nTelemetry stopped arriving for {{value}}. Treat this as a telemetry-health incident: an unmonitored resource is worse than an alerting one.\n{{/is_no_data}}\n{{#is_recovery}}\n## Recovered · Data Platform Stopped Reporting\n{{value}} returned to normal. Error-budget impact recorded against `slo-data-freshness`. No action required; the correlation group closes when every child recovers.\n{{/is_recovery}}\n{{#is_warning_recovery}}\nWarning cleared for {{value}}.\n{{/is_warning_recovery}}",
            "monitor_threshold_windows": [],
            "monitor_thresholds": [
              {
                "critical": "1",
                "critical_recovery": "",
                "ok": "",
                "unknown": "",
                "warning": "",
                "warning_recovery": ""
              }
            ],
            "name": "[P4][stage][data] Data Platform Stopped Reporting (standard)",
            "new_group_delay": 0,
            "new_host_delay": 300,
            "no_data_timeframe": 180,
            "notification_preset_name": "",
            "notify_audit": false,
            "notify_by": [],
            "notify_no_data": true,
            "on_missing_data": "",
            "priority": "4",
            "query": "sum(last_4h):sum:acme.data.pipeline.runs{env:stage,alert_band:standard}.as_count() \u003c 1",
            "renotify_interval": 120,
            "renotify_occurrences": 3,
            "renotify_statuses": [
              "alert"
            ],
            "require_full_window": false,
            "restricted_roles": null,
            "scheduling_options": [],
            "tags": [
              "alert_band:standard",
              "archetype:data-telemetry-loss",
              "automation_ref:diag-data-pipeline",
              "correlation_key:data-pipelines.stage.data-platform",
              "dedup_key:data-platform.stage.data-telemetry-loss.standard",
              "detection:threshold",
              "domain:data",
              "env:stage",
              "failure_domain:data-pipelines",
              "impact_class:hygiene",
              "managed_by:terraform",
              "managed_source:platform",
              "monitor_id:stage.standard.data.data-telemetry-loss",
              "monitoring_profile:standard",
              "notification_profile:nonprod_standard",
              "owner:data-engineering",
              "pages:false",
              "priority:p4",
              "resource_type:pipeline",
              "runbook:data-telemetry-loss",
              "runbook_notebook:15298604",
              "service:data-platform",
              "signal:telemetry_health",
              "slo_id:slo-data-freshness",
              "support_model:business-hours",
              "team:data-engineering",
              "tier:tier2"
            ],
            "timeout_h": 24,
            "type": "query alert",
            "validate": null,
            "variables": []
          },
          "sensitive_attributes": [],
          "private": "bnVsbA=="
        },
        {
          "index_key": "stage.standard.data.pipeline-job-failure",
          "schema_version": 0,
          "attributes": {
            "assets": [
              {
                "category": "runbook",
                "name": "Data Pipeline Job Failure",
                "resource_key": "15298668",
                "resource_type": "notebook",
                "url": "https://app.datadoghq.com/notebook/15298668"
              }
            ],
            "draft_status": "published",
            "enable_logs_sample": null,
            "enable_samples": null,
            "escalation_message": "",
            "evaluation_delay": 300,
            "force_delete": null,
            "group_retention_duration": "",
            "groupby_simple_monitor": null,
            "id": "314372451",
            "include_tags": true,
            "locked": false,
            "message": "{{#is_alert}}\n## P3 · Data Pipeline Job Failure\n**WHAT:** Data Pipeline Job Failure: job_failure signal detected by threshold analysis.\n**WHERE:** {{value}} · env `stage` · region `global`\n**SERVICE:** `data-platform` (data / pipeline, tier2)\n**BUSINESS IMPACT:** The service still functions but measurably worse; a subset of traffic or users is failing.\n**WHY IT TRIGGERED:** A failed run is a discrete outcome.\n**OWNER:** data-engineering · support business-hours · this does not page\n**RUNBOOK:** attached to this monitor as `Data Pipeline Job Failure` — open it from the monitor's Runbook asset.\n**AUTOMATED DIAGNOSTICS:** workflow `remediate-rerun-job` has run; its output is attached to this event.\n**RELATED EVENTS:** correlated on `data-pipelines.stage.data-platform` — deployments, infrastructure changes and platform events from the last 30 minutes are attached as context.\n**SLO / ERROR BUDGET:** `slo-data-freshness` · no error-budget impact (non-production)\n{{/is_alert}}\n{{#is_warning}}\n## Data Pipeline Job Failure — warning\nApproaching the alert condition on {{value}}. Investigate before it becomes P3.\n{{/is_warning}}\n{{#is_no_data}}\n## Data Pipeline Job Failure — NO DATA\nTelemetry stopped arriving for {{value}}. Treat this as a telemetry-health incident: an unmonitored resource is worse than an alerting one.\n{{/is_no_data}}\n{{#is_recovery}}\n## Recovered · Data Pipeline Job Failure\n{{value}} returned to normal. Error-budget impact recorded against `slo-data-freshness`. No action required; the correlation group closes when every child recovers.\n{{/is_recovery}}\n{{#is_warning_recovery}}\nWarning cleared for {{value}}.\n{{/is_warning_recovery}}",
            "monitor_threshold_windows": [],
            "monitor_thresholds": [
              {
                "critical": "1",
                "critical_recovery": "",
                "ok": "",
                "unknown": "",
                "warning": "",
                "warning_recovery": ""
              }
            ],
            "name": "[P3][stage][data] Data Pipeline Job Failure (standard)",
            "new_group_delay": 300,
            "new_host_delay": 300,
            "no_data_timeframe": 0,
            "notification_preset_name": "",
            "notify_audit": false,
            "notify_by": [],
            "notify_no_data": false,
            "on_missing_data": "",
            "priority": "3",
            "query": "sum(last_2h):sum:acme.data.pipeline.runs{env:stage,alert_band:standard,status:failed} by {data_product,pipeline}.as_count() \u003e= 1",
            "renotify_interval": 120,
            "renotify_occurrences": 3,
            "renotify_statuses": [
              "alert"
            ],
            "require_full_window": false,
            "restricted_roles": null,
            "scheduling_options": [],
            "tags": [
              "alert_band:standard",
              "archetype:pipeline-job-failure",
              "automation_ref:remediate-rerun-job",
              "correlation_key:data-pipelines.stage.data-platform",
              "dedup_key:data-platform.stage.pipeline-job-failure.standard",
              "detection:threshold",
              "domain:data",
              "env:stage",
              "failure_domain:data-pipelines",
              "impact_class:degradation",
              "managed_by:terraform",
              "managed_source:platform",
              "monitor_id:stage.standard.data.pipeline-job-failure",
              "monitoring_profile:standard",
              "notification_profile:nonprod_standard",
              "owner:data-engineering",
              "pages:false",
              "priority:p3",
              "resource_type:pipeline",
              "runbook:pipeline-job-failure",
              "runbook_notebook:15298668",
              "service:data-platform",
              "signal:job_failure",
              "slo_id:slo-data-freshness",
              "support_model:business-hours",
              "team:data-engineering",
              "tier:tier2"
            ],
            "timeout_h": 4,
            "type": "query alert",
            "validate": null,
            "variables": []
          },
          "sensitive_attributes": [],
          "private": "bnVsbA=="
        },
        {
          "index_key": "stage.standard.data.pipeline-output-stale",
          "schema_version": 0,
          "attributes": {
            "assets": [
              {
                "category": "runbook",
                "name": "Data Product Freshness Breach",
                "resource_key": "15298669",
                "resource_type": "notebook",
                "url": "https://app.datadoghq.com/notebook/15298669"
              }
            ],
            "draft_status": "published",
            "enable_logs_sample": null,
            "enable_samples": null,
            "escalation_message": "",
            "evaluation_delay": 300,
            "force_delete": null,
            "group_retention_duration": "",
            "groupby_simple_monitor": null,
            "id": "314372527",
            "include_tags": true,
            "locked": false,
            "message": "{{#is_alert}}\n## P3 · Data Product Freshness Breach\n**WHAT:** Data Product Freshness Breach: freshness signal detected by threshold analysis.\n**WHERE:** {{value}} · env `stage` · region `global`\n**SERVICE:** `data-platform` (data / data_product, tier2)\n**BUSINESS IMPACT:** Customers are affected now, or a mission-critical capability is unavailable.\n**WHY IT TRIGGERED:** Freshness SLAs are contractual with the consuming business unit. The threshold IS the agreement (2h for operational marts).\n\n**OWNER:** data-engineering · support business-hours · this does not page\n**RUNBOOK:** attached to this monitor as `Data Product Freshness Breach` — open it from the monitor's Runbook asset.\n**AUTOMATED DIAGNOSTICS:** workflow `diag-data-pipeline` has run; its output is attached to this event.\n**RELATED EVENTS:** correlated on `data-pipelines.stage.data-platform` — deployments, infrastructure changes and platform events from the last 30 minutes are attached as context.\n**SLO / ERROR BUDGET:** `slo-data-freshness` · no error-budget impact (non-production)\n{{/is_alert}}\n{{#is_warning}}\n## Data Product Freshness Breach — warning\nApproaching the alert condition on {{value}}. Investigate before it becomes P3.\n{{/is_warning}}\n{{#is_no_data}}\n## Data Product Freshness Breach — NO DATA\nTelemetry stopped arriving for {{value}}. Treat this as a telemetry-health incident: an unmonitored resource is worse than an alerting one.\n{{/is_no_data}}\n{{#is_recovery}}\n## Recovered · Data Product Freshness Breach\n{{value}} returned to normal. Error-budget impact recorded against `slo-data-freshness`. No action required; the correlation group closes when every child recovers.\n{{/is_recovery}}\n{{#is_warning_recovery}}\nWarning cleared for {{value}}.\n{{/is_warning_recovery}}",
            "monitor_threshold_windows": [],
            "monitor_thresholds": [
              {
                "critical": "120",
                "critical_recovery": "",
                "ok": "",
                "unknown": "",
                "warning": "60",
                "warning_recovery": ""
              }
            ],
            "name": "[P3][stage][data] Data Product Freshness Breach (standard)",
            "new_group_delay": 300,
            "new_host_delay": 300,
            "no_data_timeframe": 0,
            "notification_preset_name": "",
            "notify_audit": false,
            "notify_by": [],
            "notify_no_data": false,
            "on_missing_data": "",
            "priority": "3",
            "query": "max(last_1h):max:acme.data.minutes_since_update{env:stage,alert_band:standard} by {data_product,pipeline} \u003e 120",
            "renotify_interval": 120,
            "renotify_occurrences": 3,
            "renotify_statuses": [
              "alert"
            ],
            "require_full_window": false,
            "restricted_roles": null,
            "scheduling_options": [],
            "tags": [
              "alert_band:standard",
              "archetype:pipeline-output-stale",
              "automation_ref:diag-data-pipeline",
              "correlation_key:data-pipelines.stage.data-platform",
              "dedup_key:data-platform.stage.pipeline-output-stale.standard",
              "detection:threshold",
              "domain:data",
              "env:stage",
              "failure_domain:data-pipelines",
              "impact_class:customer_impact",
              "managed_by:terraform",
              "managed_source:platform",
              "monitor_id:stage.standard.data.pipeline-output-stale",
              "monitoring_profile:standard",
              "notification_profile:nonprod_standard",
              "owner:data-engineering",
              "pages:false",
              "priority:p3",
              "resource_type:data_product",
              "runbook:pipeline-output-stale",
              "runbook_notebook:15298669",
              "service:data-platform",
              "signal:freshness",
              "slo_id:slo-data-freshness",
              "support_model:business-hours",
              "team:data-engineering",
              "tier:tier2"
            ],
            "timeout_h": 18,
            "type": "query alert",
            "validate": null,
            "variables": []
          },
          "sensitive_attributes": [],
          "private": "bnVsbA=="
        },
        {
          "index_key": "stage.standard.database.cosmos-server-side-latency-anomaly",
          "schema_version": 0,
          "attributes": {
            "assets": [
              {
                "category": "runbook",
                "name": "Cosmos DB Server-Side Latency Anomaly",
                "resource_key": "15318379",
                "resource_type": "notebook",
                "url": "https://app.datadoghq.com/notebook/15318379"
              }
            ],
            "draft_status": "published",
            "enable_logs_sample": null,
            "enable_samples": null,
            "escalation_message": "",
            "evaluation_delay": 300,
            "force_delete": null,
            "group_retention_duration": "",
            "groupby_simple_monitor": null,
            "id": "314985753",
            "include_tags": true,
            "locked": false,
            "message": "{{#is_alert}}\n## P3 · Cosmos DB Server-Side Latency Anomaly\n**WHAT:** Server-side latency excludes network and SDK time, so a deviation here is genuinely the service — which is what makes it worth separating from the application's own client-observed latency.\n\n**WHERE:** {{value}} · env `stage` · region `global`\n**SERVICE:** `database-platform` (database / azure_cosmos_db, tier2)\n**BUSINESS IMPACT:** The service still functions but measurably worse; a subset of traffic or users is failing.\n**WHY IT TRIGGERED:** The signal deviated from its own learned baseline by more than the configured number of deviations — not because it crossed a fixed number.\n**OWNER:** data-engineering · support business-hours · this does not page\n**RUNBOOK:** attached to this monitor as `Cosmos DB Server-Side Latency Anomaly` — open it from the monitor's Runbook asset.\n**AUTOMATED DIAGNOSTICS:** workflow `diag-database` has run; its output is attached to this event.\n**RELATED EVENTS:** correlated on `databases.stage.database-platform` — deployments, infrastructure changes and platform events from the last 30 minutes are attached as context.\n**SLO / ERROR BUDGET:** `slo-database-latency` · no error-budget impact (non-production)\n{{/is_alert}}\n{{#is_warning}}\n## Cosmos DB Server-Side Latency Anomaly — warning\nApproaching the alert condition on {{value}}. Investigate before it becomes P3.\n{{/is_warning}}\n{{#is_no_data}}\n## Cosmos DB Server-Side Latency Anomaly — NO DATA\nTelemetry stopped arriving for {{value}}. Treat this as a telemetry-health incident: an unmonitored resource is worse than an alerting one.\n{{/is_no_data}}\n{{#is_recovery}}\n## Recovered · Cosmos DB Server-Side Latency Anomaly\n{{value}} returned to normal. Error-budget impact recorded against `slo-database-latency`. No action required; the correlation group closes when every child recovers.\n{{/is_recovery}}\n{{#is_warning_recovery}}\nWarning cleared for {{value}}.\n{{/is_warning_recovery}}",
            "monitor_threshold_windows": [],
            "monitor_thresholds": [
              {
                "critical": "1",
                "critical_recovery": "",
                "ok": "",
                "unknown": "",
                "warning": "",
                "warning_recovery": ""
              }
            ],
            "name": "[P3][stage][database] Cosmos DB Server-Side Latency Anomaly (standard)",
            "new_group_delay": 300,
            "new_host_delay": 300,
            "no_data_timeframe": 0,
            "notification_preset_name": "",
            "notify_audit": false,
            "notify_by": [
              "subscription_name"
            ],
            "notify_no_data": false,
            "on_missing_data": "",
            "priority": "3",
            "query": "avg(last_30m):anomalies(avg:azure.cosmosdb.server_side_latency{env:stage,alert_band:standard,resource_type:azure_cosmos_db} by {subscription_name,name}, 'agile', 3, direction='above') \u003e= 1",
            "renotify_interval": 120,
            "renotify_occurrences": 3,
            "renotify_statuses": [
              "alert"
            ],
            "require_full_window": false,
            "restricted_roles": null,
            "scheduling_options": [],
            "tags": [
              "alert_band:standard",
              "archetype:cosmos-server-side-latency-anomaly",
              "automation_ref:diag-database",
              "correlation_key:databases.stage.database-platform",
              "dedup_key:database-platform.stage.cosmos-server-side-latency-anomaly.standard",
              "detection:anomaly",
              "domain:database",
              "env:stage",
              "failure_domain:databases",
              "impact_class:degradation",
              "managed_by:terraform",
              "managed_source:platform",
              "monitor_id:stage.standard.database.cosmos-server-side-latency-anomaly",
              "monitoring_profile:standard",
              "notification_profile:nonprod_standard",
              "owner:data-engineering",
              "pages:false",
              "priority:p3",
              "resource_type:azure_cosmos_db",
              "runbook:cosmos-server-side-latency-anomaly",
              "runbook_notebook:15318379",
              "service:database-platform",
              "signal:latency",
              "slo_id:slo-database-latency",
              "support_model:business-hours",
              "team:data-engineering",
              "tier:tier2"
            ],
            "timeout_h": 18,
            "type": "query alert",
            "validate": null,
            "variables": []
          },
          "sensitive_attributes": [],
          "private": "bnVsbA=="
        },
        {
          "index_key": "stage.standard.database.db-availability",
          "schema_version": 0,
          "attributes": {
            "assets": [
              {
                "category": "runbook",
                "name": "Database Instance Unavailable",
                "resource_key": "15298605",
                "resource_type": "notebook",
                "url": "https://app.datadoghq.com/notebook/15298605"
              }
            ],
            "draft_status": "published",
            "enable_logs_sample": null,
            "enable_samples": null,
            "escalation_message": "",
            "evaluation_delay": 0,
            "force_delete": null,
            "group_retention_duration": "",
            "groupby_simple_monitor": null,
            "id": "314372426",
            "include_tags": true,
            "locked": false,
            "message": "{{#is_alert}}\n## P3 · Database Instance Unavailable\n**WHAT:** Database Instance Unavailable: availability signal detected by service_check analysis.\n**WHERE:** {{value}} · env `stage` · region `global`\n**SERVICE:** `database-platform` (database / db_instance, tier2)\n**BUSINESS IMPACT:** Customers are affected now, or a mission-critical capability is unavailable.\n**WHY IT TRIGGERED:** A check reported a non-OK status for consecutive evaluations.\n**OWNER:** data-engineering · support business-hours · this does not page\n**RUNBOOK:** attached to this monitor as `Database Instance Unavailable` — open it from the monitor's Runbook asset.\n**AUTOMATED DIAGNOSTICS:** workflow `diag-database` has run; its output is attached to this event.\n**RELATED EVENTS:** correlated on `databases.stage.database-platform` — deployments, infrastructure changes and platform events from the last 30 minutes are attached as context.\n**SLO / ERROR BUDGET:** `slo-database-availability` · no error-budget impact (non-production)\n{{/is_alert}}\n{{#is_warning}}\n## Database Instance Unavailable — warning\nApproaching the alert condition on {{value}}. Investigate before it becomes P3.\n{{/is_warning}}\n{{#is_no_data}}\n## Database Instance Unavailable — NO DATA\nTelemetry stopped arriving for {{value}}. Treat this as a telemetry-health incident: an unmonitored resource is worse than an alerting one.\n{{/is_no_data}}\n{{#is_recovery}}\n## Recovered · Database Instance Unavailable\n{{value}} returned to normal. Error-budget impact recorded against `slo-database-availability`. No action required; the correlation group closes when every child recovers.\n{{/is_recovery}}\n{{#is_warning_recovery}}\nWarning cleared for {{value}}.\n{{/is_warning_recovery}}",
            "monitor_threshold_windows": [],
            "monitor_thresholds": [
              {
                "critical": "2",
                "critical_recovery": "",
                "ok": "",
                "unknown": "",
                "warning": "1",
                "warning_recovery": ""
              }
            ],
            "name": "[P3][stage][database] Database Instance Unavailable (standard)",
            "new_group_delay": 300,
            "new_host_delay": 300,
            "no_data_timeframe": 0,
            "notification_preset_name": "",
            "notify_audit": false,
            "notify_by": [],
            "notify_no_data": false,
            "on_missing_data": "",
            "priority": "3",
            "query": "\"datadog.dbm.instance.up\".over(\"env:stage,alert_band:standard\").by(\"db_instance\").last(3).count_by_status()",
            "renotify_interval": 120,
            "renotify_occurrences": 3,
            "renotify_statuses": [
              "alert"
            ],
            "require_full_window": false,
            "restricted_roles": null,
            "scheduling_options": [],
            "tags": [
              "alert_band:standard",
              "archetype:db-availability",
              "automation_ref:diag-database",
              "correlation_key:databases.stage.database-platform",
              "dedup_key:database-platform.stage.db-availability.standard",
              "detection:service_check",
              "domain:database",
              "env:stage",
              "failure_domain:databases",
              "impact_class:customer_impact",
              "managed_by:terraform",
              "managed_source:platform",
              "monitor_id:stage.standard.database.db-availability",
              "monitoring_profile:standard",
              "notification_profile:nonprod_standard",
              "owner:data-engineering",
              "pages:false",
              "priority:p3",
              "resource_type:db_instance",
              "runbook:db-availability",
              "runbook_notebook:15298605",
              "service:database-platform",
              "signal:availability",
              "slo_id:slo-database-availability",
              "support_model:business-hours",
              "team:data-engineering",
              "tier:tier2"
            ],
            "timeout_h": 12,
            "type": "service check",
            "validate": null,
            "variables": []
          },
          "sensitive_attributes": [],
          "private": "bnVsbA=="
        },
        {
          "index_key": "stage.standard.database.db-telemetry-loss",
          "schema_version": 0,
          "attributes": {
            "assets": [
              {
                "category": "runbook",
                "name": "Database Stopped Reporting Telemetry",
                "resource_key": "15298614",
                "resource_type": "notebook",
                "url": "https://app.datadoghq.com/notebook/15298614"
              }
            ],
            "draft_status": "published",
            "enable_logs_sample": null,
            "enable_samples": null,
            "escalation_message": "",
            "evaluation_delay": 300,
            "force_delete": null,
            "group_retention_duration": "",
            "groupby_simple_monitor": null,
            "id": "314372547",
            "include_tags": true,
            "locked": false,
            "message": "{{#is_alert}}\n## P4 · Database Stopped Reporting Telemetry\n**WHAT:** Database Stopped Reporting Telemetry: telemetry_health signal detected by threshold analysis.\n**WHERE:** {{value}} · env `stage` · region `global`\n**SERVICE:** `database-platform` (database / db_instance, tier2)\n**BUSINESS IMPACT:** Observability or configuration hygiene is degraded. No direct customer impact, but our ability to see or govern the estate is reduced.\n**WHY IT TRIGGERED:** Absence of telemetry is binary.\n**OWNER:** data-engineering · support business-hours · this does not page\n**RUNBOOK:** attached to this monitor as `Database Stopped Reporting Telemetry` — open it from the monitor's Runbook asset.\n**AUTOMATED DIAGNOSTICS:** workflow `diag-database` has run; its output is attached to this event.\n**RELATED EVENTS:** correlated on `databases.stage.database-platform` — deployments, infrastructure changes and platform events from the last 30 minutes are attached as context.\n**SLO / ERROR BUDGET:** `slo-database-availability` · no error-budget impact (non-production)\n{{/is_alert}}\n{{#is_warning}}\n## Database Stopped Reporting Telemetry — warning\nApproaching the alert condition on {{value}}. Investigate before it becomes P4.\n{{/is_warning}}\n{{#is_no_data}}\n## Database Stopped Reporting Telemetry — NO DATA\nTelemetry stopped arriving for {{value}}. Treat this as a telemetry-health incident: an unmonitored resource is worse than an alerting one.\n{{/is_no_data}}\n{{#is_recovery}}\n## Recovered · Database Stopped Reporting Telemetry\n{{value}} returned to normal. Error-budget impact recorded against `slo-database-availability`. No action required; the correlation group closes when every child recovers.\n{{/is_recovery}}\n{{#is_warning_recovery}}\nWarning cleared for {{value}}.\n{{/is_warning_recovery}}",
            "monitor_threshold_windows": [],
            "monitor_thresholds": [
              {
                "critical": "1",
                "critical_recovery": "",
                "ok": "",
                "unknown": "",
                "warning": "",
                "warning_recovery": ""
              }
            ],
            "name": "[P4][stage][database] Database Stopped Reporting Telemetry (standard)",
            "new_group_delay": 300,
            "new_host_delay": 300,
            "no_data_timeframe": 45,
            "notification_preset_name": "",
            "notify_audit": false,
            "notify_by": [],
            "notify_no_data": true,
            "on_missing_data": "",
            "priority": "4",
            "query": "sum(last_1h):sum:sqlserver.stats.connections{env:stage,alert_band:standard} by {db_instance}.as_count() \u003c 1",
            "renotify_interval": 120,
            "renotify_occurrences": 3,
            "renotify_statuses": [
              "alert"
            ],
            "require_full_window": false,
            "restricted_roles": null,
            "scheduling_options": [],
            "tags": [
              "alert_band:standard",
              "archetype:db-telemetry-loss",
              "automation_ref:diag-database",
              "correlation_key:databases.stage.database-platform",
              "dedup_key:database-platform.stage.db-telemetry-loss.standard",
              "detection:threshold",
              "domain:database",
              "env:stage",
              "failure_domain:databases",
              "impact_class:hygiene",
              "managed_by:terraform",
              "managed_source:platform",
              "monitor_id:stage.standard.database.db-telemetry-loss",
              "monitoring_profile:standard",
              "notification_profile:nonprod_standard",
              "owner:data-engineering",
              "pages:false",
              "priority:p4",
              "resource_type:db_instance",
              "runbook:db-telemetry-loss",
              "runbook_notebook:15298614",
              "service:database-platform",
              "signal:telemetry_health",
              "slo_id:slo-database-availability",
              "support_model:business-hours",
              "team:data-engineering",
              "tier:tier2"
            ],
            "timeout_h": 24,
            "type": "query alert",
            "validate": null,
            "variables": []
          },
          "sensitive_attributes": [],
          "private": "bnVsbA=="
        },
        {
          "index_key": "stage.standard.database.snowflake-query-latency-anomaly",
          "schema_version": 0,
          "attributes": {
            "assets": [
              {
                "category": "runbook",
                "name": "Snowflake Query Execution Time Anomaly",
                "resource_key": "15318441",
                "resource_type": "notebook",
                "url": "https://app.datadoghq.com/notebook/15318441"
              }
            ],
            "draft_status": "published",
            "enable_logs_sample": null,
            "enable_samples": null,
            "escalation_message": "",
            "evaluation_delay": 300,
            "force_delete": null,
            "group_retention_duration": "",
            "groupby_simple_monitor": null,
            "id": "314985762",
            "include_tags": true,
            "locked": false,
            "message": "{{#is_alert}}\n## P3 · Snowflake Query Execution Time Anomaly\n**WHAT:** Per warehouse, against its own baseline. An absolute number is meaningless across warehouses whose workloads range from sub-second dashboards to multi-hour transformations.\n\n**WHERE:** {{value}} · env `stage` · region `global`\n**SERVICE:** `database-platform` (database / snowflake_warehouse, tier2)\n**BUSINESS IMPACT:** The service still functions but measurably worse; a subset of traffic or users is failing.\n**WHY IT TRIGGERED:** The signal deviated from its own learned baseline by more than the configured number of deviations — not because it crossed a fixed number.\n**OWNER:** data-engineering · support business-hours · this does not page\n**RUNBOOK:** attached to this monitor as `Snowflake Query Execution Time Anomaly` — open it from the monitor's Runbook asset.\n**AUTOMATED DIAGNOSTICS:** workflow `diag-database` has run; its output is attached to this event.\n**RELATED EVENTS:** correlated on `analytics.stage.database-platform` — deployments, infrastructure changes and platform events from the last 30 minutes are attached as context.\n**SLO / ERROR BUDGET:** `slo-database-latency` · no error-budget impact (non-production)\n{{/is_alert}}\n{{#is_warning}}\n## Snowflake Query Execution Time Anomaly — warning\nApproaching the alert condition on {{value}}. Investigate before it becomes P3.\n{{/is_warning}}\n{{#is_no_data}}\n## Snowflake Query Execution Time Anomaly — NO DATA\nTelemetry stopped arriving for {{value}}. Treat this as a telemetry-health incident: an unmonitored resource is worse than an alerting one.\n{{/is_no_data}}\n{{#is_recovery}}\n## Recovered · Snowflake Query Execution Time Anomaly\n{{value}} returned to normal. Error-budget impact recorded against `slo-database-latency`. No action required; the correlation group closes when every child recovers.\n{{/is_recovery}}\n{{#is_warning_recovery}}\nWarning cleared for {{value}}.\n{{/is_warning_recovery}}",
            "monitor_threshold_windows": [],
            "monitor_thresholds": [
              {
                "critical": "1",
                "critical_recovery": "",
                "ok": "",
                "unknown": "",
                "warning": "",
                "warning_recovery": ""
              }
            ],
            "name": "[P3][stage][database] Snowflake Query Execution Time Anomaly (standard)",
            "new_group_delay": 300,
            "new_host_delay": 300,
            "no_data_timeframe": 0,
            "notification_preset_name": "",
            "notify_audit": false,
            "notify_by": [],
            "notify_no_data": false,
            "on_missing_data": "",
            "priority": "3",
            "query": "avg(last_4h):anomalies(avg:snowflake.query.execution_time{env:stage,alert_band:standard} by {warehouse}, 'agile', 3, direction='above') \u003e= 1",
            "renotify_interval": 120,
            "renotify_occurrences": 3,
            "renotify_statuses": [
              "alert"
            ],
            "require_full_window": false,
            "restricted_roles": null,
            "scheduling_options": [],
            "tags": [
              "alert_band:standard",
              "archetype:snowflake-query-latency-anomaly",
              "automation_ref:diag-database",
              "correlation_key:analytics.stage.database-platform",
              "dedup_key:database-platform.stage.snowflake-query-latency-anomaly.standard",
              "detection:anomaly",
              "domain:database",
              "env:stage",
              "failure_domain:analytics",
              "impact_class:degradation",
              "managed_by:terraform",
              "managed_source:platform",
              "monitor_id:stage.standard.database.snowflake-query-latency-anomaly",
              "monitoring_profile:standard",
              "notification_profile:nonprod_standard",
              "owner:data-engineering",
              "pages:false",
              "priority:p3",
              "resource_type:snowflake_warehouse",
              "runbook:snowflake-query-latency-anomaly",
              "runbook_notebook:15318441",
              "service:database-platform",
              "signal:latency",
              "slo_id:slo-database-latency",
              "support_model:business-hours",
              "team:data-engineering",
              "tier:tier2"
            ],
            "timeout_h": 18,
            "type": "query alert",
            "validate": null,
            "variables": []
          },
          "sensitive_attributes": [],
          "private": "bnVsbA=="
        },
        {
          "index_key": "stage.standard.database.sqlserver-blocking-sessions",
          "schema_version": 0,
          "attributes": {
            "assets": [
              {
                "category": "runbook",
                "name": "SQL Server Blocking Session Chain",
                "resource_key": "15318448",
                "resource_type": "notebook",
                "url": "https://app.datadoghq.com/notebook/15318448"
              }
            ],
            "draft_status": "published",
            "enable_logs_sample": null,
            "enable_samples": null,
            "escalation_message": "",
            "evaluation_delay": 300,
            "force_delete": null,
            "group_retention_duration": "",
            "groupby_simple_monitor": null,
            "id": "314985813",
            "include_tags": true,
            "locked": false,
            "message": "{{#is_alert}}\n## P3 · SQL Server Blocking Session Chain\n**WHAT:** Blocked process count against its own baseline. A static threshold is wrong here because a healthy OLTP instance blocks constantly and briefly; what matters is a chain that stops draining.\n\n**WHERE:** {{value}} · env `stage` · region `global`\n**SERVICE:** `database-platform` (database / sqlserver_instance, tier2)\n**BUSINESS IMPACT:** The service still functions but measurably worse; a subset of traffic or users is failing.\n**WHY IT TRIGGERED:** The signal deviated from its own learned baseline by more than the configured number of deviations — not because it crossed a fixed number.\n**OWNER:** data-engineering · support business-hours · this does not page\n**RUNBOOK:** attached to this monitor as `SQL Server Blocking Session Chain` — open it from the monitor's Runbook asset.\n**AUTOMATED DIAGNOSTICS:** workflow `diag-database` has run; its output is attached to this event.\n**RELATED EVENTS:** correlated on `databases.stage.database-platform` — deployments, infrastructure changes and platform events from the last 30 minutes are attached as context.\n**SLO / ERROR BUDGET:** `slo-database-latency` · no error-budget impact (non-production)\n{{/is_alert}}\n{{#is_warning}}\n## SQL Server Blocking Session Chain — warning\nApproaching the alert condition on {{value}}. Investigate before it becomes P3.\n{{/is_warning}}\n{{#is_no_data}}\n## SQL Server Blocking Session Chain — NO DATA\nTelemetry stopped arriving for {{value}}. Treat this as a telemetry-health incident: an unmonitored resource is worse than an alerting one.\n{{/is_no_data}}\n{{#is_recovery}}\n## Recovered · SQL Server Blocking Session Chain\n{{value}} returned to normal. Error-budget impact recorded against `slo-database-latency`. No action required; the correlation group closes when every child recovers.\n{{/is_recovery}}\n{{#is_warning_recovery}}\nWarning cleared for {{value}}.\n{{/is_warning_recovery}}",
            "monitor_threshold_windows": [],
            "monitor_thresholds": [
              {
                "critical": "1",
                "critical_recovery": "",
                "ok": "",
                "unknown": "",
                "warning": "",
                "warning_recovery": ""
              }
            ],
            "name": "[P3][stage][database] SQL Server Blocking Session Chain (standard)",
            "new_group_delay": 300,
            "new_host_delay": 300,
            "no_data_timeframe": 0,
            "notification_preset_name": "",
            "notify_audit": false,
            "notify_by": [],
            "notify_no_data": false,
            "on_missing_data": "",
            "priority": "3",
            "query": "avg(last_30m):anomalies(avg:sqlserver.stats.procs_blocked{env:stage,alert_band:standard} by {host}, 'agile', 3, direction='above') \u003e= 1",
            "renotify_interval": 120,
            "renotify_occurrences": 3,
            "renotify_statuses": [
              "alert"
            ],
            "require_full_window": false,
            "restricted_roles": null,
            "scheduling_options": [],
            "tags": [
              "alert_band:standard",
              "archetype:sqlserver-blocking-sessions",
              "automation_ref:diag-database",
              "correlation_key:databases.stage.database-platform",
              "dedup_key:database-platform.stage.sqlserver-blocking-sessions.standard",
              "detection:anomaly",
              "domain:database",
              "env:stage",
              "failure_domain:databases",
              "impact_class:degradation",
              "managed_by:terraform",
              "managed_source:platform",
              "monitor_id:stage.standard.database.sqlserver-blocking-sessions",
              "monitoring_profile:standard",
              "notification_profile:nonprod_standard",
              "owner:data-engineering",
              "pages:false",
              "priority:p3",
              "resource_type:sqlserver_instance",
              "runbook:sqlserver-blocking-sessions",
              "runbook_notebook:15318448",
              "service:database-platform",
              "signal:saturation",
              "slo_id:slo-database-latency",
              "support_model:business-hours",
              "team:data-engineering",
              "tier:tier2"
            ],
            "timeout_h": 18,
            "type": "query alert",
            "validate": null,
            "variables": []
          },
          "sensitive_attributes": [],
          "private": "bnVsbA=="
        },
        {
          "index_key": "stage.standard.infrastructure.host-agent-unhealthy",
          "schema_version": 0,
          "attributes": {
            "assets": [
              {
                "category": "runbook",
                "name": "Datadog Agent Unhealthy",
                "resource_key": "15298620",
                "resource_type": "notebook",
                "url": "https://app.datadoghq.com/notebook/15298620"
              }
            ],
            "draft_status": "published",
            "enable_logs_sample": null,
            "enable_samples": null,
            "escalation_message": "",
            "evaluation_delay": 300,
            "force_delete": null,
            "group_retention_duration": "",
            "groupby_simple_monitor": null,
            "id": "314372450",
            "include_tags": true,
            "locked": false,
            "message": "{{#is_alert}}\n## P4 · Datadog Agent Unhealthy\n**WHAT:** Datadog Agent Unhealthy: telemetry_health signal detected by threshold analysis.\n**WHERE:** {{value}} · env `stage` · region `global`\n**SERVICE:** `platform-services` (infrastructure / host, tier2)\n**BUSINESS IMPACT:** Observability or configuration hygiene is degraded. No direct customer impact, but our ability to see or govern the estate is reduced.\n**WHY IT TRIGGERED:** Agent presence is binary and is the precondition for every other host signal — this is the monitor that protects the monitoring.\n\n**OWNER:** infrastructure-engineering · support business-hours · this does not page\n**RUNBOOK:** attached to this monitor as `Datadog Agent Unhealthy` — open it from the monitor's Runbook asset.\n**AUTOMATED DIAGNOSTICS:** workflow `diag-host` has run; its output is attached to this event.\n**RELATED EVENTS:** correlated on `compute.stage.platform-services` — deployments, infrastructure changes and platform events from the last 30 minutes are attached as context.\n**SLO / ERROR BUDGET:** `slo-platform-services` · no error-budget impact (non-production)\n{{/is_alert}}\n{{#is_warning}}\n## Datadog Agent Unhealthy — warning\nApproaching the alert condition on {{value}}. Investigate before it becomes P4.\n{{/is_warning}}\n{{#is_no_data}}\n## Datadog Agent Unhealthy — NO DATA\nTelemetry stopped arriving for {{value}}. Treat this as a telemetry-health incident: an unmonitored resource is worse than an alerting one.\n{{/is_no_data}}\n{{#is_recovery}}\n## Recovered · Datadog Agent Unhealthy\n{{value}} returned to normal. Error-budget impact recorded against `slo-platform-services`. No action required; the correlation group closes when every child recovers.\n{{/is_recovery}}\n{{#is_warning_recovery}}\nWarning cleared for {{value}}.\n{{/is_warning_recovery}}",
            "monitor_threshold_windows": [],
            "monitor_thresholds": [
              {
                "critical": "1",
                "critical_recovery": "",
                "ok": "",
                "unknown": "",
                "warning": "",
                "warning_recovery": ""
              }
            ],
            "name": "[P4][stage][infrastructure] Datadog Agent Unhealthy (standard)",
            "new_group_delay": 300,
            "new_host_delay": 300,
            "no_data_timeframe": 0,
            "notification_preset_name": "",
            "notify_audit": false,
            "notify_by": [
              "cluster"
            ],
            "notify_no_data": false,
            "on_missing_data": "",
            "priority": "4",
            "query": "avg(last_1h):avg:datadog.agent.running{env:stage,alert_band:standard} by {cluster,host} \u003c 1",
            "renotify_interval": 120,
            "renotify_occurrences": 3,
            "renotify_statuses": [
              "alert"
            ],
            "require_full_window": false,
            "restricted_roles": null,
            "scheduling_options": [],
            "tags": [
              "alert_band:standard",
              "archetype:host-agent-unhealthy",
              "automation_ref:diag-host",
              "correlation_key:compute.stage.platform-services",
              "dedup_key:platform-services.stage.host-agent-unhealthy.standard",
              "detection:threshold",
              "domain:infrastructure",
              "env:stage",
              "failure_domain:compute",
              "impact_class:hygiene",
              "managed_by:terraform",
              "managed_source:platform",
              "monitor_id:stage.standard.infrastructure.host-agent-unhealthy",
              "monitoring_profile:standard",
              "notification_profile:nonprod_standard",
              "owner:infrastructure-engineering",
              "pages:false",
              "priority:p4",
              "resource_type:host",
              "runbook:host-agent-unhealthy",
              "runbook_notebook:15298620",
              "service:platform-services",
              "signal:telemetry_health",
              "slo_id:slo-platform-services",
              "support_model:business-hours",
              "team:infrastructure-engineering",
              "tier:tier2"
            ],
            "timeout_h": 24,
            "type": "query alert",
            "validate": null,
            "variables": []
          },
          "sensitive_attributes": [],
          "private": "bnVsbA=="
        },
        {
          "index_key": "stage.standard.infrastructure.host-disk-exhaustion-forecast",
          "schema_version": 0,
          "attributes": {
            "assets": [
              {
                "category": "runbook",
                "name": "Disk Exhaustion Forecast",
                "resource_key": "15298623",
                "resource_type": "notebook",
                "url": "https://app.datadoghq.com/notebook/15298623"
              }
            ],
            "draft_status": "published",
            "enable_logs_sample": null,
            "enable_samples": null,
            "escalation_message": "",
            "evaluation_delay": 300,
            "force_delete": null,
            "group_retention_duration": "",
            "groupby_simple_monitor": null,
            "id": "314372380",
            "include_tags": true,
            "locked": false,
            "message": "{{#is_alert}}\n## P3 · Disk Exhaustion Forecast\n**WHAT:** Replaces \"disk \u003e 90%\". A volume steady at 92% for two years is not an incident; a volume at 60% growing 8%/day is. Three days of lead time is the shortest window in which a human can reliably act.\n\n**WHERE:** {{value}} · env `stage` · region `global`\n**SERVICE:** `compute-platform` (infrastructure / host, tier2)\n**BUSINESS IMPACT:** Nothing is broken yet. A boundary will be crossed if nobody acts within the lead time this monitor provides.\n**WHY IT TRIGGERED:** Extrapolating the recent trend, this resource is projected to cross its limit inside the forecast horizon. It has not crossed it yet — that is the point.\n**OWNER:** infrastructure-engineering · support business-hours · this does not page\n**RUNBOOK:** attached to this monitor as `Disk Exhaustion Forecast` — open it from the monitor's Runbook asset.\n**AUTOMATED DIAGNOSTICS:** workflow `auto-capacity-ticket` has run; its output is attached to this event.\n**RELATED EVENTS:** correlated on `storage.stage.compute-platform` — deployments, infrastructure changes and platform events from the last 30 minutes are attached as context.\n**SLO / ERROR BUDGET:** `slo-infra-compute-availability` · no error-budget impact (non-production)\n{{/is_alert}}\n{{#is_warning}}\n## Disk Exhaustion Forecast — warning\nApproaching the alert condition on {{value}}. Investigate before it becomes P3.\n{{/is_warning}}\n{{#is_no_data}}\n## Disk Exhaustion Forecast — NO DATA\nTelemetry stopped arriving for {{value}}. Treat this as a telemetry-health incident: an unmonitored resource is worse than an alerting one.\n{{/is_no_data}}\n{{#is_recovery}}\n## Recovered · Disk Exhaustion Forecast\n{{value}} returned to normal. Error-budget impact recorded against `slo-infra-compute-availability`. No action required; the correlation group closes when every child recovers.\n{{/is_recovery}}\n{{#is_warning_recovery}}\nWarning cleared for {{value}}.\n{{/is_warning_recovery}}",
            "monitor_threshold_windows": [],
            "monitor_thresholds": [
              {
                "critical": "0.95",
                "critical_recovery": "",
                "ok": "",
                "unknown": "",
                "warning": "0.9",
                "warning_recovery": ""
              }
            ],
            "name": "[P3][stage][infrastructure] Disk Exhaustion Forecast (standard)",
            "new_group_delay": 300,
            "new_host_delay": 300,
            "no_data_timeframe": 0,
            "notification_preset_name": "",
            "notify_audit": false,
            "notify_by": [
              "cluster"
            ],
            "notify_no_data": false,
            "on_missing_data": "",
            "priority": "3",
            "query": "max(next_3d):forecast(avg:system.disk.in_use{env:stage,alert_band:standard} by {cluster,host,device}, 'linear', 1, interval='60m', history='1w', model='default') \u003e 0.95",
            "renotify_interval": 120,
            "renotify_occurrences": 3,
            "renotify_statuses": [
              "alert"
            ],
            "require_full_window": false,
            "restricted_roles": null,
            "scheduling_options": [],
            "tags": [
              "alert_band:standard",
              "archetype:host-disk-exhaustion-forecast",
              "automation_ref:auto-capacity-ticket",
              "correlation_key:storage.stage.compute-platform",
              "dedup_key:compute-platform.stage.host-disk-exhaustion-forecast.standard",
              "detection:forecast",
              "domain:infrastructure",
              "env:stage",
              "failure_domain:storage",
              "impact_class:risk",
              "managed_by:terraform",
              "managed_source:platform",
              "monitor_id:stage.standard.infrastructure.host-disk-exhaustion-forecast",
              "monitoring_profile:standard",
              "notification_profile:nonprod_standard",
              "owner:infrastructure-engineering",
              "pages:false",
              "priority:p3",
              "resource_type:host",
              "runbook:host-disk-exhaustion-forecast",
              "runbook_notebook:15298623",
              "service:compute-platform",
              "signal:capacity",
              "slo_id:slo-infra-compute-availability",
              "support_model:business-hours",
              "team:infrastructure-engineering",
              "tier:tier2"
            ],
            "timeout_h": 18,
            "type": "query alert",
            "validate": null,
            "variables": []
          },
          "sensitive_attributes": [],
          "private": "bnVsbA=="
        },
        {
          "index_key": "stage.standard.infrastructure.host-process-down",
          "schema_version": 0,
          "attributes": {
            "assets": [
              {
                "category": "runbook",
                "name": "Required Process Not Running",
                "resource_key": "15298627",
                "resource_type": "notebook",
                "url": "https://app.datadoghq.com/notebook/15298627"
              }
            ],
            "draft_status": "published",
            "enable_logs_sample": null,
            "enable_samples": null,
            "escalation_message": "",
            "evaluation_delay": 0,
            "force_delete": null,
            "group_retention_duration": "",
            "groupby_simple_monitor": null,
            "id": "314372381",
            "include_tags": true,
            "locked": false,
            "message": "{{#is_alert}}\n## P3 · Required Process Not Running\n**WHAT:** Required Process Not Running: availability signal detected by service_check analysis.\n**WHERE:** {{value}} · env `stage` · region `global`\n**SERVICE:** `compute-platform` (infrastructure / host, tier2)\n**BUSINESS IMPACT:** The service still functions but measurably worse; a subset of traffic or users is failing.\n**WHY IT TRIGGERED:** A check reported a non-OK status for consecutive evaluations.\n**OWNER:** infrastructure-engineering · support business-hours · this does not page\n**RUNBOOK:** attached to this monitor as `Required Process Not Running` — open it from the monitor's Runbook asset.\n**AUTOMATED DIAGNOSTICS:** workflow `diag-host` has run; its output is attached to this event.\n**RELATED EVENTS:** correlated on `compute.stage.compute-platform` — deployments, infrastructure changes and platform events from the last 30 minutes are attached as context.\n**SLO / ERROR BUDGET:** `slo-infra-compute-availability` · no error-budget impact (non-production)\n{{/is_alert}}\n{{#is_warning}}\n## Required Process Not Running — warning\nApproaching the alert condition on {{value}}. Investigate before it becomes P3.\n{{/is_warning}}\n{{#is_no_data}}\n## Required Process Not Running — NO DATA\nTelemetry stopped arriving for {{value}}. Treat this as a telemetry-health incident: an unmonitored resource is worse than an alerting one.\n{{/is_no_data}}\n{{#is_recovery}}\n## Recovered · Required Process Not Running\n{{value}} returned to normal. Error-budget impact recorded against `slo-infra-compute-availability`. No action required; the correlation group closes when every child recovers.\n{{/is_recovery}}\n{{#is_warning_recovery}}\nWarning cleared for {{value}}.\n{{/is_warning_recovery}}",
            "monitor_threshold_windows": [],
            "monitor_thresholds": [
              {
                "critical": "2",
                "critical_recovery": "",
                "ok": "",
                "unknown": "",
                "warning": "1",
                "warning_recovery": ""
              }
            ],
            "name": "[P3][stage][infrastructure] Required Process Not Running (standard)",
            "new_group_delay": 300,
            "new_host_delay": 300,
            "no_data_timeframe": 0,
            "notification_preset_name": "",
            "notify_audit": false,
            "notify_by": [
              "cluster"
            ],
            "notify_no_data": false,
            "on_missing_data": "",
            "priority": "3",
            "query": "\"process.up\".over(\"env:stage,alert_band:standard\").by(\"cluster\",\"host\",\"process_name\").last(3).count_by_status()",
            "renotify_interval": 120,
            "renotify_occurrences": 3,
            "renotify_statuses": [
              "alert"
            ],
            "require_full_window": false,
            "restricted_roles": null,
            "scheduling_options": [],
            "tags": [
              "alert_band:standard",
              "archetype:host-process-down",
              "automation_ref:diag-host",
              "correlation_key:compute.stage.compute-platform",
              "dedup_key:compute-platform.stage.host-process-down.standard",
              "detection:service_check",
              "domain:infrastructure",
              "env:stage",
              "failure_domain:compute",
              "impact_class:degradation",
              "managed_by:terraform",
              "managed_source:platform",
              "monitor_id:stage.standard.infrastructure.host-process-down",
              "monitoring_profile:standard",
              "notification_profile:nonprod_standard",
              "owner:infrastructure-engineering",
              "pages:false",
              "priority:p3",
              "resource_type:host",
              "runbook:host-process-down",
              "runbook_notebook:15298627",
              "service:compute-platform",
              "signal:availability",
              "slo_id:slo-infra-compute-availability",
              "support_model:business-hours",
              "team:infrastructure-engineering",
              "tier:tier2"
            ],
            "timeout_h": 12,
            "type": "service check",
            "validate": null,
            "variables": []
          },
          "sensitive_attributes": [],
          "private": "bnVsbA=="
        },
        {
          "index_key": "stage.standard.infrastructure.host-unavailable",
          "schema_version": 0,
          "attributes": {
            "assets": [
              {
                "category": "runbook",
                "name": "Host Unavailable",
                "resource_key": "15214633",
                "resource_type": "notebook",
                "url": "https://app.datadoghq.com/notebook/15214633"
              }
            ],
            "draft_status": "published",
            "enable_logs_sample": null,
            "enable_samples": null,
            "escalation_message": "",
            "evaluation_delay": 0,
            "force_delete": null,
            "group_retention_duration": "",
            "groupby_simple_monitor": null,
            "id": "314372417",
            "include_tags": true,
            "locked": false,
            "message": "{{#is_alert}}\n## P3 · Host Unavailable\n**WHAT:** Host Unavailable: availability signal detected by service_check analysis.\n**WHERE:** {{value}} · env `stage` · region `global`\n**SERVICE:** `compute-platform` (infrastructure / host, tier2)\n**BUSINESS IMPACT:** Customers are affected now, or a mission-critical capability is unavailable.\n**WHY IT TRIGGERED:** A check reported a non-OK status for consecutive evaluations.\n**OWNER:** infrastructure-engineering · support business-hours · this does not page\n**RUNBOOK:** attached to this monitor as `Host Unavailable` — open it from the monitor's Runbook asset.\n**AUTOMATED DIAGNOSTICS:** workflow `diag-host` has run; its output is attached to this event.\n**RELATED EVENTS:** correlated on `compute.stage.compute-platform` — deployments, infrastructure changes and platform events from the last 30 minutes are attached as context.\n**SLO / ERROR BUDGET:** `slo-infra-compute-availability` · no error-budget impact (non-production)\n{{/is_alert}}\n{{#is_warning}}\n## Host Unavailable — warning\nApproaching the alert condition on {{value}}. Investigate before it becomes P3.\n{{/is_warning}}\n{{#is_no_data}}\n## Host Unavailable — NO DATA\nTelemetry stopped arriving for {{value}}. Treat this as a telemetry-health incident: an unmonitored resource is worse than an alerting one.\n{{/is_no_data}}\n{{#is_recovery}}\n## Recovered · Host Unavailable\n{{value}} returned to normal. Error-budget impact recorded against `slo-infra-compute-availability`. No action required; the correlation group closes when every child recovers.\n{{/is_recovery}}\n{{#is_warning_recovery}}\nWarning cleared for {{value}}.\n{{/is_warning_recovery}}",
            "monitor_threshold_windows": [],
            "monitor_thresholds": [
              {
                "critical": "3",
                "critical_recovery": "",
                "ok": "1",
                "unknown": "",
                "warning": "2",
                "warning_recovery": ""
              }
            ],
            "name": "[P3][stage][infrastructure] Host Unavailable (standard)",
            "new_group_delay": 300,
            "new_host_delay": 300,
            "no_data_timeframe": 30,
            "notification_preset_name": "",
            "notify_audit": false,
            "notify_by": [
              "cluster"
            ],
            "notify_no_data": true,
            "on_missing_data": "",
            "priority": "3",
            "query": "\"datadog.agent.up\".over(\"env:stage,alert_band:standard\").by(\"cluster\",\"host\").last(4).count_by_status()",
            "renotify_interval": 120,
            "renotify_occurrences": 3,
            "renotify_statuses": [
              "alert"
            ],
            "require_full_window": false,
            "restricted_roles": null,
            "scheduling_options": [],
            "tags": [
              "alert_band:standard",
              "archetype:host-unavailable",
              "automation_ref:diag-host",
              "correlation_key:compute.stage.compute-platform",
              "dedup_key:compute-platform.stage.host-unavailable.standard",
              "detection:service_check",
              "domain:infrastructure",
              "env:stage",
              "failure_domain:compute",
              "impact_class:customer_impact",
              "managed_by:terraform",
              "managed_source:platform",
              "monitor_id:stage.standard.infrastructure.host-unavailable",
              "monitoring_profile:standard",
              "notification_profile:nonprod_standard",
              "owner:infrastructure-engineering",
              "pages:false",
              "priority:p3",
              "resource_type:host",
              "runbook:host-unavailable",
              "runbook_notebook:15214633",
              "service:compute-platform",
              "signal:availability",
              "slo_id:slo-infra-compute-availability",
              "support_model:business-hours",
              "team:infrastructure-engineering",
              "tier:tier2"
            ],
            "timeout_h": 12,
            "type": "service check",
            "validate": null,
            "variables": []
          },
          "sensitive_attributes": [],
          "private": "bnVsbA=="
        },
        {
          "index_key": "stage.standard.integration.batch-job-failure",
          "schema_version": 0,
          "attributes": {
            "assets": [
              {
                "category": "runbook",
                "name": "Batch Job Failed",
                "resource_key": "15298591",
                "resource_type": "notebook",
                "url": "https://app.datadoghq.com/notebook/15298591"
              }
            ],
            "draft_status": "published",
            "enable_logs_sample": null,
            "enable_samples": null,
            "escalation_message": "",
            "evaluation_delay": 300,
            "force_delete": null,
            "group_retention_duration": "",
            "groupby_simple_monitor": null,
            "id": "314372478",
            "include_tags": true,
            "locked": false,
            "message": "{{#is_alert}}\n## P3 · Batch Job Failed\n**WHAT:** Batch Job Failed: job_failure signal detected by threshold analysis.\n**WHERE:** {{value}} · env `stage` · region `global`\n**SERVICE:** `batch-platform` (integration / batch_job, tier2)\n**BUSINESS IMPACT:** The service still functions but measurably worse; a subset of traffic or users is failing.\n**WHY IT TRIGGERED:** A failed run is a discrete outcome.\n**OWNER:** application-development · support business-hours · this does not page\n**RUNBOOK:** attached to this monitor as `Batch Job Failed` — open it from the monitor's Runbook asset.\n**AUTOMATED DIAGNOSTICS:** workflow `remediate-rerun-job` has run; its output is attached to this event.\n**RELATED EVENTS:** correlated on `batch-platform.stage.batch-platform` — deployments, infrastructure changes and platform events from the last 30 minutes are attached as context.\n**SLO / ERROR BUDGET:** `slo-batch-completion` · no error-budget impact (non-production)\n{{/is_alert}}\n{{#is_warning}}\n## Batch Job Failed — warning\nApproaching the alert condition on {{value}}. Investigate before it becomes P3.\n{{/is_warning}}\n{{#is_no_data}}\n## Batch Job Failed — NO DATA\nTelemetry stopped arriving for {{value}}. Treat this as a telemetry-health incident: an unmonitored resource is worse than an alerting one.\n{{/is_no_data}}\n{{#is_recovery}}\n## Recovered · Batch Job Failed\n{{value}} returned to normal. Error-budget impact recorded against `slo-batch-completion`. No action required; the correlation group closes when every child recovers.\n{{/is_recovery}}\n{{#is_warning_recovery}}\nWarning cleared for {{value}}.\n{{/is_warning_recovery}}",
            "monitor_threshold_windows": [],
            "monitor_thresholds": [
              {
                "critical": "1",
                "critical_recovery": "",
                "ok": "",
                "unknown": "",
                "warning": "",
                "warning_recovery": ""
              }
            ],
            "name": "[P3][stage][integration] Batch Job Failed (standard)",
            "new_group_delay": 300,
            "new_host_delay": 300,
            "no_data_timeframe": 0,
            "notification_preset_name": "",
            "notify_audit": false,
            "notify_by": [],
            "notify_no_data": false,
            "on_missing_data": "",
            "priority": "3",
            "query": "sum(last_4h):sum:acme.batch.runs{env:stage,alert_band:standard,status:failed} by {service,job_name}.as_count() \u003e= 1",
            "renotify_interval": 120,
            "renotify_occurrences": 3,
            "renotify_statuses": [
              "alert"
            ],
            "require_full_window": false,
            "restricted_roles": null,
            "scheduling_options": [],
            "tags": [
              "alert_band:standard",
              "archetype:batch-job-failure",
              "automation_ref:remediate-rerun-job",
              "correlation_key:batch-platform.stage.batch-platform",
              "dedup_key:batch-platform.stage.batch-job-failure.standard",
              "detection:threshold",
              "domain:integration",
              "env:stage",
              "failure_domain:batch-platform",
              "impact_class:degradation",
              "managed_by:terraform",
              "managed_source:platform",
              "monitor_id:stage.standard.integration.batch-job-failure",
              "monitoring_profile:standard",
              "notification_profile:nonprod_standard",
              "owner:application-development",
              "pages:false",
              "priority:p3",
              "resource_type:batch_job",
              "runbook:batch-job-failure",
              "runbook_notebook:15298591",
              "service:batch-platform",
              "signal:job_failure",
              "slo_id:slo-batch-completion",
              "support_model:business-hours",
              "team:application-development",
              "tier:tier2"
            ],
            "timeout_h": 4,
            "type": "query alert",
            "validate": null,
            "variables": []
          },
          "sensitive_attributes": [],
          "private": "bnVsbA=="
        },
        {
          "index_key": "stage.standard.integration.integration-flow-failure",
          "schema_version": 0,
          "attributes": {
            "assets": [
              {
                "category": "runbook",
                "name": "Integration Flow Failure Rate",
                "resource_key": "15298630",
                "resource_type": "notebook",
                "url": "https://app.datadoghq.com/notebook/15298630"
              }
            ],
            "draft_status": "published",
            "enable_logs_sample": null,
            "enable_samples": null,
            "escalation_message": "",
            "evaluation_delay": 300,
            "force_delete": null,
            "group_retention_duration": "",
            "groupby_simple_monitor": null,
            "id": "314372466",
            "include_tags": true,
            "locked": false,
            "message": "{{#is_alert}}\n## P3 · Integration Flow Failure Rate\n**WHAT:** Integration Flow Failure Rate: error_rate signal detected by anomaly analysis.\n**WHERE:** {{value}} · env `stage` · region `global`\n**SERVICE:** `integration-platform` (integration / integration_flow, tier2)\n**BUSINESS IMPACT:** The service still functions but measurably worse; a subset of traffic or users is failing.\n**WHY IT TRIGGERED:** The signal deviated from its own learned baseline by more than the configured number of deviations — not because it crossed a fixed number.\n**OWNER:** application-development · support business-hours · this does not page\n**RUNBOOK:** attached to this monitor as `Integration Flow Failure Rate` — open it from the monitor's Runbook asset.\n**AUTOMATED DIAGNOSTICS:** workflow `diag-dependency` has run; its output is attached to this event.\n**RELATED EVENTS:** correlated on `integration-platform.stage.integration-platform` — deployments, infrastructure changes and platform events from the last 30 minutes are attached as context.\n**SLO / ERROR BUDGET:** `slo-integration-delivery` · no error-budget impact (non-production)\n{{/is_alert}}\n{{#is_warning}}\n## Integration Flow Failure Rate — warning\nApproaching the alert condition on {{value}}. Investigate before it becomes P3.\n{{/is_warning}}\n{{#is_no_data}}\n## Integration Flow Failure Rate — NO DATA\nTelemetry stopped arriving for {{value}}. Treat this as a telemetry-health incident: an unmonitored resource is worse than an alerting one.\n{{/is_no_data}}\n{{#is_recovery}}\n## Recovered · Integration Flow Failure Rate\n{{value}} returned to normal. Error-budget impact recorded against `slo-integration-delivery`. No action required; the correlation group closes when every child recovers.\n{{/is_recovery}}\n{{#is_warning_recovery}}\nWarning cleared for {{value}}.\n{{/is_warning_recovery}}",
            "monitor_threshold_windows": [],
            "monitor_thresholds": [
              {
                "critical": "1",
                "critical_recovery": "",
                "ok": "",
                "unknown": "",
                "warning": "",
                "warning_recovery": ""
              }
            ],
            "name": "[P3][stage][integration] Integration Flow Failure Rate (standard)",
            "new_group_delay": 300,
            "new_host_delay": 300,
            "no_data_timeframe": 0,
            "notification_preset_name": "",
            "notify_audit": false,
            "notify_by": [],
            "notify_no_data": false,
            "on_missing_data": "",
            "priority": "3",
            "query": "avg(last_1h):anomalies(sum:acme.integration.flow_errors{env:stage,alert_band:standard} by {service,flow_name}.as_rate(), 'agile', 3) \u003e= 1",
            "renotify_interval": 120,
            "renotify_occurrences": 3,
            "renotify_statuses": [
              "alert"
            ],
            "require_full_window": false,
            "restricted_roles": null,
            "scheduling_options": [],
            "tags": [
              "alert_band:standard",
              "archetype:integration-flow-failure",
              "automation_ref:diag-dependency",
              "correlation_key:integration-platform.stage.integration-platform",
              "dedup_key:integration-platform.stage.integration-flow-failure.standard",
              "detection:anomaly",
              "domain:integration",
              "env:stage",
              "failure_domain:integration-platform",
              "impact_class:degradation",
              "managed_by:terraform",
              "managed_source:platform",
              "monitor_id:stage.standard.integration.integration-flow-failure",
              "monitoring_profile:standard",
              "notification_profile:nonprod_standard",
              "owner:application-development",
              "pages:false",
              "priority:p3",
              "resource_type:integration_flow",
              "runbook:integration-flow-failure",
              "runbook_notebook:15298630",
              "service:integration-platform",
              "signal:error_rate",
              "slo_id:slo-integration-delivery",
              "support_model:business-hours",
              "team:application-development",
              "tier:tier2"
            ],
            "timeout_h": 18,
            "type": "query alert",
            "validate": null,
            "variables": []
          },
          "sensitive_attributes": [],
          "private": "bnVsbA=="
        },
        {
          "index_key": "stage.standard.integration.schedule-job-failure",
          "schema_version": 0,
          "attributes": {
            "assets": [
              {
                "category": "runbook",
                "name": "Scheduled Job Failed",
                "resource_key": "15298680",
                "resource_type": "notebook",
                "url": "https://app.datadoghq.com/notebook/15298680"
              }
            ],
            "draft_status": "published",
            "enable_logs_sample": null,
            "enable_samples": null,
            "escalation_message": "",
            "evaluation_delay": 300,
            "force_delete": null,
            "group_retention_duration": "",
            "groupby_simple_monitor": null,
            "id": "314372488",
            "include_tags": true,
            "locked": false,
            "message": "{{#is_alert}}\n## P3 · Scheduled Job Failed\n**WHAT:** Scheduled Job Failed: job_failure signal detected by threshold analysis.\n**WHERE:** {{value}} · env `stage` · region `global`\n**SERVICE:** `integration-platform` (integration / scheduled_job, tier2)\n**BUSINESS IMPACT:** The service still functions but measurably worse; a subset of traffic or users is failing.\n**WHY IT TRIGGERED:** A failed run is discrete.\n**OWNER:** application-development · support business-hours · this does not page\n**RUNBOOK:** attached to this monitor as `Scheduled Job Failed` — open it from the monitor's Runbook asset.\n**AUTOMATED DIAGNOSTICS:** workflow `remediate-rerun-job` has run; its output is attached to this event.\n**RELATED EVENTS:** correlated on `scheduler.stage.integration-platform` — deployments, infrastructure changes and platform events from the last 30 minutes are attached as context.\n**SLO / ERROR BUDGET:** `slo-integration-delivery` · no error-budget impact (non-production)\n{{/is_alert}}\n{{#is_warning}}\n## Scheduled Job Failed — warning\nApproaching the alert condition on {{value}}. Investigate before it becomes P3.\n{{/is_warning}}\n{{#is_no_data}}\n## Scheduled Job Failed — NO DATA\nTelemetry stopped arriving for {{value}}. Treat this as a telemetry-health incident: an unmonitored resource is worse than an alerting one.\n{{/is_no_data}}\n{{#is_recovery}}\n## Recovered · Scheduled Job Failed\n{{value}} returned to normal. Error-budget impact recorded against `slo-integration-delivery`. No action required; the correlation group closes when every child recovers.\n{{/is_recovery}}\n{{#is_warning_recovery}}\nWarning cleared for {{value}}.\n{{/is_warning_recovery}}",
            "monitor_threshold_windows": [],
            "monitor_thresholds": [
              {
                "critical": "1",
                "critical_recovery": "",
                "ok": "",
                "unknown": "",
                "warning": "",
                "warning_recovery": ""
              }
            ],
            "name": "[P3][stage][integration] Scheduled Job Failed (standard)",
            "new_group_delay": 300,
            "new_host_delay": 300,
            "no_data_timeframe": 0,
            "notification_preset_name": "",
            "notify_audit": false,
            "notify_by": [],
            "notify_no_data": false,
            "on_missing_data": "",
            "priority": "3",
            "query": "sum(last_4h):sum:acme.scheduler.runs{env:stage,alert_band:standard,status:failed} by {service,job_name}.as_count() \u003e= 1",
            "renotify_interval": 120,
            "renotify_occurrences": 3,
            "renotify_statuses": [
              "alert"
            ],
            "require_full_window": false,
            "restricted_roles": null,
            "scheduling_options": [],
            "tags": [
              "alert_band:standard",
              "archetype:schedule-job-failure",
              "automation_ref:remediate-rerun-job",
              "correlation_key:scheduler.stage.integration-platform",
              "dedup_key:integration-platform.stage.schedule-job-failure.standard",
              "detection:threshold",
              "domain:integration",
              "env:stage",
              "failure_domain:scheduler",
              "impact_class:degradation",
              "managed_by:terraform",
              "managed_source:platform",
              "monitor_id:stage.standard.integration.schedule-job-failure",
              "monitoring_profile:standard",
              "notification_profile:nonprod_standard",
              "owner:application-development",
              "pages:false",
              "priority:p3",
              "resource_type:scheduled_job",
              "runbook:schedule-job-failure",
              "runbook_notebook:15298680",
              "service:integration-platform",
              "signal:job_failure",
              "slo_id:slo-integration-delivery",
              "support_model:business-hours",
              "team:application-development",
              "tier:tier2"
            ],
            "timeout_h": 4,
            "type": "query alert",
            "validate": null,
            "variables": []
          },
          "sensitive_attributes": [],
          "private": "bnVsbA=="
        },
        {
          "index_key": "stage.standard.integration.schedule-missed-run",
          "schema_version": 0,
          "attributes": {
            "assets": [
              {
                "category": "runbook",
                "name": "Scheduled Job Did Not Run",
                "resource_key": "15298681",
                "resource_type": "notebook",
                "url": "https://app.datadoghq.com/notebook/15298681"
              }
            ],
            "draft_status": "published",
            "enable_logs_sample": null,
            "enable_samples": null,
            "escalation_message": "",
            "evaluation_delay": 300,
            "force_delete": null,
            "group_retention_duration": "",
            "groupby_simple_monitor": null,
            "id": "314372420",
            "include_tags": true,
            "locked": false,
            "message": "{{#is_alert}}\n## P3 · Scheduled Job Did Not Run\n**WHAT:** Scheduled Job Did Not Run: schedule_miss signal detected by threshold analysis.\n**WHERE:** {{value}} · env `stage` · region `global`\n**SERVICE:** `integration-platform` (integration / scheduled_job, tier2)\n**BUSINESS IMPACT:** Customers are affected now, or a mission-critical capability is unavailable.\n**WHY IT TRIGGERED:** The single most under-monitored failure in every enterprise: the job that simply never fired. Nothing errors, nothing alerts, nothing runs.\n\n**OWNER:** application-development · support business-hours · this does not page\n**RUNBOOK:** attached to this monitor as `Scheduled Job Did Not Run` — open it from the monitor's Runbook asset.\n**AUTOMATED DIAGNOSTICS:** workflow `remediate-rerun-job` has run; its output is attached to this event.\n**RELATED EVENTS:** correlated on `scheduler.stage.integration-platform` — deployments, infrastructure changes and platform events from the last 30 minutes are attached as context.\n**SLO / ERROR BUDGET:** `slo-integration-delivery` · no error-budget impact (non-production)\n{{/is_alert}}\n{{#is_warning}}\n## Scheduled Job Did Not Run — warning\nApproaching the alert condition on {{value}}. Investigate before it becomes P3.\n{{/is_warning}}\n{{#is_no_data}}\n## Scheduled Job Did Not Run — NO DATA\nTelemetry stopped arriving for {{value}}. Treat this as a telemetry-health incident: an unmonitored resource is worse than an alerting one.\n{{/is_no_data}}\n{{#is_recovery}}\n## Recovered · Scheduled Job Did Not Run\n{{value}} returned to normal. Error-budget impact recorded against `slo-integration-delivery`. No action required; the correlation group closes when every child recovers.\n{{/is_recovery}}\n{{#is_warning_recovery}}\nWarning cleared for {{value}}.\n{{/is_warning_recovery}}",
            "monitor_threshold_windows": [],
            "monitor_thresholds": [
              {
                "critical": "1",
                "critical_recovery": "",
                "ok": "",
                "unknown": "",
                "warning": "",
                "warning_recovery": ""
              }
            ],
            "name": "[P3][stage][integration] Scheduled Job Did Not Run (standard)",
            "new_group_delay": 300,
            "new_host_delay": 300,
            "no_data_timeframe": 120,
            "notification_preset_name": "",
            "notify_audit": false,
            "notify_by": [],
            "notify_no_data": true,
            "on_missing_data": "",
            "priority": "3",
            "query": "sum(last_4h):sum:acme.scheduler.runs_started{env:stage,alert_band:standard} by {service,job_name}.as_count() \u003c 1",
            "renotify_interval": 120,
            "renotify_occurrences": 3,
            "renotify_statuses": [
              "alert"
            ],
            "require_full_window": false,
            "restricted_roles": null,
            "scheduling_options": [],
            "tags": [
              "alert_band:standard",
              "archetype:schedule-missed-run",
              "automation_ref:remediate-rerun-job",
              "correlation_key:scheduler.stage.integration-platform",
              "dedup_key:integration-platform.stage.schedule-missed-run.standard",
              "detection:threshold",
              "domain:integration",
              "env:stage",
              "failure_domain:scheduler",
              "impact_class:customer_impact",
              "managed_by:terraform",
              "managed_source:platform",
              "monitor_id:stage.standard.integration.schedule-missed-run",
              "monitoring_profile:standard",
              "notification_profile:nonprod_standard",
              "owner:application-development",
              "pages:false",
              "priority:p3",
              "resource_type:scheduled_job",
              "runbook:schedule-missed-run",
              "runbook_notebook:15298681",
              "service:integration-platform",
              "signal:schedule_miss",
              "slo_id:slo-integration-delivery",
              "support_model:business-hours",
              "team:application-development",
              "tier:tier2"
            ],
            "timeout_h": 4,
            "type": "query alert",
            "validate": null,
            "variables": []
          },
          "sensitive_attributes": [],
          "private": "bnVsbA=="
        },
        {
          "index_key": "stage.standard.kubernetes.k8s-cronjob-failure",
          "schema_version": 0,
          "attributes": {
            "assets": [
              {
                "category": "runbook",
                "name": "Kubernetes CronJob Failing",
                "resource_key": "15298635",
                "resource_type": "notebook",
                "url": "https://app.datadoghq.com/notebook/15298635"
              }
            ],
            "draft_status": "published",
            "enable_logs_sample": null,
            "enable_samples": null,
            "escalation_message": "",
            "evaluation_delay": 300,
            "force_delete": null,
            "group_retention_duration": "",
            "groupby_simple_monitor": null,
            "id": "314372447",
            "include_tags": true,
            "locked": false,
            "message": "{{#is_alert}}\n## P3 · Kubernetes CronJob Failing\n**WHAT:** Kubernetes CronJob Failing: job_failure signal detected by threshold analysis.\n**WHERE:** {{value}} · env `stage` · region `global`\n**SERVICE:** `kubernetes-platform` (kubernetes / kube_cronjob, tier2)\n**BUSINESS IMPACT:** The service still functions but measurably worse; a subset of traffic or users is failing.\n**WHY IT TRIGGERED:** A failed job is a discrete outcome.\n**OWNER:** cloud-engineering · support business-hours · this does not page\n**RUNBOOK:** attached to this monitor as `Kubernetes CronJob Failing` — open it from the monitor's Runbook asset.\n**AUTOMATED DIAGNOSTICS:** workflow `remediate-rerun-job` has run; its output is attached to this event.\n**RELATED EVENTS:** correlated on `kubernetes-workloads.stage.kubernetes-platform` — deployments, infrastructure changes and platform events from the last 30 minutes are attached as context.\n**SLO / ERROR BUDGET:** `slo-k8s-workload-availability` · no error-budget impact (non-production)\n{{/is_alert}}\n{{#is_warning}}\n## Kubernetes CronJob Failing — warning\nApproaching the alert condition on {{value}}. Investigate before it becomes P3.\n{{/is_warning}}\n{{#is_no_data}}\n## Kubernetes CronJob Failing — NO DATA\nTelemetry stopped arriving for {{value}}. Treat this as a telemetry-health incident: an unmonitored resource is worse than an alerting one.\n{{/is_no_data}}\n{{#is_recovery}}\n## Recovered · Kubernetes CronJob Failing\n{{value}} returned to normal. Error-budget impact recorded against `slo-k8s-workload-availability`. No action required; the correlation group closes when every child recovers.\n{{/is_recovery}}\n{{#is_warning_recovery}}\nWarning cleared for {{value}}.\n{{/is_warning_recovery}}",
            "monitor_threshold_windows": [],
            "monitor_thresholds": [
              {
                "critical": "1",
                "critical_recovery": "",
                "ok": "",
                "unknown": "",
                "warning": "",
                "warning_recovery": ""
              }
            ],
            "name": "[P3][stage][kubernetes] Kubernetes CronJob Failing (standard)",
            "new_group_delay": 300,
            "new_host_delay": 300,
            "no_data_timeframe": 0,
            "notification_preset_name": "",
            "notify_audit": false,
            "notify_by": [
              "kube_cluster_name"
            ],
            "notify_no_data": false,
            "on_missing_data": "",
            "priority": "3",
            "query": "sum(last_2h):sum:kubernetes_state.job.failed{env:stage,alert_band:standard} by {kube_cluster_name,kube_namespace,kube_cronjob}.as_count() \u003e= 1",
            "renotify_interval": 120,
            "renotify_occurrences": 3,
            "renotify_statuses": [
              "alert"
            ],
            "require_full_window": false,
            "restricted_roles": null,
            "scheduling_options": [],
            "tags": [
              "alert_band:standard",
              "archetype:k8s-cronjob-failure",
              "automation_ref:remediate-rerun-job",
              "correlation_key:kubernetes-workloads.stage.kubernetes-platform",
              "dedup_key:kubernetes-platform.stage.k8s-cronjob-failure.standard",
              "detection:threshold",
              "domain:kubernetes",
              "env:stage",
              "failure_domain:kubernetes-workloads",
              "impact_class:degradation",
              "managed_by:terraform",
              "managed_source:platform",
              "monitor_id:stage.standard.kubernetes.k8s-cronjob-failure",
              "monitoring_profile:standard",
              "notification_profile:nonprod_standard",
              "owner:cloud-engineering",
              "pages:false",
              "priority:p3",
              "resource_type:kube_cronjob",
              "runbook:k8s-cronjob-failure",
              "runbook_notebook:15298635",
              "service:kubernetes-platform",
              "signal:job_failure",
              "slo_id:slo-k8s-workload-availability",
              "support_model:business-hours",
              "team:cloud-engineering",
              "tier:tier2"
            ],
            "timeout_h": 4,
            "type": "query alert",
            "validate": null,
            "variables": []
          },
          "sensitive_attributes": [],
          "private": "bnVsbA=="
        },
        {
          "index_key": "stage.standard.kubernetes.k8s-deployment-unavailable",
          "schema_version": 0,
          "attributes": {
            "assets": [
              {
                "category": "runbook",
                "name": "Kubernetes Deployment Has No Available Replicas",
                "resource_key": "15298638",
                "resource_type": "notebook",
                "url": "https://app.datadoghq.com/notebook/15298638"
              }
            ],
            "draft_status": "published",
            "enable_logs_sample": null,
            "enable_samples": null,
            "escalation_message": "",
            "evaluation_delay": 300,
            "force_delete": null,
            "group_retention_duration": "",
            "groupby_simple_monitor": null,
            "id": "314372449",
            "include_tags": true,
            "locked": false,
            "message": "{{#is_alert}}\n## P3 · Kubernetes Deployment Has No Available Replicas\n**WHAT:** Kubernetes Deployment Has No Available Replicas: availability signal detected by threshold analysis.\n**WHERE:** {{value}} · env `stage` · region `global`\n**SERVICE:** `kubernetes-platform` (kubernetes / kube_deployment, tier2)\n**BUSINESS IMPACT:** Customers are affected now, or a mission-critical capability is unavailable.\n**WHY IT TRIGGERED:** Zero available replicas is the definition of unavailable. The replica count is a declared contract, not an observed baseline.\n\n**OWNER:** cloud-engineering · support business-hours · this does not page\n**RUNBOOK:** attached to this monitor as `Kubernetes Deployment Has No Available Replicas` — open it from the monitor's Runbook asset.\n**AUTOMATED DIAGNOSTICS:** workflow `diag-k8s-workload` has run; its output is attached to this event.\n**RELATED EVENTS:** correlated on `kubernetes-workloads.stage.kubernetes-platform` — deployments, infrastructure changes and platform events from the last 30 minutes are attached as context.\n**SLO / ERROR BUDGET:** `slo-k8s-workload-availability` · no error-budget impact (non-production)\n{{/is_alert}}\n{{#is_warning}}\n## Kubernetes Deployment Has No Available Replicas — warning\nApproaching the alert condition on {{value}}. Investigate before it becomes P3.\n{{/is_warning}}\n{{#is_no_data}}\n## Kubernetes Deployment Has No Available Replicas — NO DATA\nTelemetry stopped arriving for {{value}}. Treat this as a telemetry-health incident: an unmonitored resource is worse than an alerting one.\n{{/is_no_data}}\n{{#is_recovery}}\n## Recovered · Kubernetes Deployment Has No Available Replicas\n{{value}} returned to normal. Error-budget impact recorded against `slo-k8s-workload-availability`. No action required; the correlation group closes when every child recovers.\n{{/is_recovery}}\n{{#is_warning_recovery}}\nWarning cleared for {{value}}.\n{{/is_warning_recovery}}",
            "monitor_threshold_windows": [],
            "monitor_thresholds": [
              {
                "critical": "1",
                "critical_recovery": "",
                "ok": "",
                "unknown": "",
                "warning": "2",
                "warning_recovery": ""
              }
            ],
            "name": "[P3][stage][kubernetes] Kubernetes Deployment Has No Available Replicas (standard)",
            "new_group_delay": 300,
            "new_host_delay": 300,
            "no_data_timeframe": 0,
            "notification_preset_name": "",
            "notify_audit": false,
            "notify_by": [
              "kube_cluster_name"
            ],
            "notify_no_data": false,
            "on_missing_data": "",
            "priority": "3",
            "query": "min(last_15m):sum:kubernetes_state.deployment.replicas_available{env:stage,alert_band:standard} by {kube_cluster_name,kube_namespace,kube_deployment} \u003c 1",
            "renotify_interval": 120,
            "renotify_occurrences": 3,
            "renotify_statuses": [
              "alert"
            ],
            "require_full_window": false,
            "restricted_roles": null,
            "scheduling_options": [],
            "tags": [
              "alert_band:standard",
              "archetype:k8s-deployment-unavailable",
              "automation_ref:diag-k8s-workload",
              "correlation_key:kubernetes-workloads.stage.kubernetes-platform",
              "dedup_key:kubernetes-platform.stage.k8s-deployment-unavailable.standard",
              "detection:threshold",
              "domain:kubernetes",
              "env:stage",
              "failure_domain:kubernetes-workloads",
              "impact_class:customer_impact",
              "managed_by:terraform",
              "managed_source:platform",
              "monitor_id:stage.standard.kubernetes.k8s-deployment-unavailable",
              "monitoring_profile:standard",
              "notification_profile:nonprod_standard",
              "owner:cloud-engineering",
              "pages:false",
              "priority:p3",
              "resource_type:kube_deployment",
              "runbook:k8s-deployment-unavailable",
              "runbook_notebook:15298638",
              "service:kubernetes-platform",
              "signal:availability",
              "slo_id:slo-k8s-workload-availability",
              "support_model:business-hours",
              "team:cloud-engineering",
              "tier:tier2"
            ],
            "timeout_h": 18,
            "type": "query alert",
            "validate": null,
            "variables": []
          },
          "sensitive_attributes": [],
          "private": "bnVsbA=="
        },
        {
          "index_key": "stage.standard.kubernetes.k8s-node-not-ready",
          "schema_version": 0,
          "attributes": {
            "assets": [
              {
                "category": "runbook",
                "name": "Kubernetes Node Not Ready",
                "resource_key": "15298641",
                "resource_type": "notebook",
                "url": "https://app.datadoghq.com/notebook/15298641"
              }
            ],
            "draft_status": "published",
            "enable_logs_sample": null,
            "enable_samples": null,
            "escalation_message": "",
            "evaluation_delay": 300,
            "force_delete": null,
            "group_retention_duration": "",
            "groupby_simple_monitor": null,
            "id": "314372496",
            "include_tags": true,
            "locked": false,
            "message": "{{#is_alert}}\n## P3 · Kubernetes Node Not Ready\n**WHAT:** Kubernetes Node Not Ready: availability signal detected by threshold analysis.\n**WHERE:** {{value}} · env `stage` · region `global`\n**SERVICE:** `kubernetes-platform` (kubernetes / kube_node, tier2)\n**BUSINESS IMPACT:** The service still functions but measurably worse; a subset of traffic or users is failing.\n**WHY IT TRIGGERED:** NotReady is a discrete node condition.\n**OWNER:** cloud-engineering · support business-hours · this does not page\n**RUNBOOK:** attached to this monitor as `Kubernetes Node Not Ready` — open it from the monitor's Runbook asset.\n**AUTOMATED DIAGNOSTICS:** workflow `diag-k8s-workload` has run; its output is attached to this event.\n**RELATED EVENTS:** correlated on `kubernetes-nodes.stage.kubernetes-platform` — deployments, infrastructure changes and platform events from the last 30 minutes are attached as context.\n**SLO / ERROR BUDGET:** `slo-k8s-workload-availability` · no error-budget impact (non-production)\n{{/is_alert}}\n{{#is_warning}}\n## Kubernetes Node Not Ready — warning\nApproaching the alert condition on {{value}}. Investigate before it becomes P3.\n{{/is_warning}}\n{{#is_no_data}}\n## Kubernetes Node Not Ready — NO DATA\nTelemetry stopped arriving for {{value}}. Treat this as a telemetry-health incident: an unmonitored resource is worse than an alerting one.\n{{/is_no_data}}\n{{#is_recovery}}\n## Recovered · Kubernetes Node Not Ready\n{{value}} returned to normal. Error-budget impact recorded against `slo-k8s-workload-availability`. No action required; the correlation group closes when every child recovers.\n{{/is_recovery}}\n{{#is_warning_recovery}}\nWarning cleared for {{value}}.\n{{/is_warning_recovery}}",
            "monitor_threshold_windows": [],
            "monitor_thresholds": [
              {
                "critical": "1",
                "critical_recovery": "",
                "ok": "",
                "unknown": "",
                "warning": "",
                "warning_recovery": ""
              }
            ],
            "name": "[P3][stage][kubernetes] Kubernetes Node Not Ready (standard)",
            "new_group_delay": 300,
            "new_host_delay": 300,
            "no_data_timeframe": 0,
            "notification_preset_name": "",
            "notify_audit": false,
            "notify_by": [
              "kube_cluster_name"
            ],
            "notify_no_data": false,
            "on_missing_data": "",
            "priority": "3",
            "query": "max(last_15m):sum:kubernetes_state.node.status{env:stage,alert_band:standard,status:false,condition:ready} by {kube_cluster_name,node} \u003e= 1",
            "renotify_interval": 120,
            "renotify_occurrences": 3,
            "renotify_statuses": [
              "alert"
            ],
            "require_full_window": false,
            "restricted_roles": null,
            "scheduling_options": [],
            "tags": [
              "alert_band:standard",
              "archetype:k8s-node-not-ready",
              "automation_ref:diag-k8s-workload",
              "correlation_key:kubernetes-nodes.stage.kubernetes-platform",
              "dedup_key:kubernetes-platform.stage.k8s-node-not-ready.standard",
              "detection:threshold",
              "domain:kubernetes",
              "env:stage",
              "failure_domain:kubernetes-nodes",
              "impact_class:degradation",
              "managed_by:terraform",
              "managed_source:platform",
              "monitor_id:stage.standard.kubernetes.k8s-node-not-ready",
              "monitoring_profile:standard",
              "notification_profile:nonprod_standard",
              "owner:cloud-engineering",
              "pages:false",
              "priority:p3",
              "resource_type:kube_node",
              "runbook:k8s-node-not-ready",
              "runbook_notebook:15298641",
              "service:kubernetes-platform",
              "signal:availability",
              "slo_id:slo-k8s-workload-availability",
              "support_model:business-hours",
              "team:cloud-engineering",
              "tier:tier2"
            ],
            "timeout_h": 18,
            "type": "query alert",
            "validate": null,
            "variables": []
          },
          "sensitive_attributes": [],
          "private": "bnVsbA=="
        },
        {
          "index_key": "stage.standard.kubernetes.k8s-oomkill",
          "schema_version": 0,
          "attributes": {
            "assets": [
              {
                "category": "runbook",
                "name": "Container OOMKilled",
                "resource_key": "15298643",
                "resource_type": "notebook",
                "url": "https://app.datadoghq.com/notebook/15298643"
              }
            ],
            "draft_status": "published",
            "enable_logs_sample": null,
            "enable_samples": null,
            "escalation_message": "",
            "evaluation_delay": 300,
            "force_delete": null,
            "group_retention_duration": "",
            "groupby_simple_monitor": null,
            "id": "314372487",
            "include_tags": true,
            "locked": false,
            "message": "{{#is_alert}}\n## P3 · Container OOMKilled\n**WHAT:** Container OOMKilled: saturation signal detected by threshold analysis.\n**WHERE:** {{value}} · env `stage` · region `global`\n**SERVICE:** `kubernetes-platform` (kubernetes / kube_pod, tier2)\n**BUSINESS IMPACT:** The service still functions but measurably worse; a subset of traffic or users is failing.\n**WHY IT TRIGGERED:** An OOMKill is a discrete kernel event; one occurrence is meaningful.\n\n**OWNER:** cloud-engineering · support business-hours · this does not page\n**RUNBOOK:** attached to this monitor as `Container OOMKilled` — open it from the monitor's Runbook asset.\n**AUTOMATED DIAGNOSTICS:** workflow `diag-k8s-workload` has run; its output is attached to this event.\n**RELATED EVENTS:** correlated on `kubernetes-workloads.stage.kubernetes-platform` — deployments, infrastructure changes and platform events from the last 30 minutes are attached as context.\n**SLO / ERROR BUDGET:** `slo-k8s-workload-availability` · no error-budget impact (non-production)\n{{/is_alert}}\n{{#is_warning}}\n## Container OOMKilled — warning\nApproaching the alert condition on {{value}}. Investigate before it becomes P3.\n{{/is_warning}}\n{{#is_no_data}}\n## Container OOMKilled — NO DATA\nTelemetry stopped arriving for {{value}}. Treat this as a telemetry-health incident: an unmonitored resource is worse than an alerting one.\n{{/is_no_data}}\n{{#is_recovery}}\n## Recovered · Container OOMKilled\n{{value}} returned to normal. Error-budget impact recorded against `slo-k8s-workload-availability`. No action required; the correlation group closes when every child recovers.\n{{/is_recovery}}\n{{#is_warning_recovery}}\nWarning cleared for {{value}}.\n{{/is_warning_recovery}}",
            "monitor_threshold_windows": [],
            "monitor_thresholds": [
              {
                "critical": "1",
                "critical_recovery": "",
                "ok": "",
                "unknown": "",
                "warning": "",
                "warning_recovery": ""
              }
            ],
            "name": "[P3][stage][kubernetes] Container OOMKilled (standard)",
            "new_group_delay": 300,
            "new_host_delay": 300,
            "no_data_timeframe": 0,
            "notification_preset_name": "",
            "notify_audit": false,
            "notify_by": [
              "kube_cluster_name"
            ],
            "notify_no_data": false,
            "on_missing_data": "",
            "priority": "3",
            "query": "sum(last_30m):sum:kubernetes_state.container.status_report.count.terminated{env:stage,alert_band:standard,reason:oomkilled} by {kube_cluster_name,kube_namespace,kube_deployment}.as_count() \u003e= 1",
            "renotify_interval": 120,
            "renotify_occurrences": 3,
            "renotify_statuses": [
              "alert"
            ],
            "require_full_window": false,
            "restricted_roles": null,
            "scheduling_options": [],
            "tags": [
              "alert_band:standard",
              "archetype:k8s-oomkill",
              "automation_ref:diag-k8s-workload",
              "correlation_key:kubernetes-workloads.stage.kubernetes-platform",
              "dedup_key:kubernetes-platform.stage.k8s-oomkill.standard",
              "detection:threshold",
              "domain:kubernetes",
              "env:stage",
              "failure_domain:kubernetes-workloads",
              "impact_class:degradation",
              "managed_by:terraform",
              "managed_source:platform",
              "monitor_id:stage.standard.kubernetes.k8s-oomkill",
              "monitoring_profile:standard",
              "notification_profile:nonprod_standard",
              "owner:cloud-engineering",
              "pages:false",
              "priority:p3",
              "resource_type:kube_pod",
              "runbook:k8s-oomkill",
              "runbook_notebook:15298643",
              "service:kubernetes-platform",
              "signal:saturation",
              "slo_id:slo-k8s-workload-availability",
              "support_model:business-hours",
              "team:cloud-engineering",
              "tier:tier2"
            ],
            "timeout_h": 18,
            "type": "query alert",
            "validate": null,
            "variables": []
          },
          "sensitive_attributes": [],
          "private": "bnVsbA=="
        },
        {
          "index_key": "stage.standard.kubernetes.k8s-pod-crashloop",
          "schema_version": 0,
          "attributes": {
            "assets": [
              {
                "category": "runbook",
                "name": "Pods in CrashLoopBackOff",
                "resource_key": "15298644",
                "resource_type": "notebook",
                "url": "https://app.datadoghq.com/notebook/15298644"
              }
            ],
            "draft_status": "published",
            "enable_logs_sample": null,
            "enable_samples": null,
            "escalation_message": "",
            "evaluation_delay": 300,
            "force_delete": null,
            "group_retention_duration": "",
            "groupby_simple_monitor": null,
            "id": "314372511",
            "include_tags": true,
            "locked": false,
            "message": "{{#is_alert}}\n## P3 · Pods in CrashLoopBackOff\n**WHAT:** Pods in CrashLoopBackOff: availability signal detected by threshold analysis.\n**WHERE:** {{value}} · env `stage` · region `global`\n**SERVICE:** `kubernetes-platform` (kubernetes / kube_pod, tier2)\n**BUSINESS IMPACT:** The service still functions but measurably worse; a subset of traffic or users is failing.\n**WHY IT TRIGGERED:** CrashLoopBackOff is a discrete Kubernetes state, not a metric level.\n\n**OWNER:** cloud-engineering · support business-hours · this does not page\n**RUNBOOK:** attached to this monitor as `Pods in CrashLoopBackOff` — open it from the monitor's Runbook asset.\n**AUTOMATED DIAGNOSTICS:** workflow `diag-k8s-workload` has run; its output is attached to this event.\n**RELATED EVENTS:** correlated on `kubernetes-workloads.stage.kubernetes-platform` — deployments, infrastructure changes and platform events from the last 30 minutes are attached as context.\n**SLO / ERROR BUDGET:** `slo-k8s-workload-availability` · no error-budget impact (non-production)\n{{/is_alert}}\n{{#is_warning}}\n## Pods in CrashLoopBackOff — warning\nApproaching the alert condition on {{value}}. Investigate before it becomes P3.\n{{/is_warning}}\n{{#is_no_data}}\n## Pods in CrashLoopBackOff — NO DATA\nTelemetry stopped arriving for {{value}}. Treat this as a telemetry-health incident: an unmonitored resource is worse than an alerting one.\n{{/is_no_data}}\n{{#is_recovery}}\n## Recovered · Pods in CrashLoopBackOff\n{{value}} returned to normal. Error-budget impact recorded against `slo-k8s-workload-availability`. No action required; the correlation group closes when every child recovers.\n{{/is_recovery}}\n{{#is_warning_recovery}}\nWarning cleared for {{value}}.\n{{/is_warning_recovery}}",
            "monitor_threshold_windows": [],
            "monitor_thresholds": [
              {
                "critical": "1",
                "critical_recovery": "",
                "ok": "",
                "unknown": "",
                "warning": "",
                "warning_recovery": ""
              }
            ],
            "name": "[P3][stage][kubernetes] Pods in CrashLoopBackOff (standard)",
            "new_group_delay": 300,
            "new_host_delay": 300,
            "no_data_timeframe": 0,
            "notification_preset_name": "",
            "notify_audit": false,
            "notify_by": [
              "kube_cluster_name"
            ],
            "notify_no_data": false,
            "on_missing_data": "",
            "priority": "3",
            "query": "max(last_15m):sum:kubernetes_state.container.status_report.count.waiting{env:stage,alert_band:standard,reason:crashloopbackoff} by {kube_cluster_name,kube_namespace,kube_deployment} \u003e= 1",
            "renotify_interval": 120,
            "renotify_occurrences": 3,
            "renotify_statuses": [
              "alert"
            ],
            "require_full_window": false,
            "restricted_roles": null,
            "scheduling_options": [],
            "tags": [
              "alert_band:standard",
              "archetype:k8s-pod-crashloop",
              "automation_ref:diag-k8s-workload",
              "correlation_key:kubernetes-workloads.stage.kubernetes-platform",
              "dedup_key:kubernetes-platform.stage.k8s-pod-crashloop.standard",
              "detection:threshold",
              "domain:kubernetes",
              "env:stage",
              "failure_domain:kubernetes-workloads",
              "impact_class:degradation",
              "managed_by:terraform",
              "managed_source:platform",
              "monitor_id:stage.standard.kubernetes.k8s-pod-crashloop",
              "monitoring_profile:standard",
              "notification_profile:nonprod_standard",
              "owner:cloud-engineering",
              "pages:false",
              "priority:p3",
              "release_gate:true",
              "resource_type:kube_pod",
              "runbook:k8s-pod-crashloop",
              "runbook_notebook:15298644",
              "service:kubernetes-platform",
              "signal:availability",
              "slo_id:slo-k8s-workload-availability",
              "support_model:business-hours",
              "team:cloud-engineering",
              "tier:tier2"
            ],
            "timeout_h": 18,
            "type": "query alert",
            "validate": null,
            "variables": []
          },
          "sensitive_attributes": [],
          "private": "bnVsbA=="
        },
        {
          "index_key": "stage.standard.kubernetes.k8s-pods-pending",
          "schema_version": 0,
          "attributes": {
            "assets": [
              {
                "category": "runbook",
                "name": "Pods Cannot Be Scheduled",
                "resource_key": "15298645",
                "resource_type": "notebook",
                "url": "https://app.datadoghq.com/notebook/15298645"
              }
            ],
            "draft_status": "published",
            "enable_logs_sample": null,
            "enable_samples": null,
            "escalation_message": "",
            "evaluation_delay": 300,
            "force_delete": null,
            "group_retention_duration": "",
            "groupby_simple_monitor": null,
            "id": "314372416",
            "include_tags": true,
            "locked": false,
            "message": "{{#is_alert}}\n## P3 · Pods Cannot Be Scheduled\n**WHAT:** Pods Cannot Be Scheduled: availability signal detected by threshold analysis.\n**WHERE:** {{value}} · env `stage` · region `global`\n**SERVICE:** `kubernetes-platform` (kubernetes / kube_pod, tier2)\n**BUSINESS IMPACT:** The service still functions but measurably worse; a subset of traffic or users is failing.\n**WHY IT TRIGGERED:** Sustained Pending is a scheduler verdict (insufficient resources, taints, quota) — a state, not a level.\n\n**OWNER:** cloud-engineering · support business-hours · this does not page\n**RUNBOOK:** attached to this monitor as `Pods Cannot Be Scheduled` — open it from the monitor's Runbook asset.\n**AUTOMATED DIAGNOSTICS:** workflow `diag-k8s-workload` has run; its output is attached to this event.\n**RELATED EVENTS:** correlated on `kubernetes-nodes.stage.kubernetes-platform` — deployments, infrastructure changes and platform events from the last 30 minutes are attached as context.\n**SLO / ERROR BUDGET:** `slo-k8s-workload-availability` · no error-budget impact (non-production)\n{{/is_alert}}\n{{#is_warning}}\n## Pods Cannot Be Scheduled — warning\nApproaching the alert condition on {{value}}. Investigate before it becomes P3.\n{{/is_warning}}\n{{#is_no_data}}\n## Pods Cannot Be Scheduled — NO DATA\nTelemetry stopped arriving for {{value}}. Treat this as a telemetry-health incident: an unmonitored resource is worse than an alerting one.\n{{/is_no_data}}\n{{#is_recovery}}\n## Recovered · Pods Cannot Be Scheduled\n{{value}} returned to normal. Error-budget impact recorded against `slo-k8s-workload-availability`. No action required; the correlation group closes when every child recovers.\n{{/is_recovery}}\n{{#is_warning_recovery}}\nWarning cleared for {{value}}.\n{{/is_warning_recovery}}",
            "monitor_threshold_windows": [],
            "monitor_thresholds": [
              {
                "critical": "3",
                "critical_recovery": "",
                "ok": "",
                "unknown": "",
                "warning": "1",
                "warning_recovery": ""
              }
            ],
            "name": "[P3][stage][kubernetes] Pods Cannot Be Scheduled (standard)",
            "new_group_delay": 300,
            "new_host_delay": 300,
            "no_data_timeframe": 0,
            "notification_preset_name": "",
            "notify_audit": false,
            "notify_by": [
              "kube_cluster_name"
            ],
            "notify_no_data": false,
            "on_missing_data": "",
            "priority": "3",
            "query": "min(last_30m):sum:kubernetes_state.pod.status_phase{env:stage,alert_band:standard,phase:pending} by {kube_cluster_name,kube_namespace} \u003e= 3",
            "renotify_interval": 120,
            "renotify_occurrences": 3,
            "renotify_statuses": [
              "alert"
            ],
            "require_full_window": false,
            "restricted_roles": null,
            "scheduling_options": [],
            "tags": [
              "alert_band:standard",
              "archetype:k8s-pods-pending",
              "automation_ref:diag-k8s-workload",
              "correlation_key:kubernetes-nodes.stage.kubernetes-platform",
              "dedup_key:kubernetes-platform.stage.k8s-pods-pending.standard",
              "detection:threshold",
              "domain:kubernetes",
              "env:stage",
              "failure_domain:kubernetes-nodes",
              "impact_class:degradation",
              "managed_by:terraform",
              "managed_source:platform",
              "monitor_id:stage.standard.kubernetes.k8s-pods-pending",
              "monitoring_profile:standard",
              "notification_profile:nonprod_standard",
              "owner:cloud-engineering",
              "pages:false",
              "priority:p3",
              "resource_type:kube_pod",
              "runbook:k8s-pods-pending",
              "runbook_notebook:15298645",
              "service:kubernetes-platform",
              "signal:availability",
              "slo_id:slo-k8s-workload-availability",
              "support_model:business-hours",
              "team:cloud-engineering",
              "tier:tier2"
            ],
            "timeout_h": 18,
            "type": "query alert",
            "validate": null,
            "variables": []
          },
          "sensitive_attributes": [],
          "private": "bnVsbA=="
        },
        {
          "index_key": "stage.standard.kubernetes.k8s-telemetry-loss",
          "schema_version": 0,
          "attributes": {
            "assets": [
              {
                "category": "runbook",
                "name": "Kubernetes Cluster Stopped Reporting",
                "resource_key": "15298655",
                "resource_type": "notebook",
                "url": "https://app.datadoghq.com/notebook/15298655"
              }
            ],
            "draft_status": "published",
            "enable_logs_sample": null,
            "enable_samples": null,
            "escalation_message": "",
            "evaluation_delay": 300,
            "force_delete": null,
            "group_retention_duration": "",
            "groupby_simple_monitor": null,
            "id": "314372481",
            "include_tags": true,
            "locked": false,
            "message": "{{#is_alert}}\n## P4 · Kubernetes Cluster Stopped Reporting\n**WHAT:** Kubernetes Cluster Stopped Reporting: telemetry_health signal detected by threshold analysis.\n**WHERE:** {{value}} · env `stage` · region `global`\n**SERVICE:** `kubernetes-platform` (kubernetes / kube_cluster, tier2)\n**BUSINESS IMPACT:** Observability or configuration hygiene is degraded. No direct customer impact, but our ability to see or govern the estate is reduced.\n**WHY IT TRIGGERED:** Absence of cluster telemetry is binary.\n**OWNER:** cloud-engineering · support business-hours · this does not page\n**RUNBOOK:** attached to this monitor as `Kubernetes Cluster Stopped Reporting` — open it from the monitor's Runbook asset.\n**AUTOMATED DIAGNOSTICS:** workflow `diag-k8s-workload` has run; its output is attached to this event.\n**RELATED EVENTS:** correlated on `kubernetes-control-plane.stage.kubernetes-platform` — deployments, infrastructure changes and platform events from the last 30 minutes are attached as context.\n**SLO / ERROR BUDGET:** `slo-k8s-workload-availability` · no error-budget impact (non-production)\n{{/is_alert}}\n{{#is_warning}}\n## Kubernetes Cluster Stopped Reporting — warning\nApproaching the alert condition on {{value}}. Investigate before it becomes P4.\n{{/is_warning}}\n{{#is_no_data}}\n## Kubernetes Cluster Stopped Reporting — NO DATA\nTelemetry stopped arriving for {{value}}. Treat this as a telemetry-health incident: an unmonitored resource is worse than an alerting one.\n{{/is_no_data}}\n{{#is_recovery}}\n## Recovered · Kubernetes Cluster Stopped Reporting\n{{value}} returned to normal. Error-budget impact recorded against `slo-k8s-workload-availability`. No action required; the correlation group closes when every child recovers.\n{{/is_recovery}}\n{{#is_warning_recovery}}\nWarning cleared for {{value}}.\n{{/is_warning_recovery}}",
            "monitor_threshold_windows": [],
            "monitor_thresholds": [
              {
                "critical": "1",
                "critical_recovery": "",
                "ok": "",
                "unknown": "",
                "warning": "",
                "warning_recovery": ""
              }
            ],
            "name": "[P4][stage][kubernetes] Kubernetes Cluster Stopped Reporting (standard)",
            "new_group_delay": 300,
            "new_host_delay": 300,
            "no_data_timeframe": 45,
            "notification_preset_name": "",
            "notify_audit": false,
            "notify_by": [],
            "notify_no_data": true,
            "on_missing_data": "",
            "priority": "4",
            "query": "sum(last_1h):sum:kubernetes.pods.running{env:stage,alert_band:standard} by {kube_cluster_name}.as_count() \u003c 1",
            "renotify_interval": 120,
            "renotify_occurrences": 3,
            "renotify_statuses": [
              "alert"
            ],
            "require_full_window": false,
            "restricted_roles": null,
            "scheduling_options": [],
            "tags": [
              "alert_band:standard",
              "archetype:k8s-telemetry-loss",
              "automation_ref:diag-k8s-workload",
              "correlation_key:kubernetes-control-plane.stage.kubernetes-platform",
              "dedup_key:kubernetes-platform.stage.k8s-telemetry-loss.standard",
              "detection:threshold",
              "domain:kubernetes",
              "env:stage",
              "failure_domain:kubernetes-control-plane",
              "impact_class:hygiene",
              "managed_by:terraform",
              "managed_source:platform",
              "monitor_id:stage.standard.kubernetes.k8s-telemetry-loss",
              "monitoring_profile:standard",
              "notification_profile:nonprod_standard",
              "owner:cloud-engineering",
              "pages:false",
              "priority:p4",
              "resource_type:kube_cluster",
              "runbook:k8s-telemetry-loss",
              "runbook_notebook:15298655",
              "service:kubernetes-platform",
              "signal:telemetry_health",
              "slo_id:slo-k8s-workload-availability",
              "support_model:business-hours",
              "team:cloud-engineering",
              "tier:tier2"
            ],
            "timeout_h": 24,
            "type": "query alert",
            "validate": null,
            "variables": []
          },
          "sensitive_attributes": [],
          "private": "bnVsbA=="
        },
        {
          "index_key": "stage.standard.messaging.consumer-absent",
          "schema_version": 0,
          "attributes": {
            "assets": [
              {
                "category": "runbook",
                "name": "No Active Consumer On Queue",
                "resource_key": "15298597",
                "resource_type": "notebook",
                "url": "https://app.datadoghq.com/notebook/15298597"
              }
            ],
            "draft_status": "published",
            "enable_logs_sample": null,
            "enable_samples": null,
            "escalation_message": "",
            "evaluation_delay": 300,
            "force_delete": null,
            "group_retention_duration": "",
            "groupby_simple_monitor": null,
            "id": "314372464",
            "include_tags": true,
            "locked": false,
            "message": "{{#is_alert}}\n## P3 · No Active Consumer On Queue\n**WHAT:** No Active Consumer On Queue: availability signal detected by threshold analysis.\n**WHERE:** {{value}} · env `stage` · region `global`\n**SERVICE:** `messaging-platform` (messaging / queue, tier2)\n**BUSINESS IMPACT:** Customers are affected now, or a mission-critical capability is unavailable.\n**WHY IT TRIGGERED:** Zero consumers on a live queue is binary and silent — the queue looks healthy while the business stops.\n\n**OWNER:** cloud-engineering · support business-hours · this does not page\n**RUNBOOK:** attached to this monitor as `No Active Consumer On Queue` — open it from the monitor's Runbook asset.\n**AUTOMATED DIAGNOSTICS:** workflow `diag-messaging` has run; its output is attached to this event.\n**RELATED EVENTS:** correlated on `messaging-platform.stage.messaging-platform` — deployments, infrastructure changes and platform events from the last 30 minutes are attached as context.\n**SLO / ERROR BUDGET:** `slo-messaging-delivery` · no error-budget impact (non-production)\n{{/is_alert}}\n{{#is_warning}}\n## No Active Consumer On Queue — warning\nApproaching the alert condition on {{value}}. Investigate before it becomes P3.\n{{/is_warning}}\n{{#is_no_data}}\n## No Active Consumer On Queue — NO DATA\nTelemetry stopped arriving for {{value}}. Treat this as a telemetry-health incident: an unmonitored resource is worse than an alerting one.\n{{/is_no_data}}\n{{#is_recovery}}\n## Recovered · No Active Consumer On Queue\n{{value}} returned to normal. Error-budget impact recorded against `slo-messaging-delivery`. No action required; the correlation group closes when every child recovers.\n{{/is_recovery}}\n{{#is_warning_recovery}}\nWarning cleared for {{value}}.\n{{/is_warning_recovery}}",
            "monitor_threshold_windows": [],
            "monitor_thresholds": [
              {
                "critical": "1",
                "critical_recovery": "",
                "ok": "",
                "unknown": "",
                "warning": "",
                "warning_recovery": ""
              }
            ],
            "name": "[P3][stage][messaging] No Active Consumer On Queue (standard)",
            "new_group_delay": 300,
            "new_host_delay": 300,
            "no_data_timeframe": 0,
            "notification_preset_name": "",
            "notify_audit": false,
            "notify_by": [
              "namespace"
            ],
            "notify_no_data": false,
            "on_missing_data": "",
            "priority": "3",
            "query": "min(last_30m):avg:acme.messaging.active_consumers{env:stage,alert_band:standard} by {namespace,entity} \u003c 1",
            "renotify_interval": 120,
            "renotify_occurrences": 3,
            "renotify_statuses": [
              "alert"
            ],
            "require_full_window": false,
            "restricted_roles": null,
            "scheduling_options": [],
            "tags": [
              "alert_band:standard",
              "archetype:consumer-absent",
              "automation_ref:diag-messaging",
              "correlation_key:messaging-platform.stage.messaging-platform",
              "dedup_key:messaging-platform.stage.consumer-absent.standard",
              "detection:threshold",
              "domain:messaging",
              "env:stage",
              "failure_domain:messaging-platform",
              "impact_class:customer_impact",
              "managed_by:terraform",
              "managed_source:platform",
              "monitor_id:stage.standard.messaging.consumer-absent",
              "monitoring_profile:standard",
              "notification_profile:nonprod_standard",
              "owner:cloud-engineering",
              "pages:false",
              "priority:p3",
              "resource_type:queue",
              "runbook:consumer-absent",
              "runbook_notebook:15298597",
              "service:messaging-platform",
              "signal:availability",
              "slo_id:slo-messaging-delivery",
              "support_model:business-hours",
              "team:cloud-engineering",
              "tier:tier2"
            ],
            "timeout_h": 18,
            "type": "query alert",
            "validate": null,
            "variables": []
          },
          "sensitive_attributes": [],
          "private": "bnVsbA=="
        },
        {
          "index_key": "stage.standard.messaging.consumer-dlq-growth",
          "schema_version": 0,
          "attributes": {
            "assets": [
              {
                "category": "runbook",
                "name": "Dead Letter Queue Growth",
                "resource_key": "15298598",
                "resource_type": "notebook",
                "url": "https://app.datadoghq.com/notebook/15298598"
              }
            ],
            "draft_status": "published",
            "enable_logs_sample": null,
            "enable_samples": null,
            "escalation_message": "",
            "evaluation_delay": 300,
            "force_delete": null,
            "group_retention_duration": "",
            "groupby_simple_monitor": null,
            "id": "314372555",
            "include_tags": true,
            "locked": false,
            "message": "{{#is_alert}}\n## P3 · Dead Letter Queue Growth\n**WHAT:** Dead Letter Queue Growth: dlq_depth signal detected by threshold analysis.\n**WHERE:** {{value}} · env `stage` · region `global`\n**SERVICE:** `messaging-platform` (messaging / queue, tier2)\n**BUSINESS IMPACT:** The service still functions but measurably worse; a subset of traffic or users is failing.\n**WHY IT TRIGGERED:** Dead-lettered messages are business events that were permanently lost; the threshold reflects the manual replay capacity of one engineer.\n\n**OWNER:** cloud-engineering · support business-hours · this does not page\n**RUNBOOK:** attached to this monitor as `Dead Letter Queue Growth` — open it from the monitor's Runbook asset.\n**AUTOMATED DIAGNOSTICS:** workflow `remediate-clear-dlq` has run; its output is attached to this event.\n**RELATED EVENTS:** correlated on `messaging-platform.stage.messaging-platform` — deployments, infrastructure changes and platform events from the last 30 minutes are attached as context.\n**SLO / ERROR BUDGET:** `slo-messaging-delivery` · no error-budget impact (non-production)\n{{/is_alert}}\n{{#is_warning}}\n## Dead Letter Queue Growth — warning\nApproaching the alert condition on {{value}}. Investigate before it becomes P3.\n{{/is_warning}}\n{{#is_no_data}}\n## Dead Letter Queue Growth — NO DATA\nTelemetry stopped arriving for {{value}}. Treat this as a telemetry-health incident: an unmonitored resource is worse than an alerting one.\n{{/is_no_data}}\n{{#is_recovery}}\n## Recovered · Dead Letter Queue Growth\n{{value}} returned to normal. Error-budget impact recorded against `slo-messaging-delivery`. No action required; the correlation group closes when every child recovers.\n{{/is_recovery}}\n{{#is_warning_recovery}}\nWarning cleared for {{value}}.\n{{/is_warning_recovery}}",
            "monitor_threshold_windows": [],
            "monitor_thresholds": [
              {
                "critical": "100",
                "critical_recovery": "",
                "ok": "",
                "unknown": "",
                "warning": "10",
                "warning_recovery": ""
              }
            ],
            "name": "[P3][stage][messaging] Dead Letter Queue Growth (standard)",
            "new_group_delay": 300,
            "new_host_delay": 300,
            "no_data_timeframe": 0,
            "notification_preset_name": "",
            "notify_audit": false,
            "notify_by": [
              "namespace"
            ],
            "notify_no_data": false,
            "on_missing_data": "",
            "priority": "3",
            "query": "avg(last_1h):avg:azure.servicebus_namespaces.count_of_dead_lettered_messages_in_a_queue_topic{env:stage,alert_band:standard} by {namespace,entity} \u003e 100",
            "renotify_interval": 120,
            "renotify_occurrences": 3,
            "renotify_statuses": [
              "alert"
            ],
            "require_full_window": false,
            "restricted_roles": null,
            "scheduling_options": [],
            "tags": [
              "alert_band:standard",
              "archetype:consumer-dlq-growth",
              "automation_ref:remediate-clear-dlq",
              "correlation_key:messaging-platform.stage.messaging-platform",
              "dedup_key:messaging-platform.stage.consumer-dlq-growth.standard",
              "detection:threshold",
              "domain:messaging",
              "env:stage",
              "failure_domain:messaging-platform",
              "impact_class:degradation",
              "managed_by:terraform",
              "managed_source:platform",
              "monitor_id:stage.standard.messaging.consumer-dlq-growth",
              "monitoring_profile:standard",
              "notification_profile:nonprod_standard",
              "owner:cloud-engineering",
              "pages:false",
              "priority:p3",
              "resource_type:queue",
              "runbook:consumer-dlq-growth",
              "runbook_notebook:15298598",
              "service:messaging-platform",
              "signal:dlq_depth",
              "slo_id:slo-messaging-delivery",
              "support_model:business-hours",
              "team:cloud-engineering",
              "tier:tier2"
            ],
            "timeout_h": 18,
            "type": "query alert",
            "validate": null,
            "variables": []
          },
          "sensitive_attributes": [],
          "private": "bnVsbA=="
        },
        {
          "index_key": "stage.standard.messaging.messaging-publish-failure",
          "schema_version": 0,
          "attributes": {
            "assets": [
              {
                "category": "runbook",
                "name": "Message Publish Failures",
                "resource_key": "15298658",
                "resource_type": "notebook",
                "url": "https://app.datadoghq.com/notebook/15298658"
              }
            ],
            "draft_status": "published",
            "enable_logs_sample": null,
            "enable_samples": null,
            "escalation_message": "",
            "evaluation_delay": 300,
            "force_delete": null,
            "group_retention_duration": "",
            "groupby_simple_monitor": null,
            "id": "314372452",
            "include_tags": true,
            "locked": false,
            "message": "{{#is_alert}}\n## P3 · Message Publish Failures\n**WHAT:** Message Publish Failures: error_rate signal detected by anomaly analysis.\n**WHERE:** {{value}} · env `stage` · region `global`\n**SERVICE:** `messaging-platform` (messaging / service, tier2)\n**BUSINESS IMPACT:** Customers are affected now, or a mission-critical capability is unavailable.\n**WHY IT TRIGGERED:** The signal deviated from its own learned baseline by more than the configured number of deviations — not because it crossed a fixed number.\n**OWNER:** cloud-engineering · support business-hours · this does not page\n**RUNBOOK:** attached to this monitor as `Message Publish Failures` — open it from the monitor's Runbook asset.\n**AUTOMATED DIAGNOSTICS:** workflow `diag-messaging` has run; its output is attached to this event.\n**RELATED EVENTS:** correlated on `messaging-platform.stage.messaging-platform` — deployments, infrastructure changes and platform events from the last 30 minutes are attached as context.\n**SLO / ERROR BUDGET:** `slo-messaging-delivery` · no error-budget impact (non-production)\n{{/is_alert}}\n{{#is_warning}}\n## Message Publish Failures — warning\nApproaching the alert condition on {{value}}. Investigate before it becomes P3.\n{{/is_warning}}\n{{#is_no_data}}\n## Message Publish Failures — NO DATA\nTelemetry stopped arriving for {{value}}. Treat this as a telemetry-health incident: an unmonitored resource is worse than an alerting one.\n{{/is_no_data}}\n{{#is_recovery}}\n## Recovered · Message Publish Failures\n{{value}} returned to normal. Error-budget impact recorded against `slo-messaging-delivery`. No action required; the correlation group closes when every child recovers.\n{{/is_recovery}}\n{{#is_warning_recovery}}\nWarning cleared for {{value}}.\n{{/is_warning_recovery}}",
            "monitor_threshold_windows": [],
            "monitor_thresholds": [
              {
                "critical": "1",
                "critical_recovery": "",
                "ok": "",
                "unknown": "",
                "warning": "",
                "warning_recovery": ""
              }
            ],
            "name": "[P3][stage][messaging] Message Publish Failures (standard)",
            "new_group_delay": 300,
            "new_host_delay": 300,
            "no_data_timeframe": 0,
            "notification_preset_name": "",
            "notify_audit": false,
            "notify_by": [
              "namespace"
            ],
            "notify_no_data": false,
            "on_missing_data": "",
            "priority": "3",
            "query": "avg(last_30m):anomalies(sum:acme.messaging.publish_errors{env:stage,alert_band:standard} by {service,namespace}.as_rate(), 'agile', 3) \u003e= 1",
            "renotify_interval": 120,
            "renotify_occurrences": 3,
            "renotify_statuses": [
              "alert"
            ],
            "require_full_window": false,
            "restricted_roles": null,
            "scheduling_options": [],
            "tags": [
              "alert_band:standard",
              "archetype:messaging-publish-failure",
              "automation_ref:diag-messaging",
              "correlation_key:messaging-platform.stage.messaging-platform",
              "dedup_key:messaging-platform.stage.messaging-publish-failure.standard",
              "detection:anomaly",
              "domain:messaging",
              "env:stage",
              "failure_domain:messaging-platform",
              "impact_class:customer_impact",
              "managed_by:terraform",
              "managed_source:platform",
              "monitor_id:stage.standard.messaging.messaging-publish-failure",
              "monitoring_profile:standard",
              "notification_profile:nonprod_standard",
              "owner:cloud-engineering",
              "pages:false",
              "priority:p3",
              "resource_type:service",
              "runbook:messaging-publish-failure",
              "runbook_notebook:15298658",
              "service:messaging-platform",
              "signal:error_rate",
              "slo_id:slo-messaging-delivery",
              "support_model:business-hours",
              "team:cloud-engineering",
              "tier:tier2"
            ],
            "timeout_h": 18,
            "type": "query alert",
            "validate": null,
            "variables": []
          },
          "sensitive_attributes": [],
          "private": "bnVsbA=="
        },
        {
          "index_key": "stage.standard.network.loadbalancer-pool-degraded",
          "schema_version": 0,
          "attributes": {
            "assets": [
              {
                "category": "runbook",
                "name": "Load Balancer Pool Redundancy Degraded",
                "resource_key": "15298656",
                "resource_type": "notebook",
                "url": "https://app.datadoghq.com/notebook/15298656"
              }
            ],
            "draft_status": "published",
            "enable_logs_sample": null,
            "enable_samples": null,
            "escalation_message": "",
            "evaluation_delay": 300,
            "force_delete": null,
            "group_retention_duration": "",
            "groupby_simple_monitor": null,
            "id": "314372445",
            "include_tags": true,
            "locked": false,
            "message": "{{#is_alert}}\n## P3 · Load Balancer Pool Redundancy Degraded\n**WHAT:** Load Balancer Pool Redundancy Degraded: availability signal detected by threshold analysis.\n**WHERE:** {{value}} · env `stage` · region `global`\n**SERVICE:** `network-platform` (network / load_balancer, tier2)\n**BUSINESS IMPACT:** The service still functions but measurably worse; a subset of traffic or users is failing.\n**WHY IT TRIGGERED:** Redundancy ratios are a design contract.\n**OWNER:** infrastructure-engineering · support business-hours · this does not page\n**RUNBOOK:** attached to this monitor as `Load Balancer Pool Redundancy Degraded` — open it from the monitor's Runbook asset.\n**AUTOMATED DIAGNOSTICS:** workflow `diag-network` has run; its output is attached to this event.\n**RELATED EVENTS:** correlated on `network-edge.stage.network-platform` — deployments, infrastructure changes and platform events from the last 30 minutes are attached as context.\n**SLO / ERROR BUDGET:** `slo-network-availability` · no error-budget impact (non-production)\n{{/is_alert}}\n{{#is_warning}}\n## Load Balancer Pool Redundancy Degraded — warning\nApproaching the alert condition on {{value}}. Investigate before it becomes P3.\n{{/is_warning}}\n{{#is_no_data}}\n## Load Balancer Pool Redundancy Degraded — NO DATA\nTelemetry stopped arriving for {{value}}. Treat this as a telemetry-health incident: an unmonitored resource is worse than an alerting one.\n{{/is_no_data}}\n{{#is_recovery}}\n## Recovered · Load Balancer Pool Redundancy Degraded\n{{value}} returned to normal. Error-budget impact recorded against `slo-network-availability`. No action required; the correlation group closes when every child recovers.\n{{/is_recovery}}\n{{#is_warning_recovery}}\nWarning cleared for {{value}}.\n{{/is_warning_recovery}}",
            "monitor_threshold_windows": [],
            "monitor_thresholds": [
              {
                "critical": "0.6",
                "critical_recovery": "",
                "ok": "",
                "unknown": "",
                "warning": "0.8",
                "warning_recovery": ""
              }
            ],
            "name": "[P3][stage][network] Load Balancer Pool Redundancy Degraded (standard)",
            "new_group_delay": 300,
            "new_host_delay": 300,
            "no_data_timeframe": 0,
            "notification_preset_name": "",
            "notify_audit": false,
            "notify_by": [
              "load_balancer"
            ],
            "notify_no_data": false,
            "on_missing_data": "",
            "priority": "3",
            "query": "min(last_15m):avg:acme.lb.healthy_members{env:stage,alert_band:standard} by {load_balancer,pool} / avg:acme.lb.total_members{env:stage,alert_band:standard} by {load_balancer,pool} \u003c 0.6",
            "renotify_interval": 120,
            "renotify_occurrences": 3,
            "renotify_statuses": [
              "alert"
            ],
            "require_full_window": false,
            "restricted_roles": null,
            "scheduling_options": [],
            "tags": [
              "alert_band:standard",
              "archetype:loadbalancer-pool-degraded",
              "automation_ref:diag-network",
              "correlation_key:network-edge.stage.network-platform",
              "dedup_key:network-platform.stage.loadbalancer-pool-degraded.standard",
              "detection:threshold",
              "domain:network",
              "env:stage",
              "failure_domain:network-edge",
              "impact_class:degradation",
              "managed_by:terraform",
              "managed_source:platform",
              "monitor_id:stage.standard.network.loadbalancer-pool-degraded",
              "monitoring_profile:standard",
              "notification_profile:nonprod_standard",
              "owner:infrastructure-engineering",
              "pages:false",
              "priority:p3",
              "resource_type:load_balancer",
              "runbook:loadbalancer-pool-degraded",
              "runbook_notebook:15298656",
              "service:network-platform",
              "signal:availability",
              "slo_id:slo-network-availability",
              "support_model:business-hours",
              "team:infrastructure-engineering",
              "tier:tier2"
            ],
            "timeout_h": 18,
            "type": "query alert",
            "validate": null,
            "variables": []
          },
          "sensitive_attributes": [],
          "private": "bnVsbA=="
        },
        {
          "index_key": "stage.standard.platform.platform-service-unavailable",
          "schema_version": 0,
          "attributes": {
            "assets": [
              {
                "category": "runbook",
                "name": "Shared Platform Service Unavailable",
                "resource_key": "15298671",
                "resource_type": "notebook",
                "url": "https://app.datadoghq.com/notebook/15298671"
              }
            ],
            "draft_status": "published",
            "enable_logs_sample": null,
            "enable_samples": null,
            "escalation_message": "",
            "evaluation_delay": 300,
            "force_delete": null,
            "group_retention_duration": "",
            "groupby_simple_monitor": null,
            "id": "314372395",
            "include_tags": true,
            "locked": false,
            "message": "{{#is_alert}}\n## P3 · Shared Platform Service Unavailable\n**WHAT:** Shared Platform Service Unavailable: availability signal detected by threshold analysis.\n**WHERE:** {{value}} · env `stage` · region `global`\n**SERVICE:** `platform-services` (platform / service, tier2)\n**BUSINESS IMPACT:** Customers are affected now, or a mission-critical capability is unavailable.\n**WHY IT TRIGGERED:** A shared platform service failing for most callers is an availability boundary that multiplies across every consuming team.\n\n**OWNER:** observability-platform · support business-hours · this does not page\n**RUNBOOK:** attached to this monitor as `Shared Platform Service Unavailable` — open it from the monitor's Runbook asset.\n**AUTOMATED DIAGNOSTICS:** workflow `diag-app-health` has run; its output is attached to this event.\n**RELATED EVENTS:** correlated on `observability-platform.stage.platform-services` — deployments, infrastructure changes and platform events from the last 30 minutes are attached as context.\n**SLO / ERROR BUDGET:** `slo-platform-services` · no error-budget impact (non-production)\n{{/is_alert}}\n{{#is_warning}}\n## Shared Platform Service Unavailable — warning\nApproaching the alert condition on {{value}}. Investigate before it becomes P3.\n{{/is_warning}}\n{{#is_no_data}}\n## Shared Platform Service Unavailable — NO DATA\nTelemetry stopped arriving for {{value}}. Treat this as a telemetry-health incident: an unmonitored resource is worse than an alerting one.\n{{/is_no_data}}\n{{#is_recovery}}\n## Recovered · Shared Platform Service Unavailable\n{{value}} returned to normal. Error-budget impact recorded against `slo-platform-services`. No action required; the correlation group closes when every child recovers.\n{{/is_recovery}}\n{{#is_warning_recovery}}\nWarning cleared for {{value}}.\n{{/is_warning_recovery}}",
            "monitor_threshold_windows": [],
            "monitor_thresholds": [
              {
                "critical": "0.5",
                "critical_recovery": "",
                "ok": "",
                "unknown": "",
                "warning": "0.2",
                "warning_recovery": ""
              }
            ],
            "name": "[P3][stage][platform] Shared Platform Service Unavailable (standard)",
            "new_group_delay": 300,
            "new_host_delay": 300,
            "no_data_timeframe": 0,
            "notification_preset_name": "",
            "notify_audit": false,
            "notify_by": [],
            "notify_no_data": false,
            "on_missing_data": "",
            "priority": "3",
            "query": "sum(last_10m):sum:trace.http.request.hits{env:stage,alert_band:standard,service_archetype:platform_service,http.status_class:5xx} by {service}.as_count() / sum:trace.http.request.hits{env:stage,alert_band:standard,service_archetype:platform_service} by {service}.as_count() \u003e 0.5",
            "renotify_interval": 120,
            "renotify_occurrences": 3,
            "renotify_statuses": [
              "alert"
            ],
            "require_full_window": false,
            "restricted_roles": null,
            "scheduling_options": [],
            "tags": [
              "alert_band:standard",
              "archetype:platform-service-unavailable",
              "automation_ref:diag-app-health",
              "correlation_key:observability-platform.stage.platform-services",
              "dedup_key:platform-services.stage.platform-service-unavailable.standard",
              "detection:threshold",
              "domain:platform",
              "env:stage",
              "failure_domain:observability-platform",
              "impact_class:customer_impact",
              "managed_by:terraform",
              "managed_source:platform",
              "monitor_id:stage.standard.platform.platform-service-unavailable",
              "monitoring_profile:standard",
              "notification_profile:nonprod_standard",
              "owner:observability-platform",
              "pages:false",
              "priority:p3",
              "resource_type:service",
              "runbook:platform-service-unavailable",
              "runbook_notebook:15298671",
              "service:platform-services",
              "signal:availability",
              "slo_id:slo-platform-services",
              "support_model:business-hours",
              "team:observability-platform",
              "tier:tier2"
            ],
            "timeout_h": 18,
            "type": "query alert",
            "validate": null,
            "variables": []
          },
          "sensitive_attributes": [],
          "private": "bnVsbA=="
        },
        {
          "index_key": "stage.standard.saas.saas-error-anomaly",
          "schema_version": 0,
          "attributes": {
            "assets": [
              {
                "category": "runbook",
                "name": "SaaS Dependency Error Anomaly",
                "resource_key": "15298677",
                "resource_type": "notebook",
                "url": "https://app.datadoghq.com/notebook/15298677"
              }
            ],
            "draft_status": "published",
            "enable_logs_sample": null,
            "enable_samples": null,
            "escalation_message": "",
            "evaluation_delay": 300,
            "force_delete": null,
            "group_retention_duration": "",
            "groupby_simple_monitor": null,
            "id": "314372486",
            "include_tags": true,
            "locked": false,
            "message": "{{#is_alert}}\n## P3 · SaaS Dependency Error Anomaly\n**WHAT:** SaaS Dependency Error Anomaly: error_rate signal detected by anomaly analysis.\n**WHERE:** {{value}} · env `stage` · region `global`\n**SERVICE:** `external-dependencies` (saas / saas_vendor, tier2)\n**BUSINESS IMPACT:** The service still functions but measurably worse; a subset of traffic or users is failing.\n**WHY IT TRIGGERED:** The signal deviated from its own learned baseline by more than the configured number of deviations — not because it crossed a fixed number.\n**OWNER:** sre · support business-hours · this does not page\n**RUNBOOK:** attached to this monitor as `SaaS Dependency Error Anomaly` — open it from the monitor's Runbook asset.\n**AUTOMATED DIAGNOSTICS:** workflow `diag-dependency` has run; its output is attached to this event.\n**RELATED EVENTS:** correlated on `saas-dependency.stage.external-dependencies` — deployments, infrastructure changes and platform events from the last 30 minutes are attached as context.\n**SLO / ERROR BUDGET:** `slo-external-dependency` · no error-budget impact (non-production)\n{{/is_alert}}\n{{#is_warning}}\n## SaaS Dependency Error Anomaly — warning\nApproaching the alert condition on {{value}}. Investigate before it becomes P3.\n{{/is_warning}}\n{{#is_no_data}}\n## SaaS Dependency Error Anomaly — NO DATA\nTelemetry stopped arriving for {{value}}. Treat this as a telemetry-health incident: an unmonitored resource is worse than an alerting one.\n{{/is_no_data}}\n{{#is_recovery}}\n## Recovered · SaaS Dependency Error Anomaly\n{{value}} returned to normal. Error-budget impact recorded against `slo-external-dependency`. No action required; the correlation group closes when every child recovers.\n{{/is_recovery}}\n{{#is_warning_recovery}}\nWarning cleared for {{value}}.\n{{/is_warning_recovery}}",
            "monitor_threshold_windows": [],
            "monitor_thresholds": [
              {
                "critical": "1",
                "critical_recovery": "",
                "ok": "",
                "unknown": "",
                "warning": "",
                "warning_recovery": ""
              }
            ],
            "name": "[P3][stage][saas] SaaS Dependency Error Anomaly (standard)",
            "new_group_delay": 300,
            "new_host_delay": 300,
            "no_data_timeframe": 0,
            "notification_preset_name": "",
            "notify_audit": false,
            "notify_by": [],
            "notify_no_data": false,
            "on_missing_data": "",
            "priority": "3",
            "query": "avg(last_30m):anomalies(sum:trace.http.client.request.errors{env:stage,alert_band:standard,peer.dependency_kind:external} by {service,peer.service}.as_rate(), 'agile', 3) \u003e= 1",
            "renotify_interval": 120,
            "renotify_occurrences": 3,
            "renotify_statuses": [
              "alert"
            ],
            "require_full_window": false,
            "restricted_roles": null,
            "scheduling_options": [],
            "tags": [
              "alert_band:standard",
              "archetype:saas-error-anomaly",
              "automation_ref:diag-dependency",
              "correlation_key:saas-dependency.stage.external-dependencies",
              "dedup_key:external-dependencies.stage.saas-error-anomaly.standard",
              "detection:anomaly",
              "domain:saas",
              "env:stage",
              "failure_domain:saas-dependency",
              "impact_class:degradation",
              "managed_by:terraform",
              "managed_source:platform",
              "monitor_id:stage.standard.saas.saas-error-anomaly",
              "monitoring_profile:standard",
              "notification_profile:nonprod_standard",
              "owner:sre",
              "pages:false",
              "priority:p3",
              "resource_type:saas_vendor",
              "runbook:saas-error-anomaly",
              "runbook_notebook:15298677",
              "service:external-dependencies",
              "signal:error_rate",
              "slo_id:slo-external-dependency",
              "support_model:business-hours",
              "team:sre",
              "tier:tier2"
            ],
            "timeout_h": 18,
            "type": "query alert",
            "validate": null,
            "variables": []
          },
          "sensitive_attributes": [],
          "private": "bnVsbA=="
        },
        {
          "index_key": "stage.standard.saas.synthetic-certificate-expiry",
          "schema_version": 0,
          "attributes": {
            "assets": [
              {
                "category": "runbook",
                "name": "Endpoint TLS Certificate Approaching Expiry",
                "resource_key": "15298692",
                "resource_type": "notebook",
                "url": "https://app.datadoghq.com/notebook/15298692"
              }
            ],
            "draft_status": "published",
            "enable_logs_sample": null,
            "enable_samples": null,
            "escalation_message": "",
            "evaluation_delay": 300,
            "force_delete": null,
            "group_retention_duration": "",
            "groupby_simple_monitor": null,
            "id": "314372446",
            "include_tags": true,
            "locked": false,
            "message": "{{#is_alert}}\n## P3 · Endpoint TLS Certificate Approaching Expiry\n**WHAT:** Endpoint TLS Certificate Approaching Expiry: certificate_expiry signal detected by threshold analysis.\n**WHERE:** {{value}} · env `stage` · region `global`\n**SERVICE:** `external-dependencies` (saas / synthetic_check, tier2)\n**BUSINESS IMPACT:** Nothing is broken yet. A boundary will be crossed if nobody acts within the lead time this monitor provides.\n**WHY IT TRIGGERED:** 21 days matches the PKI renewal lead time.\n**OWNER:** sre · support business-hours · this does not page\n**RUNBOOK:** attached to this monitor as `Endpoint TLS Certificate Approaching Expiry` — open it from the monitor's Runbook asset.\n**AUTOMATED DIAGNOSTICS:** workflow `auto-cert-renewal-ticket` has run; its output is attached to this event.\n**RELATED EVENTS:** correlated on `external-endpoint.stage.external-dependencies` — deployments, infrastructure changes and platform events from the last 30 minutes are attached as context.\n**SLO / ERROR BUDGET:** `slo-external-dependency` · no error-budget impact (non-production)\n{{/is_alert}}\n{{#is_warning}}\n## Endpoint TLS Certificate Approaching Expiry — warning\nApproaching the alert condition on {{value}}. Investigate before it becomes P3.\n{{/is_warning}}\n{{#is_no_data}}\n## Endpoint TLS Certificate Approaching Expiry — NO DATA\nTelemetry stopped arriving for {{value}}. Treat this as a telemetry-health incident: an unmonitored resource is worse than an alerting one.\n{{/is_no_data}}\n{{#is_recovery}}\n## Recovered · Endpoint TLS Certificate Approaching Expiry\n{{value}} returned to normal. Error-budget impact recorded against `slo-external-dependency`. No action required; the correlation group closes when every child recovers.\n{{/is_recovery}}\n{{#is_warning_recovery}}\nWarning cleared for {{value}}.\n{{/is_warning_recovery}}",
            "monitor_threshold_windows": [],
            "monitor_thresholds": [
              {
                "critical": "21",
                "critical_recovery": "",
                "ok": "",
                "unknown": "",
                "warning": "45",
                "warning_recovery": ""
              }
            ],
            "name": "[P3][stage][saas] Endpoint TLS Certificate Approaching Expiry (standard)",
            "new_group_delay": 300,
            "new_host_delay": 300,
            "no_data_timeframe": 0,
            "notification_preset_name": "",
            "notify_audit": false,
            "notify_by": [],
            "notify_no_data": false,
            "on_missing_data": "",
            "priority": "3",
            "query": "min(last_6h):min:synthetics.ssl.days_left{env:stage,alert_band:standard} by {check_id} \u003c 21",
            "renotify_interval": 120,
            "renotify_occurrences": 3,
            "renotify_statuses": [
              "alert"
            ],
            "require_full_window": false,
            "restricted_roles": null,
            "scheduling_options": [],
            "tags": [
              "alert_band:standard",
              "archetype:synthetic-certificate-expiry",
              "automation_ref:auto-cert-renewal-ticket",
              "compliance_scope:sox",
              "correlation_key:external-endpoint.stage.external-dependencies",
              "dedup_key:external-dependencies.stage.synthetic-certificate-expiry.standard",
              "detection:threshold",
              "domain:saas",
              "env:stage",
              "failure_domain:external-endpoint",
              "impact_class:risk",
              "managed_by:terraform",
              "managed_source:platform",
              "monitor_id:stage.standard.saas.synthetic-certificate-expiry",
              "monitoring_profile:standard",
              "notification_profile:nonprod_standard",
              "owner:sre",
              "pages:false",
              "priority:p3",
              "resource_type:synthetic_check",
              "runbook:synthetic-certificate-expiry",
              "runbook_notebook:15298692",
              "service:external-dependencies",
              "signal:certificate_expiry",
              "slo_id:slo-external-dependency",
              "support_model:business-hours",
              "team:sre",
              "tier:tier2"
            ],
            "timeout_h": 18,
            "type": "query alert",
            "validate": null,
            "variables": []
          },
          "sensitive_attributes": [],
          "private": "bnVsbA=="
        },
        {
          "index_key": "stage.standard.saas.synthetic-endpoint-down",
          "schema_version": 0,
          "attributes": {
            "assets": [
              {
                "category": "runbook",
                "name": "External Endpoint Unavailable",
                "resource_key": "15298693",
                "resource_type": "notebook",
                "url": "https://app.datadoghq.com/notebook/15298693"
              }
            ],
            "draft_status": "published",
            "enable_logs_sample": null,
            "enable_samples": null,
            "escalation_message": "",
            "evaluation_delay": 300,
            "force_delete": null,
            "group_retention_duration": "",
            "groupby_simple_monitor": null,
            "id": "314372428",
            "include_tags": true,
            "locked": false,
            "message": "{{#is_alert}}\n## P3 · External Endpoint Unavailable\n**WHAT:** External Endpoint Unavailable: availability signal detected by threshold analysis.\n**WHERE:** {{value}} · env `stage` · region `global`\n**SERVICE:** `external-dependencies` (saas / synthetic_check, tier2)\n**BUSINESS IMPACT:** Customers are affected now, or a mission-critical capability is unavailable.\n**WHY IT TRIGGERED:** Three failures across locations distinguishes a real outage from one unhappy probe location.\n\n**OWNER:** sre · support business-hours · this does not page\n**RUNBOOK:** attached to this monitor as `External Endpoint Unavailable` — open it from the monitor's Runbook asset.\n**AUTOMATED DIAGNOSTICS:** workflow `diag-external-endpoint` has run; its output is attached to this event.\n**RELATED EVENTS:** correlated on `external-endpoint.stage.external-dependencies` — deployments, infrastructure changes and platform events from the last 30 minutes are attached as context.\n**SLO / ERROR BUDGET:** `slo-external-dependency` · no error-budget impact (non-production)\n{{/is_alert}}\n{{#is_warning}}\n## External Endpoint Unavailable — warning\nApproaching the alert condition on {{value}}. Investigate before it becomes P3.\n{{/is_warning}}\n{{#is_no_data}}\n## External Endpoint Unavailable — NO DATA\nTelemetry stopped arriving for {{value}}. Treat this as a telemetry-health incident: an unmonitored resource is worse than an alerting one.\n{{/is_no_data}}\n{{#is_recovery}}\n## Recovered · External Endpoint Unavailable\n{{value}} returned to normal. Error-budget impact recorded against `slo-external-dependency`. No action required; the correlation group closes when every child recovers.\n{{/is_recovery}}\n{{#is_warning_recovery}}\nWarning cleared for {{value}}.\n{{/is_warning_recovery}}",
            "monitor_threshold_windows": [],
            "monitor_thresholds": [
              {
                "critical": "3",
                "critical_recovery": "",
                "ok": "",
                "unknown": "",
                "warning": "1",
                "warning_recovery": ""
              }
            ],
            "name": "[P3][stage][saas] External Endpoint Unavailable (standard)",
            "new_group_delay": 300,
            "new_host_delay": 300,
            "no_data_timeframe": 0,
            "notification_preset_name": "",
            "notify_audit": false,
            "notify_by": [
              "check_id"
            ],
            "notify_no_data": false,
            "on_missing_data": "",
            "priority": "3",
            "query": "sum(last_15m):sum:synthetics.test_runs{env:stage,alert_band:standard,status:failed} by {check_id,location}.as_count() \u003e= 3",
            "renotify_interval": 120,
            "renotify_occurrences": 3,
            "renotify_statuses": [
              "alert"
            ],
            "require_full_window": false,
            "restricted_roles": null,
            "scheduling_options": [],
            "tags": [
              "alert_band:standard",
              "archetype:synthetic-endpoint-down",
              "automation_ref:diag-external-endpoint",
              "correlation_key:external-endpoint.stage.external-dependencies",
              "dedup_key:external-dependencies.stage.synthetic-endpoint-down.standard",
              "detection:threshold",
              "domain:saas",
              "env:stage",
              "failure_domain:external-endpoint",
              "impact_class:customer_impact",
              "managed_by:terraform",
              "managed_source:platform",
              "monitor_id:stage.standard.saas.synthetic-endpoint-down",
              "monitoring_profile:standard",
              "notification_profile:nonprod_standard",
              "owner:sre",
              "pages:false",
              "priority:p3",
              "resource_type:synthetic_check",
              "runbook:synthetic-endpoint-down",
              "runbook_notebook:15298693",
              "service:external-dependencies",
              "signal:availability",
              "slo_id:slo-external-dependency",
              "support_model:business-hours",
              "team:sre",
              "tier:tier2"
            ],
            "timeout_h": 18,
            "type": "query alert",
            "validate": null,
            "variables": []
          },
          "sensitive_attributes": [],
          "private": "bnVsbA=="
        },
        {
          "index_key": "stage.standard.security.certificate-expiry",
          "schema_version": 0,
          "attributes": {
            "assets": [
              {
                "category": "runbook",
                "name": "Certificate Approaching Expiry",
                "resource_key": "15298594",
                "resource_type": "notebook",
                "url": "https://app.datadoghq.com/notebook/15298594"
              }
            ],
            "draft_status": "published",
            "enable_logs_sample": null,
            "enable_samples": null,
            "escalation_message": "",
            "evaluation_delay": 300,
            "force_delete": null,
            "group_retention_duration": "",
            "groupby_simple_monitor": null,
            "id": "314372513",
            "include_tags": true,
            "locked": false,
            "message": "{{#is_alert}}\n## P3 · Certificate Approaching Expiry\n**WHAT:** Certificate Approaching Expiry: certificate_expiry signal detected by threshold analysis.\n**WHERE:** {{value}} · env `stage` · region `global`\n**SERVICE:** `security-telemetry` (security / certificate, tier2)\n**BUSINESS IMPACT:** Nothing is broken yet. A boundary will be crossed if nobody acts within the lead time this monitor provides.\n**WHY IT TRIGGERED:** 21 days is the renewal lead time the PKI process requires (CSR, approval, deployment window). The number encodes the process, not the metric.\n\n**OWNER:** security · support business-hours · this does not page\n**RUNBOOK:** attached to this monitor as `Certificate Approaching Expiry` — open it from the monitor's Runbook asset.\n**AUTOMATED DIAGNOSTICS:** workflow `auto-cert-renewal-ticket` has run; its output is attached to this event.\n**RELATED EVENTS:** correlated on `security-controls.stage.security-telemetry` — deployments, infrastructure changes and platform events from the last 30 minutes are attached as context.\n**SLO / ERROR BUDGET:** `slo-security-telemetry` · no error-budget impact (non-production)\n{{/is_alert}}\n{{#is_warning}}\n## Certificate Approaching Expiry — warning\nApproaching the alert condition on {{value}}. Investigate before it becomes P3.\n{{/is_warning}}\n{{#is_no_data}}\n## Certificate Approaching Expiry — NO DATA\nTelemetry stopped arriving for {{value}}. Treat this as a telemetry-health incident: an unmonitored resource is worse than an alerting one.\n{{/is_no_data}}\n{{#is_recovery}}\n## Recovered · Certificate Approaching Expiry\n{{value}} returned to normal. Error-budget impact recorded against `slo-security-telemetry`. No action required; the correlation group closes when every child recovers.\n{{/is_recovery}}\n{{#is_warning_recovery}}\nWarning cleared for {{value}}.\n{{/is_warning_recovery}}",
            "monitor_threshold_windows": [],
            "monitor_thresholds": [
              {
                "critical": "21",
                "critical_recovery": "",
                "ok": "",
                "unknown": "",
                "warning": "45",
                "warning_recovery": ""
              }
            ],
            "name": "[P3][stage][security] Certificate Approaching Expiry (standard)",
            "new_group_delay": 300,
            "new_host_delay": 300,
            "no_data_timeframe": 0,
            "notification_preset_name": "",
            "notify_audit": false,
            "notify_by": [],
            "notify_no_data": false,
            "on_missing_data": "",
            "priority": "3",
            "query": "min(last_6h):min:acme.pki.days_until_expiry{env:stage,alert_band:standard} by {certificate_cn,issuer} \u003c 21",
            "renotify_interval": 120,
            "renotify_occurrences": 3,
            "renotify_statuses": [
              "alert"
            ],
            "require_full_window": false,
            "restricted_roles": null,
            "scheduling_options": [],
            "tags": [
              "alert_band:standard",
              "archetype:certificate-expiry",
              "automation_ref:auto-cert-renewal-ticket",
              "compliance_scope:sox",
              "correlation_key:security-controls.stage.security-telemetry",
              "dedup_key:security-telemetry.stage.certificate-expiry.standard",
              "detection:threshold",
              "domain:security",
              "env:stage",
              "failure_domain:security-controls",
              "impact_class:risk",
              "managed_by:terraform",
              "managed_source:platform",
              "monitor_id:stage.standard.security.certificate-expiry",
              "monitoring_profile:standard",
              "notification_profile:security_operational",
              "owner:security",
              "pages:false",
              "priority:p3",
              "resource_type:certificate",
              "runbook:certificate-expiry",
              "runbook_notebook:15298594",
              "service:security-telemetry",
              "signal:certificate_expiry",
              "slo_id:slo-security-telemetry",
              "support_model:business-hours",
              "team:security",
              "tier:tier2"
            ],
            "timeout_h": 18,
            "type": "query alert",
            "validate": null,
            "variables": []
          },
          "sensitive_attributes": [],
          "private": "bnVsbA=="
        },
        {
          "index_key": "stage.standard.security.security-log-source-missing",
          "schema_version": 0,
          "attributes": {
            "assets": [
              {
                "category": "runbook",
                "name": "Security Log Source Stopped Delivering",
                "resource_key": "15298687",
                "resource_type": "notebook",
                "url": "https://app.datadoghq.com/notebook/15298687"
              }
            ],
            "draft_status": "published",
            "enable_logs_sample": null,
            "enable_samples": null,
            "escalation_message": "",
            "evaluation_delay": 300,
            "force_delete": null,
            "group_retention_duration": "",
            "groupby_simple_monitor": null,
            "id": "314372396",
            "include_tags": true,
            "locked": false,
            "message": "{{#is_alert}}\n## P3 · Security Log Source Stopped Delivering\n**WHAT:** Security Log Source Stopped Delivering: telemetry_health signal detected by threshold analysis.\n**WHERE:** {{value}} · env `stage` · region `global`\n**SERVICE:** `security-telemetry` (security / log_source, tier2)\n**BUSINESS IMPACT:** The service still functions but measurably worse; a subset of traffic or users is failing.\n**WHY IT TRIGGERED:** Absence of log delivery is binary. A silent security log source is a compliance failure and a blind spot: the control has effectively been removed even though no customer sees it.\n\n**OWNER:** security · support business-hours · this does not page\n**RUNBOOK:** attached to this monitor as `Security Log Source Stopped Delivering` — open it from the monitor's Runbook asset.\n**AUTOMATED DIAGNOSTICS:** workflow `diag-security-control` has run; its output is attached to this event.\n**RELATED EVENTS:** correlated on `security-telemetry.stage.security-telemetry` — deployments, infrastructure changes and platform events from the last 30 minutes are attached as context.\n**SLO / ERROR BUDGET:** `slo-security-telemetry` · no error-budget impact (non-production)\n{{/is_alert}}\n{{#is_warning}}\n## Security Log Source Stopped Delivering — warning\nApproaching the alert condition on {{value}}. Investigate before it becomes P3.\n{{/is_warning}}\n{{#is_no_data}}\n## Security Log Source Stopped Delivering — NO DATA\nTelemetry stopped arriving for {{value}}. Treat this as a telemetry-health incident: an unmonitored resource is worse than an alerting one.\n{{/is_no_data}}\n{{#is_recovery}}\n## Recovered · Security Log Source Stopped Delivering\n{{value}} returned to normal. Error-budget impact recorded against `slo-security-telemetry`. No action required; the correlation group closes when every child recovers.\n{{/is_recovery}}\n{{#is_warning_recovery}}\nWarning cleared for {{value}}.\n{{/is_warning_recovery}}",
            "monitor_threshold_windows": [],
            "monitor_thresholds": [
              {
                "critical": "1",
                "critical_recovery": "",
                "ok": "",
                "unknown": "",
                "warning": "",
                "warning_recovery": ""
              }
            ],
            "name": "[P3][stage][security] Security Log Source Stopped Delivering (standard)",
            "new_group_delay": 300,
            "new_host_delay": 300,
            "no_data_timeframe": 90,
            "notification_preset_name": "",
            "notify_audit": false,
            "notify_by": [],
            "notify_no_data": true,
            "on_missing_data": "",
            "priority": "3",
            "query": "sum(last_2h):sum:datadog.estimated_usage.logs.ingested_events{env:stage,alert_band:standard,security_relevant:true} by {log_source}.as_count() \u003c 1",
            "renotify_interval": 120,
            "renotify_occurrences": 3,
            "renotify_statuses": [
              "alert"
            ],
            "require_full_window": false,
            "restricted_roles": null,
            "scheduling_options": [],
            "tags": [
              "alert_band:standard",
              "archetype:security-log-source-missing",
              "automation_ref:diag-security-control",
              "compliance_scope:sox",
              "correlation_key:security-telemetry.stage.security-telemetry",
              "dedup_key:security-telemetry.stage.security-log-source-missing.standard",
              "detection:threshold",
              "domain:security",
              "env:stage",
              "failure_domain:security-telemetry",
              "impact_class:degradation",
              "managed_by:terraform",
              "managed_source:platform",
              "monitor_id:stage.standard.security.security-log-source-missing",
              "monitoring_profile:standard",
              "notification_profile:security_operational",
              "owner:security",
              "pages:false",
              "priority:p3",
              "resource_type:log_source",
              "runbook:security-log-source-missing",
              "runbook_notebook:15298687",
              "service:security-telemetry",
              "signal:telemetry_health",
              "slo_id:slo-security-telemetry",
              "support_model:business-hours",
              "team:security",
              "tier:tier2"
            ],
            "timeout_h": 18,
            "type": "query alert",
            "validate": null,
            "variables": []
          },
          "sensitive_attributes": [],
          "private": "bnVsbA=="
        },
        {
          "index_key": "stage.standard.vmware.vmware-host-disconnected",
          "schema_version": 0,
          "attributes": {
            "assets": [
              {
                "category": "runbook",
                "name": "ESXi Host Disconnected From vCenter",
                "resource_key": "15298700",
                "resource_type": "notebook",
                "url": "https://app.datadoghq.com/notebook/15298700"
              }
            ],
            "draft_status": "published",
            "enable_logs_sample": null,
            "enable_samples": null,
            "escalation_message": "",
            "evaluation_delay": 300,
            "force_delete": null,
            "group_retention_duration": "",
            "groupby_simple_monitor": null,
            "id": "314372507",
            "include_tags": true,
            "locked": false,
            "message": "{{#is_alert}}\n## P3 · ESXi Host Disconnected From vCenter\n**WHAT:** ESXi Host Disconnected From vCenter: availability signal detected by threshold analysis.\n**WHERE:** {{value}} · env `stage` · region `global`\n**SERVICE:** `virtualization-platform` (vmware / esxi_host, tier2)\n**BUSINESS IMPACT:** Customers are affected now, or a mission-critical capability is unavailable.\n**WHY IT TRIGGERED:** Connection state is discrete.\n**OWNER:** infrastructure-engineering · support business-hours · this does not page\n**RUNBOOK:** attached to this monitor as `ESXi Host Disconnected From vCenter` — open it from the monitor's Runbook asset.\n**AUTOMATED DIAGNOSTICS:** workflow `diag-vmware` has run; its output is attached to this event.\n**RELATED EVENTS:** correlated on `virtualization.stage.virtualization-platform` — deployments, infrastructure changes and platform events from the last 30 minutes are attached as context.\n**SLO / ERROR BUDGET:** `slo-vmware-cluster-availability` · no error-budget impact (non-production)\n{{/is_alert}}\n{{#is_warning}}\n## ESXi Host Disconnected From vCenter — warning\nApproaching the alert condition on {{value}}. Investigate before it becomes P3.\n{{/is_warning}}\n{{#is_no_data}}\n## ESXi Host Disconnected From vCenter — NO DATA\nTelemetry stopped arriving for {{value}}. Treat this as a telemetry-health incident: an unmonitored resource is worse than an alerting one.\n{{/is_no_data}}\n{{#is_recovery}}\n## Recovered · ESXi Host Disconnected From vCenter\n{{value}} returned to normal. Error-budget impact recorded against `slo-vmware-cluster-availability`. No action required; the correlation group closes when every child recovers.\n{{/is_recovery}}\n{{#is_warning_recovery}}\nWarning cleared for {{value}}.\n{{/is_warning_recovery}}",
            "monitor_threshold_windows": [],
            "monitor_thresholds": [
              {
                "critical": "1",
                "critical_recovery": "",
                "ok": "",
                "unknown": "",
                "warning": "",
                "warning_recovery": ""
              }
            ],
            "name": "[P3][stage][vmware] ESXi Host Disconnected From vCenter (standard)",
            "new_group_delay": 300,
            "new_host_delay": 300,
            "no_data_timeframe": 0,
            "notification_preset_name": "",
            "notify_audit": false,
            "notify_by": [
              "vsphere_cluster"
            ],
            "notify_no_data": false,
            "on_missing_data": "",
            "priority": "3",
            "query": "max(last_15m):sum:vsphere.host.status{env:stage,alert_band:standard,status:disconnected} by {vsphere_cluster,vsphere_host} \u003e= 1",
            "renotify_interval": 120,
            "renotify_occurrences": 3,
            "renotify_statuses": [
              "alert"
            ],
            "require_full_window": false,
            "restricted_roles": null,
            "scheduling_options": [],
            "tags": [
              "alert_band:standard",
              "archetype:vmware-host-disconnected",
              "automation_ref:diag-vmware",
              "correlation_key:virtualization.stage.virtualization-platform",
              "dedup_key:virtualization-platform.stage.vmware-host-disconnected.standard",
              "detection:threshold",
              "domain:vmware",
              "env:stage",
              "failure_domain:virtualization",
              "impact_class:customer_impact",
              "managed_by:terraform",
              "managed_source:platform",
              "monitor_id:stage.standard.vmware.vmware-host-disconnected",
              "monitoring_profile:standard",
              "notification_profile:nonprod_standard",
              "owner:infrastructure-engineering",
              "pages:false",
              "priority:p3",
              "resource_type:esxi_host",
              "runbook:vmware-host-disconnected",
              "runbook_notebook:15298700",
              "service:virtualization-platform",
              "signal:availability",
              "slo_id:slo-vmware-cluster-availability",
              "support_model:business-hours",
              "team:infrastructure-engineering",
              "tier:tier2"
            ],
            "timeout_h": 18,
            "type": "query alert",
            "validate": null,
            "variables": []
          },
          "sensitive_attributes": [],
          "private": "bnVsbA=="
        }
      ]
    }
  ],
  "check_results": [
    {
      "object_kind": "resource",
      "config_addr": "module.burn_monitors.datadog_monitor.this",
      "status": "pass",
      "objects": null
    },
    {
      "object_kind": "resource",
      "config_addr": "module.coverage_monitors.datadog_monitor.this",
      "status": "pass",
      "objects": [
        {
          "object_addr": "module.coverage_monitors.datadog_monitor.this[\"stage.critical.database.snowflake-query-latency-anomaly\"]",
          "status": "pass"
        },
        {
          "object_addr": "module.coverage_monitors.datadog_monitor.this[\"stage.critical.application.worker-stalled\"]",
          "status": "pass"
        },
        {
          "object_addr": "module.coverage_monitors.datadog_monitor.this[\"stage.standard.infrastructure.host-unavailable\"]",
          "status": "pass"
        },
        {
          "object_addr": "module.coverage_monitors.datadog_monitor.this[\"stage.critical.network.vpn-bgp-peer-down\"]",
          "status": "pass"
        },
        {
          "object_addr": "module.coverage_monitors.datadog_monitor.this[\"stage.standard.kubernetes.k8s-deployment-unavailable\"]",
          "status": "pass"
        },
        {
          "object_addr": "module.coverage_monitors.datadog_monitor.this[\"stage.critical.application.deployment-regression\"]",
          "status": "pass"
        },
        {
          "object_addr": "module.coverage_monitors.datadog_monitor.this[\"stage.critical.infrastructure.os-critical-patch-missing\"]",
          "status": "pass"
        },
        {
          "object_addr": "module.coverage_monitors.datadog_monitor.this[\"stage.critical.cloud.azure-appservice-http5xx-anomaly\"]",
          "status": "pass"
        },
        {
          "object_addr": "module.coverage_monitors.datadog_monitor.this[\"stage.critical.database.azuresql-cpu-pressure\"]",
          "status": "pass"
        },
        {
          "object_addr": "module.coverage_monitors.datadog_monitor.this[\"stage.critical.cloud.azure-integration-telemetry-gap\"]",
          "status": "pass"
        },
        {
          "object_addr": "module.coverage_monitors.datadog_monitor.this[\"stage.critical.database.sqlserver-replica-lag\"]",
          "status": "pass"
        },
        {
          "object_addr": "module.coverage_monitors.datadog_monitor.this[\"stage.critical.application.deployment-version-tag-missing\"]",
          "status": "pass"
        },
        {
          "object_addr": "module.coverage_monitors.datadog_monitor.this[\"stage.standard.kubernetes.k8s-pod-crashloop\"]",
          "status": "pass"
        },
        {
          "object_addr": "module.coverage_monitors.datadog_monitor.this[\"stage.critical.platform.platform-service-unavailable\"]",
          "status": "pass"
        },
        {
          "object_addr": "module.coverage_monitors.datadog_monitor.this[\"stage.critical.infrastructure.host-process-down\"]",
          "status": "pass"
        },
        {
          "object_addr": "module.coverage_monitors.datadog_monitor.this[\"stage.critical.data.data-schema-drift\"]",
          "status": "pass"
        },
        {
          "object_addr": "module.coverage_monitors.datadog_monitor.this[\"stage.critical.application.web-origin-5xx-anomaly\"]",
          "status": "pass"
        },
        {
          "object_addr": "module.coverage_monitors.datadog_monitor.this[\"stage.critical.messaging.messaging-publish-failure\"]",
          "status": "pass"
        },
        {
          "object_addr": "module.coverage_monitors.datadog_monitor.this[\"stage.critical.integration.schedule-job-failure\"]",
          "status": "pass"
        },
        {
          "object_addr": "module.coverage_monitors.datadog_monitor.this[\"stage.critical.kubernetes.k8s-node-not-ready\"]",
          "status": "pass"
        },
        {
          "object_addr": "module.coverage_monitors.datadog_monitor.this[\"stage.critical.cloud.redis-memory-pressure-forecast\"]",
          "status": "pass"
        },
        {
          "object_addr": "module.coverage_monitors.datadog_monitor.this[\"stage.critical.database.sqlserver-memory-pressure\"]",
          "status": "pass"
        },
        {
          "object_addr": "module.coverage_monitors.datadog_monitor.this[\"stage.critical.cloud.frontdoor-total-latency-degradation\"]",
          "status": "pass"
        },
        {
          "object_addr": "module.coverage_monitors.datadog_monitor.this[\"stage.critical.cloud.redis-error-anomaly\"]",
          "status": "pass"
        },
        {
          "object_addr": "module.coverage_monitors.datadog_monitor.this[\"stage.critical.cloud.azure-appgateway-backend-unhealthy\"]",
          "status": "pass"
        },
        {
          "object_addr": "module.coverage_monitors.datadog_monitor.this[\"stage.critical.cloud.acr-pull-failure-anomaly\"]",
          "status": "pass"
        },
        {
          "object_addr": "module.coverage_monitors.datadog_monitor.this[\"stage.critical.cloud.apim-failed-request-anomaly\"]",
          "status": "pass"
        },
        {
          "object_addr": "module.coverage_monitors.datadog_monitor.this[\"stage.critical.infrastructure.host-disk-exhaustion-forecast\"]",
          "status": "pass"
        },
        {
          "object_addr": "module.coverage_monitors.datadog_monitor.this[\"stage.standard.application.worker-stalled\"]",
          "status": "pass"
        },
        {
          "object_addr": "module.coverage_monitors.datadog_monitor.this[\"stage.critical.api.api-latency-p99\"]",
          "status": "pass"
        },
        {
          "object_addr": "module.coverage_monitors.datadog_monitor.this[\"stage.critical.cloud.azure-vm-unavailable\"]",
          "status": "pass"
        },
        {
          "object_addr": "module.coverage_monitors.datadog_monitor.this[\"stage.standard.network.loadbalancer-pool-degraded\"]",
          "status": "pass"
        },
        {
          "object_addr": "module.coverage_monitors.datadog_monitor.this[\"stage.standard.cloud.azure-function-failure-anomaly\"]",
          "status": "pass"
        },
        {
          "object_addr": "module.coverage_monitors.datadog_monitor.this[\"stage.standard.infrastructure.host-agent-unhealthy\"]",
          "status": "pass"
        },
        {
          "object_addr": "module.coverage_monitors.datadog_monitor.this[\"stage.standard.platform.platform-service-unavailable\"]",
          "status": "pass"
        },
        {
          "object_addr": "module.coverage_monitors.datadog_monitor.this[\"stage.critical.data.data-quality-check-failure\"]",
          "status": "pass"
        },
        {
          "object_addr": "module.coverage_monitors.datadog_monitor.this[\"stage.critical.data.data-telemetry-loss\"]",
          "status": "pass"
        },
        {
          "object_addr": "module.coverage_monitors.datadog_monitor.this[\"stage.critical.application.worker-throughput-anomaly\"]",
          "status": "pass"
        },
        {
          "object_addr": "module.coverage_monitors.datadog_monitor.this[\"stage.standard.cloud.azure-vm-unavailable\"]",
          "status": "pass"
        },
        {
          "object_addr": "module.coverage_monitors.datadog_monitor.this[\"stage.critical.application.dependency-error-anomaly\"]",
          "status": "pass"
        },
        {
          "object_addr": "module.coverage_monitors.datadog_monitor.this[\"stage.critical.cloud.acr-push-failure-anomaly\"]",
          "status": "pass"
        },
        {
          "object_addr": "module.coverage_monitors.datadog_monitor.this[\"stage.critical.database.sqlserver-ag-sync-unhealthy\"]",
          "status": "pass"
        },
        {
          "object_addr": "module.coverage_monitors.datadog_monitor.this[\"stage.critical.vmware.vmware-host-disconnected\"]",
          "status": "pass"
        },
        {
          "object_addr": "module.coverage_monitors.datadog_monitor.this[\"stage.critical.kubernetes.k8s-pod-crashloop\"]",
          "status": "pass"
        },
        {
          "object_addr": "module.coverage_monitors.datadog_monitor.this[\"stage.critical.database.sqlserver-log-flush-wait-degradation\"]",
          "status": "pass"
        },
        {
          "object_addr": "module.coverage_monitors.datadog_monitor.this[\"stage.critical.database.sqlserver-long-running-transaction\"]",
          "status": "pass"
        },
        {
          "object_addr": "module.coverage_monitors.datadog_monitor.this[\"stage.standard.api.api-gateway-backend-unhealthy\"]",
          "status": "pass"
        },
        {
          "object_addr": "module.coverage_monitors.datadog_monitor.this[\"stage.critical.cloud.apim-backend-latency-degradation\"]",
          "status": "pass"
        },
        {
          "object_addr": "module.coverage_monitors.datadog_monitor.this[\"stage.critical.kubernetes.k8s-deployment-unavailable\"]",
          "status": "pass"
        },
        {
          "object_addr": "module.coverage_monitors.datadog_monitor.this[\"stage.standard.api.api-5xx-anomaly\"]",
          "status": "pass"
        },
        {
          "object_addr": "module.coverage_monitors.datadog_monitor.this[\"stage.standard.kubernetes.k8s-cronjob-failure\"]",
          "status": "pass"
        },
        {
          "object_addr": "module.coverage_monitors.datadog_monitor.this[\"stage.standard.database.db-telemetry-loss\"]",
          "status": "pass"
        },
        {
          "object_addr": "module.coverage_monitors.datadog_monitor.this[\"stage.critical.cloud.redis-latency-anomaly\"]",
          "status": "pass"
        },
        {
          "object_addr": "module.coverage_monitors.datadog_monitor.this[\"stage.critical.messaging.consumer-dlq-growth\"]",
          "status": "pass"
        },
        {
          "object_addr": "module.coverage_monitors.datadog_monitor.this[\"stage.critical.infrastructure.host-unavailable\"]",
          "status": "pass"
        },
        {
          "object_addr": "module.coverage_monitors.datadog_monitor.this[\"stage.standard.application.worker-processing-latency\"]",
          "status": "pass"
        },
        {
          "object_addr": "module.coverage_monitors.datadog_monitor.this[\"stage.standard.application.web-synthetic-availability\"]",
          "status": "pass"
        },
        {
          "object_addr": "module.coverage_monitors.datadog_monitor.this[\"stage.standard.application.web-page-load-degradation\"]",
          "status": "pass"
        },
        {
          "object_addr": "module.coverage_monitors.datadog_monitor.this[\"stage.critical.database.azuresql-session-saturation\"]",
          "status": "pass"
        },
        {
          "object_addr": "module.coverage_monitors.datadog_monitor.this[\"stage.critical.kubernetes.k8s-telemetry-loss\"]",
          "status": "pass"
        },
        {
          "object_addr": "module.coverage_monitors.datadog_monitor.this[\"stage.standard.security.security-log-source-missing\"]",
          "status": "pass"
        },
        {
          "object_addr": "module.coverage_monitors.datadog_monitor.this[\"stage.critical.cloud.redis-eviction-anomaly\"]",
          "status": "pass"
        },
        {
          "object_addr": "module.coverage_monitors.datadog_monitor.this[\"stage.critical.application.app-dotnet-gc-pause-degradation\"]",
          "status": "pass"
        },
        {
          "object_addr": "module.coverage_monitors.datadog_monitor.this[\"stage.standard.database.snowflake-query-latency-anomaly\"]",
          "status": "pass"
        },
        {
          "object_addr": "module.coverage_monitors.datadog_monitor.this[\"stage.critical.infrastructure.host-agent-unhealthy\"]",
          "status": "pass"
        },
        {
          "object_addr": "module.coverage_monitors.datadog_monitor.this[\"stage.standard.cloud.azure-integration-telemetry-gap\"]",
          "status": "pass"
        },
        {
          "object_addr": "module.coverage_monitors.datadog_monitor.this[\"stage.critical.messaging.servicebus-message-age\"]",
          "status": "pass"
        },
        {
          "object_addr": "module.coverage_monitors.datadog_monitor.this[\"stage.critical.cloud.azure-loadbalancer-probe-failure\"]",
          "status": "pass"
        },
        {
          "object_addr": "module.coverage_monitors.datadog_monitor.this[\"stage.critical.cloud.redis-server-load-saturation\"]",
          "status": "pass"
        },
        {
          "object_addr": "module.coverage_monitors.datadog_monitor.this[\"stage.critical.kubernetes.k8s-pods-pending\"]",
          "status": "pass"
        },
        {
          "object_addr": "module.coverage_monitors.datadog_monitor.this[\"stage.critical.database.db-telemetry-loss\"]",
          "status": "pass"
        },
        {
          "object_addr": "module.coverage_monitors.datadog_monitor.this[\"stage.critical.security.certificate-expiry\"]",
          "status": "pass"
        },
        {
          "object_addr": "module.coverage_monitors.datadog_monitor.this[\"stage.critical.saas.synthetic-certificate-expiry\"]",
          "status": "pass"
        },
        {
          "object_addr": "module.coverage_monitors.datadog_monitor.this[\"stage.critical.database.azuresql-log-write-saturation\"]",
          "status": "pass"
        },
        {
          "object_addr": "module.coverage_monitors.datadog_monitor.this[\"stage.critical.application.web-synthetic-availability\"]",
          "status": "pass"
        },
        {
          "object_addr": "module.coverage_monitors.datadog_monitor.this[\"stage.critical.cloud.azure-storage-availability\"]",
          "status": "pass"
        },
        {
          "object_addr": "module.coverage_monitors.datadog_monitor.this[\"stage.critical.application.web-vitals-inp-degradation\"]",
          "status": "pass"
        },
        {
          "object_addr": "module.coverage_monitors.datadog_monitor.this[\"stage.standard.integration.schedule-missed-run\"]",
          "status": "pass"
        },
        {
          "object_addr": "module.coverage_monitors.datadog_monitor.this[\"stage.critical.database.azuresql-deadlock-anomaly\"]",
          "status": "pass"
        },
        {
          "object_addr": "module.coverage_monitors.datadog_monitor.this[\"stage.standard.application.dependency-error-anomaly\"]",
          "status": "pass"
        },
        {
          "object_addr": "module.coverage_monitors.datadog_monitor.this[\"stage.critical.database.cosmos-server-side-latency-anomaly\"]",
          "status": "pass"
        },
        {
          "object_addr": "module.coverage_monitors.datadog_monitor.this[\"stage.critical.messaging.servicebus-server-errors\"]",
          "status": "pass"
        },
        {
          "object_addr": "module.coverage_monitors.datadog_monitor.this[\"stage.critical.cloud.azure-appservice-unavailable\"]",
          "status": "pass"
        },
        {
          "object_addr": "module.coverage_monitors.datadog_monitor.this[\"stage.critical.api.api-availability\"]",
          "status": "pass"
        },
        {
          "object_addr": "module.coverage_monitors.datadog_monitor.this[\"stage.standard.kubernetes.k8s-oomkill\"]",
          "status": "pass"
        },
        {
          "object_addr": "module.coverage_monitors.datadog_monitor.this[\"stage.standard.integration.batch-job-failure\"]",
          "status": "pass"
        },
        {
          "object_addr": "module.coverage_monitors.datadog_monitor.this[\"stage.standard.messaging.messaging-publish-failure\"]",
          "status": "pass"
        },
        {
          "object_addr": "module.coverage_monitors.datadog_monitor.this[\"stage.standard.cloud.azure-appservice-http5xx-anomaly\"]",
          "status": "pass"
        },
        {
          "object_addr": "module.coverage_monitors.datadog_monitor.this[\"stage.critical.data.pipeline-output-stale\"]",
          "status": "pass"
        },
        {
          "object_addr": "module.coverage_monitors.datadog_monitor.this[\"stage.critical.infrastructure.os-end-of-life\"]",
          "status": "pass"
        },
        {
          "object_addr": "module.coverage_monitors.datadog_monitor.this[\"stage.critical.integration.batch-job-failure\"]",
          "status": "pass"
        },
        {
          "object_addr": "module.coverage_monitors.datadog_monitor.this[\"stage.critical.application.app-jvm-gc-pause-degradation\"]",
          "status": "pass"
        },
        {
          "object_addr": "module.coverage_monitors.datadog_monitor.this[\"stage.standard.messaging.consumer-absent\"]",
          "status": "pass"
        },
        {
          "object_addr": "module.coverage_monitors.datadog_monitor.this[\"stage.critical.messaging.consumer-absent\"]",
          "status": "pass"
        },
        {
          "object_addr": "module.coverage_monitors.datadog_monitor.this[\"stage.standard.application.web-origin-5xx-anomaly\"]",
          "status": "pass"
        },
        {
          "object_addr": "module.coverage_monitors.datadog_monitor.this[\"stage.critical.network.loadbalancer-pool-degraded\"]",
          "status": "pass"
        },
        {
          "object_addr": "module.coverage_monitors.datadog_monitor.this[\"stage.standard.database.cosmos-server-side-latency-anomaly\"]",
          "status": "pass"
        },
        {
          "object_addr": "module.coverage_monitors.datadog_monitor.this[\"stage.standard.data.pipeline-job-failure\"]",
          "status": "pass"
        },
        {
          "object_addr": "module.coverage_monitors.datadog_monitor.this[\"stage.standard.kubernetes.k8s-pods-pending\"]",
          "status": "pass"
        },
        {
          "object_addr": "module.coverage_monitors.datadog_monitor.this[\"stage.critical.database.db-availability\"]",
          "status": "pass"
        },
        {
          "object_addr": "module.coverage_monitors.datadog_monitor.this[\"stage.standard.cloud.redis-server-load-saturation\"]",
          "status": "pass"
        },
        {
          "object_addr": "module.coverage_monitors.datadog_monitor.this[\"stage.standard.saas.synthetic-certificate-expiry\"]",
          "status": "pass"
        },
        {
          "object_addr": "module.coverage_monitors.datadog_monitor.this[\"stage.standard.vmware.vmware-host-disconnected\"]",
          "status": "pass"
        },
        {
          "object_addr": "module.coverage_monitors.datadog_monitor.this[\"stage.standard.security.certificate-expiry\"]",
          "status": "pass"
        },
        {
          "object_addr": "module.coverage_monitors.datadog_monitor.this[\"stage.critical.application.web-vitals-lcp-degradation\"]",
          "status": "pass"
        },
        {
          "object_addr": "module.coverage_monitors.datadog_monitor.this[\"stage.standard.application.app-telemetry-loss\"]",
          "status": "pass"
        },
        {
          "object_addr": "module.coverage_monitors.datadog_monitor.this[\"stage.critical.database.snowflake-task-failure\"]",
          "status": "pass"
        },
        {
          "object_addr": "module.coverage_monitors.datadog_monitor.this[\"stage.critical.application.worker-error-anomaly\"]",
          "status": "pass"
        },
        {
          "object_addr": "module.coverage_monitors.datadog_monitor.this[\"stage.standard.kubernetes.k8s-node-not-ready\"]",
          "status": "pass"
        },
        {
          "object_addr": "module.coverage_monitors.datadog_monitor.this[\"stage.standard.cloud.apim-failed-request-anomaly\"]",
          "status": "pass"
        },
        {
          "object_addr": "module.coverage_monitors.datadog_monitor.this[\"stage.standard.data.data-quality-check-failure\"]",
          "status": "pass"
        },
        {
          "object_addr": "module.coverage_monitors.datadog_monitor.this[\"stage.standard.database.db-availability\"]",
          "status": "pass"
        },
        {
          "object_addr": "module.coverage_monitors.datadog_monitor.this[\"stage.standard.integration.integration-flow-failure\"]",
          "status": "pass"
        },
        {
          "object_addr": "module.coverage_monitors.datadog_monitor.this[\"stage.standard.database.sqlserver-blocking-sessions\"]",
          "status": "pass"
        },
        {
          "object_addr": "module.coverage_monitors.datadog_monitor.this[\"stage.critical.infrastructure.host-swap-pressure\"]",
          "status": "pass"
        },
        {
          "object_addr": "module.coverage_monitors.datadog_monitor.this[\"stage.critical.integration.integration-flow-failure\"]",
          "status": "pass"
        },
        {
          "object_addr": "module.coverage_monitors.datadog_monitor.this[\"stage.standard.application.app-connection-pool-saturation\"]",
          "status": "pass"
        },
        {
          "object_addr": "module.coverage_monitors.datadog_monitor.this[\"stage.critical.application.app-connection-pool-saturation\"]",
          "status": "pass"
        },
        {
          "object_addr": "module.coverage_monitors.datadog_monitor.this[\"stage.critical.cloud.apim-gateway-latency-degradation\"]",
          "status": "pass"
        },
        {
          "object_addr": "module.coverage_monitors.datadog_monitor.this[\"stage.critical.saas.saas-error-anomaly\"]",
          "status": "pass"
        },
        {
          "object_addr": "module.coverage_monitors.datadog_monitor.this[\"stage.critical.api.api-gateway-backend-unhealthy\"]",
          "status": "pass"
        },
        {
          "object_addr": "module.coverage_monitors.datadog_monitor.this[\"stage.standard.api.api-latency-p99\"]",
          "status": "pass"
        },
        {
          "object_addr": "module.coverage_monitors.datadog_monitor.this[\"stage.critical.cloud.azure-cost-forecast-overrun\"]",
          "status": "pass"
        },
        {
          "object_addr": "module.coverage_monitors.datadog_monitor.this[\"stage.critical.database.sqlserver-blocking-sessions\"]",
          "status": "pass"
        },
        {
          "object_addr": "module.coverage_monitors.datadog_monitor.this[\"stage.standard.infrastructure.host-disk-exhaustion-forecast\"]",
          "status": "pass"
        },
        {
          "object_addr": "module.coverage_monitors.datadog_monitor.this[\"stage.standard.saas.saas-error-anomaly\"]",
          "status": "pass"
        },
        {
          "object_addr": "module.coverage_monitors.datadog_monitor.this[\"stage.standard.application.deployment-regression\"]",
          "status": "pass"
        },
        {
          "object_addr": "module.coverage_monitors.datadog_monitor.this[\"stage.critical.messaging.eventhub-throughput-exhaustion\"]",
          "status": "pass"
        },
        {
          "object_addr": "module.coverage_monitors.datadog_monitor.this[\"stage.critical.database.sqlserver-instance-unreachable\"]",
          "status": "pass"
        },
        {
          "object_addr": "module.coverage_monitors.datadog_monitor.this[\"stage.standard.data.data-schema-drift\"]",
          "status": "pass"
        },
        {
          "object_addr": "module.coverage_monitors.datadog_monitor.this[\"stage.critical.kubernetes.k8s-cronjob-failure\"]",
          "status": "pass"
        },
        {
          "object_addr": "module.coverage_monitors.datadog_monitor.this[\"stage.critical.cloud.azure-cost-burn-rate\"]",
          "status": "pass"
        },
        {
          "object_addr": "module.coverage_monitors.datadog_monitor.this[\"stage.critical.cloud.azure-budget-utilization\"]",
          "status": "pass"
        },
        {
          "object_addr": "module.coverage_monitors.datadog_monitor.this[\"stage.standard.saas.synthetic-endpoint-down\"]",
          "status": "pass"
        },
        {
          "object_addr": "module.coverage_monitors.datadog_monitor.this[\"stage.critical.application.worker-processing-latency\"]",
          "status": "pass"
        },
        {
          "object_addr": "module.coverage_monitors.datadog_monitor.this[\"stage.standard.cloud.azure-appservice-unavailable\"]",
          "status": "pass"
        },
        {
          "object_addr": "module.coverage_monitors.datadog_monitor.this[\"stage.critical.database.sqlserver-tempdb-space-exhaustion\"]",
          "status": "pass"
        },
        {
          "object_addr": "module.coverage_monitors.datadog_monitor.this[\"stage.critical.application.web-page-load-degradation\"]",
          "status": "pass"
        },
        {
          "object_addr": "module.coverage_monitors.datadog_monitor.this[\"stage.critical.database.sqlserver-deadlock-anomaly\"]",
          "status": "pass"
        },
        {
          "object_addr": "module.coverage_monitors.datadog_monitor.this[\"stage.standard.application.worker-error-anomaly\"]",
          "status": "pass"
        },
        {
          "object_addr": "module.coverage_monitors.datadog_monitor.this[\"stage.critical.cloud.azure-function-failure-anomaly\"]",
          "status": "pass"
        },
        {
          "object_addr": "module.coverage_monitors.datadog_monitor.this[\"stage.standard.cloud.azure-budget-utilization\"]",
          "status": "pass"
        },
        {
          "object_addr": "module.coverage_monitors.datadog_monitor.this[\"stage.critical.database.cosmos-ru-throttling\"]",
          "status": "pass"
        },
        {
          "object_addr": "module.coverage_monitors.datadog_monitor.this[\"stage.standard.data.data-telemetry-loss\"]",
          "status": "pass"
        },
        {
          "object_addr": "module.coverage_monitors.datadog_monitor.this[\"stage.critical.api.api-5xx-anomaly\"]",
          "status": "pass"
        },
        {
          "object_addr": "module.coverage_monitors.datadog_monitor.this[\"stage.critical.database.cosmos-normalized-ru-saturation\"]",
          "status": "pass"
        },
        {
          "object_addr": "module.coverage_monitors.datadog_monitor.this[\"stage.critical.database.sqlserver-lock-wait-degradation\"]",
          "status": "pass"
        },
        {
          "object_addr": "module.coverage_monitors.datadog_monitor.this[\"stage.standard.cloud.azure-loadbalancer-probe-failure\"]",
          "status": "pass"
        },
        {
          "object_addr": "module.coverage_monitors.datadog_monitor.this[\"stage.critical.kubernetes.k8s-oomkill\"]",
          "status": "pass"
        },
        {
          "object_addr": "module.coverage_monitors.datadog_monitor.this[\"stage.standard.infrastructure.host-process-down\"]",
          "status": "pass"
        },
        {
          "object_addr": "module.coverage_monitors.datadog_monitor.this[\"stage.critical.messaging.eventhub-server-errors\"]",
          "status": "pass"
        },
        {
          "object_addr": "module.coverage_monitors.datadog_monitor.this[\"stage.standard.cloud.azure-appgateway-backend-unhealthy\"]",
          "status": "pass"
        },
        {
          "object_addr": "module.coverage_monitors.datadog_monitor.this[\"stage.standard.kubernetes.k8s-telemetry-loss\"]",
          "status": "pass"
        },
        {
          "object_addr": "module.coverage_monitors.datadog_monitor.this[\"stage.critical.database.sqlserver-connection-saturation\"]",
          "status": "pass"
        },
        {
          "object_addr": "module.coverage_monitors.datadog_monitor.this[\"stage.critical.data.pipeline-job-failure\"]",
          "status": "pass"
        },
        {
          "object_addr": "module.coverage_monitors.datadog_monitor.this[\"stage.standard.integration.schedule-job-failure\"]",
          "status": "pass"
        },
        {
          "object_addr": "module.coverage_monitors.datadog_monitor.this[\"stage.critical.application.app-connection-acquisition-latency\"]",
          "status": "pass"
        },
        {
          "object_addr": "module.coverage_monitors.datadog_monitor.this[\"stage.standard.api.api-availability\"]",
          "status": "pass"
        },
        {
          "object_addr": "module.coverage_monitors.datadog_monitor.this[\"stage.standard.data.pipeline-output-stale\"]",
          "status": "pass"
        },
        {
          "object_addr": "module.coverage_monitors.datadog_monitor.this[\"stage.critical.cloud.frontdoor-backend-latency-anomaly\"]",
          "status": "pass"
        },
        {
          "object_addr": "module.coverage_monitors.datadog_monitor.this[\"stage.standard.application.worker-throughput-anomaly\"]",
          "status": "pass"
        },
        {
          "object_addr": "module.coverage_monitors.datadog_monitor.this[\"stage.critical.saas.synthetic-endpoint-down\"]",
          "status": "pass"
        },
        {
          "object_addr": "module.coverage_monitors.datadog_monitor.this[\"stage.standard.messaging.consumer-dlq-growth\"]",
          "status": "pass"
        },
        {
          "object_addr": "module.coverage_monitors.datadog_monitor.this[\"stage.critical.database.sqlserver-data-file-growth-forecast\"]",
          "status": "pass"
        },
        {
          "object_addr": "module.coverage_monitors.datadog_monitor.this[\"stage.critical.application.app-telemetry-loss\"]",
          "status": "pass"
        },
        {
          "object_addr": "module.coverage_monitors.datadog_monitor.this[\"stage.critical.database.azuresql-connection-failures\"]",
          "status": "pass"
        },
        {
          "object_addr": "module.coverage_monitors.datadog_monitor.this[\"stage.critical.database.azuresql-storage-exhaustion-forecast\"]",
          "status": "pass"
        },
        {
          "object_addr": "module.coverage_monitors.datadog_monitor.this[\"stage.critical.integration.schedule-missed-run\"]",
          "status": "pass"
        },
        {
          "object_addr": "module.coverage_monitors.datadog_monitor.this[\"stage.critical.security.security-log-source-missing\"]",
          "status": "pass"
        },
        {
          "object_addr": "module.coverage_monitors.datadog_monitor.this[\"stage.standard.cloud.azure-storage-availability\"]",
          "status": "pass"
        }
      ]
    },
    {
      "object_kind": "check",
      "config_addr": "check.composite_members_resolved",
      "status": "pass",
      "objects": [
        {
          "object_addr": "check.composite_members_resolved",
          "status": "pass"
        }
      ]
    },
    {
      "object_kind": "check",
      "config_addr": "check.p1_budget",
      "status": "pass",
      "objects": [
        {
          "object_addr": "check.p1_budget",
          "status": "pass"
        }
      ]
    },
    {
      "object_kind": "var",
      "config_addr": "module.composites.var.composites",
      "status": "pass",
      "objects": [
        {
          "object_addr": "module.composites.var.composites",
          "status": "pass"
        }
      ]
    },
    {
      "object_kind": "check",
      "config_addr": "check.paging_budget",
      "status": "pass",
      "objects": [
        {
          "object_addr": "check.paging_budget",
          "status": "pass"
        }
      ]
    },
    {
      "object_kind": "check",
      "config_addr": "check.monitor_budget",
      "status": "pass",
      "objects": [
        {
          "object_addr": "check.monitor_budget",
          "status": "pass"
        }
      ]
    },
    {
      "object_kind": "var",
      "config_addr": "module.slos.var.slos",
      "status": "pass",
      "objects": [
        {
          "object_addr": "module.slos.var.slos",
          "status": "pass"
        }
      ]
    },
    {
      "object_kind": "var",
      "config_addr": "var.environments",
      "status": "pass",
      "objects": [
        {
          "object_addr": "var.environments",
          "status": "pass"
        }
      ]
    },
    {
      "object_kind": "var",
      "config_addr": "module.coverage_monitors.var.instances",
      "status": "pass",
      "objects": [
        {
          "object_addr": "module.coverage_monitors.var.instances",
          "status": "pass"
        }
      ]
    },
    {
      "object_kind": "resource",
      "config_addr": "module.composites.datadog_monitor.this",
      "status": "pass",
      "objects": [
        {
          "object_addr": "module.composites.datadog_monitor.this[\"composite.stage.critical.deploy-induced-degradation\"]",
          "status": "pass"
        }
      ]
    },
    {
      "object_kind": "var",
      "config_addr": "module.burn_monitors.var.instances",
      "status": "unknown",
      "objects": [
        {
          "object_addr": "module.burn_monitors.var.instances",
          "status": "unknown"
        }
      ]
    }
  ]
}
