{
  "version": 4,
  "terraform_version": "1.9.8",
  "serial": 139,
  "lineage": "2ede4cae-de3f-d7ab-3bc2-c8928f7bdcd3",
  "outputs": {
    "contract_report": {
      "value": {
        "composite.stage.critical.deploy-induced-degradation": {
          "id": "314372622",
          "members": [
            "Deployment Regression",
            "API p99 Latency Degradation"
          ],
          "name": "[P3][stage][application] Deployment-Induced Customer Impact (composite)",
          "pages": false,
          "priority": "P3",
          "runbook": "deployment-regression",
          "slo_id": "slo-app-availability",
          "team": "application-development",
          "workflow": "auto-enrich-change"
        },
        "custom.stage.checkout-payment-latency": {
          "archetype": "api-latency-seasonal",
          "band": "critical",
          "detection": "seasonal_anomaly",
          "env": "stage",
          "group_by": [
            "service"
          ],
          "id": "314372444",
          "impact_class": "degradation",
          "managed_source": "self_service",
          "name": "[P3][stage][api] Checkout Payment Latency (critical)",
          "notification_profile": "production_critical",
          "pages": false,
          "priority": "P3",
          "runbook": "api-latency-p99",
          "slo_id": "slo-api-latency",
          "team": "payments",
          "workflow": "diag-api-health"
        },
        "stage.critical.api.api-5xx-anomaly": {
          "archetype": "api-5xx-anomaly",
          "band": "critical",
          "detection": "anomaly",
          "env": "stage",
          "group_by": [
            "service"
          ],
          "id": "314372376",
          "impact_class": "customer_impact",
          "managed_source": "platform",
          "name": "[P3][stage][api] API 5xx Error Rate Anomaly (critical)",
          "notification_profile": "nonprod_standard",
          "pages": false,
          "priority": "P3",
          "runbook": "api-5xx-anomaly",
          "slo_id": "slo-api-availability",
          "team": "application-development",
          "workflow": "diag-api-health"
        },
        "stage.critical.api.api-availability": {
          "archetype": "api-availability",
          "band": "critical",
          "detection": "threshold",
          "env": "stage",
          "group_by": [
            "service"
          ],
          "id": "314372418",
          "impact_class": "customer_impact",
          "managed_source": "platform",
          "name": "[P3][stage][api] API Availability (critical)",
          "notification_profile": "nonprod_standard",
          "pages": false,
          "priority": "P3",
          "runbook": "api-availability",
          "slo_id": "slo-api-availability",
          "team": "application-development",
          "workflow": "diag-api-health"
        },
        "stage.critical.api.api-gateway-backend-unhealthy": {
          "archetype": "api-gateway-backend-unhealthy",
          "band": "critical",
          "detection": "threshold",
          "env": "stage",
          "group_by": [
            "gateway",
            "backend_pool"
          ],
          "id": "314372498",
          "impact_class": "customer_impact",
          "managed_source": "platform",
          "name": "[P3][stage][api] API Gateway Backend Pool Unhealthy (critical)",
          "notification_profile": "nonprod_standard",
          "pages": false,
          "priority": "P3",
          "runbook": "api-gateway-backend-unhealthy",
          "slo_id": "slo-api-availability",
          "team": "application-development",
          "workflow": "diag-api-health"
        },
        "stage.critical.api.api-latency-p99": {
          "archetype": "api-latency-p99",
          "band": "critical",
          "detection": "rate_of_change",
          "env": "stage",
          "group_by": [
            "service"
          ],
          "id": "314372493",
          "impact_class": "degradation",
          "managed_source": "platform",
          "name": "[P3][stage][api] API p99 Latency Degradation (critical)",
          "notification_profile": "nonprod_standard",
          "pages": false,
          "priority": "P3",
          "runbook": "api-latency-p99",
          "slo_id": "slo-api-latency",
          "team": "application-development",
          "workflow": "diag-api-health"
        },
        "stage.critical.application.app-telemetry-loss": {
          "archetype": "app-telemetry-loss",
          "band": "critical",
          "detection": "threshold",
          "env": "stage",
          "group_by": [
            "service"
          ],
          "id": "314372489",
          "impact_class": "hygiene",
          "managed_source": "platform",
          "name": "[P4][stage][application] Application Stopped Reporting Telemetry (critical)",
          "notification_profile": "nonprod_standard",
          "pages": false,
          "priority": "P4",
          "runbook": "app-telemetry-loss",
          "slo_id": "slo-app-availability",
          "team": "sre",
          "workflow": "diag-app-health"
        },
        "stage.critical.application.dependency-error-anomaly": {
          "archetype": "dependency-error-anomaly",
          "band": "critical",
          "detection": "anomaly",
          "env": "stage",
          "group_by": [
            "service",
            "peer.service"
          ],
          "id": "314372484",
          "impact_class": "degradation",
          "managed_source": "platform",
          "name": "[P3][stage][application] Outbound Dependency Failure (critical)",
          "notification_profile": "nonprod_standard",
          "pages": false,
          "priority": "P3",
          "runbook": "dependency-error-anomaly",
          "slo_id": "slo-app-availability",
          "team": "sre",
          "workflow": "diag-dependency"
        },
        "stage.critical.application.deployment-regression": {
          "archetype": "deployment-regression",
          "band": "critical",
          "detection": "rate_of_change",
          "env": "stage",
          "group_by": [
            "service"
          ],
          "id": "314372492",
          "impact_class": "degradation",
          "managed_source": "platform",
          "name": "[P3][stage][application] Deployment Regression (critical)",
          "notification_profile": "nonprod_standard",
          "pages": false,
          "priority": "P3",
          "runbook": "deployment-regression",
          "slo_id": "slo-app-availability",
          "team": "sre",
          "workflow": "auto-enrich-change"
        },
        "stage.critical.application.web-origin-5xx-anomaly": {
          "archetype": "web-origin-5xx-anomaly",
          "band": "critical",
          "detection": "anomaly",
          "env": "stage",
          "group_by": [
            "service"
          ],
          "id": "314372495",
          "impact_class": "customer_impact",
          "managed_source": "platform",
          "name": "[P3][stage][application] Web Origin 5xx Anomaly (critical)",
          "notification_profile": "nonprod_standard",
          "pages": false,
          "priority": "P3",
          "runbook": "web-origin-5xx-anomaly",
          "slo_id": "slo-web-availability",
          "team": "sre",
          "workflow": "diag-app-health"
        },
        "stage.critical.application.web-page-load-degradation": {
          "archetype": "web-page-load-degradation",
          "band": "critical",
          "detection": "rate_of_change",
          "env": "stage",
          "group_by": [
            "service"
          ],
          "id": "314372389",
          "impact_class": "degradation",
          "managed_source": "platform",
          "name": "[P3][stage][application] Web Page Load Degradation (critical)",
          "notification_profile": "nonprod_standard",
          "pages": false,
          "priority": "P3",
          "runbook": "web-page-load-degradation",
          "slo_id": "slo-web-availability",
          "team": "sre",
          "workflow": "diag-app-health"
        },
        "stage.critical.application.web-synthetic-availability": {
          "archetype": "web-synthetic-availability",
          "band": "critical",
          "detection": "threshold",
          "env": "stage",
          "group_by": [
            "service",
            "check_id"
          ],
          "id": "314372510",
          "impact_class": "customer_impact",
          "managed_source": "platform",
          "name": "[P3][stage][application] Web Application Unavailable (critical)",
          "notification_profile": "nonprod_standard",
          "pages": false,
          "priority": "P3",
          "runbook": "web-synthetic-availability",
          "slo_id": "slo-web-availability",
          "team": "sre",
          "workflow": "diag-app-health"
        },
        "stage.critical.application.worker-error-anomaly": {
          "archetype": "worker-error-anomaly",
          "band": "critical",
          "detection": "anomaly",
          "env": "stage",
          "group_by": [
            "service"
          ],
          "id": "314372544",
          "impact_class": "degradation",
          "managed_source": "platform",
          "name": "[P3][stage][application] Worker Error Rate Anomaly (critical)",
          "notification_profile": "nonprod_standard",
          "pages": false,
          "priority": "P3",
          "runbook": "worker-error-anomaly",
          "slo_id": "slo-worker-throughput",
          "team": "sre",
          "workflow": "diag-app-health"
        },
        "stage.critical.application.worker-processing-latency": {
          "archetype": "worker-processing-latency",
          "band": "critical",
          "detection": "rate_of_change",
          "env": "stage",
          "group_by": [
            "service"
          ],
          "id": "314372512",
          "impact_class": "degradation",
          "managed_source": "platform",
          "name": "[P3][stage][application] Worker Processing Latency Degradation (critical)",
          "notification_profile": "nonprod_standard",
          "pages": false,
          "priority": "P3",
          "runbook": "worker-processing-latency",
          "slo_id": "slo-worker-throughput",
          "team": "sre",
          "workflow": "diag-app-health"
        },
        "stage.critical.application.worker-stalled": {
          "archetype": "worker-stalled",
          "band": "critical",
          "detection": "threshold",
          "env": "stage",
          "group_by": [
            "service"
          ],
          "id": "314372521",
          "impact_class": "customer_impact",
          "managed_source": "platform",
          "name": "[P3][stage][application] Worker Stopped Processing (critical)",
          "notification_profile": "nonprod_standard",
          "pages": false,
          "priority": "P3",
          "runbook": "worker-stalled",
          "slo_id": "slo-worker-throughput",
          "team": "sre",
          "workflow": "diag-app-health"
        },
        "stage.critical.application.worker-throughput-anomaly": {
          "archetype": "worker-throughput-anomaly",
          "band": "critical",
          "detection": "anomaly",
          "env": "stage",
          "group_by": [
            "service"
          ],
          "id": "314372392",
          "impact_class": "degradation",
          "managed_source": "platform",
          "name": "[P3][stage][application] Worker Throughput Anomaly (critical)",
          "notification_profile": "nonprod_standard",
          "pages": false,
          "priority": "P3",
          "runbook": "worker-throughput-anomaly",
          "slo_id": "slo-worker-throughput",
          "team": "sre",
          "workflow": "diag-app-health"
        },
        "stage.critical.cloud.azure-appgateway-backend-unhealthy": {
          "archetype": "azure-appgateway-backend-unhealthy",
          "band": "critical",
          "detection": "threshold",
          "env": "stage",
          "group_by": [
            "subscription_name",
            "name",
            "backend_pool"
          ],
          "id": "314372437",
          "impact_class": "customer_impact",
          "managed_source": "platform",
          "name": "[P3][stage][cloud] Application Gateway Backend Unhealthy (critical)",
          "notification_profile": "nonprod_standard",
          "pages": false,
          "priority": "P3",
          "runbook": "azure-appgateway-backend-unhealthy",
          "slo_id": "slo-cloud-platform-availability",
          "team": "cloud-engineering",
          "workflow": "diag-azure-resource"
        },
        "stage.critical.cloud.azure-appservice-http5xx-anomaly": {
          "archetype": "azure-appservice-http5xx-anomaly",
          "band": "critical",
          "detection": "anomaly",
          "env": "stage",
          "group_by": [
            "subscription_name",
            "resource_group",
            "name"
          ],
          "id": "314372504",
          "impact_class": "customer_impact",
          "managed_source": "platform",
          "name": "[P3][stage][cloud] Azure App Service 5xx Anomaly (critical)",
          "notification_profile": "nonprod_standard",
          "pages": false,
          "priority": "P3",
          "runbook": "azure-appservice-http5xx-anomaly",
          "slo_id": "slo-cloud-platform-availability",
          "team": "cloud-engineering",
          "workflow": "remediate-recycle-app-pool"
        },
        "stage.critical.cloud.azure-appservice-unavailable": {
          "archetype": "azure-appservice-unavailable",
          "band": "critical",
          "detection": "threshold",
          "env": "stage",
          "group_by": [
            "subscription_name",
            "resource_group",
            "name"
          ],
          "id": "314372546",
          "impact_class": "customer_impact",
          "managed_source": "platform",
          "name": "[P3][stage][cloud] Azure App Service Unavailable (critical)",
          "notification_profile": "nonprod_standard",
          "pages": false,
          "priority": "P3",
          "runbook": "azure-appservice-unavailable",
          "slo_id": "slo-cloud-platform-availability",
          "team": "cloud-engineering",
          "workflow": "diag-azure-resource"
        },
        "stage.critical.cloud.azure-function-failure-anomaly": {
          "archetype": "azure-function-failure-anomaly",
          "band": "critical",
          "detection": "anomaly",
          "env": "stage",
          "group_by": [
            "subscription_name",
            "resource_group",
            "name"
          ],
          "id": "314372508",
          "impact_class": "degradation",
          "managed_source": "platform",
          "name": "[P3][stage][cloud] Azure Function Failure Anomaly (critical)",
          "notification_profile": "nonprod_standard",
          "pages": false,
          "priority": "P3",
          "runbook": "azure-function-failure-anomaly",
          "slo_id": "slo-cloud-platform-availability",
          "team": "cloud-engineering",
          "workflow": "diag-azure-resource"
        },
        "stage.critical.cloud.azure-integration-telemetry-gap": {
          "archetype": "azure-integration-telemetry-gap",
          "band": "critical",
          "detection": "threshold",
          "env": "stage",
          "group_by": [
            "subscription_name"
          ],
          "id": "314372483",
          "impact_class": "hygiene",
          "managed_source": "platform",
          "name": "[P4][stage][cloud] Azure Integration Stopped Delivering Metrics (critical)",
          "notification_profile": "nonprod_standard",
          "pages": false,
          "priority": "P4",
          "runbook": "azure-integration-telemetry-gap",
          "slo_id": "slo-platform-services",
          "team": "cloud-engineering",
          "workflow": "diag-azure-resource"
        },
        "stage.critical.cloud.azure-loadbalancer-probe-failure": {
          "archetype": "azure-loadbalancer-probe-failure",
          "band": "critical",
          "detection": "threshold",
          "env": "stage",
          "group_by": [
            "subscription_name",
            "resource_group",
            "name"
          ],
          "id": "314372534",
          "impact_class": "customer_impact",
          "managed_source": "platform",
          "name": "[P3][stage][cloud] Azure Load Balancer Health Probe Failing (critical)",
          "notification_profile": "nonprod_standard",
          "pages": false,
          "priority": "P3",
          "runbook": "azure-loadbalancer-probe-failure",
          "slo_id": "slo-cloud-platform-availability",
          "team": "cloud-engineering",
          "workflow": "diag-azure-resource"
        },
        "stage.critical.cloud.azure-storage-availability": {
          "archetype": "azure-storage-availability",
          "band": "critical",
          "detection": "threshold",
          "env": "stage",
          "group_by": [
            "subscription_name",
            "resource_group",
            "name"
          ],
          "id": "314372530",
          "impact_class": "customer_impact",
          "managed_source": "platform",
          "name": "[P3][stage][cloud] Azure Storage Account Availability (critical)",
          "notification_profile": "nonprod_standard",
          "pages": false,
          "priority": "P3",
          "runbook": "azure-storage-availability",
          "slo_id": "slo-cloud-platform-availability",
          "team": "cloud-engineering",
          "workflow": "diag-azure-resource"
        },
        "stage.critical.cloud.azure-vm-unavailable": {
          "archetype": "azure-vm-unavailable",
          "band": "critical",
          "detection": "threshold",
          "env": "stage",
          "group_by": [
            "subscription_name",
            "resource_group",
            "name"
          ],
          "id": "314372550",
          "impact_class": "degradation",
          "managed_source": "platform",
          "name": "[P3][stage][cloud] Azure VM Unavailable (critical)",
          "notification_profile": "nonprod_standard",
          "pages": false,
          "priority": "P3",
          "runbook": "azure-vm-unavailable",
          "slo_id": "slo-cloud-platform-availability",
          "team": "cloud-engineering",
          "workflow": "diag-azure-resource"
        },
        "stage.critical.data.data-quality-check-failure": {
          "archetype": "data-quality-check-failure",
          "band": "critical",
          "detection": "threshold",
          "env": "stage",
          "group_by": [
            "data_product",
            "check_name"
          ],
          "id": "314372390",
          "impact_class": "degradation",
          "managed_source": "platform",
          "name": "[P3][stage][data] Data Quality Check Failed (critical)",
          "notification_profile": "nonprod_standard",
          "pages": false,
          "priority": "P3",
          "runbook": "data-quality-check-failure",
          "slo_id": "slo-data-freshness",
          "team": "data-engineering",
          "workflow": "diag-data-pipeline"
        },
        "stage.critical.data.data-schema-drift": {
          "archetype": "data-schema-drift",
          "band": "critical",
          "detection": "event",
          "env": "stage",
          "group_by": [
            "data_product"
          ],
          "id": "314372439",
          "impact_class": "risk",
          "managed_source": "platform",
          "name": "[P3][stage][data] Schema Drift Detected (critical)",
          "notification_profile": "nonprod_standard",
          "pages": false,
          "priority": "P3",
          "runbook": "data-schema-drift",
          "slo_id": "slo-data-freshness",
          "team": "data-engineering",
          "workflow": "diag-data-pipeline"
        },
        "stage.critical.data.data-telemetry-loss": {
          "archetype": "data-telemetry-loss",
          "band": "critical",
          "detection": "threshold",
          "env": "stage",
          "group_by": [],
          "id": "314372473",
          "impact_class": "hygiene",
          "managed_source": "platform",
          "name": "[P4][stage][data] Data Platform Stopped Reporting (critical)",
          "notification_profile": "nonprod_standard",
          "pages": false,
          "priority": "P4",
          "runbook": "data-telemetry-loss",
          "slo_id": "slo-data-freshness",
          "team": "data-engineering",
          "workflow": "diag-data-pipeline"
        },
        "stage.critical.data.pipeline-job-failure": {
          "archetype": "pipeline-job-failure",
          "band": "critical",
          "detection": "threshold",
          "env": "stage",
          "group_by": [
            "data_product",
            "pipeline"
          ],
          "id": "314372542",
          "impact_class": "degradation",
          "managed_source": "platform",
          "name": "[P3][stage][data] Data Pipeline Job Failure (critical)",
          "notification_profile": "nonprod_standard",
          "pages": false,
          "priority": "P3",
          "runbook": "pipeline-job-failure",
          "slo_id": "slo-data-freshness",
          "team": "data-engineering",
          "workflow": "remediate-rerun-job"
        },
        "stage.critical.data.pipeline-output-stale": {
          "archetype": "pipeline-output-stale",
          "band": "critical",
          "detection": "threshold",
          "env": "stage",
          "group_by": [
            "data_product",
            "pipeline"
          ],
          "id": "314372441",
          "impact_class": "customer_impact",
          "managed_source": "platform",
          "name": "[P3][stage][data] Data Product Freshness Breach (critical)",
          "notification_profile": "nonprod_standard",
          "pages": false,
          "priority": "P3",
          "runbook": "pipeline-output-stale",
          "slo_id": "slo-data-freshness",
          "team": "data-engineering",
          "workflow": "diag-data-pipeline"
        },
        "stage.critical.database.azuresql-connection-failures": {
          "archetype": "azuresql-connection-failures",
          "band": "critical",
          "detection": "anomaly",
          "env": "stage",
          "group_by": [
            "subscription_name",
            "name"
          ],
          "id": "314372454",
          "impact_class": "customer_impact",
          "managed_source": "platform",
          "name": "[P3][stage][database] Azure SQL Connection Failures (critical)",
          "notification_profile": "nonprod_standard",
          "pages": false,
          "priority": "P3",
          "runbook": "azuresql-connection-failures",
          "slo_id": "slo-database-availability",
          "team": "data-engineering",
          "workflow": "diag-database"
        },
        "stage.critical.database.cosmos-ru-throttling": {
          "archetype": "cosmos-ru-throttling",
          "band": "critical",
          "detection": "threshold",
          "env": "stage",
          "group_by": [
            "subscription_name",
            "name"
          ],
          "id": "314372425",
          "impact_class": "degradation",
          "managed_source": "platform",
          "name": "[P3][stage][database] Cosmos DB Request Unit Throttling (critical)",
          "notification_profile": "nonprod_standard",
          "pages": false,
          "priority": "P3",
          "runbook": "cosmos-ru-throttling",
          "slo_id": "slo-database-availability",
          "team": "data-engineering",
          "workflow": "remediate-scale-workload"
        },
        "stage.critical.database.db-availability": {
          "archetype": "db-availability",
          "band": "critical",
          "detection": "service_check",
          "env": "stage",
          "group_by": [
            "db_instance"
          ],
          "id": "314372372",
          "impact_class": "customer_impact",
          "managed_source": "platform",
          "name": "[P3][stage][database] Database Instance Unavailable (critical)",
          "notification_profile": "nonprod_standard",
          "pages": false,
          "priority": "P3",
          "runbook": "db-availability",
          "slo_id": "slo-database-availability",
          "team": "data-engineering",
          "workflow": "diag-database"
        },
        "stage.critical.database.db-query-latency-anomaly": {
          "archetype": "db-query-latency-anomaly",
          "band": "critical",
          "detection": "anomaly",
          "env": "stage",
          "group_by": [
            "db_instance"
          ],
          "id": "314372375",
          "impact_class": "degradation",
          "managed_source": "platform",
          "name": "[P3][stage][database] Database Query Latency Anomaly (critical)",
          "notification_profile": "nonprod_standard",
          "pages": false,
          "priority": "P3",
          "runbook": "db-query-latency-anomaly",
          "slo_id": "slo-database-latency",
          "team": "data-engineering",
          "workflow": "diag-database"
        },
        "stage.critical.database.db-replication-lag": {
          "archetype": "db-replication-lag",
          "band": "critical",
          "detection": "threshold",
          "env": "stage",
          "group_by": [
            "db_instance"
          ],
          "id": "314372373",
          "impact_class": "customer_impact",
          "managed_source": "platform",
          "name": "[P3][stage][database] Database Replication Lag Beyond Limit (critical)",
          "notification_profile": "nonprod_standard",
          "pages": false,
          "priority": "P3",
          "runbook": "db-replication-lag",
          "slo_id": "slo-database-availability",
          "team": "data-engineering",
          "workflow": "diag-database"
        },
        "stage.critical.database.db-telemetry-loss": {
          "archetype": "db-telemetry-loss",
          "band": "critical",
          "detection": "threshold",
          "env": "stage",
          "group_by": [
            "db_instance"
          ],
          "id": "314372480",
          "impact_class": "hygiene",
          "managed_source": "platform",
          "name": "[P4][stage][database] Database Stopped Reporting Telemetry (critical)",
          "notification_profile": "nonprod_standard",
          "pages": false,
          "priority": "P4",
          "runbook": "db-telemetry-loss",
          "slo_id": "slo-database-availability",
          "team": "data-engineering",
          "workflow": "diag-database"
        },
        "stage.critical.infrastructure.host-agent-unhealthy": {
          "archetype": "host-agent-unhealthy",
          "band": "critical",
          "detection": "threshold",
          "env": "stage",
          "group_by": [
            "cluster",
            "host"
          ],
          "id": "314372429",
          "impact_class": "hygiene",
          "managed_source": "platform",
          "name": "[P4][stage][infrastructure] Datadog Agent Unhealthy (critical)",
          "notification_profile": "nonprod_standard",
          "pages": false,
          "priority": "P4",
          "runbook": "host-agent-unhealthy",
          "slo_id": "slo-platform-services",
          "team": "infrastructure-engineering",
          "workflow": "diag-host"
        },
        "stage.critical.infrastructure.host-disk-exhaustion-forecast": {
          "archetype": "host-disk-exhaustion-forecast",
          "band": "critical",
          "detection": "forecast",
          "env": "stage",
          "group_by": [
            "cluster",
            "host",
            "device"
          ],
          "id": "314372379",
          "impact_class": "risk",
          "managed_source": "platform",
          "name": "[P3][stage][infrastructure] Disk Exhaustion Forecast (critical)",
          "notification_profile": "nonprod_standard",
          "pages": false,
          "priority": "P3",
          "runbook": "host-disk-exhaustion-forecast",
          "slo_id": "slo-infra-compute-availability",
          "team": "infrastructure-engineering",
          "workflow": "auto-capacity-ticket"
        },
        "stage.critical.infrastructure.host-process-down": {
          "archetype": "host-process-down",
          "band": "critical",
          "detection": "service_check",
          "env": "stage",
          "group_by": [
            "cluster",
            "host",
            "process_name"
          ],
          "id": "314372419",
          "impact_class": "degradation",
          "managed_source": "platform",
          "name": "[P3][stage][infrastructure] Required Process Not Running (critical)",
          "notification_profile": "nonprod_standard",
          "pages": false,
          "priority": "P3",
          "runbook": "host-process-down",
          "slo_id": "slo-infra-compute-availability",
          "team": "infrastructure-engineering",
          "workflow": "diag-host"
        },
        "stage.critical.infrastructure.host-unavailable": {
          "archetype": "host-unavailable",
          "band": "critical",
          "detection": "service_check",
          "env": "stage",
          "group_by": [
            "cluster",
            "host"
          ],
          "id": "314372374",
          "impact_class": "customer_impact",
          "managed_source": "platform",
          "name": "[P3][stage][infrastructure] Host Unavailable (critical)",
          "notification_profile": "nonprod_standard",
          "pages": false,
          "priority": "P3",
          "runbook": "host-unavailable",
          "slo_id": "slo-infra-compute-availability",
          "team": "infrastructure-engineering",
          "workflow": "diag-host"
        },
        "stage.critical.integration.batch-job-failure": {
          "archetype": "batch-job-failure",
          "band": "critical",
          "detection": "threshold",
          "env": "stage",
          "group_by": [
            "service",
            "job_name"
          ],
          "id": "314372532",
          "impact_class": "degradation",
          "managed_source": "platform",
          "name": "[P3][stage][integration] Batch Job Failed (critical)",
          "notification_profile": "nonprod_standard",
          "pages": false,
          "priority": "P3",
          "runbook": "batch-job-failure",
          "slo_id": "slo-batch-completion",
          "team": "application-development",
          "workflow": "remediate-rerun-job"
        },
        "stage.critical.integration.integration-flow-failure": {
          "archetype": "integration-flow-failure",
          "band": "critical",
          "detection": "anomaly",
          "env": "stage",
          "group_by": [
            "service",
            "flow_name"
          ],
          "id": "314372526",
          "impact_class": "degradation",
          "managed_source": "platform",
          "name": "[P3][stage][integration] Integration Flow Failure Rate (critical)",
          "notification_profile": "nonprod_standard",
          "pages": false,
          "priority": "P3",
          "runbook": "integration-flow-failure",
          "slo_id": "slo-integration-delivery",
          "team": "application-development",
          "workflow": "diag-dependency"
        },
        "stage.critical.integration.schedule-job-failure": {
          "archetype": "schedule-job-failure",
          "band": "critical",
          "detection": "threshold",
          "env": "stage",
          "group_by": [
            "service",
            "job_name"
          ],
          "id": "314372531",
          "impact_class": "degradation",
          "managed_source": "platform",
          "name": "[P3][stage][integration] Scheduled Job Failed (critical)",
          "notification_profile": "nonprod_standard",
          "pages": false,
          "priority": "P3",
          "runbook": "schedule-job-failure",
          "slo_id": "slo-integration-delivery",
          "team": "application-development",
          "workflow": "remediate-rerun-job"
        },
        "stage.critical.integration.schedule-missed-run": {
          "archetype": "schedule-missed-run",
          "band": "critical",
          "detection": "threshold",
          "env": "stage",
          "group_by": [
            "service",
            "job_name"
          ],
          "id": "314372520",
          "impact_class": "customer_impact",
          "managed_source": "platform",
          "name": "[P3][stage][integration] Scheduled Job Did Not Run (critical)",
          "notification_profile": "nonprod_standard",
          "pages": false,
          "priority": "P3",
          "runbook": "schedule-missed-run",
          "slo_id": "slo-integration-delivery",
          "team": "application-development",
          "workflow": "remediate-rerun-job"
        },
        "stage.critical.kubernetes.k8s-cronjob-failure": {
          "archetype": "k8s-cronjob-failure",
          "band": "critical",
          "detection": "threshold",
          "env": "stage",
          "group_by": [
            "kube_cluster_name",
            "kube_namespace",
            "kube_cronjob"
          ],
          "id": "314372482",
          "impact_class": "degradation",
          "managed_source": "platform",
          "name": "[P3][stage][kubernetes] Kubernetes CronJob Failing (critical)",
          "notification_profile": "nonprod_standard",
          "pages": false,
          "priority": "P3",
          "runbook": "k8s-cronjob-failure",
          "slo_id": "slo-k8s-workload-availability",
          "team": "cloud-engineering",
          "workflow": "remediate-rerun-job"
        },
        "stage.critical.kubernetes.k8s-deployment-unavailable": {
          "archetype": "k8s-deployment-unavailable",
          "band": "critical",
          "detection": "threshold",
          "env": "stage",
          "group_by": [
            "kube_cluster_name",
            "kube_namespace",
            "kube_deployment"
          ],
          "id": "314372427",
          "impact_class": "customer_impact",
          "managed_source": "platform",
          "name": "[P3][stage][kubernetes] Kubernetes Deployment Has No Available Replicas (critical)",
          "notification_profile": "nonprod_standard",
          "pages": false,
          "priority": "P3",
          "runbook": "k8s-deployment-unavailable",
          "slo_id": "slo-k8s-workload-availability",
          "team": "cloud-engineering",
          "workflow": "diag-k8s-workload"
        },
        "stage.critical.kubernetes.k8s-node-not-ready": {
          "archetype": "k8s-node-not-ready",
          "band": "critical",
          "detection": "threshold",
          "env": "stage",
          "group_by": [
            "kube_cluster_name",
            "node"
          ],
          "id": "314372391",
          "impact_class": "degradation",
          "managed_source": "platform",
          "name": "[P3][stage][kubernetes] Kubernetes Node Not Ready (critical)",
          "notification_profile": "nonprod_standard",
          "pages": false,
          "priority": "P3",
          "runbook": "k8s-node-not-ready",
          "slo_id": "slo-k8s-workload-availability",
          "team": "cloud-engineering",
          "workflow": "diag-k8s-workload"
        },
        "stage.critical.kubernetes.k8s-oomkill": {
          "archetype": "k8s-oomkill",
          "band": "critical",
          "detection": "threshold",
          "env": "stage",
          "group_by": [
            "kube_cluster_name",
            "kube_namespace",
            "kube_deployment"
          ],
          "id": "314372438",
          "impact_class": "degradation",
          "managed_source": "platform",
          "name": "[P3][stage][kubernetes] Container OOMKilled (critical)",
          "notification_profile": "nonprod_standard",
          "pages": false,
          "priority": "P3",
          "runbook": "k8s-oomkill",
          "slo_id": "slo-k8s-workload-availability",
          "team": "cloud-engineering",
          "workflow": "diag-k8s-workload"
        },
        "stage.critical.kubernetes.k8s-pod-crashloop": {
          "archetype": "k8s-pod-crashloop",
          "band": "critical",
          "detection": "threshold",
          "env": "stage",
          "group_by": [
            "kube_cluster_name",
            "kube_namespace",
            "kube_deployment"
          ],
          "id": "314372442",
          "impact_class": "degradation",
          "managed_source": "platform",
          "name": "[P3][stage][kubernetes] Pods in CrashLoopBackOff (critical)",
          "notification_profile": "nonprod_standard",
          "pages": false,
          "priority": "P3",
          "runbook": "k8s-pod-crashloop",
          "slo_id": "slo-k8s-workload-availability",
          "team": "cloud-engineering",
          "workflow": "diag-k8s-workload"
        },
        "stage.critical.kubernetes.k8s-pods-pending": {
          "archetype": "k8s-pods-pending",
          "band": "critical",
          "detection": "threshold",
          "env": "stage",
          "group_by": [
            "kube_cluster_name",
            "kube_namespace"
          ],
          "id": "314372456",
          "impact_class": "degradation",
          "managed_source": "platform",
          "name": "[P3][stage][kubernetes] Pods Cannot Be Scheduled (critical)",
          "notification_profile": "nonprod_standard",
          "pages": false,
          "priority": "P3",
          "runbook": "k8s-pods-pending",
          "slo_id": "slo-k8s-workload-availability",
          "team": "cloud-engineering",
          "workflow": "diag-k8s-workload"
        },
        "stage.critical.kubernetes.k8s-telemetry-loss": {
          "archetype": "k8s-telemetry-loss",
          "band": "critical",
          "detection": "threshold",
          "env": "stage",
          "group_by": [
            "kube_cluster_name"
          ],
          "id": "314372448",
          "impact_class": "hygiene",
          "managed_source": "platform",
          "name": "[P4][stage][kubernetes] Kubernetes Cluster Stopped Reporting (critical)",
          "notification_profile": "nonprod_standard",
          "pages": false,
          "priority": "P4",
          "runbook": "k8s-telemetry-loss",
          "slo_id": "slo-k8s-workload-availability",
          "team": "cloud-engineering",
          "workflow": "diag-k8s-workload"
        },
        "stage.critical.messaging.consumer-absent": {
          "archetype": "consumer-absent",
          "band": "critical",
          "detection": "threshold",
          "env": "stage",
          "group_by": [
            "namespace",
            "entity"
          ],
          "id": "314372457",
          "impact_class": "customer_impact",
          "managed_source": "platform",
          "name": "[P3][stage][messaging] No Active Consumer On Queue (critical)",
          "notification_profile": "nonprod_standard",
          "pages": false,
          "priority": "P3",
          "runbook": "consumer-absent",
          "slo_id": "slo-messaging-delivery",
          "team": "cloud-engineering",
          "workflow": "diag-messaging"
        },
        "stage.critical.messaging.consumer-dlq-growth": {
          "archetype": "consumer-dlq-growth",
          "band": "critical",
          "detection": "threshold",
          "env": "stage",
          "group_by": [
            "namespace",
            "entity"
          ],
          "id": "314372505",
          "impact_class": "degradation",
          "managed_source": "platform",
          "name": "[P3][stage][messaging] Dead Letter Queue Growth (critical)",
          "notification_profile": "nonprod_standard",
          "pages": false,
          "priority": "P3",
          "runbook": "consumer-dlq-growth",
          "slo_id": "slo-messaging-delivery",
          "team": "cloud-engineering",
          "workflow": "remediate-clear-dlq"
        },
        "stage.critical.messaging.messaging-publish-failure": {
          "archetype": "messaging-publish-failure",
          "band": "critical",
          "detection": "anomaly",
          "env": "stage",
          "group_by": [
            "service",
            "namespace"
          ],
          "id": "314372491",
          "impact_class": "customer_impact",
          "managed_source": "platform",
          "name": "[P3][stage][messaging] Message Publish Failures (critical)",
          "notification_profile": "nonprod_standard",
          "pages": false,
          "priority": "P3",
          "runbook": "messaging-publish-failure",
          "slo_id": "slo-messaging-delivery",
          "team": "cloud-engineering",
          "workflow": "diag-messaging"
        },
        "stage.critical.network.loadbalancer-pool-degraded": {
          "archetype": "loadbalancer-pool-degraded",
          "band": "critical",
          "detection": "threshold",
          "env": "stage",
          "group_by": [
            "load_balancer",
            "pool"
          ],
          "id": "314372506",
          "impact_class": "degradation",
          "managed_source": "platform",
          "name": "[P3][stage][network] Load Balancer Pool Redundancy Degraded (critical)",
          "notification_profile": "nonprod_standard",
          "pages": false,
          "priority": "P3",
          "runbook": "loadbalancer-pool-degraded",
          "slo_id": "slo-network-availability",
          "team": "infrastructure-engineering",
          "workflow": "diag-network"
        },
        "stage.critical.platform.platform-service-unavailable": {
          "archetype": "platform-service-unavailable",
          "band": "critical",
          "detection": "threshold",
          "env": "stage",
          "group_by": [
            "service"
          ],
          "id": "314372490",
          "impact_class": "customer_impact",
          "managed_source": "platform",
          "name": "[P3][stage][platform] Shared Platform Service Unavailable (critical)",
          "notification_profile": "nonprod_standard",
          "pages": false,
          "priority": "P3",
          "runbook": "platform-service-unavailable",
          "slo_id": "slo-platform-services",
          "team": "observability-platform",
          "workflow": "diag-app-health"
        },
        "stage.critical.saas.saas-error-anomaly": {
          "archetype": "saas-error-anomaly",
          "band": "critical",
          "detection": "anomaly",
          "env": "stage",
          "group_by": [
            "service",
            "peer.service"
          ],
          "id": "314372617",
          "impact_class": "degradation",
          "managed_source": "platform",
          "name": "[P3][stage][saas] SaaS Dependency Error Anomaly (critical)",
          "notification_profile": "nonprod_standard",
          "pages": false,
          "priority": "P3",
          "runbook": "saas-error-anomaly",
          "slo_id": "slo-external-dependency",
          "team": "sre",
          "workflow": "diag-dependency"
        },
        "stage.critical.saas.synthetic-certificate-expiry": {
          "archetype": "synthetic-certificate-expiry",
          "band": "critical",
          "detection": "threshold",
          "env": "stage",
          "group_by": [
            "check_id"
          ],
          "id": "314372479",
          "impact_class": "risk",
          "managed_source": "platform",
          "name": "[P3][stage][saas] Endpoint TLS Certificate Approaching Expiry (critical)",
          "notification_profile": "nonprod_standard",
          "pages": false,
          "priority": "P3",
          "runbook": "synthetic-certificate-expiry",
          "slo_id": "slo-external-dependency",
          "team": "sre",
          "workflow": "auto-cert-renewal-ticket"
        },
        "stage.critical.saas.synthetic-endpoint-down": {
          "archetype": "synthetic-endpoint-down",
          "band": "critical",
          "detection": "threshold",
          "env": "stage",
          "group_by": [
            "check_id",
            "location"
          ],
          "id": "314372560",
          "impact_class": "customer_impact",
          "managed_source": "platform",
          "name": "[P3][stage][saas] External Endpoint Unavailable (critical)",
          "notification_profile": "nonprod_standard",
          "pages": false,
          "priority": "P3",
          "runbook": "synthetic-endpoint-down",
          "slo_id": "slo-external-dependency",
          "team": "sre",
          "workflow": "diag-external-endpoint"
        },
        "stage.critical.security.certificate-expiry": {
          "archetype": "certificate-expiry",
          "band": "critical",
          "detection": "threshold",
          "env": "stage",
          "group_by": [
            "certificate_cn",
            "issuer"
          ],
          "id": "314372525",
          "impact_class": "risk",
          "managed_source": "platform",
          "name": "[P3][stage][security] Certificate Approaching Expiry (critical)",
          "notification_profile": "security_operational",
          "pages": false,
          "priority": "P3",
          "runbook": "certificate-expiry",
          "slo_id": "slo-security-telemetry",
          "team": "security",
          "workflow": "auto-cert-renewal-ticket"
        },
        "stage.critical.security.security-log-source-missing": {
          "archetype": "security-log-source-missing",
          "band": "critical",
          "detection": "threshold",
          "env": "stage",
          "group_by": [
            "log_source"
          ],
          "id": "314372377",
          "impact_class": "degradation",
          "managed_source": "platform",
          "name": "[P3][stage][security] Security Log Source Stopped Delivering (critical)",
          "notification_profile": "security_operational",
          "pages": false,
          "priority": "P3",
          "runbook": "security-log-source-missing",
          "slo_id": "slo-security-telemetry",
          "team": "security",
          "workflow": "diag-security-control"
        },
        "stage.critical.vmware.vmware-host-disconnected": {
          "archetype": "vmware-host-disconnected",
          "band": "critical",
          "detection": "threshold",
          "env": "stage",
          "group_by": [
            "vsphere_cluster",
            "vsphere_host"
          ],
          "id": "314372569",
          "impact_class": "customer_impact",
          "managed_source": "platform",
          "name": "[P3][stage][vmware] ESXi Host Disconnected From vCenter (critical)",
          "notification_profile": "nonprod_standard",
          "pages": false,
          "priority": "P3",
          "runbook": "vmware-host-disconnected",
          "slo_id": "slo-vmware-cluster-availability",
          "team": "infrastructure-engineering",
          "workflow": "diag-vmware"
        },
        "stage.standard.api.api-5xx-anomaly": {
          "archetype": "api-5xx-anomaly",
          "band": "standard",
          "detection": "anomaly",
          "env": "stage",
          "group_by": [
            "service"
          ],
          "id": "314372443",
          "impact_class": "customer_impact",
          "managed_source": "platform",
          "name": "[P3][stage][api] API 5xx Error Rate Anomaly (standard)",
          "notification_profile": "nonprod_standard",
          "pages": false,
          "priority": "P3",
          "runbook": "api-5xx-anomaly",
          "slo_id": "slo-api-availability",
          "team": "application-development",
          "workflow": "diag-api-health"
        },
        "stage.standard.api.api-availability": {
          "archetype": "api-availability",
          "band": "standard",
          "detection": "threshold",
          "env": "stage",
          "group_by": [
            "service"
          ],
          "id": "314372533",
          "impact_class": "customer_impact",
          "managed_source": "platform",
          "name": "[P3][stage][api] API Availability (standard)",
          "notification_profile": "nonprod_standard",
          "pages": false,
          "priority": "P3",
          "runbook": "api-availability",
          "slo_id": "slo-api-availability",
          "team": "application-development",
          "workflow": "diag-api-health"
        },
        "stage.standard.api.api-gateway-backend-unhealthy": {
          "archetype": "api-gateway-backend-unhealthy",
          "band": "standard",
          "detection": "threshold",
          "env": "stage",
          "group_by": [
            "gateway",
            "backend_pool"
          ],
          "id": "314372393",
          "impact_class": "customer_impact",
          "managed_source": "platform",
          "name": "[P3][stage][api] API Gateway Backend Pool Unhealthy (standard)",
          "notification_profile": "nonprod_standard",
          "pages": false,
          "priority": "P3",
          "runbook": "api-gateway-backend-unhealthy",
          "slo_id": "slo-api-availability",
          "team": "application-development",
          "workflow": "diag-api-health"
        },
        "stage.standard.api.api-latency-p99": {
          "archetype": "api-latency-p99",
          "band": "standard",
          "detection": "rate_of_change",
          "env": "stage",
          "group_by": [
            "service"
          ],
          "id": "314372545",
          "impact_class": "degradation",
          "managed_source": "platform",
          "name": "[P3][stage][api] API p99 Latency Degradation (standard)",
          "notification_profile": "nonprod_standard",
          "pages": false,
          "priority": "P3",
          "runbook": "api-latency-p99",
          "slo_id": "slo-api-latency",
          "team": "application-development",
          "workflow": "diag-api-health"
        },
        "stage.standard.application.app-telemetry-loss": {
          "archetype": "app-telemetry-loss",
          "band": "standard",
          "detection": "threshold",
          "env": "stage",
          "group_by": [
            "service"
          ],
          "id": "314372485",
          "impact_class": "hygiene",
          "managed_source": "platform",
          "name": "[P4][stage][application] Application Stopped Reporting Telemetry (standard)",
          "notification_profile": "nonprod_standard",
          "pages": false,
          "priority": "P4",
          "runbook": "app-telemetry-loss",
          "slo_id": "slo-app-availability",
          "team": "sre",
          "workflow": "diag-app-health"
        },
        "stage.standard.application.dependency-error-anomaly": {
          "archetype": "dependency-error-anomaly",
          "band": "standard",
          "detection": "anomaly",
          "env": "stage",
          "group_by": [
            "service",
            "peer.service"
          ],
          "id": "314372477",
          "impact_class": "degradation",
          "managed_source": "platform",
          "name": "[P3][stage][application] Outbound Dependency Failure (standard)",
          "notification_profile": "nonprod_standard",
          "pages": false,
          "priority": "P3",
          "runbook": "dependency-error-anomaly",
          "slo_id": "slo-app-availability",
          "team": "sre",
          "workflow": "diag-dependency"
        },
        "stage.standard.application.deployment-regression": {
          "archetype": "deployment-regression",
          "band": "standard",
          "detection": "rate_of_change",
          "env": "stage",
          "group_by": [
            "service"
          ],
          "id": "314372397",
          "impact_class": "degradation",
          "managed_source": "platform",
          "name": "[P3][stage][application] Deployment Regression (standard)",
          "notification_profile": "nonprod_standard",
          "pages": false,
          "priority": "P3",
          "runbook": "deployment-regression",
          "slo_id": "slo-app-availability",
          "team": "sre",
          "workflow": "auto-enrich-change"
        },
        "stage.standard.application.web-origin-5xx-anomaly": {
          "archetype": "web-origin-5xx-anomaly",
          "band": "standard",
          "detection": "anomaly",
          "env": "stage",
          "group_by": [
            "service"
          ],
          "id": "314372474",
          "impact_class": "customer_impact",
          "managed_source": "platform",
          "name": "[P3][stage][application] Web Origin 5xx Anomaly (standard)",
          "notification_profile": "nonprod_standard",
          "pages": false,
          "priority": "P3",
          "runbook": "web-origin-5xx-anomaly",
          "slo_id": "slo-web-availability",
          "team": "sre",
          "workflow": "diag-app-health"
        },
        "stage.standard.application.web-page-load-degradation": {
          "archetype": "web-page-load-degradation",
          "band": "standard",
          "detection": "rate_of_change",
          "env": "stage",
          "group_by": [
            "service"
          ],
          "id": "314372455",
          "impact_class": "degradation",
          "managed_source": "platform",
          "name": "[P3][stage][application] Web Page Load Degradation (standard)",
          "notification_profile": "nonprod_standard",
          "pages": false,
          "priority": "P3",
          "runbook": "web-page-load-degradation",
          "slo_id": "slo-web-availability",
          "team": "sre",
          "workflow": "diag-app-health"
        },
        "stage.standard.application.web-synthetic-availability": {
          "archetype": "web-synthetic-availability",
          "band": "standard",
          "detection": "threshold",
          "env": "stage",
          "group_by": [
            "service",
            "check_id"
          ],
          "id": "314372414",
          "impact_class": "customer_impact",
          "managed_source": "platform",
          "name": "[P3][stage][application] Web Application Unavailable (standard)",
          "notification_profile": "nonprod_standard",
          "pages": false,
          "priority": "P3",
          "runbook": "web-synthetic-availability",
          "slo_id": "slo-web-availability",
          "team": "sre",
          "workflow": "diag-app-health"
        },
        "stage.standard.application.worker-error-anomaly": {
          "archetype": "worker-error-anomaly",
          "band": "standard",
          "detection": "anomaly",
          "env": "stage",
          "group_by": [
            "service"
          ],
          "id": "314372394",
          "impact_class": "degradation",
          "managed_source": "platform",
          "name": "[P3][stage][application] Worker Error Rate Anomaly (standard)",
          "notification_profile": "nonprod_standard",
          "pages": false,
          "priority": "P3",
          "runbook": "worker-error-anomaly",
          "slo_id": "slo-worker-throughput",
          "team": "sre",
          "workflow": "diag-app-health"
        },
        "stage.standard.application.worker-processing-latency": {
          "archetype": "worker-processing-latency",
          "band": "standard",
          "detection": "rate_of_change",
          "env": "stage",
          "group_by": [
            "service"
          ],
          "id": "314372436",
          "impact_class": "degradation",
          "managed_source": "platform",
          "name": "[P3][stage][application] Worker Processing Latency Degradation (standard)",
          "notification_profile": "nonprod_standard",
          "pages": false,
          "priority": "P3",
          "runbook": "worker-processing-latency",
          "slo_id": "slo-worker-throughput",
          "team": "sre",
          "workflow": "diag-app-health"
        },
        "stage.standard.application.worker-stalled": {
          "archetype": "worker-stalled",
          "band": "standard",
          "detection": "threshold",
          "env": "stage",
          "group_by": [
            "service"
          ],
          "id": "314372465",
          "impact_class": "customer_impact",
          "managed_source": "platform",
          "name": "[P3][stage][application] Worker Stopped Processing (standard)",
          "notification_profile": "nonprod_standard",
          "pages": false,
          "priority": "P3",
          "runbook": "worker-stalled",
          "slo_id": "slo-worker-throughput",
          "team": "sre",
          "workflow": "diag-app-health"
        },
        "stage.standard.application.worker-throughput-anomaly": {
          "archetype": "worker-throughput-anomaly",
          "band": "standard",
          "detection": "anomaly",
          "env": "stage",
          "group_by": [
            "service"
          ],
          "id": "314372523",
          "impact_class": "degradation",
          "managed_source": "platform",
          "name": "[P3][stage][application] Worker Throughput Anomaly (standard)",
          "notification_profile": "nonprod_standard",
          "pages": false,
          "priority": "P3",
          "runbook": "worker-throughput-anomaly",
          "slo_id": "slo-worker-throughput",
          "team": "sre",
          "workflow": "diag-app-health"
        },
        "stage.standard.cloud.azure-appgateway-backend-unhealthy": {
          "archetype": "azure-appgateway-backend-unhealthy",
          "band": "standard",
          "detection": "threshold",
          "env": "stage",
          "group_by": [
            "subscription_name",
            "name",
            "backend_pool"
          ],
          "id": "314372503",
          "impact_class": "customer_impact",
          "managed_source": "platform",
          "name": "[P3][stage][cloud] Application Gateway Backend Unhealthy (standard)",
          "notification_profile": "nonprod_standard",
          "pages": false,
          "priority": "P3",
          "runbook": "azure-appgateway-backend-unhealthy",
          "slo_id": "slo-cloud-platform-availability",
          "team": "cloud-engineering",
          "workflow": "diag-azure-resource"
        },
        "stage.standard.cloud.azure-appservice-http5xx-anomaly": {
          "archetype": "azure-appservice-http5xx-anomaly",
          "band": "standard",
          "detection": "anomaly",
          "env": "stage",
          "group_by": [
            "subscription_name",
            "resource_group",
            "name"
          ],
          "id": "314372524",
          "impact_class": "customer_impact",
          "managed_source": "platform",
          "name": "[P3][stage][cloud] Azure App Service 5xx Anomaly (standard)",
          "notification_profile": "nonprod_standard",
          "pages": false,
          "priority": "P3",
          "runbook": "azure-appservice-http5xx-anomaly",
          "slo_id": "slo-cloud-platform-availability",
          "team": "cloud-engineering",
          "workflow": "remediate-recycle-app-pool"
        },
        "stage.standard.cloud.azure-appservice-unavailable": {
          "archetype": "azure-appservice-unavailable",
          "band": "standard",
          "detection": "threshold",
          "env": "stage",
          "group_by": [
            "subscription_name",
            "resource_group",
            "name"
          ],
          "id": "314372378",
          "impact_class": "customer_impact",
          "managed_source": "platform",
          "name": "[P3][stage][cloud] Azure App Service Unavailable (standard)",
          "notification_profile": "nonprod_standard",
          "pages": false,
          "priority": "P3",
          "runbook": "azure-appservice-unavailable",
          "slo_id": "slo-cloud-platform-availability",
          "team": "cloud-engineering",
          "workflow": "diag-azure-resource"
        },
        "stage.standard.cloud.azure-function-failure-anomaly": {
          "archetype": "azure-function-failure-anomaly",
          "band": "standard",
          "detection": "anomaly",
          "env": "stage",
          "group_by": [
            "subscription_name",
            "resource_group",
            "name"
          ],
          "id": "314372440",
          "impact_class": "degradation",
          "managed_source": "platform",
          "name": "[P3][stage][cloud] Azure Function Failure Anomaly (standard)",
          "notification_profile": "nonprod_standard",
          "pages": false,
          "priority": "P3",
          "runbook": "azure-function-failure-anomaly",
          "slo_id": "slo-cloud-platform-availability",
          "team": "cloud-engineering",
          "workflow": "diag-azure-resource"
        },
        "stage.standard.cloud.azure-integration-telemetry-gap": {
          "archetype": "azure-integration-telemetry-gap",
          "band": "standard",
          "detection": "threshold",
          "env": "stage",
          "group_by": [
            "subscription_name"
          ],
          "id": "314372509",
          "impact_class": "hygiene",
          "managed_source": "platform",
          "name": "[P4][stage][cloud] Azure Integration Stopped Delivering Metrics (standard)",
          "notification_profile": "nonprod_standard",
          "pages": false,
          "priority": "P4",
          "runbook": "azure-integration-telemetry-gap",
          "slo_id": "slo-platform-services",
          "team": "cloud-engineering",
          "workflow": "diag-azure-resource"
        },
        "stage.standard.cloud.azure-loadbalancer-probe-failure": {
          "archetype": "azure-loadbalancer-probe-failure",
          "band": "standard",
          "detection": "threshold",
          "env": "stage",
          "group_by": [
            "subscription_name",
            "resource_group",
            "name"
          ],
          "id": "314372528",
          "impact_class": "customer_impact",
          "managed_source": "platform",
          "name": "[P3][stage][cloud] Azure Load Balancer Health Probe Failing (standard)",
          "notification_profile": "nonprod_standard",
          "pages": false,
          "priority": "P3",
          "runbook": "azure-loadbalancer-probe-failure",
          "slo_id": "slo-cloud-platform-availability",
          "team": "cloud-engineering",
          "workflow": "diag-azure-resource"
        },
        "stage.standard.cloud.azure-storage-availability": {
          "archetype": "azure-storage-availability",
          "band": "standard",
          "detection": "threshold",
          "env": "stage",
          "group_by": [
            "subscription_name",
            "resource_group",
            "name"
          ],
          "id": "314372529",
          "impact_class": "customer_impact",
          "managed_source": "platform",
          "name": "[P3][stage][cloud] Azure Storage Account Availability (standard)",
          "notification_profile": "nonprod_standard",
          "pages": false,
          "priority": "P3",
          "runbook": "azure-storage-availability",
          "slo_id": "slo-cloud-platform-availability",
          "team": "cloud-engineering",
          "workflow": "diag-azure-resource"
        },
        "stage.standard.cloud.azure-vm-unavailable": {
          "archetype": "azure-vm-unavailable",
          "band": "standard",
          "detection": "threshold",
          "env": "stage",
          "group_by": [
            "subscription_name",
            "resource_group",
            "name"
          ],
          "id": "314372497",
          "impact_class": "degradation",
          "managed_source": "platform",
          "name": "[P3][stage][cloud] Azure VM Unavailable (standard)",
          "notification_profile": "nonprod_standard",
          "pages": false,
          "priority": "P3",
          "runbook": "azure-vm-unavailable",
          "slo_id": "slo-cloud-platform-availability",
          "team": "cloud-engineering",
          "workflow": "diag-azure-resource"
        },
        "stage.standard.data.data-quality-check-failure": {
          "archetype": "data-quality-check-failure",
          "band": "standard",
          "detection": "threshold",
          "env": "stage",
          "group_by": [
            "data_product",
            "check_name"
          ],
          "id": "314372522",
          "impact_class": "degradation",
          "managed_source": "platform",
          "name": "[P3][stage][data] Data Quality Check Failed (standard)",
          "notification_profile": "nonprod_standard",
          "pages": false,
          "priority": "P3",
          "runbook": "data-quality-check-failure",
          "slo_id": "slo-data-freshness",
          "team": "data-engineering",
          "workflow": "diag-data-pipeline"
        },
        "stage.standard.data.data-schema-drift": {
          "archetype": "data-schema-drift",
          "band": "standard",
          "detection": "event",
          "env": "stage",
          "group_by": [
            "data_product"
          ],
          "id": "314372541",
          "impact_class": "risk",
          "managed_source": "platform",
          "name": "[P3][stage][data] Schema Drift Detected (standard)",
          "notification_profile": "nonprod_standard",
          "pages": false,
          "priority": "P3",
          "runbook": "data-schema-drift",
          "slo_id": "slo-data-freshness",
          "team": "data-engineering",
          "workflow": "diag-data-pipeline"
        },
        "stage.standard.data.data-telemetry-loss": {
          "archetype": "data-telemetry-loss",
          "band": "standard",
          "detection": "threshold",
          "env": "stage",
          "group_by": [],
          "id": "314372386",
          "impact_class": "hygiene",
          "managed_source": "platform",
          "name": "[P4][stage][data] Data Platform Stopped Reporting (standard)",
          "notification_profile": "nonprod_standard",
          "pages": false,
          "priority": "P4",
          "runbook": "data-telemetry-loss",
          "slo_id": "slo-data-freshness",
          "team": "data-engineering",
          "workflow": "diag-data-pipeline"
        },
        "stage.standard.data.pipeline-job-failure": {
          "archetype": "pipeline-job-failure",
          "band": "standard",
          "detection": "threshold",
          "env": "stage",
          "group_by": [
            "data_product",
            "pipeline"
          ],
          "id": "314372451",
          "impact_class": "degradation",
          "managed_source": "platform",
          "name": "[P3][stage][data] Data Pipeline Job Failure (standard)",
          "notification_profile": "nonprod_standard",
          "pages": false,
          "priority": "P3",
          "runbook": "pipeline-job-failure",
          "slo_id": "slo-data-freshness",
          "team": "data-engineering",
          "workflow": "remediate-rerun-job"
        },
        "stage.standard.data.pipeline-output-stale": {
          "archetype": "pipeline-output-stale",
          "band": "standard",
          "detection": "threshold",
          "env": "stage",
          "group_by": [
            "data_product",
            "pipeline"
          ],
          "id": "314372527",
          "impact_class": "customer_impact",
          "managed_source": "platform",
          "name": "[P3][stage][data] Data Product Freshness Breach (standard)",
          "notification_profile": "nonprod_standard",
          "pages": false,
          "priority": "P3",
          "runbook": "pipeline-output-stale",
          "slo_id": "slo-data-freshness",
          "team": "data-engineering",
          "workflow": "diag-data-pipeline"
        },
        "stage.standard.database.azuresql-connection-failures": {
          "archetype": "azuresql-connection-failures",
          "band": "standard",
          "detection": "anomaly",
          "env": "stage",
          "group_by": [
            "subscription_name",
            "name"
          ],
          "id": "314372453",
          "impact_class": "customer_impact",
          "managed_source": "platform",
          "name": "[P3][stage][database] Azure SQL Connection Failures (standard)",
          "notification_profile": "nonprod_standard",
          "pages": false,
          "priority": "P3",
          "runbook": "azuresql-connection-failures",
          "slo_id": "slo-database-availability",
          "team": "data-engineering",
          "workflow": "diag-database"
        },
        "stage.standard.database.cosmos-ru-throttling": {
          "archetype": "cosmos-ru-throttling",
          "band": "standard",
          "detection": "threshold",
          "env": "stage",
          "group_by": [
            "subscription_name",
            "name"
          ],
          "id": "314372543",
          "impact_class": "degradation",
          "managed_source": "platform",
          "name": "[P3][stage][database] Cosmos DB Request Unit Throttling (standard)",
          "notification_profile": "nonprod_standard",
          "pages": false,
          "priority": "P3",
          "runbook": "cosmos-ru-throttling",
          "slo_id": "slo-database-availability",
          "team": "data-engineering",
          "workflow": "remediate-scale-workload"
        },
        "stage.standard.database.db-availability": {
          "archetype": "db-availability",
          "band": "standard",
          "detection": "service_check",
          "env": "stage",
          "group_by": [
            "db_instance"
          ],
          "id": "314372426",
          "impact_class": "customer_impact",
          "managed_source": "platform",
          "name": "[P3][stage][database] Database Instance Unavailable (standard)",
          "notification_profile": "nonprod_standard",
          "pages": false,
          "priority": "P3",
          "runbook": "db-availability",
          "slo_id": "slo-database-availability",
          "team": "data-engineering",
          "workflow": "diag-database"
        },
        "stage.standard.database.db-query-latency-anomaly": {
          "archetype": "db-query-latency-anomaly",
          "band": "standard",
          "detection": "anomaly",
          "env": "stage",
          "group_by": [
            "db_instance"
          ],
          "id": "314372494",
          "impact_class": "degradation",
          "managed_source": "platform",
          "name": "[P3][stage][database] Database Query Latency Anomaly (standard)",
          "notification_profile": "nonprod_standard",
          "pages": false,
          "priority": "P3",
          "runbook": "db-query-latency-anomaly",
          "slo_id": "slo-database-latency",
          "team": "data-engineering",
          "workflow": "diag-database"
        },
        "stage.standard.database.db-replication-lag": {
          "archetype": "db-replication-lag",
          "band": "standard",
          "detection": "threshold",
          "env": "stage",
          "group_by": [
            "db_instance"
          ],
          "id": "314372415",
          "impact_class": "customer_impact",
          "managed_source": "platform",
          "name": "[P3][stage][database] Database Replication Lag Beyond Limit (standard)",
          "notification_profile": "nonprod_standard",
          "pages": false,
          "priority": "P3",
          "runbook": "db-replication-lag",
          "slo_id": "slo-database-availability",
          "team": "data-engineering",
          "workflow": "diag-database"
        },
        "stage.standard.database.db-telemetry-loss": {
          "archetype": "db-telemetry-loss",
          "band": "standard",
          "detection": "threshold",
          "env": "stage",
          "group_by": [
            "db_instance"
          ],
          "id": "314372547",
          "impact_class": "hygiene",
          "managed_source": "platform",
          "name": "[P4][stage][database] Database Stopped Reporting Telemetry (standard)",
          "notification_profile": "nonprod_standard",
          "pages": false,
          "priority": "P4",
          "runbook": "db-telemetry-loss",
          "slo_id": "slo-database-availability",
          "team": "data-engineering",
          "workflow": "diag-database"
        },
        "stage.standard.infrastructure.host-agent-unhealthy": {
          "archetype": "host-agent-unhealthy",
          "band": "standard",
          "detection": "threshold",
          "env": "stage",
          "group_by": [
            "cluster",
            "host"
          ],
          "id": "314372450",
          "impact_class": "hygiene",
          "managed_source": "platform",
          "name": "[P4][stage][infrastructure] Datadog Agent Unhealthy (standard)",
          "notification_profile": "nonprod_standard",
          "pages": false,
          "priority": "P4",
          "runbook": "host-agent-unhealthy",
          "slo_id": "slo-platform-services",
          "team": "infrastructure-engineering",
          "workflow": "diag-host"
        },
        "stage.standard.infrastructure.host-disk-exhaustion-forecast": {
          "archetype": "host-disk-exhaustion-forecast",
          "band": "standard",
          "detection": "forecast",
          "env": "stage",
          "group_by": [
            "cluster",
            "host",
            "device"
          ],
          "id": "314372380",
          "impact_class": "risk",
          "managed_source": "platform",
          "name": "[P3][stage][infrastructure] Disk Exhaustion Forecast (standard)",
          "notification_profile": "nonprod_standard",
          "pages": false,
          "priority": "P3",
          "runbook": "host-disk-exhaustion-forecast",
          "slo_id": "slo-infra-compute-availability",
          "team": "infrastructure-engineering",
          "workflow": "auto-capacity-ticket"
        },
        "stage.standard.infrastructure.host-process-down": {
          "archetype": "host-process-down",
          "band": "standard",
          "detection": "service_check",
          "env": "stage",
          "group_by": [
            "cluster",
            "host",
            "process_name"
          ],
          "id": "314372381",
          "impact_class": "degradation",
          "managed_source": "platform",
          "name": "[P3][stage][infrastructure] Required Process Not Running (standard)",
          "notification_profile": "nonprod_standard",
          "pages": false,
          "priority": "P3",
          "runbook": "host-process-down",
          "slo_id": "slo-infra-compute-availability",
          "team": "infrastructure-engineering",
          "workflow": "diag-host"
        },
        "stage.standard.infrastructure.host-unavailable": {
          "archetype": "host-unavailable",
          "band": "standard",
          "detection": "service_check",
          "env": "stage",
          "group_by": [
            "cluster",
            "host"
          ],
          "id": "314372417",
          "impact_class": "customer_impact",
          "managed_source": "platform",
          "name": "[P3][stage][infrastructure] Host Unavailable (standard)",
          "notification_profile": "nonprod_standard",
          "pages": false,
          "priority": "P3",
          "runbook": "host-unavailable",
          "slo_id": "slo-infra-compute-availability",
          "team": "infrastructure-engineering",
          "workflow": "diag-host"
        },
        "stage.standard.integration.batch-job-failure": {
          "archetype": "batch-job-failure",
          "band": "standard",
          "detection": "threshold",
          "env": "stage",
          "group_by": [
            "service",
            "job_name"
          ],
          "id": "314372478",
          "impact_class": "degradation",
          "managed_source": "platform",
          "name": "[P3][stage][integration] Batch Job Failed (standard)",
          "notification_profile": "nonprod_standard",
          "pages": false,
          "priority": "P3",
          "runbook": "batch-job-failure",
          "slo_id": "slo-batch-completion",
          "team": "application-development",
          "workflow": "remediate-rerun-job"
        },
        "stage.standard.integration.integration-flow-failure": {
          "archetype": "integration-flow-failure",
          "band": "standard",
          "detection": "anomaly",
          "env": "stage",
          "group_by": [
            "service",
            "flow_name"
          ],
          "id": "314372466",
          "impact_class": "degradation",
          "managed_source": "platform",
          "name": "[P3][stage][integration] Integration Flow Failure Rate (standard)",
          "notification_profile": "nonprod_standard",
          "pages": false,
          "priority": "P3",
          "runbook": "integration-flow-failure",
          "slo_id": "slo-integration-delivery",
          "team": "application-development",
          "workflow": "diag-dependency"
        },
        "stage.standard.integration.schedule-job-failure": {
          "archetype": "schedule-job-failure",
          "band": "standard",
          "detection": "threshold",
          "env": "stage",
          "group_by": [
            "service",
            "job_name"
          ],
          "id": "314372488",
          "impact_class": "degradation",
          "managed_source": "platform",
          "name": "[P3][stage][integration] Scheduled Job Failed (standard)",
          "notification_profile": "nonprod_standard",
          "pages": false,
          "priority": "P3",
          "runbook": "schedule-job-failure",
          "slo_id": "slo-integration-delivery",
          "team": "application-development",
          "workflow": "remediate-rerun-job"
        },
        "stage.standard.integration.schedule-missed-run": {
          "archetype": "schedule-missed-run",
          "band": "standard",
          "detection": "threshold",
          "env": "stage",
          "group_by": [
            "service",
            "job_name"
          ],
          "id": "314372420",
          "impact_class": "customer_impact",
          "managed_source": "platform",
          "name": "[P3][stage][integration] Scheduled Job Did Not Run (standard)",
          "notification_profile": "nonprod_standard",
          "pages": false,
          "priority": "P3",
          "runbook": "schedule-missed-run",
          "slo_id": "slo-integration-delivery",
          "team": "application-development",
          "workflow": "remediate-rerun-job"
        },
        "stage.standard.kubernetes.k8s-cronjob-failure": {
          "archetype": "k8s-cronjob-failure",
          "band": "standard",
          "detection": "threshold",
          "env": "stage",
          "group_by": [
            "kube_cluster_name",
            "kube_namespace",
            "kube_cronjob"
          ],
          "id": "314372447",
          "impact_class": "degradation",
          "managed_source": "platform",
          "name": "[P3][stage][kubernetes] Kubernetes CronJob Failing (standard)",
          "notification_profile": "nonprod_standard",
          "pages": false,
          "priority": "P3",
          "runbook": "k8s-cronjob-failure",
          "slo_id": "slo-k8s-workload-availability",
          "team": "cloud-engineering",
          "workflow": "remediate-rerun-job"
        },
        "stage.standard.kubernetes.k8s-deployment-unavailable": {
          "archetype": "k8s-deployment-unavailable",
          "band": "standard",
          "detection": "threshold",
          "env": "stage",
          "group_by": [
            "kube_cluster_name",
            "kube_namespace",
            "kube_deployment"
          ],
          "id": "314372449",
          "impact_class": "customer_impact",
          "managed_source": "platform",
          "name": "[P3][stage][kubernetes] Kubernetes Deployment Has No Available Replicas (standard)",
          "notification_profile": "nonprod_standard",
          "pages": false,
          "priority": "P3",
          "runbook": "k8s-deployment-unavailable",
          "slo_id": "slo-k8s-workload-availability",
          "team": "cloud-engineering",
          "workflow": "diag-k8s-workload"
        },
        "stage.standard.kubernetes.k8s-node-not-ready": {
          "archetype": "k8s-node-not-ready",
          "band": "standard",
          "detection": "threshold",
          "env": "stage",
          "group_by": [
            "kube_cluster_name",
            "node"
          ],
          "id": "314372496",
          "impact_class": "degradation",
          "managed_source": "platform",
          "name": "[P3][stage][kubernetes] Kubernetes Node Not Ready (standard)",
          "notification_profile": "nonprod_standard",
          "pages": false,
          "priority": "P3",
          "runbook": "k8s-node-not-ready",
          "slo_id": "slo-k8s-workload-availability",
          "team": "cloud-engineering",
          "workflow": "diag-k8s-workload"
        },
        "stage.standard.kubernetes.k8s-oomkill": {
          "archetype": "k8s-oomkill",
          "band": "standard",
          "detection": "threshold",
          "env": "stage",
          "group_by": [
            "kube_cluster_name",
            "kube_namespace",
            "kube_deployment"
          ],
          "id": "314372487",
          "impact_class": "degradation",
          "managed_source": "platform",
          "name": "[P3][stage][kubernetes] Container OOMKilled (standard)",
          "notification_profile": "nonprod_standard",
          "pages": false,
          "priority": "P3",
          "runbook": "k8s-oomkill",
          "slo_id": "slo-k8s-workload-availability",
          "team": "cloud-engineering",
          "workflow": "diag-k8s-workload"
        },
        "stage.standard.kubernetes.k8s-pod-crashloop": {
          "archetype": "k8s-pod-crashloop",
          "band": "standard",
          "detection": "threshold",
          "env": "stage",
          "group_by": [
            "kube_cluster_name",
            "kube_namespace",
            "kube_deployment"
          ],
          "id": "314372511",
          "impact_class": "degradation",
          "managed_source": "platform",
          "name": "[P3][stage][kubernetes] Pods in CrashLoopBackOff (standard)",
          "notification_profile": "nonprod_standard",
          "pages": false,
          "priority": "P3",
          "runbook": "k8s-pod-crashloop",
          "slo_id": "slo-k8s-workload-availability",
          "team": "cloud-engineering",
          "workflow": "diag-k8s-workload"
        },
        "stage.standard.kubernetes.k8s-pods-pending": {
          "archetype": "k8s-pods-pending",
          "band": "standard",
          "detection": "threshold",
          "env": "stage",
          "group_by": [
            "kube_cluster_name",
            "kube_namespace"
          ],
          "id": "314372416",
          "impact_class": "degradation",
          "managed_source": "platform",
          "name": "[P3][stage][kubernetes] Pods Cannot Be Scheduled (standard)",
          "notification_profile": "nonprod_standard",
          "pages": false,
          "priority": "P3",
          "runbook": "k8s-pods-pending",
          "slo_id": "slo-k8s-workload-availability",
          "team": "cloud-engineering",
          "workflow": "diag-k8s-workload"
        },
        "stage.standard.kubernetes.k8s-telemetry-loss": {
          "archetype": "k8s-telemetry-loss",
          "band": "standard",
          "detection": "threshold",
          "env": "stage",
          "group_by": [
            "kube_cluster_name"
          ],
          "id": "314372481",
          "impact_class": "hygiene",
          "managed_source": "platform",
          "name": "[P4][stage][kubernetes] Kubernetes Cluster Stopped Reporting (standard)",
          "notification_profile": "nonprod_standard",
          "pages": false,
          "priority": "P4",
          "runbook": "k8s-telemetry-loss",
          "slo_id": "slo-k8s-workload-availability",
          "team": "cloud-engineering",
          "workflow": "diag-k8s-workload"
        },
        "stage.standard.messaging.consumer-absent": {
          "archetype": "consumer-absent",
          "band": "standard",
          "detection": "threshold",
          "env": "stage",
          "group_by": [
            "namespace",
            "entity"
          ],
          "id": "314372464",
          "impact_class": "customer_impact",
          "managed_source": "platform",
          "name": "[P3][stage][messaging] No Active Consumer On Queue (standard)",
          "notification_profile": "nonprod_standard",
          "pages": false,
          "priority": "P3",
          "runbook": "consumer-absent",
          "slo_id": "slo-messaging-delivery",
          "team": "cloud-engineering",
          "workflow": "diag-messaging"
        },
        "stage.standard.messaging.consumer-dlq-growth": {
          "archetype": "consumer-dlq-growth",
          "band": "standard",
          "detection": "threshold",
          "env": "stage",
          "group_by": [
            "namespace",
            "entity"
          ],
          "id": "314372555",
          "impact_class": "degradation",
          "managed_source": "platform",
          "name": "[P3][stage][messaging] Dead Letter Queue Growth (standard)",
          "notification_profile": "nonprod_standard",
          "pages": false,
          "priority": "P3",
          "runbook": "consumer-dlq-growth",
          "slo_id": "slo-messaging-delivery",
          "team": "cloud-engineering",
          "workflow": "remediate-clear-dlq"
        },
        "stage.standard.messaging.messaging-publish-failure": {
          "archetype": "messaging-publish-failure",
          "band": "standard",
          "detection": "anomaly",
          "env": "stage",
          "group_by": [
            "service",
            "namespace"
          ],
          "id": "314372452",
          "impact_class": "customer_impact",
          "managed_source": "platform",
          "name": "[P3][stage][messaging] Message Publish Failures (standard)",
          "notification_profile": "nonprod_standard",
          "pages": false,
          "priority": "P3",
          "runbook": "messaging-publish-failure",
          "slo_id": "slo-messaging-delivery",
          "team": "cloud-engineering",
          "workflow": "diag-messaging"
        },
        "stage.standard.network.loadbalancer-pool-degraded": {
          "archetype": "loadbalancer-pool-degraded",
          "band": "standard",
          "detection": "threshold",
          "env": "stage",
          "group_by": [
            "load_balancer",
            "pool"
          ],
          "id": "314372445",
          "impact_class": "degradation",
          "managed_source": "platform",
          "name": "[P3][stage][network] Load Balancer Pool Redundancy Degraded (standard)",
          "notification_profile": "nonprod_standard",
          "pages": false,
          "priority": "P3",
          "runbook": "loadbalancer-pool-degraded",
          "slo_id": "slo-network-availability",
          "team": "infrastructure-engineering",
          "workflow": "diag-network"
        },
        "stage.standard.platform.platform-service-unavailable": {
          "archetype": "platform-service-unavailable",
          "band": "standard",
          "detection": "threshold",
          "env": "stage",
          "group_by": [
            "service"
          ],
          "id": "314372395",
          "impact_class": "customer_impact",
          "managed_source": "platform",
          "name": "[P3][stage][platform] Shared Platform Service Unavailable (standard)",
          "notification_profile": "nonprod_standard",
          "pages": false,
          "priority": "P3",
          "runbook": "platform-service-unavailable",
          "slo_id": "slo-platform-services",
          "team": "observability-platform",
          "workflow": "diag-app-health"
        },
        "stage.standard.saas.saas-error-anomaly": {
          "archetype": "saas-error-anomaly",
          "band": "standard",
          "detection": "anomaly",
          "env": "stage",
          "group_by": [
            "service",
            "peer.service"
          ],
          "id": "314372486",
          "impact_class": "degradation",
          "managed_source": "platform",
          "name": "[P3][stage][saas] SaaS Dependency Error Anomaly (standard)",
          "notification_profile": "nonprod_standard",
          "pages": false,
          "priority": "P3",
          "runbook": "saas-error-anomaly",
          "slo_id": "slo-external-dependency",
          "team": "sre",
          "workflow": "diag-dependency"
        },
        "stage.standard.saas.synthetic-certificate-expiry": {
          "archetype": "synthetic-certificate-expiry",
          "band": "standard",
          "detection": "threshold",
          "env": "stage",
          "group_by": [
            "check_id"
          ],
          "id": "314372446",
          "impact_class": "risk",
          "managed_source": "platform",
          "name": "[P3][stage][saas] Endpoint TLS Certificate Approaching Expiry (standard)",
          "notification_profile": "nonprod_standard",
          "pages": false,
          "priority": "P3",
          "runbook": "synthetic-certificate-expiry",
          "slo_id": "slo-external-dependency",
          "team": "sre",
          "workflow": "auto-cert-renewal-ticket"
        },
        "stage.standard.saas.synthetic-endpoint-down": {
          "archetype": "synthetic-endpoint-down",
          "band": "standard",
          "detection": "threshold",
          "env": "stage",
          "group_by": [
            "check_id",
            "location"
          ],
          "id": "314372428",
          "impact_class": "customer_impact",
          "managed_source": "platform",
          "name": "[P3][stage][saas] External Endpoint Unavailable (standard)",
          "notification_profile": "nonprod_standard",
          "pages": false,
          "priority": "P3",
          "runbook": "synthetic-endpoint-down",
          "slo_id": "slo-external-dependency",
          "team": "sre",
          "workflow": "diag-external-endpoint"
        },
        "stage.standard.security.certificate-expiry": {
          "archetype": "certificate-expiry",
          "band": "standard",
          "detection": "threshold",
          "env": "stage",
          "group_by": [
            "certificate_cn",
            "issuer"
          ],
          "id": "314372513",
          "impact_class": "risk",
          "managed_source": "platform",
          "name": "[P3][stage][security] Certificate Approaching Expiry (standard)",
          "notification_profile": "security_operational",
          "pages": false,
          "priority": "P3",
          "runbook": "certificate-expiry",
          "slo_id": "slo-security-telemetry",
          "team": "security",
          "workflow": "auto-cert-renewal-ticket"
        },
        "stage.standard.security.security-log-source-missing": {
          "archetype": "security-log-source-missing",
          "band": "standard",
          "detection": "threshold",
          "env": "stage",
          "group_by": [
            "log_source"
          ],
          "id": "314372396",
          "impact_class": "degradation",
          "managed_source": "platform",
          "name": "[P3][stage][security] Security Log Source Stopped Delivering (standard)",
          "notification_profile": "security_operational",
          "pages": false,
          "priority": "P3",
          "runbook": "security-log-source-missing",
          "slo_id": "slo-security-telemetry",
          "team": "security",
          "workflow": "diag-security-control"
        },
        "stage.standard.vmware.vmware-host-disconnected": {
          "archetype": "vmware-host-disconnected",
          "band": "standard",
          "detection": "threshold",
          "env": "stage",
          "group_by": [
            "vsphere_cluster",
            "vsphere_host"
          ],
          "id": "314372507",
          "impact_class": "customer_impact",
          "managed_source": "platform",
          "name": "[P3][stage][vmware] ESXi Host Disconnected From vCenter (standard)",
          "notification_profile": "nonprod_standard",
          "pages": false,
          "priority": "P3",
          "runbook": "vmware-host-disconnected",
          "slo_id": "slo-vmware-cluster-availability",
          "team": "infrastructure-engineering",
          "workflow": "diag-vmware"
        }
      },
      "type": [
        "object",
        {
          "composite.stage.critical.deploy-induced-degradation": [
            "object",
            {
              "id": "string",
              "members": [
                "list",
                "string"
              ],
              "name": "string",
              "pages": "bool",
              "priority": "string",
              "runbook": "string",
              "slo_id": "string",
              "team": "string",
              "workflow": "string"
            }
          ],
          "custom.stage.checkout-payment-latency": [
            "object",
            {
              "archetype": "string",
              "band": "string",
              "detection": "string",
              "env": "string",
              "group_by": [
                "list",
                "string"
              ],
              "id": "string",
              "impact_class": "string",
              "managed_source": "string",
              "name": "string",
              "notification_profile": "string",
              "pages": "bool",
              "priority": "string",
              "runbook": "string",
              "slo_id": "string",
              "team": "string",
              "workflow": "string"
            }
          ],
          "stage.critical.api.api-5xx-anomaly": [
            "object",
            {
              "archetype": "string",
              "band": "string",
              "detection": "string",
              "env": "string",
              "group_by": [
                "list",
                "string"
              ],
              "id": "string",
              "impact_class": "string",
              "managed_source": "string",
              "name": "string",
              "notification_profile": "string",
              "pages": "bool",
              "priority": "string",
              "runbook": "string",
              "slo_id": "string",
              "team": "string",
              "workflow": "string"
            }
          ],
          "stage.critical.api.api-availability": [
            "object",
            {
              "archetype": "string",
              "band": "string",
              "detection": "string",
              "env": "string",
              "group_by": [
                "list",
                "string"
              ],
              "id": "string",
              "impact_class": "string",
              "managed_source": "string",
              "name": "string",
              "notification_profile": "string",
              "pages": "bool",
              "priority": "string",
              "runbook": "string",
              "slo_id": "string",
              "team": "string",
              "workflow": "string"
            }
          ],
          "stage.critical.api.api-gateway-backend-unhealthy": [
            "object",
            {
              "archetype": "string",
              "band": "string",
              "detection": "string",
              "env": "string",
              "group_by": [
                "list",
                "string"
              ],
              "id": "string",
              "impact_class": "string",
              "managed_source": "string",
              "name": "string",
              "notification_profile": "string",
              "pages": "bool",
              "priority": "string",
              "runbook": "string",
              "slo_id": "string",
              "team": "string",
              "workflow": "string"
            }
          ],
          "stage.critical.api.api-latency-p99": [
            "object",
            {
              "archetype": "string",
              "band": "string",
              "detection": "string",
              "env": "string",
              "group_by": [
                "list",
                "string"
              ],
              "id": "string",
              "impact_class": "string",
              "managed_source": "string",
              "name": "string",
              "notification_profile": "string",
              "pages": "bool",
              "priority": "string",
              "runbook": "string",
              "slo_id": "string",
              "team": "string",
              "workflow": "string"
            }
          ],
          "stage.critical.application.app-telemetry-loss": [
            "object",
            {
              "archetype": "string",
              "band": "string",
              "detection": "string",
              "env": "string",
              "group_by": [
                "list",
                "string"
              ],
              "id": "string",
              "impact_class": "string",
              "managed_source": "string",
              "name": "string",
              "notification_profile": "string",
              "pages": "bool",
              "priority": "string",
              "runbook": "string",
              "slo_id": "string",
              "team": "string",
              "workflow": "string"
            }
          ],
          "stage.critical.application.dependency-error-anomaly": [
            "object",
            {
              "archetype": "string",
              "band": "string",
              "detection": "string",
              "env": "string",
              "group_by": [
                "list",
                "string"
              ],
              "id": "string",
              "impact_class": "string",
              "managed_source": "string",
              "name": "string",
              "notification_profile": "string",
              "pages": "bool",
              "priority": "string",
              "runbook": "string",
              "slo_id": "string",
              "team": "string",
              "workflow": "string"
            }
          ],
          "stage.critical.application.deployment-regression": [
            "object",
            {
              "archetype": "string",
              "band": "string",
              "detection": "string",
              "env": "string",
              "group_by": [
                "list",
                "string"
              ],
              "id": "string",
              "impact_class": "string",
              "managed_source": "string",
              "name": "string",
              "notification_profile": "string",
              "pages": "bool",
              "priority": "string",
              "runbook": "string",
              "slo_id": "string",
              "team": "string",
              "workflow": "string"
            }
          ],
          "stage.critical.application.web-origin-5xx-anomaly": [
            "object",
            {
              "archetype": "string",
              "band": "string",
              "detection": "string",
              "env": "string",
              "group_by": [
                "list",
                "string"
              ],
              "id": "string",
              "impact_class": "string",
              "managed_source": "string",
              "name": "string",
              "notification_profile": "string",
              "pages": "bool",
              "priority": "string",
              "runbook": "string",
              "slo_id": "string",
              "team": "string",
              "workflow": "string"
            }
          ],
          "stage.critical.application.web-page-load-degradation": [
            "object",
            {
              "archetype": "string",
              "band": "string",
              "detection": "string",
              "env": "string",
              "group_by": [
                "list",
                "string"
              ],
              "id": "string",
              "impact_class": "string",
              "managed_source": "string",
              "name": "string",
              "notification_profile": "string",
              "pages": "bool",
              "priority": "string",
              "runbook": "string",
              "slo_id": "string",
              "team": "string",
              "workflow": "string"
            }
          ],
          "stage.critical.application.web-synthetic-availability": [
            "object",
            {
              "archetype": "string",
              "band": "string",
              "detection": "string",
              "env": "string",
              "group_by": [
                "list",
                "string"
              ],
              "id": "string",
              "impact_class": "string",
              "managed_source": "string",
              "name": "string",
              "notification_profile": "string",
              "pages": "bool",
              "priority": "string",
              "runbook": "string",
              "slo_id": "string",
              "team": "string",
              "workflow": "string"
            }
          ],
          "stage.critical.application.worker-error-anomaly": [
            "object",
            {
              "archetype": "string",
              "band": "string",
              "detection": "string",
              "env": "string",
              "group_by": [
                "list",
                "string"
              ],
              "id": "string",
              "impact_class": "string",
              "managed_source": "string",
              "name": "string",
              "notification_profile": "string",
              "pages": "bool",
              "priority": "string",
              "runbook": "string",
              "slo_id": "string",
              "team": "string",
              "workflow": "string"
            }
          ],
          "stage.critical.application.worker-processing-latency": [
            "object",
            {
              "archetype": "string",
              "band": "string",
              "detection": "string",
              "env": "string",
              "group_by": [
                "list",
                "string"
              ],
              "id": "string",
              "impact_class": "string",
              "managed_source": "string",
              "name": "string",
              "notification_profile": "string",
              "pages": "bool",
              "priority": "string",
              "runbook": "string",
              "slo_id": "string",
              "team": "string",
              "workflow": "string"
            }
          ],
          "stage.critical.application.worker-stalled": [
            "object",
            {
              "archetype": "string",
              "band": "string",
              "detection": "string",
              "env": "string",
              "group_by": [
                "list",
                "string"
              ],
              "id": "string",
              "impact_class": "string",
              "managed_source": "string",
              "name": "string",
              "notification_profile": "string",
              "pages": "bool",
              "priority": "string",
              "runbook": "string",
              "slo_id": "string",
              "team": "string",
              "workflow": "string"
            }
          ],
          "stage.critical.application.worker-throughput-anomaly": [
            "object",
            {
              "archetype": "string",
              "band": "string",
              "detection": "string",
              "env": "string",
              "group_by": [
                "list",
                "string"
              ],
              "id": "string",
              "impact_class": "string",
              "managed_source": "string",
              "name": "string",
              "notification_profile": "string",
              "pages": "bool",
              "priority": "string",
              "runbook": "string",
              "slo_id": "string",
              "team": "string",
              "workflow": "string"
            }
          ],
          "stage.critical.cloud.azure-appgateway-backend-unhealthy": [
            "object",
            {
              "archetype": "string",
              "band": "string",
              "detection": "string",
              "env": "string",
              "group_by": [
                "list",
                "string"
              ],
              "id": "string",
              "impact_class": "string",
              "managed_source": "string",
              "name": "string",
              "notification_profile": "string",
              "pages": "bool",
              "priority": "string",
              "runbook": "string",
              "slo_id": "string",
              "team": "string",
              "workflow": "string"
            }
          ],
          "stage.critical.cloud.azure-appservice-http5xx-anomaly": [
            "object",
            {
              "archetype": "string",
              "band": "string",
              "detection": "string",
              "env": "string",
              "group_by": [
                "list",
                "string"
              ],
              "id": "string",
              "impact_class": "string",
              "managed_source": "string",
              "name": "string",
              "notification_profile": "string",
              "pages": "bool",
              "priority": "string",
              "runbook": "string",
              "slo_id": "string",
              "team": "string",
              "workflow": "string"
            }
          ],
          "stage.critical.cloud.azure-appservice-unavailable": [
            "object",
            {
              "archetype": "string",
              "band": "string",
              "detection": "string",
              "env": "string",
              "group_by": [
                "list",
                "string"
              ],
              "id": "string",
              "impact_class": "string",
              "managed_source": "string",
              "name": "string",
              "notification_profile": "string",
              "pages": "bool",
              "priority": "string",
              "runbook": "string",
              "slo_id": "string",
              "team": "string",
              "workflow": "string"
            }
          ],
          "stage.critical.cloud.azure-function-failure-anomaly": [
            "object",
            {
              "archetype": "string",
              "band": "string",
              "detection": "string",
              "env": "string",
              "group_by": [
                "list",
                "string"
              ],
              "id": "string",
              "impact_class": "string",
              "managed_source": "string",
              "name": "string",
              "notification_profile": "string",
              "pages": "bool",
              "priority": "string",
              "runbook": "string",
              "slo_id": "string",
              "team": "string",
              "workflow": "string"
            }
          ],
          "stage.critical.cloud.azure-integration-telemetry-gap": [
            "object",
            {
              "archetype": "string",
              "band": "string",
              "detection": "string",
              "env": "string",
              "group_by": [
                "list",
                "string"
              ],
              "id": "string",
              "impact_class": "string",
              "managed_source": "string",
              "name": "string",
              "notification_profile": "string",
              "pages": "bool",
              "priority": "string",
              "runbook": "string",
              "slo_id": "string",
              "team": "string",
              "workflow": "string"
            }
          ],
          "stage.critical.cloud.azure-loadbalancer-probe-failure": [
            "object",
            {
              "archetype": "string",
              "band": "string",
              "detection": "string",
              "env": "string",
              "group_by": [
                "list",
                "string"
              ],
              "id": "string",
              "impact_class": "string",
              "managed_source": "string",
              "name": "string",
              "notification_profile": "string",
              "pages": "bool",
              "priority": "string",
              "runbook": "string",
              "slo_id": "string",
              "team": "string",
              "workflow": "string"
            }
          ],
          "stage.critical.cloud.azure-storage-availability": [
            "object",
            {
              "archetype": "string",
              "band": "string",
              "detection": "string",
              "env": "string",
              "group_by": [
                "list",
                "string"
              ],
              "id": "string",
              "impact_class": "string",
              "managed_source": "string",
              "name": "string",
              "notification_profile": "string",
              "pages": "bool",
              "priority": "string",
              "runbook": "string",
              "slo_id": "string",
              "team": "string",
              "workflow": "string"
            }
          ],
          "stage.critical.cloud.azure-vm-unavailable": [
            "object",
            {
              "archetype": "string",
              "band": "string",
              "detection": "string",
              "env": "string",
              "group_by": [
                "list",
                "string"
              ],
              "id": "string",
              "impact_class": "string",
              "managed_source": "string",
              "name": "string",
              "notification_profile": "string",
              "pages": "bool",
              "priority": "string",
              "runbook": "string",
              "slo_id": "string",
              "team": "string",
              "workflow": "string"
            }
          ],
          "stage.critical.data.data-quality-check-failure": [
            "object",
            {
              "archetype": "string",
              "band": "string",
              "detection": "string",
              "env": "string",
              "group_by": [
                "list",
                "string"
              ],
              "id": "string",
              "impact_class": "string",
              "managed_source": "string",
              "name": "string",
              "notification_profile": "string",
              "pages": "bool",
              "priority": "string",
              "runbook": "string",
              "slo_id": "string",
              "team": "string",
              "workflow": "string"
            }
          ],
          "stage.critical.data.data-schema-drift": [
            "object",
            {
              "archetype": "string",
              "band": "string",
              "detection": "string",
              "env": "string",
              "group_by": [
                "list",
                "string"
              ],
              "id": "string",
              "impact_class": "string",
              "managed_source": "string",
              "name": "string",
              "notification_profile": "string",
              "pages": "bool",
              "priority": "string",
              "runbook": "string",
              "slo_id": "string",
              "team": "string",
              "workflow": "string"
            }
          ],
          "stage.critical.data.data-telemetry-loss": [
            "object",
            {
              "archetype": "string",
              "band": "string",
              "detection": "string",
              "env": "string",
              "group_by": [
                "list",
                "string"
              ],
              "id": "string",
              "impact_class": "string",
              "managed_source": "string",
              "name": "string",
              "notification_profile": "string",
              "pages": "bool",
              "priority": "string",
              "runbook": "string",
              "slo_id": "string",
              "team": "string",
              "workflow": "string"
            }
          ],
          "stage.critical.data.pipeline-job-failure": [
            "object",
            {
              "archetype": "string",
              "band": "string",
              "detection": "string",
              "env": "string",
              "group_by": [
                "list",
                "string"
              ],
              "id": "string",
              "impact_class": "string",
              "managed_source": "string",
              "name": "string",
              "notification_profile": "string",
              "pages": "bool",
              "priority": "string",
              "runbook": "string",
              "slo_id": "string",
              "team": "string",
              "workflow": "string"
            }
          ],
          "stage.critical.data.pipeline-output-stale": [
            "object",
            {
              "archetype": "string",
              "band": "string",
              "detection": "string",
              "env": "string",
              "group_by": [
                "list",
                "string"
              ],
              "id": "string",
              "impact_class": "string",
              "managed_source": "string",
              "name": "string",
              "notification_profile": "string",
              "pages": "bool",
              "priority": "string",
              "runbook": "string",
              "slo_id": "string",
              "team": "string",
              "workflow": "string"
            }
          ],
          "stage.critical.database.azuresql-connection-failures": [
            "object",
            {
              "archetype": "string",
              "band": "string",
              "detection": "string",
              "env": "string",
              "group_by": [
                "list",
                "string"
              ],
              "id": "string",
              "impact_class": "string",
              "managed_source": "string",
              "name": "string",
              "notification_profile": "string",
              "pages": "bool",
              "priority": "string",
              "runbook": "string",
              "slo_id": "string",
              "team": "string",
              "workflow": "string"
            }
          ],
          "stage.critical.database.cosmos-ru-throttling": [
            "object",
            {
              "archetype": "string",
              "band": "string",
              "detection": "string",
              "env": "string",
              "group_by": [
                "list",
                "string"
              ],
              "id": "string",
              "impact_class": "string",
              "managed_source": "string",
              "name": "string",
              "notification_profile": "string",
              "pages": "bool",
              "priority": "string",
              "runbook": "string",
              "slo_id": "string",
              "team": "string",
              "workflow": "string"
            }
          ],
          "stage.critical.database.db-availability": [
            "object",
            {
              "archetype": "string",
              "band": "string",
              "detection": "string",
              "env": "string",
              "group_by": [
                "list",
                "string"
              ],
              "id": "string",
              "impact_class": "string",
              "managed_source": "string",
              "name": "string",
              "notification_profile": "string",
              "pages": "bool",
              "priority": "string",
              "runbook": "string",
              "slo_id": "string",
              "team": "string",
              "workflow": "string"
            }
          ],
          "stage.critical.database.db-query-latency-anomaly": [
            "object",
            {
              "archetype": "string",
              "band": "string",
              "detection": "string",
              "env": "string",
              "group_by": [
                "list",
                "string"
              ],
              "id": "string",
              "impact_class": "string",
              "managed_source": "string",
              "name": "string",
              "notification_profile": "string",
              "pages": "bool",
              "priority": "string",
              "runbook": "string",
              "slo_id": "string",
              "team": "string",
              "workflow": "string"
            }
          ],
          "stage.critical.database.db-replication-lag": [
            "object",
            {
              "archetype": "string",
              "band": "string",
              "detection": "string",
              "env": "string",
              "group_by": [
                "list",
                "string"
              ],
              "id": "string",
              "impact_class": "string",
              "managed_source": "string",
              "name": "string",
              "notification_profile": "string",
              "pages": "bool",
              "priority": "string",
              "runbook": "string",
              "slo_id": "string",
              "team": "string",
              "workflow": "string"
            }
          ],
          "stage.critical.database.db-telemetry-loss": [
            "object",
            {
              "archetype": "string",
              "band": "string",
              "detection": "string",
              "env": "string",
              "group_by": [
                "list",
                "string"
              ],
              "id": "string",
              "impact_class": "string",
              "managed_source": "string",
              "name": "string",
              "notification_profile": "string",
              "pages": "bool",
              "priority": "string",
              "runbook": "string",
              "slo_id": "string",
              "team": "string",
              "workflow": "string"
            }
          ],
          "stage.critical.infrastructure.host-agent-unhealthy": [
            "object",
            {
              "archetype": "string",
              "band": "string",
              "detection": "string",
              "env": "string",
              "group_by": [
                "list",
                "string"
              ],
              "id": "string",
              "impact_class": "string",
              "managed_source": "string",
              "name": "string",
              "notification_profile": "string",
              "pages": "bool",
              "priority": "string",
              "runbook": "string",
              "slo_id": "string",
              "team": "string",
              "workflow": "string"
            }
          ],
          "stage.critical.infrastructure.host-disk-exhaustion-forecast": [
            "object",
            {
              "archetype": "string",
              "band": "string",
              "detection": "string",
              "env": "string",
              "group_by": [
                "list",
                "string"
              ],
              "id": "string",
              "impact_class": "string",
              "managed_source": "string",
              "name": "string",
              "notification_profile": "string",
              "pages": "bool",
              "priority": "string",
              "runbook": "string",
              "slo_id": "string",
              "team": "string",
              "workflow": "string"
            }
          ],
          "stage.critical.infrastructure.host-process-down": [
            "object",
            {
              "archetype": "string",
              "band": "string",
              "detection": "string",
              "env": "string",
              "group_by": [
                "list",
                "string"
              ],
              "id": "string",
              "impact_class": "string",
              "managed_source": "string",
              "name": "string",
              "notification_profile": "string",
              "pages": "bool",
              "priority": "string",
              "runbook": "string",
              "slo_id": "string",
              "team": "string",
              "workflow": "string"
            }
          ],
          "stage.critical.infrastructure.host-unavailable": [
            "object",
            {
              "archetype": "string",
              "band": "string",
              "detection": "string",
              "env": "string",
              "group_by": [
                "list",
                "string"
              ],
              "id": "string",
              "impact_class": "string",
              "managed_source": "string",
              "name": "string",
              "notification_profile": "string",
              "pages": "bool",
              "priority": "string",
              "runbook": "string",
              "slo_id": "string",
              "team": "string",
              "workflow": "string"
            }
          ],
          "stage.critical.integration.batch-job-failure": [
            "object",
            {
              "archetype": "string",
              "band": "string",
              "detection": "string",
              "env": "string",
              "group_by": [
                "list",
                "string"
              ],
              "id": "string",
              "impact_class": "string",
              "managed_source": "string",
              "name": "string",
              "notification_profile": "string",
              "pages": "bool",
              "priority": "string",
              "runbook": "string",
              "slo_id": "string",
              "team": "string",
              "workflow": "string"
            }
          ],
          "stage.critical.integration.integration-flow-failure": [
            "object",
            {
              "archetype": "string",
              "band": "string",
              "detection": "string",
              "env": "string",
              "group_by": [
                "list",
                "string"
              ],
              "id": "string",
              "impact_class": "string",
              "managed_source": "string",
              "name": "string",
              "notification_profile": "string",
              "pages": "bool",
              "priority": "string",
              "runbook": "string",
              "slo_id": "string",
              "team": "string",
              "workflow": "string"
            }
          ],
          "stage.critical.integration.schedule-job-failure": [
            "object",
            {
              "archetype": "string",
              "band": "string",
              "detection": "string",
              "env": "string",
              "group_by": [
                "list",
                "string"
              ],
              "id": "string",
              "impact_class": "string",
              "managed_source": "string",
              "name": "string",
              "notification_profile": "string",
              "pages": "bool",
              "priority": "string",
              "runbook": "string",
              "slo_id": "string",
              "team": "string",
              "workflow": "string"
            }
          ],
          "stage.critical.integration.schedule-missed-run": [
            "object",
            {
              "archetype": "string",
              "band": "string",
              "detection": "string",
              "env": "string",
              "group_by": [
                "list",
                "string"
              ],
              "id": "string",
              "impact_class": "string",
              "managed_source": "string",
              "name": "string",
              "notification_profile": "string",
              "pages": "bool",
              "priority": "string",
              "runbook": "string",
              "slo_id": "string",
              "team": "string",
              "workflow": "string"
            }
          ],
          "stage.critical.kubernetes.k8s-cronjob-failure": [
            "object",
            {
              "archetype": "string",
              "band": "string",
              "detection": "string",
              "env": "string",
              "group_by": [
                "list",
                "string"
              ],
              "id": "string",
              "impact_class": "string",
              "managed_source": "string",
              "name": "string",
              "notification_profile": "string",
              "pages": "bool",
              "priority": "string",
              "runbook": "string",
              "slo_id": "string",
              "team": "string",
              "workflow": "string"
            }
          ],
          "stage.critical.kubernetes.k8s-deployment-unavailable": [
            "object",
            {
              "archetype": "string",
              "band": "string",
              "detection": "string",
              "env": "string",
              "group_by": [
                "list",
                "string"
              ],
              "id": "string",
              "impact_class": "string",
              "managed_source": "string",
              "name": "string",
              "notification_profile": "string",
              "pages": "bool",
              "priority": "string",
              "runbook": "string",
              "slo_id": "string",
              "team": "string",
              "workflow": "string"
            }
          ],
          "stage.critical.kubernetes.k8s-node-not-ready": [
            "object",
            {
              "archetype": "string",
              "band": "string",
              "detection": "string",
              "env": "string",
              "group_by": [
                "list",
                "string"
              ],
              "id": "string",
              "impact_class": "string",
              "managed_source": "string",
              "name": "string",
              "notification_profile": "string",
              "pages": "bool",
              "priority": "string",
              "runbook": "string",
              "slo_id": "string",
              "team": "string",
              "workflow": "string"
            }
          ],
          "stage.critical.kubernetes.k8s-oomkill": [
            "object",
            {
              "archetype": "string",
              "band": "string",
              "detection": "string",
              "env": "string",
              "group_by": [
                "list",
                "string"
              ],
              "id": "string",
              "impact_class": "string",
              "managed_source": "string",
              "name": "string",
              "notification_profile": "string",
              "pages": "bool",
              "priority": "string",
              "runbook": "string",
              "slo_id": "string",
              "team": "string",
              "workflow": "string"
            }
          ],
          "stage.critical.kubernetes.k8s-pod-crashloop": [
            "object",
            {
              "archetype": "string",
              "band": "string",
              "detection": "string",
              "env": "string",
              "group_by": [
                "list",
                "string"
              ],
              "id": "string",
              "impact_class": "string",
              "managed_source": "string",
              "name": "string",
              "notification_profile": "string",
              "pages": "bool",
              "priority": "string",
              "runbook": "string",
              "slo_id": "string",
              "team": "string",
              "workflow": "string"
            }
          ],
          "stage.critical.kubernetes.k8s-pods-pending": [
            "object",
            {
              "archetype": "string",
              "band": "string",
              "detection": "string",
              "env": "string",
              "group_by": [
                "list",
                "string"
              ],
              "id": "string",
              "impact_class": "string",
              "managed_source": "string",
              "name": "string",
              "notification_profile": "string",
              "pages": "bool",
              "priority": "string",
              "runbook": "string",
              "slo_id": "string",
              "team": "string",
              "workflow": "string"
            }
          ],
          "stage.critical.kubernetes.k8s-telemetry-loss": [
            "object",
            {
              "archetype": "string",
              "band": "string",
              "detection": "string",
              "env": "string",
              "group_by": [
                "list",
                "string"
              ],
              "id": "string",
              "impact_class": "string",
              "managed_source": "string",
              "name": "string",
              "notification_profile": "string",
              "pages": "bool",
              "priority": "string",
              "runbook": "string",
              "slo_id": "string",
              "team": "string",
              "workflow": "string"
            }
          ],
          "stage.critical.messaging.consumer-absent": [
            "object",
            {
              "archetype": "string",
              "band": "string",
              "detection": "string",
              "env": "string",
              "group_by": [
                "list",
                "string"
              ],
              "id": "string",
              "impact_class": "string",
              "managed_source": "string",
              "name": "string",
              "notification_profile": "string",
              "pages": "bool",
              "priority": "string",
              "runbook": "string",
              "slo_id": "string",
              "team": "string",
              "workflow": "string"
            }
          ],
          "stage.critical.messaging.consumer-dlq-growth": [
            "object",
            {
              "archetype": "string",
              "band": "string",
              "detection": "string",
              "env": "string",
              "group_by": [
                "list",
                "string"
              ],
              "id": "string",
              "impact_class": "string",
              "managed_source": "string",
              "name": "string",
              "notification_profile": "string",
              "pages": "bool",
              "priority": "string",
              "runbook": "string",
              "slo_id": "string",
              "team": "string",
              "workflow": "string"
            }
          ],
          "stage.critical.messaging.messaging-publish-failure": [
            "object",
            {
              "archetype": "string",
              "band": "string",
              "detection": "string",
              "env": "string",
              "group_by": [
                "list",
                "string"
              ],
              "id": "string",
              "impact_class": "string",
              "managed_source": "string",
              "name": "string",
              "notification_profile": "string",
              "pages": "bool",
              "priority": "string",
              "runbook": "string",
              "slo_id": "string",
              "team": "string",
              "workflow": "string"
            }
          ],
          "stage.critical.network.loadbalancer-pool-degraded": [
            "object",
            {
              "archetype": "string",
              "band": "string",
              "detection": "string",
              "env": "string",
              "group_by": [
                "list",
                "string"
              ],
              "id": "string",
              "impact_class": "string",
              "managed_source": "string",
              "name": "string",
              "notification_profile": "string",
              "pages": "bool",
              "priority": "string",
              "runbook": "string",
              "slo_id": "string",
              "team": "string",
              "workflow": "string"
            }
          ],
          "stage.critical.platform.platform-service-unavailable": [
            "object",
            {
              "archetype": "string",
              "band": "string",
              "detection": "string",
              "env": "string",
              "group_by": [
                "list",
                "string"
              ],
              "id": "string",
              "impact_class": "string",
              "managed_source": "string",
              "name": "string",
              "notification_profile": "string",
              "pages": "bool",
              "priority": "string",
              "runbook": "string",
              "slo_id": "string",
              "team": "string",
              "workflow": "string"
            }
          ],
          "stage.critical.saas.saas-error-anomaly": [
            "object",
            {
              "archetype": "string",
              "band": "string",
              "detection": "string",
              "env": "string",
              "group_by": [
                "list",
                "string"
              ],
              "id": "string",
              "impact_class": "string",
              "managed_source": "string",
              "name": "string",
              "notification_profile": "string",
              "pages": "bool",
              "priority": "string",
              "runbook": "string",
              "slo_id": "string",
              "team": "string",
              "workflow": "string"
            }
          ],
          "stage.critical.saas.synthetic-certificate-expiry": [
            "object",
            {
              "archetype": "string",
              "band": "string",
              "detection": "string",
              "env": "string",
              "group_by": [
                "list",
                "string"
              ],
              "id": "string",
              "impact_class": "string",
              "managed_source": "string",
              "name": "string",
              "notification_profile": "string",
              "pages": "bool",
              "priority": "string",
              "runbook": "string",
              "slo_id": "string",
              "team": "string",
              "workflow": "string"
            }
          ],
          "stage.critical.saas.synthetic-endpoint-down": [
            "object",
            {
              "archetype": "string",
              "band": "string",
              "detection": "string",
              "env": "string",
              "group_by": [
                "list",
                "string"
              ],
              "id": "string",
              "impact_class": "string",
              "managed_source": "string",
              "name": "string",
              "notification_profile": "string",
              "pages": "bool",
              "priority": "string",
              "runbook": "string",
              "slo_id": "string",
              "team": "string",
              "workflow": "string"
            }
          ],
          "stage.critical.security.certificate-expiry": [
            "object",
            {
              "archetype": "string",
              "band": "string",
              "detection": "string",
              "env": "string",
              "group_by": [
                "list",
                "string"
              ],
              "id": "string",
              "impact_class": "string",
              "managed_source": "string",
              "name": "string",
              "notification_profile": "string",
              "pages": "bool",
              "priority": "string",
              "runbook": "string",
              "slo_id": "string",
              "team": "string",
              "workflow": "string"
            }
          ],
          "stage.critical.security.security-log-source-missing": [
            "object",
            {
              "archetype": "string",
              "band": "string",
              "detection": "string",
              "env": "string",
              "group_by": [
                "list",
                "string"
              ],
              "id": "string",
              "impact_class": "string",
              "managed_source": "string",
              "name": "string",
              "notification_profile": "string",
              "pages": "bool",
              "priority": "string",
              "runbook": "string",
              "slo_id": "string",
              "team": "string",
              "workflow": "string"
            }
          ],
          "stage.critical.vmware.vmware-host-disconnected": [
            "object",
            {
              "archetype": "string",
              "band": "string",
              "detection": "string",
              "env": "string",
              "group_by": [
                "list",
                "string"
              ],
              "id": "string",
              "impact_class": "string",
              "managed_source": "string",
              "name": "string",
              "notification_profile": "string",
              "pages": "bool",
              "priority": "string",
              "runbook": "string",
              "slo_id": "string",
              "team": "string",
              "workflow": "string"
            }
          ],
          "stage.standard.api.api-5xx-anomaly": [
            "object",
            {
              "archetype": "string",
              "band": "string",
              "detection": "string",
              "env": "string",
              "group_by": [
                "list",
                "string"
              ],
              "id": "string",
              "impact_class": "string",
              "managed_source": "string",
              "name": "string",
              "notification_profile": "string",
              "pages": "bool",
              "priority": "string",
              "runbook": "string",
              "slo_id": "string",
              "team": "string",
              "workflow": "string"
            }
          ],
          "stage.standard.api.api-availability": [
            "object",
            {
              "archetype": "string",
              "band": "string",
              "detection": "string",
              "env": "string",
              "group_by": [
                "list",
                "string"
              ],
              "id": "string",
              "impact_class": "string",
              "managed_source": "string",
              "name": "string",
              "notification_profile": "string",
              "pages": "bool",
              "priority": "string",
              "runbook": "string",
              "slo_id": "string",
              "team": "string",
              "workflow": "string"
            }
          ],
          "stage.standard.api.api-gateway-backend-unhealthy": [
            "object",
            {
              "archetype": "string",
              "band": "string",
              "detection": "string",
              "env": "string",
              "group_by": [
                "list",
                "string"
              ],
              "id": "string",
              "impact_class": "string",
              "managed_source": "string",
              "name": "string",
              "notification_profile": "string",
              "pages": "bool",
              "priority": "string",
              "runbook": "string",
              "slo_id": "string",
              "team": "string",
              "workflow": "string"
            }
          ],
          "stage.standard.api.api-latency-p99": [
            "object",
            {
              "archetype": "string",
              "band": "string",
              "detection": "string",
              "env": "string",
              "group_by": [
                "list",
                "string"
              ],
              "id": "string",
              "impact_class": "string",
              "managed_source": "string",
              "name": "string",
              "notification_profile": "string",
              "pages": "bool",
              "priority": "string",
              "runbook": "string",
              "slo_id": "string",
              "team": "string",
              "workflow": "string"
            }
          ],
          "stage.standard.application.app-telemetry-loss": [
            "object",
            {
              "archetype": "string",
              "band": "string",
              "detection": "string",
              "env": "string",
              "group_by": [
                "list",
                "string"
              ],
              "id": "string",
              "impact_class": "string",
              "managed_source": "string",
              "name": "string",
              "notification_profile": "string",
              "pages": "bool",
              "priority": "string",
              "runbook": "string",
              "slo_id": "string",
              "team": "string",
              "workflow": "string"
            }
          ],
          "stage.standard.application.dependency-error-anomaly": [
            "object",
            {
              "archetype": "string",
              "band": "string",
              "detection": "string",
              "env": "string",
              "group_by": [
                "list",
                "string"
              ],
              "id": "string",
              "impact_class": "string",
              "managed_source": "string",
              "name": "string",
              "notification_profile": "string",
              "pages": "bool",
              "priority": "string",
              "runbook": "string",
              "slo_id": "string",
              "team": "string",
              "workflow": "string"
            }
          ],
          "stage.standard.application.deployment-regression": [
            "object",
            {
              "archetype": "string",
              "band": "string",
              "detection": "string",
              "env": "string",
              "group_by": [
                "list",
                "string"
              ],
              "id": "string",
              "impact_class": "string",
              "managed_source": "string",
              "name": "string",
              "notification_profile": "string",
              "pages": "bool",
              "priority": "string",
              "runbook": "string",
              "slo_id": "string",
              "team": "string",
              "workflow": "string"
            }
          ],
          "stage.standard.application.web-origin-5xx-anomaly": [
            "object",
            {
              "archetype": "string",
              "band": "string",
              "detection": "string",
              "env": "string",
              "group_by": [
                "list",
                "string"
              ],
              "id": "string",
              "impact_class": "string",
              "managed_source": "string",
              "name": "string",
              "notification_profile": "string",
              "pages": "bool",
              "priority": "string",
              "runbook": "string",
              "slo_id": "string",
              "team": "string",
              "workflow": "string"
            }
          ],
          "stage.standard.application.web-page-load-degradation": [
            "object",
            {
              "archetype": "string",
              "band": "string",
              "detection": "string",
              "env": "string",
              "group_by": [
                "list",
                "string"
              ],
              "id": "string",
              "impact_class": "string",
              "managed_source": "string",
              "name": "string",
              "notification_profile": "string",
              "pages": "bool",
              "priority": "string",
              "runbook": "string",
              "slo_id": "string",
              "team": "string",
              "workflow": "string"
            }
          ],
          "stage.standard.application.web-synthetic-availability": [
            "object",
            {
              "archetype": "string",
              "band": "string",
              "detection": "string",
              "env": "string",
              "group_by": [
                "list",
                "string"
              ],
              "id": "string",
              "impact_class": "string",
              "managed_source": "string",
              "name": "string",
              "notification_profile": "string",
              "pages": "bool",
              "priority": "string",
              "runbook": "string",
              "slo_id": "string",
              "team": "string",
              "workflow": "string"
            }
          ],
          "stage.standard.application.worker-error-anomaly": [
            "object",
            {
              "archetype": "string",
              "band": "string",
              "detection": "string",
              "env": "string",
              "group_by": [
                "list",
                "string"
              ],
              "id": "string",
              "impact_class": "string",
              "managed_source": "string",
              "name": "string",
              "notification_profile": "string",
              "pages": "bool",
              "priority": "string",
              "runbook": "string",
              "slo_id": "string",
              "team": "string",
              "workflow": "string"
            }
          ],
          "stage.standard.application.worker-processing-latency": [
            "object",
            {
              "archetype": "string",
              "band": "string",
              "detection": "string",
              "env": "string",
              "group_by": [
                "list",
                "string"
              ],
              "id": "string",
              "impact_class": "string",
              "managed_source": "string",
              "name": "string",
              "notification_profile": "string",
              "pages": "bool",
              "priority": "string",
              "runbook": "string",
              "slo_id": "string",
              "team": "string",
              "workflow": "string"
            }
          ],
          "stage.standard.application.worker-stalled": [
            "object",
            {
              "archetype": "string",
              "band": "string",
              "detection": "string",
              "env": "string",
              "group_by": [
                "list",
                "string"
              ],
              "id": "string",
              "impact_class": "string",
              "managed_source": "string",
              "name": "string",
              "notification_profile": "string",
              "pages": "bool",
              "priority": "string",
              "runbook": "string",
              "slo_id": "string",
              "team": "string",
              "workflow": "string"
            }
          ],
          "stage.standard.application.worker-throughput-anomaly": [
            "object",
            {
              "archetype": "string",
              "band": "string",
              "detection": "string",
              "env": "string",
              "group_by": [
                "list",
                "string"
              ],
              "id": "string",
              "impact_class": "string",
              "managed_source": "string",
              "name": "string",
              "notification_profile": "string",
              "pages": "bool",
              "priority": "string",
              "runbook": "string",
              "slo_id": "string",
              "team": "string",
              "workflow": "string"
            }
          ],
          "stage.standard.cloud.azure-appgateway-backend-unhealthy": [
            "object",
            {
              "archetype": "string",
              "band": "string",
              "detection": "string",
              "env": "string",
              "group_by": [
                "list",
                "string"
              ],
              "id": "string",
              "impact_class": "string",
              "managed_source": "string",
              "name": "string",
              "notification_profile": "string",
              "pages": "bool",
              "priority": "string",
              "runbook": "string",
              "slo_id": "string",
              "team": "string",
              "workflow": "string"
            }
          ],
          "stage.standard.cloud.azure-appservice-http5xx-anomaly": [
            "object",
            {
              "archetype": "string",
              "band": "string",
              "detection": "string",
              "env": "string",
              "group_by": [
                "list",
                "string"
              ],
              "id": "string",
              "impact_class": "string",
              "managed_source": "string",
              "name": "string",
              "notification_profile": "string",
              "pages": "bool",
              "priority": "string",
              "runbook": "string",
              "slo_id": "string",
              "team": "string",
              "workflow": "string"
            }
          ],
          "stage.standard.cloud.azure-appservice-unavailable": [
            "object",
            {
              "archetype": "string",
              "band": "string",
              "detection": "string",
              "env": "string",
              "group_by": [
                "list",
                "string"
              ],
              "id": "string",
              "impact_class": "string",
              "managed_source": "string",
              "name": "string",
              "notification_profile": "string",
              "pages": "bool",
              "priority": "string",
              "runbook": "string",
              "slo_id": "string",
              "team": "string",
              "workflow": "string"
            }
          ],
          "stage.standard.cloud.azure-function-failure-anomaly": [
            "object",
            {
              "archetype": "string",
              "band": "string",
              "detection": "string",
              "env": "string",
              "group_by": [
                "list",
                "string"
              ],
              "id": "string",
              "impact_class": "string",
              "managed_source": "string",
              "name": "string",
              "notification_profile": "string",
              "pages": "bool",
              "priority": "string",
              "runbook": "string",
              "slo_id": "string",
              "team": "string",
              "workflow": "string"
            }
          ],
          "stage.standard.cloud.azure-integration-telemetry-gap": [
            "object",
            {
              "archetype": "string",
              "band": "string",
              "detection": "string",
              "env": "string",
              "group_by": [
                "list",
                "string"
              ],
              "id": "string",
              "impact_class": "string",
              "managed_source": "string",
              "name": "string",
              "notification_profile": "string",
              "pages": "bool",
              "priority": "string",
              "runbook": "string",
              "slo_id": "string",
              "team": "string",
              "workflow": "string"
            }
          ],
          "stage.standard.cloud.azure-loadbalancer-probe-failure": [
            "object",
            {
              "archetype": "string",
              "band": "string",
              "detection": "string",
              "env": "string",
              "group_by": [
                "list",
                "string"
              ],
              "id": "string",
              "impact_class": "string",
              "managed_source": "string",
              "name": "string",
              "notification_profile": "string",
              "pages": "bool",
              "priority": "string",
              "runbook": "string",
              "slo_id": "string",
              "team": "string",
              "workflow": "string"
            }
          ],
          "stage.standard.cloud.azure-storage-availability": [
            "object",
            {
              "archetype": "string",
              "band": "string",
              "detection": "string",
              "env": "string",
              "group_by": [
                "list",
                "string"
              ],
              "id": "string",
              "impact_class": "string",
              "managed_source": "string",
              "name": "string",
              "notification_profile": "string",
              "pages": "bool",
              "priority": "string",
              "runbook": "string",
              "slo_id": "string",
              "team": "string",
              "workflow": "string"
            }
          ],
          "stage.standard.cloud.azure-vm-unavailable": [
            "object",
            {
              "archetype": "string",
              "band": "string",
              "detection": "string",
              "env": "string",
              "group_by": [
                "list",
                "string"
              ],
              "id": "string",
              "impact_class": "string",
              "managed_source": "string",
              "name": "string",
              "notification_profile": "string",
              "pages": "bool",
              "priority": "string",
              "runbook": "string",
              "slo_id": "string",
              "team": "string",
              "workflow": "string"
            }
          ],
          "stage.standard.data.data-quality-check-failure": [
            "object",
            {
              "archetype": "string",
              "band": "string",
              "detection": "string",
              "env": "string",
              "group_by": [
                "list",
                "string"
              ],
              "id": "string",
              "impact_class": "string",
              "managed_source": "string",
              "name": "string",
              "notification_profile": "string",
              "pages": "bool",
              "priority": "string",
              "runbook": "string",
              "slo_id": "string",
              "team": "string",
              "workflow": "string"
            }
          ],
          "stage.standard.data.data-schema-drift": [
            "object",
            {
              "archetype": "string",
              "band": "string",
              "detection": "string",
              "env": "string",
              "group_by": [
                "list",
                "string"
              ],
              "id": "string",
              "impact_class": "string",
              "managed_source": "string",
              "name": "string",
              "notification_profile": "string",
              "pages": "bool",
              "priority": "string",
              "runbook": "string",
              "slo_id": "string",
              "team": "string",
              "workflow": "string"
            }
          ],
          "stage.standard.data.data-telemetry-loss": [
            "object",
            {
              "archetype": "string",
              "band": "string",
              "detection": "string",
              "env": "string",
              "group_by": [
                "list",
                "string"
              ],
              "id": "string",
              "impact_class": "string",
              "managed_source": "string",
              "name": "string",
              "notification_profile": "string",
              "pages": "bool",
              "priority": "string",
              "runbook": "string",
              "slo_id": "string",
              "team": "string",
              "workflow": "string"
            }
          ],
          "stage.standard.data.pipeline-job-failure": [
            "object",
            {
              "archetype": "string",
              "band": "string",
              "detection": "string",
              "env": "string",
              "group_by": [
                "list",
                "string"
              ],
              "id": "string",
              "impact_class": "string",
              "managed_source": "string",
              "name": "string",
              "notification_profile": "string",
              "pages": "bool",
              "priority": "string",
              "runbook": "string",
              "slo_id": "string",
              "team": "string",
              "workflow": "string"
            }
          ],
          "stage.standard.data.pipeline-output-stale": [
            "object",
            {
              "archetype": "string",
              "band": "string",
              "detection": "string",
              "env": "string",
              "group_by": [
                "list",
                "string"
              ],
              "id": "string",
              "impact_class": "string",
              "managed_source": "string",
              "name": "string",
              "notification_profile": "string",
              "pages": "bool",
              "priority": "string",
              "runbook": "string",
              "slo_id": "string",
              "team": "string",
              "workflow": "string"
            }
          ],
          "stage.standard.database.azuresql-connection-failures": [
            "object",
            {
              "archetype": "string",
              "band": "string",
              "detection": "string",
              "env": "string",
              "group_by": [
                "list",
                "string"
              ],
              "id": "string",
              "impact_class": "string",
              "managed_source": "string",
              "name": "string",
              "notification_profile": "string",
              "pages": "bool",
              "priority": "string",
              "runbook": "string",
              "slo_id": "string",
              "team": "string",
              "workflow": "string"
            }
          ],
          "stage.standard.database.cosmos-ru-throttling": [
            "object",
            {
              "archetype": "string",
              "band": "string",
              "detection": "string",
              "env": "string",
              "group_by": [
                "list",
                "string"
              ],
              "id": "string",
              "impact_class": "string",
              "managed_source": "string",
              "name": "string",
              "notification_profile": "string",
              "pages": "bool",
              "priority": "string",
              "runbook": "string",
              "slo_id": "string",
              "team": "string",
              "workflow": "string"
            }
          ],
          "stage.standard.database.db-availability": [
            "object",
            {
              "archetype": "string",
              "band": "string",
              "detection": "string",
              "env": "string",
              "group_by": [
                "list",
                "string"
              ],
              "id": "string",
              "impact_class": "string",
              "managed_source": "string",
              "name": "string",
              "notification_profile": "string",
              "pages": "bool",
              "priority": "string",
              "runbook": "string",
              "slo_id": "string",
              "team": "string",
              "workflow": "string"
            }
          ],
          "stage.standard.database.db-query-latency-anomaly": [
            "object",
            {
              "archetype": "string",
              "band": "string",
              "detection": "string",
              "env": "string",
              "group_by": [
                "list",
                "string"
              ],
              "id": "string",
              "impact_class": "string",
              "managed_source": "string",
              "name": "string",
              "notification_profile": "string",
              "pages": "bool",
              "priority": "string",
              "runbook": "string",
              "slo_id": "string",
              "team": "string",
              "workflow": "string"
            }
          ],
          "stage.standard.database.db-replication-lag": [
            "object",
            {
              "archetype": "string",
              "band": "string",
              "detection": "string",
              "env": "string",
              "group_by": [
                "list",
                "string"
              ],
              "id": "string",
              "impact_class": "string",
              "managed_source": "string",
              "name": "string",
              "notification_profile": "string",
              "pages": "bool",
              "priority": "string",
              "runbook": "string",
              "slo_id": "string",
              "team": "string",
              "workflow": "string"
            }
          ],
          "stage.standard.database.db-telemetry-loss": [
            "object",
            {
              "archetype": "string",
              "band": "string",
              "detection": "string",
              "env": "string",
              "group_by": [
                "list",
                "string"
              ],
              "id": "string",
              "impact_class": "string",
              "managed_source": "string",
              "name": "string",
              "notification_profile": "string",
              "pages": "bool",
              "priority": "string",
              "runbook": "string",
              "slo_id": "string",
              "team": "string",
              "workflow": "string"
            }
          ],
          "stage.standard.infrastructure.host-agent-unhealthy": [
            "object",
            {
              "archetype": "string",
              "band": "string",
              "detection": "string",
              "env": "string",
              "group_by": [
                "list",
                "string"
              ],
              "id": "string",
              "impact_class": "string",
              "managed_source": "string",
              "name": "string",
              "notification_profile": "string",
              "pages": "bool",
              "priority": "string",
              "runbook": "string",
              "slo_id": "string",
              "team": "string",
              "workflow": "string"
            }
          ],
          "stage.standard.infrastructure.host-disk-exhaustion-forecast": [
            "object",
            {
              "archetype": "string",
              "band": "string",
              "detection": "string",
              "env": "string",
              "group_by": [
                "list",
                "string"
              ],
              "id": "string",
              "impact_class": "string",
              "managed_source": "string",
              "name": "string",
              "notification_profile": "string",
              "pages": "bool",
              "priority": "string",
              "runbook": "string",
              "slo_id": "string",
              "team": "string",
              "workflow": "string"
            }
          ],
          "stage.standard.infrastructure.host-process-down": [
            "object",
            {
              "archetype": "string",
              "band": "string",
              "detection": "string",
              "env": "string",
              "group_by": [
                "list",
                "string"
              ],
              "id": "string",
              "impact_class": "string",
              "managed_source": "string",
              "name": "string",
              "notification_profile": "string",
              "pages": "bool",
              "priority": "string",
              "runbook": "string",
              "slo_id": "string",
              "team": "string",
              "workflow": "string"
            }
          ],
          "stage.standard.infrastructure.host-unavailable": [
            "object",
            {
              "archetype": "string",
              "band": "string",
              "detection": "string",
              "env": "string",
              "group_by": [
                "list",
                "string"
              ],
              "id": "string",
              "impact_class": "string",
              "managed_source": "string",
              "name": "string",
              "notification_profile": "string",
              "pages": "bool",
              "priority": "string",
              "runbook": "string",
              "slo_id": "string",
              "team": "string",
              "workflow": "string"
            }
          ],
          "stage.standard.integration.batch-job-failure": [
            "object",
            {
              "archetype": "string",
              "band": "string",
              "detection": "string",
              "env": "string",
              "group_by": [
                "list",
                "string"
              ],
              "id": "string",
              "impact_class": "string",
              "managed_source": "string",
              "name": "string",
              "notification_profile": "string",
              "pages": "bool",
              "priority": "string",
              "runbook": "string",
              "slo_id": "string",
              "team": "string",
              "workflow": "string"
            }
          ],
          "stage.standard.integration.integration-flow-failure": [
            "object",
            {
              "archetype": "string",
              "band": "string",
              "detection": "string",
              "env": "string",
              "group_by": [
                "list",
                "string"
              ],
              "id": "string",
              "impact_class": "string",
              "managed_source": "string",
              "name": "string",
              "notification_profile": "string",
              "pages": "bool",
              "priority": "string",
              "runbook": "string",
              "slo_id": "string",
              "team": "string",
              "workflow": "string"
            }
          ],
          "stage.standard.integration.schedule-job-failure": [
            "object",
            {
              "archetype": "string",
              "band": "string",
              "detection": "string",
              "env": "string",
              "group_by": [
                "list",
                "string"
              ],
              "id": "string",
              "impact_class": "string",
              "managed_source": "string",
              "name": "string",
              "notification_profile": "string",
              "pages": "bool",
              "priority": "string",
              "runbook": "string",
              "slo_id": "string",
              "team": "string",
              "workflow": "string"
            }
          ],
          "stage.standard.integration.schedule-missed-run": [
            "object",
            {
              "archetype": "string",
              "band": "string",
              "detection": "string",
              "env": "string",
              "group_by": [
                "list",
                "string"
              ],
              "id": "string",
              "impact_class": "string",
              "managed_source": "string",
              "name": "string",
              "notification_profile": "string",
              "pages": "bool",
              "priority": "string",
              "runbook": "string",
              "slo_id": "string",
              "team": "string",
              "workflow": "string"
            }
          ],
          "stage.standard.kubernetes.k8s-cronjob-failure": [
            "object",
            {
              "archetype": "string",
              "band": "string",
              "detection": "string",
              "env": "string",
              "group_by": [
                "list",
                "string"
              ],
              "id": "string",
              "impact_class": "string",
              "managed_source": "string",
              "name": "string",
              "notification_profile": "string",
              "pages": "bool",
              "priority": "string",
              "runbook": "string",
              "slo_id": "string",
              "team": "string",
              "workflow": "string"
            }
          ],
          "stage.standard.kubernetes.k8s-deployment-unavailable": [
            "object",
            {
              "archetype": "string",
              "band": "string",
              "detection": "string",
              "env": "string",
              "group_by": [
                "list",
                "string"
              ],
              "id": "string",
              "impact_class": "string",
              "managed_source": "string",
              "name": "string",
              "notification_profile": "string",
              "pages": "bool",
              "priority": "string",
              "runbook": "string",
              "slo_id": "string",
              "team": "string",
              "workflow": "string"
            }
          ],
          "stage.standard.kubernetes.k8s-node-not-ready": [
            "object",
            {
              "archetype": "string",
              "band": "string",
              "detection": "string",
              "env": "string",
              "group_by": [
                "list",
                "string"
              ],
              "id": "string",
              "impact_class": "string",
              "managed_source": "string",
              "name": "string",
              "notification_profile": "string",
              "pages": "bool",
              "priority": "string",
              "runbook": "string",
              "slo_id": "string",
              "team": "string",
              "workflow": "string"
            }
          ],
          "stage.standard.kubernetes.k8s-oomkill": [
            "object",
            {
              "archetype": "string",
              "band": "string",
              "detection": "string",
              "env": "string",
              "group_by": [
                "list",
                "string"
              ],
              "id": "string",
              "impact_class": "string",
              "managed_source": "string",
              "name": "string",
              "notification_profile": "string",
              "pages": "bool",
              "priority": "string",
              "runbook": "string",
              "slo_id": "string",
              "team": "string",
              "workflow": "string"
            }
          ],
          "stage.standard.kubernetes.k8s-pod-crashloop": [
            "object",
            {
              "archetype": "string",
              "band": "string",
              "detection": "string",
              "env": "string",
              "group_by": [
                "list",
                "string"
              ],
              "id": "string",
              "impact_class": "string",
              "managed_source": "string",
              "name": "string",
              "notification_profile": "string",
              "pages": "bool",
              "priority": "string",
              "runbook": "string",
              "slo_id": "string",
              "team": "string",
              "workflow": "string"
            }
          ],
          "stage.standard.kubernetes.k8s-pods-pending": [
            "object",
            {
              "archetype": "string",
              "band": "string",
              "detection": "string",
              "env": "string",
              "group_by": [
                "list",
                "string"
              ],
              "id": "string",
              "impact_class": "string",
              "managed_source": "string",
              "name": "string",
              "notification_profile": "string",
              "pages": "bool",
              "priority": "string",
              "runbook": "string",
              "slo_id": "string",
              "team": "string",
              "workflow": "string"
            }
          ],
          "stage.standard.kubernetes.k8s-telemetry-loss": [
            "object",
            {
              "archetype": "string",
              "band": "string",
              "detection": "string",
              "env": "string",
              "group_by": [
                "list",
                "string"
              ],
              "id": "string",
              "impact_class": "string",
              "managed_source": "string",
              "name": "string",
              "notification_profile": "string",
              "pages": "bool",
              "priority": "string",
              "runbook": "string",
              "slo_id": "string",
              "team": "string",
              "workflow": "string"
            }
          ],
          "stage.standard.messaging.consumer-absent": [
            "object",
            {
              "archetype": "string",
              "band": "string",
              "detection": "string",
              "env": "string",
              "group_by": [
                "list",
                "string"
              ],
              "id": "string",
              "impact_class": "string",
              "managed_source": "string",
              "name": "string",
              "notification_profile": "string",
              "pages": "bool",
              "priority": "string",
              "runbook": "string",
              "slo_id": "string",
              "team": "string",
              "workflow": "string"
            }
          ],
          "stage.standard.messaging.consumer-dlq-growth": [
            "object",
            {
              "archetype": "string",
              "band": "string",
              "detection": "string",
              "env": "string",
              "group_by": [
                "list",
                "string"
              ],
              "id": "string",
              "impact_class": "string",
              "managed_source": "string",
              "name": "string",
              "notification_profile": "string",
              "pages": "bool",
              "priority": "string",
              "runbook": "string",
              "slo_id": "string",
              "team": "string",
              "workflow": "string"
            }
          ],
          "stage.standard.messaging.messaging-publish-failure": [
            "object",
            {
              "archetype": "string",
              "band": "string",
              "detection": "string",
              "env": "string",
              "group_by": [
                "list",
                "string"
              ],
              "id": "string",
              "impact_class": "string",
              "managed_source": "string",
              "name": "string",
              "notification_profile": "string",
              "pages": "bool",
              "priority": "string",
              "runbook": "string",
              "slo_id": "string",
              "team": "string",
              "workflow": "string"
            }
          ],
          "stage.standard.network.loadbalancer-pool-degraded": [
            "object",
            {
              "archetype": "string",
              "band": "string",
              "detection": "string",
              "env": "string",
              "group_by": [
                "list",
                "string"
              ],
              "id": "string",
              "impact_class": "string",
              "managed_source": "string",
              "name": "string",
              "notification_profile": "string",
              "pages": "bool",
              "priority": "string",
              "runbook": "string",
              "slo_id": "string",
              "team": "string",
              "workflow": "string"
            }
          ],
          "stage.standard.platform.platform-service-unavailable": [
            "object",
            {
              "archetype": "string",
              "band": "string",
              "detection": "string",
              "env": "string",
              "group_by": [
                "list",
                "string"
              ],
              "id": "string",
              "impact_class": "string",
              "managed_source": "string",
              "name": "string",
              "notification_profile": "string",
              "pages": "bool",
              "priority": "string",
              "runbook": "string",
              "slo_id": "string",
              "team": "string",
              "workflow": "string"
            }
          ],
          "stage.standard.saas.saas-error-anomaly": [
            "object",
            {
              "archetype": "string",
              "band": "string",
              "detection": "string",
              "env": "string",
              "group_by": [
                "list",
                "string"
              ],
              "id": "string",
              "impact_class": "string",
              "managed_source": "string",
              "name": "string",
              "notification_profile": "string",
              "pages": "bool",
              "priority": "string",
              "runbook": "string",
              "slo_id": "string",
              "team": "string",
              "workflow": "string"
            }
          ],
          "stage.standard.saas.synthetic-certificate-expiry": [
            "object",
            {
              "archetype": "string",
              "band": "string",
              "detection": "string",
              "env": "string",
              "group_by": [
                "list",
                "string"
              ],
              "id": "string",
              "impact_class": "string",
              "managed_source": "string",
              "name": "string",
              "notification_profile": "string",
              "pages": "bool",
              "priority": "string",
              "runbook": "string",
              "slo_id": "string",
              "team": "string",
              "workflow": "string"
            }
          ],
          "stage.standard.saas.synthetic-endpoint-down": [
            "object",
            {
              "archetype": "string",
              "band": "string",
              "detection": "string",
              "env": "string",
              "group_by": [
                "list",
                "string"
              ],
              "id": "string",
              "impact_class": "string",
              "managed_source": "string",
              "name": "string",
              "notification_profile": "string",
              "pages": "bool",
              "priority": "string",
              "runbook": "string",
              "slo_id": "string",
              "team": "string",
              "workflow": "string"
            }
          ],
          "stage.standard.security.certificate-expiry": [
            "object",
            {
              "archetype": "string",
              "band": "string",
              "detection": "string",
              "env": "string",
              "group_by": [
                "list",
                "string"
              ],
              "id": "string",
              "impact_class": "string",
              "managed_source": "string",
              "name": "string",
              "notification_profile": "string",
              "pages": "bool",
              "priority": "string",
              "runbook": "string",
              "slo_id": "string",
              "team": "string",
              "workflow": "string"
            }
          ],
          "stage.standard.security.security-log-source-missing": [
            "object",
            {
              "archetype": "string",
              "band": "string",
              "detection": "string",
              "env": "string",
              "group_by": [
                "list",
                "string"
              ],
              "id": "string",
              "impact_class": "string",
              "managed_source": "string",
              "name": "string",
              "notification_profile": "string",
              "pages": "bool",
              "priority": "string",
              "runbook": "string",
              "slo_id": "string",
              "team": "string",
              "workflow": "string"
            }
          ],
          "stage.standard.vmware.vmware-host-disconnected": [
            "object",
            {
              "archetype": "string",
              "band": "string",
              "detection": "string",
              "env": "string",
              "group_by": [
                "list",
                "string"
              ],
              "id": "string",
              "impact_class": "string",
              "managed_source": "string",
              "name": "string",
              "notification_profile": "string",
              "pages": "bool",
              "priority": "string",
              "runbook": "string",
              "slo_id": "string",
              "team": "string",
              "workflow": "string"
            }
          ]
        }
      ]
    },
    "demoted_by_composite": {
      "value": [],
      "type": [
        "list",
        "dynamic"
      ]
    },
    "instances_by_env": {
      "value": {
        "stage": 119
      },
      "type": [
        "object",
        {
          "stage": "number"
        }
      ]
    },
    "instances_by_priority": {
      "value": {
        "P1": 0,
        "P2": 0,
        "P3": 107,
        "P4": 12
      },
      "type": [
        "object",
        {
          "P1": "number",
          "P2": "number",
          "P3": "number",
          "P4": "number"
        }
      ]
    },
    "monitor_count": {
      "value": {
        "archetype_packs": 118,
        "budget": 1500,
        "burn_rate": 0,
        "composite": 1,
        "self_service": 1,
        "total": 120
      },
      "type": [
        "object",
        {
          "archetype_packs": "number",
          "budget": "number",
          "burn_rate": "number",
          "composite": "number",
          "self_service": "number",
          "total": "number"
        }
      ]
    },
    "monitor_ids": {
      "value": {
        "composite.stage.critical.deploy-induced-degradation": "314372622",
        "custom.stage.checkout-payment-latency": "314372444",
        "stage.critical.api.api-5xx-anomaly": "314372376",
        "stage.critical.api.api-availability": "314372418",
        "stage.critical.api.api-gateway-backend-unhealthy": "314372498",
        "stage.critical.api.api-latency-p99": "314372493",
        "stage.critical.application.app-telemetry-loss": "314372489",
        "stage.critical.application.dependency-error-anomaly": "314372484",
        "stage.critical.application.deployment-regression": "314372492",
        "stage.critical.application.web-origin-5xx-anomaly": "314372495",
        "stage.critical.application.web-page-load-degradation": "314372389",
        "stage.critical.application.web-synthetic-availability": "314372510",
        "stage.critical.application.worker-error-anomaly": "314372544",
        "stage.critical.application.worker-processing-latency": "314372512",
        "stage.critical.application.worker-stalled": "314372521",
        "stage.critical.application.worker-throughput-anomaly": "314372392",
        "stage.critical.cloud.azure-appgateway-backend-unhealthy": "314372437",
        "stage.critical.cloud.azure-appservice-http5xx-anomaly": "314372504",
        "stage.critical.cloud.azure-appservice-unavailable": "314372546",
        "stage.critical.cloud.azure-function-failure-anomaly": "314372508",
        "stage.critical.cloud.azure-integration-telemetry-gap": "314372483",
        "stage.critical.cloud.azure-loadbalancer-probe-failure": "314372534",
        "stage.critical.cloud.azure-storage-availability": "314372530",
        "stage.critical.cloud.azure-vm-unavailable": "314372550",
        "stage.critical.data.data-quality-check-failure": "314372390",
        "stage.critical.data.data-schema-drift": "314372439",
        "stage.critical.data.data-telemetry-loss": "314372473",
        "stage.critical.data.pipeline-job-failure": "314372542",
        "stage.critical.data.pipeline-output-stale": "314372441",
        "stage.critical.database.azuresql-connection-failures": "314372454",
        "stage.critical.database.cosmos-ru-throttling": "314372425",
        "stage.critical.database.db-availability": "314372372",
        "stage.critical.database.db-query-latency-anomaly": "314372375",
        "stage.critical.database.db-replication-lag": "314372373",
        "stage.critical.database.db-telemetry-loss": "314372480",
        "stage.critical.infrastructure.host-agent-unhealthy": "314372429",
        "stage.critical.infrastructure.host-disk-exhaustion-forecast": "314372379",
        "stage.critical.infrastructure.host-process-down": "314372419",
        "stage.critical.infrastructure.host-unavailable": "314372374",
        "stage.critical.integration.batch-job-failure": "314372532",
        "stage.critical.integration.integration-flow-failure": "314372526",
        "stage.critical.integration.schedule-job-failure": "314372531",
        "stage.critical.integration.schedule-missed-run": "314372520",
        "stage.critical.kubernetes.k8s-cronjob-failure": "314372482",
        "stage.critical.kubernetes.k8s-deployment-unavailable": "314372427",
        "stage.critical.kubernetes.k8s-node-not-ready": "314372391",
        "stage.critical.kubernetes.k8s-oomkill": "314372438",
        "stage.critical.kubernetes.k8s-pod-crashloop": "314372442",
        "stage.critical.kubernetes.k8s-pods-pending": "314372456",
        "stage.critical.kubernetes.k8s-telemetry-loss": "314372448",
        "stage.critical.messaging.consumer-absent": "314372457",
        "stage.critical.messaging.consumer-dlq-growth": "314372505",
        "stage.critical.messaging.messaging-publish-failure": "314372491",
        "stage.critical.network.loadbalancer-pool-degraded": "314372506",
        "stage.critical.platform.platform-service-unavailable": "314372490",
        "stage.critical.saas.saas-error-anomaly": "314372617",
        "stage.critical.saas.synthetic-certificate-expiry": "314372479",
        "stage.critical.saas.synthetic-endpoint-down": "314372560",
        "stage.critical.security.certificate-expiry": "314372525",
        "stage.critical.security.security-log-source-missing": "314372377",
        "stage.critical.vmware.vmware-host-disconnected": "314372569",
        "stage.standard.api.api-5xx-anomaly": "314372443",
        "stage.standard.api.api-availability": "314372533",
        "stage.standard.api.api-gateway-backend-unhealthy": "314372393",
        "stage.standard.api.api-latency-p99": "314372545",
        "stage.standard.application.app-telemetry-loss": "314372485",
        "stage.standard.application.dependency-error-anomaly": "314372477",
        "stage.standard.application.deployment-regression": "314372397",
        "stage.standard.application.web-origin-5xx-anomaly": "314372474",
        "stage.standard.application.web-page-load-degradation": "314372455",
        "stage.standard.application.web-synthetic-availability": "314372414",
        "stage.standard.application.worker-error-anomaly": "314372394",
        "stage.standard.application.worker-processing-latency": "314372436",
        "stage.standard.application.worker-stalled": "314372465",
        "stage.standard.application.worker-throughput-anomaly": "314372523",
        "stage.standard.cloud.azure-appgateway-backend-unhealthy": "314372503",
        "stage.standard.cloud.azure-appservice-http5xx-anomaly": "314372524",
        "stage.standard.cloud.azure-appservice-unavailable": "314372378",
        "stage.standard.cloud.azure-function-failure-anomaly": "314372440",
        "stage.standard.cloud.azure-integration-telemetry-gap": "314372509",
        "stage.standard.cloud.azure-loadbalancer-probe-failure": "314372528",
        "stage.standard.cloud.azure-storage-availability": "314372529",
        "stage.standard.cloud.azure-vm-unavailable": "314372497",
        "stage.standard.data.data-quality-check-failure": "314372522",
        "stage.standard.data.data-schema-drift": "314372541",
        "stage.standard.data.data-telemetry-loss": "314372386",
        "stage.standard.data.pipeline-job-failure": "314372451",
        "stage.standard.data.pipeline-output-stale": "314372527",
        "stage.standard.database.azuresql-connection-failures": "314372453",
        "stage.standard.database.cosmos-ru-throttling": "314372543",
        "stage.standard.database.db-availability": "314372426",
        "stage.standard.database.db-query-latency-anomaly": "314372494",
        "stage.standard.database.db-replication-lag": "314372415",
        "stage.standard.database.db-telemetry-loss": "314372547",
        "stage.standard.infrastructure.host-agent-unhealthy": "314372450",
        "stage.standard.infrastructure.host-disk-exhaustion-forecast": "314372380",
        "stage.standard.infrastructure.host-process-down": "314372381",
        "stage.standard.infrastructure.host-unavailable": "314372417",
        "stage.standard.integration.batch-job-failure": "314372478",
        "stage.standard.integration.integration-flow-failure": "314372466",
        "stage.standard.integration.schedule-job-failure": "314372488",
        "stage.standard.integration.schedule-missed-run": "314372420",
        "stage.standard.kubernetes.k8s-cronjob-failure": "314372447",
        "stage.standard.kubernetes.k8s-deployment-unavailable": "314372449",
        "stage.standard.kubernetes.k8s-node-not-ready": "314372496",
        "stage.standard.kubernetes.k8s-oomkill": "314372487",
        "stage.standard.kubernetes.k8s-pod-crashloop": "314372511",
        "stage.standard.kubernetes.k8s-pods-pending": "314372416",
        "stage.standard.kubernetes.k8s-telemetry-loss": "314372481",
        "stage.standard.messaging.consumer-absent": "314372464",
        "stage.standard.messaging.consumer-dlq-growth": "314372555",
        "stage.standard.messaging.messaging-publish-failure": "314372452",
        "stage.standard.network.loadbalancer-pool-degraded": "314372445",
        "stage.standard.platform.platform-service-unavailable": "314372395",
        "stage.standard.saas.saas-error-anomaly": "314372486",
        "stage.standard.saas.synthetic-certificate-expiry": "314372446",
        "stage.standard.saas.synthetic-endpoint-down": "314372428",
        "stage.standard.security.certificate-expiry": "314372513",
        "stage.standard.security.security-log-source-missing": "314372396",
        "stage.standard.vmware.vmware-host-disconnected": "314372507"
      },
      "type": [
        "object",
        {
          "composite.stage.critical.deploy-induced-degradation": "string",
          "custom.stage.checkout-payment-latency": "string",
          "stage.critical.api.api-5xx-anomaly": "string",
          "stage.critical.api.api-availability": "string",
          "stage.critical.api.api-gateway-backend-unhealthy": "string",
          "stage.critical.api.api-latency-p99": "string",
          "stage.critical.application.app-telemetry-loss": "string",
          "stage.critical.application.dependency-error-anomaly": "string",
          "stage.critical.application.deployment-regression": "string",
          "stage.critical.application.web-origin-5xx-anomaly": "string",
          "stage.critical.application.web-page-load-degradation": "string",
          "stage.critical.application.web-synthetic-availability": "string",
          "stage.critical.application.worker-error-anomaly": "string",
          "stage.critical.application.worker-processing-latency": "string",
          "stage.critical.application.worker-stalled": "string",
          "stage.critical.application.worker-throughput-anomaly": "string",
          "stage.critical.cloud.azure-appgateway-backend-unhealthy": "string",
          "stage.critical.cloud.azure-appservice-http5xx-anomaly": "string",
          "stage.critical.cloud.azure-appservice-unavailable": "string",
          "stage.critical.cloud.azure-function-failure-anomaly": "string",
          "stage.critical.cloud.azure-integration-telemetry-gap": "string",
          "stage.critical.cloud.azure-loadbalancer-probe-failure": "string",
          "stage.critical.cloud.azure-storage-availability": "string",
          "stage.critical.cloud.azure-vm-unavailable": "string",
          "stage.critical.data.data-quality-check-failure": "string",
          "stage.critical.data.data-schema-drift": "string",
          "stage.critical.data.data-telemetry-loss": "string",
          "stage.critical.data.pipeline-job-failure": "string",
          "stage.critical.data.pipeline-output-stale": "string",
          "stage.critical.database.azuresql-connection-failures": "string",
          "stage.critical.database.cosmos-ru-throttling": "string",
          "stage.critical.database.db-availability": "string",
          "stage.critical.database.db-query-latency-anomaly": "string",
          "stage.critical.database.db-replication-lag": "string",
          "stage.critical.database.db-telemetry-loss": "string",
          "stage.critical.infrastructure.host-agent-unhealthy": "string",
          "stage.critical.infrastructure.host-disk-exhaustion-forecast": "string",
          "stage.critical.infrastructure.host-process-down": "string",
          "stage.critical.infrastructure.host-unavailable": "string",
          "stage.critical.integration.batch-job-failure": "string",
          "stage.critical.integration.integration-flow-failure": "string",
          "stage.critical.integration.schedule-job-failure": "string",
          "stage.critical.integration.schedule-missed-run": "string",
          "stage.critical.kubernetes.k8s-cronjob-failure": "string",
          "stage.critical.kubernetes.k8s-deployment-unavailable": "string",
          "stage.critical.kubernetes.k8s-node-not-ready": "string",
          "stage.critical.kubernetes.k8s-oomkill": "string",
          "stage.critical.kubernetes.k8s-pod-crashloop": "string",
          "stage.critical.kubernetes.k8s-pods-pending": "string",
          "stage.critical.kubernetes.k8s-telemetry-loss": "string",
          "stage.critical.messaging.consumer-absent": "string",
          "stage.critical.messaging.consumer-dlq-growth": "string",
          "stage.critical.messaging.messaging-publish-failure": "string",
          "stage.critical.network.loadbalancer-pool-degraded": "string",
          "stage.critical.platform.platform-service-unavailable": "string",
          "stage.critical.saas.saas-error-anomaly": "string",
          "stage.critical.saas.synthetic-certificate-expiry": "string",
          "stage.critical.saas.synthetic-endpoint-down": "string",
          "stage.critical.security.certificate-expiry": "string",
          "stage.critical.security.security-log-source-missing": "string",
          "stage.critical.vmware.vmware-host-disconnected": "string",
          "stage.standard.api.api-5xx-anomaly": "string",
          "stage.standard.api.api-availability": "string",
          "stage.standard.api.api-gateway-backend-unhealthy": "string",
          "stage.standard.api.api-latency-p99": "string",
          "stage.standard.application.app-telemetry-loss": "string",
          "stage.standard.application.dependency-error-anomaly": "string",
          "stage.standard.application.deployment-regression": "string",
          "stage.standard.application.web-origin-5xx-anomaly": "string",
          "stage.standard.application.web-page-load-degradation": "string",
          "stage.standard.application.web-synthetic-availability": "string",
          "stage.standard.application.worker-error-anomaly": "string",
          "stage.standard.application.worker-processing-latency": "string",
          "stage.standard.application.worker-stalled": "string",
          "stage.standard.application.worker-throughput-anomaly": "string",
          "stage.standard.cloud.azure-appgateway-backend-unhealthy": "string",
          "stage.standard.cloud.azure-appservice-http5xx-anomaly": "string",
          "stage.standard.cloud.azure-appservice-unavailable": "string",
          "stage.standard.cloud.azure-function-failure-anomaly": "string",
          "stage.standard.cloud.azure-integration-telemetry-gap": "string",
          "stage.standard.cloud.azure-loadbalancer-probe-failure": "string",
          "stage.standard.cloud.azure-storage-availability": "string",
          "stage.standard.cloud.azure-vm-unavailable": "string",
          "stage.standard.data.data-quality-check-failure": "string",
          "stage.standard.data.data-schema-drift": "string",
          "stage.standard.data.data-telemetry-loss": "string",
          "stage.standard.data.pipeline-job-failure": "string",
          "stage.standard.data.pipeline-output-stale": "string",
          "stage.standard.database.azuresql-connection-failures": "string",
          "stage.standard.database.cosmos-ru-throttling": "string",
          "stage.standard.database.db-availability": "string",
          "stage.standard.database.db-query-latency-anomaly": "string",
          "stage.standard.database.db-replication-lag": "string",
          "stage.standard.database.db-telemetry-loss": "string",
          "stage.standard.infrastructure.host-agent-unhealthy": "string",
          "stage.standard.infrastructure.host-disk-exhaustion-forecast": "string",
          "stage.standard.infrastructure.host-process-down": "string",
          "stage.standard.infrastructure.host-unavailable": "string",
          "stage.standard.integration.batch-job-failure": "string",
          "stage.standard.integration.integration-flow-failure": "string",
          "stage.standard.integration.schedule-job-failure": "string",
          "stage.standard.integration.schedule-missed-run": "string",
          "stage.standard.kubernetes.k8s-cronjob-failure": "string",
          "stage.standard.kubernetes.k8s-deployment-unavailable": "string",
          "stage.standard.kubernetes.k8s-node-not-ready": "string",
          "stage.standard.kubernetes.k8s-oomkill": "string",
          "stage.standard.kubernetes.k8s-pod-crashloop": "string",
          "stage.standard.kubernetes.k8s-pods-pending": "string",
          "stage.standard.kubernetes.k8s-telemetry-loss": "string",
          "stage.standard.messaging.consumer-absent": "string",
          "stage.standard.messaging.consumer-dlq-growth": "string",
          "stage.standard.messaging.messaging-publish-failure": "string",
          "stage.standard.network.loadbalancer-pool-degraded": "string",
          "stage.standard.platform.platform-service-unavailable": "string",
          "stage.standard.saas.saas-error-anomaly": "string",
          "stage.standard.saas.synthetic-certificate-expiry": "string",
          "stage.standard.saas.synthetic-endpoint-down": "string",
          "stage.standard.security.certificate-expiry": "string",
          "stage.standard.security.security-log-source-missing": "string",
          "stage.standard.vmware.vmware-host-disconnected": "string"
        }
      ]
    },
    "paging_monitors": {
      "value": {},
      "type": [
        "object",
        {}
      ]
    },
    "slo_ids": {
      "value": {},
      "type": [
        "object",
        {}
      ]
    }
  },
  "resources": [
    {
      "module": "module.composites",
      "mode": "managed",
      "type": "datadog_monitor",
      "name": "this",
      "provider": "provider[\"registry.terraform.io/datadog/datadog\"]",
      "instances": [
        {
          "index_key": "composite.stage.critical.deploy-induced-degradation",
          "schema_version": 0,
          "attributes": {
            "assets": [],
            "draft_status": "published",
            "enable_logs_sample": null,
            "enable_samples": null,
            "escalation_message": "",
            "evaluation_delay": 0,
            "force_delete": null,
            "group_retention_duration": "",
            "groupby_simple_monitor": null,
            "id": "314372622",
            "include_tags": true,
            "locked": false,
            "message": "{{#is_alert}}\n## P3 · Deployment-Induced Customer Impact — CONFIRMED\n**WHAT:** The single highest-precision page in the framework: an error-rate regression AND a latency regression in the same service within the post-deploy window. Almost never a false positive, and the remediation is known before a human reads the alert (roll back).\n**WHY THIS IS DIFFERENT:** every member condition below is true at the same time, which is what separates a real incident from an isolated symptom:\n  - Deployment Regression\n  - API p99 Latency Degradation\n**WHERE:** {{value}} · env `stage`\n**SERVICE / SCOPE:** `application-platform` (application)\n**BUSINESS IMPACT:** Confirmed impact: every member condition is true simultaneously, which is the evidence threshold this platform requires before paging on a symptom.\n**OWNER:** application-development (observers: sre) · does not page\n**DO THIS NEXT:** Treat as a confirmed incident. The member alerts are the evidence trail; the runbook's remediation section applies directly.\n**RUNBOOK:** https://github.com/droderiquesit/enterprise-observability/blob/main/platform/runbooks/deployment-regression.md\n**AUTOMATED DIAGNOSTICS:** workflow `auto-enrich-change`.\n**SLO / ERROR BUDGET:** `slo-app-availability`\n{{/is_alert}}\n{{#is_recovery}}\n## Recovered · Deployment-Induced Customer Impact\nAt least one member condition cleared, so the confirmed-impact state no longer holds. Individual member monitors may still be alerting — check before closing the incident.\n{{/is_recovery}}",
            "monitor_threshold_windows": [],
            "monitor_thresholds": [],
            "name": "[P3][stage][application] Deployment-Induced Customer Impact (composite)",
            "new_group_delay": 0,
            "new_host_delay": 300,
            "no_data_timeframe": 0,
            "notification_preset_name": "",
            "notify_audit": false,
            "notify_by": [],
            "notify_no_data": false,
            "on_missing_data": "",
            "priority": "3",
            "query": "314372492 \u0026\u0026 314372493",
            "renotify_interval": 30,
            "renotify_occurrences": 0,
            "renotify_statuses": [
              "alert"
            ],
            "require_full_window": true,
            "restricted_roles": null,
            "scheduling_options": [],
            "tags": [
              "alert_band:critical",
              "archetype:composite",
              "automation_ref:auto-enrich-change",
              "correlation_key:application-platform.stage.application-platform",
              "dedup_key:application-platform.stage.composite.composite.stage.critical.deploy-induced-degradation",
              "detection:composite",
              "domain:application",
              "env:stage",
              "failure_domain:application-platform",
              "impact_class:customer_impact",
              "managed_by:terraform",
              "managed_source:composite",
              "monitor_id:composite.stage.critical.deploy-induced-degradation",
              "monitoring_profile:critical",
              "notification_profile:nonprod_standard",
              "owner:application-development",
              "pages:false",
              "priority:p3",
              "release_gate:true",
              "resource_type:composite",
              "runbook:deployment-regression",
              "service:application-platform",
              "signal:confirmed_impact",
              "slo_id:slo-app-availability",
              "support_model:24x7",
              "team:application-development",
              "tier:tier0"
            ],
            "timeout_h": 0,
            "type": "composite",
            "validate": null,
            "variables": []
          },
          "sensitive_attributes": [],
          "private": "bnVsbA==",
          "dependencies": [
            "module.coverage_monitors.datadog_monitor.this"
          ]
        }
      ]
    },
    {
      "module": "module.coverage_monitors",
      "mode": "managed",
      "type": "datadog_monitor",
      "name": "this",
      "provider": "provider[\"registry.terraform.io/datadog/datadog\"]",
      "instances": [
        {
          "index_key": "custom.stage.checkout-payment-latency",
          "schema_version": 0,
          "attributes": {
            "assets": [],
            "draft_status": "published",
            "enable_logs_sample": null,
            "enable_samples": null,
            "escalation_message": "",
            "evaluation_delay": 300,
            "force_delete": null,
            "group_retention_duration": "",
            "groupby_simple_monitor": null,
            "id": "314372444",
            "include_tags": true,
            "locked": false,
            "message": "{{#is_alert}}\n## P3 · Checkout Payment Latency\n**WHAT:** checkout-payment-latency: custom monitor requested by payments.\n**WHERE:** {{value}} · env `stage` · region `global`\n**SERVICE:** `checkout-api` (api / service, tier0)\n**BUSINESS IMPACT:** Service-specific impact declared by the owning team; see the runbook.\n**WHY IT TRIGGERED:** The platform pack applies api-latency-p99 (rate-of-change) to every API. Checkout has a strong weekly traffic shape — Monday morning and Friday evening peaks are 4x the trough — so rate-of-change produces recurring false positives at the shoulders of each peak. `predictive.anomaly: true` selects the seasonal variant (robust/weekly) for THIS service only, which learns the shape instead of reacting to it. The pack monitor stays in place for every other API.\n\n**OWNER:** payments · support 24x7 · this does not page\n**DO THIS NEXT:** Open the runbook. This monitor was requested by payments for a service-specific condition, so the owning team's runbook is authoritative.\n**RUNBOOK:** https://github.com/droderiquesit/enterprise-observability/blob/main/platform/runbooks/api-latency-p99.md\n**AUTOMATED DIAGNOSTICS:** workflow `diag-api-health` has run; its output is attached to this event.\n**RELATED EVENTS:** correlated on `api-services.stage.checkout-api` — deployments, infrastructure changes and platform events from the last 30 minutes are attached as context.\n**SLO / ERROR BUDGET:** `slo-api-latency` · no error-budget impact (non-production)\n{{/is_alert}}\n{{#is_warning}}\n## Checkout Payment Latency — warning\nApproaching the alert condition on {{value}}. Investigate before it becomes P3. Runbook: https://github.com/droderiquesit/enterprise-observability/blob/main/platform/runbooks/api-latency-p99.md\n{{/is_warning}}\n{{#is_no_data}}\n## Checkout Payment Latency — NO DATA\nTelemetry stopped arriving for {{value}}. Treat this as a telemetry-health incident: an unmonitored resource is worse than an alerting one. Runbook: https://github.com/droderiquesit/enterprise-observability/blob/main/platform/runbooks/api-latency-p99.md\n{{/is_no_data}}\n{{#is_recovery}}\n## Recovered · Checkout Payment Latency\n{{value}} returned to normal. Error-budget impact recorded against `slo-api-latency`. No action required; the correlation group closes when every child recovers.\n{{/is_recovery}}\n{{#is_warning_recovery}}\nWarning cleared for {{value}}.\n{{/is_warning_recovery}}",
            "monitor_threshold_windows": [],
            "monitor_thresholds": [
              {
                "critical": "1",
                "critical_recovery": "",
                "ok": "",
                "unknown": "",
                "warning": "",
                "warning_recovery": ""
              }
            ],
            "name": "[P3][stage][api] Checkout Payment Latency (critical)",
            "new_group_delay": 300,
            "new_host_delay": 300,
            "no_data_timeframe": 0,
            "notification_preset_name": "",
            "notify_audit": false,
            "notify_by": [],
            "notify_no_data": false,
            "on_missing_data": "",
            "priority": "3",
            "query": "avg(last_30m):anomalies(p95:trace.http.request.duration{env:stage,service:checkout-api} by {service}, 'robust', 3, direction='above', seasonality='weekly') \u003e= 1",
            "renotify_interval": 30,
            "renotify_occurrences": 3,
            "renotify_statuses": [
              "alert"
            ],
            "require_full_window": false,
            "restricted_roles": null,
            "scheduling_options": [],
            "tags": [
              "alert_band:critical",
              "archetype:api-latency-seasonal",
              "automation_ref:diag-api-health",
              "correlation_key:api-services.stage.checkout-api",
              "dedup_key:checkout-api.stage.api-latency-seasonal.checkout-payment-latency",
              "detection:seasonal_anomaly",
              "domain:api",
              "env:stage",
              "failure_domain:api-services",
              "impact_class:degradation",
              "managed_by:terraform",
              "managed_source:self_service",
              "monitor_id:custom.stage.checkout-payment-latency",
              "monitoring_profile:critical",
              "notification_profile:production_critical",
              "owner:payments",
              "pages:false",
              "priority:p3",
              "request_id:checkout-payment-latency",
              "request_source:self_service",
              "resource_type:service",
              "runbook:api-latency-p99",
              "service:checkout-api",
              "signal:latency",
              "slo_id:slo-api-latency",
              "support_model:24x7",
              "team:payments",
              "tier:tier0"
            ],
            "timeout_h": 0,
            "type": "query alert",
            "validate": null,
            "variables": []
          },
          "sensitive_attributes": [],
          "private": "bnVsbA=="
        },
        {
          "index_key": "stage.critical.api.api-5xx-anomaly",
          "schema_version": 0,
          "attributes": {
            "assets": [],
            "draft_status": "published",
            "enable_logs_sample": null,
            "enable_samples": null,
            "escalation_message": "",
            "evaluation_delay": 300,
            "force_delete": null,
            "group_retention_duration": "",
            "groupby_simple_monitor": null,
            "id": "314372376",
            "include_tags": true,
            "locked": false,
            "message": "{{#is_alert}}\n## P3 · API 5xx Error Rate Anomaly\n**WHAT:** API 5xx Error Rate Anomaly: error_rate signal detected by anomaly analysis.\n**WHERE:** {{value}} · env `stage` · region `global`\n**SERVICE:** `api-services` (api / service, tier0)\n**BUSINESS IMPACT:** Customers are affected now, or a mission-critical capability is unavailable.\n**WHY IT TRIGGERED:** The signal deviated from its own learned baseline by more than the configured number of deviations — not because it crossed a fixed number.\n**OWNER:** application-development · support 24x7 · this does not page\n**DO THIS NEXT:** Open the runbook, confirm scope from the group tags, and follow the validation steps. The attached workflow output already contains the standard diagnostics.\n**RUNBOOK:** https://github.com/droderiquesit/enterprise-observability/blob/main/platform/runbooks/api-5xx-anomaly.md\n**AUTOMATED DIAGNOSTICS:** workflow `diag-api-health` has run; its output is attached to this event.\n**RELATED EVENTS:** correlated on `api-services.stage.api-services` — deployments, infrastructure changes and platform events from the last 30 minutes are attached as context.\n**SLO / ERROR BUDGET:** `slo-api-availability` · no error-budget impact (non-production)\n{{/is_alert}}\n{{#is_warning}}\n## API 5xx Error Rate Anomaly — warning\nApproaching the alert condition on {{value}}. Investigate before it becomes P3. Runbook: https://github.com/droderiquesit/enterprise-observability/blob/main/platform/runbooks/api-5xx-anomaly.md\n{{/is_warning}}\n{{#is_no_data}}\n## API 5xx Error Rate Anomaly — NO DATA\nTelemetry stopped arriving for {{value}}. Treat this as a telemetry-health incident: an unmonitored resource is worse than an alerting one. Runbook: https://github.com/droderiquesit/enterprise-observability/blob/main/platform/runbooks/api-5xx-anomaly.md\n{{/is_no_data}}\n{{#is_recovery}}\n## Recovered · API 5xx Error Rate Anomaly\n{{value}} returned to normal. Error-budget impact recorded against `slo-api-availability`. No action required; the correlation group closes when every child recovers.\n{{/is_recovery}}\n{{#is_warning_recovery}}\nWarning cleared for {{value}}.\n{{/is_warning_recovery}}",
            "monitor_threshold_windows": [],
            "monitor_thresholds": [
              {
                "critical": "1",
                "critical_recovery": "",
                "ok": "",
                "unknown": "",
                "warning": "",
                "warning_recovery": ""
              }
            ],
            "name": "[P3][stage][api] API 5xx Error Rate Anomaly (critical)",
            "new_group_delay": 300,
            "new_host_delay": 300,
            "no_data_timeframe": 0,
            "notification_preset_name": "",
            "notify_audit": false,
            "notify_by": [],
            "notify_no_data": false,
            "on_missing_data": "",
            "priority": "3",
            "query": "avg(last_30m):anomalies(sum:trace.http.request.errors{env:stage,alert_band:critical,service_archetype:api,http.status_class:5xx} by {service}.as_rate(), 'agile', 3) \u003e= 1",
            "renotify_interval": 30,
            "renotify_occurrences": 3,
            "renotify_statuses": [
              "alert"
            ],
            "require_full_window": false,
            "restricted_roles": null,
            "scheduling_options": [],
            "tags": [
              "alert_band:critical",
              "archetype:api-5xx-anomaly",
              "automation_ref:diag-api-health",
              "correlation_key:api-services.stage.api-services",
              "dedup_key:api-services.stage.api-5xx-anomaly.critical",
              "detection:anomaly",
              "domain:api",
              "env:stage",
              "failure_domain:api-services",
              "impact_class:customer_impact",
              "managed_by:terraform",
              "managed_source:platform",
              "monitor_id:stage.critical.api.api-5xx-anomaly",
              "monitoring_profile:critical",
              "notification_profile:nonprod_standard",
              "owner:application-development",
              "pages:false",
              "priority:p3",
              "resource_type:service",
              "runbook:api-5xx-anomaly",
              "service:api-services",
              "signal:error_rate",
              "slo_id:slo-api-availability",
              "support_model:24x7",
              "team:application-development",
              "tier:tier0"
            ],
            "timeout_h": 0,
            "type": "query alert",
            "validate": null,
            "variables": []
          },
          "sensitive_attributes": [],
          "private": "bnVsbA=="
        },
        {
          "index_key": "stage.critical.api.api-availability",
          "schema_version": 0,
          "attributes": {
            "assets": [],
            "draft_status": "published",
            "enable_logs_sample": null,
            "enable_samples": null,
            "escalation_message": "",
            "evaluation_delay": 300,
            "force_delete": null,
            "group_retention_duration": "",
            "groupby_simple_monitor": null,
            "id": "314372418",
            "include_tags": true,
            "locked": false,
            "message": "{{#is_alert}}\n## P3 · API Availability\n**WHAT:** API Availability: availability signal detected by threshold analysis.\n**WHERE:** {{value}} · env `stage` · region `global`\n**SERVICE:** `api-services` (api / service, tier0)\n**BUSINESS IMPACT:** Customers are affected now, or a mission-critical capability is unavailable.\n**WHY IT TRIGGERED:** More than half of requests failing is an availability boundary, not a behavioral deviation. Sub-outage degradation is caught by the anomaly and burn-rate archetypes; this one exists to fire fast and unambiguously.\n\n**OWNER:** application-development · support 24x7 · this does not page\n**DO THIS NEXT:** Open the runbook, confirm scope from the group tags, and follow the validation steps. The attached workflow output already contains the standard diagnostics.\n**RUNBOOK:** https://github.com/droderiquesit/enterprise-observability/blob/main/platform/runbooks/api-availability.md\n**AUTOMATED DIAGNOSTICS:** workflow `diag-api-health` has run; its output is attached to this event.\n**RELATED EVENTS:** correlated on `api-services.stage.api-services` — deployments, infrastructure changes and platform events from the last 30 minutes are attached as context.\n**SLO / ERROR BUDGET:** `slo-api-availability` · no error-budget impact (non-production)\n{{/is_alert}}\n{{#is_warning}}\n## API Availability — warning\nApproaching the alert condition on {{value}}. Investigate before it becomes P3. Runbook: https://github.com/droderiquesit/enterprise-observability/blob/main/platform/runbooks/api-availability.md\n{{/is_warning}}\n{{#is_no_data}}\n## API Availability — NO DATA\nTelemetry stopped arriving for {{value}}. Treat this as a telemetry-health incident: an unmonitored resource is worse than an alerting one. Runbook: https://github.com/droderiquesit/enterprise-observability/blob/main/platform/runbooks/api-availability.md\n{{/is_no_data}}\n{{#is_recovery}}\n## Recovered · API Availability\n{{value}} returned to normal. Error-budget impact recorded against `slo-api-availability`. No action required; the correlation group closes when every child recovers.\n{{/is_recovery}}\n{{#is_warning_recovery}}\nWarning cleared for {{value}}.\n{{/is_warning_recovery}}",
            "monitor_threshold_windows": [],
            "monitor_thresholds": [
              {
                "critical": "0.5",
                "critical_recovery": "",
                "ok": "",
                "unknown": "",
                "warning": "0.2",
                "warning_recovery": ""
              }
            ],
            "name": "[P3][stage][api] API Availability (critical)",
            "new_group_delay": 300,
            "new_host_delay": 300,
            "no_data_timeframe": 0,
            "notification_preset_name": "",
            "notify_audit": false,
            "notify_by": [],
            "notify_no_data": false,
            "on_missing_data": "",
            "priority": "3",
            "query": "sum(last_10m):sum:trace.http.request.hits{env:stage,alert_band:critical,service_archetype:api,http.status_class:5xx} by {service}.as_count() / sum:trace.http.request.hits{env:stage,alert_band:critical,service_archetype:api} by {service}.as_count() \u003e 0.5",
            "renotify_interval": 30,
            "renotify_occurrences": 3,
            "renotify_statuses": [
              "alert"
            ],
            "require_full_window": false,
            "restricted_roles": null,
            "scheduling_options": [],
            "tags": [
              "alert_band:critical",
              "archetype:api-availability",
              "automation_ref:diag-api-health",
              "correlation_key:api-services.stage.api-services",
              "dedup_key:api-services.stage.api-availability.critical",
              "detection:threshold",
              "domain:api",
              "env:stage",
              "failure_domain:api-services",
              "impact_class:customer_impact",
              "managed_by:terraform",
              "managed_source:platform",
              "monitor_id:stage.critical.api.api-availability",
              "monitoring_profile:critical",
              "notification_profile:nonprod_standard",
              "owner:application-development",
              "pages:false",
              "priority:p3",
              "release_gate:true",
              "resource_type:service",
              "runbook:api-availability",
              "service:api-services",
              "signal:availability",
              "slo_id:slo-api-availability",
              "support_model:24x7",
              "team:application-development",
              "tier:tier0"
            ],
            "timeout_h": 0,
            "type": "query alert",
            "validate": null,
            "variables": []
          },
          "sensitive_attributes": [],
          "private": "bnVsbA=="
        },
        {
          "index_key": "stage.critical.api.api-gateway-backend-unhealthy",
          "schema_version": 0,
          "attributes": {
            "assets": [],
            "draft_status": "published",
            "enable_logs_sample": null,
            "enable_samples": null,
            "escalation_message": "",
            "evaluation_delay": 300,
            "force_delete": null,
            "group_retention_duration": "",
            "groupby_simple_monitor": null,
            "id": "314372498",
            "include_tags": true,
            "locked": false,
            "message": "{{#is_alert}}\n## P3 · API Gateway Backend Pool Unhealthy\n**WHAT:** API Gateway Backend Pool Unhealthy: availability signal detected by threshold analysis.\n**WHERE:** {{value}} · env `stage` · region `global`\n**SERVICE:** `api-services` (api / api_gateway, tier0)\n**BUSINESS IMPACT:** Customers are affected now, or a mission-critical capability is unavailable.\n**WHY IT TRIGGERED:** Losing half of a backend pool is a redundancy boundary defined by the load-balancer contract, not a statistical property of traffic.\n\n**OWNER:** application-development · support 24x7 · this does not page\n**DO THIS NEXT:** Open the runbook, confirm scope from the group tags, and follow the validation steps. The attached workflow output already contains the standard diagnostics.\n**RUNBOOK:** https://github.com/droderiquesit/enterprise-observability/blob/main/platform/runbooks/api-gateway-backend-unhealthy.md\n**AUTOMATED DIAGNOSTICS:** workflow `diag-api-health` has run; its output is attached to this event.\n**RELATED EVENTS:** correlated on `api-gateway.stage.api-services` — deployments, infrastructure changes and platform events from the last 30 minutes are attached as context.\n**SLO / ERROR BUDGET:** `slo-api-availability` · no error-budget impact (non-production)\n{{/is_alert}}\n{{#is_warning}}\n## API Gateway Backend Pool Unhealthy — warning\nApproaching the alert condition on {{value}}. Investigate before it becomes P3. Runbook: https://github.com/droderiquesit/enterprise-observability/blob/main/platform/runbooks/api-gateway-backend-unhealthy.md\n{{/is_warning}}\n{{#is_no_data}}\n## API Gateway Backend Pool Unhealthy — NO DATA\nTelemetry stopped arriving for {{value}}. Treat this as a telemetry-health incident: an unmonitored resource is worse than an alerting one. Runbook: https://github.com/droderiquesit/enterprise-observability/blob/main/platform/runbooks/api-gateway-backend-unhealthy.md\n{{/is_no_data}}\n{{#is_recovery}}\n## Recovered · API Gateway Backend Pool Unhealthy\n{{value}} returned to normal. Error-budget impact recorded against `slo-api-availability`. No action required; the correlation group closes when every child recovers.\n{{/is_recovery}}\n{{#is_warning_recovery}}\nWarning cleared for {{value}}.\n{{/is_warning_recovery}}",
            "monitor_threshold_windows": [],
            "monitor_thresholds": [
              {
                "critical": "0.5",
                "critical_recovery": "",
                "ok": "",
                "unknown": "",
                "warning": "0.75",
                "warning_recovery": ""
              }
            ],
            "name": "[P3][stage][api] API Gateway Backend Pool Unhealthy (critical)",
            "new_group_delay": 300,
            "new_host_delay": 300,
            "no_data_timeframe": 0,
            "notification_preset_name": "",
            "notify_audit": false,
            "notify_by": [],
            "notify_no_data": false,
            "on_missing_data": "",
            "priority": "3",
            "query": "min(last_10m):avg:api.gateway.healthy_backend_ratio{env:stage,alert_band:critical,resource_type:api_gateway} by {gateway,backend_pool} \u003c 0.5",
            "renotify_interval": 30,
            "renotify_occurrences": 3,
            "renotify_statuses": [
              "alert"
            ],
            "require_full_window": false,
            "restricted_roles": null,
            "scheduling_options": [],
            "tags": [
              "alert_band:critical",
              "archetype:api-gateway-backend-unhealthy",
              "automation_ref:diag-api-health",
              "correlation_key:api-gateway.stage.api-services",
              "dedup_key:api-services.stage.api-gateway-backend-unhealthy.critical",
              "detection:threshold",
              "domain:api",
              "env:stage",
              "failure_domain:api-gateway",
              "impact_class:customer_impact",
              "managed_by:terraform",
              "managed_source:platform",
              "monitor_id:stage.critical.api.api-gateway-backend-unhealthy",
              "monitoring_profile:critical",
              "notification_profile:nonprod_standard",
              "owner:application-development",
              "pages:false",
              "priority:p3",
              "resource_type:api_gateway",
              "runbook:api-gateway-backend-unhealthy",
              "service:api-services",
              "signal:availability",
              "slo_id:slo-api-availability",
              "support_model:24x7",
              "team:application-development",
              "tier:tier0"
            ],
            "timeout_h": 0,
            "type": "query alert",
            "validate": null,
            "variables": []
          },
          "sensitive_attributes": [],
          "private": "bnVsbA=="
        },
        {
          "index_key": "stage.critical.api.api-latency-p99",
          "schema_version": 0,
          "attributes": {
            "assets": [],
            "draft_status": "published",
            "enable_logs_sample": null,
            "enable_samples": null,
            "escalation_message": "",
            "evaluation_delay": 300,
            "force_delete": null,
            "group_retention_duration": "",
            "groupby_simple_monitor": null,
            "id": "314372493",
            "include_tags": true,
            "locked": false,
            "message": "{{#is_alert}}\n## P3 · API p99 Latency Degradation\n**WHAT:** API p99 Latency Degradation: latency signal detected by rate_of_change analysis.\n**WHERE:** {{value}} · env `stage` · region `global`\n**SERVICE:** `api-services` (api / service, tier0)\n**BUSINESS IMPACT:** The service still functions but measurably worse; a subset of traffic or users is failing.\n**WHY IT TRIGGERED:** The signal changed faster than the configured percentage relative to its own recent history. Speed of degradation, not absolute level.\n**OWNER:** application-development · support 24x7 · this does not page\n**DO THIS NEXT:** Open the runbook, confirm scope from the group tags, and follow the validation steps. The attached workflow output already contains the standard diagnostics.\n**RUNBOOK:** https://github.com/droderiquesit/enterprise-observability/blob/main/platform/runbooks/api-latency-p99.md\n**AUTOMATED DIAGNOSTICS:** workflow `diag-api-health` has run; its output is attached to this event.\n**RELATED EVENTS:** correlated on `api-services.stage.api-services` — deployments, infrastructure changes and platform events from the last 30 minutes are attached as context.\n**SLO / ERROR BUDGET:** `slo-api-latency` · no error-budget impact (non-production)\n{{/is_alert}}\n{{#is_warning}}\n## API p99 Latency Degradation — warning\nApproaching the alert condition on {{value}}. Investigate before it becomes P3. Runbook: https://github.com/droderiquesit/enterprise-observability/blob/main/platform/runbooks/api-latency-p99.md\n{{/is_warning}}\n{{#is_no_data}}\n## API p99 Latency Degradation — NO DATA\nTelemetry stopped arriving for {{value}}. Treat this as a telemetry-health incident: an unmonitored resource is worse than an alerting one. Runbook: https://github.com/droderiquesit/enterprise-observability/blob/main/platform/runbooks/api-latency-p99.md\n{{/is_no_data}}\n{{#is_recovery}}\n## Recovered · API p99 Latency Degradation\n{{value}} returned to normal. Error-budget impact recorded against `slo-api-latency`. No action required; the correlation group closes when every child recovers.\n{{/is_recovery}}\n{{#is_warning_recovery}}\nWarning cleared for {{value}}.\n{{/is_warning_recovery}}",
            "monitor_threshold_windows": [],
            "monitor_thresholds": [
              {
                "critical": "100",
                "critical_recovery": "",
                "ok": "",
                "unknown": "",
                "warning": "50",
                "warning_recovery": ""
              }
            ],
            "name": "[P3][stage][api] API p99 Latency Degradation (critical)",
            "new_group_delay": 300,
            "new_host_delay": 300,
            "no_data_timeframe": 0,
            "notification_preset_name": "",
            "notify_audit": false,
            "notify_by": [],
            "notify_no_data": false,
            "on_missing_data": "",
            "priority": "3",
            "query": "pct_change(avg(last_30m),last_1h):p99:trace.http.request.duration{env:stage,alert_band:critical,service_archetype:api} by {service} \u003e 100",
            "renotify_interval": 30,
            "renotify_occurrences": 3,
            "renotify_statuses": [
              "alert"
            ],
            "require_full_window": false,
            "restricted_roles": null,
            "scheduling_options": [],
            "tags": [
              "alert_band:critical",
              "archetype:api-latency-p99",
              "automation_ref:diag-api-health",
              "correlation_key:api-services.stage.api-services",
              "dedup_key:api-services.stage.api-latency-p99.critical",
              "detection:rate_of_change",
              "domain:api",
              "env:stage",
              "failure_domain:api-services",
              "impact_class:degradation",
              "managed_by:terraform",
              "managed_source:platform",
              "monitor_id:stage.critical.api.api-latency-p99",
              "monitoring_profile:critical",
              "notification_profile:nonprod_standard",
              "owner:application-development",
              "pages:false",
              "priority:p3",
              "release_gate:true",
              "resource_type:service",
              "runbook:api-latency-p99",
              "service:api-services",
              "signal:latency",
              "slo_id:slo-api-latency",
              "support_model:24x7",
              "team:application-development",
              "tier:tier0"
            ],
            "timeout_h": 0,
            "type": "query alert",
            "validate": null,
            "variables": []
          },
          "sensitive_attributes": [],
          "private": "bnVsbA=="
        },
        {
          "index_key": "stage.critical.application.app-telemetry-loss",
          "schema_version": 0,
          "attributes": {
            "assets": [],
            "draft_status": "published",
            "enable_logs_sample": null,
            "enable_samples": null,
            "escalation_message": "",
            "evaluation_delay": 300,
            "force_delete": null,
            "group_retention_duration": "",
            "groupby_simple_monitor": null,
            "id": "314372489",
            "include_tags": true,
            "locked": false,
            "message": "{{#is_alert}}\n## P4 · Application Stopped Reporting Telemetry\n**WHAT:** Application Stopped Reporting Telemetry: telemetry_health signal detected by threshold analysis.\n**WHERE:** {{value}} · env `stage` · region `global`\n**SERVICE:** `application-platform` (application / service, tier0)\n**BUSINESS IMPACT:** Observability or configuration hygiene is degraded. No direct customer impact, but our ability to see or govern the estate is reduced.\n**WHY IT TRIGGERED:** Absence of telemetry is a binary condition. This is the monitor that guarantees \"no alerts\" never silently means \"no data\".\n\n**OWNER:** sre · support 24x7 · this does not page\n**DO THIS NEXT:** Open the runbook, confirm scope from the group tags, and follow the validation steps. The attached workflow output already contains the standard diagnostics.\n**RUNBOOK:** https://github.com/droderiquesit/enterprise-observability/blob/main/platform/runbooks/app-telemetry-loss.md\n**AUTOMATED DIAGNOSTICS:** workflow `diag-app-health` has run; its output is attached to this event.\n**RELATED EVENTS:** correlated on `application-platform.stage.application-platform` — deployments, infrastructure changes and platform events from the last 30 minutes are attached as context.\n**SLO / ERROR BUDGET:** `slo-app-availability` · no error-budget impact (non-production)\n{{/is_alert}}\n{{#is_warning}}\n## Application Stopped Reporting Telemetry — warning\nApproaching the alert condition on {{value}}. Investigate before it becomes P4. Runbook: https://github.com/droderiquesit/enterprise-observability/blob/main/platform/runbooks/app-telemetry-loss.md\n{{/is_warning}}\n{{#is_no_data}}\n## Application Stopped Reporting Telemetry — NO DATA\nTelemetry stopped arriving for {{value}}. Treat this as a telemetry-health incident: an unmonitored resource is worse than an alerting one. Runbook: https://github.com/droderiquesit/enterprise-observability/blob/main/platform/runbooks/app-telemetry-loss.md\n{{/is_no_data}}\n{{#is_recovery}}\n## Recovered · Application Stopped Reporting Telemetry\n{{value}} returned to normal. Error-budget impact recorded against `slo-app-availability`. No action required; the correlation group closes when every child recovers.\n{{/is_recovery}}\n{{#is_warning_recovery}}\nWarning cleared for {{value}}.\n{{/is_warning_recovery}}",
            "monitor_threshold_windows": [],
            "monitor_thresholds": [
              {
                "critical": "1",
                "critical_recovery": "",
                "ok": "",
                "unknown": "",
                "warning": "",
                "warning_recovery": ""
              }
            ],
            "name": "[P4][stage][application] Application Stopped Reporting Telemetry (critical)",
            "new_group_delay": 300,
            "new_host_delay": 300,
            "no_data_timeframe": 60,
            "notification_preset_name": "",
            "notify_audit": false,
            "notify_by": [],
            "notify_no_data": true,
            "on_missing_data": "",
            "priority": "4",
            "query": "sum(last_1h):sum:trace.span.hits{env:stage,alert_band:critical} by {service}.as_count() \u003c 1",
            "renotify_interval": 30,
            "renotify_occurrences": 3,
            "renotify_statuses": [
              "alert"
            ],
            "require_full_window": false,
            "restricted_roles": null,
            "scheduling_options": [],
            "tags": [
              "alert_band:critical",
              "archetype:app-telemetry-loss",
              "automation_ref:diag-app-health",
              "correlation_key:application-platform.stage.application-platform",
              "dedup_key:application-platform.stage.app-telemetry-loss.critical",
              "detection:threshold",
              "domain:application",
              "env:stage",
              "failure_domain:application-platform",
              "impact_class:hygiene",
              "managed_by:terraform",
              "managed_source:platform",
              "monitor_id:stage.critical.application.app-telemetry-loss",
              "monitoring_profile:critical",
              "notification_profile:nonprod_standard",
              "owner:sre",
              "pages:false",
              "priority:p4",
              "resource_type:service",
              "runbook:app-telemetry-loss",
              "service:application-platform",
              "signal:telemetry_health",
              "slo_id:slo-app-availability",
              "support_model:24x7",
              "team:sre",
              "tier:tier0"
            ],
            "timeout_h": 0,
            "type": "query alert",
            "validate": null,
            "variables": []
          },
          "sensitive_attributes": [],
          "private": "bnVsbA=="
        },
        {
          "index_key": "stage.critical.application.dependency-error-anomaly",
          "schema_version": 0,
          "attributes": {
            "assets": [],
            "draft_status": "published",
            "enable_logs_sample": null,
            "enable_samples": null,
            "escalation_message": "",
            "evaluation_delay": 300,
            "force_delete": null,
            "group_retention_duration": "",
            "groupby_simple_monitor": null,
            "id": "314372484",
            "include_tags": true,
            "locked": false,
            "message": "{{#is_alert}}\n## P3 · Outbound Dependency Failure\n**WHAT:** Outbound Dependency Failure: error_rate signal detected by anomaly analysis.\n**WHERE:** {{value}} · env `stage` · region `global`\n**SERVICE:** `application-platform` (application / service, tier0)\n**BUSINESS IMPACT:** The service still functions but measurably worse; a subset of traffic or users is failing.\n**WHY IT TRIGGERED:** The signal deviated from its own learned baseline by more than the configured number of deviations — not because it crossed a fixed number.\n**OWNER:** sre · support 24x7 · this does not page\n**DO THIS NEXT:** Open the runbook, confirm scope from the group tags, and follow the validation steps. The attached workflow output already contains the standard diagnostics.\n**RUNBOOK:** https://github.com/droderiquesit/enterprise-observability/blob/main/platform/runbooks/dependency-error-anomaly.md\n**AUTOMATED DIAGNOSTICS:** workflow `diag-dependency` has run; its output is attached to this event.\n**RELATED EVENTS:** correlated on `application-platform.stage.application-platform` — deployments, infrastructure changes and platform events from the last 30 minutes are attached as context.\n**SLO / ERROR BUDGET:** `slo-app-availability` · no error-budget impact (non-production)\n{{/is_alert}}\n{{#is_warning}}\n## Outbound Dependency Failure — warning\nApproaching the alert condition on {{value}}. Investigate before it becomes P3. Runbook: https://github.com/droderiquesit/enterprise-observability/blob/main/platform/runbooks/dependency-error-anomaly.md\n{{/is_warning}}\n{{#is_no_data}}\n## Outbound Dependency Failure — NO DATA\nTelemetry stopped arriving for {{value}}. Treat this as a telemetry-health incident: an unmonitored resource is worse than an alerting one. Runbook: https://github.com/droderiquesit/enterprise-observability/blob/main/platform/runbooks/dependency-error-anomaly.md\n{{/is_no_data}}\n{{#is_recovery}}\n## Recovered · Outbound Dependency Failure\n{{value}} returned to normal. Error-budget impact recorded against `slo-app-availability`. No action required; the correlation group closes when every child recovers.\n{{/is_recovery}}\n{{#is_warning_recovery}}\nWarning cleared for {{value}}.\n{{/is_warning_recovery}}",
            "monitor_threshold_windows": [],
            "monitor_thresholds": [
              {
                "critical": "1",
                "critical_recovery": "",
                "ok": "",
                "unknown": "",
                "warning": "",
                "warning_recovery": ""
              }
            ],
            "name": "[P3][stage][application] Outbound Dependency Failure (critical)",
            "new_group_delay": 300,
            "new_host_delay": 300,
            "no_data_timeframe": 0,
            "notification_preset_name": "",
            "notify_audit": false,
            "notify_by": [],
            "notify_no_data": false,
            "on_missing_data": "",
            "priority": "3",
            "query": "avg(last_30m):anomalies(sum:trace.http.client.request.errors{env:stage,alert_band:critical} by {service,peer.service}.as_rate(), 'agile', 3) \u003e= 1",
            "renotify_interval": 30,
            "renotify_occurrences": 3,
            "renotify_statuses": [
              "alert"
            ],
            "require_full_window": false,
            "restricted_roles": null,
            "scheduling_options": [],
            "tags": [
              "alert_band:critical",
              "archetype:dependency-error-anomaly",
              "automation_ref:diag-dependency",
              "correlation_key:application-platform.stage.application-platform",
              "dedup_key:application-platform.stage.dependency-error-anomaly.critical",
              "detection:anomaly",
              "domain:application",
              "env:stage",
              "failure_domain:application-platform",
              "impact_class:degradation",
              "managed_by:terraform",
              "managed_source:platform",
              "monitor_id:stage.critical.application.dependency-error-anomaly",
              "monitoring_profile:critical",
              "notification_profile:nonprod_standard",
              "owner:sre",
              "pages:false",
              "priority:p3",
              "resource_type:service",
              "runbook:dependency-error-anomaly",
              "service:application-platform",
              "signal:error_rate",
              "slo_id:slo-app-availability",
              "support_model:24x7",
              "team:sre",
              "tier:tier0"
            ],
            "timeout_h": 0,
            "type": "query alert",
            "validate": null,
            "variables": []
          },
          "sensitive_attributes": [],
          "private": "bnVsbA=="
        },
        {
          "index_key": "stage.critical.application.deployment-regression",
          "schema_version": 0,
          "attributes": {
            "assets": [],
            "draft_status": "published",
            "enable_logs_sample": null,
            "enable_samples": null,
            "escalation_message": "",
            "evaluation_delay": 300,
            "force_delete": null,
            "group_retention_duration": "",
            "groupby_simple_monitor": null,
            "id": "314372492",
            "include_tags": true,
            "locked": false,
            "message": "{{#is_alert}}\n## P3 · Deployment Regression\n**WHAT:** Deployment Regression: error_rate signal detected by rate_of_change analysis.\n**WHERE:** {{value}} · env `stage` · region `global`\n**SERVICE:** `application-platform` (application / service, tier0)\n**BUSINESS IMPACT:** The service still functions but measurably worse; a subset of traffic or users is failing.\n**WHY IT TRIGGERED:** The signal changed faster than the configured percentage relative to its own recent history. Speed of degradation, not absolute level.\n**OWNER:** sre · support 24x7 · this does not page\n**DO THIS NEXT:** Open the runbook, confirm scope from the group tags, and follow the validation steps. The attached workflow output already contains the standard diagnostics.\n**RUNBOOK:** https://github.com/droderiquesit/enterprise-observability/blob/main/platform/runbooks/deployment-regression.md\n**AUTOMATED DIAGNOSTICS:** workflow `auto-enrich-change` has run; its output is attached to this event.\n**RELATED EVENTS:** correlated on `application-platform.stage.application-platform` — deployments, infrastructure changes and platform events from the last 30 minutes are attached as context.\n**SLO / ERROR BUDGET:** `slo-app-availability` · no error-budget impact (non-production)\n{{/is_alert}}\n{{#is_warning}}\n## Deployment Regression — warning\nApproaching the alert condition on {{value}}. Investigate before it becomes P3. Runbook: https://github.com/droderiquesit/enterprise-observability/blob/main/platform/runbooks/deployment-regression.md\n{{/is_warning}}\n{{#is_no_data}}\n## Deployment Regression — NO DATA\nTelemetry stopped arriving for {{value}}. Treat this as a telemetry-health incident: an unmonitored resource is worse than an alerting one. Runbook: https://github.com/droderiquesit/enterprise-observability/blob/main/platform/runbooks/deployment-regression.md\n{{/is_no_data}}\n{{#is_recovery}}\n## Recovered · Deployment Regression\n{{value}} returned to normal. Error-budget impact recorded against `slo-app-availability`. No action required; the correlation group closes when every child recovers.\n{{/is_recovery}}\n{{#is_warning_recovery}}\nWarning cleared for {{value}}.\n{{/is_warning_recovery}}",
            "monitor_threshold_windows": [],
            "monitor_thresholds": [
              {
                "critical": "300",
                "critical_recovery": "",
                "ok": "",
                "unknown": "",
                "warning": "150",
                "warning_recovery": ""
              }
            ],
            "name": "[P3][stage][application] Deployment Regression (critical)",
            "new_group_delay": 300,
            "new_host_delay": 300,
            "no_data_timeframe": 0,
            "notification_preset_name": "",
            "notify_audit": false,
            "notify_by": [],
            "notify_no_data": false,
            "on_missing_data": "",
            "priority": "3",
            "query": "pct_change(avg(last_15m),last_30m):sum:trace.span.errors{env:stage,alert_band:critical} by {service}.as_rate() \u003e 300",
            "renotify_interval": 30,
            "renotify_occurrences": 3,
            "renotify_statuses": [
              "alert"
            ],
            "require_full_window": false,
            "restricted_roles": null,
            "scheduling_options": [],
            "tags": [
              "alert_band:critical",
              "archetype:deployment-regression",
              "automation_ref:auto-enrich-change",
              "correlation_key:application-platform.stage.application-platform",
              "dedup_key:application-platform.stage.deployment-regression.critical",
              "detection:rate_of_change",
              "domain:application",
              "env:stage",
              "failure_domain:application-platform",
              "impact_class:degradation",
              "managed_by:terraform",
              "managed_source:platform",
              "monitor_id:stage.critical.application.deployment-regression",
              "monitoring_profile:critical",
              "notification_profile:nonprod_standard",
              "owner:sre",
              "pages:false",
              "priority:p3",
              "release_gate:true",
              "resource_type:service",
              "runbook:deployment-regression",
              "service:application-platform",
              "signal:error_rate",
              "slo_id:slo-app-availability",
              "support_model:24x7",
              "team:sre",
              "tier:tier0"
            ],
            "timeout_h": 0,
            "type": "query alert",
            "validate": null,
            "variables": []
          },
          "sensitive_attributes": [],
          "private": "bnVsbA=="
        },
        {
          "index_key": "stage.critical.application.web-origin-5xx-anomaly",
          "schema_version": 0,
          "attributes": {
            "assets": [],
            "draft_status": "published",
            "enable_logs_sample": null,
            "enable_samples": null,
            "escalation_message": "",
            "evaluation_delay": 300,
            "force_delete": null,
            "group_retention_duration": "",
            "groupby_simple_monitor": null,
            "id": "314372495",
            "include_tags": true,
            "locked": false,
            "message": "{{#is_alert}}\n## P3 · Web Origin 5xx Anomaly\n**WHAT:** Web Origin 5xx Anomaly: error_rate signal detected by anomaly analysis.\n**WHERE:** {{value}} · env `stage` · region `global`\n**SERVICE:** `web-frontends` (application / service, tier0)\n**BUSINESS IMPACT:** Customers are affected now, or a mission-critical capability is unavailable.\n**WHY IT TRIGGERED:** The signal deviated from its own learned baseline by more than the configured number of deviations — not because it crossed a fixed number.\n**OWNER:** sre · support 24x7 · this does not page\n**DO THIS NEXT:** Open the runbook, confirm scope from the group tags, and follow the validation steps. The attached workflow output already contains the standard diagnostics.\n**RUNBOOK:** https://github.com/droderiquesit/enterprise-observability/blob/main/platform/runbooks/web-origin-5xx-anomaly.md\n**AUTOMATED DIAGNOSTICS:** workflow `diag-app-health` has run; its output is attached to this event.\n**RELATED EVENTS:** correlated on `web-frontends.stage.web-frontends` — deployments, infrastructure changes and platform events from the last 30 minutes are attached as context.\n**SLO / ERROR BUDGET:** `slo-web-availability` · no error-budget impact (non-production)\n{{/is_alert}}\n{{#is_warning}}\n## Web Origin 5xx Anomaly — warning\nApproaching the alert condition on {{value}}. Investigate before it becomes P3. Runbook: https://github.com/droderiquesit/enterprise-observability/blob/main/platform/runbooks/web-origin-5xx-anomaly.md\n{{/is_warning}}\n{{#is_no_data}}\n## Web Origin 5xx Anomaly — NO DATA\nTelemetry stopped arriving for {{value}}. Treat this as a telemetry-health incident: an unmonitored resource is worse than an alerting one. Runbook: https://github.com/droderiquesit/enterprise-observability/blob/main/platform/runbooks/web-origin-5xx-anomaly.md\n{{/is_no_data}}\n{{#is_recovery}}\n## Recovered · Web Origin 5xx Anomaly\n{{value}} returned to normal. Error-budget impact recorded against `slo-web-availability`. No action required; the correlation group closes when every child recovers.\n{{/is_recovery}}\n{{#is_warning_recovery}}\nWarning cleared for {{value}}.\n{{/is_warning_recovery}}",
            "monitor_threshold_windows": [],
            "monitor_thresholds": [
              {
                "critical": "1",
                "critical_recovery": "",
                "ok": "",
                "unknown": "",
                "warning": "",
                "warning_recovery": ""
              }
            ],
            "name": "[P3][stage][application] Web Origin 5xx Anomaly (critical)",
            "new_group_delay": 300,
            "new_host_delay": 300,
            "no_data_timeframe": 0,
            "notification_preset_name": "",
            "notify_audit": false,
            "notify_by": [],
            "notify_no_data": false,
            "on_missing_data": "",
            "priority": "3",
            "query": "avg(last_15m):anomalies(sum:trace.http.request.errors{env:stage,alert_band:critical,service_archetype:web,http.status_class:5xx} by {service}.as_rate(), 'agile', 3) \u003e= 1",
            "renotify_interval": 30,
            "renotify_occurrences": 3,
            "renotify_statuses": [
              "alert"
            ],
            "require_full_window": false,
            "restricted_roles": null,
            "scheduling_options": [],
            "tags": [
              "alert_band:critical",
              "archetype:web-origin-5xx-anomaly",
              "automation_ref:diag-app-health",
              "correlation_key:web-frontends.stage.web-frontends",
              "dedup_key:web-frontends.stage.web-origin-5xx-anomaly.critical",
              "detection:anomaly",
              "domain:application",
              "env:stage",
              "failure_domain:web-frontends",
              "impact_class:customer_impact",
              "managed_by:terraform",
              "managed_source:platform",
              "monitor_id:stage.critical.application.web-origin-5xx-anomaly",
              "monitoring_profile:critical",
              "notification_profile:nonprod_standard",
              "owner:sre",
              "pages:false",
              "priority:p3",
              "resource_type:service",
              "runbook:web-origin-5xx-anomaly",
              "service:web-frontends",
              "signal:error_rate",
              "slo_id:slo-web-availability",
              "support_model:24x7",
              "team:sre",
              "tier:tier0"
            ],
            "timeout_h": 0,
            "type": "query alert",
            "validate": null,
            "variables": []
          },
          "sensitive_attributes": [],
          "private": "bnVsbA=="
        },
        {
          "index_key": "stage.critical.application.web-page-load-degradation",
          "schema_version": 0,
          "attributes": {
            "assets": [],
            "draft_status": "published",
            "enable_logs_sample": null,
            "enable_samples": null,
            "escalation_message": "",
            "evaluation_delay": 300,
            "force_delete": null,
            "group_retention_duration": "",
            "groupby_simple_monitor": null,
            "id": "314372389",
            "include_tags": true,
            "locked": false,
            "message": "{{#is_alert}}\n## P3 · Web Page Load Degradation\n**WHAT:** Web Page Load Degradation: latency signal detected by rate_of_change analysis.\n**WHERE:** {{value}} · env `stage` · region `global`\n**SERVICE:** `web-frontends` (application / service, tier0)\n**BUSINESS IMPACT:** The service still functions but measurably worse; a subset of traffic or users is failing.\n**WHY IT TRIGGERED:** The signal changed faster than the configured percentage relative to its own recent history. Speed of degradation, not absolute level.\n**OWNER:** sre · support 24x7 · this does not page\n**DO THIS NEXT:** Open the runbook, confirm scope from the group tags, and follow the validation steps. The attached workflow output already contains the standard diagnostics.\n**RUNBOOK:** https://github.com/droderiquesit/enterprise-observability/blob/main/platform/runbooks/web-page-load-degradation.md\n**AUTOMATED DIAGNOSTICS:** workflow `diag-app-health` has run; its output is attached to this event.\n**RELATED EVENTS:** correlated on `web-frontends.stage.web-frontends` — deployments, infrastructure changes and platform events from the last 30 minutes are attached as context.\n**SLO / ERROR BUDGET:** `slo-web-availability` · no error-budget impact (non-production)\n{{/is_alert}}\n{{#is_warning}}\n## Web Page Load Degradation — warning\nApproaching the alert condition on {{value}}. Investigate before it becomes P3. Runbook: https://github.com/droderiquesit/enterprise-observability/blob/main/platform/runbooks/web-page-load-degradation.md\n{{/is_warning}}\n{{#is_no_data}}\n## Web Page Load Degradation — NO DATA\nTelemetry stopped arriving for {{value}}. Treat this as a telemetry-health incident: an unmonitored resource is worse than an alerting one. Runbook: https://github.com/droderiquesit/enterprise-observability/blob/main/platform/runbooks/web-page-load-degradation.md\n{{/is_no_data}}\n{{#is_recovery}}\n## Recovered · Web Page Load Degradation\n{{value}} returned to normal. Error-budget impact recorded against `slo-web-availability`. No action required; the correlation group closes when every child recovers.\n{{/is_recovery}}\n{{#is_warning_recovery}}\nWarning cleared for {{value}}.\n{{/is_warning_recovery}}",
            "monitor_threshold_windows": [],
            "monitor_thresholds": [
              {
                "critical": "40",
                "critical_recovery": "",
                "ok": "",
                "unknown": "",
                "warning": "25",
                "warning_recovery": ""
              }
            ],
            "name": "[P3][stage][application] Web Page Load Degradation (critical)",
            "new_group_delay": 300,
            "new_host_delay": 300,
            "no_data_timeframe": 0,
            "notification_preset_name": "",
            "notify_audit": false,
            "notify_by": [],
            "notify_no_data": false,
            "on_missing_data": "",
            "priority": "3",
            "query": "pct_change(avg(last_30m),last_1h):avg:synthetics.browser.page_load{env:stage,alert_band:critical,service_archetype:web} by {service} \u003e 40",
            "renotify_interval": 30,
            "renotify_occurrences": 3,
            "renotify_statuses": [
              "alert"
            ],
            "require_full_window": false,
            "restricted_roles": null,
            "scheduling_options": [],
            "tags": [
              "alert_band:critical",
              "archetype:web-page-load-degradation",
              "automation_ref:diag-app-health",
              "correlation_key:web-frontends.stage.web-frontends",
              "dedup_key:web-frontends.stage.web-page-load-degradation.critical",
              "detection:rate_of_change",
              "domain:application",
              "env:stage",
              "failure_domain:web-frontends",
              "impact_class:degradation",
              "managed_by:terraform",
              "managed_source:platform",
              "monitor_id:stage.critical.application.web-page-load-degradation",
              "monitoring_profile:critical",
              "notification_profile:nonprod_standard",
              "owner:sre",
              "pages:false",
              "priority:p3",
              "resource_type:service",
              "runbook:web-page-load-degradation",
              "service:web-frontends",
              "signal:latency",
              "slo_id:slo-web-availability",
              "support_model:24x7",
              "team:sre",
              "tier:tier0"
            ],
            "timeout_h": 0,
            "type": "query alert",
            "validate": null,
            "variables": []
          },
          "sensitive_attributes": [],
          "private": "bnVsbA=="
        },
        {
          "index_key": "stage.critical.application.web-synthetic-availability",
          "schema_version": 0,
          "attributes": {
            "assets": [],
            "draft_status": "published",
            "enable_logs_sample": null,
            "enable_samples": null,
            "escalation_message": "",
            "evaluation_delay": 300,
            "force_delete": null,
            "group_retention_duration": "",
            "groupby_simple_monitor": null,
            "id": "314372510",
            "include_tags": true,
            "locked": false,
            "message": "{{#is_alert}}\n## P3 · Web Application Unavailable\n**WHAT:** Web Application Unavailable: availability signal detected by threshold analysis.\n**WHERE:** {{value}} · env `stage` · region `global`\n**SERVICE:** `web-frontends` (application / synthetic_check, tier0)\n**BUSINESS IMPACT:** Customers are affected now, or a mission-critical capability is unavailable.\n**WHY IT TRIGGERED:** Three consecutive synthetic failures across locations is a discrete availability boundary, not a statistical judgement.\n\n**OWNER:** sre · support 24x7 · this does not page\n**DO THIS NEXT:** Open the runbook, confirm scope from the group tags, and follow the validation steps. The attached workflow output already contains the standard diagnostics.\n**RUNBOOK:** https://github.com/droderiquesit/enterprise-observability/blob/main/platform/runbooks/web-synthetic-availability.md\n**AUTOMATED DIAGNOSTICS:** workflow `diag-app-health` has run; its output is attached to this event.\n**RELATED EVENTS:** correlated on `web-frontends.stage.web-frontends` — deployments, infrastructure changes and platform events from the last 30 minutes are attached as context.\n**SLO / ERROR BUDGET:** `slo-web-availability` · no error-budget impact (non-production)\n{{/is_alert}}\n{{#is_warning}}\n## Web Application Unavailable — warning\nApproaching the alert condition on {{value}}. Investigate before it becomes P3. Runbook: https://github.com/droderiquesit/enterprise-observability/blob/main/platform/runbooks/web-synthetic-availability.md\n{{/is_warning}}\n{{#is_no_data}}\n## Web Application Unavailable — NO DATA\nTelemetry stopped arriving for {{value}}. Treat this as a telemetry-health incident: an unmonitored resource is worse than an alerting one. Runbook: https://github.com/droderiquesit/enterprise-observability/blob/main/platform/runbooks/web-synthetic-availability.md\n{{/is_no_data}}\n{{#is_recovery}}\n## Recovered · Web Application Unavailable\n{{value}} returned to normal. Error-budget impact recorded against `slo-web-availability`. No action required; the correlation group closes when every child recovers.\n{{/is_recovery}}\n{{#is_warning_recovery}}\nWarning cleared for {{value}}.\n{{/is_warning_recovery}}",
            "monitor_threshold_windows": [],
            "monitor_thresholds": [
              {
                "critical": "3",
                "critical_recovery": "",
                "ok": "",
                "unknown": "",
                "warning": "1",
                "warning_recovery": ""
              }
            ],
            "name": "[P3][stage][application] Web Application Unavailable (critical)",
            "new_group_delay": 300,
            "new_host_delay": 300,
            "no_data_timeframe": 0,
            "notification_preset_name": "",
            "notify_audit": false,
            "notify_by": [],
            "notify_no_data": false,
            "on_missing_data": "",
            "priority": "3",
            "query": "sum(last_15m):sum:synthetics.test_runs{env:stage,alert_band:critical,service_archetype:web,status:failed} by {service,check_id}.as_count() \u003e= 3",
            "renotify_interval": 30,
            "renotify_occurrences": 3,
            "renotify_statuses": [
              "alert"
            ],
            "require_full_window": false,
            "restricted_roles": null,
            "scheduling_options": [],
            "tags": [
              "alert_band:critical",
              "archetype:web-synthetic-availability",
              "automation_ref:diag-app-health",
              "correlation_key:web-frontends.stage.web-frontends",
              "dedup_key:web-frontends.stage.web-synthetic-availability.critical",
              "detection:threshold",
              "domain:application",
              "env:stage",
              "failure_domain:web-frontends",
              "impact_class:customer_impact",
              "managed_by:terraform",
              "managed_source:platform",
              "monitor_id:stage.critical.application.web-synthetic-availability",
              "monitoring_profile:critical",
              "notification_profile:nonprod_standard",
              "owner:sre",
              "pages:false",
              "priority:p3",
              "release_gate:true",
              "resource_type:synthetic_check",
              "runbook:web-synthetic-availability",
              "service:web-frontends",
              "signal:availability",
              "slo_id:slo-web-availability",
              "support_model:24x7",
              "team:sre",
              "tier:tier0"
            ],
            "timeout_h": 0,
            "type": "query alert",
            "validate": null,
            "variables": []
          },
          "sensitive_attributes": [],
          "private": "bnVsbA=="
        },
        {
          "index_key": "stage.critical.application.worker-error-anomaly",
          "schema_version": 0,
          "attributes": {
            "assets": [],
            "draft_status": "published",
            "enable_logs_sample": null,
            "enable_samples": null,
            "escalation_message": "",
            "evaluation_delay": 300,
            "force_delete": null,
            "group_retention_duration": "",
            "groupby_simple_monitor": null,
            "id": "314372544",
            "include_tags": true,
            "locked": false,
            "message": "{{#is_alert}}\n## P3 · Worker Error Rate Anomaly\n**WHAT:** Worker Error Rate Anomaly: error_rate signal detected by anomaly analysis.\n**WHERE:** {{value}} · env `stage` · region `global`\n**SERVICE:** `worker-platform` (application / service, tier0)\n**BUSINESS IMPACT:** The service still functions but measurably worse; a subset of traffic or users is failing.\n**WHY IT TRIGGERED:** The signal deviated from its own learned baseline by more than the configured number of deviations — not because it crossed a fixed number.\n**OWNER:** sre · support 24x7 · this does not page\n**DO THIS NEXT:** Open the runbook, confirm scope from the group tags, and follow the validation steps. The attached workflow output already contains the standard diagnostics.\n**RUNBOOK:** https://github.com/droderiquesit/enterprise-observability/blob/main/platform/runbooks/worker-error-anomaly.md\n**AUTOMATED DIAGNOSTICS:** workflow `diag-app-health` has run; its output is attached to this event.\n**RELATED EVENTS:** correlated on `worker-platform.stage.worker-platform` — deployments, infrastructure changes and platform events from the last 30 minutes are attached as context.\n**SLO / ERROR BUDGET:** `slo-worker-throughput` · no error-budget impact (non-production)\n{{/is_alert}}\n{{#is_warning}}\n## Worker Error Rate Anomaly — warning\nApproaching the alert condition on {{value}}. Investigate before it becomes P3. Runbook: https://github.com/droderiquesit/enterprise-observability/blob/main/platform/runbooks/worker-error-anomaly.md\n{{/is_warning}}\n{{#is_no_data}}\n## Worker Error Rate Anomaly — NO DATA\nTelemetry stopped arriving for {{value}}. Treat this as a telemetry-health incident: an unmonitored resource is worse than an alerting one. Runbook: https://github.com/droderiquesit/enterprise-observability/blob/main/platform/runbooks/worker-error-anomaly.md\n{{/is_no_data}}\n{{#is_recovery}}\n## Recovered · Worker Error Rate Anomaly\n{{value}} returned to normal. Error-budget impact recorded against `slo-worker-throughput`. No action required; the correlation group closes when every child recovers.\n{{/is_recovery}}\n{{#is_warning_recovery}}\nWarning cleared for {{value}}.\n{{/is_warning_recovery}}",
            "monitor_threshold_windows": [],
            "monitor_thresholds": [
              {
                "critical": "1",
                "critical_recovery": "",
                "ok": "",
                "unknown": "",
                "warning": "",
                "warning_recovery": ""
              }
            ],
            "name": "[P3][stage][application] Worker Error Rate Anomaly (critical)",
            "new_group_delay": 300,
            "new_host_delay": 300,
            "no_data_timeframe": 0,
            "notification_preset_name": "",
            "notify_audit": false,
            "notify_by": [],
            "notify_no_data": false,
            "on_missing_data": "",
            "priority": "3",
            "query": "avg(last_30m):anomalies(sum:trace.async.operation.errors{env:stage,alert_band:critical,service_archetype:worker} by {service}.as_rate(), 'agile', 3) \u003e= 1",
            "renotify_interval": 30,
            "renotify_occurrences": 3,
            "renotify_statuses": [
              "alert"
            ],
            "require_full_window": false,
            "restricted_roles": null,
            "scheduling_options": [],
            "tags": [
              "alert_band:critical",
              "archetype:worker-error-anomaly",
              "automation_ref:diag-app-health",
              "correlation_key:worker-platform.stage.worker-platform",
              "dedup_key:worker-platform.stage.worker-error-anomaly.critical",
              "detection:anomaly",
              "domain:application",
              "env:stage",
              "failure_domain:worker-platform",
              "impact_class:degradation",
              "managed_by:terraform",
              "managed_source:platform",
              "monitor_id:stage.critical.application.worker-error-anomaly",
              "monitoring_profile:critical",
              "notification_profile:nonprod_standard",
              "owner:sre",
              "pages:false",
              "priority:p3",
              "resource_type:service",
              "runbook:worker-error-anomaly",
              "service:worker-platform",
              "signal:error_rate",
              "slo_id:slo-worker-throughput",
              "support_model:24x7",
              "team:sre",
              "tier:tier0"
            ],
            "timeout_h": 0,
            "type": "query alert",
            "validate": null,
            "variables": []
          },
          "sensitive_attributes": [],
          "private": "bnVsbA=="
        },
        {
          "index_key": "stage.critical.application.worker-processing-latency",
          "schema_version": 0,
          "attributes": {
            "assets": [],
            "draft_status": "published",
            "enable_logs_sample": null,
            "enable_samples": null,
            "escalation_message": "",
            "evaluation_delay": 300,
            "force_delete": null,
            "group_retention_duration": "",
            "groupby_simple_monitor": null,
            "id": "314372512",
            "include_tags": true,
            "locked": false,
            "message": "{{#is_alert}}\n## P3 · Worker Processing Latency Degradation\n**WHAT:** Worker Processing Latency Degradation: latency signal detected by rate_of_change analysis.\n**WHERE:** {{value}} · env `stage` · region `global`\n**SERVICE:** `worker-platform` (application / service, tier0)\n**BUSINESS IMPACT:** The service still functions but measurably worse; a subset of traffic or users is failing.\n**WHY IT TRIGGERED:** The signal changed faster than the configured percentage relative to its own recent history. Speed of degradation, not absolute level.\n**OWNER:** sre · support 24x7 · this does not page\n**DO THIS NEXT:** Open the runbook, confirm scope from the group tags, and follow the validation steps. The attached workflow output already contains the standard diagnostics.\n**RUNBOOK:** https://github.com/droderiquesit/enterprise-observability/blob/main/platform/runbooks/worker-processing-latency.md\n**AUTOMATED DIAGNOSTICS:** workflow `diag-app-health` has run; its output is attached to this event.\n**RELATED EVENTS:** correlated on `worker-platform.stage.worker-platform` — deployments, infrastructure changes and platform events from the last 30 minutes are attached as context.\n**SLO / ERROR BUDGET:** `slo-worker-throughput` · no error-budget impact (non-production)\n{{/is_alert}}\n{{#is_warning}}\n## Worker Processing Latency Degradation — warning\nApproaching the alert condition on {{value}}. Investigate before it becomes P3. Runbook: https://github.com/droderiquesit/enterprise-observability/blob/main/platform/runbooks/worker-processing-latency.md\n{{/is_warning}}\n{{#is_no_data}}\n## Worker Processing Latency Degradation — NO DATA\nTelemetry stopped arriving for {{value}}. Treat this as a telemetry-health incident: an unmonitored resource is worse than an alerting one. Runbook: https://github.com/droderiquesit/enterprise-observability/blob/main/platform/runbooks/worker-processing-latency.md\n{{/is_no_data}}\n{{#is_recovery}}\n## Recovered · Worker Processing Latency Degradation\n{{value}} returned to normal. Error-budget impact recorded against `slo-worker-throughput`. No action required; the correlation group closes when every child recovers.\n{{/is_recovery}}\n{{#is_warning_recovery}}\nWarning cleared for {{value}}.\n{{/is_warning_recovery}}",
            "monitor_threshold_windows": [],
            "monitor_thresholds": [
              {
                "critical": "75",
                "critical_recovery": "",
                "ok": "",
                "unknown": "",
                "warning": "40",
                "warning_recovery": ""
              }
            ],
            "name": "[P3][stage][application] Worker Processing Latency Degradation (critical)",
            "new_group_delay": 300,
            "new_host_delay": 300,
            "no_data_timeframe": 0,
            "notification_preset_name": "",
            "notify_audit": false,
            "notify_by": [],
            "notify_no_data": false,
            "on_missing_data": "",
            "priority": "3",
            "query": "pct_change(avg(last_30m),last_1h):avg:trace.async.operation.duration{env:stage,alert_band:critical,service_archetype:worker} by {service} \u003e 75",
            "renotify_interval": 30,
            "renotify_occurrences": 3,
            "renotify_statuses": [
              "alert"
            ],
            "require_full_window": false,
            "restricted_roles": null,
            "scheduling_options": [],
            "tags": [
              "alert_band:critical",
              "archetype:worker-processing-latency",
              "automation_ref:diag-app-health",
              "correlation_key:worker-platform.stage.worker-platform",
              "dedup_key:worker-platform.stage.worker-processing-latency.critical",
              "detection:rate_of_change",
              "domain:application",
              "env:stage",
              "failure_domain:worker-platform",
              "impact_class:degradation",
              "managed_by:terraform",
              "managed_source:platform",
              "monitor_id:stage.critical.application.worker-processing-latency",
              "monitoring_profile:critical",
              "notification_profile:nonprod_standard",
              "owner:sre",
              "pages:false",
              "priority:p3",
              "resource_type:service",
              "runbook:worker-processing-latency",
              "service:worker-platform",
              "signal:latency",
              "slo_id:slo-worker-throughput",
              "support_model:24x7",
              "team:sre",
              "tier:tier0"
            ],
            "timeout_h": 0,
            "type": "query alert",
            "validate": null,
            "variables": []
          },
          "sensitive_attributes": [],
          "private": "bnVsbA=="
        },
        {
          "index_key": "stage.critical.application.worker-stalled",
          "schema_version": 0,
          "attributes": {
            "assets": [],
            "draft_status": "published",
            "enable_logs_sample": null,
            "enable_samples": null,
            "escalation_message": "",
            "evaluation_delay": 300,
            "force_delete": null,
            "group_retention_duration": "",
            "groupby_simple_monitor": null,
            "id": "314372521",
            "include_tags": true,
            "locked": false,
            "message": "{{#is_alert}}\n## P3 · Worker Stopped Processing\n**WHAT:** Worker Stopped Processing: availability signal detected by threshold analysis.\n**WHERE:** {{value}} · env `stage` · region `global`\n**SERVICE:** `worker-platform` (application / service, tier0)\n**BUSINESS IMPACT:** Customers are affected now, or a mission-critical capability is unavailable.\n**WHY IT TRIGGERED:** Zero work processed in 30 minutes is an absolute liveness boundary for a continuously-fed worker; there is no statistical interpretation of zero.\n\n**OWNER:** sre · support 24x7 · this does not page\n**DO THIS NEXT:** Open the runbook, confirm scope from the group tags, and follow the validation steps. The attached workflow output already contains the standard diagnostics.\n**RUNBOOK:** https://github.com/droderiquesit/enterprise-observability/blob/main/platform/runbooks/worker-stalled.md\n**AUTOMATED DIAGNOSTICS:** workflow `diag-app-health` has run; its output is attached to this event.\n**RELATED EVENTS:** correlated on `worker-platform.stage.worker-platform` — deployments, infrastructure changes and platform events from the last 30 minutes are attached as context.\n**SLO / ERROR BUDGET:** `slo-worker-throughput` · no error-budget impact (non-production)\n{{/is_alert}}\n{{#is_warning}}\n## Worker Stopped Processing — warning\nApproaching the alert condition on {{value}}. Investigate before it becomes P3. Runbook: https://github.com/droderiquesit/enterprise-observability/blob/main/platform/runbooks/worker-stalled.md\n{{/is_warning}}\n{{#is_no_data}}\n## Worker Stopped Processing — NO DATA\nTelemetry stopped arriving for {{value}}. Treat this as a telemetry-health incident: an unmonitored resource is worse than an alerting one. Runbook: https://github.com/droderiquesit/enterprise-observability/blob/main/platform/runbooks/worker-stalled.md\n{{/is_no_data}}\n{{#is_recovery}}\n## Recovered · Worker Stopped Processing\n{{value}} returned to normal. Error-budget impact recorded against `slo-worker-throughput`. No action required; the correlation group closes when every child recovers.\n{{/is_recovery}}\n{{#is_warning_recovery}}\nWarning cleared for {{value}}.\n{{/is_warning_recovery}}",
            "monitor_threshold_windows": [],
            "monitor_thresholds": [
              {
                "critical": "1",
                "critical_recovery": "",
                "ok": "",
                "unknown": "",
                "warning": "",
                "warning_recovery": ""
              }
            ],
            "name": "[P3][stage][application] Worker Stopped Processing (critical)",
            "new_group_delay": 300,
            "new_host_delay": 300,
            "no_data_timeframe": 45,
            "notification_preset_name": "",
            "notify_audit": false,
            "notify_by": [],
            "notify_no_data": true,
            "on_missing_data": "",
            "priority": "3",
            "query": "sum(last_1h):sum:trace.async.operation.hits{env:stage,alert_band:critical,service_archetype:worker} by {service}.as_count() \u003c 1",
            "renotify_interval": 30,
            "renotify_occurrences": 3,
            "renotify_statuses": [
              "alert"
            ],
            "require_full_window": false,
            "restricted_roles": null,
            "scheduling_options": [],
            "tags": [
              "alert_band:critical",
              "archetype:worker-stalled",
              "automation_ref:diag-app-health",
              "correlation_key:worker-platform.stage.worker-platform",
              "dedup_key:worker-platform.stage.worker-stalled.critical",
              "detection:threshold",
              "domain:application",
              "env:stage",
              "failure_domain:worker-platform",
              "impact_class:customer_impact",
              "managed_by:terraform",
              "managed_source:platform",
              "monitor_id:stage.critical.application.worker-stalled",
              "monitoring_profile:critical",
              "notification_profile:nonprod_standard",
              "owner:sre",
              "pages:false",
              "priority:p3",
              "resource_type:service",
              "runbook:worker-stalled",
              "service:worker-platform",
              "signal:availability",
              "slo_id:slo-worker-throughput",
              "support_model:24x7",
              "team:sre",
              "tier:tier0"
            ],
            "timeout_h": 0,
            "type": "query alert",
            "validate": null,
            "variables": []
          },
          "sensitive_attributes": [],
          "private": "bnVsbA=="
        },
        {
          "index_key": "stage.critical.application.worker-throughput-anomaly",
          "schema_version": 0,
          "attributes": {
            "assets": [],
            "draft_status": "published",
            "enable_logs_sample": null,
            "enable_samples": null,
            "escalation_message": "",
            "evaluation_delay": 300,
            "force_delete": null,
            "group_retention_duration": "",
            "groupby_simple_monitor": null,
            "id": "314372392",
            "include_tags": true,
            "locked": false,
            "message": "{{#is_alert}}\n## P3 · Worker Throughput Anomaly\n**WHAT:** Worker Throughput Anomaly: throughput signal detected by anomaly analysis.\n**WHERE:** {{value}} · env `stage` · region `global`\n**SERVICE:** `worker-platform` (application / service, tier0)\n**BUSINESS IMPACT:** The service still functions but measurably worse; a subset of traffic or users is failing.\n**WHY IT TRIGGERED:** The signal deviated from its own learned baseline by more than the configured number of deviations — not because it crossed a fixed number.\n**OWNER:** sre · support 24x7 · this does not page\n**DO THIS NEXT:** Open the runbook, confirm scope from the group tags, and follow the validation steps. The attached workflow output already contains the standard diagnostics.\n**RUNBOOK:** https://github.com/droderiquesit/enterprise-observability/blob/main/platform/runbooks/worker-throughput-anomaly.md\n**AUTOMATED DIAGNOSTICS:** workflow `diag-app-health` has run; its output is attached to this event.\n**RELATED EVENTS:** correlated on `worker-platform.stage.worker-platform` — deployments, infrastructure changes and platform events from the last 30 minutes are attached as context.\n**SLO / ERROR BUDGET:** `slo-worker-throughput` · no error-budget impact (non-production)\n{{/is_alert}}\n{{#is_warning}}\n## Worker Throughput Anomaly — warning\nApproaching the alert condition on {{value}}. Investigate before it becomes P3. Runbook: https://github.com/droderiquesit/enterprise-observability/blob/main/platform/runbooks/worker-throughput-anomaly.md\n{{/is_warning}}\n{{#is_no_data}}\n## Worker Throughput Anomaly — NO DATA\nTelemetry stopped arriving for {{value}}. Treat this as a telemetry-health incident: an unmonitored resource is worse than an alerting one. Runbook: https://github.com/droderiquesit/enterprise-observability/blob/main/platform/runbooks/worker-throughput-anomaly.md\n{{/is_no_data}}\n{{#is_recovery}}\n## Recovered · Worker Throughput Anomaly\n{{value}} returned to normal. Error-budget impact recorded against `slo-worker-throughput`. No action required; the correlation group closes when every child recovers.\n{{/is_recovery}}\n{{#is_warning_recovery}}\nWarning cleared for {{value}}.\n{{/is_warning_recovery}}",
            "monitor_threshold_windows": [],
            "monitor_thresholds": [
              {
                "critical": "1",
                "critical_recovery": "",
                "ok": "",
                "unknown": "",
                "warning": "",
                "warning_recovery": ""
              }
            ],
            "name": "[P3][stage][application] Worker Throughput Anomaly (critical)",
            "new_group_delay": 300,
            "new_host_delay": 300,
            "no_data_timeframe": 0,
            "notification_preset_name": "",
            "notify_audit": false,
            "notify_by": [],
            "notify_no_data": false,
            "on_missing_data": "",
            "priority": "3",
            "query": "avg(last_1h):anomalies(sum:trace.async.operation.hits{env:stage,alert_band:critical,service_archetype:worker} by {service}.as_rate(), 'agile', 3, direction='below') \u003e= 1",
            "renotify_interval": 30,
            "renotify_occurrences": 3,
            "renotify_statuses": [
              "alert"
            ],
            "require_full_window": false,
            "restricted_roles": null,
            "scheduling_options": [],
            "tags": [
              "alert_band:critical",
              "archetype:worker-throughput-anomaly",
              "automation_ref:diag-app-health",
              "correlation_key:worker-platform.stage.worker-platform",
              "dedup_key:worker-platform.stage.worker-throughput-anomaly.critical",
              "detection:anomaly",
              "domain:application",
              "env:stage",
              "failure_domain:worker-platform",
              "impact_class:degradation",
              "managed_by:terraform",
              "managed_source:platform",
              "monitor_id:stage.critical.application.worker-throughput-anomaly",
              "monitoring_profile:critical",
              "notification_profile:nonprod_standard",
              "owner:sre",
              "pages:false",
              "priority:p3",
              "resource_type:service",
              "runbook:worker-throughput-anomaly",
              "service:worker-platform",
              "signal:throughput",
              "slo_id:slo-worker-throughput",
              "support_model:24x7",
              "team:sre",
              "tier:tier0"
            ],
            "timeout_h": 0,
            "type": "query alert",
            "validate": null,
            "variables": []
          },
          "sensitive_attributes": [],
          "private": "bnVsbA=="
        },
        {
          "index_key": "stage.critical.cloud.azure-appgateway-backend-unhealthy",
          "schema_version": 0,
          "attributes": {
            "assets": [],
            "draft_status": "published",
            "enable_logs_sample": null,
            "enable_samples": null,
            "escalation_message": "",
            "evaluation_delay": 300,
            "force_delete": null,
            "group_retention_duration": "",
            "groupby_simple_monitor": null,
            "id": "314372437",
            "include_tags": true,
            "locked": false,
            "message": "{{#is_alert}}\n## P3 · Application Gateway Backend Unhealthy\n**WHAT:** Application Gateway Backend Unhealthy: availability signal detected by threshold analysis.\n**WHERE:** {{value}} · env `stage` · region `global`\n**SERVICE:** `azure-landing-zone` (cloud / azure_application_gateway, tier0)\n**BUSINESS IMPACT:** Customers are affected now, or a mission-critical capability is unavailable.\n**WHY IT TRIGGERED:** Zero healthy hosts behind a listener is binary.\n**OWNER:** cloud-engineering · support 24x7 · this does not page\n**DO THIS NEXT:** Open the runbook, confirm scope from the group tags, and follow the validation steps. The attached workflow output already contains the standard diagnostics.\n**RUNBOOK:** https://github.com/droderiquesit/enterprise-observability/blob/main/platform/runbooks/azure-appgateway-backend-unhealthy.md\n**AUTOMATED DIAGNOSTICS:** workflow `diag-azure-resource` has run; its output is attached to this event.\n**RELATED EVENTS:** correlated on `azure-landing-zone.stage.azure-landing-zone` — deployments, infrastructure changes and platform events from the last 30 minutes are attached as context.\n**SLO / ERROR BUDGET:** `slo-cloud-platform-availability` · no error-budget impact (non-production)\n{{/is_alert}}\n{{#is_warning}}\n## Application Gateway Backend Unhealthy — warning\nApproaching the alert condition on {{value}}. Investigate before it becomes P3. Runbook: https://github.com/droderiquesit/enterprise-observability/blob/main/platform/runbooks/azure-appgateway-backend-unhealthy.md\n{{/is_warning}}\n{{#is_no_data}}\n## Application Gateway Backend Unhealthy — NO DATA\nTelemetry stopped arriving for {{value}}. Treat this as a telemetry-health incident: an unmonitored resource is worse than an alerting one. Runbook: https://github.com/droderiquesit/enterprise-observability/blob/main/platform/runbooks/azure-appgateway-backend-unhealthy.md\n{{/is_no_data}}\n{{#is_recovery}}\n## Recovered · Application Gateway Backend Unhealthy\n{{value}} returned to normal. Error-budget impact recorded against `slo-cloud-platform-availability`. No action required; the correlation group closes when every child recovers.\n{{/is_recovery}}\n{{#is_warning_recovery}}\nWarning cleared for {{value}}.\n{{/is_warning_recovery}}",
            "monitor_threshold_windows": [],
            "monitor_thresholds": [
              {
                "critical": "1",
                "critical_recovery": "",
                "ok": "",
                "unknown": "",
                "warning": "2",
                "warning_recovery": ""
              }
            ],
            "name": "[P3][stage][cloud] Application Gateway Backend Unhealthy (critical)",
            "new_group_delay": 300,
            "new_host_delay": 300,
            "no_data_timeframe": 0,
            "notification_preset_name": "",
            "notify_audit": false,
            "notify_by": [
              "subscription_name"
            ],
            "notify_no_data": false,
            "on_missing_data": "",
            "priority": "3",
            "query": "min(last_15m):avg:azure.network_applicationgateways.healthy_host_count{env:stage,alert_band:critical,resource_type:azure_application_gateway} by {subscription_name,name,backend_pool} \u003c 1",
            "renotify_interval": 30,
            "renotify_occurrences": 3,
            "renotify_statuses": [
              "alert"
            ],
            "require_full_window": false,
            "restricted_roles": null,
            "scheduling_options": [],
            "tags": [
              "alert_band:critical",
              "archetype:azure-appgateway-backend-unhealthy",
              "automation_ref:diag-azure-resource",
              "correlation_key:azure-landing-zone.stage.azure-landing-zone",
              "dedup_key:azure-landing-zone.stage.azure-appgateway-backend-unhealthy.critical",
              "detection:threshold",
              "domain:cloud",
              "env:stage",
              "failure_domain:azure-landing-zone",
              "impact_class:customer_impact",
              "managed_by:terraform",
              "managed_source:platform",
              "monitor_id:stage.critical.cloud.azure-appgateway-backend-unhealthy",
              "monitoring_profile:critical",
              "notification_profile:nonprod_standard",
              "owner:cloud-engineering",
              "pages:false",
              "priority:p3",
              "resource_type:azure_application_gateway",
              "runbook:azure-appgateway-backend-unhealthy",
              "service:azure-landing-zone",
              "signal:availability",
              "slo_id:slo-cloud-platform-availability",
              "support_model:24x7",
              "team:cloud-engineering",
              "tier:tier0"
            ],
            "timeout_h": 0,
            "type": "query alert",
            "validate": null,
            "variables": []
          },
          "sensitive_attributes": [],
          "private": "bnVsbA=="
        },
        {
          "index_key": "stage.critical.cloud.azure-appservice-http5xx-anomaly",
          "schema_version": 0,
          "attributes": {
            "assets": [],
            "draft_status": "published",
            "enable_logs_sample": null,
            "enable_samples": null,
            "escalation_message": "",
            "evaluation_delay": 300,
            "force_delete": null,
            "group_retention_duration": "",
            "groupby_simple_monitor": null,
            "id": "314372504",
            "include_tags": true,
            "locked": false,
            "message": "{{#is_alert}}\n## P3 · Azure App Service 5xx Anomaly\n**WHAT:** Azure App Service 5xx Anomaly: error_rate signal detected by anomaly analysis.\n**WHERE:** {{value}} · env `stage` · region `global`\n**SERVICE:** `azure-landing-zone` (cloud / azure_app_service, tier0)\n**BUSINESS IMPACT:** Customers are affected now, or a mission-critical capability is unavailable.\n**WHY IT TRIGGERED:** The signal deviated from its own learned baseline by more than the configured number of deviations — not because it crossed a fixed number.\n**OWNER:** cloud-engineering · support 24x7 · this does not page\n**DO THIS NEXT:** Open the runbook, confirm scope from the group tags, and follow the validation steps. The attached workflow output already contains the standard diagnostics.\n**RUNBOOK:** https://github.com/droderiquesit/enterprise-observability/blob/main/platform/runbooks/azure-appservice-http5xx-anomaly.md\n**AUTOMATED DIAGNOSTICS:** workflow `remediate-recycle-app-pool` has run; its output is attached to this event.\n**RELATED EVENTS:** correlated on `azure-paas.stage.azure-landing-zone` — deployments, infrastructure changes and platform events from the last 30 minutes are attached as context.\n**SLO / ERROR BUDGET:** `slo-cloud-platform-availability` · no error-budget impact (non-production)\n{{/is_alert}}\n{{#is_warning}}\n## Azure App Service 5xx Anomaly — warning\nApproaching the alert condition on {{value}}. Investigate before it becomes P3. Runbook: https://github.com/droderiquesit/enterprise-observability/blob/main/platform/runbooks/azure-appservice-http5xx-anomaly.md\n{{/is_warning}}\n{{#is_no_data}}\n## Azure App Service 5xx Anomaly — NO DATA\nTelemetry stopped arriving for {{value}}. Treat this as a telemetry-health incident: an unmonitored resource is worse than an alerting one. Runbook: https://github.com/droderiquesit/enterprise-observability/blob/main/platform/runbooks/azure-appservice-http5xx-anomaly.md\n{{/is_no_data}}\n{{#is_recovery}}\n## Recovered · Azure App Service 5xx Anomaly\n{{value}} returned to normal. Error-budget impact recorded against `slo-cloud-platform-availability`. No action required; the correlation group closes when every child recovers.\n{{/is_recovery}}\n{{#is_warning_recovery}}\nWarning cleared for {{value}}.\n{{/is_warning_recovery}}",
            "monitor_threshold_windows": [],
            "monitor_thresholds": [
              {
                "critical": "1",
                "critical_recovery": "",
                "ok": "",
                "unknown": "",
                "warning": "",
                "warning_recovery": ""
              }
            ],
            "name": "[P3][stage][cloud] Azure App Service 5xx Anomaly (critical)",
            "new_group_delay": 300,
            "new_host_delay": 300,
            "no_data_timeframe": 0,
            "notification_preset_name": "",
            "notify_audit": false,
            "notify_by": [
              "subscription_name"
            ],
            "notify_no_data": false,
            "on_missing_data": "",
            "priority": "3",
            "query": "avg(last_30m):anomalies(sum:azure.app_services.http5xx{env:stage,alert_band:critical,resource_type:azure_app_service} by {subscription_name,resource_group,name}.as_rate(), 'agile', 3) \u003e= 1",
            "renotify_interval": 30,
            "renotify_occurrences": 3,
            "renotify_statuses": [
              "alert"
            ],
            "require_full_window": false,
            "restricted_roles": null,
            "scheduling_options": [],
            "tags": [
              "alert_band:critical",
              "archetype:azure-appservice-http5xx-anomaly",
              "automation_ref:remediate-recycle-app-pool",
              "correlation_key:azure-paas.stage.azure-landing-zone",
              "dedup_key:azure-landing-zone.stage.azure-appservice-http5xx-anomaly.critical",
              "detection:anomaly",
              "domain:cloud",
              "env:stage",
              "failure_domain:azure-paas",
              "impact_class:customer_impact",
              "managed_by:terraform",
              "managed_source:platform",
              "monitor_id:stage.critical.cloud.azure-appservice-http5xx-anomaly",
              "monitoring_profile:critical",
              "notification_profile:nonprod_standard",
              "owner:cloud-engineering",
              "pages:false",
              "priority:p3",
              "resource_type:azure_app_service",
              "runbook:azure-appservice-http5xx-anomaly",
              "service:azure-landing-zone",
              "signal:error_rate",
              "slo_id:slo-cloud-platform-availability",
              "support_model:24x7",
              "team:cloud-engineering",
              "tier:tier0"
            ],
            "timeout_h": 0,
            "type": "query alert",
            "validate": null,
            "variables": []
          },
          "sensitive_attributes": [],
          "private": "bnVsbA=="
        },
        {
          "index_key": "stage.critical.cloud.azure-appservice-unavailable",
          "schema_version": 0,
          "attributes": {
            "assets": [],
            "draft_status": "published",
            "enable_logs_sample": null,
            "enable_samples": null,
            "escalation_message": "",
            "evaluation_delay": 300,
            "force_delete": null,
            "group_retention_duration": "",
            "groupby_simple_monitor": null,
            "id": "314372546",
            "include_tags": true,
            "locked": false,
            "message": "{{#is_alert}}\n## P3 · Azure App Service Unavailable\n**WHAT:** Azure App Service Unavailable: availability signal detected by threshold analysis.\n**WHERE:** {{value}} · env `stage` · region `global`\n**SERVICE:** `azure-landing-zone` (cloud / azure_app_service, tier0)\n**BUSINESS IMPACT:** Customers are affected now, or a mission-critical capability is unavailable.\n**WHY IT TRIGGERED:** Health-check status is binary.\n**OWNER:** cloud-engineering · support 24x7 · this does not page\n**DO THIS NEXT:** Open the runbook, confirm scope from the group tags, and follow the validation steps. The attached workflow output already contains the standard diagnostics.\n**RUNBOOK:** https://github.com/droderiquesit/enterprise-observability/blob/main/platform/runbooks/azure-appservice-unavailable.md\n**AUTOMATED DIAGNOSTICS:** workflow `diag-azure-resource` has run; its output is attached to this event.\n**RELATED EVENTS:** correlated on `azure-paas.stage.azure-landing-zone` — deployments, infrastructure changes and platform events from the last 30 minutes are attached as context.\n**SLO / ERROR BUDGET:** `slo-cloud-platform-availability` · no error-budget impact (non-production)\n{{/is_alert}}\n{{#is_warning}}\n## Azure App Service Unavailable — warning\nApproaching the alert condition on {{value}}. Investigate before it becomes P3. Runbook: https://github.com/droderiquesit/enterprise-observability/blob/main/platform/runbooks/azure-appservice-unavailable.md\n{{/is_warning}}\n{{#is_no_data}}\n## Azure App Service Unavailable — NO DATA\nTelemetry stopped arriving for {{value}}. Treat this as a telemetry-health incident: an unmonitored resource is worse than an alerting one. Runbook: https://github.com/droderiquesit/enterprise-observability/blob/main/platform/runbooks/azure-appservice-unavailable.md\n{{/is_no_data}}\n{{#is_recovery}}\n## Recovered · Azure App Service Unavailable\n{{value}} returned to normal. Error-budget impact recorded against `slo-cloud-platform-availability`. No action required; the correlation group closes when every child recovers.\n{{/is_recovery}}\n{{#is_warning_recovery}}\nWarning cleared for {{value}}.\n{{/is_warning_recovery}}",
            "monitor_threshold_windows": [],
            "monitor_thresholds": [
              {
                "critical": "1",
                "critical_recovery": "",
                "ok": "",
                "unknown": "",
                "warning": "",
                "warning_recovery": ""
              }
            ],
            "name": "[P3][stage][cloud] Azure App Service Unavailable (critical)",
            "new_group_delay": 300,
            "new_host_delay": 300,
            "no_data_timeframe": 0,
            "notification_preset_name": "",
            "notify_audit": false,
            "notify_by": [
              "subscription_name"
            ],
            "notify_no_data": false,
            "on_missing_data": "",
            "priority": "3",
            "query": "min(last_15m):avg:azure.app_services.health_check_status{env:stage,alert_band:critical,resource_type:azure_app_service} by {subscription_name,resource_group,name} \u003c 1",
            "renotify_interval": 30,
            "renotify_occurrences": 3,
            "renotify_statuses": [
              "alert"
            ],
            "require_full_window": false,
            "restricted_roles": null,
            "scheduling_options": [],
            "tags": [
              "alert_band:critical",
              "archetype:azure-appservice-unavailable",
              "automation_ref:diag-azure-resource",
              "correlation_key:azure-paas.stage.azure-landing-zone",
              "dedup_key:azure-landing-zone.stage.azure-appservice-unavailable.critical",
              "detection:threshold",
              "domain:cloud",
              "env:stage",
              "failure_domain:azure-paas",
              "impact_class:customer_impact",
              "managed_by:terraform",
              "managed_source:platform",
              "monitor_id:stage.critical.cloud.azure-appservice-unavailable",
              "monitoring_profile:critical",
              "notification_profile:nonprod_standard",
              "owner:cloud-engineering",
              "pages:false",
              "priority:p3",
              "resource_type:azure_app_service",
              "runbook:azure-appservice-unavailable",
              "service:azure-landing-zone",
              "signal:availability",
              "slo_id:slo-cloud-platform-availability",
              "support_model:24x7",
              "team:cloud-engineering",
              "tier:tier0"
            ],
            "timeout_h": 0,
            "type": "query alert",
            "validate": null,
            "variables": []
          },
          "sensitive_attributes": [],
          "private": "bnVsbA=="
        },
        {
          "index_key": "stage.critical.cloud.azure-function-failure-anomaly",
          "schema_version": 0,
          "attributes": {
            "assets": [],
            "draft_status": "published",
            "enable_logs_sample": null,
            "enable_samples": null,
            "escalation_message": "",
            "evaluation_delay": 300,
            "force_delete": null,
            "group_retention_duration": "",
            "groupby_simple_monitor": null,
            "id": "314372508",
            "include_tags": true,
            "locked": false,
            "message": "{{#is_alert}}\n## P3 · Azure Function Failure Anomaly\n**WHAT:** Azure Function Failure Anomaly: error_rate signal detected by anomaly analysis.\n**WHERE:** {{value}} · env `stage` · region `global`\n**SERVICE:** `azure-landing-zone` (cloud / azure_function, tier0)\n**BUSINESS IMPACT:** The service still functions but measurably worse; a subset of traffic or users is failing.\n**WHY IT TRIGGERED:** The signal deviated from its own learned baseline by more than the configured number of deviations — not because it crossed a fixed number.\n**OWNER:** cloud-engineering · support 24x7 · this does not page\n**DO THIS NEXT:** Open the runbook, confirm scope from the group tags, and follow the validation steps. The attached workflow output already contains the standard diagnostics.\n**RUNBOOK:** https://github.com/droderiquesit/enterprise-observability/blob/main/platform/runbooks/azure-function-failure-anomaly.md\n**AUTOMATED DIAGNOSTICS:** workflow `diag-azure-resource` has run; its output is attached to this event.\n**RELATED EVENTS:** correlated on `azure-paas.stage.azure-landing-zone` — deployments, infrastructure changes and platform events from the last 30 minutes are attached as context.\n**SLO / ERROR BUDGET:** `slo-cloud-platform-availability` · no error-budget impact (non-production)\n{{/is_alert}}\n{{#is_warning}}\n## Azure Function Failure Anomaly — warning\nApproaching the alert condition on {{value}}. Investigate before it becomes P3. Runbook: https://github.com/droderiquesit/enterprise-observability/blob/main/platform/runbooks/azure-function-failure-anomaly.md\n{{/is_warning}}\n{{#is_no_data}}\n## Azure Function Failure Anomaly — NO DATA\nTelemetry stopped arriving for {{value}}. Treat this as a telemetry-health incident: an unmonitored resource is worse than an alerting one. Runbook: https://github.com/droderiquesit/enterprise-observability/blob/main/platform/runbooks/azure-function-failure-anomaly.md\n{{/is_no_data}}\n{{#is_recovery}}\n## Recovered · Azure Function Failure Anomaly\n{{value}} returned to normal. Error-budget impact recorded against `slo-cloud-platform-availability`. No action required; the correlation group closes when every child recovers.\n{{/is_recovery}}\n{{#is_warning_recovery}}\nWarning cleared for {{value}}.\n{{/is_warning_recovery}}",
            "monitor_threshold_windows": [],
            "monitor_thresholds": [
              {
                "critical": "1",
                "critical_recovery": "",
                "ok": "",
                "unknown": "",
                "warning": "",
                "warning_recovery": ""
              }
            ],
            "name": "[P3][stage][cloud] Azure Function Failure Anomaly (critical)",
            "new_group_delay": 300,
            "new_host_delay": 300,
            "no_data_timeframe": 0,
            "notification_preset_name": "",
            "notify_audit": false,
            "notify_by": [
              "subscription_name"
            ],
            "notify_no_data": false,
            "on_missing_data": "",
            "priority": "3",
            "query": "avg(last_30m):anomalies(sum:azure.functions.function_execution_failures{env:stage,alert_band:critical,resource_type:azure_function} by {subscription_name,resource_group,name}.as_rate(), 'agile', 3) \u003e= 1",
            "renotify_interval": 30,
            "renotify_occurrences": 3,
            "renotify_statuses": [
              "alert"
            ],
            "require_full_window": false,
            "restricted_roles": null,
            "scheduling_options": [],
            "tags": [
              "alert_band:critical",
              "archetype:azure-function-failure-anomaly",
              "automation_ref:diag-azure-resource",
              "correlation_key:azure-paas.stage.azure-landing-zone",
              "dedup_key:azure-landing-zone.stage.azure-function-failure-anomaly.critical",
              "detection:anomaly",
              "domain:cloud",
              "env:stage",
              "failure_domain:azure-paas",
              "impact_class:degradation",
              "managed_by:terraform",
              "managed_source:platform",
              "monitor_id:stage.critical.cloud.azure-function-failure-anomaly",
              "monitoring_profile:critical",
              "notification_profile:nonprod_standard",
              "owner:cloud-engineering",
              "pages:false",
              "priority:p3",
              "resource_type:azure_function",
              "runbook:azure-function-failure-anomaly",
              "service:azure-landing-zone",
              "signal:error_rate",
              "slo_id:slo-cloud-platform-availability",
              "support_model:24x7",
              "team:cloud-engineering",
              "tier:tier0"
            ],
            "timeout_h": 0,
            "type": "query alert",
            "validate": null,
            "variables": []
          },
          "sensitive_attributes": [],
          "private": "bnVsbA=="
        },
        {
          "index_key": "stage.critical.cloud.azure-integration-telemetry-gap",
          "schema_version": 0,
          "attributes": {
            "assets": [],
            "draft_status": "published",
            "enable_logs_sample": null,
            "enable_samples": null,
            "escalation_message": "",
            "evaluation_delay": 300,
            "force_delete": null,
            "group_retention_duration": "",
            "groupby_simple_monitor": null,
            "id": "314372483",
            "include_tags": true,
            "locked": false,
            "message": "{{#is_alert}}\n## P4 · Azure Integration Stopped Delivering Metrics\n**WHAT:** Azure Integration Stopped Delivering Metrics: telemetry_health signal detected by threshold analysis.\n**WHERE:** {{value}} · env `stage` · region `global`\n**SERVICE:** `platform-services` (cloud / azure_subscription, tier0)\n**BUSINESS IMPACT:** Observability or configuration hygiene is degraded. No direct customer impact, but our ability to see or govern the estate is reduced.\n**WHY IT TRIGGERED:** A silent Azure integration makes every cloud monitor silently green. This is the tripwire that prevents false confidence.\n\n**OWNER:** cloud-engineering · support 24x7 · this does not page\n**DO THIS NEXT:** Open the runbook, confirm scope from the group tags, and follow the validation steps. The attached workflow output already contains the standard diagnostics.\n**RUNBOOK:** https://github.com/droderiquesit/enterprise-observability/blob/main/platform/runbooks/azure-integration-telemetry-gap.md\n**AUTOMATED DIAGNOSTICS:** workflow `diag-azure-resource` has run; its output is attached to this event.\n**RELATED EVENTS:** correlated on `azure-landing-zone.stage.platform-services` — deployments, infrastructure changes and platform events from the last 30 minutes are attached as context.\n**SLO / ERROR BUDGET:** `slo-platform-services` · no error-budget impact (non-production)\n{{/is_alert}}\n{{#is_warning}}\n## Azure Integration Stopped Delivering Metrics — warning\nApproaching the alert condition on {{value}}. Investigate before it becomes P4. Runbook: https://github.com/droderiquesit/enterprise-observability/blob/main/platform/runbooks/azure-integration-telemetry-gap.md\n{{/is_warning}}\n{{#is_no_data}}\n## Azure Integration Stopped Delivering Metrics — NO DATA\nTelemetry stopped arriving for {{value}}. Treat this as a telemetry-health incident: an unmonitored resource is worse than an alerting one. Runbook: https://github.com/droderiquesit/enterprise-observability/blob/main/platform/runbooks/azure-integration-telemetry-gap.md\n{{/is_no_data}}\n{{#is_recovery}}\n## Recovered · Azure Integration Stopped Delivering Metrics\n{{value}} returned to normal. Error-budget impact recorded against `slo-platform-services`. No action required; the correlation group closes when every child recovers.\n{{/is_recovery}}\n{{#is_warning_recovery}}\nWarning cleared for {{value}}.\n{{/is_warning_recovery}}",
            "monitor_threshold_windows": [],
            "monitor_thresholds": [
              {
                "critical": "1",
                "critical_recovery": "",
                "ok": "",
                "unknown": "",
                "warning": "",
                "warning_recovery": ""
              }
            ],
            "name": "[P4][stage][cloud] Azure Integration Stopped Delivering Metrics (critical)",
            "new_group_delay": 300,
            "new_host_delay": 300,
            "no_data_timeframe": 90,
            "notification_preset_name": "",
            "notify_audit": false,
            "notify_by": [],
            "notify_no_data": true,
            "on_missing_data": "",
            "priority": "4",
            "query": "sum(last_2h):sum:azure.usage.current_value{env:stage,alert_band:critical,resource_type:azure_subscription} by {subscription_name}.as_count() \u003c 1",
            "renotify_interval": 30,
            "renotify_occurrences": 3,
            "renotify_statuses": [
              "alert"
            ],
            "require_full_window": false,
            "restricted_roles": null,
            "scheduling_options": [],
            "tags": [
              "alert_band:critical",
              "archetype:azure-integration-telemetry-gap",
              "automation_ref:diag-azure-resource",
              "correlation_key:azure-landing-zone.stage.platform-services",
              "dedup_key:platform-services.stage.azure-integration-telemetry-gap.critical",
              "detection:threshold",
              "domain:cloud",
              "env:stage",
              "failure_domain:azure-landing-zone",
              "impact_class:hygiene",
              "managed_by:terraform",
              "managed_source:platform",
              "monitor_id:stage.critical.cloud.azure-integration-telemetry-gap",
              "monitoring_profile:critical",
              "notification_profile:nonprod_standard",
              "owner:cloud-engineering",
              "pages:false",
              "priority:p4",
              "resource_type:azure_subscription",
              "runbook:azure-integration-telemetry-gap",
              "service:platform-services",
              "signal:telemetry_health",
              "slo_id:slo-platform-services",
              "support_model:24x7",
              "team:cloud-engineering",
              "tier:tier0"
            ],
            "timeout_h": 0,
            "type": "query alert",
            "validate": null,
            "variables": []
          },
          "sensitive_attributes": [],
          "private": "bnVsbA=="
        },
        {
          "index_key": "stage.critical.cloud.azure-loadbalancer-probe-failure",
          "schema_version": 0,
          "attributes": {
            "assets": [],
            "draft_status": "published",
            "enable_logs_sample": null,
            "enable_samples": null,
            "escalation_message": "",
            "evaluation_delay": 300,
            "force_delete": null,
            "group_retention_duration": "",
            "groupby_simple_monitor": null,
            "id": "314372534",
            "include_tags": true,
            "locked": false,
            "message": "{{#is_alert}}\n## P3 · Azure Load Balancer Health Probe Failing\n**WHAT:** Azure Load Balancer Health Probe Failing: availability signal detected by threshold analysis.\n**WHERE:** {{value}} · env `stage` · region `global`\n**SERVICE:** `azure-landing-zone` (cloud / azure_load_balancer, tier0)\n**BUSINESS IMPACT:** Customers are affected now, or a mission-critical capability is unavailable.\n**WHY IT TRIGGERED:** Half the backend pool failing health probes is a redundancy boundary.\n\n**OWNER:** cloud-engineering · support 24x7 · this does not page\n**DO THIS NEXT:** Open the runbook, confirm scope from the group tags, and follow the validation steps. The attached workflow output already contains the standard diagnostics.\n**RUNBOOK:** https://github.com/droderiquesit/enterprise-observability/blob/main/platform/runbooks/azure-loadbalancer-probe-failure.md\n**AUTOMATED DIAGNOSTICS:** workflow `diag-azure-resource` has run; its output is attached to this event.\n**RELATED EVENTS:** correlated on `azure-landing-zone.stage.azure-landing-zone` — deployments, infrastructure changes and platform events from the last 30 minutes are attached as context.\n**SLO / ERROR BUDGET:** `slo-cloud-platform-availability` · no error-budget impact (non-production)\n{{/is_alert}}\n{{#is_warning}}\n## Azure Load Balancer Health Probe Failing — warning\nApproaching the alert condition on {{value}}. Investigate before it becomes P3. Runbook: https://github.com/droderiquesit/enterprise-observability/blob/main/platform/runbooks/azure-loadbalancer-probe-failure.md\n{{/is_warning}}\n{{#is_no_data}}\n## Azure Load Balancer Health Probe Failing — NO DATA\nTelemetry stopped arriving for {{value}}. Treat this as a telemetry-health incident: an unmonitored resource is worse than an alerting one. Runbook: https://github.com/droderiquesit/enterprise-observability/blob/main/platform/runbooks/azure-loadbalancer-probe-failure.md\n{{/is_no_data}}\n{{#is_recovery}}\n## Recovered · Azure Load Balancer Health Probe Failing\n{{value}} returned to normal. Error-budget impact recorded against `slo-cloud-platform-availability`. No action required; the correlation group closes when every child recovers.\n{{/is_recovery}}\n{{#is_warning_recovery}}\nWarning cleared for {{value}}.\n{{/is_warning_recovery}}",
            "monitor_threshold_windows": [],
            "monitor_thresholds": [
              {
                "critical": "50",
                "critical_recovery": "",
                "ok": "",
                "unknown": "",
                "warning": "80",
                "warning_recovery": ""
              }
            ],
            "name": "[P3][stage][cloud] Azure Load Balancer Health Probe Failing (critical)",
            "new_group_delay": 300,
            "new_host_delay": 300,
            "no_data_timeframe": 0,
            "notification_preset_name": "",
            "notify_audit": false,
            "notify_by": [
              "subscription_name"
            ],
            "notify_no_data": false,
            "on_missing_data": "",
            "priority": "3",
            "query": "min(last_15m):avg:azure.network_loadbalancers.dip_availability{env:stage,alert_band:critical,resource_type:azure_load_balancer} by {subscription_name,resource_group,name} \u003c 50",
            "renotify_interval": 30,
            "renotify_occurrences": 3,
            "renotify_statuses": [
              "alert"
            ],
            "require_full_window": false,
            "restricted_roles": null,
            "scheduling_options": [],
            "tags": [
              "alert_band:critical",
              "archetype:azure-loadbalancer-probe-failure",
              "automation_ref:diag-azure-resource",
              "correlation_key:azure-landing-zone.stage.azure-landing-zone",
              "dedup_key:azure-landing-zone.stage.azure-loadbalancer-probe-failure.critical",
              "detection:threshold",
              "domain:cloud",
              "env:stage",
              "failure_domain:azure-landing-zone",
              "impact_class:customer_impact",
              "managed_by:terraform",
              "managed_source:platform",
              "monitor_id:stage.critical.cloud.azure-loadbalancer-probe-failure",
              "monitoring_profile:critical",
              "notification_profile:nonprod_standard",
              "owner:cloud-engineering",
              "pages:false",
              "priority:p3",
              "resource_type:azure_load_balancer",
              "runbook:azure-loadbalancer-probe-failure",
              "service:azure-landing-zone",
              "signal:availability",
              "slo_id:slo-cloud-platform-availability",
              "support_model:24x7",
              "team:cloud-engineering",
              "tier:tier0"
            ],
            "timeout_h": 0,
            "type": "query alert",
            "validate": null,
            "variables": []
          },
          "sensitive_attributes": [],
          "private": "bnVsbA=="
        },
        {
          "index_key": "stage.critical.cloud.azure-storage-availability",
          "schema_version": 0,
          "attributes": {
            "assets": [],
            "draft_status": "published",
            "enable_logs_sample": null,
            "enable_samples": null,
            "escalation_message": "",
            "evaluation_delay": 300,
            "force_delete": null,
            "group_retention_duration": "",
            "groupby_simple_monitor": null,
            "id": "314372530",
            "include_tags": true,
            "locked": false,
            "message": "{{#is_alert}}\n## P3 · Azure Storage Account Availability\n**WHAT:** Azure Storage Account Availability: availability signal detected by threshold analysis.\n**WHERE:** {{value}} · env `stage` · region `global`\n**SERVICE:** `azure-landing-zone` (cloud / azure_storage, tier0)\n**BUSINESS IMPACT:** Customers are affected now, or a mission-critical capability is unavailable.\n**WHY IT TRIGGERED:** 99% availability is the Azure Storage SLA floor — a contractual number.\n\n**OWNER:** cloud-engineering · support 24x7 · this does not page\n**DO THIS NEXT:** Open the runbook, confirm scope from the group tags, and follow the validation steps. The attached workflow output already contains the standard diagnostics.\n**RUNBOOK:** https://github.com/droderiquesit/enterprise-observability/blob/main/platform/runbooks/azure-storage-availability.md\n**AUTOMATED DIAGNOSTICS:** workflow `diag-azure-resource` has run; its output is attached to this event.\n**RELATED EVENTS:** correlated on `azure-paas.stage.azure-landing-zone` — deployments, infrastructure changes and platform events from the last 30 minutes are attached as context.\n**SLO / ERROR BUDGET:** `slo-cloud-platform-availability` · no error-budget impact (non-production)\n{{/is_alert}}\n{{#is_warning}}\n## Azure Storage Account Availability — warning\nApproaching the alert condition on {{value}}. Investigate before it becomes P3. Runbook: https://github.com/droderiquesit/enterprise-observability/blob/main/platform/runbooks/azure-storage-availability.md\n{{/is_warning}}\n{{#is_no_data}}\n## Azure Storage Account Availability — NO DATA\nTelemetry stopped arriving for {{value}}. Treat this as a telemetry-health incident: an unmonitored resource is worse than an alerting one. Runbook: https://github.com/droderiquesit/enterprise-observability/blob/main/platform/runbooks/azure-storage-availability.md\n{{/is_no_data}}\n{{#is_recovery}}\n## Recovered · Azure Storage Account Availability\n{{value}} returned to normal. Error-budget impact recorded against `slo-cloud-platform-availability`. No action required; the correlation group closes when every child recovers.\n{{/is_recovery}}\n{{#is_warning_recovery}}\nWarning cleared for {{value}}.\n{{/is_warning_recovery}}",
            "monitor_threshold_windows": [],
            "monitor_thresholds": [
              {
                "critical": "99",
                "critical_recovery": "",
                "ok": "",
                "unknown": "",
                "warning": "99.9",
                "warning_recovery": ""
              }
            ],
            "name": "[P3][stage][cloud] Azure Storage Account Availability (critical)",
            "new_group_delay": 300,
            "new_host_delay": 300,
            "no_data_timeframe": 0,
            "notification_preset_name": "",
            "notify_audit": false,
            "notify_by": [
              "subscription_name"
            ],
            "notify_no_data": false,
            "on_missing_data": "",
            "priority": "3",
            "query": "min(last_15m):avg:azure.storage_storageaccounts.availability{env:stage,alert_band:critical,resource_type:azure_storage} by {subscription_name,resource_group,name} \u003c 99",
            "renotify_interval": 30,
            "renotify_occurrences": 3,
            "renotify_statuses": [
              "alert"
            ],
            "require_full_window": false,
            "restricted_roles": null,
            "scheduling_options": [],
            "tags": [
              "alert_band:critical",
              "archetype:azure-storage-availability",
              "automation_ref:diag-azure-resource",
              "correlation_key:azure-paas.stage.azure-landing-zone",
              "dedup_key:azure-landing-zone.stage.azure-storage-availability.critical",
              "detection:threshold",
              "domain:cloud",
              "env:stage",
              "failure_domain:azure-paas",
              "impact_class:customer_impact",
              "managed_by:terraform",
              "managed_source:platform",
              "monitor_id:stage.critical.cloud.azure-storage-availability",
              "monitoring_profile:critical",
              "notification_profile:nonprod_standard",
              "owner:cloud-engineering",
              "pages:false",
              "priority:p3",
              "resource_type:azure_storage",
              "runbook:azure-storage-availability",
              "service:azure-landing-zone",
              "signal:availability",
              "slo_id:slo-cloud-platform-availability",
              "support_model:24x7",
              "team:cloud-engineering",
              "tier:tier0"
            ],
            "timeout_h": 0,
            "type": "query alert",
            "validate": null,
            "variables": []
          },
          "sensitive_attributes": [],
          "private": "bnVsbA=="
        },
        {
          "index_key": "stage.critical.cloud.azure-vm-unavailable",
          "schema_version": 0,
          "attributes": {
            "assets": [],
            "draft_status": "published",
            "enable_logs_sample": null,
            "enable_samples": null,
            "escalation_message": "",
            "evaluation_delay": 300,
            "force_delete": null,
            "group_retention_duration": "",
            "groupby_simple_monitor": null,
            "id": "314372550",
            "include_tags": true,
            "locked": false,
            "message": "{{#is_alert}}\n## P3 · Azure VM Unavailable\n**WHAT:** Azure VM Unavailable: availability signal detected by threshold analysis.\n**WHERE:** {{value}} · env `stage` · region `global`\n**SERVICE:** `azure-landing-zone` (cloud / azure_vm, tier0)\n**BUSINESS IMPACT:** The service still functions but measurably worse; a subset of traffic or users is failing.\n**WHY IT TRIGGERED:** Power/provisioning state is discrete.\n**OWNER:** cloud-engineering · support 24x7 · this does not page\n**DO THIS NEXT:** Open the runbook, confirm scope from the group tags, and follow the validation steps. The attached workflow output already contains the standard diagnostics.\n**RUNBOOK:** https://github.com/droderiquesit/enterprise-observability/blob/main/platform/runbooks/azure-vm-unavailable.md\n**AUTOMATED DIAGNOSTICS:** workflow `diag-azure-resource` has run; its output is attached to this event.\n**RELATED EVENTS:** correlated on `azure-landing-zone.stage.azure-landing-zone` — deployments, infrastructure changes and platform events from the last 30 minutes are attached as context.\n**SLO / ERROR BUDGET:** `slo-cloud-platform-availability` · no error-budget impact (non-production)\n{{/is_alert}}\n{{#is_warning}}\n## Azure VM Unavailable — warning\nApproaching the alert condition on {{value}}. Investigate before it becomes P3. Runbook: https://github.com/droderiquesit/enterprise-observability/blob/main/platform/runbooks/azure-vm-unavailable.md\n{{/is_warning}}\n{{#is_no_data}}\n## Azure VM Unavailable — NO DATA\nTelemetry stopped arriving for {{value}}. Treat this as a telemetry-health incident: an unmonitored resource is worse than an alerting one. Runbook: https://github.com/droderiquesit/enterprise-observability/blob/main/platform/runbooks/azure-vm-unavailable.md\n{{/is_no_data}}\n{{#is_recovery}}\n## Recovered · Azure VM Unavailable\n{{value}} returned to normal. Error-budget impact recorded against `slo-cloud-platform-availability`. No action required; the correlation group closes when every child recovers.\n{{/is_recovery}}\n{{#is_warning_recovery}}\nWarning cleared for {{value}}.\n{{/is_warning_recovery}}",
            "monitor_threshold_windows": [],
            "monitor_thresholds": [
              {
                "critical": "1",
                "critical_recovery": "",
                "ok": "",
                "unknown": "",
                "warning": "",
                "warning_recovery": ""
              }
            ],
            "name": "[P3][stage][cloud] Azure VM Unavailable (critical)",
            "new_group_delay": 300,
            "new_host_delay": 300,
            "no_data_timeframe": 0,
            "notification_preset_name": "",
            "notify_audit": false,
            "notify_by": [
              "subscription_name"
            ],
            "notify_no_data": false,
            "on_missing_data": "",
            "priority": "3",
            "query": "min(last_15m):avg:azure.vm.status{env:stage,alert_band:critical,resource_type:azure_vm} by {subscription_name,resource_group,name} \u003c 1",
            "renotify_interval": 30,
            "renotify_occurrences": 3,
            "renotify_statuses": [
              "alert"
            ],
            "require_full_window": false,
            "restricted_roles": null,
            "scheduling_options": [],
            "tags": [
              "alert_band:critical",
              "archetype:azure-vm-unavailable",
              "automation_ref:diag-azure-resource",
              "correlation_key:azure-landing-zone.stage.azure-landing-zone",
              "dedup_key:azure-landing-zone.stage.azure-vm-unavailable.critical",
              "detection:threshold",
              "domain:cloud",
              "env:stage",
              "failure_domain:azure-landing-zone",
              "impact_class:degradation",
              "managed_by:terraform",
              "managed_source:platform",
              "monitor_id:stage.critical.cloud.azure-vm-unavailable",
              "monitoring_profile:critical",
              "notification_profile:nonprod_standard",
              "owner:cloud-engineering",
              "pages:false",
              "priority:p3",
              "resource_type:azure_vm",
              "runbook:azure-vm-unavailable",
              "service:azure-landing-zone",
              "signal:availability",
              "slo_id:slo-cloud-platform-availability",
              "support_model:24x7",
              "team:cloud-engineering",
              "tier:tier0"
            ],
            "timeout_h": 0,
            "type": "query alert",
            "validate": null,
            "variables": []
          },
          "sensitive_attributes": [],
          "private": "bnVsbA=="
        },
        {
          "index_key": "stage.critical.data.data-quality-check-failure",
          "schema_version": 0,
          "attributes": {
            "assets": [],
            "draft_status": "published",
            "enable_logs_sample": null,
            "enable_samples": null,
            "escalation_message": "",
            "evaluation_delay": 300,
            "force_delete": null,
            "group_retention_duration": "",
            "groupby_simple_monitor": null,
            "id": "314372390",
            "include_tags": true,
            "locked": false,
            "message": "{{#is_alert}}\n## P3 · Data Quality Check Failed\n**WHAT:** Data Quality Check Failed: correctness signal detected by threshold analysis.\n**WHERE:** {{value}} · env `stage` · region `global`\n**SERVICE:** `data-platform` (data / data_product, tier0)\n**BUSINESS IMPACT:** The service still functions but measurably worse; a subset of traffic or users is failing.\n**WHY IT TRIGGERED:** A failed assertion is discrete.\n**OWNER:** data-engineering · support 24x7 · this does not page\n**DO THIS NEXT:** Open the runbook, confirm scope from the group tags, and follow the validation steps. The attached workflow output already contains the standard diagnostics.\n**RUNBOOK:** https://github.com/droderiquesit/enterprise-observability/blob/main/platform/runbooks/data-quality-check-failure.md\n**AUTOMATED DIAGNOSTICS:** workflow `diag-data-pipeline` has run; its output is attached to this event.\n**RELATED EVENTS:** correlated on `data-quality.stage.data-platform` — deployments, infrastructure changes and platform events from the last 30 minutes are attached as context.\n**SLO / ERROR BUDGET:** `slo-data-freshness` · no error-budget impact (non-production)\n{{/is_alert}}\n{{#is_warning}}\n## Data Quality Check Failed — warning\nApproaching the alert condition on {{value}}. Investigate before it becomes P3. Runbook: https://github.com/droderiquesit/enterprise-observability/blob/main/platform/runbooks/data-quality-check-failure.md\n{{/is_warning}}\n{{#is_no_data}}\n## Data Quality Check Failed — NO DATA\nTelemetry stopped arriving for {{value}}. Treat this as a telemetry-health incident: an unmonitored resource is worse than an alerting one. Runbook: https://github.com/droderiquesit/enterprise-observability/blob/main/platform/runbooks/data-quality-check-failure.md\n{{/is_no_data}}\n{{#is_recovery}}\n## Recovered · Data Quality Check Failed\n{{value}} returned to normal. Error-budget impact recorded against `slo-data-freshness`. No action required; the correlation group closes when every child recovers.\n{{/is_recovery}}\n{{#is_warning_recovery}}\nWarning cleared for {{value}}.\n{{/is_warning_recovery}}",
            "monitor_threshold_windows": [],
            "monitor_thresholds": [
              {
                "critical": "1",
                "critical_recovery": "",
                "ok": "",
                "unknown": "",
                "warning": "",
                "warning_recovery": ""
              }
            ],
            "name": "[P3][stage][data] Data Quality Check Failed (critical)",
            "new_group_delay": 300,
            "new_host_delay": 300,
            "no_data_timeframe": 0,
            "notification_preset_name": "",
            "notify_audit": false,
            "notify_by": [],
            "notify_no_data": false,
            "on_missing_data": "",
            "priority": "3",
            "query": "sum(last_4h):sum:acme.data.quality_checks{env:stage,alert_band:critical,result:failed} by {data_product,check_name}.as_count() \u003e= 1",
            "renotify_interval": 30,
            "renotify_occurrences": 3,
            "renotify_statuses": [
              "alert"
            ],
            "require_full_window": false,
            "restricted_roles": null,
            "scheduling_options": [],
            "tags": [
              "alert_band:critical",
              "archetype:data-quality-check-failure",
              "automation_ref:diag-data-pipeline",
              "correlation_key:data-quality.stage.data-platform",
              "dedup_key:data-platform.stage.data-quality-check-failure.critical",
              "detection:threshold",
              "domain:data",
              "env:stage",
              "failure_domain:data-quality",
              "impact_class:degradation",
              "managed_by:terraform",
              "managed_source:platform",
              "monitor_id:stage.critical.data.data-quality-check-failure",
              "monitoring_profile:critical",
              "notification_profile:nonprod_standard",
              "owner:data-engineering",
              "pages:false",
              "priority:p3",
              "resource_type:data_product",
              "runbook:data-quality-check-failure",
              "service:data-platform",
              "signal:correctness",
              "slo_id:slo-data-freshness",
              "support_model:24x7",
              "team:data-engineering",
              "tier:tier0"
            ],
            "timeout_h": 0,
            "type": "query alert",
            "validate": null,
            "variables": []
          },
          "sensitive_attributes": [],
          "private": "bnVsbA=="
        },
        {
          "index_key": "stage.critical.data.data-schema-drift",
          "schema_version": 0,
          "attributes": {
            "assets": [],
            "draft_status": "published",
            "enable_logs_sample": null,
            "enable_samples": null,
            "escalation_message": "",
            "evaluation_delay": 300,
            "force_delete": null,
            "group_retention_duration": "",
            "groupby_simple_monitor": null,
            "id": "314372439",
            "include_tags": true,
            "locked": false,
            "message": "{{#is_alert}}\n## P3 · Schema Drift Detected\n**WHAT:** Schema Drift Detected: correctness signal detected by event analysis.\n**WHERE:** {{value}} · env `stage` · region `global`\n**SERVICE:** `data-platform` (data / data_product, tier0)\n**BUSINESS IMPACT:** Nothing is broken yet. A boundary will be crossed if nobody acts within the lead time this monitor provides.\n**WHY IT TRIGGERED:** A discrete platform event matched this monitor's search.\n**OWNER:** data-engineering · support 24x7 · this does not page\n**DO THIS NEXT:** Open the runbook, confirm scope from the group tags, and follow the validation steps. The attached workflow output already contains the standard diagnostics.\n**RUNBOOK:** https://github.com/droderiquesit/enterprise-observability/blob/main/platform/runbooks/data-schema-drift.md\n**AUTOMATED DIAGNOSTICS:** workflow `diag-data-pipeline` has run; its output is attached to this event.\n**RELATED EVENTS:** correlated on `data-quality.stage.data-platform` — deployments, infrastructure changes and platform events from the last 30 minutes are attached as context.\n**SLO / ERROR BUDGET:** `slo-data-freshness` · no error-budget impact (non-production)\n{{/is_alert}}\n{{#is_warning}}\n## Schema Drift Detected — warning\nApproaching the alert condition on {{value}}. Investigate before it becomes P3. Runbook: https://github.com/droderiquesit/enterprise-observability/blob/main/platform/runbooks/data-schema-drift.md\n{{/is_warning}}\n{{#is_no_data}}\n## Schema Drift Detected — NO DATA\nTelemetry stopped arriving for {{value}}. Treat this as a telemetry-health incident: an unmonitored resource is worse than an alerting one. Runbook: https://github.com/droderiquesit/enterprise-observability/blob/main/platform/runbooks/data-schema-drift.md\n{{/is_no_data}}\n{{#is_recovery}}\n## Recovered · Schema Drift Detected\n{{value}} returned to normal. Error-budget impact recorded against `slo-data-freshness`. No action required; the correlation group closes when every child recovers.\n{{/is_recovery}}\n{{#is_warning_recovery}}\nWarning cleared for {{value}}.\n{{/is_warning_recovery}}",
            "monitor_threshold_windows": [],
            "monitor_thresholds": [
              {
                "critical": "1",
                "critical_recovery": "",
                "ok": "",
                "unknown": "",
                "warning": "",
                "warning_recovery": ""
              }
            ],
            "name": "[P3][stage][data] Schema Drift Detected (critical)",
            "new_group_delay": 300,
            "new_host_delay": 300,
            "no_data_timeframe": 0,
            "notification_preset_name": "",
            "notify_audit": false,
            "notify_by": [],
            "notify_no_data": false,
            "on_missing_data": "",
            "priority": "3",
            "query": "events(\"source:acme-data env:stage alert_band:critical tags:\\\"event:schema_drift\\\"\").rollup(\"count\").by(\"data_product\").last(\"1h\") \u003e= 1",
            "renotify_interval": 30,
            "renotify_occurrences": 3,
            "renotify_statuses": [
              "alert"
            ],
            "require_full_window": false,
            "restricted_roles": null,
            "scheduling_options": [],
            "tags": [
              "alert_band:critical",
              "archetype:data-schema-drift",
              "automation_ref:diag-data-pipeline",
              "correlation_key:data-quality.stage.data-platform",
              "dedup_key:data-platform.stage.data-schema-drift.critical",
              "detection:event",
              "domain:data",
              "env:stage",
              "failure_domain:data-quality",
              "impact_class:risk",
              "managed_by:terraform",
              "managed_source:platform",
              "monitor_id:stage.critical.data.data-schema-drift",
              "monitoring_profile:critical",
              "notification_profile:nonprod_standard",
              "owner:data-engineering",
              "pages:false",
              "priority:p3",
              "resource_type:data_product",
              "runbook:data-schema-drift",
              "service:data-platform",
              "signal:correctness",
              "slo_id:slo-data-freshness",
              "support_model:24x7",
              "team:data-engineering",
              "tier:tier0"
            ],
            "timeout_h": 0,
            "type": "event-v2 alert",
            "validate": null,
            "variables": []
          },
          "sensitive_attributes": [],
          "private": "bnVsbA=="
        },
        {
          "index_key": "stage.critical.data.data-telemetry-loss",
          "schema_version": 0,
          "attributes": {
            "assets": [],
            "draft_status": "published",
            "enable_logs_sample": null,
            "enable_samples": null,
            "escalation_message": "",
            "evaluation_delay": 300,
            "force_delete": null,
            "group_retention_duration": "",
            "groupby_simple_monitor": null,
            "id": "314372473",
            "include_tags": true,
            "locked": false,
            "message": "{{#is_alert}}\n## P4 · Data Platform Stopped Reporting\n**WHAT:** Data Platform Stopped Reporting: telemetry_health signal detected by threshold analysis.\n**WHERE:** {{value}} · env `stage` · region `global`\n**SERVICE:** `data-platform` (data / pipeline, tier0)\n**BUSINESS IMPACT:** Observability or configuration hygiene is degraded. No direct customer impact, but our ability to see or govern the estate is reduced.\n**WHY IT TRIGGERED:** Absence of any pipeline run telemetry is binary.\n**OWNER:** data-engineering · support 24x7 · this does not page\n**DO THIS NEXT:** Open the runbook, confirm scope from the group tags, and follow the validation steps. The attached workflow output already contains the standard diagnostics.\n**RUNBOOK:** https://github.com/droderiquesit/enterprise-observability/blob/main/platform/runbooks/data-telemetry-loss.md\n**AUTOMATED DIAGNOSTICS:** workflow `diag-data-pipeline` has run; its output is attached to this event.\n**RELATED EVENTS:** correlated on `data-pipelines.stage.data-platform` — deployments, infrastructure changes and platform events from the last 30 minutes are attached as context.\n**SLO / ERROR BUDGET:** `slo-data-freshness` · no error-budget impact (non-production)\n{{/is_alert}}\n{{#is_warning}}\n## Data Platform Stopped Reporting — warning\nApproaching the alert condition on {{value}}. Investigate before it becomes P4. Runbook: https://github.com/droderiquesit/enterprise-observability/blob/main/platform/runbooks/data-telemetry-loss.md\n{{/is_warning}}\n{{#is_no_data}}\n## Data Platform Stopped Reporting — NO DATA\nTelemetry stopped arriving for {{value}}. Treat this as a telemetry-health incident: an unmonitored resource is worse than an alerting one. Runbook: https://github.com/droderiquesit/enterprise-observability/blob/main/platform/runbooks/data-telemetry-loss.md\n{{/is_no_data}}\n{{#is_recovery}}\n## Recovered · Data Platform Stopped Reporting\n{{value}} returned to normal. Error-budget impact recorded against `slo-data-freshness`. No action required; the correlation group closes when every child recovers.\n{{/is_recovery}}\n{{#is_warning_recovery}}\nWarning cleared for {{value}}.\n{{/is_warning_recovery}}",
            "monitor_threshold_windows": [],
            "monitor_thresholds": [
              {
                "critical": "1",
                "critical_recovery": "",
                "ok": "",
                "unknown": "",
                "warning": "",
                "warning_recovery": ""
              }
            ],
            "name": "[P4][stage][data] Data Platform Stopped Reporting (critical)",
            "new_group_delay": 0,
            "new_host_delay": 300,
            "no_data_timeframe": 180,
            "notification_preset_name": "",
            "notify_audit": false,
            "notify_by": [],
            "notify_no_data": true,
            "on_missing_data": "",
            "priority": "4",
            "query": "sum(last_4h):sum:acme.data.pipeline.runs{env:stage,alert_band:critical}.as_count() \u003c 1",
            "renotify_interval": 30,
            "renotify_occurrences": 3,
            "renotify_statuses": [
              "alert"
            ],
            "require_full_window": false,
            "restricted_roles": null,
            "scheduling_options": [],
            "tags": [
              "alert_band:critical",
              "archetype:data-telemetry-loss",
              "automation_ref:diag-data-pipeline",
              "correlation_key:data-pipelines.stage.data-platform",
              "dedup_key:data-platform.stage.data-telemetry-loss.critical",
              "detection:threshold",
              "domain:data",
              "env:stage",
              "failure_domain:data-pipelines",
              "impact_class:hygiene",
              "managed_by:terraform",
              "managed_source:platform",
              "monitor_id:stage.critical.data.data-telemetry-loss",
              "monitoring_profile:critical",
              "notification_profile:nonprod_standard",
              "owner:data-engineering",
              "pages:false",
              "priority:p4",
              "resource_type:pipeline",
              "runbook:data-telemetry-loss",
              "service:data-platform",
              "signal:telemetry_health",
              "slo_id:slo-data-freshness",
              "support_model:24x7",
              "team:data-engineering",
              "tier:tier0"
            ],
            "timeout_h": 0,
            "type": "query alert",
            "validate": null,
            "variables": []
          },
          "sensitive_attributes": [],
          "private": "bnVsbA=="
        },
        {
          "index_key": "stage.critical.data.pipeline-job-failure",
          "schema_version": 0,
          "attributes": {
            "assets": [],
            "draft_status": "published",
            "enable_logs_sample": null,
            "enable_samples": null,
            "escalation_message": "",
            "evaluation_delay": 300,
            "force_delete": null,
            "group_retention_duration": "",
            "groupby_simple_monitor": null,
            "id": "314372542",
            "include_tags": true,
            "locked": false,
            "message": "{{#is_alert}}\n## P3 · Data Pipeline Job Failure\n**WHAT:** Data Pipeline Job Failure: job_failure signal detected by threshold analysis.\n**WHERE:** {{value}} · env `stage` · region `global`\n**SERVICE:** `data-platform` (data / pipeline, tier0)\n**BUSINESS IMPACT:** The service still functions but measurably worse; a subset of traffic or users is failing.\n**WHY IT TRIGGERED:** A failed run is a discrete outcome.\n**OWNER:** data-engineering · support 24x7 · this does not page\n**DO THIS NEXT:** Open the runbook, confirm scope from the group tags, and follow the validation steps. The attached workflow output already contains the standard diagnostics.\n**RUNBOOK:** https://github.com/droderiquesit/enterprise-observability/blob/main/platform/runbooks/pipeline-job-failure.md\n**AUTOMATED DIAGNOSTICS:** workflow `remediate-rerun-job` has run; its output is attached to this event.\n**RELATED EVENTS:** correlated on `data-pipelines.stage.data-platform` — deployments, infrastructure changes and platform events from the last 30 minutes are attached as context.\n**SLO / ERROR BUDGET:** `slo-data-freshness` · no error-budget impact (non-production)\n{{/is_alert}}\n{{#is_warning}}\n## Data Pipeline Job Failure — warning\nApproaching the alert condition on {{value}}. Investigate before it becomes P3. Runbook: https://github.com/droderiquesit/enterprise-observability/blob/main/platform/runbooks/pipeline-job-failure.md\n{{/is_warning}}\n{{#is_no_data}}\n## Data Pipeline Job Failure — NO DATA\nTelemetry stopped arriving for {{value}}. Treat this as a telemetry-health incident: an unmonitored resource is worse than an alerting one. Runbook: https://github.com/droderiquesit/enterprise-observability/blob/main/platform/runbooks/pipeline-job-failure.md\n{{/is_no_data}}\n{{#is_recovery}}\n## Recovered · Data Pipeline Job Failure\n{{value}} returned to normal. Error-budget impact recorded against `slo-data-freshness`. No action required; the correlation group closes when every child recovers.\n{{/is_recovery}}\n{{#is_warning_recovery}}\nWarning cleared for {{value}}.\n{{/is_warning_recovery}}",
            "monitor_threshold_windows": [],
            "monitor_thresholds": [
              {
                "critical": "1",
                "critical_recovery": "",
                "ok": "",
                "unknown": "",
                "warning": "",
                "warning_recovery": ""
              }
            ],
            "name": "[P3][stage][data] Data Pipeline Job Failure (critical)",
            "new_group_delay": 300,
            "new_host_delay": 300,
            "no_data_timeframe": 0,
            "notification_preset_name": "",
            "notify_audit": false,
            "notify_by": [],
            "notify_no_data": false,
            "on_missing_data": "",
            "priority": "3",
            "query": "sum(last_2h):sum:acme.data.pipeline.runs{env:stage,alert_band:critical,status:failed} by {data_product,pipeline}.as_count() \u003e= 1",
            "renotify_interval": 30,
            "renotify_occurrences": 3,
            "renotify_statuses": [
              "alert"
            ],
            "require_full_window": false,
            "restricted_roles": null,
            "scheduling_options": [],
            "tags": [
              "alert_band:critical",
              "archetype:pipeline-job-failure",
              "automation_ref:remediate-rerun-job",
              "correlation_key:data-pipelines.stage.data-platform",
              "dedup_key:data-platform.stage.pipeline-job-failure.critical",
              "detection:threshold",
              "domain:data",
              "env:stage",
              "failure_domain:data-pipelines",
              "impact_class:degradation",
              "managed_by:terraform",
              "managed_source:platform",
              "monitor_id:stage.critical.data.pipeline-job-failure",
              "monitoring_profile:critical",
              "notification_profile:nonprod_standard",
              "owner:data-engineering",
              "pages:false",
              "priority:p3",
              "resource_type:pipeline",
              "runbook:pipeline-job-failure",
              "service:data-platform",
              "signal:job_failure",
              "slo_id:slo-data-freshness",
              "support_model:24x7",
              "team:data-engineering",
              "tier:tier0"
            ],
            "timeout_h": 0,
            "type": "query alert",
            "validate": null,
            "variables": []
          },
          "sensitive_attributes": [],
          "private": "bnVsbA=="
        },
        {
          "index_key": "stage.critical.data.pipeline-output-stale",
          "schema_version": 0,
          "attributes": {
            "assets": [],
            "draft_status": "published",
            "enable_logs_sample": null,
            "enable_samples": null,
            "escalation_message": "",
            "evaluation_delay": 300,
            "force_delete": null,
            "group_retention_duration": "",
            "groupby_simple_monitor": null,
            "id": "314372441",
            "include_tags": true,
            "locked": false,
            "message": "{{#is_alert}}\n## P3 · Data Product Freshness Breach\n**WHAT:** Data Product Freshness Breach: freshness signal detected by threshold analysis.\n**WHERE:** {{value}} · env `stage` · region `global`\n**SERVICE:** `data-platform` (data / data_product, tier0)\n**BUSINESS IMPACT:** Customers are affected now, or a mission-critical capability is unavailable.\n**WHY IT TRIGGERED:** Freshness SLAs are contractual with the consuming business unit. The threshold IS the agreement (2h for operational marts).\n\n**OWNER:** data-engineering · support 24x7 · this does not page\n**DO THIS NEXT:** Open the runbook, confirm scope from the group tags, and follow the validation steps. The attached workflow output already contains the standard diagnostics.\n**RUNBOOK:** https://github.com/droderiquesit/enterprise-observability/blob/main/platform/runbooks/pipeline-output-stale.md\n**AUTOMATED DIAGNOSTICS:** workflow `diag-data-pipeline` has run; its output is attached to this event.\n**RELATED EVENTS:** correlated on `data-pipelines.stage.data-platform` — deployments, infrastructure changes and platform events from the last 30 minutes are attached as context.\n**SLO / ERROR BUDGET:** `slo-data-freshness` · no error-budget impact (non-production)\n{{/is_alert}}\n{{#is_warning}}\n## Data Product Freshness Breach — warning\nApproaching the alert condition on {{value}}. Investigate before it becomes P3. Runbook: https://github.com/droderiquesit/enterprise-observability/blob/main/platform/runbooks/pipeline-output-stale.md\n{{/is_warning}}\n{{#is_no_data}}\n## Data Product Freshness Breach — NO DATA\nTelemetry stopped arriving for {{value}}. Treat this as a telemetry-health incident: an unmonitored resource is worse than an alerting one. Runbook: https://github.com/droderiquesit/enterprise-observability/blob/main/platform/runbooks/pipeline-output-stale.md\n{{/is_no_data}}\n{{#is_recovery}}\n## Recovered · Data Product Freshness Breach\n{{value}} returned to normal. Error-budget impact recorded against `slo-data-freshness`. No action required; the correlation group closes when every child recovers.\n{{/is_recovery}}\n{{#is_warning_recovery}}\nWarning cleared for {{value}}.\n{{/is_warning_recovery}}",
            "monitor_threshold_windows": [],
            "monitor_thresholds": [
              {
                "critical": "120",
                "critical_recovery": "",
                "ok": "",
                "unknown": "",
                "warning": "60",
                "warning_recovery": ""
              }
            ],
            "name": "[P3][stage][data] Data Product Freshness Breach (critical)",
            "new_group_delay": 300,
            "new_host_delay": 300,
            "no_data_timeframe": 0,
            "notification_preset_name": "",
            "notify_audit": false,
            "notify_by": [],
            "notify_no_data": false,
            "on_missing_data": "",
            "priority": "3",
            "query": "max(last_1h):max:acme.data.minutes_since_update{env:stage,alert_band:critical} by {data_product,pipeline} \u003e 120",
            "renotify_interval": 30,
            "renotify_occurrences": 3,
            "renotify_statuses": [
              "alert"
            ],
            "require_full_window": false,
            "restricted_roles": null,
            "scheduling_options": [],
            "tags": [
              "alert_band:critical",
              "archetype:pipeline-output-stale",
              "automation_ref:diag-data-pipeline",
              "correlation_key:data-pipelines.stage.data-platform",
              "dedup_key:data-platform.stage.pipeline-output-stale.critical",
              "detection:threshold",
              "domain:data",
              "env:stage",
              "failure_domain:data-pipelines",
              "impact_class:customer_impact",
              "managed_by:terraform",
              "managed_source:platform",
              "monitor_id:stage.critical.data.pipeline-output-stale",
              "monitoring_profile:critical",
              "notification_profile:nonprod_standard",
              "owner:data-engineering",
              "pages:false",
              "priority:p3",
              "resource_type:data_product",
              "runbook:pipeline-output-stale",
              "service:data-platform",
              "signal:freshness",
              "slo_id:slo-data-freshness",
              "support_model:24x7",
              "team:data-engineering",
              "tier:tier0"
            ],
            "timeout_h": 0,
            "type": "query alert",
            "validate": null,
            "variables": []
          },
          "sensitive_attributes": [],
          "private": "bnVsbA=="
        },
        {
          "index_key": "stage.critical.database.azuresql-connection-failures",
          "schema_version": 0,
          "attributes": {
            "assets": [],
            "draft_status": "published",
            "enable_logs_sample": null,
            "enable_samples": null,
            "escalation_message": "",
            "evaluation_delay": 300,
            "force_delete": null,
            "group_retention_duration": "",
            "groupby_simple_monitor": null,
            "id": "314372454",
            "include_tags": true,
            "locked": false,
            "message": "{{#is_alert}}\n## P3 · Azure SQL Connection Failures\n**WHAT:** Azure SQL Connection Failures: availability signal detected by anomaly analysis.\n**WHERE:** {{value}} · env `stage` · region `global`\n**SERVICE:** `database-platform` (database / azure_sql, tier0)\n**BUSINESS IMPACT:** Customers are affected now, or a mission-critical capability is unavailable.\n**WHY IT TRIGGERED:** The signal deviated from its own learned baseline by more than the configured number of deviations — not because it crossed a fixed number.\n**OWNER:** data-engineering · support 24x7 · this does not page\n**DO THIS NEXT:** Open the runbook, confirm scope from the group tags, and follow the validation steps. The attached workflow output already contains the standard diagnostics.\n**RUNBOOK:** https://github.com/droderiquesit/enterprise-observability/blob/main/platform/runbooks/azuresql-connection-failures.md\n**AUTOMATED DIAGNOSTICS:** workflow `diag-database` has run; its output is attached to this event.\n**RELATED EVENTS:** correlated on `databases.stage.database-platform` — deployments, infrastructure changes and platform events from the last 30 minutes are attached as context.\n**SLO / ERROR BUDGET:** `slo-database-availability` · no error-budget impact (non-production)\n{{/is_alert}}\n{{#is_warning}}\n## Azure SQL Connection Failures — warning\nApproaching the alert condition on {{value}}. Investigate before it becomes P3. Runbook: https://github.com/droderiquesit/enterprise-observability/blob/main/platform/runbooks/azuresql-connection-failures.md\n{{/is_warning}}\n{{#is_no_data}}\n## Azure SQL Connection Failures — NO DATA\nTelemetry stopped arriving for {{value}}. Treat this as a telemetry-health incident: an unmonitored resource is worse than an alerting one. Runbook: https://github.com/droderiquesit/enterprise-observability/blob/main/platform/runbooks/azuresql-connection-failures.md\n{{/is_no_data}}\n{{#is_recovery}}\n## Recovered · Azure SQL Connection Failures\n{{value}} returned to normal. Error-budget impact recorded against `slo-database-availability`. No action required; the correlation group closes when every child recovers.\n{{/is_recovery}}\n{{#is_warning_recovery}}\nWarning cleared for {{value}}.\n{{/is_warning_recovery}}",
            "monitor_threshold_windows": [],
            "monitor_thresholds": [
              {
                "critical": "1",
                "critical_recovery": "",
                "ok": "",
                "unknown": "",
                "warning": "",
                "warning_recovery": ""
              }
            ],
            "name": "[P3][stage][database] Azure SQL Connection Failures (critical)",
            "new_group_delay": 300,
            "new_host_delay": 300,
            "no_data_timeframe": 0,
            "notification_preset_name": "",
            "notify_audit": false,
            "notify_by": [
              "subscription_name"
            ],
            "notify_no_data": false,
            "on_missing_data": "",
            "priority": "3",
            "query": "avg(last_30m):anomalies(sum:azure.sql_servers_databases.connection_failed{env:stage,alert_band:critical,resource_type:azure_sql} by {subscription_name,name}.as_rate(), 'agile', 3) \u003e= 1",
            "renotify_interval": 30,
            "renotify_occurrences": 3,
            "renotify_statuses": [
              "alert"
            ],
            "require_full_window": false,
            "restricted_roles": null,
            "scheduling_options": [],
            "tags": [
              "alert_band:critical",
              "archetype:azuresql-connection-failures",
              "automation_ref:diag-database",
              "correlation_key:databases.stage.database-platform",
              "dedup_key:database-platform.stage.azuresql-connection-failures.critical",
              "detection:anomaly",
              "domain:database",
              "env:stage",
              "failure_domain:databases",
              "impact_class:customer_impact",
              "managed_by:terraform",
              "managed_source:platform",
              "monitor_id:stage.critical.database.azuresql-connection-failures",
              "monitoring_profile:critical",
              "notification_profile:nonprod_standard",
              "owner:data-engineering",
              "pages:false",
              "priority:p3",
              "resource_type:azure_sql",
              "runbook:azuresql-connection-failures",
              "service:database-platform",
              "signal:availability",
              "slo_id:slo-database-availability",
              "support_model:24x7",
              "team:data-engineering",
              "tier:tier0"
            ],
            "timeout_h": 0,
            "type": "query alert",
            "validate": null,
            "variables": []
          },
          "sensitive_attributes": [],
          "private": "bnVsbA=="
        },
        {
          "index_key": "stage.critical.database.cosmos-ru-throttling",
          "schema_version": 0,
          "attributes": {
            "assets": [],
            "draft_status": "published",
            "enable_logs_sample": null,
            "enable_samples": null,
            "escalation_message": "",
            "evaluation_delay": 300,
            "force_delete": null,
            "group_retention_duration": "",
            "groupby_simple_monitor": null,
            "id": "314372425",
            "include_tags": true,
            "locked": false,
            "message": "{{#is_alert}}\n## P3 · Cosmos DB Request Unit Throttling\n**WHAT:** Cosmos DB Request Unit Throttling: saturation signal detected by threshold analysis.\n**WHERE:** {{value}} · env `stage` · region `global`\n**SERVICE:** `database-platform` (database / azure_cosmos_db, tier0)\n**BUSINESS IMPACT:** The service still functions but measurably worse; a subset of traffic or users is failing.\n**WHY IT TRIGGERED:** HTTP 429 from Cosmos is a hard provisioned-throughput boundary. Any throttling is real customer latency.\n\n**OWNER:** data-engineering · support 24x7 · this does not page\n**DO THIS NEXT:** Open the runbook, confirm scope from the group tags, and follow the validation steps. The attached workflow output already contains the standard diagnostics.\n**RUNBOOK:** https://github.com/droderiquesit/enterprise-observability/blob/main/platform/runbooks/cosmos-ru-throttling.md\n**AUTOMATED DIAGNOSTICS:** workflow `remediate-scale-workload` has run; its output is attached to this event.\n**RELATED EVENTS:** correlated on `database-capacity.stage.database-platform` — deployments, infrastructure changes and platform events from the last 30 minutes are attached as context.\n**SLO / ERROR BUDGET:** `slo-database-availability` · no error-budget impact (non-production)\n{{/is_alert}}\n{{#is_warning}}\n## Cosmos DB Request Unit Throttling — warning\nApproaching the alert condition on {{value}}. Investigate before it becomes P3. Runbook: https://github.com/droderiquesit/enterprise-observability/blob/main/platform/runbooks/cosmos-ru-throttling.md\n{{/is_warning}}\n{{#is_no_data}}\n## Cosmos DB Request Unit Throttling — NO DATA\nTelemetry stopped arriving for {{value}}. Treat this as a telemetry-health incident: an unmonitored resource is worse than an alerting one. Runbook: https://github.com/droderiquesit/enterprise-observability/blob/main/platform/runbooks/cosmos-ru-throttling.md\n{{/is_no_data}}\n{{#is_recovery}}\n## Recovered · Cosmos DB Request Unit Throttling\n{{value}} returned to normal. Error-budget impact recorded against `slo-database-availability`. No action required; the correlation group closes when every child recovers.\n{{/is_recovery}}\n{{#is_warning_recovery}}\nWarning cleared for {{value}}.\n{{/is_warning_recovery}}",
            "monitor_threshold_windows": [],
            "monitor_thresholds": [
              {
                "critical": "0",
                "critical_recovery": "",
                "ok": "",
                "unknown": "",
                "warning": "",
                "warning_recovery": ""
              }
            ],
            "name": "[P3][stage][database] Cosmos DB Request Unit Throttling (critical)",
            "new_group_delay": 300,
            "new_host_delay": 300,
            "no_data_timeframe": 0,
            "notification_preset_name": "",
            "notify_audit": false,
            "notify_by": [
              "subscription_name"
            ],
            "notify_no_data": false,
            "on_missing_data": "",
            "priority": "3",
            "query": "sum(last_30m):sum:azure.documentdb_databaseaccounts.total_requests{env:stage,alert_band:critical,resource_type:azure_cosmos_db,status_code:429} by {subscription_name,name}.as_count() \u003e 0",
            "renotify_interval": 30,
            "renotify_occurrences": 3,
            "renotify_statuses": [
              "alert"
            ],
            "require_full_window": false,
            "restricted_roles": null,
            "scheduling_options": [],
            "tags": [
              "alert_band:critical",
              "archetype:cosmos-ru-throttling",
              "automation_ref:remediate-scale-workload",
              "correlation_key:database-capacity.stage.database-platform",
              "dedup_key:database-platform.stage.cosmos-ru-throttling.critical",
              "detection:threshold",
              "domain:database",
              "env:stage",
              "failure_domain:database-capacity",
              "impact_class:degradation",
              "managed_by:terraform",
              "managed_source:platform",
              "monitor_id:stage.critical.database.cosmos-ru-throttling",
              "monitoring_profile:critical",
              "notification_profile:nonprod_standard",
              "owner:data-engineering",
              "pages:false",
              "priority:p3",
              "resource_type:azure_cosmos_db",
              "runbook:cosmos-ru-throttling",
              "service:database-platform",
              "signal:saturation",
              "slo_id:slo-database-availability",
              "support_model:24x7",
              "team:data-engineering",
              "tier:tier0"
            ],
            "timeout_h": 0,
            "type": "query alert",
            "validate": null,
            "variables": []
          },
          "sensitive_attributes": [],
          "private": "bnVsbA=="
        },
        {
          "index_key": "stage.critical.database.db-availability",
          "schema_version": 0,
          "attributes": {
            "assets": [],
            "draft_status": "published",
            "enable_logs_sample": null,
            "enable_samples": null,
            "escalation_message": "",
            "evaluation_delay": 0,
            "force_delete": null,
            "group_retention_duration": "",
            "groupby_simple_monitor": null,
            "id": "314372372",
            "include_tags": true,
            "locked": false,
            "message": "{{#is_alert}}\n## P3 · Database Instance Unavailable\n**WHAT:** Database Instance Unavailable: availability signal detected by service_check analysis.\n**WHERE:** {{value}} · env `stage` · region `global`\n**SERVICE:** `database-platform` (database / db_instance, tier0)\n**BUSINESS IMPACT:** Customers are affected now, or a mission-critical capability is unavailable.\n**WHY IT TRIGGERED:** A check reported a non-OK status for consecutive evaluations.\n**OWNER:** data-engineering · support 24x7 · this does not page\n**DO THIS NEXT:** Open the runbook, confirm scope from the group tags, and follow the validation steps. The attached workflow output already contains the standard diagnostics.\n**RUNBOOK:** https://github.com/droderiquesit/enterprise-observability/blob/main/platform/runbooks/db-availability.md\n**AUTOMATED DIAGNOSTICS:** workflow `diag-database` has run; its output is attached to this event.\n**RELATED EVENTS:** correlated on `databases.stage.database-platform` — deployments, infrastructure changes and platform events from the last 30 minutes are attached as context.\n**SLO / ERROR BUDGET:** `slo-database-availability` · no error-budget impact (non-production)\n{{/is_alert}}\n{{#is_warning}}\n## Database Instance Unavailable — warning\nApproaching the alert condition on {{value}}. Investigate before it becomes P3. Runbook: https://github.com/droderiquesit/enterprise-observability/blob/main/platform/runbooks/db-availability.md\n{{/is_warning}}\n{{#is_no_data}}\n## Database Instance Unavailable — NO DATA\nTelemetry stopped arriving for {{value}}. Treat this as a telemetry-health incident: an unmonitored resource is worse than an alerting one. Runbook: https://github.com/droderiquesit/enterprise-observability/blob/main/platform/runbooks/db-availability.md\n{{/is_no_data}}\n{{#is_recovery}}\n## Recovered · Database Instance Unavailable\n{{value}} returned to normal. Error-budget impact recorded against `slo-database-availability`. No action required; the correlation group closes when every child recovers.\n{{/is_recovery}}\n{{#is_warning_recovery}}\nWarning cleared for {{value}}.\n{{/is_warning_recovery}}",
            "monitor_threshold_windows": [],
            "monitor_thresholds": [
              {
                "critical": "2",
                "critical_recovery": "",
                "ok": "",
                "unknown": "",
                "warning": "1",
                "warning_recovery": ""
              }
            ],
            "name": "[P3][stage][database] Database Instance Unavailable (critical)",
            "new_group_delay": 300,
            "new_host_delay": 300,
            "no_data_timeframe": 0,
            "notification_preset_name": "",
            "notify_audit": false,
            "notify_by": [],
            "notify_no_data": false,
            "on_missing_data": "",
            "priority": "3",
            "query": "\"datadog.dbm.instance.up\".over(\"env:stage,alert_band:critical\").by(\"db_instance\").last(3).count_by_status()",
            "renotify_interval": 30,
            "renotify_occurrences": 3,
            "renotify_statuses": [
              "alert"
            ],
            "require_full_window": false,
            "restricted_roles": null,
            "scheduling_options": [],
            "tags": [
              "alert_band:critical",
              "archetype:db-availability",
              "automation_ref:diag-database",
              "correlation_key:databases.stage.database-platform",
              "dedup_key:database-platform.stage.db-availability.critical",
              "detection:service_check",
              "domain:database",
              "env:stage",
              "failure_domain:databases",
              "impact_class:customer_impact",
              "managed_by:terraform",
              "managed_source:platform",
              "monitor_id:stage.critical.database.db-availability",
              "monitoring_profile:critical",
              "notification_profile:nonprod_standard",
              "owner:data-engineering",
              "pages:false",
              "priority:p3",
              "resource_type:db_instance",
              "runbook:db-availability",
              "service:database-platform",
              "signal:availability",
              "slo_id:slo-database-availability",
              "support_model:24x7",
              "team:data-engineering",
              "tier:tier0"
            ],
            "timeout_h": 0,
            "type": "service check",
            "validate": null,
            "variables": []
          },
          "sensitive_attributes": [],
          "private": "bnVsbA=="
        },
        {
          "index_key": "stage.critical.database.db-query-latency-anomaly",
          "schema_version": 0,
          "attributes": {
            "assets": [],
            "draft_status": "published",
            "enable_logs_sample": null,
            "enable_samples": null,
            "escalation_message": "",
            "evaluation_delay": 300,
            "force_delete": null,
            "group_retention_duration": "",
            "groupby_simple_monitor": null,
            "id": "314372375",
            "include_tags": true,
            "locked": false,
            "message": "{{#is_alert}}\n## P3 · Database Query Latency Anomaly\n**WHAT:** Database Query Latency Anomaly: latency signal detected by anomaly analysis.\n**WHERE:** {{value}} · env `stage` · region `global`\n**SERVICE:** `database-platform` (database / db_instance, tier0)\n**BUSINESS IMPACT:** The service still functions but measurably worse; a subset of traffic or users is failing.\n**WHY IT TRIGGERED:** The signal deviated from its own learned baseline by more than the configured number of deviations — not because it crossed a fixed number.\n**OWNER:** data-engineering · support 24x7 · this does not page\n**DO THIS NEXT:** Open the runbook, confirm scope from the group tags, and follow the validation steps. The attached workflow output already contains the standard diagnostics.\n**RUNBOOK:** https://github.com/droderiquesit/enterprise-observability/blob/main/platform/runbooks/db-query-latency-anomaly.md\n**AUTOMATED DIAGNOSTICS:** workflow `diag-database` has run; its output is attached to this event.\n**RELATED EVENTS:** correlated on `databases.stage.database-platform` — deployments, infrastructure changes and platform events from the last 30 minutes are attached as context.\n**SLO / ERROR BUDGET:** `slo-database-latency` · no error-budget impact (non-production)\n{{/is_alert}}\n{{#is_warning}}\n## Database Query Latency Anomaly — warning\nApproaching the alert condition on {{value}}. Investigate before it becomes P3. Runbook: https://github.com/droderiquesit/enterprise-observability/blob/main/platform/runbooks/db-query-latency-anomaly.md\n{{/is_warning}}\n{{#is_no_data}}\n## Database Query Latency Anomaly — NO DATA\nTelemetry stopped arriving for {{value}}. Treat this as a telemetry-health incident: an unmonitored resource is worse than an alerting one. Runbook: https://github.com/droderiquesit/enterprise-observability/blob/main/platform/runbooks/db-query-latency-anomaly.md\n{{/is_no_data}}\n{{#is_recovery}}\n## Recovered · Database Query Latency Anomaly\n{{value}} returned to normal. Error-budget impact recorded against `slo-database-latency`. No action required; the correlation group closes when every child recovers.\n{{/is_recovery}}\n{{#is_warning_recovery}}\nWarning cleared for {{value}}.\n{{/is_warning_recovery}}",
            "monitor_threshold_windows": [],
            "monitor_thresholds": [
              {
                "critical": "1",
                "critical_recovery": "",
                "ok": "",
                "unknown": "",
                "warning": "",
                "warning_recovery": ""
              }
            ],
            "name": "[P3][stage][database] Database Query Latency Anomaly (critical)",
            "new_group_delay": 300,
            "new_host_delay": 300,
            "no_data_timeframe": 0,
            "notification_preset_name": "",
            "notify_audit": false,
            "notify_by": [],
            "notify_no_data": false,
            "on_missing_data": "",
            "priority": "3",
            "query": "avg(last_1h):anomalies(avg:postgresql.queries.duration{env:stage,alert_band:critical} by {db_instance}, 'agile', 3, direction='above') \u003e= 1",
            "renotify_interval": 30,
            "renotify_occurrences": 3,
            "renotify_statuses": [
              "alert"
            ],
            "require_full_window": false,
            "restricted_roles": null,
            "scheduling_options": [],
            "tags": [
              "alert_band:critical",
              "archetype:db-query-latency-anomaly",
              "automation_ref:diag-database",
              "correlation_key:databases.stage.database-platform",
              "dedup_key:database-platform.stage.db-query-latency-anomaly.critical",
              "detection:anomaly",
              "domain:database",
              "env:stage",
              "failure_domain:databases",
              "impact_class:degradation",
              "managed_by:terraform",
              "managed_source:platform",
              "monitor_id:stage.critical.database.db-query-latency-anomaly",
              "monitoring_profile:critical",
              "notification_profile:nonprod_standard",
              "owner:data-engineering",
              "pages:false",
              "priority:p3",
              "resource_type:db_instance",
              "runbook:db-query-latency-anomaly",
              "service:database-platform",
              "signal:latency",
              "slo_id:slo-database-latency",
              "support_model:24x7",
              "team:data-engineering",
              "tier:tier0"
            ],
            "timeout_h": 0,
            "type": "query alert",
            "validate": null,
            "variables": []
          },
          "sensitive_attributes": [],
          "private": "bnVsbA=="
        },
        {
          "index_key": "stage.critical.database.db-replication-lag",
          "schema_version": 0,
          "attributes": {
            "assets": [],
            "draft_status": "published",
            "enable_logs_sample": null,
            "enable_samples": null,
            "escalation_message": "",
            "evaluation_delay": 300,
            "force_delete": null,
            "group_retention_duration": "",
            "groupby_simple_monitor": null,
            "id": "314372373",
            "include_tags": true,
            "locked": false,
            "message": "{{#is_alert}}\n## P3 · Database Replication Lag Beyond Limit\n**WHAT:** Database Replication Lag Beyond Limit: replication_lag signal detected by threshold analysis.\n**WHERE:** {{value}} · env `stage` · region `global`\n**SERVICE:** `database-platform` (database / db_instance, tier0)\n**BUSINESS IMPACT:** Customers are affected now, or a mission-critical capability is unavailable.\n**WHY IT TRIGGERED:** 300 seconds is the declared RPO for read-replica failover. Past it, a failover loses committed data — the number is the contract.\n\n**OWNER:** data-engineering · support 24x7 · this does not page\n**DO THIS NEXT:** Open the runbook, confirm scope from the group tags, and follow the validation steps. The attached workflow output already contains the standard diagnostics.\n**RUNBOOK:** https://github.com/droderiquesit/enterprise-observability/blob/main/platform/runbooks/db-replication-lag.md\n**AUTOMATED DIAGNOSTICS:** workflow `diag-database` has run; its output is attached to this event.\n**RELATED EVENTS:** correlated on `database-replication.stage.database-platform` — deployments, infrastructure changes and platform events from the last 30 minutes are attached as context.\n**SLO / ERROR BUDGET:** `slo-database-availability` · no error-budget impact (non-production)\n{{/is_alert}}\n{{#is_warning}}\n## Database Replication Lag Beyond Limit — warning\nApproaching the alert condition on {{value}}. Investigate before it becomes P3. Runbook: https://github.com/droderiquesit/enterprise-observability/blob/main/platform/runbooks/db-replication-lag.md\n{{/is_warning}}\n{{#is_no_data}}\n## Database Replication Lag Beyond Limit — NO DATA\nTelemetry stopped arriving for {{value}}. Treat this as a telemetry-health incident: an unmonitored resource is worse than an alerting one. Runbook: https://github.com/droderiquesit/enterprise-observability/blob/main/platform/runbooks/db-replication-lag.md\n{{/is_no_data}}\n{{#is_recovery}}\n## Recovered · Database Replication Lag Beyond Limit\n{{value}} returned to normal. Error-budget impact recorded against `slo-database-availability`. No action required; the correlation group closes when every child recovers.\n{{/is_recovery}}\n{{#is_warning_recovery}}\nWarning cleared for {{value}}.\n{{/is_warning_recovery}}",
            "monitor_threshold_windows": [],
            "monitor_thresholds": [
              {
                "critical": "300",
                "critical_recovery": "",
                "ok": "",
                "unknown": "",
                "warning": "60",
                "warning_recovery": ""
              }
            ],
            "name": "[P3][stage][database] Database Replication Lag Beyond Limit (critical)",
            "new_group_delay": 300,
            "new_host_delay": 300,
            "no_data_timeframe": 0,
            "notification_preset_name": "",
            "notify_audit": false,
            "notify_by": [],
            "notify_no_data": false,
            "on_missing_data": "",
            "priority": "3",
            "query": "avg(last_15m):avg:postgresql.replication_delay{env:stage,alert_band:critical} by {db_instance} \u003e 300",
            "renotify_interval": 30,
            "renotify_occurrences": 3,
            "renotify_statuses": [
              "alert"
            ],
            "require_full_window": false,
            "restricted_roles": null,
            "scheduling_options": [],
            "tags": [
              "alert_band:critical",
              "archetype:db-replication-lag",
              "automation_ref:diag-database",
              "correlation_key:database-replication.stage.database-platform",
              "dedup_key:database-platform.stage.db-replication-lag.critical",
              "detection:threshold",
              "domain:database",
              "env:stage",
              "failure_domain:database-replication",
              "impact_class:customer_impact",
              "managed_by:terraform",
              "managed_source:platform",
              "monitor_id:stage.critical.database.db-replication-lag",
              "monitoring_profile:critical",
              "notification_profile:nonprod_standard",
              "owner:data-engineering",
              "pages:false",
              "priority:p3",
              "resource_type:db_instance",
              "runbook:db-replication-lag",
              "service:database-platform",
              "signal:replication_lag",
              "slo_id:slo-database-availability",
              "support_model:24x7",
              "team:data-engineering",
              "tier:tier0"
            ],
            "timeout_h": 0,
            "type": "query alert",
            "validate": null,
            "variables": []
          },
          "sensitive_attributes": [],
          "private": "bnVsbA=="
        },
        {
          "index_key": "stage.critical.database.db-telemetry-loss",
          "schema_version": 0,
          "attributes": {
            "assets": [],
            "draft_status": "published",
            "enable_logs_sample": null,
            "enable_samples": null,
            "escalation_message": "",
            "evaluation_delay": 300,
            "force_delete": null,
            "group_retention_duration": "",
            "groupby_simple_monitor": null,
            "id": "314372480",
            "include_tags": true,
            "locked": false,
            "message": "{{#is_alert}}\n## P4 · Database Stopped Reporting Telemetry\n**WHAT:** Database Stopped Reporting Telemetry: telemetry_health signal detected by threshold analysis.\n**WHERE:** {{value}} · env `stage` · region `global`\n**SERVICE:** `database-platform` (database / db_instance, tier0)\n**BUSINESS IMPACT:** Observability or configuration hygiene is degraded. No direct customer impact, but our ability to see or govern the estate is reduced.\n**WHY IT TRIGGERED:** Absence of telemetry is binary.\n**OWNER:** data-engineering · support 24x7 · this does not page\n**DO THIS NEXT:** Open the runbook, confirm scope from the group tags, and follow the validation steps. The attached workflow output already contains the standard diagnostics.\n**RUNBOOK:** https://github.com/droderiquesit/enterprise-observability/blob/main/platform/runbooks/db-telemetry-loss.md\n**AUTOMATED DIAGNOSTICS:** workflow `diag-database` has run; its output is attached to this event.\n**RELATED EVENTS:** correlated on `databases.stage.database-platform` — deployments, infrastructure changes and platform events from the last 30 minutes are attached as context.\n**SLO / ERROR BUDGET:** `slo-database-availability` · no error-budget impact (non-production)\n{{/is_alert}}\n{{#is_warning}}\n## Database Stopped Reporting Telemetry — warning\nApproaching the alert condition on {{value}}. Investigate before it becomes P4. Runbook: https://github.com/droderiquesit/enterprise-observability/blob/main/platform/runbooks/db-telemetry-loss.md\n{{/is_warning}}\n{{#is_no_data}}\n## Database Stopped Reporting Telemetry — NO DATA\nTelemetry stopped arriving for {{value}}. Treat this as a telemetry-health incident: an unmonitored resource is worse than an alerting one. Runbook: https://github.com/droderiquesit/enterprise-observability/blob/main/platform/runbooks/db-telemetry-loss.md\n{{/is_no_data}}\n{{#is_recovery}}\n## Recovered · Database Stopped Reporting Telemetry\n{{value}} returned to normal. Error-budget impact recorded against `slo-database-availability`. No action required; the correlation group closes when every child recovers.\n{{/is_recovery}}\n{{#is_warning_recovery}}\nWarning cleared for {{value}}.\n{{/is_warning_recovery}}",
            "monitor_threshold_windows": [],
            "monitor_thresholds": [
              {
                "critical": "1",
                "critical_recovery": "",
                "ok": "",
                "unknown": "",
                "warning": "",
                "warning_recovery": ""
              }
            ],
            "name": "[P4][stage][database] Database Stopped Reporting Telemetry (critical)",
            "new_group_delay": 300,
            "new_host_delay": 300,
            "no_data_timeframe": 45,
            "notification_preset_name": "",
            "notify_audit": false,
            "notify_by": [],
            "notify_no_data": true,
            "on_missing_data": "",
            "priority": "4",
            "query": "sum(last_1h):sum:postgresql.connections{env:stage,alert_band:critical} by {db_instance}.as_count() \u003c 1",
            "renotify_interval": 30,
            "renotify_occurrences": 3,
            "renotify_statuses": [
              "alert"
            ],
            "require_full_window": false,
            "restricted_roles": null,
            "scheduling_options": [],
            "tags": [
              "alert_band:critical",
              "archetype:db-telemetry-loss",
              "automation_ref:diag-database",
              "correlation_key:databases.stage.database-platform",
              "dedup_key:database-platform.stage.db-telemetry-loss.critical",
              "detection:threshold",
              "domain:database",
              "env:stage",
              "failure_domain:databases",
              "impact_class:hygiene",
              "managed_by:terraform",
              "managed_source:platform",
              "monitor_id:stage.critical.database.db-telemetry-loss",
              "monitoring_profile:critical",
              "notification_profile:nonprod_standard",
              "owner:data-engineering",
              "pages:false",
              "priority:p4",
              "resource_type:db_instance",
              "runbook:db-telemetry-loss",
              "service:database-platform",
              "signal:telemetry_health",
              "slo_id:slo-database-availability",
              "support_model:24x7",
              "team:data-engineering",
              "tier:tier0"
            ],
            "timeout_h": 0,
            "type": "query alert",
            "validate": null,
            "variables": []
          },
          "sensitive_attributes": [],
          "private": "bnVsbA=="
        },
        {
          "index_key": "stage.critical.infrastructure.host-agent-unhealthy",
          "schema_version": 0,
          "attributes": {
            "assets": [],
            "draft_status": "published",
            "enable_logs_sample": null,
            "enable_samples": null,
            "escalation_message": "",
            "evaluation_delay": 300,
            "force_delete": null,
            "group_retention_duration": "",
            "groupby_simple_monitor": null,
            "id": "314372429",
            "include_tags": true,
            "locked": false,
            "message": "{{#is_alert}}\n## P4 · Datadog Agent Unhealthy\n**WHAT:** Datadog Agent Unhealthy: telemetry_health signal detected by threshold analysis.\n**WHERE:** {{value}} · env `stage` · region `global`\n**SERVICE:** `platform-services` (infrastructure / host, tier0)\n**BUSINESS IMPACT:** Observability or configuration hygiene is degraded. No direct customer impact, but our ability to see or govern the estate is reduced.\n**WHY IT TRIGGERED:** Agent presence is binary and is the precondition for every other host signal — this is the monitor that protects the monitoring.\n\n**OWNER:** infrastructure-engineering · support 24x7 · this does not page\n**DO THIS NEXT:** Open the runbook, confirm scope from the group tags, and follow the validation steps. The attached workflow output already contains the standard diagnostics.\n**RUNBOOK:** https://github.com/droderiquesit/enterprise-observability/blob/main/platform/runbooks/host-agent-unhealthy.md\n**AUTOMATED DIAGNOSTICS:** workflow `diag-host` has run; its output is attached to this event.\n**RELATED EVENTS:** correlated on `compute.stage.platform-services` — deployments, infrastructure changes and platform events from the last 30 minutes are attached as context.\n**SLO / ERROR BUDGET:** `slo-platform-services` · no error-budget impact (non-production)\n{{/is_alert}}\n{{#is_warning}}\n## Datadog Agent Unhealthy — warning\nApproaching the alert condition on {{value}}. Investigate before it becomes P4. Runbook: https://github.com/droderiquesit/enterprise-observability/blob/main/platform/runbooks/host-agent-unhealthy.md\n{{/is_warning}}\n{{#is_no_data}}\n## Datadog Agent Unhealthy — NO DATA\nTelemetry stopped arriving for {{value}}. Treat this as a telemetry-health incident: an unmonitored resource is worse than an alerting one. Runbook: https://github.com/droderiquesit/enterprise-observability/blob/main/platform/runbooks/host-agent-unhealthy.md\n{{/is_no_data}}\n{{#is_recovery}}\n## Recovered · Datadog Agent Unhealthy\n{{value}} returned to normal. Error-budget impact recorded against `slo-platform-services`. No action required; the correlation group closes when every child recovers.\n{{/is_recovery}}\n{{#is_warning_recovery}}\nWarning cleared for {{value}}.\n{{/is_warning_recovery}}",
            "monitor_threshold_windows": [],
            "monitor_thresholds": [
              {
                "critical": "1",
                "critical_recovery": "",
                "ok": "",
                "unknown": "",
                "warning": "",
                "warning_recovery": ""
              }
            ],
            "name": "[P4][stage][infrastructure] Datadog Agent Unhealthy (critical)",
            "new_group_delay": 300,
            "new_host_delay": 300,
            "no_data_timeframe": 0,
            "notification_preset_name": "",
            "notify_audit": false,
            "notify_by": [
              "cluster"
            ],
            "notify_no_data": false,
            "on_missing_data": "",
            "priority": "4",
            "query": "avg(last_1h):avg:datadog.agent.running{env:stage,alert_band:critical} by {cluster,host} \u003c 1",
            "renotify_interval": 30,
            "renotify_occurrences": 3,
            "renotify_statuses": [
              "alert"
            ],
            "require_full_window": false,
            "restricted_roles": null,
            "scheduling_options": [],
            "tags": [
              "alert_band:critical",
              "archetype:host-agent-unhealthy",
              "automation_ref:diag-host",
              "correlation_key:compute.stage.platform-services",
              "dedup_key:platform-services.stage.host-agent-unhealthy.critical",
              "detection:threshold",
              "domain:infrastructure",
              "env:stage",
              "failure_domain:compute",
              "impact_class:hygiene",
              "managed_by:terraform",
              "managed_source:platform",
              "monitor_id:stage.critical.infrastructure.host-agent-unhealthy",
              "monitoring_profile:critical",
              "notification_profile:nonprod_standard",
              "owner:infrastructure-engineering",
              "pages:false",
              "priority:p4",
              "resource_type:host",
              "runbook:host-agent-unhealthy",
              "service:platform-services",
              "signal:telemetry_health",
              "slo_id:slo-platform-services",
              "support_model:24x7",
              "team:infrastructure-engineering",
              "tier:tier0"
            ],
            "timeout_h": 0,
            "type": "query alert",
            "validate": null,
            "variables": []
          },
          "sensitive_attributes": [],
          "private": "bnVsbA=="
        },
        {
          "index_key": "stage.critical.infrastructure.host-disk-exhaustion-forecast",
          "schema_version": 0,
          "attributes": {
            "assets": [],
            "draft_status": "published",
            "enable_logs_sample": null,
            "enable_samples": null,
            "escalation_message": "",
            "evaluation_delay": 300,
            "force_delete": null,
            "group_retention_duration": "",
            "groupby_simple_monitor": null,
            "id": "314372379",
            "include_tags": true,
            "locked": false,
            "message": "{{#is_alert}}\n## P3 · Disk Exhaustion Forecast\n**WHAT:** Replaces \"disk \u003e 90%\". A volume steady at 92% for two years is not an incident; a volume at 60% growing 8%/day is. Three days of lead time is the shortest window in which a human can reliably act.\n\n**WHERE:** {{value}} · env `stage` · region `global`\n**SERVICE:** `compute-platform` (infrastructure / host, tier0)\n**BUSINESS IMPACT:** Nothing is broken yet. A boundary will be crossed if nobody acts within the lead time this monitor provides.\n**WHY IT TRIGGERED:** Extrapolating the recent trend, this resource is projected to cross its limit inside the forecast horizon. It has not crossed it yet — that is the point.\n**OWNER:** infrastructure-engineering · support 24x7 · this does not page\n**DO THIS NEXT:** Open the runbook, confirm scope from the group tags, and follow the validation steps. The attached workflow output already contains the standard diagnostics.\n**RUNBOOK:** https://github.com/droderiquesit/enterprise-observability/blob/main/platform/runbooks/host-disk-exhaustion-forecast.md\n**AUTOMATED DIAGNOSTICS:** workflow `auto-capacity-ticket` has run; its output is attached to this event.\n**RELATED EVENTS:** correlated on `storage.stage.compute-platform` — deployments, infrastructure changes and platform events from the last 30 minutes are attached as context.\n**SLO / ERROR BUDGET:** `slo-infra-compute-availability` · no error-budget impact (non-production)\n{{/is_alert}}\n{{#is_warning}}\n## Disk Exhaustion Forecast — warning\nApproaching the alert condition on {{value}}. Investigate before it becomes P3. Runbook: https://github.com/droderiquesit/enterprise-observability/blob/main/platform/runbooks/host-disk-exhaustion-forecast.md\n{{/is_warning}}\n{{#is_no_data}}\n## Disk Exhaustion Forecast — NO DATA\nTelemetry stopped arriving for {{value}}. Treat this as a telemetry-health incident: an unmonitored resource is worse than an alerting one. Runbook: https://github.com/droderiquesit/enterprise-observability/blob/main/platform/runbooks/host-disk-exhaustion-forecast.md\n{{/is_no_data}}\n{{#is_recovery}}\n## Recovered · Disk Exhaustion Forecast\n{{value}} returned to normal. Error-budget impact recorded against `slo-infra-compute-availability`. No action required; the correlation group closes when every child recovers.\n{{/is_recovery}}\n{{#is_warning_recovery}}\nWarning cleared for {{value}}.\n{{/is_warning_recovery}}",
            "monitor_threshold_windows": [],
            "monitor_thresholds": [
              {
                "critical": "0.95",
                "critical_recovery": "",
                "ok": "",
                "unknown": "",
                "warning": "0.9",
                "warning_recovery": ""
              }
            ],
            "name": "[P3][stage][infrastructure] Disk Exhaustion Forecast (critical)",
            "new_group_delay": 300,
            "new_host_delay": 300,
            "no_data_timeframe": 0,
            "notification_preset_name": "",
            "notify_audit": false,
            "notify_by": [
              "cluster"
            ],
            "notify_no_data": false,
            "on_missing_data": "",
            "priority": "3",
            "query": "max(next_3d):forecast(avg:system.disk.in_use{env:stage,alert_band:critical} by {cluster,host,device}, 'linear', 1, interval='60m', history='1w', model='default') \u003e 0.95",
            "renotify_interval": 30,
            "renotify_occurrences": 3,
            "renotify_statuses": [
              "alert"
            ],
            "require_full_window": false,
            "restricted_roles": null,
            "scheduling_options": [],
            "tags": [
              "alert_band:critical",
              "archetype:host-disk-exhaustion-forecast",
              "automation_ref:auto-capacity-ticket",
              "correlation_key:storage.stage.compute-platform",
              "dedup_key:compute-platform.stage.host-disk-exhaustion-forecast.critical",
              "detection:forecast",
              "domain:infrastructure",
              "env:stage",
              "failure_domain:storage",
              "impact_class:risk",
              "managed_by:terraform",
              "managed_source:platform",
              "monitor_id:stage.critical.infrastructure.host-disk-exhaustion-forecast",
              "monitoring_profile:critical",
              "notification_profile:nonprod_standard",
              "owner:infrastructure-engineering",
              "pages:false",
              "priority:p3",
              "resource_type:host",
              "runbook:host-disk-exhaustion-forecast",
              "service:compute-platform",
              "signal:capacity",
              "slo_id:slo-infra-compute-availability",
              "support_model:24x7",
              "team:infrastructure-engineering",
              "tier:tier0"
            ],
            "timeout_h": 0,
            "type": "query alert",
            "validate": null,
            "variables": []
          },
          "sensitive_attributes": [],
          "private": "bnVsbA=="
        },
        {
          "index_key": "stage.critical.infrastructure.host-process-down",
          "schema_version": 0,
          "attributes": {
            "assets": [],
            "draft_status": "published",
            "enable_logs_sample": null,
            "enable_samples": null,
            "escalation_message": "",
            "evaluation_delay": 0,
            "force_delete": null,
            "group_retention_duration": "",
            "groupby_simple_monitor": null,
            "id": "314372419",
            "include_tags": true,
            "locked": false,
            "message": "{{#is_alert}}\n## P3 · Required Process Not Running\n**WHAT:** Required Process Not Running: availability signal detected by service_check analysis.\n**WHERE:** {{value}} · env `stage` · region `global`\n**SERVICE:** `compute-platform` (infrastructure / host, tier0)\n**BUSINESS IMPACT:** The service still functions but measurably worse; a subset of traffic or users is failing.\n**WHY IT TRIGGERED:** A check reported a non-OK status for consecutive evaluations.\n**OWNER:** infrastructure-engineering · support 24x7 · this does not page\n**DO THIS NEXT:** Open the runbook, confirm scope from the group tags, and follow the validation steps. The attached workflow output already contains the standard diagnostics.\n**RUNBOOK:** https://github.com/droderiquesit/enterprise-observability/blob/main/platform/runbooks/host-process-down.md\n**AUTOMATED DIAGNOSTICS:** workflow `diag-host` has run; its output is attached to this event.\n**RELATED EVENTS:** correlated on `compute.stage.compute-platform` — deployments, infrastructure changes and platform events from the last 30 minutes are attached as context.\n**SLO / ERROR BUDGET:** `slo-infra-compute-availability` · no error-budget impact (non-production)\n{{/is_alert}}\n{{#is_warning}}\n## Required Process Not Running — warning\nApproaching the alert condition on {{value}}. Investigate before it becomes P3. Runbook: https://github.com/droderiquesit/enterprise-observability/blob/main/platform/runbooks/host-process-down.md\n{{/is_warning}}\n{{#is_no_data}}\n## Required Process Not Running — NO DATA\nTelemetry stopped arriving for {{value}}. Treat this as a telemetry-health incident: an unmonitored resource is worse than an alerting one. Runbook: https://github.com/droderiquesit/enterprise-observability/blob/main/platform/runbooks/host-process-down.md\n{{/is_no_data}}\n{{#is_recovery}}\n## Recovered · Required Process Not Running\n{{value}} returned to normal. Error-budget impact recorded against `slo-infra-compute-availability`. No action required; the correlation group closes when every child recovers.\n{{/is_recovery}}\n{{#is_warning_recovery}}\nWarning cleared for {{value}}.\n{{/is_warning_recovery}}",
            "monitor_threshold_windows": [],
            "monitor_thresholds": [
              {
                "critical": "2",
                "critical_recovery": "",
                "ok": "",
                "unknown": "",
                "warning": "1",
                "warning_recovery": ""
              }
            ],
            "name": "[P3][stage][infrastructure] Required Process Not Running (critical)",
            "new_group_delay": 300,
            "new_host_delay": 300,
            "no_data_timeframe": 0,
            "notification_preset_name": "",
            "notify_audit": false,
            "notify_by": [
              "cluster"
            ],
            "notify_no_data": false,
            "on_missing_data": "",
            "priority": "3",
            "query": "\"process.up\".over(\"env:stage,alert_band:critical\").by(\"cluster\",\"host\",\"process_name\").last(3).count_by_status()",
            "renotify_interval": 30,
            "renotify_occurrences": 3,
            "renotify_statuses": [
              "alert"
            ],
            "require_full_window": false,
            "restricted_roles": null,
            "scheduling_options": [],
            "tags": [
              "alert_band:critical",
              "archetype:host-process-down",
              "automation_ref:diag-host",
              "correlation_key:compute.stage.compute-platform",
              "dedup_key:compute-platform.stage.host-process-down.critical",
              "detection:service_check",
              "domain:infrastructure",
              "env:stage",
              "failure_domain:compute",
              "impact_class:degradation",
              "managed_by:terraform",
              "managed_source:platform",
              "monitor_id:stage.critical.infrastructure.host-process-down",
              "monitoring_profile:critical",
              "notification_profile:nonprod_standard",
              "owner:infrastructure-engineering",
              "pages:false",
              "priority:p3",
              "resource_type:host",
              "runbook:host-process-down",
              "service:compute-platform",
              "signal:availability",
              "slo_id:slo-infra-compute-availability",
              "support_model:24x7",
              "team:infrastructure-engineering",
              "tier:tier0"
            ],
            "timeout_h": 0,
            "type": "service check",
            "validate": null,
            "variables": []
          },
          "sensitive_attributes": [],
          "private": "bnVsbA=="
        },
        {
          "index_key": "stage.critical.infrastructure.host-unavailable",
          "schema_version": 0,
          "attributes": {
            "assets": [],
            "draft_status": "published",
            "enable_logs_sample": null,
            "enable_samples": null,
            "escalation_message": "",
            "evaluation_delay": 0,
            "force_delete": null,
            "group_retention_duration": "",
            "groupby_simple_monitor": null,
            "id": "314372374",
            "include_tags": true,
            "locked": false,
            "message": "{{#is_alert}}\n## P3 · Host Unavailable\n**WHAT:** Host Unavailable: availability signal detected by service_check analysis.\n**WHERE:** {{value}} · env `stage` · region `global`\n**SERVICE:** `compute-platform` (infrastructure / host, tier0)\n**BUSINESS IMPACT:** Customers are affected now, or a mission-critical capability is unavailable.\n**WHY IT TRIGGERED:** A check reported a non-OK status for consecutive evaluations.\n**OWNER:** infrastructure-engineering · support 24x7 · this does not page\n**DO THIS NEXT:** Open the runbook, confirm scope from the group tags, and follow the validation steps. The attached workflow output already contains the standard diagnostics.\n**RUNBOOK:** https://github.com/droderiquesit/enterprise-observability/blob/main/platform/runbooks/host-unavailable.md\n**AUTOMATED DIAGNOSTICS:** workflow `diag-host` has run; its output is attached to this event.\n**RELATED EVENTS:** correlated on `compute.stage.compute-platform` — deployments, infrastructure changes and platform events from the last 30 minutes are attached as context.\n**SLO / ERROR BUDGET:** `slo-infra-compute-availability` · no error-budget impact (non-production)\n{{/is_alert}}\n{{#is_warning}}\n## Host Unavailable — warning\nApproaching the alert condition on {{value}}. Investigate before it becomes P3. Runbook: https://github.com/droderiquesit/enterprise-observability/blob/main/platform/runbooks/host-unavailable.md\n{{/is_warning}}\n{{#is_no_data}}\n## Host Unavailable — NO DATA\nTelemetry stopped arriving for {{value}}. Treat this as a telemetry-health incident: an unmonitored resource is worse than an alerting one. Runbook: https://github.com/droderiquesit/enterprise-observability/blob/main/platform/runbooks/host-unavailable.md\n{{/is_no_data}}\n{{#is_recovery}}\n## Recovered · Host Unavailable\n{{value}} returned to normal. Error-budget impact recorded against `slo-infra-compute-availability`. No action required; the correlation group closes when every child recovers.\n{{/is_recovery}}\n{{#is_warning_recovery}}\nWarning cleared for {{value}}.\n{{/is_warning_recovery}}",
            "monitor_threshold_windows": [],
            "monitor_thresholds": [
              {
                "critical": "3",
                "critical_recovery": "",
                "ok": "1",
                "unknown": "",
                "warning": "2",
                "warning_recovery": ""
              }
            ],
            "name": "[P3][stage][infrastructure] Host Unavailable (critical)",
            "new_group_delay": 300,
            "new_host_delay": 300,
            "no_data_timeframe": 30,
            "notification_preset_name": "",
            "notify_audit": false,
            "notify_by": [
              "cluster"
            ],
            "notify_no_data": true,
            "on_missing_data": "",
            "priority": "3",
            "query": "\"datadog.agent.up\".over(\"env:stage,alert_band:critical\").by(\"cluster\",\"host\").last(4).count_by_status()",
            "renotify_interval": 30,
            "renotify_occurrences": 3,
            "renotify_statuses": [
              "alert"
            ],
            "require_full_window": false,
            "restricted_roles": null,
            "scheduling_options": [],
            "tags": [
              "alert_band:critical",
              "archetype:host-unavailable",
              "automation_ref:diag-host",
              "correlation_key:compute.stage.compute-platform",
              "dedup_key:compute-platform.stage.host-unavailable.critical",
              "detection:service_check",
              "domain:infrastructure",
              "env:stage",
              "failure_domain:compute",
              "impact_class:customer_impact",
              "managed_by:terraform",
              "managed_source:platform",
              "monitor_id:stage.critical.infrastructure.host-unavailable",
              "monitoring_profile:critical",
              "notification_profile:nonprod_standard",
              "owner:infrastructure-engineering",
              "pages:false",
              "priority:p3",
              "resource_type:host",
              "runbook:host-unavailable",
              "service:compute-platform",
              "signal:availability",
              "slo_id:slo-infra-compute-availability",
              "support_model:24x7",
              "team:infrastructure-engineering",
              "tier:tier0"
            ],
            "timeout_h": 0,
            "type": "service check",
            "validate": null,
            "variables": []
          },
          "sensitive_attributes": [],
          "private": "bnVsbA=="
        },
        {
          "index_key": "stage.critical.integration.batch-job-failure",
          "schema_version": 0,
          "attributes": {
            "assets": [],
            "draft_status": "published",
            "enable_logs_sample": null,
            "enable_samples": null,
            "escalation_message": "",
            "evaluation_delay": 300,
            "force_delete": null,
            "group_retention_duration": "",
            "groupby_simple_monitor": null,
            "id": "314372532",
            "include_tags": true,
            "locked": false,
            "message": "{{#is_alert}}\n## P3 · Batch Job Failed\n**WHAT:** Batch Job Failed: job_failure signal detected by threshold analysis.\n**WHERE:** {{value}} · env `stage` · region `global`\n**SERVICE:** `batch-platform` (integration / batch_job, tier0)\n**BUSINESS IMPACT:** The service still functions but measurably worse; a subset of traffic or users is failing.\n**WHY IT TRIGGERED:** A failed run is a discrete outcome.\n**OWNER:** application-development · support 24x7 · this does not page\n**DO THIS NEXT:** Open the runbook, confirm scope from the group tags, and follow the validation steps. The attached workflow output already contains the standard diagnostics.\n**RUNBOOK:** https://github.com/droderiquesit/enterprise-observability/blob/main/platform/runbooks/batch-job-failure.md\n**AUTOMATED DIAGNOSTICS:** workflow `remediate-rerun-job` has run; its output is attached to this event.\n**RELATED EVENTS:** correlated on `batch-platform.stage.batch-platform` — deployments, infrastructure changes and platform events from the last 30 minutes are attached as context.\n**SLO / ERROR BUDGET:** `slo-batch-completion` · no error-budget impact (non-production)\n{{/is_alert}}\n{{#is_warning}}\n## Batch Job Failed — warning\nApproaching the alert condition on {{value}}. Investigate before it becomes P3. Runbook: https://github.com/droderiquesit/enterprise-observability/blob/main/platform/runbooks/batch-job-failure.md\n{{/is_warning}}\n{{#is_no_data}}\n## Batch Job Failed — NO DATA\nTelemetry stopped arriving for {{value}}. Treat this as a telemetry-health incident: an unmonitored resource is worse than an alerting one. Runbook: https://github.com/droderiquesit/enterprise-observability/blob/main/platform/runbooks/batch-job-failure.md\n{{/is_no_data}}\n{{#is_recovery}}\n## Recovered · Batch Job Failed\n{{value}} returned to normal. Error-budget impact recorded against `slo-batch-completion`. No action required; the correlation group closes when every child recovers.\n{{/is_recovery}}\n{{#is_warning_recovery}}\nWarning cleared for {{value}}.\n{{/is_warning_recovery}}",
            "monitor_threshold_windows": [],
            "monitor_thresholds": [
              {
                "critical": "1",
                "critical_recovery": "",
                "ok": "",
                "unknown": "",
                "warning": "",
                "warning_recovery": ""
              }
            ],
            "name": "[P3][stage][integration] Batch Job Failed (critical)",
            "new_group_delay": 300,
            "new_host_delay": 300,
            "no_data_timeframe": 0,
            "notification_preset_name": "",
            "notify_audit": false,
            "notify_by": [],
            "notify_no_data": false,
            "on_missing_data": "",
            "priority": "3",
            "query": "sum(last_4h):sum:acme.batch.runs{env:stage,alert_band:critical,status:failed} by {service,job_name}.as_count() \u003e= 1",
            "renotify_interval": 30,
            "renotify_occurrences": 3,
            "renotify_statuses": [
              "alert"
            ],
            "require_full_window": false,
            "restricted_roles": null,
            "scheduling_options": [],
            "tags": [
              "alert_band:critical",
              "archetype:batch-job-failure",
              "automation_ref:remediate-rerun-job",
              "correlation_key:batch-platform.stage.batch-platform",
              "dedup_key:batch-platform.stage.batch-job-failure.critical",
              "detection:threshold",
              "domain:integration",
              "env:stage",
              "failure_domain:batch-platform",
              "impact_class:degradation",
              "managed_by:terraform",
              "managed_source:platform",
              "monitor_id:stage.critical.integration.batch-job-failure",
              "monitoring_profile:critical",
              "notification_profile:nonprod_standard",
              "owner:application-development",
              "pages:false",
              "priority:p3",
              "resource_type:batch_job",
              "runbook:batch-job-failure",
              "service:batch-platform",
              "signal:job_failure",
              "slo_id:slo-batch-completion",
              "support_model:24x7",
              "team:application-development",
              "tier:tier0"
            ],
            "timeout_h": 0,
            "type": "query alert",
            "validate": null,
            "variables": []
          },
          "sensitive_attributes": [],
          "private": "bnVsbA=="
        },
        {
          "index_key": "stage.critical.integration.integration-flow-failure",
          "schema_version": 0,
          "attributes": {
            "assets": [],
            "draft_status": "published",
            "enable_logs_sample": null,
            "enable_samples": null,
            "escalation_message": "",
            "evaluation_delay": 300,
            "force_delete": null,
            "group_retention_duration": "",
            "groupby_simple_monitor": null,
            "id": "314372526",
            "include_tags": true,
            "locked": false,
            "message": "{{#is_alert}}\n## P3 · Integration Flow Failure Rate\n**WHAT:** Integration Flow Failure Rate: error_rate signal detected by anomaly analysis.\n**WHERE:** {{value}} · env `stage` · region `global`\n**SERVICE:** `integration-platform` (integration / integration_flow, tier0)\n**BUSINESS IMPACT:** The service still functions but measurably worse; a subset of traffic or users is failing.\n**WHY IT TRIGGERED:** The signal deviated from its own learned baseline by more than the configured number of deviations — not because it crossed a fixed number.\n**OWNER:** application-development · support 24x7 · this does not page\n**DO THIS NEXT:** Open the runbook, confirm scope from the group tags, and follow the validation steps. The attached workflow output already contains the standard diagnostics.\n**RUNBOOK:** https://github.com/droderiquesit/enterprise-observability/blob/main/platform/runbooks/integration-flow-failure.md\n**AUTOMATED DIAGNOSTICS:** workflow `diag-dependency` has run; its output is attached to this event.\n**RELATED EVENTS:** correlated on `integration-platform.stage.integration-platform` — deployments, infrastructure changes and platform events from the last 30 minutes are attached as context.\n**SLO / ERROR BUDGET:** `slo-integration-delivery` · no error-budget impact (non-production)\n{{/is_alert}}\n{{#is_warning}}\n## Integration Flow Failure Rate — warning\nApproaching the alert condition on {{value}}. Investigate before it becomes P3. Runbook: https://github.com/droderiquesit/enterprise-observability/blob/main/platform/runbooks/integration-flow-failure.md\n{{/is_warning}}\n{{#is_no_data}}\n## Integration Flow Failure Rate — NO DATA\nTelemetry stopped arriving for {{value}}. Treat this as a telemetry-health incident: an unmonitored resource is worse than an alerting one. Runbook: https://github.com/droderiquesit/enterprise-observability/blob/main/platform/runbooks/integration-flow-failure.md\n{{/is_no_data}}\n{{#is_recovery}}\n## Recovered · Integration Flow Failure Rate\n{{value}} returned to normal. Error-budget impact recorded against `slo-integration-delivery`. No action required; the correlation group closes when every child recovers.\n{{/is_recovery}}\n{{#is_warning_recovery}}\nWarning cleared for {{value}}.\n{{/is_warning_recovery}}",
            "monitor_threshold_windows": [],
            "monitor_thresholds": [
              {
                "critical": "1",
                "critical_recovery": "",
                "ok": "",
                "unknown": "",
                "warning": "",
                "warning_recovery": ""
              }
            ],
            "name": "[P3][stage][integration] Integration Flow Failure Rate (critical)",
            "new_group_delay": 300,
            "new_host_delay": 300,
            "no_data_timeframe": 0,
            "notification_preset_name": "",
            "notify_audit": false,
            "notify_by": [],
            "notify_no_data": false,
            "on_missing_data": "",
            "priority": "3",
            "query": "avg(last_1h):anomalies(sum:acme.integration.flow_errors{env:stage,alert_band:critical} by {service,flow_name}.as_rate(), 'agile', 3) \u003e= 1",
            "renotify_interval": 30,
            "renotify_occurrences": 3,
            "renotify_statuses": [
              "alert"
            ],
            "require_full_window": false,
            "restricted_roles": null,
            "scheduling_options": [],
            "tags": [
              "alert_band:critical",
              "archetype:integration-flow-failure",
              "automation_ref:diag-dependency",
              "correlation_key:integration-platform.stage.integration-platform",
              "dedup_key:integration-platform.stage.integration-flow-failure.critical",
              "detection:anomaly",
              "domain:integration",
              "env:stage",
              "failure_domain:integration-platform",
              "impact_class:degradation",
              "managed_by:terraform",
              "managed_source:platform",
              "monitor_id:stage.critical.integration.integration-flow-failure",
              "monitoring_profile:critical",
              "notification_profile:nonprod_standard",
              "owner:application-development",
              "pages:false",
              "priority:p3",
              "resource_type:integration_flow",
              "runbook:integration-flow-failure",
              "service:integration-platform",
              "signal:error_rate",
              "slo_id:slo-integration-delivery",
              "support_model:24x7",
              "team:application-development",
              "tier:tier0"
            ],
            "timeout_h": 0,
            "type": "query alert",
            "validate": null,
            "variables": []
          },
          "sensitive_attributes": [],
          "private": "bnVsbA=="
        },
        {
          "index_key": "stage.critical.integration.schedule-job-failure",
          "schema_version": 0,
          "attributes": {
            "assets": [],
            "draft_status": "published",
            "enable_logs_sample": null,
            "enable_samples": null,
            "escalation_message": "",
            "evaluation_delay": 300,
            "force_delete": null,
            "group_retention_duration": "",
            "groupby_simple_monitor": null,
            "id": "314372531",
            "include_tags": true,
            "locked": false,
            "message": "{{#is_alert}}\n## P3 · Scheduled Job Failed\n**WHAT:** Scheduled Job Failed: job_failure signal detected by threshold analysis.\n**WHERE:** {{value}} · env `stage` · region `global`\n**SERVICE:** `integration-platform` (integration / scheduled_job, tier0)\n**BUSINESS IMPACT:** The service still functions but measurably worse; a subset of traffic or users is failing.\n**WHY IT TRIGGERED:** A failed run is discrete.\n**OWNER:** application-development · support 24x7 · this does not page\n**DO THIS NEXT:** Open the runbook, confirm scope from the group tags, and follow the validation steps. The attached workflow output already contains the standard diagnostics.\n**RUNBOOK:** https://github.com/droderiquesit/enterprise-observability/blob/main/platform/runbooks/schedule-job-failure.md\n**AUTOMATED DIAGNOSTICS:** workflow `remediate-rerun-job` has run; its output is attached to this event.\n**RELATED EVENTS:** correlated on `scheduler.stage.integration-platform` — deployments, infrastructure changes and platform events from the last 30 minutes are attached as context.\n**SLO / ERROR BUDGET:** `slo-integration-delivery` · no error-budget impact (non-production)\n{{/is_alert}}\n{{#is_warning}}\n## Scheduled Job Failed — warning\nApproaching the alert condition on {{value}}. Investigate before it becomes P3. Runbook: https://github.com/droderiquesit/enterprise-observability/blob/main/platform/runbooks/schedule-job-failure.md\n{{/is_warning}}\n{{#is_no_data}}\n## Scheduled Job Failed — NO DATA\nTelemetry stopped arriving for {{value}}. Treat this as a telemetry-health incident: an unmonitored resource is worse than an alerting one. Runbook: https://github.com/droderiquesit/enterprise-observability/blob/main/platform/runbooks/schedule-job-failure.md\n{{/is_no_data}}\n{{#is_recovery}}\n## Recovered · Scheduled Job Failed\n{{value}} returned to normal. Error-budget impact recorded against `slo-integration-delivery`. No action required; the correlation group closes when every child recovers.\n{{/is_recovery}}\n{{#is_warning_recovery}}\nWarning cleared for {{value}}.\n{{/is_warning_recovery}}",
            "monitor_threshold_windows": [],
            "monitor_thresholds": [
              {
                "critical": "1",
                "critical_recovery": "",
                "ok": "",
                "unknown": "",
                "warning": "",
                "warning_recovery": ""
              }
            ],
            "name": "[P3][stage][integration] Scheduled Job Failed (critical)",
            "new_group_delay": 300,
            "new_host_delay": 300,
            "no_data_timeframe": 0,
            "notification_preset_name": "",
            "notify_audit": false,
            "notify_by": [],
            "notify_no_data": false,
            "on_missing_data": "",
            "priority": "3",
            "query": "sum(last_4h):sum:acme.scheduler.runs{env:stage,alert_band:critical,status:failed} by {service,job_name}.as_count() \u003e= 1",
            "renotify_interval": 30,
            "renotify_occurrences": 3,
            "renotify_statuses": [
              "alert"
            ],
            "require_full_window": false,
            "restricted_roles": null,
            "scheduling_options": [],
            "tags": [
              "alert_band:critical",
              "archetype:schedule-job-failure",
              "automation_ref:remediate-rerun-job",
              "correlation_key:scheduler.stage.integration-platform",
              "dedup_key:integration-platform.stage.schedule-job-failure.critical",
              "detection:threshold",
              "domain:integration",
              "env:stage",
              "failure_domain:scheduler",
              "impact_class:degradation",
              "managed_by:terraform",
              "managed_source:platform",
              "monitor_id:stage.critical.integration.schedule-job-failure",
              "monitoring_profile:critical",
              "notification_profile:nonprod_standard",
              "owner:application-development",
              "pages:false",
              "priority:p3",
              "resource_type:scheduled_job",
              "runbook:schedule-job-failure",
              "service:integration-platform",
              "signal:job_failure",
              "slo_id:slo-integration-delivery",
              "support_model:24x7",
              "team:application-development",
              "tier:tier0"
            ],
            "timeout_h": 0,
            "type": "query alert",
            "validate": null,
            "variables": []
          },
          "sensitive_attributes": [],
          "private": "bnVsbA=="
        },
        {
          "index_key": "stage.critical.integration.schedule-missed-run",
          "schema_version": 0,
          "attributes": {
            "assets": [],
            "draft_status": "published",
            "enable_logs_sample": null,
            "enable_samples": null,
            "escalation_message": "",
            "evaluation_delay": 300,
            "force_delete": null,
            "group_retention_duration": "",
            "groupby_simple_monitor": null,
            "id": "314372520",
            "include_tags": true,
            "locked": false,
            "message": "{{#is_alert}}\n## P3 · Scheduled Job Did Not Run\n**WHAT:** Scheduled Job Did Not Run: schedule_miss signal detected by threshold analysis.\n**WHERE:** {{value}} · env `stage` · region `global`\n**SERVICE:** `integration-platform` (integration / scheduled_job, tier0)\n**BUSINESS IMPACT:** Customers are affected now, or a mission-critical capability is unavailable.\n**WHY IT TRIGGERED:** The single most under-monitored failure in every enterprise: the job that simply never fired. Nothing errors, nothing alerts, nothing runs.\n\n**OWNER:** application-development · support 24x7 · this does not page\n**DO THIS NEXT:** Open the runbook, confirm scope from the group tags, and follow the validation steps. The attached workflow output already contains the standard diagnostics.\n**RUNBOOK:** https://github.com/droderiquesit/enterprise-observability/blob/main/platform/runbooks/schedule-missed-run.md\n**AUTOMATED DIAGNOSTICS:** workflow `remediate-rerun-job` has run; its output is attached to this event.\n**RELATED EVENTS:** correlated on `scheduler.stage.integration-platform` — deployments, infrastructure changes and platform events from the last 30 minutes are attached as context.\n**SLO / ERROR BUDGET:** `slo-integration-delivery` · no error-budget impact (non-production)\n{{/is_alert}}\n{{#is_warning}}\n## Scheduled Job Did Not Run — warning\nApproaching the alert condition on {{value}}. Investigate before it becomes P3. Runbook: https://github.com/droderiquesit/enterprise-observability/blob/main/platform/runbooks/schedule-missed-run.md\n{{/is_warning}}\n{{#is_no_data}}\n## Scheduled Job Did Not Run — NO DATA\nTelemetry stopped arriving for {{value}}. Treat this as a telemetry-health incident: an unmonitored resource is worse than an alerting one. Runbook: https://github.com/droderiquesit/enterprise-observability/blob/main/platform/runbooks/schedule-missed-run.md\n{{/is_no_data}}\n{{#is_recovery}}\n## Recovered · Scheduled Job Did Not Run\n{{value}} returned to normal. Error-budget impact recorded against `slo-integration-delivery`. No action required; the correlation group closes when every child recovers.\n{{/is_recovery}}\n{{#is_warning_recovery}}\nWarning cleared for {{value}}.\n{{/is_warning_recovery}}",
            "monitor_threshold_windows": [],
            "monitor_thresholds": [
              {
                "critical": "1",
                "critical_recovery": "",
                "ok": "",
                "unknown": "",
                "warning": "",
                "warning_recovery": ""
              }
            ],
            "name": "[P3][stage][integration] Scheduled Job Did Not Run (critical)",
            "new_group_delay": 300,
            "new_host_delay": 300,
            "no_data_timeframe": 120,
            "notification_preset_name": "",
            "notify_audit": false,
            "notify_by": [],
            "notify_no_data": true,
            "on_missing_data": "",
            "priority": "3",
            "query": "sum(last_4h):sum:acme.scheduler.runs_started{env:stage,alert_band:critical} by {service,job_name}.as_count() \u003c 1",
            "renotify_interval": 30,
            "renotify_occurrences": 3,
            "renotify_statuses": [
              "alert"
            ],
            "require_full_window": false,
            "restricted_roles": null,
            "scheduling_options": [],
            "tags": [
              "alert_band:critical",
              "archetype:schedule-missed-run",
              "automation_ref:remediate-rerun-job",
              "correlation_key:scheduler.stage.integration-platform",
              "dedup_key:integration-platform.stage.schedule-missed-run.critical",
              "detection:threshold",
              "domain:integration",
              "env:stage",
              "failure_domain:scheduler",
              "impact_class:customer_impact",
              "managed_by:terraform",
              "managed_source:platform",
              "monitor_id:stage.critical.integration.schedule-missed-run",
              "monitoring_profile:critical",
              "notification_profile:nonprod_standard",
              "owner:application-development",
              "pages:false",
              "priority:p3",
              "resource_type:scheduled_job",
              "runbook:schedule-missed-run",
              "service:integration-platform",
              "signal:schedule_miss",
              "slo_id:slo-integration-delivery",
              "support_model:24x7",
              "team:application-development",
              "tier:tier0"
            ],
            "timeout_h": 0,
            "type": "query alert",
            "validate": null,
            "variables": []
          },
          "sensitive_attributes": [],
          "private": "bnVsbA=="
        },
        {
          "index_key": "stage.critical.kubernetes.k8s-cronjob-failure",
          "schema_version": 0,
          "attributes": {
            "assets": [],
            "draft_status": "published",
            "enable_logs_sample": null,
            "enable_samples": null,
            "escalation_message": "",
            "evaluation_delay": 300,
            "force_delete": null,
            "group_retention_duration": "",
            "groupby_simple_monitor": null,
            "id": "314372482",
            "include_tags": true,
            "locked": false,
            "message": "{{#is_alert}}\n## P3 · Kubernetes CronJob Failing\n**WHAT:** Kubernetes CronJob Failing: job_failure signal detected by threshold analysis.\n**WHERE:** {{value}} · env `stage` · region `global`\n**SERVICE:** `kubernetes-platform` (kubernetes / kube_cronjob, tier0)\n**BUSINESS IMPACT:** The service still functions but measurably worse; a subset of traffic or users is failing.\n**WHY IT TRIGGERED:** A failed job is a discrete outcome.\n**OWNER:** cloud-engineering · support 24x7 · this does not page\n**DO THIS NEXT:** Open the runbook, confirm scope from the group tags, and follow the validation steps. The attached workflow output already contains the standard diagnostics.\n**RUNBOOK:** https://github.com/droderiquesit/enterprise-observability/blob/main/platform/runbooks/k8s-cronjob-failure.md\n**AUTOMATED DIAGNOSTICS:** workflow `remediate-rerun-job` has run; its output is attached to this event.\n**RELATED EVENTS:** correlated on `kubernetes-workloads.stage.kubernetes-platform` — deployments, infrastructure changes and platform events from the last 30 minutes are attached as context.\n**SLO / ERROR BUDGET:** `slo-k8s-workload-availability` · no error-budget impact (non-production)\n{{/is_alert}}\n{{#is_warning}}\n## Kubernetes CronJob Failing — warning\nApproaching the alert condition on {{value}}. Investigate before it becomes P3. Runbook: https://github.com/droderiquesit/enterprise-observability/blob/main/platform/runbooks/k8s-cronjob-failure.md\n{{/is_warning}}\n{{#is_no_data}}\n## Kubernetes CronJob Failing — NO DATA\nTelemetry stopped arriving for {{value}}. Treat this as a telemetry-health incident: an unmonitored resource is worse than an alerting one. Runbook: https://github.com/droderiquesit/enterprise-observability/blob/main/platform/runbooks/k8s-cronjob-failure.md\n{{/is_no_data}}\n{{#is_recovery}}\n## Recovered · Kubernetes CronJob Failing\n{{value}} returned to normal. Error-budget impact recorded against `slo-k8s-workload-availability`. No action required; the correlation group closes when every child recovers.\n{{/is_recovery}}\n{{#is_warning_recovery}}\nWarning cleared for {{value}}.\n{{/is_warning_recovery}}",
            "monitor_threshold_windows": [],
            "monitor_thresholds": [
              {
                "critical": "1",
                "critical_recovery": "",
                "ok": "",
                "unknown": "",
                "warning": "",
                "warning_recovery": ""
              }
            ],
            "name": "[P3][stage][kubernetes] Kubernetes CronJob Failing (critical)",
            "new_group_delay": 300,
            "new_host_delay": 300,
            "no_data_timeframe": 0,
            "notification_preset_name": "",
            "notify_audit": false,
            "notify_by": [
              "kube_cluster_name"
            ],
            "notify_no_data": false,
            "on_missing_data": "",
            "priority": "3",
            "query": "sum(last_2h):sum:kubernetes_state.job.failed{env:stage,alert_band:critical} by {kube_cluster_name,kube_namespace,kube_cronjob}.as_count() \u003e= 1",
            "renotify_interval": 30,
            "renotify_occurrences": 3,
            "renotify_statuses": [
              "alert"
            ],
            "require_full_window": false,
            "restricted_roles": null,
            "scheduling_options": [],
            "tags": [
              "alert_band:critical",
              "archetype:k8s-cronjob-failure",
              "automation_ref:remediate-rerun-job",
              "correlation_key:kubernetes-workloads.stage.kubernetes-platform",
              "dedup_key:kubernetes-platform.stage.k8s-cronjob-failure.critical",
              "detection:threshold",
              "domain:kubernetes",
              "env:stage",
              "failure_domain:kubernetes-workloads",
              "impact_class:degradation",
              "managed_by:terraform",
              "managed_source:platform",
              "monitor_id:stage.critical.kubernetes.k8s-cronjob-failure",
              "monitoring_profile:critical",
              "notification_profile:nonprod_standard",
              "owner:cloud-engineering",
              "pages:false",
              "priority:p3",
              "resource_type:kube_cronjob",
              "runbook:k8s-cronjob-failure",
              "service:kubernetes-platform",
              "signal:job_failure",
              "slo_id:slo-k8s-workload-availability",
              "support_model:24x7",
              "team:cloud-engineering",
              "tier:tier0"
            ],
            "timeout_h": 0,
            "type": "query alert",
            "validate": null,
            "variables": []
          },
          "sensitive_attributes": [],
          "private": "bnVsbA=="
        },
        {
          "index_key": "stage.critical.kubernetes.k8s-deployment-unavailable",
          "schema_version": 0,
          "attributes": {
            "assets": [],
            "draft_status": "published",
            "enable_logs_sample": null,
            "enable_samples": null,
            "escalation_message": "",
            "evaluation_delay": 300,
            "force_delete": null,
            "group_retention_duration": "",
            "groupby_simple_monitor": null,
            "id": "314372427",
            "include_tags": true,
            "locked": false,
            "message": "{{#is_alert}}\n## P3 · Kubernetes Deployment Has No Available Replicas\n**WHAT:** Kubernetes Deployment Has No Available Replicas: availability signal detected by threshold analysis.\n**WHERE:** {{value}} · env `stage` · region `global`\n**SERVICE:** `kubernetes-platform` (kubernetes / kube_deployment, tier0)\n**BUSINESS IMPACT:** Customers are affected now, or a mission-critical capability is unavailable.\n**WHY IT TRIGGERED:** Zero available replicas is the definition of unavailable. The replica count is a declared contract, not an observed baseline.\n\n**OWNER:** cloud-engineering · support 24x7 · this does not page\n**DO THIS NEXT:** Open the runbook, confirm scope from the group tags, and follow the validation steps. The attached workflow output already contains the standard diagnostics.\n**RUNBOOK:** https://github.com/droderiquesit/enterprise-observability/blob/main/platform/runbooks/k8s-deployment-unavailable.md\n**AUTOMATED DIAGNOSTICS:** workflow `diag-k8s-workload` has run; its output is attached to this event.\n**RELATED EVENTS:** correlated on `kubernetes-workloads.stage.kubernetes-platform` — deployments, infrastructure changes and platform events from the last 30 minutes are attached as context.\n**SLO / ERROR BUDGET:** `slo-k8s-workload-availability` · no error-budget impact (non-production)\n{{/is_alert}}\n{{#is_warning}}\n## Kubernetes Deployment Has No Available Replicas — warning\nApproaching the alert condition on {{value}}. Investigate before it becomes P3. Runbook: https://github.com/droderiquesit/enterprise-observability/blob/main/platform/runbooks/k8s-deployment-unavailable.md\n{{/is_warning}}\n{{#is_no_data}}\n## Kubernetes Deployment Has No Available Replicas — NO DATA\nTelemetry stopped arriving for {{value}}. Treat this as a telemetry-health incident: an unmonitored resource is worse than an alerting one. Runbook: https://github.com/droderiquesit/enterprise-observability/blob/main/platform/runbooks/k8s-deployment-unavailable.md\n{{/is_no_data}}\n{{#is_recovery}}\n## Recovered · Kubernetes Deployment Has No Available Replicas\n{{value}} returned to normal. Error-budget impact recorded against `slo-k8s-workload-availability`. No action required; the correlation group closes when every child recovers.\n{{/is_recovery}}\n{{#is_warning_recovery}}\nWarning cleared for {{value}}.\n{{/is_warning_recovery}}",
            "monitor_threshold_windows": [],
            "monitor_thresholds": [
              {
                "critical": "1",
                "critical_recovery": "",
                "ok": "",
                "unknown": "",
                "warning": "2",
                "warning_recovery": ""
              }
            ],
            "name": "[P3][stage][kubernetes] Kubernetes Deployment Has No Available Replicas (critical)",
            "new_group_delay": 300,
            "new_host_delay": 300,
            "no_data_timeframe": 0,
            "notification_preset_name": "",
            "notify_audit": false,
            "notify_by": [
              "kube_cluster_name"
            ],
            "notify_no_data": false,
            "on_missing_data": "",
            "priority": "3",
            "query": "min(last_15m):sum:kubernetes_state.deployment.replicas_available{env:stage,alert_band:critical} by {kube_cluster_name,kube_namespace,kube_deployment} \u003c 1",
            "renotify_interval": 30,
            "renotify_occurrences": 3,
            "renotify_statuses": [
              "alert"
            ],
            "require_full_window": false,
            "restricted_roles": null,
            "scheduling_options": [],
            "tags": [
              "alert_band:critical",
              "archetype:k8s-deployment-unavailable",
              "automation_ref:diag-k8s-workload",
              "correlation_key:kubernetes-workloads.stage.kubernetes-platform",
              "dedup_key:kubernetes-platform.stage.k8s-deployment-unavailable.critical",
              "detection:threshold",
              "domain:kubernetes",
              "env:stage",
              "failure_domain:kubernetes-workloads",
              "impact_class:customer_impact",
              "managed_by:terraform",
              "managed_source:platform",
              "monitor_id:stage.critical.kubernetes.k8s-deployment-unavailable",
              "monitoring_profile:critical",
              "notification_profile:nonprod_standard",
              "owner:cloud-engineering",
              "pages:false",
              "priority:p3",
              "resource_type:kube_deployment",
              "runbook:k8s-deployment-unavailable",
              "service:kubernetes-platform",
              "signal:availability",
              "slo_id:slo-k8s-workload-availability",
              "support_model:24x7",
              "team:cloud-engineering",
              "tier:tier0"
            ],
            "timeout_h": 0,
            "type": "query alert",
            "validate": null,
            "variables": []
          },
          "sensitive_attributes": [],
          "private": "bnVsbA=="
        },
        {
          "index_key": "stage.critical.kubernetes.k8s-node-not-ready",
          "schema_version": 0,
          "attributes": {
            "assets": [],
            "draft_status": "published",
            "enable_logs_sample": null,
            "enable_samples": null,
            "escalation_message": "",
            "evaluation_delay": 300,
            "force_delete": null,
            "group_retention_duration": "",
            "groupby_simple_monitor": null,
            "id": "314372391",
            "include_tags": true,
            "locked": false,
            "message": "{{#is_alert}}\n## P3 · Kubernetes Node Not Ready\n**WHAT:** Kubernetes Node Not Ready: availability signal detected by threshold analysis.\n**WHERE:** {{value}} · env `stage` · region `global`\n**SERVICE:** `kubernetes-platform` (kubernetes / kube_node, tier0)\n**BUSINESS IMPACT:** The service still functions but measurably worse; a subset of traffic or users is failing.\n**WHY IT TRIGGERED:** NotReady is a discrete node condition.\n**OWNER:** cloud-engineering · support 24x7 · this does not page\n**DO THIS NEXT:** Open the runbook, confirm scope from the group tags, and follow the validation steps. The attached workflow output already contains the standard diagnostics.\n**RUNBOOK:** https://github.com/droderiquesit/enterprise-observability/blob/main/platform/runbooks/k8s-node-not-ready.md\n**AUTOMATED DIAGNOSTICS:** workflow `diag-k8s-workload` has run; its output is attached to this event.\n**RELATED EVENTS:** correlated on `kubernetes-nodes.stage.kubernetes-platform` — deployments, infrastructure changes and platform events from the last 30 minutes are attached as context.\n**SLO / ERROR BUDGET:** `slo-k8s-workload-availability` · no error-budget impact (non-production)\n{{/is_alert}}\n{{#is_warning}}\n## Kubernetes Node Not Ready — warning\nApproaching the alert condition on {{value}}. Investigate before it becomes P3. Runbook: https://github.com/droderiquesit/enterprise-observability/blob/main/platform/runbooks/k8s-node-not-ready.md\n{{/is_warning}}\n{{#is_no_data}}\n## Kubernetes Node Not Ready — NO DATA\nTelemetry stopped arriving for {{value}}. Treat this as a telemetry-health incident: an unmonitored resource is worse than an alerting one. Runbook: https://github.com/droderiquesit/enterprise-observability/blob/main/platform/runbooks/k8s-node-not-ready.md\n{{/is_no_data}}\n{{#is_recovery}}\n## Recovered · Kubernetes Node Not Ready\n{{value}} returned to normal. Error-budget impact recorded against `slo-k8s-workload-availability`. No action required; the correlation group closes when every child recovers.\n{{/is_recovery}}\n{{#is_warning_recovery}}\nWarning cleared for {{value}}.\n{{/is_warning_recovery}}",
            "monitor_threshold_windows": [],
            "monitor_thresholds": [
              {
                "critical": "1",
                "critical_recovery": "",
                "ok": "",
                "unknown": "",
                "warning": "",
                "warning_recovery": ""
              }
            ],
            "name": "[P3][stage][kubernetes] Kubernetes Node Not Ready (critical)",
            "new_group_delay": 300,
            "new_host_delay": 300,
            "no_data_timeframe": 0,
            "notification_preset_name": "",
            "notify_audit": false,
            "notify_by": [
              "kube_cluster_name"
            ],
            "notify_no_data": false,
            "on_missing_data": "",
            "priority": "3",
            "query": "max(last_15m):sum:kubernetes_state.node.status{env:stage,alert_band:critical,status:false,condition:ready} by {kube_cluster_name,node} \u003e= 1",
            "renotify_interval": 30,
            "renotify_occurrences": 3,
            "renotify_statuses": [
              "alert"
            ],
            "require_full_window": false,
            "restricted_roles": null,
            "scheduling_options": [],
            "tags": [
              "alert_band:critical",
              "archetype:k8s-node-not-ready",
              "automation_ref:diag-k8s-workload",
              "correlation_key:kubernetes-nodes.stage.kubernetes-platform",
              "dedup_key:kubernetes-platform.stage.k8s-node-not-ready.critical",
              "detection:threshold",
              "domain:kubernetes",
              "env:stage",
              "failure_domain:kubernetes-nodes",
              "impact_class:degradation",
              "managed_by:terraform",
              "managed_source:platform",
              "monitor_id:stage.critical.kubernetes.k8s-node-not-ready",
              "monitoring_profile:critical",
              "notification_profile:nonprod_standard",
              "owner:cloud-engineering",
              "pages:false",
              "priority:p3",
              "resource_type:kube_node",
              "runbook:k8s-node-not-ready",
              "service:kubernetes-platform",
              "signal:availability",
              "slo_id:slo-k8s-workload-availability",
              "support_model:24x7",
              "team:cloud-engineering",
              "tier:tier0"
            ],
            "timeout_h": 0,
            "type": "query alert",
            "validate": null,
            "variables": []
          },
          "sensitive_attributes": [],
          "private": "bnVsbA=="
        },
        {
          "index_key": "stage.critical.kubernetes.k8s-oomkill",
          "schema_version": 0,
          "attributes": {
            "assets": [],
            "draft_status": "published",
            "enable_logs_sample": null,
            "enable_samples": null,
            "escalation_message": "",
            "evaluation_delay": 300,
            "force_delete": null,
            "group_retention_duration": "",
            "groupby_simple_monitor": null,
            "id": "314372438",
            "include_tags": true,
            "locked": false,
            "message": "{{#is_alert}}\n## P3 · Container OOMKilled\n**WHAT:** Container OOMKilled: saturation signal detected by threshold analysis.\n**WHERE:** {{value}} · env `stage` · region `global`\n**SERVICE:** `kubernetes-platform` (kubernetes / kube_pod, tier0)\n**BUSINESS IMPACT:** The service still functions but measurably worse; a subset of traffic or users is failing.\n**WHY IT TRIGGERED:** An OOMKill is a discrete kernel event; one occurrence is meaningful.\n\n**OWNER:** cloud-engineering · support 24x7 · this does not page\n**DO THIS NEXT:** Open the runbook, confirm scope from the group tags, and follow the validation steps. The attached workflow output already contains the standard diagnostics.\n**RUNBOOK:** https://github.com/droderiquesit/enterprise-observability/blob/main/platform/runbooks/k8s-oomkill.md\n**AUTOMATED DIAGNOSTICS:** workflow `diag-k8s-workload` has run; its output is attached to this event.\n**RELATED EVENTS:** correlated on `kubernetes-workloads.stage.kubernetes-platform` — deployments, infrastructure changes and platform events from the last 30 minutes are attached as context.\n**SLO / ERROR BUDGET:** `slo-k8s-workload-availability` · no error-budget impact (non-production)\n{{/is_alert}}\n{{#is_warning}}\n## Container OOMKilled — warning\nApproaching the alert condition on {{value}}. Investigate before it becomes P3. Runbook: https://github.com/droderiquesit/enterprise-observability/blob/main/platform/runbooks/k8s-oomkill.md\n{{/is_warning}}\n{{#is_no_data}}\n## Container OOMKilled — NO DATA\nTelemetry stopped arriving for {{value}}. Treat this as a telemetry-health incident: an unmonitored resource is worse than an alerting one. Runbook: https://github.com/droderiquesit/enterprise-observability/blob/main/platform/runbooks/k8s-oomkill.md\n{{/is_no_data}}\n{{#is_recovery}}\n## Recovered · Container OOMKilled\n{{value}} returned to normal. Error-budget impact recorded against `slo-k8s-workload-availability`. No action required; the correlation group closes when every child recovers.\n{{/is_recovery}}\n{{#is_warning_recovery}}\nWarning cleared for {{value}}.\n{{/is_warning_recovery}}",
            "monitor_threshold_windows": [],
            "monitor_thresholds": [
              {
                "critical": "1",
                "critical_recovery": "",
                "ok": "",
                "unknown": "",
                "warning": "",
                "warning_recovery": ""
              }
            ],
            "name": "[P3][stage][kubernetes] Container OOMKilled (critical)",
            "new_group_delay": 300,
            "new_host_delay": 300,
            "no_data_timeframe": 0,
            "notification_preset_name": "",
            "notify_audit": false,
            "notify_by": [
              "kube_cluster_name"
            ],
            "notify_no_data": false,
            "on_missing_data": "",
            "priority": "3",
            "query": "sum(last_30m):sum:kubernetes_state.container.status_report.count.terminated{env:stage,alert_band:critical,reason:oomkilled} by {kube_cluster_name,kube_namespace,kube_deployment}.as_count() \u003e= 1",
            "renotify_interval": 30,
            "renotify_occurrences": 3,
            "renotify_statuses": [
              "alert"
            ],
            "require_full_window": false,
            "restricted_roles": null,
            "scheduling_options": [],
            "tags": [
              "alert_band:critical",
              "archetype:k8s-oomkill",
              "automation_ref:diag-k8s-workload",
              "correlation_key:kubernetes-workloads.stage.kubernetes-platform",
              "dedup_key:kubernetes-platform.stage.k8s-oomkill.critical",
              "detection:threshold",
              "domain:kubernetes",
              "env:stage",
              "failure_domain:kubernetes-workloads",
              "impact_class:degradation",
              "managed_by:terraform",
              "managed_source:platform",
              "monitor_id:stage.critical.kubernetes.k8s-oomkill",
              "monitoring_profile:critical",
              "notification_profile:nonprod_standard",
              "owner:cloud-engineering",
              "pages:false",
              "priority:p3",
              "resource_type:kube_pod",
              "runbook:k8s-oomkill",
              "service:kubernetes-platform",
              "signal:saturation",
              "slo_id:slo-k8s-workload-availability",
              "support_model:24x7",
              "team:cloud-engineering",
              "tier:tier0"
            ],
            "timeout_h": 0,
            "type": "query alert",
            "validate": null,
            "variables": []
          },
          "sensitive_attributes": [],
          "private": "bnVsbA=="
        },
        {
          "index_key": "stage.critical.kubernetes.k8s-pod-crashloop",
          "schema_version": 0,
          "attributes": {
            "assets": [],
            "draft_status": "published",
            "enable_logs_sample": null,
            "enable_samples": null,
            "escalation_message": "",
            "evaluation_delay": 300,
            "force_delete": null,
            "group_retention_duration": "",
            "groupby_simple_monitor": null,
            "id": "314372442",
            "include_tags": true,
            "locked": false,
            "message": "{{#is_alert}}\n## P3 · Pods in CrashLoopBackOff\n**WHAT:** Pods in CrashLoopBackOff: availability signal detected by threshold analysis.\n**WHERE:** {{value}} · env `stage` · region `global`\n**SERVICE:** `kubernetes-platform` (kubernetes / kube_pod, tier0)\n**BUSINESS IMPACT:** The service still functions but measurably worse; a subset of traffic or users is failing.\n**WHY IT TRIGGERED:** CrashLoopBackOff is a discrete Kubernetes state, not a metric level.\n\n**OWNER:** cloud-engineering · support 24x7 · this does not page\n**DO THIS NEXT:** Open the runbook, confirm scope from the group tags, and follow the validation steps. The attached workflow output already contains the standard diagnostics.\n**RUNBOOK:** https://github.com/droderiquesit/enterprise-observability/blob/main/platform/runbooks/k8s-pod-crashloop.md\n**AUTOMATED DIAGNOSTICS:** workflow `diag-k8s-workload` has run; its output is attached to this event.\n**RELATED EVENTS:** correlated on `kubernetes-workloads.stage.kubernetes-platform` — deployments, infrastructure changes and platform events from the last 30 minutes are attached as context.\n**SLO / ERROR BUDGET:** `slo-k8s-workload-availability` · no error-budget impact (non-production)\n{{/is_alert}}\n{{#is_warning}}\n## Pods in CrashLoopBackOff — warning\nApproaching the alert condition on {{value}}. Investigate before it becomes P3. Runbook: https://github.com/droderiquesit/enterprise-observability/blob/main/platform/runbooks/k8s-pod-crashloop.md\n{{/is_warning}}\n{{#is_no_data}}\n## Pods in CrashLoopBackOff — NO DATA\nTelemetry stopped arriving for {{value}}. Treat this as a telemetry-health incident: an unmonitored resource is worse than an alerting one. Runbook: https://github.com/droderiquesit/enterprise-observability/blob/main/platform/runbooks/k8s-pod-crashloop.md\n{{/is_no_data}}\n{{#is_recovery}}\n## Recovered · Pods in CrashLoopBackOff\n{{value}} returned to normal. Error-budget impact recorded against `slo-k8s-workload-availability`. No action required; the correlation group closes when every child recovers.\n{{/is_recovery}}\n{{#is_warning_recovery}}\nWarning cleared for {{value}}.\n{{/is_warning_recovery}}",
            "monitor_threshold_windows": [],
            "monitor_thresholds": [
              {
                "critical": "1",
                "critical_recovery": "",
                "ok": "",
                "unknown": "",
                "warning": "",
                "warning_recovery": ""
              }
            ],
            "name": "[P3][stage][kubernetes] Pods in CrashLoopBackOff (critical)",
            "new_group_delay": 300,
            "new_host_delay": 300,
            "no_data_timeframe": 0,
            "notification_preset_name": "",
            "notify_audit": false,
            "notify_by": [
              "kube_cluster_name"
            ],
            "notify_no_data": false,
            "on_missing_data": "",
            "priority": "3",
            "query": "max(last_15m):sum:kubernetes_state.container.status_report.count.waiting{env:stage,alert_band:critical,reason:crashloopbackoff} by {kube_cluster_name,kube_namespace,kube_deployment} \u003e= 1",
            "renotify_interval": 30,
            "renotify_occurrences": 3,
            "renotify_statuses": [
              "alert"
            ],
            "require_full_window": false,
            "restricted_roles": null,
            "scheduling_options": [],
            "tags": [
              "alert_band:critical",
              "archetype:k8s-pod-crashloop",
              "automation_ref:diag-k8s-workload",
              "correlation_key:kubernetes-workloads.stage.kubernetes-platform",
              "dedup_key:kubernetes-platform.stage.k8s-pod-crashloop.critical",
              "detection:threshold",
              "domain:kubernetes",
              "env:stage",
              "failure_domain:kubernetes-workloads",
              "impact_class:degradation",
              "managed_by:terraform",
              "managed_source:platform",
              "monitor_id:stage.critical.kubernetes.k8s-pod-crashloop",
              "monitoring_profile:critical",
              "notification_profile:nonprod_standard",
              "owner:cloud-engineering",
              "pages:false",
              "priority:p3",
              "release_gate:true",
              "resource_type:kube_pod",
              "runbook:k8s-pod-crashloop",
              "service:kubernetes-platform",
              "signal:availability",
              "slo_id:slo-k8s-workload-availability",
              "support_model:24x7",
              "team:cloud-engineering",
              "tier:tier0"
            ],
            "timeout_h": 0,
            "type": "query alert",
            "validate": null,
            "variables": []
          },
          "sensitive_attributes": [],
          "private": "bnVsbA=="
        },
        {
          "index_key": "stage.critical.kubernetes.k8s-pods-pending",
          "schema_version": 0,
          "attributes": {
            "assets": [],
            "draft_status": "published",
            "enable_logs_sample": null,
            "enable_samples": null,
            "escalation_message": "",
            "evaluation_delay": 300,
            "force_delete": null,
            "group_retention_duration": "",
            "groupby_simple_monitor": null,
            "id": "314372456",
            "include_tags": true,
            "locked": false,
            "message": "{{#is_alert}}\n## P3 · Pods Cannot Be Scheduled\n**WHAT:** Pods Cannot Be Scheduled: availability signal detected by threshold analysis.\n**WHERE:** {{value}} · env `stage` · region `global`\n**SERVICE:** `kubernetes-platform` (kubernetes / kube_pod, tier0)\n**BUSINESS IMPACT:** The service still functions but measurably worse; a subset of traffic or users is failing.\n**WHY IT TRIGGERED:** Sustained Pending is a scheduler verdict (insufficient resources, taints, quota) — a state, not a level.\n\n**OWNER:** cloud-engineering · support 24x7 · this does not page\n**DO THIS NEXT:** Open the runbook, confirm scope from the group tags, and follow the validation steps. The attached workflow output already contains the standard diagnostics.\n**RUNBOOK:** https://github.com/droderiquesit/enterprise-observability/blob/main/platform/runbooks/k8s-pods-pending.md\n**AUTOMATED DIAGNOSTICS:** workflow `diag-k8s-workload` has run; its output is attached to this event.\n**RELATED EVENTS:** correlated on `kubernetes-nodes.stage.kubernetes-platform` — deployments, infrastructure changes and platform events from the last 30 minutes are attached as context.\n**SLO / ERROR BUDGET:** `slo-k8s-workload-availability` · no error-budget impact (non-production)\n{{/is_alert}}\n{{#is_warning}}\n## Pods Cannot Be Scheduled — warning\nApproaching the alert condition on {{value}}. Investigate before it becomes P3. Runbook: https://github.com/droderiquesit/enterprise-observability/blob/main/platform/runbooks/k8s-pods-pending.md\n{{/is_warning}}\n{{#is_no_data}}\n## Pods Cannot Be Scheduled — NO DATA\nTelemetry stopped arriving for {{value}}. Treat this as a telemetry-health incident: an unmonitored resource is worse than an alerting one. Runbook: https://github.com/droderiquesit/enterprise-observability/blob/main/platform/runbooks/k8s-pods-pending.md\n{{/is_no_data}}\n{{#is_recovery}}\n## Recovered · Pods Cannot Be Scheduled\n{{value}} returned to normal. Error-budget impact recorded against `slo-k8s-workload-availability`. No action required; the correlation group closes when every child recovers.\n{{/is_recovery}}\n{{#is_warning_recovery}}\nWarning cleared for {{value}}.\n{{/is_warning_recovery}}",
            "monitor_threshold_windows": [],
            "monitor_thresholds": [
              {
                "critical": "3",
                "critical_recovery": "",
                "ok": "",
                "unknown": "",
                "warning": "1",
                "warning_recovery": ""
              }
            ],
            "name": "[P3][stage][kubernetes] Pods Cannot Be Scheduled (critical)",
            "new_group_delay": 300,
            "new_host_delay": 300,
            "no_data_timeframe": 0,
            "notification_preset_name": "",
            "notify_audit": false,
            "notify_by": [
              "kube_cluster_name"
            ],
            "notify_no_data": false,
            "on_missing_data": "",
            "priority": "3",
            "query": "min(last_30m):sum:kubernetes_state.pod.status_phase{env:stage,alert_band:critical,phase:pending} by {kube_cluster_name,kube_namespace} \u003e= 3",
            "renotify_interval": 30,
            "renotify_occurrences": 3,
            "renotify_statuses": [
              "alert"
            ],
            "require_full_window": false,
            "restricted_roles": null,
            "scheduling_options": [],
            "tags": [
              "alert_band:critical",
              "archetype:k8s-pods-pending",
              "automation_ref:diag-k8s-workload",
              "correlation_key:kubernetes-nodes.stage.kubernetes-platform",
              "dedup_key:kubernetes-platform.stage.k8s-pods-pending.critical",
              "detection:threshold",
              "domain:kubernetes",
              "env:stage",
              "failure_domain:kubernetes-nodes",
              "impact_class:degradation",
              "managed_by:terraform",
              "managed_source:platform",
              "monitor_id:stage.critical.kubernetes.k8s-pods-pending",
              "monitoring_profile:critical",
              "notification_profile:nonprod_standard",
              "owner:cloud-engineering",
              "pages:false",
              "priority:p3",
              "resource_type:kube_pod",
              "runbook:k8s-pods-pending",
              "service:kubernetes-platform",
              "signal:availability",
              "slo_id:slo-k8s-workload-availability",
              "support_model:24x7",
              "team:cloud-engineering",
              "tier:tier0"
            ],
            "timeout_h": 0,
            "type": "query alert",
            "validate": null,
            "variables": []
          },
          "sensitive_attributes": [],
          "private": "bnVsbA=="
        },
        {
          "index_key": "stage.critical.kubernetes.k8s-telemetry-loss",
          "schema_version": 0,
          "attributes": {
            "assets": [],
            "draft_status": "published",
            "enable_logs_sample": null,
            "enable_samples": null,
            "escalation_message": "",
            "evaluation_delay": 300,
            "force_delete": null,
            "group_retention_duration": "",
            "groupby_simple_monitor": null,
            "id": "314372448",
            "include_tags": true,
            "locked": false,
            "message": "{{#is_alert}}\n## P4 · Kubernetes Cluster Stopped Reporting\n**WHAT:** Kubernetes Cluster Stopped Reporting: telemetry_health signal detected by threshold analysis.\n**WHERE:** {{value}} · env `stage` · region `global`\n**SERVICE:** `kubernetes-platform` (kubernetes / kube_cluster, tier0)\n**BUSINESS IMPACT:** Observability or configuration hygiene is degraded. No direct customer impact, but our ability to see or govern the estate is reduced.\n**WHY IT TRIGGERED:** Absence of cluster telemetry is binary.\n**OWNER:** cloud-engineering · support 24x7 · this does not page\n**DO THIS NEXT:** Open the runbook, confirm scope from the group tags, and follow the validation steps. The attached workflow output already contains the standard diagnostics.\n**RUNBOOK:** https://github.com/droderiquesit/enterprise-observability/blob/main/platform/runbooks/k8s-telemetry-loss.md\n**AUTOMATED DIAGNOSTICS:** workflow `diag-k8s-workload` has run; its output is attached to this event.\n**RELATED EVENTS:** correlated on `kubernetes-control-plane.stage.kubernetes-platform` — deployments, infrastructure changes and platform events from the last 30 minutes are attached as context.\n**SLO / ERROR BUDGET:** `slo-k8s-workload-availability` · no error-budget impact (non-production)\n{{/is_alert}}\n{{#is_warning}}\n## Kubernetes Cluster Stopped Reporting — warning\nApproaching the alert condition on {{value}}. Investigate before it becomes P4. Runbook: https://github.com/droderiquesit/enterprise-observability/blob/main/platform/runbooks/k8s-telemetry-loss.md\n{{/is_warning}}\n{{#is_no_data}}\n## Kubernetes Cluster Stopped Reporting — NO DATA\nTelemetry stopped arriving for {{value}}. Treat this as a telemetry-health incident: an unmonitored resource is worse than an alerting one. Runbook: https://github.com/droderiquesit/enterprise-observability/blob/main/platform/runbooks/k8s-telemetry-loss.md\n{{/is_no_data}}\n{{#is_recovery}}\n## Recovered · Kubernetes Cluster Stopped Reporting\n{{value}} returned to normal. Error-budget impact recorded against `slo-k8s-workload-availability`. No action required; the correlation group closes when every child recovers.\n{{/is_recovery}}\n{{#is_warning_recovery}}\nWarning cleared for {{value}}.\n{{/is_warning_recovery}}",
            "monitor_threshold_windows": [],
            "monitor_thresholds": [
              {
                "critical": "1",
                "critical_recovery": "",
                "ok": "",
                "unknown": "",
                "warning": "",
                "warning_recovery": ""
              }
            ],
            "name": "[P4][stage][kubernetes] Kubernetes Cluster Stopped Reporting (critical)",
            "new_group_delay": 300,
            "new_host_delay": 300,
            "no_data_timeframe": 45,
            "notification_preset_name": "",
            "notify_audit": false,
            "notify_by": [],
            "notify_no_data": true,
            "on_missing_data": "",
            "priority": "4",
            "query": "sum(last_1h):sum:kubernetes.pods.running{env:stage,alert_band:critical} by {kube_cluster_name}.as_count() \u003c 1",
            "renotify_interval": 30,
            "renotify_occurrences": 3,
            "renotify_statuses": [
              "alert"
            ],
            "require_full_window": false,
            "restricted_roles": null,
            "scheduling_options": [],
            "tags": [
              "alert_band:critical",
              "archetype:k8s-telemetry-loss",
              "automation_ref:diag-k8s-workload",
              "correlation_key:kubernetes-control-plane.stage.kubernetes-platform",
              "dedup_key:kubernetes-platform.stage.k8s-telemetry-loss.critical",
              "detection:threshold",
              "domain:kubernetes",
              "env:stage",
              "failure_domain:kubernetes-control-plane",
              "impact_class:hygiene",
              "managed_by:terraform",
              "managed_source:platform",
              "monitor_id:stage.critical.kubernetes.k8s-telemetry-loss",
              "monitoring_profile:critical",
              "notification_profile:nonprod_standard",
              "owner:cloud-engineering",
              "pages:false",
              "priority:p4",
              "resource_type:kube_cluster",
              "runbook:k8s-telemetry-loss",
              "service:kubernetes-platform",
              "signal:telemetry_health",
              "slo_id:slo-k8s-workload-availability",
              "support_model:24x7",
              "team:cloud-engineering",
              "tier:tier0"
            ],
            "timeout_h": 0,
            "type": "query alert",
            "validate": null,
            "variables": []
          },
          "sensitive_attributes": [],
          "private": "bnVsbA=="
        },
        {
          "index_key": "stage.critical.messaging.consumer-absent",
          "schema_version": 0,
          "attributes": {
            "assets": [],
            "draft_status": "published",
            "enable_logs_sample": null,
            "enable_samples": null,
            "escalation_message": "",
            "evaluation_delay": 300,
            "force_delete": null,
            "group_retention_duration": "",
            "groupby_simple_monitor": null,
            "id": "314372457",
            "include_tags": true,
            "locked": false,
            "message": "{{#is_alert}}\n## P3 · No Active Consumer On Queue\n**WHAT:** No Active Consumer On Queue: availability signal detected by threshold analysis.\n**WHERE:** {{value}} · env `stage` · region `global`\n**SERVICE:** `messaging-platform` (messaging / queue, tier0)\n**BUSINESS IMPACT:** Customers are affected now, or a mission-critical capability is unavailable.\n**WHY IT TRIGGERED:** Zero consumers on a live queue is binary and silent — the queue looks healthy while the business stops.\n\n**OWNER:** cloud-engineering · support 24x7 · this does not page\n**DO THIS NEXT:** Open the runbook, confirm scope from the group tags, and follow the validation steps. The attached workflow output already contains the standard diagnostics.\n**RUNBOOK:** https://github.com/droderiquesit/enterprise-observability/blob/main/platform/runbooks/consumer-absent.md\n**AUTOMATED DIAGNOSTICS:** workflow `diag-messaging` has run; its output is attached to this event.\n**RELATED EVENTS:** correlated on `messaging-platform.stage.messaging-platform` — deployments, infrastructure changes and platform events from the last 30 minutes are attached as context.\n**SLO / ERROR BUDGET:** `slo-messaging-delivery` · no error-budget impact (non-production)\n{{/is_alert}}\n{{#is_warning}}\n## No Active Consumer On Queue — warning\nApproaching the alert condition on {{value}}. Investigate before it becomes P3. Runbook: https://github.com/droderiquesit/enterprise-observability/blob/main/platform/runbooks/consumer-absent.md\n{{/is_warning}}\n{{#is_no_data}}\n## No Active Consumer On Queue — NO DATA\nTelemetry stopped arriving for {{value}}. Treat this as a telemetry-health incident: an unmonitored resource is worse than an alerting one. Runbook: https://github.com/droderiquesit/enterprise-observability/blob/main/platform/runbooks/consumer-absent.md\n{{/is_no_data}}\n{{#is_recovery}}\n## Recovered · No Active Consumer On Queue\n{{value}} returned to normal. Error-budget impact recorded against `slo-messaging-delivery`. No action required; the correlation group closes when every child recovers.\n{{/is_recovery}}\n{{#is_warning_recovery}}\nWarning cleared for {{value}}.\n{{/is_warning_recovery}}",
            "monitor_threshold_windows": [],
            "monitor_thresholds": [
              {
                "critical": "1",
                "critical_recovery": "",
                "ok": "",
                "unknown": "",
                "warning": "",
                "warning_recovery": ""
              }
            ],
            "name": "[P3][stage][messaging] No Active Consumer On Queue (critical)",
            "new_group_delay": 300,
            "new_host_delay": 300,
            "no_data_timeframe": 0,
            "notification_preset_name": "",
            "notify_audit": false,
            "notify_by": [
              "namespace"
            ],
            "notify_no_data": false,
            "on_missing_data": "",
            "priority": "3",
            "query": "min(last_30m):avg:acme.messaging.active_consumers{env:stage,alert_band:critical} by {namespace,entity} \u003c 1",
            "renotify_interval": 30,
            "renotify_occurrences": 3,
            "renotify_statuses": [
              "alert"
            ],
            "require_full_window": false,
            "restricted_roles": null,
            "scheduling_options": [],
            "tags": [
              "alert_band:critical",
              "archetype:consumer-absent",
              "automation_ref:diag-messaging",
              "correlation_key:messaging-platform.stage.messaging-platform",
              "dedup_key:messaging-platform.stage.consumer-absent.critical",
              "detection:threshold",
              "domain:messaging",
              "env:stage",
              "failure_domain:messaging-platform",
              "impact_class:customer_impact",
              "managed_by:terraform",
              "managed_source:platform",
              "monitor_id:stage.critical.messaging.consumer-absent",
              "monitoring_profile:critical",
              "notification_profile:nonprod_standard",
              "owner:cloud-engineering",
              "pages:false",
              "priority:p3",
              "resource_type:queue",
              "runbook:consumer-absent",
              "service:messaging-platform",
              "signal:availability",
              "slo_id:slo-messaging-delivery",
              "support_model:24x7",
              "team:cloud-engineering",
              "tier:tier0"
            ],
            "timeout_h": 0,
            "type": "query alert",
            "validate": null,
            "variables": []
          },
          "sensitive_attributes": [],
          "private": "bnVsbA=="
        },
        {
          "index_key": "stage.critical.messaging.consumer-dlq-growth",
          "schema_version": 0,
          "attributes": {
            "assets": [],
            "draft_status": "published",
            "enable_logs_sample": null,
            "enable_samples": null,
            "escalation_message": "",
            "evaluation_delay": 300,
            "force_delete": null,
            "group_retention_duration": "",
            "groupby_simple_monitor": null,
            "id": "314372505",
            "include_tags": true,
            "locked": false,
            "message": "{{#is_alert}}\n## P3 · Dead Letter Queue Growth\n**WHAT:** Dead Letter Queue Growth: dlq_depth signal detected by threshold analysis.\n**WHERE:** {{value}} · env `stage` · region `global`\n**SERVICE:** `messaging-platform` (messaging / queue, tier0)\n**BUSINESS IMPACT:** The service still functions but measurably worse; a subset of traffic or users is failing.\n**WHY IT TRIGGERED:** Dead-lettered messages are business events that were permanently lost; the threshold reflects the manual replay capacity of one engineer.\n\n**OWNER:** cloud-engineering · support 24x7 · this does not page\n**DO THIS NEXT:** Open the runbook, confirm scope from the group tags, and follow the validation steps. The attached workflow output already contains the standard diagnostics.\n**RUNBOOK:** https://github.com/droderiquesit/enterprise-observability/blob/main/platform/runbooks/consumer-dlq-growth.md\n**AUTOMATED DIAGNOSTICS:** workflow `remediate-clear-dlq` has run; its output is attached to this event.\n**RELATED EVENTS:** correlated on `messaging-platform.stage.messaging-platform` — deployments, infrastructure changes and platform events from the last 30 minutes are attached as context.\n**SLO / ERROR BUDGET:** `slo-messaging-delivery` · no error-budget impact (non-production)\n{{/is_alert}}\n{{#is_warning}}\n## Dead Letter Queue Growth — warning\nApproaching the alert condition on {{value}}. Investigate before it becomes P3. Runbook: https://github.com/droderiquesit/enterprise-observability/blob/main/platform/runbooks/consumer-dlq-growth.md\n{{/is_warning}}\n{{#is_no_data}}\n## Dead Letter Queue Growth — NO DATA\nTelemetry stopped arriving for {{value}}. Treat this as a telemetry-health incident: an unmonitored resource is worse than an alerting one. Runbook: https://github.com/droderiquesit/enterprise-observability/blob/main/platform/runbooks/consumer-dlq-growth.md\n{{/is_no_data}}\n{{#is_recovery}}\n## Recovered · Dead Letter Queue Growth\n{{value}} returned to normal. Error-budget impact recorded against `slo-messaging-delivery`. No action required; the correlation group closes when every child recovers.\n{{/is_recovery}}\n{{#is_warning_recovery}}\nWarning cleared for {{value}}.\n{{/is_warning_recovery}}",
            "monitor_threshold_windows": [],
            "monitor_thresholds": [
              {
                "critical": "100",
                "critical_recovery": "",
                "ok": "",
                "unknown": "",
                "warning": "10",
                "warning_recovery": ""
              }
            ],
            "name": "[P3][stage][messaging] Dead Letter Queue Growth (critical)",
            "new_group_delay": 300,
            "new_host_delay": 300,
            "no_data_timeframe": 0,
            "notification_preset_name": "",
            "notify_audit": false,
            "notify_by": [
              "namespace"
            ],
            "notify_no_data": false,
            "on_missing_data": "",
            "priority": "3",
            "query": "avg(last_1h):avg:azure.servicebus_namespaces.deadletteredmessages{env:stage,alert_band:critical} by {namespace,entity} \u003e 100",
            "renotify_interval": 30,
            "renotify_occurrences": 3,
            "renotify_statuses": [
              "alert"
            ],
            "require_full_window": false,
            "restricted_roles": null,
            "scheduling_options": [],
            "tags": [
              "alert_band:critical",
              "archetype:consumer-dlq-growth",
              "automation_ref:remediate-clear-dlq",
              "correlation_key:messaging-platform.stage.messaging-platform",
              "dedup_key:messaging-platform.stage.consumer-dlq-growth.critical",
              "detection:threshold",
              "domain:messaging",
              "env:stage",
              "failure_domain:messaging-platform",
              "impact_class:degradation",
              "managed_by:terraform",
              "managed_source:platform",
              "monitor_id:stage.critical.messaging.consumer-dlq-growth",
              "monitoring_profile:critical",
              "notification_profile:nonprod_standard",
              "owner:cloud-engineering",
              "pages:false",
              "priority:p3",
              "resource_type:queue",
              "runbook:consumer-dlq-growth",
              "service:messaging-platform",
              "signal:dlq_depth",
              "slo_id:slo-messaging-delivery",
              "support_model:24x7",
              "team:cloud-engineering",
              "tier:tier0"
            ],
            "timeout_h": 0,
            "type": "query alert",
            "validate": null,
            "variables": []
          },
          "sensitive_attributes": [],
          "private": "bnVsbA=="
        },
        {
          "index_key": "stage.critical.messaging.messaging-publish-failure",
          "schema_version": 0,
          "attributes": {
            "assets": [],
            "draft_status": "published",
            "enable_logs_sample": null,
            "enable_samples": null,
            "escalation_message": "",
            "evaluation_delay": 300,
            "force_delete": null,
            "group_retention_duration": "",
            "groupby_simple_monitor": null,
            "id": "314372491",
            "include_tags": true,
            "locked": false,
            "message": "{{#is_alert}}\n## P3 · Message Publish Failures\n**WHAT:** Message Publish Failures: error_rate signal detected by anomaly analysis.\n**WHERE:** {{value}} · env `stage` · region `global`\n**SERVICE:** `messaging-platform` (messaging / service, tier0)\n**BUSINESS IMPACT:** Customers are affected now, or a mission-critical capability is unavailable.\n**WHY IT TRIGGERED:** The signal deviated from its own learned baseline by more than the configured number of deviations — not because it crossed a fixed number.\n**OWNER:** cloud-engineering · support 24x7 · this does not page\n**DO THIS NEXT:** Open the runbook, confirm scope from the group tags, and follow the validation steps. The attached workflow output already contains the standard diagnostics.\n**RUNBOOK:** https://github.com/droderiquesit/enterprise-observability/blob/main/platform/runbooks/messaging-publish-failure.md\n**AUTOMATED DIAGNOSTICS:** workflow `diag-messaging` has run; its output is attached to this event.\n**RELATED EVENTS:** correlated on `messaging-platform.stage.messaging-platform` — deployments, infrastructure changes and platform events from the last 30 minutes are attached as context.\n**SLO / ERROR BUDGET:** `slo-messaging-delivery` · no error-budget impact (non-production)\n{{/is_alert}}\n{{#is_warning}}\n## Message Publish Failures — warning\nApproaching the alert condition on {{value}}. Investigate before it becomes P3. Runbook: https://github.com/droderiquesit/enterprise-observability/blob/main/platform/runbooks/messaging-publish-failure.md\n{{/is_warning}}\n{{#is_no_data}}\n## Message Publish Failures — NO DATA\nTelemetry stopped arriving for {{value}}. Treat this as a telemetry-health incident: an unmonitored resource is worse than an alerting one. Runbook: https://github.com/droderiquesit/enterprise-observability/blob/main/platform/runbooks/messaging-publish-failure.md\n{{/is_no_data}}\n{{#is_recovery}}\n## Recovered · Message Publish Failures\n{{value}} returned to normal. Error-budget impact recorded against `slo-messaging-delivery`. No action required; the correlation group closes when every child recovers.\n{{/is_recovery}}\n{{#is_warning_recovery}}\nWarning cleared for {{value}}.\n{{/is_warning_recovery}}",
            "monitor_threshold_windows": [],
            "monitor_thresholds": [
              {
                "critical": "1",
                "critical_recovery": "",
                "ok": "",
                "unknown": "",
                "warning": "",
                "warning_recovery": ""
              }
            ],
            "name": "[P3][stage][messaging] Message Publish Failures (critical)",
            "new_group_delay": 300,
            "new_host_delay": 300,
            "no_data_timeframe": 0,
            "notification_preset_name": "",
            "notify_audit": false,
            "notify_by": [
              "namespace"
            ],
            "notify_no_data": false,
            "on_missing_data": "",
            "priority": "3",
            "query": "avg(last_30m):anomalies(sum:acme.messaging.publish_errors{env:stage,alert_band:critical} by {service,namespace}.as_rate(), 'agile', 3) \u003e= 1",
            "renotify_interval": 30,
            "renotify_occurrences": 3,
            "renotify_statuses": [
              "alert"
            ],
            "require_full_window": false,
            "restricted_roles": null,
            "scheduling_options": [],
            "tags": [
              "alert_band:critical",
              "archetype:messaging-publish-failure",
              "automation_ref:diag-messaging",
              "correlation_key:messaging-platform.stage.messaging-platform",
              "dedup_key:messaging-platform.stage.messaging-publish-failure.critical",
              "detection:anomaly",
              "domain:messaging",
              "env:stage",
              "failure_domain:messaging-platform",
              "impact_class:customer_impact",
              "managed_by:terraform",
              "managed_source:platform",
              "monitor_id:stage.critical.messaging.messaging-publish-failure",
              "monitoring_profile:critical",
              "notification_profile:nonprod_standard",
              "owner:cloud-engineering",
              "pages:false",
              "priority:p3",
              "resource_type:service",
              "runbook:messaging-publish-failure",
              "service:messaging-platform",
              "signal:error_rate",
              "slo_id:slo-messaging-delivery",
              "support_model:24x7",
              "team:cloud-engineering",
              "tier:tier0"
            ],
            "timeout_h": 0,
            "type": "query alert",
            "validate": null,
            "variables": []
          },
          "sensitive_attributes": [],
          "private": "bnVsbA=="
        },
        {
          "index_key": "stage.critical.network.loadbalancer-pool-degraded",
          "schema_version": 0,
          "attributes": {
            "assets": [],
            "draft_status": "published",
            "enable_logs_sample": null,
            "enable_samples": null,
            "escalation_message": "",
            "evaluation_delay": 300,
            "force_delete": null,
            "group_retention_duration": "",
            "groupby_simple_monitor": null,
            "id": "314372506",
            "include_tags": true,
            "locked": false,
            "message": "{{#is_alert}}\n## P3 · Load Balancer Pool Redundancy Degraded\n**WHAT:** Load Balancer Pool Redundancy Degraded: availability signal detected by threshold analysis.\n**WHERE:** {{value}} · env `stage` · region `global`\n**SERVICE:** `network-platform` (network / load_balancer, tier0)\n**BUSINESS IMPACT:** The service still functions but measurably worse; a subset of traffic or users is failing.\n**WHY IT TRIGGERED:** Redundancy ratios are a design contract.\n**OWNER:** infrastructure-engineering · support 24x7 · this does not page\n**DO THIS NEXT:** Open the runbook, confirm scope from the group tags, and follow the validation steps. The attached workflow output already contains the standard diagnostics.\n**RUNBOOK:** https://github.com/droderiquesit/enterprise-observability/blob/main/platform/runbooks/loadbalancer-pool-degraded.md\n**AUTOMATED DIAGNOSTICS:** workflow `diag-network` has run; its output is attached to this event.\n**RELATED EVENTS:** correlated on `network-edge.stage.network-platform` — deployments, infrastructure changes and platform events from the last 30 minutes are attached as context.\n**SLO / ERROR BUDGET:** `slo-network-availability` · no error-budget impact (non-production)\n{{/is_alert}}\n{{#is_warning}}\n## Load Balancer Pool Redundancy Degraded — warning\nApproaching the alert condition on {{value}}. Investigate before it becomes P3. Runbook: https://github.com/droderiquesit/enterprise-observability/blob/main/platform/runbooks/loadbalancer-pool-degraded.md\n{{/is_warning}}\n{{#is_no_data}}\n## Load Balancer Pool Redundancy Degraded — NO DATA\nTelemetry stopped arriving for {{value}}. Treat this as a telemetry-health incident: an unmonitored resource is worse than an alerting one. Runbook: https://github.com/droderiquesit/enterprise-observability/blob/main/platform/runbooks/loadbalancer-pool-degraded.md\n{{/is_no_data}}\n{{#is_recovery}}\n## Recovered · Load Balancer Pool Redundancy Degraded\n{{value}} returned to normal. Error-budget impact recorded against `slo-network-availability`. No action required; the correlation group closes when every child recovers.\n{{/is_recovery}}\n{{#is_warning_recovery}}\nWarning cleared for {{value}}.\n{{/is_warning_recovery}}",
            "monitor_threshold_windows": [],
            "monitor_thresholds": [
              {
                "critical": "0.6",
                "critical_recovery": "",
                "ok": "",
                "unknown": "",
                "warning": "0.8",
                "warning_recovery": ""
              }
            ],
            "name": "[P3][stage][network] Load Balancer Pool Redundancy Degraded (critical)",
            "new_group_delay": 300,
            "new_host_delay": 300,
            "no_data_timeframe": 0,
            "notification_preset_name": "",
            "notify_audit": false,
            "notify_by": [
              "load_balancer"
            ],
            "notify_no_data": false,
            "on_missing_data": "",
            "priority": "3",
            "query": "min(last_15m):avg:acme.lb.healthy_members{env:stage,alert_band:critical} by {load_balancer,pool} / avg:acme.lb.total_members{env:stage,alert_band:critical} by {load_balancer,pool} \u003c 0.6",
            "renotify_interval": 30,
            "renotify_occurrences": 3,
            "renotify_statuses": [
              "alert"
            ],
            "require_full_window": false,
            "restricted_roles": null,
            "scheduling_options": [],
            "tags": [
              "alert_band:critical",
              "archetype:loadbalancer-pool-degraded",
              "automation_ref:diag-network",
              "correlation_key:network-edge.stage.network-platform",
              "dedup_key:network-platform.stage.loadbalancer-pool-degraded.critical",
              "detection:threshold",
              "domain:network",
              "env:stage",
              "failure_domain:network-edge",
              "impact_class:degradation",
              "managed_by:terraform",
              "managed_source:platform",
              "monitor_id:stage.critical.network.loadbalancer-pool-degraded",
              "monitoring_profile:critical",
              "notification_profile:nonprod_standard",
              "owner:infrastructure-engineering",
              "pages:false",
              "priority:p3",
              "resource_type:load_balancer",
              "runbook:loadbalancer-pool-degraded",
              "service:network-platform",
              "signal:availability",
              "slo_id:slo-network-availability",
              "support_model:24x7",
              "team:infrastructure-engineering",
              "tier:tier0"
            ],
            "timeout_h": 0,
            "type": "query alert",
            "validate": null,
            "variables": []
          },
          "sensitive_attributes": [],
          "private": "bnVsbA=="
        },
        {
          "index_key": "stage.critical.platform.platform-service-unavailable",
          "schema_version": 0,
          "attributes": {
            "assets": [],
            "draft_status": "published",
            "enable_logs_sample": null,
            "enable_samples": null,
            "escalation_message": "",
            "evaluation_delay": 300,
            "force_delete": null,
            "group_retention_duration": "",
            "groupby_simple_monitor": null,
            "id": "314372490",
            "include_tags": true,
            "locked": false,
            "message": "{{#is_alert}}\n## P3 · Shared Platform Service Unavailable\n**WHAT:** Shared Platform Service Unavailable: availability signal detected by threshold analysis.\n**WHERE:** {{value}} · env `stage` · region `global`\n**SERVICE:** `platform-services` (platform / service, tier0)\n**BUSINESS IMPACT:** Customers are affected now, or a mission-critical capability is unavailable.\n**WHY IT TRIGGERED:** A shared platform service failing for most callers is an availability boundary that multiplies across every consuming team.\n\n**OWNER:** observability-platform · support 24x7 · this does not page\n**DO THIS NEXT:** Open the runbook, confirm scope from the group tags, and follow the validation steps. The attached workflow output already contains the standard diagnostics.\n**RUNBOOK:** https://github.com/droderiquesit/enterprise-observability/blob/main/platform/runbooks/platform-service-unavailable.md\n**AUTOMATED DIAGNOSTICS:** workflow `diag-app-health` has run; its output is attached to this event.\n**RELATED EVENTS:** correlated on `observability-platform.stage.platform-services` — deployments, infrastructure changes and platform events from the last 30 minutes are attached as context.\n**SLO / ERROR BUDGET:** `slo-platform-services` · no error-budget impact (non-production)\n{{/is_alert}}\n{{#is_warning}}\n## Shared Platform Service Unavailable — warning\nApproaching the alert condition on {{value}}. Investigate before it becomes P3. Runbook: https://github.com/droderiquesit/enterprise-observability/blob/main/platform/runbooks/platform-service-unavailable.md\n{{/is_warning}}\n{{#is_no_data}}\n## Shared Platform Service Unavailable — NO DATA\nTelemetry stopped arriving for {{value}}. Treat this as a telemetry-health incident: an unmonitored resource is worse than an alerting one. Runbook: https://github.com/droderiquesit/enterprise-observability/blob/main/platform/runbooks/platform-service-unavailable.md\n{{/is_no_data}}\n{{#is_recovery}}\n## Recovered · Shared Platform Service Unavailable\n{{value}} returned to normal. Error-budget impact recorded against `slo-platform-services`. No action required; the correlation group closes when every child recovers.\n{{/is_recovery}}\n{{#is_warning_recovery}}\nWarning cleared for {{value}}.\n{{/is_warning_recovery}}",
            "monitor_threshold_windows": [],
            "monitor_thresholds": [
              {
                "critical": "0.5",
                "critical_recovery": "",
                "ok": "",
                "unknown": "",
                "warning": "0.2",
                "warning_recovery": ""
              }
            ],
            "name": "[P3][stage][platform] Shared Platform Service Unavailable (critical)",
            "new_group_delay": 300,
            "new_host_delay": 300,
            "no_data_timeframe": 0,
            "notification_preset_name": "",
            "notify_audit": false,
            "notify_by": [],
            "notify_no_data": false,
            "on_missing_data": "",
            "priority": "3",
            "query": "sum(last_10m):sum:trace.http.request.hits{env:stage,alert_band:critical,service_archetype:platform_service,http.status_class:5xx} by {service}.as_count() / sum:trace.http.request.hits{env:stage,alert_band:critical,service_archetype:platform_service} by {service}.as_count() \u003e 0.5",
            "renotify_interval": 30,
            "renotify_occurrences": 3,
            "renotify_statuses": [
              "alert"
            ],
            "require_full_window": false,
            "restricted_roles": null,
            "scheduling_options": [],
            "tags": [
              "alert_band:critical",
              "archetype:platform-service-unavailable",
              "automation_ref:diag-app-health",
              "correlation_key:observability-platform.stage.platform-services",
              "dedup_key:platform-services.stage.platform-service-unavailable.critical",
              "detection:threshold",
              "domain:platform",
              "env:stage",
              "failure_domain:observability-platform",
              "impact_class:customer_impact",
              "managed_by:terraform",
              "managed_source:platform",
              "monitor_id:stage.critical.platform.platform-service-unavailable",
              "monitoring_profile:critical",
              "notification_profile:nonprod_standard",
              "owner:observability-platform",
              "pages:false",
              "priority:p3",
              "resource_type:service",
              "runbook:platform-service-unavailable",
              "service:platform-services",
              "signal:availability",
              "slo_id:slo-platform-services",
              "support_model:24x7",
              "team:observability-platform",
              "tier:tier0"
            ],
            "timeout_h": 0,
            "type": "query alert",
            "validate": null,
            "variables": []
          },
          "sensitive_attributes": [],
          "private": "bnVsbA=="
        },
        {
          "index_key": "stage.critical.saas.saas-error-anomaly",
          "schema_version": 0,
          "attributes": {
            "assets": [],
            "draft_status": "published",
            "enable_logs_sample": null,
            "enable_samples": null,
            "escalation_message": "",
            "evaluation_delay": 300,
            "force_delete": null,
            "group_retention_duration": "",
            "groupby_simple_monitor": null,
            "id": "314372617",
            "include_tags": true,
            "locked": false,
            "message": "{{#is_alert}}\n## P3 · SaaS Dependency Error Anomaly\n**WHAT:** SaaS Dependency Error Anomaly: error_rate signal detected by anomaly analysis.\n**WHERE:** {{value}} · env `stage` · region `global`\n**SERVICE:** `external-dependencies` (saas / saas_vendor, tier0)\n**BUSINESS IMPACT:** The service still functions but measurably worse; a subset of traffic or users is failing.\n**WHY IT TRIGGERED:** The signal deviated from its own learned baseline by more than the configured number of deviations — not because it crossed a fixed number.\n**OWNER:** sre · support 24x7 · this does not page\n**DO THIS NEXT:** Open the runbook, confirm scope from the group tags, and follow the validation steps. The attached workflow output already contains the standard diagnostics.\n**RUNBOOK:** https://github.com/droderiquesit/enterprise-observability/blob/main/platform/runbooks/saas-error-anomaly.md\n**AUTOMATED DIAGNOSTICS:** workflow `diag-dependency` has run; its output is attached to this event.\n**RELATED EVENTS:** correlated on `saas-dependency.stage.external-dependencies` — deployments, infrastructure changes and platform events from the last 30 minutes are attached as context.\n**SLO / ERROR BUDGET:** `slo-external-dependency` · no error-budget impact (non-production)\n{{/is_alert}}\n{{#is_warning}}\n## SaaS Dependency Error Anomaly — warning\nApproaching the alert condition on {{value}}. Investigate before it becomes P3. Runbook: https://github.com/droderiquesit/enterprise-observability/blob/main/platform/runbooks/saas-error-anomaly.md\n{{/is_warning}}\n{{#is_no_data}}\n## SaaS Dependency Error Anomaly — NO DATA\nTelemetry stopped arriving for {{value}}. Treat this as a telemetry-health incident: an unmonitored resource is worse than an alerting one. Runbook: https://github.com/droderiquesit/enterprise-observability/blob/main/platform/runbooks/saas-error-anomaly.md\n{{/is_no_data}}\n{{#is_recovery}}\n## Recovered · SaaS Dependency Error Anomaly\n{{value}} returned to normal. Error-budget impact recorded against `slo-external-dependency`. No action required; the correlation group closes when every child recovers.\n{{/is_recovery}}\n{{#is_warning_recovery}}\nWarning cleared for {{value}}.\n{{/is_warning_recovery}}",
            "monitor_threshold_windows": [],
            "monitor_thresholds": [
              {
                "critical": "1",
                "critical_recovery": "",
                "ok": "",
                "unknown": "",
                "warning": "",
                "warning_recovery": ""
              }
            ],
            "name": "[P3][stage][saas] SaaS Dependency Error Anomaly (critical)",
            "new_group_delay": 300,
            "new_host_delay": 300,
            "no_data_timeframe": 0,
            "notification_preset_name": "",
            "notify_audit": false,
            "notify_by": [],
            "notify_no_data": false,
            "on_missing_data": "",
            "priority": "3",
            "query": "avg(last_30m):anomalies(sum:trace.http.client.request.errors{env:stage,alert_band:critical,peer.dependency_kind:external} by {service,peer.service}.as_rate(), 'agile', 3) \u003e= 1",
            "renotify_interval": 30,
            "renotify_occurrences": 3,
            "renotify_statuses": [
              "alert"
            ],
            "require_full_window": false,
            "restricted_roles": null,
            "scheduling_options": [],
            "tags": [
              "alert_band:critical",
              "archetype:saas-error-anomaly",
              "automation_ref:diag-dependency",
              "correlation_key:saas-dependency.stage.external-dependencies",
              "dedup_key:external-dependencies.stage.saas-error-anomaly.critical",
              "detection:anomaly",
              "domain:saas",
              "env:stage",
              "failure_domain:saas-dependency",
              "impact_class:degradation",
              "managed_by:terraform",
              "managed_source:platform",
              "monitor_id:stage.critical.saas.saas-error-anomaly",
              "monitoring_profile:critical",
              "notification_profile:nonprod_standard",
              "owner:sre",
              "pages:false",
              "priority:p3",
              "resource_type:saas_vendor",
              "runbook:saas-error-anomaly",
              "service:external-dependencies",
              "signal:error_rate",
              "slo_id:slo-external-dependency",
              "support_model:24x7",
              "team:sre",
              "tier:tier0"
            ],
            "timeout_h": 0,
            "type": "query alert",
            "validate": null,
            "variables": []
          },
          "sensitive_attributes": [],
          "private": "bnVsbA=="
        },
        {
          "index_key": "stage.critical.saas.synthetic-certificate-expiry",
          "schema_version": 0,
          "attributes": {
            "assets": [],
            "draft_status": "published",
            "enable_logs_sample": null,
            "enable_samples": null,
            "escalation_message": "",
            "evaluation_delay": 300,
            "force_delete": null,
            "group_retention_duration": "",
            "groupby_simple_monitor": null,
            "id": "314372479",
            "include_tags": true,
            "locked": false,
            "message": "{{#is_alert}}\n## P3 · Endpoint TLS Certificate Approaching Expiry\n**WHAT:** Endpoint TLS Certificate Approaching Expiry: certificate_expiry signal detected by threshold analysis.\n**WHERE:** {{value}} · env `stage` · region `global`\n**SERVICE:** `external-dependencies` (saas / synthetic_check, tier0)\n**BUSINESS IMPACT:** Nothing is broken yet. A boundary will be crossed if nobody acts within the lead time this monitor provides.\n**WHY IT TRIGGERED:** 21 days matches the PKI renewal lead time.\n**OWNER:** sre · support 24x7 · this does not page\n**DO THIS NEXT:** Open the runbook, confirm scope from the group tags, and follow the validation steps. The attached workflow output already contains the standard diagnostics.\n**RUNBOOK:** https://github.com/droderiquesit/enterprise-observability/blob/main/platform/runbooks/synthetic-certificate-expiry.md\n**AUTOMATED DIAGNOSTICS:** workflow `auto-cert-renewal-ticket` has run; its output is attached to this event.\n**RELATED EVENTS:** correlated on `external-endpoint.stage.external-dependencies` — deployments, infrastructure changes and platform events from the last 30 minutes are attached as context.\n**SLO / ERROR BUDGET:** `slo-external-dependency` · no error-budget impact (non-production)\n{{/is_alert}}\n{{#is_warning}}\n## Endpoint TLS Certificate Approaching Expiry — warning\nApproaching the alert condition on {{value}}. Investigate before it becomes P3. Runbook: https://github.com/droderiquesit/enterprise-observability/blob/main/platform/runbooks/synthetic-certificate-expiry.md\n{{/is_warning}}\n{{#is_no_data}}\n## Endpoint TLS Certificate Approaching Expiry — NO DATA\nTelemetry stopped arriving for {{value}}. Treat this as a telemetry-health incident: an unmonitored resource is worse than an alerting one. Runbook: https://github.com/droderiquesit/enterprise-observability/blob/main/platform/runbooks/synthetic-certificate-expiry.md\n{{/is_no_data}}\n{{#is_recovery}}\n## Recovered · Endpoint TLS Certificate Approaching Expiry\n{{value}} returned to normal. Error-budget impact recorded against `slo-external-dependency`. No action required; the correlation group closes when every child recovers.\n{{/is_recovery}}\n{{#is_warning_recovery}}\nWarning cleared for {{value}}.\n{{/is_warning_recovery}}",
            "monitor_threshold_windows": [],
            "monitor_thresholds": [
              {
                "critical": "21",
                "critical_recovery": "",
                "ok": "",
                "unknown": "",
                "warning": "45",
                "warning_recovery": ""
              }
            ],
            "name": "[P3][stage][saas] Endpoint TLS Certificate Approaching Expiry (critical)",
            "new_group_delay": 300,
            "new_host_delay": 300,
            "no_data_timeframe": 0,
            "notification_preset_name": "",
            "notify_audit": false,
            "notify_by": [],
            "notify_no_data": false,
            "on_missing_data": "",
            "priority": "3",
            "query": "min(last_6h):min:synthetics.ssl.days_left{env:stage,alert_band:critical} by {check_id} \u003c 21",
            "renotify_interval": 30,
            "renotify_occurrences": 3,
            "renotify_statuses": [
              "alert"
            ],
            "require_full_window": false,
            "restricted_roles": null,
            "scheduling_options": [],
            "tags": [
              "alert_band:critical",
              "archetype:synthetic-certificate-expiry",
              "automation_ref:auto-cert-renewal-ticket",
              "compliance_scope:sox",
              "correlation_key:external-endpoint.stage.external-dependencies",
              "dedup_key:external-dependencies.stage.synthetic-certificate-expiry.critical",
              "detection:threshold",
              "domain:saas",
              "env:stage",
              "failure_domain:external-endpoint",
              "impact_class:risk",
              "managed_by:terraform",
              "managed_source:platform",
              "monitor_id:stage.critical.saas.synthetic-certificate-expiry",
              "monitoring_profile:regulated",
              "notification_profile:nonprod_standard",
              "owner:sre",
              "pages:false",
              "priority:p3",
              "resource_type:synthetic_check",
              "runbook:synthetic-certificate-expiry",
              "service:external-dependencies",
              "signal:certificate_expiry",
              "slo_id:slo-external-dependency",
              "support_model:24x7",
              "team:sre",
              "tier:tier0"
            ],
            "timeout_h": 0,
            "type": "query alert",
            "validate": null,
            "variables": []
          },
          "sensitive_attributes": [],
          "private": "bnVsbA=="
        },
        {
          "index_key": "stage.critical.saas.synthetic-endpoint-down",
          "schema_version": 0,
          "attributes": {
            "assets": [],
            "draft_status": "published",
            "enable_logs_sample": null,
            "enable_samples": null,
            "escalation_message": "",
            "evaluation_delay": 300,
            "force_delete": null,
            "group_retention_duration": "",
            "groupby_simple_monitor": null,
            "id": "314372560",
            "include_tags": true,
            "locked": false,
            "message": "{{#is_alert}}\n## P3 · External Endpoint Unavailable\n**WHAT:** External Endpoint Unavailable: availability signal detected by threshold analysis.\n**WHERE:** {{value}} · env `stage` · region `global`\n**SERVICE:** `external-dependencies` (saas / synthetic_check, tier0)\n**BUSINESS IMPACT:** Customers are affected now, or a mission-critical capability is unavailable.\n**WHY IT TRIGGERED:** Three failures across locations distinguishes a real outage from one unhappy probe location.\n\n**OWNER:** sre · support 24x7 · this does not page\n**DO THIS NEXT:** Open the runbook, confirm scope from the group tags, and follow the validation steps. The attached workflow output already contains the standard diagnostics.\n**RUNBOOK:** https://github.com/droderiquesit/enterprise-observability/blob/main/platform/runbooks/synthetic-endpoint-down.md\n**AUTOMATED DIAGNOSTICS:** workflow `diag-external-endpoint` has run; its output is attached to this event.\n**RELATED EVENTS:** correlated on `external-endpoint.stage.external-dependencies` — deployments, infrastructure changes and platform events from the last 30 minutes are attached as context.\n**SLO / ERROR BUDGET:** `slo-external-dependency` · no error-budget impact (non-production)\n{{/is_alert}}\n{{#is_warning}}\n## External Endpoint Unavailable — warning\nApproaching the alert condition on {{value}}. Investigate before it becomes P3. Runbook: https://github.com/droderiquesit/enterprise-observability/blob/main/platform/runbooks/synthetic-endpoint-down.md\n{{/is_warning}}\n{{#is_no_data}}\n## External Endpoint Unavailable — NO DATA\nTelemetry stopped arriving for {{value}}. Treat this as a telemetry-health incident: an unmonitored resource is worse than an alerting one. Runbook: https://github.com/droderiquesit/enterprise-observability/blob/main/platform/runbooks/synthetic-endpoint-down.md\n{{/is_no_data}}\n{{#is_recovery}}\n## Recovered · External Endpoint Unavailable\n{{value}} returned to normal. Error-budget impact recorded against `slo-external-dependency`. No action required; the correlation group closes when every child recovers.\n{{/is_recovery}}\n{{#is_warning_recovery}}\nWarning cleared for {{value}}.\n{{/is_warning_recovery}}",
            "monitor_threshold_windows": [],
            "monitor_thresholds": [
              {
                "critical": "3",
                "critical_recovery": "",
                "ok": "",
                "unknown": "",
                "warning": "1",
                "warning_recovery": ""
              }
            ],
            "name": "[P3][stage][saas] External Endpoint Unavailable (critical)",
            "new_group_delay": 300,
            "new_host_delay": 300,
            "no_data_timeframe": 0,
            "notification_preset_name": "",
            "notify_audit": false,
            "notify_by": [
              "check_id"
            ],
            "notify_no_data": false,
            "on_missing_data": "",
            "priority": "3",
            "query": "sum(last_15m):sum:synthetics.test_runs{env:stage,alert_band:critical,status:failed} by {check_id,location}.as_count() \u003e= 3",
            "renotify_interval": 30,
            "renotify_occurrences": 3,
            "renotify_statuses": [
              "alert"
            ],
            "require_full_window": false,
            "restricted_roles": null,
            "scheduling_options": [],
            "tags": [
              "alert_band:critical",
              "archetype:synthetic-endpoint-down",
              "automation_ref:diag-external-endpoint",
              "correlation_key:external-endpoint.stage.external-dependencies",
              "dedup_key:external-dependencies.stage.synthetic-endpoint-down.critical",
              "detection:threshold",
              "domain:saas",
              "env:stage",
              "failure_domain:external-endpoint",
              "impact_class:customer_impact",
              "managed_by:terraform",
              "managed_source:platform",
              "monitor_id:stage.critical.saas.synthetic-endpoint-down",
              "monitoring_profile:critical",
              "notification_profile:nonprod_standard",
              "owner:sre",
              "pages:false",
              "priority:p3",
              "resource_type:synthetic_check",
              "runbook:synthetic-endpoint-down",
              "service:external-dependencies",
              "signal:availability",
              "slo_id:slo-external-dependency",
              "support_model:24x7",
              "team:sre",
              "tier:tier0"
            ],
            "timeout_h": 0,
            "type": "query alert",
            "validate": null,
            "variables": []
          },
          "sensitive_attributes": [],
          "private": "bnVsbA=="
        },
        {
          "index_key": "stage.critical.security.certificate-expiry",
          "schema_version": 0,
          "attributes": {
            "assets": [],
            "draft_status": "published",
            "enable_logs_sample": null,
            "enable_samples": null,
            "escalation_message": "",
            "evaluation_delay": 300,
            "force_delete": null,
            "group_retention_duration": "",
            "groupby_simple_monitor": null,
            "id": "314372525",
            "include_tags": true,
            "locked": false,
            "message": "{{#is_alert}}\n## P3 · Certificate Approaching Expiry\n**WHAT:** Certificate Approaching Expiry: certificate_expiry signal detected by threshold analysis.\n**WHERE:** {{value}} · env `stage` · region `global`\n**SERVICE:** `security-telemetry` (security / certificate, tier0)\n**BUSINESS IMPACT:** Nothing is broken yet. A boundary will be crossed if nobody acts within the lead time this monitor provides.\n**WHY IT TRIGGERED:** 21 days is the renewal lead time the PKI process requires (CSR, approval, deployment window). The number encodes the process, not the metric.\n\n**OWNER:** security · support 24x7 · this does not page\n**DO THIS NEXT:** Open the runbook, confirm scope from the group tags, and follow the validation steps. The attached workflow output already contains the standard diagnostics.\n**RUNBOOK:** https://github.com/droderiquesit/enterprise-observability/blob/main/platform/runbooks/certificate-expiry.md\n**AUTOMATED DIAGNOSTICS:** workflow `auto-cert-renewal-ticket` has run; its output is attached to this event.\n**RELATED EVENTS:** correlated on `security-controls.stage.security-telemetry` — deployments, infrastructure changes and platform events from the last 30 minutes are attached as context.\n**SLO / ERROR BUDGET:** `slo-security-telemetry` · no error-budget impact (non-production)\n{{/is_alert}}\n{{#is_warning}}\n## Certificate Approaching Expiry — warning\nApproaching the alert condition on {{value}}. Investigate before it becomes P3. Runbook: https://github.com/droderiquesit/enterprise-observability/blob/main/platform/runbooks/certificate-expiry.md\n{{/is_warning}}\n{{#is_no_data}}\n## Certificate Approaching Expiry — NO DATA\nTelemetry stopped arriving for {{value}}. Treat this as a telemetry-health incident: an unmonitored resource is worse than an alerting one. Runbook: https://github.com/droderiquesit/enterprise-observability/blob/main/platform/runbooks/certificate-expiry.md\n{{/is_no_data}}\n{{#is_recovery}}\n## Recovered · Certificate Approaching Expiry\n{{value}} returned to normal. Error-budget impact recorded against `slo-security-telemetry`. No action required; the correlation group closes when every child recovers.\n{{/is_recovery}}\n{{#is_warning_recovery}}\nWarning cleared for {{value}}.\n{{/is_warning_recovery}}",
            "monitor_threshold_windows": [],
            "monitor_thresholds": [
              {
                "critical": "21",
                "critical_recovery": "",
                "ok": "",
                "unknown": "",
                "warning": "45",
                "warning_recovery": ""
              }
            ],
            "name": "[P3][stage][security] Certificate Approaching Expiry (critical)",
            "new_group_delay": 300,
            "new_host_delay": 300,
            "no_data_timeframe": 0,
            "notification_preset_name": "",
            "notify_audit": false,
            "notify_by": [],
            "notify_no_data": false,
            "on_missing_data": "",
            "priority": "3",
            "query": "min(last_6h):min:acme.pki.days_until_expiry{env:stage,alert_band:critical} by {certificate_cn,issuer} \u003c 21",
            "renotify_interval": 30,
            "renotify_occurrences": 3,
            "renotify_statuses": [
              "alert"
            ],
            "require_full_window": false,
            "restricted_roles": null,
            "scheduling_options": [],
            "tags": [
              "alert_band:critical",
              "archetype:certificate-expiry",
              "automation_ref:auto-cert-renewal-ticket",
              "compliance_scope:sox",
              "correlation_key:security-controls.stage.security-telemetry",
              "dedup_key:security-telemetry.stage.certificate-expiry.critical",
              "detection:threshold",
              "domain:security",
              "env:stage",
              "failure_domain:security-controls",
              "impact_class:risk",
              "managed_by:terraform",
              "managed_source:platform",
              "monitor_id:stage.critical.security.certificate-expiry",
              "monitoring_profile:regulated",
              "notification_profile:security_operational",
              "owner:security",
              "pages:false",
              "priority:p3",
              "resource_type:certificate",
              "runbook:certificate-expiry",
              "service:security-telemetry",
              "signal:certificate_expiry",
              "slo_id:slo-security-telemetry",
              "support_model:24x7",
              "team:security",
              "tier:tier0"
            ],
            "timeout_h": 0,
            "type": "query alert",
            "validate": null,
            "variables": []
          },
          "sensitive_attributes": [],
          "private": "bnVsbA=="
        },
        {
          "index_key": "stage.critical.security.security-log-source-missing",
          "schema_version": 0,
          "attributes": {
            "assets": [],
            "draft_status": "published",
            "enable_logs_sample": null,
            "enable_samples": null,
            "escalation_message": "",
            "evaluation_delay": 300,
            "force_delete": null,
            "group_retention_duration": "",
            "groupby_simple_monitor": null,
            "id": "314372377",
            "include_tags": true,
            "locked": false,
            "message": "{{#is_alert}}\n## P3 · Security Log Source Stopped Delivering\n**WHAT:** Security Log Source Stopped Delivering: telemetry_health signal detected by threshold analysis.\n**WHERE:** {{value}} · env `stage` · region `global`\n**SERVICE:** `security-telemetry` (security / log_source, tier0)\n**BUSINESS IMPACT:** The service still functions but measurably worse; a subset of traffic or users is failing.\n**WHY IT TRIGGERED:** Absence of log delivery is binary. A silent security log source is a compliance failure and a blind spot: the control has effectively been removed even though no customer sees it.\n\n**OWNER:** security · support 24x7 · this does not page\n**DO THIS NEXT:** Open the runbook, confirm scope from the group tags, and follow the validation steps. The attached workflow output already contains the standard diagnostics.\n**RUNBOOK:** https://github.com/droderiquesit/enterprise-observability/blob/main/platform/runbooks/security-log-source-missing.md\n**AUTOMATED DIAGNOSTICS:** workflow `diag-security-control` has run; its output is attached to this event.\n**RELATED EVENTS:** correlated on `security-telemetry.stage.security-telemetry` — deployments, infrastructure changes and platform events from the last 30 minutes are attached as context.\n**SLO / ERROR BUDGET:** `slo-security-telemetry` · no error-budget impact (non-production)\n{{/is_alert}}\n{{#is_warning}}\n## Security Log Source Stopped Delivering — warning\nApproaching the alert condition on {{value}}. Investigate before it becomes P3. Runbook: https://github.com/droderiquesit/enterprise-observability/blob/main/platform/runbooks/security-log-source-missing.md\n{{/is_warning}}\n{{#is_no_data}}\n## Security Log Source Stopped Delivering — NO DATA\nTelemetry stopped arriving for {{value}}. Treat this as a telemetry-health incident: an unmonitored resource is worse than an alerting one. Runbook: https://github.com/droderiquesit/enterprise-observability/blob/main/platform/runbooks/security-log-source-missing.md\n{{/is_no_data}}\n{{#is_recovery}}\n## Recovered · Security Log Source Stopped Delivering\n{{value}} returned to normal. Error-budget impact recorded against `slo-security-telemetry`. No action required; the correlation group closes when every child recovers.\n{{/is_recovery}}\n{{#is_warning_recovery}}\nWarning cleared for {{value}}.\n{{/is_warning_recovery}}",
            "monitor_threshold_windows": [],
            "monitor_thresholds": [
              {
                "critical": "1",
                "critical_recovery": "",
                "ok": "",
                "unknown": "",
                "warning": "",
                "warning_recovery": ""
              }
            ],
            "name": "[P3][stage][security] Security Log Source Stopped Delivering (critical)",
            "new_group_delay": 300,
            "new_host_delay": 300,
            "no_data_timeframe": 90,
            "notification_preset_name": "",
            "notify_audit": false,
            "notify_by": [],
            "notify_no_data": true,
            "on_missing_data": "",
            "priority": "3",
            "query": "sum(last_2h):sum:datadog.estimated_usage.logs.ingested_events{env:stage,alert_band:critical,security_relevant:true} by {log_source}.as_count() \u003c 1",
            "renotify_interval": 30,
            "renotify_occurrences": 3,
            "renotify_statuses": [
              "alert"
            ],
            "require_full_window": false,
            "restricted_roles": null,
            "scheduling_options": [],
            "tags": [
              "alert_band:critical",
              "archetype:security-log-source-missing",
              "automation_ref:diag-security-control",
              "compliance_scope:sox",
              "correlation_key:security-telemetry.stage.security-telemetry",
              "dedup_key:security-telemetry.stage.security-log-source-missing.critical",
              "detection:threshold",
              "domain:security",
              "env:stage",
              "failure_domain:security-telemetry",
              "impact_class:degradation",
              "managed_by:terraform",
              "managed_source:platform",
              "monitor_id:stage.critical.security.security-log-source-missing",
              "monitoring_profile:regulated",
              "notification_profile:security_operational",
              "owner:security",
              "pages:false",
              "priority:p3",
              "resource_type:log_source",
              "runbook:security-log-source-missing",
              "service:security-telemetry",
              "signal:telemetry_health",
              "slo_id:slo-security-telemetry",
              "support_model:24x7",
              "team:security",
              "tier:tier0"
            ],
            "timeout_h": 0,
            "type": "query alert",
            "validate": null,
            "variables": []
          },
          "sensitive_attributes": [],
          "private": "bnVsbA=="
        },
        {
          "index_key": "stage.critical.vmware.vmware-host-disconnected",
          "schema_version": 0,
          "attributes": {
            "assets": [],
            "draft_status": "published",
            "enable_logs_sample": null,
            "enable_samples": null,
            "escalation_message": "",
            "evaluation_delay": 300,
            "force_delete": null,
            "group_retention_duration": "",
            "groupby_simple_monitor": null,
            "id": "314372569",
            "include_tags": true,
            "locked": false,
            "message": "{{#is_alert}}\n## P3 · ESXi Host Disconnected From vCenter\n**WHAT:** ESXi Host Disconnected From vCenter: availability signal detected by threshold analysis.\n**WHERE:** {{value}} · env `stage` · region `global`\n**SERVICE:** `virtualization-platform` (vmware / esxi_host, tier0)\n**BUSINESS IMPACT:** Customers are affected now, or a mission-critical capability is unavailable.\n**WHY IT TRIGGERED:** Connection state is discrete.\n**OWNER:** infrastructure-engineering · support 24x7 · this does not page\n**DO THIS NEXT:** Open the runbook, confirm scope from the group tags, and follow the validation steps. The attached workflow output already contains the standard diagnostics.\n**RUNBOOK:** https://github.com/droderiquesit/enterprise-observability/blob/main/platform/runbooks/vmware-host-disconnected.md\n**AUTOMATED DIAGNOSTICS:** workflow `diag-vmware` has run; its output is attached to this event.\n**RELATED EVENTS:** correlated on `virtualization.stage.virtualization-platform` — deployments, infrastructure changes and platform events from the last 30 minutes are attached as context.\n**SLO / ERROR BUDGET:** `slo-vmware-cluster-availability` · no error-budget impact (non-production)\n{{/is_alert}}\n{{#is_warning}}\n## ESXi Host Disconnected From vCenter — warning\nApproaching the alert condition on {{value}}. Investigate before it becomes P3. Runbook: https://github.com/droderiquesit/enterprise-observability/blob/main/platform/runbooks/vmware-host-disconnected.md\n{{/is_warning}}\n{{#is_no_data}}\n## ESXi Host Disconnected From vCenter — NO DATA\nTelemetry stopped arriving for {{value}}. Treat this as a telemetry-health incident: an unmonitored resource is worse than an alerting one. Runbook: https://github.com/droderiquesit/enterprise-observability/blob/main/platform/runbooks/vmware-host-disconnected.md\n{{/is_no_data}}\n{{#is_recovery}}\n## Recovered · ESXi Host Disconnected From vCenter\n{{value}} returned to normal. Error-budget impact recorded against `slo-vmware-cluster-availability`. No action required; the correlation group closes when every child recovers.\n{{/is_recovery}}\n{{#is_warning_recovery}}\nWarning cleared for {{value}}.\n{{/is_warning_recovery}}",
            "monitor_threshold_windows": [],
            "monitor_thresholds": [
              {
                "critical": "1",
                "critical_recovery": "",
                "ok": "",
                "unknown": "",
                "warning": "",
                "warning_recovery": ""
              }
            ],
            "name": "[P3][stage][vmware] ESXi Host Disconnected From vCenter (critical)",
            "new_group_delay": 300,
            "new_host_delay": 300,
            "no_data_timeframe": 0,
            "notification_preset_name": "",
            "notify_audit": false,
            "notify_by": [
              "vsphere_cluster"
            ],
            "notify_no_data": false,
            "on_missing_data": "",
            "priority": "3",
            "query": "max(last_15m):sum:vsphere.host.status{env:stage,alert_band:critical,status:disconnected} by {vsphere_cluster,vsphere_host} \u003e= 1",
            "renotify_interval": 30,
            "renotify_occurrences": 3,
            "renotify_statuses": [
              "alert"
            ],
            "require_full_window": false,
            "restricted_roles": null,
            "scheduling_options": [],
            "tags": [
              "alert_band:critical",
              "archetype:vmware-host-disconnected",
              "automation_ref:diag-vmware",
              "correlation_key:virtualization.stage.virtualization-platform",
              "dedup_key:virtualization-platform.stage.vmware-host-disconnected.critical",
              "detection:threshold",
              "domain:vmware",
              "env:stage",
              "failure_domain:virtualization",
              "impact_class:customer_impact",
              "managed_by:terraform",
              "managed_source:platform",
              "monitor_id:stage.critical.vmware.vmware-host-disconnected",
              "monitoring_profile:critical",
              "notification_profile:nonprod_standard",
              "owner:infrastructure-engineering",
              "pages:false",
              "priority:p3",
              "resource_type:esxi_host",
              "runbook:vmware-host-disconnected",
              "service:virtualization-platform",
              "signal:availability",
              "slo_id:slo-vmware-cluster-availability",
              "support_model:24x7",
              "team:infrastructure-engineering",
              "tier:tier0"
            ],
            "timeout_h": 0,
            "type": "query alert",
            "validate": null,
            "variables": []
          },
          "sensitive_attributes": [],
          "private": "bnVsbA=="
        },
        {
          "index_key": "stage.standard.api.api-5xx-anomaly",
          "schema_version": 0,
          "attributes": {
            "assets": [],
            "draft_status": "published",
            "enable_logs_sample": null,
            "enable_samples": null,
            "escalation_message": "",
            "evaluation_delay": 300,
            "force_delete": null,
            "group_retention_duration": "",
            "groupby_simple_monitor": null,
            "id": "314372443",
            "include_tags": true,
            "locked": false,
            "message": "{{#is_alert}}\n## P3 · API 5xx Error Rate Anomaly\n**WHAT:** API 5xx Error Rate Anomaly: error_rate signal detected by anomaly analysis.\n**WHERE:** {{value}} · env `stage` · region `global`\n**SERVICE:** `api-services` (api / service, tier2)\n**BUSINESS IMPACT:** Customers are affected now, or a mission-critical capability is unavailable.\n**WHY IT TRIGGERED:** The signal deviated from its own learned baseline by more than the configured number of deviations — not because it crossed a fixed number.\n**OWNER:** application-development · support business-hours · this does not page\n**DO THIS NEXT:** Open the runbook, confirm scope from the group tags, and follow the validation steps. The attached workflow output already contains the standard diagnostics.\n**RUNBOOK:** https://github.com/droderiquesit/enterprise-observability/blob/main/platform/runbooks/api-5xx-anomaly.md\n**AUTOMATED DIAGNOSTICS:** workflow `diag-api-health` has run; its output is attached to this event.\n**RELATED EVENTS:** correlated on `api-services.stage.api-services` — deployments, infrastructure changes and platform events from the last 30 minutes are attached as context.\n**SLO / ERROR BUDGET:** `slo-api-availability` · no error-budget impact (non-production)\n{{/is_alert}}\n{{#is_warning}}\n## API 5xx Error Rate Anomaly — warning\nApproaching the alert condition on {{value}}. Investigate before it becomes P3. Runbook: https://github.com/droderiquesit/enterprise-observability/blob/main/platform/runbooks/api-5xx-anomaly.md\n{{/is_warning}}\n{{#is_no_data}}\n## API 5xx Error Rate Anomaly — NO DATA\nTelemetry stopped arriving for {{value}}. Treat this as a telemetry-health incident: an unmonitored resource is worse than an alerting one. Runbook: https://github.com/droderiquesit/enterprise-observability/blob/main/platform/runbooks/api-5xx-anomaly.md\n{{/is_no_data}}\n{{#is_recovery}}\n## Recovered · API 5xx Error Rate Anomaly\n{{value}} returned to normal. Error-budget impact recorded against `slo-api-availability`. No action required; the correlation group closes when every child recovers.\n{{/is_recovery}}\n{{#is_warning_recovery}}\nWarning cleared for {{value}}.\n{{/is_warning_recovery}}",
            "monitor_threshold_windows": [],
            "monitor_thresholds": [
              {
                "critical": "1",
                "critical_recovery": "",
                "ok": "",
                "unknown": "",
                "warning": "",
                "warning_recovery": ""
              }
            ],
            "name": "[P3][stage][api] API 5xx Error Rate Anomaly (standard)",
            "new_group_delay": 300,
            "new_host_delay": 300,
            "no_data_timeframe": 0,
            "notification_preset_name": "",
            "notify_audit": false,
            "notify_by": [],
            "notify_no_data": false,
            "on_missing_data": "",
            "priority": "3",
            "query": "avg(last_30m):anomalies(sum:trace.http.request.errors{env:stage,alert_band:standard,service_archetype:api,http.status_class:5xx} by {service}.as_rate(), 'agile', 3) \u003e= 1",
            "renotify_interval": 120,
            "renotify_occurrences": 3,
            "renotify_statuses": [
              "alert"
            ],
            "require_full_window": false,
            "restricted_roles": null,
            "scheduling_options": [],
            "tags": [
              "alert_band:standard",
              "archetype:api-5xx-anomaly",
              "automation_ref:diag-api-health",
              "correlation_key:api-services.stage.api-services",
              "dedup_key:api-services.stage.api-5xx-anomaly.standard",
              "detection:anomaly",
              "domain:api",
              "env:stage",
              "failure_domain:api-services",
              "impact_class:customer_impact",
              "managed_by:terraform",
              "managed_source:platform",
              "monitor_id:stage.standard.api.api-5xx-anomaly",
              "monitoring_profile:standard",
              "notification_profile:nonprod_standard",
              "owner:application-development",
              "pages:false",
              "priority:p3",
              "resource_type:service",
              "runbook:api-5xx-anomaly",
              "service:api-services",
              "signal:error_rate",
              "slo_id:slo-api-availability",
              "support_model:business-hours",
              "team:application-development",
              "tier:tier2"
            ],
            "timeout_h": 0,
            "type": "query alert",
            "validate": null,
            "variables": []
          },
          "sensitive_attributes": [],
          "private": "bnVsbA=="
        },
        {
          "index_key": "stage.standard.api.api-availability",
          "schema_version": 0,
          "attributes": {
            "assets": [],
            "draft_status": "published",
            "enable_logs_sample": null,
            "enable_samples": null,
            "escalation_message": "",
            "evaluation_delay": 300,
            "force_delete": null,
            "group_retention_duration": "",
            "groupby_simple_monitor": null,
            "id": "314372533",
            "include_tags": true,
            "locked": false,
            "message": "{{#is_alert}}\n## P3 · API Availability\n**WHAT:** API Availability: availability signal detected by threshold analysis.\n**WHERE:** {{value}} · env `stage` · region `global`\n**SERVICE:** `api-services` (api / service, tier2)\n**BUSINESS IMPACT:** Customers are affected now, or a mission-critical capability is unavailable.\n**WHY IT TRIGGERED:** More than half of requests failing is an availability boundary, not a behavioral deviation. Sub-outage degradation is caught by the anomaly and burn-rate archetypes; this one exists to fire fast and unambiguously.\n\n**OWNER:** application-development · support business-hours · this does not page\n**DO THIS NEXT:** Open the runbook, confirm scope from the group tags, and follow the validation steps. The attached workflow output already contains the standard diagnostics.\n**RUNBOOK:** https://github.com/droderiquesit/enterprise-observability/blob/main/platform/runbooks/api-availability.md\n**AUTOMATED DIAGNOSTICS:** workflow `diag-api-health` has run; its output is attached to this event.\n**RELATED EVENTS:** correlated on `api-services.stage.api-services` — deployments, infrastructure changes and platform events from the last 30 minutes are attached as context.\n**SLO / ERROR BUDGET:** `slo-api-availability` · no error-budget impact (non-production)\n{{/is_alert}}\n{{#is_warning}}\n## API Availability — warning\nApproaching the alert condition on {{value}}. Investigate before it becomes P3. Runbook: https://github.com/droderiquesit/enterprise-observability/blob/main/platform/runbooks/api-availability.md\n{{/is_warning}}\n{{#is_no_data}}\n## API Availability — NO DATA\nTelemetry stopped arriving for {{value}}. Treat this as a telemetry-health incident: an unmonitored resource is worse than an alerting one. Runbook: https://github.com/droderiquesit/enterprise-observability/blob/main/platform/runbooks/api-availability.md\n{{/is_no_data}}\n{{#is_recovery}}\n## Recovered · API Availability\n{{value}} returned to normal. Error-budget impact recorded against `slo-api-availability`. No action required; the correlation group closes when every child recovers.\n{{/is_recovery}}\n{{#is_warning_recovery}}\nWarning cleared for {{value}}.\n{{/is_warning_recovery}}",
            "monitor_threshold_windows": [],
            "monitor_thresholds": [
              {
                "critical": "0.5",
                "critical_recovery": "",
                "ok": "",
                "unknown": "",
                "warning": "0.2",
                "warning_recovery": ""
              }
            ],
            "name": "[P3][stage][api] API Availability (standard)",
            "new_group_delay": 300,
            "new_host_delay": 300,
            "no_data_timeframe": 0,
            "notification_preset_name": "",
            "notify_audit": false,
            "notify_by": [],
            "notify_no_data": false,
            "on_missing_data": "",
            "priority": "3",
            "query": "sum(last_10m):sum:trace.http.request.hits{env:stage,alert_band:standard,service_archetype:api,http.status_class:5xx} by {service}.as_count() / sum:trace.http.request.hits{env:stage,alert_band:standard,service_archetype:api} by {service}.as_count() \u003e 0.5",
            "renotify_interval": 120,
            "renotify_occurrences": 3,
            "renotify_statuses": [
              "alert"
            ],
            "require_full_window": false,
            "restricted_roles": null,
            "scheduling_options": [],
            "tags": [
              "alert_band:standard",
              "archetype:api-availability",
              "automation_ref:diag-api-health",
              "correlation_key:api-services.stage.api-services",
              "dedup_key:api-services.stage.api-availability.standard",
              "detection:threshold",
              "domain:api",
              "env:stage",
              "failure_domain:api-services",
              "impact_class:customer_impact",
              "managed_by:terraform",
              "managed_source:platform",
              "monitor_id:stage.standard.api.api-availability",
              "monitoring_profile:standard",
              "notification_profile:nonprod_standard",
              "owner:application-development",
              "pages:false",
              "priority:p3",
              "release_gate:true",
              "resource_type:service",
              "runbook:api-availability",
              "service:api-services",
              "signal:availability",
              "slo_id:slo-api-availability",
              "support_model:business-hours",
              "team:application-development",
              "tier:tier2"
            ],
            "timeout_h": 0,
            "type": "query alert",
            "validate": null,
            "variables": []
          },
          "sensitive_attributes": [],
          "private": "bnVsbA=="
        },
        {
          "index_key": "stage.standard.api.api-gateway-backend-unhealthy",
          "schema_version": 0,
          "attributes": {
            "assets": [],
            "draft_status": "published",
            "enable_logs_sample": null,
            "enable_samples": null,
            "escalation_message": "",
            "evaluation_delay": 300,
            "force_delete": null,
            "group_retention_duration": "",
            "groupby_simple_monitor": null,
            "id": "314372393",
            "include_tags": true,
            "locked": false,
            "message": "{{#is_alert}}\n## P3 · API Gateway Backend Pool Unhealthy\n**WHAT:** API Gateway Backend Pool Unhealthy: availability signal detected by threshold analysis.\n**WHERE:** {{value}} · env `stage` · region `global`\n**SERVICE:** `api-services` (api / api_gateway, tier2)\n**BUSINESS IMPACT:** Customers are affected now, or a mission-critical capability is unavailable.\n**WHY IT TRIGGERED:** Losing half of a backend pool is a redundancy boundary defined by the load-balancer contract, not a statistical property of traffic.\n\n**OWNER:** application-development · support business-hours · this does not page\n**DO THIS NEXT:** Open the runbook, confirm scope from the group tags, and follow the validation steps. The attached workflow output already contains the standard diagnostics.\n**RUNBOOK:** https://github.com/droderiquesit/enterprise-observability/blob/main/platform/runbooks/api-gateway-backend-unhealthy.md\n**AUTOMATED DIAGNOSTICS:** workflow `diag-api-health` has run; its output is attached to this event.\n**RELATED EVENTS:** correlated on `api-gateway.stage.api-services` — deployments, infrastructure changes and platform events from the last 30 minutes are attached as context.\n**SLO / ERROR BUDGET:** `slo-api-availability` · no error-budget impact (non-production)\n{{/is_alert}}\n{{#is_warning}}\n## API Gateway Backend Pool Unhealthy — warning\nApproaching the alert condition on {{value}}. Investigate before it becomes P3. Runbook: https://github.com/droderiquesit/enterprise-observability/blob/main/platform/runbooks/api-gateway-backend-unhealthy.md\n{{/is_warning}}\n{{#is_no_data}}\n## API Gateway Backend Pool Unhealthy — NO DATA\nTelemetry stopped arriving for {{value}}. Treat this as a telemetry-health incident: an unmonitored resource is worse than an alerting one. Runbook: https://github.com/droderiquesit/enterprise-observability/blob/main/platform/runbooks/api-gateway-backend-unhealthy.md\n{{/is_no_data}}\n{{#is_recovery}}\n## Recovered · API Gateway Backend Pool Unhealthy\n{{value}} returned to normal. Error-budget impact recorded against `slo-api-availability`. No action required; the correlation group closes when every child recovers.\n{{/is_recovery}}\n{{#is_warning_recovery}}\nWarning cleared for {{value}}.\n{{/is_warning_recovery}}",
            "monitor_threshold_windows": [],
            "monitor_thresholds": [
              {
                "critical": "0.5",
                "critical_recovery": "",
                "ok": "",
                "unknown": "",
                "warning": "0.75",
                "warning_recovery": ""
              }
            ],
            "name": "[P3][stage][api] API Gateway Backend Pool Unhealthy (standard)",
            "new_group_delay": 300,
            "new_host_delay": 300,
            "no_data_timeframe": 0,
            "notification_preset_name": "",
            "notify_audit": false,
            "notify_by": [],
            "notify_no_data": false,
            "on_missing_data": "",
            "priority": "3",
            "query": "min(last_10m):avg:api.gateway.healthy_backend_ratio{env:stage,alert_band:standard,resource_type:api_gateway} by {gateway,backend_pool} \u003c 0.5",
            "renotify_interval": 120,
            "renotify_occurrences": 3,
            "renotify_statuses": [
              "alert"
            ],
            "require_full_window": false,
            "restricted_roles": null,
            "scheduling_options": [],
            "tags": [
              "alert_band:standard",
              "archetype:api-gateway-backend-unhealthy",
              "automation_ref:diag-api-health",
              "correlation_key:api-gateway.stage.api-services",
              "dedup_key:api-services.stage.api-gateway-backend-unhealthy.standard",
              "detection:threshold",
              "domain:api",
              "env:stage",
              "failure_domain:api-gateway",
              "impact_class:customer_impact",
              "managed_by:terraform",
              "managed_source:platform",
              "monitor_id:stage.standard.api.api-gateway-backend-unhealthy",
              "monitoring_profile:standard",
              "notification_profile:nonprod_standard",
              "owner:application-development",
              "pages:false",
              "priority:p3",
              "resource_type:api_gateway",
              "runbook:api-gateway-backend-unhealthy",
              "service:api-services",
              "signal:availability",
              "slo_id:slo-api-availability",
              "support_model:business-hours",
              "team:application-development",
              "tier:tier2"
            ],
            "timeout_h": 0,
            "type": "query alert",
            "validate": null,
            "variables": []
          },
          "sensitive_attributes": [],
          "private": "bnVsbA=="
        },
        {
          "index_key": "stage.standard.api.api-latency-p99",
          "schema_version": 0,
          "attributes": {
            "assets": [],
            "draft_status": "published",
            "enable_logs_sample": null,
            "enable_samples": null,
            "escalation_message": "",
            "evaluation_delay": 300,
            "force_delete": null,
            "group_retention_duration": "",
            "groupby_simple_monitor": null,
            "id": "314372545",
            "include_tags": true,
            "locked": false,
            "message": "{{#is_alert}}\n## P3 · API p99 Latency Degradation\n**WHAT:** API p99 Latency Degradation: latency signal detected by rate_of_change analysis.\n**WHERE:** {{value}} · env `stage` · region `global`\n**SERVICE:** `api-services` (api / service, tier2)\n**BUSINESS IMPACT:** The service still functions but measurably worse; a subset of traffic or users is failing.\n**WHY IT TRIGGERED:** The signal changed faster than the configured percentage relative to its own recent history. Speed of degradation, not absolute level.\n**OWNER:** application-development · support business-hours · this does not page\n**DO THIS NEXT:** Open the runbook, confirm scope from the group tags, and follow the validation steps. The attached workflow output already contains the standard diagnostics.\n**RUNBOOK:** https://github.com/droderiquesit/enterprise-observability/blob/main/platform/runbooks/api-latency-p99.md\n**AUTOMATED DIAGNOSTICS:** workflow `diag-api-health` has run; its output is attached to this event.\n**RELATED EVENTS:** correlated on `api-services.stage.api-services` — deployments, infrastructure changes and platform events from the last 30 minutes are attached as context.\n**SLO / ERROR BUDGET:** `slo-api-latency` · no error-budget impact (non-production)\n{{/is_alert}}\n{{#is_warning}}\n## API p99 Latency Degradation — warning\nApproaching the alert condition on {{value}}. Investigate before it becomes P3. Runbook: https://github.com/droderiquesit/enterprise-observability/blob/main/platform/runbooks/api-latency-p99.md\n{{/is_warning}}\n{{#is_no_data}}\n## API p99 Latency Degradation — NO DATA\nTelemetry stopped arriving for {{value}}. Treat this as a telemetry-health incident: an unmonitored resource is worse than an alerting one. Runbook: https://github.com/droderiquesit/enterprise-observability/blob/main/platform/runbooks/api-latency-p99.md\n{{/is_no_data}}\n{{#is_recovery}}\n## Recovered · API p99 Latency Degradation\n{{value}} returned to normal. Error-budget impact recorded against `slo-api-latency`. No action required; the correlation group closes when every child recovers.\n{{/is_recovery}}\n{{#is_warning_recovery}}\nWarning cleared for {{value}}.\n{{/is_warning_recovery}}",
            "monitor_threshold_windows": [],
            "monitor_thresholds": [
              {
                "critical": "100",
                "critical_recovery": "",
                "ok": "",
                "unknown": "",
                "warning": "50",
                "warning_recovery": ""
              }
            ],
            "name": "[P3][stage][api] API p99 Latency Degradation (standard)",
            "new_group_delay": 300,
            "new_host_delay": 300,
            "no_data_timeframe": 0,
            "notification_preset_name": "",
            "notify_audit": false,
            "notify_by": [],
            "notify_no_data": false,
            "on_missing_data": "",
            "priority": "3",
            "query": "pct_change(avg(last_30m),last_1h):p99:trace.http.request.duration{env:stage,alert_band:standard,service_archetype:api} by {service} \u003e 100",
            "renotify_interval": 120,
            "renotify_occurrences": 3,
            "renotify_statuses": [
              "alert"
            ],
            "require_full_window": false,
            "restricted_roles": null,
            "scheduling_options": [],
            "tags": [
              "alert_band:standard",
              "archetype:api-latency-p99",
              "automation_ref:diag-api-health",
              "correlation_key:api-services.stage.api-services",
              "dedup_key:api-services.stage.api-latency-p99.standard",
              "detection:rate_of_change",
              "domain:api",
              "env:stage",
              "failure_domain:api-services",
              "impact_class:degradation",
              "managed_by:terraform",
              "managed_source:platform",
              "monitor_id:stage.standard.api.api-latency-p99",
              "monitoring_profile:standard",
              "notification_profile:nonprod_standard",
              "owner:application-development",
              "pages:false",
              "priority:p3",
              "release_gate:true",
              "resource_type:service",
              "runbook:api-latency-p99",
              "service:api-services",
              "signal:latency",
              "slo_id:slo-api-latency",
              "support_model:business-hours",
              "team:application-development",
              "tier:tier2"
            ],
            "timeout_h": 0,
            "type": "query alert",
            "validate": null,
            "variables": []
          },
          "sensitive_attributes": [],
          "private": "bnVsbA=="
        },
        {
          "index_key": "stage.standard.application.app-telemetry-loss",
          "schema_version": 0,
          "attributes": {
            "assets": [],
            "draft_status": "published",
            "enable_logs_sample": null,
            "enable_samples": null,
            "escalation_message": "",
            "evaluation_delay": 300,
            "force_delete": null,
            "group_retention_duration": "",
            "groupby_simple_monitor": null,
            "id": "314372485",
            "include_tags": true,
            "locked": false,
            "message": "{{#is_alert}}\n## P4 · Application Stopped Reporting Telemetry\n**WHAT:** Application Stopped Reporting Telemetry: telemetry_health signal detected by threshold analysis.\n**WHERE:** {{value}} · env `stage` · region `global`\n**SERVICE:** `application-platform` (application / service, tier2)\n**BUSINESS IMPACT:** Observability or configuration hygiene is degraded. No direct customer impact, but our ability to see or govern the estate is reduced.\n**WHY IT TRIGGERED:** Absence of telemetry is a binary condition. This is the monitor that guarantees \"no alerts\" never silently means \"no data\".\n\n**OWNER:** sre · support business-hours · this does not page\n**DO THIS NEXT:** Open the runbook, confirm scope from the group tags, and follow the validation steps. The attached workflow output already contains the standard diagnostics.\n**RUNBOOK:** https://github.com/droderiquesit/enterprise-observability/blob/main/platform/runbooks/app-telemetry-loss.md\n**AUTOMATED DIAGNOSTICS:** workflow `diag-app-health` has run; its output is attached to this event.\n**RELATED EVENTS:** correlated on `application-platform.stage.application-platform` — deployments, infrastructure changes and platform events from the last 30 minutes are attached as context.\n**SLO / ERROR BUDGET:** `slo-app-availability` · no error-budget impact (non-production)\n{{/is_alert}}\n{{#is_warning}}\n## Application Stopped Reporting Telemetry — warning\nApproaching the alert condition on {{value}}. Investigate before it becomes P4. Runbook: https://github.com/droderiquesit/enterprise-observability/blob/main/platform/runbooks/app-telemetry-loss.md\n{{/is_warning}}\n{{#is_no_data}}\n## Application Stopped Reporting Telemetry — NO DATA\nTelemetry stopped arriving for {{value}}. Treat this as a telemetry-health incident: an unmonitored resource is worse than an alerting one. Runbook: https://github.com/droderiquesit/enterprise-observability/blob/main/platform/runbooks/app-telemetry-loss.md\n{{/is_no_data}}\n{{#is_recovery}}\n## Recovered · Application Stopped Reporting Telemetry\n{{value}} returned to normal. Error-budget impact recorded against `slo-app-availability`. No action required; the correlation group closes when every child recovers.\n{{/is_recovery}}\n{{#is_warning_recovery}}\nWarning cleared for {{value}}.\n{{/is_warning_recovery}}",
            "monitor_threshold_windows": [],
            "monitor_thresholds": [
              {
                "critical": "1",
                "critical_recovery": "",
                "ok": "",
                "unknown": "",
                "warning": "",
                "warning_recovery": ""
              }
            ],
            "name": "[P4][stage][application] Application Stopped Reporting Telemetry (standard)",
            "new_group_delay": 300,
            "new_host_delay": 300,
            "no_data_timeframe": 60,
            "notification_preset_name": "",
            "notify_audit": false,
            "notify_by": [],
            "notify_no_data": true,
            "on_missing_data": "",
            "priority": "4",
            "query": "sum(last_1h):sum:trace.span.hits{env:stage,alert_band:standard} by {service}.as_count() \u003c 1",
            "renotify_interval": 120,
            "renotify_occurrences": 3,
            "renotify_statuses": [
              "alert"
            ],
            "require_full_window": false,
            "restricted_roles": null,
            "scheduling_options": [],
            "tags": [
              "alert_band:standard",
              "archetype:app-telemetry-loss",
              "automation_ref:diag-app-health",
              "correlation_key:application-platform.stage.application-platform",
              "dedup_key:application-platform.stage.app-telemetry-loss.standard",
              "detection:threshold",
              "domain:application",
              "env:stage",
              "failure_domain:application-platform",
              "impact_class:hygiene",
              "managed_by:terraform",
              "managed_source:platform",
              "monitor_id:stage.standard.application.app-telemetry-loss",
              "monitoring_profile:standard",
              "notification_profile:nonprod_standard",
              "owner:sre",
              "pages:false",
              "priority:p4",
              "resource_type:service",
              "runbook:app-telemetry-loss",
              "service:application-platform",
              "signal:telemetry_health",
              "slo_id:slo-app-availability",
              "support_model:business-hours",
              "team:sre",
              "tier:tier2"
            ],
            "timeout_h": 0,
            "type": "query alert",
            "validate": null,
            "variables": []
          },
          "sensitive_attributes": [],
          "private": "bnVsbA=="
        },
        {
          "index_key": "stage.standard.application.dependency-error-anomaly",
          "schema_version": 0,
          "attributes": {
            "assets": [],
            "draft_status": "published",
            "enable_logs_sample": null,
            "enable_samples": null,
            "escalation_message": "",
            "evaluation_delay": 300,
            "force_delete": null,
            "group_retention_duration": "",
            "groupby_simple_monitor": null,
            "id": "314372477",
            "include_tags": true,
            "locked": false,
            "message": "{{#is_alert}}\n## P3 · Outbound Dependency Failure\n**WHAT:** Outbound Dependency Failure: error_rate signal detected by anomaly analysis.\n**WHERE:** {{value}} · env `stage` · region `global`\n**SERVICE:** `application-platform` (application / service, tier2)\n**BUSINESS IMPACT:** The service still functions but measurably worse; a subset of traffic or users is failing.\n**WHY IT TRIGGERED:** The signal deviated from its own learned baseline by more than the configured number of deviations — not because it crossed a fixed number.\n**OWNER:** sre · support business-hours · this does not page\n**DO THIS NEXT:** Open the runbook, confirm scope from the group tags, and follow the validation steps. The attached workflow output already contains the standard diagnostics.\n**RUNBOOK:** https://github.com/droderiquesit/enterprise-observability/blob/main/platform/runbooks/dependency-error-anomaly.md\n**AUTOMATED DIAGNOSTICS:** workflow `diag-dependency` has run; its output is attached to this event.\n**RELATED EVENTS:** correlated on `application-platform.stage.application-platform` — deployments, infrastructure changes and platform events from the last 30 minutes are attached as context.\n**SLO / ERROR BUDGET:** `slo-app-availability` · no error-budget impact (non-production)\n{{/is_alert}}\n{{#is_warning}}\n## Outbound Dependency Failure — warning\nApproaching the alert condition on {{value}}. Investigate before it becomes P3. Runbook: https://github.com/droderiquesit/enterprise-observability/blob/main/platform/runbooks/dependency-error-anomaly.md\n{{/is_warning}}\n{{#is_no_data}}\n## Outbound Dependency Failure — NO DATA\nTelemetry stopped arriving for {{value}}. Treat this as a telemetry-health incident: an unmonitored resource is worse than an alerting one. Runbook: https://github.com/droderiquesit/enterprise-observability/blob/main/platform/runbooks/dependency-error-anomaly.md\n{{/is_no_data}}\n{{#is_recovery}}\n## Recovered · Outbound Dependency Failure\n{{value}} returned to normal. Error-budget impact recorded against `slo-app-availability`. No action required; the correlation group closes when every child recovers.\n{{/is_recovery}}\n{{#is_warning_recovery}}\nWarning cleared for {{value}}.\n{{/is_warning_recovery}}",
            "monitor_threshold_windows": [],
            "monitor_thresholds": [
              {
                "critical": "1",
                "critical_recovery": "",
                "ok": "",
                "unknown": "",
                "warning": "",
                "warning_recovery": ""
              }
            ],
            "name": "[P3][stage][application] Outbound Dependency Failure (standard)",
            "new_group_delay": 300,
            "new_host_delay": 300,
            "no_data_timeframe": 0,
            "notification_preset_name": "",
            "notify_audit": false,
            "notify_by": [],
            "notify_no_data": false,
            "on_missing_data": "",
            "priority": "3",
            "query": "avg(last_30m):anomalies(sum:trace.http.client.request.errors{env:stage,alert_band:standard} by {service,peer.service}.as_rate(), 'agile', 3) \u003e= 1",
            "renotify_interval": 120,
            "renotify_occurrences": 3,
            "renotify_statuses": [
              "alert"
            ],
            "require_full_window": false,
            "restricted_roles": null,
            "scheduling_options": [],
            "tags": [
              "alert_band:standard",
              "archetype:dependency-error-anomaly",
              "automation_ref:diag-dependency",
              "correlation_key:application-platform.stage.application-platform",
              "dedup_key:application-platform.stage.dependency-error-anomaly.standard",
              "detection:anomaly",
              "domain:application",
              "env:stage",
              "failure_domain:application-platform",
              "impact_class:degradation",
              "managed_by:terraform",
              "managed_source:platform",
              "monitor_id:stage.standard.application.dependency-error-anomaly",
              "monitoring_profile:standard",
              "notification_profile:nonprod_standard",
              "owner:sre",
              "pages:false",
              "priority:p3",
              "resource_type:service",
              "runbook:dependency-error-anomaly",
              "service:application-platform",
              "signal:error_rate",
              "slo_id:slo-app-availability",
              "support_model:business-hours",
              "team:sre",
              "tier:tier2"
            ],
            "timeout_h": 0,
            "type": "query alert",
            "validate": null,
            "variables": []
          },
          "sensitive_attributes": [],
          "private": "bnVsbA=="
        },
        {
          "index_key": "stage.standard.application.deployment-regression",
          "schema_version": 0,
          "attributes": {
            "assets": [],
            "draft_status": "published",
            "enable_logs_sample": null,
            "enable_samples": null,
            "escalation_message": "",
            "evaluation_delay": 300,
            "force_delete": null,
            "group_retention_duration": "",
            "groupby_simple_monitor": null,
            "id": "314372397",
            "include_tags": true,
            "locked": false,
            "message": "{{#is_alert}}\n## P3 · Deployment Regression\n**WHAT:** Deployment Regression: error_rate signal detected by rate_of_change analysis.\n**WHERE:** {{value}} · env `stage` · region `global`\n**SERVICE:** `application-platform` (application / service, tier2)\n**BUSINESS IMPACT:** The service still functions but measurably worse; a subset of traffic or users is failing.\n**WHY IT TRIGGERED:** The signal changed faster than the configured percentage relative to its own recent history. Speed of degradation, not absolute level.\n**OWNER:** sre · support business-hours · this does not page\n**DO THIS NEXT:** Open the runbook, confirm scope from the group tags, and follow the validation steps. The attached workflow output already contains the standard diagnostics.\n**RUNBOOK:** https://github.com/droderiquesit/enterprise-observability/blob/main/platform/runbooks/deployment-regression.md\n**AUTOMATED DIAGNOSTICS:** workflow `auto-enrich-change` has run; its output is attached to this event.\n**RELATED EVENTS:** correlated on `application-platform.stage.application-platform` — deployments, infrastructure changes and platform events from the last 30 minutes are attached as context.\n**SLO / ERROR BUDGET:** `slo-app-availability` · no error-budget impact (non-production)\n{{/is_alert}}\n{{#is_warning}}\n## Deployment Regression — warning\nApproaching the alert condition on {{value}}. Investigate before it becomes P3. Runbook: https://github.com/droderiquesit/enterprise-observability/blob/main/platform/runbooks/deployment-regression.md\n{{/is_warning}}\n{{#is_no_data}}\n## Deployment Regression — NO DATA\nTelemetry stopped arriving for {{value}}. Treat this as a telemetry-health incident: an unmonitored resource is worse than an alerting one. Runbook: https://github.com/droderiquesit/enterprise-observability/blob/main/platform/runbooks/deployment-regression.md\n{{/is_no_data}}\n{{#is_recovery}}\n## Recovered · Deployment Regression\n{{value}} returned to normal. Error-budget impact recorded against `slo-app-availability`. No action required; the correlation group closes when every child recovers.\n{{/is_recovery}}\n{{#is_warning_recovery}}\nWarning cleared for {{value}}.\n{{/is_warning_recovery}}",
            "monitor_threshold_windows": [],
            "monitor_thresholds": [
              {
                "critical": "300",
                "critical_recovery": "",
                "ok": "",
                "unknown": "",
                "warning": "150",
                "warning_recovery": ""
              }
            ],
            "name": "[P3][stage][application] Deployment Regression (standard)",
            "new_group_delay": 300,
            "new_host_delay": 300,
            "no_data_timeframe": 0,
            "notification_preset_name": "",
            "notify_audit": false,
            "notify_by": [],
            "notify_no_data": false,
            "on_missing_data": "",
            "priority": "3",
            "query": "pct_change(avg(last_15m),last_30m):sum:trace.span.errors{env:stage,alert_band:standard} by {service}.as_rate() \u003e 300",
            "renotify_interval": 120,
            "renotify_occurrences": 3,
            "renotify_statuses": [
              "alert"
            ],
            "require_full_window": false,
            "restricted_roles": null,
            "scheduling_options": [],
            "tags": [
              "alert_band:standard",
              "archetype:deployment-regression",
              "automation_ref:auto-enrich-change",
              "correlation_key:application-platform.stage.application-platform",
              "dedup_key:application-platform.stage.deployment-regression.standard",
              "detection:rate_of_change",
              "domain:application",
              "env:stage",
              "failure_domain:application-platform",
              "impact_class:degradation",
              "managed_by:terraform",
              "managed_source:platform",
              "monitor_id:stage.standard.application.deployment-regression",
              "monitoring_profile:standard",
              "notification_profile:nonprod_standard",
              "owner:sre",
              "pages:false",
              "priority:p3",
              "release_gate:true",
              "resource_type:service",
              "runbook:deployment-regression",
              "service:application-platform",
              "signal:error_rate",
              "slo_id:slo-app-availability",
              "support_model:business-hours",
              "team:sre",
              "tier:tier2"
            ],
            "timeout_h": 0,
            "type": "query alert",
            "validate": null,
            "variables": []
          },
          "sensitive_attributes": [],
          "private": "bnVsbA=="
        },
        {
          "index_key": "stage.standard.application.web-origin-5xx-anomaly",
          "schema_version": 0,
          "attributes": {
            "assets": [],
            "draft_status": "published",
            "enable_logs_sample": null,
            "enable_samples": null,
            "escalation_message": "",
            "evaluation_delay": 300,
            "force_delete": null,
            "group_retention_duration": "",
            "groupby_simple_monitor": null,
            "id": "314372474",
            "include_tags": true,
            "locked": false,
            "message": "{{#is_alert}}\n## P3 · Web Origin 5xx Anomaly\n**WHAT:** Web Origin 5xx Anomaly: error_rate signal detected by anomaly analysis.\n**WHERE:** {{value}} · env `stage` · region `global`\n**SERVICE:** `web-frontends` (application / service, tier2)\n**BUSINESS IMPACT:** Customers are affected now, or a mission-critical capability is unavailable.\n**WHY IT TRIGGERED:** The signal deviated from its own learned baseline by more than the configured number of deviations — not because it crossed a fixed number.\n**OWNER:** sre · support business-hours · this does not page\n**DO THIS NEXT:** Open the runbook, confirm scope from the group tags, and follow the validation steps. The attached workflow output already contains the standard diagnostics.\n**RUNBOOK:** https://github.com/droderiquesit/enterprise-observability/blob/main/platform/runbooks/web-origin-5xx-anomaly.md\n**AUTOMATED DIAGNOSTICS:** workflow `diag-app-health` has run; its output is attached to this event.\n**RELATED EVENTS:** correlated on `web-frontends.stage.web-frontends` — deployments, infrastructure changes and platform events from the last 30 minutes are attached as context.\n**SLO / ERROR BUDGET:** `slo-web-availability` · no error-budget impact (non-production)\n{{/is_alert}}\n{{#is_warning}}\n## Web Origin 5xx Anomaly — warning\nApproaching the alert condition on {{value}}. Investigate before it becomes P3. Runbook: https://github.com/droderiquesit/enterprise-observability/blob/main/platform/runbooks/web-origin-5xx-anomaly.md\n{{/is_warning}}\n{{#is_no_data}}\n## Web Origin 5xx Anomaly — NO DATA\nTelemetry stopped arriving for {{value}}. Treat this as a telemetry-health incident: an unmonitored resource is worse than an alerting one. Runbook: https://github.com/droderiquesit/enterprise-observability/blob/main/platform/runbooks/web-origin-5xx-anomaly.md\n{{/is_no_data}}\n{{#is_recovery}}\n## Recovered · Web Origin 5xx Anomaly\n{{value}} returned to normal. Error-budget impact recorded against `slo-web-availability`. No action required; the correlation group closes when every child recovers.\n{{/is_recovery}}\n{{#is_warning_recovery}}\nWarning cleared for {{value}}.\n{{/is_warning_recovery}}",
            "monitor_threshold_windows": [],
            "monitor_thresholds": [
              {
                "critical": "1",
                "critical_recovery": "",
                "ok": "",
                "unknown": "",
                "warning": "",
                "warning_recovery": ""
              }
            ],
            "name": "[P3][stage][application] Web Origin 5xx Anomaly (standard)",
            "new_group_delay": 300,
            "new_host_delay": 300,
            "no_data_timeframe": 0,
            "notification_preset_name": "",
            "notify_audit": false,
            "notify_by": [],
            "notify_no_data": false,
            "on_missing_data": "",
            "priority": "3",
            "query": "avg(last_15m):anomalies(sum:trace.http.request.errors{env:stage,alert_band:standard,service_archetype:web,http.status_class:5xx} by {service}.as_rate(), 'agile', 3) \u003e= 1",
            "renotify_interval": 120,
            "renotify_occurrences": 3,
            "renotify_statuses": [
              "alert"
            ],
            "require_full_window": false,
            "restricted_roles": null,
            "scheduling_options": [],
            "tags": [
              "alert_band:standard",
              "archetype:web-origin-5xx-anomaly",
              "automation_ref:diag-app-health",
              "correlation_key:web-frontends.stage.web-frontends",
              "dedup_key:web-frontends.stage.web-origin-5xx-anomaly.standard",
              "detection:anomaly",
              "domain:application",
              "env:stage",
              "failure_domain:web-frontends",
              "impact_class:customer_impact",
              "managed_by:terraform",
              "managed_source:platform",
              "monitor_id:stage.standard.application.web-origin-5xx-anomaly",
              "monitoring_profile:standard",
              "notification_profile:nonprod_standard",
              "owner:sre",
              "pages:false",
              "priority:p3",
              "resource_type:service",
              "runbook:web-origin-5xx-anomaly",
              "service:web-frontends",
              "signal:error_rate",
              "slo_id:slo-web-availability",
              "support_model:business-hours",
              "team:sre",
              "tier:tier2"
            ],
            "timeout_h": 0,
            "type": "query alert",
            "validate": null,
            "variables": []
          },
          "sensitive_attributes": [],
          "private": "bnVsbA=="
        },
        {
          "index_key": "stage.standard.application.web-page-load-degradation",
          "schema_version": 0,
          "attributes": {
            "assets": [],
            "draft_status": "published",
            "enable_logs_sample": null,
            "enable_samples": null,
            "escalation_message": "",
            "evaluation_delay": 300,
            "force_delete": null,
            "group_retention_duration": "",
            "groupby_simple_monitor": null,
            "id": "314372455",
            "include_tags": true,
            "locked": false,
            "message": "{{#is_alert}}\n## P3 · Web Page Load Degradation\n**WHAT:** Web Page Load Degradation: latency signal detected by rate_of_change analysis.\n**WHERE:** {{value}} · env `stage` · region `global`\n**SERVICE:** `web-frontends` (application / service, tier2)\n**BUSINESS IMPACT:** The service still functions but measurably worse; a subset of traffic or users is failing.\n**WHY IT TRIGGERED:** The signal changed faster than the configured percentage relative to its own recent history. Speed of degradation, not absolute level.\n**OWNER:** sre · support business-hours · this does not page\n**DO THIS NEXT:** Open the runbook, confirm scope from the group tags, and follow the validation steps. The attached workflow output already contains the standard diagnostics.\n**RUNBOOK:** https://github.com/droderiquesit/enterprise-observability/blob/main/platform/runbooks/web-page-load-degradation.md\n**AUTOMATED DIAGNOSTICS:** workflow `diag-app-health` has run; its output is attached to this event.\n**RELATED EVENTS:** correlated on `web-frontends.stage.web-frontends` — deployments, infrastructure changes and platform events from the last 30 minutes are attached as context.\n**SLO / ERROR BUDGET:** `slo-web-availability` · no error-budget impact (non-production)\n{{/is_alert}}\n{{#is_warning}}\n## Web Page Load Degradation — warning\nApproaching the alert condition on {{value}}. Investigate before it becomes P3. Runbook: https://github.com/droderiquesit/enterprise-observability/blob/main/platform/runbooks/web-page-load-degradation.md\n{{/is_warning}}\n{{#is_no_data}}\n## Web Page Load Degradation — NO DATA\nTelemetry stopped arriving for {{value}}. Treat this as a telemetry-health incident: an unmonitored resource is worse than an alerting one. Runbook: https://github.com/droderiquesit/enterprise-observability/blob/main/platform/runbooks/web-page-load-degradation.md\n{{/is_no_data}}\n{{#is_recovery}}\n## Recovered · Web Page Load Degradation\n{{value}} returned to normal. Error-budget impact recorded against `slo-web-availability`. No action required; the correlation group closes when every child recovers.\n{{/is_recovery}}\n{{#is_warning_recovery}}\nWarning cleared for {{value}}.\n{{/is_warning_recovery}}",
            "monitor_threshold_windows": [],
            "monitor_thresholds": [
              {
                "critical": "40",
                "critical_recovery": "",
                "ok": "",
                "unknown": "",
                "warning": "25",
                "warning_recovery": ""
              }
            ],
            "name": "[P3][stage][application] Web Page Load Degradation (standard)",
            "new_group_delay": 300,
            "new_host_delay": 300,
            "no_data_timeframe": 0,
            "notification_preset_name": "",
            "notify_audit": false,
            "notify_by": [],
            "notify_no_data": false,
            "on_missing_data": "",
            "priority": "3",
            "query": "pct_change(avg(last_30m),last_1h):avg:synthetics.browser.page_load{env:stage,alert_band:standard,service_archetype:web} by {service} \u003e 40",
            "renotify_interval": 120,
            "renotify_occurrences": 3,
            "renotify_statuses": [
              "alert"
            ],
            "require_full_window": false,
            "restricted_roles": null,
            "scheduling_options": [],
            "tags": [
              "alert_band:standard",
              "archetype:web-page-load-degradation",
              "automation_ref:diag-app-health",
              "correlation_key:web-frontends.stage.web-frontends",
              "dedup_key:web-frontends.stage.web-page-load-degradation.standard",
              "detection:rate_of_change",
              "domain:application",
              "env:stage",
              "failure_domain:web-frontends",
              "impact_class:degradation",
              "managed_by:terraform",
              "managed_source:platform",
              "monitor_id:stage.standard.application.web-page-load-degradation",
              "monitoring_profile:standard",
              "notification_profile:nonprod_standard",
              "owner:sre",
              "pages:false",
              "priority:p3",
              "resource_type:service",
              "runbook:web-page-load-degradation",
              "service:web-frontends",
              "signal:latency",
              "slo_id:slo-web-availability",
              "support_model:business-hours",
              "team:sre",
              "tier:tier2"
            ],
            "timeout_h": 0,
            "type": "query alert",
            "validate": null,
            "variables": []
          },
          "sensitive_attributes": [],
          "private": "bnVsbA=="
        },
        {
          "index_key": "stage.standard.application.web-synthetic-availability",
          "schema_version": 0,
          "attributes": {
            "assets": [],
            "draft_status": "published",
            "enable_logs_sample": null,
            "enable_samples": null,
            "escalation_message": "",
            "evaluation_delay": 300,
            "force_delete": null,
            "group_retention_duration": "",
            "groupby_simple_monitor": null,
            "id": "314372414",
            "include_tags": true,
            "locked": false,
            "message": "{{#is_alert}}\n## P3 · Web Application Unavailable\n**WHAT:** Web Application Unavailable: availability signal detected by threshold analysis.\n**WHERE:** {{value}} · env `stage` · region `global`\n**SERVICE:** `web-frontends` (application / synthetic_check, tier2)\n**BUSINESS IMPACT:** Customers are affected now, or a mission-critical capability is unavailable.\n**WHY IT TRIGGERED:** Three consecutive synthetic failures across locations is a discrete availability boundary, not a statistical judgement.\n\n**OWNER:** sre · support business-hours · this does not page\n**DO THIS NEXT:** Open the runbook, confirm scope from the group tags, and follow the validation steps. The attached workflow output already contains the standard diagnostics.\n**RUNBOOK:** https://github.com/droderiquesit/enterprise-observability/blob/main/platform/runbooks/web-synthetic-availability.md\n**AUTOMATED DIAGNOSTICS:** workflow `diag-app-health` has run; its output is attached to this event.\n**RELATED EVENTS:** correlated on `web-frontends.stage.web-frontends` — deployments, infrastructure changes and platform events from the last 30 minutes are attached as context.\n**SLO / ERROR BUDGET:** `slo-web-availability` · no error-budget impact (non-production)\n{{/is_alert}}\n{{#is_warning}}\n## Web Application Unavailable — warning\nApproaching the alert condition on {{value}}. Investigate before it becomes P3. Runbook: https://github.com/droderiquesit/enterprise-observability/blob/main/platform/runbooks/web-synthetic-availability.md\n{{/is_warning}}\n{{#is_no_data}}\n## Web Application Unavailable — NO DATA\nTelemetry stopped arriving for {{value}}. Treat this as a telemetry-health incident: an unmonitored resource is worse than an alerting one. Runbook: https://github.com/droderiquesit/enterprise-observability/blob/main/platform/runbooks/web-synthetic-availability.md\n{{/is_no_data}}\n{{#is_recovery}}\n## Recovered · Web Application Unavailable\n{{value}} returned to normal. Error-budget impact recorded against `slo-web-availability`. No action required; the correlation group closes when every child recovers.\n{{/is_recovery}}\n{{#is_warning_recovery}}\nWarning cleared for {{value}}.\n{{/is_warning_recovery}}",
            "monitor_threshold_windows": [],
            "monitor_thresholds": [
              {
                "critical": "3",
                "critical_recovery": "",
                "ok": "",
                "unknown": "",
                "warning": "1",
                "warning_recovery": ""
              }
            ],
            "name": "[P3][stage][application] Web Application Unavailable (standard)",
            "new_group_delay": 300,
            "new_host_delay": 300,
            "no_data_timeframe": 0,
            "notification_preset_name": "",
            "notify_audit": false,
            "notify_by": [],
            "notify_no_data": false,
            "on_missing_data": "",
            "priority": "3",
            "query": "sum(last_15m):sum:synthetics.test_runs{env:stage,alert_band:standard,service_archetype:web,status:failed} by {service,check_id}.as_count() \u003e= 3",
            "renotify_interval": 120,
            "renotify_occurrences": 3,
            "renotify_statuses": [
              "alert"
            ],
            "require_full_window": false,
            "restricted_roles": null,
            "scheduling_options": [],
            "tags": [
              "alert_band:standard",
              "archetype:web-synthetic-availability",
              "automation_ref:diag-app-health",
              "correlation_key:web-frontends.stage.web-frontends",
              "dedup_key:web-frontends.stage.web-synthetic-availability.standard",
              "detection:threshold",
              "domain:application",
              "env:stage",
              "failure_domain:web-frontends",
              "impact_class:customer_impact",
              "managed_by:terraform",
              "managed_source:platform",
              "monitor_id:stage.standard.application.web-synthetic-availability",
              "monitoring_profile:standard",
              "notification_profile:nonprod_standard",
              "owner:sre",
              "pages:false",
              "priority:p3",
              "release_gate:true",
              "resource_type:synthetic_check",
              "runbook:web-synthetic-availability",
              "service:web-frontends",
              "signal:availability",
              "slo_id:slo-web-availability",
              "support_model:business-hours",
              "team:sre",
              "tier:tier2"
            ],
            "timeout_h": 0,
            "type": "query alert",
            "validate": null,
            "variables": []
          },
          "sensitive_attributes": [],
          "private": "bnVsbA=="
        },
        {
          "index_key": "stage.standard.application.worker-error-anomaly",
          "schema_version": 0,
          "attributes": {
            "assets": [],
            "draft_status": "published",
            "enable_logs_sample": null,
            "enable_samples": null,
            "escalation_message": "",
            "evaluation_delay": 300,
            "force_delete": null,
            "group_retention_duration": "",
            "groupby_simple_monitor": null,
            "id": "314372394",
            "include_tags": true,
            "locked": false,
            "message": "{{#is_alert}}\n## P3 · Worker Error Rate Anomaly\n**WHAT:** Worker Error Rate Anomaly: error_rate signal detected by anomaly analysis.\n**WHERE:** {{value}} · env `stage` · region `global`\n**SERVICE:** `worker-platform` (application / service, tier2)\n**BUSINESS IMPACT:** The service still functions but measurably worse; a subset of traffic or users is failing.\n**WHY IT TRIGGERED:** The signal deviated from its own learned baseline by more than the configured number of deviations — not because it crossed a fixed number.\n**OWNER:** sre · support business-hours · this does not page\n**DO THIS NEXT:** Open the runbook, confirm scope from the group tags, and follow the validation steps. The attached workflow output already contains the standard diagnostics.\n**RUNBOOK:** https://github.com/droderiquesit/enterprise-observability/blob/main/platform/runbooks/worker-error-anomaly.md\n**AUTOMATED DIAGNOSTICS:** workflow `diag-app-health` has run; its output is attached to this event.\n**RELATED EVENTS:** correlated on `worker-platform.stage.worker-platform` — deployments, infrastructure changes and platform events from the last 30 minutes are attached as context.\n**SLO / ERROR BUDGET:** `slo-worker-throughput` · no error-budget impact (non-production)\n{{/is_alert}}\n{{#is_warning}}\n## Worker Error Rate Anomaly — warning\nApproaching the alert condition on {{value}}. Investigate before it becomes P3. Runbook: https://github.com/droderiquesit/enterprise-observability/blob/main/platform/runbooks/worker-error-anomaly.md\n{{/is_warning}}\n{{#is_no_data}}\n## Worker Error Rate Anomaly — NO DATA\nTelemetry stopped arriving for {{value}}. Treat this as a telemetry-health incident: an unmonitored resource is worse than an alerting one. Runbook: https://github.com/droderiquesit/enterprise-observability/blob/main/platform/runbooks/worker-error-anomaly.md\n{{/is_no_data}}\n{{#is_recovery}}\n## Recovered · Worker Error Rate Anomaly\n{{value}} returned to normal. Error-budget impact recorded against `slo-worker-throughput`. No action required; the correlation group closes when every child recovers.\n{{/is_recovery}}\n{{#is_warning_recovery}}\nWarning cleared for {{value}}.\n{{/is_warning_recovery}}",
            "monitor_threshold_windows": [],
            "monitor_thresholds": [
              {
                "critical": "1",
                "critical_recovery": "",
                "ok": "",
                "unknown": "",
                "warning": "",
                "warning_recovery": ""
              }
            ],
            "name": "[P3][stage][application] Worker Error Rate Anomaly (standard)",
            "new_group_delay": 300,
            "new_host_delay": 300,
            "no_data_timeframe": 0,
            "notification_preset_name": "",
            "notify_audit": false,
            "notify_by": [],
            "notify_no_data": false,
            "on_missing_data": "",
            "priority": "3",
            "query": "avg(last_30m):anomalies(sum:trace.async.operation.errors{env:stage,alert_band:standard,service_archetype:worker} by {service}.as_rate(), 'agile', 3) \u003e= 1",
            "renotify_interval": 120,
            "renotify_occurrences": 3,
            "renotify_statuses": [
              "alert"
            ],
            "require_full_window": false,
            "restricted_roles": null,
            "scheduling_options": [],
            "tags": [
              "alert_band:standard",
              "archetype:worker-error-anomaly",
              "automation_ref:diag-app-health",
              "correlation_key:worker-platform.stage.worker-platform",
              "dedup_key:worker-platform.stage.worker-error-anomaly.standard",
              "detection:anomaly",
              "domain:application",
              "env:stage",
              "failure_domain:worker-platform",
              "impact_class:degradation",
              "managed_by:terraform",
              "managed_source:platform",
              "monitor_id:stage.standard.application.worker-error-anomaly",
              "monitoring_profile:standard",
              "notification_profile:nonprod_standard",
              "owner:sre",
              "pages:false",
              "priority:p3",
              "resource_type:service",
              "runbook:worker-error-anomaly",
              "service:worker-platform",
              "signal:error_rate",
              "slo_id:slo-worker-throughput",
              "support_model:business-hours",
              "team:sre",
              "tier:tier2"
            ],
            "timeout_h": 0,
            "type": "query alert",
            "validate": null,
            "variables": []
          },
          "sensitive_attributes": [],
          "private": "bnVsbA=="
        },
        {
          "index_key": "stage.standard.application.worker-processing-latency",
          "schema_version": 0,
          "attributes": {
            "assets": [],
            "draft_status": "published",
            "enable_logs_sample": null,
            "enable_samples": null,
            "escalation_message": "",
            "evaluation_delay": 300,
            "force_delete": null,
            "group_retention_duration": "",
            "groupby_simple_monitor": null,
            "id": "314372436",
            "include_tags": true,
            "locked": false,
            "message": "{{#is_alert}}\n## P3 · Worker Processing Latency Degradation\n**WHAT:** Worker Processing Latency Degradation: latency signal detected by rate_of_change analysis.\n**WHERE:** {{value}} · env `stage` · region `global`\n**SERVICE:** `worker-platform` (application / service, tier2)\n**BUSINESS IMPACT:** The service still functions but measurably worse; a subset of traffic or users is failing.\n**WHY IT TRIGGERED:** The signal changed faster than the configured percentage relative to its own recent history. Speed of degradation, not absolute level.\n**OWNER:** sre · support business-hours · this does not page\n**DO THIS NEXT:** Open the runbook, confirm scope from the group tags, and follow the validation steps. The attached workflow output already contains the standard diagnostics.\n**RUNBOOK:** https://github.com/droderiquesit/enterprise-observability/blob/main/platform/runbooks/worker-processing-latency.md\n**AUTOMATED DIAGNOSTICS:** workflow `diag-app-health` has run; its output is attached to this event.\n**RELATED EVENTS:** correlated on `worker-platform.stage.worker-platform` — deployments, infrastructure changes and platform events from the last 30 minutes are attached as context.\n**SLO / ERROR BUDGET:** `slo-worker-throughput` · no error-budget impact (non-production)\n{{/is_alert}}\n{{#is_warning}}\n## Worker Processing Latency Degradation — warning\nApproaching the alert condition on {{value}}. Investigate before it becomes P3. Runbook: https://github.com/droderiquesit/enterprise-observability/blob/main/platform/runbooks/worker-processing-latency.md\n{{/is_warning}}\n{{#is_no_data}}\n## Worker Processing Latency Degradation — NO DATA\nTelemetry stopped arriving for {{value}}. Treat this as a telemetry-health incident: an unmonitored resource is worse than an alerting one. Runbook: https://github.com/droderiquesit/enterprise-observability/blob/main/platform/runbooks/worker-processing-latency.md\n{{/is_no_data}}\n{{#is_recovery}}\n## Recovered · Worker Processing Latency Degradation\n{{value}} returned to normal. Error-budget impact recorded against `slo-worker-throughput`. No action required; the correlation group closes when every child recovers.\n{{/is_recovery}}\n{{#is_warning_recovery}}\nWarning cleared for {{value}}.\n{{/is_warning_recovery}}",
            "monitor_threshold_windows": [],
            "monitor_thresholds": [
              {
                "critical": "75",
                "critical_recovery": "",
                "ok": "",
                "unknown": "",
                "warning": "40",
                "warning_recovery": ""
              }
            ],
            "name": "[P3][stage][application] Worker Processing Latency Degradation (standard)",
            "new_group_delay": 300,
            "new_host_delay": 300,
            "no_data_timeframe": 0,
            "notification_preset_name": "",
            "notify_audit": false,
            "notify_by": [],
            "notify_no_data": false,
            "on_missing_data": "",
            "priority": "3",
            "query": "pct_change(avg(last_30m),last_1h):avg:trace.async.operation.duration{env:stage,alert_band:standard,service_archetype:worker} by {service} \u003e 75",
            "renotify_interval": 120,
            "renotify_occurrences": 3,
            "renotify_statuses": [
              "alert"
            ],
            "require_full_window": false,
            "restricted_roles": null,
            "scheduling_options": [],
            "tags": [
              "alert_band:standard",
              "archetype:worker-processing-latency",
              "automation_ref:diag-app-health",
              "correlation_key:worker-platform.stage.worker-platform",
              "dedup_key:worker-platform.stage.worker-processing-latency.standard",
              "detection:rate_of_change",
              "domain:application",
              "env:stage",
              "failure_domain:worker-platform",
              "impact_class:degradation",
              "managed_by:terraform",
              "managed_source:platform",
              "monitor_id:stage.standard.application.worker-processing-latency",
              "monitoring_profile:standard",
              "notification_profile:nonprod_standard",
              "owner:sre",
              "pages:false",
              "priority:p3",
              "resource_type:service",
              "runbook:worker-processing-latency",
              "service:worker-platform",
              "signal:latency",
              "slo_id:slo-worker-throughput",
              "support_model:business-hours",
              "team:sre",
              "tier:tier2"
            ],
            "timeout_h": 0,
            "type": "query alert",
            "validate": null,
            "variables": []
          },
          "sensitive_attributes": [],
          "private": "bnVsbA=="
        },
        {
          "index_key": "stage.standard.application.worker-stalled",
          "schema_version": 0,
          "attributes": {
            "assets": [],
            "draft_status": "published",
            "enable_logs_sample": null,
            "enable_samples": null,
            "escalation_message": "",
            "evaluation_delay": 300,
            "force_delete": null,
            "group_retention_duration": "",
            "groupby_simple_monitor": null,
            "id": "314372465",
            "include_tags": true,
            "locked": false,
            "message": "{{#is_alert}}\n## P3 · Worker Stopped Processing\n**WHAT:** Worker Stopped Processing: availability signal detected by threshold analysis.\n**WHERE:** {{value}} · env `stage` · region `global`\n**SERVICE:** `worker-platform` (application / service, tier2)\n**BUSINESS IMPACT:** Customers are affected now, or a mission-critical capability is unavailable.\n**WHY IT TRIGGERED:** Zero work processed in 30 minutes is an absolute liveness boundary for a continuously-fed worker; there is no statistical interpretation of zero.\n\n**OWNER:** sre · support business-hours · this does not page\n**DO THIS NEXT:** Open the runbook, confirm scope from the group tags, and follow the validation steps. The attached workflow output already contains the standard diagnostics.\n**RUNBOOK:** https://github.com/droderiquesit/enterprise-observability/blob/main/platform/runbooks/worker-stalled.md\n**AUTOMATED DIAGNOSTICS:** workflow `diag-app-health` has run; its output is attached to this event.\n**RELATED EVENTS:** correlated on `worker-platform.stage.worker-platform` — deployments, infrastructure changes and platform events from the last 30 minutes are attached as context.\n**SLO / ERROR BUDGET:** `slo-worker-throughput` · no error-budget impact (non-production)\n{{/is_alert}}\n{{#is_warning}}\n## Worker Stopped Processing — warning\nApproaching the alert condition on {{value}}. Investigate before it becomes P3. Runbook: https://github.com/droderiquesit/enterprise-observability/blob/main/platform/runbooks/worker-stalled.md\n{{/is_warning}}\n{{#is_no_data}}\n## Worker Stopped Processing — NO DATA\nTelemetry stopped arriving for {{value}}. Treat this as a telemetry-health incident: an unmonitored resource is worse than an alerting one. Runbook: https://github.com/droderiquesit/enterprise-observability/blob/main/platform/runbooks/worker-stalled.md\n{{/is_no_data}}\n{{#is_recovery}}\n## Recovered · Worker Stopped Processing\n{{value}} returned to normal. Error-budget impact recorded against `slo-worker-throughput`. No action required; the correlation group closes when every child recovers.\n{{/is_recovery}}\n{{#is_warning_recovery}}\nWarning cleared for {{value}}.\n{{/is_warning_recovery}}",
            "monitor_threshold_windows": [],
            "monitor_thresholds": [
              {
                "critical": "1",
                "critical_recovery": "",
                "ok": "",
                "unknown": "",
                "warning": "",
                "warning_recovery": ""
              }
            ],
            "name": "[P3][stage][application] Worker Stopped Processing (standard)",
            "new_group_delay": 300,
            "new_host_delay": 300,
            "no_data_timeframe": 45,
            "notification_preset_name": "",
            "notify_audit": false,
            "notify_by": [],
            "notify_no_data": true,
            "on_missing_data": "",
            "priority": "3",
            "query": "sum(last_1h):sum:trace.async.operation.hits{env:stage,alert_band:standard,service_archetype:worker} by {service}.as_count() \u003c 1",
            "renotify_interval": 120,
            "renotify_occurrences": 3,
            "renotify_statuses": [
              "alert"
            ],
            "require_full_window": false,
            "restricted_roles": null,
            "scheduling_options": [],
            "tags": [
              "alert_band:standard",
              "archetype:worker-stalled",
              "automation_ref:diag-app-health",
              "correlation_key:worker-platform.stage.worker-platform",
              "dedup_key:worker-platform.stage.worker-stalled.standard",
              "detection:threshold",
              "domain:application",
              "env:stage",
              "failure_domain:worker-platform",
              "impact_class:customer_impact",
              "managed_by:terraform",
              "managed_source:platform",
              "monitor_id:stage.standard.application.worker-stalled",
              "monitoring_profile:standard",
              "notification_profile:nonprod_standard",
              "owner:sre",
              "pages:false",
              "priority:p3",
              "resource_type:service",
              "runbook:worker-stalled",
              "service:worker-platform",
              "signal:availability",
              "slo_id:slo-worker-throughput",
              "support_model:business-hours",
              "team:sre",
              "tier:tier2"
            ],
            "timeout_h": 0,
            "type": "query alert",
            "validate": null,
            "variables": []
          },
          "sensitive_attributes": [],
          "private": "bnVsbA=="
        },
        {
          "index_key": "stage.standard.application.worker-throughput-anomaly",
          "schema_version": 0,
          "attributes": {
            "assets": [],
            "draft_status": "published",
            "enable_logs_sample": null,
            "enable_samples": null,
            "escalation_message": "",
            "evaluation_delay": 300,
            "force_delete": null,
            "group_retention_duration": "",
            "groupby_simple_monitor": null,
            "id": "314372523",
            "include_tags": true,
            "locked": false,
            "message": "{{#is_alert}}\n## P3 · Worker Throughput Anomaly\n**WHAT:** Worker Throughput Anomaly: throughput signal detected by anomaly analysis.\n**WHERE:** {{value}} · env `stage` · region `global`\n**SERVICE:** `worker-platform` (application / service, tier2)\n**BUSINESS IMPACT:** The service still functions but measurably worse; a subset of traffic or users is failing.\n**WHY IT TRIGGERED:** The signal deviated from its own learned baseline by more than the configured number of deviations — not because it crossed a fixed number.\n**OWNER:** sre · support business-hours · this does not page\n**DO THIS NEXT:** Open the runbook, confirm scope from the group tags, and follow the validation steps. The attached workflow output already contains the standard diagnostics.\n**RUNBOOK:** https://github.com/droderiquesit/enterprise-observability/blob/main/platform/runbooks/worker-throughput-anomaly.md\n**AUTOMATED DIAGNOSTICS:** workflow `diag-app-health` has run; its output is attached to this event.\n**RELATED EVENTS:** correlated on `worker-platform.stage.worker-platform` — deployments, infrastructure changes and platform events from the last 30 minutes are attached as context.\n**SLO / ERROR BUDGET:** `slo-worker-throughput` · no error-budget impact (non-production)\n{{/is_alert}}\n{{#is_warning}}\n## Worker Throughput Anomaly — warning\nApproaching the alert condition on {{value}}. Investigate before it becomes P3. Runbook: https://github.com/droderiquesit/enterprise-observability/blob/main/platform/runbooks/worker-throughput-anomaly.md\n{{/is_warning}}\n{{#is_no_data}}\n## Worker Throughput Anomaly — NO DATA\nTelemetry stopped arriving for {{value}}. Treat this as a telemetry-health incident: an unmonitored resource is worse than an alerting one. Runbook: https://github.com/droderiquesit/enterprise-observability/blob/main/platform/runbooks/worker-throughput-anomaly.md\n{{/is_no_data}}\n{{#is_recovery}}\n## Recovered · Worker Throughput Anomaly\n{{value}} returned to normal. Error-budget impact recorded against `slo-worker-throughput`. No action required; the correlation group closes when every child recovers.\n{{/is_recovery}}\n{{#is_warning_recovery}}\nWarning cleared for {{value}}.\n{{/is_warning_recovery}}",
            "monitor_threshold_windows": [],
            "monitor_thresholds": [
              {
                "critical": "1",
                "critical_recovery": "",
                "ok": "",
                "unknown": "",
                "warning": "",
                "warning_recovery": ""
              }
            ],
            "name": "[P3][stage][application] Worker Throughput Anomaly (standard)",
            "new_group_delay": 300,
            "new_host_delay": 300,
            "no_data_timeframe": 0,
            "notification_preset_name": "",
            "notify_audit": false,
            "notify_by": [],
            "notify_no_data": false,
            "on_missing_data": "",
            "priority": "3",
            "query": "avg(last_1h):anomalies(sum:trace.async.operation.hits{env:stage,alert_band:standard,service_archetype:worker} by {service}.as_rate(), 'agile', 3, direction='below') \u003e= 1",
            "renotify_interval": 120,
            "renotify_occurrences": 3,
            "renotify_statuses": [
              "alert"
            ],
            "require_full_window": false,
            "restricted_roles": null,
            "scheduling_options": [],
            "tags": [
              "alert_band:standard",
              "archetype:worker-throughput-anomaly",
              "automation_ref:diag-app-health",
              "correlation_key:worker-platform.stage.worker-platform",
              "dedup_key:worker-platform.stage.worker-throughput-anomaly.standard",
              "detection:anomaly",
              "domain:application",
              "env:stage",
              "failure_domain:worker-platform",
              "impact_class:degradation",
              "managed_by:terraform",
              "managed_source:platform",
              "monitor_id:stage.standard.application.worker-throughput-anomaly",
              "monitoring_profile:standard",
              "notification_profile:nonprod_standard",
              "owner:sre",
              "pages:false",
              "priority:p3",
              "resource_type:service",
              "runbook:worker-throughput-anomaly",
              "service:worker-platform",
              "signal:throughput",
              "slo_id:slo-worker-throughput",
              "support_model:business-hours",
              "team:sre",
              "tier:tier2"
            ],
            "timeout_h": 0,
            "type": "query alert",
            "validate": null,
            "variables": []
          },
          "sensitive_attributes": [],
          "private": "bnVsbA=="
        },
        {
          "index_key": "stage.standard.cloud.azure-appgateway-backend-unhealthy",
          "schema_version": 0,
          "attributes": {
            "assets": [],
            "draft_status": "published",
            "enable_logs_sample": null,
            "enable_samples": null,
            "escalation_message": "",
            "evaluation_delay": 300,
            "force_delete": null,
            "group_retention_duration": "",
            "groupby_simple_monitor": null,
            "id": "314372503",
            "include_tags": true,
            "locked": false,
            "message": "{{#is_alert}}\n## P3 · Application Gateway Backend Unhealthy\n**WHAT:** Application Gateway Backend Unhealthy: availability signal detected by threshold analysis.\n**WHERE:** {{value}} · env `stage` · region `global`\n**SERVICE:** `azure-landing-zone` (cloud / azure_application_gateway, tier2)\n**BUSINESS IMPACT:** Customers are affected now, or a mission-critical capability is unavailable.\n**WHY IT TRIGGERED:** Zero healthy hosts behind a listener is binary.\n**OWNER:** cloud-engineering · support business-hours · this does not page\n**DO THIS NEXT:** Open the runbook, confirm scope from the group tags, and follow the validation steps. The attached workflow output already contains the standard diagnostics.\n**RUNBOOK:** https://github.com/droderiquesit/enterprise-observability/blob/main/platform/runbooks/azure-appgateway-backend-unhealthy.md\n**AUTOMATED DIAGNOSTICS:** workflow `diag-azure-resource` has run; its output is attached to this event.\n**RELATED EVENTS:** correlated on `azure-landing-zone.stage.azure-landing-zone` — deployments, infrastructure changes and platform events from the last 30 minutes are attached as context.\n**SLO / ERROR BUDGET:** `slo-cloud-platform-availability` · no error-budget impact (non-production)\n{{/is_alert}}\n{{#is_warning}}\n## Application Gateway Backend Unhealthy — warning\nApproaching the alert condition on {{value}}. Investigate before it becomes P3. Runbook: https://github.com/droderiquesit/enterprise-observability/blob/main/platform/runbooks/azure-appgateway-backend-unhealthy.md\n{{/is_warning}}\n{{#is_no_data}}\n## Application Gateway Backend Unhealthy — NO DATA\nTelemetry stopped arriving for {{value}}. Treat this as a telemetry-health incident: an unmonitored resource is worse than an alerting one. Runbook: https://github.com/droderiquesit/enterprise-observability/blob/main/platform/runbooks/azure-appgateway-backend-unhealthy.md\n{{/is_no_data}}\n{{#is_recovery}}\n## Recovered · Application Gateway Backend Unhealthy\n{{value}} returned to normal. Error-budget impact recorded against `slo-cloud-platform-availability`. No action required; the correlation group closes when every child recovers.\n{{/is_recovery}}\n{{#is_warning_recovery}}\nWarning cleared for {{value}}.\n{{/is_warning_recovery}}",
            "monitor_threshold_windows": [],
            "monitor_thresholds": [
              {
                "critical": "1",
                "critical_recovery": "",
                "ok": "",
                "unknown": "",
                "warning": "2",
                "warning_recovery": ""
              }
            ],
            "name": "[P3][stage][cloud] Application Gateway Backend Unhealthy (standard)",
            "new_group_delay": 300,
            "new_host_delay": 300,
            "no_data_timeframe": 0,
            "notification_preset_name": "",
            "notify_audit": false,
            "notify_by": [
              "subscription_name"
            ],
            "notify_no_data": false,
            "on_missing_data": "",
            "priority": "3",
            "query": "min(last_15m):avg:azure.network_applicationgateways.healthy_host_count{env:stage,alert_band:standard,resource_type:azure_application_gateway} by {subscription_name,name,backend_pool} \u003c 1",
            "renotify_interval": 120,
            "renotify_occurrences": 3,
            "renotify_statuses": [
              "alert"
            ],
            "require_full_window": false,
            "restricted_roles": null,
            "scheduling_options": [],
            "tags": [
              "alert_band:standard",
              "archetype:azure-appgateway-backend-unhealthy",
              "automation_ref:diag-azure-resource",
              "correlation_key:azure-landing-zone.stage.azure-landing-zone",
              "dedup_key:azure-landing-zone.stage.azure-appgateway-backend-unhealthy.standard",
              "detection:threshold",
              "domain:cloud",
              "env:stage",
              "failure_domain:azure-landing-zone",
              "impact_class:customer_impact",
              "managed_by:terraform",
              "managed_source:platform",
              "monitor_id:stage.standard.cloud.azure-appgateway-backend-unhealthy",
              "monitoring_profile:standard",
              "notification_profile:nonprod_standard",
              "owner:cloud-engineering",
              "pages:false",
              "priority:p3",
              "resource_type:azure_application_gateway",
              "runbook:azure-appgateway-backend-unhealthy",
              "service:azure-landing-zone",
              "signal:availability",
              "slo_id:slo-cloud-platform-availability",
              "support_model:business-hours",
              "team:cloud-engineering",
              "tier:tier2"
            ],
            "timeout_h": 0,
            "type": "query alert",
            "validate": null,
            "variables": []
          },
          "sensitive_attributes": [],
          "private": "bnVsbA=="
        },
        {
          "index_key": "stage.standard.cloud.azure-appservice-http5xx-anomaly",
          "schema_version": 0,
          "attributes": {
            "assets": [],
            "draft_status": "published",
            "enable_logs_sample": null,
            "enable_samples": null,
            "escalation_message": "",
            "evaluation_delay": 300,
            "force_delete": null,
            "group_retention_duration": "",
            "groupby_simple_monitor": null,
            "id": "314372524",
            "include_tags": true,
            "locked": false,
            "message": "{{#is_alert}}\n## P3 · Azure App Service 5xx Anomaly\n**WHAT:** Azure App Service 5xx Anomaly: error_rate signal detected by anomaly analysis.\n**WHERE:** {{value}} · env `stage` · region `global`\n**SERVICE:** `azure-landing-zone` (cloud / azure_app_service, tier2)\n**BUSINESS IMPACT:** Customers are affected now, or a mission-critical capability is unavailable.\n**WHY IT TRIGGERED:** The signal deviated from its own learned baseline by more than the configured number of deviations — not because it crossed a fixed number.\n**OWNER:** cloud-engineering · support business-hours · this does not page\n**DO THIS NEXT:** Open the runbook, confirm scope from the group tags, and follow the validation steps. The attached workflow output already contains the standard diagnostics.\n**RUNBOOK:** https://github.com/droderiquesit/enterprise-observability/blob/main/platform/runbooks/azure-appservice-http5xx-anomaly.md\n**AUTOMATED DIAGNOSTICS:** workflow `remediate-recycle-app-pool` has run; its output is attached to this event.\n**RELATED EVENTS:** correlated on `azure-paas.stage.azure-landing-zone` — deployments, infrastructure changes and platform events from the last 30 minutes are attached as context.\n**SLO / ERROR BUDGET:** `slo-cloud-platform-availability` · no error-budget impact (non-production)\n{{/is_alert}}\n{{#is_warning}}\n## Azure App Service 5xx Anomaly — warning\nApproaching the alert condition on {{value}}. Investigate before it becomes P3. Runbook: https://github.com/droderiquesit/enterprise-observability/blob/main/platform/runbooks/azure-appservice-http5xx-anomaly.md\n{{/is_warning}}\n{{#is_no_data}}\n## Azure App Service 5xx Anomaly — NO DATA\nTelemetry stopped arriving for {{value}}. Treat this as a telemetry-health incident: an unmonitored resource is worse than an alerting one. Runbook: https://github.com/droderiquesit/enterprise-observability/blob/main/platform/runbooks/azure-appservice-http5xx-anomaly.md\n{{/is_no_data}}\n{{#is_recovery}}\n## Recovered · Azure App Service 5xx Anomaly\n{{value}} returned to normal. Error-budget impact recorded against `slo-cloud-platform-availability`. No action required; the correlation group closes when every child recovers.\n{{/is_recovery}}\n{{#is_warning_recovery}}\nWarning cleared for {{value}}.\n{{/is_warning_recovery}}",
            "monitor_threshold_windows": [],
            "monitor_thresholds": [
              {
                "critical": "1",
                "critical_recovery": "",
                "ok": "",
                "unknown": "",
                "warning": "",
                "warning_recovery": ""
              }
            ],
            "name": "[P3][stage][cloud] Azure App Service 5xx Anomaly (standard)",
            "new_group_delay": 300,
            "new_host_delay": 300,
            "no_data_timeframe": 0,
            "notification_preset_name": "",
            "notify_audit": false,
            "notify_by": [
              "subscription_name"
            ],
            "notify_no_data": false,
            "on_missing_data": "",
            "priority": "3",
            "query": "avg(last_30m):anomalies(sum:azure.app_services.http5xx{env:stage,alert_band:standard,resource_type:azure_app_service} by {subscription_name,resource_group,name}.as_rate(), 'agile', 3) \u003e= 1",
            "renotify_interval": 120,
            "renotify_occurrences": 3,
            "renotify_statuses": [
              "alert"
            ],
            "require_full_window": false,
            "restricted_roles": null,
            "scheduling_options": [],
            "tags": [
              "alert_band:standard",
              "archetype:azure-appservice-http5xx-anomaly",
              "automation_ref:remediate-recycle-app-pool",
              "correlation_key:azure-paas.stage.azure-landing-zone",
              "dedup_key:azure-landing-zone.stage.azure-appservice-http5xx-anomaly.standard",
              "detection:anomaly",
              "domain:cloud",
              "env:stage",
              "failure_domain:azure-paas",
              "impact_class:customer_impact",
              "managed_by:terraform",
              "managed_source:platform",
              "monitor_id:stage.standard.cloud.azure-appservice-http5xx-anomaly",
              "monitoring_profile:standard",
              "notification_profile:nonprod_standard",
              "owner:cloud-engineering",
              "pages:false",
              "priority:p3",
              "resource_type:azure_app_service",
              "runbook:azure-appservice-http5xx-anomaly",
              "service:azure-landing-zone",
              "signal:error_rate",
              "slo_id:slo-cloud-platform-availability",
              "support_model:business-hours",
              "team:cloud-engineering",
              "tier:tier2"
            ],
            "timeout_h": 0,
            "type": "query alert",
            "validate": null,
            "variables": []
          },
          "sensitive_attributes": [],
          "private": "bnVsbA=="
        },
        {
          "index_key": "stage.standard.cloud.azure-appservice-unavailable",
          "schema_version": 0,
          "attributes": {
            "assets": [],
            "draft_status": "published",
            "enable_logs_sample": null,
            "enable_samples": null,
            "escalation_message": "",
            "evaluation_delay": 300,
            "force_delete": null,
            "group_retention_duration": "",
            "groupby_simple_monitor": null,
            "id": "314372378",
            "include_tags": true,
            "locked": false,
            "message": "{{#is_alert}}\n## P3 · Azure App Service Unavailable\n**WHAT:** Azure App Service Unavailable: availability signal detected by threshold analysis.\n**WHERE:** {{value}} · env `stage` · region `global`\n**SERVICE:** `azure-landing-zone` (cloud / azure_app_service, tier2)\n**BUSINESS IMPACT:** Customers are affected now, or a mission-critical capability is unavailable.\n**WHY IT TRIGGERED:** Health-check status is binary.\n**OWNER:** cloud-engineering · support business-hours · this does not page\n**DO THIS NEXT:** Open the runbook, confirm scope from the group tags, and follow the validation steps. The attached workflow output already contains the standard diagnostics.\n**RUNBOOK:** https://github.com/droderiquesit/enterprise-observability/blob/main/platform/runbooks/azure-appservice-unavailable.md\n**AUTOMATED DIAGNOSTICS:** workflow `diag-azure-resource` has run; its output is attached to this event.\n**RELATED EVENTS:** correlated on `azure-paas.stage.azure-landing-zone` — deployments, infrastructure changes and platform events from the last 30 minutes are attached as context.\n**SLO / ERROR BUDGET:** `slo-cloud-platform-availability` · no error-budget impact (non-production)\n{{/is_alert}}\n{{#is_warning}}\n## Azure App Service Unavailable — warning\nApproaching the alert condition on {{value}}. Investigate before it becomes P3. Runbook: https://github.com/droderiquesit/enterprise-observability/blob/main/platform/runbooks/azure-appservice-unavailable.md\n{{/is_warning}}\n{{#is_no_data}}\n## Azure App Service Unavailable — NO DATA\nTelemetry stopped arriving for {{value}}. Treat this as a telemetry-health incident: an unmonitored resource is worse than an alerting one. Runbook: https://github.com/droderiquesit/enterprise-observability/blob/main/platform/runbooks/azure-appservice-unavailable.md\n{{/is_no_data}}\n{{#is_recovery}}\n## Recovered · Azure App Service Unavailable\n{{value}} returned to normal. Error-budget impact recorded against `slo-cloud-platform-availability`. No action required; the correlation group closes when every child recovers.\n{{/is_recovery}}\n{{#is_warning_recovery}}\nWarning cleared for {{value}}.\n{{/is_warning_recovery}}",
            "monitor_threshold_windows": [],
            "monitor_thresholds": [
              {
                "critical": "1",
                "critical_recovery": "",
                "ok": "",
                "unknown": "",
                "warning": "",
                "warning_recovery": ""
              }
            ],
            "name": "[P3][stage][cloud] Azure App Service Unavailable (standard)",
            "new_group_delay": 300,
            "new_host_delay": 300,
            "no_data_timeframe": 0,
            "notification_preset_name": "",
            "notify_audit": false,
            "notify_by": [
              "subscription_name"
            ],
            "notify_no_data": false,
            "on_missing_data": "",
            "priority": "3",
            "query": "min(last_15m):avg:azure.app_services.health_check_status{env:stage,alert_band:standard,resource_type:azure_app_service} by {subscription_name,resource_group,name} \u003c 1",
            "renotify_interval": 120,
            "renotify_occurrences": 3,
            "renotify_statuses": [
              "alert"
            ],
            "require_full_window": false,
            "restricted_roles": null,
            "scheduling_options": [],
            "tags": [
              "alert_band:standard",
              "archetype:azure-appservice-unavailable",
              "automation_ref:diag-azure-resource",
              "correlation_key:azure-paas.stage.azure-landing-zone",
              "dedup_key:azure-landing-zone.stage.azure-appservice-unavailable.standard",
              "detection:threshold",
              "domain:cloud",
              "env:stage",
              "failure_domain:azure-paas",
              "impact_class:customer_impact",
              "managed_by:terraform",
              "managed_source:platform",
              "monitor_id:stage.standard.cloud.azure-appservice-unavailable",
              "monitoring_profile:standard",
              "notification_profile:nonprod_standard",
              "owner:cloud-engineering",
              "pages:false",
              "priority:p3",
              "resource_type:azure_app_service",
              "runbook:azure-appservice-unavailable",
              "service:azure-landing-zone",
              "signal:availability",
              "slo_id:slo-cloud-platform-availability",
              "support_model:business-hours",
              "team:cloud-engineering",
              "tier:tier2"
            ],
            "timeout_h": 0,
            "type": "query alert",
            "validate": null,
            "variables": []
          },
          "sensitive_attributes": [],
          "private": "bnVsbA=="
        },
        {
          "index_key": "stage.standard.cloud.azure-function-failure-anomaly",
          "schema_version": 0,
          "attributes": {
            "assets": [],
            "draft_status": "published",
            "enable_logs_sample": null,
            "enable_samples": null,
            "escalation_message": "",
            "evaluation_delay": 300,
            "force_delete": null,
            "group_retention_duration": "",
            "groupby_simple_monitor": null,
            "id": "314372440",
            "include_tags": true,
            "locked": false,
            "message": "{{#is_alert}}\n## P3 · Azure Function Failure Anomaly\n**WHAT:** Azure Function Failure Anomaly: error_rate signal detected by anomaly analysis.\n**WHERE:** {{value}} · env `stage` · region `global`\n**SERVICE:** `azure-landing-zone` (cloud / azure_function, tier2)\n**BUSINESS IMPACT:** The service still functions but measurably worse; a subset of traffic or users is failing.\n**WHY IT TRIGGERED:** The signal deviated from its own learned baseline by more than the configured number of deviations — not because it crossed a fixed number.\n**OWNER:** cloud-engineering · support business-hours · this does not page\n**DO THIS NEXT:** Open the runbook, confirm scope from the group tags, and follow the validation steps. The attached workflow output already contains the standard diagnostics.\n**RUNBOOK:** https://github.com/droderiquesit/enterprise-observability/blob/main/platform/runbooks/azure-function-failure-anomaly.md\n**AUTOMATED DIAGNOSTICS:** workflow `diag-azure-resource` has run; its output is attached to this event.\n**RELATED EVENTS:** correlated on `azure-paas.stage.azure-landing-zone` — deployments, infrastructure changes and platform events from the last 30 minutes are attached as context.\n**SLO / ERROR BUDGET:** `slo-cloud-platform-availability` · no error-budget impact (non-production)\n{{/is_alert}}\n{{#is_warning}}\n## Azure Function Failure Anomaly — warning\nApproaching the alert condition on {{value}}. Investigate before it becomes P3. Runbook: https://github.com/droderiquesit/enterprise-observability/blob/main/platform/runbooks/azure-function-failure-anomaly.md\n{{/is_warning}}\n{{#is_no_data}}\n## Azure Function Failure Anomaly — NO DATA\nTelemetry stopped arriving for {{value}}. Treat this as a telemetry-health incident: an unmonitored resource is worse than an alerting one. Runbook: https://github.com/droderiquesit/enterprise-observability/blob/main/platform/runbooks/azure-function-failure-anomaly.md\n{{/is_no_data}}\n{{#is_recovery}}\n## Recovered · Azure Function Failure Anomaly\n{{value}} returned to normal. Error-budget impact recorded against `slo-cloud-platform-availability`. No action required; the correlation group closes when every child recovers.\n{{/is_recovery}}\n{{#is_warning_recovery}}\nWarning cleared for {{value}}.\n{{/is_warning_recovery}}",
            "monitor_threshold_windows": [],
            "monitor_thresholds": [
              {
                "critical": "1",
                "critical_recovery": "",
                "ok": "",
                "unknown": "",
                "warning": "",
                "warning_recovery": ""
              }
            ],
            "name": "[P3][stage][cloud] Azure Function Failure Anomaly (standard)",
            "new_group_delay": 300,
            "new_host_delay": 300,
            "no_data_timeframe": 0,
            "notification_preset_name": "",
            "notify_audit": false,
            "notify_by": [
              "subscription_name"
            ],
            "notify_no_data": false,
            "on_missing_data": "",
            "priority": "3",
            "query": "avg(last_30m):anomalies(sum:azure.functions.function_execution_failures{env:stage,alert_band:standard,resource_type:azure_function} by {subscription_name,resource_group,name}.as_rate(), 'agile', 3) \u003e= 1",
            "renotify_interval": 120,
            "renotify_occurrences": 3,
            "renotify_statuses": [
              "alert"
            ],
            "require_full_window": false,
            "restricted_roles": null,
            "scheduling_options": [],
            "tags": [
              "alert_band:standard",
              "archetype:azure-function-failure-anomaly",
              "automation_ref:diag-azure-resource",
              "correlation_key:azure-paas.stage.azure-landing-zone",
              "dedup_key:azure-landing-zone.stage.azure-function-failure-anomaly.standard",
              "detection:anomaly",
              "domain:cloud",
              "env:stage",
              "failure_domain:azure-paas",
              "impact_class:degradation",
              "managed_by:terraform",
              "managed_source:platform",
              "monitor_id:stage.standard.cloud.azure-function-failure-anomaly",
              "monitoring_profile:standard",
              "notification_profile:nonprod_standard",
              "owner:cloud-engineering",
              "pages:false",
              "priority:p3",
              "resource_type:azure_function",
              "runbook:azure-function-failure-anomaly",
              "service:azure-landing-zone",
              "signal:error_rate",
              "slo_id:slo-cloud-platform-availability",
              "support_model:business-hours",
              "team:cloud-engineering",
              "tier:tier2"
            ],
            "timeout_h": 0,
            "type": "query alert",
            "validate": null,
            "variables": []
          },
          "sensitive_attributes": [],
          "private": "bnVsbA=="
        },
        {
          "index_key": "stage.standard.cloud.azure-integration-telemetry-gap",
          "schema_version": 0,
          "attributes": {
            "assets": [],
            "draft_status": "published",
            "enable_logs_sample": null,
            "enable_samples": null,
            "escalation_message": "",
            "evaluation_delay": 300,
            "force_delete": null,
            "group_retention_duration": "",
            "groupby_simple_monitor": null,
            "id": "314372509",
            "include_tags": true,
            "locked": false,
            "message": "{{#is_alert}}\n## P4 · Azure Integration Stopped Delivering Metrics\n**WHAT:** Azure Integration Stopped Delivering Metrics: telemetry_health signal detected by threshold analysis.\n**WHERE:** {{value}} · env `stage` · region `global`\n**SERVICE:** `platform-services` (cloud / azure_subscription, tier2)\n**BUSINESS IMPACT:** Observability or configuration hygiene is degraded. No direct customer impact, but our ability to see or govern the estate is reduced.\n**WHY IT TRIGGERED:** A silent Azure integration makes every cloud monitor silently green. This is the tripwire that prevents false confidence.\n\n**OWNER:** cloud-engineering · support business-hours · this does not page\n**DO THIS NEXT:** Open the runbook, confirm scope from the group tags, and follow the validation steps. The attached workflow output already contains the standard diagnostics.\n**RUNBOOK:** https://github.com/droderiquesit/enterprise-observability/blob/main/platform/runbooks/azure-integration-telemetry-gap.md\n**AUTOMATED DIAGNOSTICS:** workflow `diag-azure-resource` has run; its output is attached to this event.\n**RELATED EVENTS:** correlated on `azure-landing-zone.stage.platform-services` — deployments, infrastructure changes and platform events from the last 30 minutes are attached as context.\n**SLO / ERROR BUDGET:** `slo-platform-services` · no error-budget impact (non-production)\n{{/is_alert}}\n{{#is_warning}}\n## Azure Integration Stopped Delivering Metrics — warning\nApproaching the alert condition on {{value}}. Investigate before it becomes P4. Runbook: https://github.com/droderiquesit/enterprise-observability/blob/main/platform/runbooks/azure-integration-telemetry-gap.md\n{{/is_warning}}\n{{#is_no_data}}\n## Azure Integration Stopped Delivering Metrics — NO DATA\nTelemetry stopped arriving for {{value}}. Treat this as a telemetry-health incident: an unmonitored resource is worse than an alerting one. Runbook: https://github.com/droderiquesit/enterprise-observability/blob/main/platform/runbooks/azure-integration-telemetry-gap.md\n{{/is_no_data}}\n{{#is_recovery}}\n## Recovered · Azure Integration Stopped Delivering Metrics\n{{value}} returned to normal. Error-budget impact recorded against `slo-platform-services`. No action required; the correlation group closes when every child recovers.\n{{/is_recovery}}\n{{#is_warning_recovery}}\nWarning cleared for {{value}}.\n{{/is_warning_recovery}}",
            "monitor_threshold_windows": [],
            "monitor_thresholds": [
              {
                "critical": "1",
                "critical_recovery": "",
                "ok": "",
                "unknown": "",
                "warning": "",
                "warning_recovery": ""
              }
            ],
            "name": "[P4][stage][cloud] Azure Integration Stopped Delivering Metrics (standard)",
            "new_group_delay": 300,
            "new_host_delay": 300,
            "no_data_timeframe": 90,
            "notification_preset_name": "",
            "notify_audit": false,
            "notify_by": [],
            "notify_no_data": true,
            "on_missing_data": "",
            "priority": "4",
            "query": "sum(last_2h):sum:azure.usage.current_value{env:stage,alert_band:standard,resource_type:azure_subscription} by {subscription_name}.as_count() \u003c 1",
            "renotify_interval": 120,
            "renotify_occurrences": 3,
            "renotify_statuses": [
              "alert"
            ],
            "require_full_window": false,
            "restricted_roles": null,
            "scheduling_options": [],
            "tags": [
              "alert_band:standard",
              "archetype:azure-integration-telemetry-gap",
              "automation_ref:diag-azure-resource",
              "correlation_key:azure-landing-zone.stage.platform-services",
              "dedup_key:platform-services.stage.azure-integration-telemetry-gap.standard",
              "detection:threshold",
              "domain:cloud",
              "env:stage",
              "failure_domain:azure-landing-zone",
              "impact_class:hygiene",
              "managed_by:terraform",
              "managed_source:platform",
              "monitor_id:stage.standard.cloud.azure-integration-telemetry-gap",
              "monitoring_profile:standard",
              "notification_profile:nonprod_standard",
              "owner:cloud-engineering",
              "pages:false",
              "priority:p4",
              "resource_type:azure_subscription",
              "runbook:azure-integration-telemetry-gap",
              "service:platform-services",
              "signal:telemetry_health",
              "slo_id:slo-platform-services",
              "support_model:business-hours",
              "team:cloud-engineering",
              "tier:tier2"
            ],
            "timeout_h": 0,
            "type": "query alert",
            "validate": null,
            "variables": []
          },
          "sensitive_attributes": [],
          "private": "bnVsbA=="
        },
        {
          "index_key": "stage.standard.cloud.azure-loadbalancer-probe-failure",
          "schema_version": 0,
          "attributes": {
            "assets": [],
            "draft_status": "published",
            "enable_logs_sample": null,
            "enable_samples": null,
            "escalation_message": "",
            "evaluation_delay": 300,
            "force_delete": null,
            "group_retention_duration": "",
            "groupby_simple_monitor": null,
            "id": "314372528",
            "include_tags": true,
            "locked": false,
            "message": "{{#is_alert}}\n## P3 · Azure Load Balancer Health Probe Failing\n**WHAT:** Azure Load Balancer Health Probe Failing: availability signal detected by threshold analysis.\n**WHERE:** {{value}} · env `stage` · region `global`\n**SERVICE:** `azure-landing-zone` (cloud / azure_load_balancer, tier2)\n**BUSINESS IMPACT:** Customers are affected now, or a mission-critical capability is unavailable.\n**WHY IT TRIGGERED:** Half the backend pool failing health probes is a redundancy boundary.\n\n**OWNER:** cloud-engineering · support business-hours · this does not page\n**DO THIS NEXT:** Open the runbook, confirm scope from the group tags, and follow the validation steps. The attached workflow output already contains the standard diagnostics.\n**RUNBOOK:** https://github.com/droderiquesit/enterprise-observability/blob/main/platform/runbooks/azure-loadbalancer-probe-failure.md\n**AUTOMATED DIAGNOSTICS:** workflow `diag-azure-resource` has run; its output is attached to this event.\n**RELATED EVENTS:** correlated on `azure-landing-zone.stage.azure-landing-zone` — deployments, infrastructure changes and platform events from the last 30 minutes are attached as context.\n**SLO / ERROR BUDGET:** `slo-cloud-platform-availability` · no error-budget impact (non-production)\n{{/is_alert}}\n{{#is_warning}}\n## Azure Load Balancer Health Probe Failing — warning\nApproaching the alert condition on {{value}}. Investigate before it becomes P3. Runbook: https://github.com/droderiquesit/enterprise-observability/blob/main/platform/runbooks/azure-loadbalancer-probe-failure.md\n{{/is_warning}}\n{{#is_no_data}}\n## Azure Load Balancer Health Probe Failing — NO DATA\nTelemetry stopped arriving for {{value}}. Treat this as a telemetry-health incident: an unmonitored resource is worse than an alerting one. Runbook: https://github.com/droderiquesit/enterprise-observability/blob/main/platform/runbooks/azure-loadbalancer-probe-failure.md\n{{/is_no_data}}\n{{#is_recovery}}\n## Recovered · Azure Load Balancer Health Probe Failing\n{{value}} returned to normal. Error-budget impact recorded against `slo-cloud-platform-availability`. No action required; the correlation group closes when every child recovers.\n{{/is_recovery}}\n{{#is_warning_recovery}}\nWarning cleared for {{value}}.\n{{/is_warning_recovery}}",
            "monitor_threshold_windows": [],
            "monitor_thresholds": [
              {
                "critical": "50",
                "critical_recovery": "",
                "ok": "",
                "unknown": "",
                "warning": "80",
                "warning_recovery": ""
              }
            ],
            "name": "[P3][stage][cloud] Azure Load Balancer Health Probe Failing (standard)",
            "new_group_delay": 300,
            "new_host_delay": 300,
            "no_data_timeframe": 0,
            "notification_preset_name": "",
            "notify_audit": false,
            "notify_by": [
              "subscription_name"
            ],
            "notify_no_data": false,
            "on_missing_data": "",
            "priority": "3",
            "query": "min(last_15m):avg:azure.network_loadbalancers.dip_availability{env:stage,alert_band:standard,resource_type:azure_load_balancer} by {subscription_name,resource_group,name} \u003c 50",
            "renotify_interval": 120,
            "renotify_occurrences": 3,
            "renotify_statuses": [
              "alert"
            ],
            "require_full_window": false,
            "restricted_roles": null,
            "scheduling_options": [],
            "tags": [
              "alert_band:standard",
              "archetype:azure-loadbalancer-probe-failure",
              "automation_ref:diag-azure-resource",
              "correlation_key:azure-landing-zone.stage.azure-landing-zone",
              "dedup_key:azure-landing-zone.stage.azure-loadbalancer-probe-failure.standard",
              "detection:threshold",
              "domain:cloud",
              "env:stage",
              "failure_domain:azure-landing-zone",
              "impact_class:customer_impact",
              "managed_by:terraform",
              "managed_source:platform",
              "monitor_id:stage.standard.cloud.azure-loadbalancer-probe-failure",
              "monitoring_profile:standard",
              "notification_profile:nonprod_standard",
              "owner:cloud-engineering",
              "pages:false",
              "priority:p3",
              "resource_type:azure_load_balancer",
              "runbook:azure-loadbalancer-probe-failure",
              "service:azure-landing-zone",
              "signal:availability",
              "slo_id:slo-cloud-platform-availability",
              "support_model:business-hours",
              "team:cloud-engineering",
              "tier:tier2"
            ],
            "timeout_h": 0,
            "type": "query alert",
            "validate": null,
            "variables": []
          },
          "sensitive_attributes": [],
          "private": "bnVsbA=="
        },
        {
          "index_key": "stage.standard.cloud.azure-storage-availability",
          "schema_version": 0,
          "attributes": {
            "assets": [],
            "draft_status": "published",
            "enable_logs_sample": null,
            "enable_samples": null,
            "escalation_message": "",
            "evaluation_delay": 300,
            "force_delete": null,
            "group_retention_duration": "",
            "groupby_simple_monitor": null,
            "id": "314372529",
            "include_tags": true,
            "locked": false,
            "message": "{{#is_alert}}\n## P3 · Azure Storage Account Availability\n**WHAT:** Azure Storage Account Availability: availability signal detected by threshold analysis.\n**WHERE:** {{value}} · env `stage` · region `global`\n**SERVICE:** `azure-landing-zone` (cloud / azure_storage, tier2)\n**BUSINESS IMPACT:** Customers are affected now, or a mission-critical capability is unavailable.\n**WHY IT TRIGGERED:** 99% availability is the Azure Storage SLA floor — a contractual number.\n\n**OWNER:** cloud-engineering · support business-hours · this does not page\n**DO THIS NEXT:** Open the runbook, confirm scope from the group tags, and follow the validation steps. The attached workflow output already contains the standard diagnostics.\n**RUNBOOK:** https://github.com/droderiquesit/enterprise-observability/blob/main/platform/runbooks/azure-storage-availability.md\n**AUTOMATED DIAGNOSTICS:** workflow `diag-azure-resource` has run; its output is attached to this event.\n**RELATED EVENTS:** correlated on `azure-paas.stage.azure-landing-zone` — deployments, infrastructure changes and platform events from the last 30 minutes are attached as context.\n**SLO / ERROR BUDGET:** `slo-cloud-platform-availability` · no error-budget impact (non-production)\n{{/is_alert}}\n{{#is_warning}}\n## Azure Storage Account Availability — warning\nApproaching the alert condition on {{value}}. Investigate before it becomes P3. Runbook: https://github.com/droderiquesit/enterprise-observability/blob/main/platform/runbooks/azure-storage-availability.md\n{{/is_warning}}\n{{#is_no_data}}\n## Azure Storage Account Availability — NO DATA\nTelemetry stopped arriving for {{value}}. Treat this as a telemetry-health incident: an unmonitored resource is worse than an alerting one. Runbook: https://github.com/droderiquesit/enterprise-observability/blob/main/platform/runbooks/azure-storage-availability.md\n{{/is_no_data}}\n{{#is_recovery}}\n## Recovered · Azure Storage Account Availability\n{{value}} returned to normal. Error-budget impact recorded against `slo-cloud-platform-availability`. No action required; the correlation group closes when every child recovers.\n{{/is_recovery}}\n{{#is_warning_recovery}}\nWarning cleared for {{value}}.\n{{/is_warning_recovery}}",
            "monitor_threshold_windows": [],
            "monitor_thresholds": [
              {
                "critical": "99",
                "critical_recovery": "",
                "ok": "",
                "unknown": "",
                "warning": "99.9",
                "warning_recovery": ""
              }
            ],
            "name": "[P3][stage][cloud] Azure Storage Account Availability (standard)",
            "new_group_delay": 300,
            "new_host_delay": 300,
            "no_data_timeframe": 0,
            "notification_preset_name": "",
            "notify_audit": false,
            "notify_by": [
              "subscription_name"
            ],
            "notify_no_data": false,
            "on_missing_data": "",
            "priority": "3",
            "query": "min(last_15m):avg:azure.storage_storageaccounts.availability{env:stage,alert_band:standard,resource_type:azure_storage} by {subscription_name,resource_group,name} \u003c 99",
            "renotify_interval": 120,
            "renotify_occurrences": 3,
            "renotify_statuses": [
              "alert"
            ],
            "require_full_window": false,
            "restricted_roles": null,
            "scheduling_options": [],
            "tags": [
              "alert_band:standard",
              "archetype:azure-storage-availability",
              "automation_ref:diag-azure-resource",
              "correlation_key:azure-paas.stage.azure-landing-zone",
              "dedup_key:azure-landing-zone.stage.azure-storage-availability.standard",
              "detection:threshold",
              "domain:cloud",
              "env:stage",
              "failure_domain:azure-paas",
              "impact_class:customer_impact",
              "managed_by:terraform",
              "managed_source:platform",
              "monitor_id:stage.standard.cloud.azure-storage-availability",
              "monitoring_profile:standard",
              "notification_profile:nonprod_standard",
              "owner:cloud-engineering",
              "pages:false",
              "priority:p3",
              "resource_type:azure_storage",
              "runbook:azure-storage-availability",
              "service:azure-landing-zone",
              "signal:availability",
              "slo_id:slo-cloud-platform-availability",
              "support_model:business-hours",
              "team:cloud-engineering",
              "tier:tier2"
            ],
            "timeout_h": 0,
            "type": "query alert",
            "validate": null,
            "variables": []
          },
          "sensitive_attributes": [],
          "private": "bnVsbA=="
        },
        {
          "index_key": "stage.standard.cloud.azure-vm-unavailable",
          "schema_version": 0,
          "attributes": {
            "assets": [],
            "draft_status": "published",
            "enable_logs_sample": null,
            "enable_samples": null,
            "escalation_message": "",
            "evaluation_delay": 300,
            "force_delete": null,
            "group_retention_duration": "",
            "groupby_simple_monitor": null,
            "id": "314372497",
            "include_tags": true,
            "locked": false,
            "message": "{{#is_alert}}\n## P3 · Azure VM Unavailable\n**WHAT:** Azure VM Unavailable: availability signal detected by threshold analysis.\n**WHERE:** {{value}} · env `stage` · region `global`\n**SERVICE:** `azure-landing-zone` (cloud / azure_vm, tier2)\n**BUSINESS IMPACT:** The service still functions but measurably worse; a subset of traffic or users is failing.\n**WHY IT TRIGGERED:** Power/provisioning state is discrete.\n**OWNER:** cloud-engineering · support business-hours · this does not page\n**DO THIS NEXT:** Open the runbook, confirm scope from the group tags, and follow the validation steps. The attached workflow output already contains the standard diagnostics.\n**RUNBOOK:** https://github.com/droderiquesit/enterprise-observability/blob/main/platform/runbooks/azure-vm-unavailable.md\n**AUTOMATED DIAGNOSTICS:** workflow `diag-azure-resource` has run; its output is attached to this event.\n**RELATED EVENTS:** correlated on `azure-landing-zone.stage.azure-landing-zone` — deployments, infrastructure changes and platform events from the last 30 minutes are attached as context.\n**SLO / ERROR BUDGET:** `slo-cloud-platform-availability` · no error-budget impact (non-production)\n{{/is_alert}}\n{{#is_warning}}\n## Azure VM Unavailable — warning\nApproaching the alert condition on {{value}}. Investigate before it becomes P3. Runbook: https://github.com/droderiquesit/enterprise-observability/blob/main/platform/runbooks/azure-vm-unavailable.md\n{{/is_warning}}\n{{#is_no_data}}\n## Azure VM Unavailable — NO DATA\nTelemetry stopped arriving for {{value}}. Treat this as a telemetry-health incident: an unmonitored resource is worse than an alerting one. Runbook: https://github.com/droderiquesit/enterprise-observability/blob/main/platform/runbooks/azure-vm-unavailable.md\n{{/is_no_data}}\n{{#is_recovery}}\n## Recovered · Azure VM Unavailable\n{{value}} returned to normal. Error-budget impact recorded against `slo-cloud-platform-availability`. No action required; the correlation group closes when every child recovers.\n{{/is_recovery}}\n{{#is_warning_recovery}}\nWarning cleared for {{value}}.\n{{/is_warning_recovery}}",
            "monitor_threshold_windows": [],
            "monitor_thresholds": [
              {
                "critical": "1",
                "critical_recovery": "",
                "ok": "",
                "unknown": "",
                "warning": "",
                "warning_recovery": ""
              }
            ],
            "name": "[P3][stage][cloud] Azure VM Unavailable (standard)",
            "new_group_delay": 300,
            "new_host_delay": 300,
            "no_data_timeframe": 0,
            "notification_preset_name": "",
            "notify_audit": false,
            "notify_by": [
              "subscription_name"
            ],
            "notify_no_data": false,
            "on_missing_data": "",
            "priority": "3",
            "query": "min(last_15m):avg:azure.vm.status{env:stage,alert_band:standard,resource_type:azure_vm} by {subscription_name,resource_group,name} \u003c 1",
            "renotify_interval": 120,
            "renotify_occurrences": 3,
            "renotify_statuses": [
              "alert"
            ],
            "require_full_window": false,
            "restricted_roles": null,
            "scheduling_options": [],
            "tags": [
              "alert_band:standard",
              "archetype:azure-vm-unavailable",
              "automation_ref:diag-azure-resource",
              "correlation_key:azure-landing-zone.stage.azure-landing-zone",
              "dedup_key:azure-landing-zone.stage.azure-vm-unavailable.standard",
              "detection:threshold",
              "domain:cloud",
              "env:stage",
              "failure_domain:azure-landing-zone",
              "impact_class:degradation",
              "managed_by:terraform",
              "managed_source:platform",
              "monitor_id:stage.standard.cloud.azure-vm-unavailable",
              "monitoring_profile:standard",
              "notification_profile:nonprod_standard",
              "owner:cloud-engineering",
              "pages:false",
              "priority:p3",
              "resource_type:azure_vm",
              "runbook:azure-vm-unavailable",
              "service:azure-landing-zone",
              "signal:availability",
              "slo_id:slo-cloud-platform-availability",
              "support_model:business-hours",
              "team:cloud-engineering",
              "tier:tier2"
            ],
            "timeout_h": 0,
            "type": "query alert",
            "validate": null,
            "variables": []
          },
          "sensitive_attributes": [],
          "private": "bnVsbA=="
        },
        {
          "index_key": "stage.standard.data.data-quality-check-failure",
          "schema_version": 0,
          "attributes": {
            "assets": [],
            "draft_status": "published",
            "enable_logs_sample": null,
            "enable_samples": null,
            "escalation_message": "",
            "evaluation_delay": 300,
            "force_delete": null,
            "group_retention_duration": "",
            "groupby_simple_monitor": null,
            "id": "314372522",
            "include_tags": true,
            "locked": false,
            "message": "{{#is_alert}}\n## P3 · Data Quality Check Failed\n**WHAT:** Data Quality Check Failed: correctness signal detected by threshold analysis.\n**WHERE:** {{value}} · env `stage` · region `global`\n**SERVICE:** `data-platform` (data / data_product, tier2)\n**BUSINESS IMPACT:** The service still functions but measurably worse; a subset of traffic or users is failing.\n**WHY IT TRIGGERED:** A failed assertion is discrete.\n**OWNER:** data-engineering · support business-hours · this does not page\n**DO THIS NEXT:** Open the runbook, confirm scope from the group tags, and follow the validation steps. The attached workflow output already contains the standard diagnostics.\n**RUNBOOK:** https://github.com/droderiquesit/enterprise-observability/blob/main/platform/runbooks/data-quality-check-failure.md\n**AUTOMATED DIAGNOSTICS:** workflow `diag-data-pipeline` has run; its output is attached to this event.\n**RELATED EVENTS:** correlated on `data-quality.stage.data-platform` — deployments, infrastructure changes and platform events from the last 30 minutes are attached as context.\n**SLO / ERROR BUDGET:** `slo-data-freshness` · no error-budget impact (non-production)\n{{/is_alert}}\n{{#is_warning}}\n## Data Quality Check Failed — warning\nApproaching the alert condition on {{value}}. Investigate before it becomes P3. Runbook: https://github.com/droderiquesit/enterprise-observability/blob/main/platform/runbooks/data-quality-check-failure.md\n{{/is_warning}}\n{{#is_no_data}}\n## Data Quality Check Failed — NO DATA\nTelemetry stopped arriving for {{value}}. Treat this as a telemetry-health incident: an unmonitored resource is worse than an alerting one. Runbook: https://github.com/droderiquesit/enterprise-observability/blob/main/platform/runbooks/data-quality-check-failure.md\n{{/is_no_data}}\n{{#is_recovery}}\n## Recovered · Data Quality Check Failed\n{{value}} returned to normal. Error-budget impact recorded against `slo-data-freshness`. No action required; the correlation group closes when every child recovers.\n{{/is_recovery}}\n{{#is_warning_recovery}}\nWarning cleared for {{value}}.\n{{/is_warning_recovery}}",
            "monitor_threshold_windows": [],
            "monitor_thresholds": [
              {
                "critical": "1",
                "critical_recovery": "",
                "ok": "",
                "unknown": "",
                "warning": "",
                "warning_recovery": ""
              }
            ],
            "name": "[P3][stage][data] Data Quality Check Failed (standard)",
            "new_group_delay": 300,
            "new_host_delay": 300,
            "no_data_timeframe": 0,
            "notification_preset_name": "",
            "notify_audit": false,
            "notify_by": [],
            "notify_no_data": false,
            "on_missing_data": "",
            "priority": "3",
            "query": "sum(last_4h):sum:acme.data.quality_checks{env:stage,alert_band:standard,result:failed} by {data_product,check_name}.as_count() \u003e= 1",
            "renotify_interval": 120,
            "renotify_occurrences": 3,
            "renotify_statuses": [
              "alert"
            ],
            "require_full_window": false,
            "restricted_roles": null,
            "scheduling_options": [],
            "tags": [
              "alert_band:standard",
              "archetype:data-quality-check-failure",
              "automation_ref:diag-data-pipeline",
              "correlation_key:data-quality.stage.data-platform",
              "dedup_key:data-platform.stage.data-quality-check-failure.standard",
              "detection:threshold",
              "domain:data",
              "env:stage",
              "failure_domain:data-quality",
              "impact_class:degradation",
              "managed_by:terraform",
              "managed_source:platform",
              "monitor_id:stage.standard.data.data-quality-check-failure",
              "monitoring_profile:standard",
              "notification_profile:nonprod_standard",
              "owner:data-engineering",
              "pages:false",
              "priority:p3",
              "resource_type:data_product",
              "runbook:data-quality-check-failure",
              "service:data-platform",
              "signal:correctness",
              "slo_id:slo-data-freshness",
              "support_model:business-hours",
              "team:data-engineering",
              "tier:tier2"
            ],
            "timeout_h": 0,
            "type": "query alert",
            "validate": null,
            "variables": []
          },
          "sensitive_attributes": [],
          "private": "bnVsbA=="
        },
        {
          "index_key": "stage.standard.data.data-schema-drift",
          "schema_version": 0,
          "attributes": {
            "assets": [],
            "draft_status": "published",
            "enable_logs_sample": null,
            "enable_samples": null,
            "escalation_message": "",
            "evaluation_delay": 300,
            "force_delete": null,
            "group_retention_duration": "",
            "groupby_simple_monitor": null,
            "id": "314372541",
            "include_tags": true,
            "locked": false,
            "message": "{{#is_alert}}\n## P3 · Schema Drift Detected\n**WHAT:** Schema Drift Detected: correctness signal detected by event analysis.\n**WHERE:** {{value}} · env `stage` · region `global`\n**SERVICE:** `data-platform` (data / data_product, tier2)\n**BUSINESS IMPACT:** Nothing is broken yet. A boundary will be crossed if nobody acts within the lead time this monitor provides.\n**WHY IT TRIGGERED:** A discrete platform event matched this monitor's search.\n**OWNER:** data-engineering · support business-hours · this does not page\n**DO THIS NEXT:** Open the runbook, confirm scope from the group tags, and follow the validation steps. The attached workflow output already contains the standard diagnostics.\n**RUNBOOK:** https://github.com/droderiquesit/enterprise-observability/blob/main/platform/runbooks/data-schema-drift.md\n**AUTOMATED DIAGNOSTICS:** workflow `diag-data-pipeline` has run; its output is attached to this event.\n**RELATED EVENTS:** correlated on `data-quality.stage.data-platform` — deployments, infrastructure changes and platform events from the last 30 minutes are attached as context.\n**SLO / ERROR BUDGET:** `slo-data-freshness` · no error-budget impact (non-production)\n{{/is_alert}}\n{{#is_warning}}\n## Schema Drift Detected — warning\nApproaching the alert condition on {{value}}. Investigate before it becomes P3. Runbook: https://github.com/droderiquesit/enterprise-observability/blob/main/platform/runbooks/data-schema-drift.md\n{{/is_warning}}\n{{#is_no_data}}\n## Schema Drift Detected — NO DATA\nTelemetry stopped arriving for {{value}}. Treat this as a telemetry-health incident: an unmonitored resource is worse than an alerting one. Runbook: https://github.com/droderiquesit/enterprise-observability/blob/main/platform/runbooks/data-schema-drift.md\n{{/is_no_data}}\n{{#is_recovery}}\n## Recovered · Schema Drift Detected\n{{value}} returned to normal. Error-budget impact recorded against `slo-data-freshness`. No action required; the correlation group closes when every child recovers.\n{{/is_recovery}}\n{{#is_warning_recovery}}\nWarning cleared for {{value}}.\n{{/is_warning_recovery}}",
            "monitor_threshold_windows": [],
            "monitor_thresholds": [
              {
                "critical": "1",
                "critical_recovery": "",
                "ok": "",
                "unknown": "",
                "warning": "",
                "warning_recovery": ""
              }
            ],
            "name": "[P3][stage][data] Schema Drift Detected (standard)",
            "new_group_delay": 300,
            "new_host_delay": 300,
            "no_data_timeframe": 0,
            "notification_preset_name": "",
            "notify_audit": false,
            "notify_by": [],
            "notify_no_data": false,
            "on_missing_data": "",
            "priority": "3",
            "query": "events(\"source:acme-data env:stage alert_band:standard tags:\\\"event:schema_drift\\\"\").rollup(\"count\").by(\"data_product\").last(\"1h\") \u003e= 1",
            "renotify_interval": 120,
            "renotify_occurrences": 3,
            "renotify_statuses": [
              "alert"
            ],
            "require_full_window": false,
            "restricted_roles": null,
            "scheduling_options": [],
            "tags": [
              "alert_band:standard",
              "archetype:data-schema-drift",
              "automation_ref:diag-data-pipeline",
              "correlation_key:data-quality.stage.data-platform",
              "dedup_key:data-platform.stage.data-schema-drift.standard",
              "detection:event",
              "domain:data",
              "env:stage",
              "failure_domain:data-quality",
              "impact_class:risk",
              "managed_by:terraform",
              "managed_source:platform",
              "monitor_id:stage.standard.data.data-schema-drift",
              "monitoring_profile:standard",
              "notification_profile:nonprod_standard",
              "owner:data-engineering",
              "pages:false",
              "priority:p3",
              "resource_type:data_product",
              "runbook:data-schema-drift",
              "service:data-platform",
              "signal:correctness",
              "slo_id:slo-data-freshness",
              "support_model:business-hours",
              "team:data-engineering",
              "tier:tier2"
            ],
            "timeout_h": 0,
            "type": "event-v2 alert",
            "validate": null,
            "variables": []
          },
          "sensitive_attributes": [],
          "private": "bnVsbA=="
        },
        {
          "index_key": "stage.standard.data.data-telemetry-loss",
          "schema_version": 0,
          "attributes": {
            "assets": [],
            "draft_status": "published",
            "enable_logs_sample": null,
            "enable_samples": null,
            "escalation_message": "",
            "evaluation_delay": 300,
            "force_delete": null,
            "group_retention_duration": "",
            "groupby_simple_monitor": null,
            "id": "314372386",
            "include_tags": true,
            "locked": false,
            "message": "{{#is_alert}}\n## P4 · Data Platform Stopped Reporting\n**WHAT:** Data Platform Stopped Reporting: telemetry_health signal detected by threshold analysis.\n**WHERE:** {{value}} · env `stage` · region `global`\n**SERVICE:** `data-platform` (data / pipeline, tier2)\n**BUSINESS IMPACT:** Observability or configuration hygiene is degraded. No direct customer impact, but our ability to see or govern the estate is reduced.\n**WHY IT TRIGGERED:** Absence of any pipeline run telemetry is binary.\n**OWNER:** data-engineering · support business-hours · this does not page\n**DO THIS NEXT:** Open the runbook, confirm scope from the group tags, and follow the validation steps. The attached workflow output already contains the standard diagnostics.\n**RUNBOOK:** https://github.com/droderiquesit/enterprise-observability/blob/main/platform/runbooks/data-telemetry-loss.md\n**AUTOMATED DIAGNOSTICS:** workflow `diag-data-pipeline` has run; its output is attached to this event.\n**RELATED EVENTS:** correlated on `data-pipelines.stage.data-platform` — deployments, infrastructure changes and platform events from the last 30 minutes are attached as context.\n**SLO / ERROR BUDGET:** `slo-data-freshness` · no error-budget impact (non-production)\n{{/is_alert}}\n{{#is_warning}}\n## Data Platform Stopped Reporting — warning\nApproaching the alert condition on {{value}}. Investigate before it becomes P4. Runbook: https://github.com/droderiquesit/enterprise-observability/blob/main/platform/runbooks/data-telemetry-loss.md\n{{/is_warning}}\n{{#is_no_data}}\n## Data Platform Stopped Reporting — NO DATA\nTelemetry stopped arriving for {{value}}. Treat this as a telemetry-health incident: an unmonitored resource is worse than an alerting one. Runbook: https://github.com/droderiquesit/enterprise-observability/blob/main/platform/runbooks/data-telemetry-loss.md\n{{/is_no_data}}\n{{#is_recovery}}\n## Recovered · Data Platform Stopped Reporting\n{{value}} returned to normal. Error-budget impact recorded against `slo-data-freshness`. No action required; the correlation group closes when every child recovers.\n{{/is_recovery}}\n{{#is_warning_recovery}}\nWarning cleared for {{value}}.\n{{/is_warning_recovery}}",
            "monitor_threshold_windows": [],
            "monitor_thresholds": [
              {
                "critical": "1",
                "critical_recovery": "",
                "ok": "",
                "unknown": "",
                "warning": "",
                "warning_recovery": ""
              }
            ],
            "name": "[P4][stage][data] Data Platform Stopped Reporting (standard)",
            "new_group_delay": 0,
            "new_host_delay": 300,
            "no_data_timeframe": 180,
            "notification_preset_name": "",
            "notify_audit": false,
            "notify_by": [],
            "notify_no_data": true,
            "on_missing_data": "",
            "priority": "4",
            "query": "sum(last_4h):sum:acme.data.pipeline.runs{env:stage,alert_band:standard}.as_count() \u003c 1",
            "renotify_interval": 120,
            "renotify_occurrences": 3,
            "renotify_statuses": [
              "alert"
            ],
            "require_full_window": false,
            "restricted_roles": null,
            "scheduling_options": [],
            "tags": [
              "alert_band:standard",
              "archetype:data-telemetry-loss",
              "automation_ref:diag-data-pipeline",
              "correlation_key:data-pipelines.stage.data-platform",
              "dedup_key:data-platform.stage.data-telemetry-loss.standard",
              "detection:threshold",
              "domain:data",
              "env:stage",
              "failure_domain:data-pipelines",
              "impact_class:hygiene",
              "managed_by:terraform",
              "managed_source:platform",
              "monitor_id:stage.standard.data.data-telemetry-loss",
              "monitoring_profile:standard",
              "notification_profile:nonprod_standard",
              "owner:data-engineering",
              "pages:false",
              "priority:p4",
              "resource_type:pipeline",
              "runbook:data-telemetry-loss",
              "service:data-platform",
              "signal:telemetry_health",
              "slo_id:slo-data-freshness",
              "support_model:business-hours",
              "team:data-engineering",
              "tier:tier2"
            ],
            "timeout_h": 0,
            "type": "query alert",
            "validate": null,
            "variables": []
          },
          "sensitive_attributes": [],
          "private": "bnVsbA=="
        },
        {
          "index_key": "stage.standard.data.pipeline-job-failure",
          "schema_version": 0,
          "attributes": {
            "assets": [],
            "draft_status": "published",
            "enable_logs_sample": null,
            "enable_samples": null,
            "escalation_message": "",
            "evaluation_delay": 300,
            "force_delete": null,
            "group_retention_duration": "",
            "groupby_simple_monitor": null,
            "id": "314372451",
            "include_tags": true,
            "locked": false,
            "message": "{{#is_alert}}\n## P3 · Data Pipeline Job Failure\n**WHAT:** Data Pipeline Job Failure: job_failure signal detected by threshold analysis.\n**WHERE:** {{value}} · env `stage` · region `global`\n**SERVICE:** `data-platform` (data / pipeline, tier2)\n**BUSINESS IMPACT:** The service still functions but measurably worse; a subset of traffic or users is failing.\n**WHY IT TRIGGERED:** A failed run is a discrete outcome.\n**OWNER:** data-engineering · support business-hours · this does not page\n**DO THIS NEXT:** Open the runbook, confirm scope from the group tags, and follow the validation steps. The attached workflow output already contains the standard diagnostics.\n**RUNBOOK:** https://github.com/droderiquesit/enterprise-observability/blob/main/platform/runbooks/pipeline-job-failure.md\n**AUTOMATED DIAGNOSTICS:** workflow `remediate-rerun-job` has run; its output is attached to this event.\n**RELATED EVENTS:** correlated on `data-pipelines.stage.data-platform` — deployments, infrastructure changes and platform events from the last 30 minutes are attached as context.\n**SLO / ERROR BUDGET:** `slo-data-freshness` · no error-budget impact (non-production)\n{{/is_alert}}\n{{#is_warning}}\n## Data Pipeline Job Failure — warning\nApproaching the alert condition on {{value}}. Investigate before it becomes P3. Runbook: https://github.com/droderiquesit/enterprise-observability/blob/main/platform/runbooks/pipeline-job-failure.md\n{{/is_warning}}\n{{#is_no_data}}\n## Data Pipeline Job Failure — NO DATA\nTelemetry stopped arriving for {{value}}. Treat this as a telemetry-health incident: an unmonitored resource is worse than an alerting one. Runbook: https://github.com/droderiquesit/enterprise-observability/blob/main/platform/runbooks/pipeline-job-failure.md\n{{/is_no_data}}\n{{#is_recovery}}\n## Recovered · Data Pipeline Job Failure\n{{value}} returned to normal. Error-budget impact recorded against `slo-data-freshness`. No action required; the correlation group closes when every child recovers.\n{{/is_recovery}}\n{{#is_warning_recovery}}\nWarning cleared for {{value}}.\n{{/is_warning_recovery}}",
            "monitor_threshold_windows": [],
            "monitor_thresholds": [
              {
                "critical": "1",
                "critical_recovery": "",
                "ok": "",
                "unknown": "",
                "warning": "",
                "warning_recovery": ""
              }
            ],
            "name": "[P3][stage][data] Data Pipeline Job Failure (standard)",
            "new_group_delay": 300,
            "new_host_delay": 300,
            "no_data_timeframe": 0,
            "notification_preset_name": "",
            "notify_audit": false,
            "notify_by": [],
            "notify_no_data": false,
            "on_missing_data": "",
            "priority": "3",
            "query": "sum(last_2h):sum:acme.data.pipeline.runs{env:stage,alert_band:standard,status:failed} by {data_product,pipeline}.as_count() \u003e= 1",
            "renotify_interval": 120,
            "renotify_occurrences": 3,
            "renotify_statuses": [
              "alert"
            ],
            "require_full_window": false,
            "restricted_roles": null,
            "scheduling_options": [],
            "tags": [
              "alert_band:standard",
              "archetype:pipeline-job-failure",
              "automation_ref:remediate-rerun-job",
              "correlation_key:data-pipelines.stage.data-platform",
              "dedup_key:data-platform.stage.pipeline-job-failure.standard",
              "detection:threshold",
              "domain:data",
              "env:stage",
              "failure_domain:data-pipelines",
              "impact_class:degradation",
              "managed_by:terraform",
              "managed_source:platform",
              "monitor_id:stage.standard.data.pipeline-job-failure",
              "monitoring_profile:standard",
              "notification_profile:nonprod_standard",
              "owner:data-engineering",
              "pages:false",
              "priority:p3",
              "resource_type:pipeline",
              "runbook:pipeline-job-failure",
              "service:data-platform",
              "signal:job_failure",
              "slo_id:slo-data-freshness",
              "support_model:business-hours",
              "team:data-engineering",
              "tier:tier2"
            ],
            "timeout_h": 0,
            "type": "query alert",
            "validate": null,
            "variables": []
          },
          "sensitive_attributes": [],
          "private": "bnVsbA=="
        },
        {
          "index_key": "stage.standard.data.pipeline-output-stale",
          "schema_version": 0,
          "attributes": {
            "assets": [],
            "draft_status": "published",
            "enable_logs_sample": null,
            "enable_samples": null,
            "escalation_message": "",
            "evaluation_delay": 300,
            "force_delete": null,
            "group_retention_duration": "",
            "groupby_simple_monitor": null,
            "id": "314372527",
            "include_tags": true,
            "locked": false,
            "message": "{{#is_alert}}\n## P3 · Data Product Freshness Breach\n**WHAT:** Data Product Freshness Breach: freshness signal detected by threshold analysis.\n**WHERE:** {{value}} · env `stage` · region `global`\n**SERVICE:** `data-platform` (data / data_product, tier2)\n**BUSINESS IMPACT:** Customers are affected now, or a mission-critical capability is unavailable.\n**WHY IT TRIGGERED:** Freshness SLAs are contractual with the consuming business unit. The threshold IS the agreement (2h for operational marts).\n\n**OWNER:** data-engineering · support business-hours · this does not page\n**DO THIS NEXT:** Open the runbook, confirm scope from the group tags, and follow the validation steps. The attached workflow output already contains the standard diagnostics.\n**RUNBOOK:** https://github.com/droderiquesit/enterprise-observability/blob/main/platform/runbooks/pipeline-output-stale.md\n**AUTOMATED DIAGNOSTICS:** workflow `diag-data-pipeline` has run; its output is attached to this event.\n**RELATED EVENTS:** correlated on `data-pipelines.stage.data-platform` — deployments, infrastructure changes and platform events from the last 30 minutes are attached as context.\n**SLO / ERROR BUDGET:** `slo-data-freshness` · no error-budget impact (non-production)\n{{/is_alert}}\n{{#is_warning}}\n## Data Product Freshness Breach — warning\nApproaching the alert condition on {{value}}. Investigate before it becomes P3. Runbook: https://github.com/droderiquesit/enterprise-observability/blob/main/platform/runbooks/pipeline-output-stale.md\n{{/is_warning}}\n{{#is_no_data}}\n## Data Product Freshness Breach — NO DATA\nTelemetry stopped arriving for {{value}}. Treat this as a telemetry-health incident: an unmonitored resource is worse than an alerting one. Runbook: https://github.com/droderiquesit/enterprise-observability/blob/main/platform/runbooks/pipeline-output-stale.md\n{{/is_no_data}}\n{{#is_recovery}}\n## Recovered · Data Product Freshness Breach\n{{value}} returned to normal. Error-budget impact recorded against `slo-data-freshness`. No action required; the correlation group closes when every child recovers.\n{{/is_recovery}}\n{{#is_warning_recovery}}\nWarning cleared for {{value}}.\n{{/is_warning_recovery}}",
            "monitor_threshold_windows": [],
            "monitor_thresholds": [
              {
                "critical": "120",
                "critical_recovery": "",
                "ok": "",
                "unknown": "",
                "warning": "60",
                "warning_recovery": ""
              }
            ],
            "name": "[P3][stage][data] Data Product Freshness Breach (standard)",
            "new_group_delay": 300,
            "new_host_delay": 300,
            "no_data_timeframe": 0,
            "notification_preset_name": "",
            "notify_audit": false,
            "notify_by": [],
            "notify_no_data": false,
            "on_missing_data": "",
            "priority": "3",
            "query": "max(last_1h):max:acme.data.minutes_since_update{env:stage,alert_band:standard} by {data_product,pipeline} \u003e 120",
            "renotify_interval": 120,
            "renotify_occurrences": 3,
            "renotify_statuses": [
              "alert"
            ],
            "require_full_window": false,
            "restricted_roles": null,
            "scheduling_options": [],
            "tags": [
              "alert_band:standard",
              "archetype:pipeline-output-stale",
              "automation_ref:diag-data-pipeline",
              "correlation_key:data-pipelines.stage.data-platform",
              "dedup_key:data-platform.stage.pipeline-output-stale.standard",
              "detection:threshold",
              "domain:data",
              "env:stage",
              "failure_domain:data-pipelines",
              "impact_class:customer_impact",
              "managed_by:terraform",
              "managed_source:platform",
              "monitor_id:stage.standard.data.pipeline-output-stale",
              "monitoring_profile:standard",
              "notification_profile:nonprod_standard",
              "owner:data-engineering",
              "pages:false",
              "priority:p3",
              "resource_type:data_product",
              "runbook:pipeline-output-stale",
              "service:data-platform",
              "signal:freshness",
              "slo_id:slo-data-freshness",
              "support_model:business-hours",
              "team:data-engineering",
              "tier:tier2"
            ],
            "timeout_h": 0,
            "type": "query alert",
            "validate": null,
            "variables": []
          },
          "sensitive_attributes": [],
          "private": "bnVsbA=="
        },
        {
          "index_key": "stage.standard.database.azuresql-connection-failures",
          "schema_version": 0,
          "attributes": {
            "assets": [],
            "draft_status": "published",
            "enable_logs_sample": null,
            "enable_samples": null,
            "escalation_message": "",
            "evaluation_delay": 300,
            "force_delete": null,
            "group_retention_duration": "",
            "groupby_simple_monitor": null,
            "id": "314372453",
            "include_tags": true,
            "locked": false,
            "message": "{{#is_alert}}\n## P3 · Azure SQL Connection Failures\n**WHAT:** Azure SQL Connection Failures: availability signal detected by anomaly analysis.\n**WHERE:** {{value}} · env `stage` · region `global`\n**SERVICE:** `database-platform` (database / azure_sql, tier2)\n**BUSINESS IMPACT:** Customers are affected now, or a mission-critical capability is unavailable.\n**WHY IT TRIGGERED:** The signal deviated from its own learned baseline by more than the configured number of deviations — not because it crossed a fixed number.\n**OWNER:** data-engineering · support business-hours · this does not page\n**DO THIS NEXT:** Open the runbook, confirm scope from the group tags, and follow the validation steps. The attached workflow output already contains the standard diagnostics.\n**RUNBOOK:** https://github.com/droderiquesit/enterprise-observability/blob/main/platform/runbooks/azuresql-connection-failures.md\n**AUTOMATED DIAGNOSTICS:** workflow `diag-database` has run; its output is attached to this event.\n**RELATED EVENTS:** correlated on `databases.stage.database-platform` — deployments, infrastructure changes and platform events from the last 30 minutes are attached as context.\n**SLO / ERROR BUDGET:** `slo-database-availability` · no error-budget impact (non-production)\n{{/is_alert}}\n{{#is_warning}}\n## Azure SQL Connection Failures — warning\nApproaching the alert condition on {{value}}. Investigate before it becomes P3. Runbook: https://github.com/droderiquesit/enterprise-observability/blob/main/platform/runbooks/azuresql-connection-failures.md\n{{/is_warning}}\n{{#is_no_data}}\n## Azure SQL Connection Failures — NO DATA\nTelemetry stopped arriving for {{value}}. Treat this as a telemetry-health incident: an unmonitored resource is worse than an alerting one. Runbook: https://github.com/droderiquesit/enterprise-observability/blob/main/platform/runbooks/azuresql-connection-failures.md\n{{/is_no_data}}\n{{#is_recovery}}\n## Recovered · Azure SQL Connection Failures\n{{value}} returned to normal. Error-budget impact recorded against `slo-database-availability`. No action required; the correlation group closes when every child recovers.\n{{/is_recovery}}\n{{#is_warning_recovery}}\nWarning cleared for {{value}}.\n{{/is_warning_recovery}}",
            "monitor_threshold_windows": [],
            "monitor_thresholds": [
              {
                "critical": "1",
                "critical_recovery": "",
                "ok": "",
                "unknown": "",
                "warning": "",
                "warning_recovery": ""
              }
            ],
            "name": "[P3][stage][database] Azure SQL Connection Failures (standard)",
            "new_group_delay": 300,
            "new_host_delay": 300,
            "no_data_timeframe": 0,
            "notification_preset_name": "",
            "notify_audit": false,
            "notify_by": [
              "subscription_name"
            ],
            "notify_no_data": false,
            "on_missing_data": "",
            "priority": "3",
            "query": "avg(last_30m):anomalies(sum:azure.sql_servers_databases.connection_failed{env:stage,alert_band:standard,resource_type:azure_sql} by {subscription_name,name}.as_rate(), 'agile', 3) \u003e= 1",
            "renotify_interval": 120,
            "renotify_occurrences": 3,
            "renotify_statuses": [
              "alert"
            ],
            "require_full_window": false,
            "restricted_roles": null,
            "scheduling_options": [],
            "tags": [
              "alert_band:standard",
              "archetype:azuresql-connection-failures",
              "automation_ref:diag-database",
              "correlation_key:databases.stage.database-platform",
              "dedup_key:database-platform.stage.azuresql-connection-failures.standard",
              "detection:anomaly",
              "domain:database",
              "env:stage",
              "failure_domain:databases",
              "impact_class:customer_impact",
              "managed_by:terraform",
              "managed_source:platform",
              "monitor_id:stage.standard.database.azuresql-connection-failures",
              "monitoring_profile:standard",
              "notification_profile:nonprod_standard",
              "owner:data-engineering",
              "pages:false",
              "priority:p3",
              "resource_type:azure_sql",
              "runbook:azuresql-connection-failures",
              "service:database-platform",
              "signal:availability",
              "slo_id:slo-database-availability",
              "support_model:business-hours",
              "team:data-engineering",
              "tier:tier2"
            ],
            "timeout_h": 0,
            "type": "query alert",
            "validate": null,
            "variables": []
          },
          "sensitive_attributes": [],
          "private": "bnVsbA=="
        },
        {
          "index_key": "stage.standard.database.cosmos-ru-throttling",
          "schema_version": 0,
          "attributes": {
            "assets": [],
            "draft_status": "published",
            "enable_logs_sample": null,
            "enable_samples": null,
            "escalation_message": "",
            "evaluation_delay": 300,
            "force_delete": null,
            "group_retention_duration": "",
            "groupby_simple_monitor": null,
            "id": "314372543",
            "include_tags": true,
            "locked": false,
            "message": "{{#is_alert}}\n## P3 · Cosmos DB Request Unit Throttling\n**WHAT:** Cosmos DB Request Unit Throttling: saturation signal detected by threshold analysis.\n**WHERE:** {{value}} · env `stage` · region `global`\n**SERVICE:** `database-platform` (database / azure_cosmos_db, tier2)\n**BUSINESS IMPACT:** The service still functions but measurably worse; a subset of traffic or users is failing.\n**WHY IT TRIGGERED:** HTTP 429 from Cosmos is a hard provisioned-throughput boundary. Any throttling is real customer latency.\n\n**OWNER:** data-engineering · support business-hours · this does not page\n**DO THIS NEXT:** Open the runbook, confirm scope from the group tags, and follow the validation steps. The attached workflow output already contains the standard diagnostics.\n**RUNBOOK:** https://github.com/droderiquesit/enterprise-observability/blob/main/platform/runbooks/cosmos-ru-throttling.md\n**AUTOMATED DIAGNOSTICS:** workflow `remediate-scale-workload` has run; its output is attached to this event.\n**RELATED EVENTS:** correlated on `database-capacity.stage.database-platform` — deployments, infrastructure changes and platform events from the last 30 minutes are attached as context.\n**SLO / ERROR BUDGET:** `slo-database-availability` · no error-budget impact (non-production)\n{{/is_alert}}\n{{#is_warning}}\n## Cosmos DB Request Unit Throttling — warning\nApproaching the alert condition on {{value}}. Investigate before it becomes P3. Runbook: https://github.com/droderiquesit/enterprise-observability/blob/main/platform/runbooks/cosmos-ru-throttling.md\n{{/is_warning}}\n{{#is_no_data}}\n## Cosmos DB Request Unit Throttling — NO DATA\nTelemetry stopped arriving for {{value}}. Treat this as a telemetry-health incident: an unmonitored resource is worse than an alerting one. Runbook: https://github.com/droderiquesit/enterprise-observability/blob/main/platform/runbooks/cosmos-ru-throttling.md\n{{/is_no_data}}\n{{#is_recovery}}\n## Recovered · Cosmos DB Request Unit Throttling\n{{value}} returned to normal. Error-budget impact recorded against `slo-database-availability`. No action required; the correlation group closes when every child recovers.\n{{/is_recovery}}\n{{#is_warning_recovery}}\nWarning cleared for {{value}}.\n{{/is_warning_recovery}}",
            "monitor_threshold_windows": [],
            "monitor_thresholds": [
              {
                "critical": "0",
                "critical_recovery": "",
                "ok": "",
                "unknown": "",
                "warning": "",
                "warning_recovery": ""
              }
            ],
            "name": "[P3][stage][database] Cosmos DB Request Unit Throttling (standard)",
            "new_group_delay": 300,
            "new_host_delay": 300,
            "no_data_timeframe": 0,
            "notification_preset_name": "",
            "notify_audit": false,
            "notify_by": [
              "subscription_name"
            ],
            "notify_no_data": false,
            "on_missing_data": "",
            "priority": "3",
            "query": "sum(last_30m):sum:azure.documentdb_databaseaccounts.total_requests{env:stage,alert_band:standard,resource_type:azure_cosmos_db,status_code:429} by {subscription_name,name}.as_count() \u003e 0",
            "renotify_interval": 120,
            "renotify_occurrences": 3,
            "renotify_statuses": [
              "alert"
            ],
            "require_full_window": false,
            "restricted_roles": null,
            "scheduling_options": [],
            "tags": [
              "alert_band:standard",
              "archetype:cosmos-ru-throttling",
              "automation_ref:remediate-scale-workload",
              "correlation_key:database-capacity.stage.database-platform",
              "dedup_key:database-platform.stage.cosmos-ru-throttling.standard",
              "detection:threshold",
              "domain:database",
              "env:stage",
              "failure_domain:database-capacity",
              "impact_class:degradation",
              "managed_by:terraform",
              "managed_source:platform",
              "monitor_id:stage.standard.database.cosmos-ru-throttling",
              "monitoring_profile:standard",
              "notification_profile:nonprod_standard",
              "owner:data-engineering",
              "pages:false",
              "priority:p3",
              "resource_type:azure_cosmos_db",
              "runbook:cosmos-ru-throttling",
              "service:database-platform",
              "signal:saturation",
              "slo_id:slo-database-availability",
              "support_model:business-hours",
              "team:data-engineering",
              "tier:tier2"
            ],
            "timeout_h": 0,
            "type": "query alert",
            "validate": null,
            "variables": []
          },
          "sensitive_attributes": [],
          "private": "bnVsbA=="
        },
        {
          "index_key": "stage.standard.database.db-availability",
          "schema_version": 0,
          "attributes": {
            "assets": [],
            "draft_status": "published",
            "enable_logs_sample": null,
            "enable_samples": null,
            "escalation_message": "",
            "evaluation_delay": 0,
            "force_delete": null,
            "group_retention_duration": "",
            "groupby_simple_monitor": null,
            "id": "314372426",
            "include_tags": true,
            "locked": false,
            "message": "{{#is_alert}}\n## P3 · Database Instance Unavailable\n**WHAT:** Database Instance Unavailable: availability signal detected by service_check analysis.\n**WHERE:** {{value}} · env `stage` · region `global`\n**SERVICE:** `database-platform` (database / db_instance, tier2)\n**BUSINESS IMPACT:** Customers are affected now, or a mission-critical capability is unavailable.\n**WHY IT TRIGGERED:** A check reported a non-OK status for consecutive evaluations.\n**OWNER:** data-engineering · support business-hours · this does not page\n**DO THIS NEXT:** Open the runbook, confirm scope from the group tags, and follow the validation steps. The attached workflow output already contains the standard diagnostics.\n**RUNBOOK:** https://github.com/droderiquesit/enterprise-observability/blob/main/platform/runbooks/db-availability.md\n**AUTOMATED DIAGNOSTICS:** workflow `diag-database` has run; its output is attached to this event.\n**RELATED EVENTS:** correlated on `databases.stage.database-platform` — deployments, infrastructure changes and platform events from the last 30 minutes are attached as context.\n**SLO / ERROR BUDGET:** `slo-database-availability` · no error-budget impact (non-production)\n{{/is_alert}}\n{{#is_warning}}\n## Database Instance Unavailable — warning\nApproaching the alert condition on {{value}}. Investigate before it becomes P3. Runbook: https://github.com/droderiquesit/enterprise-observability/blob/main/platform/runbooks/db-availability.md\n{{/is_warning}}\n{{#is_no_data}}\n## Database Instance Unavailable — NO DATA\nTelemetry stopped arriving for {{value}}. Treat this as a telemetry-health incident: an unmonitored resource is worse than an alerting one. Runbook: https://github.com/droderiquesit/enterprise-observability/blob/main/platform/runbooks/db-availability.md\n{{/is_no_data}}\n{{#is_recovery}}\n## Recovered · Database Instance Unavailable\n{{value}} returned to normal. Error-budget impact recorded against `slo-database-availability`. No action required; the correlation group closes when every child recovers.\n{{/is_recovery}}\n{{#is_warning_recovery}}\nWarning cleared for {{value}}.\n{{/is_warning_recovery}}",
            "monitor_threshold_windows": [],
            "monitor_thresholds": [
              {
                "critical": "2",
                "critical_recovery": "",
                "ok": "",
                "unknown": "",
                "warning": "1",
                "warning_recovery": ""
              }
            ],
            "name": "[P3][stage][database] Database Instance Unavailable (standard)",
            "new_group_delay": 300,
            "new_host_delay": 300,
            "no_data_timeframe": 0,
            "notification_preset_name": "",
            "notify_audit": false,
            "notify_by": [],
            "notify_no_data": false,
            "on_missing_data": "",
            "priority": "3",
            "query": "\"datadog.dbm.instance.up\".over(\"env:stage,alert_band:standard\").by(\"db_instance\").last(3).count_by_status()",
            "renotify_interval": 120,
            "renotify_occurrences": 3,
            "renotify_statuses": [
              "alert"
            ],
            "require_full_window": false,
            "restricted_roles": null,
            "scheduling_options": [],
            "tags": [
              "alert_band:standard",
              "archetype:db-availability",
              "automation_ref:diag-database",
              "correlation_key:databases.stage.database-platform",
              "dedup_key:database-platform.stage.db-availability.standard",
              "detection:service_check",
              "domain:database",
              "env:stage",
              "failure_domain:databases",
              "impact_class:customer_impact",
              "managed_by:terraform",
              "managed_source:platform",
              "monitor_id:stage.standard.database.db-availability",
              "monitoring_profile:standard",
              "notification_profile:nonprod_standard",
              "owner:data-engineering",
              "pages:false",
              "priority:p3",
              "resource_type:db_instance",
              "runbook:db-availability",
              "service:database-platform",
              "signal:availability",
              "slo_id:slo-database-availability",
              "support_model:business-hours",
              "team:data-engineering",
              "tier:tier2"
            ],
            "timeout_h": 0,
            "type": "service check",
            "validate": null,
            "variables": []
          },
          "sensitive_attributes": [],
          "private": "bnVsbA=="
        },
        {
          "index_key": "stage.standard.database.db-query-latency-anomaly",
          "schema_version": 0,
          "attributes": {
            "assets": [],
            "draft_status": "published",
            "enable_logs_sample": null,
            "enable_samples": null,
            "escalation_message": "",
            "evaluation_delay": 300,
            "force_delete": null,
            "group_retention_duration": "",
            "groupby_simple_monitor": null,
            "id": "314372494",
            "include_tags": true,
            "locked": false,
            "message": "{{#is_alert}}\n## P3 · Database Query Latency Anomaly\n**WHAT:** Database Query Latency Anomaly: latency signal detected by anomaly analysis.\n**WHERE:** {{value}} · env `stage` · region `global`\n**SERVICE:** `database-platform` (database / db_instance, tier2)\n**BUSINESS IMPACT:** The service still functions but measurably worse; a subset of traffic or users is failing.\n**WHY IT TRIGGERED:** The signal deviated from its own learned baseline by more than the configured number of deviations — not because it crossed a fixed number.\n**OWNER:** data-engineering · support business-hours · this does not page\n**DO THIS NEXT:** Open the runbook, confirm scope from the group tags, and follow the validation steps. The attached workflow output already contains the standard diagnostics.\n**RUNBOOK:** https://github.com/droderiquesit/enterprise-observability/blob/main/platform/runbooks/db-query-latency-anomaly.md\n**AUTOMATED DIAGNOSTICS:** workflow `diag-database` has run; its output is attached to this event.\n**RELATED EVENTS:** correlated on `databases.stage.database-platform` — deployments, infrastructure changes and platform events from the last 30 minutes are attached as context.\n**SLO / ERROR BUDGET:** `slo-database-latency` · no error-budget impact (non-production)\n{{/is_alert}}\n{{#is_warning}}\n## Database Query Latency Anomaly — warning\nApproaching the alert condition on {{value}}. Investigate before it becomes P3. Runbook: https://github.com/droderiquesit/enterprise-observability/blob/main/platform/runbooks/db-query-latency-anomaly.md\n{{/is_warning}}\n{{#is_no_data}}\n## Database Query Latency Anomaly — NO DATA\nTelemetry stopped arriving for {{value}}. Treat this as a telemetry-health incident: an unmonitored resource is worse than an alerting one. Runbook: https://github.com/droderiquesit/enterprise-observability/blob/main/platform/runbooks/db-query-latency-anomaly.md\n{{/is_no_data}}\n{{#is_recovery}}\n## Recovered · Database Query Latency Anomaly\n{{value}} returned to normal. Error-budget impact recorded against `slo-database-latency`. No action required; the correlation group closes when every child recovers.\n{{/is_recovery}}\n{{#is_warning_recovery}}\nWarning cleared for {{value}}.\n{{/is_warning_recovery}}",
            "monitor_threshold_windows": [],
            "monitor_thresholds": [
              {
                "critical": "1",
                "critical_recovery": "",
                "ok": "",
                "unknown": "",
                "warning": "",
                "warning_recovery": ""
              }
            ],
            "name": "[P3][stage][database] Database Query Latency Anomaly (standard)",
            "new_group_delay": 300,
            "new_host_delay": 300,
            "no_data_timeframe": 0,
            "notification_preset_name": "",
            "notify_audit": false,
            "notify_by": [],
            "notify_no_data": false,
            "on_missing_data": "",
            "priority": "3",
            "query": "avg(last_1h):anomalies(avg:postgresql.queries.duration{env:stage,alert_band:standard} by {db_instance}, 'agile', 3, direction='above') \u003e= 1",
            "renotify_interval": 120,
            "renotify_occurrences": 3,
            "renotify_statuses": [
              "alert"
            ],
            "require_full_window": false,
            "restricted_roles": null,
            "scheduling_options": [],
            "tags": [
              "alert_band:standard",
              "archetype:db-query-latency-anomaly",
              "automation_ref:diag-database",
              "correlation_key:databases.stage.database-platform",
              "dedup_key:database-platform.stage.db-query-latency-anomaly.standard",
              "detection:anomaly",
              "domain:database",
              "env:stage",
              "failure_domain:databases",
              "impact_class:degradation",
              "managed_by:terraform",
              "managed_source:platform",
              "monitor_id:stage.standard.database.db-query-latency-anomaly",
              "monitoring_profile:standard",
              "notification_profile:nonprod_standard",
              "owner:data-engineering",
              "pages:false",
              "priority:p3",
              "resource_type:db_instance",
              "runbook:db-query-latency-anomaly",
              "service:database-platform",
              "signal:latency",
              "slo_id:slo-database-latency",
              "support_model:business-hours",
              "team:data-engineering",
              "tier:tier2"
            ],
            "timeout_h": 0,
            "type": "query alert",
            "validate": null,
            "variables": []
          },
          "sensitive_attributes": [],
          "private": "bnVsbA=="
        },
        {
          "index_key": "stage.standard.database.db-replication-lag",
          "schema_version": 0,
          "attributes": {
            "assets": [],
            "draft_status": "published",
            "enable_logs_sample": null,
            "enable_samples": null,
            "escalation_message": "",
            "evaluation_delay": 300,
            "force_delete": null,
            "group_retention_duration": "",
            "groupby_simple_monitor": null,
            "id": "314372415",
            "include_tags": true,
            "locked": false,
            "message": "{{#is_alert}}\n## P3 · Database Replication Lag Beyond Limit\n**WHAT:** Database Replication Lag Beyond Limit: replication_lag signal detected by threshold analysis.\n**WHERE:** {{value}} · env `stage` · region `global`\n**SERVICE:** `database-platform` (database / db_instance, tier2)\n**BUSINESS IMPACT:** Customers are affected now, or a mission-critical capability is unavailable.\n**WHY IT TRIGGERED:** 300 seconds is the declared RPO for read-replica failover. Past it, a failover loses committed data — the number is the contract.\n\n**OWNER:** data-engineering · support business-hours · this does not page\n**DO THIS NEXT:** Open the runbook, confirm scope from the group tags, and follow the validation steps. The attached workflow output already contains the standard diagnostics.\n**RUNBOOK:** https://github.com/droderiquesit/enterprise-observability/blob/main/platform/runbooks/db-replication-lag.md\n**AUTOMATED DIAGNOSTICS:** workflow `diag-database` has run; its output is attached to this event.\n**RELATED EVENTS:** correlated on `database-replication.stage.database-platform` — deployments, infrastructure changes and platform events from the last 30 minutes are attached as context.\n**SLO / ERROR BUDGET:** `slo-database-availability` · no error-budget impact (non-production)\n{{/is_alert}}\n{{#is_warning}}\n## Database Replication Lag Beyond Limit — warning\nApproaching the alert condition on {{value}}. Investigate before it becomes P3. Runbook: https://github.com/droderiquesit/enterprise-observability/blob/main/platform/runbooks/db-replication-lag.md\n{{/is_warning}}\n{{#is_no_data}}\n## Database Replication Lag Beyond Limit — NO DATA\nTelemetry stopped arriving for {{value}}. Treat this as a telemetry-health incident: an unmonitored resource is worse than an alerting one. Runbook: https://github.com/droderiquesit/enterprise-observability/blob/main/platform/runbooks/db-replication-lag.md\n{{/is_no_data}}\n{{#is_recovery}}\n## Recovered · Database Replication Lag Beyond Limit\n{{value}} returned to normal. Error-budget impact recorded against `slo-database-availability`. No action required; the correlation group closes when every child recovers.\n{{/is_recovery}}\n{{#is_warning_recovery}}\nWarning cleared for {{value}}.\n{{/is_warning_recovery}}",
            "monitor_threshold_windows": [],
            "monitor_thresholds": [
              {
                "critical": "300",
                "critical_recovery": "",
                "ok": "",
                "unknown": "",
                "warning": "60",
                "warning_recovery": ""
              }
            ],
            "name": "[P3][stage][database] Database Replication Lag Beyond Limit (standard)",
            "new_group_delay": 300,
            "new_host_delay": 300,
            "no_data_timeframe": 0,
            "notification_preset_name": "",
            "notify_audit": false,
            "notify_by": [],
            "notify_no_data": false,
            "on_missing_data": "",
            "priority": "3",
            "query": "avg(last_15m):avg:postgresql.replication_delay{env:stage,alert_band:standard} by {db_instance} \u003e 300",
            "renotify_interval": 120,
            "renotify_occurrences": 3,
            "renotify_statuses": [
              "alert"
            ],
            "require_full_window": false,
            "restricted_roles": null,
            "scheduling_options": [],
            "tags": [
              "alert_band:standard",
              "archetype:db-replication-lag",
              "automation_ref:diag-database",
              "correlation_key:database-replication.stage.database-platform",
              "dedup_key:database-platform.stage.db-replication-lag.standard",
              "detection:threshold",
              "domain:database",
              "env:stage",
              "failure_domain:database-replication",
              "impact_class:customer_impact",
              "managed_by:terraform",
              "managed_source:platform",
              "monitor_id:stage.standard.database.db-replication-lag",
              "monitoring_profile:standard",
              "notification_profile:nonprod_standard",
              "owner:data-engineering",
              "pages:false",
              "priority:p3",
              "resource_type:db_instance",
              "runbook:db-replication-lag",
              "service:database-platform",
              "signal:replication_lag",
              "slo_id:slo-database-availability",
              "support_model:business-hours",
              "team:data-engineering",
              "tier:tier2"
            ],
            "timeout_h": 0,
            "type": "query alert",
            "validate": null,
            "variables": []
          },
          "sensitive_attributes": [],
          "private": "bnVsbA=="
        },
        {
          "index_key": "stage.standard.database.db-telemetry-loss",
          "schema_version": 0,
          "attributes": {
            "assets": [],
            "draft_status": "published",
            "enable_logs_sample": null,
            "enable_samples": null,
            "escalation_message": "",
            "evaluation_delay": 300,
            "force_delete": null,
            "group_retention_duration": "",
            "groupby_simple_monitor": null,
            "id": "314372547",
            "include_tags": true,
            "locked": false,
            "message": "{{#is_alert}}\n## P4 · Database Stopped Reporting Telemetry\n**WHAT:** Database Stopped Reporting Telemetry: telemetry_health signal detected by threshold analysis.\n**WHERE:** {{value}} · env `stage` · region `global`\n**SERVICE:** `database-platform` (database / db_instance, tier2)\n**BUSINESS IMPACT:** Observability or configuration hygiene is degraded. No direct customer impact, but our ability to see or govern the estate is reduced.\n**WHY IT TRIGGERED:** Absence of telemetry is binary.\n**OWNER:** data-engineering · support business-hours · this does not page\n**DO THIS NEXT:** Open the runbook, confirm scope from the group tags, and follow the validation steps. The attached workflow output already contains the standard diagnostics.\n**RUNBOOK:** https://github.com/droderiquesit/enterprise-observability/blob/main/platform/runbooks/db-telemetry-loss.md\n**AUTOMATED DIAGNOSTICS:** workflow `diag-database` has run; its output is attached to this event.\n**RELATED EVENTS:** correlated on `databases.stage.database-platform` — deployments, infrastructure changes and platform events from the last 30 minutes are attached as context.\n**SLO / ERROR BUDGET:** `slo-database-availability` · no error-budget impact (non-production)\n{{/is_alert}}\n{{#is_warning}}\n## Database Stopped Reporting Telemetry — warning\nApproaching the alert condition on {{value}}. Investigate before it becomes P4. Runbook: https://github.com/droderiquesit/enterprise-observability/blob/main/platform/runbooks/db-telemetry-loss.md\n{{/is_warning}}\n{{#is_no_data}}\n## Database Stopped Reporting Telemetry — NO DATA\nTelemetry stopped arriving for {{value}}. Treat this as a telemetry-health incident: an unmonitored resource is worse than an alerting one. Runbook: https://github.com/droderiquesit/enterprise-observability/blob/main/platform/runbooks/db-telemetry-loss.md\n{{/is_no_data}}\n{{#is_recovery}}\n## Recovered · Database Stopped Reporting Telemetry\n{{value}} returned to normal. Error-budget impact recorded against `slo-database-availability`. No action required; the correlation group closes when every child recovers.\n{{/is_recovery}}\n{{#is_warning_recovery}}\nWarning cleared for {{value}}.\n{{/is_warning_recovery}}",
            "monitor_threshold_windows": [],
            "monitor_thresholds": [
              {
                "critical": "1",
                "critical_recovery": "",
                "ok": "",
                "unknown": "",
                "warning": "",
                "warning_recovery": ""
              }
            ],
            "name": "[P4][stage][database] Database Stopped Reporting Telemetry (standard)",
            "new_group_delay": 300,
            "new_host_delay": 300,
            "no_data_timeframe": 45,
            "notification_preset_name": "",
            "notify_audit": false,
            "notify_by": [],
            "notify_no_data": true,
            "on_missing_data": "",
            "priority": "4",
            "query": "sum(last_1h):sum:postgresql.connections{env:stage,alert_band:standard} by {db_instance}.as_count() \u003c 1",
            "renotify_interval": 120,
            "renotify_occurrences": 3,
            "renotify_statuses": [
              "alert"
            ],
            "require_full_window": false,
            "restricted_roles": null,
            "scheduling_options": [],
            "tags": [
              "alert_band:standard",
              "archetype:db-telemetry-loss",
              "automation_ref:diag-database",
              "correlation_key:databases.stage.database-platform",
              "dedup_key:database-platform.stage.db-telemetry-loss.standard",
              "detection:threshold",
              "domain:database",
              "env:stage",
              "failure_domain:databases",
              "impact_class:hygiene",
              "managed_by:terraform",
              "managed_source:platform",
              "monitor_id:stage.standard.database.db-telemetry-loss",
              "monitoring_profile:standard",
              "notification_profile:nonprod_standard",
              "owner:data-engineering",
              "pages:false",
              "priority:p4",
              "resource_type:db_instance",
              "runbook:db-telemetry-loss",
              "service:database-platform",
              "signal:telemetry_health",
              "slo_id:slo-database-availability",
              "support_model:business-hours",
              "team:data-engineering",
              "tier:tier2"
            ],
            "timeout_h": 0,
            "type": "query alert",
            "validate": null,
            "variables": []
          },
          "sensitive_attributes": [],
          "private": "bnVsbA=="
        },
        {
          "index_key": "stage.standard.infrastructure.host-agent-unhealthy",
          "schema_version": 0,
          "attributes": {
            "assets": [],
            "draft_status": "published",
            "enable_logs_sample": null,
            "enable_samples": null,
            "escalation_message": "",
            "evaluation_delay": 300,
            "force_delete": null,
            "group_retention_duration": "",
            "groupby_simple_monitor": null,
            "id": "314372450",
            "include_tags": true,
            "locked": false,
            "message": "{{#is_alert}}\n## P4 · Datadog Agent Unhealthy\n**WHAT:** Datadog Agent Unhealthy: telemetry_health signal detected by threshold analysis.\n**WHERE:** {{value}} · env `stage` · region `global`\n**SERVICE:** `platform-services` (infrastructure / host, tier2)\n**BUSINESS IMPACT:** Observability or configuration hygiene is degraded. No direct customer impact, but our ability to see or govern the estate is reduced.\n**WHY IT TRIGGERED:** Agent presence is binary and is the precondition for every other host signal — this is the monitor that protects the monitoring.\n\n**OWNER:** infrastructure-engineering · support business-hours · this does not page\n**DO THIS NEXT:** Open the runbook, confirm scope from the group tags, and follow the validation steps. The attached workflow output already contains the standard diagnostics.\n**RUNBOOK:** https://github.com/droderiquesit/enterprise-observability/blob/main/platform/runbooks/host-agent-unhealthy.md\n**AUTOMATED DIAGNOSTICS:** workflow `diag-host` has run; its output is attached to this event.\n**RELATED EVENTS:** correlated on `compute.stage.platform-services` — deployments, infrastructure changes and platform events from the last 30 minutes are attached as context.\n**SLO / ERROR BUDGET:** `slo-platform-services` · no error-budget impact (non-production)\n{{/is_alert}}\n{{#is_warning}}\n## Datadog Agent Unhealthy — warning\nApproaching the alert condition on {{value}}. Investigate before it becomes P4. Runbook: https://github.com/droderiquesit/enterprise-observability/blob/main/platform/runbooks/host-agent-unhealthy.md\n{{/is_warning}}\n{{#is_no_data}}\n## Datadog Agent Unhealthy — NO DATA\nTelemetry stopped arriving for {{value}}. Treat this as a telemetry-health incident: an unmonitored resource is worse than an alerting one. Runbook: https://github.com/droderiquesit/enterprise-observability/blob/main/platform/runbooks/host-agent-unhealthy.md\n{{/is_no_data}}\n{{#is_recovery}}\n## Recovered · Datadog Agent Unhealthy\n{{value}} returned to normal. Error-budget impact recorded against `slo-platform-services`. No action required; the correlation group closes when every child recovers.\n{{/is_recovery}}\n{{#is_warning_recovery}}\nWarning cleared for {{value}}.\n{{/is_warning_recovery}}",
            "monitor_threshold_windows": [],
            "monitor_thresholds": [
              {
                "critical": "1",
                "critical_recovery": "",
                "ok": "",
                "unknown": "",
                "warning": "",
                "warning_recovery": ""
              }
            ],
            "name": "[P4][stage][infrastructure] Datadog Agent Unhealthy (standard)",
            "new_group_delay": 300,
            "new_host_delay": 300,
            "no_data_timeframe": 0,
            "notification_preset_name": "",
            "notify_audit": false,
            "notify_by": [
              "cluster"
            ],
            "notify_no_data": false,
            "on_missing_data": "",
            "priority": "4",
            "query": "avg(last_1h):avg:datadog.agent.running{env:stage,alert_band:standard} by {cluster,host} \u003c 1",
            "renotify_interval": 120,
            "renotify_occurrences": 3,
            "renotify_statuses": [
              "alert"
            ],
            "require_full_window": false,
            "restricted_roles": null,
            "scheduling_options": [],
            "tags": [
              "alert_band:standard",
              "archetype:host-agent-unhealthy",
              "automation_ref:diag-host",
              "correlation_key:compute.stage.platform-services",
              "dedup_key:platform-services.stage.host-agent-unhealthy.standard",
              "detection:threshold",
              "domain:infrastructure",
              "env:stage",
              "failure_domain:compute",
              "impact_class:hygiene",
              "managed_by:terraform",
              "managed_source:platform",
              "monitor_id:stage.standard.infrastructure.host-agent-unhealthy",
              "monitoring_profile:standard",
              "notification_profile:nonprod_standard",
              "owner:infrastructure-engineering",
              "pages:false",
              "priority:p4",
              "resource_type:host",
              "runbook:host-agent-unhealthy",
              "service:platform-services",
              "signal:telemetry_health",
              "slo_id:slo-platform-services",
              "support_model:business-hours",
              "team:infrastructure-engineering",
              "tier:tier2"
            ],
            "timeout_h": 0,
            "type": "query alert",
            "validate": null,
            "variables": []
          },
          "sensitive_attributes": [],
          "private": "bnVsbA=="
        },
        {
          "index_key": "stage.standard.infrastructure.host-disk-exhaustion-forecast",
          "schema_version": 0,
          "attributes": {
            "assets": [],
            "draft_status": "published",
            "enable_logs_sample": null,
            "enable_samples": null,
            "escalation_message": "",
            "evaluation_delay": 300,
            "force_delete": null,
            "group_retention_duration": "",
            "groupby_simple_monitor": null,
            "id": "314372380",
            "include_tags": true,
            "locked": false,
            "message": "{{#is_alert}}\n## P3 · Disk Exhaustion Forecast\n**WHAT:** Replaces \"disk \u003e 90%\". A volume steady at 92% for two years is not an incident; a volume at 60% growing 8%/day is. Three days of lead time is the shortest window in which a human can reliably act.\n\n**WHERE:** {{value}} · env `stage` · region `global`\n**SERVICE:** `compute-platform` (infrastructure / host, tier2)\n**BUSINESS IMPACT:** Nothing is broken yet. A boundary will be crossed if nobody acts within the lead time this monitor provides.\n**WHY IT TRIGGERED:** Extrapolating the recent trend, this resource is projected to cross its limit inside the forecast horizon. It has not crossed it yet — that is the point.\n**OWNER:** infrastructure-engineering · support business-hours · this does not page\n**DO THIS NEXT:** Open the runbook, confirm scope from the group tags, and follow the validation steps. The attached workflow output already contains the standard diagnostics.\n**RUNBOOK:** https://github.com/droderiquesit/enterprise-observability/blob/main/platform/runbooks/host-disk-exhaustion-forecast.md\n**AUTOMATED DIAGNOSTICS:** workflow `auto-capacity-ticket` has run; its output is attached to this event.\n**RELATED EVENTS:** correlated on `storage.stage.compute-platform` — deployments, infrastructure changes and platform events from the last 30 minutes are attached as context.\n**SLO / ERROR BUDGET:** `slo-infra-compute-availability` · no error-budget impact (non-production)\n{{/is_alert}}\n{{#is_warning}}\n## Disk Exhaustion Forecast — warning\nApproaching the alert condition on {{value}}. Investigate before it becomes P3. Runbook: https://github.com/droderiquesit/enterprise-observability/blob/main/platform/runbooks/host-disk-exhaustion-forecast.md\n{{/is_warning}}\n{{#is_no_data}}\n## Disk Exhaustion Forecast — NO DATA\nTelemetry stopped arriving for {{value}}. Treat this as a telemetry-health incident: an unmonitored resource is worse than an alerting one. Runbook: https://github.com/droderiquesit/enterprise-observability/blob/main/platform/runbooks/host-disk-exhaustion-forecast.md\n{{/is_no_data}}\n{{#is_recovery}}\n## Recovered · Disk Exhaustion Forecast\n{{value}} returned to normal. Error-budget impact recorded against `slo-infra-compute-availability`. No action required; the correlation group closes when every child recovers.\n{{/is_recovery}}\n{{#is_warning_recovery}}\nWarning cleared for {{value}}.\n{{/is_warning_recovery}}",
            "monitor_threshold_windows": [],
            "monitor_thresholds": [
              {
                "critical": "0.95",
                "critical_recovery": "",
                "ok": "",
                "unknown": "",
                "warning": "0.9",
                "warning_recovery": ""
              }
            ],
            "name": "[P3][stage][infrastructure] Disk Exhaustion Forecast (standard)",
            "new_group_delay": 300,
            "new_host_delay": 300,
            "no_data_timeframe": 0,
            "notification_preset_name": "",
            "notify_audit": false,
            "notify_by": [
              "cluster"
            ],
            "notify_no_data": false,
            "on_missing_data": "",
            "priority": "3",
            "query": "max(next_3d):forecast(avg:system.disk.in_use{env:stage,alert_band:standard} by {cluster,host,device}, 'linear', 1, interval='60m', history='1w', model='default') \u003e 0.95",
            "renotify_interval": 120,
            "renotify_occurrences": 3,
            "renotify_statuses": [
              "alert"
            ],
            "require_full_window": false,
            "restricted_roles": null,
            "scheduling_options": [],
            "tags": [
              "alert_band:standard",
              "archetype:host-disk-exhaustion-forecast",
              "automation_ref:auto-capacity-ticket",
              "correlation_key:storage.stage.compute-platform",
              "dedup_key:compute-platform.stage.host-disk-exhaustion-forecast.standard",
              "detection:forecast",
              "domain:infrastructure",
              "env:stage",
              "failure_domain:storage",
              "impact_class:risk",
              "managed_by:terraform",
              "managed_source:platform",
              "monitor_id:stage.standard.infrastructure.host-disk-exhaustion-forecast",
              "monitoring_profile:standard",
              "notification_profile:nonprod_standard",
              "owner:infrastructure-engineering",
              "pages:false",
              "priority:p3",
              "resource_type:host",
              "runbook:host-disk-exhaustion-forecast",
              "service:compute-platform",
              "signal:capacity",
              "slo_id:slo-infra-compute-availability",
              "support_model:business-hours",
              "team:infrastructure-engineering",
              "tier:tier2"
            ],
            "timeout_h": 0,
            "type": "query alert",
            "validate": null,
            "variables": []
          },
          "sensitive_attributes": [],
          "private": "bnVsbA=="
        },
        {
          "index_key": "stage.standard.infrastructure.host-process-down",
          "schema_version": 0,
          "attributes": {
            "assets": [],
            "draft_status": "published",
            "enable_logs_sample": null,
            "enable_samples": null,
            "escalation_message": "",
            "evaluation_delay": 0,
            "force_delete": null,
            "group_retention_duration": "",
            "groupby_simple_monitor": null,
            "id": "314372381",
            "include_tags": true,
            "locked": false,
            "message": "{{#is_alert}}\n## P3 · Required Process Not Running\n**WHAT:** Required Process Not Running: availability signal detected by service_check analysis.\n**WHERE:** {{value}} · env `stage` · region `global`\n**SERVICE:** `compute-platform` (infrastructure / host, tier2)\n**BUSINESS IMPACT:** The service still functions but measurably worse; a subset of traffic or users is failing.\n**WHY IT TRIGGERED:** A check reported a non-OK status for consecutive evaluations.\n**OWNER:** infrastructure-engineering · support business-hours · this does not page\n**DO THIS NEXT:** Open the runbook, confirm scope from the group tags, and follow the validation steps. The attached workflow output already contains the standard diagnostics.\n**RUNBOOK:** https://github.com/droderiquesit/enterprise-observability/blob/main/platform/runbooks/host-process-down.md\n**AUTOMATED DIAGNOSTICS:** workflow `diag-host` has run; its output is attached to this event.\n**RELATED EVENTS:** correlated on `compute.stage.compute-platform` — deployments, infrastructure changes and platform events from the last 30 minutes are attached as context.\n**SLO / ERROR BUDGET:** `slo-infra-compute-availability` · no error-budget impact (non-production)\n{{/is_alert}}\n{{#is_warning}}\n## Required Process Not Running — warning\nApproaching the alert condition on {{value}}. Investigate before it becomes P3. Runbook: https://github.com/droderiquesit/enterprise-observability/blob/main/platform/runbooks/host-process-down.md\n{{/is_warning}}\n{{#is_no_data}}\n## Required Process Not Running — NO DATA\nTelemetry stopped arriving for {{value}}. Treat this as a telemetry-health incident: an unmonitored resource is worse than an alerting one. Runbook: https://github.com/droderiquesit/enterprise-observability/blob/main/platform/runbooks/host-process-down.md\n{{/is_no_data}}\n{{#is_recovery}}\n## Recovered · Required Process Not Running\n{{value}} returned to normal. Error-budget impact recorded against `slo-infra-compute-availability`. No action required; the correlation group closes when every child recovers.\n{{/is_recovery}}\n{{#is_warning_recovery}}\nWarning cleared for {{value}}.\n{{/is_warning_recovery}}",
            "monitor_threshold_windows": [],
            "monitor_thresholds": [
              {
                "critical": "2",
                "critical_recovery": "",
                "ok": "",
                "unknown": "",
                "warning": "1",
                "warning_recovery": ""
              }
            ],
            "name": "[P3][stage][infrastructure] Required Process Not Running (standard)",
            "new_group_delay": 300,
            "new_host_delay": 300,
            "no_data_timeframe": 0,
            "notification_preset_name": "",
            "notify_audit": false,
            "notify_by": [
              "cluster"
            ],
            "notify_no_data": false,
            "on_missing_data": "",
            "priority": "3",
            "query": "\"process.up\".over(\"env:stage,alert_band:standard\").by(\"cluster\",\"host\",\"process_name\").last(3).count_by_status()",
            "renotify_interval": 120,
            "renotify_occurrences": 3,
            "renotify_statuses": [
              "alert"
            ],
            "require_full_window": false,
            "restricted_roles": null,
            "scheduling_options": [],
            "tags": [
              "alert_band:standard",
              "archetype:host-process-down",
              "automation_ref:diag-host",
              "correlation_key:compute.stage.compute-platform",
              "dedup_key:compute-platform.stage.host-process-down.standard",
              "detection:service_check",
              "domain:infrastructure",
              "env:stage",
              "failure_domain:compute",
              "impact_class:degradation",
              "managed_by:terraform",
              "managed_source:platform",
              "monitor_id:stage.standard.infrastructure.host-process-down",
              "monitoring_profile:standard",
              "notification_profile:nonprod_standard",
              "owner:infrastructure-engineering",
              "pages:false",
              "priority:p3",
              "resource_type:host",
              "runbook:host-process-down",
              "service:compute-platform",
              "signal:availability",
              "slo_id:slo-infra-compute-availability",
              "support_model:business-hours",
              "team:infrastructure-engineering",
              "tier:tier2"
            ],
            "timeout_h": 0,
            "type": "service check",
            "validate": null,
            "variables": []
          },
          "sensitive_attributes": [],
          "private": "bnVsbA=="
        },
        {
          "index_key": "stage.standard.infrastructure.host-unavailable",
          "schema_version": 0,
          "attributes": {
            "assets": [],
            "draft_status": "published",
            "enable_logs_sample": null,
            "enable_samples": null,
            "escalation_message": "",
            "evaluation_delay": 0,
            "force_delete": null,
            "group_retention_duration": "",
            "groupby_simple_monitor": null,
            "id": "314372417",
            "include_tags": true,
            "locked": false,
            "message": "{{#is_alert}}\n## P3 · Host Unavailable\n**WHAT:** Host Unavailable: availability signal detected by service_check analysis.\n**WHERE:** {{value}} · env `stage` · region `global`\n**SERVICE:** `compute-platform` (infrastructure / host, tier2)\n**BUSINESS IMPACT:** Customers are affected now, or a mission-critical capability is unavailable.\n**WHY IT TRIGGERED:** A check reported a non-OK status for consecutive evaluations.\n**OWNER:** infrastructure-engineering · support business-hours · this does not page\n**DO THIS NEXT:** Open the runbook, confirm scope from the group tags, and follow the validation steps. The attached workflow output already contains the standard diagnostics.\n**RUNBOOK:** https://github.com/droderiquesit/enterprise-observability/blob/main/platform/runbooks/host-unavailable.md\n**AUTOMATED DIAGNOSTICS:** workflow `diag-host` has run; its output is attached to this event.\n**RELATED EVENTS:** correlated on `compute.stage.compute-platform` — deployments, infrastructure changes and platform events from the last 30 minutes are attached as context.\n**SLO / ERROR BUDGET:** `slo-infra-compute-availability` · no error-budget impact (non-production)\n{{/is_alert}}\n{{#is_warning}}\n## Host Unavailable — warning\nApproaching the alert condition on {{value}}. Investigate before it becomes P3. Runbook: https://github.com/droderiquesit/enterprise-observability/blob/main/platform/runbooks/host-unavailable.md\n{{/is_warning}}\n{{#is_no_data}}\n## Host Unavailable — NO DATA\nTelemetry stopped arriving for {{value}}. Treat this as a telemetry-health incident: an unmonitored resource is worse than an alerting one. Runbook: https://github.com/droderiquesit/enterprise-observability/blob/main/platform/runbooks/host-unavailable.md\n{{/is_no_data}}\n{{#is_recovery}}\n## Recovered · Host Unavailable\n{{value}} returned to normal. Error-budget impact recorded against `slo-infra-compute-availability`. No action required; the correlation group closes when every child recovers.\n{{/is_recovery}}\n{{#is_warning_recovery}}\nWarning cleared for {{value}}.\n{{/is_warning_recovery}}",
            "monitor_threshold_windows": [],
            "monitor_thresholds": [
              {
                "critical": "3",
                "critical_recovery": "",
                "ok": "1",
                "unknown": "",
                "warning": "2",
                "warning_recovery": ""
              }
            ],
            "name": "[P3][stage][infrastructure] Host Unavailable (standard)",
            "new_group_delay": 300,
            "new_host_delay": 300,
            "no_data_timeframe": 30,
            "notification_preset_name": "",
            "notify_audit": false,
            "notify_by": [
              "cluster"
            ],
            "notify_no_data": true,
            "on_missing_data": "",
            "priority": "3",
            "query": "\"datadog.agent.up\".over(\"env:stage,alert_band:standard\").by(\"cluster\",\"host\").last(4).count_by_status()",
            "renotify_interval": 120,
            "renotify_occurrences": 3,
            "renotify_statuses": [
              "alert"
            ],
            "require_full_window": false,
            "restricted_roles": null,
            "scheduling_options": [],
            "tags": [
              "alert_band:standard",
              "archetype:host-unavailable",
              "automation_ref:diag-host",
              "correlation_key:compute.stage.compute-platform",
              "dedup_key:compute-platform.stage.host-unavailable.standard",
              "detection:service_check",
              "domain:infrastructure",
              "env:stage",
              "failure_domain:compute",
              "impact_class:customer_impact",
              "managed_by:terraform",
              "managed_source:platform",
              "monitor_id:stage.standard.infrastructure.host-unavailable",
              "monitoring_profile:standard",
              "notification_profile:nonprod_standard",
              "owner:infrastructure-engineering",
              "pages:false",
              "priority:p3",
              "resource_type:host",
              "runbook:host-unavailable",
              "service:compute-platform",
              "signal:availability",
              "slo_id:slo-infra-compute-availability",
              "support_model:business-hours",
              "team:infrastructure-engineering",
              "tier:tier2"
            ],
            "timeout_h": 0,
            "type": "service check",
            "validate": null,
            "variables": []
          },
          "sensitive_attributes": [],
          "private": "bnVsbA=="
        },
        {
          "index_key": "stage.standard.integration.batch-job-failure",
          "schema_version": 0,
          "attributes": {
            "assets": [],
            "draft_status": "published",
            "enable_logs_sample": null,
            "enable_samples": null,
            "escalation_message": "",
            "evaluation_delay": 300,
            "force_delete": null,
            "group_retention_duration": "",
            "groupby_simple_monitor": null,
            "id": "314372478",
            "include_tags": true,
            "locked": false,
            "message": "{{#is_alert}}\n## P3 · Batch Job Failed\n**WHAT:** Batch Job Failed: job_failure signal detected by threshold analysis.\n**WHERE:** {{value}} · env `stage` · region `global`\n**SERVICE:** `batch-platform` (integration / batch_job, tier2)\n**BUSINESS IMPACT:** The service still functions but measurably worse; a subset of traffic or users is failing.\n**WHY IT TRIGGERED:** A failed run is a discrete outcome.\n**OWNER:** application-development · support business-hours · this does not page\n**DO THIS NEXT:** Open the runbook, confirm scope from the group tags, and follow the validation steps. The attached workflow output already contains the standard diagnostics.\n**RUNBOOK:** https://github.com/droderiquesit/enterprise-observability/blob/main/platform/runbooks/batch-job-failure.md\n**AUTOMATED DIAGNOSTICS:** workflow `remediate-rerun-job` has run; its output is attached to this event.\n**RELATED EVENTS:** correlated on `batch-platform.stage.batch-platform` — deployments, infrastructure changes and platform events from the last 30 minutes are attached as context.\n**SLO / ERROR BUDGET:** `slo-batch-completion` · no error-budget impact (non-production)\n{{/is_alert}}\n{{#is_warning}}\n## Batch Job Failed — warning\nApproaching the alert condition on {{value}}. Investigate before it becomes P3. Runbook: https://github.com/droderiquesit/enterprise-observability/blob/main/platform/runbooks/batch-job-failure.md\n{{/is_warning}}\n{{#is_no_data}}\n## Batch Job Failed — NO DATA\nTelemetry stopped arriving for {{value}}. Treat this as a telemetry-health incident: an unmonitored resource is worse than an alerting one. Runbook: https://github.com/droderiquesit/enterprise-observability/blob/main/platform/runbooks/batch-job-failure.md\n{{/is_no_data}}\n{{#is_recovery}}\n## Recovered · Batch Job Failed\n{{value}} returned to normal. Error-budget impact recorded against `slo-batch-completion`. No action required; the correlation group closes when every child recovers.\n{{/is_recovery}}\n{{#is_warning_recovery}}\nWarning cleared for {{value}}.\n{{/is_warning_recovery}}",
            "monitor_threshold_windows": [],
            "monitor_thresholds": [
              {
                "critical": "1",
                "critical_recovery": "",
                "ok": "",
                "unknown": "",
                "warning": "",
                "warning_recovery": ""
              }
            ],
            "name": "[P3][stage][integration] Batch Job Failed (standard)",
            "new_group_delay": 300,
            "new_host_delay": 300,
            "no_data_timeframe": 0,
            "notification_preset_name": "",
            "notify_audit": false,
            "notify_by": [],
            "notify_no_data": false,
            "on_missing_data": "",
            "priority": "3",
            "query": "sum(last_4h):sum:acme.batch.runs{env:stage,alert_band:standard,status:failed} by {service,job_name}.as_count() \u003e= 1",
            "renotify_interval": 120,
            "renotify_occurrences": 3,
            "renotify_statuses": [
              "alert"
            ],
            "require_full_window": false,
            "restricted_roles": null,
            "scheduling_options": [],
            "tags": [
              "alert_band:standard",
              "archetype:batch-job-failure",
              "automation_ref:remediate-rerun-job",
              "correlation_key:batch-platform.stage.batch-platform",
              "dedup_key:batch-platform.stage.batch-job-failure.standard",
              "detection:threshold",
              "domain:integration",
              "env:stage",
              "failure_domain:batch-platform",
              "impact_class:degradation",
              "managed_by:terraform",
              "managed_source:platform",
              "monitor_id:stage.standard.integration.batch-job-failure",
              "monitoring_profile:standard",
              "notification_profile:nonprod_standard",
              "owner:application-development",
              "pages:false",
              "priority:p3",
              "resource_type:batch_job",
              "runbook:batch-job-failure",
              "service:batch-platform",
              "signal:job_failure",
              "slo_id:slo-batch-completion",
              "support_model:business-hours",
              "team:application-development",
              "tier:tier2"
            ],
            "timeout_h": 0,
            "type": "query alert",
            "validate": null,
            "variables": []
          },
          "sensitive_attributes": [],
          "private": "bnVsbA=="
        },
        {
          "index_key": "stage.standard.integration.integration-flow-failure",
          "schema_version": 0,
          "attributes": {
            "assets": [],
            "draft_status": "published",
            "enable_logs_sample": null,
            "enable_samples": null,
            "escalation_message": "",
            "evaluation_delay": 300,
            "force_delete": null,
            "group_retention_duration": "",
            "groupby_simple_monitor": null,
            "id": "314372466",
            "include_tags": true,
            "locked": false,
            "message": "{{#is_alert}}\n## P3 · Integration Flow Failure Rate\n**WHAT:** Integration Flow Failure Rate: error_rate signal detected by anomaly analysis.\n**WHERE:** {{value}} · env `stage` · region `global`\n**SERVICE:** `integration-platform` (integration / integration_flow, tier2)\n**BUSINESS IMPACT:** The service still functions but measurably worse; a subset of traffic or users is failing.\n**WHY IT TRIGGERED:** The signal deviated from its own learned baseline by more than the configured number of deviations — not because it crossed a fixed number.\n**OWNER:** application-development · support business-hours · this does not page\n**DO THIS NEXT:** Open the runbook, confirm scope from the group tags, and follow the validation steps. The attached workflow output already contains the standard diagnostics.\n**RUNBOOK:** https://github.com/droderiquesit/enterprise-observability/blob/main/platform/runbooks/integration-flow-failure.md\n**AUTOMATED DIAGNOSTICS:** workflow `diag-dependency` has run; its output is attached to this event.\n**RELATED EVENTS:** correlated on `integration-platform.stage.integration-platform` — deployments, infrastructure changes and platform events from the last 30 minutes are attached as context.\n**SLO / ERROR BUDGET:** `slo-integration-delivery` · no error-budget impact (non-production)\n{{/is_alert}}\n{{#is_warning}}\n## Integration Flow Failure Rate — warning\nApproaching the alert condition on {{value}}. Investigate before it becomes P3. Runbook: https://github.com/droderiquesit/enterprise-observability/blob/main/platform/runbooks/integration-flow-failure.md\n{{/is_warning}}\n{{#is_no_data}}\n## Integration Flow Failure Rate — NO DATA\nTelemetry stopped arriving for {{value}}. Treat this as a telemetry-health incident: an unmonitored resource is worse than an alerting one. Runbook: https://github.com/droderiquesit/enterprise-observability/blob/main/platform/runbooks/integration-flow-failure.md\n{{/is_no_data}}\n{{#is_recovery}}\n## Recovered · Integration Flow Failure Rate\n{{value}} returned to normal. Error-budget impact recorded against `slo-integration-delivery`. No action required; the correlation group closes when every child recovers.\n{{/is_recovery}}\n{{#is_warning_recovery}}\nWarning cleared for {{value}}.\n{{/is_warning_recovery}}",
            "monitor_threshold_windows": [],
            "monitor_thresholds": [
              {
                "critical": "1",
                "critical_recovery": "",
                "ok": "",
                "unknown": "",
                "warning": "",
                "warning_recovery": ""
              }
            ],
            "name": "[P3][stage][integration] Integration Flow Failure Rate (standard)",
            "new_group_delay": 300,
            "new_host_delay": 300,
            "no_data_timeframe": 0,
            "notification_preset_name": "",
            "notify_audit": false,
            "notify_by": [],
            "notify_no_data": false,
            "on_missing_data": "",
            "priority": "3",
            "query": "avg(last_1h):anomalies(sum:acme.integration.flow_errors{env:stage,alert_band:standard} by {service,flow_name}.as_rate(), 'agile', 3) \u003e= 1",
            "renotify_interval": 120,
            "renotify_occurrences": 3,
            "renotify_statuses": [
              "alert"
            ],
            "require_full_window": false,
            "restricted_roles": null,
            "scheduling_options": [],
            "tags": [
              "alert_band:standard",
              "archetype:integration-flow-failure",
              "automation_ref:diag-dependency",
              "correlation_key:integration-platform.stage.integration-platform",
              "dedup_key:integration-platform.stage.integration-flow-failure.standard",
              "detection:anomaly",
              "domain:integration",
              "env:stage",
              "failure_domain:integration-platform",
              "impact_class:degradation",
              "managed_by:terraform",
              "managed_source:platform",
              "monitor_id:stage.standard.integration.integration-flow-failure",
              "monitoring_profile:standard",
              "notification_profile:nonprod_standard",
              "owner:application-development",
              "pages:false",
              "priority:p3",
              "resource_type:integration_flow",
              "runbook:integration-flow-failure",
              "service:integration-platform",
              "signal:error_rate",
              "slo_id:slo-integration-delivery",
              "support_model:business-hours",
              "team:application-development",
              "tier:tier2"
            ],
            "timeout_h": 0,
            "type": "query alert",
            "validate": null,
            "variables": []
          },
          "sensitive_attributes": [],
          "private": "bnVsbA=="
        },
        {
          "index_key": "stage.standard.integration.schedule-job-failure",
          "schema_version": 0,
          "attributes": {
            "assets": [],
            "draft_status": "published",
            "enable_logs_sample": null,
            "enable_samples": null,
            "escalation_message": "",
            "evaluation_delay": 300,
            "force_delete": null,
            "group_retention_duration": "",
            "groupby_simple_monitor": null,
            "id": "314372488",
            "include_tags": true,
            "locked": false,
            "message": "{{#is_alert}}\n## P3 · Scheduled Job Failed\n**WHAT:** Scheduled Job Failed: job_failure signal detected by threshold analysis.\n**WHERE:** {{value}} · env `stage` · region `global`\n**SERVICE:** `integration-platform` (integration / scheduled_job, tier2)\n**BUSINESS IMPACT:** The service still functions but measurably worse; a subset of traffic or users is failing.\n**WHY IT TRIGGERED:** A failed run is discrete.\n**OWNER:** application-development · support business-hours · this does not page\n**DO THIS NEXT:** Open the runbook, confirm scope from the group tags, and follow the validation steps. The attached workflow output already contains the standard diagnostics.\n**RUNBOOK:** https://github.com/droderiquesit/enterprise-observability/blob/main/platform/runbooks/schedule-job-failure.md\n**AUTOMATED DIAGNOSTICS:** workflow `remediate-rerun-job` has run; its output is attached to this event.\n**RELATED EVENTS:** correlated on `scheduler.stage.integration-platform` — deployments, infrastructure changes and platform events from the last 30 minutes are attached as context.\n**SLO / ERROR BUDGET:** `slo-integration-delivery` · no error-budget impact (non-production)\n{{/is_alert}}\n{{#is_warning}}\n## Scheduled Job Failed — warning\nApproaching the alert condition on {{value}}. Investigate before it becomes P3. Runbook: https://github.com/droderiquesit/enterprise-observability/blob/main/platform/runbooks/schedule-job-failure.md\n{{/is_warning}}\n{{#is_no_data}}\n## Scheduled Job Failed — NO DATA\nTelemetry stopped arriving for {{value}}. Treat this as a telemetry-health incident: an unmonitored resource is worse than an alerting one. Runbook: https://github.com/droderiquesit/enterprise-observability/blob/main/platform/runbooks/schedule-job-failure.md\n{{/is_no_data}}\n{{#is_recovery}}\n## Recovered · Scheduled Job Failed\n{{value}} returned to normal. Error-budget impact recorded against `slo-integration-delivery`. No action required; the correlation group closes when every child recovers.\n{{/is_recovery}}\n{{#is_warning_recovery}}\nWarning cleared for {{value}}.\n{{/is_warning_recovery}}",
            "monitor_threshold_windows": [],
            "monitor_thresholds": [
              {
                "critical": "1",
                "critical_recovery": "",
                "ok": "",
                "unknown": "",
                "warning": "",
                "warning_recovery": ""
              }
            ],
            "name": "[P3][stage][integration] Scheduled Job Failed (standard)",
            "new_group_delay": 300,
            "new_host_delay": 300,
            "no_data_timeframe": 0,
            "notification_preset_name": "",
            "notify_audit": false,
            "notify_by": [],
            "notify_no_data": false,
            "on_missing_data": "",
            "priority": "3",
            "query": "sum(last_4h):sum:acme.scheduler.runs{env:stage,alert_band:standard,status:failed} by {service,job_name}.as_count() \u003e= 1",
            "renotify_interval": 120,
            "renotify_occurrences": 3,
            "renotify_statuses": [
              "alert"
            ],
            "require_full_window": false,
            "restricted_roles": null,
            "scheduling_options": [],
            "tags": [
              "alert_band:standard",
              "archetype:schedule-job-failure",
              "automation_ref:remediate-rerun-job",
              "correlation_key:scheduler.stage.integration-platform",
              "dedup_key:integration-platform.stage.schedule-job-failure.standard",
              "detection:threshold",
              "domain:integration",
              "env:stage",
              "failure_domain:scheduler",
              "impact_class:degradation",
              "managed_by:terraform",
              "managed_source:platform",
              "monitor_id:stage.standard.integration.schedule-job-failure",
              "monitoring_profile:standard",
              "notification_profile:nonprod_standard",
              "owner:application-development",
              "pages:false",
              "priority:p3",
              "resource_type:scheduled_job",
              "runbook:schedule-job-failure",
              "service:integration-platform",
              "signal:job_failure",
              "slo_id:slo-integration-delivery",
              "support_model:business-hours",
              "team:application-development",
              "tier:tier2"
            ],
            "timeout_h": 0,
            "type": "query alert",
            "validate": null,
            "variables": []
          },
          "sensitive_attributes": [],
          "private": "bnVsbA=="
        },
        {
          "index_key": "stage.standard.integration.schedule-missed-run",
          "schema_version": 0,
          "attributes": {
            "assets": [],
            "draft_status": "published",
            "enable_logs_sample": null,
            "enable_samples": null,
            "escalation_message": "",
            "evaluation_delay": 300,
            "force_delete": null,
            "group_retention_duration": "",
            "groupby_simple_monitor": null,
            "id": "314372420",
            "include_tags": true,
            "locked": false,
            "message": "{{#is_alert}}\n## P3 · Scheduled Job Did Not Run\n**WHAT:** Scheduled Job Did Not Run: schedule_miss signal detected by threshold analysis.\n**WHERE:** {{value}} · env `stage` · region `global`\n**SERVICE:** `integration-platform` (integration / scheduled_job, tier2)\n**BUSINESS IMPACT:** Customers are affected now, or a mission-critical capability is unavailable.\n**WHY IT TRIGGERED:** The single most under-monitored failure in every enterprise: the job that simply never fired. Nothing errors, nothing alerts, nothing runs.\n\n**OWNER:** application-development · support business-hours · this does not page\n**DO THIS NEXT:** Open the runbook, confirm scope from the group tags, and follow the validation steps. The attached workflow output already contains the standard diagnostics.\n**RUNBOOK:** https://github.com/droderiquesit/enterprise-observability/blob/main/platform/runbooks/schedule-missed-run.md\n**AUTOMATED DIAGNOSTICS:** workflow `remediate-rerun-job` has run; its output is attached to this event.\n**RELATED EVENTS:** correlated on `scheduler.stage.integration-platform` — deployments, infrastructure changes and platform events from the last 30 minutes are attached as context.\n**SLO / ERROR BUDGET:** `slo-integration-delivery` · no error-budget impact (non-production)\n{{/is_alert}}\n{{#is_warning}}\n## Scheduled Job Did Not Run — warning\nApproaching the alert condition on {{value}}. Investigate before it becomes P3. Runbook: https://github.com/droderiquesit/enterprise-observability/blob/main/platform/runbooks/schedule-missed-run.md\n{{/is_warning}}\n{{#is_no_data}}\n## Scheduled Job Did Not Run — NO DATA\nTelemetry stopped arriving for {{value}}. Treat this as a telemetry-health incident: an unmonitored resource is worse than an alerting one. Runbook: https://github.com/droderiquesit/enterprise-observability/blob/main/platform/runbooks/schedule-missed-run.md\n{{/is_no_data}}\n{{#is_recovery}}\n## Recovered · Scheduled Job Did Not Run\n{{value}} returned to normal. Error-budget impact recorded against `slo-integration-delivery`. No action required; the correlation group closes when every child recovers.\n{{/is_recovery}}\n{{#is_warning_recovery}}\nWarning cleared for {{value}}.\n{{/is_warning_recovery}}",
            "monitor_threshold_windows": [],
            "monitor_thresholds": [
              {
                "critical": "1",
                "critical_recovery": "",
                "ok": "",
                "unknown": "",
                "warning": "",
                "warning_recovery": ""
              }
            ],
            "name": "[P3][stage][integration] Scheduled Job Did Not Run (standard)",
            "new_group_delay": 300,
            "new_host_delay": 300,
            "no_data_timeframe": 120,
            "notification_preset_name": "",
            "notify_audit": false,
            "notify_by": [],
            "notify_no_data": true,
            "on_missing_data": "",
            "priority": "3",
            "query": "sum(last_4h):sum:acme.scheduler.runs_started{env:stage,alert_band:standard} by {service,job_name}.as_count() \u003c 1",
            "renotify_interval": 120,
            "renotify_occurrences": 3,
            "renotify_statuses": [
              "alert"
            ],
            "require_full_window": false,
            "restricted_roles": null,
            "scheduling_options": [],
            "tags": [
              "alert_band:standard",
              "archetype:schedule-missed-run",
              "automation_ref:remediate-rerun-job",
              "correlation_key:scheduler.stage.integration-platform",
              "dedup_key:integration-platform.stage.schedule-missed-run.standard",
              "detection:threshold",
              "domain:integration",
              "env:stage",
              "failure_domain:scheduler",
              "impact_class:customer_impact",
              "managed_by:terraform",
              "managed_source:platform",
              "monitor_id:stage.standard.integration.schedule-missed-run",
              "monitoring_profile:standard",
              "notification_profile:nonprod_standard",
              "owner:application-development",
              "pages:false",
              "priority:p3",
              "resource_type:scheduled_job",
              "runbook:schedule-missed-run",
              "service:integration-platform",
              "signal:schedule_miss",
              "slo_id:slo-integration-delivery",
              "support_model:business-hours",
              "team:application-development",
              "tier:tier2"
            ],
            "timeout_h": 0,
            "type": "query alert",
            "validate": null,
            "variables": []
          },
          "sensitive_attributes": [],
          "private": "bnVsbA=="
        },
        {
          "index_key": "stage.standard.kubernetes.k8s-cronjob-failure",
          "schema_version": 0,
          "attributes": {
            "assets": [],
            "draft_status": "published",
            "enable_logs_sample": null,
            "enable_samples": null,
            "escalation_message": "",
            "evaluation_delay": 300,
            "force_delete": null,
            "group_retention_duration": "",
            "groupby_simple_monitor": null,
            "id": "314372447",
            "include_tags": true,
            "locked": false,
            "message": "{{#is_alert}}\n## P3 · Kubernetes CronJob Failing\n**WHAT:** Kubernetes CronJob Failing: job_failure signal detected by threshold analysis.\n**WHERE:** {{value}} · env `stage` · region `global`\n**SERVICE:** `kubernetes-platform` (kubernetes / kube_cronjob, tier2)\n**BUSINESS IMPACT:** The service still functions but measurably worse; a subset of traffic or users is failing.\n**WHY IT TRIGGERED:** A failed job is a discrete outcome.\n**OWNER:** cloud-engineering · support business-hours · this does not page\n**DO THIS NEXT:** Open the runbook, confirm scope from the group tags, and follow the validation steps. The attached workflow output already contains the standard diagnostics.\n**RUNBOOK:** https://github.com/droderiquesit/enterprise-observability/blob/main/platform/runbooks/k8s-cronjob-failure.md\n**AUTOMATED DIAGNOSTICS:** workflow `remediate-rerun-job` has run; its output is attached to this event.\n**RELATED EVENTS:** correlated on `kubernetes-workloads.stage.kubernetes-platform` — deployments, infrastructure changes and platform events from the last 30 minutes are attached as context.\n**SLO / ERROR BUDGET:** `slo-k8s-workload-availability` · no error-budget impact (non-production)\n{{/is_alert}}\n{{#is_warning}}\n## Kubernetes CronJob Failing — warning\nApproaching the alert condition on {{value}}. Investigate before it becomes P3. Runbook: https://github.com/droderiquesit/enterprise-observability/blob/main/platform/runbooks/k8s-cronjob-failure.md\n{{/is_warning}}\n{{#is_no_data}}\n## Kubernetes CronJob Failing — NO DATA\nTelemetry stopped arriving for {{value}}. Treat this as a telemetry-health incident: an unmonitored resource is worse than an alerting one. Runbook: https://github.com/droderiquesit/enterprise-observability/blob/main/platform/runbooks/k8s-cronjob-failure.md\n{{/is_no_data}}\n{{#is_recovery}}\n## Recovered · Kubernetes CronJob Failing\n{{value}} returned to normal. Error-budget impact recorded against `slo-k8s-workload-availability`. No action required; the correlation group closes when every child recovers.\n{{/is_recovery}}\n{{#is_warning_recovery}}\nWarning cleared for {{value}}.\n{{/is_warning_recovery}}",
            "monitor_threshold_windows": [],
            "monitor_thresholds": [
              {
                "critical": "1",
                "critical_recovery": "",
                "ok": "",
                "unknown": "",
                "warning": "",
                "warning_recovery": ""
              }
            ],
            "name": "[P3][stage][kubernetes] Kubernetes CronJob Failing (standard)",
            "new_group_delay": 300,
            "new_host_delay": 300,
            "no_data_timeframe": 0,
            "notification_preset_name": "",
            "notify_audit": false,
            "notify_by": [
              "kube_cluster_name"
            ],
            "notify_no_data": false,
            "on_missing_data": "",
            "priority": "3",
            "query": "sum(last_2h):sum:kubernetes_state.job.failed{env:stage,alert_band:standard} by {kube_cluster_name,kube_namespace,kube_cronjob}.as_count() \u003e= 1",
            "renotify_interval": 120,
            "renotify_occurrences": 3,
            "renotify_statuses": [
              "alert"
            ],
            "require_full_window": false,
            "restricted_roles": null,
            "scheduling_options": [],
            "tags": [
              "alert_band:standard",
              "archetype:k8s-cronjob-failure",
              "automation_ref:remediate-rerun-job",
              "correlation_key:kubernetes-workloads.stage.kubernetes-platform",
              "dedup_key:kubernetes-platform.stage.k8s-cronjob-failure.standard",
              "detection:threshold",
              "domain:kubernetes",
              "env:stage",
              "failure_domain:kubernetes-workloads",
              "impact_class:degradation",
              "managed_by:terraform",
              "managed_source:platform",
              "monitor_id:stage.standard.kubernetes.k8s-cronjob-failure",
              "monitoring_profile:standard",
              "notification_profile:nonprod_standard",
              "owner:cloud-engineering",
              "pages:false",
              "priority:p3",
              "resource_type:kube_cronjob",
              "runbook:k8s-cronjob-failure",
              "service:kubernetes-platform",
              "signal:job_failure",
              "slo_id:slo-k8s-workload-availability",
              "support_model:business-hours",
              "team:cloud-engineering",
              "tier:tier2"
            ],
            "timeout_h": 0,
            "type": "query alert",
            "validate": null,
            "variables": []
          },
          "sensitive_attributes": [],
          "private": "bnVsbA=="
        },
        {
          "index_key": "stage.standard.kubernetes.k8s-deployment-unavailable",
          "schema_version": 0,
          "attributes": {
            "assets": [],
            "draft_status": "published",
            "enable_logs_sample": null,
            "enable_samples": null,
            "escalation_message": "",
            "evaluation_delay": 300,
            "force_delete": null,
            "group_retention_duration": "",
            "groupby_simple_monitor": null,
            "id": "314372449",
            "include_tags": true,
            "locked": false,
            "message": "{{#is_alert}}\n## P3 · Kubernetes Deployment Has No Available Replicas\n**WHAT:** Kubernetes Deployment Has No Available Replicas: availability signal detected by threshold analysis.\n**WHERE:** {{value}} · env `stage` · region `global`\n**SERVICE:** `kubernetes-platform` (kubernetes / kube_deployment, tier2)\n**BUSINESS IMPACT:** Customers are affected now, or a mission-critical capability is unavailable.\n**WHY IT TRIGGERED:** Zero available replicas is the definition of unavailable. The replica count is a declared contract, not an observed baseline.\n\n**OWNER:** cloud-engineering · support business-hours · this does not page\n**DO THIS NEXT:** Open the runbook, confirm scope from the group tags, and follow the validation steps. The attached workflow output already contains the standard diagnostics.\n**RUNBOOK:** https://github.com/droderiquesit/enterprise-observability/blob/main/platform/runbooks/k8s-deployment-unavailable.md\n**AUTOMATED DIAGNOSTICS:** workflow `diag-k8s-workload` has run; its output is attached to this event.\n**RELATED EVENTS:** correlated on `kubernetes-workloads.stage.kubernetes-platform` — deployments, infrastructure changes and platform events from the last 30 minutes are attached as context.\n**SLO / ERROR BUDGET:** `slo-k8s-workload-availability` · no error-budget impact (non-production)\n{{/is_alert}}\n{{#is_warning}}\n## Kubernetes Deployment Has No Available Replicas — warning\nApproaching the alert condition on {{value}}. Investigate before it becomes P3. Runbook: https://github.com/droderiquesit/enterprise-observability/blob/main/platform/runbooks/k8s-deployment-unavailable.md\n{{/is_warning}}\n{{#is_no_data}}\n## Kubernetes Deployment Has No Available Replicas — NO DATA\nTelemetry stopped arriving for {{value}}. Treat this as a telemetry-health incident: an unmonitored resource is worse than an alerting one. Runbook: https://github.com/droderiquesit/enterprise-observability/blob/main/platform/runbooks/k8s-deployment-unavailable.md\n{{/is_no_data}}\n{{#is_recovery}}\n## Recovered · Kubernetes Deployment Has No Available Replicas\n{{value}} returned to normal. Error-budget impact recorded against `slo-k8s-workload-availability`. No action required; the correlation group closes when every child recovers.\n{{/is_recovery}}\n{{#is_warning_recovery}}\nWarning cleared for {{value}}.\n{{/is_warning_recovery}}",
            "monitor_threshold_windows": [],
            "monitor_thresholds": [
              {
                "critical": "1",
                "critical_recovery": "",
                "ok": "",
                "unknown": "",
                "warning": "2",
                "warning_recovery": ""
              }
            ],
            "name": "[P3][stage][kubernetes] Kubernetes Deployment Has No Available Replicas (standard)",
            "new_group_delay": 300,
            "new_host_delay": 300,
            "no_data_timeframe": 0,
            "notification_preset_name": "",
            "notify_audit": false,
            "notify_by": [
              "kube_cluster_name"
            ],
            "notify_no_data": false,
            "on_missing_data": "",
            "priority": "3",
            "query": "min(last_15m):sum:kubernetes_state.deployment.replicas_available{env:stage,alert_band:standard} by {kube_cluster_name,kube_namespace,kube_deployment} \u003c 1",
            "renotify_interval": 120,
            "renotify_occurrences": 3,
            "renotify_statuses": [
              "alert"
            ],
            "require_full_window": false,
            "restricted_roles": null,
            "scheduling_options": [],
            "tags": [
              "alert_band:standard",
              "archetype:k8s-deployment-unavailable",
              "automation_ref:diag-k8s-workload",
              "correlation_key:kubernetes-workloads.stage.kubernetes-platform",
              "dedup_key:kubernetes-platform.stage.k8s-deployment-unavailable.standard",
              "detection:threshold",
              "domain:kubernetes",
              "env:stage",
              "failure_domain:kubernetes-workloads",
              "impact_class:customer_impact",
              "managed_by:terraform",
              "managed_source:platform",
              "monitor_id:stage.standard.kubernetes.k8s-deployment-unavailable",
              "monitoring_profile:standard",
              "notification_profile:nonprod_standard",
              "owner:cloud-engineering",
              "pages:false",
              "priority:p3",
              "resource_type:kube_deployment",
              "runbook:k8s-deployment-unavailable",
              "service:kubernetes-platform",
              "signal:availability",
              "slo_id:slo-k8s-workload-availability",
              "support_model:business-hours",
              "team:cloud-engineering",
              "tier:tier2"
            ],
            "timeout_h": 0,
            "type": "query alert",
            "validate": null,
            "variables": []
          },
          "sensitive_attributes": [],
          "private": "bnVsbA=="
        },
        {
          "index_key": "stage.standard.kubernetes.k8s-node-not-ready",
          "schema_version": 0,
          "attributes": {
            "assets": [],
            "draft_status": "published",
            "enable_logs_sample": null,
            "enable_samples": null,
            "escalation_message": "",
            "evaluation_delay": 300,
            "force_delete": null,
            "group_retention_duration": "",
            "groupby_simple_monitor": null,
            "id": "314372496",
            "include_tags": true,
            "locked": false,
            "message": "{{#is_alert}}\n## P3 · Kubernetes Node Not Ready\n**WHAT:** Kubernetes Node Not Ready: availability signal detected by threshold analysis.\n**WHERE:** {{value}} · env `stage` · region `global`\n**SERVICE:** `kubernetes-platform` (kubernetes / kube_node, tier2)\n**BUSINESS IMPACT:** The service still functions but measurably worse; a subset of traffic or users is failing.\n**WHY IT TRIGGERED:** NotReady is a discrete node condition.\n**OWNER:** cloud-engineering · support business-hours · this does not page\n**DO THIS NEXT:** Open the runbook, confirm scope from the group tags, and follow the validation steps. The attached workflow output already contains the standard diagnostics.\n**RUNBOOK:** https://github.com/droderiquesit/enterprise-observability/blob/main/platform/runbooks/k8s-node-not-ready.md\n**AUTOMATED DIAGNOSTICS:** workflow `diag-k8s-workload` has run; its output is attached to this event.\n**RELATED EVENTS:** correlated on `kubernetes-nodes.stage.kubernetes-platform` — deployments, infrastructure changes and platform events from the last 30 minutes are attached as context.\n**SLO / ERROR BUDGET:** `slo-k8s-workload-availability` · no error-budget impact (non-production)\n{{/is_alert}}\n{{#is_warning}}\n## Kubernetes Node Not Ready — warning\nApproaching the alert condition on {{value}}. Investigate before it becomes P3. Runbook: https://github.com/droderiquesit/enterprise-observability/blob/main/platform/runbooks/k8s-node-not-ready.md\n{{/is_warning}}\n{{#is_no_data}}\n## Kubernetes Node Not Ready — NO DATA\nTelemetry stopped arriving for {{value}}. Treat this as a telemetry-health incident: an unmonitored resource is worse than an alerting one. Runbook: https://github.com/droderiquesit/enterprise-observability/blob/main/platform/runbooks/k8s-node-not-ready.md\n{{/is_no_data}}\n{{#is_recovery}}\n## Recovered · Kubernetes Node Not Ready\n{{value}} returned to normal. Error-budget impact recorded against `slo-k8s-workload-availability`. No action required; the correlation group closes when every child recovers.\n{{/is_recovery}}\n{{#is_warning_recovery}}\nWarning cleared for {{value}}.\n{{/is_warning_recovery}}",
            "monitor_threshold_windows": [],
            "monitor_thresholds": [
              {
                "critical": "1",
                "critical_recovery": "",
                "ok": "",
                "unknown": "",
                "warning": "",
                "warning_recovery": ""
              }
            ],
            "name": "[P3][stage][kubernetes] Kubernetes Node Not Ready (standard)",
            "new_group_delay": 300,
            "new_host_delay": 300,
            "no_data_timeframe": 0,
            "notification_preset_name": "",
            "notify_audit": false,
            "notify_by": [
              "kube_cluster_name"
            ],
            "notify_no_data": false,
            "on_missing_data": "",
            "priority": "3",
            "query": "max(last_15m):sum:kubernetes_state.node.status{env:stage,alert_band:standard,status:false,condition:ready} by {kube_cluster_name,node} \u003e= 1",
            "renotify_interval": 120,
            "renotify_occurrences": 3,
            "renotify_statuses": [
              "alert"
            ],
            "require_full_window": false,
            "restricted_roles": null,
            "scheduling_options": [],
            "tags": [
              "alert_band:standard",
              "archetype:k8s-node-not-ready",
              "automation_ref:diag-k8s-workload",
              "correlation_key:kubernetes-nodes.stage.kubernetes-platform",
              "dedup_key:kubernetes-platform.stage.k8s-node-not-ready.standard",
              "detection:threshold",
              "domain:kubernetes",
              "env:stage",
              "failure_domain:kubernetes-nodes",
              "impact_class:degradation",
              "managed_by:terraform",
              "managed_source:platform",
              "monitor_id:stage.standard.kubernetes.k8s-node-not-ready",
              "monitoring_profile:standard",
              "notification_profile:nonprod_standard",
              "owner:cloud-engineering",
              "pages:false",
              "priority:p3",
              "resource_type:kube_node",
              "runbook:k8s-node-not-ready",
              "service:kubernetes-platform",
              "signal:availability",
              "slo_id:slo-k8s-workload-availability",
              "support_model:business-hours",
              "team:cloud-engineering",
              "tier:tier2"
            ],
            "timeout_h": 0,
            "type": "query alert",
            "validate": null,
            "variables": []
          },
          "sensitive_attributes": [],
          "private": "bnVsbA=="
        },
        {
          "index_key": "stage.standard.kubernetes.k8s-oomkill",
          "schema_version": 0,
          "attributes": {
            "assets": [],
            "draft_status": "published",
            "enable_logs_sample": null,
            "enable_samples": null,
            "escalation_message": "",
            "evaluation_delay": 300,
            "force_delete": null,
            "group_retention_duration": "",
            "groupby_simple_monitor": null,
            "id": "314372487",
            "include_tags": true,
            "locked": false,
            "message": "{{#is_alert}}\n## P3 · Container OOMKilled\n**WHAT:** Container OOMKilled: saturation signal detected by threshold analysis.\n**WHERE:** {{value}} · env `stage` · region `global`\n**SERVICE:** `kubernetes-platform` (kubernetes / kube_pod, tier2)\n**BUSINESS IMPACT:** The service still functions but measurably worse; a subset of traffic or users is failing.\n**WHY IT TRIGGERED:** An OOMKill is a discrete kernel event; one occurrence is meaningful.\n\n**OWNER:** cloud-engineering · support business-hours · this does not page\n**DO THIS NEXT:** Open the runbook, confirm scope from the group tags, and follow the validation steps. The attached workflow output already contains the standard diagnostics.\n**RUNBOOK:** https://github.com/droderiquesit/enterprise-observability/blob/main/platform/runbooks/k8s-oomkill.md\n**AUTOMATED DIAGNOSTICS:** workflow `diag-k8s-workload` has run; its output is attached to this event.\n**RELATED EVENTS:** correlated on `kubernetes-workloads.stage.kubernetes-platform` — deployments, infrastructure changes and platform events from the last 30 minutes are attached as context.\n**SLO / ERROR BUDGET:** `slo-k8s-workload-availability` · no error-budget impact (non-production)\n{{/is_alert}}\n{{#is_warning}}\n## Container OOMKilled — warning\nApproaching the alert condition on {{value}}. Investigate before it becomes P3. Runbook: https://github.com/droderiquesit/enterprise-observability/blob/main/platform/runbooks/k8s-oomkill.md\n{{/is_warning}}\n{{#is_no_data}}\n## Container OOMKilled — NO DATA\nTelemetry stopped arriving for {{value}}. Treat this as a telemetry-health incident: an unmonitored resource is worse than an alerting one. Runbook: https://github.com/droderiquesit/enterprise-observability/blob/main/platform/runbooks/k8s-oomkill.md\n{{/is_no_data}}\n{{#is_recovery}}\n## Recovered · Container OOMKilled\n{{value}} returned to normal. Error-budget impact recorded against `slo-k8s-workload-availability`. No action required; the correlation group closes when every child recovers.\n{{/is_recovery}}\n{{#is_warning_recovery}}\nWarning cleared for {{value}}.\n{{/is_warning_recovery}}",
            "monitor_threshold_windows": [],
            "monitor_thresholds": [
              {
                "critical": "1",
                "critical_recovery": "",
                "ok": "",
                "unknown": "",
                "warning": "",
                "warning_recovery": ""
              }
            ],
            "name": "[P3][stage][kubernetes] Container OOMKilled (standard)",
            "new_group_delay": 300,
            "new_host_delay": 300,
            "no_data_timeframe": 0,
            "notification_preset_name": "",
            "notify_audit": false,
            "notify_by": [
              "kube_cluster_name"
            ],
            "notify_no_data": false,
            "on_missing_data": "",
            "priority": "3",
            "query": "sum(last_30m):sum:kubernetes_state.container.status_report.count.terminated{env:stage,alert_band:standard,reason:oomkilled} by {kube_cluster_name,kube_namespace,kube_deployment}.as_count() \u003e= 1",
            "renotify_interval": 120,
            "renotify_occurrences": 3,
            "renotify_statuses": [
              "alert"
            ],
            "require_full_window": false,
            "restricted_roles": null,
            "scheduling_options": [],
            "tags": [
              "alert_band:standard",
              "archetype:k8s-oomkill",
              "automation_ref:diag-k8s-workload",
              "correlation_key:kubernetes-workloads.stage.kubernetes-platform",
              "dedup_key:kubernetes-platform.stage.k8s-oomkill.standard",
              "detection:threshold",
              "domain:kubernetes",
              "env:stage",
              "failure_domain:kubernetes-workloads",
              "impact_class:degradation",
              "managed_by:terraform",
              "managed_source:platform",
              "monitor_id:stage.standard.kubernetes.k8s-oomkill",
              "monitoring_profile:standard",
              "notification_profile:nonprod_standard",
              "owner:cloud-engineering",
              "pages:false",
              "priority:p3",
              "resource_type:kube_pod",
              "runbook:k8s-oomkill",
              "service:kubernetes-platform",
              "signal:saturation",
              "slo_id:slo-k8s-workload-availability",
              "support_model:business-hours",
              "team:cloud-engineering",
              "tier:tier2"
            ],
            "timeout_h": 0,
            "type": "query alert",
            "validate": null,
            "variables": []
          },
          "sensitive_attributes": [],
          "private": "bnVsbA=="
        },
        {
          "index_key": "stage.standard.kubernetes.k8s-pod-crashloop",
          "schema_version": 0,
          "attributes": {
            "assets": [],
            "draft_status": "published",
            "enable_logs_sample": null,
            "enable_samples": null,
            "escalation_message": "",
            "evaluation_delay": 300,
            "force_delete": null,
            "group_retention_duration": "",
            "groupby_simple_monitor": null,
            "id": "314372511",
            "include_tags": true,
            "locked": false,
            "message": "{{#is_alert}}\n## P3 · Pods in CrashLoopBackOff\n**WHAT:** Pods in CrashLoopBackOff: availability signal detected by threshold analysis.\n**WHERE:** {{value}} · env `stage` · region `global`\n**SERVICE:** `kubernetes-platform` (kubernetes / kube_pod, tier2)\n**BUSINESS IMPACT:** The service still functions but measurably worse; a subset of traffic or users is failing.\n**WHY IT TRIGGERED:** CrashLoopBackOff is a discrete Kubernetes state, not a metric level.\n\n**OWNER:** cloud-engineering · support business-hours · this does not page\n**DO THIS NEXT:** Open the runbook, confirm scope from the group tags, and follow the validation steps. The attached workflow output already contains the standard diagnostics.\n**RUNBOOK:** https://github.com/droderiquesit/enterprise-observability/blob/main/platform/runbooks/k8s-pod-crashloop.md\n**AUTOMATED DIAGNOSTICS:** workflow `diag-k8s-workload` has run; its output is attached to this event.\n**RELATED EVENTS:** correlated on `kubernetes-workloads.stage.kubernetes-platform` — deployments, infrastructure changes and platform events from the last 30 minutes are attached as context.\n**SLO / ERROR BUDGET:** `slo-k8s-workload-availability` · no error-budget impact (non-production)\n{{/is_alert}}\n{{#is_warning}}\n## Pods in CrashLoopBackOff — warning\nApproaching the alert condition on {{value}}. Investigate before it becomes P3. Runbook: https://github.com/droderiquesit/enterprise-observability/blob/main/platform/runbooks/k8s-pod-crashloop.md\n{{/is_warning}}\n{{#is_no_data}}\n## Pods in CrashLoopBackOff — NO DATA\nTelemetry stopped arriving for {{value}}. Treat this as a telemetry-health incident: an unmonitored resource is worse than an alerting one. Runbook: https://github.com/droderiquesit/enterprise-observability/blob/main/platform/runbooks/k8s-pod-crashloop.md\n{{/is_no_data}}\n{{#is_recovery}}\n## Recovered · Pods in CrashLoopBackOff\n{{value}} returned to normal. Error-budget impact recorded against `slo-k8s-workload-availability`. No action required; the correlation group closes when every child recovers.\n{{/is_recovery}}\n{{#is_warning_recovery}}\nWarning cleared for {{value}}.\n{{/is_warning_recovery}}",
            "monitor_threshold_windows": [],
            "monitor_thresholds": [
              {
                "critical": "1",
                "critical_recovery": "",
                "ok": "",
                "unknown": "",
                "warning": "",
                "warning_recovery": ""
              }
            ],
            "name": "[P3][stage][kubernetes] Pods in CrashLoopBackOff (standard)",
            "new_group_delay": 300,
            "new_host_delay": 300,
            "no_data_timeframe": 0,
            "notification_preset_name": "",
            "notify_audit": false,
            "notify_by": [
              "kube_cluster_name"
            ],
            "notify_no_data": false,
            "on_missing_data": "",
            "priority": "3",
            "query": "max(last_15m):sum:kubernetes_state.container.status_report.count.waiting{env:stage,alert_band:standard,reason:crashloopbackoff} by {kube_cluster_name,kube_namespace,kube_deployment} \u003e= 1",
            "renotify_interval": 120,
            "renotify_occurrences": 3,
            "renotify_statuses": [
              "alert"
            ],
            "require_full_window": false,
            "restricted_roles": null,
            "scheduling_options": [],
            "tags": [
              "alert_band:standard",
              "archetype:k8s-pod-crashloop",
              "automation_ref:diag-k8s-workload",
              "correlation_key:kubernetes-workloads.stage.kubernetes-platform",
              "dedup_key:kubernetes-platform.stage.k8s-pod-crashloop.standard",
              "detection:threshold",
              "domain:kubernetes",
              "env:stage",
              "failure_domain:kubernetes-workloads",
              "impact_class:degradation",
              "managed_by:terraform",
              "managed_source:platform",
              "monitor_id:stage.standard.kubernetes.k8s-pod-crashloop",
              "monitoring_profile:standard",
              "notification_profile:nonprod_standard",
              "owner:cloud-engineering",
              "pages:false",
              "priority:p3",
              "release_gate:true",
              "resource_type:kube_pod",
              "runbook:k8s-pod-crashloop",
              "service:kubernetes-platform",
              "signal:availability",
              "slo_id:slo-k8s-workload-availability",
              "support_model:business-hours",
              "team:cloud-engineering",
              "tier:tier2"
            ],
            "timeout_h": 0,
            "type": "query alert",
            "validate": null,
            "variables": []
          },
          "sensitive_attributes": [],
          "private": "bnVsbA=="
        },
        {
          "index_key": "stage.standard.kubernetes.k8s-pods-pending",
          "schema_version": 0,
          "attributes": {
            "assets": [],
            "draft_status": "published",
            "enable_logs_sample": null,
            "enable_samples": null,
            "escalation_message": "",
            "evaluation_delay": 300,
            "force_delete": null,
            "group_retention_duration": "",
            "groupby_simple_monitor": null,
            "id": "314372416",
            "include_tags": true,
            "locked": false,
            "message": "{{#is_alert}}\n## P3 · Pods Cannot Be Scheduled\n**WHAT:** Pods Cannot Be Scheduled: availability signal detected by threshold analysis.\n**WHERE:** {{value}} · env `stage` · region `global`\n**SERVICE:** `kubernetes-platform` (kubernetes / kube_pod, tier2)\n**BUSINESS IMPACT:** The service still functions but measurably worse; a subset of traffic or users is failing.\n**WHY IT TRIGGERED:** Sustained Pending is a scheduler verdict (insufficient resources, taints, quota) — a state, not a level.\n\n**OWNER:** cloud-engineering · support business-hours · this does not page\n**DO THIS NEXT:** Open the runbook, confirm scope from the group tags, and follow the validation steps. The attached workflow output already contains the standard diagnostics.\n**RUNBOOK:** https://github.com/droderiquesit/enterprise-observability/blob/main/platform/runbooks/k8s-pods-pending.md\n**AUTOMATED DIAGNOSTICS:** workflow `diag-k8s-workload` has run; its output is attached to this event.\n**RELATED EVENTS:** correlated on `kubernetes-nodes.stage.kubernetes-platform` — deployments, infrastructure changes and platform events from the last 30 minutes are attached as context.\n**SLO / ERROR BUDGET:** `slo-k8s-workload-availability` · no error-budget impact (non-production)\n{{/is_alert}}\n{{#is_warning}}\n## Pods Cannot Be Scheduled — warning\nApproaching the alert condition on {{value}}. Investigate before it becomes P3. Runbook: https://github.com/droderiquesit/enterprise-observability/blob/main/platform/runbooks/k8s-pods-pending.md\n{{/is_warning}}\n{{#is_no_data}}\n## Pods Cannot Be Scheduled — NO DATA\nTelemetry stopped arriving for {{value}}. Treat this as a telemetry-health incident: an unmonitored resource is worse than an alerting one. Runbook: https://github.com/droderiquesit/enterprise-observability/blob/main/platform/runbooks/k8s-pods-pending.md\n{{/is_no_data}}\n{{#is_recovery}}\n## Recovered · Pods Cannot Be Scheduled\n{{value}} returned to normal. Error-budget impact recorded against `slo-k8s-workload-availability`. No action required; the correlation group closes when every child recovers.\n{{/is_recovery}}\n{{#is_warning_recovery}}\nWarning cleared for {{value}}.\n{{/is_warning_recovery}}",
            "monitor_threshold_windows": [],
            "monitor_thresholds": [
              {
                "critical": "3",
                "critical_recovery": "",
                "ok": "",
                "unknown": "",
                "warning": "1",
                "warning_recovery": ""
              }
            ],
            "name": "[P3][stage][kubernetes] Pods Cannot Be Scheduled (standard)",
            "new_group_delay": 300,
            "new_host_delay": 300,
            "no_data_timeframe": 0,
            "notification_preset_name": "",
            "notify_audit": false,
            "notify_by": [
              "kube_cluster_name"
            ],
            "notify_no_data": false,
            "on_missing_data": "",
            "priority": "3",
            "query": "min(last_30m):sum:kubernetes_state.pod.status_phase{env:stage,alert_band:standard,phase:pending} by {kube_cluster_name,kube_namespace} \u003e= 3",
            "renotify_interval": 120,
            "renotify_occurrences": 3,
            "renotify_statuses": [
              "alert"
            ],
            "require_full_window": false,
            "restricted_roles": null,
            "scheduling_options": [],
            "tags": [
              "alert_band:standard",
              "archetype:k8s-pods-pending",
              "automation_ref:diag-k8s-workload",
              "correlation_key:kubernetes-nodes.stage.kubernetes-platform",
              "dedup_key:kubernetes-platform.stage.k8s-pods-pending.standard",
              "detection:threshold",
              "domain:kubernetes",
              "env:stage",
              "failure_domain:kubernetes-nodes",
              "impact_class:degradation",
              "managed_by:terraform",
              "managed_source:platform",
              "monitor_id:stage.standard.kubernetes.k8s-pods-pending",
              "monitoring_profile:standard",
              "notification_profile:nonprod_standard",
              "owner:cloud-engineering",
              "pages:false",
              "priority:p3",
              "resource_type:kube_pod",
              "runbook:k8s-pods-pending",
              "service:kubernetes-platform",
              "signal:availability",
              "slo_id:slo-k8s-workload-availability",
              "support_model:business-hours",
              "team:cloud-engineering",
              "tier:tier2"
            ],
            "timeout_h": 0,
            "type": "query alert",
            "validate": null,
            "variables": []
          },
          "sensitive_attributes": [],
          "private": "bnVsbA=="
        },
        {
          "index_key": "stage.standard.kubernetes.k8s-telemetry-loss",
          "schema_version": 0,
          "attributes": {
            "assets": [],
            "draft_status": "published",
            "enable_logs_sample": null,
            "enable_samples": null,
            "escalation_message": "",
            "evaluation_delay": 300,
            "force_delete": null,
            "group_retention_duration": "",
            "groupby_simple_monitor": null,
            "id": "314372481",
            "include_tags": true,
            "locked": false,
            "message": "{{#is_alert}}\n## P4 · Kubernetes Cluster Stopped Reporting\n**WHAT:** Kubernetes Cluster Stopped Reporting: telemetry_health signal detected by threshold analysis.\n**WHERE:** {{value}} · env `stage` · region `global`\n**SERVICE:** `kubernetes-platform` (kubernetes / kube_cluster, tier2)\n**BUSINESS IMPACT:** Observability or configuration hygiene is degraded. No direct customer impact, but our ability to see or govern the estate is reduced.\n**WHY IT TRIGGERED:** Absence of cluster telemetry is binary.\n**OWNER:** cloud-engineering · support business-hours · this does not page\n**DO THIS NEXT:** Open the runbook, confirm scope from the group tags, and follow the validation steps. The attached workflow output already contains the standard diagnostics.\n**RUNBOOK:** https://github.com/droderiquesit/enterprise-observability/blob/main/platform/runbooks/k8s-telemetry-loss.md\n**AUTOMATED DIAGNOSTICS:** workflow `diag-k8s-workload` has run; its output is attached to this event.\n**RELATED EVENTS:** correlated on `kubernetes-control-plane.stage.kubernetes-platform` — deployments, infrastructure changes and platform events from the last 30 minutes are attached as context.\n**SLO / ERROR BUDGET:** `slo-k8s-workload-availability` · no error-budget impact (non-production)\n{{/is_alert}}\n{{#is_warning}}\n## Kubernetes Cluster Stopped Reporting — warning\nApproaching the alert condition on {{value}}. Investigate before it becomes P4. Runbook: https://github.com/droderiquesit/enterprise-observability/blob/main/platform/runbooks/k8s-telemetry-loss.md\n{{/is_warning}}\n{{#is_no_data}}\n## Kubernetes Cluster Stopped Reporting — NO DATA\nTelemetry stopped arriving for {{value}}. Treat this as a telemetry-health incident: an unmonitored resource is worse than an alerting one. Runbook: https://github.com/droderiquesit/enterprise-observability/blob/main/platform/runbooks/k8s-telemetry-loss.md\n{{/is_no_data}}\n{{#is_recovery}}\n## Recovered · Kubernetes Cluster Stopped Reporting\n{{value}} returned to normal. Error-budget impact recorded against `slo-k8s-workload-availability`. No action required; the correlation group closes when every child recovers.\n{{/is_recovery}}\n{{#is_warning_recovery}}\nWarning cleared for {{value}}.\n{{/is_warning_recovery}}",
            "monitor_threshold_windows": [],
            "monitor_thresholds": [
              {
                "critical": "1",
                "critical_recovery": "",
                "ok": "",
                "unknown": "",
                "warning": "",
                "warning_recovery": ""
              }
            ],
            "name": "[P4][stage][kubernetes] Kubernetes Cluster Stopped Reporting (standard)",
            "new_group_delay": 300,
            "new_host_delay": 300,
            "no_data_timeframe": 45,
            "notification_preset_name": "",
            "notify_audit": false,
            "notify_by": [],
            "notify_no_data": true,
            "on_missing_data": "",
            "priority": "4",
            "query": "sum(last_1h):sum:kubernetes.pods.running{env:stage,alert_band:standard} by {kube_cluster_name}.as_count() \u003c 1",
            "renotify_interval": 120,
            "renotify_occurrences": 3,
            "renotify_statuses": [
              "alert"
            ],
            "require_full_window": false,
            "restricted_roles": null,
            "scheduling_options": [],
            "tags": [
              "alert_band:standard",
              "archetype:k8s-telemetry-loss",
              "automation_ref:diag-k8s-workload",
              "correlation_key:kubernetes-control-plane.stage.kubernetes-platform",
              "dedup_key:kubernetes-platform.stage.k8s-telemetry-loss.standard",
              "detection:threshold",
              "domain:kubernetes",
              "env:stage",
              "failure_domain:kubernetes-control-plane",
              "impact_class:hygiene",
              "managed_by:terraform",
              "managed_source:platform",
              "monitor_id:stage.standard.kubernetes.k8s-telemetry-loss",
              "monitoring_profile:standard",
              "notification_profile:nonprod_standard",
              "owner:cloud-engineering",
              "pages:false",
              "priority:p4",
              "resource_type:kube_cluster",
              "runbook:k8s-telemetry-loss",
              "service:kubernetes-platform",
              "signal:telemetry_health",
              "slo_id:slo-k8s-workload-availability",
              "support_model:business-hours",
              "team:cloud-engineering",
              "tier:tier2"
            ],
            "timeout_h": 0,
            "type": "query alert",
            "validate": null,
            "variables": []
          },
          "sensitive_attributes": [],
          "private": "bnVsbA=="
        },
        {
          "index_key": "stage.standard.messaging.consumer-absent",
          "schema_version": 0,
          "attributes": {
            "assets": [],
            "draft_status": "published",
            "enable_logs_sample": null,
            "enable_samples": null,
            "escalation_message": "",
            "evaluation_delay": 300,
            "force_delete": null,
            "group_retention_duration": "",
            "groupby_simple_monitor": null,
            "id": "314372464",
            "include_tags": true,
            "locked": false,
            "message": "{{#is_alert}}\n## P3 · No Active Consumer On Queue\n**WHAT:** No Active Consumer On Queue: availability signal detected by threshold analysis.\n**WHERE:** {{value}} · env `stage` · region `global`\n**SERVICE:** `messaging-platform` (messaging / queue, tier2)\n**BUSINESS IMPACT:** Customers are affected now, or a mission-critical capability is unavailable.\n**WHY IT TRIGGERED:** Zero consumers on a live queue is binary and silent — the queue looks healthy while the business stops.\n\n**OWNER:** cloud-engineering · support business-hours · this does not page\n**DO THIS NEXT:** Open the runbook, confirm scope from the group tags, and follow the validation steps. The attached workflow output already contains the standard diagnostics.\n**RUNBOOK:** https://github.com/droderiquesit/enterprise-observability/blob/main/platform/runbooks/consumer-absent.md\n**AUTOMATED DIAGNOSTICS:** workflow `diag-messaging` has run; its output is attached to this event.\n**RELATED EVENTS:** correlated on `messaging-platform.stage.messaging-platform` — deployments, infrastructure changes and platform events from the last 30 minutes are attached as context.\n**SLO / ERROR BUDGET:** `slo-messaging-delivery` · no error-budget impact (non-production)\n{{/is_alert}}\n{{#is_warning}}\n## No Active Consumer On Queue — warning\nApproaching the alert condition on {{value}}. Investigate before it becomes P3. Runbook: https://github.com/droderiquesit/enterprise-observability/blob/main/platform/runbooks/consumer-absent.md\n{{/is_warning}}\n{{#is_no_data}}\n## No Active Consumer On Queue — NO DATA\nTelemetry stopped arriving for {{value}}. Treat this as a telemetry-health incident: an unmonitored resource is worse than an alerting one. Runbook: https://github.com/droderiquesit/enterprise-observability/blob/main/platform/runbooks/consumer-absent.md\n{{/is_no_data}}\n{{#is_recovery}}\n## Recovered · No Active Consumer On Queue\n{{value}} returned to normal. Error-budget impact recorded against `slo-messaging-delivery`. No action required; the correlation group closes when every child recovers.\n{{/is_recovery}}\n{{#is_warning_recovery}}\nWarning cleared for {{value}}.\n{{/is_warning_recovery}}",
            "monitor_threshold_windows": [],
            "monitor_thresholds": [
              {
                "critical": "1",
                "critical_recovery": "",
                "ok": "",
                "unknown": "",
                "warning": "",
                "warning_recovery": ""
              }
            ],
            "name": "[P3][stage][messaging] No Active Consumer On Queue (standard)",
            "new_group_delay": 300,
            "new_host_delay": 300,
            "no_data_timeframe": 0,
            "notification_preset_name": "",
            "notify_audit": false,
            "notify_by": [
              "namespace"
            ],
            "notify_no_data": false,
            "on_missing_data": "",
            "priority": "3",
            "query": "min(last_30m):avg:acme.messaging.active_consumers{env:stage,alert_band:standard} by {namespace,entity} \u003c 1",
            "renotify_interval": 120,
            "renotify_occurrences": 3,
            "renotify_statuses": [
              "alert"
            ],
            "require_full_window": false,
            "restricted_roles": null,
            "scheduling_options": [],
            "tags": [
              "alert_band:standard",
              "archetype:consumer-absent",
              "automation_ref:diag-messaging",
              "correlation_key:messaging-platform.stage.messaging-platform",
              "dedup_key:messaging-platform.stage.consumer-absent.standard",
              "detection:threshold",
              "domain:messaging",
              "env:stage",
              "failure_domain:messaging-platform",
              "impact_class:customer_impact",
              "managed_by:terraform",
              "managed_source:platform",
              "monitor_id:stage.standard.messaging.consumer-absent",
              "monitoring_profile:standard",
              "notification_profile:nonprod_standard",
              "owner:cloud-engineering",
              "pages:false",
              "priority:p3",
              "resource_type:queue",
              "runbook:consumer-absent",
              "service:messaging-platform",
              "signal:availability",
              "slo_id:slo-messaging-delivery",
              "support_model:business-hours",
              "team:cloud-engineering",
              "tier:tier2"
            ],
            "timeout_h": 0,
            "type": "query alert",
            "validate": null,
            "variables": []
          },
          "sensitive_attributes": [],
          "private": "bnVsbA=="
        },
        {
          "index_key": "stage.standard.messaging.consumer-dlq-growth",
          "schema_version": 0,
          "attributes": {
            "assets": [],
            "draft_status": "published",
            "enable_logs_sample": null,
            "enable_samples": null,
            "escalation_message": "",
            "evaluation_delay": 300,
            "force_delete": null,
            "group_retention_duration": "",
            "groupby_simple_monitor": null,
            "id": "314372555",
            "include_tags": true,
            "locked": false,
            "message": "{{#is_alert}}\n## P3 · Dead Letter Queue Growth\n**WHAT:** Dead Letter Queue Growth: dlq_depth signal detected by threshold analysis.\n**WHERE:** {{value}} · env `stage` · region `global`\n**SERVICE:** `messaging-platform` (messaging / queue, tier2)\n**BUSINESS IMPACT:** The service still functions but measurably worse; a subset of traffic or users is failing.\n**WHY IT TRIGGERED:** Dead-lettered messages are business events that were permanently lost; the threshold reflects the manual replay capacity of one engineer.\n\n**OWNER:** cloud-engineering · support business-hours · this does not page\n**DO THIS NEXT:** Open the runbook, confirm scope from the group tags, and follow the validation steps. The attached workflow output already contains the standard diagnostics.\n**RUNBOOK:** https://github.com/droderiquesit/enterprise-observability/blob/main/platform/runbooks/consumer-dlq-growth.md\n**AUTOMATED DIAGNOSTICS:** workflow `remediate-clear-dlq` has run; its output is attached to this event.\n**RELATED EVENTS:** correlated on `messaging-platform.stage.messaging-platform` — deployments, infrastructure changes and platform events from the last 30 minutes are attached as context.\n**SLO / ERROR BUDGET:** `slo-messaging-delivery` · no error-budget impact (non-production)\n{{/is_alert}}\n{{#is_warning}}\n## Dead Letter Queue Growth — warning\nApproaching the alert condition on {{value}}. Investigate before it becomes P3. Runbook: https://github.com/droderiquesit/enterprise-observability/blob/main/platform/runbooks/consumer-dlq-growth.md\n{{/is_warning}}\n{{#is_no_data}}\n## Dead Letter Queue Growth — NO DATA\nTelemetry stopped arriving for {{value}}. Treat this as a telemetry-health incident: an unmonitored resource is worse than an alerting one. Runbook: https://github.com/droderiquesit/enterprise-observability/blob/main/platform/runbooks/consumer-dlq-growth.md\n{{/is_no_data}}\n{{#is_recovery}}\n## Recovered · Dead Letter Queue Growth\n{{value}} returned to normal. Error-budget impact recorded against `slo-messaging-delivery`. No action required; the correlation group closes when every child recovers.\n{{/is_recovery}}\n{{#is_warning_recovery}}\nWarning cleared for {{value}}.\n{{/is_warning_recovery}}",
            "monitor_threshold_windows": [],
            "monitor_thresholds": [
              {
                "critical": "100",
                "critical_recovery": "",
                "ok": "",
                "unknown": "",
                "warning": "10",
                "warning_recovery": ""
              }
            ],
            "name": "[P3][stage][messaging] Dead Letter Queue Growth (standard)",
            "new_group_delay": 300,
            "new_host_delay": 300,
            "no_data_timeframe": 0,
            "notification_preset_name": "",
            "notify_audit": false,
            "notify_by": [
              "namespace"
            ],
            "notify_no_data": false,
            "on_missing_data": "",
            "priority": "3",
            "query": "avg(last_1h):avg:azure.servicebus_namespaces.deadletteredmessages{env:stage,alert_band:standard} by {namespace,entity} \u003e 100",
            "renotify_interval": 120,
            "renotify_occurrences": 3,
            "renotify_statuses": [
              "alert"
            ],
            "require_full_window": false,
            "restricted_roles": null,
            "scheduling_options": [],
            "tags": [
              "alert_band:standard",
              "archetype:consumer-dlq-growth",
              "automation_ref:remediate-clear-dlq",
              "correlation_key:messaging-platform.stage.messaging-platform",
              "dedup_key:messaging-platform.stage.consumer-dlq-growth.standard",
              "detection:threshold",
              "domain:messaging",
              "env:stage",
              "failure_domain:messaging-platform",
              "impact_class:degradation",
              "managed_by:terraform",
              "managed_source:platform",
              "monitor_id:stage.standard.messaging.consumer-dlq-growth",
              "monitoring_profile:standard",
              "notification_profile:nonprod_standard",
              "owner:cloud-engineering",
              "pages:false",
              "priority:p3",
              "resource_type:queue",
              "runbook:consumer-dlq-growth",
              "service:messaging-platform",
              "signal:dlq_depth",
              "slo_id:slo-messaging-delivery",
              "support_model:business-hours",
              "team:cloud-engineering",
              "tier:tier2"
            ],
            "timeout_h": 0,
            "type": "query alert",
            "validate": null,
            "variables": []
          },
          "sensitive_attributes": [],
          "private": "bnVsbA=="
        },
        {
          "index_key": "stage.standard.messaging.messaging-publish-failure",
          "schema_version": 0,
          "attributes": {
            "assets": [],
            "draft_status": "published",
            "enable_logs_sample": null,
            "enable_samples": null,
            "escalation_message": "",
            "evaluation_delay": 300,
            "force_delete": null,
            "group_retention_duration": "",
            "groupby_simple_monitor": null,
            "id": "314372452",
            "include_tags": true,
            "locked": false,
            "message": "{{#is_alert}}\n## P3 · Message Publish Failures\n**WHAT:** Message Publish Failures: error_rate signal detected by anomaly analysis.\n**WHERE:** {{value}} · env `stage` · region `global`\n**SERVICE:** `messaging-platform` (messaging / service, tier2)\n**BUSINESS IMPACT:** Customers are affected now, or a mission-critical capability is unavailable.\n**WHY IT TRIGGERED:** The signal deviated from its own learned baseline by more than the configured number of deviations — not because it crossed a fixed number.\n**OWNER:** cloud-engineering · support business-hours · this does not page\n**DO THIS NEXT:** Open the runbook, confirm scope from the group tags, and follow the validation steps. The attached workflow output already contains the standard diagnostics.\n**RUNBOOK:** https://github.com/droderiquesit/enterprise-observability/blob/main/platform/runbooks/messaging-publish-failure.md\n**AUTOMATED DIAGNOSTICS:** workflow `diag-messaging` has run; its output is attached to this event.\n**RELATED EVENTS:** correlated on `messaging-platform.stage.messaging-platform` — deployments, infrastructure changes and platform events from the last 30 minutes are attached as context.\n**SLO / ERROR BUDGET:** `slo-messaging-delivery` · no error-budget impact (non-production)\n{{/is_alert}}\n{{#is_warning}}\n## Message Publish Failures — warning\nApproaching the alert condition on {{value}}. Investigate before it becomes P3. Runbook: https://github.com/droderiquesit/enterprise-observability/blob/main/platform/runbooks/messaging-publish-failure.md\n{{/is_warning}}\n{{#is_no_data}}\n## Message Publish Failures — NO DATA\nTelemetry stopped arriving for {{value}}. Treat this as a telemetry-health incident: an unmonitored resource is worse than an alerting one. Runbook: https://github.com/droderiquesit/enterprise-observability/blob/main/platform/runbooks/messaging-publish-failure.md\n{{/is_no_data}}\n{{#is_recovery}}\n## Recovered · Message Publish Failures\n{{value}} returned to normal. Error-budget impact recorded against `slo-messaging-delivery`. No action required; the correlation group closes when every child recovers.\n{{/is_recovery}}\n{{#is_warning_recovery}}\nWarning cleared for {{value}}.\n{{/is_warning_recovery}}",
            "monitor_threshold_windows": [],
            "monitor_thresholds": [
              {
                "critical": "1",
                "critical_recovery": "",
                "ok": "",
                "unknown": "",
                "warning": "",
                "warning_recovery": ""
              }
            ],
            "name": "[P3][stage][messaging] Message Publish Failures (standard)",
            "new_group_delay": 300,
            "new_host_delay": 300,
            "no_data_timeframe": 0,
            "notification_preset_name": "",
            "notify_audit": false,
            "notify_by": [
              "namespace"
            ],
            "notify_no_data": false,
            "on_missing_data": "",
            "priority": "3",
            "query": "avg(last_30m):anomalies(sum:acme.messaging.publish_errors{env:stage,alert_band:standard} by {service,namespace}.as_rate(), 'agile', 3) \u003e= 1",
            "renotify_interval": 120,
            "renotify_occurrences": 3,
            "renotify_statuses": [
              "alert"
            ],
            "require_full_window": false,
            "restricted_roles": null,
            "scheduling_options": [],
            "tags": [
              "alert_band:standard",
              "archetype:messaging-publish-failure",
              "automation_ref:diag-messaging",
              "correlation_key:messaging-platform.stage.messaging-platform",
              "dedup_key:messaging-platform.stage.messaging-publish-failure.standard",
              "detection:anomaly",
              "domain:messaging",
              "env:stage",
              "failure_domain:messaging-platform",
              "impact_class:customer_impact",
              "managed_by:terraform",
              "managed_source:platform",
              "monitor_id:stage.standard.messaging.messaging-publish-failure",
              "monitoring_profile:standard",
              "notification_profile:nonprod_standard",
              "owner:cloud-engineering",
              "pages:false",
              "priority:p3",
              "resource_type:service",
              "runbook:messaging-publish-failure",
              "service:messaging-platform",
              "signal:error_rate",
              "slo_id:slo-messaging-delivery",
              "support_model:business-hours",
              "team:cloud-engineering",
              "tier:tier2"
            ],
            "timeout_h": 0,
            "type": "query alert",
            "validate": null,
            "variables": []
          },
          "sensitive_attributes": [],
          "private": "bnVsbA=="
        },
        {
          "index_key": "stage.standard.network.loadbalancer-pool-degraded",
          "schema_version": 0,
          "attributes": {
            "assets": [],
            "draft_status": "published",
            "enable_logs_sample": null,
            "enable_samples": null,
            "escalation_message": "",
            "evaluation_delay": 300,
            "force_delete": null,
            "group_retention_duration": "",
            "groupby_simple_monitor": null,
            "id": "314372445",
            "include_tags": true,
            "locked": false,
            "message": "{{#is_alert}}\n## P3 · Load Balancer Pool Redundancy Degraded\n**WHAT:** Load Balancer Pool Redundancy Degraded: availability signal detected by threshold analysis.\n**WHERE:** {{value}} · env `stage` · region `global`\n**SERVICE:** `network-platform` (network / load_balancer, tier2)\n**BUSINESS IMPACT:** The service still functions but measurably worse; a subset of traffic or users is failing.\n**WHY IT TRIGGERED:** Redundancy ratios are a design contract.\n**OWNER:** infrastructure-engineering · support business-hours · this does not page\n**DO THIS NEXT:** Open the runbook, confirm scope from the group tags, and follow the validation steps. The attached workflow output already contains the standard diagnostics.\n**RUNBOOK:** https://github.com/droderiquesit/enterprise-observability/blob/main/platform/runbooks/loadbalancer-pool-degraded.md\n**AUTOMATED DIAGNOSTICS:** workflow `diag-network` has run; its output is attached to this event.\n**RELATED EVENTS:** correlated on `network-edge.stage.network-platform` — deployments, infrastructure changes and platform events from the last 30 minutes are attached as context.\n**SLO / ERROR BUDGET:** `slo-network-availability` · no error-budget impact (non-production)\n{{/is_alert}}\n{{#is_warning}}\n## Load Balancer Pool Redundancy Degraded — warning\nApproaching the alert condition on {{value}}. Investigate before it becomes P3. Runbook: https://github.com/droderiquesit/enterprise-observability/blob/main/platform/runbooks/loadbalancer-pool-degraded.md\n{{/is_warning}}\n{{#is_no_data}}\n## Load Balancer Pool Redundancy Degraded — NO DATA\nTelemetry stopped arriving for {{value}}. Treat this as a telemetry-health incident: an unmonitored resource is worse than an alerting one. Runbook: https://github.com/droderiquesit/enterprise-observability/blob/main/platform/runbooks/loadbalancer-pool-degraded.md\n{{/is_no_data}}\n{{#is_recovery}}\n## Recovered · Load Balancer Pool Redundancy Degraded\n{{value}} returned to normal. Error-budget impact recorded against `slo-network-availability`. No action required; the correlation group closes when every child recovers.\n{{/is_recovery}}\n{{#is_warning_recovery}}\nWarning cleared for {{value}}.\n{{/is_warning_recovery}}",
            "monitor_threshold_windows": [],
            "monitor_thresholds": [
              {
                "critical": "0.6",
                "critical_recovery": "",
                "ok": "",
                "unknown": "",
                "warning": "0.8",
                "warning_recovery": ""
              }
            ],
            "name": "[P3][stage][network] Load Balancer Pool Redundancy Degraded (standard)",
            "new_group_delay": 300,
            "new_host_delay": 300,
            "no_data_timeframe": 0,
            "notification_preset_name": "",
            "notify_audit": false,
            "notify_by": [
              "load_balancer"
            ],
            "notify_no_data": false,
            "on_missing_data": "",
            "priority": "3",
            "query": "min(last_15m):avg:acme.lb.healthy_members{env:stage,alert_band:standard} by {load_balancer,pool} / avg:acme.lb.total_members{env:stage,alert_band:standard} by {load_balancer,pool} \u003c 0.6",
            "renotify_interval": 120,
            "renotify_occurrences": 3,
            "renotify_statuses": [
              "alert"
            ],
            "require_full_window": false,
            "restricted_roles": null,
            "scheduling_options": [],
            "tags": [
              "alert_band:standard",
              "archetype:loadbalancer-pool-degraded",
              "automation_ref:diag-network",
              "correlation_key:network-edge.stage.network-platform",
              "dedup_key:network-platform.stage.loadbalancer-pool-degraded.standard",
              "detection:threshold",
              "domain:network",
              "env:stage",
              "failure_domain:network-edge",
              "impact_class:degradation",
              "managed_by:terraform",
              "managed_source:platform",
              "monitor_id:stage.standard.network.loadbalancer-pool-degraded",
              "monitoring_profile:standard",
              "notification_profile:nonprod_standard",
              "owner:infrastructure-engineering",
              "pages:false",
              "priority:p3",
              "resource_type:load_balancer",
              "runbook:loadbalancer-pool-degraded",
              "service:network-platform",
              "signal:availability",
              "slo_id:slo-network-availability",
              "support_model:business-hours",
              "team:infrastructure-engineering",
              "tier:tier2"
            ],
            "timeout_h": 0,
            "type": "query alert",
            "validate": null,
            "variables": []
          },
          "sensitive_attributes": [],
          "private": "bnVsbA=="
        },
        {
          "index_key": "stage.standard.platform.platform-service-unavailable",
          "schema_version": 0,
          "attributes": {
            "assets": [],
            "draft_status": "published",
            "enable_logs_sample": null,
            "enable_samples": null,
            "escalation_message": "",
            "evaluation_delay": 300,
            "force_delete": null,
            "group_retention_duration": "",
            "groupby_simple_monitor": null,
            "id": "314372395",
            "include_tags": true,
            "locked": false,
            "message": "{{#is_alert}}\n## P3 · Shared Platform Service Unavailable\n**WHAT:** Shared Platform Service Unavailable: availability signal detected by threshold analysis.\n**WHERE:** {{value}} · env `stage` · region `global`\n**SERVICE:** `platform-services` (platform / service, tier2)\n**BUSINESS IMPACT:** Customers are affected now, or a mission-critical capability is unavailable.\n**WHY IT TRIGGERED:** A shared platform service failing for most callers is an availability boundary that multiplies across every consuming team.\n\n**OWNER:** observability-platform · support business-hours · this does not page\n**DO THIS NEXT:** Open the runbook, confirm scope from the group tags, and follow the validation steps. The attached workflow output already contains the standard diagnostics.\n**RUNBOOK:** https://github.com/droderiquesit/enterprise-observability/blob/main/platform/runbooks/platform-service-unavailable.md\n**AUTOMATED DIAGNOSTICS:** workflow `diag-app-health` has run; its output is attached to this event.\n**RELATED EVENTS:** correlated on `observability-platform.stage.platform-services` — deployments, infrastructure changes and platform events from the last 30 minutes are attached as context.\n**SLO / ERROR BUDGET:** `slo-platform-services` · no error-budget impact (non-production)\n{{/is_alert}}\n{{#is_warning}}\n## Shared Platform Service Unavailable — warning\nApproaching the alert condition on {{value}}. Investigate before it becomes P3. Runbook: https://github.com/droderiquesit/enterprise-observability/blob/main/platform/runbooks/platform-service-unavailable.md\n{{/is_warning}}\n{{#is_no_data}}\n## Shared Platform Service Unavailable — NO DATA\nTelemetry stopped arriving for {{value}}. Treat this as a telemetry-health incident: an unmonitored resource is worse than an alerting one. Runbook: https://github.com/droderiquesit/enterprise-observability/blob/main/platform/runbooks/platform-service-unavailable.md\n{{/is_no_data}}\n{{#is_recovery}}\n## Recovered · Shared Platform Service Unavailable\n{{value}} returned to normal. Error-budget impact recorded against `slo-platform-services`. No action required; the correlation group closes when every child recovers.\n{{/is_recovery}}\n{{#is_warning_recovery}}\nWarning cleared for {{value}}.\n{{/is_warning_recovery}}",
            "monitor_threshold_windows": [],
            "monitor_thresholds": [
              {
                "critical": "0.5",
                "critical_recovery": "",
                "ok": "",
                "unknown": "",
                "warning": "0.2",
                "warning_recovery": ""
              }
            ],
            "name": "[P3][stage][platform] Shared Platform Service Unavailable (standard)",
            "new_group_delay": 300,
            "new_host_delay": 300,
            "no_data_timeframe": 0,
            "notification_preset_name": "",
            "notify_audit": false,
            "notify_by": [],
            "notify_no_data": false,
            "on_missing_data": "",
            "priority": "3",
            "query": "sum(last_10m):sum:trace.http.request.hits{env:stage,alert_band:standard,service_archetype:platform_service,http.status_class:5xx} by {service}.as_count() / sum:trace.http.request.hits{env:stage,alert_band:standard,service_archetype:platform_service} by {service}.as_count() \u003e 0.5",
            "renotify_interval": 120,
            "renotify_occurrences": 3,
            "renotify_statuses": [
              "alert"
            ],
            "require_full_window": false,
            "restricted_roles": null,
            "scheduling_options": [],
            "tags": [
              "alert_band:standard",
              "archetype:platform-service-unavailable",
              "automation_ref:diag-app-health",
              "correlation_key:observability-platform.stage.platform-services",
              "dedup_key:platform-services.stage.platform-service-unavailable.standard",
              "detection:threshold",
              "domain:platform",
              "env:stage",
              "failure_domain:observability-platform",
              "impact_class:customer_impact",
              "managed_by:terraform",
              "managed_source:platform",
              "monitor_id:stage.standard.platform.platform-service-unavailable",
              "monitoring_profile:standard",
              "notification_profile:nonprod_standard",
              "owner:observability-platform",
              "pages:false",
              "priority:p3",
              "resource_type:service",
              "runbook:platform-service-unavailable",
              "service:platform-services",
              "signal:availability",
              "slo_id:slo-platform-services",
              "support_model:business-hours",
              "team:observability-platform",
              "tier:tier2"
            ],
            "timeout_h": 0,
            "type": "query alert",
            "validate": null,
            "variables": []
          },
          "sensitive_attributes": [],
          "private": "bnVsbA=="
        },
        {
          "index_key": "stage.standard.saas.saas-error-anomaly",
          "schema_version": 0,
          "attributes": {
            "assets": [],
            "draft_status": "published",
            "enable_logs_sample": null,
            "enable_samples": null,
            "escalation_message": "",
            "evaluation_delay": 300,
            "force_delete": null,
            "group_retention_duration": "",
            "groupby_simple_monitor": null,
            "id": "314372486",
            "include_tags": true,
            "locked": false,
            "message": "{{#is_alert}}\n## P3 · SaaS Dependency Error Anomaly\n**WHAT:** SaaS Dependency Error Anomaly: error_rate signal detected by anomaly analysis.\n**WHERE:** {{value}} · env `stage` · region `global`\n**SERVICE:** `external-dependencies` (saas / saas_vendor, tier2)\n**BUSINESS IMPACT:** The service still functions but measurably worse; a subset of traffic or users is failing.\n**WHY IT TRIGGERED:** The signal deviated from its own learned baseline by more than the configured number of deviations — not because it crossed a fixed number.\n**OWNER:** sre · support business-hours · this does not page\n**DO THIS NEXT:** Open the runbook, confirm scope from the group tags, and follow the validation steps. The attached workflow output already contains the standard diagnostics.\n**RUNBOOK:** https://github.com/droderiquesit/enterprise-observability/blob/main/platform/runbooks/saas-error-anomaly.md\n**AUTOMATED DIAGNOSTICS:** workflow `diag-dependency` has run; its output is attached to this event.\n**RELATED EVENTS:** correlated on `saas-dependency.stage.external-dependencies` — deployments, infrastructure changes and platform events from the last 30 minutes are attached as context.\n**SLO / ERROR BUDGET:** `slo-external-dependency` · no error-budget impact (non-production)\n{{/is_alert}}\n{{#is_warning}}\n## SaaS Dependency Error Anomaly — warning\nApproaching the alert condition on {{value}}. Investigate before it becomes P3. Runbook: https://github.com/droderiquesit/enterprise-observability/blob/main/platform/runbooks/saas-error-anomaly.md\n{{/is_warning}}\n{{#is_no_data}}\n## SaaS Dependency Error Anomaly — NO DATA\nTelemetry stopped arriving for {{value}}. Treat this as a telemetry-health incident: an unmonitored resource is worse than an alerting one. Runbook: https://github.com/droderiquesit/enterprise-observability/blob/main/platform/runbooks/saas-error-anomaly.md\n{{/is_no_data}}\n{{#is_recovery}}\n## Recovered · SaaS Dependency Error Anomaly\n{{value}} returned to normal. Error-budget impact recorded against `slo-external-dependency`. No action required; the correlation group closes when every child recovers.\n{{/is_recovery}}\n{{#is_warning_recovery}}\nWarning cleared for {{value}}.\n{{/is_warning_recovery}}",
            "monitor_threshold_windows": [],
            "monitor_thresholds": [
              {
                "critical": "1",
                "critical_recovery": "",
                "ok": "",
                "unknown": "",
                "warning": "",
                "warning_recovery": ""
              }
            ],
            "name": "[P3][stage][saas] SaaS Dependency Error Anomaly (standard)",
            "new_group_delay": 300,
            "new_host_delay": 300,
            "no_data_timeframe": 0,
            "notification_preset_name": "",
            "notify_audit": false,
            "notify_by": [],
            "notify_no_data": false,
            "on_missing_data": "",
            "priority": "3",
            "query": "avg(last_30m):anomalies(sum:trace.http.client.request.errors{env:stage,alert_band:standard,peer.dependency_kind:external} by {service,peer.service}.as_rate(), 'agile', 3) \u003e= 1",
            "renotify_interval": 120,
            "renotify_occurrences": 3,
            "renotify_statuses": [
              "alert"
            ],
            "require_full_window": false,
            "restricted_roles": null,
            "scheduling_options": [],
            "tags": [
              "alert_band:standard",
              "archetype:saas-error-anomaly",
              "automation_ref:diag-dependency",
              "correlation_key:saas-dependency.stage.external-dependencies",
              "dedup_key:external-dependencies.stage.saas-error-anomaly.standard",
              "detection:anomaly",
              "domain:saas",
              "env:stage",
              "failure_domain:saas-dependency",
              "impact_class:degradation",
              "managed_by:terraform",
              "managed_source:platform",
              "monitor_id:stage.standard.saas.saas-error-anomaly",
              "monitoring_profile:standard",
              "notification_profile:nonprod_standard",
              "owner:sre",
              "pages:false",
              "priority:p3",
              "resource_type:saas_vendor",
              "runbook:saas-error-anomaly",
              "service:external-dependencies",
              "signal:error_rate",
              "slo_id:slo-external-dependency",
              "support_model:business-hours",
              "team:sre",
              "tier:tier2"
            ],
            "timeout_h": 0,
            "type": "query alert",
            "validate": null,
            "variables": []
          },
          "sensitive_attributes": [],
          "private": "bnVsbA=="
        },
        {
          "index_key": "stage.standard.saas.synthetic-certificate-expiry",
          "schema_version": 0,
          "attributes": {
            "assets": [],
            "draft_status": "published",
            "enable_logs_sample": null,
            "enable_samples": null,
            "escalation_message": "",
            "evaluation_delay": 300,
            "force_delete": null,
            "group_retention_duration": "",
            "groupby_simple_monitor": null,
            "id": "314372446",
            "include_tags": true,
            "locked": false,
            "message": "{{#is_alert}}\n## P3 · Endpoint TLS Certificate Approaching Expiry\n**WHAT:** Endpoint TLS Certificate Approaching Expiry: certificate_expiry signal detected by threshold analysis.\n**WHERE:** {{value}} · env `stage` · region `global`\n**SERVICE:** `external-dependencies` (saas / synthetic_check, tier2)\n**BUSINESS IMPACT:** Nothing is broken yet. A boundary will be crossed if nobody acts within the lead time this monitor provides.\n**WHY IT TRIGGERED:** 21 days matches the PKI renewal lead time.\n**OWNER:** sre · support business-hours · this does not page\n**DO THIS NEXT:** Open the runbook, confirm scope from the group tags, and follow the validation steps. The attached workflow output already contains the standard diagnostics.\n**RUNBOOK:** https://github.com/droderiquesit/enterprise-observability/blob/main/platform/runbooks/synthetic-certificate-expiry.md\n**AUTOMATED DIAGNOSTICS:** workflow `auto-cert-renewal-ticket` has run; its output is attached to this event.\n**RELATED EVENTS:** correlated on `external-endpoint.stage.external-dependencies` — deployments, infrastructure changes and platform events from the last 30 minutes are attached as context.\n**SLO / ERROR BUDGET:** `slo-external-dependency` · no error-budget impact (non-production)\n{{/is_alert}}\n{{#is_warning}}\n## Endpoint TLS Certificate Approaching Expiry — warning\nApproaching the alert condition on {{value}}. Investigate before it becomes P3. Runbook: https://github.com/droderiquesit/enterprise-observability/blob/main/platform/runbooks/synthetic-certificate-expiry.md\n{{/is_warning}}\n{{#is_no_data}}\n## Endpoint TLS Certificate Approaching Expiry — NO DATA\nTelemetry stopped arriving for {{value}}. Treat this as a telemetry-health incident: an unmonitored resource is worse than an alerting one. Runbook: https://github.com/droderiquesit/enterprise-observability/blob/main/platform/runbooks/synthetic-certificate-expiry.md\n{{/is_no_data}}\n{{#is_recovery}}\n## Recovered · Endpoint TLS Certificate Approaching Expiry\n{{value}} returned to normal. Error-budget impact recorded against `slo-external-dependency`. No action required; the correlation group closes when every child recovers.\n{{/is_recovery}}\n{{#is_warning_recovery}}\nWarning cleared for {{value}}.\n{{/is_warning_recovery}}",
            "monitor_threshold_windows": [],
            "monitor_thresholds": [
              {
                "critical": "21",
                "critical_recovery": "",
                "ok": "",
                "unknown": "",
                "warning": "45",
                "warning_recovery": ""
              }
            ],
            "name": "[P3][stage][saas] Endpoint TLS Certificate Approaching Expiry (standard)",
            "new_group_delay": 300,
            "new_host_delay": 300,
            "no_data_timeframe": 0,
            "notification_preset_name": "",
            "notify_audit": false,
            "notify_by": [],
            "notify_no_data": false,
            "on_missing_data": "",
            "priority": "3",
            "query": "min(last_6h):min:synthetics.ssl.days_left{env:stage,alert_band:standard} by {check_id} \u003c 21",
            "renotify_interval": 120,
            "renotify_occurrences": 3,
            "renotify_statuses": [
              "alert"
            ],
            "require_full_window": false,
            "restricted_roles": null,
            "scheduling_options": [],
            "tags": [
              "alert_band:standard",
              "archetype:synthetic-certificate-expiry",
              "automation_ref:auto-cert-renewal-ticket",
              "compliance_scope:sox",
              "correlation_key:external-endpoint.stage.external-dependencies",
              "dedup_key:external-dependencies.stage.synthetic-certificate-expiry.standard",
              "detection:threshold",
              "domain:saas",
              "env:stage",
              "failure_domain:external-endpoint",
              "impact_class:risk",
              "managed_by:terraform",
              "managed_source:platform",
              "monitor_id:stage.standard.saas.synthetic-certificate-expiry",
              "monitoring_profile:standard",
              "notification_profile:nonprod_standard",
              "owner:sre",
              "pages:false",
              "priority:p3",
              "resource_type:synthetic_check",
              "runbook:synthetic-certificate-expiry",
              "service:external-dependencies",
              "signal:certificate_expiry",
              "slo_id:slo-external-dependency",
              "support_model:business-hours",
              "team:sre",
              "tier:tier2"
            ],
            "timeout_h": 0,
            "type": "query alert",
            "validate": null,
            "variables": []
          },
          "sensitive_attributes": [],
          "private": "bnVsbA=="
        },
        {
          "index_key": "stage.standard.saas.synthetic-endpoint-down",
          "schema_version": 0,
          "attributes": {
            "assets": [],
            "draft_status": "published",
            "enable_logs_sample": null,
            "enable_samples": null,
            "escalation_message": "",
            "evaluation_delay": 300,
            "force_delete": null,
            "group_retention_duration": "",
            "groupby_simple_monitor": null,
            "id": "314372428",
            "include_tags": true,
            "locked": false,
            "message": "{{#is_alert}}\n## P3 · External Endpoint Unavailable\n**WHAT:** External Endpoint Unavailable: availability signal detected by threshold analysis.\n**WHERE:** {{value}} · env `stage` · region `global`\n**SERVICE:** `external-dependencies` (saas / synthetic_check, tier2)\n**BUSINESS IMPACT:** Customers are affected now, or a mission-critical capability is unavailable.\n**WHY IT TRIGGERED:** Three failures across locations distinguishes a real outage from one unhappy probe location.\n\n**OWNER:** sre · support business-hours · this does not page\n**DO THIS NEXT:** Open the runbook, confirm scope from the group tags, and follow the validation steps. The attached workflow output already contains the standard diagnostics.\n**RUNBOOK:** https://github.com/droderiquesit/enterprise-observability/blob/main/platform/runbooks/synthetic-endpoint-down.md\n**AUTOMATED DIAGNOSTICS:** workflow `diag-external-endpoint` has run; its output is attached to this event.\n**RELATED EVENTS:** correlated on `external-endpoint.stage.external-dependencies` — deployments, infrastructure changes and platform events from the last 30 minutes are attached as context.\n**SLO / ERROR BUDGET:** `slo-external-dependency` · no error-budget impact (non-production)\n{{/is_alert}}\n{{#is_warning}}\n## External Endpoint Unavailable — warning\nApproaching the alert condition on {{value}}. Investigate before it becomes P3. Runbook: https://github.com/droderiquesit/enterprise-observability/blob/main/platform/runbooks/synthetic-endpoint-down.md\n{{/is_warning}}\n{{#is_no_data}}\n## External Endpoint Unavailable — NO DATA\nTelemetry stopped arriving for {{value}}. Treat this as a telemetry-health incident: an unmonitored resource is worse than an alerting one. Runbook: https://github.com/droderiquesit/enterprise-observability/blob/main/platform/runbooks/synthetic-endpoint-down.md\n{{/is_no_data}}\n{{#is_recovery}}\n## Recovered · External Endpoint Unavailable\n{{value}} returned to normal. Error-budget impact recorded against `slo-external-dependency`. No action required; the correlation group closes when every child recovers.\n{{/is_recovery}}\n{{#is_warning_recovery}}\nWarning cleared for {{value}}.\n{{/is_warning_recovery}}",
            "monitor_threshold_windows": [],
            "monitor_thresholds": [
              {
                "critical": "3",
                "critical_recovery": "",
                "ok": "",
                "unknown": "",
                "warning": "1",
                "warning_recovery": ""
              }
            ],
            "name": "[P3][stage][saas] External Endpoint Unavailable (standard)",
            "new_group_delay": 300,
            "new_host_delay": 300,
            "no_data_timeframe": 0,
            "notification_preset_name": "",
            "notify_audit": false,
            "notify_by": [
              "check_id"
            ],
            "notify_no_data": false,
            "on_missing_data": "",
            "priority": "3",
            "query": "sum(last_15m):sum:synthetics.test_runs{env:stage,alert_band:standard,status:failed} by {check_id,location}.as_count() \u003e= 3",
            "renotify_interval": 120,
            "renotify_occurrences": 3,
            "renotify_statuses": [
              "alert"
            ],
            "require_full_window": false,
            "restricted_roles": null,
            "scheduling_options": [],
            "tags": [
              "alert_band:standard",
              "archetype:synthetic-endpoint-down",
              "automation_ref:diag-external-endpoint",
              "correlation_key:external-endpoint.stage.external-dependencies",
              "dedup_key:external-dependencies.stage.synthetic-endpoint-down.standard",
              "detection:threshold",
              "domain:saas",
              "env:stage",
              "failure_domain:external-endpoint",
              "impact_class:customer_impact",
              "managed_by:terraform",
              "managed_source:platform",
              "monitor_id:stage.standard.saas.synthetic-endpoint-down",
              "monitoring_profile:standard",
              "notification_profile:nonprod_standard",
              "owner:sre",
              "pages:false",
              "priority:p3",
              "resource_type:synthetic_check",
              "runbook:synthetic-endpoint-down",
              "service:external-dependencies",
              "signal:availability",
              "slo_id:slo-external-dependency",
              "support_model:business-hours",
              "team:sre",
              "tier:tier2"
            ],
            "timeout_h": 0,
            "type": "query alert",
            "validate": null,
            "variables": []
          },
          "sensitive_attributes": [],
          "private": "bnVsbA=="
        },
        {
          "index_key": "stage.standard.security.certificate-expiry",
          "schema_version": 0,
          "attributes": {
            "assets": [],
            "draft_status": "published",
            "enable_logs_sample": null,
            "enable_samples": null,
            "escalation_message": "",
            "evaluation_delay": 300,
            "force_delete": null,
            "group_retention_duration": "",
            "groupby_simple_monitor": null,
            "id": "314372513",
            "include_tags": true,
            "locked": false,
            "message": "{{#is_alert}}\n## P3 · Certificate Approaching Expiry\n**WHAT:** Certificate Approaching Expiry: certificate_expiry signal detected by threshold analysis.\n**WHERE:** {{value}} · env `stage` · region `global`\n**SERVICE:** `security-telemetry` (security / certificate, tier2)\n**BUSINESS IMPACT:** Nothing is broken yet. A boundary will be crossed if nobody acts within the lead time this monitor provides.\n**WHY IT TRIGGERED:** 21 days is the renewal lead time the PKI process requires (CSR, approval, deployment window). The number encodes the process, not the metric.\n\n**OWNER:** security · support business-hours · this does not page\n**DO THIS NEXT:** Open the runbook, confirm scope from the group tags, and follow the validation steps. The attached workflow output already contains the standard diagnostics.\n**RUNBOOK:** https://github.com/droderiquesit/enterprise-observability/blob/main/platform/runbooks/certificate-expiry.md\n**AUTOMATED DIAGNOSTICS:** workflow `auto-cert-renewal-ticket` has run; its output is attached to this event.\n**RELATED EVENTS:** correlated on `security-controls.stage.security-telemetry` — deployments, infrastructure changes and platform events from the last 30 minutes are attached as context.\n**SLO / ERROR BUDGET:** `slo-security-telemetry` · no error-budget impact (non-production)\n{{/is_alert}}\n{{#is_warning}}\n## Certificate Approaching Expiry — warning\nApproaching the alert condition on {{value}}. Investigate before it becomes P3. Runbook: https://github.com/droderiquesit/enterprise-observability/blob/main/platform/runbooks/certificate-expiry.md\n{{/is_warning}}\n{{#is_no_data}}\n## Certificate Approaching Expiry — NO DATA\nTelemetry stopped arriving for {{value}}. Treat this as a telemetry-health incident: an unmonitored resource is worse than an alerting one. Runbook: https://github.com/droderiquesit/enterprise-observability/blob/main/platform/runbooks/certificate-expiry.md\n{{/is_no_data}}\n{{#is_recovery}}\n## Recovered · Certificate Approaching Expiry\n{{value}} returned to normal. Error-budget impact recorded against `slo-security-telemetry`. No action required; the correlation group closes when every child recovers.\n{{/is_recovery}}\n{{#is_warning_recovery}}\nWarning cleared for {{value}}.\n{{/is_warning_recovery}}",
            "monitor_threshold_windows": [],
            "monitor_thresholds": [
              {
                "critical": "21",
                "critical_recovery": "",
                "ok": "",
                "unknown": "",
                "warning": "45",
                "warning_recovery": ""
              }
            ],
            "name": "[P3][stage][security] Certificate Approaching Expiry (standard)",
            "new_group_delay": 300,
            "new_host_delay": 300,
            "no_data_timeframe": 0,
            "notification_preset_name": "",
            "notify_audit": false,
            "notify_by": [],
            "notify_no_data": false,
            "on_missing_data": "",
            "priority": "3",
            "query": "min(last_6h):min:acme.pki.days_until_expiry{env:stage,alert_band:standard} by {certificate_cn,issuer} \u003c 21",
            "renotify_interval": 120,
            "renotify_occurrences": 3,
            "renotify_statuses": [
              "alert"
            ],
            "require_full_window": false,
            "restricted_roles": null,
            "scheduling_options": [],
            "tags": [
              "alert_band:standard",
              "archetype:certificate-expiry",
              "automation_ref:auto-cert-renewal-ticket",
              "compliance_scope:sox",
              "correlation_key:security-controls.stage.security-telemetry",
              "dedup_key:security-telemetry.stage.certificate-expiry.standard",
              "detection:threshold",
              "domain:security",
              "env:stage",
              "failure_domain:security-controls",
              "impact_class:risk",
              "managed_by:terraform",
              "managed_source:platform",
              "monitor_id:stage.standard.security.certificate-expiry",
              "monitoring_profile:standard",
              "notification_profile:security_operational",
              "owner:security",
              "pages:false",
              "priority:p3",
              "resource_type:certificate",
              "runbook:certificate-expiry",
              "service:security-telemetry",
              "signal:certificate_expiry",
              "slo_id:slo-security-telemetry",
              "support_model:business-hours",
              "team:security",
              "tier:tier2"
            ],
            "timeout_h": 0,
            "type": "query alert",
            "validate": null,
            "variables": []
          },
          "sensitive_attributes": [],
          "private": "bnVsbA=="
        },
        {
          "index_key": "stage.standard.security.security-log-source-missing",
          "schema_version": 0,
          "attributes": {
            "assets": [],
            "draft_status": "published",
            "enable_logs_sample": null,
            "enable_samples": null,
            "escalation_message": "",
            "evaluation_delay": 300,
            "force_delete": null,
            "group_retention_duration": "",
            "groupby_simple_monitor": null,
            "id": "314372396",
            "include_tags": true,
            "locked": false,
            "message": "{{#is_alert}}\n## P3 · Security Log Source Stopped Delivering\n**WHAT:** Security Log Source Stopped Delivering: telemetry_health signal detected by threshold analysis.\n**WHERE:** {{value}} · env `stage` · region `global`\n**SERVICE:** `security-telemetry` (security / log_source, tier2)\n**BUSINESS IMPACT:** The service still functions but measurably worse; a subset of traffic or users is failing.\n**WHY IT TRIGGERED:** Absence of log delivery is binary. A silent security log source is a compliance failure and a blind spot: the control has effectively been removed even though no customer sees it.\n\n**OWNER:** security · support business-hours · this does not page\n**DO THIS NEXT:** Open the runbook, confirm scope from the group tags, and follow the validation steps. The attached workflow output already contains the standard diagnostics.\n**RUNBOOK:** https://github.com/droderiquesit/enterprise-observability/blob/main/platform/runbooks/security-log-source-missing.md\n**AUTOMATED DIAGNOSTICS:** workflow `diag-security-control` has run; its output is attached to this event.\n**RELATED EVENTS:** correlated on `security-telemetry.stage.security-telemetry` — deployments, infrastructure changes and platform events from the last 30 minutes are attached as context.\n**SLO / ERROR BUDGET:** `slo-security-telemetry` · no error-budget impact (non-production)\n{{/is_alert}}\n{{#is_warning}}\n## Security Log Source Stopped Delivering — warning\nApproaching the alert condition on {{value}}. Investigate before it becomes P3. Runbook: https://github.com/droderiquesit/enterprise-observability/blob/main/platform/runbooks/security-log-source-missing.md\n{{/is_warning}}\n{{#is_no_data}}\n## Security Log Source Stopped Delivering — NO DATA\nTelemetry stopped arriving for {{value}}. Treat this as a telemetry-health incident: an unmonitored resource is worse than an alerting one. Runbook: https://github.com/droderiquesit/enterprise-observability/blob/main/platform/runbooks/security-log-source-missing.md\n{{/is_no_data}}\n{{#is_recovery}}\n## Recovered · Security Log Source Stopped Delivering\n{{value}} returned to normal. Error-budget impact recorded against `slo-security-telemetry`. No action required; the correlation group closes when every child recovers.\n{{/is_recovery}}\n{{#is_warning_recovery}}\nWarning cleared for {{value}}.\n{{/is_warning_recovery}}",
            "monitor_threshold_windows": [],
            "monitor_thresholds": [
              {
                "critical": "1",
                "critical_recovery": "",
                "ok": "",
                "unknown": "",
                "warning": "",
                "warning_recovery": ""
              }
            ],
            "name": "[P3][stage][security] Security Log Source Stopped Delivering (standard)",
            "new_group_delay": 300,
            "new_host_delay": 300,
            "no_data_timeframe": 90,
            "notification_preset_name": "",
            "notify_audit": false,
            "notify_by": [],
            "notify_no_data": true,
            "on_missing_data": "",
            "priority": "3",
            "query": "sum(last_2h):sum:datadog.estimated_usage.logs.ingested_events{env:stage,alert_band:standard,security_relevant:true} by {log_source}.as_count() \u003c 1",
            "renotify_interval": 120,
            "renotify_occurrences": 3,
            "renotify_statuses": [
              "alert"
            ],
            "require_full_window": false,
            "restricted_roles": null,
            "scheduling_options": [],
            "tags": [
              "alert_band:standard",
              "archetype:security-log-source-missing",
              "automation_ref:diag-security-control",
              "compliance_scope:sox",
              "correlation_key:security-telemetry.stage.security-telemetry",
              "dedup_key:security-telemetry.stage.security-log-source-missing.standard",
              "detection:threshold",
              "domain:security",
              "env:stage",
              "failure_domain:security-telemetry",
              "impact_class:degradation",
              "managed_by:terraform",
              "managed_source:platform",
              "monitor_id:stage.standard.security.security-log-source-missing",
              "monitoring_profile:standard",
              "notification_profile:security_operational",
              "owner:security",
              "pages:false",
              "priority:p3",
              "resource_type:log_source",
              "runbook:security-log-source-missing",
              "service:security-telemetry",
              "signal:telemetry_health",
              "slo_id:slo-security-telemetry",
              "support_model:business-hours",
              "team:security",
              "tier:tier2"
            ],
            "timeout_h": 0,
            "type": "query alert",
            "validate": null,
            "variables": []
          },
          "sensitive_attributes": [],
          "private": "bnVsbA=="
        },
        {
          "index_key": "stage.standard.vmware.vmware-host-disconnected",
          "schema_version": 0,
          "attributes": {
            "assets": [],
            "draft_status": "published",
            "enable_logs_sample": null,
            "enable_samples": null,
            "escalation_message": "",
            "evaluation_delay": 300,
            "force_delete": null,
            "group_retention_duration": "",
            "groupby_simple_monitor": null,
            "id": "314372507",
            "include_tags": true,
            "locked": false,
            "message": "{{#is_alert}}\n## P3 · ESXi Host Disconnected From vCenter\n**WHAT:** ESXi Host Disconnected From vCenter: availability signal detected by threshold analysis.\n**WHERE:** {{value}} · env `stage` · region `global`\n**SERVICE:** `virtualization-platform` (vmware / esxi_host, tier2)\n**BUSINESS IMPACT:** Customers are affected now, or a mission-critical capability is unavailable.\n**WHY IT TRIGGERED:** Connection state is discrete.\n**OWNER:** infrastructure-engineering · support business-hours · this does not page\n**DO THIS NEXT:** Open the runbook, confirm scope from the group tags, and follow the validation steps. The attached workflow output already contains the standard diagnostics.\n**RUNBOOK:** https://github.com/droderiquesit/enterprise-observability/blob/main/platform/runbooks/vmware-host-disconnected.md\n**AUTOMATED DIAGNOSTICS:** workflow `diag-vmware` has run; its output is attached to this event.\n**RELATED EVENTS:** correlated on `virtualization.stage.virtualization-platform` — deployments, infrastructure changes and platform events from the last 30 minutes are attached as context.\n**SLO / ERROR BUDGET:** `slo-vmware-cluster-availability` · no error-budget impact (non-production)\n{{/is_alert}}\n{{#is_warning}}\n## ESXi Host Disconnected From vCenter — warning\nApproaching the alert condition on {{value}}. Investigate before it becomes P3. Runbook: https://github.com/droderiquesit/enterprise-observability/blob/main/platform/runbooks/vmware-host-disconnected.md\n{{/is_warning}}\n{{#is_no_data}}\n## ESXi Host Disconnected From vCenter — NO DATA\nTelemetry stopped arriving for {{value}}. Treat this as a telemetry-health incident: an unmonitored resource is worse than an alerting one. Runbook: https://github.com/droderiquesit/enterprise-observability/blob/main/platform/runbooks/vmware-host-disconnected.md\n{{/is_no_data}}\n{{#is_recovery}}\n## Recovered · ESXi Host Disconnected From vCenter\n{{value}} returned to normal. Error-budget impact recorded against `slo-vmware-cluster-availability`. No action required; the correlation group closes when every child recovers.\n{{/is_recovery}}\n{{#is_warning_recovery}}\nWarning cleared for {{value}}.\n{{/is_warning_recovery}}",
            "monitor_threshold_windows": [],
            "monitor_thresholds": [
              {
                "critical": "1",
                "critical_recovery": "",
                "ok": "",
                "unknown": "",
                "warning": "",
                "warning_recovery": ""
              }
            ],
            "name": "[P3][stage][vmware] ESXi Host Disconnected From vCenter (standard)",
            "new_group_delay": 300,
            "new_host_delay": 300,
            "no_data_timeframe": 0,
            "notification_preset_name": "",
            "notify_audit": false,
            "notify_by": [
              "vsphere_cluster"
            ],
            "notify_no_data": false,
            "on_missing_data": "",
            "priority": "3",
            "query": "max(last_15m):sum:vsphere.host.status{env:stage,alert_band:standard,status:disconnected} by {vsphere_cluster,vsphere_host} \u003e= 1",
            "renotify_interval": 120,
            "renotify_occurrences": 3,
            "renotify_statuses": [
              "alert"
            ],
            "require_full_window": false,
            "restricted_roles": null,
            "scheduling_options": [],
            "tags": [
              "alert_band:standard",
              "archetype:vmware-host-disconnected",
              "automation_ref:diag-vmware",
              "correlation_key:virtualization.stage.virtualization-platform",
              "dedup_key:virtualization-platform.stage.vmware-host-disconnected.standard",
              "detection:threshold",
              "domain:vmware",
              "env:stage",
              "failure_domain:virtualization",
              "impact_class:customer_impact",
              "managed_by:terraform",
              "managed_source:platform",
              "monitor_id:stage.standard.vmware.vmware-host-disconnected",
              "monitoring_profile:standard",
              "notification_profile:nonprod_standard",
              "owner:infrastructure-engineering",
              "pages:false",
              "priority:p3",
              "resource_type:esxi_host",
              "runbook:vmware-host-disconnected",
              "service:virtualization-platform",
              "signal:availability",
              "slo_id:slo-vmware-cluster-availability",
              "support_model:business-hours",
              "team:infrastructure-engineering",
              "tier:tier2"
            ],
            "timeout_h": 0,
            "type": "query alert",
            "validate": null,
            "variables": []
          },
          "sensitive_attributes": [],
          "private": "bnVsbA=="
        }
      ]
    }
  ],
  "check_results": [
    {
      "object_kind": "var",
      "config_addr": "module.composites.var.composites",
      "status": "pass",
      "objects": [
        {
          "object_addr": "module.composites.var.composites",
          "status": "pass"
        }
      ]
    },
    {
      "object_kind": "resource",
      "config_addr": "module.composites.datadog_monitor.this",
      "status": "pass",
      "objects": [
        {
          "object_addr": "module.composites.datadog_monitor.this[\"composite.stage.critical.deploy-induced-degradation\"]",
          "status": "pass"
        }
      ]
    },
    {
      "object_kind": "var",
      "config_addr": "module.slos.var.slos",
      "status": "pass",
      "objects": [
        {
          "object_addr": "module.slos.var.slos",
          "status": "pass"
        }
      ]
    },
    {
      "object_kind": "var",
      "config_addr": "module.coverage_monitors.var.instances",
      "status": "pass",
      "objects": [
        {
          "object_addr": "module.coverage_monitors.var.instances",
          "status": "pass"
        }
      ]
    },
    {
      "object_kind": "resource",
      "config_addr": "module.coverage_monitors.datadog_monitor.this",
      "status": "pass",
      "objects": [
        {
          "object_addr": "module.coverage_monitors.datadog_monitor.this[\"stage.standard.database.db-replication-lag\"]",
          "status": "pass"
        },
        {
          "object_addr": "module.coverage_monitors.datadog_monitor.this[\"stage.standard.infrastructure.host-disk-exhaustion-forecast\"]",
          "status": "pass"
        },
        {
          "object_addr": "module.coverage_monitors.datadog_monitor.this[\"stage.critical.saas.saas-error-anomaly\"]",
          "status": "pass"
        },
        {
          "object_addr": "module.coverage_monitors.datadog_monitor.this[\"stage.standard.cloud.azure-appgateway-backend-unhealthy\"]",
          "status": "pass"
        },
        {
          "object_addr": "module.coverage_monitors.datadog_monitor.this[\"stage.critical.application.web-page-load-degradation\"]",
          "status": "pass"
        },
        {
          "object_addr": "module.coverage_monitors.datadog_monitor.this[\"stage.standard.kubernetes.k8s-pod-crashloop\"]",
          "status": "pass"
        },
        {
          "object_addr": "module.coverage_monitors.datadog_monitor.this[\"stage.critical.api.api-gateway-backend-unhealthy\"]",
          "status": "pass"
        },
        {
          "object_addr": "module.coverage_monitors.datadog_monitor.this[\"stage.critical.saas.synthetic-certificate-expiry\"]",
          "status": "pass"
        },
        {
          "object_addr": "module.coverage_monitors.datadog_monitor.this[\"stage.standard.application.dependency-error-anomaly\"]",
          "status": "pass"
        },
        {
          "object_addr": "module.coverage_monitors.datadog_monitor.this[\"stage.critical.application.web-origin-5xx-anomaly\"]",
          "status": "pass"
        },
        {
          "object_addr": "module.coverage_monitors.datadog_monitor.this[\"stage.standard.vmware.vmware-host-disconnected\"]",
          "status": "pass"
        },
        {
          "object_addr": "module.coverage_monitors.datadog_monitor.this[\"stage.standard.kubernetes.k8s-deployment-unavailable\"]",
          "status": "pass"
        },
        {
          "object_addr": "module.coverage_monitors.datadog_monitor.this[\"stage.standard.application.web-page-load-degradation\"]",
          "status": "pass"
        },
        {
          "object_addr": "module.coverage_monitors.datadog_monitor.this[\"stage.standard.application.web-synthetic-availability\"]",
          "status": "pass"
        },
        {
          "object_addr": "module.coverage_monitors.datadog_monitor.this[\"stage.standard.kubernetes.k8s-pods-pending\"]",
          "status": "pass"
        },
        {
          "object_addr": "module.coverage_monitors.datadog_monitor.this[\"stage.critical.kubernetes.k8s-node-not-ready\"]",
          "status": "pass"
        },
        {
          "object_addr": "module.coverage_monitors.datadog_monitor.this[\"stage.standard.kubernetes.k8s-node-not-ready\"]",
          "status": "pass"
        },
        {
          "object_addr": "module.coverage_monitors.datadog_monitor.this[\"stage.critical.database.db-telemetry-loss\"]",
          "status": "pass"
        },
        {
          "object_addr": "module.coverage_monitors.datadog_monitor.this[\"stage.critical.application.worker-error-anomaly\"]",
          "status": "pass"
        },
        {
          "object_addr": "module.coverage_monitors.datadog_monitor.this[\"stage.standard.cloud.azure-appservice-http5xx-anomaly\"]",
          "status": "pass"
        },
        {
          "object_addr": "module.coverage_monitors.datadog_monitor.this[\"stage.standard.saas.synthetic-certificate-expiry\"]",
          "status": "pass"
        },
        {
          "object_addr": "module.coverage_monitors.datadog_monitor.this[\"stage.standard.kubernetes.k8s-cronjob-failure\"]",
          "status": "pass"
        },
        {
          "object_addr": "module.coverage_monitors.datadog_monitor.this[\"stage.critical.application.deployment-regression\"]",
          "status": "pass"
        },
        {
          "object_addr": "module.coverage_monitors.datadog_monitor.this[\"stage.critical.integration.batch-job-failure\"]",
          "status": "pass"
        },
        {
          "object_addr": "module.coverage_monitors.datadog_monitor.this[\"stage.standard.application.worker-error-anomaly\"]",
          "status": "pass"
        },
        {
          "object_addr": "module.coverage_monitors.datadog_monitor.this[\"stage.standard.database.db-availability\"]",
          "status": "pass"
        },
        {
          "object_addr": "module.coverage_monitors.datadog_monitor.this[\"stage.standard.infrastructure.host-unavailable\"]",
          "status": "pass"
        },
        {
          "object_addr": "module.coverage_monitors.datadog_monitor.this[\"stage.standard.data.pipeline-output-stale\"]",
          "status": "pass"
        },
        {
          "object_addr": "module.coverage_monitors.datadog_monitor.this[\"stage.critical.security.certificate-expiry\"]",
          "status": "pass"
        },
        {
          "object_addr": "module.coverage_monitors.datadog_monitor.this[\"stage.critical.application.dependency-error-anomaly\"]",
          "status": "pass"
        },
        {
          "object_addr": "module.coverage_monitors.datadog_monitor.this[\"stage.standard.infrastructure.host-agent-unhealthy\"]",
          "status": "pass"
        },
        {
          "object_addr": "module.coverage_monitors.datadog_monitor.this[\"stage.standard.application.web-origin-5xx-anomaly\"]",
          "status": "pass"
        },
        {
          "object_addr": "module.coverage_monitors.datadog_monitor.this[\"stage.standard.application.deployment-regression\"]",
          "status": "pass"
        },
        {
          "object_addr": "module.coverage_monitors.datadog_monitor.this[\"stage.critical.application.worker-processing-latency\"]",
          "status": "pass"
        },
        {
          "object_addr": "module.coverage_monitors.datadog_monitor.this[\"stage.standard.database.db-telemetry-loss\"]",
          "status": "pass"
        },
        {
          "object_addr": "module.coverage_monitors.datadog_monitor.this[\"stage.standard.saas.saas-error-anomaly\"]",
          "status": "pass"
        },
        {
          "object_addr": "module.coverage_monitors.datadog_monitor.this[\"stage.critical.infrastructure.host-disk-exhaustion-forecast\"]",
          "status": "pass"
        },
        {
          "object_addr": "module.coverage_monitors.datadog_monitor.this[\"stage.standard.cloud.azure-function-failure-anomaly\"]",
          "status": "pass"
        },
        {
          "object_addr": "module.coverage_monitors.datadog_monitor.this[\"stage.critical.database.cosmos-ru-throttling\"]",
          "status": "pass"
        },
        {
          "object_addr": "module.coverage_monitors.datadog_monitor.this[\"stage.critical.kubernetes.k8s-deployment-unavailable\"]",
          "status": "pass"
        },
        {
          "object_addr": "module.coverage_monitors.datadog_monitor.this[\"stage.critical.database.db-query-latency-anomaly\"]",
          "status": "pass"
        },
        {
          "object_addr": "module.coverage_monitors.datadog_monitor.this[\"stage.critical.data.data-telemetry-loss\"]",
          "status": "pass"
        },
        {
          "object_addr": "module.coverage_monitors.datadog_monitor.this[\"stage.standard.application.worker-throughput-anomaly\"]",
          "status": "pass"
        },
        {
          "object_addr": "module.coverage_monitors.datadog_monitor.this[\"stage.standard.data.data-schema-drift\"]",
          "status": "pass"
        },
        {
          "object_addr": "module.coverage_monitors.datadog_monitor.this[\"stage.critical.api.api-availability\"]",
          "status": "pass"
        },
        {
          "object_addr": "module.coverage_monitors.datadog_monitor.this[\"stage.standard.database.db-query-latency-anomaly\"]",
          "status": "pass"
        },
        {
          "object_addr": "module.coverage_monitors.datadog_monitor.this[\"stage.standard.api.api-availability\"]",
          "status": "pass"
        },
        {
          "object_addr": "module.coverage_monitors.datadog_monitor.this[\"stage.standard.application.worker-stalled\"]",
          "status": "pass"
        },
        {
          "object_addr": "module.coverage_monitors.datadog_monitor.this[\"stage.critical.cloud.azure-loadbalancer-probe-failure\"]",
          "status": "pass"
        },
        {
          "object_addr": "module.coverage_monitors.datadog_monitor.this[\"stage.critical.kubernetes.k8s-pod-crashloop\"]",
          "status": "pass"
        },
        {
          "object_addr": "module.coverage_monitors.datadog_monitor.this[\"stage.critical.integration.integration-flow-failure\"]",
          "status": "pass"
        },
        {
          "object_addr": "module.coverage_monitors.datadog_monitor.this[\"custom.stage.checkout-payment-latency\"]",
          "status": "pass"
        },
        {
          "object_addr": "module.coverage_monitors.datadog_monitor.this[\"stage.critical.cloud.azure-appgateway-backend-unhealthy\"]",
          "status": "pass"
        },
        {
          "object_addr": "module.coverage_monitors.datadog_monitor.this[\"stage.standard.data.data-quality-check-failure\"]",
          "status": "pass"
        },
        {
          "object_addr": "module.coverage_monitors.datadog_monitor.this[\"stage.critical.application.worker-stalled\"]",
          "status": "pass"
        },
        {
          "object_addr": "module.coverage_monitors.datadog_monitor.this[\"stage.critical.messaging.consumer-dlq-growth\"]",
          "status": "pass"
        },
        {
          "object_addr": "module.coverage_monitors.datadog_monitor.this[\"stage.standard.integration.schedule-missed-run\"]",
          "status": "pass"
        },
        {
          "object_addr": "module.coverage_monitors.datadog_monitor.this[\"stage.standard.cloud.azure-vm-unavailable\"]",
          "status": "pass"
        },
        {
          "object_addr": "module.coverage_monitors.datadog_monitor.this[\"stage.standard.security.security-log-source-missing\"]",
          "status": "pass"
        },
        {
          "object_addr": "module.coverage_monitors.datadog_monitor.this[\"stage.standard.cloud.azure-appservice-unavailable\"]",
          "status": "pass"
        },
        {
          "object_addr": "module.coverage_monitors.datadog_monitor.this[\"stage.critical.security.security-log-source-missing\"]",
          "status": "pass"
        },
        {
          "object_addr": "module.coverage_monitors.datadog_monitor.this[\"stage.critical.platform.platform-service-unavailable\"]",
          "status": "pass"
        },
        {
          "object_addr": "module.coverage_monitors.datadog_monitor.this[\"stage.critical.data.pipeline-output-stale\"]",
          "status": "pass"
        },
        {
          "object_addr": "module.coverage_monitors.datadog_monitor.this[\"stage.critical.infrastructure.host-unavailable\"]",
          "status": "pass"
        },
        {
          "object_addr": "module.coverage_monitors.datadog_monitor.this[\"stage.critical.infrastructure.host-process-down\"]",
          "status": "pass"
        },
        {
          "object_addr": "module.coverage_monitors.datadog_monitor.this[\"stage.critical.integration.schedule-job-failure\"]",
          "status": "pass"
        },
        {
          "object_addr": "module.coverage_monitors.datadog_monitor.this[\"stage.critical.cloud.azure-storage-availability\"]",
          "status": "pass"
        },
        {
          "object_addr": "module.coverage_monitors.datadog_monitor.this[\"stage.critical.network.loadbalancer-pool-degraded\"]",
          "status": "pass"
        },
        {
          "object_addr": "module.coverage_monitors.datadog_monitor.this[\"stage.critical.application.app-telemetry-loss\"]",
          "status": "pass"
        },
        {
          "object_addr": "module.coverage_monitors.datadog_monitor.this[\"stage.critical.messaging.consumer-absent\"]",
          "status": "pass"
        },
        {
          "object_addr": "module.coverage_monitors.datadog_monitor.this[\"stage.standard.integration.batch-job-failure\"]",
          "status": "pass"
        },
        {
          "object_addr": "module.coverage_monitors.datadog_monitor.this[\"stage.critical.cloud.azure-appservice-http5xx-anomaly\"]",
          "status": "pass"
        },
        {
          "object_addr": "module.coverage_monitors.datadog_monitor.this[\"stage.standard.database.cosmos-ru-throttling\"]",
          "status": "pass"
        },
        {
          "object_addr": "module.coverage_monitors.datadog_monitor.this[\"stage.critical.database.db-replication-lag\"]",
          "status": "pass"
        },
        {
          "object_addr": "module.coverage_monitors.datadog_monitor.this[\"stage.standard.data.pipeline-job-failure\"]",
          "status": "pass"
        },
        {
          "object_addr": "module.coverage_monitors.datadog_monitor.this[\"stage.critical.saas.synthetic-endpoint-down\"]",
          "status": "pass"
        },
        {
          "object_addr": "module.coverage_monitors.datadog_monitor.this[\"stage.standard.messaging.messaging-publish-failure\"]",
          "status": "pass"
        },
        {
          "object_addr": "module.coverage_monitors.datadog_monitor.this[\"stage.standard.application.app-telemetry-loss\"]",
          "status": "pass"
        },
        {
          "object_addr": "module.coverage_monitors.datadog_monitor.this[\"stage.critical.messaging.messaging-publish-failure\"]",
          "status": "pass"
        },
        {
          "object_addr": "module.coverage_monitors.datadog_monitor.this[\"stage.critical.application.web-synthetic-availability\"]",
          "status": "pass"
        },
        {
          "object_addr": "module.coverage_monitors.datadog_monitor.this[\"stage.critical.application.worker-throughput-anomaly\"]",
          "status": "pass"
        },
        {
          "object_addr": "module.coverage_monitors.datadog_monitor.this[\"stage.standard.saas.synthetic-endpoint-down\"]",
          "status": "pass"
        },
        {
          "object_addr": "module.coverage_monitors.datadog_monitor.this[\"stage.standard.api.api-latency-p99\"]",
          "status": "pass"
        },
        {
          "object_addr": "module.coverage_monitors.datadog_monitor.this[\"stage.critical.api.api-5xx-anomaly\"]",
          "status": "pass"
        },
        {
          "object_addr": "module.coverage_monitors.datadog_monitor.this[\"stage.standard.platform.platform-service-unavailable\"]",
          "status": "pass"
        },
        {
          "object_addr": "module.coverage_monitors.datadog_monitor.this[\"stage.standard.messaging.consumer-dlq-growth\"]",
          "status": "pass"
        },
        {
          "object_addr": "module.coverage_monitors.datadog_monitor.this[\"stage.standard.integration.schedule-job-failure\"]",
          "status": "pass"
        },
        {
          "object_addr": "module.coverage_monitors.datadog_monitor.this[\"stage.standard.cloud.azure-storage-availability\"]",
          "status": "pass"
        },
        {
          "object_addr": "module.coverage_monitors.datadog_monitor.this[\"stage.standard.infrastructure.host-process-down\"]",
          "status": "pass"
        },
        {
          "object_addr": "module.coverage_monitors.datadog_monitor.this[\"stage.critical.data.pipeline-job-failure\"]",
          "status": "pass"
        },
        {
          "object_addr": "module.coverage_monitors.datadog_monitor.this[\"stage.critical.cloud.azure-function-failure-anomaly\"]",
          "status": "pass"
        },
        {
          "object_addr": "module.coverage_monitors.datadog_monitor.this[\"stage.critical.kubernetes.k8s-cronjob-failure\"]",
          "status": "pass"
        },
        {
          "object_addr": "module.coverage_monitors.datadog_monitor.this[\"stage.critical.kubernetes.k8s-oomkill\"]",
          "status": "pass"
        },
        {
          "object_addr": "module.coverage_monitors.datadog_monitor.this[\"stage.critical.database.azuresql-connection-failures\"]",
          "status": "pass"
        },
        {
          "object_addr": "module.coverage_monitors.datadog_monitor.this[\"stage.standard.security.certificate-expiry\"]",
          "status": "pass"
        },
        {
          "object_addr": "module.coverage_monitors.datadog_monitor.this[\"stage.standard.cloud.azure-integration-telemetry-gap\"]",
          "status": "pass"
        },
        {
          "object_addr": "module.coverage_monitors.datadog_monitor.this[\"stage.standard.application.worker-processing-latency\"]",
          "status": "pass"
        },
        {
          "object_addr": "module.coverage_monitors.datadog_monitor.this[\"stage.standard.network.loadbalancer-pool-degraded\"]",
          "status": "pass"
        },
        {
          "object_addr": "module.coverage_monitors.datadog_monitor.this[\"stage.standard.cloud.azure-loadbalancer-probe-failure\"]",
          "status": "pass"
        },
        {
          "object_addr": "module.coverage_monitors.datadog_monitor.this[\"stage.critical.database.db-availability\"]",
          "status": "pass"
        },
        {
          "object_addr": "module.coverage_monitors.datadog_monitor.this[\"stage.critical.integration.schedule-missed-run\"]",
          "status": "pass"
        },
        {
          "object_addr": "module.coverage_monitors.datadog_monitor.this[\"stage.critical.data.data-quality-check-failure\"]",
          "status": "pass"
        },
        {
          "object_addr": "module.coverage_monitors.datadog_monitor.this[\"stage.standard.kubernetes.k8s-oomkill\"]",
          "status": "pass"
        },
        {
          "object_addr": "module.coverage_monitors.datadog_monitor.this[\"stage.standard.api.api-gateway-backend-unhealthy\"]",
          "status": "pass"
        },
        {
          "object_addr": "module.coverage_monitors.datadog_monitor.this[\"stage.critical.data.data-schema-drift\"]",
          "status": "pass"
        },
        {
          "object_addr": "module.coverage_monitors.datadog_monitor.this[\"stage.critical.kubernetes.k8s-pods-pending\"]",
          "status": "pass"
        },
        {
          "object_addr": "module.coverage_monitors.datadog_monitor.this[\"stage.standard.messaging.consumer-absent\"]",
          "status": "pass"
        },
        {
          "object_addr": "module.coverage_monitors.datadog_monitor.this[\"stage.standard.kubernetes.k8s-telemetry-loss\"]",
          "status": "pass"
        },
        {
          "object_addr": "module.coverage_monitors.datadog_monitor.this[\"stage.critical.api.api-latency-p99\"]",
          "status": "pass"
        },
        {
          "object_addr": "module.coverage_monitors.datadog_monitor.this[\"stage.standard.database.azuresql-connection-failures\"]",
          "status": "pass"
        },
        {
          "object_addr": "module.coverage_monitors.datadog_monitor.this[\"stage.critical.cloud.azure-integration-telemetry-gap\"]",
          "status": "pass"
        },
        {
          "object_addr": "module.coverage_monitors.datadog_monitor.this[\"stage.critical.cloud.azure-appservice-unavailable\"]",
          "status": "pass"
        },
        {
          "object_addr": "module.coverage_monitors.datadog_monitor.this[\"stage.standard.data.data-telemetry-loss\"]",
          "status": "pass"
        },
        {
          "object_addr": "module.coverage_monitors.datadog_monitor.this[\"stage.critical.infrastructure.host-agent-unhealthy\"]",
          "status": "pass"
        },
        {
          "object_addr": "module.coverage_monitors.datadog_monitor.this[\"stage.standard.api.api-5xx-anomaly\"]",
          "status": "pass"
        },
        {
          "object_addr": "module.coverage_monitors.datadog_monitor.this[\"stage.critical.kubernetes.k8s-telemetry-loss\"]",
          "status": "pass"
        },
        {
          "object_addr": "module.coverage_monitors.datadog_monitor.this[\"stage.critical.cloud.azure-vm-unavailable\"]",
          "status": "pass"
        },
        {
          "object_addr": "module.coverage_monitors.datadog_monitor.this[\"stage.standard.integration.integration-flow-failure\"]",
          "status": "pass"
        },
        {
          "object_addr": "module.coverage_monitors.datadog_monitor.this[\"stage.critical.vmware.vmware-host-disconnected\"]",
          "status": "pass"
        }
      ]
    },
    {
      "object_kind": "check",
      "config_addr": "check.p1_budget",
      "status": "pass",
      "objects": [
        {
          "object_addr": "check.p1_budget",
          "status": "pass"
        }
      ]
    },
    {
      "object_kind": "check",
      "config_addr": "check.monitor_budget",
      "status": "pass",
      "objects": [
        {
          "object_addr": "check.monitor_budget",
          "status": "pass"
        }
      ]
    },
    {
      "object_kind": "resource",
      "config_addr": "module.burn_monitors.datadog_monitor.this",
      "status": "pass",
      "objects": null
    },
    {
      "object_kind": "check",
      "config_addr": "check.composite_members_resolved",
      "status": "pass",
      "objects": [
        {
          "object_addr": "check.composite_members_resolved",
          "status": "pass"
        }
      ]
    },
    {
      "object_kind": "var",
      "config_addr": "module.burn_monitors.var.instances",
      "status": "pass",
      "objects": [
        {
          "object_addr": "module.burn_monitors.var.instances",
          "status": "pass"
        }
      ]
    },
    {
      "object_kind": "var",
      "config_addr": "var.environments",
      "status": "pass",
      "objects": [
        {
          "object_addr": "var.environments",
          "status": "pass"
        }
      ]
    },
    {
      "object_kind": "check",
      "config_addr": "check.paging_budget",
      "status": "pass",
      "objects": [
        {
          "object_addr": "check.paging_budget",
          "status": "pass"
        }
      ]
    }
  ]
}
